{
  "version": 4,
  "terraform_version": "1.7.0",
  "serial": 182,
  "lineage": "a595879c-8348-d326-a097-97e4ec7507b9",
  "outputs": {},
  "resources": [
    {
      "mode": "data",
      "type": "aws_ecr_authorization_token",
      "name": "token",
      "provider": "provider[\"registry.terraform.io/hashicorp/aws\"]",
      "instances": [
        {
          "schema_version": 0,
          "attributes": {
            "authorization_token": "QVdTOmV5SndZWGxzYjJGa0lqb2lTVkpNY0dJMVJFaFROalV2WjJFM2MzSXZSRE5JUm1NeFpFRnNaVVV4VFVnMFlqWkxUSGxTVW1adEx6RjVRazh6ZVdweFZFWTJNVk5sY1c1R2RYWTViSEpIV0drd1Z6ZHBibUUwV0ZvNFpUWkdjRlpUVFRGeFkyOVZhbUpPYVhOWmJtUkhOVmRhU1ZKNVN6SkVNRXRWTVdSMldrdFNOemxuTWxoUmRWSndWbU54T1dkcmVVMVpRbmhVTVZkQ1NteGlNRFZMZDFweE4xUnlXVUpMU0ZSQ09XMTRXakl6U1UxamFVOTRMMjFYWVZSV1ZFbG1ia1p2Ym1KaE5VSm1USFpHZUZnM2JVMW9ablJVTW1aalNXbG1Ramx6UmsxcVZYQlhka1kxV1dKQlYxaDVRbVZNUTBweGMwSjZTM2d3UW5KblNXcERMMU5XWXpsSFVrdElMM2xJTjBoUWFuUXlXVEpqUTBwNVNFVjBZazEzVVVkR01XSmxaaTgzVVhCaVQzZE1iR0l6ZGpsNVZsWnFXbGhUUTNGRlRUSktPVkpqV21sbmJGaEZRMjQwTWpSQ1lXa3paRWxTVDI0NGNuWnZSbUY2T1hBclNGRm1UVm96UW1selJWVk9VMmszTDI5MWNtUk9aSE53ZUVRM2NHWmFUWHBWZEVodWMyNU1kM2h2YjJGNVNGTnFTRWN4ZEZCVlIycHdXVFoxU1VSd09XRmlOa0ZSVkdoSGVrUmFhMVZ5ZFVOVk9VTlJWRlZRZUZrNFRDOVhPWEpVYzBscWFXNXVZblZHTDNvMU1pOW1Oa3B5WWtab1dtMXBVWEJGYnpNNWFuZENRbVI1ZEZWSVRURkJWblZLTmxaTWRXdFlTMlpIU1dOek9HWkZXV2RZWVNzMVZtUjJVVk5EYVhaTlFuSlVUUzlqZG1oSFlpczBUbmRNY1VZeE9GTjFVVWhVTUZoR1RFNUZZVGhLUkZKQ2VsbGxTemRYYWtKR2FrWjVjR3BRUkd0bFRqWlFTWEF3YzFWbVNsQk5aWEpFVUhSME9WTjNZMHhSVjFKamFGVlFiRWxMZUZaSVYySmtaUzlXZUdGQ1EyNVpVSFUwU3pGRlVtRXpNRGw2U0doR2VtNDVia2xIVUdwM1ZHWXJUMWhuUjJwbmMzZGFOVFJwT0V4VmNUVnBWRkJxYzB4bVkzZE1UbE5xUnpkeVMyWXlSR3A1VERFMWFUa3hlRmxIV0VWS01ESkZUV3hsWWxocFl6RlVNVmx6VlM4d1VVZzVTekJvTUVRd2RrRXZUMGxUUkhWU2RIcHpUU3RwY1RRck5ISnFiVkZhYm5od1NESnRielExZEU5WGIzRnRiazV1U1ZVMWRHWlNTRWt6UmxNMmJsUk5lVXhzTjBObloxbElRVWRGVldoM2RrZzBSamRzUVM5Q2VWRm1Za3RMYXpsMmFYQmtiVFV5U2paYWJrOWpVVVJwTlhGMU5qWnhkell6UnpWV1UwaHFjM1ZEYWtsbVlYTmFaMWRETW1wMU5sSnRWME5WYW5KV1JHNHlPRU56WjBOS2NGVnJlVk5sYW1ReFVtcFBLMDR5UlRRNVIyWmFRamtyVHpFeGRWUnpXR0pWZVV4a1YwbG1NbkoyWm0xRlVXWTFOWEpGVHpadVZIVkVZek5sV1dvdk9UaGtVM0pMVG01WFNYaE1VemtyTm1KbVdtdDVaV1JaYzAxVlZsZExNRXBMTUdGeFUyeG5lRVpTWW5OMVUyeHhXVkp1VW10WFQxUkVlR1phTVZob1pDOXpkVU01TlRsMk1YVk5NVzFhY2sweFduWllTbGxHTjFZeVJHdHhiR2R4U1dGR1VHSk9aMGx6V1hrcmRXNWhhSGRtVUZkNWRrcFhZM1J0TkV0V1NqSlJRMWd4WVdaeGFVWTRZek5VV2xNck5XSldUbmhWTkZWbk9HUjJiSFp4V0VoV1Z5dE5jVkppT1VkTGNpOXFNMlZSWW5wb09UZDFOblZzVjJOUWJuUndhMDFYVVdSMlFWQmliamg2UzNKNVVIWkxRMUpRVFVNaUxDSmtZWFJoYTJWNUlqb2lRVkZGUWtGSWFETjZXVTlrZEhCQ1FsTldkeTlaTW1GdU9FSllTVVEwYTNkTVVXWnViMVJxTlhwM1duUkhTbHB2V2xGQlFVRklOSGRtUVZsS1MyOWFTV2gyWTA1QlVXTkhiMGM0ZDJKUlNVSkJSRUp2UW1kcmNXaHJhVWM1ZHpCQ1FuZEZkMGhuV1VwWlNWcEpRVmRWUkVKQlJYVk5Ra1ZGUkU0MU9ETllkRWxOWjJzM1RUQkJURXRCU1VKRlNVRTNSR3RyYTFKTFMwbDJTRFEzY1NzNFYyaEhURTFVTjFvclVHa3lPWGswYWtWak9VMTVTSHBOV1Zsd2NrMVZUR1JUYURWaGNUZzFNa2xsWTAxSU5sbEpNeTl2YlN0TmRXNDVlbFUzYkZjMU1EMGlMQ0oyWlhKemFXOXVJam9pTWlJc0luUjVjR1VpT2lKRVFWUkJYMHRGV1NJc0ltVjRjR2x5WVhScGIyNGlPakUzTURZeE5EVXdPVEo5",
            "expires_at": "2024-01-25T01:11:32Z",
            "id": "eu-central-1",
            "password": "eyJwYXlsb2FkIjoiSVJMcGI1REhTNjUvZ2E3c3IvRDNIRmMxZEFsZUUxTUg0YjZLTHlSUmZtLzF5Qk8zeWpxVEY2MVNlcW5GdXY5bHJHWGkwVzdpbmE0WFo4ZTZGcFZTTTFxY29VamJOaXNZbmRHNVdaSVJ5SzJEMEtVMWR2WktSNzlnMlhRdVJwVmNxOWdreU1ZQnhUMVdCSmxiMDVLd1pxN1RyWUJLSFRCOW14WjIzSU1jaU94L21XYVRWVElmbkZvbmJhNUJmTHZGeFg3bU1oZnRUMmZjSWlmQjlzRk1qVXBXdkY1WWJBV1h5QmVMQ0pxc0J6S3gwQnJnSWpDL1NWYzlHUktIL3lIN0hQanQyWTJjQ0p5SEV0Yk13UUdGMWJlZi83UXBiT3dMbGIzdjl5VlZqWlhTQ3FFTTJKOVJjWmlnbFhFQ240MjRCYWkzZElST244cnZvRmF6OXArSFFmTVozQmlzRVVOU2k3L291cmROZHNweEQ3cGZaTXpVdEhuc25Md3hvb2F5SFNqSEcxdFBVR2pwWTZ1SURwOWFiNkFRVGhHekRaa1VydUNVOUNRVFVQeFk4TC9XOXJUc0lqaW5uYnVGL3o1Mi9mNkpyYkZoWm1pUXBFbzM5andCQmR5dFVITTFBVnVKNlZMdWtYS2ZHSWNzOGZFWWdYYSs1VmR2UVNDaXZNQnJUTS9jdmhHYis0TndMcUYxOFN1UUhUMFhGTE5FYThKRFJCelllSzdXakJGakZ5cGpQRGtlTjZQSXAwc1VmSlBNZXJEUHR0OVN3Y0xRV1JjaFVQbElLeFZIV2JkZS9WeGFCQ25ZUHU0SzFFUmEzMDl6SGhGem45bklHUGp3VGYrT1hnR2pnc3daNTRpOExVcTVpVFBqc0xmY3dMTlNqRzdyS2YyRGp5TDE1aTkxeFlHWEVKMDJFTWxlYlhpYzFUMVlzVS8wUUg5SzBoMEQwdkEvT0lTRHVSdHpzTStpcTQrNHJqbVFabnhwSDJtbzQ1dE9Xb3Ftbk5uSVU1dGZSSEkzRlM2blRNeUxsN0NnZ1lIQUdFVWh3dkg0RjdsQS9CeVFmYktLazl2aXBkbTUySjZabk9jUURpNXF1NjZxdzYzRzVWU0hqc3VDaklmYXNaZ1dDMmp1NlJtV0NVanJWRG4yOENzZ0NKcFVreVNlamQxUmpPK04yRTQ5R2ZaQjkrTzExdVRzWGJVeUxkV0lmMnJ2Zm1FUWY1NXJFTzZuVHVEYzNlWWovOThkU3JLTm5XSXhMUzkrNmJmWmt5ZWRZc01VVldLMEpLMGFxU2xneEZSYnN1U2xxWVJuUmtXT1REeGZaMVhoZC9zdUM5NTl2MXVNMW1ack0xWnZYSllGN1YyRGtxbGdxSWFGUGJOZ0lzWXkrdW5haHdmUFd5dkpXY3RtNEtWSjJRQ1gxYWZxaUY4YzNUWlMrNWJWTnhVNFVnOGR2bHZxWEhWVytNcVJiOUdLci9qM2VRYnpoOTd1NnVsV2NQbnRwa01XUWR2QVBibjh6S3J5UHZLQ1JQTUMiLCJkYXRha2V5IjoiQVFFQkFIaDN6WU9kdHBCQlNWdy9ZMmFuOEJYSUQ0a3dMUWZub1RqNXp3WnRHSlpvWlFBQUFINHdmQVlKS29aSWh2Y05BUWNHb0c4d2JRSUJBREJvQmdrcWhraUc5dzBCQndFd0hnWUpZSVpJQVdVREJBRXVNQkVFRE41ODNYdElNZ2s3TTBBTEtBSUJFSUE3RGtra1JLS0l2SDQ3cSs4V2hHTE1UN1orUGkyOXk0akVjOU15SHpNWVlwck1VTGRTaDVhcTg1MkllY01INllJMy9vbStNdW45elU3bFc1MD0iLCJ2ZXJzaW9uIjoiMiIsInR5cGUiOiJEQVRBX0tFWSIsImV4cGlyYXRpb24iOjE3MDYxNDUwOTJ9",
            "proxy_endpoint": "https://711348555690.dkr.ecr.eu-central-1.amazonaws.com",
            "registry_id": null,
            "user_name": "AWS"
          },
          "sensitive_attributes": []
        }
      ]
    },
    {
      "mode": "managed",
      "type": "aws_ecr_repository",
      "name": "BackRepo",
      "provider": "provider[\"registry.terraform.io/hashicorp/aws\"]",
      "instances": [
        {
          "schema_version": 0,
          "attributes": {
            "arn": "arn:aws:ecr:eu-central-1:711348555690:repository/back-repo",
            "encryption_configuration": [
              {
                "encryption_type": "AES256",
                "kms_key": ""
              }
            ],
            "force_delete": null,
            "id": "back-repo",
            "image_scanning_configuration": [
              {
                "scan_on_push": false
              }
            ],
            "image_tag_mutability": "MUTABLE",
            "name": "back-repo",
            "registry_id": "711348555690",
            "repository_url": "711348555690.dkr.ecr.eu-central-1.amazonaws.com/back-repo",
            "tags": {},
            "tags_all": {},
            "timeouts": null
          },
          "sensitive_attributes": [],
          "private": "eyJlMmJmYjczMC1lY2FhLTExZTYtOGY4OC0zNDM2M2JjN2M0YzAiOnsiZGVsZXRlIjoxMjAwMDAwMDAwMDAwfX0="
        }
      ]
    },
    {
      "mode": "managed",
      "type": "aws_ecr_repository",
      "name": "FrontRepo",
      "provider": "provider[\"registry.terraform.io/hashicorp/aws\"]",
      "instances": [
        {
          "schema_version": 0,
          "attributes": {
            "arn": "arn:aws:ecr:eu-central-1:711348555690:repository/front-repo",
            "encryption_configuration": [
              {
                "encryption_type": "AES256",
                "kms_key": ""
              }
            ],
            "force_delete": null,
            "id": "front-repo",
            "image_scanning_configuration": [
              {
                "scan_on_push": false
              }
            ],
            "image_tag_mutability": "MUTABLE",
            "name": "front-repo",
            "registry_id": "711348555690",
            "repository_url": "711348555690.dkr.ecr.eu-central-1.amazonaws.com/front-repo",
            "tags": {},
            "tags_all": {},
            "timeouts": null
          },
          "sensitive_attributes": [],
          "private": "eyJlMmJmYjczMC1lY2FhLTExZTYtOGY4OC0zNDM2M2JjN2M0YzAiOnsiZGVsZXRlIjoxMjAwMDAwMDAwMDAwfX0="
        }
      ]
    },
    {
      "mode": "managed",
      "type": "aws_iam_role",
      "name": "LambdaRole",
      "provider": "provider[\"registry.terraform.io/hashicorp/aws\"]",
      "instances": [
        {
          "schema_version": 0,
          "attributes": {
            "arn": "arn:aws:iam::711348555690:role/lambda-role",
            "assume_role_policy": "{\"Statement\":[{\"Action\":\"sts:AssumeRole\",\"Effect\":\"Allow\",\"Principal\":{\"Service\":\"lambda.amazonaws.com\"}}],\"Version\":\"2012-10-17\"}",
            "create_date": "2024-01-24T09:19:00Z",
            "description": "",
            "force_detach_policies": false,
            "id": "lambda-role",
            "inline_policy": [],
            "managed_policy_arns": [
              "arn:aws:iam::aws:policy/service-role/AWSLambdaBasicExecutionRole"
            ],
            "max_session_duration": 3600,
            "name": "lambda-role",
            "name_prefix": "",
            "path": "/",
            "permissions_boundary": "",
            "tags": {},
            "tags_all": {},
            "unique_id": "AROA2LH5NR6VHPN5QYHTG"
          },
          "sensitive_attributes": [],
          "private": "bnVsbA=="
        }
      ]
    },
    {
      "mode": "managed",
      "type": "aws_iam_role_policy_attachment",
      "name": "LambdaExecPolicyAttachment",
      "provider": "provider[\"registry.terraform.io/hashicorp/aws\"]",
      "instances": [
        {
          "schema_version": 0,
          "attributes": {
            "id": "lambda-role-20240124091902102000000001",
            "policy_arn": "arn:aws:iam::aws:policy/service-role/AWSLambdaBasicExecutionRole",
            "role": "lambda-role"
          },
          "sensitive_attributes": [],
          "private": "bnVsbA==",
          "dependencies": [
            "aws_iam_role.LambdaRole"
          ]
        }
      ]
    },
    {
      "mode": "managed",
      "type": "aws_lambda_function",
      "name": "BackLambda",
      "provider": "provider[\"registry.terraform.io/hashicorp/aws\"]",
      "instances": [
        {
          "schema_version": 0,
          "attributes": {
            "architectures": [
              "arm64"
            ],
            "arn": "arn:aws:lambda:eu-central-1:711348555690:function:back-lambda",
            "code_signing_config_arn": "",
            "dead_letter_config": [],
            "description": "",
            "environment": [],
            "ephemeral_storage": [
              {
                "size": 512
              }
            ],
            "file_system_config": [],
            "filename": null,
            "function_name": "back-lambda",
            "handler": "",
            "id": "back-lambda",
            "image_config": [],
            "image_uri": "711348555690.dkr.ecr.eu-central-1.amazonaws.com/back-repo:latest",
            "invoke_arn": "arn:aws:apigateway:eu-central-1:lambda:path/2015-03-31/functions/arn:aws:lambda:eu-central-1:711348555690:function:back-lambda/invocations",
            "kms_key_arn": "",
            "last_modified": "2024-01-24T13:12:08.000+0000",
            "layers": [],
            "logging_config": [
              {
                "application_log_level": "INFO",
                "log_format": "JSON",
                "log_group": "/aws/lambda/back-lambda",
                "system_log_level": "INFO"
              }
            ],
            "memory_size": 1792,
            "package_type": "Image",
            "publish": false,
            "qualified_arn": "arn:aws:lambda:eu-central-1:711348555690:function:back-lambda:$LATEST",
            "qualified_invoke_arn": "arn:aws:apigateway:eu-central-1:lambda:path/2015-03-31/functions/arn:aws:lambda:eu-central-1:711348555690:function:back-lambda:$LATEST/invocations",
            "replace_security_groups_on_destroy": null,
            "replacement_security_group_ids": null,
            "reserved_concurrent_executions": -1,
            "role": "arn:aws:iam::711348555690:role/lambda-role",
            "runtime": "",
            "s3_bucket": null,
            "s3_key": null,
            "s3_object_version": null,
            "signing_job_arn": "",
            "signing_profile_version_arn": "",
            "skip_destroy": false,
            "snap_start": [],
            "source_code_hash": "f25f0bdc6c7a8384ed41a937fe83ae0acad48764319bec4771ef61a3f8ab4841",
            "source_code_size": 0,
            "tags": {},
            "tags_all": {},
            "timeout": 5,
            "timeouts": null,
            "tracing_config": [
              {
                "mode": "PassThrough"
              }
            ],
            "version": "$LATEST",
            "vpc_config": []
          },
          "sensitive_attributes": [],
          "private": "eyJlMmJmYjczMC1lY2FhLTExZTYtOGY4OC0zNDM2M2JjN2M0YzAiOnsiY3JlYXRlIjo2MDAwMDAwMDAwMDAsImRlbGV0ZSI6NjAwMDAwMDAwMDAwLCJ1cGRhdGUiOjYwMDAwMDAwMDAwMH19",
          "dependencies": [
            "aws_ecr_repository.BackRepo",
            "aws_iam_role.LambdaRole",
            "data.aws_ecr_authorization_token.token",
            "docker_image.BackImage"
          ]
        }
      ]
    },
    {
      "mode": "managed",
      "type": "aws_lambda_function_url",
      "name": "BackLambdaUrl",
      "provider": "provider[\"registry.terraform.io/hashicorp/aws\"]",
      "instances": [
        {
          "schema_version": 0,
          "attributes": {
            "authorization_type": "NONE",
            "cors": [],
            "function_arn": "arn:aws:lambda:eu-central-1:711348555690:function:back-lambda",
            "function_name": "back-lambda",
            "function_url": "https://bxhne6uumeuxjabn5oo4bpp4ty0jkcfg.lambda-url.eu-central-1.on.aws/",
            "id": "back-lambda",
            "invoke_mode": "BUFFERED",
            "qualifier": "",
            "timeouts": null,
            "url_id": "bxhne6uumeuxjabn5oo4bpp4ty0jkcfg"
          },
          "sensitive_attributes": [],
          "private": "eyJlMmJmYjczMC1lY2FhLTExZTYtOGY4OC0zNDM2M2JjN2M0YzAiOnsiY3JlYXRlIjo2MDAwMDAwMDAwMDB9fQ==",
          "dependencies": [
            "aws_ecr_repository.BackRepo",
            "aws_iam_role.LambdaRole",
            "aws_lambda_function.BackLambda",
            "data.aws_ecr_authorization_token.token",
            "docker_image.BackImage"
          ]
        }
      ]
    },
    {
      "mode": "managed",
      "type": "docker_image",
      "name": "BackImage",
      "provider": "provider[\"registry.terraform.io/kreuzwerker/docker\"]",
      "instances": [
        {
          "schema_version": 0,
          "attributes": {
            "build": [
              {
                "auth_config": [],
                "build_arg": null,
                "build_args": null,
                "build_id": "",
                "cache_from": [],
                "cgroup_parent": "",
                "context": "/home/user/github/cdktf-project/src/back",
                "cpu_period": null,
                "cpu_quota": null,
                "cpu_set_cpus": "",
                "cpu_set_mems": "",
                "cpu_shares": null,
                "dockerfile": "Dockerfile",
                "extra_hosts": [],
                "force_remove": null,
                "isolation": "",
                "label": null,
                "labels": null,
                "memory": null,
                "memory_swap": null,
                "network_mode": "",
                "no_cache": null,
                "platform": "",
                "pull_parent": null,
                "remote_context": "",
                "remove": true,
                "security_opt": [],
                "session_id": "",
                "shm_size": null,
                "squash": null,
                "suppress_output": null,
                "tag": [],
                "target": "",
                "ulimit": [],
                "version": ""
              }
            ],
            "force_remove": null,
            "id": "sha256:99a0dece599ef4f45d6fcd3e49d4413988040c22c6ce2a28db0b2326c06416a7711348555690.dkr.ecr.eu-central-1.amazonaws.com/back-repo:latest",
            "image_id": "sha256:99a0dece599ef4f45d6fcd3e49d4413988040c22c6ce2a28db0b2326c06416a7",
            "keep_locally": null,
            "name": "711348555690.dkr.ecr.eu-central-1.amazonaws.com/back-repo:latest",
            "platform": "linux/arm64",
            "pull_triggers": null,
            "repo_digest": "",
            "triggers": {
              "filesha256": "b87f4501ef203e2e00636d4da46cda6d1caa67d9f125e5e45573be9c700b9f9e"
            }
          },
          "sensitive_attributes": [],
          "private": "bnVsbA==",
          "dependencies": [
            "aws_ecr_repository.BackRepo",
            "data.aws_ecr_authorization_token.token"
          ]
        }
      ]
    },
    {
      "mode": "managed",
      "type": "docker_image",
      "name": "FrontImage",
      "provider": "provider[\"registry.terraform.io/kreuzwerker/docker\"]",
      "instances": [
        {
          "schema_version": 0,
          "attributes": {
            "build": [
              {
                "auth_config": [],
                "build_arg": {},
                "build_args": {},
                "build_id": "",
                "cache_from": [],
                "cgroup_parent": "",
                "context": "/home/user/github/cdktf-project/src/front",
                "cpu_period": 0,
                "cpu_quota": 0,
                "cpu_set_cpus": "",
                "cpu_set_mems": "",
                "cpu_shares": 0,
                "dockerfile": "Dockerfile",
                "extra_hosts": [],
                "force_remove": false,
                "isolation": "",
                "label": {},
                "labels": {},
                "memory": 0,
                "memory_swap": 0,
                "network_mode": "",
                "no_cache": false,
                "platform": "",
                "pull_parent": false,
                "remote_context": "",
                "remove": true,
                "security_opt": [],
                "session_id": "",
                "shm_size": 0,
                "squash": false,
                "suppress_output": false,
                "tag": [],
                "target": "",
                "ulimit": [],
                "version": ""
              }
            ],
            "force_remove": null,
            "id": "sha256:c78d471df96f5bf0d4538c961fbbf07e1f790f0d2c2dc8feae2d573d7c44e883711348555690.dkr.ecr.eu-central-1.amazonaws.com/front-repo:latest",
            "image_id": "sha256:c78d471df96f5bf0d4538c961fbbf07e1f790f0d2c2dc8feae2d573d7c44e883",
            "keep_locally": null,
            "name": "711348555690.dkr.ecr.eu-central-1.amazonaws.com/front-repo:latest",
            "platform": "linux/arm64",
            "pull_triggers": null,
            "repo_digest": "711348555690.dkr.ecr.eu-central-1.amazonaws.com/front-repo@sha256:b30c3a220dee33d6bd87ded8c742b08dd68a7f738791ad589dc6f45c71dfd428",
            "triggers": {
              "filesha256": "9dd6df6a8aad0c5be2d0ff5d66c31f6c68abffb59be1e1152729b8af7f349738"
            }
          },
          "sensitive_attributes": [],
          "private": "bnVsbA==",
          "dependencies": [
            "aws_ecr_repository.FrontRepo",
            "data.aws_ecr_authorization_token.token"
          ]
        }
      ]
    },
    {
      "mode": "managed",
      "type": "docker_registry_image",
      "name": "BackPush",
      "provider": "provider[\"registry.terraform.io/kreuzwerker/docker\"]",
      "instances": [
        {
          "schema_version": 0,
          "attributes": {
            "id": "sha256:c1e690d187f32e22921b27d9735df8d49c5cccbb2792a4d4e50ba54958ce8557",
            "insecure_skip_verify": false,
            "keep_remotely": false,
            "name": "711348555690.dkr.ecr.eu-central-1.amazonaws.com/back-repo:latest",
            "sha256_digest": "sha256:c1e690d187f32e22921b27d9735df8d49c5cccbb2792a4d4e50ba54958ce8557",
            "triggers": {
              "filesha256": "b87f4501ef203e2e00636d4da46cda6d1caa67d9f125e5e45573be9c700b9f9e"
            }
          },
          "sensitive_attributes": [],
          "private": "bnVsbA==",
          "dependencies": [
            "aws_ecr_repository.BackRepo",
            "data.aws_ecr_authorization_token.token",
            "docker_image.BackImage"
          ]
        }
      ]
    },
    {
      "mode": "managed",
      "type": "docker_registry_image",
      "name": "FrontPush",
      "provider": "provider[\"registry.terraform.io/kreuzwerker/docker\"]",
      "instances": [
        {
          "schema_version": 0,
          "attributes": {
            "id": "sha256:b30c3a220dee33d6bd87ded8c742b08dd68a7f738791ad589dc6f45c71dfd428",
            "insecure_skip_verify": false,
            "keep_remotely": false,
            "name": "711348555690.dkr.ecr.eu-central-1.amazonaws.com/front-repo:latest",
            "sha256_digest": "sha256:b30c3a220dee33d6bd87ded8c742b08dd68a7f738791ad589dc6f45c71dfd428",
            "triggers": {
              "filesha256": "9dd6df6a8aad0c5be2d0ff5d66c31f6c68abffb59be1e1152729b8af7f349738"
            }
          },
          "sensitive_attributes": [],
          "private": "bnVsbA==",
          "dependencies": [
            "aws_ecr_repository.FrontRepo",
            "data.aws_ecr_authorization_token.token",
            "docker_image.FrontImage"
          ]
        }
      ]
    }
  ],
  "check_results": null
}
