{
  "version": 4,
  "terraform_version": "1.7.0",
  "serial": 90,
  "lineage": "a595879c-8348-d326-a097-97e4ec7507b9",
  "outputs": {},
  "resources": [
    {
      "mode": "data",
      "type": "aws_ecr_authorization_token",
      "name": "token",
      "provider": "provider[\"registry.terraform.io/hashicorp/aws\"]",
      "instances": [
        {
          "schema_version": 0,
          "attributes": {
            "authorization_token": "QVdTOmV5SndZWGxzYjJGa0lqb2lkMkZCUmpBMVpFNTJUVlpqTVRKM01HZG1aMjV4TkVGT2JGQmlkU3ROTlRkalVuaHphM1p3Vm1welFuaHFaWGN2YkdaNk5YbHRRMGxxTDJkbGJqbHNXRmxJTjFkS1YwUkdUWFY2VjB4MVNUSndkRzV5VFVac1FYQnVlbEpCU0RSNE1XNVVVVmxxZUVSNGFUbDRlVkJVTUhoNGJrTm9kVFJGTTNGV1J6VkdUV3RFVVVvd2NHRlhZV1YzZWsxeU0xRlpUbk5ZU0VkbFdYbGFhR0l3YWxkSlJubFZNRVV3WW1obE9FRlNXbUpoZDFkYWRsRktZa3BQUlU5cU9UazNZMUpZWVN0M2RqbHZSSFZYU1ZOVVprOHlWMmhxY1RBNU9XSlVVMGxIWms1Rkx6UmlPVWROYkhWRWJuSlFMMGhOZG5kWE4ydFZNMlpCTVZsbksweERhV0V2VkVwaFRWUnRha3QyZW5sb2FUTllSa3NyTldsNE1qUlFTMlJEV1hkMlQwSkZUR2g0ZVRrdmN5dHFTbEp6VTFOSVQwbHZNelJTV1VneFRYaFVjazVPV1ZVclpXRllVRFZNYXpCcE1sUnhaamhEYTBwTFpYUTNkVzFxVVhobmJVc3hhRGhMV0c5bVZFVklSM2MwV1VFNUwyUnVia0ZYWWs1dFJVdFlNemRYUm1SSWVsRlRka1ppUmtvdlZqQmllRWQ1U0dvMVJtMVhRMGxpUjAxV2QwaExUMEpCUWs5dldHRkRhMDlQZDI1TVFtdE9jRll3SzIxUlZEbEhjU3R0YlZwcFJWRkVSRkpLWkVoMlQwbG5hbTV3WTBJelYwSjFkMjFLZDBOVFFrc3JSVVZ0VkRBclpXczRMMmxpUlRrd1pWSlhlVTAwTDAxNldFZEhVVVZoYUVVMVNYTjJkM05sWm5Kc1dHNXFjRWhwVGtseFZGbHJRa1YxYURNNFpteFlNSFkzWWxOb01GbEhhazlhTmpaMVZYQlpiM1JZV0dSVk1teFdXRUpTUlZGMlQwTjBTR3RwVUZkRk0wTmplV05DUVdwVlJWaFRNRWxZUnk5eE9UWTRVR3hEWW0xUlNEaFRURWRtWXpOTlUwNHpRbWxFYmpVeWVWcHhUMHhZWjNWU1RYaE1jWGhJY0VKdk9EaE5iR3BEWm5CNmNUZzVjVGxXWkcxa2RuVlROM1pCWWxob00wOTNkRWhJYkVWblVtcG9UMUJtZVZSb1NVTnBSRTlWU2tkclZXRXZiRWQzTmxjeGRWWkZMMHBtZUZVd04wZzVWak0zTmxoeVZrcGxZMGxtYUU1dllUaEVNbXh3ZWl0d2JsVklSWGxCZWtWdGRFVm5aMU41VHpWMFdrTmlhRGxHVlV4NllqSXJaVXB1VEVkd1lYRXJSVGRDZFRnMFpEZG5NMjkzV1dkdFVHNUVOaXN2T0dFMFR5c3hkbVl3VlhWbGVFMTVhRGswZWpWV2NHNUlRVTEzTm5GblpVRTRaVE5WWkdsV1NpdDViMWd4TkdkaWJEUkNVR2t5VGtaYWFIaHhlbk5DYUhKM2RXSmpRWEU1YUhadlNFSjNRMjFaTUdOMmNsbFRkalppVTFoSVpGUk1jRE40YlhoUGFIaFVPRUY2WVhkc04wSnRXbkl5YkZKamQxQjBSa3RHWkVsaVltWmlWblJVV25kM2QySldNVEpYWkUxWFJWQXJaM1JMUW5GT01rNXVWRkJVZUU5MlJXNDFOV3BRUkhjNFdURTNPREJOVmsxRFlWbHhSbWhLVFdGR0x6aDBUMGQxV25CcFdISlFWMW8wUmtKdGJGQlJORk00VEdjclpUaGtiWFpTTVd4MVZHNWhTMDVNTDNaVVJ5OXNkV1paZG1rMVZWaFpOWFY0YUVvMmNpOWlUazFTVWpKS2VGbDRkMHRvTTFndmFXTkplVTFKT0M5MGFVeHZTRTkyVEhJMlVsVllObGgwVEVOME1XSlJaVWhhVjJoSFlsTmtXRlJyWkRSbWJtMDFWQzlxU2xaclNWQXdUVWxvUlVWbk1WWkJXRVV2Y1dSbk1ETkxZVzlrYzJSM00yWlFiMmR6Y3pWVVJtUmFOM2RQVDB3dlZGZGxkbEpzYUZZMGRXVlFiMDVyVkZSbWNIcHlja1Z0WWk4M1ZuUk9kejBpTENKa1lYUmhhMlY1SWpvaVFWRkZRa0ZJYURONldVOWtkSEJDUWxOV2R5OVpNbUZ1T0VKWVNVUTBhM2RNVVdadWIxUnFOWHAzV25SSFNscHZXbEZCUVVGSU5IZG1RVmxLUzI5YVNXaDJZMDVCVVdOSGIwYzRkMkpSU1VKQlJFSnZRbWRyY1docmFVYzVkekJDUW5kRmQwaG5XVXBaU1ZwSlFWZFZSRUpCUlhWTlFrVkZSRXhaUVhNMlNrVm9NMHR0ZFhvdmRHTm5TVUpGU1VFM01sVlNlVmRDV0VkM2JtcGhjRWRxYlc1WUszQnFkVlJ3Y0N0aFYxZ3Jaa1pQUTB0b1JuaFpPWEEzVWs0MFdGb3dWMDVLZDFGNU55OU1VemxEYVRCblREbFFUSFU1U21vNUt6WjNhbTlQWnowaUxDSjJaWEp6YVc5dUlqb2lNaUlzSW5SNWNHVWlPaUpFUVZSQlgwdEZXU0lzSW1WNGNHbHlZWFJwYjI0aU9qRTNNRFl4TWprNE1qQjk=",
            "expires_at": "2024-01-24T20:57:00Z",
            "id": "eu-central-1",
            "password": "eyJwYXlsb2FkIjoid2FBRjA1ZE52TVZjMTJ3MGdmZ25xNEFObFBidStNNTdjUnhza3ZwVmpzQnhqZXcvbGZ6NXltQ0lqL2dlbjlsWFlIN1dKV0RGTXV6V0x1STJwdG5yTUZsQXBuelJBSDR4MW5UUVlqeER4aTl4eVBUMHh4bkNodTRFM3FWRzVGTWtEUUowcGFXYWV3ek1yM1FZTnNYSEdlWXlaaGIwaldJRnlVMEUwYmhlOEFSWmJhd1dadlFKYkpPRU9qOTk3Y1JYYSt3djlvRHVXSVNUZk8yV2hqcTA5OWJUU0lHZk5FLzRiOUdNbHVEbnJQL0hNdndXN2tVM2ZBMVlnK0xDaWEvVEphTVRtakt2enloaTNYRksrNWl4MjRQS2RDWXd2T0JFTGh4eTkvcytqSlJzU1NIT0lvMzRSWUgxTXhUck5OWVUrZWFYUDVMazBpMlRxZjhDa0pLZXQ3dW1qUXhnbUsxaDhLWG9mVEVIR3c0WUE5L2RubkFXYk5tRUtYMzdXRmRIelFTdkZiRkovVjBieEd5SGo1Rm1XQ0liR01Wd0hLT0JBQk9vWGFDa09Pd25MQmtOcFYwK21RVDlHcSttbVppRVFERFJKZEh2T0lnam5wY0IzV0J1d21Kd0NTQksrRUVtVDArZWs4L2liRTkwZVJXeU00L016WEdHUUVhaEU1SXN2d3NlZnJsWG5qcEhpTklxVFlrQkV1aDM4ZmxYMHY3YlNoMFlHak9aNjZ1VXBZb3RYWGRVMmxWWEJSRVF2T0N0SGtpUFdFM0NjeWNCQWpVRVhTMElYRy9xOTY4UGxDYm1RSDhTTEdmYzNNU04zQmlEbjUyeVpxT0xYZ3VSTXhMcXhIcEJvODhNbGpDZnB6cTg5cTlWZG1kdnVTN3ZBYlhoM093dEhIbEVnUmpoT1BmeVRoSUNpRE9VSkdrVWEvbEd3NlcxdVZFL0pmeFUwN0g5VjM3NlhyVkplY0lmaE5vYThEMmxweitwblVIRXlBekVtdEVnZ1N5TzV0WkNiaDlGVUx6YjIrZUpuTEdwYXErRTdCdTg0ZDdnM293WWdtUG5ENisvOGE0TysxdmYwVXVleE15aDk0ejVWcG5IQU13NnFnZUE4ZTNVZGlWSit5b1gxNGdibDRCUGkyTkZaaHhxenNCaHJ3dWJjQXE5aHZvSEJ3Q21ZMGN2cllTdjZiU1hIZFRMcDN4bXhPaHhUOEF6YXdsN0JtWnIybFJjd1B0RktGZEliYmZiVnRUWnd3d2JWMTJXZE1XRVArZ3RLQnFOMk5uVFBUeE92RW41NWpQRHc4WTE3ODBNVk1DYVlxRmhKTWFGLzh0T0d1WnBpWHJQV1o0RkJtbFBRNFM4TGcrZThkbXZSMWx1VG5hS05ML3ZURy9sdWZZdmk1VVhZNXV4aEo2ci9iTk1SUjJKeFl4d0toM1gvaWNJeU1JOC90aUxvSE92THI2UlVYNlh0TEN0MWJRZUhaV2hHYlNkWFRrZDRmbm01VC9qSlZrSVAwTUloRUVnMVZBWEUvcWRnMDNLYW9kc2R3M2ZQb2dzczVURmRaN3dPT0wvVFdldlJsaFY0dWVQb05rVFRmcHpyckVtYi83VnROdz0iLCJkYXRha2V5IjoiQVFFQkFIaDN6WU9kdHBCQlNWdy9ZMmFuOEJYSUQ0a3dMUWZub1RqNXp3WnRHSlpvWlFBQUFINHdmQVlKS29aSWh2Y05BUWNHb0c4d2JRSUJBREJvQmdrcWhraUc5dzBCQndFd0hnWUpZSVpJQVdVREJBRXVNQkVFRExZQXM2SkVoM0ttdXovdGNnSUJFSUE3MlVSeVdCWEd3bmphcEdqbW5YK3BqdVRwcCthV1grZkZPQ0toRnhZOXA3Uk40WFowV05Kd1F5Ny9MUzlDaTBnTDlQTHU5Smo5KzZ3am9PZz0iLCJ2ZXJzaW9uIjoiMiIsInR5cGUiOiJEQVRBX0tFWSIsImV4cGlyYXRpb24iOjE3MDYxMjk4MjB9",
            "proxy_endpoint": "https://711348555690.dkr.ecr.eu-central-1.amazonaws.com",
            "registry_id": null,
            "user_name": "AWS"
          },
          "sensitive_attributes": []
        }
      ]
    },
    {
      "mode": "managed",
      "type": "aws_ecr_repository",
      "name": "BackRepo",
      "provider": "provider[\"registry.terraform.io/hashicorp/aws\"]",
      "instances": [
        {
          "schema_version": 0,
          "attributes": {
            "arn": "arn:aws:ecr:eu-central-1:711348555690:repository/back-repo",
            "encryption_configuration": [
              {
                "encryption_type": "AES256",
                "kms_key": ""
              }
            ],
            "force_delete": null,
            "id": "back-repo",
            "image_scanning_configuration": [
              {
                "scan_on_push": false
              }
            ],
            "image_tag_mutability": "MUTABLE",
            "name": "back-repo",
            "registry_id": "711348555690",
            "repository_url": "711348555690.dkr.ecr.eu-central-1.amazonaws.com/back-repo",
            "tags": {},
            "tags_all": {},
            "timeouts": null
          },
          "sensitive_attributes": [],
          "private": "eyJlMmJmYjczMC1lY2FhLTExZTYtOGY4OC0zNDM2M2JjN2M0YzAiOnsiZGVsZXRlIjoxMjAwMDAwMDAwMDAwfX0="
        }
      ]
    },
    {
      "mode": "managed",
      "type": "aws_ecr_repository",
      "name": "FrontRepo",
      "provider": "provider[\"registry.terraform.io/hashicorp/aws\"]",
      "instances": [
        {
          "schema_version": 0,
          "attributes": {
            "arn": "arn:aws:ecr:eu-central-1:711348555690:repository/front-repo",
            "encryption_configuration": [
              {
                "encryption_type": "AES256",
                "kms_key": ""
              }
            ],
            "force_delete": null,
            "id": "front-repo",
            "image_scanning_configuration": [
              {
                "scan_on_push": false
              }
            ],
            "image_tag_mutability": "MUTABLE",
            "name": "front-repo",
            "registry_id": "711348555690",
            "repository_url": "711348555690.dkr.ecr.eu-central-1.amazonaws.com/front-repo",
            "tags": {},
            "tags_all": {},
            "timeouts": null
          },
          "sensitive_attributes": [],
          "private": "eyJlMmJmYjczMC1lY2FhLTExZTYtOGY4OC0zNDM2M2JjN2M0YzAiOnsiZGVsZXRlIjoxMjAwMDAwMDAwMDAwfX0="
        }
      ]
    },
    {
      "mode": "managed",
      "type": "aws_iam_role",
      "name": "LambdaExecutionRole",
      "provider": "provider[\"registry.terraform.io/hashicorp/aws\"]",
      "instances": [
        {
          "schema_version": 0,
          "attributes": {
            "arn": "arn:aws:iam::711348555690:role/terraform-20240124084429740600000001",
            "assume_role_policy": "{\"Statement\":[{\"Action\":\"sts:AssumeRole\",\"Effect\":\"Allow\",\"Principal\":{\"Service\":\"lambda.amazonaws.com\"}}],\"Version\":\"2012-10-17\"}",
            "create_date": "2024-01-24T08:44:29Z",
            "description": "",
            "force_detach_policies": false,
            "id": "terraform-20240124084429740600000001",
            "inline_policy": [],
            "managed_policy_arns": [],
            "max_session_duration": 3600,
            "name": "terraform-20240124084429740600000001",
            "name_prefix": "terraform-",
            "path": "/",
            "permissions_boundary": "",
            "tags": {},
            "tags_all": {},
            "unique_id": "AROA2LH5NR6VAB5CD4SSN"
          },
          "sensitive_attributes": [],
          "private": "bnVsbA=="
        }
      ]
    },
    {
      "mode": "managed",
      "type": "aws_lambda_function",
      "name": "BackLambdaFunction",
      "provider": "provider[\"registry.terraform.io/hashicorp/aws\"]",
      "instances": [
        {
          "schema_version": 0,
          "attributes": {
            "architectures": [
              "x86_64"
            ],
            "arn": "arn:aws:lambda:eu-central-1:711348555690:function:BackLambda",
            "code_signing_config_arn": "",
            "dead_letter_config": [],
            "description": "",
            "environment": [],
            "ephemeral_storage": [
              {
                "size": 512
              }
            ],
            "file_system_config": [],
            "filename": null,
            "function_name": "BackLambda",
            "handler": "",
            "id": "BackLambda",
            "image_config": [],
            "image_uri": "711348555690.dkr.ecr.eu-central-1.amazonaws.com/back-repo:latest",
            "invoke_arn": "arn:aws:apigateway:eu-central-1:lambda:path/2015-03-31/functions/arn:aws:lambda:eu-central-1:711348555690:function:BackLambda/invocations",
            "kms_key_arn": "",
            "last_modified": "2024-01-24T08:57:02.000+0000",
            "layers": [],
            "logging_config": [
              {
                "application_log_level": "",
                "log_format": "Text",
                "log_group": "/aws/lambda/BackLambda",
                "system_log_level": ""
              }
            ],
            "memory_size": 1792,
            "package_type": "Image",
            "publish": false,
            "qualified_arn": "arn:aws:lambda:eu-central-1:711348555690:function:BackLambda:$LATEST",
            "qualified_invoke_arn": "arn:aws:apigateway:eu-central-1:lambda:path/2015-03-31/functions/arn:aws:lambda:eu-central-1:711348555690:function:BackLambda:$LATEST/invocations",
            "replace_security_groups_on_destroy": null,
            "replacement_security_group_ids": null,
            "reserved_concurrent_executions": -1,
            "role": "arn:aws:iam::711348555690:role/terraform-20240124084429740600000001",
            "runtime": "",
            "s3_bucket": null,
            "s3_key": null,
            "s3_object_version": null,
            "signing_job_arn": "",
            "signing_profile_version_arn": "",
            "skip_destroy": false,
            "snap_start": [],
            "source_code_hash": "f25f0bdc6c7a8384ed41a937fe83ae0acad48764319bec4771ef61a3f8ab4841",
            "source_code_size": 0,
            "tags": {},
            "tags_all": {},
            "timeout": 3,
            "timeouts": null,
            "tracing_config": [
              {
                "mode": "PassThrough"
              }
            ],
            "version": "$LATEST",
            "vpc_config": []
          },
          "sensitive_attributes": [],
          "private": "eyJlMmJmYjczMC1lY2FhLTExZTYtOGY4OC0zNDM2M2JjN2M0YzAiOnsiY3JlYXRlIjo2MDAwMDAwMDAwMDAsImRlbGV0ZSI6NjAwMDAwMDAwMDAwLCJ1cGRhdGUiOjYwMDAwMDAwMDAwMH19",
          "dependencies": [
            "aws_ecr_repository.BackRepo",
            "aws_iam_role.LambdaExecutionRole",
            "data.aws_ecr_authorization_token.token",
            "docker_image.BackImage"
          ]
        }
      ]
    },
    {
      "mode": "managed",
      "type": "docker_image",
      "name": "BackImage",
      "provider": "provider[\"registry.terraform.io/kreuzwerker/docker\"]",
      "instances": [
        {
          "schema_version": 0,
          "attributes": {
            "build": [
              {
                "auth_config": [],
                "build_arg": {},
                "build_args": {},
                "build_id": "",
                "cache_from": [],
                "cgroup_parent": "",
                "context": "/home/user/github/cdktf-project/src/back",
                "cpu_period": 0,
                "cpu_quota": 0,
                "cpu_set_cpus": "",
                "cpu_set_mems": "",
                "cpu_shares": 0,
                "dockerfile": "Dockerfile",
                "extra_hosts": [],
                "force_remove": false,
                "isolation": "",
                "label": {},
                "labels": {},
                "memory": 0,
                "memory_swap": 0,
                "network_mode": "",
                "no_cache": false,
                "platform": "",
                "pull_parent": false,
                "remote_context": "",
                "remove": true,
                "security_opt": [],
                "session_id": "",
                "shm_size": 0,
                "squash": false,
                "suppress_output": false,
                "tag": [],
                "target": "",
                "ulimit": [],
                "version": ""
              }
            ],
            "force_remove": null,
            "id": "sha256:d9e54ff0c0935a2beec791e31962ed9a7ef7d9ad19056ee150e6390386e27188711348555690.dkr.ecr.eu-central-1.amazonaws.com/back-repo:latest",
            "image_id": "sha256:d9e54ff0c0935a2beec791e31962ed9a7ef7d9ad19056ee150e6390386e27188",
            "keep_locally": null,
            "name": "711348555690.dkr.ecr.eu-central-1.amazonaws.com/back-repo:latest",
            "platform": "linux/arm64",
            "pull_triggers": null,
            "repo_digest": "711348555690.dkr.ecr.eu-central-1.amazonaws.com/back-repo@sha256:f25f0bdc6c7a8384ed41a937fe83ae0acad48764319bec4771ef61a3f8ab4841",
            "triggers": null
          },
          "sensitive_attributes": [],
          "private": "bnVsbA==",
          "dependencies": [
            "aws_ecr_repository.BackRepo",
            "data.aws_ecr_authorization_token.token"
          ]
        }
      ]
    },
    {
      "mode": "managed",
      "type": "docker_image",
      "name": "FrontImage",
      "provider": "provider[\"registry.terraform.io/kreuzwerker/docker\"]",
      "instances": [
        {
          "schema_version": 0,
          "attributes": {
            "build": [
              {
                "auth_config": [],
                "build_arg": {},
                "build_args": {},
                "build_id": "",
                "cache_from": [],
                "cgroup_parent": "",
                "context": "/home/user/github/cdktf-project/src/front",
                "cpu_period": 0,
                "cpu_quota": 0,
                "cpu_set_cpus": "",
                "cpu_set_mems": "",
                "cpu_shares": 0,
                "dockerfile": "Dockerfile",
                "extra_hosts": [],
                "force_remove": false,
                "isolation": "",
                "label": {},
                "labels": {},
                "memory": 0,
                "memory_swap": 0,
                "network_mode": "",
                "no_cache": false,
                "platform": "",
                "pull_parent": false,
                "remote_context": "",
                "remove": true,
                "security_opt": [],
                "session_id": "",
                "shm_size": 0,
                "squash": false,
                "suppress_output": false,
                "tag": [],
                "target": "",
                "ulimit": [],
                "version": ""
              }
            ],
            "force_remove": null,
            "id": "sha256:c78d471df96f5bf0d4538c961fbbf07e1f790f0d2c2dc8feae2d573d7c44e883711348555690.dkr.ecr.eu-central-1.amazonaws.com/front-repo",
            "image_id": "sha256:c78d471df96f5bf0d4538c961fbbf07e1f790f0d2c2dc8feae2d573d7c44e883",
            "keep_locally": null,
            "name": "711348555690.dkr.ecr.eu-central-1.amazonaws.com/front-repo",
            "platform": "linux/arm64",
            "pull_triggers": null,
            "repo_digest": "711348555690.dkr.ecr.eu-central-1.amazonaws.com/front-repo@sha256:b30c3a220dee33d6bd87ded8c742b08dd68a7f738791ad589dc6f45c71dfd428",
            "triggers": null
          },
          "sensitive_attributes": [],
          "private": "bnVsbA==",
          "dependencies": [
            "aws_ecr_repository.FrontRepo",
            "data.aws_ecr_authorization_token.token"
          ]
        }
      ]
    },
    {
      "mode": "managed",
      "type": "docker_registry_image",
      "name": "BackUpload",
      "provider": "provider[\"registry.terraform.io/kreuzwerker/docker\"]",
      "instances": [
        {
          "schema_version": 0,
          "attributes": {
            "id": "sha256:f25f0bdc6c7a8384ed41a937fe83ae0acad48764319bec4771ef61a3f8ab4841",
            "insecure_skip_verify": false,
            "keep_remotely": false,
            "name": "711348555690.dkr.ecr.eu-central-1.amazonaws.com/back-repo:latest",
            "sha256_digest": "sha256:f25f0bdc6c7a8384ed41a937fe83ae0acad48764319bec4771ef61a3f8ab4841",
            "triggers": null
          },
          "sensitive_attributes": [],
          "private": "bnVsbA==",
          "dependencies": [
            "aws_ecr_repository.BackRepo",
            "data.aws_ecr_authorization_token.token",
            "docker_image.BackImage"
          ]
        }
      ]
    },
    {
      "mode": "managed",
      "type": "docker_registry_image",
      "name": "FrontUpload",
      "provider": "provider[\"registry.terraform.io/kreuzwerker/docker\"]",
      "instances": [
        {
          "schema_version": 0,
          "attributes": {
            "id": "sha256:b30c3a220dee33d6bd87ded8c742b08dd68a7f738791ad589dc6f45c71dfd428",
            "insecure_skip_verify": false,
            "keep_remotely": false,
            "name": "711348555690.dkr.ecr.eu-central-1.amazonaws.com/front-repo",
            "sha256_digest": "sha256:b30c3a220dee33d6bd87ded8c742b08dd68a7f738791ad589dc6f45c71dfd428",
            "triggers": null
          },
          "sensitive_attributes": [],
          "private": "bnVsbA==",
          "dependencies": [
            "aws_ecr_repository.FrontRepo",
            "data.aws_ecr_authorization_token.token",
            "docker_image.FrontImage"
          ]
        }
      ]
    }
  ],
  "check_results": null
}
