{
  "version": 4,
  "terraform_version": "1.7.1",
  "serial": 867,
  "lineage": "a595879c-8348-d326-a097-97e4ec7507b9",
  "outputs": {},
  "resources": [
    {
      "mode": "data",
      "type": "aws_ecr_authorization_token",
      "name": "token",
      "provider": "provider[\"registry.terraform.io/hashicorp/aws\"]",
      "instances": [
        {
          "schema_version": 0,
          "attributes": {
            "authorization_token": "QVdTOmV5SndZWGxzYjJGa0lqb2lNMDV0U25SbVJscFpUbXRqWjFjMmR6QndPVWxzTmpkYU1VNXZMelpCYkdadlNUaE9WRE5yT1dkbGVHVjZhRGxuWldSUk1HMU9aRzVKWkdaNVNGZzBjazl3VG5sdlpFeHROSFJGVEhoTVdYSnBVM0pZTjA5RGRFc3ZXbW80UlM5S2VHSlFVa1ZEYTBOaFJ6azVLM1YyUWpoblZFVkJhMVpNVm14NFMxaGpNMEY1T1VvNFdWbDVSSGRLWTNkTlNrNDFibXRaVGpVemVFVjJURllyVmtOeFoyMVlXRzVDV2pBeGIxTjZRWHBQZVhjMFoyWmpSazlCVHpsVGVTdDVNMHhaVFhFMGFpOW5jM0l2WTBwaVYwZzFUREZDYW1aRmRHMXFLMDl1YURad1kySlhaVTk2UmxBemJqTkhkRzF6YURkMlRrbEJhbll2Y1c1VFVISkJSSFpDUVRodlNWcDRXazVDVG0xdVZrdFJkV2RDTWxsM1ptOUxjVFJ6V0VWaVRUaDViMklyU0hGWGJ5ODRUbTl1UVdKdVNGaGFUMlJNYlUxVFVXTlBOR1p4YVd3dk1ERkNaREptZFRadGJHVkliRlZUZEVabmF6bGFURE5SVTBzMU1tZGllSGxoYlN0U05HNHZlVTl5Um13MFNWazNVMHB0WmtwVmVYUjRTRE5vVG5Wak1UUnlUWGd6VFM4d01rUTFjQzk0V1ZnNU5FSmtZMnRzUzNFMmR6TlJkMGMzYms1RFZXTktaa1l3UXpOSGFYaFNNRkJqZFdWbFZqTnVZMWMzU0VORFVFNVNZa1Z6ZW5sekwxaEpXRWd2VEVWT2JXZFlRa1JZZW5KR1lVWjVNMUpqV0hoSlluSjBhMm92VkdkMFpEQTFSV2xTVFZwTWJGWnlOVll5UW1NelJFcHZRbXBCVG05T1JYQXdhM2cyTTJkUGVIcE9kelU0SzJkdE1VeHlLMmMxVjFCek4ydENjMWc0VUZsR01YVkxSVUY0TDJac1QwaFdZWGd4VVV0QllrUTNXVU0yZFRaV2NEaFJlalpHUml0UlozVlRUVzVHTjNOVWIybFhTakZWUTBsNGVFOVNNblpzYVhGUE1IVlFURmxOVkhaSlUxbHZaRUpFT1dacFYxWlBNMDVCTmxGYVZpOUdiRmxoZDNweFVTdFFVMkpyVEdGeFdXUXdSRlV5SzJoM1p6TkZNSFIyYWpZMWJFaGhibEp0V0ROYU1HbExlRXhzVFd4cksyZDJhRFl2Tm5WRVZWZEdjbVJ5YkVaUlRrbG5LMlo1ZUdaMU1sSnpMMjFEYVZwNGEzRkxLMEZUU2xKcFkydEtiMDVOYml0bGIxaGhOalJhY0RsdFRWUmxNek0yY0VWa1RrSjRkVXBUUm5SU1VXVkdiVFJ3YWpWaFEydG5WMUp6VUhNdlVuQlRaaXRIYVV0aFVscHdhM1ZZZWpOb2NFWnpTVk5YYTA1aGFYZE5TR1prZUVWeVJrdFhjbFYxWkZoRGExRXdjVU5LU25wS09YSnFOVUZVVlRkS05GSmlWbEp1YWxCTGRsTkROSEZwU20xbWIyMXplSEpxVDFsdVlUWk5iRWxNV1dRNVdsaHdibTF5YzIxVlNETlVWWFJpV1ZKNmNERktjRUZDWjNoRFl6WldZVzlLU1dkYVRWQjZURVZOZEhGcmFVMWlTSEJyT0hoaE5HRlpUbGxoYmxkTVFrWk5UVWd3WjJSdE9XaHJVQzl1VFRBelRYbFhSRWh0WkVOcVpHOXlhVU5KWjJsWFRuWXdjR3d3VENzMlJ5OHdTVlpyTDA1UFVISXhiV1JzWkd4d2RIRmxaR3QwZG5waWVITTVUV2hKVTJ0WlRYRTRVVTlpZFhOc05uTlJlREp3VkVZcmJYVjVSREZSV1RnemJEQmxXVVF3VURsV1ZtTlRkMUJNVVRaMGNtbE5TWEl4UlVWdWVtTXhZbmczWTJRMVoyUnVhM1l3TlZwdE1VTTJkV2RVVUdWbE5FaGtVRFE0V1U0NVJTSXNJbVJoZEdGclpYa2lPaUpCVVVWQ1FVaG9NM3BaVDJSMGNFSkNVMVozTDFreVlXNDRRbGhKUkRScmQweFJabTV2VkdvMWVuZGFkRWRLV205YVVVRkJRVWcwZDJaQldVcExiMXBKYUhaalRrRlJZMGR2UnpoM1lsRkpRa0ZFUW05Q1oydHhhR3RwUnpsM01FSkNkMFYzU0dkWlNsbEpXa2xCVjFWRVFrRkZkVTFDUlVWRVJXa3ZOazVHVlRkaVZEQTFUeTg1WlVGSlFrVkpRVGN6WkhOc1VESkNPR2RPWkVobU1pdHZiRUZ5T0VSVGNFdzJWVk5qU2pkMFNIUlpZa3h4YjB0YVZXeFRaVTloUVdaNk5TOUpNamhrVDFWQ1oweENSalJJY1hneFlrNDRaelZDYm5STU5FYzRQU0lzSW5abGNuTnBiMjRpT2lJeUlpd2lkSGx3WlNJNklrUkJWRUZmUzBWWklpd2laWGh3YVhKaGRHbHZiaUk2TVRjd05qWTVPRFl4TVgwPQ==",
            "expires_at": "2024-01-31T10:56:51Z",
            "id": "eu-central-1",
            "password": "eyJwYXlsb2FkIjoiM05tSnRmRlpZTmtjZ1c2dzBwOUlsNjdaMU5vLzZBbGZvSThOVDNrOWdleGV6aDlnZWRRMG1OZG5JZGZ5SFg0ck9wTnlvZExtNHRFTHhMWXJpU3JYN09DdEsvWmo4RS9KeGJQUkVDa0NhRzk5K3V2QjhnVEVBa1ZMVmx4S1hjM0F5OUo4WVl5RHdKY3dNSk41bmtZTjUzeEV2TFYrVkNxZ21YWG5CWjAxb1N6QXpPeXc0Z2ZjRk9BTzlTeSt5M0xZTXE0ai9nc3IvY0piV0g1TDFCamZFdG1qK09uaDZwY2JXZU96RlAzbjNHdG1zaDd2TklBanYvcW5TUHJBRHZCQThvSVp4Wk5CTm1uVktRdWdCMll3Zm9LcTRzWEViTTh5b2IrSHFXby84Tm9uQWJuSFhaT2RMbU1TUWNPNGZxaWwvMDFCZDJmdTZtbGVIbFVTdEZnazlaTDNRU0s1MmdieHlhbStSNG4veU9yRmw0SVk3U0ptZkpVeXR4SDNoTnVjMTRyTXgzTS8wMkQ1cC94WVg5NEJkY2tsS3E2dzNRd0c3bk5DVWNKZkYwQzNHaXhSMFBjdWVlVjNuY1c3SENDUE5SYkVzenlzL1hJWEgvTEVObWdYQkRYenJGYUZ5M1JjWHhJYnJ0a2ovVGd0ZDA1RWlSTVpMbFZyNVYyQmMzREpvQmpBTm9ORXAwa3g2M2dPeHpOdzU4K2dtMUxyK2c1V1BzN2tCc1g4UFlGMXVLRUF4L2ZsT0hWYXgxUUtBYkQ3WUM2dTZWcDhRejZGRitRZ3VTTW5GN3NUb2lXSjFVQ0l4eE9SMnZsaXFPMHVQTFlNVHZJU1lvZEJEOWZpV1ZPM05BNlFaVi9GbFlhd3pxUStQU2JrTGFxWWQwRFUyK2h3ZzNFMHR2ajY1bEhhblJtWDNaMGlLeExsTWxrK2d2aDYvNnVEVVdGcmRybEZRTklnK2Z5eGZ1MlJzL21DaVp4a3FLK0FTSlJpY2tKb05Nbitlb1hhNjRacDltTVRlMzM2cEVkTkJ4dUpTRnRSUWVGbTRwajVhQ2tnV1JzUHMvUnBTZitHaUthUlpwa3VYejNocEZzSVNXa05haXdNSGZkeEVyRktXclV1ZFhDa1EwcUNKSnpKOXJqNUFUVTdKNFJiVlJualBLdlNDNHFpSm1mb21zeHJqT1luYTZNbElMWWQ5Wlhwbm1yc21VSDNUVXRiWVJ6cDFKcEFCZ3hDYzZWYW9KSWdaTVB6TEVNdHFraU1iSHBrOHhhNGFZTllhbldMQkZNTUgwZ2RtOWhrUC9uTTAzTXlXREhtZENqZG9yaUNJZ2lXTnYwcGwwTCs2Ry8wSVZrL05PUHIxbWRsZGxwdHFlZGt0dnpieHM5TWhJU2tZTXE4UU9idXNsNnNReDJwVEYrbXV5RDFRWTgzbDBlWUQwUDlWVmNTd1BMUTZ0cmlNSXIxRUVuemMxYng3Y2Q1Z2Rua3YwNVptMUM2dWdUUGVlNEhkUDQ4WU45RSIsImRhdGFrZXkiOiJBUUVCQUhoM3pZT2R0cEJCU1Z3L1kyYW44QlhJRDRrd0xRZm5vVGo1endadEdKWm9aUUFBQUg0d2ZBWUpLb1pJaHZjTkFRY0dvRzh3YlFJQkFEQm9CZ2txaGtpRzl3MEJCd0V3SGdZSllJWklBV1VEQkFFdU1CRUVERWkvNk5GVTdiVDA1Ty85ZUFJQkVJQTczZHNsUDJCOGdOZEhmMitvbEFyOERTcEw2VVNjSjd0SHRZYkxxb0taVWxTZU9hQWZ6NS9JMjhkT1VCZ0xCRjRIcXgxYk44ZzVCbnRMNEc4PSIsInZlcnNpb24iOiIyIiwidHlwZSI6IkRBVEFfS0VZIiwiZXhwaXJhdGlvbiI6MTcwNjY5ODYxMX0=",
            "proxy_endpoint": "https://711348555690.dkr.ecr.eu-central-1.amazonaws.com",
            "registry_id": null,
            "user_name": "AWS"
          },
          "sensitive_attributes": []
        }
      ]
    },
    {
      "mode": "managed",
      "type": "aws_ecr_repository",
      "name": "BackRepo",
      "provider": "provider[\"registry.terraform.io/hashicorp/aws\"]",
      "instances": [
        {
          "schema_version": 0,
          "attributes": {
            "arn": "arn:aws:ecr:eu-central-1:711348555690:repository/back-repo",
            "encryption_configuration": [
              {
                "encryption_type": "AES256",
                "kms_key": ""
              }
            ],
            "force_delete": null,
            "id": "back-repo",
            "image_scanning_configuration": [
              {
                "scan_on_push": false
              }
            ],
            "image_tag_mutability": "MUTABLE",
            "name": "back-repo",
            "registry_id": "711348555690",
            "repository_url": "711348555690.dkr.ecr.eu-central-1.amazonaws.com/back-repo",
            "tags": {},
            "tags_all": {},
            "timeouts": null
          },
          "sensitive_attributes": [],
          "private": "eyJlMmJmYjczMC1lY2FhLTExZTYtOGY4OC0zNDM2M2JjN2M0YzAiOnsiZGVsZXRlIjoxMjAwMDAwMDAwMDAwfX0="
        }
      ]
    },
    {
      "mode": "managed",
      "type": "aws_ecr_repository",
      "name": "FrontRepo",
      "provider": "provider[\"registry.terraform.io/hashicorp/aws\"]",
      "instances": [
        {
          "schema_version": 0,
          "attributes": {
            "arn": "arn:aws:ecr:eu-central-1:711348555690:repository/front-repo",
            "encryption_configuration": [
              {
                "encryption_type": "AES256",
                "kms_key": ""
              }
            ],
            "force_delete": null,
            "id": "front-repo",
            "image_scanning_configuration": [
              {
                "scan_on_push": false
              }
            ],
            "image_tag_mutability": "MUTABLE",
            "name": "front-repo",
            "registry_id": "711348555690",
            "repository_url": "711348555690.dkr.ecr.eu-central-1.amazonaws.com/front-repo",
            "tags": {},
            "tags_all": {},
            "timeouts": null
          },
          "sensitive_attributes": [],
          "private": "eyJlMmJmYjczMC1lY2FhLTExZTYtOGY4OC0zNDM2M2JjN2M0YzAiOnsiZGVsZXRlIjoxMjAwMDAwMDAwMDAwfX0="
        }
      ]
    },
    {
      "mode": "managed",
      "type": "aws_iam_role",
      "name": "LambdaRole",
      "provider": "provider[\"registry.terraform.io/hashicorp/aws\"]",
      "instances": [
        {
          "schema_version": 0,
          "attributes": {
            "arn": "arn:aws:iam::711348555690:role/lambda-role",
            "assume_role_policy": "{\"Statement\":[{\"Action\":\"sts:AssumeRole\",\"Effect\":\"Allow\",\"Principal\":{\"Service\":\"lambda.amazonaws.com\"}}],\"Version\":\"2012-10-17\"}",
            "create_date": "2024-01-30T22:25:40Z",
            "description": "",
            "force_detach_policies": false,
            "id": "lambda-role",
            "inline_policy": [],
            "managed_policy_arns": [
              "arn:aws:iam::aws:policy/service-role/AWSLambdaBasicExecutionRole"
            ],
            "max_session_duration": 3600,
            "name": "lambda-role",
            "name_prefix": "",
            "path": "/",
            "permissions_boundary": "",
            "tags": {},
            "tags_all": {},
            "unique_id": "AROA2LH5NR6VCUAHOXDHO"
          },
          "sensitive_attributes": [],
          "private": "bnVsbA=="
        }
      ]
    },
    {
      "mode": "managed",
      "type": "aws_iam_role_policy_attachment",
      "name": "LambdaExecPolicyAttachment",
      "provider": "provider[\"registry.terraform.io/hashicorp/aws\"]",
      "instances": [
        {
          "schema_version": 0,
          "attributes": {
            "id": "lambda-role-20240130222541045000000001",
            "policy_arn": "arn:aws:iam::aws:policy/service-role/AWSLambdaBasicExecutionRole",
            "role": "lambda-role"
          },
          "sensitive_attributes": [],
          "private": "bnVsbA==",
          "dependencies": [
            "aws_iam_role.LambdaRole"
          ]
        }
      ]
    },
    {
      "mode": "managed",
      "type": "aws_lambda_function",
      "name": "BackLambda",
      "provider": "provider[\"registry.terraform.io/hashicorp/aws\"]",
      "instances": [
        {
          "schema_version": 0,
          "attributes": {
            "architectures": [
              "arm64"
            ],
            "arn": "arn:aws:lambda:eu-central-1:711348555690:function:back-lambda",
            "code_signing_config_arn": "",
            "dead_letter_config": [],
            "description": "",
            "environment": [
              {
                "variables": {
                  "HOME": "/tmp"
                }
              }
            ],
            "ephemeral_storage": [
              {
                "size": 512
              }
            ],
            "file_system_config": [],
            "filename": null,
            "function_name": "back-lambda",
            "handler": "",
            "id": "back-lambda",
            "image_config": [],
            "image_uri": "711348555690.dkr.ecr.eu-central-1.amazonaws.com/back-repo@sha256:dc8133dfaa402e14891fcec6b2d3596ea8fcddd607f5f2de27ce5c1d5da6209e",
            "invoke_arn": "arn:aws:apigateway:eu-central-1:lambda:path/2015-03-31/functions/arn:aws:lambda:eu-central-1:711348555690:function:back-lambda/invocations",
            "kms_key_arn": "",
            "last_modified": "2024-01-30T22:56:54.000+0000",
            "layers": [],
            "logging_config": [
              {
                "application_log_level": "INFO",
                "log_format": "JSON",
                "log_group": "/aws/lambda/back-lambda",
                "system_log_level": "INFO"
              }
            ],
            "memory_size": 1792,
            "package_type": "Image",
            "publish": false,
            "qualified_arn": "arn:aws:lambda:eu-central-1:711348555690:function:back-lambda:$LATEST",
            "qualified_invoke_arn": "arn:aws:apigateway:eu-central-1:lambda:path/2015-03-31/functions/arn:aws:lambda:eu-central-1:711348555690:function:back-lambda:$LATEST/invocations",
            "replace_security_groups_on_destroy": null,
            "replacement_security_group_ids": null,
            "reserved_concurrent_executions": -1,
            "role": "arn:aws:iam::711348555690:role/lambda-role",
            "runtime": "",
            "s3_bucket": null,
            "s3_key": null,
            "s3_object_version": null,
            "signing_job_arn": "",
            "signing_profile_version_arn": "",
            "skip_destroy": false,
            "snap_start": [],
            "source_code_hash": "dc8133dfaa402e14891fcec6b2d3596ea8fcddd607f5f2de27ce5c1d5da6209e",
            "source_code_size": 0,
            "tags": {},
            "tags_all": {},
            "timeout": 5,
            "timeouts": null,
            "tracing_config": [
              {
                "mode": "PassThrough"
              }
            ],
            "version": "$LATEST",
            "vpc_config": []
          },
          "sensitive_attributes": [],
          "private": "eyJlMmJmYjczMC1lY2FhLTExZTYtOGY4OC0zNDM2M2JjN2M0YzAiOnsiY3JlYXRlIjo2MDAwMDAwMDAwMDAsImRlbGV0ZSI6NjAwMDAwMDAwMDAwLCJ1cGRhdGUiOjYwMDAwMDAwMDAwMH19",
          "dependencies": [
            "aws_ecr_repository.BackRepo",
            "aws_iam_role.LambdaRole",
            "data.aws_ecr_authorization_token.token",
            "docker_image.BackImage",
            "docker_registry_image.BackEcrImage"
          ]
        }
      ]
    },
    {
      "mode": "managed",
      "type": "aws_lambda_function",
      "name": "FrontLambda",
      "provider": "provider[\"registry.terraform.io/hashicorp/aws\"]",
      "instances": [
        {
          "schema_version": 0,
          "attributes": {
            "architectures": [
              "x86_64"
            ],
            "arn": "arn:aws:lambda:eu-central-1:711348555690:function:front-lambda",
            "code_signing_config_arn": "",
            "dead_letter_config": [],
            "description": "",
            "environment": [
              {
                "variables": {
                  "HOME": "/tmp"
                }
              }
            ],
            "ephemeral_storage": [
              {
                "size": 512
              }
            ],
            "file_system_config": [],
            "filename": null,
            "function_name": "front-lambda",
            "handler": "",
            "id": "front-lambda",
            "image_config": [],
            "image_uri": "711348555690.dkr.ecr.eu-central-1.amazonaws.com/front-repo@sha256:0b55b18dbccc61343f9340bf22d67d5604847a2f361bbaf152c8585f2cd2b396",
            "invoke_arn": "arn:aws:apigateway:eu-central-1:lambda:path/2015-03-31/functions/arn:aws:lambda:eu-central-1:711348555690:function:front-lambda/invocations",
            "kms_key_arn": "",
            "last_modified": "2024-01-30T22:54:27.000+0000",
            "layers": [],
            "logging_config": [
              {
                "application_log_level": "INFO",
                "log_format": "JSON",
                "log_group": "/aws/lambda/front-lambda",
                "system_log_level": "INFO"
              }
            ],
            "memory_size": 1792,
            "package_type": "Image",
            "publish": false,
            "qualified_arn": "arn:aws:lambda:eu-central-1:711348555690:function:front-lambda:$LATEST",
            "qualified_invoke_arn": "arn:aws:apigateway:eu-central-1:lambda:path/2015-03-31/functions/arn:aws:lambda:eu-central-1:711348555690:function:front-lambda:$LATEST/invocations",
            "replace_security_groups_on_destroy": null,
            "replacement_security_group_ids": null,
            "reserved_concurrent_executions": -1,
            "role": "arn:aws:iam::711348555690:role/lambda-role",
            "runtime": "",
            "s3_bucket": null,
            "s3_key": null,
            "s3_object_version": null,
            "signing_job_arn": "",
            "signing_profile_version_arn": "",
            "skip_destroy": false,
            "snap_start": [],
            "source_code_hash": "0b55b18dbccc61343f9340bf22d67d5604847a2f361bbaf152c8585f2cd2b396",
            "source_code_size": 0,
            "tags": {},
            "tags_all": {},
            "timeout": 5,
            "timeouts": null,
            "tracing_config": [
              {
                "mode": "PassThrough"
              }
            ],
            "version": "$LATEST",
            "vpc_config": []
          },
          "sensitive_attributes": [],
          "private": "eyJlMmJmYjczMC1lY2FhLTExZTYtOGY4OC0zNDM2M2JjN2M0YzAiOnsiY3JlYXRlIjo2MDAwMDAwMDAwMDAsImRlbGV0ZSI6NjAwMDAwMDAwMDAwLCJ1cGRhdGUiOjYwMDAwMDAwMDAwMH19",
          "dependencies": [
            "aws_ecr_repository.FrontRepo",
            "aws_iam_role.LambdaRole",
            "data.aws_ecr_authorization_token.token",
            "docker_image.FrontImage",
            "docker_registry_image.FrontEcrImage"
          ]
        }
      ]
    },
    {
      "mode": "managed",
      "type": "aws_lambda_function_url",
      "name": "BackLambdaUrl",
      "provider": "provider[\"registry.terraform.io/hashicorp/aws\"]",
      "instances": [
        {
          "schema_version": 0,
          "attributes": {
            "authorization_type": "NONE",
            "cors": [],
            "function_arn": "arn:aws:lambda:eu-central-1:711348555690:function:back-lambda",
            "function_name": "back-lambda",
            "function_url": "https://qh5yf2q5mb2mudnu7mo5ibs5340kvlew.lambda-url.eu-central-1.on.aws/",
            "id": "back-lambda",
            "invoke_mode": "BUFFERED",
            "qualifier": "",
            "timeouts": null,
            "url_id": "qh5yf2q5mb2mudnu7mo5ibs5340kvlew"
          },
          "sensitive_attributes": [],
          "private": "eyJlMmJmYjczMC1lY2FhLTExZTYtOGY4OC0zNDM2M2JjN2M0YzAiOnsiY3JlYXRlIjo2MDAwMDAwMDAwMDB9fQ==",
          "dependencies": [
            "aws_ecr_repository.BackRepo",
            "aws_iam_role.LambdaRole",
            "aws_lambda_function.BackLambda",
            "data.aws_ecr_authorization_token.token",
            "docker_image.BackImage",
            "docker_registry_image.BackEcrImage"
          ]
        }
      ]
    },
    {
      "mode": "managed",
      "type": "aws_lambda_function_url",
      "name": "FrontLambdaUrl",
      "provider": "provider[\"registry.terraform.io/hashicorp/aws\"]",
      "instances": [
        {
          "schema_version": 0,
          "attributes": {
            "authorization_type": "NONE",
            "cors": [],
            "function_arn": "arn:aws:lambda:eu-central-1:711348555690:function:front-lambda",
            "function_name": "front-lambda",
            "function_url": "https://zaybgiba7j34u5vvaxmvs3pnje0odwqq.lambda-url.eu-central-1.on.aws/",
            "id": "front-lambda",
            "invoke_mode": "BUFFERED",
            "qualifier": "",
            "timeouts": null,
            "url_id": "zaybgiba7j34u5vvaxmvs3pnje0odwqq"
          },
          "sensitive_attributes": [],
          "private": "eyJlMmJmYjczMC1lY2FhLTExZTYtOGY4OC0zNDM2M2JjN2M0YzAiOnsiY3JlYXRlIjo2MDAwMDAwMDAwMDB9fQ==",
          "dependencies": [
            "aws_ecr_repository.FrontRepo",
            "aws_iam_role.LambdaRole",
            "aws_lambda_function.FrontLambda",
            "data.aws_ecr_authorization_token.token",
            "docker_image.FrontImage",
            "docker_registry_image.FrontEcrImage"
          ]
        }
      ]
    },
    {
      "mode": "managed",
      "type": "docker_image",
      "name": "BackImage",
      "provider": "provider[\"registry.terraform.io/kreuzwerker/docker\"]",
      "instances": [
        {
          "schema_version": 0,
          "attributes": {
            "build": [
              {
                "auth_config": [],
                "build_arg": {},
                "build_args": {},
                "build_id": "",
                "cache_from": [],
                "cgroup_parent": "",
                "context": "/home/user/github/cdktf-project/src/back",
                "cpu_period": 0,
                "cpu_quota": 0,
                "cpu_set_cpus": "",
                "cpu_set_mems": "",
                "cpu_shares": 0,
                "dockerfile": "Dockerfile",
                "extra_hosts": [],
                "force_remove": false,
                "isolation": "",
                "label": {},
                "labels": {},
                "memory": 0,
                "memory_swap": 0,
                "network_mode": "",
                "no_cache": false,
                "platform": "linux/arm64",
                "pull_parent": false,
                "remote_context": "",
                "remove": true,
                "security_opt": [],
                "session_id": "",
                "shm_size": 0,
                "squash": false,
                "suppress_output": false,
                "tag": [],
                "target": "",
                "ulimit": [],
                "version": ""
              }
            ],
            "force_remove": null,
            "id": "sha256:e58543f6d11162557e3eed3e451b260014f86be00c2f237cf74214cc07f7e531711348555690.dkr.ecr.eu-central-1.amazonaws.com/back-repo",
            "image_id": "sha256:e58543f6d11162557e3eed3e451b260014f86be00c2f237cf74214cc07f7e531",
            "keep_locally": null,
            "name": "711348555690.dkr.ecr.eu-central-1.amazonaws.com/back-repo",
            "platform": null,
            "pull_triggers": null,
            "repo_digest": "711348555690.dkr.ecr.eu-central-1.amazonaws.com/back-repo@sha256:dc8133dfaa402e14891fcec6b2d3596ea8fcddd607f5f2de27ce5c1d5da6209e",
            "triggers": {
              "filesha256": "d582e1929e92049e244aa8f040d3381cabd52f82cc371b2c05a9d7981e8a0dd8"
            }
          },
          "sensitive_attributes": [],
          "private": "bnVsbA==",
          "dependencies": [
            "aws_ecr_repository.BackRepo",
            "data.aws_ecr_authorization_token.token"
          ]
        }
      ]
    },
    {
      "mode": "managed",
      "type": "docker_image",
      "name": "FrontImage",
      "provider": "provider[\"registry.terraform.io/kreuzwerker/docker\"]",
      "instances": [
        {
          "schema_version": 0,
          "attributes": {
            "build": [
              {
                "auth_config": [],
                "build_arg": {},
                "build_args": {},
                "build_id": "",
                "cache_from": [],
                "cgroup_parent": "",
                "context": "/home/user/github/cdktf-project/src/front",
                "cpu_period": 0,
                "cpu_quota": 0,
                "cpu_set_cpus": "",
                "cpu_set_mems": "",
                "cpu_shares": 0,
                "dockerfile": "Dockerfile",
                "extra_hosts": [],
                "force_remove": false,
                "isolation": "",
                "label": {},
                "labels": {},
                "memory": 0,
                "memory_swap": 0,
                "network_mode": "",
                "no_cache": false,
                "platform": "linux/amd64",
                "pull_parent": false,
                "remote_context": "",
                "remove": true,
                "security_opt": [],
                "session_id": "",
                "shm_size": 0,
                "squash": false,
                "suppress_output": false,
                "tag": [],
                "target": "",
                "ulimit": [],
                "version": ""
              }
            ],
            "force_remove": null,
            "id": "sha256:1c60983630465c456284404de75842631278fe9a7dddd8f8194ae0ca183e1490711348555690.dkr.ecr.eu-central-1.amazonaws.com/front-repo",
            "image_id": "sha256:1c60983630465c456284404de75842631278fe9a7dddd8f8194ae0ca183e1490",
            "keep_locally": null,
            "name": "711348555690.dkr.ecr.eu-central-1.amazonaws.com/front-repo",
            "platform": null,
            "pull_triggers": null,
            "repo_digest": "",
            "triggers": {
              "filesha256": "9d7a29085215a6964511e1b701c2c1e383f36d0e6ce599131deef28d16636a04"
            }
          },
          "sensitive_attributes": [],
          "private": "bnVsbA==",
          "dependencies": [
            "aws_ecr_repository.FrontRepo",
            "data.aws_ecr_authorization_token.token"
          ]
        }
      ]
    },
    {
      "mode": "managed",
      "type": "docker_registry_image",
      "name": "BackEcrImage",
      "provider": "provider[\"registry.terraform.io/kreuzwerker/docker\"]",
      "instances": [
        {
          "schema_version": 0,
          "attributes": {
            "id": "sha256:dc8133dfaa402e14891fcec6b2d3596ea8fcddd607f5f2de27ce5c1d5da6209e",
            "insecure_skip_verify": false,
            "keep_remotely": false,
            "name": "711348555690.dkr.ecr.eu-central-1.amazonaws.com/back-repo",
            "sha256_digest": "sha256:dc8133dfaa402e14891fcec6b2d3596ea8fcddd607f5f2de27ce5c1d5da6209e",
            "triggers": {
              "filesha256": "d582e1929e92049e244aa8f040d3381cabd52f82cc371b2c05a9d7981e8a0dd8"
            }
          },
          "sensitive_attributes": [],
          "private": "bnVsbA==",
          "dependencies": [
            "aws_ecr_repository.BackRepo",
            "data.aws_ecr_authorization_token.token",
            "docker_image.BackImage"
          ]
        }
      ]
    }
  ],
  "check_results": null
}
