{
  "version": 4,
  "terraform_version": "1.7.0",
  "serial": 131,
  "lineage": "a595879c-8348-d326-a097-97e4ec7507b9",
  "outputs": {},
  "resources": [
    {
      "mode": "data",
      "type": "aws_ecr_authorization_token",
      "name": "token",
      "provider": "provider[\"registry.terraform.io/hashicorp/aws\"]",
      "instances": [
        {
          "schema_version": 0,
          "attributes": {
            "authorization_token": "QVdTOmV5SndZWGxzYjJGa0lqb2llbTQwWW5KV2RURnJiVTVaVUZORmJUSTJNWFppWkVvNE9XMURNR05WZVZCNmIzcEVUVVZqVVVvNFVUWkVaMkpOWWpodGNXNTFLMFpXYWs5b09UWnZRMk16WlUxVlYzRkNhazVuU2s4MmJWTTNRWE5oZEVwNUt6RXpZM1YyVkdReEszRnhjR0ZZVkVnelpIRkxTa014VDFSbWVETk1jMWhGWmxsVFYyMVVWVWRpYjFOV2NGRmhaV05DZUVoWk5tZHljMU5LY25wUlppOTVha1ZrWTJ4cksxRnZRMmRvVTFaWlVHeEJlbGM1YTJ4bFQwTnlUM2RyYnpCdWJuTjFXa3BoZUdOb2FGQktNRWxaVUVaWGRVTkVZM1JhYVZweFdrdHNiQzk2VUdOQlNscG9TalphVVhoWlV6aHpWRUpIZUdZd2FUaHZWbVl6YmpVMFYwaHlUVFJLWlZKME1tZGpkakZCYURscVVIcGhNRGxhZFVJMFRXNTBlWGg2ZUUxVGFqTnZhRmh2Tm5kTU0weEVZbFEzVWpkQ2IxSmxNV3hsZDFCWlJqRnplWEp5VVZsSlYyUkZPVEpSWjAwMGJVdGtiV2R2UTJKWGRFMVRlVFpJZEhOSE5Wa3hNWEF5VVRjdmJpOU9SbXdyTkRkWFNFTnBSMmM0Y0hSUk4zQmlaRFJIWkZaQlRtTXhlaTh2ZEdocmJIZFZObEpFSzJZNFJXazJkbVZsTVcxSEx6RjNkMlpJY3pacVZqSk5WSEZQVUVGV1lrSkJlVUZtU3pZclNrRmFiVFpNV21kSmRVdzRWbTVzVVRKRVdYWmFiMkYzYkZSUVkybFZOWE53T1hVMU0wZzBNMlJTVW5WVFIxVjVNelZXWnpKakwxRnlMMmR1VEZOaVJVZFlVVTR5VVhkVFZqbFBMMGwyYVd4T2JuVXlNMmhpUjB0ME0yVTJkSGRqVmtOc2FrZHRUbE4zVDFSWVJGSkpVWGx1U1hseGFHTnljVzkzWnpkamRXeEhhVWhZYTAxUmMxWkxTekZRYVhkSWJrNDRXVk5DV25WNWR6Vk5RMGRVVkc5MFNqaHZRMFJFZUM5clJqSnpPVXRPVEVSalJWYzNVVll2UlV0eE9GUkhUQ3Q0YnpsNlRXbENXVEo0YkZoTFdISkRUM0ZNUXpobVRsbGtSMmR5Y0ZZeFNtcGlXVnBJYjJKRFVFNXVSRmt5ZURReVdYWnVUV3BzTDNaRGR6UmhkRmxqTDJ4Q1FWcHVSVTlRVlRaT1dTOUljRGR5UlRCMWNWZDBaMDlET0haVUwyMHlUMloxUnpOb2NtZDBTa2R1TUhOdWFGTmhlVkY0Um01bGRXWjBWbEJoWkZaWU4xRXhSMXBZVEVaNGN5OTZjMDEwU1c5VVdqTnFSVk40VERVM1dWbFlLMVEwTkhWVUt6VlRUbWsxYUZoSlJVVXpPWGxhVldZMVVtWm9lVWgxVTFKckszbFhWM1JJVjNOR2FFdHNka3h0WTBOdmVHWkVNMHg1TlZocE5ua3ZZVmRLYTNocWNVVlRZMWRGWjNNdkx6VXZTakphU0VkTmRXTnlTREZuUVVodU1qVjFSbXBqVTI0MVdWTndSa2hzZFdKWVJHOU1hRTlhYzJzNVluTm5WVWwyU25adWFtTmtNMVZPY1dsV1lUWnlhMFJHYjAxbFpsUkJiMmd6Vkd3MFFsWlpja040VkhsMFJISlRNMGQ1V0dWSE1YUnFRa0V6VjJkWGRWUktVRVJ2TDFOUWJEZDNkRkJYYUhCME16VnNPR1JqVEVNNVR5dENiR05LTjJKS1l6Wm5WM3BOWm05Q1ltRjJNbkZvZEN0alpUWnFTV0Y2YnpkVVFqbGhSa3B5ZGtzeFFYaHdVRVl2TjB0bU9WTnFjSEZyUWtsQmFYTldjVlpMWjA5VGIzVlZVbHBKZG5CRlZDOUpjMGswWVdGeE9IQndSMjFIVWxOclJsUlNUMWRqSzFkdVVpOXJRVTF6WVc5V1pEbE1Obll5TTBOdGFFdDVWaTlaYW1SamJraERlamRpTkdvaUxDSmtZWFJoYTJWNUlqb2lRVkZGUWtGSWFETjZXVTlrZEhCQ1FsTldkeTlaTW1GdU9FSllTVVEwYTNkTVVXWnViMVJxTlhwM1duUkhTbHB2V2xGQlFVRklOSGRtUVZsS1MyOWFTV2gyWTA1QlVXTkhiMGM0ZDJKUlNVSkJSRUp2UW1kcmNXaHJhVWM1ZHpCQ1FuZEZkMGhuV1VwWlNWcEpRVmRWUkVKQlJYVk5Ra1ZGUkVKS1pFcG9ZbWRNU1c5SlMwa3JNbFIzU1VKRlNVRTNSR0pRWldORFpHMVdNVUZOVmtGUVlrTnhUV3BQTldVMlNIaGxVR0o1VmtWUFMycHVOMk5TU0d4WVprNVVkMWxSUVRSeE0yNVFSR0V5VjBOSmEweE5jR2xOUlhRNFZqaDBhamg2VUZKSFJUMGlMQ0oyWlhKemFXOXVJam9pTWlJc0luUjVjR1VpT2lKRVFWUkJYMHRGV1NJc0ltVjRjR2x5WVhScGIyNGlPakUzTURZeE16a3lOamg5",
            "expires_at": "2024-01-24T23:34:28Z",
            "id": "eu-central-1",
            "password": "eyJwYXlsb2FkIjoiem40YnJWdTFrbU5ZUFNFbTI2MXZiZEo4OW1DMGNVeVB6b3pETUVjUUo4UTZEZ2JNYjhtcW51K0ZWak9oOTZvQ2MzZU1VV3FCak5nSk82bVM3QXNhdEp5KzEzY3V2VGQxK3FxcGFYVEgzZHFLSkMxT1RmeDNMc1hFZllTV21UVUdib1NWcFFhZWNCeEhZNmdyc1NKcnpRZi95akVkY2xrK1FvQ2doU1ZZUGxBelc5a2xlT0NyT3drbzBubnN1WkpheGNoaFBKMElZUEZXdUNEY3RaaVpxWktsbC96UGNBSlpoSjZaUXhZUzhzVEJHeGYwaThvVmYzbjU0V0hyTTRKZVJ0MmdjdjFBaDlqUHphMDladUI0TW50eXh6eE1TajNvaFhvNndMM0xEYlQ3UjdCb1JlMWxld1BZRjFzeXJyUVlJV2RFOTJRZ000bUtkbWdvQ2JXdE1TeTZIdHNHNVkxMXAyUTcvbi9ORmwrNDdXSENpR2c4cHRRN3BiZDRHZFZBTmMxei8vdGhrbHdVNlJEK2Y4RWk2dmVlMW1HLzF3d2ZIczZqVjJNVHFPUEFWYkJBeUFmSzYrSkFabTZMWmdJdUw4Vm5sUTJEWXZab2F3bFRQY2lVNXNwOXU1M0g0M2RSUnVTR1V5MzVWZzJjL1FyL2duTFNiRUdYUU4yUXdTVjlPL0l2aWxObnUyM2hiR0t0M2U2dHdjVkNsakdtTlN3T1RYRFJJUXluSXlxaGNycW93ZzdjdWxHaUhYa01Rc1ZLSzFQaXdIbk44WVNCWnV5dzVNQ0dUVG90SjhvQ0REeC9rRjJzOUtOTERjRVc3UVYvRUtxOFRHTCt4bzl6TWlCWTJ4bFhLWHJDT3FMQzhmTllkR2dycFYxSmpiWVpIb2JDUE5uRFkyeDQyWXZuTWpsL3ZDdzRhdFljL2xCQVpuRU9QVTZOWS9IcDdyRTB1cVd0Z09DOHZUL20yT2Z1RzNocmd0SkduMHNuaFNheVF4Rm5ldWZ0VlBhZFZYN1ExR1pYTEZ4cy96c010SW9UWjNqRVN4TDU3WVlYK1Q0NHVUKzVTTmk1aFhJRUUzOXlaVWY1UmZoeUh1U1JrK3lXV3RIV3NGaEtsdkxtY0NveGZEM0x5NVhpNnkvYVdKa3hqcUVTY1dFZ3MvLzUvSjJaSEdNdWNySDFnQUhuMjV1RmpjU241WVNwRkhsdWJYRG9MaE9ac2s5YnNnVUl2SnZuamNkM1VOcWlWYTZya0RGb01lZlRBb2gzVGw0QlZZckN4VHl0RHJTM0d5WGVHMXRqQkEzV2dXdVRKUERvL1NQbDd3dFBXaHB0MzVsOGRjTEM5TytCbGNKN2JKYzZnV3pNZm9CYmF2MnFodCtjZTZqSWF6bzdUQjlhRkpydksxQXhwUEYvN0tmOVNqcHFrQklBaXNWcVZLZ09Tb3VVUlpJdnBFVC9Jc0k0YWFxOHBwR21HUlNrRlRST1djK1duUi9rQU1zYW9WZDlMNnYyM0NtaEt5Vi9ZamRjbkhDejdiNGoiLCJkYXRha2V5IjoiQVFFQkFIaDN6WU9kdHBCQlNWdy9ZMmFuOEJYSUQ0a3dMUWZub1RqNXp3WnRHSlpvWlFBQUFINHdmQVlKS29aSWh2Y05BUWNHb0c4d2JRSUJBREJvQmdrcWhraUc5dzBCQndFd0hnWUpZSVpJQVdVREJBRXVNQkVFREJKZEpoYmdMSW9JS0krMlR3SUJFSUE3RGJQZWNDZG1WMUFNVkFQYkNxTWpPNWU2SHhlUGJ5VkVPS2puN2NSSGxYZk5Ud1lRQTRxM25QRGEyV0NJa0xNcGlNRXQ4Vjh0ajh6UFJHRT0iLCJ2ZXJzaW9uIjoiMiIsInR5cGUiOiJEQVRBX0tFWSIsImV4cGlyYXRpb24iOjE3MDYxMzkyNjh9",
            "proxy_endpoint": "https://711348555690.dkr.ecr.eu-central-1.amazonaws.com",
            "registry_id": null,
            "user_name": "AWS"
          },
          "sensitive_attributes": []
        }
      ]
    },
    {
      "mode": "managed",
      "type": "aws_ecr_repository",
      "name": "BackRepo",
      "provider": "provider[\"registry.terraform.io/hashicorp/aws\"]",
      "instances": [
        {
          "schema_version": 0,
          "attributes": {
            "arn": "arn:aws:ecr:eu-central-1:711348555690:repository/back-repo",
            "encryption_configuration": [
              {
                "encryption_type": "AES256",
                "kms_key": ""
              }
            ],
            "force_delete": null,
            "id": "back-repo",
            "image_scanning_configuration": [
              {
                "scan_on_push": false
              }
            ],
            "image_tag_mutability": "MUTABLE",
            "name": "back-repo",
            "registry_id": "711348555690",
            "repository_url": "711348555690.dkr.ecr.eu-central-1.amazonaws.com/back-repo",
            "tags": {},
            "tags_all": {},
            "timeouts": null
          },
          "sensitive_attributes": [],
          "private": "eyJlMmJmYjczMC1lY2FhLTExZTYtOGY4OC0zNDM2M2JjN2M0YzAiOnsiZGVsZXRlIjoxMjAwMDAwMDAwMDAwfX0="
        }
      ]
    },
    {
      "mode": "managed",
      "type": "aws_ecr_repository",
      "name": "FrontRepo",
      "provider": "provider[\"registry.terraform.io/hashicorp/aws\"]",
      "instances": [
        {
          "schema_version": 0,
          "attributes": {
            "arn": "arn:aws:ecr:eu-central-1:711348555690:repository/front-repo",
            "encryption_configuration": [
              {
                "encryption_type": "AES256",
                "kms_key": ""
              }
            ],
            "force_delete": null,
            "id": "front-repo",
            "image_scanning_configuration": [
              {
                "scan_on_push": false
              }
            ],
            "image_tag_mutability": "MUTABLE",
            "name": "front-repo",
            "registry_id": "711348555690",
            "repository_url": "711348555690.dkr.ecr.eu-central-1.amazonaws.com/front-repo",
            "tags": {},
            "tags_all": {},
            "timeouts": null
          },
          "sensitive_attributes": [],
          "private": "eyJlMmJmYjczMC1lY2FhLTExZTYtOGY4OC0zNDM2M2JjN2M0YzAiOnsiZGVsZXRlIjoxMjAwMDAwMDAwMDAwfX0="
        }
      ]
    },
    {
      "mode": "managed",
      "type": "aws_iam_role",
      "name": "LambdaRole",
      "provider": "provider[\"registry.terraform.io/hashicorp/aws\"]",
      "instances": [
        {
          "schema_version": 0,
          "attributes": {
            "arn": "arn:aws:iam::711348555690:role/lambda-role",
            "assume_role_policy": "{\"Statement\":[{\"Action\":\"sts:AssumeRole\",\"Effect\":\"Allow\",\"Principal\":{\"Service\":\"lambda.amazonaws.com\"}}],\"Version\":\"2012-10-17\"}",
            "create_date": "2024-01-24T09:19:00Z",
            "description": "",
            "force_detach_policies": false,
            "id": "lambda-role",
            "inline_policy": [],
            "managed_policy_arns": [
              "arn:aws:iam::aws:policy/service-role/AWSLambdaBasicExecutionRole"
            ],
            "max_session_duration": 3600,
            "name": "lambda-role",
            "name_prefix": "",
            "path": "/",
            "permissions_boundary": "",
            "tags": {},
            "tags_all": {},
            "unique_id": "AROA2LH5NR6VHPN5QYHTG"
          },
          "sensitive_attributes": [],
          "private": "bnVsbA=="
        }
      ]
    },
    {
      "mode": "managed",
      "type": "aws_iam_role_policy_attachment",
      "name": "LambdaExecPolicyAttachment",
      "provider": "provider[\"registry.terraform.io/hashicorp/aws\"]",
      "instances": [
        {
          "schema_version": 0,
          "attributes": {
            "id": "lambda-role-20240124091902102000000001",
            "policy_arn": "arn:aws:iam::aws:policy/service-role/AWSLambdaBasicExecutionRole",
            "role": "lambda-role"
          },
          "sensitive_attributes": [],
          "private": "bnVsbA==",
          "dependencies": [
            "aws_iam_role.LambdaRole"
          ]
        }
      ]
    },
    {
      "mode": "managed",
      "type": "aws_lambda_function",
      "name": "BackLambda",
      "provider": "provider[\"registry.terraform.io/hashicorp/aws\"]",
      "instances": [
        {
          "schema_version": 0,
          "attributes": {
            "architectures": [
              "arm64"
            ],
            "arn": "arn:aws:lambda:eu-central-1:711348555690:function:back-lambda",
            "code_signing_config_arn": "",
            "dead_letter_config": [],
            "description": "",
            "environment": [],
            "ephemeral_storage": [
              {
                "size": 512
              }
            ],
            "file_system_config": [],
            "filename": null,
            "function_name": "back-lambda",
            "handler": "",
            "id": "back-lambda",
            "image_config": [],
            "image_uri": "711348555690.dkr.ecr.eu-central-1.amazonaws.com/back-repo:latest",
            "invoke_arn": "arn:aws:apigateway:eu-central-1:lambda:path/2015-03-31/functions/arn:aws:lambda:eu-central-1:711348555690:function:back-lambda/invocations",
            "kms_key_arn": "",
            "last_modified": "2024-01-24T11:35:03.000+0000",
            "layers": [],
            "logging_config": [
              {
                "application_log_level": "INFO",
                "log_format": "JSON",
                "log_group": "/aws/lambda/back-lambda",
                "system_log_level": "INFO"
              }
            ],
            "memory_size": 1792,
            "package_type": "Image",
            "publish": false,
            "qualified_arn": "arn:aws:lambda:eu-central-1:711348555690:function:back-lambda:$LATEST",
            "qualified_invoke_arn": "arn:aws:apigateway:eu-central-1:lambda:path/2015-03-31/functions/arn:aws:lambda:eu-central-1:711348555690:function:back-lambda:$LATEST/invocations",
            "replace_security_groups_on_destroy": null,
            "replacement_security_group_ids": null,
            "reserved_concurrent_executions": -1,
            "role": "arn:aws:iam::711348555690:role/lambda-role",
            "runtime": "",
            "s3_bucket": null,
            "s3_key": null,
            "s3_object_version": null,
            "signing_job_arn": "",
            "signing_profile_version_arn": "",
            "skip_destroy": false,
            "snap_start": [],
            "source_code_hash": "f25f0bdc6c7a8384ed41a937fe83ae0acad48764319bec4771ef61a3f8ab4841",
            "source_code_size": 0,
            "tags": {},
            "tags_all": {},
            "timeout": 5,
            "timeouts": null,
            "tracing_config": [
              {
                "mode": "PassThrough"
              }
            ],
            "version": "$LATEST",
            "vpc_config": []
          },
          "sensitive_attributes": [],
          "private": "eyJlMmJmYjczMC1lY2FhLTExZTYtOGY4OC0zNDM2M2JjN2M0YzAiOnsiY3JlYXRlIjo2MDAwMDAwMDAwMDAsImRlbGV0ZSI6NjAwMDAwMDAwMDAwLCJ1cGRhdGUiOjYwMDAwMDAwMDAwMH19",
          "dependencies": [
            "aws_ecr_repository.BackRepo",
            "aws_iam_role.LambdaRole",
            "data.aws_ecr_authorization_token.token",
            "docker_image.BackImage"
          ]
        }
      ]
    },
    {
      "mode": "managed",
      "type": "aws_lambda_function_url",
      "name": "BackLambdaUrl",
      "provider": "provider[\"registry.terraform.io/hashicorp/aws\"]",
      "instances": [
        {
          "schema_version": 0,
          "attributes": {
            "authorization_type": "NONE",
            "cors": [],
            "function_arn": "arn:aws:lambda:eu-central-1:711348555690:function:back-lambda",
            "function_name": "back-lambda",
            "function_url": "https://bxhne6uumeuxjabn5oo4bpp4ty0jkcfg.lambda-url.eu-central-1.on.aws/",
            "id": "back-lambda",
            "invoke_mode": "BUFFERED",
            "qualifier": "",
            "timeouts": null,
            "url_id": "bxhne6uumeuxjabn5oo4bpp4ty0jkcfg"
          },
          "sensitive_attributes": [],
          "private": "eyJlMmJmYjczMC1lY2FhLTExZTYtOGY4OC0zNDM2M2JjN2M0YzAiOnsiY3JlYXRlIjo2MDAwMDAwMDAwMDB9fQ==",
          "dependencies": [
            "aws_ecr_repository.BackRepo",
            "aws_iam_role.LambdaRole",
            "aws_lambda_function.BackLambda",
            "data.aws_ecr_authorization_token.token",
            "docker_image.BackImage"
          ]
        }
      ]
    },
    {
      "mode": "managed",
      "type": "docker_image",
      "name": "BackImage",
      "provider": "provider[\"registry.terraform.io/kreuzwerker/docker\"]",
      "instances": [
        {
          "schema_version": 0,
          "attributes": {
            "build": [
              {
                "auth_config": [],
                "build_arg": null,
                "build_args": null,
                "build_id": "",
                "cache_from": [],
                "cgroup_parent": "",
                "context": "/home/user/github/cdktf-project/src/back",
                "cpu_period": null,
                "cpu_quota": null,
                "cpu_set_cpus": "",
                "cpu_set_mems": "",
                "cpu_shares": null,
                "dockerfile": "Dockerfile",
                "extra_hosts": [],
                "force_remove": null,
                "isolation": "",
                "label": null,
                "labels": null,
                "memory": null,
                "memory_swap": null,
                "network_mode": "",
                "no_cache": null,
                "platform": "",
                "pull_parent": null,
                "remote_context": "",
                "remove": true,
                "security_opt": [],
                "session_id": "",
                "shm_size": null,
                "squash": null,
                "suppress_output": null,
                "tag": [],
                "target": "",
                "ulimit": [],
                "version": ""
              }
            ],
            "force_remove": null,
            "id": "sha256:e51d39e084f4ad8c3026d0eb91d0ba4c5556c5dba389125ef941a0c84f9e5054711348555690.dkr.ecr.eu-central-1.amazonaws.com/back-repo:latest",
            "image_id": "sha256:e51d39e084f4ad8c3026d0eb91d0ba4c5556c5dba389125ef941a0c84f9e5054",
            "keep_locally": null,
            "name": "711348555690.dkr.ecr.eu-central-1.amazonaws.com/back-repo:latest",
            "platform": "linux/arm64",
            "pull_triggers": null,
            "repo_digest": "",
            "triggers": null
          },
          "sensitive_attributes": [],
          "private": "bnVsbA==",
          "dependencies": [
            "aws_ecr_repository.BackRepo",
            "data.aws_ecr_authorization_token.token"
          ]
        }
      ]
    },
    {
      "mode": "managed",
      "type": "docker_image",
      "name": "FrontImage",
      "provider": "provider[\"registry.terraform.io/kreuzwerker/docker\"]",
      "instances": [
        {
          "schema_version": 0,
          "attributes": {
            "build": [
              {
                "auth_config": [],
                "build_arg": {},
                "build_args": {},
                "build_id": "",
                "cache_from": [],
                "cgroup_parent": "",
                "context": "/home/user/github/cdktf-project/src/front",
                "cpu_period": 0,
                "cpu_quota": 0,
                "cpu_set_cpus": "",
                "cpu_set_mems": "",
                "cpu_shares": 0,
                "dockerfile": "Dockerfile",
                "extra_hosts": [],
                "force_remove": false,
                "isolation": "",
                "label": {},
                "labels": {},
                "memory": 0,
                "memory_swap": 0,
                "network_mode": "",
                "no_cache": false,
                "platform": "",
                "pull_parent": false,
                "remote_context": "",
                "remove": true,
                "security_opt": [],
                "session_id": "",
                "shm_size": 0,
                "squash": false,
                "suppress_output": false,
                "tag": [],
                "target": "",
                "ulimit": [],
                "version": ""
              }
            ],
            "force_remove": null,
            "id": "sha256:c78d471df96f5bf0d4538c961fbbf07e1f790f0d2c2dc8feae2d573d7c44e883711348555690.dkr.ecr.eu-central-1.amazonaws.com/front-repo",
            "image_id": "sha256:c78d471df96f5bf0d4538c961fbbf07e1f790f0d2c2dc8feae2d573d7c44e883",
            "keep_locally": null,
            "name": "711348555690.dkr.ecr.eu-central-1.amazonaws.com/front-repo",
            "platform": "linux/arm64",
            "pull_triggers": null,
            "repo_digest": "711348555690.dkr.ecr.eu-central-1.amazonaws.com/front-repo@sha256:b30c3a220dee33d6bd87ded8c742b08dd68a7f738791ad589dc6f45c71dfd428",
            "triggers": null
          },
          "sensitive_attributes": [],
          "private": "bnVsbA==",
          "dependencies": [
            "aws_ecr_repository.FrontRepo",
            "data.aws_ecr_authorization_token.token"
          ]
        }
      ]
    },
    {
      "mode": "managed",
      "type": "docker_registry_image",
      "name": "BackUpload",
      "provider": "provider[\"registry.terraform.io/kreuzwerker/docker\"]",
      "instances": [
        {
          "schema_version": 0,
          "attributes": {
            "id": "sha256:0a04aa3f718afb932eceb2bf010d1c599d547e5ca8fb63bdb31f025c9b9500c0",
            "insecure_skip_verify": false,
            "keep_remotely": false,
            "name": "711348555690.dkr.ecr.eu-central-1.amazonaws.com/back-repo:latest",
            "sha256_digest": "sha256:0a04aa3f718afb932eceb2bf010d1c599d547e5ca8fb63bdb31f025c9b9500c0",
            "triggers": null
          },
          "sensitive_attributes": [],
          "private": "bnVsbA==",
          "dependencies": [
            "aws_ecr_repository.BackRepo",
            "data.aws_ecr_authorization_token.token",
            "docker_image.BackImage"
          ]
        }
      ]
    },
    {
      "mode": "managed",
      "type": "docker_registry_image",
      "name": "FrontUpload",
      "provider": "provider[\"registry.terraform.io/kreuzwerker/docker\"]",
      "instances": [
        {
          "schema_version": 0,
          "attributes": {
            "id": "sha256:b30c3a220dee33d6bd87ded8c742b08dd68a7f738791ad589dc6f45c71dfd428",
            "insecure_skip_verify": false,
            "keep_remotely": false,
            "name": "711348555690.dkr.ecr.eu-central-1.amazonaws.com/front-repo",
            "sha256_digest": "sha256:b30c3a220dee33d6bd87ded8c742b08dd68a7f738791ad589dc6f45c71dfd428",
            "triggers": null
          },
          "sensitive_attributes": [],
          "private": "bnVsbA==",
          "dependencies": [
            "aws_ecr_repository.FrontRepo",
            "data.aws_ecr_authorization_token.token",
            "docker_image.FrontImage"
          ]
        }
      ]
    }
  ],
  "check_results": null
}
