{
  "version": 4,
  "terraform_version": "1.7.1",
  "serial": 958,
  "lineage": "a595879c-8348-d326-a097-97e4ec7507b9",
  "outputs": {},
  "resources": [
    {
      "mode": "data",
      "type": "aws_ecr_authorization_token",
      "name": "token",
      "provider": "provider[\"registry.terraform.io/hashicorp/aws\"]",
      "instances": [
        {
          "schema_version": 0,
          "attributes": {
            "authorization_token": "QVdTOmV5SndZWGxzYjJGa0lqb2lkMjR5VGpOc2NWQXhSVVV4ZFRKa2JtRnlMMlJPVFdSclZYRlFkU3MyVm5WWlZFcDZiazhyUmtOU1RrMXdLMmhwYnprMFlrbHlXVVJxUzNKNFFVVXhNbUZsZGtOWE0xWkpjMk5sZFN0d04zUmhjblZGUlRGYWNGSmhla1ZQTVVkUlVFRmpRMFJFV0cxdWNGQk1SRGhVVFU1WEsybzRVelZMVm5Kek9HdzJSVk5LVG1SUlEzQkROa1Y1TWs1SE5rSnpjbWx1Y1U1RlVYZFdSVWxEYTNOQ1UzUTJUVlkwZVdaYWJWSjZZMWhvY1ZSYWVsSTJlVTAxY0RkV2RETXZlVFpQWWsxS1VuZFhXalUzUlhJdlp6TlRUM2syYm5obGFVY3ZPV1pIZVZrelZscHZVWEozZUZKMWF6aEVZVTVVSzNkWFpFTXlZamhsTjFWSmQyVTFPSGhTVmxaMGVqRlBhVzVSWldwb09XSXdXamh5TTFwNVluaHVSREFyVVM5M2JXMVhOelpMZW1sMk5rSktRV0ZYV1cxQmRucFBSRWRXVVU1WVMyeDRUalJMTWxvMk0yVmFiMWxpWWt0d2VubG1hR1k0UzNZNFVFUk5lVFF2ZUVWMWR6ZEpkVUlyZDJ0TGMzazJSV1JuYzJGWGFYSldSRmd2TkN0aWMzWmFabXRIZW1Sd1FsWnhRVkJVT0ZJclMyMVFObXhMTkhsek4wcFlaMVp1YzBKV2VrcDNja0o2UWxaTGNEazROSFY1TjBaU1dFNWFkVGRSV0ZwWE4wcGhObmh1TkZCYVoxbHJiM05TVXpacU5HMXVhRTFIU21WeGJVWnVSMjlZWlc1SmRWQkVPR1l6Ymtzd2VXVkxjM0ZGZVVaVFJEZDZOMWxVV0doNEwxQnBSMmxxV1VKUWN6bHFhMlY0TW1WTFFsSjZPRmRxYVU0M2RuTk5NR2R4WlZOSloyUkhkamRRYnpkNldHSjRiMWx6TW5SS01WSkpNQ3R3Y0RSaWVFOHJkV2xYVlZab1EwcDZjMFJNY1daNGVEaEVVVFJZTVZKbFpqbHlRbGM0Vm1GMUt6ZzRhbFkwU1haemRWcHJXWGRNYlhKbVUyOVBla1U0TldnemVFNXFOR0pTVUN0WVdIbGpUVzFLVURGQ1NUQjROR2RYY0doUlJuZGhTVU5OVWxvclZ6WmtUVnBZZDNwbk1rNU1aWGQxZGxJNVYxVmpaV2g0WmxvNGRHdFRPRFV6T1ZVelJrdzBXSGxaVG5SMVkzUnZTVmhNYWxGNlJTdFFVMjFqY1hKaWVHSmFSMEZJUTBsSFRFTTJOU3RhYUdVckszbG9iM2RFYVhkYWJrVXpjbEkwTDB4YWF6VTRaRU5VTVhGcldEZFZhalIxWjIwNU56bFJOVko1Ylc1TVpFNHJkMjl0ZEdsVk1UQk9abll6V0hFclYxRXpjVGRtWlU5SVltWmlURmxWV1ZwbloxbEhTQ3ROTWxKUGQzQXpNbWd6ZGtzck4yZFJkVzU0Tkhkd1puVkdVR1ZKU205blRHSjVSbmhETDJKbFpVcEhla2RyYjFJeE5qQnZTRUZpZG1GMGQzQkNVa1JKTlhCdldsVkdVbEZQZVU1eU5qVlFWamxMYURORU1tZFFaV3cxZGlzMFVqUm1iSGhCWnpGUGFqUm9hMDVuU1VRMU1reDFTMUZUU1dSYVpWTlVXV2RZYjJkQ1ZVdFhhazF0Y0ROMVFuVTJjakp0VlU1VVJEQnpiMEpRVTBoT1F6aDZUSGhGVEVoTVdXeFViWEpZY2xKbU1uZElSazlMZFZsSlRHZEliSGR0U21aUWVTc3lWMmR4ZG5KalIwZENjRUZvY1VKclpHZGlOa2MxVG5oc1IwMHlXVEkxWVRFclUxY3lZa2hLYVUxVWNFbG1ReXMyY0hCNmVVMUhWbFZEZGtjNVJHeG5UVFJyVVZsTlVHRmFhR28wVm1KUFFrWmhiRkZUTmt4bmFuUmxVMFZNTUdSb1dWUklVRGhRTldKeFpYVnNSVGROTlN0SE5HbHNkMVZEWjIwaUxDSmtZWFJoYTJWNUlqb2lRVkZGUWtGSWFETjZXVTlrZEhCQ1FsTldkeTlaTW1GdU9FSllTVVEwYTNkTVVXWnViMVJxTlhwM1duUkhTbHB2V2xGQlFVRklOSGRtUVZsS1MyOWFTV2gyWTA1QlVXTkhiMGM0ZDJKUlNVSkJSRUp2UW1kcmNXaHJhVWM1ZHpCQ1FuZEZkMGhuV1VwWlNWcEpRVmRWUkVKQlJYVk5Ra1ZGUkVSa1NrdExaR3BJU2tKQ1VsSlplVTEzU1VKRlNVRTNjMWRUY1RGcFNqSkRZbVZXYWxFNFMwSk9SRmxwZUdJMGRXZEZjRE5EVEdKUmNsazNZVU5EVWpKdk5EbEpkRzVDV0U1NWVtVnNSMVV5WlhWRFNtWkZUV2RNZVRaRVJteGxkVlZYUms5VlRUMGlMQ0oyWlhKemFXOXVJam9pTWlJc0luUjVjR1VpT2lKRVFWUkJYMHRGV1NJc0ltVjRjR2x5WVhScGIyNGlPakUzTURZNE5qWTJORE45",
            "expires_at": "2024-02-02T09:37:23Z",
            "id": "eu-central-1",
            "password": "eyJwYXlsb2FkIjoid24yTjNscVAxRUUxdTJkbmFyL2ROTWRrVXFQdSs2VnVZVEp6bk8rRkNSTk1wK2hpbzk0YklyWURqS3J4QUUxMmFldkNXM1ZJc2NldStwN3RhcnVFRTFacFJhekVPMUdRUEFjQ0REWG1ucFBMRDhUTU5XK2o4UzVLVnJzOGw2RVNKTmRRQ3BDNkV5Mk5HNkJzcmlucU5FUXdWRUlDa3NCU3Q2TVY0eWZabVJ6Y1hocVRaelI2eU01cDdWdDMveTZPYk1KUndXWjU3RXIvZzNTT3k2bnhlaUcvOWZHeVkzVlpvUXJ3eFJ1azhEYU5UK3dXZEMyYjhlN1VJd2U1OHhSVlZ0ejFPaW5RZWpoOWIwWjhyM1p5YnhuRDArUS93bW1XNzZLeml2NkJKQWFXWW1BdnpPREdWUU5YS2x4TjRLMlo2M2Vab1liYktwenlmaGY4S3Y4UERNeTQveEV1dzdJdUIrd2tLc3k2RWRnc2FXaXJWRFgvNCtic3ZaZmtHemRwQlZxQVBUOFIrS21QNmxLNHlzN0pYZ1Zuc0JWekp3ckJ6QlZLcDk4NHV5N0ZSWE5adTdRWFpXN0phNnhuNFBaZ1lrb3NSUzZqNG1uaE1HSmVxbUZuR29YZW5JdVBEOGYzbksweWVLc3FFeUZTRDd6N1lUWGh4L1BpR2lqWUJQczlqa2V4MmVLQlJ6OFdqaU43dnNNMGdxZVNJZ2RHdjdQbzd6WGJ4b1lzMnRKMVJJMCtwcDRieE8rdWlXVVZoQ0p6c0RMcWZ4eDhEUTRYMVJlZjlyQlc4VmF1Kzg4alY0SXZzdVprWXdMbXJmU29PekU4NWgzeE5qNGJSUCtYWHljTW1KUDFCSTB4NGdXcGhRRndhSUNNUlorVzZkTVpYd3pnMk5MZXd1dlI5V1VjZWh4Zlo4dGtTODUzOVUzRkw0WHlZTnR1Y3RvSVhMalF6RStQU21jcXJieGJaR0FIQ0lHTEM2NStaaGUrK3lob3dEaXdabkUzclI0L0xaazU4ZENUMXFrWDdVajR1Z205NzlRNVJ5bW5MZE4rd29tdGlVMTBOZnYzWHErV1EzcTdmZU9IYmZiTFlVWVpnZ1lHSCtNMlJPd3AzMmgzdksrN2dRdW54NHdwZnVGUGVJSm9nTGJ5RnhDL2JlZUpHekdrb1IxNjBvSEFidmF0d3BCUkRJNXBvWlVGUlFPeU5yNjVQVjlLaDNEMmdQZWw1dis0UjRmbHhBZzFPajRoa05nSUQ1Mkx1S1FTSWRaZVNUWWdYb2dCVUtXak1tcDN1QnU2cjJtVU5URDBzb0JQU0hOQzh6THhFTEhMWWxUbXJYclJmMndIRk9LdVlJTGdIbHdtSmZQeSsyV2dxdnJjR0dCcEFocUJrZGdiNkc1TnhsR00yWTI1YTErU1cyYkhKaU1UcElmQys2cHB6eU1HVlVDdkc5RGxnTTRrUVlNUGFaaGo0VmJPQkZhbFFTNkxnanRlU0VMMGRoWVRIUDhQNWJxZXVsRTdNNStHNGlsd1VDZ20iLCJkYXRha2V5IjoiQVFFQkFIaDN6WU9kdHBCQlNWdy9ZMmFuOEJYSUQ0a3dMUWZub1RqNXp3WnRHSlpvWlFBQUFINHdmQVlKS29aSWh2Y05BUWNHb0c4d2JRSUJBREJvQmdrcWhraUc5dzBCQndFd0hnWUpZSVpJQVdVREJBRXVNQkVFRERkSktLZGpISkJCUlJZeU13SUJFSUE3c1dTcTFpSjJDYmVWalE4S0JORFlpeGI0dWdFcDNDTGJRclk3YUNDUjJvNDlJdG5CWE55emVsR1UyZXVDSmZFTWdMeTZERmxldVVXRk9VTT0iLCJ2ZXJzaW9uIjoiMiIsInR5cGUiOiJEQVRBX0tFWSIsImV4cGlyYXRpb24iOjE3MDY4NjY2NDN9",
            "proxy_endpoint": "https://711348555690.dkr.ecr.eu-central-1.amazonaws.com",
            "registry_id": null,
            "user_name": "AWS"
          },
          "sensitive_attributes": []
        }
      ]
    },
    {
      "mode": "managed",
      "type": "aws_ecr_repository",
      "name": "BackRepo",
      "provider": "provider[\"registry.terraform.io/hashicorp/aws\"]",
      "instances": [
        {
          "schema_version": 0,
          "attributes": {
            "arn": "arn:aws:ecr:eu-central-1:711348555690:repository/back-repo",
            "encryption_configuration": [
              {
                "encryption_type": "AES256",
                "kms_key": ""
              }
            ],
            "force_delete": null,
            "id": "back-repo",
            "image_scanning_configuration": [
              {
                "scan_on_push": false
              }
            ],
            "image_tag_mutability": "MUTABLE",
            "name": "back-repo",
            "registry_id": "711348555690",
            "repository_url": "711348555690.dkr.ecr.eu-central-1.amazonaws.com/back-repo",
            "tags": null,
            "tags_all": {},
            "timeouts": null
          },
          "sensitive_attributes": [],
          "private": "eyJlMmJmYjczMC1lY2FhLTExZTYtOGY4OC0zNDM2M2JjN2M0YzAiOnsiZGVsZXRlIjoxMjAwMDAwMDAwMDAwfX0="
        }
      ]
    },
    {
      "mode": "managed",
      "type": "aws_ecr_repository",
      "name": "FrontRepo",
      "provider": "provider[\"registry.terraform.io/hashicorp/aws\"]",
      "instances": [
        {
          "schema_version": 0,
          "attributes": {
            "arn": "arn:aws:ecr:eu-central-1:711348555690:repository/front-repo",
            "encryption_configuration": [
              {
                "encryption_type": "AES256",
                "kms_key": ""
              }
            ],
            "force_delete": null,
            "id": "front-repo",
            "image_scanning_configuration": [
              {
                "scan_on_push": false
              }
            ],
            "image_tag_mutability": "MUTABLE",
            "name": "front-repo",
            "registry_id": "711348555690",
            "repository_url": "711348555690.dkr.ecr.eu-central-1.amazonaws.com/front-repo",
            "tags": null,
            "tags_all": {},
            "timeouts": null
          },
          "sensitive_attributes": [],
          "private": "eyJlMmJmYjczMC1lY2FhLTExZTYtOGY4OC0zNDM2M2JjN2M0YzAiOnsiZGVsZXRlIjoxMjAwMDAwMDAwMDAwfX0="
        }
      ]
    },
    {
      "mode": "managed",
      "type": "aws_iam_role",
      "name": "LambdaRole",
      "provider": "provider[\"registry.terraform.io/hashicorp/aws\"]",
      "instances": [
        {
          "schema_version": 0,
          "attributes": {
            "arn": "arn:aws:iam::711348555690:role/lambda-role",
            "assume_role_policy": "{\"Statement\":[{\"Action\":\"sts:AssumeRole\",\"Effect\":\"Allow\",\"Principal\":{\"Service\":\"lambda.amazonaws.com\"}}],\"Version\":\"2012-10-17\"}",
            "create_date": "2024-02-01T21:37:24Z",
            "description": "",
            "force_detach_policies": false,
            "id": "lambda-role",
            "inline_policy": [],
            "managed_policy_arns": [],
            "max_session_duration": 3600,
            "name": "lambda-role",
            "name_prefix": "",
            "path": "/",
            "permissions_boundary": "",
            "tags": null,
            "tags_all": {},
            "unique_id": "AROA2LH5NR6VDNIZMDD6N"
          },
          "sensitive_attributes": [],
          "private": "bnVsbA=="
        }
      ]
    },
    {
      "mode": "managed",
      "type": "aws_iam_role_policy_attachment",
      "name": "LambdaExecPolicyAttachment",
      "provider": "provider[\"registry.terraform.io/hashicorp/aws\"]",
      "instances": [
        {
          "schema_version": 0,
          "attributes": {
            "id": "lambda-role-20240201213724859700000001",
            "policy_arn": "arn:aws:iam::aws:policy/service-role/AWSLambdaBasicExecutionRole",
            "role": "lambda-role"
          },
          "sensitive_attributes": [],
          "private": "bnVsbA==",
          "dependencies": [
            "aws_iam_role.LambdaRole"
          ]
        }
      ]
    },
    {
      "mode": "managed",
      "type": "aws_lambda_function",
      "name": "BackLambda",
      "provider": "provider[\"registry.terraform.io/hashicorp/aws\"]",
      "instances": [
        {
          "schema_version": 0,
          "attributes": {
            "architectures": [
              "arm64"
            ],
            "arn": "arn:aws:lambda:eu-central-1:711348555690:function:back-lambda",
            "code_signing_config_arn": "",
            "dead_letter_config": [],
            "description": "",
            "environment": [
              {
                "variables": {
                  "HOME": "/tmp",
                  "REDIS_SERVER": "default:0448efbd82794a06ae1e45d5384753c1@eu2-busy-mudfish-32665.upstash.io:32665"
                }
              }
            ],
            "ephemeral_storage": [
              {
                "size": 512
              }
            ],
            "file_system_config": [],
            "filename": null,
            "function_name": "back-lambda",
            "handler": "",
            "id": "back-lambda",
            "image_config": [],
            "image_uri": "711348555690.dkr.ecr.eu-central-1.amazonaws.com/back-repo@sha256:27885994b2b1f05993ab8ccd268d91aed5cd8d46563abf31440c0a0cbecbdb0e",
            "invoke_arn": "arn:aws:apigateway:eu-central-1:lambda:path/2015-03-31/functions/arn:aws:lambda:eu-central-1:711348555690:function:back-lambda/invocations",
            "kms_key_arn": "",
            "last_modified": "2024-02-01T21:38:59.669+0000",
            "layers": null,
            "logging_config": [
              {
                "application_log_level": "INFO",
                "log_format": "JSON",
                "log_group": "/aws/lambda/back-lambda",
                "system_log_level": "INFO"
              }
            ],
            "memory_size": 1792,
            "package_type": "Image",
            "publish": false,
            "qualified_arn": "arn:aws:lambda:eu-central-1:711348555690:function:back-lambda:$LATEST",
            "qualified_invoke_arn": "arn:aws:apigateway:eu-central-1:lambda:path/2015-03-31/functions/arn:aws:lambda:eu-central-1:711348555690:function:back-lambda:$LATEST/invocations",
            "replace_security_groups_on_destroy": null,
            "replacement_security_group_ids": null,
            "reserved_concurrent_executions": -1,
            "role": "arn:aws:iam::711348555690:role/lambda-role",
            "runtime": "",
            "s3_bucket": null,
            "s3_key": null,
            "s3_object_version": null,
            "signing_job_arn": "",
            "signing_profile_version_arn": "",
            "skip_destroy": false,
            "snap_start": [],
            "source_code_hash": "27885994b2b1f05993ab8ccd268d91aed5cd8d46563abf31440c0a0cbecbdb0e",
            "source_code_size": 0,
            "tags": null,
            "tags_all": {},
            "timeout": 5,
            "timeouts": null,
            "tracing_config": [
              {
                "mode": "PassThrough"
              }
            ],
            "version": "$LATEST",
            "vpc_config": []
          },
          "sensitive_attributes": [],
          "private": "eyJlMmJmYjczMC1lY2FhLTExZTYtOGY4OC0zNDM2M2JjN2M0YzAiOnsiY3JlYXRlIjo2MDAwMDAwMDAwMDAsImRlbGV0ZSI6NjAwMDAwMDAwMDAwLCJ1cGRhdGUiOjYwMDAwMDAwMDAwMH19",
          "dependencies": [
            "aws_ecr_repository.BackRepo",
            "aws_iam_role.LambdaRole",
            "data.aws_ecr_authorization_token.token",
            "docker_image.BackImage",
            "docker_registry_image.BackEcrImage"
          ]
        }
      ]
    },
    {
      "mode": "managed",
      "type": "aws_lambda_function",
      "name": "FrontLambda",
      "provider": "provider[\"registry.terraform.io/hashicorp/aws\"]",
      "instances": [
        {
          "schema_version": 0,
          "attributes": {
            "architectures": [
              "x86_64"
            ],
            "arn": "arn:aws:lambda:eu-central-1:711348555690:function:front-lambda",
            "code_signing_config_arn": "",
            "dead_letter_config": [],
            "description": "",
            "environment": [
              {
                "variables": {
                  "BACKEND_API_URL": "https://6t4yszvc5nz2wg5fkjsrqoupwq0xqvfj.lambda-url.eu-central-1.on.aws/",
                  "CLIENT_API_URL": "https://6t4yszvc5nz2wg5fkjsrqoupwq0xqvfj.lambda-url.eu-central-1.on.aws/",
                  "HOME": "/tmp"
                }
              }
            ],
            "ephemeral_storage": [
              {
                "size": 512
              }
            ],
            "file_system_config": [],
            "filename": null,
            "function_name": "front-lambda",
            "handler": "",
            "id": "front-lambda",
            "image_config": [],
            "image_uri": "711348555690.dkr.ecr.eu-central-1.amazonaws.com/front-repo@sha256:416ca44205a793f172f293557f872c1aaaab397b165bfaa297cd0ede38604b02",
            "invoke_arn": "arn:aws:apigateway:eu-central-1:lambda:path/2015-03-31/functions/arn:aws:lambda:eu-central-1:711348555690:function:front-lambda/invocations",
            "kms_key_arn": "",
            "last_modified": "2024-02-01T21:39:12.745+0000",
            "layers": null,
            "logging_config": [
              {
                "application_log_level": "INFO",
                "log_format": "JSON",
                "log_group": "/aws/lambda/front-lambda",
                "system_log_level": "INFO"
              }
            ],
            "memory_size": 1792,
            "package_type": "Image",
            "publish": false,
            "qualified_arn": "arn:aws:lambda:eu-central-1:711348555690:function:front-lambda:$LATEST",
            "qualified_invoke_arn": "arn:aws:apigateway:eu-central-1:lambda:path/2015-03-31/functions/arn:aws:lambda:eu-central-1:711348555690:function:front-lambda:$LATEST/invocations",
            "replace_security_groups_on_destroy": null,
            "replacement_security_group_ids": null,
            "reserved_concurrent_executions": -1,
            "role": "arn:aws:iam::711348555690:role/lambda-role",
            "runtime": "",
            "s3_bucket": null,
            "s3_key": null,
            "s3_object_version": null,
            "signing_job_arn": "",
            "signing_profile_version_arn": "",
            "skip_destroy": false,
            "snap_start": [],
            "source_code_hash": "416ca44205a793f172f293557f872c1aaaab397b165bfaa297cd0ede38604b02",
            "source_code_size": 0,
            "tags": null,
            "tags_all": {},
            "timeout": 5,
            "timeouts": null,
            "tracing_config": [
              {
                "mode": "PassThrough"
              }
            ],
            "version": "$LATEST",
            "vpc_config": []
          },
          "sensitive_attributes": [],
          "private": "eyJlMmJmYjczMC1lY2FhLTExZTYtOGY4OC0zNDM2M2JjN2M0YzAiOnsiY3JlYXRlIjo2MDAwMDAwMDAwMDAsImRlbGV0ZSI6NjAwMDAwMDAwMDAwLCJ1cGRhdGUiOjYwMDAwMDAwMDAwMH19",
          "dependencies": [
            "aws_ecr_repository.BackRepo",
            "aws_ecr_repository.FrontRepo",
            "aws_iam_role.LambdaRole",
            "aws_lambda_function.BackLambda",
            "aws_lambda_function_url.BackLambdaUrl",
            "data.aws_ecr_authorization_token.token",
            "docker_image.BackImage",
            "docker_image.FrontImage",
            "docker_registry_image.BackEcrImage",
            "docker_registry_image.FrontEcrImage"
          ]
        }
      ]
    },
    {
      "mode": "managed",
      "type": "aws_lambda_function_url",
      "name": "BackLambdaUrl",
      "provider": "provider[\"registry.terraform.io/hashicorp/aws\"]",
      "instances": [
        {
          "schema_version": 0,
          "attributes": {
            "authorization_type": "NONE",
            "cors": [],
            "function_arn": "arn:aws:lambda:eu-central-1:711348555690:function:back-lambda",
            "function_name": "back-lambda",
            "function_url": "https://6t4yszvc5nz2wg5fkjsrqoupwq0xqvfj.lambda-url.eu-central-1.on.aws/",
            "id": "back-lambda",
            "invoke_mode": "BUFFERED",
            "qualifier": "",
            "timeouts": null,
            "url_id": "6t4yszvc5nz2wg5fkjsrqoupwq0xqvfj"
          },
          "sensitive_attributes": [],
          "private": "eyJlMmJmYjczMC1lY2FhLTExZTYtOGY4OC0zNDM2M2JjN2M0YzAiOnsiY3JlYXRlIjo2MDAwMDAwMDAwMDB9fQ==",
          "dependencies": [
            "aws_ecr_repository.BackRepo",
            "aws_iam_role.LambdaRole",
            "aws_lambda_function.BackLambda",
            "data.aws_ecr_authorization_token.token",
            "docker_image.BackImage",
            "docker_registry_image.BackEcrImage"
          ]
        }
      ]
    },
    {
      "mode": "managed",
      "type": "aws_lambda_function_url",
      "name": "FrontLambdaUrl",
      "provider": "provider[\"registry.terraform.io/hashicorp/aws\"]",
      "instances": [
        {
          "schema_version": 0,
          "attributes": {
            "authorization_type": "NONE",
            "cors": [],
            "function_arn": "arn:aws:lambda:eu-central-1:711348555690:function:front-lambda",
            "function_name": "front-lambda",
            "function_url": "https://sylzq2xxuyx6sjrhcxmpgs7ite0frjir.lambda-url.eu-central-1.on.aws/",
            "id": "front-lambda",
            "invoke_mode": "BUFFERED",
            "qualifier": "",
            "timeouts": null,
            "url_id": "sylzq2xxuyx6sjrhcxmpgs7ite0frjir"
          },
          "sensitive_attributes": [],
          "private": "eyJlMmJmYjczMC1lY2FhLTExZTYtOGY4OC0zNDM2M2JjN2M0YzAiOnsiY3JlYXRlIjo2MDAwMDAwMDAwMDB9fQ==",
          "dependencies": [
            "aws_ecr_repository.BackRepo",
            "aws_ecr_repository.FrontRepo",
            "aws_iam_role.LambdaRole",
            "aws_lambda_function.BackLambda",
            "aws_lambda_function.FrontLambda",
            "aws_lambda_function_url.BackLambdaUrl",
            "data.aws_ecr_authorization_token.token",
            "docker_image.BackImage",
            "docker_image.FrontImage",
            "docker_registry_image.BackEcrImage",
            "docker_registry_image.FrontEcrImage"
          ]
        }
      ]
    },
    {
      "mode": "managed",
      "type": "docker_image",
      "name": "BackImage",
      "provider": "provider[\"registry.terraform.io/kreuzwerker/docker\"]",
      "instances": [
        {
          "schema_version": 0,
          "attributes": {
            "build": [
              {
                "auth_config": [],
                "build_arg": null,
                "build_args": null,
                "build_id": "",
                "cache_from": [],
                "cgroup_parent": "",
                "context": "/home/user/github/cdktf-project/src/back",
                "cpu_period": null,
                "cpu_quota": null,
                "cpu_set_cpus": "",
                "cpu_set_mems": "",
                "cpu_shares": null,
                "dockerfile": "Dockerfile",
                "extra_hosts": [],
                "force_remove": null,
                "isolation": "",
                "label": null,
                "labels": null,
                "memory": null,
                "memory_swap": null,
                "network_mode": "",
                "no_cache": null,
                "platform": "linux/arm64",
                "pull_parent": null,
                "remote_context": "",
                "remove": true,
                "security_opt": [],
                "session_id": "",
                "shm_size": null,
                "squash": null,
                "suppress_output": null,
                "tag": [],
                "target": "",
                "ulimit": [],
                "version": ""
              }
            ],
            "force_remove": null,
            "id": "sha256:a35bc1e72c120feda555774654958a75e2fb7a81fe397e86fe897f74541cd132711348555690.dkr.ecr.eu-central-1.amazonaws.com/back-repo",
            "image_id": "sha256:a35bc1e72c120feda555774654958a75e2fb7a81fe397e86fe897f74541cd132",
            "keep_locally": null,
            "name": "711348555690.dkr.ecr.eu-central-1.amazonaws.com/back-repo",
            "platform": null,
            "pull_triggers": null,
            "repo_digest": "",
            "triggers": {
              "filesha256": "d582e1929e92049e244aa8f040d3381cabd52f82cc371b2c05a9d7981e8a0dd8"
            }
          },
          "sensitive_attributes": [],
          "private": "bnVsbA==",
          "dependencies": [
            "aws_ecr_repository.BackRepo",
            "data.aws_ecr_authorization_token.token"
          ]
        }
      ]
    },
    {
      "mode": "managed",
      "type": "docker_image",
      "name": "FrontImage",
      "provider": "provider[\"registry.terraform.io/kreuzwerker/docker\"]",
      "instances": [
        {
          "schema_version": 0,
          "attributes": {
            "build": [
              {
                "auth_config": [],
                "build_arg": null,
                "build_args": null,
                "build_id": "",
                "cache_from": [],
                "cgroup_parent": "",
                "context": "/home/user/github/cdktf-project/src/front",
                "cpu_period": null,
                "cpu_quota": null,
                "cpu_set_cpus": "",
                "cpu_set_mems": "",
                "cpu_shares": null,
                "dockerfile": "Dockerfile",
                "extra_hosts": [],
                "force_remove": null,
                "isolation": "",
                "label": null,
                "labels": null,
                "memory": null,
                "memory_swap": null,
                "network_mode": "",
                "no_cache": null,
                "platform": "linux/amd64",
                "pull_parent": null,
                "remote_context": "",
                "remove": true,
                "security_opt": [],
                "session_id": "",
                "shm_size": null,
                "squash": null,
                "suppress_output": null,
                "tag": [],
                "target": "",
                "ulimit": [],
                "version": ""
              }
            ],
            "force_remove": null,
            "id": "sha256:edb2f0d64cef9c48b87e26716d7ac460e1b999e731700d38c3bb7f091d098f17711348555690.dkr.ecr.eu-central-1.amazonaws.com/front-repo",
            "image_id": "sha256:edb2f0d64cef9c48b87e26716d7ac460e1b999e731700d38c3bb7f091d098f17",
            "keep_locally": null,
            "name": "711348555690.dkr.ecr.eu-central-1.amazonaws.com/front-repo",
            "platform": null,
            "pull_triggers": null,
            "repo_digest": "",
            "triggers": {
              "filesha256": "697dc1be12ad1e0b751f16c5c0f7ac6dc69dec6e18ee94436a91f67834723de6"
            }
          },
          "sensitive_attributes": [],
          "private": "bnVsbA==",
          "dependencies": [
            "aws_ecr_repository.FrontRepo",
            "data.aws_ecr_authorization_token.token"
          ]
        }
      ]
    },
    {
      "mode": "managed",
      "type": "docker_registry_image",
      "name": "BackEcrImage",
      "provider": "provider[\"registry.terraform.io/kreuzwerker/docker\"]",
      "instances": [
        {
          "schema_version": 0,
          "attributes": {
            "id": "sha256:27885994b2b1f05993ab8ccd268d91aed5cd8d46563abf31440c0a0cbecbdb0e",
            "insecure_skip_verify": false,
            "keep_remotely": false,
            "name": "711348555690.dkr.ecr.eu-central-1.amazonaws.com/back-repo",
            "sha256_digest": "sha256:27885994b2b1f05993ab8ccd268d91aed5cd8d46563abf31440c0a0cbecbdb0e",
            "triggers": {
              "filesha256": "d582e1929e92049e244aa8f040d3381cabd52f82cc371b2c05a9d7981e8a0dd8"
            }
          },
          "sensitive_attributes": [],
          "private": "bnVsbA==",
          "dependencies": [
            "aws_ecr_repository.BackRepo",
            "data.aws_ecr_authorization_token.token",
            "docker_image.BackImage"
          ]
        }
      ]
    },
    {
      "mode": "managed",
      "type": "docker_registry_image",
      "name": "FrontEcrImage",
      "provider": "provider[\"registry.terraform.io/kreuzwerker/docker\"]",
      "instances": [
        {
          "schema_version": 0,
          "attributes": {
            "id": "sha256:416ca44205a793f172f293557f872c1aaaab397b165bfaa297cd0ede38604b02",
            "insecure_skip_verify": false,
            "keep_remotely": false,
            "name": "711348555690.dkr.ecr.eu-central-1.amazonaws.com/front-repo",
            "sha256_digest": "sha256:416ca44205a793f172f293557f872c1aaaab397b165bfaa297cd0ede38604b02",
            "triggers": {
              "filesha256": "697dc1be12ad1e0b751f16c5c0f7ac6dc69dec6e18ee94436a91f67834723de6"
            }
          },
          "sensitive_attributes": [],
          "private": "bnVsbA==",
          "dependencies": [
            "aws_ecr_repository.FrontRepo",
            "data.aws_ecr_authorization_token.token",
            "docker_image.FrontImage"
          ]
        }
      ]
    }
  ],
  "check_results": null
}
