{
  "version": 4,
  "terraform_version": "1.7.0",
  "serial": 388,
  "lineage": "a595879c-8348-d326-a097-97e4ec7507b9",
  "outputs": {},
  "resources": [
    {
      "mode": "data",
      "type": "aws_ecr_authorization_token",
      "name": "token",
      "provider": "provider[\"registry.terraform.io/hashicorp/aws\"]",
      "instances": [
        {
          "schema_version": 0,
          "attributes": {
            "authorization_token": "QVdTOmV5SndZWGxzYjJGa0lqb2lWRkJvYzJocmRURldaMWQ2VWs1SGNHaFhVaTgzTUZsMEwxUnVTbFJJSzFKbGJsRmpXVGxJUm5aSFZsZEZhSFpFVTNoMFdtaGxOakJZTlRWNFNFMVpkekJWV2s1TllYUktheXRhYTJwRFZYWlNNRmhVZWpaRlRGZFZORWM0Tlhwa1Mwa3pRMjAyY0cxQlJYRkJaamhsTUhnd1VrcG1UWEJOYjJabE5GVnNWbFpqVW1wMWIwTjJObGt3TTJoNlEyRmFiVmx5UzA1dVRYUlpjaklyVDBzeVExbHpaMUpzYm5OYVFVSmFhaXR6Tkc5RFZGYzVkamRqVnpGYWRVZDRjWE5ST1RWNEsxaGhiV1I2VDA1c2JEaEZkVTV0VTFSdk5tNDNOMmQyTW5wd1NDOXlURWxSZGpJeFRqZExUbTk2UjNaNVNVMU5VRUpyUkdaWFJUWk5kMVUwVHpoRmJXczNRMmRKWVZVeVdGWTBlbWw2TVhJd1pFc3dNMVZ5SzFocGVXWjJkWGRZVHk5UlRqQm9WR1JVVFdsMFRtaENjREZ4Y2xjd1RtSm5MM0JRTW5kd016SklZbXRhYVdGTFVEWkVkME5JVDA0MFIzZE1ka05UVUM5SVRqUnVTWGh4ZWxBeFNrWktjakFyTWs5SFVWZEZUVFp2UlVoelZXeFpVV0ZpSzB4U09HTlBiM0ExZG1SbFVpdHBka1pGVkRCT2RqRnFVM1ZTVERWb1pFMWlkRGhKV1U1elR6aG9UblJpZVVGTVZGQnVURzh5UzJOb016RTFUbkE0V0hCT09Xc3ZOMUpCYlRaUFkwTTFPRmRVWVhKSFVEbExlR0ZIWjNwQ2IzRXdTMDE2YlVaMGR6aHlkblEzTWtrMlMzcG1iRU5ZVmxkSWFYaDVTVzVaV21KU1EzaHNiWGg2V201Tk0wOUtRa3B3YkUxNUwwMHpUbk0wZVZkQ1pIWlBNR2xWWlRWM05qWTFaVnAwWmtJME5GQkZhRzQ1TTNSYWNEZzNNbk1yTUhoalRVaE5XRU14Ym5reFUwMTZSRnBUT1ZNNU5YUnhjMEZEU1c5ck5YaHBVV1ZDVm05dE4xSm5VMkp6T1VFcmRVaFNWMHhWZDA1aGMxRktWSEpZVWt4eWVVY3pWVTlRVFdGRWRIVkNPRmcyU214RmEwcFhTalZ4YkhsUlFrOUNNSHBTU2tWclYwaGFMMkk0VjBFdldqZzBhMUpETTJ0dVUwSXdUek5FVDAxRVl6Sm5LM3BvZGpWMWNHeG9XRWRYWlVOVldGaG5OMWh3WW1sbk1VZ3hWR1ZsVTFBMGVqbEJUbEUwUjFGdmRuRlJPRlpwUVZJclNUaERWWGt2WVZBeWRsTTVjVEYwT0Rsd1oyUnVlV0YzYzJkeU1EZFNUM2tyYjNKWlprWnpORlZ0YlhoeVJtSkJjR3hGVjNoU1MxaHZVMDh3TjFWV2VrSnhZVzR3V1dndldqRkZSR2g1ZDJoMGQwZDBRVTlCYUZoMWRHaENkMjg0TDNSWGMxUkpTa3N3WjJaRlkwbEtaR0Z0Vlc1UFNXSlhSamg2YUV4TmNIcHJPVkl6Vm14T1VIRnVVSFp1YzBOeldTOVFVV28xVlZZNWNHUlZaRFV2YkZvMFMyUkhZMlJ1VmxsbGNuWkJTRGxqVGtaNmJXNW1ZbUl3WkhOQkswTllWbEJKTUZGMmJuaGtibXBoZUZGMmNEa3lhRWdySzJkMFJtaENhRWhvYmtoME1ERlZhWFptWmtzM1ZsTlVSV05qYmpsbmRqRjNhMWt2TUc1WWMyODBZU3RITkhKVWIxTndXR2dyWkcwMGJYQmFXWGt4TjFoTlNISnFZbTFUWlhScVFrWkJXRzFGZWxoQ01XeEZPRk0xYm5walVIWlJhV2swYm5jd2RGZHlkbTlFUzJsUE1HUkpSWFp6TTJ3M09EQm9ZVVY0VFV4VWRXdG1lRWhVU2k4eE16VjZUa3BPYTBKWlYyRm9SRXRrTldkVlluWTRZV1pMYlU0NFVHVkRNMmg0WlZsbmVVTTVObGhyVlM4aUxDSmtZWFJoYTJWNUlqb2lRVkZGUWtGSWFETjZXVTlrZEhCQ1FsTldkeTlaTW1GdU9FSllTVVEwYTNkTVVXWnViMVJxTlhwM1duUkhTbHB2V2xGQlFVRklOSGRtUVZsS1MyOWFTV2gyWTA1QlVXTkhiMGM0ZDJKUlNVSkJSRUp2UW1kcmNXaHJhVWM1ZHpCQ1FuZEZkMGhuV1VwWlNWcEpRVmRWUkVKQlJYVk5Ra1ZGUkU1V2JIWTFLek14VlRsd1MweDJVWGRSU1VKRlNVRTNhelV3YW5ScFpEVkZNVUY1WlZONFpYaGFMelpqZVU1SmIzWjNZM1kzZWt4blZVVnhWRXhTZFRoSFMyTlJhRkZ6VFVKSGRUQmxkazV6T1hCdlpGUTRjamczVUVoVVJXUmlTRWRMTUhkU05EMGlMQ0oyWlhKemFXOXVJam9pTWlJc0luUjVjR1VpT2lKRVFWUkJYMHRGV1NJc0ltVjRjR2x5WVhScGIyNGlPakUzTURZeU16RTNPRFY5",
            "expires_at": "2024-01-26T01:16:25Z",
            "id": "eu-central-1",
            "password": "eyJwYXlsb2FkIjoiVFBoc2hrdTFWZ1d6Uk5HcGhXUi83MFl0L1RuSlRIK1JlblFjWTlIRnZHVldFaHZEU3h0WmhlNjBYNTV4SE1ZdzBVWk5NYXRKaytaa2pDVXZSMFhUejZFTFdVNEc4NXpkS0kzQ202cG1BRXFBZjhlMHgwUkpmTXBNb2ZlNFVsVlZjUmp1b0N2NlkwM2h6Q2FabVlyS05uTXRZcjIrT0syQ1lzZ1JsbnNaQUJaaitzNG9DVFc5djdjVzFadUd4cXNROTV4K1hhbWR6T05sbDhFdU5tU1RvNm43N2d2MnpwSC9yTElRdjIxTjdLTm96R3Z5SU1NUEJrRGZXRTZNd1U0TzhFbWs3Q2dJYVUyWFY0eml6MXIwZEswM1VyK1hpeWZ2dXdYTy9RTjBoVGRUTWl0TmhCcDFxclcwTmJnL3BQMndwMzJIYmtaaWFLUDZEd0NIT040R3dMdkNTUC9ITjRuSXhxelAxSkZKcjArMk9HUVdFTTZvRUhzVWxZUWFiK0xSOGNPb3A1dmRlUitpdkZFVDBOdjFqU3VSTDVoZE1idDhJWU5zTzhoTnRieUFMVFBuTG8yS2NoMzE1TnA4WHBOOWsvN1JBbTZPY0M1OFdUYXJHUDlLeGFHZ3pCb3EwS016bUZ0dzhydnQ3Mkk2S3pmbENYVldIaXh5SW5ZWmJSQ3hsbXh6Wm5NM09KQkpwbE15L00zTnM0eVdCZHZPMGlVZTV3NjY1ZVp0ZkI0NFBFaG45M3RacDg3MnMrMHhjTUhNWEMxbnkxU016RFpTOVM5NXRxc0FDSW9rNXhpUWVCVm9tN1JnU2JzOUErdUhSV0xVd05hc1FKVHJYUkxyeUczVU9QTWFEdHVCOFg2SmxFa0pXSjVxbHlRQk9CMHpSSkVrV0haL2I4V0EvWjg0a1JDM2tuU0IwTzNET01EYzJnK3podjV1cGxoWEdXZUNVWFhnN1hwYmlnMUgxVGVlU1A0ejlBTlE0R1FvdnFROFZpQVIrSThDVXkvYVAydlM5cTF0ODlwZ2RueWF3c2dyMDdST3krb3JZZkZzNFVtbXhyRmJBcGxFV3hSS1hvU08wN1VWekJxYW4wWWgvWjFFRGh5d2h0d0d0QU9BaFh1dGhCd284L3RXc1RJSkswZ2ZFY0lKZGFtVW5PSWJXRjh6aExNcHprOVIzVmxOUHFuUHZuc0NzWS9QUWo1VVY5cGRVZDUvbFo0S2RHY2RuVlllcnZBSDljTkZ6bW5mYmIwZHNBK0NYVlBJMFF2bnhkbmpheFF2cDkyaEgrK2d0RmhCaEhobkh0MDFVaXZmZks3VlNURWNjbjlndjF3a1kvMG5Yc280YStHNHJUb1NwWGgrZG00bXBaWXkxN1hNSHJqYm1TZXRqQkZBWG1FelhCMWxFOFM1bnpjUHZRaWk0bncwdFdydm9ES2lPMGRJRXZzM2w3ODBoYUV4TUxUdWtmeEhUSi8xMzV6TkpOa0JZV2FoREtkNWdVYnY4YWZLbU44UGVDM2h4ZVlneUM5NlhrVS8iLCJkYXRha2V5IjoiQVFFQkFIaDN6WU9kdHBCQlNWdy9ZMmFuOEJYSUQ0a3dMUWZub1RqNXp3WnRHSlpvWlFBQUFINHdmQVlKS29aSWh2Y05BUWNHb0c4d2JRSUJBREJvQmdrcWhraUc5dzBCQndFd0hnWUpZSVpJQVdVREJBRXVNQkVFRE5WbHY1KzMxVTlwS0x2UXdRSUJFSUE3azUwanRpZDVFMUF5ZVN4ZXhaLzZjeU5Jb3Z3Y3Y3ekxnVUVxVExSdThHS2NRaFFzTUJHdTBldk5zOXBvZFQ4cjg3UEhURWRiSEdLMHdSND0iLCJ2ZXJzaW9uIjoiMiIsInR5cGUiOiJEQVRBX0tFWSIsImV4cGlyYXRpb24iOjE3MDYyMzE3ODV9",
            "proxy_endpoint": "https://711348555690.dkr.ecr.eu-central-1.amazonaws.com",
            "registry_id": null,
            "user_name": "AWS"
          },
          "sensitive_attributes": []
        }
      ]
    },
    {
      "mode": "managed",
      "type": "aws_ecr_repository",
      "name": "BackRepo",
      "provider": "provider[\"registry.terraform.io/hashicorp/aws\"]",
      "instances": [
        {
          "schema_version": 0,
          "attributes": {
            "arn": "arn:aws:ecr:eu-central-1:711348555690:repository/back-repo",
            "encryption_configuration": [
              {
                "encryption_type": "AES256",
                "kms_key": ""
              }
            ],
            "force_delete": null,
            "id": "back-repo",
            "image_scanning_configuration": [
              {
                "scan_on_push": false
              }
            ],
            "image_tag_mutability": "MUTABLE",
            "name": "back-repo",
            "registry_id": "711348555690",
            "repository_url": "711348555690.dkr.ecr.eu-central-1.amazonaws.com/back-repo",
            "tags": {},
            "tags_all": {},
            "timeouts": null
          },
          "sensitive_attributes": [],
          "private": "eyJlMmJmYjczMC1lY2FhLTExZTYtOGY4OC0zNDM2M2JjN2M0YzAiOnsiZGVsZXRlIjoxMjAwMDAwMDAwMDAwfX0="
        }
      ]
    },
    {
      "mode": "managed",
      "type": "aws_ecr_repository",
      "name": "FrontRepo",
      "provider": "provider[\"registry.terraform.io/hashicorp/aws\"]",
      "instances": [
        {
          "schema_version": 0,
          "attributes": {
            "arn": "arn:aws:ecr:eu-central-1:711348555690:repository/front-repo",
            "encryption_configuration": [
              {
                "encryption_type": "AES256",
                "kms_key": ""
              }
            ],
            "force_delete": null,
            "id": "front-repo",
            "image_scanning_configuration": [
              {
                "scan_on_push": false
              }
            ],
            "image_tag_mutability": "MUTABLE",
            "name": "front-repo",
            "registry_id": "711348555690",
            "repository_url": "711348555690.dkr.ecr.eu-central-1.amazonaws.com/front-repo",
            "tags": {},
            "tags_all": {},
            "timeouts": null
          },
          "sensitive_attributes": [],
          "private": "eyJlMmJmYjczMC1lY2FhLTExZTYtOGY4OC0zNDM2M2JjN2M0YzAiOnsiZGVsZXRlIjoxMjAwMDAwMDAwMDAwfX0="
        }
      ]
    },
    {
      "mode": "managed",
      "type": "docker_image",
      "name": "BackImage",
      "provider": "provider[\"registry.terraform.io/kreuzwerker/docker\"]",
      "instances": [
        {
          "schema_version": 0,
          "attributes": {
            "build": [
              {
                "auth_config": [],
                "build_arg": {},
                "build_args": {},
                "build_id": "",
                "cache_from": [],
                "cgroup_parent": "",
                "context": "/home/user/github/cdktf-project/src/back",
                "cpu_period": 0,
                "cpu_quota": 0,
                "cpu_set_cpus": "",
                "cpu_set_mems": "",
                "cpu_shares": 0,
                "dockerfile": "Dockerfile",
                "extra_hosts": [],
                "force_remove": false,
                "isolation": "",
                "label": {},
                "labels": {},
                "memory": 0,
                "memory_swap": 0,
                "network_mode": "",
                "no_cache": false,
                "platform": "linux/amd64",
                "pull_parent": false,
                "remote_context": "",
                "remove": true,
                "security_opt": [],
                "session_id": "",
                "shm_size": 0,
                "squash": false,
                "suppress_output": false,
                "tag": [],
                "target": "",
                "ulimit": [],
                "version": ""
              }
            ],
            "force_remove": null,
            "id": "sha256:a850aaf589b46e014a565186cde8d06ef6fae5d1c045266772b42b93738d7382711348555690.dkr.ecr.eu-central-1.amazonaws.com/back-repo:latest",
            "image_id": "sha256:a850aaf589b46e014a565186cde8d06ef6fae5d1c045266772b42b93738d7382",
            "keep_locally": null,
            "name": "711348555690.dkr.ecr.eu-central-1.amazonaws.com/back-repo:latest",
            "platform": null,
            "pull_triggers": null,
            "repo_digest": "",
            "triggers": {
              "filesha256": "b5e0d33d61e5e15e7ae74d5af1521c55392f53f47f6455900014ddd1e1e37df6"
            }
          },
          "sensitive_attributes": [],
          "private": "bnVsbA==",
          "dependencies": [
            "aws_ecr_repository.BackRepo",
            "data.aws_ecr_authorization_token.token"
          ]
        }
      ]
    },
    {
      "mode": "managed",
      "type": "docker_image",
      "name": "FrontImage",
      "provider": "provider[\"registry.terraform.io/kreuzwerker/docker\"]",
      "instances": [
        {
          "schema_version": 0,
          "attributes": {
            "build": [
              {
                "auth_config": [],
                "build_arg": {},
                "build_args": {},
                "build_id": "",
                "cache_from": [],
                "cgroup_parent": "",
                "context": "/home/user/github/cdktf-project/src/front",
                "cpu_period": 0,
                "cpu_quota": 0,
                "cpu_set_cpus": "",
                "cpu_set_mems": "",
                "cpu_shares": 0,
                "dockerfile": "Dockerfile",
                "extra_hosts": [],
                "force_remove": false,
                "isolation": "",
                "label": {},
                "labels": {},
                "memory": 0,
                "memory_swap": 0,
                "network_mode": "",
                "no_cache": false,
                "platform": "linux/amd64",
                "pull_parent": false,
                "remote_context": "",
                "remove": true,
                "security_opt": [],
                "session_id": "",
                "shm_size": 0,
                "squash": false,
                "suppress_output": false,
                "tag": [],
                "target": "",
                "ulimit": [],
                "version": ""
              }
            ],
            "force_remove": null,
            "id": "sha256:c78d471df96f5bf0d4538c961fbbf07e1f790f0d2c2dc8feae2d573d7c44e883711348555690.dkr.ecr.eu-central-1.amazonaws.com/front-repo:latest",
            "image_id": "sha256:c78d471df96f5bf0d4538c961fbbf07e1f790f0d2c2dc8feae2d573d7c44e883",
            "keep_locally": null,
            "name": "711348555690.dkr.ecr.eu-central-1.amazonaws.com/front-repo:latest",
            "platform": null,
            "pull_triggers": null,
            "repo_digest": "711348555690.dkr.ecr.eu-central-1.amazonaws.com/front-repo@sha256:b30c3a220dee33d6bd87ded8c742b08dd68a7f738791ad589dc6f45c71dfd428",
            "triggers": {
              "filesha256": "9dd6df6a8aad0c5be2d0ff5d66c31f6c68abffb59be1e1152729b8af7f349738"
            }
          },
          "sensitive_attributes": [],
          "private": "bnVsbA==",
          "dependencies": [
            "aws_ecr_repository.FrontRepo",
            "data.aws_ecr_authorization_token.token"
          ]
        }
      ]
    }
  ],
  "check_results": null
}
