{
  "version": 4,
  "terraform_version": "1.7.0",
  "serial": 92,
  "lineage": "a595879c-8348-d326-a097-97e4ec7507b9",
  "outputs": {},
  "resources": [
    {
      "mode": "data",
      "type": "aws_ecr_authorization_token",
      "name": "token",
      "provider": "provider[\"registry.terraform.io/hashicorp/aws\"]",
      "instances": [
        {
          "schema_version": 0,
          "attributes": {
            "authorization_token": "QVdTOmV5SndZWGxzYjJGa0lqb2lNRWRPVVVOc04wOUpTMDgzYlc5ck1WaEZXR0ZaVkhWRllYbDNhV3BCZWpKRlZrTTNURWxFTXpSaVdscGFWamxHV1V4a2FuRkVXbVpJZG1jeVdVeHpkMmN5UWxBM1VVcHJSRk53VGtkSVkxVlNka2RzVDJKbVpGRkJTMFpoTW10b2FqUk9TRXRaV1dsTFdtUlhSR2Q1VUhSR2QxcE1ZVXBaVHpsc1JXZGFTRTVJVjA4MlRreEpVWEkxVldoUFdUTTRhM1ZSZURkS1dGZ3dWM2RHYzNWcmQwVk1lSGxUYVZOT2EwVmpVM1JVTlc4eGJGaEpkVkV2VDIxelVIVkZiVU5EVGpGTGRUVnFPVGR1WlhCWk9HVXdkQzlSZG10cmJtNTFTRWhLYlVkVFFYTlFja05LVTFSYWNsRndhazlUYWpONVR6VlJVM05XUzFJelpTdDJWMDl0WjFGemQyMXlWR0VyYWprck0zUXdUbk5VVjNkbE56bEhVRUpWU25GRGJHeGpXVVUyTW0xVFkzb3JaRUpHT1hwdVZXOUVRVFEyUkROcldtODJWREJRZEZJMlFVbDNVbFZhZEdwcFZYZzVVR3AxUkdZMGFXcE5NemR5Tm0wMksyNVNWVkZVUVM4dlJEY3lSRTVNWlRJd1pGVkxabGRFTHk5VWJEWTVkRlZJVkVkbmFraEJlbFZyVkVGc2IyZHhNSFV3YUhoNmRHTnVUV2RJU0ZkemJtTmpjbWh2VlRCNVdWTjZOVzlJTWxnNVRYZG9aVUZJV0VkU1FVNUxiME5KYTI5VGJtWlNUMDQxVldFemIycEZUbTF6TDJ0MlJFWnpZWGhIUVhocU0zVmFWV3B5V0hScVExUXpSWEZTZDFOblNqaHdOVk5EYUdZMWJWQTFUMmhwYVVneFduVTJXRVpCUVVsaVIxZGljbU13ZDJ0cFJtTmFNVkZCVkhaaVNsb3JibXh5UXpoMVVqZDJOMmh2ZG10c01WaEVkSEZxYlU5cVYyOVBUbGROVjFaeWFHSmlSbXBTVFRCV1IyMWtNWFJ0T0c1VUwyRmFiMEZzTjJSVVRURmhOaXN4TnpnMk5taFFVMUp3VWpCV2VHWkVNMDV3YW5kRFNGRnVhR0ZpYldsa1JsTjNZMEpxVFZoSU1FTnZPRk5NTWpBMU1tOVdkV3huVVZOQ1ZHVldjVkJ2YUZkaE16ZzJaeTlGUmxGd1NGaE9PVWxZZDA5c2JYSXpLemxVY3l0c1JEaEdLMVJqZUU1SGN6Vk9NRXBVZUdSTmVuZEhabWhZUzB4WlVDODFXVEpOUmpKUmRtaGlRVUk0UWpCWVpuTm1RM2xuVDFWM1N6QklUbkZ1VTJsV1QyRmpMM04wUkZWUU1FOTJVM3BQYkhKeFJuWlZSVTVsYzJSWlF6STRiSG8zVm5aalZHNVhhVzAzUWt0R2IycFVaWFpZVURWclFTOURhMVJXWVZJeGVXcHpRaTgzUldkV2RsVlNkREZOTlZSUlpuSnFlRmRFV0V0clVVdE1UMmdyVDBkVU4xUm1VMEp4T1UxRlExQnlORFJzWjFWV1ZWQXZXbm92V1VJMVkxaDBZbWRxVnpBd2VUQklTbVl4UW5OUllWbE9VREJtSzFGTFNESlFUalZwTUd4TlRFRTRhRE5vV0hOT2VFdzFaVVpFVTNCUE9GTTVVV3BhV1VkM2FrcE9SR0pFUW1KeFdsUk5OalZRTTJoV1MyMW9TalZtTlROUGFqZEVXRzVLUTBvMVRrbEhNbXBMVm1aeFFuTkNiVlF2ZW05b2FXaHZiMmRrYlcxd2J5czFXa0oxY2poT1JWSkNSSFJPVldsalVqQXdLMlpFTjFwUFp5OVhaMDV4ZUZaWVFUYzVUWEF5T0RoMmFFaE9VRFJJVDB4UWRFWlVXa2N3WjFWU0wyeDZWR2g2TjJkbFFXdHViWEExZW04eFVEVnZRVUZ4VFhReksyUndPV2M0VEVRNE5FVnZNVkJDTUhWMFpFUTRRWGRwUzFOYU4wUllOa2hVZUdOeFJpdEtiMFJzWW1naUxDSmtZWFJoYTJWNUlqb2lRVkZGUWtGSWFETjZXVTlrZEhCQ1FsTldkeTlaTW1GdU9FSllTVVEwYTNkTVVXWnViMVJxTlhwM1duUkhTbHB2V2xGQlFVRklOSGRtUVZsS1MyOWFTV2gyWTA1QlVXTkhiMGM0ZDJKUlNVSkJSRUp2UW1kcmNXaHJhVWM1ZHpCQ1FuZEZkMGhuV1VwWlNWcEpRVmRWUkVKQlJYVk5Ra1ZGUkVGUWNHZDVNMGg2YkdJM2VUQnlZV1JuU1VKRlNVRTNlbWg0ZDAxUVZrbHdPRlZCWnpCRWExWnZTazlMTkZGaldIZG1SMjFpYlU1WllXaFVialJPU0VOaVprODFXalZNUmswNEwyaG1RVTlpVEZGUk9VeHRNR3RMZGsxek5FcEJTVk5KYWxaWlp6MGlMQ0oyWlhKemFXOXVJam9pTWlJc0luUjVjR1VpT2lKRVFWUkJYMHRGV1NJc0ltVjRjR2x5WVhScGIyNGlPakUzTURZeE16QXdNamg5",
            "expires_at": "2024-01-24T21:00:28Z",
            "id": "eu-central-1",
            "password": "eyJwYXlsb2FkIjoiMEdOUUNsN09JS083bW9rMVhFWGFZVHVFYXl3aWpBejJFVkM3TElEMzRiWlpaVjlGWUxkanFEWmZIdmcyWUxzd2cyQlA3UUprRFNwTkdIY1VSdkdsT2JmZFFBS0ZhMmtoajROSEtZWWlLWmRXRGd5UHRGd1pMYUpZTzlsRWdaSE5IV082TkxJUXI1VWhPWTM4a3VReDdKWFgwV3dGc3Vrd0VMeHlTaVNOa0VjU3RUNW8xbFhJdVEvT21zUHVFbUNDTjFLdTVqOTduZXBZOGUwdC9Rdmtrbm51SEhKbUdTQXNQckNKU1RaclFwak9TajN5TzVRU3NWS1IzZSt2V09tZ1Fzd21yVGErajkrM3QwTnNUV3dlNzlHUEJVSnFDbGxjWUU2Mm1TY3orZEJGOXpuVW9EQTQ2RDNrWm82VDBQdFI2QUl3UlVadGppVXg5UGp1RGY0aWpNMzdyNm02K25SVVFUQS8vRDcyRE5MZTIwZFVLZldELy9UbDY5dFVIVEdnakhBelVrVEFsb2dxMHUwaHh6dGNuTWdISFdzbmNjcmhvVTB5WVN6NW9IMlg5TXdoZUFIWEdSQU5Lb0NJa29TbmZST041VWEzb2pFTm1zL2t2REZzYXhHQXhqM3VaVWpyWHRqQ1QzRXFSd1NnSjhwNVNDaGY1bVA1T2hpaUgxWnU2WEZBQUliR1dicmMwd2tpRmNaMVFBVHZiSlorbmxyQzh1Ujd2N2hvdmtsMVhEdHFqbU9qV29PTldNV1ZyaGJiRmpSTTBWR21kMXRtOG5UL2Fab0FsN2RUTTFhNisxNzg2NmhQU1JwUjBWeGZEM05wandDSFFuaGFibWlkRlN3Y0JqTVhIMENvOFNMMjA1Mm9WdWxnUVNCVGVWcVBvaFdhMzg2Zy9FRlFwSFhOOUlYd09sbXIzKzlUcytsRDhGK1RjeE5HczVOMEpUeGRNendHZmhYS0xZUC81WTJNRjJRdmhiQUI4QjBYZnNmQ3lnT1V3SzBITnFuU2lWT2FjL3N0RFVQME92U3pPbHJxRnZVRU5lc2RZQzI4bHo3VnZjVG5XaW03QktGb2pUZXZYUDVrQS9Da1RWYVIxeWpzQi83RWdWdlVSdDFNNVRRZnJqeFdEWEtrUUtMT2grT0dUN1RmU0JxOU1FQ1ByNDRsZ1VWVVAvWnovWUI1Y1h0YmdqVzAweTBISmYxQnNRYVlOUDBmK1FLSDJQTjVpMGxNTEE4aDNoWHNOeEw1ZUZEU3BPOFM5UWpaWUd3akpORGJEQmJxWlRNNjVQM2hWS21oSjVmNTNPajdEWG5KQ0o1TklHMmpLVmZxQnNCbVQvem9oaWhvb2dkbW1wbys1WkJ1cjhORVJCRHROVWljUjAwK2ZEN1pPZy9XZ05xeFZYQTc5TXAyODh2aEhOUDRIT0xQdEZUWkcwZ1VSL2x6VGh6N2dlQWtubXA1em8xUDVvQUFxTXQzK2RwOWc4TEQ4NEVvMVBCMHV0ZEQ4QXdpS1NaN0RYNkhUeGNxRitKb0RsYmgiLCJkYXRha2V5IjoiQVFFQkFIaDN6WU9kdHBCQlNWdy9ZMmFuOEJYSUQ0a3dMUWZub1RqNXp3WnRHSlpvWlFBQUFINHdmQVlKS29aSWh2Y05BUWNHb0c4d2JRSUJBREJvQmdrcWhraUc5dzBCQndFd0hnWUpZSVpJQVdVREJBRXVNQkVFREFQcGd5M0h6bGI3eTByYWRnSUJFSUE3emh4d01QVklwOFVBZzBEa1ZvSk9LNFFjWHdmR21ibU5ZYWhUbjROSENiZk81WjVMRk04L2hmQU9iTFFROUxtMGtLdk1zNEpBSVNJalZZZz0iLCJ2ZXJzaW9uIjoiMiIsInR5cGUiOiJEQVRBX0tFWSIsImV4cGlyYXRpb24iOjE3MDYxMzAwMjh9",
            "proxy_endpoint": "https://711348555690.dkr.ecr.eu-central-1.amazonaws.com",
            "registry_id": null,
            "user_name": "AWS"
          },
          "sensitive_attributes": []
        }
      ]
    },
    {
      "mode": "managed",
      "type": "aws_ecr_repository",
      "name": "BackRepo",
      "provider": "provider[\"registry.terraform.io/hashicorp/aws\"]",
      "instances": [
        {
          "schema_version": 0,
          "attributes": {
            "arn": "arn:aws:ecr:eu-central-1:711348555690:repository/back-repo",
            "encryption_configuration": [
              {
                "encryption_type": "AES256",
                "kms_key": ""
              }
            ],
            "force_delete": null,
            "id": "back-repo",
            "image_scanning_configuration": [
              {
                "scan_on_push": false
              }
            ],
            "image_tag_mutability": "MUTABLE",
            "name": "back-repo",
            "registry_id": "711348555690",
            "repository_url": "711348555690.dkr.ecr.eu-central-1.amazonaws.com/back-repo",
            "tags": {},
            "tags_all": {},
            "timeouts": null
          },
          "sensitive_attributes": [],
          "private": "eyJlMmJmYjczMC1lY2FhLTExZTYtOGY4OC0zNDM2M2JjN2M0YzAiOnsiZGVsZXRlIjoxMjAwMDAwMDAwMDAwfX0="
        }
      ]
    },
    {
      "mode": "managed",
      "type": "aws_ecr_repository",
      "name": "FrontRepo",
      "provider": "provider[\"registry.terraform.io/hashicorp/aws\"]",
      "instances": [
        {
          "schema_version": 0,
          "attributes": {
            "arn": "arn:aws:ecr:eu-central-1:711348555690:repository/front-repo",
            "encryption_configuration": [
              {
                "encryption_type": "AES256",
                "kms_key": ""
              }
            ],
            "force_delete": null,
            "id": "front-repo",
            "image_scanning_configuration": [
              {
                "scan_on_push": false
              }
            ],
            "image_tag_mutability": "MUTABLE",
            "name": "front-repo",
            "registry_id": "711348555690",
            "repository_url": "711348555690.dkr.ecr.eu-central-1.amazonaws.com/front-repo",
            "tags": {},
            "tags_all": {},
            "timeouts": null
          },
          "sensitive_attributes": [],
          "private": "eyJlMmJmYjczMC1lY2FhLTExZTYtOGY4OC0zNDM2M2JjN2M0YzAiOnsiZGVsZXRlIjoxMjAwMDAwMDAwMDAwfX0="
        }
      ]
    },
    {
      "mode": "managed",
      "type": "aws_iam_role",
      "name": "LambdaExecutionRole",
      "provider": "provider[\"registry.terraform.io/hashicorp/aws\"]",
      "instances": [
        {
          "schema_version": 0,
          "attributes": {
            "arn": "arn:aws:iam::711348555690:role/terraform-20240124084429740600000001",
            "assume_role_policy": "{\"Statement\":[{\"Action\":\"sts:AssumeRole\",\"Effect\":\"Allow\",\"Principal\":{\"Service\":\"lambda.amazonaws.com\"}}],\"Version\":\"2012-10-17\"}",
            "create_date": "2024-01-24T08:44:29Z",
            "description": "",
            "force_detach_policies": false,
            "id": "terraform-20240124084429740600000001",
            "inline_policy": [],
            "managed_policy_arns": [],
            "max_session_duration": 3600,
            "name": "terraform-20240124084429740600000001",
            "name_prefix": "terraform-",
            "path": "/",
            "permissions_boundary": "",
            "tags": {},
            "tags_all": {},
            "unique_id": "AROA2LH5NR6VAB5CD4SSN"
          },
          "sensitive_attributes": [],
          "private": "bnVsbA=="
        }
      ]
    },
    {
      "mode": "managed",
      "type": "aws_lambda_function",
      "name": "BackLambdaFunction",
      "provider": "provider[\"registry.terraform.io/hashicorp/aws\"]",
      "instances": [
        {
          "schema_version": 0,
          "attributes": {
            "architectures": [
              "arm64"
            ],
            "arn": "arn:aws:lambda:eu-central-1:711348555690:function:BackLambda",
            "code_signing_config_arn": "",
            "dead_letter_config": [],
            "description": "",
            "environment": [],
            "ephemeral_storage": [
              {
                "size": 512
              }
            ],
            "file_system_config": [],
            "filename": null,
            "function_name": "BackLambda",
            "handler": "",
            "id": "BackLambda",
            "image_config": [],
            "image_uri": "711348555690.dkr.ecr.eu-central-1.amazonaws.com/back-repo:latest",
            "invoke_arn": "arn:aws:apigateway:eu-central-1:lambda:path/2015-03-31/functions/arn:aws:lambda:eu-central-1:711348555690:function:BackLambda/invocations",
            "kms_key_arn": "",
            "last_modified": "2024-01-24T09:00:31.000+0000",
            "layers": [],
            "logging_config": [
              {
                "application_log_level": "",
                "log_format": "Text",
                "log_group": "/aws/lambda/BackLambda",
                "system_log_level": ""
              }
            ],
            "memory_size": 1792,
            "package_type": "Image",
            "publish": false,
            "qualified_arn": "arn:aws:lambda:eu-central-1:711348555690:function:BackLambda:$LATEST",
            "qualified_invoke_arn": "arn:aws:apigateway:eu-central-1:lambda:path/2015-03-31/functions/arn:aws:lambda:eu-central-1:711348555690:function:BackLambda:$LATEST/invocations",
            "replace_security_groups_on_destroy": null,
            "replacement_security_group_ids": null,
            "reserved_concurrent_executions": -1,
            "role": "arn:aws:iam::711348555690:role/terraform-20240124084429740600000001",
            "runtime": "",
            "s3_bucket": null,
            "s3_key": null,
            "s3_object_version": null,
            "signing_job_arn": "",
            "signing_profile_version_arn": "",
            "skip_destroy": false,
            "snap_start": [],
            "source_code_hash": "f25f0bdc6c7a8384ed41a937fe83ae0acad48764319bec4771ef61a3f8ab4841",
            "source_code_size": 0,
            "tags": {},
            "tags_all": {},
            "timeout": 3,
            "timeouts": null,
            "tracing_config": [
              {
                "mode": "PassThrough"
              }
            ],
            "version": "$LATEST",
            "vpc_config": []
          },
          "sensitive_attributes": [],
          "private": "eyJlMmJmYjczMC1lY2FhLTExZTYtOGY4OC0zNDM2M2JjN2M0YzAiOnsiY3JlYXRlIjo2MDAwMDAwMDAwMDAsImRlbGV0ZSI6NjAwMDAwMDAwMDAwLCJ1cGRhdGUiOjYwMDAwMDAwMDAwMH19",
          "dependencies": [
            "aws_ecr_repository.BackRepo",
            "aws_iam_role.LambdaExecutionRole",
            "data.aws_ecr_authorization_token.token",
            "docker_image.BackImage"
          ]
        }
      ]
    },
    {
      "mode": "managed",
      "type": "docker_image",
      "name": "BackImage",
      "provider": "provider[\"registry.terraform.io/kreuzwerker/docker\"]",
      "instances": [
        {
          "schema_version": 0,
          "attributes": {
            "build": [
              {
                "auth_config": [],
                "build_arg": {},
                "build_args": {},
                "build_id": "",
                "cache_from": [],
                "cgroup_parent": "",
                "context": "/home/user/github/cdktf-project/src/back",
                "cpu_period": 0,
                "cpu_quota": 0,
                "cpu_set_cpus": "",
                "cpu_set_mems": "",
                "cpu_shares": 0,
                "dockerfile": "Dockerfile",
                "extra_hosts": [],
                "force_remove": false,
                "isolation": "",
                "label": {},
                "labels": {},
                "memory": 0,
                "memory_swap": 0,
                "network_mode": "",
                "no_cache": false,
                "platform": "",
                "pull_parent": false,
                "remote_context": "",
                "remove": true,
                "security_opt": [],
                "session_id": "",
                "shm_size": 0,
                "squash": false,
                "suppress_output": false,
                "tag": [],
                "target": "",
                "ulimit": [],
                "version": ""
              }
            ],
            "force_remove": null,
            "id": "sha256:d9e54ff0c0935a2beec791e31962ed9a7ef7d9ad19056ee150e6390386e27188711348555690.dkr.ecr.eu-central-1.amazonaws.com/back-repo:latest",
            "image_id": "sha256:d9e54ff0c0935a2beec791e31962ed9a7ef7d9ad19056ee150e6390386e27188",
            "keep_locally": null,
            "name": "711348555690.dkr.ecr.eu-central-1.amazonaws.com/back-repo:latest",
            "platform": "linux/arm64",
            "pull_triggers": null,
            "repo_digest": "711348555690.dkr.ecr.eu-central-1.amazonaws.com/back-repo@sha256:f25f0bdc6c7a8384ed41a937fe83ae0acad48764319bec4771ef61a3f8ab4841",
            "triggers": null
          },
          "sensitive_attributes": [],
          "private": "bnVsbA==",
          "dependencies": [
            "aws_ecr_repository.BackRepo",
            "data.aws_ecr_authorization_token.token"
          ]
        }
      ]
    },
    {
      "mode": "managed",
      "type": "docker_image",
      "name": "FrontImage",
      "provider": "provider[\"registry.terraform.io/kreuzwerker/docker\"]",
      "instances": [
        {
          "schema_version": 0,
          "attributes": {
            "build": [
              {
                "auth_config": [],
                "build_arg": {},
                "build_args": {},
                "build_id": "",
                "cache_from": [],
                "cgroup_parent": "",
                "context": "/home/user/github/cdktf-project/src/front",
                "cpu_period": 0,
                "cpu_quota": 0,
                "cpu_set_cpus": "",
                "cpu_set_mems": "",
                "cpu_shares": 0,
                "dockerfile": "Dockerfile",
                "extra_hosts": [],
                "force_remove": false,
                "isolation": "",
                "label": {},
                "labels": {},
                "memory": 0,
                "memory_swap": 0,
                "network_mode": "",
                "no_cache": false,
                "platform": "",
                "pull_parent": false,
                "remote_context": "",
                "remove": true,
                "security_opt": [],
                "session_id": "",
                "shm_size": 0,
                "squash": false,
                "suppress_output": false,
                "tag": [],
                "target": "",
                "ulimit": [],
                "version": ""
              }
            ],
            "force_remove": null,
            "id": "sha256:c78d471df96f5bf0d4538c961fbbf07e1f790f0d2c2dc8feae2d573d7c44e883711348555690.dkr.ecr.eu-central-1.amazonaws.com/front-repo",
            "image_id": "sha256:c78d471df96f5bf0d4538c961fbbf07e1f790f0d2c2dc8feae2d573d7c44e883",
            "keep_locally": null,
            "name": "711348555690.dkr.ecr.eu-central-1.amazonaws.com/front-repo",
            "platform": "linux/arm64",
            "pull_triggers": null,
            "repo_digest": "711348555690.dkr.ecr.eu-central-1.amazonaws.com/front-repo@sha256:b30c3a220dee33d6bd87ded8c742b08dd68a7f738791ad589dc6f45c71dfd428",
            "triggers": null
          },
          "sensitive_attributes": [],
          "private": "bnVsbA==",
          "dependencies": [
            "aws_ecr_repository.FrontRepo",
            "data.aws_ecr_authorization_token.token"
          ]
        }
      ]
    },
    {
      "mode": "managed",
      "type": "docker_registry_image",
      "name": "BackUpload",
      "provider": "provider[\"registry.terraform.io/kreuzwerker/docker\"]",
      "instances": [
        {
          "schema_version": 0,
          "attributes": {
            "id": "sha256:f25f0bdc6c7a8384ed41a937fe83ae0acad48764319bec4771ef61a3f8ab4841",
            "insecure_skip_verify": false,
            "keep_remotely": false,
            "name": "711348555690.dkr.ecr.eu-central-1.amazonaws.com/back-repo:latest",
            "sha256_digest": "sha256:f25f0bdc6c7a8384ed41a937fe83ae0acad48764319bec4771ef61a3f8ab4841",
            "triggers": null
          },
          "sensitive_attributes": [],
          "private": "bnVsbA==",
          "dependencies": [
            "aws_ecr_repository.BackRepo",
            "data.aws_ecr_authorization_token.token",
            "docker_image.BackImage"
          ]
        }
      ]
    },
    {
      "mode": "managed",
      "type": "docker_registry_image",
      "name": "FrontUpload",
      "provider": "provider[\"registry.terraform.io/kreuzwerker/docker\"]",
      "instances": [
        {
          "schema_version": 0,
          "attributes": {
            "id": "sha256:b30c3a220dee33d6bd87ded8c742b08dd68a7f738791ad589dc6f45c71dfd428",
            "insecure_skip_verify": false,
            "keep_remotely": false,
            "name": "711348555690.dkr.ecr.eu-central-1.amazonaws.com/front-repo",
            "sha256_digest": "sha256:b30c3a220dee33d6bd87ded8c742b08dd68a7f738791ad589dc6f45c71dfd428",
            "triggers": null
          },
          "sensitive_attributes": [],
          "private": "bnVsbA==",
          "dependencies": [
            "aws_ecr_repository.FrontRepo",
            "data.aws_ecr_authorization_token.token",
            "docker_image.FrontImage"
          ]
        }
      ]
    }
  ],
  "check_results": null
}
