{
  "version": 4,
  "terraform_version": "1.7.0",
  "serial": 170,
  "lineage": "a595879c-8348-d326-a097-97e4ec7507b9",
  "outputs": {},
  "resources": [
    {
      "mode": "data",
      "type": "aws_ecr_authorization_token",
      "name": "token",
      "provider": "provider[\"registry.terraform.io/hashicorp/aws\"]",
      "instances": [
        {
          "schema_version": 0,
          "attributes": {
            "authorization_token": "QVdTOmV5SndZWGxzYjJGa0lqb2laMHhMUzAxU01XUjVaVTlyV1N0SlF6TnFVVFJrVUV0SFkxQTJTRGN6UVd4T01HNDFVR1pPUTBac2RXSlZPV0owZVRsdVJXOHJRbXBVZVZSTWNuY3hjMkpDYXpCYVkwZ3pURGxKYzFGV1prZDBTMjUzZVhwU1dtWlBlbmsyV0dObFkwZFNNRmxhWm5BNVJ6UkxSa05wZW1OU2FtOVFOMEpqYkhodlMyOHJZekl2WVUxSGRYVmhTelZQTmxjd1JWUmxXV1U0T1Rsbk0xSjZUM3BCWjNCTmJTdDJXU3RFTXpsTVRFZ3dNMWhpTXpoQ1ZVSTJTREVyZG13elQzaFpNRmhzVVRORlkxZEVTRWhVVEVOTll6RkpPWEZIYlVKb05uZEtjaXRYYlRWNk5qQm5aekpFVlRkdk9VeFBkM2hXWm1relIxSlVOVFUyY0RsRVYzWmhkREV5VGsxWU9VWjFNMG80ZEZaV05sSmpRVzFOVTAwclIwUkxSa0ZtVG14VkwwRmlTRmhMYzJRNE9Va3dhbGhhYTAweFZuQnFia1V4ZVdKUldtTTVXWEZVZG1aU2RrMXRRekpYVERoNVVGZEliVEo1WkUxVVFUVlROV2xDVlRZd09EQkxRbFpJU2xWeE5uZFdOR3BuYVRKT1VGbEZZM05QUm0wdmJtODNMelJ3YlZVNVFXWXphMnRyV1haSmVGcEdMMDFJY2tGV1pFbFZkVFY1Y0c1NmRWUkVlVFUxUVVwUUt6WlhaelF2SzJWdU1IWnBkM05RVlZNclpqQmtURlJJU201a1VFVjFRU3R2YVc1dlFuSm1LelJSYWtGcVRrNHdWM2xITVRFMk1YSldjR05RVmxoS2FIWmtPRFE0WjIxVlppdFFhR0pGYW5kUGQyeHROVmhqVWxreFNXSk9WVFZYWW1rcmVqbENXSEJCUlhjeldFaFlXVVZGVTJGbUsyUlRiVlp3YzFjMGFYbG5WREZNVVhkaFRUVnZlR1ZKU2pOeWRVa3hZalUxYTB0Vk1YUlRjelU0ZDNKemNGVXZXRTV3YUVGblZqSlVSbFY2VjFGSlkwUlNVbmgwYUU5YU9IaExTbUpCTXpOUWRVcGhWVzVHVTFwbE9HbG5TVUpEYmtjeFpWRTJTR0pyTTFacU5IUkxiMUZ4TURkblZEQm9ibFUwV0RoTU1XSlVXR2huTkZWRFp6WlJaRlZUUVhoRFVuSmxSVXBIYkhGSlpVbFdaSFZhUjFGWkwxUmpVbTFPVHpjMWIyazJlVzFpVDNOc0szUmxRWEZSYkZCcGRXUkNkV3RCTUZoWWEyWktRVVJKVkhZcmVGRnFVVE42ZGs1ek5YQXlOV1JJYmxsamJGTjNkRWx6ZFROQk5FMUNVMlF2TUZnMVZVeGhZMmRwVldNNGMzcDVTbFZWYUdaTFprWnZXbkZhYnpoR1ptUnhhVkJMTnpadmRGQTVORTFpUWt4aFRYZGFkVWtyU0hoNlN5OXRhak15U21WUFpVeE5ZMXB2YTFkTlFqZEZMM1pWZEhWV1VFTTRVa294T1hZdlFtVmhPVXBTVEZSbGVHOWFXWFJwZUZGU01rYzJaR0ZHVEU1bVIzQnZlVFZWV25OSVFVRlJNR1I1UVhCdUsycFhSRXRLYVU5SFpGTmlSbFJWYkd3d2NGTldPR2hIVld4VlEwNVdRa1ZRUjBSSVQyUm1XV0pFV1hOVGVVVmlSMU0wYVZRMWNIUmFUelV3UTJFNVpHeDFhMll5Tm5jMVdtNUlPVmxOYmxCeU1uUm5RVGRYTDAxdmFFZ3pZakZpUldaaWJUZHpjMXAwVGxCNlZYTlRUbVZ3UkdSSlEzbHdNbHBYZW01RU5YWlZXVzloTTBaUVJWWTRXRTFZVDFCR2VWcEZZa3RuT1RGSk4zbHBaRnBIUmxZNU5WZDNiVmxYT0ZWdGJDOVRSQ3RNYlhSS1ZVcFFUM2hpUmpGeE0xaHZkbFpKYVdkNlp6ZDNUalpRVEVodFZEVlVZMmxYVkRaQldHUlBNa3RQYVVGak9XY3pOVlZKTTJjaUxDSmtZWFJoYTJWNUlqb2lRVkZGUWtGSWFETjZXVTlrZEhCQ1FsTldkeTlaTW1GdU9FSllTVVEwYTNkTVVXWnViMVJxTlhwM1duUkhTbHB2V2xGQlFVRklOSGRtUVZsS1MyOWFTV2gyWTA1QlVXTkhiMGM0ZDJKUlNVSkJSRUp2UW1kcmNXaHJhVWM1ZHpCQ1FuZEZkMGhuV1VwWlNWcEpRVmRWUkVKQlJYVk5Ra1ZGUkVocFJFMVNabGt6V0ZCbGJrTm9WVlpuU1VKRlNVRTNNblpzZUhoa00xaEpNRFZJZURWVmJsaE1VRnBtYTBsMmN6WTFUSGRPWW5VMWMwbDVPWGhvTlZZelZqbFdkMUZVWlZWclpqWkZXR3RCVEhkSlpWWXhWR0ZvWWpKRlRrNXhUR1pyU0doVWR6MGlMQ0oyWlhKemFXOXVJam9pTWlJc0luUjVjR1VpT2lKRVFWUkJYMHRGV1NJc0ltVjRjR2x5WVhScGIyNGlPakUzTURZeE5ETTVNVFo5",
            "expires_at": "2024-01-25T00:51:56Z",
            "id": "eu-central-1",
            "password": "eyJwYXlsb2FkIjoiZ0xLS01SMWR5ZU9rWStJQzNqUTRkUEtHY1A2SDczQWxOMG41UGZOQ0ZsdWJVOWJ0eTluRW8rQmpUeVRMcncxc2JCazBaY0gzTDlJc1FWZkd0S253eXpSWmZPenk2WGNlY0dSMFlaZnA5RzRLRkNpemNSam9QN0JjbHhvS28rYzIvYU1HdXVhSzVPNlcwRVRlWWU4OTlnM1J6T3pBZ3BNbSt2WStEMzlMTEgwM1hiMzhCVUI2SDErdmwzT3hZMFhsUTNFY1dESEhUTENNYzFJOXFHbUJoNndKcitXbTV6NjBnZzJEVTdvOUxPd3hWZmkzR1JUNTU2cDlEV3ZhdDEyTk1YOUZ1M0o4dFZWNlJjQW1NU00rR0RLRkFmTmxVL0FiSFhLc2Q4OUkwalhaa00xVnBqbkUxeWJRWmM5WXFUdmZSdk1tQzJXTDh5UFdIbTJ5ZE1UQTVTNWlCVTYwODBLQlZISlVxNndWNGpnaTJOUFlFY3NPRm0vbm83LzRwbVU5QWYza2trWXZJeFpGL01IckFWZElVdTV5cG56dVREeTU1QUpQKzZXZzQvK2VuMHZpd3NQVVMrZjBkTFRISm5kUEV1QStvaW5vQnJmKzRRakFqTk4wV3lHMTE2MXJWcGNQVlhKaHZkODQ4Z21VZitQaGJFandPd2xtNVhjUlkxSWJOVTVXYmkrejlCWHBBRXczWEhYWUVFU2FmK2RTbVZwc1c0aXlnVDFMUXdhTTVveGVJSjNydUkxYjU1a0tVMXRTczU4d3JzcFUvWE5waEFnVjJURlV6V1FJY0RSUnh0aE9aOHhLSmJBMzNQdUphVW5GU1plOGlnSUJDbkcxZVE2SGJrM1ZqNHRLb1FxMDdnVDBoblU0WDhMMWJUWGhnNFVDZzZRZFVTQXhDUnJlRUpHbHFJZUlWZHVaR1FZL1RjUm1OTzc1b2k2eW1iT3NsK3RlQXFRbFBpdWRCdWtBMFhYa2ZKQURJVHYreFFqUTN6dk5zNXAyNWRIblljbFN3dElzdTNBNE1CU2QvMFg1VUxhY2dpVWM4c3p5SlVVaGZLZkZvWnFabzhGZmRxaVBLNzZvdFA5NE1iQkxhTXdadUkrSHh6Sy9tajMySmVPZUxNY1pva1dNQjdFL3ZVdHVWUEM4UkoxOXYvQmVhOUpSTFRleG9aWXRpeFFSMkc2ZGFGTE5mR3BveTVVWnNIQUFRMGR5QXBuK2pXREtKaU9HZFNiRlRVbGwwcFNWOGhHVWxVQ05WQkVQR0RIT2RmWWJEWXNTeUViR1M0aVQ1cHRaTzUwQ2E5ZGx1a2YyNnc1Wm5IOVlNblByMnRnQTdXL01vaEgzYjFiRWZibTdzc1p0TlB6VXNTTmVwRGRJQ3lwMlpXem5ENXZVWW9hM0ZQRVY4WE1YT1BGeVpFYktnOTFJN3lpZFpHRlY5NVd3bVlXOFVtbC9TRCtMbXRKVUpQT3hiRjFxM1hvdlZJaWd6Zzd3TjZQTEhtVDVUY2lXVDZBWGRPMktPaUFjOWczNVVJM2ciLCJkYXRha2V5IjoiQVFFQkFIaDN6WU9kdHBCQlNWdy9ZMmFuOEJYSUQ0a3dMUWZub1RqNXp3WnRHSlpvWlFBQUFINHdmQVlKS29aSWh2Y05BUWNHb0c4d2JRSUJBREJvQmdrcWhraUc5dzBCQndFd0hnWUpZSVpJQVdVREJBRXVNQkVFREhpRE1SZlkzWFBlbkNoVVZnSUJFSUE3MnZseHhkM1hJMDVIeDVVblhMUFpma0l2czY1THdOYnU1c0l5OXhoNVYzVjlWd1FUZVVrZjZFWGtBTHdJZVYxVGFoYjJFTk5xTGZrSGhUdz0iLCJ2ZXJzaW9uIjoiMiIsInR5cGUiOiJEQVRBX0tFWSIsImV4cGlyYXRpb24iOjE3MDYxNDM5MTZ9",
            "proxy_endpoint": "https://711348555690.dkr.ecr.eu-central-1.amazonaws.com",
            "registry_id": null,
            "user_name": "AWS"
          },
          "sensitive_attributes": []
        }
      ]
    },
    {
      "mode": "managed",
      "type": "aws_ecr_repository",
      "name": "BackRepo",
      "provider": "provider[\"registry.terraform.io/hashicorp/aws\"]",
      "instances": [
        {
          "schema_version": 0,
          "attributes": {
            "arn": "arn:aws:ecr:eu-central-1:711348555690:repository/back-repo",
            "encryption_configuration": [
              {
                "encryption_type": "AES256",
                "kms_key": ""
              }
            ],
            "force_delete": null,
            "id": "back-repo",
            "image_scanning_configuration": [
              {
                "scan_on_push": false
              }
            ],
            "image_tag_mutability": "MUTABLE",
            "name": "back-repo",
            "registry_id": "711348555690",
            "repository_url": "711348555690.dkr.ecr.eu-central-1.amazonaws.com/back-repo",
            "tags": {},
            "tags_all": {},
            "timeouts": null
          },
          "sensitive_attributes": [],
          "private": "eyJlMmJmYjczMC1lY2FhLTExZTYtOGY4OC0zNDM2M2JjN2M0YzAiOnsiZGVsZXRlIjoxMjAwMDAwMDAwMDAwfX0="
        }
      ]
    },
    {
      "mode": "managed",
      "type": "aws_ecr_repository",
      "name": "FrontRepo",
      "provider": "provider[\"registry.terraform.io/hashicorp/aws\"]",
      "instances": [
        {
          "schema_version": 0,
          "attributes": {
            "arn": "arn:aws:ecr:eu-central-1:711348555690:repository/front-repo",
            "encryption_configuration": [
              {
                "encryption_type": "AES256",
                "kms_key": ""
              }
            ],
            "force_delete": null,
            "id": "front-repo",
            "image_scanning_configuration": [
              {
                "scan_on_push": false
              }
            ],
            "image_tag_mutability": "MUTABLE",
            "name": "front-repo",
            "registry_id": "711348555690",
            "repository_url": "711348555690.dkr.ecr.eu-central-1.amazonaws.com/front-repo",
            "tags": {},
            "tags_all": {},
            "timeouts": null
          },
          "sensitive_attributes": [],
          "private": "eyJlMmJmYjczMC1lY2FhLTExZTYtOGY4OC0zNDM2M2JjN2M0YzAiOnsiZGVsZXRlIjoxMjAwMDAwMDAwMDAwfX0="
        }
      ]
    },
    {
      "mode": "managed",
      "type": "aws_iam_role",
      "name": "LambdaRole",
      "provider": "provider[\"registry.terraform.io/hashicorp/aws\"]",
      "instances": [
        {
          "schema_version": 0,
          "attributes": {
            "arn": "arn:aws:iam::711348555690:role/lambda-role",
            "assume_role_policy": "{\"Statement\":[{\"Action\":\"sts:AssumeRole\",\"Effect\":\"Allow\",\"Principal\":{\"Service\":\"lambda.amazonaws.com\"}}],\"Version\":\"2012-10-17\"}",
            "create_date": "2024-01-24T09:19:00Z",
            "description": "",
            "force_detach_policies": false,
            "id": "lambda-role",
            "inline_policy": [],
            "managed_policy_arns": [
              "arn:aws:iam::aws:policy/service-role/AWSLambdaBasicExecutionRole"
            ],
            "max_session_duration": 3600,
            "name": "lambda-role",
            "name_prefix": "",
            "path": "/",
            "permissions_boundary": "",
            "tags": {},
            "tags_all": {},
            "unique_id": "AROA2LH5NR6VHPN5QYHTG"
          },
          "sensitive_attributes": [],
          "private": "bnVsbA=="
        }
      ]
    },
    {
      "mode": "managed",
      "type": "aws_iam_role_policy_attachment",
      "name": "LambdaExecPolicyAttachment",
      "provider": "provider[\"registry.terraform.io/hashicorp/aws\"]",
      "instances": [
        {
          "schema_version": 0,
          "attributes": {
            "id": "lambda-role-20240124091902102000000001",
            "policy_arn": "arn:aws:iam::aws:policy/service-role/AWSLambdaBasicExecutionRole",
            "role": "lambda-role"
          },
          "sensitive_attributes": [],
          "private": "bnVsbA==",
          "dependencies": [
            "aws_iam_role.LambdaRole"
          ]
        }
      ]
    },
    {
      "mode": "managed",
      "type": "aws_lambda_function",
      "name": "BackLambda",
      "provider": "provider[\"registry.terraform.io/hashicorp/aws\"]",
      "instances": [
        {
          "schema_version": 0,
          "attributes": {
            "architectures": [
              "arm64"
            ],
            "arn": "arn:aws:lambda:eu-central-1:711348555690:function:back-lambda",
            "code_signing_config_arn": "",
            "dead_letter_config": [],
            "description": "",
            "environment": [],
            "ephemeral_storage": [
              {
                "size": 512
              }
            ],
            "file_system_config": [],
            "filename": null,
            "function_name": "back-lambda",
            "handler": "",
            "id": "back-lambda",
            "image_config": [],
            "image_uri": "711348555690.dkr.ecr.eu-central-1.amazonaws.com/back-repo:latest",
            "invoke_arn": "arn:aws:apigateway:eu-central-1:lambda:path/2015-03-31/functions/arn:aws:lambda:eu-central-1:711348555690:function:back-lambda/invocations",
            "kms_key_arn": "",
            "last_modified": "2024-01-24T12:52:00.000+0000",
            "layers": [],
            "logging_config": [
              {
                "application_log_level": "INFO",
                "log_format": "JSON",
                "log_group": "/aws/lambda/back-lambda",
                "system_log_level": "INFO"
              }
            ],
            "memory_size": 1792,
            "package_type": "Image",
            "publish": false,
            "qualified_arn": "arn:aws:lambda:eu-central-1:711348555690:function:back-lambda:$LATEST",
            "qualified_invoke_arn": "arn:aws:apigateway:eu-central-1:lambda:path/2015-03-31/functions/arn:aws:lambda:eu-central-1:711348555690:function:back-lambda:$LATEST/invocations",
            "replace_security_groups_on_destroy": null,
            "replacement_security_group_ids": null,
            "reserved_concurrent_executions": -1,
            "role": "arn:aws:iam::711348555690:role/lambda-role",
            "runtime": "",
            "s3_bucket": null,
            "s3_key": null,
            "s3_object_version": null,
            "signing_job_arn": "",
            "signing_profile_version_arn": "",
            "skip_destroy": false,
            "snap_start": [],
            "source_code_hash": "f25f0bdc6c7a8384ed41a937fe83ae0acad48764319bec4771ef61a3f8ab4841",
            "source_code_size": 0,
            "tags": {},
            "tags_all": {},
            "timeout": 5,
            "timeouts": null,
            "tracing_config": [
              {
                "mode": "PassThrough"
              }
            ],
            "version": "$LATEST",
            "vpc_config": []
          },
          "sensitive_attributes": [],
          "private": "eyJlMmJmYjczMC1lY2FhLTExZTYtOGY4OC0zNDM2M2JjN2M0YzAiOnsiY3JlYXRlIjo2MDAwMDAwMDAwMDAsImRlbGV0ZSI6NjAwMDAwMDAwMDAwLCJ1cGRhdGUiOjYwMDAwMDAwMDAwMH19",
          "dependencies": [
            "aws_ecr_repository.BackRepo",
            "aws_iam_role.LambdaRole",
            "data.aws_ecr_authorization_token.token",
            "docker_image.BackImage"
          ]
        }
      ]
    },
    {
      "mode": "managed",
      "type": "aws_lambda_function_url",
      "name": "BackLambdaUrl",
      "provider": "provider[\"registry.terraform.io/hashicorp/aws\"]",
      "instances": [
        {
          "schema_version": 0,
          "attributes": {
            "authorization_type": "NONE",
            "cors": [],
            "function_arn": "arn:aws:lambda:eu-central-1:711348555690:function:back-lambda",
            "function_name": "back-lambda",
            "function_url": "https://bxhne6uumeuxjabn5oo4bpp4ty0jkcfg.lambda-url.eu-central-1.on.aws/",
            "id": "back-lambda",
            "invoke_mode": "BUFFERED",
            "qualifier": "",
            "timeouts": null,
            "url_id": "bxhne6uumeuxjabn5oo4bpp4ty0jkcfg"
          },
          "sensitive_attributes": [],
          "private": "eyJlMmJmYjczMC1lY2FhLTExZTYtOGY4OC0zNDM2M2JjN2M0YzAiOnsiY3JlYXRlIjo2MDAwMDAwMDAwMDB9fQ==",
          "dependencies": [
            "aws_ecr_repository.BackRepo",
            "aws_iam_role.LambdaRole",
            "aws_lambda_function.BackLambda",
            "data.aws_ecr_authorization_token.token",
            "docker_image.BackImage"
          ]
        }
      ]
    },
    {
      "mode": "managed",
      "type": "docker_image",
      "name": "BackImage",
      "provider": "provider[\"registry.terraform.io/kreuzwerker/docker\"]",
      "instances": [
        {
          "schema_version": 0,
          "attributes": {
            "build": [
              {
                "auth_config": [],
                "build_arg": null,
                "build_args": null,
                "build_id": "",
                "cache_from": [],
                "cgroup_parent": "",
                "context": "/home/user/github/cdktf-project/src/back",
                "cpu_period": null,
                "cpu_quota": null,
                "cpu_set_cpus": "",
                "cpu_set_mems": "",
                "cpu_shares": null,
                "dockerfile": "Dockerfile",
                "extra_hosts": [],
                "force_remove": null,
                "isolation": "",
                "label": null,
                "labels": null,
                "memory": null,
                "memory_swap": null,
                "network_mode": "",
                "no_cache": null,
                "platform": "",
                "pull_parent": null,
                "remote_context": "",
                "remove": true,
                "security_opt": [],
                "session_id": "",
                "shm_size": null,
                "squash": null,
                "suppress_output": null,
                "tag": [],
                "target": "",
                "ulimit": [],
                "version": ""
              }
            ],
            "force_remove": null,
            "id": "sha256:e51d39e084f4ad8c3026d0eb91d0ba4c5556c5dba389125ef941a0c84f9e5054711348555690.dkr.ecr.eu-central-1.amazonaws.com/back-repo:latest",
            "image_id": "sha256:e51d39e084f4ad8c3026d0eb91d0ba4c5556c5dba389125ef941a0c84f9e5054",
            "keep_locally": null,
            "name": "711348555690.dkr.ecr.eu-central-1.amazonaws.com/back-repo:latest",
            "platform": "linux/arm64",
            "pull_triggers": null,
            "repo_digest": "",
            "triggers": {
              "filesha256": "572b07adbed0b1fe69986fbe2b211d50f420839f4aa47cd5785acebb6b7ba8cb"
            }
          },
          "sensitive_attributes": [],
          "private": "bnVsbA==",
          "dependencies": [
            "aws_ecr_repository.BackRepo",
            "data.aws_ecr_authorization_token.token"
          ]
        }
      ]
    },
    {
      "mode": "managed",
      "type": "docker_image",
      "name": "FrontImage",
      "provider": "provider[\"registry.terraform.io/kreuzwerker/docker\"]",
      "instances": [
        {
          "schema_version": 0,
          "attributes": {
            "build": [
              {
                "auth_config": [],
                "build_arg": {},
                "build_args": {},
                "build_id": "",
                "cache_from": [],
                "cgroup_parent": "",
                "context": "/home/user/github/cdktf-project/src/front",
                "cpu_period": 0,
                "cpu_quota": 0,
                "cpu_set_cpus": "",
                "cpu_set_mems": "",
                "cpu_shares": 0,
                "dockerfile": "Dockerfile",
                "extra_hosts": [],
                "force_remove": false,
                "isolation": "",
                "label": {},
                "labels": {},
                "memory": 0,
                "memory_swap": 0,
                "network_mode": "",
                "no_cache": false,
                "platform": "",
                "pull_parent": false,
                "remote_context": "",
                "remove": true,
                "security_opt": [],
                "session_id": "",
                "shm_size": 0,
                "squash": false,
                "suppress_output": false,
                "tag": [],
                "target": "",
                "ulimit": [],
                "version": ""
              }
            ],
            "force_remove": null,
            "id": "sha256:c78d471df96f5bf0d4538c961fbbf07e1f790f0d2c2dc8feae2d573d7c44e883711348555690.dkr.ecr.eu-central-1.amazonaws.com/front-repo:latest",
            "image_id": "sha256:c78d471df96f5bf0d4538c961fbbf07e1f790f0d2c2dc8feae2d573d7c44e883",
            "keep_locally": null,
            "name": "711348555690.dkr.ecr.eu-central-1.amazonaws.com/front-repo:latest",
            "platform": "linux/arm64",
            "pull_triggers": null,
            "repo_digest": "711348555690.dkr.ecr.eu-central-1.amazonaws.com/front-repo@sha256:b30c3a220dee33d6bd87ded8c742b08dd68a7f738791ad589dc6f45c71dfd428",
            "triggers": {
              "filesha256": "9dd6df6a8aad0c5be2d0ff5d66c31f6c68abffb59be1e1152729b8af7f349738"
            }
          },
          "sensitive_attributes": [],
          "private": "bnVsbA==",
          "dependencies": [
            "aws_ecr_repository.FrontRepo",
            "data.aws_ecr_authorization_token.token"
          ]
        }
      ]
    },
    {
      "mode": "managed",
      "type": "docker_registry_image",
      "name": "BackUpload",
      "provider": "provider[\"registry.terraform.io/kreuzwerker/docker\"]",
      "instances": [
        {
          "schema_version": 0,
          "attributes": {
            "id": "sha256:0a04aa3f718afb932eceb2bf010d1c599d547e5ca8fb63bdb31f025c9b9500c0",
            "insecure_skip_verify": false,
            "keep_remotely": false,
            "name": "711348555690.dkr.ecr.eu-central-1.amazonaws.com/back-repo:latest",
            "sha256_digest": "sha256:0a04aa3f718afb932eceb2bf010d1c599d547e5ca8fb63bdb31f025c9b9500c0",
            "triggers": {
              "filesha256": "572b07adbed0b1fe69986fbe2b211d50f420839f4aa47cd5785acebb6b7ba8cb"
            }
          },
          "sensitive_attributes": [],
          "private": "bnVsbA==",
          "dependencies": [
            "aws_ecr_repository.BackRepo",
            "data.aws_ecr_authorization_token.token",
            "docker_image.BackImage"
          ]
        }
      ]
    },
    {
      "mode": "managed",
      "type": "docker_registry_image",
      "name": "FrontUpload",
      "provider": "provider[\"registry.terraform.io/kreuzwerker/docker\"]",
      "instances": [
        {
          "schema_version": 0,
          "attributes": {
            "id": "sha256:b30c3a220dee33d6bd87ded8c742b08dd68a7f738791ad589dc6f45c71dfd428",
            "insecure_skip_verify": false,
            "keep_remotely": false,
            "name": "711348555690.dkr.ecr.eu-central-1.amazonaws.com/front-repo:latest",
            "sha256_digest": "sha256:b30c3a220dee33d6bd87ded8c742b08dd68a7f738791ad589dc6f45c71dfd428",
            "triggers": {
              "filesha256": "9dd6df6a8aad0c5be2d0ff5d66c31f6c68abffb59be1e1152729b8af7f349738"
            }
          },
          "sensitive_attributes": [],
          "private": "bnVsbA==",
          "dependencies": [
            "aws_ecr_repository.FrontRepo",
            "data.aws_ecr_authorization_token.token",
            "docker_image.FrontImage"
          ]
        }
      ]
    }
  ],
  "check_results": null
}
