{
  "version": 4,
  "terraform_version": "1.7.0",
  "serial": 731,
  "lineage": "a595879c-8348-d326-a097-97e4ec7507b9",
  "outputs": {},
  "resources": [
    {
      "mode": "data",
      "type": "aws_ecr_authorization_token",
      "name": "token",
      "provider": "provider[\"registry.terraform.io/hashicorp/aws\"]",
      "instances": [
        {
          "schema_version": 0,
          "attributes": {
            "authorization_token": "QVdTOmV5SndZWGxzYjJGa0lqb2ljV1V3UXpWTGJuQmllak5HVGs5c2RFWkhjVUpVVldkaWNtVTJSMk5hSzNkalUyMHpOazlJTm05Rk5FWnFZblZyYUVsTVRqaE9kamRIZWpGcGJXSjFZbkZQUjNSTVRrcHVUVWRIZHpFM1RGbG5OWGt3WVU4dlFUQnZSRXhIUlhWUVowdzFjWGwzUlZad2FHZGxNM0ozVkRacVJVVnNiVFZNVEhGU01HOXVUR2hxTlZWSlpIWndMeko1Tlc5S1UyVXlXVmRDUVVZNWFXZFFiV1pUTjFoaFdVTndUR0pVZDJKU1JDOXlZbElyVm5CSFoxUnlUbFF2Ym1aalNuSlZjM0JuTkRSeE5tVjJLMlpvY25WU1pWYzVlazB3YkROVVJ6WnVXREUwTW10aVJFNUlZbGRITVVWQlVrbERTVzg0YkhoRFdtWkRkM0o1Y1daQmNVdFZaUzlDVFRGNU5pdHhPR3RXYTNwUlNsUkZVVVJOY0RGbFNsWmtZekUxVkdsdlVTdFdOSGwzU1VKME1VSm9kRTlXTWpGbVJXSnBiMmxzYjA1NFZXZEpUbWRVUVVabE1XMVhNbTV3TnpadFFWWkRjRXBEVlRKelZGVjVka3hqWjNoblMwOHphRkF6YkhsWFZGVkVUM2MwVHpOR1RtNUZXbEV2WkhGRFMyZGthazB5ZG5wdVdIUlpNM2RIU0hoaGRYTTVjMUo0Y0UxM1FVaEhTVzFqTTBwNk0zSnhOMUJZUVRoak9FcGhPRUZLWjNodGVVRXhVMmh3UlVnd1VUaGtUMmcwZVRsUWIxUXhjbGxQY0hKeFF6RlRhRGxxWnpkblNEbEhlV1ZvVERJNFpuZEpNRGR5Ym5SRGNVeEdTek51ZDBwaVdXTlJWVFJ6TlRWSlRFVkhUR041TUZkUWVsVnRWblZKWlhkS1VIWkZPSGRHUVVkRk9YRjZOMGx2ZDJobU0wWjFZamhSVTNaMWJrWmFTM2w0UlRNemFHdG5LMGhtVlVWMU1TOVRXalF5TW1kcVFsaGhNRE0wTUhNeVNsUXpWbnBaUzI1a1ZHaG9TVzFEVFZjNFFuVldkMHhvWVRBek5tNUlhRFpzYUhCWGFYSXZUVlJIUnpCU2VHdzVSa0ZUVFZKeWVTODROMGw2UzJaRldHMHhibTgxY0dZclFUY3ZiWE4wVUdSSWNHVXZVVFl2YkhoRU5qVTNUREE1VjNGTFNWaHpaRlZSY210QlJ6RnRabTl5VW14cmRVOVVja2hzWjJsc1EzVlNNRE56WlZoeFF6QnBhVGxaTjNab09EaG1lVTVCUkRkQlRYYzFaSFF2VWtKTVZXeEVVMlZyWmpjNVZsTnZNME5RU0RWbUt6WldXREJXY1hSU2FscENOREJIU0ZkcVZFa3lWSGxXSzBSaGVYWmFiVFYzTUVWVlJrODFNME5uVVZJNU9WcHFWV0o2U3l0blprbE9aREpqVjNaeGFYbHdjQ3MxZUcxTGJXMUVjVzlpUlRCWGVUVjJVWFpGVG5WSFIzSk5ValJWWTFWWFJsVmFOV1J2TXpseWIycDBTWFJyY2tKcGNVRlFVblJtY0ZwdFZFZE9lSE5HWVZneFVsSjZZWGRCVjFZeWRGTjFaRWswVVU1UFluRXZVbE5pYm5Zek1GWktaRW93V2poTGFHSjJabFU0YkVSVUsyODJRblZsU0ZwdWJpOVVPRXBOUldvNVREWTVURFp6V2xwS1VDdFVUbWRVTlVGU01tRm9NblZPVjNGWVFtUTNORTlHTkVaQlVscDBkVTltYzFWRlVsbFNRbTV2Y3pNMGNIUXZhVE5UY2pocVUzQmhVRGxEWVdkVFZEUmhjVU5ZYUVRMmRrcHVLMU5FU21rMWNqaGljVk5vVEVReVZrWjBVamRPYkZBelIycDVOREVyU21aeGN6Wmxia2xxWlc1c1YzSTBNQzhyYzFOMFpEWjNSV2czV1RSTVJXSmpkalJSYmpaWFMydGhWVzVzUlVNeVpXVkxkVzFtYjFkNFMxUjVSRTlHWkhaa1VHNDJZM3A1WkRraUxDSmtZWFJoYTJWNUlqb2lRVkZGUWtGSWFETjZXVTlrZEhCQ1FsTldkeTlaTW1GdU9FSllTVVEwYTNkTVVXWnViMVJxTlhwM1duUkhTbHB2V2xGQlFVRklOSGRtUVZsS1MyOWFTV2gyWTA1QlVXTkhiMGM0ZDJKUlNVSkJSRUp2UW1kcmNXaHJhVWM1ZHpCQ1FuZEZkMGhuV1VwWlNWcEpRVmRWUkVKQlJYVk5Ra1ZGUkVSbGFrbFVhMFJOUkRWU1pXOTFPV0ozU1VKRlNVRTNTR2sxUnpnd1pEZ3ZSVlJJUnpRMGRGaENRWEJwSzBzeGEwZzJNM1EwTTNSMlYyNUlia3BUVFZSMFNrZzJjVFkwVjJWWlFsb3ZiakZIYlZwaGMzbDJZM0JPV0VvemNFVkdlVXA1Y1hwMGR6MGlMQ0oyWlhKemFXOXVJam9pTWlJc0luUjVjR1VpT2lKRVFWUkJYMHRGV1NJc0ltVjRjR2x5WVhScGIyNGlPakUzTURZeU5UWTVOalI5",
            "expires_at": "2024-01-26T08:16:04Z",
            "id": "eu-central-1",
            "password": "eyJwYXlsb2FkIjoicWUwQzVLbnBiejNGTk9sdEZHcUJUVWdicmU2R2NaK3djU20zNk9INm9FNEZqYnVraElMTjhOdjdHejFpbWJ1YnFPR3RMTkpuTUdHdzE3TFlnNXkwYU8vQTBvRExHRXVQZ0w1cXl3RVZwaGdlM3J3VDZqRUVsbTVMTHFSMG9uTGhqNVVJZHZwLzJ5NW9KU2UyWVdCQUY5aWdQbWZTN1hhWUNwTGJUd2JSRC9yYlIrVnBHZ1RyTlQvbmZjSnJVc3BnNDRxNmV2K2ZocnVSZVc5ek0wbDNURzZuWDE0MmtiRE5IYldHMUVBUklDSW84bHhDWmZDd3J5cWZBcUtVZS9CTTF5NitxOGtWa3pRSlRFUURNcDFlSlZkYzE1VGlvUStWNHl3SUJ0MUJodE9WMjFmRWJpb2lsb054VWdJTmdUQUZlMW1XMm5wNzZtQVZDcEpDVTJzVFV5dkxjZ3hnS08zaFAzbHlXVFVET3c0TzNGTm5FWlEvZHFDS2dkak0ydnpuWHRZM3dHSHhhdXM5c1J4cE13QUhHSW1jM0p6M3JxN1BYQThjOEphOEFKZ3hteUExU2hwRUgwUThkT2g0eTlQb1QxcllPcHJxQzFTaDlqZzdnSDlHeWVoTDI4ZndJMDdybnRDcUxGSzNud0piWWNRVTRzNTVJTEVHTGN5MFdQelVtVnVJZXdKUHZFOHdGQUdFOXF6N0lvd2hmM0Z1YjhRU3Z1bkZaS3l4RTMzaGtnK0hmVUV1MS9TWjQyMmdqQlhhMDM0MHMySlQzVnpZS25kVGhoSW1DTVc4QnVWd0xoYTAzNm5IaDZsaHBXaXIvTVRHRzBSeGw5RkFTTVJyeS84N0l6S2ZFWG0xbm81cGYrQTcvbXN0UGRIcGUvUTYvbHhENjU3TDA5V3FLSVhzZFVRcmtBRzFtZm9yUmxrdU9UckhsZ2lsQ3VSMDNzZVhxQzBpaTlZN3ZoODhmeU5BRDdBTXc1ZHQvUkJMVWxEU2VrZjc5VlNvM0NQSDVmKzZWWDBWcXRSalpCNDBHSFdqVEkyVHlWK0RheXZabTV3MEVVRk81M0NnUVI5OVpqVWJ6SytnZklOZDJjV3ZxaXlwcCs1eG1LbW1EcW9iRTBXeTV2UXZFTnVHR3JNUjRVY1VXRlVaNWRvMzlyb2p0SXRrckJpcUFQUnRmcFptVEdOeHNGYVgxUlJ6YXdBV1YydFN1ZEk0UU5PYnEvUlNibnYzMFZKZEowWjhLaGJ2ZlU4bERUK282QnVlSFpubi9UOEpNRWo5TDY5TDZzWlpKUCtUTmdUNUFSMmFoMnVOV3FYQmQ3NE9GNEZBUlp0dU9mc1VFUllSQm5vczM0cHQvaTNTcjhqU3BhUDlDYWdTVDRhcUNYaEQ2dkpuK1NESmk1cjhicVNoTEQyVkZ0UjdObFAzR2p5NDErSmZxczZlbklqZW5sV3I0MC8rc1N0ZDZ3RWg3WTRMRWJjdjRRbjZXS2thVW5sRUMyZWVLdW1mb1d4S1R5RE9GZHZkUG42Y3p5ZDkiLCJkYXRha2V5IjoiQVFFQkFIaDN6WU9kdHBCQlNWdy9ZMmFuOEJYSUQ0a3dMUWZub1RqNXp3WnRHSlpvWlFBQUFINHdmQVlKS29aSWh2Y05BUWNHb0c4d2JRSUJBREJvQmdrcWhraUc5dzBCQndFd0hnWUpZSVpJQVdVREJBRXVNQkVFRERlaklUa0RNRDVSZW91OWJ3SUJFSUE3SGk1RzgwZDgvRVRIRzQ0dFhCQXBpK0sxa0g2M3Q0M3R2V25IbkpTTVR0Skg2cTY0V2VZQlovbjFHbVphc3l2Y3BOWEozcEVGeUp5cXp0dz0iLCJ2ZXJzaW9uIjoiMiIsInR5cGUiOiJEQVRBX0tFWSIsImV4cGlyYXRpb24iOjE3MDYyNTY5NjR9",
            "proxy_endpoint": "https://711348555690.dkr.ecr.eu-central-1.amazonaws.com",
            "registry_id": null,
            "user_name": "AWS"
          },
          "sensitive_attributes": []
        }
      ]
    },
    {
      "mode": "managed",
      "type": "aws_ecr_repository",
      "name": "BackRepo",
      "provider": "provider[\"registry.terraform.io/hashicorp/aws\"]",
      "instances": [
        {
          "schema_version": 0,
          "attributes": {
            "arn": "arn:aws:ecr:eu-central-1:711348555690:repository/back-repo",
            "encryption_configuration": [
              {
                "encryption_type": "AES256",
                "kms_key": ""
              }
            ],
            "force_delete": null,
            "id": "back-repo",
            "image_scanning_configuration": [
              {
                "scan_on_push": false
              }
            ],
            "image_tag_mutability": "MUTABLE",
            "name": "back-repo",
            "registry_id": "711348555690",
            "repository_url": "711348555690.dkr.ecr.eu-central-1.amazonaws.com/back-repo",
            "tags": {},
            "tags_all": {},
            "timeouts": null
          },
          "sensitive_attributes": [],
          "private": "eyJlMmJmYjczMC1lY2FhLTExZTYtOGY4OC0zNDM2M2JjN2M0YzAiOnsiZGVsZXRlIjoxMjAwMDAwMDAwMDAwfX0="
        }
      ]
    },
    {
      "mode": "managed",
      "type": "aws_ecr_repository",
      "name": "FrontRepo",
      "provider": "provider[\"registry.terraform.io/hashicorp/aws\"]",
      "instances": [
        {
          "schema_version": 0,
          "attributes": {
            "arn": "arn:aws:ecr:eu-central-1:711348555690:repository/front-repo",
            "encryption_configuration": [
              {
                "encryption_type": "AES256",
                "kms_key": ""
              }
            ],
            "force_delete": null,
            "id": "front-repo",
            "image_scanning_configuration": [
              {
                "scan_on_push": false
              }
            ],
            "image_tag_mutability": "MUTABLE",
            "name": "front-repo",
            "registry_id": "711348555690",
            "repository_url": "711348555690.dkr.ecr.eu-central-1.amazonaws.com/front-repo",
            "tags": {},
            "tags_all": {},
            "timeouts": null
          },
          "sensitive_attributes": [],
          "private": "eyJlMmJmYjczMC1lY2FhLTExZTYtOGY4OC0zNDM2M2JjN2M0YzAiOnsiZGVsZXRlIjoxMjAwMDAwMDAwMDAwfX0="
        }
      ]
    },
    {
      "mode": "managed",
      "type": "aws_iam_role",
      "name": "LambdaRole",
      "provider": "provider[\"registry.terraform.io/hashicorp/aws\"]",
      "instances": [
        {
          "schema_version": 0,
          "attributes": {
            "arn": "arn:aws:iam::711348555690:role/lambda-role",
            "assume_role_policy": "{\"Statement\":[{\"Action\":\"sts:AssumeRole\",\"Effect\":\"Allow\",\"Principal\":{\"Service\":\"lambda.amazonaws.com\"}}],\"Version\":\"2012-10-17\"}",
            "create_date": "2024-01-25T19:50:08Z",
            "description": "",
            "force_detach_policies": false,
            "id": "lambda-role",
            "inline_policy": [],
            "managed_policy_arns": [
              "arn:aws:iam::aws:policy/service-role/AWSLambdaBasicExecutionRole"
            ],
            "max_session_duration": 3600,
            "name": "lambda-role",
            "name_prefix": "",
            "path": "/",
            "permissions_boundary": "",
            "tags": {},
            "tags_all": {},
            "unique_id": "AROA2LH5NR6VALVJSJX6Z"
          },
          "sensitive_attributes": [],
          "private": "bnVsbA=="
        }
      ]
    },
    {
      "mode": "managed",
      "type": "aws_iam_role_policy_attachment",
      "name": "LambdaExecPolicyAttachment",
      "provider": "provider[\"registry.terraform.io/hashicorp/aws\"]",
      "instances": [
        {
          "schema_version": 0,
          "attributes": {
            "id": "lambda-role-20240125195009805400000001",
            "policy_arn": "arn:aws:iam::aws:policy/service-role/AWSLambdaBasicExecutionRole",
            "role": "lambda-role"
          },
          "sensitive_attributes": [],
          "private": "bnVsbA==",
          "dependencies": [
            "aws_iam_role.LambdaRole"
          ]
        }
      ]
    },
    {
      "mode": "managed",
      "type": "aws_lambda_function",
      "name": "BackLambda",
      "provider": "provider[\"registry.terraform.io/hashicorp/aws\"]",
      "instances": [
        {
          "schema_version": 0,
          "attributes": {
            "architectures": [
              "x86_64"
            ],
            "arn": "arn:aws:lambda:eu-central-1:711348555690:function:back-lambda",
            "code_signing_config_arn": "",
            "dead_letter_config": [],
            "description": "",
            "environment": [
              {
                "variables": {
                  "HOME": "/tmp"
                }
              }
            ],
            "ephemeral_storage": [
              {
                "size": 512
              }
            ],
            "file_system_config": [],
            "filename": null,
            "function_name": "back-lambda",
            "handler": "",
            "id": "back-lambda",
            "image_config": [],
            "image_uri": "711348555690.dkr.ecr.eu-central-1.amazonaws.com/back-repo@sha256:c2b0421a808f06534e4d4276a510b707fda711db46faefc6488786d811144427",
            "invoke_arn": "arn:aws:apigateway:eu-central-1:lambda:path/2015-03-31/functions/arn:aws:lambda:eu-central-1:711348555690:function:back-lambda/invocations",
            "kms_key_arn": "",
            "last_modified": "2024-01-25T20:16:14.000+0000",
            "layers": [],
            "logging_config": [
              {
                "application_log_level": "INFO",
                "log_format": "JSON",
                "log_group": "/aws/lambda/back-lambda",
                "system_log_level": "INFO"
              }
            ],
            "memory_size": 1792,
            "package_type": "Image",
            "publish": false,
            "qualified_arn": "arn:aws:lambda:eu-central-1:711348555690:function:back-lambda:$LATEST",
            "qualified_invoke_arn": "arn:aws:apigateway:eu-central-1:lambda:path/2015-03-31/functions/arn:aws:lambda:eu-central-1:711348555690:function:back-lambda:$LATEST/invocations",
            "replace_security_groups_on_destroy": null,
            "replacement_security_group_ids": null,
            "reserved_concurrent_executions": -1,
            "role": "arn:aws:iam::711348555690:role/lambda-role",
            "runtime": "",
            "s3_bucket": null,
            "s3_key": null,
            "s3_object_version": null,
            "signing_job_arn": "",
            "signing_profile_version_arn": "",
            "skip_destroy": false,
            "snap_start": [],
            "source_code_hash": "c2b0421a808f06534e4d4276a510b707fda711db46faefc6488786d811144427",
            "source_code_size": 0,
            "tags": {},
            "tags_all": {},
            "timeout": 5,
            "timeouts": null,
            "tracing_config": [
              {
                "mode": "PassThrough"
              }
            ],
            "version": "$LATEST",
            "vpc_config": []
          },
          "sensitive_attributes": [],
          "private": "eyJlMmJmYjczMC1lY2FhLTExZTYtOGY4OC0zNDM2M2JjN2M0YzAiOnsiY3JlYXRlIjo2MDAwMDAwMDAwMDAsImRlbGV0ZSI6NjAwMDAwMDAwMDAwLCJ1cGRhdGUiOjYwMDAwMDAwMDAwMH19",
          "dependencies": [
            "aws_ecr_repository.BackRepo",
            "aws_iam_role.LambdaRole",
            "data.aws_ecr_authorization_token.token",
            "docker_image.BackImage",
            "docker_registry_image.BackEcrImage"
          ]
        }
      ]
    },
    {
      "mode": "managed",
      "type": "aws_lambda_function_url",
      "name": "BackLambdaUrl",
      "provider": "provider[\"registry.terraform.io/hashicorp/aws\"]",
      "instances": [
        {
          "schema_version": 0,
          "attributes": {
            "authorization_type": "NONE",
            "cors": [],
            "function_arn": "arn:aws:lambda:eu-central-1:711348555690:function:back-lambda",
            "function_name": "back-lambda",
            "function_url": "https://k64e66rzv3cm3ypsbt43bi7ypq0nzhpv.lambda-url.eu-central-1.on.aws/",
            "id": "back-lambda",
            "invoke_mode": "BUFFERED",
            "qualifier": "",
            "timeouts": null,
            "url_id": "k64e66rzv3cm3ypsbt43bi7ypq0nzhpv"
          },
          "sensitive_attributes": [],
          "private": "eyJlMmJmYjczMC1lY2FhLTExZTYtOGY4OC0zNDM2M2JjN2M0YzAiOnsiY3JlYXRlIjo2MDAwMDAwMDAwMDB9fQ==",
          "dependencies": [
            "aws_ecr_repository.BackRepo",
            "aws_iam_role.LambdaRole",
            "aws_lambda_function.BackLambda",
            "data.aws_ecr_authorization_token.token",
            "docker_image.BackImage",
            "docker_registry_image.BackEcrImage"
          ]
        }
      ]
    },
    {
      "mode": "managed",
      "type": "docker_image",
      "name": "BackImage",
      "provider": "provider[\"registry.terraform.io/kreuzwerker/docker\"]",
      "instances": [
        {
          "schema_version": 0,
          "attributes": {
            "build": [
              {
                "auth_config": [],
                "build_arg": null,
                "build_args": null,
                "build_id": "",
                "cache_from": [],
                "cgroup_parent": "",
                "context": "/home/user/github/cdktf-project/src/back",
                "cpu_period": null,
                "cpu_quota": null,
                "cpu_set_cpus": "",
                "cpu_set_mems": "",
                "cpu_shares": null,
                "dockerfile": "Dockerfile",
                "extra_hosts": [],
                "force_remove": null,
                "isolation": "",
                "label": null,
                "labels": null,
                "memory": null,
                "memory_swap": null,
                "network_mode": "",
                "no_cache": null,
                "platform": "linux/amd64",
                "pull_parent": null,
                "remote_context": "",
                "remove": true,
                "security_opt": [],
                "session_id": "",
                "shm_size": null,
                "squash": null,
                "suppress_output": null,
                "tag": [],
                "target": "",
                "ulimit": [],
                "version": ""
              }
            ],
            "force_remove": null,
            "id": "sha256:5cbbded332bce64cf6345fe9f12507daf5769f34aaf1701837b556b07ee5ce4d711348555690.dkr.ecr.eu-central-1.amazonaws.com/back-repo",
            "image_id": "sha256:5cbbded332bce64cf6345fe9f12507daf5769f34aaf1701837b556b07ee5ce4d",
            "keep_locally": null,
            "name": "711348555690.dkr.ecr.eu-central-1.amazonaws.com/back-repo",
            "platform": null,
            "pull_triggers": null,
            "repo_digest": "",
            "triggers": {
              "filesha256": "1254bf07a59ad0772e00d5b67b68c2f343a099e781b2667d9cce1660aa55b992"
            }
          },
          "sensitive_attributes": [],
          "private": "bnVsbA==",
          "dependencies": [
            "aws_ecr_repository.BackRepo",
            "data.aws_ecr_authorization_token.token"
          ]
        }
      ]
    },
    {
      "mode": "managed",
      "type": "docker_image",
      "name": "FrontImage",
      "provider": "provider[\"registry.terraform.io/kreuzwerker/docker\"]",
      "instances": [
        {
          "schema_version": 0,
          "attributes": {
            "build": [
              {
                "auth_config": [],
                "build_arg": {},
                "build_args": {},
                "build_id": "",
                "cache_from": [],
                "cgroup_parent": "",
                "context": "/home/user/github/cdktf-project/src/front",
                "cpu_period": 0,
                "cpu_quota": 0,
                "cpu_set_cpus": "",
                "cpu_set_mems": "",
                "cpu_shares": 0,
                "dockerfile": "Dockerfile",
                "extra_hosts": [],
                "force_remove": false,
                "isolation": "",
                "label": {},
                "labels": {},
                "memory": 0,
                "memory_swap": 0,
                "network_mode": "",
                "no_cache": false,
                "platform": "linux/amd64",
                "pull_parent": false,
                "remote_context": "",
                "remove": true,
                "security_opt": [],
                "session_id": "",
                "shm_size": 0,
                "squash": false,
                "suppress_output": false,
                "tag": [],
                "target": "",
                "ulimit": [],
                "version": ""
              }
            ],
            "force_remove": null,
            "id": "sha256:c78d471df96f5bf0d4538c961fbbf07e1f790f0d2c2dc8feae2d573d7c44e883711348555690.dkr.ecr.eu-central-1.amazonaws.com/front-repo:latest",
            "image_id": "sha256:c78d471df96f5bf0d4538c961fbbf07e1f790f0d2c2dc8feae2d573d7c44e883",
            "keep_locally": null,
            "name": "711348555690.dkr.ecr.eu-central-1.amazonaws.com/front-repo:latest",
            "platform": null,
            "pull_triggers": null,
            "repo_digest": "711348555690.dkr.ecr.eu-central-1.amazonaws.com/front-repo@sha256:b30c3a220dee33d6bd87ded8c742b08dd68a7f738791ad589dc6f45c71dfd428",
            "triggers": {
              "filesha256": "9dd6df6a8aad0c5be2d0ff5d66c31f6c68abffb59be1e1152729b8af7f349738"
            }
          },
          "sensitive_attributes": [],
          "private": "bnVsbA==",
          "dependencies": [
            "aws_ecr_repository.FrontRepo",
            "data.aws_ecr_authorization_token.token"
          ]
        }
      ]
    },
    {
      "mode": "managed",
      "type": "docker_registry_image",
      "name": "BackEcrImage",
      "provider": "provider[\"registry.terraform.io/kreuzwerker/docker\"]",
      "instances": [
        {
          "schema_version": 0,
          "attributes": {
            "id": "sha256:c2b0421a808f06534e4d4276a510b707fda711db46faefc6488786d811144427",
            "insecure_skip_verify": false,
            "keep_remotely": false,
            "name": "711348555690.dkr.ecr.eu-central-1.amazonaws.com/back-repo",
            "sha256_digest": "sha256:c2b0421a808f06534e4d4276a510b707fda711db46faefc6488786d811144427",
            "triggers": {
              "filesha256": "1254bf07a59ad0772e00d5b67b68c2f343a099e781b2667d9cce1660aa55b992"
            }
          },
          "sensitive_attributes": [],
          "private": "bnVsbA==",
          "dependencies": [
            "aws_ecr_repository.BackRepo",
            "data.aws_ecr_authorization_token.token",
            "docker_image.BackImage"
          ]
        }
      ]
    },
    {
      "mode": "managed",
      "type": "docker_registry_image",
      "name": "FrontPush",
      "provider": "provider[\"registry.terraform.io/kreuzwerker/docker\"]",
      "instances": [
        {
          "schema_version": 0,
          "attributes": {
            "id": "sha256:b30c3a220dee33d6bd87ded8c742b08dd68a7f738791ad589dc6f45c71dfd428",
            "insecure_skip_verify": false,
            "keep_remotely": false,
            "name": "711348555690.dkr.ecr.eu-central-1.amazonaws.com/front-repo:latest",
            "sha256_digest": "sha256:b30c3a220dee33d6bd87ded8c742b08dd68a7f738791ad589dc6f45c71dfd428",
            "triggers": {
              "filesha256": "9dd6df6a8aad0c5be2d0ff5d66c31f6c68abffb59be1e1152729b8af7f349738"
            }
          },
          "sensitive_attributes": [],
          "private": "bnVsbA==",
          "dependencies": [
            "aws_ecr_repository.FrontRepo",
            "data.aws_ecr_authorization_token.token",
            "docker_image.FrontImage"
          ]
        }
      ]
    }
  ],
  "check_results": null
}
