{
  "version": 4,
  "terraform_version": "1.7.0",
  "serial": 82,
  "lineage": "a595879c-8348-d326-a097-97e4ec7507b9",
  "outputs": {},
  "resources": [
    {
      "mode": "data",
      "type": "aws_ecr_authorization_token",
      "name": "token",
      "provider": "provider[\"registry.terraform.io/hashicorp/aws\"]",
      "instances": [
        {
          "schema_version": 0,
          "attributes": {
            "authorization_token": "QVdTOmV5SndZWGxzYjJGa0lqb2lhMVV6Wkd0U2NtMWhUbUY1YUd4T1FWTlZTUzh6ZFVRMlVrb3liMjloZDFCVVdWaEhUWEpGWlRkaU9YcFhlalJITTJWRmFHTjRkVTlpUjJwUFYwSmxVbk5RYVd0WFFsUlZja0kxVkRaUU5YRnBSVzVoTjNWNVJUZHJWVXBEUTFJeVpWRnpRV2xRWW1OVFVFTTBXR2wwZUhKcGRsRTRWbXhWYW5wckt6bG9lWGgxZWpkMmIyMDJUMFZUVmpjcmJVVmhkbEpqVTFwbFkyMUlUakpTYm5GRGRXb3hSMjkyU2lzNWJtMTVWV04wY1dkRWJGWm5LMjk1V2tadGJVTnRiMU50UkRReFF6VmlMM2hJZGtwSmNGcHlZVFZTWkhKSVZYUnVURlZQSzNadWJqWXZNbmR0WTFZeldYbG5ZVWw0YjFWblFUSXlVVEZHTURCNGVWQm1NVWN3YW5jNVZrUk9UWGxtYW14cU1EUndTR2N6TDFWV00yTllZM2h5T0RCSk0yNXVSRVZ6WkhKb1ZFNU1WMjFsYnpZMk4wVlFLM1Y2UVVseFRXdHRXak0zU1ZoMloxTm1hRXc1ZVhCS1QzUTVXakJzZVhGNlFtczRaRFJIY0c4MFQyeHVka2hDSzJoMU9XSnlRWGsxYzJwaU5pdGlRazVqV0RWS2N6VmlZVlk1UVZGd09HdHRkRGgwZWtoS1JVVk1jbGMyUm1oTWNXUkRSek5qTVhaUWJ6VmxXbHB3T1RCSFdTOVBlWGRMWTJSMGVWVXpka2hGZWpsa2RFNUNaR2RsUW14NE9FUTJaa2h5UVdWaGNWVkNjaXRtTUhWUFpGQkxiRVYzWmxCUVkzRmFUMjVuZG1wRlFWVk9TR2xJSzFNeU1XeHdkbFJIWW1sT1dqQnVVV2w2U1ZvMFpVbEpTbVk0UmxOcGNXOU5hVEk0WlhKRE1GUjRRbnBrVVZJeFYyOHpNM0UxTnl0V09YbDBOalp3V1c1NmVXTlBMemRxYTFOSGNsbFpUell6T1cwNFoyNWpiMk5JUlROUmVGaHFUVGRyVTFsWGRXVmpVM0ZKY1daU1VWUXhha3huYTJKeVRHMUVaa0pPYVdrdlJEaFJPVXhsWm5sVVFsUldhRlpPT1ZOVllqQnplbXBVVUZaTFVHaHlMMjV5VVd4ek0xQkVWbkZGTWxwRWNVa3liRE56VTNvMlNVUnNVR1ZSTlZSaloxQlVlWEZqY0VGUFVEaERXRzk0T0hwSVFXb3JaV3huUVdJMWFYbHlkMDR2YzBWNWJYcHZOMnB5UWxGd1lWVTJaa2MxYUU5elQzbzJSR0kzUkd4cmFreG5RMFpIY21OdmFHcGFhWFp5TjFKSFMyZE1TbEp5TWpkdFdtOXlWSEE1WTJ0TFdqYzFWM3BOYjBrNFVVOTNOVmRDV0ZGUE1YcFJZemxuUzFVeVVUWnBjV1ZNZGxBdmIwbzBOM1kxT1RkRk1HZEpNVWxpYzB4SmRYaDZiRVpYZVdFd01XOXZiSGx3YVN0eE4wa3ZOazVVTDFocVJFNTZUWFZ5YUhaWWNqZDNXVGxYVlZJNFdYcFNUMWhCV0ROMFQwVTBMMkpZWTJwSlNtUnNXWGxYS3pOSlFXbFhaek5RV1dZMlpFaGlZMmRFVW05RVYwTlhiemhDV1hWaVUyaG9Va05uYnpod2FGQm1hWEpMYTFGTlUzRnpPRTAyUTBod2JVMDFkM1pLY0dsQlYwMVZSRFJvU0U1M2VIQndVakJDTVU5WGNYSldaRkphVXl0YVNVNHhZM1JtWjJzMGNVbHZWM1Z0YzBOWU0ydElaM2RRVFdGbWIxWjJja2RUVHpKQ1NtOHhkM1ZvVm1sa0szbHhaR1oyVUVvMk1UZHhhMkZtY3pCbWVEZzVZbHAwWldaNGR6SXdZVE5rWm5oaVIwRk1OSGxuV0M5UGRrNVlVelZYWTJOSlNqUjJjRTh2YzJsMmVIcDRUekJ0YmxvM2JIWmpMMjFqYkVGVVQxWjJSVXRFZVRGdlMxcFBNR2RZYW5ob2NVTjBabFl3ZEdJaUxDSmtZWFJoYTJWNUlqb2lRVkZGUWtGSWFETjZXVTlrZEhCQ1FsTldkeTlaTW1GdU9FSllTVVEwYTNkTVVXWnViMVJxTlhwM1duUkhTbHB2V2xGQlFVRklOSGRtUVZsS1MyOWFTV2gyWTA1QlVXTkhiMGM0ZDJKUlNVSkJSRUp2UW1kcmNXaHJhVWM1ZHpCQ1FuZEZkMGhuV1VwWlNWcEpRVmRWUkVKQlJYVk5Ra1ZGUkVKaVFXdHpObGh5VmtvelFsaGtZVWhSU1VKRlNVRTNkMHB2Y0VGa2NIbGhPSEFyTWxCU1RUTllUM1ZwV0doR1ZtWkRaaTlxWlRCT1VVaDZkRXhNU0dSNWEwaE5jelZ5WkV0NFZscDJSWGhxWXpsaE9VVjRNRzUzY0dsaGJtdHZiMmxRUzJkWmF6MGlMQ0oyWlhKemFXOXVJam9pTWlJc0luUjVjR1VpT2lKRVFWUkJYMHRGV1NJc0ltVjRjR2x5WVhScGIyNGlPakUzTURZeE1qa3lNalY5",
            "expires_at": "2024-01-24T20:47:05Z",
            "id": "eu-central-1",
            "password": "eyJwYXlsb2FkIjoia1UzZGtScm1hTmF5aGxOQVNVSS8zdUQ2Ukoyb29hd1BUWVhHTXJFZTdiOXpXejRHM2VFaGN4dU9iR2pPV0JlUnNQaWtXQlRVckI1VDZQNXFpRW5hN3V5RTdrVUpDQ1IyZVFzQWlQYmNTUEM0WGl0eHJpdlE4VmxVanprKzloeXh1ejd2b202T0VTVjcrbUVhdlJjU1plY21ITjJSbnFDdWoxR292Sis5bm15VWN0cWdEbFZnK295WkZtbUNtb1NtRDQxQzViL3hIdkpJcFpyYTVSZHJIVXRuTFVPK3ZubjYvMndtY1YzWXlnYUl4b1VnQTIyUTFGMDB4eVBmMUcwanc5VkROTXlmamxqMDRwSGczL1VWM2NYY3hyODBJM25uREVzZHJoVE5MV21lbzY2N0VQK3V6QUlxTWttWjM3SVh2Z1NmaEw5eXBKT3Q5WjBseXF6Qms4ZDRHcG80T2xudkhCK2h1OWJyQXk1c2piNitiQk5jWDVKczViYVY5QVFwOGttdDh0ekhKRUVMclc2RmhMcWRDRzNjMXZQbzVlWlpwOTBHWS9PeXdLY2R0eVUzdkhFejlkdE5CZGdlQmx4OEQ2ZkhyQWVhcVVCcitmMHVPZFBLbEV3ZlBQY3FaT25ndmpFQVVOSGlIK1MyMWxwdlRHYmlOWjBuUWl6SVo0ZUlJSmY4RlNpcW9NaTI4ZXJDMFR4QnpkUVIxV28zM3E1NytWOXl0NjZwWW56eWNPLzdqa1NHcllZTzYzOW04Z25jb2NIRTNReFhqTTdrU1lXdWVjU3FJcWZSUVQxakxna2JyTG1EZkJOaWkvRDhROUxlZnlUQlRWaFZOOVNVYjBzempUUFZLUGhyL25yUWxzM1BEVnFFMlpEcUkybDNzU3o2SURsUGVRNVRjZ1BUeXFjcEFPUDhDWG94OHpIQWorZWxnQWI1aXlyd04vc0V5bXpvN2pyQlFwYVU2Zkc1aE9zT3o2RGI3RGxrakxnQ0ZHcmNvaGpaaXZyN1JHS2dMSlJyMjdtWm9yVHA5Y2tLWjc1V3pNb0k4UU93NVdCWFFPMXpRYzlnS1UyUTZpcWVMdlAvb0o0N3Y1OTdFMGdJMUlic0xJdXh6bEZXeWEwMW9vbHlwaStxN0kvNk5UL1hqRE56TXVyaHZYcjd3WTlXVVI4WXpST1hBWDN0T0U0L2JYY2pJSmRsWXlXKzNJQWlXZzNQWWY2ZEhiY2dEUm9EV0NXbzhCWXViU2hoUkNnbzhwaFBmaXJLa1FNU3FzOE02Q0hwbU01d3ZKcGlBV01VRDRoSE53eHBwUjBCMU9XcXJWZFJaUytaSU4xY3RmZ2s0cUlvV3Vtc0NYM2tIZ3dQTWFmb1Z2ckdTTzJCSm8xd3VoVmlkK3lxZGZ2UEo2MTdxa2FmczBmeDg5Ylp0ZWZ4dzIwYTNkZnhiR0FMNHlnWC9Pdk5YUzVXY2NJSjR2cE8vc2l2eHp4TzBtblo3bHZjL21jbEFUT1Z2RUtEeTFvS1pPMGdYanhocUN0ZlYwdGIiLCJkYXRha2V5IjoiQVFFQkFIaDN6WU9kdHBCQlNWdy9ZMmFuOEJYSUQ0a3dMUWZub1RqNXp3WnRHSlpvWlFBQUFINHdmQVlKS29aSWh2Y05BUWNHb0c4d2JRSUJBREJvQmdrcWhraUc5dzBCQndFd0hnWUpZSVpJQVdVREJBRXVNQkVFREJiQWtzNlhyVkozQlhkYUhRSUJFSUE3d0pvcEFkcHlhOHArMlBSTTNYT3VpWGhGVmZDZi9qZTBOUUh6dExMSGR5a0hNczVyZEt4Vlp2RXhqYzlhOUV4MG53cGlhbmtvb2lQS2dZaz0iLCJ2ZXJzaW9uIjoiMiIsInR5cGUiOiJEQVRBX0tFWSIsImV4cGlyYXRpb24iOjE3MDYxMjkyMjV9",
            "proxy_endpoint": "https://711348555690.dkr.ecr.eu-central-1.amazonaws.com",
            "registry_id": null,
            "user_name": "AWS"
          },
          "sensitive_attributes": []
        }
      ]
    },
    {
      "mode": "managed",
      "type": "aws_ecr_repository",
      "name": "BackRepo",
      "provider": "provider[\"registry.terraform.io/hashicorp/aws\"]",
      "instances": [
        {
          "schema_version": 0,
          "attributes": {
            "arn": "arn:aws:ecr:eu-central-1:711348555690:repository/back-repo",
            "encryption_configuration": [
              {
                "encryption_type": "AES256",
                "kms_key": ""
              }
            ],
            "force_delete": null,
            "id": "back-repo",
            "image_scanning_configuration": [
              {
                "scan_on_push": false
              }
            ],
            "image_tag_mutability": "MUTABLE",
            "name": "back-repo",
            "registry_id": "711348555690",
            "repository_url": "711348555690.dkr.ecr.eu-central-1.amazonaws.com/back-repo",
            "tags": {},
            "tags_all": {},
            "timeouts": null
          },
          "sensitive_attributes": [],
          "private": "eyJlMmJmYjczMC1lY2FhLTExZTYtOGY4OC0zNDM2M2JjN2M0YzAiOnsiZGVsZXRlIjoxMjAwMDAwMDAwMDAwfX0="
        }
      ]
    },
    {
      "mode": "managed",
      "type": "aws_ecr_repository",
      "name": "FrontRepo",
      "provider": "provider[\"registry.terraform.io/hashicorp/aws\"]",
      "instances": [
        {
          "schema_version": 0,
          "attributes": {
            "arn": "arn:aws:ecr:eu-central-1:711348555690:repository/front-repo",
            "encryption_configuration": [
              {
                "encryption_type": "AES256",
                "kms_key": ""
              }
            ],
            "force_delete": null,
            "id": "front-repo",
            "image_scanning_configuration": [
              {
                "scan_on_push": false
              }
            ],
            "image_tag_mutability": "MUTABLE",
            "name": "front-repo",
            "registry_id": "711348555690",
            "repository_url": "711348555690.dkr.ecr.eu-central-1.amazonaws.com/front-repo",
            "tags": {},
            "tags_all": {},
            "timeouts": null
          },
          "sensitive_attributes": [],
          "private": "eyJlMmJmYjczMC1lY2FhLTExZTYtOGY4OC0zNDM2M2JjN2M0YzAiOnsiZGVsZXRlIjoxMjAwMDAwMDAwMDAwfX0="
        }
      ]
    },
    {
      "mode": "managed",
      "type": "aws_iam_role",
      "name": "LambdaExecutionRole",
      "provider": "provider[\"registry.terraform.io/hashicorp/aws\"]",
      "instances": [
        {
          "schema_version": 0,
          "attributes": {
            "arn": "arn:aws:iam::711348555690:role/terraform-20240124084429740600000001",
            "assume_role_policy": "{\"Statement\":[{\"Action\":\"sts:AssumeRole\",\"Effect\":\"Allow\",\"Principal\":{\"Service\":\"lambda.amazonaws.com\"}}],\"Version\":\"2012-10-17\"}",
            "create_date": "2024-01-24T08:44:29Z",
            "description": "",
            "force_detach_policies": false,
            "id": "terraform-20240124084429740600000001",
            "inline_policy": [],
            "managed_policy_arns": [],
            "max_session_duration": 3600,
            "name": "terraform-20240124084429740600000001",
            "name_prefix": "terraform-",
            "path": "/",
            "permissions_boundary": "",
            "tags": {},
            "tags_all": {},
            "unique_id": "AROA2LH5NR6VAB5CD4SSN"
          },
          "sensitive_attributes": [],
          "private": "bnVsbA=="
        }
      ]
    },
    {
      "mode": "managed",
      "type": "aws_lambda_function",
      "name": "BackLambdaFunction",
      "provider": "provider[\"registry.terraform.io/hashicorp/aws\"]",
      "instances": [
        {
          "schema_version": 0,
          "attributes": {
            "architectures": [
              "x86_64"
            ],
            "arn": "arn:aws:lambda:eu-central-1:711348555690:function:BackLambda",
            "code_signing_config_arn": "",
            "dead_letter_config": [],
            "description": "",
            "environment": [],
            "ephemeral_storage": [
              {
                "size": 512
              }
            ],
            "file_system_config": [],
            "filename": null,
            "function_name": "BackLambda",
            "handler": "",
            "id": "BackLambda",
            "image_config": [],
            "image_uri": "711348555690.dkr.ecr.eu-central-1.amazonaws.com/back-repo:latest",
            "invoke_arn": "arn:aws:apigateway:eu-central-1:lambda:path/2015-03-31/functions/arn:aws:lambda:eu-central-1:711348555690:function:BackLambda/invocations",
            "kms_key_arn": "",
            "last_modified": "2024-01-24T08:47:06.851+0000",
            "layers": null,
            "logging_config": [
              {
                "application_log_level": "",
                "log_format": "Text",
                "log_group": "/aws/lambda/BackLambda",
                "system_log_level": ""
              }
            ],
            "memory_size": 128,
            "package_type": "Image",
            "publish": false,
            "qualified_arn": "arn:aws:lambda:eu-central-1:711348555690:function:BackLambda:$LATEST",
            "qualified_invoke_arn": "arn:aws:apigateway:eu-central-1:lambda:path/2015-03-31/functions/arn:aws:lambda:eu-central-1:711348555690:function:BackLambda:$LATEST/invocations",
            "replace_security_groups_on_destroy": null,
            "replacement_security_group_ids": null,
            "reserved_concurrent_executions": -1,
            "role": "arn:aws:iam::711348555690:role/terraform-20240124084429740600000001",
            "runtime": "",
            "s3_bucket": null,
            "s3_key": null,
            "s3_object_version": null,
            "signing_job_arn": "",
            "signing_profile_version_arn": "",
            "skip_destroy": false,
            "snap_start": [],
            "source_code_hash": "f25f0bdc6c7a8384ed41a937fe83ae0acad48764319bec4771ef61a3f8ab4841",
            "source_code_size": 0,
            "tags": null,
            "tags_all": {},
            "timeout": 3,
            "timeouts": null,
            "tracing_config": [
              {
                "mode": "PassThrough"
              }
            ],
            "version": "$LATEST",
            "vpc_config": []
          },
          "sensitive_attributes": [],
          "private": "eyJlMmJmYjczMC1lY2FhLTExZTYtOGY4OC0zNDM2M2JjN2M0YzAiOnsiY3JlYXRlIjo2MDAwMDAwMDAwMDAsImRlbGV0ZSI6NjAwMDAwMDAwMDAwLCJ1cGRhdGUiOjYwMDAwMDAwMDAwMH19",
          "dependencies": [
            "aws_ecr_repository.BackRepo",
            "aws_iam_role.LambdaExecutionRole",
            "data.aws_ecr_authorization_token.token",
            "docker_image.BackImage"
          ]
        }
      ]
    },
    {
      "mode": "managed",
      "type": "docker_image",
      "name": "BackImage",
      "provider": "provider[\"registry.terraform.io/kreuzwerker/docker\"]",
      "instances": [
        {
          "schema_version": 0,
          "attributes": {
            "build": [
              {
                "auth_config": [],
                "build_arg": {},
                "build_args": {},
                "build_id": "",
                "cache_from": [],
                "cgroup_parent": "",
                "context": "/home/user/github/cdktf-project/src/back",
                "cpu_period": 0,
                "cpu_quota": 0,
                "cpu_set_cpus": "",
                "cpu_set_mems": "",
                "cpu_shares": 0,
                "dockerfile": "Dockerfile",
                "extra_hosts": [],
                "force_remove": false,
                "isolation": "",
                "label": {},
                "labels": {},
                "memory": 0,
                "memory_swap": 0,
                "network_mode": "",
                "no_cache": false,
                "platform": "",
                "pull_parent": false,
                "remote_context": "",
                "remove": true,
                "security_opt": [],
                "session_id": "",
                "shm_size": 0,
                "squash": false,
                "suppress_output": false,
                "tag": [],
                "target": "",
                "ulimit": [],
                "version": ""
              }
            ],
            "force_remove": null,
            "id": "sha256:d9e54ff0c0935a2beec791e31962ed9a7ef7d9ad19056ee150e6390386e27188711348555690.dkr.ecr.eu-central-1.amazonaws.com/back-repo",
            "image_id": "sha256:d9e54ff0c0935a2beec791e31962ed9a7ef7d9ad19056ee150e6390386e27188",
            "keep_locally": null,
            "name": "711348555690.dkr.ecr.eu-central-1.amazonaws.com/back-repo",
            "platform": "linux/arm64",
            "pull_triggers": null,
            "repo_digest": "711348555690.dkr.ecr.eu-central-1.amazonaws.com/back-repo@sha256:f25f0bdc6c7a8384ed41a937fe83ae0acad48764319bec4771ef61a3f8ab4841",
            "triggers": null
          },
          "sensitive_attributes": [],
          "private": "bnVsbA==",
          "dependencies": [
            "aws_ecr_repository.BackRepo",
            "data.aws_ecr_authorization_token.token"
          ]
        }
      ]
    },
    {
      "mode": "managed",
      "type": "docker_image",
      "name": "FrontImage",
      "provider": "provider[\"registry.terraform.io/kreuzwerker/docker\"]",
      "instances": [
        {
          "schema_version": 0,
          "attributes": {
            "build": [
              {
                "auth_config": [],
                "build_arg": {},
                "build_args": {},
                "build_id": "",
                "cache_from": [],
                "cgroup_parent": "",
                "context": "/home/user/github/cdktf-project/src/front",
                "cpu_period": 0,
                "cpu_quota": 0,
                "cpu_set_cpus": "",
                "cpu_set_mems": "",
                "cpu_shares": 0,
                "dockerfile": "Dockerfile",
                "extra_hosts": [],
                "force_remove": false,
                "isolation": "",
                "label": {},
                "labels": {},
                "memory": 0,
                "memory_swap": 0,
                "network_mode": "",
                "no_cache": false,
                "platform": "",
                "pull_parent": false,
                "remote_context": "",
                "remove": true,
                "security_opt": [],
                "session_id": "",
                "shm_size": 0,
                "squash": false,
                "suppress_output": false,
                "tag": [],
                "target": "",
                "ulimit": [],
                "version": ""
              }
            ],
            "force_remove": null,
            "id": "sha256:c78d471df96f5bf0d4538c961fbbf07e1f790f0d2c2dc8feae2d573d7c44e883711348555690.dkr.ecr.eu-central-1.amazonaws.com/front-repo",
            "image_id": "sha256:c78d471df96f5bf0d4538c961fbbf07e1f790f0d2c2dc8feae2d573d7c44e883",
            "keep_locally": null,
            "name": "711348555690.dkr.ecr.eu-central-1.amazonaws.com/front-repo",
            "platform": "linux/arm64",
            "pull_triggers": null,
            "repo_digest": "711348555690.dkr.ecr.eu-central-1.amazonaws.com/front-repo@sha256:b30c3a220dee33d6bd87ded8c742b08dd68a7f738791ad589dc6f45c71dfd428",
            "triggers": null
          },
          "sensitive_attributes": [],
          "private": "bnVsbA==",
          "dependencies": [
            "aws_ecr_repository.FrontRepo",
            "data.aws_ecr_authorization_token.token"
          ]
        }
      ]
    },
    {
      "mode": "managed",
      "type": "docker_registry_image",
      "name": "BackUpload",
      "provider": "provider[\"registry.terraform.io/kreuzwerker/docker\"]",
      "instances": [
        {
          "schema_version": 0,
          "attributes": {
            "id": "sha256:f25f0bdc6c7a8384ed41a937fe83ae0acad48764319bec4771ef61a3f8ab4841",
            "insecure_skip_verify": false,
            "keep_remotely": false,
            "name": "711348555690.dkr.ecr.eu-central-1.amazonaws.com/back-repo",
            "sha256_digest": "sha256:f25f0bdc6c7a8384ed41a937fe83ae0acad48764319bec4771ef61a3f8ab4841",
            "triggers": null
          },
          "sensitive_attributes": [],
          "private": "bnVsbA==",
          "dependencies": [
            "aws_ecr_repository.BackRepo",
            "data.aws_ecr_authorization_token.token",
            "docker_image.BackImage"
          ]
        }
      ]
    },
    {
      "mode": "managed",
      "type": "docker_registry_image",
      "name": "FrontUpload",
      "provider": "provider[\"registry.terraform.io/kreuzwerker/docker\"]",
      "instances": [
        {
          "schema_version": 0,
          "attributes": {
            "id": "sha256:b30c3a220dee33d6bd87ded8c742b08dd68a7f738791ad589dc6f45c71dfd428",
            "insecure_skip_verify": false,
            "keep_remotely": false,
            "name": "711348555690.dkr.ecr.eu-central-1.amazonaws.com/front-repo",
            "sha256_digest": "sha256:b30c3a220dee33d6bd87ded8c742b08dd68a7f738791ad589dc6f45c71dfd428",
            "triggers": null
          },
          "sensitive_attributes": [],
          "private": "bnVsbA==",
          "dependencies": [
            "aws_ecr_repository.FrontRepo",
            "data.aws_ecr_authorization_token.token",
            "docker_image.FrontImage"
          ]
        }
      ]
    }
  ],
  "check_results": null
}
