{
  "version": 4,
  "terraform_version": "1.7.0",
  "serial": 234,
  "lineage": "a595879c-8348-d326-a097-97e4ec7507b9",
  "outputs": {},
  "resources": [
    {
      "mode": "data",
      "type": "aws_ecr_authorization_token",
      "name": "token",
      "provider": "provider[\"registry.terraform.io/hashicorp/aws\"]",
      "instances": [
        {
          "schema_version": 0,
          "attributes": {
            "authorization_token": "QVdTOmV5SndZWGxzYjJGa0lqb2lNbTFzVEZkSE1uTmxaRkZIY1U1MlRHcEthVTR5TkdWVFVWRkpSbGhpVVVKTmEyeDVTMlYwTWpoTWJ6WlpiM3AwYTBFeVNHSnRlR1pOVkZONVlUVjVRMUZsUW1KTmNrNXpRbFoyYVdKQmNXMU1NbVl6TmxVM1psRTRUV2Q1U3pGU2JIa3pSV1JvV1hNM1dHaExUVmxqVDBnNWVtOHZjRVV2ZG1zcmNuZFljSEpWZVZWR1VFUk1UakZ2VlRkeWEzQk1jMDlJTmpoVmMwOVJibFU1Yml0MFZXNDFRbGNyTVV3MWNraFBTbEJ4WW1KVmVsVnlTMEZRUW1aS2RHc3phVzF4ZDNCSlVucHVkR3hwU0U5Sk5IWktVMEUwTVZKdlJEQlJjRzgwYlU1cGRtRllWR1ZYVmpaNFYwNVhNVloxTjBVd1FYQm9NekFyT1RaeFdsUjNTbmR5TmpseVUxWk5iVlI2VjNKVFdWcEVZblJpVkZaYVJuUnZhWFZWU1Zrdk5HdFNOamt6UW1kVlJrbDZlbUYxUnpkdGRGUXpUVmd5T0VwcE5YRXllbHBoVjJ0c2QyRmxUV0k1TmtGdWVITm5PU3QxWlhsS0x6UmthMEUyVFZoTE1sbHpaVXRYY1M4dlFXOVBOWEF3VEVoTWJXdHZSVzV6V1ZFMlJFcEJTM0pIU0hRM2NHeHRUMVJIZFZkT1ZtMUZiM2t4V1ROa2FWZzFlRFl2WTI1TVJqbDBjbVl5ZG5Zd1VsQk1TUzlCZERCTVF6bEVha0ZWZVhwb1pVYzVVbFpST0cxU1kxZElaa0V5Vm1NemJDdGFUalpuU1RWcmMyWk5VblYzU0dSV2NtZHlXbUk1YVdoWFRVZG1jR1IxU0VremQydEpjMHRKWldoRFJGbE9Ramc0YldGUldYbG5hVVJpTHlzMWJWUk9WV0UxTkVKb1VXUmFNMjFKTXpSUFRWSXJkek01ZDIxMFdsZHNjalpLZWxSTVpuWldNVmQ0T1V4b1MxbFhVMHhrTmxGdWNtOVpTRFpVUmxWUlRFRk9OVlpoT0RoUldEaHZjRUZ0T0d4S2VWbDJhMFkyYWxkNVMyOTRZM2RWUVdwb2RtVllObTE0WjA1TmFqaE5NMjlyTXpWUVRpODFRek1yY0hOaWJGUXhNMHd2ZWpSV1Uyc3ZlSGxTVURCMmFFRndUbWhrVnpGeVkxUnJNRkpGUTBwMWRrRkRlVXhhT1ZFemVrSnVOMUl6Y1ZSSGIxbEtUamRJUjJzMVVHSnplaTlCTkdWdVEwZzNOa0pKWTJOSVNqUlNabkZISzNVdlJrZE5UamMyUjBFd1NrdHBRa1pVVEZoa1RtUTBTVlpGVkRWTVRWSk5PRlJaZDBkUldYZFdkWFo0UjNZMFN6WTBWVU5qTmxWVFNYQXZjMFIwWkhaYU1IUlBiMEZOZVV0YVVtRXJTV051VFU1dk9GcHdhRVJrZFZWTFlubHBVVVZLVW05bk0xTjJjbEZYYTJ0YVNYUndOMjlQVEhwMU4wcE9RbU5qYXpSR2NHbG5aV1ZoZHpkRFNYTnNjM1I1WkdReWRtRXdlR1l4YmxneWIwNXpka1pOTm5sdk9IcFJWV3hZZFhCMGVqSmhRV1ZvYjNoT1dHd3JSREpNZVRnNFZHRm5XWGNySzNKTWMwUXdhREVyTlVwaFMwZFROaTlNU0dNMlFWa3lLMXBZVnk5c1RXcHROM2hKVTFCMlNtMXplVkJoZGtGMU5HRlJUbnBLTTIxSmQzaHhSRk15VUZsTmVsVTBhMDQ0TDNNMmVqUmhRbEpUY1RORlZrSTNXVWg1YjFGb05EaE9Rek5hV1VObFF6UjJjME53Tm5wNlRuUkpaMUpPYTNCc2JXNVdRbWxSYmxob2Qwd3pPVk56ZUVWbVoxZHpjemt6Tml0S04yd3lZVlJtU2tFelZUZEpObVJvWkRRek5VSnNUMk5YT1V4MVdFVjFXV1ZIY2pkVlJWQjVkelZPVWtkTEwwVXhWVU15T1VRdkwxbFhjM1pDUjNsaFpEWnpSR2xLVjJNaUxDSmtZWFJoYTJWNUlqb2lRVkZGUWtGSWFETjZXVTlrZEhCQ1FsTldkeTlaTW1GdU9FSllTVVEwYTNkTVVXWnViMVJxTlhwM1duUkhTbHB2V2xGQlFVRklOSGRtUVZsS1MyOWFTV2gyWTA1QlVXTkhiMGM0ZDJKUlNVSkJSRUp2UW1kcmNXaHJhVWM1ZHpCQ1FuZEZkMGhuV1VwWlNWcEpRVmRWUkVKQlJYVk5Ra1ZGUkVOcUwzVXhVVXhsY0dNMmRGZEJjRWQzU1VKRlNVRTNaRzQyZVcxWUwwVnVPVVI2TW1kVmJIbzRaV3h4YkZkVVRYWldkSE53ZFZoR1RIRkRTWHBoTVhOdk9HTXJUa2hVUm5OU2JHZHlkV00zVDNGR2VHTlJPV2REVG1wNVpEQnNXVzVHYzBVeFl6MGlMQ0oyWlhKemFXOXVJam9pTWlJc0luUjVjR1VpT2lKRVFWUkJYMHRGV1NJc0ltVjRjR2x5WVhScGIyNGlPakUzTURZeE9EQXdORFI5",
            "expires_at": "2024-01-25T10:54:04Z",
            "id": "eu-central-1",
            "password": "eyJwYXlsb2FkIjoiMm1sTFdHMnNlZFFHcU52TGpKaU4yNGVTUVFJRlhiUUJNa2x5S2V0MjhMbzZZb3p0a0EySGJteGZNVFN5YTV5Q1FlQmJNck5zQlZ2aWJBcW1MMmYzNlU3ZlE4TWd5SzFSbHkzRWRoWXM3WGhLTVljT0g5em8vcEUvdmsrcndYcHJVeVVGUERMTjFvVTdya3BMc09INjhVc09RblU5bit0VW41QlcrMUw1ckhPSlBxYmJVelVyS0FQQmZKdGszaW1xd3BJUnpudGxpSE9JNHZKU0E0MVJvRDBRcG80bU5pdmFYVGVXVjZ4V05XMVZ1N0UwQXBoMzArOTZxWlR3SndyNjlyU1ZNbVR6V3JTWVpEYnRiVFZaRnRvaXVVSVkvNGtSNjkzQmdVRkl6emF1RzdtdFQzTVgyOEppNXEyelphV2tsd2FlTWI5NkFueHNnOSt1ZXlKLzRka0E2TVhLMllzZUtXcS8vQW9PNXAwTEhMbWtvRW5zWVE2REpBS3JHSHQ3cGxtT1RHdVdOVm1Fb3kxWTNkaVg1eDYvY25MRjl0cmYydnYwUlBMSS9BdDBMQzlEakFVeXpoZUc5UlZROG1SY1dIZkEyVmMzbCtaTjZnSTVrc2ZNUnV3SGRWcmdyWmI5aWhXTUdmcGR1SEkzd2tJc0tJZWhDRFlOQjg4bWFRWXlnaURiLys1bVROVWE1NEJoUWRaM21JMzRPTVIrdzM5d210WldscjZKelRMZnZWMVd4OUxoS1lXU0xkNlFucm9ZSDZURlVRTEFONVZhODhRWDhvcEFtOGxKeVl2a0Y2ald5S294Y3dVQWpodmVYNm14Z05NajhNM29rMzVQTi81QzMrcHNibFQxM0wvejRWU2sveHlSUDB2aEFwTmhkVzFyY1RrMFJFQ0p1dkFDeUxaOVEzekJuN1IzcVRHb1lKTjdIR2s1UGJzei9BNGVuQ0g3NkJJY2NISjRSZnFHK3UvRkdNTjc2R0EwSktpQkZUTFhkTmQ0SVZFVDVMTVJNOFRZd0dRWXdWdXZ4R3Y0SzY0VUNjNlVTSXAvc0R0ZHZaMHRPb0FNeUtaUmErSWNuTU5vOFpwaERkdVVLYnlpUUVKUm9nM1N2clFXa2taSXRwN29PTHp1N0pOQmNjazRGcGlnZWVhdzdDSXNsc3R5ZGQydmEweGYxblgyb05zdkZNNnlvOHpRVWxYdXB0ejJhQWVob3hOWGwrRDJMeTg4VGFnWXcrK3JMc0QwaDErNUphS0dTNi9MSGM2QVkyK1pYVy9sTWptN3hJU1B2Sm1zeVBhdkF1NGFRTnpKM21Jd3hxRFMyUFlNelU0a044L3M2ejRhQlJTcTNFVkI3WUh5b1FoNDhOQzNaWUNlQzR2c0NwNnp6TnRJZ1JOa3BsbW5WQmlRblhod0wzOVNzeEVmZ1dzczkzNitKN2wyYVRmSkEzVTdJNmRoZDQzNUJsT2NXOUx1WEV1WWVHcjdVRVB5dzVOUkdLL0UxVUMyOUQvL1lXc3ZCR3lhZDZzRGlKV2MiLCJkYXRha2V5IjoiQVFFQkFIaDN6WU9kdHBCQlNWdy9ZMmFuOEJYSUQ0a3dMUWZub1RqNXp3WnRHSlpvWlFBQUFINHdmQVlKS29aSWh2Y05BUWNHb0c4d2JRSUJBREJvQmdrcWhraUc5dzBCQndFd0hnWUpZSVpJQVdVREJBRXVNQkVFRENqL3UxUUxlcGM2dFdBcEd3SUJFSUE3ZG42eW1YL0VuOUR6MmdVbHo4ZWxxbFdUTXZWdHNwdVhGTHFDSXphMXNvOGMrTkhURnNSbGdydWM3T3FGeGNROWdDTmp5ZDBsWW5Gc0UxYz0iLCJ2ZXJzaW9uIjoiMiIsInR5cGUiOiJEQVRBX0tFWSIsImV4cGlyYXRpb24iOjE3MDYxODAwNDR9",
            "proxy_endpoint": "https://711348555690.dkr.ecr.eu-central-1.amazonaws.com",
            "registry_id": null,
            "user_name": "AWS"
          },
          "sensitive_attributes": []
        }
      ]
    },
    {
      "mode": "managed",
      "type": "aws_ecr_repository",
      "name": "BackRepo",
      "provider": "provider[\"registry.terraform.io/hashicorp/aws\"]",
      "instances": [
        {
          "schema_version": 0,
          "attributes": {
            "arn": "arn:aws:ecr:eu-central-1:711348555690:repository/back-repo",
            "encryption_configuration": [
              {
                "encryption_type": "AES256",
                "kms_key": ""
              }
            ],
            "force_delete": null,
            "id": "back-repo",
            "image_scanning_configuration": [
              {
                "scan_on_push": false
              }
            ],
            "image_tag_mutability": "MUTABLE",
            "name": "back-repo",
            "registry_id": "711348555690",
            "repository_url": "711348555690.dkr.ecr.eu-central-1.amazonaws.com/back-repo",
            "tags": {},
            "tags_all": {},
            "timeouts": null
          },
          "sensitive_attributes": [],
          "private": "eyJlMmJmYjczMC1lY2FhLTExZTYtOGY4OC0zNDM2M2JjN2M0YzAiOnsiZGVsZXRlIjoxMjAwMDAwMDAwMDAwfX0="
        }
      ]
    },
    {
      "mode": "managed",
      "type": "aws_ecr_repository",
      "name": "FrontRepo",
      "provider": "provider[\"registry.terraform.io/hashicorp/aws\"]",
      "instances": [
        {
          "schema_version": 0,
          "attributes": {
            "arn": "arn:aws:ecr:eu-central-1:711348555690:repository/front-repo",
            "encryption_configuration": [
              {
                "encryption_type": "AES256",
                "kms_key": ""
              }
            ],
            "force_delete": null,
            "id": "front-repo",
            "image_scanning_configuration": [
              {
                "scan_on_push": false
              }
            ],
            "image_tag_mutability": "MUTABLE",
            "name": "front-repo",
            "registry_id": "711348555690",
            "repository_url": "711348555690.dkr.ecr.eu-central-1.amazonaws.com/front-repo",
            "tags": {},
            "tags_all": {},
            "timeouts": null
          },
          "sensitive_attributes": [],
          "private": "eyJlMmJmYjczMC1lY2FhLTExZTYtOGY4OC0zNDM2M2JjN2M0YzAiOnsiZGVsZXRlIjoxMjAwMDAwMDAwMDAwfX0="
        }
      ]
    },
    {
      "mode": "managed",
      "type": "aws_iam_role",
      "name": "LambdaRole",
      "provider": "provider[\"registry.terraform.io/hashicorp/aws\"]",
      "instances": [
        {
          "schema_version": 0,
          "attributes": {
            "arn": "arn:aws:iam::711348555690:role/lambda-role",
            "assume_role_policy": "{\"Statement\":[{\"Action\":\"sts:AssumeRole\",\"Effect\":\"Allow\",\"Principal\":{\"Service\":\"lambda.amazonaws.com\"}}],\"Version\":\"2012-10-17\"}",
            "create_date": "2024-01-24T09:19:00Z",
            "description": "",
            "force_detach_policies": false,
            "id": "lambda-role",
            "inline_policy": [],
            "managed_policy_arns": [
              "arn:aws:iam::aws:policy/service-role/AWSLambdaBasicExecutionRole"
            ],
            "max_session_duration": 3600,
            "name": "lambda-role",
            "name_prefix": "",
            "path": "/",
            "permissions_boundary": "",
            "tags": {},
            "tags_all": {},
            "unique_id": "AROA2LH5NR6VHPN5QYHTG"
          },
          "sensitive_attributes": [],
          "private": "bnVsbA=="
        }
      ]
    },
    {
      "mode": "managed",
      "type": "aws_iam_role_policy_attachment",
      "name": "LambdaExecPolicyAttachment",
      "provider": "provider[\"registry.terraform.io/hashicorp/aws\"]",
      "instances": [
        {
          "schema_version": 0,
          "attributes": {
            "id": "lambda-role-20240124091902102000000001",
            "policy_arn": "arn:aws:iam::aws:policy/service-role/AWSLambdaBasicExecutionRole",
            "role": "lambda-role"
          },
          "sensitive_attributes": [],
          "private": "bnVsbA==",
          "dependencies": [
            "aws_iam_role.LambdaRole"
          ]
        }
      ]
    },
    {
      "mode": "managed",
      "type": "aws_lambda_function",
      "name": "BackLambda",
      "provider": "provider[\"registry.terraform.io/hashicorp/aws\"]",
      "instances": [
        {
          "schema_version": 0,
          "attributes": {
            "architectures": [
              "arm64"
            ],
            "arn": "arn:aws:lambda:eu-central-1:711348555690:function:back-lambda",
            "code_signing_config_arn": "",
            "dead_letter_config": [],
            "description": "",
            "environment": [],
            "ephemeral_storage": [
              {
                "size": 512
              }
            ],
            "file_system_config": [],
            "filename": null,
            "function_name": "back-lambda",
            "handler": "",
            "id": "back-lambda",
            "image_config": [],
            "image_uri": "711348555690.dkr.ecr.eu-central-1.amazonaws.com/back-repo:latest",
            "invoke_arn": "arn:aws:apigateway:eu-central-1:lambda:path/2015-03-31/functions/arn:aws:lambda:eu-central-1:711348555690:function:back-lambda/invocations",
            "kms_key_arn": "",
            "last_modified": "2024-01-24T22:54:36.000+0000",
            "layers": [],
            "logging_config": [
              {
                "application_log_level": "INFO",
                "log_format": "JSON",
                "log_group": "/aws/lambda/back-lambda",
                "system_log_level": "INFO"
              }
            ],
            "memory_size": 1792,
            "package_type": "Image",
            "publish": false,
            "qualified_arn": "arn:aws:lambda:eu-central-1:711348555690:function:back-lambda:$LATEST",
            "qualified_invoke_arn": "arn:aws:apigateway:eu-central-1:lambda:path/2015-03-31/functions/arn:aws:lambda:eu-central-1:711348555690:function:back-lambda:$LATEST/invocations",
            "replace_security_groups_on_destroy": null,
            "replacement_security_group_ids": null,
            "reserved_concurrent_executions": -1,
            "role": "arn:aws:iam::711348555690:role/lambda-role",
            "runtime": "",
            "s3_bucket": null,
            "s3_key": null,
            "s3_object_version": null,
            "signing_job_arn": "",
            "signing_profile_version_arn": "",
            "skip_destroy": false,
            "snap_start": [],
            "source_code_hash": "f25f0bdc6c7a8384ed41a937fe83ae0acad48764319bec4771ef61a3f8ab4841",
            "source_code_size": 0,
            "tags": {},
            "tags_all": {},
            "timeout": 5,
            "timeouts": null,
            "tracing_config": [
              {
                "mode": "PassThrough"
              }
            ],
            "version": "$LATEST",
            "vpc_config": []
          },
          "sensitive_attributes": [],
          "private": "eyJlMmJmYjczMC1lY2FhLTExZTYtOGY4OC0zNDM2M2JjN2M0YzAiOnsiY3JlYXRlIjo2MDAwMDAwMDAwMDAsImRlbGV0ZSI6NjAwMDAwMDAwMDAwLCJ1cGRhdGUiOjYwMDAwMDAwMDAwMH19",
          "dependencies": [
            "aws_ecr_repository.BackRepo",
            "aws_iam_role.LambdaRole",
            "data.aws_ecr_authorization_token.token",
            "docker_image.BackImage"
          ]
        }
      ]
    },
    {
      "mode": "managed",
      "type": "aws_lambda_function_url",
      "name": "BackLambdaUrl",
      "provider": "provider[\"registry.terraform.io/hashicorp/aws\"]",
      "instances": [
        {
          "schema_version": 0,
          "attributes": {
            "authorization_type": "NONE",
            "cors": [],
            "function_arn": "arn:aws:lambda:eu-central-1:711348555690:function:back-lambda",
            "function_name": "back-lambda",
            "function_url": "https://bxhne6uumeuxjabn5oo4bpp4ty0jkcfg.lambda-url.eu-central-1.on.aws/",
            "id": "back-lambda",
            "invoke_mode": "BUFFERED",
            "qualifier": "",
            "timeouts": null,
            "url_id": "bxhne6uumeuxjabn5oo4bpp4ty0jkcfg"
          },
          "sensitive_attributes": [],
          "private": "eyJlMmJmYjczMC1lY2FhLTExZTYtOGY4OC0zNDM2M2JjN2M0YzAiOnsiY3JlYXRlIjo2MDAwMDAwMDAwMDB9fQ==",
          "dependencies": [
            "aws_ecr_repository.BackRepo",
            "aws_iam_role.LambdaRole",
            "aws_lambda_function.BackLambda",
            "data.aws_ecr_authorization_token.token",
            "docker_image.BackImage"
          ]
        }
      ]
    },
    {
      "mode": "managed",
      "type": "docker_image",
      "name": "BackImage",
      "provider": "provider[\"registry.terraform.io/kreuzwerker/docker\"]",
      "instances": [
        {
          "schema_version": 0,
          "attributes": {
            "build": [
              {
                "auth_config": [],
                "build_arg": null,
                "build_args": null,
                "build_id": "",
                "cache_from": [],
                "cgroup_parent": "",
                "context": "/home/user/github/cdktf-project/src/back",
                "cpu_period": null,
                "cpu_quota": null,
                "cpu_set_cpus": "",
                "cpu_set_mems": "",
                "cpu_shares": null,
                "dockerfile": "Dockerfile",
                "extra_hosts": [],
                "force_remove": null,
                "isolation": "",
                "label": null,
                "labels": null,
                "memory": null,
                "memory_swap": null,
                "network_mode": "",
                "no_cache": null,
                "platform": "",
                "pull_parent": null,
                "remote_context": "",
                "remove": true,
                "security_opt": [],
                "session_id": "",
                "shm_size": null,
                "squash": null,
                "suppress_output": null,
                "tag": [],
                "target": "",
                "ulimit": [],
                "version": ""
              }
            ],
            "force_remove": null,
            "id": "sha256:fbe3447bc19a3044ed7c81f56d5e7f6f488aa73a401a629bf2aeb1bcab676bff711348555690.dkr.ecr.eu-central-1.amazonaws.com/back-repo:latest",
            "image_id": "sha256:fbe3447bc19a3044ed7c81f56d5e7f6f488aa73a401a629bf2aeb1bcab676bff",
            "keep_locally": null,
            "name": "711348555690.dkr.ecr.eu-central-1.amazonaws.com/back-repo:latest",
            "platform": "linux/arm64",
            "pull_triggers": null,
            "repo_digest": "",
            "triggers": {
              "filesha256": "405e20a808a9bc482e80b3de1240b6f24af8324e5a78fbd85ae3c1f071dd589f"
            }
          },
          "sensitive_attributes": [],
          "private": "bnVsbA==",
          "dependencies": [
            "aws_ecr_repository.BackRepo",
            "data.aws_ecr_authorization_token.token"
          ]
        }
      ]
    },
    {
      "mode": "managed",
      "type": "docker_image",
      "name": "FrontImage",
      "provider": "provider[\"registry.terraform.io/kreuzwerker/docker\"]",
      "instances": [
        {
          "schema_version": 0,
          "attributes": {
            "build": [
              {
                "auth_config": [],
                "build_arg": {},
                "build_args": {},
                "build_id": "",
                "cache_from": [],
                "cgroup_parent": "",
                "context": "/home/user/github/cdktf-project/src/front",
                "cpu_period": 0,
                "cpu_quota": 0,
                "cpu_set_cpus": "",
                "cpu_set_mems": "",
                "cpu_shares": 0,
                "dockerfile": "Dockerfile",
                "extra_hosts": [],
                "force_remove": false,
                "isolation": "",
                "label": {},
                "labels": {},
                "memory": 0,
                "memory_swap": 0,
                "network_mode": "",
                "no_cache": false,
                "platform": "",
                "pull_parent": false,
                "remote_context": "",
                "remove": true,
                "security_opt": [],
                "session_id": "",
                "shm_size": 0,
                "squash": false,
                "suppress_output": false,
                "tag": [],
                "target": "",
                "ulimit": [],
                "version": ""
              }
            ],
            "force_remove": null,
            "id": "sha256:c78d471df96f5bf0d4538c961fbbf07e1f790f0d2c2dc8feae2d573d7c44e883711348555690.dkr.ecr.eu-central-1.amazonaws.com/front-repo:latest",
            "image_id": "sha256:c78d471df96f5bf0d4538c961fbbf07e1f790f0d2c2dc8feae2d573d7c44e883",
            "keep_locally": null,
            "name": "711348555690.dkr.ecr.eu-central-1.amazonaws.com/front-repo:latest",
            "platform": "linux/arm64",
            "pull_triggers": null,
            "repo_digest": "711348555690.dkr.ecr.eu-central-1.amazonaws.com/front-repo@sha256:b30c3a220dee33d6bd87ded8c742b08dd68a7f738791ad589dc6f45c71dfd428",
            "triggers": {
              "filesha256": "9dd6df6a8aad0c5be2d0ff5d66c31f6c68abffb59be1e1152729b8af7f349738"
            }
          },
          "sensitive_attributes": [],
          "private": "bnVsbA==",
          "dependencies": [
            "aws_ecr_repository.FrontRepo",
            "data.aws_ecr_authorization_token.token"
          ]
        }
      ]
    },
    {
      "mode": "managed",
      "type": "docker_registry_image",
      "name": "BackPush",
      "provider": "provider[\"registry.terraform.io/kreuzwerker/docker\"]",
      "instances": [
        {
          "schema_version": 0,
          "attributes": {
            "id": "sha256:f29959e534f1d3f5bf129c29a9962bd0266ba08057ef586ee2311b787cc0098d",
            "insecure_skip_verify": false,
            "keep_remotely": false,
            "name": "711348555690.dkr.ecr.eu-central-1.amazonaws.com/back-repo:latest",
            "sha256_digest": "sha256:f29959e534f1d3f5bf129c29a9962bd0266ba08057ef586ee2311b787cc0098d",
            "triggers": {
              "filesha256": "405e20a808a9bc482e80b3de1240b6f24af8324e5a78fbd85ae3c1f071dd589f"
            }
          },
          "sensitive_attributes": [],
          "private": "bnVsbA==",
          "dependencies": [
            "aws_ecr_repository.BackRepo",
            "data.aws_ecr_authorization_token.token",
            "docker_image.BackImage"
          ]
        }
      ]
    },
    {
      "mode": "managed",
      "type": "docker_registry_image",
      "name": "FrontPush",
      "provider": "provider[\"registry.terraform.io/kreuzwerker/docker\"]",
      "instances": [
        {
          "schema_version": 0,
          "attributes": {
            "id": "sha256:b30c3a220dee33d6bd87ded8c742b08dd68a7f738791ad589dc6f45c71dfd428",
            "insecure_skip_verify": false,
            "keep_remotely": false,
            "name": "711348555690.dkr.ecr.eu-central-1.amazonaws.com/front-repo:latest",
            "sha256_digest": "sha256:b30c3a220dee33d6bd87ded8c742b08dd68a7f738791ad589dc6f45c71dfd428",
            "triggers": {
              "filesha256": "9dd6df6a8aad0c5be2d0ff5d66c31f6c68abffb59be1e1152729b8af7f349738"
            }
          },
          "sensitive_attributes": [],
          "private": "bnVsbA==",
          "dependencies": [
            "aws_ecr_repository.FrontRepo",
            "data.aws_ecr_authorization_token.token",
            "docker_image.FrontImage"
          ]
        }
      ]
    }
  ],
  "check_results": null
}
