{
  "version": 4,
  "terraform_version": "1.7.1",
  "serial": 66,
  "lineage": "78ed6679-9bca-d6b7-3df7-da76cfedcb63",
  "outputs": {},
  "resources": [
    {
      "mode": "data",
      "type": "aws_ecr_authorization_token",
      "name": "token",
      "provider": "provider[\"registry.terraform.io/hashicorp/aws\"]",
      "instances": [
        {
          "schema_version": 0,
          "attributes": {
            "authorization_token": "QVdTOmV5SndZWGxzYjJGa0lqb2lUaXRXYmtoa2EwazNOU3RJVkZoNlYyTmtlRU5XZUZWNVVWRlRXSGRUVG5aSFVVcHdaVWhKWjFoeE1UZHNaSGhrZUdGQ2JVVlhiVGRaUlRFeWQyUTRjWFZKYjNnNE1WaFBZVEpoV0ROdVJrSjVPVGwwTVVzeFIyOVdUMHhsYURaVGFsSnVSMnB4ZWtSTWMwNU5SVEpaVW5NdllXMVVha0pKUlhCbFFtSmtWakp1U25oeVRIUnhUVVJXVGt4eGNqQjRjVGt2TWxFMGRuWnBNRlJSTm1WeFVIUXJORVo0ZEdKRmIzZzJVR2xZUkV4bVoyTklZMVo0Y1RCV2VUUjFSa3A2YTIxVGF6VkxTMnBqTURkdWRtVldiR2hEUld4TE4zSm9lRXhLY1VoaVVuSkRNVVZPT0VORWRtNWhURWw1U2xGaVVEQjNaeTl0Tms4MlRsSnZXak5XYWpkUlZHZDNWbGRQUkZKdFN6ZFdXblUyYTBVdmFVcHZaVXA2U1ZWVVJsSmlaMGxHWVdkSGJISnRXalZKVUROU1JubDFXRFVyYWxaSVFYWk1lRlJSWjFkcGNFMTJWMnhHVmk5MFR6aFdhVk5NZDFCb1dETllRVkZZYnpnNVQzQTRSVzVUV1hjME1VeHphVlp1VkUxUFVWTnhOREJ0VkhWR1VrMUdXbmRXZUhGS05DdFFLM3B5VDB4emVrdHZXRTFNYUdaeFUxQndVMjF1V2t4RmJHTm9NbVY0WlhWSVFUaE9Rbkl5TVZGMlVGTndVREJwUm1KbGFXdG9iMlI2ZVZGbUswaHJaSEV3YkhwTGRGUlNVbFEyVVVScGNtdFROa1lyWTNWd1NsUmtORUZzTTFWTE9YZ3hWamxqZW1kUGJ6RnVObVZCUW5KRGVFUklPRkZVYkZnclRYQTRhR0pxYzNkdFpubHBUa3RLUmpjeFZ6RlVVVkVyUzJkWWJXNVJTM0Y2U1hjMGFXZEdURWxIZDNwNmIyTmxjemM1VmtsclZtMWxka2xKVVVWeVlrNVBNM00yUzJKQmVHdHFVek0xVjBWYVZYTnVhMjlZUlVaSU1EbDVLelV5SzNGYVNFTmxjV3ROTUZsTVoyd3dSeTl5VFdVck1qSlFNRUZpTVZWYU4wY3djRVYwY2poNGVYWkRjVWhNZUZsSFJqRkNWVkl3VjNFMlJHbFFOSEYzTUdaVVJrY3ZkRFEzVm5scGJrMU5kMEphYkhKSFQzUjFaVTFpTjB4Qk1sUmxjakpuVTFSQlRXTnBia3AxVldkM2RrTlZjRGN6ZURGTGNsbHJjMk5ZYTB4dmVXaE9abll4V2twMWJYUkRWMG8zZWxsMFJEWXlSR1pxVlZaMlJHZDRjUzlDY1dKcllrcDZSMEpOWkRJM1EzWkVlRmswZG1WdFNXNVNPSFJRY1c5S1FubFVOWGx0TVVoaVJYVk9aM0JXZWxBMVJVUjFlbmxMYUhCUk1rNXJTRTl0UVd0QlIySmhSR0ZwYldoNGVHTndNMjR6YjNkRmVWY3pkM0JOV1hGMVZqSTJSbXhpUjFkaVFrRXlORnB2U2xGelNqRXpiV1ZhYUc1aVl6ZFBXRko2U1VwclNWVmFkakZ0VTFnMU5IZFVTR05MYzNaamF6QldXamcwWldkck9GUk5TbHBNWVdKbU9UZDJOMmxzVWpORmNtazBjbkZoVm1sVVZuWTBZelJ0VlVkR1RYZEpkbUZzY1ZKeVIydFBhR3gzVm5Sek0yb3dTREIwV1VneFlXbDNabmxQUVhoT2NYbFNTazlHWTFOM1RFazFUMGN4YXpWbGJIRnZaazlYWlZwdUwzVnlTRUpaV1drM05sWnlXa0pHU25NM0sxWXdRV1ZVT0VKdUwydEZkQzlIUW01c1NWUjROR2hXU2xGRVRrSjVUMlZ2ZGpBd1RGcEdkVlY2VnpOSVowWTNWV056TnpGSGVEQk1hMnBuVlRKNGIySXhhVzVUTjFobWRFdE1SM1prVEZCT1dEUjVhRTVpYm1oQ1ZFZDNlSGRWVDJJd1Z6VlRjekEyTVhRaUxDSmtZWFJoYTJWNUlqb2lRVkZGUWtGSWFETjZXVTlrZEhCQ1FsTldkeTlaTW1GdU9FSllTVVEwYTNkTVVXWnViMVJxTlhwM1duUkhTbHB2V2xGQlFVRklOSGRtUVZsS1MyOWFTV2gyWTA1QlVXTkhiMGM0ZDJKUlNVSkJSRUp2UW1kcmNXaHJhVWM1ZHpCQ1FuZEZkMGhuV1VwWlNWcEpRVmRWUkVKQlJYVk5Ra1ZGUkVGS1VIRkhVVWhHTTFsc2NsUkhUa05CU1VKRlNVRTNkMnRLT0RSR1dqZG5Sa1IwWWtGcVUwbG5ja0ZRYUhaWEsyaG5jMFEwT1hkWFduRjFZblZuYTNaR1J6SkpPVWRGTDFObFEzRTNiV0lyY1RWUU1qZEdWelozTW1WNk5ubE9abTlqV1RkeU9EMGlMQ0oyWlhKemFXOXVJam9pTWlJc0luUjVjR1VpT2lKRVFWUkJYMHRGV1NJc0ltVjRjR2x5WVhScGIyNGlPakUzTURjd05EZ3hPVE45",
            "expires_at": "2024-02-04T12:03:13Z",
            "id": "eu-central-1",
            "password": "eyJwYXlsb2FkIjoiTitWbkhka0k3NStIVFh6V2NkeENWeFV5UVFTWHdTTnZHUUpwZUhJZ1hxMTdsZHhkeGFCbUVXbTdZRTEyd2Q4cXVJb3g4MVhPYTJhWDNuRkJ5OTl0MUsxR29WT0xlaDZTalJuR2pxekRMc05NRTJZUnMvYW1UakJJRXBlQmJkVjJuSnhyTHRxTURWTkxxcjB4cTkvMlE0dnZpMFRRNmVxUHQrNEZ4dGJFb3g2UGlYRExmZ2NIY1Z4cTBWeTR1Rkp6a21TazVLS2pjMDdudmVWbGhDRWxLN3JoeExKcUhiUnJDMUVOOENEdm5hTEl5SlFiUDB3Zy9tNk82TlJvWjNWajdRVGd3VldPRFJtSzdWWnU2a0UvaUpvZUp6SVVURlJiZ0lGYWdHbHJtWjVJUDNSRnl1WDUralZIQXZMeFRRZ1dpcE12V2xGVi90TzhWaVNMd1BoWDNYQVFYbzg5T3A4RW5TWXc0MUxzaVZuVE1PUVNxNDBtVHVGUk1GWndWeHFKNCtQK3pyT0xzektvWE1MaGZxU1BwU21uWkxFbGNoMmV4ZXVIQThOQnIyMVF2UFNwUDBpRmJlaWtob2R6eVFmK0hrZHEwbHpLdFRSUlQ2UURpcmtTNkYrY3VwSlRkNEFsM1VLOXgxVjljemdPbzFuNmVBQnJDeERIOFFUbFgrTXA4aGJqc3dtZnlpTktKRjcxVzFUUVErS2dYbW5RS3F6SXc0aWdGTElHd3p6b2Nlczc5VklrVm1ldklJUUVyYk5PM3M2S2JBeGtqUzM1V0VaVXNua29YRUZIMDl5KzUyK3FaSENlcWtNMFlMZ2wwRy9yTWUrMjJQMEFiMVVaN0cwcEV0cjh4eXZDcUhMeFlHRjFCVVIwV3E2RGlQNHF3MGZURkcvdDQ3Vnlpbk1Nd0JabHJHT3R1ZU1iN0xBMlRlcjJnU1RBTWNpbkp1VWd3dkNVcDczeDFLcllrc2NYa0xveWhOZnYxWkp1bXRDV0o3ell0RDYyRGZqVVZ2RGd4cS9CcWJrYkp6R0JNZDI3Q3ZEeFk0dmVtSW5SOHRQcW9KQnlUNXltMUhiRXVOZ3BWelA1RUR1enlLaHBRMk5rSE9tQWtBR2JhRGFpbWh4eGNwM24zb3dFeVczd3BNWXF1VjI2RmxiR1diQkEyNFpvSlFzSjEzbWVaaG5iYzdPWFJ6SUprSVVadjFtU1g1NHdUSGNLc3ZjazBWWjg0ZWdrOFRNSlpMYWJmOTd2N2lsUjNFcmk0cnFhVmlUVnY0YzRtVUdGTXdJdmFscVJyR2tPaGx3VnRzM2owSDB0WUgxYWl3ZnlPQXhOcXlSSk9GY1N3TEk1T0cxazVlbHFvZk9XZVpuL3VySEJZWWk3NlZyWkJGSnM3K1YwQWVUOEJuL2tFdC9HQm5sSVR4NGhWSlFETkJ5T2VvdjAwTFpGdVV6VzNIZ0Y3VWNzNzFHeDBMa2pnVTJ4b2IxaW5TN1hmdEtMR3ZkTFBOWDR5aE5ibmhCVEd3eHdVT2IwVzVTczA2MXQiLCJkYXRha2V5IjoiQVFFQkFIaDN6WU9kdHBCQlNWdy9ZMmFuOEJYSUQ0a3dMUWZub1RqNXp3WnRHSlpvWlFBQUFINHdmQVlKS29aSWh2Y05BUWNHb0c4d2JRSUJBREJvQmdrcWhraUc5dzBCQndFd0hnWUpZSVpJQVdVREJBRXVNQkVFREFKUHFHUUhGM1lsclRHTkNBSUJFSUE3d2tKODRGWjdnRkR0YkFqU0lnckFQaHZXK2hnc0Q0OXdXWnF1YnVna3ZGRzJJOUdFL1NlQ3E3bWIrcTVQMjdGVzZ3MmV6NnlOZm9jWTdyOD0iLCJ2ZXJzaW9uIjoiMiIsInR5cGUiOiJEQVRBX0tFWSIsImV4cGlyYXRpb24iOjE3MDcwNDgxOTN9",
            "proxy_endpoint": "https://711348555690.dkr.ecr.eu-central-1.amazonaws.com",
            "registry_id": null,
            "user_name": "AWS"
          },
          "sensitive_attributes": []
        }
      ]
    },
    {
      "mode": "managed",
      "type": "aws_ecr_repository",
      "name": "BackRepo",
      "provider": "provider[\"registry.terraform.io/hashicorp/aws\"]",
      "instances": [
        {
          "schema_version": 0,
          "attributes": {
            "arn": "arn:aws:ecr:eu-central-1:711348555690:repository/back-repo",
            "encryption_configuration": [
              {
                "encryption_type": "AES256",
                "kms_key": ""
              }
            ],
            "force_delete": null,
            "id": "back-repo",
            "image_scanning_configuration": [
              {
                "scan_on_push": false
              }
            ],
            "image_tag_mutability": "MUTABLE",
            "name": "back-repo",
            "registry_id": "711348555690",
            "repository_url": "711348555690.dkr.ecr.eu-central-1.amazonaws.com/back-repo",
            "tags": {},
            "tags_all": {},
            "timeouts": null
          },
          "sensitive_attributes": [],
          "private": "eyJlMmJmYjczMC1lY2FhLTExZTYtOGY4OC0zNDM2M2JjN2M0YzAiOnsiZGVsZXRlIjoxMjAwMDAwMDAwMDAwfX0="
        }
      ]
    },
    {
      "mode": "managed",
      "type": "aws_ecr_repository",
      "name": "FrontRepo",
      "provider": "provider[\"registry.terraform.io/hashicorp/aws\"]",
      "instances": [
        {
          "schema_version": 0,
          "attributes": {
            "arn": "arn:aws:ecr:eu-central-1:711348555690:repository/front-repo",
            "encryption_configuration": [
              {
                "encryption_type": "AES256",
                "kms_key": ""
              }
            ],
            "force_delete": null,
            "id": "front-repo",
            "image_scanning_configuration": [
              {
                "scan_on_push": false
              }
            ],
            "image_tag_mutability": "MUTABLE",
            "name": "front-repo",
            "registry_id": "711348555690",
            "repository_url": "711348555690.dkr.ecr.eu-central-1.amazonaws.com/front-repo",
            "tags": {},
            "tags_all": {},
            "timeouts": null
          },
          "sensitive_attributes": [],
          "private": "eyJlMmJmYjczMC1lY2FhLTExZTYtOGY4OC0zNDM2M2JjN2M0YzAiOnsiZGVsZXRlIjoxMjAwMDAwMDAwMDAwfX0="
        }
      ]
    },
    {
      "mode": "managed",
      "type": "aws_iam_role",
      "name": "LambdaRole",
      "provider": "provider[\"registry.terraform.io/hashicorp/aws\"]",
      "instances": [
        {
          "schema_version": 0,
          "attributes": {
            "arn": "arn:aws:iam::711348555690:role/lambda-role",
            "assume_role_policy": "{\"Statement\":[{\"Action\":\"sts:AssumeRole\",\"Effect\":\"Allow\",\"Principal\":{\"Service\":\"lambda.amazonaws.com\"}}],\"Version\":\"2012-10-17\"}",
            "create_date": "2024-02-03T22:38:03Z",
            "description": "",
            "force_detach_policies": false,
            "id": "lambda-role",
            "inline_policy": [],
            "managed_policy_arns": [
              "arn:aws:iam::aws:policy/service-role/AWSLambdaBasicExecutionRole"
            ],
            "max_session_duration": 3600,
            "name": "lambda-role",
            "name_prefix": "",
            "path": "/",
            "permissions_boundary": "",
            "tags": {},
            "tags_all": {},
            "unique_id": "AROA2LH5NR6VE3BTRTXYR"
          },
          "sensitive_attributes": [],
          "private": "bnVsbA=="
        }
      ]
    },
    {
      "mode": "managed",
      "type": "aws_iam_role_policy_attachment",
      "name": "LambdaRolePolicyAttachment",
      "provider": "provider[\"registry.terraform.io/hashicorp/aws\"]",
      "instances": [
        {
          "schema_version": 0,
          "attributes": {
            "id": "lambda-role-20240203223804031500000001",
            "policy_arn": "arn:aws:iam::aws:policy/service-role/AWSLambdaBasicExecutionRole",
            "role": "lambda-role"
          },
          "sensitive_attributes": [],
          "private": "bnVsbA==",
          "dependencies": [
            "aws_iam_role.LambdaRole"
          ]
        }
      ]
    },
    {
      "mode": "managed",
      "type": "aws_lambda_function",
      "name": "BackLambda",
      "provider": "provider[\"registry.terraform.io/hashicorp/aws\"]",
      "instances": [
        {
          "schema_version": 0,
          "attributes": {
            "architectures": [
              "arm64"
            ],
            "arn": "arn:aws:lambda:eu-central-1:711348555690:function:back-lambda",
            "code_signing_config_arn": "",
            "dead_letter_config": [],
            "description": "",
            "environment": [
              {
                "variables": {
                  "HOME": "/tmp",
                  "REDIS_SERVER": "redis://default:01082a7f147849a7bf623acf830ca41d@eu2-learning-dane-32666.upstash.io:32666"
                }
              }
            ],
            "ephemeral_storage": [
              {
                "size": 512
              }
            ],
            "file_system_config": [],
            "filename": null,
            "function_name": "back-lambda",
            "handler": "",
            "id": "back-lambda",
            "image_config": [],
            "image_uri": "711348555690.dkr.ecr.eu-central-1.amazonaws.com/back-repo@sha256:004eab602bb7be27dd20c4ce42410c1b3d6529cebc9c97b893bf9274f7526458",
            "invoke_arn": "arn:aws:apigateway:eu-central-1:lambda:path/2015-03-31/functions/arn:aws:lambda:eu-central-1:711348555690:function:back-lambda/invocations",
            "kms_key_arn": "",
            "last_modified": "2024-02-04T00:03:16.000+0000",
            "layers": [],
            "logging_config": [
              {
                "application_log_level": "INFO",
                "log_format": "JSON",
                "log_group": "/aws/lambda/back-lambda",
                "system_log_level": "INFO"
              }
            ],
            "memory_size": 1792,
            "package_type": "Image",
            "publish": false,
            "qualified_arn": "arn:aws:lambda:eu-central-1:711348555690:function:back-lambda:$LATEST",
            "qualified_invoke_arn": "arn:aws:apigateway:eu-central-1:lambda:path/2015-03-31/functions/arn:aws:lambda:eu-central-1:711348555690:function:back-lambda:$LATEST/invocations",
            "replace_security_groups_on_destroy": null,
            "replacement_security_group_ids": null,
            "reserved_concurrent_executions": -1,
            "role": "arn:aws:iam::711348555690:role/lambda-role",
            "runtime": "",
            "s3_bucket": null,
            "s3_key": null,
            "s3_object_version": null,
            "signing_job_arn": "",
            "signing_profile_version_arn": "",
            "skip_destroy": false,
            "snap_start": [],
            "source_code_hash": "004eab602bb7be27dd20c4ce42410c1b3d6529cebc9c97b893bf9274f7526458",
            "source_code_size": 0,
            "tags": {},
            "tags_all": {},
            "timeout": 5,
            "timeouts": null,
            "tracing_config": [
              {
                "mode": "PassThrough"
              }
            ],
            "version": "$LATEST",
            "vpc_config": []
          },
          "sensitive_attributes": [],
          "private": "eyJlMmJmYjczMC1lY2FhLTExZTYtOGY4OC0zNDM2M2JjN2M0YzAiOnsiY3JlYXRlIjo2MDAwMDAwMDAwMDAsImRlbGV0ZSI6NjAwMDAwMDAwMDAwLCJ1cGRhdGUiOjYwMDAwMDAwMDAwMH19",
          "dependencies": [
            "aws_ecr_repository.BackRepo",
            "aws_iam_role.LambdaRole",
            "data.aws_ecr_authorization_token.token",
            "docker_image.BackImage",
            "docker_registry_image.BackEcrImage"
          ]
        }
      ]
    },
    {
      "mode": "managed",
      "type": "aws_lambda_function",
      "name": "FrontLambda",
      "provider": "provider[\"registry.terraform.io/hashicorp/aws\"]",
      "instances": [
        {
          "schema_version": 0,
          "attributes": {
            "architectures": [
              "arm64"
            ],
            "arn": "arn:aws:lambda:eu-central-1:711348555690:function:front-lambda",
            "code_signing_config_arn": "",
            "dead_letter_config": [],
            "description": "",
            "environment": [
              {
                "variables": {
                  "BACKEND_API_URL": "https://lmku2f7q7hbd7nfjxye4gmpabm0jcmtr.lambda-url.eu-central-1.on.aws/",
                  "CLIENT_API_URL": "https://lmku2f7q7hbd7nfjxye4gmpabm0jcmtr.lambda-url.eu-central-1.on.aws/",
                  "HOME": "/tmp"
                }
              }
            ],
            "ephemeral_storage": [
              {
                "size": 512
              }
            ],
            "file_system_config": [],
            "filename": null,
            "function_name": "front-lambda",
            "handler": "",
            "id": "front-lambda",
            "image_config": [],
            "image_uri": "711348555690.dkr.ecr.eu-central-1.amazonaws.com/front-repo@sha256:3ad5e8cecc7412f53bd5ae9e5b7583df5ee679f57fa7bafcc574161df9f759a0",
            "invoke_arn": "arn:aws:apigateway:eu-central-1:lambda:path/2015-03-31/functions/arn:aws:lambda:eu-central-1:711348555690:function:front-lambda/invocations",
            "kms_key_arn": "",
            "last_modified": "2024-02-04T00:05:08.000+0000",
            "layers": [],
            "logging_config": [
              {
                "application_log_level": "INFO",
                "log_format": "JSON",
                "log_group": "/aws/lambda/front-lambda",
                "system_log_level": "INFO"
              }
            ],
            "memory_size": 1792,
            "package_type": "Image",
            "publish": false,
            "qualified_arn": "arn:aws:lambda:eu-central-1:711348555690:function:front-lambda:$LATEST",
            "qualified_invoke_arn": "arn:aws:apigateway:eu-central-1:lambda:path/2015-03-31/functions/arn:aws:lambda:eu-central-1:711348555690:function:front-lambda:$LATEST/invocations",
            "replace_security_groups_on_destroy": null,
            "replacement_security_group_ids": null,
            "reserved_concurrent_executions": -1,
            "role": "arn:aws:iam::711348555690:role/lambda-role",
            "runtime": "",
            "s3_bucket": null,
            "s3_key": null,
            "s3_object_version": null,
            "signing_job_arn": "",
            "signing_profile_version_arn": "",
            "skip_destroy": false,
            "snap_start": [],
            "source_code_hash": "3ad5e8cecc7412f53bd5ae9e5b7583df5ee679f57fa7bafcc574161df9f759a0",
            "source_code_size": 0,
            "tags": {},
            "tags_all": {},
            "timeout": 5,
            "timeouts": null,
            "tracing_config": [
              {
                "mode": "PassThrough"
              }
            ],
            "version": "$LATEST",
            "vpc_config": []
          },
          "sensitive_attributes": [],
          "private": "eyJlMmJmYjczMC1lY2FhLTExZTYtOGY4OC0zNDM2M2JjN2M0YzAiOnsiY3JlYXRlIjo2MDAwMDAwMDAwMDAsImRlbGV0ZSI6NjAwMDAwMDAwMDAwLCJ1cGRhdGUiOjYwMDAwMDAwMDAwMH19",
          "dependencies": [
            "aws_ecr_repository.BackRepo",
            "aws_ecr_repository.FrontRepo",
            "aws_iam_role.LambdaRole",
            "aws_lambda_function.BackLambda",
            "aws_lambda_function_url.BackLambdaUrl",
            "data.aws_ecr_authorization_token.token",
            "docker_image.BackImage",
            "docker_image.FrontImage",
            "docker_registry_image.BackEcrImage",
            "docker_registry_image.FrontEcrImage"
          ]
        }
      ]
    },
    {
      "mode": "managed",
      "type": "aws_lambda_function_url",
      "name": "BackLambdaUrl",
      "provider": "provider[\"registry.terraform.io/hashicorp/aws\"]",
      "instances": [
        {
          "schema_version": 0,
          "attributes": {
            "authorization_type": "NONE",
            "cors": [],
            "function_arn": "arn:aws:lambda:eu-central-1:711348555690:function:back-lambda",
            "function_name": "back-lambda",
            "function_url": "https://lmku2f7q7hbd7nfjxye4gmpabm0jcmtr.lambda-url.eu-central-1.on.aws/",
            "id": "back-lambda",
            "invoke_mode": "BUFFERED",
            "qualifier": "",
            "timeouts": null,
            "url_id": "lmku2f7q7hbd7nfjxye4gmpabm0jcmtr"
          },
          "sensitive_attributes": [],
          "private": "eyJlMmJmYjczMC1lY2FhLTExZTYtOGY4OC0zNDM2M2JjN2M0YzAiOnsiY3JlYXRlIjo2MDAwMDAwMDAwMDB9fQ==",
          "dependencies": [
            "aws_ecr_repository.BackRepo",
            "aws_iam_role.LambdaRole",
            "aws_lambda_function.BackLambda",
            "data.aws_ecr_authorization_token.token",
            "docker_image.BackImage",
            "docker_registry_image.BackEcrImage"
          ]
        }
      ]
    },
    {
      "mode": "managed",
      "type": "aws_lambda_function_url",
      "name": "FrontLambdaUrl",
      "provider": "provider[\"registry.terraform.io/hashicorp/aws\"]",
      "instances": [
        {
          "schema_version": 0,
          "attributes": {
            "authorization_type": "NONE",
            "cors": [],
            "function_arn": "arn:aws:lambda:eu-central-1:711348555690:function:front-lambda",
            "function_name": "front-lambda",
            "function_url": "https://5o54fa3ok7dnyaqvhwkhrexzsa0qrtqn.lambda-url.eu-central-1.on.aws/",
            "id": "front-lambda",
            "invoke_mode": "BUFFERED",
            "qualifier": "",
            "timeouts": null,
            "url_id": "5o54fa3ok7dnyaqvhwkhrexzsa0qrtqn"
          },
          "sensitive_attributes": [],
          "private": "eyJlMmJmYjczMC1lY2FhLTExZTYtOGY4OC0zNDM2M2JjN2M0YzAiOnsiY3JlYXRlIjo2MDAwMDAwMDAwMDB9fQ==",
          "dependencies": [
            "aws_ecr_repository.BackRepo",
            "aws_ecr_repository.FrontRepo",
            "aws_iam_role.LambdaRole",
            "aws_lambda_function.BackLambda",
            "aws_lambda_function.FrontLambda",
            "aws_lambda_function_url.BackLambdaUrl",
            "data.aws_ecr_authorization_token.token",
            "docker_image.BackImage",
            "docker_image.FrontImage",
            "docker_registry_image.BackEcrImage",
            "docker_registry_image.FrontEcrImage"
          ]
        }
      ]
    },
    {
      "mode": "managed",
      "type": "docker_image",
      "name": "BackImage",
      "provider": "provider[\"registry.terraform.io/kreuzwerker/docker\"]",
      "instances": [
        {
          "schema_version": 0,
          "attributes": {
            "build": [
              {
                "auth_config": [],
                "build_arg": {},
                "build_args": {},
                "build_id": "",
                "cache_from": [],
                "cgroup_parent": "",
                "context": "/home/user/github/cdktf-project/src/back",
                "cpu_period": 0,
                "cpu_quota": 0,
                "cpu_set_cpus": "",
                "cpu_set_mems": "",
                "cpu_shares": 0,
                "dockerfile": "Dockerfile",
                "extra_hosts": [],
                "force_remove": false,
                "isolation": "",
                "label": {},
                "labels": {},
                "memory": 0,
                "memory_swap": 0,
                "network_mode": "",
                "no_cache": false,
                "platform": "linux/arm64",
                "pull_parent": false,
                "remote_context": "",
                "remove": true,
                "security_opt": [],
                "session_id": "",
                "shm_size": 0,
                "squash": false,
                "suppress_output": false,
                "tag": [],
                "target": "",
                "ulimit": [],
                "version": ""
              }
            ],
            "force_remove": null,
            "id": "sha256:0a51d14d876a126e928b06c743f72a0f6c29b65dc9cae9ea88e1a10478a1e2c9711348555690.dkr.ecr.eu-central-1.amazonaws.com/back-repo",
            "image_id": "sha256:0a51d14d876a126e928b06c743f72a0f6c29b65dc9cae9ea88e1a10478a1e2c9",
            "keep_locally": null,
            "name": "711348555690.dkr.ecr.eu-central-1.amazonaws.com/back-repo",
            "platform": null,
            "pull_triggers": null,
            "repo_digest": "711348555690.dkr.ecr.eu-central-1.amazonaws.com/back-repo@sha256:004eab602bb7be27dd20c4ce42410c1b3d6529cebc9c97b893bf9274f7526458",
            "triggers": {
              "filesha256": "d582e1929e92049e244aa8f040d3381cabd52f82cc371b2c05a9d7981e8a0dd8"
            }
          },
          "sensitive_attributes": [],
          "private": "bnVsbA==",
          "dependencies": [
            "aws_ecr_repository.BackRepo",
            "data.aws_ecr_authorization_token.token"
          ]
        }
      ]
    },
    {
      "mode": "managed",
      "type": "docker_image",
      "name": "FrontImage",
      "provider": "provider[\"registry.terraform.io/kreuzwerker/docker\"]",
      "instances": [
        {
          "schema_version": 0,
          "attributes": {
            "build": [
              {
                "auth_config": [],
                "build_arg": null,
                "build_args": null,
                "build_id": "",
                "cache_from": [],
                "cgroup_parent": "",
                "context": "/home/user/github/cdktf-project/src/front",
                "cpu_period": null,
                "cpu_quota": null,
                "cpu_set_cpus": "",
                "cpu_set_mems": "",
                "cpu_shares": null,
                "dockerfile": "Dockerfile",
                "extra_hosts": [],
                "force_remove": null,
                "isolation": "",
                "label": null,
                "labels": null,
                "memory": null,
                "memory_swap": null,
                "network_mode": "",
                "no_cache": null,
                "platform": "linux/arm64",
                "pull_parent": null,
                "remote_context": "",
                "remove": true,
                "security_opt": [],
                "session_id": "",
                "shm_size": null,
                "squash": null,
                "suppress_output": null,
                "tag": [],
                "target": "",
                "ulimit": [],
                "version": ""
              }
            ],
            "force_remove": null,
            "id": "sha256:e2dad0e1bd530f7e4900f24dc6fb4c6b4013dfe4eb0730e11f9f0115487d3d4f711348555690.dkr.ecr.eu-central-1.amazonaws.com/front-repo",
            "image_id": "sha256:e2dad0e1bd530f7e4900f24dc6fb4c6b4013dfe4eb0730e11f9f0115487d3d4f",
            "keep_locally": null,
            "name": "711348555690.dkr.ecr.eu-central-1.amazonaws.com/front-repo",
            "platform": null,
            "pull_triggers": null,
            "repo_digest": "",
            "triggers": {
              "filesha256": "f30acb59e0dca98e4b4942833f54707bda22f103288458fb40af0701fe3fd27a"
            }
          },
          "sensitive_attributes": [],
          "private": "bnVsbA==",
          "dependencies": [
            "aws_ecr_repository.FrontRepo",
            "data.aws_ecr_authorization_token.token"
          ]
        }
      ]
    },
    {
      "mode": "managed",
      "type": "docker_registry_image",
      "name": "BackEcrImage",
      "provider": "provider[\"registry.terraform.io/kreuzwerker/docker\"]",
      "instances": [
        {
          "schema_version": 0,
          "attributes": {
            "id": "sha256:004eab602bb7be27dd20c4ce42410c1b3d6529cebc9c97b893bf9274f7526458",
            "insecure_skip_verify": false,
            "keep_remotely": false,
            "name": "711348555690.dkr.ecr.eu-central-1.amazonaws.com/back-repo",
            "sha256_digest": "sha256:004eab602bb7be27dd20c4ce42410c1b3d6529cebc9c97b893bf9274f7526458",
            "triggers": {
              "filesha256": "d582e1929e92049e244aa8f040d3381cabd52f82cc371b2c05a9d7981e8a0dd8"
            }
          },
          "sensitive_attributes": [],
          "private": "bnVsbA==",
          "dependencies": [
            "aws_ecr_repository.BackRepo",
            "data.aws_ecr_authorization_token.token",
            "docker_image.BackImage"
          ]
        }
      ]
    },
    {
      "mode": "managed",
      "type": "docker_registry_image",
      "name": "FrontEcrImage",
      "provider": "provider[\"registry.terraform.io/kreuzwerker/docker\"]",
      "instances": [
        {
          "schema_version": 0,
          "attributes": {
            "id": "sha256:3ad5e8cecc7412f53bd5ae9e5b7583df5ee679f57fa7bafcc574161df9f759a0",
            "insecure_skip_verify": false,
            "keep_remotely": false,
            "name": "711348555690.dkr.ecr.eu-central-1.amazonaws.com/front-repo",
            "sha256_digest": "sha256:3ad5e8cecc7412f53bd5ae9e5b7583df5ee679f57fa7bafcc574161df9f759a0",
            "triggers": {
              "filesha256": "f30acb59e0dca98e4b4942833f54707bda22f103288458fb40af0701fe3fd27a"
            }
          },
          "sensitive_attributes": [],
          "private": "bnVsbA==",
          "dependencies": [
            "aws_ecr_repository.FrontRepo",
            "data.aws_ecr_authorization_token.token",
            "docker_image.FrontImage"
          ]
        }
      ]
    }
  ],
  "check_results": null
}
