{
  "version": 4,
  "terraform_version": "1.7.0",
  "serial": 97,
  "lineage": "a595879c-8348-d326-a097-97e4ec7507b9",
  "outputs": {},
  "resources": [
    {
      "mode": "data",
      "type": "aws_ecr_authorization_token",
      "name": "token",
      "provider": "provider[\"registry.terraform.io/hashicorp/aws\"]",
      "instances": [
        {
          "schema_version": 0,
          "attributes": {
            "authorization_token": "QVdTOmV5SndZWGxzYjJGa0lqb2llRFF2TVRoaFJXWjFNVkZXWkdwWFVuWkNaV0ZQY1ZCelNtRnhVemx6VkhKclRITjFXbmNyUlU1SFdIaEpWSGxNWmxSRVNXMWtUSGRuWXpKUlRHTmhObTVuWmtaNmVFbENTbnB3Wm13MFNHRTVlWHAxYWxsVGNIVkJNVEZ3TkhWbU9WbEdkVTR6VWxaQ05UWlBRMDUwYlROS2REUkRaV2hIV1hjclJqbFJkalkyVWxseVUwNHdkR05xWmtscFRsZFVVa0p4WVRsNFdYQjVWVkp5TUdNM1lrWlFOa055UjNjMWMwSjRkR000YlZZdk5qZzVkbk51VVdKbFpYRlpUMkpzY0UweVYzTTFWRE0wTjA5RFdVRllaRzB6U2tSSk1rcDVRMUpsUVN0M2FEVjRjMnh3TjA5RmRFSlROekIzUWxseVExbDNUekJFVlROVk0weDZRbEZUTmtoUWVqWlhVREZDU2xwc1RIRktWR3RWTkRGU05UUktZVVZJWm5wbGRYTkdXV0kzWTNWWWRpdEVjMnN5VTJsTFJqVnlSa1kzUzBKRk5rcFlhWFV5YzFwTFRISlBWRnBHVERkS1ZVWnJNVTlFYURoVk4wRnlTVTVoZVVkdGFUSjFTRXBhVTNOUFNGTm5TbXRMSzBwNVUwdHhVSGRMV0dVcmMzUkdkMlJ5Um10V1JEVlBkMDlOVUV0a2JsTlZLekk1WTJoM2FHUk1TVGhCSzJKalZXZFFPSFpzSzBaeWRrRnNWRmxJUTNkRUswVjZMemRFUms5blpYQldTRkIxZVZocFV6Sk1lbEJRZW1obk0yWlNWM3BRTWxGdVIyVXJUbGhSYXpsV1pIZHBReTlYYkVZeGRXeGpPV2hKWkUxelJrbExXWFphU2s4NFZEVTBWVFk1ZFZOUFFuSnZlVmhzVjJkWVNrTTRaRXh0ZUd3NGRXOUNibnBJTVRsS1dXUlBURXB0S3pWaVJEVTBUMU5aWkdwUlJYVXhNRkl2VjAxblpEUmxjMFUwVG5RdlZGTnJiVEpVVG5sRWRYaExlRVZzVWpkdFdGSjZkbGQyTW1GQlUxbFNOMDh6VkZveWJqbDJTbWxWWldZeFFYVjFabVYwYVRKUk9Xb3lSREkzWkRscFdVMXJkSHBRYVZwbldXSm9VM2hhVEZNNFlucEVkMFpKUTBab01qazJTbTQyY1hGS1NrNXRSV1ZLUTBoTk5rMXFjbUYyUjI5bVJ6RnpaamhvZURScUwyaGpLemxQVmk5UmRFWmFZak5hY0hOR1EyVnFaVFZXTWtsd1RIa3laM0Z6WTBsek1IbHdUMDgwYzBZNU9EWXlZbEpvVG1oMFlscDRPVzk0UlhCMmMyTkVRWFZaYmpSdFFrOUVhSGR6Ym1kRk1UbGhUekpvZW5SNGFVYzVkbUp2YlRWd2IyMVJaelJMVG1WQ1UwVlNLMUpGUlV4S2JuSktWelZoVWk5UFJ6TmhkM3AxVjFNNVlVVnhiRlJwYVc1R05XZDRhRUZNTTNaR05uTklWRzVyZUhKM1IwNUJhVGR3VWpGRVZucHhibWxDVDJScWFVOXVaa2t4VTI1U2QxbzBVa2t5U1VGNFVXRXJjRkZYZVU1RFZWUnhlRkpuWVVvM09VTjNZakpCVlhwcGVIUmpPV05GYkVkUFowZ3JRbnB4Y2xaUlpETkdUbUZUT1hac1NsSmFSMVpSZHpkdFZFeGFVM2RyVVV0UlZFRlJhRzUzTXk5U09YUTVkMnB4Ukd3eE9WbG5WR2RpVVRsWmFtdERPR0V3ZUVjdlFXZE5Wa2QyYkU5Q2QzQTJWMmRIWW5sNk4ycFJjMUZwTnk5MmNWZHBSREV4YkhJMmVuZG5SMEZQUm1sdWRWRlJWSFZZVld4b1NUQkJaMmR1V0RCWGRIZzBVMUI1Y3pZeGRGWk5hVkY0UzJOVlFpdEROVkJ0YjFrMFIzSXdNMFI2VDBsNVRESjZlamgwYXpKTVFtTldkRkE1UVdGcFNraHVlVFZEY0hCSWIzSm5VRUpsY1VKb1ZscDBkWEZLWm00aUxDSmtZWFJoYTJWNUlqb2lRVkZGUWtGSWFETjZXVTlrZEhCQ1FsTldkeTlaTW1GdU9FSllTVVEwYTNkTVVXWnViMVJxTlhwM1duUkhTbHB2V2xGQlFVRklOSGRtUVZsS1MyOWFTV2gyWTA1QlVXTkhiMGM0ZDJKUlNVSkJSRUp2UW1kcmNXaHJhVWM1ZHpCQ1FuZEZkMGhuV1VwWlNWcEpRVmRWUkVKQlJYVk5Ra1ZGUkV4YVVWVTRaWGhyZVZselRUWkZRa3huU1VKRlNVRTNPRkJuZDAxUVZEbHNWMEpaZVZwVlUxcFlTRnAwZFZneWJHNUphMnBXT1ROemJDdG9kMGxXSzA5QlJrUTRPVnBCWVhablRXbFpjM1V5UjNKcVdVMHdSazltUldOVWNXVkpabVIzU1ZOT2J6MGlMQ0oyWlhKemFXOXVJam9pTWlJc0luUjVjR1VpT2lKRVFWUkJYMHRGV1NJc0ltVjRjR2x5WVhScGIyNGlPakUzTURZeE16QTBNelY5",
            "expires_at": "2024-01-24T21:07:15Z",
            "id": "eu-central-1",
            "password": "eyJwYXlsb2FkIjoieDQvMThhRWZ1MVFWZGpXUnZCZWFPcVBzSmFxUzlzVHJrTHN1WncrRU5HWHhJVHlMZlRESW1kTHdnYzJRTGNhNm5nZkZ6eElCSnpwZmw0SGE5eXp1allTcHVBMTFwNHVmOVlGdU4zUlZCNTZPQ050bTNKdDRDZWhHWXcrRjlRdjY2UllyU04wdGNqZklpTldUUkJxYTl4WXB5VVJyMGM3YkZQNkNyR3c1c0J4dGM4bVYvNjg5dnNuUWJlZXFZT2JscE0yV3M1VDM0N09DWUFYZG0zSkRJMkp5Q1JlQSt3aDV4c2xwN09FdEJTNzB3QllyQ1l3TzBEVTNVM0x6QlFTNkhQejZXUDFCSlpsTHFKVGtVNDFSNTRKYUVIZnpldXNGWWI3Y3VYditEc2syU2lLRjVyRkY3S0JFNkpYaXUyc1pLTHJPVFpGTDdKVUZrMU9EaDhVN0FySU5heUdtaTJ1SEpaU3NPSFNnSmtLK0p5U0txUHdLWGUrc3RGd2RyRmtWRDVPd09NUEtkblNVKzI5Y2h3aGRMSThBK2JjVWdQOHZsK0ZydkFsVFlIQ3dEK0V6LzdERk9nZXBWSFB1eVhpUzJMelBQemhnM2ZSV3pQMlFuR2UrTlhRazlWZHdpQy9XbEYxdWxjOWhJZE1zRklLWXZaSk84VDU0VTY5dVNPQnJveVhsV2dYSkM4ZExteGw4dW9CbnpIMTlKWWRPTEptKzViRDU0T1NZZGpRRXUxMFIvV01nZDRlc0U0TnQvVFNrbTJUTnlEdXhLeEVsUjdtWFJ6dld2MmFBU1lSN08zVFoybjl2SmlVZWYxQXV1ZmV0aTJROWoyRDI3ZDlpWU1rdHpQaVpnWWJoU3haTFM4YnpEd0ZJQ0ZoMjk2Sm42cXFKSk5tRWVKQ0hNNk1qcmF2R29mRzFzZjhoeDRqL2hjKzlPVi9RdEZaYjNacHNGQ2VqZTVWMklwTHkyZ3FzY0lzMHlwT080c0Y5ODYyYlJoTmh0Ylp4OW94RXB2c2NEQXVZbjRtQk9EaHdzbmdFMTlhTzJoenR4aUc5dmJvbTVwb21RZzRLTmVCU0VSK1JFRUxKbnJKVzVhUi9PRzNhd3p1V1M5YUVxbFRpaW5GNWd4aEFMM3ZGNnNIVG5reHJ3R05BaTdwUjFEVnpxbmlCT2RqaU9uZkkxU25Sd1o0UkkySUF4UWErcFFXeU5DVVRxeFJnYUo3OUN3YjJBVXppeHRjOWNFbEdPZ0grQnpxclZRZDNGTmFTOXZsSlJaR1ZRdzdtVExaU3drUUtRVEFRaG53My9SOXQ5d2pxRGwxOVlnVGdiUTlZamtDOGEweEcvQWdNVkd2bE9Cd3A2V2dHYnl6N2pRc1FpNy92cVdpRDExbHI2endnR0FPRmludVFRVHVYVWxoSTBBZ2duWDBXdHg0U1B5czYxdFZNaVF4S2NVQitDNVBtb1k0R3IwM0R6T0l5TDJ6ejh0azJMQmNWdFA5QWFpSkhueTVDcHBIb3JnUEJlcUJoVlp0dXFKZm4iLCJkYXRha2V5IjoiQVFFQkFIaDN6WU9kdHBCQlNWdy9ZMmFuOEJYSUQ0a3dMUWZub1RqNXp3WnRHSlpvWlFBQUFINHdmQVlKS29aSWh2Y05BUWNHb0c4d2JRSUJBREJvQmdrcWhraUc5dzBCQndFd0hnWUpZSVpJQVdVREJBRXVNQkVFRExaUVU4ZXhreVlzTTZFQkxnSUJFSUE3OFBnd01QVDlsV0JZeVpVU1pYSFp0dVgybG5Ja2pWOTNzbCtod0lWK09BRkQ4OVpBYXZnTWlZc3UyR3JqWU0wRk9mRWNUcWVJZmR3SVNObz0iLCJ2ZXJzaW9uIjoiMiIsInR5cGUiOiJEQVRBX0tFWSIsImV4cGlyYXRpb24iOjE3MDYxMzA0MzV9",
            "proxy_endpoint": "https://711348555690.dkr.ecr.eu-central-1.amazonaws.com",
            "registry_id": null,
            "user_name": "AWS"
          },
          "sensitive_attributes": []
        }
      ]
    },
    {
      "mode": "managed",
      "type": "aws_ecr_repository",
      "name": "BackRepo",
      "provider": "provider[\"registry.terraform.io/hashicorp/aws\"]",
      "instances": [
        {
          "schema_version": 0,
          "attributes": {
            "arn": "arn:aws:ecr:eu-central-1:711348555690:repository/back-repo",
            "encryption_configuration": [
              {
                "encryption_type": "AES256",
                "kms_key": ""
              }
            ],
            "force_delete": null,
            "id": "back-repo",
            "image_scanning_configuration": [
              {
                "scan_on_push": false
              }
            ],
            "image_tag_mutability": "MUTABLE",
            "name": "back-repo",
            "registry_id": "711348555690",
            "repository_url": "711348555690.dkr.ecr.eu-central-1.amazonaws.com/back-repo",
            "tags": {},
            "tags_all": {},
            "timeouts": null
          },
          "sensitive_attributes": [],
          "private": "eyJlMmJmYjczMC1lY2FhLTExZTYtOGY4OC0zNDM2M2JjN2M0YzAiOnsiZGVsZXRlIjoxMjAwMDAwMDAwMDAwfX0="
        }
      ]
    },
    {
      "mode": "managed",
      "type": "aws_ecr_repository",
      "name": "FrontRepo",
      "provider": "provider[\"registry.terraform.io/hashicorp/aws\"]",
      "instances": [
        {
          "schema_version": 0,
          "attributes": {
            "arn": "arn:aws:ecr:eu-central-1:711348555690:repository/front-repo",
            "encryption_configuration": [
              {
                "encryption_type": "AES256",
                "kms_key": ""
              }
            ],
            "force_delete": null,
            "id": "front-repo",
            "image_scanning_configuration": [
              {
                "scan_on_push": false
              }
            ],
            "image_tag_mutability": "MUTABLE",
            "name": "front-repo",
            "registry_id": "711348555690",
            "repository_url": "711348555690.dkr.ecr.eu-central-1.amazonaws.com/front-repo",
            "tags": {},
            "tags_all": {},
            "timeouts": null
          },
          "sensitive_attributes": [],
          "private": "eyJlMmJmYjczMC1lY2FhLTExZTYtOGY4OC0zNDM2M2JjN2M0YzAiOnsiZGVsZXRlIjoxMjAwMDAwMDAwMDAwfX0="
        }
      ]
    },
    {
      "mode": "managed",
      "type": "aws_iam_role",
      "name": "LambdaExecutionRole",
      "provider": "provider[\"registry.terraform.io/hashicorp/aws\"]",
      "instances": [
        {
          "schema_version": 0,
          "attributes": {
            "arn": "arn:aws:iam::711348555690:role/terraform-20240124084429740600000001",
            "assume_role_policy": "{\"Statement\":[{\"Action\":\"sts:AssumeRole\",\"Effect\":\"Allow\",\"Principal\":{\"Service\":\"lambda.amazonaws.com\"}}],\"Version\":\"2012-10-17\"}",
            "create_date": "2024-01-24T08:44:29Z",
            "description": "",
            "force_detach_policies": false,
            "id": "terraform-20240124084429740600000001",
            "inline_policy": [],
            "managed_policy_arns": [],
            "max_session_duration": 3600,
            "name": "terraform-20240124084429740600000001",
            "name_prefix": "terraform-",
            "path": "/",
            "permissions_boundary": "",
            "tags": {},
            "tags_all": {},
            "unique_id": "AROA2LH5NR6VAB5CD4SSN"
          },
          "sensitive_attributes": [],
          "private": "bnVsbA=="
        }
      ]
    },
    {
      "mode": "managed",
      "type": "aws_lambda_function",
      "name": "BackLambda",
      "provider": "provider[\"registry.terraform.io/hashicorp/aws\"]",
      "instances": [
        {
          "schema_version": 0,
          "attributes": {
            "architectures": [
              "arm64"
            ],
            "arn": "arn:aws:lambda:eu-central-1:711348555690:function:BackLambda",
            "code_signing_config_arn": "",
            "dead_letter_config": [],
            "description": "",
            "environment": [],
            "ephemeral_storage": [
              {
                "size": 512
              }
            ],
            "file_system_config": [],
            "filename": null,
            "function_name": "BackLambda",
            "handler": "",
            "id": "BackLambda",
            "image_config": [],
            "image_uri": "711348555690.dkr.ecr.eu-central-1.amazonaws.com/back-repo:latest",
            "invoke_arn": "arn:aws:apigateway:eu-central-1:lambda:path/2015-03-31/functions/arn:aws:lambda:eu-central-1:711348555690:function:BackLambda/invocations",
            "kms_key_arn": "",
            "last_modified": "2024-01-24T09:07:18.037+0000",
            "layers": null,
            "logging_config": [
              {
                "application_log_level": "INFO",
                "log_format": "JSON",
                "log_group": "/aws/lambda/BackLambda",
                "system_log_level": "INFO"
              }
            ],
            "memory_size": 1792,
            "package_type": "Image",
            "publish": false,
            "qualified_arn": "arn:aws:lambda:eu-central-1:711348555690:function:BackLambda:$LATEST",
            "qualified_invoke_arn": "arn:aws:apigateway:eu-central-1:lambda:path/2015-03-31/functions/arn:aws:lambda:eu-central-1:711348555690:function:BackLambda:$LATEST/invocations",
            "replace_security_groups_on_destroy": null,
            "replacement_security_group_ids": null,
            "reserved_concurrent_executions": -1,
            "role": "arn:aws:iam::711348555690:role/terraform-20240124084429740600000001",
            "runtime": "",
            "s3_bucket": null,
            "s3_key": null,
            "s3_object_version": null,
            "signing_job_arn": "",
            "signing_profile_version_arn": "",
            "skip_destroy": false,
            "snap_start": [],
            "source_code_hash": "f25f0bdc6c7a8384ed41a937fe83ae0acad48764319bec4771ef61a3f8ab4841",
            "source_code_size": 0,
            "tags": null,
            "tags_all": {},
            "timeout": 5,
            "timeouts": null,
            "tracing_config": [
              {
                "mode": "PassThrough"
              }
            ],
            "version": "$LATEST",
            "vpc_config": []
          },
          "sensitive_attributes": [],
          "private": "eyJlMmJmYjczMC1lY2FhLTExZTYtOGY4OC0zNDM2M2JjN2M0YzAiOnsiY3JlYXRlIjo2MDAwMDAwMDAwMDAsImRlbGV0ZSI6NjAwMDAwMDAwMDAwLCJ1cGRhdGUiOjYwMDAwMDAwMDAwMH19",
          "dependencies": [
            "aws_ecr_repository.BackRepo",
            "aws_iam_role.LambdaExecutionRole",
            "data.aws_ecr_authorization_token.token",
            "docker_image.BackImage"
          ]
        }
      ]
    },
    {
      "mode": "managed",
      "type": "docker_image",
      "name": "BackImage",
      "provider": "provider[\"registry.terraform.io/kreuzwerker/docker\"]",
      "instances": [
        {
          "schema_version": 0,
          "attributes": {
            "build": [
              {
                "auth_config": [],
                "build_arg": {},
                "build_args": {},
                "build_id": "",
                "cache_from": [],
                "cgroup_parent": "",
                "context": "/home/user/github/cdktf-project/src/back",
                "cpu_period": 0,
                "cpu_quota": 0,
                "cpu_set_cpus": "",
                "cpu_set_mems": "",
                "cpu_shares": 0,
                "dockerfile": "Dockerfile",
                "extra_hosts": [],
                "force_remove": false,
                "isolation": "",
                "label": {},
                "labels": {},
                "memory": 0,
                "memory_swap": 0,
                "network_mode": "",
                "no_cache": false,
                "platform": "",
                "pull_parent": false,
                "remote_context": "",
                "remove": true,
                "security_opt": [],
                "session_id": "",
                "shm_size": 0,
                "squash": false,
                "suppress_output": false,
                "tag": [],
                "target": "",
                "ulimit": [],
                "version": ""
              }
            ],
            "force_remove": null,
            "id": "sha256:d9e54ff0c0935a2beec791e31962ed9a7ef7d9ad19056ee150e6390386e27188711348555690.dkr.ecr.eu-central-1.amazonaws.com/back-repo:latest",
            "image_id": "sha256:d9e54ff0c0935a2beec791e31962ed9a7ef7d9ad19056ee150e6390386e27188",
            "keep_locally": null,
            "name": "711348555690.dkr.ecr.eu-central-1.amazonaws.com/back-repo:latest",
            "platform": "linux/arm64",
            "pull_triggers": null,
            "repo_digest": "711348555690.dkr.ecr.eu-central-1.amazonaws.com/back-repo@sha256:f25f0bdc6c7a8384ed41a937fe83ae0acad48764319bec4771ef61a3f8ab4841",
            "triggers": null
          },
          "sensitive_attributes": [],
          "private": "bnVsbA==",
          "dependencies": [
            "aws_ecr_repository.BackRepo",
            "data.aws_ecr_authorization_token.token"
          ]
        }
      ]
    },
    {
      "mode": "managed",
      "type": "docker_image",
      "name": "FrontImage",
      "provider": "provider[\"registry.terraform.io/kreuzwerker/docker\"]",
      "instances": [
        {
          "schema_version": 0,
          "attributes": {
            "build": [
              {
                "auth_config": [],
                "build_arg": {},
                "build_args": {},
                "build_id": "",
                "cache_from": [],
                "cgroup_parent": "",
                "context": "/home/user/github/cdktf-project/src/front",
                "cpu_period": 0,
                "cpu_quota": 0,
                "cpu_set_cpus": "",
                "cpu_set_mems": "",
                "cpu_shares": 0,
                "dockerfile": "Dockerfile",
                "extra_hosts": [],
                "force_remove": false,
                "isolation": "",
                "label": {},
                "labels": {},
                "memory": 0,
                "memory_swap": 0,
                "network_mode": "",
                "no_cache": false,
                "platform": "",
                "pull_parent": false,
                "remote_context": "",
                "remove": true,
                "security_opt": [],
                "session_id": "",
                "shm_size": 0,
                "squash": false,
                "suppress_output": false,
                "tag": [],
                "target": "",
                "ulimit": [],
                "version": ""
              }
            ],
            "force_remove": null,
            "id": "sha256:c78d471df96f5bf0d4538c961fbbf07e1f790f0d2c2dc8feae2d573d7c44e883711348555690.dkr.ecr.eu-central-1.amazonaws.com/front-repo",
            "image_id": "sha256:c78d471df96f5bf0d4538c961fbbf07e1f790f0d2c2dc8feae2d573d7c44e883",
            "keep_locally": null,
            "name": "711348555690.dkr.ecr.eu-central-1.amazonaws.com/front-repo",
            "platform": "linux/arm64",
            "pull_triggers": null,
            "repo_digest": "711348555690.dkr.ecr.eu-central-1.amazonaws.com/front-repo@sha256:b30c3a220dee33d6bd87ded8c742b08dd68a7f738791ad589dc6f45c71dfd428",
            "triggers": null
          },
          "sensitive_attributes": [],
          "private": "bnVsbA==",
          "dependencies": [
            "aws_ecr_repository.FrontRepo",
            "data.aws_ecr_authorization_token.token"
          ]
        }
      ]
    },
    {
      "mode": "managed",
      "type": "docker_registry_image",
      "name": "BackUpload",
      "provider": "provider[\"registry.terraform.io/kreuzwerker/docker\"]",
      "instances": [
        {
          "schema_version": 0,
          "attributes": {
            "id": "sha256:f25f0bdc6c7a8384ed41a937fe83ae0acad48764319bec4771ef61a3f8ab4841",
            "insecure_skip_verify": false,
            "keep_remotely": false,
            "name": "711348555690.dkr.ecr.eu-central-1.amazonaws.com/back-repo:latest",
            "sha256_digest": "sha256:f25f0bdc6c7a8384ed41a937fe83ae0acad48764319bec4771ef61a3f8ab4841",
            "triggers": null
          },
          "sensitive_attributes": [],
          "private": "bnVsbA==",
          "dependencies": [
            "aws_ecr_repository.BackRepo",
            "data.aws_ecr_authorization_token.token",
            "docker_image.BackImage"
          ]
        }
      ]
    },
    {
      "mode": "managed",
      "type": "docker_registry_image",
      "name": "FrontUpload",
      "provider": "provider[\"registry.terraform.io/kreuzwerker/docker\"]",
      "instances": [
        {
          "schema_version": 0,
          "attributes": {
            "id": "sha256:b30c3a220dee33d6bd87ded8c742b08dd68a7f738791ad589dc6f45c71dfd428",
            "insecure_skip_verify": false,
            "keep_remotely": false,
            "name": "711348555690.dkr.ecr.eu-central-1.amazonaws.com/front-repo",
            "sha256_digest": "sha256:b30c3a220dee33d6bd87ded8c742b08dd68a7f738791ad589dc6f45c71dfd428",
            "triggers": null
          },
          "sensitive_attributes": [],
          "private": "bnVsbA==",
          "dependencies": [
            "aws_ecr_repository.FrontRepo",
            "data.aws_ecr_authorization_token.token",
            "docker_image.FrontImage"
          ]
        }
      ]
    }
  ],
  "check_results": null
}
