{
  "version": 4,
  "terraform_version": "1.7.1",
  "serial": 1042,
  "lineage": "a595879c-8348-d326-a097-97e4ec7507b9",
  "outputs": {},
  "resources": [
    {
      "mode": "data",
      "type": "aws_ecr_authorization_token",
      "name": "token",
      "provider": "provider[\"registry.terraform.io/hashicorp/aws\"]",
      "instances": [
        {
          "schema_version": 0,
          "attributes": {
            "authorization_token": "QVdTOmV5SndZWGxzYjJGa0lqb2lSRGRFWkdaMFJYcHdSMEZyTTFFM2VYVTFiM1Z1YlRaV1ZFZzVRbXN5ZGs5eVVFcENXbWRuYXpCc0wzSjVjRVJRWlZWc2RGb3lLMFkyY21oTmNubFJlbWMxU2xsRlpqbEZhWFFyWkhCaWQxaEtWWE5CT0ZwMFYyZHZZMnA0V1hwT1JuWnZOblpKTUhoSWQxaHdkMUJpTkd4MVprbHRkR1pMYm1aMFZucElPRkEwUTBNMVkyeEVhek14V1haVlFYWmlWMWwwYVVsdFN6bEJhbVJQU2xObldWQmxRM0l5ZEc5R2IyZzRTR3hoVVZsVWIzZDZTVGt6U1hkTFJETk1TME1yVGt4TFZWSk9NMk5qVXpSRmRtUnVZbXgxU1VwcFZFNTFTMWRSVUVSblNUWnZRVU5GVXpkVFZsZDRNM0IyUVU5MlVsTkpaWFYzY1VsTVYyOVRObnBvSzFSbGJqaG9ZMU5MYVROT2VUQjVlbEpKU1ZkSlpFaE9WMnRDVTNOR2NTOXRiakJJUXpkVVNYcFhURTlUUjJVMlEyWndWM1k1ZHpoU1pVaE5SSEF2Y0c5b1JFNVlabE5KWjBveVRUVjFWRWxpUTBOcU5ESmpRWEV6UVhsVmFIRm5TRTQyVjJkbmJsaFFNRXh0ZFV4M1VqSjZaRFIzZG5wc2FreFBRa1JqYWxONWFXcFZWbkZXYWtKd2MyWTNlV3RsWVVSUlYxZzBNa1I0VmxBMksxVkRjSEJzV1hsS0wyWjRaMmcxYnpsQ1dtdzRkbFJuZG00NWJUaFNkM28xVkhkdVJTOHZLeTlOVFRoQ1VGbE5Lemx3UlhWT1FqbHFialptU21GR2JEWnBkVE5pU21zMlYxaFRaMWxPVldwSmFEUjJkVUZKVjBWVGRDdHBTRkp1YTNkS1kwTldjMlJHWkVkc1lYaHBlVEJsYzBaNVV6YzRWak5vVG5oSFVuYzNhVE40T0hWTE1YUkliVk5NVDFoVmVqVjRSek5MVTJoTWJsVlJlaTh4Ym01TkwzcDNSbmhGV0hkdGVVMUxiV05HVTFaYVJ6SnpOMFJpYmpoNlpHdzVUa2hZU1VGYVptVmtXRFZtUlVaT09WbFJXbGhGYTBGUVlURkdORXhsZFRKck0ySkxUR3hoWmtkd2JqWkxiRmRsYkdsclVrVnFUbXhQTTAwM1ZIQlBkbUptU2xGQmRVNVVhRTVMYldwVFZGbEZUMDhyTjJ0a01Gb3dlRzlOZW5seE9HOHhhWEIzUzAwM1Yyb3ZlVWx2TURCeFJVeGxWbkJaVTBwR1ZrVkNVbGhyWjNaTFJrRmtUbGhWZURKNU5sb3lTa3M1V0V4eFRHMUdiRWt4YkdOMVkxcEdXak4xVG1WUFJpOXJSMDF5TTJKbFJ6UlpSWEZ4UmxWeFVEQlRSRVYwZWxoVlFuQnhOM040ZW1WbWVuZFRURzFzU25SVmJITjJhMDlLWjNwWE1saFdUMlZIVGxCTmRsTlJUemx2ZGtGM05rSkxVMlZyZVVsWU5GTnFRbXR2VEZKM09YSkhRaTltUVhsU01HbE9Ua0pVY1U1U05IVjVUVGcxWjNJd0wzVmxRbE5XYlhJeU5uVm5aWEZzWjNkdU9GSldhMkUwY0dOR1ZISkVWRFJ0U1c5a2Frc3lRalZNZFdGVWJEUmlVMnh6ZUVacVNEQXJPVEk0UlZWSFFsRjRPRU5IWlUxMlVFZGhXREUyYjNWMVRWVkZUVWwzTTNZeWRrOUNjbWgzZG5SemVITXdZV1J4TVRKWmFVUnBNRzQwZFRnd1RsSmpTbGx6U0RkRWVtdFlla2xxZFdSdk5YcFJSbUlyT1hKUlpIY3lSMW81YzFFeE56TkViVVJaWkc1Tk1FOVFkSEJWVEhwNVprczBNRUUyZFdsWVdUQmpNWEowVm05VWEyczBibU5UWmpoa1R6VldWbWxUVEM5V05YcFdORWRPV21WcVV6ZzJTell3UXk5bmNsaDNWSGxNTkV0M2FFVjBkalJyWTA1T05GWnNkRzlHVkhnM1VXcEtOV0ZZUWtNaUxDSmtZWFJoYTJWNUlqb2lRVkZGUWtGSWFETjZXVTlrZEhCQ1FsTldkeTlaTW1GdU9FSllTVVEwYTNkTVVXWnViMVJxTlhwM1duUkhTbHB2V2xGQlFVRklOSGRtUVZsS1MyOWFTV2gyWTA1QlVXTkhiMGM0ZDJKUlNVSkJSRUp2UW1kcmNXaHJhVWM1ZHpCQ1FuZEZkMGhuV1VwWlNWcEpRVmRWUkVKQlJYVk5Ra1ZGUkU1VFRUUXlhbEZ1Y2tWVFNUTmFPR1ZuU1VKRlNVRTNabWhUYXk5eFltbGtRa0Z4ZDBWeGFXVmFaelJxTm5jeU5XTkdRVWh1ZWsxdmRHVklZV3RHYjA4eWF6aHZjRXhvYW5kU2VXUTRSVFJOTkZkbVQwVnhSREZJVjFwcE5rWjBjM3BPYjBOQlFUMGlMQ0oyWlhKemFXOXVJam9pTWlJc0luUjVjR1VpT2lKRVFWUkJYMHRGV1NJc0ltVjRjR2x5WVhScGIyNGlPakUzTURZNE56UTVORFo5",
            "expires_at": "2024-02-02T11:55:46Z",
            "id": "eu-central-1",
            "password": "eyJwYXlsb2FkIjoiRDdEZGZ0RXpwR0FrM1E3eXU1b3VubTZWVEg5Qmsydk9yUEpCWmdnazBsL3J5cERQZVVsdFoyK0Y2cmhNcnlRemc1SllFZjlFaXQrZHBid1hKVXNBOFp0V2dvY2p4WXpORnZvNnZJMHhId1hwd1BiNGx1ZkltdGZLbmZ0VnpIOFA0Q0M1Y2xEazMxWXZVQXZiV1l0aUltSzlBamRPSlNnWVBlQ3IydG9Gb2g4SGxhUVlUb3d6STkzSXdLRDNMS0MrTkxLVVJOM2NjUzRFdmRuYmx1SUppVE51S1dRUERnSTZvQUNFUzdTVld4M3B2QU92UlNJZXV3cUlMV29TNnpoK1RlbjhoY1NLaTNOeTB5elJJSVdJZEhOV2tCU3NGcS9tbjBIQzdUSXpXTE9TR2U2Q2ZwV3Y5dzhSZUhNRHAvcG9oRE5YZlNJZ0oyTTV1VEliQ0NqNDJjQXEzQXlVaHFnSE42V2dnblhQMExtdUx3UjJ6ZDR3dnpsakxPQkRjalN5aWpVVnFWakJwc2Y3eWtlYURRV1g0MkR4VlA2K1VDcHBsWXlKL2Z4Z2g1bzlCWmw4dlRndm45bThSd3o1VHduRS8vKy9NTThCUFlNKzlwRXVOQjlqbjZmSmFGbDZpdTNiSms2V1hTZ1lOVWpJaDR2dUFJV0VTdCtpSFJua3dKY0NWc2RGZEdsYXhpeTBlc0Z5Uzc4VjNoTnhHUnc3aTN4OHVLMXRIbVNMT1hVejV4RzNLU2hMblVRei8xbm5NL3p3RnhFWHdteU1LbWNGU1ZaRzJzN0Ribjh6ZGw5TkhYSUFaZmVkWDVmRUZOOVlRWlhFa0FQYTFGNExldTJrM2JLTGxhZkdwbjZLbFdlbGlrUkVqTmxPM003VHBPdmJmSlFBdU5UaE5LbWpTVFlFT08rN2tkMFoweG9NenlxOG8xaXB3S003V2oveUlvMDBxRUxlVnBZU0pGVkVCUlhrZ3ZLRkFkTlhVeDJ5NloySks5WExxTG1GbEkxbGN1Y1pGWjN1TmVPRi9rR01yM2JlRzRZRXFxRlVxUDBTREV0elhVQnBxN3N4emVmendTTG1sSnRVbHN2a09KZ3pXMlhWT2VHTlBNdlNRTzlvdkF3NkJLU2VreUlYNFNqQmtvTFJ3OXJHQi9mQXlSMGlOTkJUcU5SNHV5TTg1Z3IwL3VlQlNWbXIyNnVnZXFsZ3duOFJWa2E0cGNGVHJEVDRtSW9kaksyQjVMdWFUbDRiU2xzeEZqSDArOTI4RVVHQlF4OENHZU12UEdhWDE2b3V1TVVFTUl3M3Yydk9Ccmh3dnRzeHMwYWRxMTJZaURpMG40dTgwTlJjSllzSDdEemtYeklqdWRvNXpRRmIrOXJRZHcyR1o5c1ExNzNEbURZZG5NME9QdHBVTHp5Zks0MEE2dWlYWTBjMXJ0Vm9Ua2s0bmNTZjhkTzVWVmlTTC9WNXpWNEdOWmVqUzg2SzYwQy9nclh3VHlMNEt3aEV0djRrY05ONFZsdG9GVHg3UWpKNWFYQkMiLCJkYXRha2V5IjoiQVFFQkFIaDN6WU9kdHBCQlNWdy9ZMmFuOEJYSUQ0a3dMUWZub1RqNXp3WnRHSlpvWlFBQUFINHdmQVlKS29aSWh2Y05BUWNHb0c4d2JRSUJBREJvQmdrcWhraUc5dzBCQndFd0hnWUpZSVpJQVdVREJBRXVNQkVFRE5TTTQyalFuckVTSTNaOGVnSUJFSUE3ZmhTay9xYmlkQkFxd0VxaWVaZzRqNncyNWNGQUhuek1vdGVIYWtGb08yazhvcExoandSeWQ4RTRNNFdmT0VxRDFIV1ppNkZ0c3pOb0NBQT0iLCJ2ZXJzaW9uIjoiMiIsInR5cGUiOiJEQVRBX0tFWSIsImV4cGlyYXRpb24iOjE3MDY4NzQ5NDZ9",
            "proxy_endpoint": "https://711348555690.dkr.ecr.eu-central-1.amazonaws.com",
            "registry_id": null,
            "user_name": "AWS"
          },
          "sensitive_attributes": []
        }
      ]
    },
    {
      "mode": "managed",
      "type": "aws_ecr_repository",
      "name": "BackRepo",
      "provider": "provider[\"registry.terraform.io/hashicorp/aws\"]",
      "instances": [
        {
          "schema_version": 0,
          "attributes": {
            "arn": "arn:aws:ecr:eu-central-1:711348555690:repository/back-repo",
            "encryption_configuration": [
              {
                "encryption_type": "AES256",
                "kms_key": ""
              }
            ],
            "force_delete": null,
            "id": "back-repo",
            "image_scanning_configuration": [
              {
                "scan_on_push": false
              }
            ],
            "image_tag_mutability": "MUTABLE",
            "name": "back-repo",
            "registry_id": "711348555690",
            "repository_url": "711348555690.dkr.ecr.eu-central-1.amazonaws.com/back-repo",
            "tags": {},
            "tags_all": {},
            "timeouts": null
          },
          "sensitive_attributes": [],
          "private": "eyJlMmJmYjczMC1lY2FhLTExZTYtOGY4OC0zNDM2M2JjN2M0YzAiOnsiZGVsZXRlIjoxMjAwMDAwMDAwMDAwfX0="
        }
      ]
    },
    {
      "mode": "managed",
      "type": "aws_ecr_repository",
      "name": "FrontRepo",
      "provider": "provider[\"registry.terraform.io/hashicorp/aws\"]",
      "instances": [
        {
          "schema_version": 0,
          "attributes": {
            "arn": "arn:aws:ecr:eu-central-1:711348555690:repository/front-repo",
            "encryption_configuration": [
              {
                "encryption_type": "AES256",
                "kms_key": ""
              }
            ],
            "force_delete": null,
            "id": "front-repo",
            "image_scanning_configuration": [
              {
                "scan_on_push": false
              }
            ],
            "image_tag_mutability": "MUTABLE",
            "name": "front-repo",
            "registry_id": "711348555690",
            "repository_url": "711348555690.dkr.ecr.eu-central-1.amazonaws.com/front-repo",
            "tags": {},
            "tags_all": {},
            "timeouts": null
          },
          "sensitive_attributes": [],
          "private": "eyJlMmJmYjczMC1lY2FhLTExZTYtOGY4OC0zNDM2M2JjN2M0YzAiOnsiZGVsZXRlIjoxMjAwMDAwMDAwMDAwfX0="
        }
      ]
    },
    {
      "mode": "managed",
      "type": "aws_iam_role",
      "name": "LambdaRole",
      "provider": "provider[\"registry.terraform.io/hashicorp/aws\"]",
      "instances": [
        {
          "schema_version": 0,
          "attributes": {
            "arn": "arn:aws:iam::711348555690:role/lambda-role",
            "assume_role_policy": "{\"Statement\":[{\"Action\":\"sts:AssumeRole\",\"Effect\":\"Allow\",\"Principal\":{\"Service\":\"lambda.amazonaws.com\"}}],\"Version\":\"2012-10-17\"}",
            "create_date": "2024-02-01T23:28:10Z",
            "description": "",
            "force_detach_policies": false,
            "id": "lambda-role",
            "inline_policy": [],
            "managed_policy_arns": [
              "arn:aws:iam::aws:policy/service-role/AWSLambdaBasicExecutionRole"
            ],
            "max_session_duration": 3600,
            "name": "lambda-role",
            "name_prefix": "",
            "path": "/",
            "permissions_boundary": "",
            "tags": {},
            "tags_all": {},
            "unique_id": "AROA2LH5NR6VJEQBC5IYC"
          },
          "sensitive_attributes": [],
          "private": "bnVsbA=="
        }
      ]
    },
    {
      "mode": "managed",
      "type": "aws_iam_role_policy_attachment",
      "name": "LambdaRolePolicyAttachment",
      "provider": "provider[\"registry.terraform.io/hashicorp/aws\"]",
      "instances": [
        {
          "schema_version": 0,
          "attributes": {
            "id": "lambda-role-20240201232810289500000001",
            "policy_arn": "arn:aws:iam::aws:policy/service-role/AWSLambdaBasicExecutionRole",
            "role": "lambda-role"
          },
          "sensitive_attributes": [],
          "private": "bnVsbA==",
          "dependencies": [
            "aws_iam_role.LambdaRole"
          ]
        }
      ]
    },
    {
      "mode": "managed",
      "type": "aws_lambda_function",
      "name": "BackLambda",
      "provider": "provider[\"registry.terraform.io/hashicorp/aws\"]",
      "instances": [
        {
          "schema_version": 0,
          "attributes": {
            "architectures": [
              "arm64"
            ],
            "arn": "arn:aws:lambda:eu-central-1:711348555690:function:back-lambda",
            "code_signing_config_arn": "",
            "dead_letter_config": [],
            "description": "",
            "environment": [
              {
                "variables": {
                  "HOME": "/tmp",
                  "REDIS_SERVER": "default:0448efbd82794a06ae1e45d5384753c1@eu2-busy-mudfish-32665.upstash.io:32665"
                }
              }
            ],
            "ephemeral_storage": [
              {
                "size": 512
              }
            ],
            "file_system_config": [],
            "filename": null,
            "function_name": "back-lambda",
            "handler": "",
            "id": "back-lambda",
            "image_config": [],
            "image_uri": "711348555690.dkr.ecr.eu-central-1.amazonaws.com/back-repo@sha256:27885994b2b1f05993ab8ccd268d91aed5cd8d46563abf31440c0a0cbecbdb0e",
            "invoke_arn": "arn:aws:apigateway:eu-central-1:lambda:path/2015-03-31/functions/arn:aws:lambda:eu-central-1:711348555690:function:back-lambda/invocations",
            "kms_key_arn": "",
            "last_modified": "2024-02-01T23:55:48.000+0000",
            "layers": [],
            "logging_config": [
              {
                "application_log_level": "INFO",
                "log_format": "JSON",
                "log_group": "/aws/lambda/back-lambda",
                "system_log_level": "INFO"
              }
            ],
            "memory_size": 1792,
            "package_type": "Image",
            "publish": false,
            "qualified_arn": "arn:aws:lambda:eu-central-1:711348555690:function:back-lambda:$LATEST",
            "qualified_invoke_arn": "arn:aws:apigateway:eu-central-1:lambda:path/2015-03-31/functions/arn:aws:lambda:eu-central-1:711348555690:function:back-lambda:$LATEST/invocations",
            "replace_security_groups_on_destroy": null,
            "replacement_security_group_ids": null,
            "reserved_concurrent_executions": -1,
            "role": "arn:aws:iam::711348555690:role/lambda-role",
            "runtime": "",
            "s3_bucket": null,
            "s3_key": null,
            "s3_object_version": null,
            "signing_job_arn": "",
            "signing_profile_version_arn": "",
            "skip_destroy": false,
            "snap_start": [],
            "source_code_hash": "27885994b2b1f05993ab8ccd268d91aed5cd8d46563abf31440c0a0cbecbdb0e",
            "source_code_size": 0,
            "tags": {},
            "tags_all": {},
            "timeout": 5,
            "timeouts": null,
            "tracing_config": [
              {
                "mode": "PassThrough"
              }
            ],
            "version": "$LATEST",
            "vpc_config": []
          },
          "sensitive_attributes": [],
          "private": "eyJlMmJmYjczMC1lY2FhLTExZTYtOGY4OC0zNDM2M2JjN2M0YzAiOnsiY3JlYXRlIjo2MDAwMDAwMDAwMDAsImRlbGV0ZSI6NjAwMDAwMDAwMDAwLCJ1cGRhdGUiOjYwMDAwMDAwMDAwMH19",
          "dependencies": [
            "aws_ecr_repository.BackRepo",
            "aws_iam_role.LambdaRole",
            "data.aws_ecr_authorization_token.token",
            "docker_image.BackImage",
            "docker_registry_image.BackEcrImage"
          ]
        }
      ]
    },
    {
      "mode": "managed",
      "type": "aws_lambda_function",
      "name": "FrontLambda",
      "provider": "provider[\"registry.terraform.io/hashicorp/aws\"]",
      "instances": [
        {
          "schema_version": 0,
          "attributes": {
            "architectures": [
              "x86_64"
            ],
            "arn": "arn:aws:lambda:eu-central-1:711348555690:function:front-lambda",
            "code_signing_config_arn": "",
            "dead_letter_config": [],
            "description": "",
            "environment": [
              {
                "variables": {
                  "BACKEND_API_URL": "https://nn7xyxrsrq3yqdceiwsy6nszdm0wszdg.lambda-url.eu-central-1.on.aws/",
                  "CLIENT_API_URL": "https://nn7xyxrsrq3yqdceiwsy6nszdm0wszdg.lambda-url.eu-central-1.on.aws/",
                  "HOME": "/tmp"
                }
              }
            ],
            "ephemeral_storage": [
              {
                "size": 512
              }
            ],
            "file_system_config": [],
            "filename": null,
            "function_name": "front-lambda",
            "handler": "",
            "id": "front-lambda",
            "image_config": [],
            "image_uri": "711348555690.dkr.ecr.eu-central-1.amazonaws.com/front-repo@sha256:74bf8e4ee888c22e4edb4fa16701d151f99329c527358d70766e3943664f02a4",
            "invoke_arn": "arn:aws:apigateway:eu-central-1:lambda:path/2015-03-31/functions/arn:aws:lambda:eu-central-1:711348555690:function:front-lambda/invocations",
            "kms_key_arn": "",
            "last_modified": "2024-02-01T23:55:54.000+0000",
            "layers": [],
            "logging_config": [
              {
                "application_log_level": "INFO",
                "log_format": "JSON",
                "log_group": "/aws/lambda/front-lambda",
                "system_log_level": "INFO"
              }
            ],
            "memory_size": 1792,
            "package_type": "Image",
            "publish": false,
            "qualified_arn": "arn:aws:lambda:eu-central-1:711348555690:function:front-lambda:$LATEST",
            "qualified_invoke_arn": "arn:aws:apigateway:eu-central-1:lambda:path/2015-03-31/functions/arn:aws:lambda:eu-central-1:711348555690:function:front-lambda:$LATEST/invocations",
            "replace_security_groups_on_destroy": null,
            "replacement_security_group_ids": null,
            "reserved_concurrent_executions": -1,
            "role": "arn:aws:iam::711348555690:role/lambda-role",
            "runtime": "",
            "s3_bucket": null,
            "s3_key": null,
            "s3_object_version": null,
            "signing_job_arn": "",
            "signing_profile_version_arn": "",
            "skip_destroy": false,
            "snap_start": [],
            "source_code_hash": "74bf8e4ee888c22e4edb4fa16701d151f99329c527358d70766e3943664f02a4",
            "source_code_size": 0,
            "tags": {},
            "tags_all": {},
            "timeout": 5,
            "timeouts": null,
            "tracing_config": [
              {
                "mode": "PassThrough"
              }
            ],
            "version": "$LATEST",
            "vpc_config": []
          },
          "sensitive_attributes": [],
          "private": "eyJlMmJmYjczMC1lY2FhLTExZTYtOGY4OC0zNDM2M2JjN2M0YzAiOnsiY3JlYXRlIjo2MDAwMDAwMDAwMDAsImRlbGV0ZSI6NjAwMDAwMDAwMDAwLCJ1cGRhdGUiOjYwMDAwMDAwMDAwMH19",
          "dependencies": [
            "aws_ecr_repository.BackRepo",
            "aws_ecr_repository.FrontRepo",
            "aws_iam_role.LambdaRole",
            "aws_lambda_function.BackLambda",
            "aws_lambda_function_url.BackLambdaUrl",
            "data.aws_ecr_authorization_token.token",
            "docker_image.BackImage",
            "docker_image.FrontImage",
            "docker_registry_image.BackEcrImage",
            "docker_registry_image.FrontEcrImage"
          ]
        }
      ]
    },
    {
      "mode": "managed",
      "type": "aws_lambda_function_url",
      "name": "BackLambdaUrl",
      "provider": "provider[\"registry.terraform.io/hashicorp/aws\"]",
      "instances": [
        {
          "schema_version": 0,
          "attributes": {
            "authorization_type": "NONE",
            "cors": [],
            "function_arn": "arn:aws:lambda:eu-central-1:711348555690:function:back-lambda",
            "function_name": "back-lambda",
            "function_url": "https://nn7xyxrsrq3yqdceiwsy6nszdm0wszdg.lambda-url.eu-central-1.on.aws/",
            "id": "back-lambda",
            "invoke_mode": "BUFFERED",
            "qualifier": "",
            "timeouts": null,
            "url_id": "nn7xyxrsrq3yqdceiwsy6nszdm0wszdg"
          },
          "sensitive_attributes": [],
          "private": "eyJlMmJmYjczMC1lY2FhLTExZTYtOGY4OC0zNDM2M2JjN2M0YzAiOnsiY3JlYXRlIjo2MDAwMDAwMDAwMDB9fQ==",
          "dependencies": [
            "aws_ecr_repository.BackRepo",
            "aws_iam_role.LambdaRole",
            "aws_lambda_function.BackLambda",
            "data.aws_ecr_authorization_token.token",
            "docker_image.BackImage",
            "docker_registry_image.BackEcrImage"
          ]
        }
      ]
    },
    {
      "mode": "managed",
      "type": "aws_lambda_function_url",
      "name": "FrontLambdaUrl",
      "provider": "provider[\"registry.terraform.io/hashicorp/aws\"]",
      "instances": [
        {
          "schema_version": 0,
          "attributes": {
            "authorization_type": "NONE",
            "cors": [],
            "function_arn": "arn:aws:lambda:eu-central-1:711348555690:function:front-lambda",
            "function_name": "front-lambda",
            "function_url": "https://qx42et7v5bsej2xq5odxioaqci0zudab.lambda-url.eu-central-1.on.aws/",
            "id": "front-lambda",
            "invoke_mode": "BUFFERED",
            "qualifier": "",
            "timeouts": null,
            "url_id": "qx42et7v5bsej2xq5odxioaqci0zudab"
          },
          "sensitive_attributes": [],
          "private": "eyJlMmJmYjczMC1lY2FhLTExZTYtOGY4OC0zNDM2M2JjN2M0YzAiOnsiY3JlYXRlIjo2MDAwMDAwMDAwMDB9fQ==",
          "dependencies": [
            "aws_ecr_repository.BackRepo",
            "aws_ecr_repository.FrontRepo",
            "aws_iam_role.LambdaRole",
            "aws_lambda_function.BackLambda",
            "aws_lambda_function.FrontLambda",
            "aws_lambda_function_url.BackLambdaUrl",
            "data.aws_ecr_authorization_token.token",
            "docker_image.BackImage",
            "docker_image.FrontImage",
            "docker_registry_image.BackEcrImage",
            "docker_registry_image.FrontEcrImage"
          ]
        }
      ]
    },
    {
      "mode": "managed",
      "type": "docker_image",
      "name": "BackImage",
      "provider": "provider[\"registry.terraform.io/kreuzwerker/docker\"]",
      "instances": [
        {
          "schema_version": 0,
          "attributes": {
            "build": [
              {
                "auth_config": [],
                "build_arg": {},
                "build_args": {},
                "build_id": "",
                "cache_from": [],
                "cgroup_parent": "",
                "context": "/home/user/github/cdktf-project/src/back",
                "cpu_period": 0,
                "cpu_quota": 0,
                "cpu_set_cpus": "",
                "cpu_set_mems": "",
                "cpu_shares": 0,
                "dockerfile": "Dockerfile",
                "extra_hosts": [],
                "force_remove": false,
                "isolation": "",
                "label": {},
                "labels": {},
                "memory": 0,
                "memory_swap": 0,
                "network_mode": "",
                "no_cache": false,
                "platform": "linux/arm64",
                "pull_parent": false,
                "remote_context": "",
                "remove": true,
                "security_opt": [],
                "session_id": "",
                "shm_size": 0,
                "squash": false,
                "suppress_output": false,
                "tag": [],
                "target": "",
                "ulimit": [],
                "version": ""
              }
            ],
            "force_remove": null,
            "id": "sha256:a35bc1e72c120feda555774654958a75e2fb7a81fe397e86fe897f74541cd132711348555690.dkr.ecr.eu-central-1.amazonaws.com/back-repo",
            "image_id": "sha256:a35bc1e72c120feda555774654958a75e2fb7a81fe397e86fe897f74541cd132",
            "keep_locally": null,
            "name": "711348555690.dkr.ecr.eu-central-1.amazonaws.com/back-repo",
            "platform": null,
            "pull_triggers": null,
            "repo_digest": "711348555690.dkr.ecr.eu-central-1.amazonaws.com/back-repo@sha256:27885994b2b1f05993ab8ccd268d91aed5cd8d46563abf31440c0a0cbecbdb0e",
            "triggers": {
              "filesha256": "d582e1929e92049e244aa8f040d3381cabd52f82cc371b2c05a9d7981e8a0dd8"
            }
          },
          "sensitive_attributes": [],
          "private": "bnVsbA==",
          "dependencies": [
            "aws_ecr_repository.BackRepo",
            "data.aws_ecr_authorization_token.token"
          ]
        }
      ]
    },
    {
      "mode": "managed",
      "type": "docker_image",
      "name": "FrontImage",
      "provider": "provider[\"registry.terraform.io/kreuzwerker/docker\"]",
      "instances": [
        {
          "schema_version": 0,
          "attributes": {
            "build": [
              {
                "auth_config": [],
                "build_arg": {},
                "build_args": {},
                "build_id": "",
                "cache_from": [],
                "cgroup_parent": "",
                "context": "/home/user/github/cdktf-project/src/front",
                "cpu_period": 0,
                "cpu_quota": 0,
                "cpu_set_cpus": "",
                "cpu_set_mems": "",
                "cpu_shares": 0,
                "dockerfile": "Dockerfile",
                "extra_hosts": [],
                "force_remove": false,
                "isolation": "",
                "label": {},
                "labels": {},
                "memory": 0,
                "memory_swap": 0,
                "network_mode": "",
                "no_cache": false,
                "platform": "linux/amd64",
                "pull_parent": false,
                "remote_context": "",
                "remove": true,
                "security_opt": [],
                "session_id": "",
                "shm_size": 0,
                "squash": false,
                "suppress_output": false,
                "tag": [],
                "target": "",
                "ulimit": [],
                "version": ""
              }
            ],
            "force_remove": null,
            "id": "sha256:43d848fe0f101a9c2d2416c102f09a8b453225e84e98443b3a3b62e15f7ff5d9711348555690.dkr.ecr.eu-central-1.amazonaws.com/front-repo",
            "image_id": "sha256:43d848fe0f101a9c2d2416c102f09a8b453225e84e98443b3a3b62e15f7ff5d9",
            "keep_locally": null,
            "name": "711348555690.dkr.ecr.eu-central-1.amazonaws.com/front-repo",
            "platform": null,
            "pull_triggers": null,
            "repo_digest": "711348555690.dkr.ecr.eu-central-1.amazonaws.com/front-repo@sha256:74bf8e4ee888c22e4edb4fa16701d151f99329c527358d70766e3943664f02a4",
            "triggers": {
              "filesha256": "e394e07b2239305f2d11b2016bf3dce5d230557af590696d55424d9afca437aa"
            }
          },
          "sensitive_attributes": [],
          "private": "bnVsbA==",
          "dependencies": [
            "aws_ecr_repository.FrontRepo",
            "data.aws_ecr_authorization_token.token"
          ]
        }
      ]
    },
    {
      "mode": "managed",
      "type": "docker_registry_image",
      "name": "BackEcrImage",
      "provider": "provider[\"registry.terraform.io/kreuzwerker/docker\"]",
      "instances": [
        {
          "schema_version": 0,
          "attributes": {
            "id": "sha256:27885994b2b1f05993ab8ccd268d91aed5cd8d46563abf31440c0a0cbecbdb0e",
            "insecure_skip_verify": false,
            "keep_remotely": false,
            "name": "711348555690.dkr.ecr.eu-central-1.amazonaws.com/back-repo",
            "sha256_digest": "sha256:27885994b2b1f05993ab8ccd268d91aed5cd8d46563abf31440c0a0cbecbdb0e",
            "triggers": {
              "filesha256": "d582e1929e92049e244aa8f040d3381cabd52f82cc371b2c05a9d7981e8a0dd8"
            }
          },
          "sensitive_attributes": [],
          "private": "bnVsbA==",
          "dependencies": [
            "aws_ecr_repository.BackRepo",
            "data.aws_ecr_authorization_token.token",
            "docker_image.BackImage"
          ]
        }
      ]
    },
    {
      "mode": "managed",
      "type": "docker_registry_image",
      "name": "FrontEcrImage",
      "provider": "provider[\"registry.terraform.io/kreuzwerker/docker\"]",
      "instances": [
        {
          "schema_version": 0,
          "attributes": {
            "id": "sha256:74bf8e4ee888c22e4edb4fa16701d151f99329c527358d70766e3943664f02a4",
            "insecure_skip_verify": false,
            "keep_remotely": false,
            "name": "711348555690.dkr.ecr.eu-central-1.amazonaws.com/front-repo",
            "sha256_digest": "sha256:74bf8e4ee888c22e4edb4fa16701d151f99329c527358d70766e3943664f02a4",
            "triggers": {
              "filesha256": "e394e07b2239305f2d11b2016bf3dce5d230557af590696d55424d9afca437aa"
            }
          },
          "sensitive_attributes": [],
          "private": "bnVsbA==",
          "dependencies": [
            "aws_ecr_repository.FrontRepo",
            "data.aws_ecr_authorization_token.token",
            "docker_image.FrontImage"
          ]
        }
      ]
    }
  ],
  "check_results": null
}
