{
  "version": 4,
  "terraform_version": "1.7.0",
  "serial": 725,
  "lineage": "a595879c-8348-d326-a097-97e4ec7507b9",
  "outputs": {},
  "resources": [
    {
      "mode": "data",
      "type": "aws_ecr_authorization_token",
      "name": "token",
      "provider": "provider[\"registry.terraform.io/hashicorp/aws\"]",
      "instances": [
        {
          "schema_version": 0,
          "attributes": {
            "authorization_token": "QVdTOmV5SndZWGxzYjJGa0lqb2lNRXRIV1RVMlNrNVROR28xUVRCU1RXcHVaemd6V25GWVdWQjFkMkpQT1haSllUZDZZbWRzYUU5SU5sbHdla1UxYmpWYVRGUjBURzVOT1RBcmNHRTFXVXhNTUhaMlRFVnhOV2gxTWtFdk5XZElkMko0ZDFWd1NGZ3dNa1JtTWxsck9EQm9lVGxrTUVWbFlUVXZhRWhvUVZSRmRFZEhNelpzVHpBM2QweGpSRkpOVFdGNmFVazNjSEZCVTJWUVRtOVZVRzltVGxocFRsbDNPV1paYzB4b1VuSmpkalUzZFV0bVMyRmlPRTVWYVhwdWRVNXRkV2haVGpKVVUwbE1TazF2TTB0bVRVc3lhemR6UTJadFNFOTVZa1J2V1c1U2NGTjBSMVZ6ZUVWQ2JrSTVNWEYyUnpZMVF5dElkRTR6VkdaTksyeG5XbVZMYkhsdmNtdzFNRXAxWVVoQmRWTlBaVFJxWlVObFZEZFdaR1ZCTTNwMVluazFOakZNVjA5akszRk9SRFJTWms5RVpuTklVRGxMTUhsUU4xcE1ZbWhSTUdWR2RUbEtZV1ppYkV0UFJtSlBPVE5PUmxWV2IwcENNR2t3T0hWRVNVNTFha1kyZUZWaU5XbEllVzg1TVV4aE1tOWxPVVZpTml0Q1VGWXpPRTR6Y21oeldYZEVlbkIzUlhSc1NsaFRXREVyWTJSd1kzSlRPVEZWVVhSYU1IUjRTa3hxZFhVdlRXWnRNMjR5VVVoVVFUWkNjUzlNTm1OUGVrNTJOVU5rVXk5eFRVbG1WSG8yY0hvM2JuSTJTR2RRVEdwTlRUaERNMXBPV1hSWFJFRkJTbE13WkdkR05rOVhTV2xXY1V4QmJHcGFjbTFhTm10a2JFSXhZWEptU2tSVlUzaDJTV05NZUV0b05EVkJVRWRSY0VkTU5HeGxibHA2YTBWVFUwWmxWVXBEWkhkbmEyMHhPVEpoV1M4M01rMU9hMHA1VDB4aFJrMHpLMHd5U1ZrelZrVlRUWFZVVGtsNmNWTkhZbmxZSzBGUlYxQkhORFpWUjJWUk1TdDZRalptTm5SS1NFOHZSMnhVVlZoUFZHdGlRbk50TVcweWFWTkllR3N6S3pCQ1NGZDNjRkozTUdGa1ZUQk5TRlJGYmpsdk1UWkZXR3B4WkZoVmJsTktOblp1ZVZkRk1UVlpOUzk0UjA5dE4xTlRZV296UTI5R2FrVTNWMjlUVjJKRE9YbENWa2Q0V0RKa2VGVnpSVFp0V1VaWGJ5OVBhemhqV0V4dlNXa3dXVmxVY0VGaGFFZDROWGRSU1VWb1IwWmpSVXBDWW0xa1RVNVVaMnhKVW1OTGIzUkJVa0l2T1N0VlFVeFdjV1oxVjNsQmJVRXJOVVp1Tm01cmNEWlplUzhyY2xab1ZrOWplRU01YVRkNlFVRnpaSHAyWkRKRE1VUkpjazVDV1Zkc05uQk5kVzVoWlZOM1pXUlpUak5ZZDFaclRtTkNjbEJoVFRGNWNXUlhNMDk0V25wc01VOWllbWhCZWxKNGJHeDBPRkZJTVc4NGVrSndXWGd2UTNNd09YQkZaak5zZGt0bVVFcE1SWHA0Ukdkc2JscFlRVnBYVURoT1NrWjNUR2xUTUZwaVpGb3ZSSGR4UVRBM01HdFhhR3N3VUdVM1NUa3dXRTFZWW1wTmJVOUpLMngyZW5wbFJpdFZUV1ZsVldoVWRHUktlVTlZWVdSaFREaFZiRm80VEdaUlZGQjRTa2RqVTFORGVqUkdhbXR5Vmxnek9IWnlkRWhMZHpSclRWbElUVlZEZVVsdGJrdFhOMXBCVTFCeVNFUXJOR2hOTWtGRlRUVjZXalZXV1VGaUwzTkRSM0lyU0hoQlJYaE1TVlZsWVVOMlJraHBlSGs0TUZodVVEaDVlVVpETVV0cWNWUlZjaloyYlZwMFFrNHZUamx2WTBaU01XUXJURE5QWjI5aVJtTmxhRFpaYTNORlRrUnZVWEV4WVdoSmFHSkZPRmhWWWpkNk1WRkJWMGtyYlRnclRVWnZWelJ6V25NaUxDSmtZWFJoYTJWNUlqb2lRVkZGUWtGSWFETjZXVTlrZEhCQ1FsTldkeTlaTW1GdU9FSllTVVEwYTNkTVVXWnViMVJxTlhwM1duUkhTbHB2V2xGQlFVRklOSGRtUVZsS1MyOWFTV2gyWTA1QlVXTkhiMGM0ZDJKUlNVSkJSRUp2UW1kcmNXaHJhVWM1ZHpCQ1FuZEZkMGhuV1VwWlNWcEpRVmRWUkVKQlJYVk5Ra1ZGUkVoc1RqSnRjakkxZFc1RWEzaG1halpCU1VKRlNVRTNUVUp1ZWtreVpUQlRSelpqVjJKVVRFdEdZeXRDUjJ3eE0xcFhTbXRvYVhKaGJ6aFhjVUUyVnprMGFVNUZaazlIVlVrdk9XVnFlVUprZWtsUVdFTnBSazVrWlU5RkwxQlJZa1F2VWtwNlNUMGlMQ0oyWlhKemFXOXVJam9pTWlJc0luUjVjR1VpT2lKRVFWUkJYMHRGV1NJc0ltVjRjR2x5WVhScGIyNGlPakUzTURZeU5UWTVNelI5",
            "expires_at": "2024-01-26T08:15:34Z",
            "id": "eu-central-1",
            "password": "eyJwYXlsb2FkIjoiMEtHWTU2Sk5TNGo1QTBSTWpuZzgzWnFYWVB1d2JPOXZJYTd6YmdsaE9INllwekU1bjVaTFR0TG5NOTArcGE1WUxMMHZ2TEVxNWh1MkEvNWdId2J4d1VwSFgwMkRmMllrODBoeTlkMEVlYTUvaEhoQVRFdEdHMzZsTzA3d0xjRFJNTWF6aUk3cHFBU2VQTm9VUG9mTlhpTll3OWZZc0xoUnJjdjU3dUtmS2FiOE5VaXpudU5tdWhZTjJUU0lMSk1vM0tmTUsyazdzQ2ZtSE95YkRvWW5ScFN0R1VzeEVCbkI5MXF2RzY1QytIdE4zVGZNK2xnWmVLbHlvcmw1MEp1YUhBdVNPZTRqZUNlVDdWZGVBM3p1Ynk1NjFMV09jK3FORDRSZk9EZnNIUDlLMHlQN1pMYmhRMGVGdTlKYWZibEtPRmJPOTNORlVWb0pCMGkwOHVESU51akY2eFViNWlIeW85MUxhMm9lOUViNitCUFYzOE4zcmhzWXdEenB3RXRsSlhTWDErY2RwY3JTOTFVUXRaMHR4SkxqdXUvTWZtM24yUUhUQTZCcS9MNmNPek52NUNkUy9xTUlmVHo2cHo3bnI2SGdQTGpNTThDM1pOWXRXREFBSlMwZGdGNk9XSWlWcUxBbGpacm1aNmtkbEIxYXJmSkRVU3h2SWNMeEtoNDVBUEdRcEdMNGxlblp6a0VTU0ZlVUpDZHdna20xOTJhWS83Mk1Oa0p5T0xhRk0zK0wySVkzVkVTTXVUTkl6cVNHYnlYK0FRV1BHNDZVR2VRMSt6QjZmNnRKSE8vR2xUVVhPVGtiQnNtMW0yaVNIeGszKzBCSFd3cFJ3MGFkVTBNSFRFbjlvMTZFWGpxZFhVblNKNnZueVdFMTVZNS94R09tN1NTYWozQ29GakU3V29TV2JDOXlCVkd4WDJkeFVzRTZtWUZXby9PazhjWExvSWkwWVlUcEFhaEd4NXdRSUVoR0ZjRUpCYm1kTU5UZ2xJUmNLb3RBUkIvOStVQUxWcWZ1V3lBbUErNUZuNm5rcDZZeS8rclZoVk9jeEM5aTd6QUFzZHp2ZDJDMURJck5CWVdsNnBNdW5hZVN3ZWRZTjNYd1ZrTmNCclBhTTF5cWRXM094WnpsMU9iemhBelJ4bGx0OFFIMW84ekJwWXgvQ3MwOXBFZjNsdktmUEpMRXp4RGdsblpYQVpXUDhOSkZ3TGlTMFpiZFovRHdxQTA3MGtXaGswUGU3STkwWE1YYmpNbU9JK2x2enplRitVTWVlVWhUdGRKeU9YYWRhTDhVbFo4TGZRVFB4SkdjU1NDejRGamtyVlgzOHZydEhLdzRrTVlITVVDeUltbktXN1pBU1BySEQrNGhNMkFFTTV6WjVWWUFiL3NDR3IrSHhBRXhMSVVlYUN2RkhpeHk4MFhuUDh5eUZDMUtqcVRVcjZ2bVp0Qk4vTjlvY0ZSMWQrTDNPZ29iRmNlaDZZa3NFTkRvUXExYWhJaGJFOFhVYjd6MVFBV0krbTgrTUZvVzRzWnMiLCJkYXRha2V5IjoiQVFFQkFIaDN6WU9kdHBCQlNWdy9ZMmFuOEJYSUQ0a3dMUWZub1RqNXp3WnRHSlpvWlFBQUFINHdmQVlKS29aSWh2Y05BUWNHb0c4d2JRSUJBREJvQmdrcWhraUc5dzBCQndFd0hnWUpZSVpJQVdVREJBRXVNQkVFREhsTjJtcjI1dW5Ea3hmajZBSUJFSUE3TUJuekkyZTBTRzZjV2JUTEtGYytCR2wxM1pXSmtoaXJhbzhXcUE2Vzk0aU5FZk9HVUkvOWVqeUJkeklQWENpRk5kZU9FL1BRYkQvUkp6ST0iLCJ2ZXJzaW9uIjoiMiIsInR5cGUiOiJEQVRBX0tFWSIsImV4cGlyYXRpb24iOjE3MDYyNTY5MzR9",
            "proxy_endpoint": "https://711348555690.dkr.ecr.eu-central-1.amazonaws.com",
            "registry_id": null,
            "user_name": "AWS"
          },
          "sensitive_attributes": []
        }
      ]
    },
    {
      "mode": "managed",
      "type": "aws_ecr_repository",
      "name": "BackRepo",
      "provider": "provider[\"registry.terraform.io/hashicorp/aws\"]",
      "instances": [
        {
          "schema_version": 0,
          "attributes": {
            "arn": "arn:aws:ecr:eu-central-1:711348555690:repository/back-repo",
            "encryption_configuration": [
              {
                "encryption_type": "AES256",
                "kms_key": ""
              }
            ],
            "force_delete": null,
            "id": "back-repo",
            "image_scanning_configuration": [
              {
                "scan_on_push": false
              }
            ],
            "image_tag_mutability": "MUTABLE",
            "name": "back-repo",
            "registry_id": "711348555690",
            "repository_url": "711348555690.dkr.ecr.eu-central-1.amazonaws.com/back-repo",
            "tags": {},
            "tags_all": {},
            "timeouts": null
          },
          "sensitive_attributes": [],
          "private": "eyJlMmJmYjczMC1lY2FhLTExZTYtOGY4OC0zNDM2M2JjN2M0YzAiOnsiZGVsZXRlIjoxMjAwMDAwMDAwMDAwfX0="
        }
      ]
    },
    {
      "mode": "managed",
      "type": "aws_ecr_repository",
      "name": "FrontRepo",
      "provider": "provider[\"registry.terraform.io/hashicorp/aws\"]",
      "instances": [
        {
          "schema_version": 0,
          "attributes": {
            "arn": "arn:aws:ecr:eu-central-1:711348555690:repository/front-repo",
            "encryption_configuration": [
              {
                "encryption_type": "AES256",
                "kms_key": ""
              }
            ],
            "force_delete": null,
            "id": "front-repo",
            "image_scanning_configuration": [
              {
                "scan_on_push": false
              }
            ],
            "image_tag_mutability": "MUTABLE",
            "name": "front-repo",
            "registry_id": "711348555690",
            "repository_url": "711348555690.dkr.ecr.eu-central-1.amazonaws.com/front-repo",
            "tags": {},
            "tags_all": {},
            "timeouts": null
          },
          "sensitive_attributes": [],
          "private": "eyJlMmJmYjczMC1lY2FhLTExZTYtOGY4OC0zNDM2M2JjN2M0YzAiOnsiZGVsZXRlIjoxMjAwMDAwMDAwMDAwfX0="
        }
      ]
    },
    {
      "mode": "managed",
      "type": "aws_iam_role",
      "name": "LambdaRole",
      "provider": "provider[\"registry.terraform.io/hashicorp/aws\"]",
      "instances": [
        {
          "schema_version": 0,
          "attributes": {
            "arn": "arn:aws:iam::711348555690:role/lambda-role",
            "assume_role_policy": "{\"Statement\":[{\"Action\":\"sts:AssumeRole\",\"Effect\":\"Allow\",\"Principal\":{\"Service\":\"lambda.amazonaws.com\"}}],\"Version\":\"2012-10-17\"}",
            "create_date": "2024-01-25T19:50:08Z",
            "description": "",
            "force_detach_policies": false,
            "id": "lambda-role",
            "inline_policy": [],
            "managed_policy_arns": [
              "arn:aws:iam::aws:policy/service-role/AWSLambdaBasicExecutionRole"
            ],
            "max_session_duration": 3600,
            "name": "lambda-role",
            "name_prefix": "",
            "path": "/",
            "permissions_boundary": "",
            "tags": {},
            "tags_all": {},
            "unique_id": "AROA2LH5NR6VALVJSJX6Z"
          },
          "sensitive_attributes": [],
          "private": "bnVsbA=="
        }
      ]
    },
    {
      "mode": "managed",
      "type": "aws_iam_role_policy_attachment",
      "name": "LambdaExecPolicyAttachment",
      "provider": "provider[\"registry.terraform.io/hashicorp/aws\"]",
      "instances": [
        {
          "schema_version": 0,
          "attributes": {
            "id": "lambda-role-20240125195009805400000001",
            "policy_arn": "arn:aws:iam::aws:policy/service-role/AWSLambdaBasicExecutionRole",
            "role": "lambda-role"
          },
          "sensitive_attributes": [],
          "private": "bnVsbA==",
          "dependencies": [
            "aws_iam_role.LambdaRole"
          ]
        }
      ]
    },
    {
      "mode": "managed",
      "type": "aws_lambda_function",
      "name": "BackLambda",
      "provider": "provider[\"registry.terraform.io/hashicorp/aws\"]",
      "instances": [
        {
          "schema_version": 0,
          "attributes": {
            "architectures": [
              "x86_64"
            ],
            "arn": "arn:aws:lambda:eu-central-1:711348555690:function:back-lambda",
            "code_signing_config_arn": "",
            "dead_letter_config": [],
            "description": "",
            "environment": [
              {
                "variables": {
                  "HOME": "/tmp"
                }
              }
            ],
            "ephemeral_storage": [
              {
                "size": 512
              }
            ],
            "file_system_config": [],
            "filename": null,
            "function_name": "back-lambda",
            "handler": "",
            "id": "back-lambda",
            "image_config": [],
            "image_uri": "711348555690.dkr.ecr.eu-central-1.amazonaws.com/back-repo@sha256:658c43d9a0c39f68f5070244b798e377ffbd9c127aa1539925baee731271ec31",
            "invoke_arn": "arn:aws:apigateway:eu-central-1:lambda:path/2015-03-31/functions/arn:aws:lambda:eu-central-1:711348555690:function:back-lambda/invocations",
            "kms_key_arn": "",
            "last_modified": "2024-01-25T20:15:36.000+0000",
            "layers": [],
            "logging_config": [
              {
                "application_log_level": "INFO",
                "log_format": "JSON",
                "log_group": "/aws/lambda/back-lambda",
                "system_log_level": "INFO"
              }
            ],
            "memory_size": 1792,
            "package_type": "Image",
            "publish": false,
            "qualified_arn": "arn:aws:lambda:eu-central-1:711348555690:function:back-lambda:$LATEST",
            "qualified_invoke_arn": "arn:aws:apigateway:eu-central-1:lambda:path/2015-03-31/functions/arn:aws:lambda:eu-central-1:711348555690:function:back-lambda:$LATEST/invocations",
            "replace_security_groups_on_destroy": null,
            "replacement_security_group_ids": null,
            "reserved_concurrent_executions": -1,
            "role": "arn:aws:iam::711348555690:role/lambda-role",
            "runtime": "",
            "s3_bucket": null,
            "s3_key": null,
            "s3_object_version": null,
            "signing_job_arn": "",
            "signing_profile_version_arn": "",
            "skip_destroy": false,
            "snap_start": [],
            "source_code_hash": "658c43d9a0c39f68f5070244b798e377ffbd9c127aa1539925baee731271ec31",
            "source_code_size": 0,
            "tags": {},
            "tags_all": {},
            "timeout": 5,
            "timeouts": null,
            "tracing_config": [
              {
                "mode": "PassThrough"
              }
            ],
            "version": "$LATEST",
            "vpc_config": []
          },
          "sensitive_attributes": [],
          "private": "eyJlMmJmYjczMC1lY2FhLTExZTYtOGY4OC0zNDM2M2JjN2M0YzAiOnsiY3JlYXRlIjo2MDAwMDAwMDAwMDAsImRlbGV0ZSI6NjAwMDAwMDAwMDAwLCJ1cGRhdGUiOjYwMDAwMDAwMDAwMH19",
          "dependencies": [
            "aws_ecr_repository.BackRepo",
            "aws_iam_role.LambdaRole",
            "data.aws_ecr_authorization_token.token",
            "docker_image.BackImage",
            "docker_registry_image.BackEcrImage"
          ]
        }
      ]
    },
    {
      "mode": "managed",
      "type": "aws_lambda_function_url",
      "name": "BackLambdaUrl",
      "provider": "provider[\"registry.terraform.io/hashicorp/aws\"]",
      "instances": [
        {
          "schema_version": 0,
          "attributes": {
            "authorization_type": "NONE",
            "cors": [],
            "function_arn": "arn:aws:lambda:eu-central-1:711348555690:function:back-lambda",
            "function_name": "back-lambda",
            "function_url": "https://k64e66rzv3cm3ypsbt43bi7ypq0nzhpv.lambda-url.eu-central-1.on.aws/",
            "id": "back-lambda",
            "invoke_mode": "BUFFERED",
            "qualifier": "",
            "timeouts": null,
            "url_id": "k64e66rzv3cm3ypsbt43bi7ypq0nzhpv"
          },
          "sensitive_attributes": [],
          "private": "eyJlMmJmYjczMC1lY2FhLTExZTYtOGY4OC0zNDM2M2JjN2M0YzAiOnsiY3JlYXRlIjo2MDAwMDAwMDAwMDB9fQ==",
          "dependencies": [
            "aws_ecr_repository.BackRepo",
            "aws_iam_role.LambdaRole",
            "aws_lambda_function.BackLambda",
            "data.aws_ecr_authorization_token.token",
            "docker_image.BackImage",
            "docker_registry_image.BackEcrImage"
          ]
        }
      ]
    },
    {
      "mode": "managed",
      "type": "docker_image",
      "name": "BackImage",
      "provider": "provider[\"registry.terraform.io/kreuzwerker/docker\"]",
      "instances": [
        {
          "schema_version": 0,
          "attributes": {
            "build": [
              {
                "auth_config": [],
                "build_arg": {},
                "build_args": {},
                "build_id": "",
                "cache_from": [],
                "cgroup_parent": "",
                "context": "/home/user/github/cdktf-project/src/back",
                "cpu_period": 0,
                "cpu_quota": 0,
                "cpu_set_cpus": "",
                "cpu_set_mems": "",
                "cpu_shares": 0,
                "dockerfile": "Dockerfile",
                "extra_hosts": [],
                "force_remove": false,
                "isolation": "",
                "label": {},
                "labels": {},
                "memory": 0,
                "memory_swap": 0,
                "network_mode": "",
                "no_cache": false,
                "platform": "linux/amd64",
                "pull_parent": false,
                "remote_context": "",
                "remove": true,
                "security_opt": [],
                "session_id": "",
                "shm_size": 0,
                "squash": false,
                "suppress_output": false,
                "tag": [],
                "target": "",
                "ulimit": [],
                "version": ""
              }
            ],
            "force_remove": null,
            "id": "sha256:57bdacf0fc8c71b54f9db0184b38e0603bcbf4a636a147b0cc6f9675d7b7be38711348555690.dkr.ecr.eu-central-1.amazonaws.com/back-repo",
            "image_id": "sha256:57bdacf0fc8c71b54f9db0184b38e0603bcbf4a636a147b0cc6f9675d7b7be38",
            "keep_locally": null,
            "name": "711348555690.dkr.ecr.eu-central-1.amazonaws.com/back-repo",
            "platform": null,
            "pull_triggers": null,
            "repo_digest": "711348555690.dkr.ecr.eu-central-1.amazonaws.com/back-repo@sha256:658c43d9a0c39f68f5070244b798e377ffbd9c127aa1539925baee731271ec31",
            "triggers": {
              "filesha256": "f38308f25e1ddbb07e45f82fb3972603ff364426f4887eb7aae9baeaa8704587"
            }
          },
          "sensitive_attributes": [],
          "private": "bnVsbA==",
          "dependencies": [
            "aws_ecr_repository.BackRepo",
            "data.aws_ecr_authorization_token.token"
          ]
        }
      ]
    },
    {
      "mode": "managed",
      "type": "docker_image",
      "name": "FrontImage",
      "provider": "provider[\"registry.terraform.io/kreuzwerker/docker\"]",
      "instances": [
        {
          "schema_version": 0,
          "attributes": {
            "build": [
              {
                "auth_config": [],
                "build_arg": {},
                "build_args": {},
                "build_id": "",
                "cache_from": [],
                "cgroup_parent": "",
                "context": "/home/user/github/cdktf-project/src/front",
                "cpu_period": 0,
                "cpu_quota": 0,
                "cpu_set_cpus": "",
                "cpu_set_mems": "",
                "cpu_shares": 0,
                "dockerfile": "Dockerfile",
                "extra_hosts": [],
                "force_remove": false,
                "isolation": "",
                "label": {},
                "labels": {},
                "memory": 0,
                "memory_swap": 0,
                "network_mode": "",
                "no_cache": false,
                "platform": "linux/amd64",
                "pull_parent": false,
                "remote_context": "",
                "remove": true,
                "security_opt": [],
                "session_id": "",
                "shm_size": 0,
                "squash": false,
                "suppress_output": false,
                "tag": [],
                "target": "",
                "ulimit": [],
                "version": ""
              }
            ],
            "force_remove": null,
            "id": "sha256:c78d471df96f5bf0d4538c961fbbf07e1f790f0d2c2dc8feae2d573d7c44e883711348555690.dkr.ecr.eu-central-1.amazonaws.com/front-repo:latest",
            "image_id": "sha256:c78d471df96f5bf0d4538c961fbbf07e1f790f0d2c2dc8feae2d573d7c44e883",
            "keep_locally": null,
            "name": "711348555690.dkr.ecr.eu-central-1.amazonaws.com/front-repo:latest",
            "platform": null,
            "pull_triggers": null,
            "repo_digest": "711348555690.dkr.ecr.eu-central-1.amazonaws.com/front-repo@sha256:b30c3a220dee33d6bd87ded8c742b08dd68a7f738791ad589dc6f45c71dfd428",
            "triggers": {
              "filesha256": "9dd6df6a8aad0c5be2d0ff5d66c31f6c68abffb59be1e1152729b8af7f349738"
            }
          },
          "sensitive_attributes": [],
          "private": "bnVsbA==",
          "dependencies": [
            "aws_ecr_repository.FrontRepo",
            "data.aws_ecr_authorization_token.token"
          ]
        }
      ]
    },
    {
      "mode": "managed",
      "type": "docker_registry_image",
      "name": "BackEcrImage",
      "provider": "provider[\"registry.terraform.io/kreuzwerker/docker\"]",
      "instances": [
        {
          "schema_version": 0,
          "attributes": {
            "id": "sha256:658c43d9a0c39f68f5070244b798e377ffbd9c127aa1539925baee731271ec31",
            "insecure_skip_verify": false,
            "keep_remotely": false,
            "name": "711348555690.dkr.ecr.eu-central-1.amazonaws.com/back-repo",
            "sha256_digest": "sha256:658c43d9a0c39f68f5070244b798e377ffbd9c127aa1539925baee731271ec31",
            "triggers": {
              "filesha256": "f38308f25e1ddbb07e45f82fb3972603ff364426f4887eb7aae9baeaa8704587"
            }
          },
          "sensitive_attributes": [],
          "private": "bnVsbA==",
          "dependencies": [
            "aws_ecr_repository.BackRepo",
            "data.aws_ecr_authorization_token.token",
            "docker_image.BackImage"
          ]
        }
      ]
    },
    {
      "mode": "managed",
      "type": "docker_registry_image",
      "name": "FrontPush",
      "provider": "provider[\"registry.terraform.io/kreuzwerker/docker\"]",
      "instances": [
        {
          "schema_version": 0,
          "attributes": {
            "id": "sha256:b30c3a220dee33d6bd87ded8c742b08dd68a7f738791ad589dc6f45c71dfd428",
            "insecure_skip_verify": false,
            "keep_remotely": false,
            "name": "711348555690.dkr.ecr.eu-central-1.amazonaws.com/front-repo:latest",
            "sha256_digest": "sha256:b30c3a220dee33d6bd87ded8c742b08dd68a7f738791ad589dc6f45c71dfd428",
            "triggers": {
              "filesha256": "9dd6df6a8aad0c5be2d0ff5d66c31f6c68abffb59be1e1152729b8af7f349738"
            }
          },
          "sensitive_attributes": [],
          "private": "bnVsbA==",
          "dependencies": [
            "aws_ecr_repository.FrontRepo",
            "data.aws_ecr_authorization_token.token",
            "docker_image.FrontImage"
          ]
        }
      ]
    }
  ],
  "check_results": null
}
