{
  "version": 4,
  "terraform_version": "1.7.0",
  "serial": 88,
  "lineage": "a595879c-8348-d326-a097-97e4ec7507b9",
  "outputs": {},
  "resources": [
    {
      "mode": "data",
      "type": "aws_ecr_authorization_token",
      "name": "token",
      "provider": "provider[\"registry.terraform.io/hashicorp/aws\"]",
      "instances": [
        {
          "schema_version": 0,
          "attributes": {
            "authorization_token": "QVdTOmV5SndZWGxzYjJGa0lqb2lLMmh3SzFWaFJWbHRXVFJsU1cxWk5qQlRZVzFYY1ZGR2VWSmtZbWxVYVVGTVEzcE5NRFIzYTNaak4zWnlZWEYxUTJJMmJGTXdlRXhPV1V4dGVrRmlUa2t5WmpGNFpqQmlVbWxGZG1KUU9FMTZOVEJQVlV4VGIyRTBLMEU1YzFKVWIzVmtiV294VkhaU2FHcHRabGhYWTFCMFR6QnlWV1l2Y2xKbGIwZHBhRlJLUzBveGJtTnZOSFJ1WkhFM2JtWmtNMUJIVEcxTlpEaDBOMmxaUjJnd1oxRk5jbFkzWm1Ka1dWSkphVlp2UTJGT1FWSTRaM0ZSY1ZkRlExbG5jbWRrUlRaMFMzTlJjVmM0YW5KR2NISkdVRGRDTjBoeWJGYzRkSEYxTmtOUFYwVnlXazFaV1dkMmJEWjVSRzlOU25STFJUTlRNM1pSYzAxSmJUUlNLekJMU0VJeWQwTXlVM1V2YmxaYU9USlpSak5KYkZObmNIVnJiSFZSYkVwcWIwZEJhbEYxVmtkQkswRndURzlNUTI1TWJubDVhbEZHV25WNlUzZGlNUzh3VTFnek5FRnZMMlozZDNsdk1uRXJaVmR5VVRBMmFXMXhURzlMYm5GYWQwMXhOVVYwYW1ack1reFJSVXBNZDFvMWQyMUlkVk4zYkRaMlRuUnVSelp0UWxWaFZISklXRXBWY2xKQlZsWlhaSFIzVW05TmRsbzJWR0l2UW1OT01VeFVaVEpzY1ZWQ1dFZHFXR05vYzNWS1dHZzBjSEphVlRsVlpYb3hRV3cyVFhNMFpFVnFiRXRhVEd4SmRVYzVSMjV1ZUZreEwyMTZRakZsZW1oRlZVZFdXbUpYUjFoVVlrUllWalZyYm05QmExQk1hRWxPUkdRNWQxa3dhbkpoVFRZd1ltbDBTVlJ3WkU5RVdraENNMFowYzAwMmFrbG5XVXh2S3pCTU9HeHRhemR0TlN0M1dDdHNPWGhoVDFReVptWm5MM0JCWmxoR1VWRkxhSHAxYTBkbGJGazFOVzVUTVZSM1VWTTVNa2hFYmxKQ1pIQTVOR3R3Y2lzeGVHNTNTR2d6Y1RoTmJGaDRMME41V1U1SWNXaDJTMFppUlRWMU9ERm5aV1YyUjNkamFVRjJOMUE1Y1N0SmVtWlJOVFJ6TW1acVJVMHlSRlphVW01WVdYVlRZVFZKY1VWUU5HaGpjVFJ1V0ZKbE5uWmxXRlZ1ZVdkNFdVNXVNR2RaUVZscVREbDNZbWRKTjBoRE5FazNiMGR6YzBGcGFrZG5aVEZWVlZSdmFVZHNVMFpyYTB0d1FtbDNkVkZEUjFacE5VODJOVWRFU0c5alpqUmlSVTlXY2k5VWVsQkRZVFYyUlhCSWRtRldNVGx3ZDBOWWVuQndhRVp5VjNkb01HRlJURzlYTVhFdlpEZDNWbU5uZDNobldqSXphRTVWY3pOek1UTlJUVmcwTlVkc2FtUlFSekJuTmpaeVFtcHVVbVZMUVc1VE16RjZaWGxaYTNCVlFuWnlVVkZDYkRrNEwwSkVTMUp5UTJaV1FuTnpWMkZhYWtRMFpUVXJVRTEwVkZKS00xZzVkRUk0U1V3eWJqaFNhelp5WW1wcmQwNUlZMjExZFRCMlJXRnRXV2hUUWk5eU5rOUtTbXRuYm10bGNuUndWRk00U1RZclQwbFZPV3RIZUdzM2EwVjFWRlZQU0RGb1V6ZEhXbFZoWVVOSldFVTBiVzA0VjFnM1JDOTVhMXBtUjIxU1dYUm5TRlIxUjNkck0xRkpaVGN6ZFRaMmFFRkpjSGxaVVZneFkwOXFjVFowVVd0VmNWbHFObXR1Y0VaRmMwbFhUVTFOV2tGblUwUXpaMjl1VkVjNVYxWjZkR3N5YW05cGFUSk1TMngwVVdOVFNrWlJUeloyWjFScmJqUlpZamt4UkdVd1MyRk5lRFZKY1dOR1dreG5Xa1F6Wkdsa1lsTTNlVWRIVkVkeFpEWmxjVzE0YVZwRVRUVk5jMnNyT1RVNFlVMXZSbFpXT0hKUFRERkdRVGM1VVRBaUxDSmtZWFJoYTJWNUlqb2lRVkZGUWtGSWFETjZXVTlrZEhCQ1FsTldkeTlaTW1GdU9FSllTVVEwYTNkTVVXWnViMVJxTlhwM1duUkhTbHB2V2xGQlFVRklOSGRtUVZsS1MyOWFTV2gyWTA1QlVXTkhiMGM0ZDJKUlNVSkJSRUp2UW1kcmNXaHJhVWM1ZHpCQ1FuZEZkMGhuV1VwWlNWcEpRVmRWUkVKQlJYVk5Ra1ZGUkVKSFJEVnhkVFV4U1hkQmJYSlFUR0YzU1VKRlNVRTNNRVp3ZW5wTk5GQTJRVFJSVERaMVdHOXZaMUF4TDFaVllVaDZhVEZCYms0ck9FbEVTbFIzUmpCblRuZFNkMHBrY25FM1NYSXZiMnh4VG1KU2FEaFNSVlpKVkhsWFVsSnVSV0pwVDBSaGN6MGlMQ0oyWlhKemFXOXVJam9pTWlJc0luUjVjR1VpT2lKRVFWUkJYMHRGV1NJc0ltVjRjR2x5WVhScGIyNGlPakUzTURZeE1qazJNVFo5",
            "expires_at": "2024-01-24T20:53:36Z",
            "id": "eu-central-1",
            "password": "eyJwYXlsb2FkIjoiK2hwK1VhRVltWTRlSW1ZNjBTYW1XcVFGeVJkYmlUaUFMQ3pNMDR3a3ZjN3ZyYXF1Q2I2bFMweExOWUxtekFiTkkyZjF4ZjBiUmlFdmJQOE16NTBPVUxTb2E0K0E5c1JUb3VkbWoxVHZSaGptZlhXY1B0TzByVWYvclJlb0dpaFRKS0oxbmNvNHRuZHE3bmZkM1BHTG1NZDh0N2lZR2gwZ1FNclY3ZmJkWVJJaVZvQ2FOQVI4Z3FRcVdFQ1lncmdkRTZ0S3NRcVc4anJGcHJGUDdCN0hybFc4dHF1NkNPV0VyWk1ZWWd2bDZ5RG9NSnRLRTNTM3ZRc01JbTRSKzBLSEIyd0MyU3UvblZaOTJZRjNJbFNncHVrbHVRbEpqb0dBalF1VkdBK0FwTG9MQ25Mbnl5alFGWnV6U3diMS8wU1gzNEFvL2Z3d3lvMnErZVdyUTA2aW1xTG9LbnFad01xNUV0amZrMkxRRUpMd1o1d21IdVN3bDZ2TnRuRzZtQlVhVHJIWEpVclJBVlZXZHR3Um9Ndlo2VGIvQmNOMUxUZTJscVVCWEdqWGNoc3VKWGg0cHJaVTlVZXoxQWw2TXM0ZEVqbEtaTGxJdUc5R25ueFkxL216QjFlemhFVUdWWmJXR1hUYkRYVjVrbm9Ba1BMaElORGQ5d1kwanJhTTYwYml0SVRwZE9EWkhCM0Z0c002aklnWUxvKzBMOGxtazdtNSt3WCtsOXhhT1QyZmZnL3BBZlhGUVFLaHp1a0dlbFk1NW5TMVR3UVM5MkhEblJCZHA5NGtwcisxeG53SGgzcThNbFh4L0N5WU5IcWh2S0ZiRTV1ODFnZWV2R3djaUF2N1A5cStJemZRNTRzMmZqRU0yRFZaUm5YWXVTYTVJcUVQNGhjcTRuWFJlNnZlWFVueWd4WU5uMGdZQVlqTDl3YmdJN0hDNEk3b0dzc0FpakdnZTFVVVRvaUdsU0Zra0twQml3dVFDR1ZpNU82NUdESG9jZjRiRU9Wci9UelBDYTV2RXBIdmFWMTlwd0NYenBwaEZyV3doMGFRTG9XMXEvZDd3VmNnd3hnWjIzaE5VczNzMTNRTVg0NUdsamRQRzBnNjZyQmpuUmVLQW5TMzF6ZXlZa3BVQnZyUVFCbDk4L0JES1JyQ2ZWQnNzV2FaakQ0ZTUrUE10VFJKM1g5dEI4SUwybjhSazZyYmprd05IY211dTB2RWFtWWhTQi9yNk9KSmtnbmtlcnRwVFM4STYrT0lVOWtHeGs3a0V1VFVPSDFoUzdHWlVhYUNJWEU0bW04V1g3RC95a1pmR21SWXRnSFR1R3drM1FJZTczdTZ2aEFJcHlZUVgxY09qcTZ0UWtVcVlqNmtucEZFc0lXTU1NWkFnU0QzZ29uVEc5V1Z6dGsyam9paTJMS2x0UWNTSkZRTzZ2Z1RrbjRZYjkxRGUwS2FNeDVJcWNGWkxnWkQzZGlkYlM3eUdHVEdxZDZlcW14aVpETTVNc2srOTU4YU1vRlZWOHJPTDFGQTc5UTAiLCJkYXRha2V5IjoiQVFFQkFIaDN6WU9kdHBCQlNWdy9ZMmFuOEJYSUQ0a3dMUWZub1RqNXp3WnRHSlpvWlFBQUFINHdmQVlKS29aSWh2Y05BUWNHb0c4d2JRSUJBREJvQmdrcWhraUc5dzBCQndFd0hnWUpZSVpJQVdVREJBRXVNQkVFREJHRDVxdTUxSXdBbXJQTGF3SUJFSUE3MEZwenpNNFA2QTRRTDZ1WG9vZ1AxL1ZVYUh6aTFBbk4rOElESlR3RjBnTndSd0pkcnE3SXIvb2xxTmJSaDhSRVZJVHlXUlJuRWJpT0Rhcz0iLCJ2ZXJzaW9uIjoiMiIsInR5cGUiOiJEQVRBX0tFWSIsImV4cGlyYXRpb24iOjE3MDYxMjk2MTZ9",
            "proxy_endpoint": "https://711348555690.dkr.ecr.eu-central-1.amazonaws.com",
            "registry_id": null,
            "user_name": "AWS"
          },
          "sensitive_attributes": []
        }
      ]
    },
    {
      "mode": "managed",
      "type": "aws_ecr_repository",
      "name": "BackRepo",
      "provider": "provider[\"registry.terraform.io/hashicorp/aws\"]",
      "instances": [
        {
          "schema_version": 0,
          "attributes": {
            "arn": "arn:aws:ecr:eu-central-1:711348555690:repository/back-repo",
            "encryption_configuration": [
              {
                "encryption_type": "AES256",
                "kms_key": ""
              }
            ],
            "force_delete": null,
            "id": "back-repo",
            "image_scanning_configuration": [
              {
                "scan_on_push": false
              }
            ],
            "image_tag_mutability": "MUTABLE",
            "name": "back-repo",
            "registry_id": "711348555690",
            "repository_url": "711348555690.dkr.ecr.eu-central-1.amazonaws.com/back-repo",
            "tags": {},
            "tags_all": {},
            "timeouts": null
          },
          "sensitive_attributes": [],
          "private": "eyJlMmJmYjczMC1lY2FhLTExZTYtOGY4OC0zNDM2M2JjN2M0YzAiOnsiZGVsZXRlIjoxMjAwMDAwMDAwMDAwfX0="
        }
      ]
    },
    {
      "mode": "managed",
      "type": "aws_ecr_repository",
      "name": "FrontRepo",
      "provider": "provider[\"registry.terraform.io/hashicorp/aws\"]",
      "instances": [
        {
          "schema_version": 0,
          "attributes": {
            "arn": "arn:aws:ecr:eu-central-1:711348555690:repository/front-repo",
            "encryption_configuration": [
              {
                "encryption_type": "AES256",
                "kms_key": ""
              }
            ],
            "force_delete": null,
            "id": "front-repo",
            "image_scanning_configuration": [
              {
                "scan_on_push": false
              }
            ],
            "image_tag_mutability": "MUTABLE",
            "name": "front-repo",
            "registry_id": "711348555690",
            "repository_url": "711348555690.dkr.ecr.eu-central-1.amazonaws.com/front-repo",
            "tags": {},
            "tags_all": {},
            "timeouts": null
          },
          "sensitive_attributes": [],
          "private": "eyJlMmJmYjczMC1lY2FhLTExZTYtOGY4OC0zNDM2M2JjN2M0YzAiOnsiZGVsZXRlIjoxMjAwMDAwMDAwMDAwfX0="
        }
      ]
    },
    {
      "mode": "managed",
      "type": "aws_iam_role",
      "name": "LambdaExecutionRole",
      "provider": "provider[\"registry.terraform.io/hashicorp/aws\"]",
      "instances": [
        {
          "schema_version": 0,
          "attributes": {
            "arn": "arn:aws:iam::711348555690:role/terraform-20240124084429740600000001",
            "assume_role_policy": "{\"Statement\":[{\"Action\":\"sts:AssumeRole\",\"Effect\":\"Allow\",\"Principal\":{\"Service\":\"lambda.amazonaws.com\"}}],\"Version\":\"2012-10-17\"}",
            "create_date": "2024-01-24T08:44:29Z",
            "description": "",
            "force_detach_policies": false,
            "id": "terraform-20240124084429740600000001",
            "inline_policy": [],
            "managed_policy_arns": [],
            "max_session_duration": 3600,
            "name": "terraform-20240124084429740600000001",
            "name_prefix": "terraform-",
            "path": "/",
            "permissions_boundary": "",
            "tags": {},
            "tags_all": {},
            "unique_id": "AROA2LH5NR6VAB5CD4SSN"
          },
          "sensitive_attributes": [],
          "private": "bnVsbA=="
        }
      ]
    },
    {
      "mode": "managed",
      "type": "aws_lambda_function",
      "name": "BackLambdaFunction",
      "provider": "provider[\"registry.terraform.io/hashicorp/aws\"]",
      "instances": [
        {
          "schema_version": 0,
          "attributes": {
            "architectures": [
              "x86_64"
            ],
            "arn": "arn:aws:lambda:eu-central-1:711348555690:function:BackLambda",
            "code_signing_config_arn": "",
            "dead_letter_config": [],
            "description": "",
            "environment": [],
            "ephemeral_storage": [
              {
                "size": 512
              }
            ],
            "file_system_config": [],
            "filename": null,
            "function_name": "BackLambda",
            "handler": "",
            "id": "BackLambda",
            "image_config": [],
            "image_uri": "711348555690.dkr.ecr.eu-central-1.amazonaws.com/back-repo:latest",
            "invoke_arn": "arn:aws:apigateway:eu-central-1:lambda:path/2015-03-31/functions/arn:aws:lambda:eu-central-1:711348555690:function:BackLambda/invocations",
            "kms_key_arn": "",
            "last_modified": "2024-01-24T08:47:06.851+0000",
            "layers": [],
            "logging_config": [
              {
                "application_log_level": "",
                "log_format": "Text",
                "log_group": "/aws/lambda/BackLambda",
                "system_log_level": ""
              }
            ],
            "memory_size": 128,
            "package_type": "Image",
            "publish": false,
            "qualified_arn": "arn:aws:lambda:eu-central-1:711348555690:function:BackLambda:$LATEST",
            "qualified_invoke_arn": "arn:aws:apigateway:eu-central-1:lambda:path/2015-03-31/functions/arn:aws:lambda:eu-central-1:711348555690:function:BackLambda:$LATEST/invocations",
            "replace_security_groups_on_destroy": null,
            "replacement_security_group_ids": null,
            "reserved_concurrent_executions": -1,
            "role": "arn:aws:iam::711348555690:role/terraform-20240124084429740600000001",
            "runtime": "",
            "s3_bucket": null,
            "s3_key": null,
            "s3_object_version": null,
            "signing_job_arn": "",
            "signing_profile_version_arn": "",
            "skip_destroy": false,
            "snap_start": [],
            "source_code_hash": "f25f0bdc6c7a8384ed41a937fe83ae0acad48764319bec4771ef61a3f8ab4841",
            "source_code_size": 0,
            "tags": {},
            "tags_all": {},
            "timeout": 3,
            "timeouts": null,
            "tracing_config": [
              {
                "mode": "PassThrough"
              }
            ],
            "version": "$LATEST",
            "vpc_config": []
          },
          "sensitive_attributes": [],
          "private": "eyJlMmJmYjczMC1lY2FhLTExZTYtOGY4OC0zNDM2M2JjN2M0YzAiOnsiY3JlYXRlIjo2MDAwMDAwMDAwMDAsImRlbGV0ZSI6NjAwMDAwMDAwMDAwLCJ1cGRhdGUiOjYwMDAwMDAwMDAwMH19",
          "dependencies": [
            "aws_ecr_repository.BackRepo",
            "aws_iam_role.LambdaExecutionRole",
            "data.aws_ecr_authorization_token.token",
            "docker_image.BackImage"
          ]
        }
      ]
    },
    {
      "mode": "managed",
      "type": "docker_image",
      "name": "BackImage",
      "provider": "provider[\"registry.terraform.io/kreuzwerker/docker\"]",
      "instances": [
        {
          "schema_version": 0,
          "attributes": {
            "build": [
              {
                "auth_config": [],
                "build_arg": {},
                "build_args": {},
                "build_id": "",
                "cache_from": [],
                "cgroup_parent": "",
                "context": "/home/user/github/cdktf-project/src/back",
                "cpu_period": 0,
                "cpu_quota": 0,
                "cpu_set_cpus": "",
                "cpu_set_mems": "",
                "cpu_shares": 0,
                "dockerfile": "Dockerfile",
                "extra_hosts": [],
                "force_remove": false,
                "isolation": "",
                "label": {},
                "labels": {},
                "memory": 0,
                "memory_swap": 0,
                "network_mode": "",
                "no_cache": false,
                "platform": "",
                "pull_parent": false,
                "remote_context": "",
                "remove": true,
                "security_opt": [],
                "session_id": "",
                "shm_size": 0,
                "squash": false,
                "suppress_output": false,
                "tag": [],
                "target": "",
                "ulimit": [],
                "version": ""
              }
            ],
            "force_remove": null,
            "id": "sha256:d9e54ff0c0935a2beec791e31962ed9a7ef7d9ad19056ee150e6390386e27188711348555690.dkr.ecr.eu-central-1.amazonaws.com/back-repo:latest",
            "image_id": "sha256:d9e54ff0c0935a2beec791e31962ed9a7ef7d9ad19056ee150e6390386e27188",
            "keep_locally": null,
            "name": "711348555690.dkr.ecr.eu-central-1.amazonaws.com/back-repo:latest",
            "platform": "linux/arm64",
            "pull_triggers": null,
            "repo_digest": "711348555690.dkr.ecr.eu-central-1.amazonaws.com/back-repo@sha256:f25f0bdc6c7a8384ed41a937fe83ae0acad48764319bec4771ef61a3f8ab4841",
            "triggers": null
          },
          "sensitive_attributes": [],
          "private": "bnVsbA==",
          "dependencies": [
            "aws_ecr_repository.BackRepo",
            "data.aws_ecr_authorization_token.token"
          ]
        }
      ]
    },
    {
      "mode": "managed",
      "type": "docker_image",
      "name": "FrontImage",
      "provider": "provider[\"registry.terraform.io/kreuzwerker/docker\"]",
      "instances": [
        {
          "schema_version": 0,
          "attributes": {
            "build": [
              {
                "auth_config": [],
                "build_arg": {},
                "build_args": {},
                "build_id": "",
                "cache_from": [],
                "cgroup_parent": "",
                "context": "/home/user/github/cdktf-project/src/front",
                "cpu_period": 0,
                "cpu_quota": 0,
                "cpu_set_cpus": "",
                "cpu_set_mems": "",
                "cpu_shares": 0,
                "dockerfile": "Dockerfile",
                "extra_hosts": [],
                "force_remove": false,
                "isolation": "",
                "label": {},
                "labels": {},
                "memory": 0,
                "memory_swap": 0,
                "network_mode": "",
                "no_cache": false,
                "platform": "",
                "pull_parent": false,
                "remote_context": "",
                "remove": true,
                "security_opt": [],
                "session_id": "",
                "shm_size": 0,
                "squash": false,
                "suppress_output": false,
                "tag": [],
                "target": "",
                "ulimit": [],
                "version": ""
              }
            ],
            "force_remove": null,
            "id": "sha256:c78d471df96f5bf0d4538c961fbbf07e1f790f0d2c2dc8feae2d573d7c44e883711348555690.dkr.ecr.eu-central-1.amazonaws.com/front-repo",
            "image_id": "sha256:c78d471df96f5bf0d4538c961fbbf07e1f790f0d2c2dc8feae2d573d7c44e883",
            "keep_locally": null,
            "name": "711348555690.dkr.ecr.eu-central-1.amazonaws.com/front-repo",
            "platform": "linux/arm64",
            "pull_triggers": null,
            "repo_digest": "711348555690.dkr.ecr.eu-central-1.amazonaws.com/front-repo@sha256:b30c3a220dee33d6bd87ded8c742b08dd68a7f738791ad589dc6f45c71dfd428",
            "triggers": null
          },
          "sensitive_attributes": [],
          "private": "bnVsbA==",
          "dependencies": [
            "aws_ecr_repository.FrontRepo",
            "data.aws_ecr_authorization_token.token"
          ]
        }
      ]
    },
    {
      "mode": "managed",
      "type": "docker_registry_image",
      "name": "BackUpload",
      "provider": "provider[\"registry.terraform.io/kreuzwerker/docker\"]",
      "instances": [
        {
          "schema_version": 0,
          "attributes": {
            "id": "sha256:f25f0bdc6c7a8384ed41a937fe83ae0acad48764319bec4771ef61a3f8ab4841",
            "insecure_skip_verify": false,
            "keep_remotely": false,
            "name": "711348555690.dkr.ecr.eu-central-1.amazonaws.com/back-repo:latest",
            "sha256_digest": "sha256:f25f0bdc6c7a8384ed41a937fe83ae0acad48764319bec4771ef61a3f8ab4841",
            "triggers": null
          },
          "sensitive_attributes": [],
          "private": "bnVsbA==",
          "dependencies": [
            "aws_ecr_repository.BackRepo",
            "data.aws_ecr_authorization_token.token",
            "docker_image.BackImage"
          ]
        }
      ]
    },
    {
      "mode": "managed",
      "type": "docker_registry_image",
      "name": "FrontUpload",
      "provider": "provider[\"registry.terraform.io/kreuzwerker/docker\"]",
      "instances": [
        {
          "schema_version": 0,
          "attributes": {
            "id": "sha256:b30c3a220dee33d6bd87ded8c742b08dd68a7f738791ad589dc6f45c71dfd428",
            "insecure_skip_verify": false,
            "keep_remotely": false,
            "name": "711348555690.dkr.ecr.eu-central-1.amazonaws.com/front-repo",
            "sha256_digest": "sha256:b30c3a220dee33d6bd87ded8c742b08dd68a7f738791ad589dc6f45c71dfd428",
            "triggers": null
          },
          "sensitive_attributes": [],
          "private": "bnVsbA==",
          "dependencies": [
            "aws_ecr_repository.FrontRepo",
            "data.aws_ecr_authorization_token.token",
            "docker_image.FrontImage"
          ]
        }
      ]
    }
  ],
  "check_results": null
}
