{
  "version": 4,
  "terraform_version": "1.7.0",
  "serial": 332,
  "lineage": "a595879c-8348-d326-a097-97e4ec7507b9",
  "outputs": {},
  "resources": [
    {
      "mode": "data",
      "type": "aws_ecr_authorization_token",
      "name": "token",
      "provider": "provider[\"registry.terraform.io/hashicorp/aws\"]",
      "instances": [
        {
          "schema_version": 0,
          "attributes": {
            "authorization_token": "QVdTOmV5SndZWGxzYjJGa0lqb2lTSGwwYWxaVlVtRnRWMHRWWW5SbldWaE9LMFZWT1ZSVVVXa3ZVRE5aVjFkNlRuVlNVREJSV25wWmJ6RnpVR05hV1UweFZXOTNjblZ1WldRNGFFeEVPWEZ5TDJaQlEwNHpNVTFsWmpaR04yeHpkVlZZVW5aSFMxaExOVlJKTjBwMlluTlJaMGRSWWk5SGJEUXhhVmt3V1dGMVNGWndXSEZuU0hwUlRqaG5hVVprVjJjd2JFSlFWVVZTUlhOMlRVdExhVTgyWVdZeGFHOVhOM1ZwV25CQk1tNVBOM0JDVHpOVk9FWTROMVJ4UTBZeFUzRnBjMk5yWXpSU1MzWkpXRFp4TldWVllYRlhlVVpXV1ZwcVUyeFJWelZaYTJoMFRWVlhWVVZ3WWt0MlIxTndOVXAzYlVsbGFUTndWU3RPSzFOSU5XUjFSVmx5VEM5VGJGTlNVRXh4VVVveVJUZE1MMXAwV1RVM2IyOURNWFZ2UlZCaGVscDROMDF5WTBWVGFESXJSSFF5VW5ScFJGVnZiV0kxYVROc05GRnRlVUZMTlVaa1UwNDNlRFkxT0dKT1FqTnRNR2RyWldsd1Rra3hjRVIyVVhJdk4wMDRPV0Z0SzNOSFJGTkxZVGRxZFdKcEswMHdlVzFZZG0wMmEwSlFaR2h0WldKQlVubExTRGhyTUU1S05URXJNVEIwUkNzMlZtMWhaVWxpY1c1a1VXczBRV2d6ZEZWYVlWaHJjRTExY2xKT1JWSndTVGN5WkhKalRtdGhRME5tVWpFeFMweGhTemc1Ym14S2NUbHBaVVJWVVhadU9IRlVWRU4zVmtwM1JrY3pWMHcxYWk5NUszTmFkVTAyTUdsUmRWZHZSR2t5WkdFM01VTnBUMVE1T1ZNNE5qaGtiVTkzU2psRlNEQmhPR0ZHVW05TVJrbFlVSEpTVDJOeVZscEtMekZZWTJaRFpEQTJRbVkxU3pNNU1HaFBVMVE1VlVRd05tbG9PVGszVm1SUGFDdENhVFJ3UWs1SFZVdE5ialY0YkVKWlVVZFJXbGRKSzBkdU1EbEpRazV3YUZwSk5GQlBRV05uYm5sdFRrSjBXbkJ6U2sxTmIwWnFUMFJMWTNaSWIyUXZiM2hGTDIxTlJYTklkVlIzZWtGVFFuZHNjMGRWTkRCMVkzWnlLMnBvTkhwRFVHSXdhekE0TjFWbGNubzRWRVZVUkUxcVZVTkJVeXRNVWpJeFV6RnFLM0pJUTNGWlNtTnFielZhTmpORWJETjFiMVJwVEZsdlF6UXhaSGxPWlRSQ1F6WnVWR1prY1ZBMk1XTnlWa00zTjNnNFNIQnlOamcwUmpaRVJFVTNjWGhwUVRWTVpuUjNTSHBQVVRrMWEwbGFRbFJCVjFJd05sVjRNR051UVZsU2FsUnFVSGROWWpKSEwxcE1hMjlPVmtKNUwyUldhRUZUWjBOdVJqRm9NM2cyVlV4R0wySTFNekpDT0RCdWRUa3ZiV2RVVFVSSmNISndabGswVFdaVlpuWndkMGx6VVN0U01UbFVTVU5yY21nd1pHaExORTlDYWpReFVVZEJSRE0wZDNZeWEyWTRMMVJ4ZERCaVoyOVpOVXBrWTJGdVVIZHlRWEpVY0VkcU1qaHVVVUZCVTFCWlZYUlZNbWh2Vkhsa2QyODFjRTFqZDJFNWQwNDVOM001VW1KVGFHdEJPVlJDZEM5Vk9WUTNZbmhSWkdOWlJTc3dZbEJYVTJ3MU9FMW5ielpDWjA5dFVsYzBTMEpFY2s1U1IxbHJka1JyWVcwMmJXcHpVbTh4VnpkRE5FSmtOV0l2TWs1c01USlJkU3RFVEhWR2N6QlpjVTFWY0hveWNYbEdXbk5QTkUweFQzWllZa00yZHpKRFVFMVZlVlJaYTAxc09IZE9NMWhaZW5WdGJYVnFZamRCWVZGQ1ZFeHNNbUV4VkhSV1ZGY3dNek5TUXpkM1QwYzVjM0pUZHpOblQwaHZOVzFxYUVWVlNYQnBVSFZSVFdSaVJWQTNWelpzVVd0b2JuRTFPVWxSTlcwaUxDSmtZWFJoYTJWNUlqb2lRVkZGUWtGSWFETjZXVTlrZEhCQ1FsTldkeTlaTW1GdU9FSllTVVEwYTNkTVVXWnViMVJxTlhwM1duUkhTbHB2V2xGQlFVRklOSGRtUVZsS1MyOWFTV2gyWTA1QlVXTkhiMGM0ZDJKUlNVSkJSRUp2UW1kcmNXaHJhVWM1ZHpCQ1FuZEZkMGhuV1VwWlNWcEpRVmRWUkVKQlJYVk5Ra1ZGUkU1MGRFUTRNMEpDZGtwc1QwSjFOVU4zU1VKRlNVRTNkamxqVm5WMU5EWXdOVVpGWVRneFVUbE1XVVJXV0dJM00zZ3lUMXBxV2pKak5YUlpURXBZWVV0eWEyaDVTRVZ3VldablowRjVNakY2TTFWNE1GVnNiVzkyY0d4NFoyVmlhSEpzVVhaaE5EMGlMQ0oyWlhKemFXOXVJam9pTWlJc0luUjVjR1VpT2lKRVFWUkJYMHRGV1NJc0ltVjRjR2x5WVhScGIyNGlPakUzTURZeU1qZzJPRGQ5",
            "expires_at": "2024-01-26T00:24:47Z",
            "id": "eu-central-1",
            "password": "eyJwYXlsb2FkIjoiSHl0alZVUmFtV0tVYnRnWVhOK0VVOVRUUWkvUDNZV1d6TnVSUDBRWnpZbzFzUGNaWU0xVW93cnVuZWQ4aExEOXFyL2ZBQ04zMU1lZjZGN2xzdVVYUnZHS1hLNVRJN0p2YnNRZ0dRYi9HbDQxaVkwWWF1SFZwWHFnSHpRTjhnaUZkV2cwbEJQVUVSRXN2TUtLaU82YWYxaG9XN3VpWnBBMm5PN3BCTzNVOEY4N1RxQ0YxU3Fpc2NrYzRSS3ZJWDZxNWVVYXFXeUZWWVpqU2xRVzVZa2h0TVVXVUVwYkt2R1NwNUp3bUllaTNwVStOK1NINWR1RVlyTC9TbFNSUExxUUoyRTdML1p0WTU3b29DMXVvRVBhelp4N01yY0VTaDIrRHQyUnRpRFVvbWI1aTNsNFFteUFLNUZkU043eDY1OGJOQjNtMGdrZWlwTkkxcER2UXIvN004OWFtK3NHRFNLYTdqdWJpK00weW1Ydm02a0JQZGhtZWJBUnlLSDhrME5KNTErMTB0RCs2Vm1hZUlicW5kUWs0QWgzdFVaYVhrcE11clJORVJwSTcyZHJjTmthQ0NmUjExS0xhSzg5bmxKcTlpZURVUXZuOHFUVEN3Vkp3RkczV0w1ai95K3NadU02MGlRdVdvRGkyZGE3MUNpT1Q5OVM4NjhkbU93SjlFSDBhOGFGUm9MRklYUHJST2NyVlpKLzFYY2ZDZDA2QmY1SzM5MGhPU1Q5VUQwNmloOTk3VmRPaCtCaTRwQk5HVUtNbjV4bEJZUUdRWldJK0duMDlJQk5waFpJNFBPQWNnbnltTkJ0WnBzSk1Nb0ZqT0RLY3ZIb2Qvb3hFL21NRXNIdVR3ekFTQndsc0dVNDB1Y3ZyK2poNHpDUGIwazA4N1Vlcno4VEVURE1qVUNBUytMUjIxUzFqK3JIQ3FZSmNqbzVaNjNEbDN1b1RpTFlvQzQxZHlOZTRCQzZuVGZkcVA2MWNyVkM3N3g4SHByNjg0RjZEREU3cXhpQTVMZnR3SHpPUTk1a0laQlRBV1IwNlV4MGNuQVlSalRqUHdNYjJHL1pMa29OVkJ5L2RWaEFTZ0NuRjFoM3g2VUxGL2I1MzJCODBudTkvbWdUTURJcHJwZlk0TWZVZnZwd0lzUStSMTlUSUNrcmgwZGhLNE9CajQxUUdBRDM0d3Yya2Y4L1RxdDBiZ29ZNUpkY2FuUHdyQXJUcEdqMjhuUUFBU1BZVXRVMmhvVHlkd281cE1jd2E5d045N3M5UmJTaGtBOVRCdC9VOVQ3YnhRZGNZRSswYlBXU2w1OE1nbzZCZ09tUlc0S0JEck5SR1lrdkRrYW02bWpzUm8xVzdDNEJkNWIvMk5sMTJRdStETHVGczBZcU1VcHoycXlGWnNPNE0xT3ZYYkM2dzJDUE1VeVRZa01sOHdOM1hZenVtbXVqYjdBYVFCVExsMmExVHRWVFcwMzNSQzd3T0c5c3JTdzNnT0hvNW1qaEVVSXBpUHVRTWRiRVA3VzZsUWtobnE1OUlRNW0iLCJkYXRha2V5IjoiQVFFQkFIaDN6WU9kdHBCQlNWdy9ZMmFuOEJYSUQ0a3dMUWZub1RqNXp3WnRHSlpvWlFBQUFINHdmQVlKS29aSWh2Y05BUWNHb0c4d2JRSUJBREJvQmdrcWhraUc5dzBCQndFd0hnWUpZSVpJQVdVREJBRXVNQkVFRE50dEQ4M0JCdkpsT0J1NUN3SUJFSUE3djljVnV1NDYwNUZFYTgxUTlMWURWWGI3M3gyT1pqWjJjNXRZTEpYYUtya2h5SEVwVWZnZ0F5MjF6M1V4MFVsbW92cGx4Z2ViaHJsUXZhND0iLCJ2ZXJzaW9uIjoiMiIsInR5cGUiOiJEQVRBX0tFWSIsImV4cGlyYXRpb24iOjE3MDYyMjg2ODd9",
            "proxy_endpoint": "https://711348555690.dkr.ecr.eu-central-1.amazonaws.com",
            "registry_id": null,
            "user_name": "AWS"
          },
          "sensitive_attributes": []
        }
      ]
    },
    {
      "mode": "managed",
      "type": "aws_ecr_repository",
      "name": "BackRepo",
      "provider": "provider[\"registry.terraform.io/hashicorp/aws\"]",
      "instances": [
        {
          "schema_version": 0,
          "attributes": {
            "arn": "arn:aws:ecr:eu-central-1:711348555690:repository/back-repo",
            "encryption_configuration": [
              {
                "encryption_type": "AES256",
                "kms_key": ""
              }
            ],
            "force_delete": null,
            "id": "back-repo",
            "image_scanning_configuration": [
              {
                "scan_on_push": false
              }
            ],
            "image_tag_mutability": "MUTABLE",
            "name": "back-repo",
            "registry_id": "711348555690",
            "repository_url": "711348555690.dkr.ecr.eu-central-1.amazonaws.com/back-repo",
            "tags": {},
            "tags_all": {},
            "timeouts": null
          },
          "sensitive_attributes": [],
          "private": "eyJlMmJmYjczMC1lY2FhLTExZTYtOGY4OC0zNDM2M2JjN2M0YzAiOnsiZGVsZXRlIjoxMjAwMDAwMDAwMDAwfX0="
        }
      ]
    },
    {
      "mode": "managed",
      "type": "aws_ecr_repository",
      "name": "FrontRepo",
      "provider": "provider[\"registry.terraform.io/hashicorp/aws\"]",
      "instances": [
        {
          "schema_version": 0,
          "attributes": {
            "arn": "arn:aws:ecr:eu-central-1:711348555690:repository/front-repo",
            "encryption_configuration": [
              {
                "encryption_type": "AES256",
                "kms_key": ""
              }
            ],
            "force_delete": null,
            "id": "front-repo",
            "image_scanning_configuration": [
              {
                "scan_on_push": false
              }
            ],
            "image_tag_mutability": "MUTABLE",
            "name": "front-repo",
            "registry_id": "711348555690",
            "repository_url": "711348555690.dkr.ecr.eu-central-1.amazonaws.com/front-repo",
            "tags": {},
            "tags_all": {},
            "timeouts": null
          },
          "sensitive_attributes": [],
          "private": "eyJlMmJmYjczMC1lY2FhLTExZTYtOGY4OC0zNDM2M2JjN2M0YzAiOnsiZGVsZXRlIjoxMjAwMDAwMDAwMDAwfX0="
        }
      ]
    },
    {
      "mode": "managed",
      "type": "aws_iam_role",
      "name": "LambdaRole",
      "provider": "provider[\"registry.terraform.io/hashicorp/aws\"]",
      "instances": [
        {
          "schema_version": 0,
          "attributes": {
            "arn": "arn:aws:iam::711348555690:role/lambda-role",
            "assume_role_policy": "{\"Statement\":[{\"Action\":\"sts:AssumeRole\",\"Effect\":\"Allow\",\"Principal\":{\"Service\":\"lambda.amazonaws.com\"}}],\"Version\":\"2012-10-17\"}",
            "create_date": "2024-01-24T09:19:00Z",
            "description": "",
            "force_detach_policies": false,
            "id": "lambda-role",
            "inline_policy": [],
            "managed_policy_arns": [
              "arn:aws:iam::aws:policy/service-role/AWSLambdaBasicExecutionRole"
            ],
            "max_session_duration": 3600,
            "name": "lambda-role",
            "name_prefix": "",
            "path": "/",
            "permissions_boundary": "",
            "tags": {},
            "tags_all": {},
            "unique_id": "AROA2LH5NR6VHPN5QYHTG"
          },
          "sensitive_attributes": [],
          "private": "bnVsbA=="
        }
      ]
    },
    {
      "mode": "managed",
      "type": "aws_iam_role_policy_attachment",
      "name": "LambdaExecPolicyAttachment",
      "provider": "provider[\"registry.terraform.io/hashicorp/aws\"]",
      "instances": [
        {
          "schema_version": 0,
          "attributes": {
            "id": "lambda-role-20240124091902102000000001",
            "policy_arn": "arn:aws:iam::aws:policy/service-role/AWSLambdaBasicExecutionRole",
            "role": "lambda-role"
          },
          "sensitive_attributes": [],
          "private": "bnVsbA==",
          "dependencies": [
            "aws_iam_role.LambdaRole"
          ]
        }
      ]
    },
    {
      "mode": "managed",
      "type": "aws_lambda_function",
      "name": "BackLambda",
      "provider": "provider[\"registry.terraform.io/hashicorp/aws\"]",
      "instances": [
        {
          "schema_version": 0,
          "attributes": {
            "architectures": [
              "arm64"
            ],
            "arn": "arn:aws:lambda:eu-central-1:711348555690:function:back-lambda",
            "code_signing_config_arn": "",
            "dead_letter_config": [],
            "description": "",
            "environment": [],
            "ephemeral_storage": [
              {
                "size": 512
              }
            ],
            "file_system_config": [],
            "filename": null,
            "function_name": "back-lambda",
            "handler": "",
            "id": "back-lambda",
            "image_config": [],
            "image_uri": "711348555690.dkr.ecr.eu-central-1.amazonaws.com/back-repo:latest",
            "invoke_arn": "arn:aws:apigateway:eu-central-1:lambda:path/2015-03-31/functions/arn:aws:lambda:eu-central-1:711348555690:function:back-lambda/invocations",
            "kms_key_arn": "",
            "last_modified": "2024-01-25T12:24:54.000+0000",
            "layers": [],
            "logging_config": [
              {
                "application_log_level": "INFO",
                "log_format": "JSON",
                "log_group": "/aws/lambda/back-lambda",
                "system_log_level": "INFO"
              }
            ],
            "memory_size": 1792,
            "package_type": "Image",
            "publish": false,
            "qualified_arn": "arn:aws:lambda:eu-central-1:711348555690:function:back-lambda:$LATEST",
            "qualified_invoke_arn": "arn:aws:apigateway:eu-central-1:lambda:path/2015-03-31/functions/arn:aws:lambda:eu-central-1:711348555690:function:back-lambda:$LATEST/invocations",
            "replace_security_groups_on_destroy": null,
            "replacement_security_group_ids": null,
            "reserved_concurrent_executions": -1,
            "role": "arn:aws:iam::711348555690:role/lambda-role",
            "runtime": "",
            "s3_bucket": null,
            "s3_key": null,
            "s3_object_version": null,
            "signing_job_arn": "",
            "signing_profile_version_arn": "",
            "skip_destroy": false,
            "snap_start": [],
            "source_code_hash": "730c4de2b582ee89515ed2d531063635ba2a4234fa931360ca01b534b296f493",
            "source_code_size": 0,
            "tags": {},
            "tags_all": {},
            "timeout": 5,
            "timeouts": null,
            "tracing_config": [
              {
                "mode": "PassThrough"
              }
            ],
            "version": "$LATEST",
            "vpc_config": []
          },
          "sensitive_attributes": [],
          "private": "eyJlMmJmYjczMC1lY2FhLTExZTYtOGY4OC0zNDM2M2JjN2M0YzAiOnsiY3JlYXRlIjo2MDAwMDAwMDAwMDAsImRlbGV0ZSI6NjAwMDAwMDAwMDAwLCJ1cGRhdGUiOjYwMDAwMDAwMDAwMH19",
          "dependencies": [
            "aws_ecr_repository.BackRepo",
            "aws_iam_role.LambdaRole",
            "data.aws_ecr_authorization_token.token",
            "docker_image.BackImage"
          ]
        }
      ]
    },
    {
      "mode": "managed",
      "type": "aws_lambda_function_url",
      "name": "BackLambdaUrl",
      "provider": "provider[\"registry.terraform.io/hashicorp/aws\"]",
      "instances": [
        {
          "schema_version": 0,
          "attributes": {
            "authorization_type": "NONE",
            "cors": [],
            "function_arn": "arn:aws:lambda:eu-central-1:711348555690:function:back-lambda",
            "function_name": "back-lambda",
            "function_url": "https://bxhne6uumeuxjabn5oo4bpp4ty0jkcfg.lambda-url.eu-central-1.on.aws/",
            "id": "back-lambda",
            "invoke_mode": "BUFFERED",
            "qualifier": "",
            "timeouts": null,
            "url_id": "bxhne6uumeuxjabn5oo4bpp4ty0jkcfg"
          },
          "sensitive_attributes": [],
          "private": "eyJlMmJmYjczMC1lY2FhLTExZTYtOGY4OC0zNDM2M2JjN2M0YzAiOnsiY3JlYXRlIjo2MDAwMDAwMDAwMDB9fQ==",
          "dependencies": [
            "aws_ecr_repository.BackRepo",
            "aws_iam_role.LambdaRole",
            "aws_lambda_function.BackLambda",
            "data.aws_ecr_authorization_token.token",
            "docker_image.BackImage"
          ]
        }
      ]
    },
    {
      "mode": "managed",
      "type": "docker_image",
      "name": "BackImage",
      "provider": "provider[\"registry.terraform.io/kreuzwerker/docker\"]",
      "instances": [
        {
          "schema_version": 0,
          "attributes": {
            "build": [
              {
                "auth_config": [],
                "build_arg": null,
                "build_args": null,
                "build_id": "",
                "cache_from": [],
                "cgroup_parent": "",
                "context": "/home/user/github/cdktf-project/src/back",
                "cpu_period": null,
                "cpu_quota": null,
                "cpu_set_cpus": "",
                "cpu_set_mems": "",
                "cpu_shares": null,
                "dockerfile": "Dockerfile",
                "extra_hosts": [],
                "force_remove": null,
                "isolation": "",
                "label": null,
                "labels": null,
                "memory": null,
                "memory_swap": null,
                "network_mode": "",
                "no_cache": null,
                "platform": "linux/amd64",
                "pull_parent": null,
                "remote_context": "",
                "remove": true,
                "security_opt": [],
                "session_id": "",
                "shm_size": null,
                "squash": null,
                "suppress_output": null,
                "tag": [],
                "target": "",
                "ulimit": [],
                "version": ""
              }
            ],
            "force_remove": null,
            "id": "sha256:b16f202ad0e33d32c112b0a3a4d340293b9c151323d36f3fbcdea982edfc47d5711348555690.dkr.ecr.eu-central-1.amazonaws.com/back-repo:latest",
            "image_id": "sha256:b16f202ad0e33d32c112b0a3a4d340293b9c151323d36f3fbcdea982edfc47d5",
            "keep_locally": null,
            "name": "711348555690.dkr.ecr.eu-central-1.amazonaws.com/back-repo:latest",
            "platform": null,
            "pull_triggers": null,
            "repo_digest": "",
            "triggers": {
              "filesha256": "7e0fcf700f055b54ab6e8b9b2ba4914b690b05d9d8b3fe5bc776ce03c6dd500f"
            }
          },
          "sensitive_attributes": [],
          "private": "bnVsbA==",
          "dependencies": [
            "aws_ecr_repository.BackRepo",
            "data.aws_ecr_authorization_token.token"
          ]
        }
      ]
    },
    {
      "mode": "managed",
      "type": "docker_image",
      "name": "FrontImage",
      "provider": "provider[\"registry.terraform.io/kreuzwerker/docker\"]",
      "instances": [
        {
          "schema_version": 0,
          "attributes": {
            "build": [
              {
                "auth_config": [],
                "build_arg": null,
                "build_args": null,
                "build_id": "",
                "cache_from": [],
                "cgroup_parent": "",
                "context": "/home/user/github/cdktf-project/src/front",
                "cpu_period": null,
                "cpu_quota": null,
                "cpu_set_cpus": "",
                "cpu_set_mems": "",
                "cpu_shares": null,
                "dockerfile": "Dockerfile",
                "extra_hosts": [],
                "force_remove": null,
                "isolation": "",
                "label": null,
                "labels": null,
                "memory": null,
                "memory_swap": null,
                "network_mode": "",
                "no_cache": null,
                "platform": "linux/amd64",
                "pull_parent": null,
                "remote_context": "",
                "remove": true,
                "security_opt": [],
                "session_id": "",
                "shm_size": null,
                "squash": null,
                "suppress_output": null,
                "tag": [],
                "target": "",
                "ulimit": [],
                "version": ""
              }
            ],
            "force_remove": null,
            "id": "sha256:c78d471df96f5bf0d4538c961fbbf07e1f790f0d2c2dc8feae2d573d7c44e883711348555690.dkr.ecr.eu-central-1.amazonaws.com/front-repo:latest",
            "image_id": "sha256:c78d471df96f5bf0d4538c961fbbf07e1f790f0d2c2dc8feae2d573d7c44e883",
            "keep_locally": null,
            "name": "711348555690.dkr.ecr.eu-central-1.amazonaws.com/front-repo:latest",
            "platform": null,
            "pull_triggers": null,
            "repo_digest": "",
            "triggers": {
              "filesha256": "9dd6df6a8aad0c5be2d0ff5d66c31f6c68abffb59be1e1152729b8af7f349738"
            }
          },
          "sensitive_attributes": [],
          "private": "bnVsbA==",
          "dependencies": [
            "aws_ecr_repository.FrontRepo",
            "data.aws_ecr_authorization_token.token"
          ]
        }
      ]
    },
    {
      "mode": "managed",
      "type": "docker_registry_image",
      "name": "BackPush",
      "provider": "provider[\"registry.terraform.io/kreuzwerker/docker\"]",
      "instances": [
        {
          "schema_version": 0,
          "attributes": {
            "id": "sha256:730c4de2b582ee89515ed2d531063635ba2a4234fa931360ca01b534b296f493",
            "insecure_skip_verify": false,
            "keep_remotely": false,
            "name": "711348555690.dkr.ecr.eu-central-1.amazonaws.com/back-repo:latest",
            "sha256_digest": "sha256:730c4de2b582ee89515ed2d531063635ba2a4234fa931360ca01b534b296f493",
            "triggers": {
              "filesha256": "7e0fcf700f055b54ab6e8b9b2ba4914b690b05d9d8b3fe5bc776ce03c6dd500f"
            }
          },
          "sensitive_attributes": [],
          "private": "bnVsbA==",
          "dependencies": [
            "aws_ecr_repository.BackRepo",
            "data.aws_ecr_authorization_token.token",
            "docker_image.BackImage"
          ]
        }
      ]
    },
    {
      "mode": "managed",
      "type": "docker_registry_image",
      "name": "FrontPush",
      "provider": "provider[\"registry.terraform.io/kreuzwerker/docker\"]",
      "instances": [
        {
          "schema_version": 0,
          "attributes": {
            "id": "sha256:b30c3a220dee33d6bd87ded8c742b08dd68a7f738791ad589dc6f45c71dfd428",
            "insecure_skip_verify": false,
            "keep_remotely": false,
            "name": "711348555690.dkr.ecr.eu-central-1.amazonaws.com/front-repo:latest",
            "sha256_digest": "sha256:b30c3a220dee33d6bd87ded8c742b08dd68a7f738791ad589dc6f45c71dfd428",
            "triggers": {
              "filesha256": "9dd6df6a8aad0c5be2d0ff5d66c31f6c68abffb59be1e1152729b8af7f349738"
            }
          },
          "sensitive_attributes": [],
          "private": "bnVsbA==",
          "dependencies": [
            "aws_ecr_repository.FrontRepo",
            "data.aws_ecr_authorization_token.token",
            "docker_image.FrontImage"
          ]
        }
      ]
    }
  ],
  "check_results": null
}
