{
  "version": 4,
  "terraform_version": "1.7.1",
  "serial": 853,
  "lineage": "a595879c-8348-d326-a097-97e4ec7507b9",
  "outputs": {},
  "resources": [
    {
      "mode": "data",
      "type": "aws_ecr_authorization_token",
      "name": "token",
      "provider": "provider[\"registry.terraform.io/hashicorp/aws\"]",
      "instances": [
        {
          "schema_version": 0,
          "attributes": {
            "authorization_token": "QVdTOmV5SndZWGxzYjJGa0lqb2lOMUptZW5oVVFtNVVORXRXTVcxb01WUnFkbmxMTjNWRGJpdEdhMFV3YkdSaVVtSlNlR1pUT1hWbE4waFRjVFZDUzJkc2IzWnRWMHAyYkRsS01uTkNhbXROWlc1M2JWaHVaekJEY1U1Tk5qaG5TWFY2VG5KNlluSnBOazR5ZFVsUFNFRTJaMU5GZEhjelF6bHBjelJuVmxwU2VXUnFaRGQzYzJkc1NtTllZWGxOZDA1cGRsTm5TRUpYVDJKcVFVNVpjbkJNZW1NeVVqbHFOMmszVVhSTlFtbHJjelZYS3k5clJGYzRNMXBrUjJaVmVXSkliVTl4Y1dkdFoxVk1Va0ZrYW5wNGJWZ3Zla2RITkZWV1JXdzVTRXhYVUZsdFYxUnhkbGRvWlZGdldGTkljSEZPZG10VFRXcHhNVXcxWW1SbFF6WkZjbmRrVG00eVVFTnNPRU54Y3pGR1JqVjBNMVY1UzJwTGNWbGpaazlGUzJjMU1reDVkbmcxYURjM2NtZ3ZaRFptVlcwNFlubFJhV3RDV1VZMFpsVTNORWxHY0ZGb2IyeDVUQ3RYU0d0SWVsbFlSeXRCUjFwcGRWRmtNME0wUmtnMFFWbHVVMUpoV0RkVWVHdFlTWEpETXpaNWRsY3dOVTFNY1dkVU1YbDBVbVZ1YUdSRlVuZE1URmgyVW0wMFpFeExjRGREZFM5R2FHNHhVRlZ2VFZGRWNqSktkM0J4YmpSc1IwUnhhM2RMYlZWRlYyWXpObXBuTlhaUFdrdG1RMGxsU1VoQ2FHUjBjalZoT1VSb1drOVFZa2h2Tmpkc1FVbEVhQzlRY1ZWa0t6ZDRWbWx0Wnk5d01sTkxWSEZCU1hKYVduQk1ZMUUzZW5GU01VbE1TbEV6ZEVSMVVHRXZRMDVQTURKM01VZEhTM0pHYVV0WldFUXZTblkxVFhaUVVWQTRiVXRZZEROeFQzVkNjM2RTVDBoQkx6QkRkbFpvY25jelVUZDZiRWR4ZDA5cmRsTkdkM2d3TldKbFVTOXRMM0JDWWtKNVZrUkpSekZXVWtOdk5WWnlVeXRXVXpFdmJUZzNla05vYURaVlNVTnlUMGxxTlVJM1ZWQlRORE42VjJoVWFuTlBPRWx6TW5vMmQxcGhOMHhFTDJ0S2FHMVpLekpOTWxsd1NIaHJkbWgwWVRVclVEQXpRa3g0Vm5kd1NsRmlNbGx1ZEdKNU9HeFZaSEpqVTI0MGJVZDZWRzF2YlhGcWNGaFhXRVJ4VkdoTFIyaDJaazVRZFd4SFJVRnBjQ3RQY0d4dmFqSklhSFp6UlVkSmJHOU5ZbUVyY2tKQ2RrcFRVMDlHV0hSUFZFRldkblpUVDNwRWFVRmpkRTVzT1N0bk9ETkNTazlHVGxJeFpISTFNVmRaTVZKMlMybFdNR0ZaYzNaeGFuQXJaWFpXYVVWQ2IzTlRjbE0xVlV0bFprMXdXbGREZVUxTGNreGlhbEppWjFaMlpGazJaVGNyYnpaWGJrbFdRVEFyWlVFMFdWQlBabk5rYW0xUlZXc3hjM05MZEhwMVRrWnhZV1ZKVnpGMFoxbGpXRkJwTldSelFWUXhOVEo2UjJKVU1FRnVTR2xVZW1SQlJWSXhXVVkxVTBGWlpEaERlRFZUTkVjd1NIUkRaM2RHWlhGUFF6UkNkR3cyU0dGV1VETnBXRFp3T1haeldESm1ia04wV1VKUFV6RmhiMHBSVm5RNWRtdGlaWE5wZVdSak1HZDBXVEJvYkRoUWVWVlJWMEoyV0dWM2VraFRWbTQwVjNvM1dFZzFXbXRNUjJsQk5sRjFabFJpYmtsT1NtdE1UekpzZFV4V05GaHVPVE5CU2pJMGNGWlFheTk1YWtWWVNtVkdSMlZsVlhReVdGQm9NM1pPUzBsT0swa3pjV3h5VVRkNFRIVkhUSEpNUTBsS2VUWmhNMVJ2TUZCQ2EzaHNNa3hUVEc1a1NXZHVlRFpuZDIxc0sxVkVOVmwxTlZScVdsQndiekZvZFc1SlpTSXNJbVJoZEdGclpYa2lPaUpCVVVWQ1FVaG9NM3BaVDJSMGNFSkNVMVozTDFreVlXNDRRbGhKUkRScmQweFJabTV2VkdvMWVuZGFkRWRLV205YVVVRkJRVWcwZDJaQldVcExiMXBKYUhaalRrRlJZMGR2UnpoM1lsRkpRa0ZFUW05Q1oydHhhR3RwUnpsM01FSkNkMFYzU0dkWlNsbEpXa2xCVjFWRVFrRkZkVTFDUlVWRVJDODBPWFZXYzNkVE5HczFNMU4yVjNkSlFrVkpRVGRsZDNOdGFuaG1aV1oyTWtsMmVubGFTRzR4ZDFObWVUUm5NRmhzWmpKUFUyRk1XVWx3ZW1weVIyWnhNVVJHWlZka1NqYzFZMmRGTjBNcldVdFpkRlF2YlVoRFpsQTNTazFGSzNGaVJVMVpQU0lzSW5abGNuTnBiMjRpT2lJeUlpd2lkSGx3WlNJNklrUkJWRUZmUzBWWklpd2laWGh3YVhKaGRHbHZiaUk2TVRjd05qWTVOelUyTW4wPQ==",
            "expires_at": "2024-01-31T10:39:22Z",
            "id": "eu-central-1",
            "password": "eyJwYXlsb2FkIjoiN1JmenhUQm5UNEtWMW1oMVRqdnlLN3VDbitGa0UwbGRiUmJSeGZTOXVlN0hTcTVCS2dsb3ZtV0p2bDlKMnNCamtNZW53bVhuZzBDcU5NNjhnSXV6TnJ6YnJpNk4ydUlPSEE2Z1NFdHczQzlpczRnVlpSeWRqZDd3c2dsSmNYYXlNd05pdlNnSEJXT2JqQU5ZcnBMemMyUjlqN2k3UXRNQmlrczVXKy9rRFc4M1pkR2ZVeWJIbU9xcWdtZ1VMUkFkanp4bVgvekdHNFVWRWw5SExXUFltV1RxdldoZVFvWFNIcHFOdmtTTWpxMUw1YmRlQzZFcndkTm4yUENsOENxczFGRjV0M1V5S2pLcVljZk9FS2c1Mkx5dng1aDc3cmgvZDZmVW04YnlRaWtCWUY0ZlU3NElGcFFob2x5TCtXSGtIellYRytBR1ppdVFkM0M0Rkg0QVluU1JhWDdUeGtYSXJDMzZ5dlcwNU1McWdUMXl0UmVuaGRFUndMTFh2Um00ZExLcDdDdS9GaG4xUFVvTVFEcjJKd3BxbjRsR0Rxa3dLbVVFV2YzNmpnNXZPWktmQ0llSUhCaGR0cjVhOURoWk9QYkhvNjdsQUlEaC9QcVVkKzd4VmltZy9wMlNLVHFBSXJaWnBMY1E3enFSMUlMSlEzdER1UGEvQ05PMDJ3MUdHS3JGaUtZWEQvSnY1TXZQUVA4bUtYdDNxT3VCc3dST0hBLzBDdlZocnczUTd6bEdxd09rdlNGd3gwNWJlUS9tL3BCYkJ5VkRJRzFWUkNvNVZyUytWUzEvbTg3ekNoaDZVSUNyT0lqNUI3VVBTNDN6V2hUanNPOElzMno2d1phN0xEL2tKaG1ZKzJNMllwSHhrdmh0YTUrUDAzQkx4VndwSlFiMlludGJ5OGxVZHJjU240bUd6VG1vbXFqcFhXWERxVGhLR2h2Zk5QdWxHRUFpcCtPcGxvajJIaHZzRUdJbG9NYmErckJCdkpTU09GWHRPVEFWdnZTT3pEaUFjdE5sOStnODNCSk9GTlIxZHI1MVdZMVJ2S2lWMGFZc3ZxanArZXZWaUVCb3NTclM1VUtlZk1wWldDeU1LckxialJiZ1Z2ZFk2ZTcrbzZXbklWQTArZUE0WVBPZnNkam1RVWsxc3NLdHp1TkZxYWVJVzF0Z1ljWFBpNWRzQVQxNTJ6R2JUMEFuSGlUemRBRVIxWUY1U0FZZDhDeDVTNEcwSHRDZ3dGZXFPQzRCdGw2SGFWUDNpWDZwOXZzWDJmbkN0WUJPUzFhb0pRVnQ5dmtiZXNpeWRjMGd0WTBobDhQeVVRV0J2WGV3ekhTVm40V3o3WEg1WmtMR2lBNlF1ZlRibklOSmtMTzJsdUxWNFhuOTNBSjI0cFZQay95akVYSmVGR2VlVXQyWFBoM3ZOS0lOK0kzcWxyUTd4THVHTHJMQ0lKeTZhM1RvMFBCa3hsMkxTTG5kSWdueDZnd21sK1VENVl1NVRqWlBwbzFodW5JZSIsImRhdGFrZXkiOiJBUUVCQUhoM3pZT2R0cEJCU1Z3L1kyYW44QlhJRDRrd0xRZm5vVGo1endadEdKWm9aUUFBQUg0d2ZBWUpLb1pJaHZjTkFRY0dvRzh3YlFJQkFEQm9CZ2txaGtpRzl3MEJCd0V3SGdZSllJWklBV1VEQkFFdU1CRUVERC80OXVWc3dTNGs1M1N2V3dJQkVJQTdld3NtanhmZWZ2Mkl2enlaSG4xd1NmeTRnMFhsZjJPU2FMWUlwempyR2ZxMURGZVdkSjc1Y2dFN0MrWUtZdFQvbUhDZlA3Sk1FK3FiRU1ZPSIsInZlcnNpb24iOiIyIiwidHlwZSI6IkRBVEFfS0VZIiwiZXhwaXJhdGlvbiI6MTcwNjY5NzU2Mn0=",
            "proxy_endpoint": "https://711348555690.dkr.ecr.eu-central-1.amazonaws.com",
            "registry_id": null,
            "user_name": "AWS"
          },
          "sensitive_attributes": []
        }
      ]
    },
    {
      "mode": "managed",
      "type": "aws_ecr_repository",
      "name": "BackRepo",
      "provider": "provider[\"registry.terraform.io/hashicorp/aws\"]",
      "instances": [
        {
          "schema_version": 0,
          "attributes": {
            "arn": "arn:aws:ecr:eu-central-1:711348555690:repository/back-repo",
            "encryption_configuration": [
              {
                "encryption_type": "AES256",
                "kms_key": ""
              }
            ],
            "force_delete": null,
            "id": "back-repo",
            "image_scanning_configuration": [
              {
                "scan_on_push": false
              }
            ],
            "image_tag_mutability": "MUTABLE",
            "name": "back-repo",
            "registry_id": "711348555690",
            "repository_url": "711348555690.dkr.ecr.eu-central-1.amazonaws.com/back-repo",
            "tags": {},
            "tags_all": {},
            "timeouts": null
          },
          "sensitive_attributes": [],
          "private": "eyJlMmJmYjczMC1lY2FhLTExZTYtOGY4OC0zNDM2M2JjN2M0YzAiOnsiZGVsZXRlIjoxMjAwMDAwMDAwMDAwfX0="
        }
      ]
    },
    {
      "mode": "managed",
      "type": "aws_ecr_repository",
      "name": "FrontRepo",
      "provider": "provider[\"registry.terraform.io/hashicorp/aws\"]",
      "instances": [
        {
          "schema_version": 0,
          "attributes": {
            "arn": "arn:aws:ecr:eu-central-1:711348555690:repository/front-repo",
            "encryption_configuration": [
              {
                "encryption_type": "AES256",
                "kms_key": ""
              }
            ],
            "force_delete": null,
            "id": "front-repo",
            "image_scanning_configuration": [
              {
                "scan_on_push": false
              }
            ],
            "image_tag_mutability": "MUTABLE",
            "name": "front-repo",
            "registry_id": "711348555690",
            "repository_url": "711348555690.dkr.ecr.eu-central-1.amazonaws.com/front-repo",
            "tags": {},
            "tags_all": {},
            "timeouts": null
          },
          "sensitive_attributes": [],
          "private": "eyJlMmJmYjczMC1lY2FhLTExZTYtOGY4OC0zNDM2M2JjN2M0YzAiOnsiZGVsZXRlIjoxMjAwMDAwMDAwMDAwfX0="
        }
      ]
    },
    {
      "mode": "managed",
      "type": "aws_iam_role",
      "name": "LambdaRole",
      "provider": "provider[\"registry.terraform.io/hashicorp/aws\"]",
      "instances": [
        {
          "schema_version": 0,
          "attributes": {
            "arn": "arn:aws:iam::711348555690:role/lambda-role",
            "assume_role_policy": "{\"Statement\":[{\"Action\":\"sts:AssumeRole\",\"Effect\":\"Allow\",\"Principal\":{\"Service\":\"lambda.amazonaws.com\"}}],\"Version\":\"2012-10-17\"}",
            "create_date": "2024-01-30T22:25:40Z",
            "description": "",
            "force_detach_policies": false,
            "id": "lambda-role",
            "inline_policy": [],
            "managed_policy_arns": [
              "arn:aws:iam::aws:policy/service-role/AWSLambdaBasicExecutionRole"
            ],
            "max_session_duration": 3600,
            "name": "lambda-role",
            "name_prefix": "",
            "path": "/",
            "permissions_boundary": "",
            "tags": {},
            "tags_all": {},
            "unique_id": "AROA2LH5NR6VCUAHOXDHO"
          },
          "sensitive_attributes": [],
          "private": "bnVsbA=="
        }
      ]
    },
    {
      "mode": "managed",
      "type": "aws_iam_role_policy_attachment",
      "name": "LambdaExecPolicyAttachment",
      "provider": "provider[\"registry.terraform.io/hashicorp/aws\"]",
      "instances": [
        {
          "schema_version": 0,
          "attributes": {
            "id": "lambda-role-20240130222541045000000001",
            "policy_arn": "arn:aws:iam::aws:policy/service-role/AWSLambdaBasicExecutionRole",
            "role": "lambda-role"
          },
          "sensitive_attributes": [],
          "private": "bnVsbA==",
          "dependencies": [
            "aws_iam_role.LambdaRole"
          ]
        }
      ]
    },
    {
      "mode": "managed",
      "type": "aws_lambda_function",
      "name": "BackLambda",
      "provider": "provider[\"registry.terraform.io/hashicorp/aws\"]",
      "instances": [
        {
          "schema_version": 0,
          "attributes": {
            "architectures": [
              "arm64"
            ],
            "arn": "arn:aws:lambda:eu-central-1:711348555690:function:back-lambda",
            "code_signing_config_arn": "",
            "dead_letter_config": [],
            "description": "",
            "environment": [
              {
                "variables": {
                  "HOME": "/tmp"
                }
              }
            ],
            "ephemeral_storage": [
              {
                "size": 512
              }
            ],
            "file_system_config": [],
            "filename": null,
            "function_name": "back-lambda",
            "handler": "",
            "id": "back-lambda",
            "image_config": [],
            "image_uri": "711348555690.dkr.ecr.eu-central-1.amazonaws.com/back-repo@sha256:dc8133dfaa402e14891fcec6b2d3596ea8fcddd607f5f2de27ce5c1d5da6209e",
            "invoke_arn": "arn:aws:apigateway:eu-central-1:lambda:path/2015-03-31/functions/arn:aws:lambda:eu-central-1:711348555690:function:back-lambda/invocations",
            "kms_key_arn": "",
            "last_modified": "2024-01-30T22:39:24.000+0000",
            "layers": [],
            "logging_config": [
              {
                "application_log_level": "INFO",
                "log_format": "JSON",
                "log_group": "/aws/lambda/back-lambda",
                "system_log_level": "INFO"
              }
            ],
            "memory_size": 1792,
            "package_type": "Image",
            "publish": false,
            "qualified_arn": "arn:aws:lambda:eu-central-1:711348555690:function:back-lambda:$LATEST",
            "qualified_invoke_arn": "arn:aws:apigateway:eu-central-1:lambda:path/2015-03-31/functions/arn:aws:lambda:eu-central-1:711348555690:function:back-lambda:$LATEST/invocations",
            "replace_security_groups_on_destroy": null,
            "replacement_security_group_ids": null,
            "reserved_concurrent_executions": -1,
            "role": "arn:aws:iam::711348555690:role/lambda-role",
            "runtime": "",
            "s3_bucket": null,
            "s3_key": null,
            "s3_object_version": null,
            "signing_job_arn": "",
            "signing_profile_version_arn": "",
            "skip_destroy": false,
            "snap_start": [],
            "source_code_hash": "dc8133dfaa402e14891fcec6b2d3596ea8fcddd607f5f2de27ce5c1d5da6209e",
            "source_code_size": 0,
            "tags": {},
            "tags_all": {},
            "timeout": 5,
            "timeouts": null,
            "tracing_config": [
              {
                "mode": "PassThrough"
              }
            ],
            "version": "$LATEST",
            "vpc_config": []
          },
          "sensitive_attributes": [],
          "private": "eyJlMmJmYjczMC1lY2FhLTExZTYtOGY4OC0zNDM2M2JjN2M0YzAiOnsiY3JlYXRlIjo2MDAwMDAwMDAwMDAsImRlbGV0ZSI6NjAwMDAwMDAwMDAwLCJ1cGRhdGUiOjYwMDAwMDAwMDAwMH19",
          "dependencies": [
            "aws_ecr_repository.BackRepo",
            "aws_iam_role.LambdaRole",
            "data.aws_ecr_authorization_token.token",
            "docker_image.BackImage",
            "docker_registry_image.BackEcrImage"
          ]
        }
      ]
    },
    {
      "mode": "managed",
      "type": "aws_lambda_function",
      "name": "FrontLambda",
      "provider": "provider[\"registry.terraform.io/hashicorp/aws\"]",
      "instances": [
        {
          "schema_version": 0,
          "attributes": {
            "architectures": [
              "arm64"
            ],
            "arn": "arn:aws:lambda:eu-central-1:711348555690:function:front-lambda",
            "code_signing_config_arn": "",
            "dead_letter_config": [],
            "description": "",
            "environment": [
              {
                "variables": {
                  "HOME": "/tmp"
                }
              }
            ],
            "ephemeral_storage": [
              {
                "size": 512
              }
            ],
            "file_system_config": [],
            "filename": null,
            "function_name": "front-lambda",
            "handler": "",
            "id": "front-lambda",
            "image_config": [],
            "image_uri": "711348555690.dkr.ecr.eu-central-1.amazonaws.com/front-repo@sha256:852167150ee561efd4bc9bc6388a8e566a680fb0528716b3ea07abd5b09f9754",
            "invoke_arn": "arn:aws:apigateway:eu-central-1:lambda:path/2015-03-31/functions/arn:aws:lambda:eu-central-1:711348555690:function:front-lambda/invocations",
            "kms_key_arn": "",
            "last_modified": "2024-01-30T22:36:12.175+0000",
            "layers": [],
            "logging_config": [
              {
                "application_log_level": "INFO",
                "log_format": "JSON",
                "log_group": "/aws/lambda/front-lambda",
                "system_log_level": "INFO"
              }
            ],
            "memory_size": 1792,
            "package_type": "Image",
            "publish": false,
            "qualified_arn": "arn:aws:lambda:eu-central-1:711348555690:function:front-lambda:$LATEST",
            "qualified_invoke_arn": "arn:aws:apigateway:eu-central-1:lambda:path/2015-03-31/functions/arn:aws:lambda:eu-central-1:711348555690:function:front-lambda:$LATEST/invocations",
            "replace_security_groups_on_destroy": null,
            "replacement_security_group_ids": null,
            "reserved_concurrent_executions": -1,
            "role": "arn:aws:iam::711348555690:role/lambda-role",
            "runtime": "",
            "s3_bucket": null,
            "s3_key": null,
            "s3_object_version": null,
            "signing_job_arn": "",
            "signing_profile_version_arn": "",
            "skip_destroy": false,
            "snap_start": [],
            "source_code_hash": "852167150ee561efd4bc9bc6388a8e566a680fb0528716b3ea07abd5b09f9754",
            "source_code_size": 0,
            "tags": {},
            "tags_all": {},
            "timeout": 5,
            "timeouts": null,
            "tracing_config": [
              {
                "mode": "PassThrough"
              }
            ],
            "version": "$LATEST",
            "vpc_config": []
          },
          "sensitive_attributes": [],
          "private": "eyJlMmJmYjczMC1lY2FhLTExZTYtOGY4OC0zNDM2M2JjN2M0YzAiOnsiY3JlYXRlIjo2MDAwMDAwMDAwMDAsImRlbGV0ZSI6NjAwMDAwMDAwMDAwLCJ1cGRhdGUiOjYwMDAwMDAwMDAwMH19",
          "dependencies": [
            "aws_ecr_repository.FrontRepo",
            "aws_iam_role.LambdaRole",
            "data.aws_ecr_authorization_token.token",
            "docker_image.FrontImage",
            "docker_registry_image.FrontEcrImage"
          ]
        }
      ]
    },
    {
      "mode": "managed",
      "type": "aws_lambda_function_url",
      "name": "BackLambdaUrl",
      "provider": "provider[\"registry.terraform.io/hashicorp/aws\"]",
      "instances": [
        {
          "schema_version": 0,
          "attributes": {
            "authorization_type": "NONE",
            "cors": [],
            "function_arn": "arn:aws:lambda:eu-central-1:711348555690:function:back-lambda",
            "function_name": "back-lambda",
            "function_url": "https://qh5yf2q5mb2mudnu7mo5ibs5340kvlew.lambda-url.eu-central-1.on.aws/",
            "id": "back-lambda",
            "invoke_mode": "BUFFERED",
            "qualifier": "",
            "timeouts": null,
            "url_id": "qh5yf2q5mb2mudnu7mo5ibs5340kvlew"
          },
          "sensitive_attributes": [],
          "private": "eyJlMmJmYjczMC1lY2FhLTExZTYtOGY4OC0zNDM2M2JjN2M0YzAiOnsiY3JlYXRlIjo2MDAwMDAwMDAwMDB9fQ==",
          "dependencies": [
            "aws_ecr_repository.BackRepo",
            "aws_iam_role.LambdaRole",
            "aws_lambda_function.BackLambda",
            "data.aws_ecr_authorization_token.token",
            "docker_image.BackImage",
            "docker_registry_image.BackEcrImage"
          ]
        }
      ]
    },
    {
      "mode": "managed",
      "type": "aws_lambda_function_url",
      "name": "FrontLambdaUrl",
      "provider": "provider[\"registry.terraform.io/hashicorp/aws\"]",
      "instances": [
        {
          "schema_version": 0,
          "attributes": {
            "authorization_type": "NONE",
            "cors": [],
            "function_arn": "arn:aws:lambda:eu-central-1:711348555690:function:front-lambda",
            "function_name": "front-lambda",
            "function_url": "https://zaybgiba7j34u5vvaxmvs3pnje0odwqq.lambda-url.eu-central-1.on.aws/",
            "id": "front-lambda",
            "invoke_mode": "BUFFERED",
            "qualifier": "",
            "timeouts": null,
            "url_id": "zaybgiba7j34u5vvaxmvs3pnje0odwqq"
          },
          "sensitive_attributes": [],
          "private": "eyJlMmJmYjczMC1lY2FhLTExZTYtOGY4OC0zNDM2M2JjN2M0YzAiOnsiY3JlYXRlIjo2MDAwMDAwMDAwMDB9fQ==",
          "dependencies": [
            "aws_ecr_repository.FrontRepo",
            "aws_iam_role.LambdaRole",
            "aws_lambda_function.FrontLambda",
            "data.aws_ecr_authorization_token.token",
            "docker_image.FrontImage",
            "docker_registry_image.FrontEcrImage"
          ]
        }
      ]
    },
    {
      "mode": "managed",
      "type": "docker_image",
      "name": "BackImage",
      "provider": "provider[\"registry.terraform.io/kreuzwerker/docker\"]",
      "instances": [
        {
          "schema_version": 0,
          "attributes": {
            "build": [
              {
                "auth_config": [],
                "build_arg": {},
                "build_args": {},
                "build_id": "",
                "cache_from": [],
                "cgroup_parent": "",
                "context": "/home/user/github/cdktf-project/src/back",
                "cpu_period": 0,
                "cpu_quota": 0,
                "cpu_set_cpus": "",
                "cpu_set_mems": "",
                "cpu_shares": 0,
                "dockerfile": "Dockerfile",
                "extra_hosts": [],
                "force_remove": false,
                "isolation": "",
                "label": {},
                "labels": {},
                "memory": 0,
                "memory_swap": 0,
                "network_mode": "",
                "no_cache": false,
                "platform": "linux/arm64",
                "pull_parent": false,
                "remote_context": "",
                "remove": true,
                "security_opt": [],
                "session_id": "",
                "shm_size": 0,
                "squash": false,
                "suppress_output": false,
                "tag": [],
                "target": "",
                "ulimit": [],
                "version": ""
              }
            ],
            "force_remove": null,
            "id": "sha256:e58543f6d11162557e3eed3e451b260014f86be00c2f237cf74214cc07f7e531711348555690.dkr.ecr.eu-central-1.amazonaws.com/back-repo",
            "image_id": "sha256:e58543f6d11162557e3eed3e451b260014f86be00c2f237cf74214cc07f7e531",
            "keep_locally": null,
            "name": "711348555690.dkr.ecr.eu-central-1.amazonaws.com/back-repo",
            "platform": null,
            "pull_triggers": null,
            "repo_digest": "711348555690.dkr.ecr.eu-central-1.amazonaws.com/back-repo@sha256:dc8133dfaa402e14891fcec6b2d3596ea8fcddd607f5f2de27ce5c1d5da6209e",
            "triggers": {
              "filesha256": "d582e1929e92049e244aa8f040d3381cabd52f82cc371b2c05a9d7981e8a0dd8"
            }
          },
          "sensitive_attributes": [],
          "private": "bnVsbA==",
          "dependencies": [
            "aws_ecr_repository.BackRepo",
            "data.aws_ecr_authorization_token.token"
          ]
        }
      ]
    },
    {
      "mode": "managed",
      "type": "docker_registry_image",
      "name": "BackEcrImage",
      "provider": "provider[\"registry.terraform.io/kreuzwerker/docker\"]",
      "instances": [
        {
          "schema_version": 0,
          "attributes": {
            "id": "sha256:dc8133dfaa402e14891fcec6b2d3596ea8fcddd607f5f2de27ce5c1d5da6209e",
            "insecure_skip_verify": false,
            "keep_remotely": false,
            "name": "711348555690.dkr.ecr.eu-central-1.amazonaws.com/back-repo",
            "sha256_digest": "sha256:dc8133dfaa402e14891fcec6b2d3596ea8fcddd607f5f2de27ce5c1d5da6209e",
            "triggers": {
              "filesha256": "d582e1929e92049e244aa8f040d3381cabd52f82cc371b2c05a9d7981e8a0dd8"
            }
          },
          "sensitive_attributes": [],
          "private": "bnVsbA==",
          "dependencies": [
            "aws_ecr_repository.BackRepo",
            "data.aws_ecr_authorization_token.token",
            "docker_image.BackImage"
          ]
        }
      ]
    }
  ],
  "check_results": null
}
