{
  "version": 4,
  "terraform_version": "1.7.0",
  "serial": 413,
  "lineage": "a595879c-8348-d326-a097-97e4ec7507b9",
  "outputs": {},
  "resources": [
    {
      "mode": "data",
      "type": "aws_ecr_authorization_token",
      "name": "token",
      "provider": "provider[\"registry.terraform.io/hashicorp/aws\"]",
      "instances": [
        {
          "schema_version": 0,
          "attributes": {
            "authorization_token": "QVdTOmV5SndZWGxzYjJGa0lqb2lWQ3RtZGs5U2QyRXlWV2hJVFcxWE1WSkpXV1JoVFZNeU5DOHZkbVZFWWxBeFpuSXJkRTlJY1V0UVFtaE5jRFZMY1d4QlMyRk1lVkEzTUdSVVYyRXJiVlUzTlRsTVZXUnVMM2x2VFdwemMyZFVVbmhIT1dKaVVrOVFiM2RxUkV4cVJFMXhjMFZZUW1JeGVETnRWVTR5TUZkaVNFMXhkbVl2UjNKQlpXZE5WbkI0Y1UxVVRrZGhiazFrTUZWbU4zVklXbWRPZVRoUVExbDFkalk0WXpSdk4wNUxXR00yWjIxbGJWbDRNMWxLVnpZMU9VZEVhRXRvU1VwdEx6aEVaa2RQVWxGSFRtVkhPV3hMT0RCR0sxTm1aVUowYkdGQldUbENXRXRWT1dsV1UzUnNVRGhhVlhFek9VZFFXRE5IWTBnNVUxQlhSa1l4YUc1QlNuaFROa3BhWW1KQmMxbHVZVlowWTFCd1JteGFibWRuZWtWM05qTTFVbmM0Wm10blJUbDRibEV3YzFWMVoxVXZTbXN4Ylc4d01YSkVTRlpTWjBzd01GTkhUMmh5YmpGUllXYzVjMDlhZW5obU4wOWtiRWRuUlZaVlpXbzNaR1ZSSzJGVFVXcGtVVGxyV1hGUFkzRmhRbTF3ZVV4bVkzTldUME5wVjBjck1uVkRTMDl2ZUU1UVFrZ3dWRXM0VkZCQlQwUkdNak5uYW5sSGRuSmhVVmxQWVZwV2VtWkZNRXBrZG1FeFlUSjRZbFUyWm5WRlZIZElRa053UjFKTWVrbHNjbVJtTlRSTVFWSTVPWHBhVGtKaE5EUmhWSFVyVnpOR1IyTmxVRE5XV2tRMmRHaG1VekI2YUVGUVZqZHlhVkpEVmpKVk0wTjBTV0ZuUjBwWVJGcDFaamRMT0hCSFpYaFFlV2hWTDBGSlJsaExZMEZNV1RWR2JFOTJRVlIwVmtWT09GVnJUa1pJVlVwa05YQlhjalJVTkhZd1FuWm5kbFpsWW5NdmVsVnViRTFzYVRoTmNXdGxla2RaYmtOSlVYZENRMFZCVVd0V01TdHdNVE5KVFVWWmNqQjNVblV6Y0hsQk5URlZhak4wYTJ4SE9FbEpaMjF0YjJSS2VEaG9aSEZFYzBkcE9VRk1UMjlIUzA1WGRGUm1aV3RYUTJkTWJGVlhjMFp2WWt4c2JESndNazlvZUZnM1Qwa3ZVRWhYTVdwbGNqUlRhakF5S3pKUVRTdDNiVGxCT1VSdlJsVk1hQ3RpUlM5U1NqUm1ORVl6UTNOc2QzVXlkMEU0YW5sTFpFRXhNbXd4YkZGM1YxQnBPV0ZhYnpVNVdEVnNNRVZUZDBOQk5USmthV3RyU21WeVYxSndkbHBTTUdWU1puWXZRa3A2TDFKM1l5dDVTbTl5UXpsaGVFcGtURWsxTW5FelMxazVhbGhxWkRWb0sxQnpNSGhsV25kb2IwcEtSVmxqZG5neVMySlJkVTk1VURoV01YRnZiM2d2ZFZsNVYzVTRNVzkyUWk4eVNXcFlkRWROWXpVNWR6WjNUbGRsWldGVFEyaEthakV4YmtKbU5XWlpXVVJqT0VOVmFrTlJiWGRYV0dOWlF6QnhjRkJWVFhSUlltRnRTRTh5UWxONVR6bGlNVlF5ZFZscVdWcDBOMUJUZW14alpGWndNVTg1VWtvMVVWY3dZbVJwY0d0bmFTOTFXVlpTVEhweWFIRmFaV2RyVFZsNGRHNTJkSHBRT1VKS2MzSTRSalYyWVZKWmFGZFpSRE56VlRSeGVHRnBaMFJzUTBGM2JEZHRjVTFxZGtwTFRubEdRbGhxWVVkSWNIQnRkSHB4YnpFMU56Qk5aM2c0YW1ReFYzUjJabk5EZGxaTmRVZEpNWGxOTjJadGRWQk1SbXhNVTNwRU56SXZSVTE1WmxSR1VqbE9Oa3RZUTNWRFJsTXJaa2x3TWtoU1YwSmtkRXNyYUUxaU9EUXpUbmhCY0VGSVVtUkxaMUU0UTNkVlIxTlRPVGR6VEhWV1dXOVpjMHRUYmxsNmIxaHJiRTlwSzJ3aUxDSmtZWFJoYTJWNUlqb2lRVkZGUWtGSWFETjZXVTlrZEhCQ1FsTldkeTlaTW1GdU9FSllTVVEwYTNkTVVXWnViMVJxTlhwM1duUkhTbHB2V2xGQlFVRklOSGRtUVZsS1MyOWFTV2gyWTA1QlVXTkhiMGM0ZDJKUlNVSkJSRUp2UW1kcmNXaHJhVWM1ZHpCQ1FuZEZkMGhuV1VwWlNWcEpRVmRWUkVKQlJYVk5Ra1ZGUkVONGRqQlpRbmw0WmpCV01sQlZVak5CU1VKRlNVRTNibHBaYVVnNFlreEZWR1o0T1c5cFlrTlRUbFJxT1ZZMmNIUm9OalZoTVZoTVNVZDFObmt3WVZvNFQzYzNRbUZ1TldwVVZVSjBORkJOVDBRdlVEWk5SMGh0U0ZGM2QzSlhaRU5TT1ZGalZUMGlMQ0oyWlhKemFXOXVJam9pTWlJc0luUjVjR1VpT2lKRVFWUkJYMHRGV1NJc0ltVjRjR2x5WVhScGIyNGlPakUzTURZeU16TTROemg5",
            "expires_at": "2024-01-26T01:51:18Z",
            "id": "eu-central-1",
            "password": "eyJwYXlsb2FkIjoiVCtmdk9Sd2EyVWhITW1XMVJJWWRhTVMyNC8vdmVEYlAxZnIrdE9IcUtQQmhNcDVLcWxBS2FMeVA3MGRUV2ErbVU3NTlMVWRuL3lvTWpzc2dUUnhHOWJiUk9Qb3dqRExqRE1xc0VYQmIxeDNtVU4yMFdiSE1xdmYvR3JBZWdNVnB4cU1UTkdhbk1kMFVmN3VIWmdOeThQQ1l1djY4YzRvN05LWGM2Z21lbVl4M1lKVzY1OUdEaEtoSUptLzhEZkdPUlFHTmVHOWxLODBGK1NmZUJ0bGFBWTlCWEtVOWlWU3RsUDhaVXEzOUdQWDNHY0g5U1BXRkYxaG5BSnhTNkpaYmJBc1luYVZ0Y1BwRmxabmdnekV3NjM1Unc4ZmtnRTl4blEwc1V1Z1UvSmsxbW8wMXJESFZSZ0swMFNHT2hybjFRYWc5c09aenhmN09kbEdnRVZVZWo3ZGVRK2FTUWpkUTlrWXFPY3FhQm1weUxmY3NWT0NpV0crMnVDS09veE5QQkgwVEs4VFBBT0RGMjNnanlHdnJhUVlPYVpWemZFMEpkdmExYTJ4YlU2ZnVFVHdIQkNwR1JMeklscmRmNTRMQVI5OXpaTkJhNDRhVHUrVzNGR2NlUDNWWkQ2dGhmUzB6aEFQVjdyaVJDVjJVM0N0SWFnR0pYRFp1ZjdLOHBHZXhQeWhVL0FJRlhLY0FMWTVGbE92QVR0VkVOOFVrTkZIVUpkNXBXcjRUNHYwQnZndlZlYnMvelVubE1saThNcWtlekdZbkNJUXdCQ0VBUWtWMStwMTNJTUVZcjB3UnUzcHlBNTFVajN0a2xHOElJZ21tb2RKeDhoZHFEc0dpOUFMT29HS05XdFRmZWtXQ2dMbFVXc0ZvYkxsbDJwMk9oeFg3T0kvUEhXMWplcjRTajAyKzJQTSt3bTlBOURvRlVMaCtiRS9SSjRmNEYzQ3Nsd3Uyd0E4anlLZEExMmwxbFF3V1BpOWFabzU5WDVsMEVTd0NBNTJkaWtrSmVyV1JwdlpSMGVSZnYvQkp6L1J3Yyt5Sm9yQzlheEpkTEk1MnEzS1k5alhqZDVoK1BzMHhlWndob0pKRVljdngyS2JRdU95UDhWMXFvb3gvdVl5V3U4MW92Qi8ySWpYdEdNYzU5dzZ3TldlZWFTQ2hKajExbkJmNWZZWURjOENVakNRbXdXWGNZQzBxcFBVTXRRYmFtSE8yQlN5TzliMVQydVlqWVp0N1BTemxjZFZwMU85Uko1UVcwYmRpcGtnaS91WVZSTHpyaHFaZWdrTVl4dG52dHpQOUJKc3I4RjV2YVJZaFdZRDNzVTRxeGFpZ0RsQ0F3bDdtcU1qdkpLTnlGQlhqYUdIcHBtdHpxbzE1NzBNZ3g4amQxV3R2ZnNDdlZNdUdJMXlNN2ZtdVBMRmxMU3pENzIvRU15ZlRGUjlONktYQ3VDRlMrZklwMkhSV0JkdEsraE1iODQzTnhBcEFIUmRLZ1E4Q3dVR1NTOTdzTHVWWW9Zc0tTbll6b1hrbE9pK2wiLCJkYXRha2V5IjoiQVFFQkFIaDN6WU9kdHBCQlNWdy9ZMmFuOEJYSUQ0a3dMUWZub1RqNXp3WnRHSlpvWlFBQUFINHdmQVlKS29aSWh2Y05BUWNHb0c4d2JRSUJBREJvQmdrcWhraUc5dzBCQndFd0hnWUpZSVpJQVdVREJBRXVNQkVFREN4djBZQnl4ZjBWMlBVUjNBSUJFSUE3blpZaUg4YkxFVGZ4OW9pYkNTTlRqOVY2cHRoNjVhMVhMSUd1NnkwYVo4T3c3QmFuNWpUVUJ0NFBNT0QvUDZNR0htSFF3d3JXZENSOVFjVT0iLCJ2ZXJzaW9uIjoiMiIsInR5cGUiOiJEQVRBX0tFWSIsImV4cGlyYXRpb24iOjE3MDYyMzM4Nzh9",
            "proxy_endpoint": "https://711348555690.dkr.ecr.eu-central-1.amazonaws.com",
            "registry_id": null,
            "user_name": "AWS"
          },
          "sensitive_attributes": []
        }
      ]
    },
    {
      "mode": "managed",
      "type": "aws_ecr_repository",
      "name": "BackRepo",
      "provider": "provider[\"registry.terraform.io/hashicorp/aws\"]",
      "instances": [
        {
          "schema_version": 0,
          "attributes": {
            "arn": "arn:aws:ecr:eu-central-1:711348555690:repository/back-repo",
            "encryption_configuration": [
              {
                "encryption_type": "AES256",
                "kms_key": ""
              }
            ],
            "force_delete": null,
            "id": "back-repo",
            "image_scanning_configuration": [
              {
                "scan_on_push": false
              }
            ],
            "image_tag_mutability": "MUTABLE",
            "name": "back-repo",
            "registry_id": "711348555690",
            "repository_url": "711348555690.dkr.ecr.eu-central-1.amazonaws.com/back-repo",
            "tags": {},
            "tags_all": {},
            "timeouts": null
          },
          "sensitive_attributes": [],
          "private": "eyJlMmJmYjczMC1lY2FhLTExZTYtOGY4OC0zNDM2M2JjN2M0YzAiOnsiZGVsZXRlIjoxMjAwMDAwMDAwMDAwfX0="
        }
      ]
    },
    {
      "mode": "managed",
      "type": "aws_ecr_repository",
      "name": "FrontRepo",
      "provider": "provider[\"registry.terraform.io/hashicorp/aws\"]",
      "instances": [
        {
          "schema_version": 0,
          "attributes": {
            "arn": "arn:aws:ecr:eu-central-1:711348555690:repository/front-repo",
            "encryption_configuration": [
              {
                "encryption_type": "AES256",
                "kms_key": ""
              }
            ],
            "force_delete": null,
            "id": "front-repo",
            "image_scanning_configuration": [
              {
                "scan_on_push": false
              }
            ],
            "image_tag_mutability": "MUTABLE",
            "name": "front-repo",
            "registry_id": "711348555690",
            "repository_url": "711348555690.dkr.ecr.eu-central-1.amazonaws.com/front-repo",
            "tags": {},
            "tags_all": {},
            "timeouts": null
          },
          "sensitive_attributes": [],
          "private": "eyJlMmJmYjczMC1lY2FhLTExZTYtOGY4OC0zNDM2M2JjN2M0YzAiOnsiZGVsZXRlIjoxMjAwMDAwMDAwMDAwfX0="
        }
      ]
    },
    {
      "mode": "managed",
      "type": "aws_iam_role",
      "name": "LambdaRole",
      "provider": "provider[\"registry.terraform.io/hashicorp/aws\"]",
      "instances": [
        {
          "schema_version": 0,
          "attributes": {
            "arn": "arn:aws:iam::711348555690:role/lambda-role",
            "assume_role_policy": "{\"Statement\":[{\"Action\":\"sts:AssumeRole\",\"Effect\":\"Allow\",\"Principal\":{\"Service\":\"lambda.amazonaws.com\"}}],\"Version\":\"2012-10-17\"}",
            "create_date": "2024-01-25T13:24:30Z",
            "description": "",
            "force_detach_policies": false,
            "id": "lambda-role",
            "inline_policy": [],
            "managed_policy_arns": [
              "arn:aws:iam::aws:policy/service-role/AWSLambdaBasicExecutionRole"
            ],
            "max_session_duration": 3600,
            "name": "lambda-role",
            "name_prefix": "",
            "path": "/",
            "permissions_boundary": "",
            "tags": {},
            "tags_all": {},
            "unique_id": "AROA2LH5NR6VDB3ZFDYUC"
          },
          "sensitive_attributes": [],
          "private": "bnVsbA=="
        }
      ]
    },
    {
      "mode": "managed",
      "type": "aws_iam_role_policy_attachment",
      "name": "LambdaExecPolicyAttachment",
      "provider": "provider[\"registry.terraform.io/hashicorp/aws\"]",
      "instances": [
        {
          "schema_version": 0,
          "attributes": {
            "id": "lambda-role-20240125132432274400000001",
            "policy_arn": "arn:aws:iam::aws:policy/service-role/AWSLambdaBasicExecutionRole",
            "role": "lambda-role"
          },
          "sensitive_attributes": [],
          "private": "bnVsbA==",
          "dependencies": [
            "aws_iam_role.LambdaRole"
          ]
        }
      ]
    },
    {
      "mode": "managed",
      "type": "aws_lambda_function",
      "name": "BackLambda",
      "provider": "provider[\"registry.terraform.io/hashicorp/aws\"]",
      "instances": [
        {
          "schema_version": 0,
          "attributes": {
            "architectures": [
              "x86_64"
            ],
            "arn": "arn:aws:lambda:eu-central-1:711348555690:function:back-lambda",
            "code_signing_config_arn": "",
            "dead_letter_config": [],
            "description": "",
            "environment": [],
            "ephemeral_storage": [
              {
                "size": 512
              }
            ],
            "file_system_config": [],
            "filename": null,
            "function_name": "back-lambda",
            "handler": "",
            "id": "back-lambda",
            "image_config": [],
            "image_uri": "711348555690.dkr.ecr.eu-central-1.amazonaws.com/back-repo:latest",
            "invoke_arn": "arn:aws:apigateway:eu-central-1:lambda:path/2015-03-31/functions/arn:aws:lambda:eu-central-1:711348555690:function:back-lambda/invocations",
            "kms_key_arn": "",
            "last_modified": "2024-01-25T13:51:23.000+0000",
            "layers": [],
            "logging_config": [
              {
                "application_log_level": "INFO",
                "log_format": "JSON",
                "log_group": "/aws/lambda/back-lambda",
                "system_log_level": "INFO"
              }
            ],
            "memory_size": 1792,
            "package_type": "Image",
            "publish": false,
            "qualified_arn": "arn:aws:lambda:eu-central-1:711348555690:function:back-lambda:$LATEST",
            "qualified_invoke_arn": "arn:aws:apigateway:eu-central-1:lambda:path/2015-03-31/functions/arn:aws:lambda:eu-central-1:711348555690:function:back-lambda:$LATEST/invocations",
            "replace_security_groups_on_destroy": null,
            "replacement_security_group_ids": null,
            "reserved_concurrent_executions": -1,
            "role": "arn:aws:iam::711348555690:role/lambda-role",
            "runtime": "",
            "s3_bucket": null,
            "s3_key": null,
            "s3_object_version": null,
            "signing_job_arn": "",
            "signing_profile_version_arn": "",
            "skip_destroy": false,
            "snap_start": [],
            "source_code_hash": "3814a43f8a163e44355db807cad6133641eb3866e766cf61f8a0ca15c8f701c1",
            "source_code_size": 0,
            "tags": {},
            "tags_all": {},
            "timeout": 5,
            "timeouts": null,
            "tracing_config": [
              {
                "mode": "PassThrough"
              }
            ],
            "version": "$LATEST",
            "vpc_config": []
          },
          "sensitive_attributes": [],
          "private": "eyJlMmJmYjczMC1lY2FhLTExZTYtOGY4OC0zNDM2M2JjN2M0YzAiOnsiY3JlYXRlIjo2MDAwMDAwMDAwMDAsImRlbGV0ZSI6NjAwMDAwMDAwMDAwLCJ1cGRhdGUiOjYwMDAwMDAwMDAwMH19",
          "dependencies": [
            "aws_ecr_repository.BackRepo",
            "aws_iam_role.LambdaRole",
            "data.aws_ecr_authorization_token.token",
            "docker_image.BackImage"
          ]
        }
      ]
    },
    {
      "mode": "managed",
      "type": "aws_lambda_function_url",
      "name": "BackLambdaUrl",
      "provider": "provider[\"registry.terraform.io/hashicorp/aws\"]",
      "instances": [
        {
          "schema_version": 0,
          "attributes": {
            "authorization_type": "NONE",
            "cors": [],
            "function_arn": "arn:aws:lambda:eu-central-1:711348555690:function:back-lambda",
            "function_name": "back-lambda",
            "function_url": "https://qwdv6iiust6ur7awexklx5zfsm0sdhmd.lambda-url.eu-central-1.on.aws/",
            "id": "back-lambda",
            "invoke_mode": "BUFFERED",
            "qualifier": "",
            "timeouts": null,
            "url_id": "qwdv6iiust6ur7awexklx5zfsm0sdhmd"
          },
          "sensitive_attributes": [],
          "private": "eyJlMmJmYjczMC1lY2FhLTExZTYtOGY4OC0zNDM2M2JjN2M0YzAiOnsiY3JlYXRlIjo2MDAwMDAwMDAwMDB9fQ==",
          "dependencies": [
            "aws_ecr_repository.BackRepo",
            "aws_iam_role.LambdaRole",
            "aws_lambda_function.BackLambda",
            "data.aws_ecr_authorization_token.token",
            "docker_image.BackImage"
          ]
        }
      ]
    },
    {
      "mode": "managed",
      "type": "docker_image",
      "name": "BackImage",
      "provider": "provider[\"registry.terraform.io/kreuzwerker/docker\"]",
      "instances": [
        {
          "schema_version": 0,
          "attributes": {
            "build": [
              {
                "auth_config": [],
                "build_arg": null,
                "build_args": null,
                "build_id": "",
                "cache_from": [],
                "cgroup_parent": "",
                "context": "/home/user/github/cdktf-project/src/back",
                "cpu_period": null,
                "cpu_quota": null,
                "cpu_set_cpus": "",
                "cpu_set_mems": "",
                "cpu_shares": null,
                "dockerfile": "Dockerfile",
                "extra_hosts": [],
                "force_remove": null,
                "isolation": "",
                "label": null,
                "labels": null,
                "memory": null,
                "memory_swap": null,
                "network_mode": "",
                "no_cache": null,
                "platform": "linux/amd64",
                "pull_parent": null,
                "remote_context": "",
                "remove": true,
                "security_opt": [],
                "session_id": "",
                "shm_size": null,
                "squash": null,
                "suppress_output": null,
                "tag": [],
                "target": "",
                "ulimit": [],
                "version": ""
              }
            ],
            "force_remove": null,
            "id": "sha256:d9e54ff0c0935a2beec791e31962ed9a7ef7d9ad19056ee150e6390386e27188711348555690.dkr.ecr.eu-central-1.amazonaws.com/back-repo:latest",
            "image_id": "sha256:d9e54ff0c0935a2beec791e31962ed9a7ef7d9ad19056ee150e6390386e27188",
            "keep_locally": null,
            "name": "711348555690.dkr.ecr.eu-central-1.amazonaws.com/back-repo:latest",
            "platform": null,
            "pull_triggers": null,
            "repo_digest": "",
            "triggers": {
              "filesha256": "94fe6bb755f23c4bc661d6de745ac394cbf27a7fc083e3a20b9f942a3ebb8be3"
            }
          },
          "sensitive_attributes": [],
          "private": "bnVsbA==",
          "dependencies": [
            "aws_ecr_repository.BackRepo",
            "data.aws_ecr_authorization_token.token"
          ]
        }
      ]
    },
    {
      "mode": "managed",
      "type": "docker_image",
      "name": "FrontImage",
      "provider": "provider[\"registry.terraform.io/kreuzwerker/docker\"]",
      "instances": [
        {
          "schema_version": 0,
          "attributes": {
            "build": [
              {
                "auth_config": [],
                "build_arg": {},
                "build_args": {},
                "build_id": "",
                "cache_from": [],
                "cgroup_parent": "",
                "context": "/home/user/github/cdktf-project/src/front",
                "cpu_period": 0,
                "cpu_quota": 0,
                "cpu_set_cpus": "",
                "cpu_set_mems": "",
                "cpu_shares": 0,
                "dockerfile": "Dockerfile",
                "extra_hosts": [],
                "force_remove": false,
                "isolation": "",
                "label": {},
                "labels": {},
                "memory": 0,
                "memory_swap": 0,
                "network_mode": "",
                "no_cache": false,
                "platform": "linux/amd64",
                "pull_parent": false,
                "remote_context": "",
                "remove": true,
                "security_opt": [],
                "session_id": "",
                "shm_size": 0,
                "squash": false,
                "suppress_output": false,
                "tag": [],
                "target": "",
                "ulimit": [],
                "version": ""
              }
            ],
            "force_remove": null,
            "id": "sha256:c78d471df96f5bf0d4538c961fbbf07e1f790f0d2c2dc8feae2d573d7c44e883711348555690.dkr.ecr.eu-central-1.amazonaws.com/front-repo:latest",
            "image_id": "sha256:c78d471df96f5bf0d4538c961fbbf07e1f790f0d2c2dc8feae2d573d7c44e883",
            "keep_locally": null,
            "name": "711348555690.dkr.ecr.eu-central-1.amazonaws.com/front-repo:latest",
            "platform": null,
            "pull_triggers": null,
            "repo_digest": "711348555690.dkr.ecr.eu-central-1.amazonaws.com/front-repo@sha256:b30c3a220dee33d6bd87ded8c742b08dd68a7f738791ad589dc6f45c71dfd428",
            "triggers": {
              "filesha256": "9dd6df6a8aad0c5be2d0ff5d66c31f6c68abffb59be1e1152729b8af7f349738"
            }
          },
          "sensitive_attributes": [],
          "private": "bnVsbA==",
          "dependencies": [
            "aws_ecr_repository.FrontRepo",
            "data.aws_ecr_authorization_token.token"
          ]
        }
      ]
    },
    {
      "mode": "managed",
      "type": "docker_registry_image",
      "name": "BackPush",
      "provider": "provider[\"registry.terraform.io/kreuzwerker/docker\"]",
      "instances": [
        {
          "schema_version": 0,
          "attributes": {
            "id": "sha256:f25f0bdc6c7a8384ed41a937fe83ae0acad48764319bec4771ef61a3f8ab4841",
            "insecure_skip_verify": false,
            "keep_remotely": false,
            "name": "711348555690.dkr.ecr.eu-central-1.amazonaws.com/back-repo:latest",
            "sha256_digest": "sha256:f25f0bdc6c7a8384ed41a937fe83ae0acad48764319bec4771ef61a3f8ab4841",
            "triggers": {
              "filesha256": "94fe6bb755f23c4bc661d6de745ac394cbf27a7fc083e3a20b9f942a3ebb8be3"
            }
          },
          "sensitive_attributes": [],
          "private": "bnVsbA==",
          "dependencies": [
            "aws_ecr_repository.BackRepo",
            "data.aws_ecr_authorization_token.token",
            "docker_image.BackImage"
          ]
        }
      ]
    },
    {
      "mode": "managed",
      "type": "docker_registry_image",
      "name": "FrontPush",
      "provider": "provider[\"registry.terraform.io/kreuzwerker/docker\"]",
      "instances": [
        {
          "schema_version": 0,
          "attributes": {
            "id": "sha256:b30c3a220dee33d6bd87ded8c742b08dd68a7f738791ad589dc6f45c71dfd428",
            "insecure_skip_verify": false,
            "keep_remotely": false,
            "name": "711348555690.dkr.ecr.eu-central-1.amazonaws.com/front-repo:latest",
            "sha256_digest": "sha256:b30c3a220dee33d6bd87ded8c742b08dd68a7f738791ad589dc6f45c71dfd428",
            "triggers": {
              "filesha256": "9dd6df6a8aad0c5be2d0ff5d66c31f6c68abffb59be1e1152729b8af7f349738"
            }
          },
          "sensitive_attributes": [],
          "private": "bnVsbA==",
          "dependencies": [
            "aws_ecr_repository.FrontRepo",
            "data.aws_ecr_authorization_token.token",
            "docker_image.FrontImage"
          ]
        }
      ]
    }
  ],
  "check_results": null
}
