{
  "version": 4,
  "terraform_version": "1.7.0",
  "serial": 766,
  "lineage": "a595879c-8348-d326-a097-97e4ec7507b9",
  "outputs": {},
  "resources": [
    {
      "mode": "data",
      "type": "aws_ecr_authorization_token",
      "name": "token",
      "provider": "provider[\"registry.terraform.io/hashicorp/aws\"]",
      "instances": [
        {
          "schema_version": 0,
          "attributes": {
            "authorization_token": "QVdTOmV5SndZWGxzYjJGa0lqb2ljMjlHYm5SRFNXdzRkM2xyTVRNelQyUTVaVlpMTTJaUGJFVk1TbEo2ZUVRemJtbGlRMlF6T1ZOaVVqRmhOeTkyWTNoRWMxTndWVkF6UTJJclRYQlRVV2hQTkdOTE1HeEtNMWx1Y0RoWFYwNXBkV2hXWjBKNmRXTmpUVk5wVWt4WlpHWXhSbVZ0V0ZGRU9IRlNORGRVWVdsdlRIcE5UR0pDTTFkTlNqTkdNVkZDYVRoVWJYa3hNbmhyVm01alZHNTBaVlFyVjNKMlZYUnNXVWhhYkdGd2J6RXljbUptZEZOcU56TkRaRTAzT0VWRFdrc3hWMXBuWkdkcWNUWXpVVW80TmtJcmRucGhSMFJ5Y0VsWFZVdzBVM1J1WjI5U1RIQnVaMmhOVW1wck1rSjVRa3hHWTNrNWFIcDBZa1JWV1hWRGFYcFRLMGc0WjJSQ2IxTkdTRVJ4Y0dSUlNVaHhSRGxGUkZCaE5FcGplamRTU2xFNWFVOVljM2xyUjBad1RFdHRWV0p1ZG01cE1qRTVSbk5UYTJaRFJVaGtZMkZuWWtVNWJYZHBla0l6YVRONVpFOTZVSE5VU2tobWNsWkZkVlYzYzJkQk4wRjNaWFpIWTNFNFV6WlVURVl6ZUZkU1ZXSlBka2xPT0ZaTWRtRm5kbXRzTm04NFlUQmtkbEo1VlhsTGRVUTNSV05MZEhKbVptaFNkR3RoUm04M01FRjZUMEpTVWpaNEswWmFORFJTTm5OUGVTdDVVak5JUjB4UVN6QXJSRmR0Um5SUlVIQlVOSGRSWldGYVlrdEVSMVJ0ZUVkcFJFTm5jRFJsVEhCWmNHdHFUMVpPZG5Sd2JtTmhRbHBoWVhJelEzZDNTR2RMZFRSb1REWmhVMWtyTW1aM2FFUmpXa1pzUzFacVZGWmtVRVJqYWtrNEwzQnFXRW8xYWxsTlVHSTFZMGs1WlcxUU9GVmpPVEZKVG5KUE5EVXJiV0ZyVFV4VVN6Rm1PWFF5YmpaNWRXcDRRVkJxT1VwS1EwUlhVMlZtTTBwdWIyTnhXbHBqUkRaR01reHVhekJvWjJ0UmVVVm9OV1JsT0d4S09WWlNhMFZsWWxSblV6aE1lbEphTTFWdWFYWkZhRWxTVW10cVFXWnpNRXh0U1Uxc2RucE1aWFpEV25CNmFTOTZiMDlQU0ZZM2VDczVka3BxTjNKeFVraDFlRk5XYmk5dVpqRjJiMmd3UWxCTk9VcG1OMXB5ZUd0Q1RrMXVTMFpQWW1waWJrdHlSVk56WTNoTE1sRmtNMGd3VldsNU4yUlNUV2xNWjFFM01HMXNNemxUY0U0NFlVUkdZM1pOVTNkTWVFcHNObVpCWmtOSWEwTk1aU3MyY21aT1ZsQXZiR1ZVUmxSMlVXRk1OelE1V1Rrd1ptSTJkVFkzV2tFMFpIWkhjemd3ZVRoTE56aHVLMll4YmtvMlRFNU9VRTl4ZGtrMlptaG5WbmRRVW5WbmNVTjVaVkJ1U0dkeU5VUkhNMkZaUVZWVFVtNVlkRWxJU1VwUWRVZG5VVUpHWmtOcGFsVkdXVTQwYWxkWVN6SkxZMnN5THpJMk1IWkRjak52TlhOMGFGQkxUSGxxYVhGR2NXMDVWbk5pYldwU2QybG9ZazEwY2pOd1pVZHpOMEZOVmxFd1EyNTVUblozYlhaRk1tTkdjVkpuTms5R1FVdHpkVEJCUWpGNk9YaG1kRGxCTXpaS1dYRTBVV3RvVUVkT2RHNVhZMjk0T1dsc04wOW9aVFZ2ZGs5c01FNXVPU3RPZEZnMGQxRmFUREZsUkRWUVQybGtjakJ1TWxGS01IQlJPWGMxU1hoUk1tVjFUWFl2YVNzM1NGcHFLMGRXWVV0RFEwODBUeXN3YTNGUGFVRktkbmd2U2xKVlpDdFhkRVF2VGt0NGRVRnFjR2RWYkcwMmRsUjBZblpSVjFSdFRGRktjWEl4TlhsV1ZERm5ZM1JNWmxCSkt6bFlRWEJLYVhwSU1YaHFSVzVCTWtkQ1JVTjJTMlUzU0hodk1VVmtPRFIzV1ZjaUxDSmtZWFJoYTJWNUlqb2lRVkZGUWtGSWFETjZXVTlrZEhCQ1FsTldkeTlaTW1GdU9FSllTVVEwYTNkTVVXWnViMVJxTlhwM1duUkhTbHB2V2xGQlFVRklOSGRtUVZsS1MyOWFTV2gyWTA1QlVXTkhiMGM0ZDJKUlNVSkJSRUp2UW1kcmNXaHJhVWM1ZHpCQ1FuZEZkMGhuV1VwWlNWcEpRVmRWUkVKQlJYVk5Ra1ZGUkVGUE4zWTVNRXQ0YkdsaWIzVm9kR1JuU1VKRlNVRTNhMUZrU1RCVFdEazFTVmN6VlhKd2VqUmxNM0pZWVhJeWJVeDNTMVUwVHpKR1NGcHJiRGhJTkVvM09FVllRMXA1ZDA1SFFWVkRVVE0wVEdKVFMxWmxNR1FyYnpGR2JXZHdha0Z4UmpGMFZUMGlMQ0oyWlhKemFXOXVJam9pTWlJc0luUjVjR1VpT2lKRVFWUkJYMHRGV1NJc0ltVjRjR2x5WVhScGIyNGlPakUzTURZeU5UYzBPVGQ5",
            "expires_at": "2024-01-26T08:24:57Z",
            "id": "eu-central-1",
            "password": "eyJwYXlsb2FkIjoic29GbnRDSWw4d3lrMTMzT2Q5ZVZLM2ZPbEVMSlJ6eEQzbmliQ2QzOVNiUjFhNy92Y3hEc1NwVVAzQ2IrTXBTUWhPNGNLMGxKM1lucDhXV05pdWhWZ0J6dWNjTVNpUkxZZGYxRmVtWFFEOHFSNDdUYWlvTHpNTGJCM1dNSjNGMVFCaThUbXkxMnhrVm5jVG50ZVQrV3J2VXRsWUhabGFwbzEycmJmdFNqNzNDZE03OEVDWksxV1pnZGdqcTYzUUo4NkIrdnphR0RycElXVUw0U3RuZ29STHBuZ2hNUmprMkJ5QkxGY3k5aHp0YkRVWXVDaXpTK0g4Z2RCb1NGSERxcGRRSUhxRDlFRFBhNEpjejdSSlE5aU9Yc3lrR0ZwTEttVWJudm5pMjE5RnNTa2ZDRUhkY2FnYkU5bXdpekIzaTN5ZE96UHNUSkhmclZFdVV3c2dBN0F3ZXZHY3E4UzZUTEYzeFdSVWJPdklOOFZMdmFndmtsNm84YTBkdlJ5VXlLdUQ3RWNLdHJmZmhSdGthRm83MEF6T0JSUjZ4K0ZaNDRSNnNPeSt5UjNIR0xQSzArRFdtRnRRUHBUNHdRZWFaYktER1RteEdpRENncDRlTHBZcGtqT1ZOdnRwbmNhQlphYXIzQ3d3SGdLdTRoTDZhU1krMmZ3aERjWkZsS1ZqVFZkUERjakk4L3BqWEo1allNUGI1Y0k5ZW1QOFVjOTFJTnJPNDUrbWFrTUxUSzFmOXQybjZ5dWp4QVBqOUpKQ0RXU2VmM0pub2NxWlpjRDZGMkxuazBoZ2tReUVoNWRlOGxKOVZSa0VlYlRnUzhMelJaM1VuaXZFaElSUmtqQWZzMExtSU1sdnpMZXZDWnB6aS96b09PSFY3eCs5dkpqN3JxUkh1eFNWbi9uZjF2b2gwQlBNOUpmN1pyeGtCTk1uS0ZPYmpibktyRVNzY3hLMlFkM0gwVWl5N2RSTWlMZ1E3MG1sMzlTcE44YURGY3ZNU3dMeEpsNmZBZkNIa0NMZSs2cmZOVlAvbGVURlR2UWFMNzQ5WTkwZmI2dTY3WkE0ZHZHczgweThLNzhuK2Yxbko2TE5OUE9xdkk2ZmhnVndQUnVncUN5ZVBuSGdyNURHM2FZQVVTUm5YdElISUpQdUdnUUJGZkNpalVGWU40aldYSzJLY2syLzI2MHZDcjNvNXN0aFBLTHlqaXFGcW05VnNibWpSd2loYk10cjNwZUdzN0FNVlEwQ255TnZ3bXZFMmNGcVJnNk9GQUtzdTBBQjF6OXhmdDlBMzZKWXE0UWtoUEdOdG5XY294OWlsN09oZTVvdk9sME5uOStOdFg0d1FaTDFlRDVQT2lkcjBuMlFKMHBROXc1SXhRMmV1TXYvaSs3SFpqK0dWYUtDQ080Tyswa3FPaUFKdngvSlJVZCtXdEQvTkt4dUFqcGdVbG02dlR0YnZRV1RtTFFKcXIxNXlWVDFnY3RMZlBJKzlYQXBKaXpIMXhqRW5BMkdCRUN2S2U3SHhvMUVkODR3WVciLCJkYXRha2V5IjoiQVFFQkFIaDN6WU9kdHBCQlNWdy9ZMmFuOEJYSUQ0a3dMUWZub1RqNXp3WnRHSlpvWlFBQUFINHdmQVlKS29aSWh2Y05BUWNHb0c4d2JRSUJBREJvQmdrcWhraUc5dzBCQndFd0hnWUpZSVpJQVdVREJBRXVNQkVFREFPN3Y5MEt4bGlib3VodGRnSUJFSUE3a1FkSTBTWDk1SVczVXJwejRlM3JYYXIybUx3S1U0TzJGSFprbDhINEo3OEVYQ1p5d05HQVVDUTM0TGJTS1ZlMGQrbzFGbWdwakFxRjF0VT0iLCJ2ZXJzaW9uIjoiMiIsInR5cGUiOiJEQVRBX0tFWSIsImV4cGlyYXRpb24iOjE3MDYyNTc0OTd9",
            "proxy_endpoint": "https://711348555690.dkr.ecr.eu-central-1.amazonaws.com",
            "registry_id": null,
            "user_name": "AWS"
          },
          "sensitive_attributes": []
        }
      ]
    },
    {
      "mode": "managed",
      "type": "aws_ecr_repository",
      "name": "BackRepo",
      "provider": "provider[\"registry.terraform.io/hashicorp/aws\"]",
      "instances": [
        {
          "schema_version": 0,
          "attributes": {
            "arn": "arn:aws:ecr:eu-central-1:711348555690:repository/back-repo",
            "encryption_configuration": [
              {
                "encryption_type": "AES256",
                "kms_key": ""
              }
            ],
            "force_delete": null,
            "id": "back-repo",
            "image_scanning_configuration": [
              {
                "scan_on_push": false
              }
            ],
            "image_tag_mutability": "MUTABLE",
            "name": "back-repo",
            "registry_id": "711348555690",
            "repository_url": "711348555690.dkr.ecr.eu-central-1.amazonaws.com/back-repo",
            "tags": {},
            "tags_all": {},
            "timeouts": null
          },
          "sensitive_attributes": [],
          "private": "eyJlMmJmYjczMC1lY2FhLTExZTYtOGY4OC0zNDM2M2JjN2M0YzAiOnsiZGVsZXRlIjoxMjAwMDAwMDAwMDAwfX0="
        }
      ]
    },
    {
      "mode": "managed",
      "type": "aws_ecr_repository",
      "name": "FrontRepo",
      "provider": "provider[\"registry.terraform.io/hashicorp/aws\"]",
      "instances": [
        {
          "schema_version": 0,
          "attributes": {
            "arn": "arn:aws:ecr:eu-central-1:711348555690:repository/front-repo",
            "encryption_configuration": [
              {
                "encryption_type": "AES256",
                "kms_key": ""
              }
            ],
            "force_delete": null,
            "id": "front-repo",
            "image_scanning_configuration": [
              {
                "scan_on_push": false
              }
            ],
            "image_tag_mutability": "MUTABLE",
            "name": "front-repo",
            "registry_id": "711348555690",
            "repository_url": "711348555690.dkr.ecr.eu-central-1.amazonaws.com/front-repo",
            "tags": {},
            "tags_all": {},
            "timeouts": null
          },
          "sensitive_attributes": [],
          "private": "eyJlMmJmYjczMC1lY2FhLTExZTYtOGY4OC0zNDM2M2JjN2M0YzAiOnsiZGVsZXRlIjoxMjAwMDAwMDAwMDAwfX0="
        }
      ]
    },
    {
      "mode": "managed",
      "type": "aws_iam_role",
      "name": "LambdaRole",
      "provider": "provider[\"registry.terraform.io/hashicorp/aws\"]",
      "instances": [
        {
          "schema_version": 0,
          "attributes": {
            "arn": "arn:aws:iam::711348555690:role/lambda-role",
            "assume_role_policy": "{\"Statement\":[{\"Action\":\"sts:AssumeRole\",\"Effect\":\"Allow\",\"Principal\":{\"Service\":\"lambda.amazonaws.com\"}}],\"Version\":\"2012-10-17\"}",
            "create_date": "2024-01-25T20:18:35Z",
            "description": "",
            "force_detach_policies": false,
            "id": "lambda-role",
            "inline_policy": [],
            "managed_policy_arns": [
              "arn:aws:iam::aws:policy/service-role/AWSLambdaBasicExecutionRole"
            ],
            "max_session_duration": 3600,
            "name": "lambda-role",
            "name_prefix": "",
            "path": "/",
            "permissions_boundary": "",
            "tags": {},
            "tags_all": {},
            "unique_id": "AROA2LH5NR6VOUXXMKOIE"
          },
          "sensitive_attributes": [],
          "private": "bnVsbA=="
        }
      ]
    },
    {
      "mode": "managed",
      "type": "aws_iam_role_policy_attachment",
      "name": "LambdaExecPolicyAttachment",
      "provider": "provider[\"registry.terraform.io/hashicorp/aws\"]",
      "instances": [
        {
          "schema_version": 0,
          "attributes": {
            "id": "lambda-role-20240125201836279200000001",
            "policy_arn": "arn:aws:iam::aws:policy/service-role/AWSLambdaBasicExecutionRole",
            "role": "lambda-role"
          },
          "sensitive_attributes": [],
          "private": "bnVsbA==",
          "dependencies": [
            "aws_iam_role.LambdaRole"
          ]
        }
      ]
    },
    {
      "mode": "managed",
      "type": "aws_lambda_function",
      "name": "BackLambda",
      "provider": "provider[\"registry.terraform.io/hashicorp/aws\"]",
      "instances": [
        {
          "schema_version": 0,
          "attributes": {
            "architectures": [
              "arm64"
            ],
            "arn": "arn:aws:lambda:eu-central-1:711348555690:function:back-lambda",
            "code_signing_config_arn": "",
            "dead_letter_config": [],
            "description": "",
            "environment": [
              {
                "variables": {
                  "HOME": "/tmp"
                }
              }
            ],
            "ephemeral_storage": [
              {
                "size": 512
              }
            ],
            "file_system_config": [],
            "filename": null,
            "function_name": "back-lambda",
            "handler": "",
            "id": "back-lambda",
            "image_config": [],
            "image_uri": "711348555690.dkr.ecr.eu-central-1.amazonaws.com/back-repo@sha256:1763c39995e2f9e913c81c3a7c448f6b2661100e552129b8a6121ccda709476b",
            "invoke_arn": "arn:aws:apigateway:eu-central-1:lambda:path/2015-03-31/functions/arn:aws:lambda:eu-central-1:711348555690:function:back-lambda/invocations",
            "kms_key_arn": "",
            "last_modified": "2024-01-25T20:26:35.000+0000",
            "layers": [],
            "logging_config": [
              {
                "application_log_level": "INFO",
                "log_format": "JSON",
                "log_group": "/aws/lambda/back-lambda",
                "system_log_level": "INFO"
              }
            ],
            "memory_size": 1792,
            "package_type": "Image",
            "publish": false,
            "qualified_arn": "arn:aws:lambda:eu-central-1:711348555690:function:back-lambda:$LATEST",
            "qualified_invoke_arn": "arn:aws:apigateway:eu-central-1:lambda:path/2015-03-31/functions/arn:aws:lambda:eu-central-1:711348555690:function:back-lambda:$LATEST/invocations",
            "replace_security_groups_on_destroy": null,
            "replacement_security_group_ids": null,
            "reserved_concurrent_executions": -1,
            "role": "arn:aws:iam::711348555690:role/lambda-role",
            "runtime": "",
            "s3_bucket": null,
            "s3_key": null,
            "s3_object_version": null,
            "signing_job_arn": "",
            "signing_profile_version_arn": "",
            "skip_destroy": false,
            "snap_start": [],
            "source_code_hash": "1763c39995e2f9e913c81c3a7c448f6b2661100e552129b8a6121ccda709476b",
            "source_code_size": 0,
            "tags": {},
            "tags_all": {},
            "timeout": 5,
            "timeouts": null,
            "tracing_config": [
              {
                "mode": "PassThrough"
              }
            ],
            "version": "$LATEST",
            "vpc_config": []
          },
          "sensitive_attributes": [],
          "private": "eyJlMmJmYjczMC1lY2FhLTExZTYtOGY4OC0zNDM2M2JjN2M0YzAiOnsiY3JlYXRlIjo2MDAwMDAwMDAwMDAsImRlbGV0ZSI6NjAwMDAwMDAwMDAwLCJ1cGRhdGUiOjYwMDAwMDAwMDAwMH19",
          "dependencies": [
            "aws_ecr_repository.BackRepo",
            "aws_iam_role.LambdaRole",
            "data.aws_ecr_authorization_token.token",
            "docker_image.BackImage",
            "docker_registry_image.BackEcrImage"
          ]
        }
      ]
    },
    {
      "mode": "managed",
      "type": "aws_lambda_function_url",
      "name": "BackLambdaUrl",
      "provider": "provider[\"registry.terraform.io/hashicorp/aws\"]",
      "instances": [
        {
          "schema_version": 0,
          "attributes": {
            "authorization_type": "NONE",
            "cors": [],
            "function_arn": "arn:aws:lambda:eu-central-1:711348555690:function:back-lambda",
            "function_name": "back-lambda",
            "function_url": "https://gp2zzfipd75tgqpjkpybqkeheq0uidyg.lambda-url.eu-central-1.on.aws/",
            "id": "back-lambda",
            "invoke_mode": "BUFFERED",
            "qualifier": "",
            "timeouts": null,
            "url_id": "gp2zzfipd75tgqpjkpybqkeheq0uidyg"
          },
          "sensitive_attributes": [],
          "private": "eyJlMmJmYjczMC1lY2FhLTExZTYtOGY4OC0zNDM2M2JjN2M0YzAiOnsiY3JlYXRlIjo2MDAwMDAwMDAwMDB9fQ==",
          "dependencies": [
            "aws_ecr_repository.BackRepo",
            "aws_iam_role.LambdaRole",
            "aws_lambda_function.BackLambda",
            "data.aws_ecr_authorization_token.token",
            "docker_image.BackImage",
            "docker_registry_image.BackEcrImage"
          ]
        }
      ]
    },
    {
      "mode": "managed",
      "type": "docker_image",
      "name": "BackImage",
      "provider": "provider[\"registry.terraform.io/kreuzwerker/docker\"]",
      "instances": [
        {
          "schema_version": 0,
          "attributes": {
            "build": [
              {
                "auth_config": [],
                "build_arg": null,
                "build_args": null,
                "build_id": "",
                "cache_from": [],
                "cgroup_parent": "",
                "context": "/home/user/github/cdktf-project/src/back",
                "cpu_period": null,
                "cpu_quota": null,
                "cpu_set_cpus": "",
                "cpu_set_mems": "",
                "cpu_shares": null,
                "dockerfile": "Dockerfile",
                "extra_hosts": [],
                "force_remove": null,
                "isolation": "",
                "label": null,
                "labels": null,
                "memory": null,
                "memory_swap": null,
                "network_mode": "",
                "no_cache": null,
                "platform": "linux/arm64",
                "pull_parent": null,
                "remote_context": "",
                "remove": true,
                "security_opt": [],
                "session_id": "",
                "shm_size": null,
                "squash": null,
                "suppress_output": null,
                "tag": [],
                "target": "",
                "ulimit": [],
                "version": ""
              }
            ],
            "force_remove": null,
            "id": "sha256:19336b70848571e6f30088e32fd55114bf3b66de395db3241b34dfe55f5292c7711348555690.dkr.ecr.eu-central-1.amazonaws.com/back-repo",
            "image_id": "sha256:19336b70848571e6f30088e32fd55114bf3b66de395db3241b34dfe55f5292c7",
            "keep_locally": null,
            "name": "711348555690.dkr.ecr.eu-central-1.amazonaws.com/back-repo",
            "platform": null,
            "pull_triggers": null,
            "repo_digest": "",
            "triggers": {
              "filesha256": "44a2447546bbd018e77420f5652098b20b775c0df7f79030e3572dbb7cfaa032"
            }
          },
          "sensitive_attributes": [],
          "private": "bnVsbA==",
          "dependencies": [
            "aws_ecr_repository.BackRepo",
            "data.aws_ecr_authorization_token.token"
          ]
        }
      ]
    },
    {
      "mode": "managed",
      "type": "docker_image",
      "name": "FrontImage",
      "provider": "provider[\"registry.terraform.io/kreuzwerker/docker\"]",
      "instances": [
        {
          "schema_version": 0,
          "attributes": {
            "build": [
              {
                "auth_config": [],
                "build_arg": {},
                "build_args": {},
                "build_id": "",
                "cache_from": [],
                "cgroup_parent": "",
                "context": "/home/user/github/cdktf-project/src/front",
                "cpu_period": 0,
                "cpu_quota": 0,
                "cpu_set_cpus": "",
                "cpu_set_mems": "",
                "cpu_shares": 0,
                "dockerfile": "Dockerfile",
                "extra_hosts": [],
                "force_remove": false,
                "isolation": "",
                "label": {},
                "labels": {},
                "memory": 0,
                "memory_swap": 0,
                "network_mode": "",
                "no_cache": false,
                "platform": "linux/arm64",
                "pull_parent": false,
                "remote_context": "",
                "remove": true,
                "security_opt": [],
                "session_id": "",
                "shm_size": 0,
                "squash": false,
                "suppress_output": false,
                "tag": [],
                "target": "",
                "ulimit": [],
                "version": ""
              }
            ],
            "force_remove": null,
            "id": "sha256:10fe30b50b75f07240a4ba759048b5985e05b23697c280793aceaae7fa6fb1bf711348555690.dkr.ecr.eu-central-1.amazonaws.com/front-repo:latest",
            "image_id": "sha256:10fe30b50b75f07240a4ba759048b5985e05b23697c280793aceaae7fa6fb1bf",
            "keep_locally": null,
            "name": "711348555690.dkr.ecr.eu-central-1.amazonaws.com/front-repo:latest",
            "platform": null,
            "pull_triggers": null,
            "repo_digest": "",
            "triggers": {
              "filesha256": "9dd6df6a8aad0c5be2d0ff5d66c31f6c68abffb59be1e1152729b8af7f349738"
            }
          },
          "sensitive_attributes": [],
          "private": "bnVsbA==",
          "dependencies": [
            "aws_ecr_repository.FrontRepo",
            "data.aws_ecr_authorization_token.token"
          ]
        }
      ]
    },
    {
      "mode": "managed",
      "type": "docker_registry_image",
      "name": "BackEcrImage",
      "provider": "provider[\"registry.terraform.io/kreuzwerker/docker\"]",
      "instances": [
        {
          "schema_version": 0,
          "attributes": {
            "id": "sha256:1763c39995e2f9e913c81c3a7c448f6b2661100e552129b8a6121ccda709476b",
            "insecure_skip_verify": false,
            "keep_remotely": false,
            "name": "711348555690.dkr.ecr.eu-central-1.amazonaws.com/back-repo",
            "sha256_digest": "sha256:1763c39995e2f9e913c81c3a7c448f6b2661100e552129b8a6121ccda709476b",
            "triggers": {
              "filesha256": "44a2447546bbd018e77420f5652098b20b775c0df7f79030e3572dbb7cfaa032"
            }
          },
          "sensitive_attributes": [],
          "private": "bnVsbA==",
          "dependencies": [
            "aws_ecr_repository.BackRepo",
            "data.aws_ecr_authorization_token.token",
            "docker_image.BackImage"
          ]
        }
      ]
    },
    {
      "mode": "managed",
      "type": "docker_registry_image",
      "name": "FrontEcrImage",
      "provider": "provider[\"registry.terraform.io/kreuzwerker/docker\"]",
      "instances": [
        {
          "schema_version": 0,
          "attributes": {
            "id": "sha256:b30c3a220dee33d6bd87ded8c742b08dd68a7f738791ad589dc6f45c71dfd428",
            "insecure_skip_verify": false,
            "keep_remotely": false,
            "name": "711348555690.dkr.ecr.eu-central-1.amazonaws.com/front-repo:latest",
            "sha256_digest": "sha256:b30c3a220dee33d6bd87ded8c742b08dd68a7f738791ad589dc6f45c71dfd428",
            "triggers": {
              "filesha256": "9dd6df6a8aad0c5be2d0ff5d66c31f6c68abffb59be1e1152729b8af7f349738"
            }
          },
          "sensitive_attributes": [],
          "private": "bnVsbA==",
          "dependencies": [
            "aws_ecr_repository.FrontRepo",
            "data.aws_ecr_authorization_token.token",
            "docker_image.FrontImage"
          ]
        }
      ]
    }
  ],
  "check_results": null
}
