{
  "version": 4,
  "terraform_version": "1.7.0",
  "serial": 292,
  "lineage": "a595879c-8348-d326-a097-97e4ec7507b9",
  "outputs": {},
  "resources": [
    {
      "mode": "data",
      "type": "aws_ecr_authorization_token",
      "name": "token",
      "provider": "provider[\"registry.terraform.io/hashicorp/aws\"]",
      "instances": [
        {
          "schema_version": 0,
          "attributes": {
            "authorization_token": "QVdTOmV5SndZWGxzYjJGa0lqb2lTblZZWlVWc2RqRnBWWGRxV21ocFRFeFJUbWhwWjFrMlRrcGhMMmhWTjNrclkwZzVlREZyWlVKQ1VUVllkbGxNWW1WaGVVOUhjSGw0ZG1SRVR6SkNORFUwZFRSMGIweE5hRTF4VW5SWFl5OVVXakpuZEVwQmFpdHRRMHByUnpoM1psTTFORFkwUm5vclJFSnVRbGh2VURSbmFrRmhLMGxrVEZWNU9YUXZaM2d4VGpWd00wWllTSFZFU1daWVVqbHJXamw1VjIxeFNEbHpaVlpuWlhaa1NtTkljMDh6WW1OWWFGWndiamxQUTJSaFMza3dXVVoyTUZSR05IWm1ZelZZUlRac1JsTk5WV052VjFreldtWklVM2QxTldjd1EzaHJWMWxRVWpGWVNpdFJkMFp1VDA1WE5HUjNSbkpHT1V3dk16QmhUME5oVW1VNE9FMHdTR2xzUldSc2MwRTVURWRsYzJ4clEwVkhNRFJtYTNkRGRtSk9WRkl4VldNMGFGUlBNMDFETDNwUlZVZGljM3BpV1VoeVJHeERaVko2YzFZeWFXRXpkMU0xYVdaMEwwWjVNMFZqUTB0bFMwcG9TRGRuVW5WeWFrZFBUQzlzZUV0SFVuUnVjR0l4Y0hWUFlWcDZhelpLUzBreWJFZERPVGx4WnpabmVuWjBVRlZSZWxjMVltTkVUbXR1TTNWcVkxYzRabHB2V2xKdGFEaGFNMlo1YzBwNGVqVXJUR2NyUTJkMlRsRXhlQ3R0UlVsUU5qZzJjVUpKVEcxbVpIQmxaSGhwVkRaaGFYbFpkR3N5VnpkcFQwOXdVRVJpWjNZclRtazRWMk0wWmxoSmRHc3JVakY0TVZJMlIwUktRa3hzZVZWaEswMTJSV2xPWjNrdmRGRnBia3B3SzIxNFUwSk1jV0Z1YkVZMFpYQnliVnBHYW5wMlJYZFNkRUZ4Y2pnMGRITnBTelZxVkZOb1lYUllUV3hEUlVOVWMwcFBibmxJY2pOb0t6WmtjbXRLV0dwemNsaEVORlJNWjFkRmFGbElUR054U0ZrNWNuQjBia2hHTDNaYVVVRnRSWHBLYjFSWVNGUkZhekZMZEVSMFRHTk5SelZWVG1WMFYzcGFaMDVSY0RCQmFreDRWRTV5WVRsYVdFOXRkelp5WTJvNVFrdFhVbXhCVFVsWlVubGFNV3BuZFZGa0x6TXJNRmczWmxScVYyOXJVbWhhY1hwUVRrUXpWekZTT0Rsa1NtazFhbGM0WkRKbWJqVmxUa00yZFRCNlpGQXhhVWRPWjBGQ2RFNTFiR3R0V25NNVQxVnFjWEJGYWs5TmNHTndNME5HUm1wYVdUUmhhVWxaVVVSUVNrVm1UazlFUkRoNlpHWlNla1JVTmxWaFJGTkNTM3BsTkdobU15OUNSMDlCVVRFNVVuaDZjR3RuVGtkamJWTlZkRkpPWkdNd1kzYzVUVWhqTkZCdFozTlpablZCU0hwMlRGWlZXRVkxTlhGTmVrRnVRMHRaVm1GalRuWnBiRzFyYmxCVmVHUjRhV1pYU1dSV1pUUktSbU5qTmpSQldVVXpRekI2TWpaWFdHRkNkbWw1Yld0WVMwdGtWSEI1VmtwbmFrOUdaM0phUW13M1FsRklSekF2VkZvck4zVkpjaTlwWlhOc1lXaEhjWFo2TWk5c2FIb3lkV2xDVFVkd1UxVkVVbG8zT0cxd1RrbFJhVTU0Um1rck1tUnFZMkpOWkNzNFZ6RkJhM1IwUmpKS2EzTnpSSEpuVUVaSGVYazVibFo0Wld0RlJIbFFOREkzTVVvd00yaHVjalZFVlVKbGVFUnROSHBNV1hoT09EUkVObTQ1YWxKM1ZucHZTa1JRVVhkTFlVOTVOMW94TkdKcmN6RnphMDF5WkRSUE9WcE5hMWhCTXpaYWREbE9jSEJNU2tJeVNHWnJTVGRCUTI5TWNIUnJTVzByVW5sc1RHOUpja2xUSzAwNFVDOTNkakJLZWpabVNuRmtXbFZEVkUxbFkxQXlOVXRNWjNwbVdtZDFLMVptY25vaUxDSmtZWFJoYTJWNUlqb2lRVkZGUWtGSWFETjZXVTlrZEhCQ1FsTldkeTlaTW1GdU9FSllTVVEwYTNkTVVXWnViMVJxTlhwM1duUkhTbHB2V2xGQlFVRklOSGRtUVZsS1MyOWFTV2gyWTA1QlVXTkhiMGM0ZDJKUlNVSkJSRUp2UW1kcmNXaHJhVWM1ZHpCQ1FuZEZkMGhuV1VwWlNWcEpRVmRWUkVKQlJYVk5Ra1ZGUkVkeE1HMUNlRkJrZWxrdk5XRXJiRUozU1VKRlNVRTNhSEJsVFN0WVRuUmFiWHB6WWpKdVRHWlFabTlVZUdrNWFUWnVaMFZIYjBwblVscHZMMFpCY0hwd1lVRlRSelUxTnpKRFlWZDFaVFpvYm1SRlYwMDJSMDVMV2tNNFR6Wk1jRUVyVDBOeFdUMGlMQ0oyWlhKemFXOXVJam9pTWlJc0luUjVjR1VpT2lKRVFWUkJYMHRGV1NJc0ltVjRjR2x5WVhScGIyNGlPakUzTURZeU1qQTROREo5",
            "expires_at": "2024-01-25T22:14:02Z",
            "id": "eu-central-1",
            "password": "eyJwYXlsb2FkIjoiSnVYZUVsdjFpVXdqWmhpTExRTmhpZ1k2TkphL2hVN3krY0g5eDFrZUJCUTVYdllMYmVheU9HcHl4dmRETzJCNDU0dTR0b0xNaE1xUnRXYy9UWjJndEpBaittQ0prRzh3ZlM1NDY0RnorREJuQlhvUDRnakFhK0lkTFV5OXQvZ3gxTjVwM0ZYSHVESWZYUjlrWjl5V21xSDlzZVZnZXZkSmNIc08zYmNYaFZwbjlPQ2RhS3kwWUZ2MFRGNHZmYzVYRTZsRlNNVWNvV1kzWmZIU3d1NWcwQ3hrV1lQUjFYSitRd0ZuT05XNGR3RnJGOUwvMzBhT0NhUmU4OE0wSGlsRWRsc0E5TEdlc2xrQ0VHMDRma3dDdmJOVFIxVWM0aFRPM01DL3pRVUdic3piWUhyRGxDZVJ6c1YyaWEzd1M1aWZ0L0Z5M0VjQ0tlS0poSDdnUnVyakdPTC9seEtHUnRucGIxcHVPYVp6azZKS0kybEdDOTlxZzZnenZ0UFVRelc1YmNETmtuM3VqY1c4ZlpvWlJtaDhaM2Z5c0p4ejUrTGcrQ2d2TlExeCttRUlQNjg2cUJJTG1mZHBlZHhpVDZhaXlZdGsyVzdpT09wUERiZ3YrTmk4V2M0ZlhJdGsrUjF4MVI2R0RKQkxseVVhK012RWlOZ3kvdFFpbkpwK214U0JMcWFubEY0ZXBybVpGanp2RXdSdEFxcjg0dHNpSzVqVFNoYXRYTWxDRUNUc0pPbnlIcjNoKzZkcmtKWGpzclhENFRMZ1dFaFlITGNxSFk5cnB0bkhGL3ZaUUFtRXpKb1RYSFRFazFLdER0TGNNRzVVTmV0V3paZ05RcDBBakx4VE5yYTlaWE9tdzZyY2o5QktXUmxBTUlZUnlaMWpndVFkLzMrMFg3ZlRqV29rUmhacXpQTkQzVzFSODlkSmk1alc4ZDJmbjVlTkM2dTB6ZFAxaUdOZ0FCdE51bGttWnM5T1VqcXBFak9NcGNwM0NGRmpaWTRhaUlZUURQSkVmTk9ERDh6ZGZSekRUNlVhRFNCS3plNGhmMy9CR09BUTE5Unh6cGtnTkdjbVNVdFJOZGMwY3c5TUhjNFBtZ3NZZnVBSHp2TFZVWEY1NXFNekFuQ0tZVmFjTnZpbG1rblBVeGR4aWZXSWRWZTRKRmNjNjRBWUUzQzB6MjZXWGFCdml5bWtYS0tkVHB5Vkpnak9GZ3JaQmw3QlFIRzAvVForN3VJci9pZXNsYWhHcXZ6Mi9saHoydWlCTUdwU1VEUlo3OG1wTklRaU54RmkrMmRqY2JNZCs4VzFBa3R0RjJKa3NzRHJnUEZHeXk5blZ4ZWtFRHlQNDI3MUowM2hucjVEVUJleERtNHpMWXhOODRENm45alJ3VnpvSkRQUXdLYU95N1oxNGJrczFza01yZDRPOVpNa1hBMzZadDlOcHBMSkIySGZrSTdBQ29McHRrSW0rUnlsTG9JcklTK004UC93djBKejZmSnFkWlVDVE1lY1AyNUtMZ3pmWmd1K1ZmcnoiLCJkYXRha2V5IjoiQVFFQkFIaDN6WU9kdHBCQlNWdy9ZMmFuOEJYSUQ0a3dMUWZub1RqNXp3WnRHSlpvWlFBQUFINHdmQVlKS29aSWh2Y05BUWNHb0c4d2JRSUJBREJvQmdrcWhraUc5dzBCQndFd0hnWUpZSVpJQVdVREJBRXVNQkVFREdxMG1CeFBkelkvNWErbEJ3SUJFSUE3aHBlTStYTnRabXpzYjJuTGZQZm9UeGk5aTZuZ0VHb0pnUlpvL0ZBcHpwYUFTRzU1NzJDYVd1ZTZobmRFV002R05LWkM4TzZMcEErT0NxWT0iLCJ2ZXJzaW9uIjoiMiIsInR5cGUiOiJEQVRBX0tFWSIsImV4cGlyYXRpb24iOjE3MDYyMjA4NDJ9",
            "proxy_endpoint": "https://711348555690.dkr.ecr.eu-central-1.amazonaws.com",
            "registry_id": null,
            "user_name": "AWS"
          },
          "sensitive_attributes": []
        }
      ]
    },
    {
      "mode": "managed",
      "type": "aws_ecr_repository",
      "name": "BackRepo",
      "provider": "provider[\"registry.terraform.io/hashicorp/aws\"]",
      "instances": [
        {
          "schema_version": 0,
          "attributes": {
            "arn": "arn:aws:ecr:eu-central-1:711348555690:repository/back-repo",
            "encryption_configuration": [
              {
                "encryption_type": "AES256",
                "kms_key": ""
              }
            ],
            "force_delete": null,
            "id": "back-repo",
            "image_scanning_configuration": [
              {
                "scan_on_push": false
              }
            ],
            "image_tag_mutability": "MUTABLE",
            "name": "back-repo",
            "registry_id": "711348555690",
            "repository_url": "711348555690.dkr.ecr.eu-central-1.amazonaws.com/back-repo",
            "tags": {},
            "tags_all": {},
            "timeouts": null
          },
          "sensitive_attributes": [],
          "private": "eyJlMmJmYjczMC1lY2FhLTExZTYtOGY4OC0zNDM2M2JjN2M0YzAiOnsiZGVsZXRlIjoxMjAwMDAwMDAwMDAwfX0="
        }
      ]
    },
    {
      "mode": "managed",
      "type": "aws_ecr_repository",
      "name": "FrontRepo",
      "provider": "provider[\"registry.terraform.io/hashicorp/aws\"]",
      "instances": [
        {
          "schema_version": 0,
          "attributes": {
            "arn": "arn:aws:ecr:eu-central-1:711348555690:repository/front-repo",
            "encryption_configuration": [
              {
                "encryption_type": "AES256",
                "kms_key": ""
              }
            ],
            "force_delete": null,
            "id": "front-repo",
            "image_scanning_configuration": [
              {
                "scan_on_push": false
              }
            ],
            "image_tag_mutability": "MUTABLE",
            "name": "front-repo",
            "registry_id": "711348555690",
            "repository_url": "711348555690.dkr.ecr.eu-central-1.amazonaws.com/front-repo",
            "tags": {},
            "tags_all": {},
            "timeouts": null
          },
          "sensitive_attributes": [],
          "private": "eyJlMmJmYjczMC1lY2FhLTExZTYtOGY4OC0zNDM2M2JjN2M0YzAiOnsiZGVsZXRlIjoxMjAwMDAwMDAwMDAwfX0="
        }
      ]
    },
    {
      "mode": "managed",
      "type": "aws_iam_role",
      "name": "LambdaRole",
      "provider": "provider[\"registry.terraform.io/hashicorp/aws\"]",
      "instances": [
        {
          "schema_version": 0,
          "attributes": {
            "arn": "arn:aws:iam::711348555690:role/lambda-role",
            "assume_role_policy": "{\"Statement\":[{\"Action\":\"sts:AssumeRole\",\"Effect\":\"Allow\",\"Principal\":{\"Service\":\"lambda.amazonaws.com\"}}],\"Version\":\"2012-10-17\"}",
            "create_date": "2024-01-24T09:19:00Z",
            "description": "",
            "force_detach_policies": false,
            "id": "lambda-role",
            "inline_policy": [],
            "managed_policy_arns": [
              "arn:aws:iam::aws:policy/service-role/AWSLambdaBasicExecutionRole"
            ],
            "max_session_duration": 3600,
            "name": "lambda-role",
            "name_prefix": "",
            "path": "/",
            "permissions_boundary": "",
            "tags": {},
            "tags_all": {},
            "unique_id": "AROA2LH5NR6VHPN5QYHTG"
          },
          "sensitive_attributes": [],
          "private": "bnVsbA=="
        }
      ]
    },
    {
      "mode": "managed",
      "type": "aws_iam_role_policy_attachment",
      "name": "LambdaExecPolicyAttachment",
      "provider": "provider[\"registry.terraform.io/hashicorp/aws\"]",
      "instances": [
        {
          "schema_version": 0,
          "attributes": {
            "id": "lambda-role-20240124091902102000000001",
            "policy_arn": "arn:aws:iam::aws:policy/service-role/AWSLambdaBasicExecutionRole",
            "role": "lambda-role"
          },
          "sensitive_attributes": [],
          "private": "bnVsbA==",
          "dependencies": [
            "aws_iam_role.LambdaRole"
          ]
        }
      ]
    },
    {
      "mode": "managed",
      "type": "aws_lambda_function",
      "name": "BackLambda",
      "provider": "provider[\"registry.terraform.io/hashicorp/aws\"]",
      "instances": [
        {
          "schema_version": 0,
          "attributes": {
            "architectures": [
              "x86_64"
            ],
            "arn": "arn:aws:lambda:eu-central-1:711348555690:function:back-lambda",
            "code_signing_config_arn": "",
            "dead_letter_config": [],
            "description": "",
            "environment": [],
            "ephemeral_storage": [
              {
                "size": 512
              }
            ],
            "file_system_config": [],
            "filename": null,
            "function_name": "back-lambda",
            "handler": "",
            "id": "back-lambda",
            "image_config": [],
            "image_uri": "711348555690.dkr.ecr.eu-central-1.amazonaws.com/back-repo:latest",
            "invoke_arn": "arn:aws:apigateway:eu-central-1:lambda:path/2015-03-31/functions/arn:aws:lambda:eu-central-1:711348555690:function:back-lambda/invocations",
            "kms_key_arn": "",
            "last_modified": "2024-01-25T10:14:11.000+0000",
            "layers": [],
            "logging_config": [
              {
                "application_log_level": "INFO",
                "log_format": "JSON",
                "log_group": "/aws/lambda/back-lambda",
                "system_log_level": "INFO"
              }
            ],
            "memory_size": 1792,
            "package_type": "Image",
            "publish": false,
            "qualified_arn": "arn:aws:lambda:eu-central-1:711348555690:function:back-lambda:$LATEST",
            "qualified_invoke_arn": "arn:aws:apigateway:eu-central-1:lambda:path/2015-03-31/functions/arn:aws:lambda:eu-central-1:711348555690:function:back-lambda:$LATEST/invocations",
            "replace_security_groups_on_destroy": null,
            "replacement_security_group_ids": null,
            "reserved_concurrent_executions": -1,
            "role": "arn:aws:iam::711348555690:role/lambda-role",
            "runtime": "",
            "s3_bucket": null,
            "s3_key": null,
            "s3_object_version": null,
            "signing_job_arn": "",
            "signing_profile_version_arn": "",
            "skip_destroy": false,
            "snap_start": [],
            "source_code_hash": "7b6ed67fe5d0dc2c9205141463c8ccb59d63235abea8fd2698742e2412773e59",
            "source_code_size": 0,
            "tags": {},
            "tags_all": {},
            "timeout": 5,
            "timeouts": null,
            "tracing_config": [
              {
                "mode": "PassThrough"
              }
            ],
            "version": "$LATEST",
            "vpc_config": []
          },
          "sensitive_attributes": [],
          "private": "eyJlMmJmYjczMC1lY2FhLTExZTYtOGY4OC0zNDM2M2JjN2M0YzAiOnsiY3JlYXRlIjo2MDAwMDAwMDAwMDAsImRlbGV0ZSI6NjAwMDAwMDAwMDAwLCJ1cGRhdGUiOjYwMDAwMDAwMDAwMH19",
          "dependencies": [
            "aws_ecr_repository.BackRepo",
            "aws_iam_role.LambdaRole",
            "data.aws_ecr_authorization_token.token",
            "docker_image.BackImage"
          ]
        }
      ]
    },
    {
      "mode": "managed",
      "type": "aws_lambda_function_url",
      "name": "BackLambdaUrl",
      "provider": "provider[\"registry.terraform.io/hashicorp/aws\"]",
      "instances": [
        {
          "schema_version": 0,
          "attributes": {
            "authorization_type": "NONE",
            "cors": [],
            "function_arn": "arn:aws:lambda:eu-central-1:711348555690:function:back-lambda",
            "function_name": "back-lambda",
            "function_url": "https://bxhne6uumeuxjabn5oo4bpp4ty0jkcfg.lambda-url.eu-central-1.on.aws/",
            "id": "back-lambda",
            "invoke_mode": "BUFFERED",
            "qualifier": "",
            "timeouts": null,
            "url_id": "bxhne6uumeuxjabn5oo4bpp4ty0jkcfg"
          },
          "sensitive_attributes": [],
          "private": "eyJlMmJmYjczMC1lY2FhLTExZTYtOGY4OC0zNDM2M2JjN2M0YzAiOnsiY3JlYXRlIjo2MDAwMDAwMDAwMDB9fQ==",
          "dependencies": [
            "aws_ecr_repository.BackRepo",
            "aws_iam_role.LambdaRole",
            "aws_lambda_function.BackLambda",
            "data.aws_ecr_authorization_token.token",
            "docker_image.BackImage"
          ]
        }
      ]
    },
    {
      "mode": "managed",
      "type": "docker_image",
      "name": "BackImage",
      "provider": "provider[\"registry.terraform.io/kreuzwerker/docker\"]",
      "instances": [
        {
          "schema_version": 0,
          "attributes": {
            "build": [
              {
                "auth_config": [],
                "build_arg": null,
                "build_args": null,
                "build_id": "",
                "cache_from": [],
                "cgroup_parent": "",
                "context": "/home/user/github/cdktf-project/src/back",
                "cpu_period": null,
                "cpu_quota": null,
                "cpu_set_cpus": "",
                "cpu_set_mems": "",
                "cpu_shares": null,
                "dockerfile": "Dockerfile",
                "extra_hosts": [],
                "force_remove": null,
                "isolation": "",
                "label": null,
                "labels": null,
                "memory": null,
                "memory_swap": null,
                "network_mode": "",
                "no_cache": null,
                "platform": "linux/x86_64",
                "pull_parent": null,
                "remote_context": "",
                "remove": true,
                "security_opt": [],
                "session_id": "",
                "shm_size": null,
                "squash": null,
                "suppress_output": null,
                "tag": [],
                "target": "",
                "ulimit": [],
                "version": ""
              }
            ],
            "force_remove": null,
            "id": "sha256:8c7bd2d2cef381aee337df481af4c97d574e68f27156dcc576b087246ff88594711348555690.dkr.ecr.eu-central-1.amazonaws.com/back-repo:latest",
            "image_id": "sha256:8c7bd2d2cef381aee337df481af4c97d574e68f27156dcc576b087246ff88594",
            "keep_locally": null,
            "name": "711348555690.dkr.ecr.eu-central-1.amazonaws.com/back-repo:latest",
            "platform": null,
            "pull_triggers": null,
            "repo_digest": "",
            "triggers": {
              "filesha256": "6a2c928da2e8506242a952b70b55d566893af06e0ca7c9d31b3cc83d0acb30cb"
            }
          },
          "sensitive_attributes": [],
          "private": "bnVsbA==",
          "dependencies": [
            "aws_ecr_repository.BackRepo",
            "data.aws_ecr_authorization_token.token"
          ]
        }
      ]
    },
    {
      "mode": "managed",
      "type": "docker_image",
      "name": "FrontImage",
      "provider": "provider[\"registry.terraform.io/kreuzwerker/docker\"]",
      "instances": [
        {
          "schema_version": 0,
          "attributes": {
            "build": [
              {
                "auth_config": [],
                "build_arg": {},
                "build_args": {},
                "build_id": "",
                "cache_from": [],
                "cgroup_parent": "",
                "context": "/home/user/github/cdktf-project/src/front",
                "cpu_period": 0,
                "cpu_quota": 0,
                "cpu_set_cpus": "",
                "cpu_set_mems": "",
                "cpu_shares": 0,
                "dockerfile": "Dockerfile",
                "extra_hosts": [],
                "force_remove": false,
                "isolation": "",
                "label": {},
                "labels": {},
                "memory": 0,
                "memory_swap": 0,
                "network_mode": "",
                "no_cache": false,
                "platform": "linux/x86_64",
                "pull_parent": false,
                "remote_context": "",
                "remove": true,
                "security_opt": [],
                "session_id": "",
                "shm_size": 0,
                "squash": false,
                "suppress_output": false,
                "tag": [],
                "target": "",
                "ulimit": [],
                "version": ""
              }
            ],
            "force_remove": null,
            "id": "sha256:c78d471df96f5bf0d4538c961fbbf07e1f790f0d2c2dc8feae2d573d7c44e883711348555690.dkr.ecr.eu-central-1.amazonaws.com/front-repo:latest",
            "image_id": "sha256:c78d471df96f5bf0d4538c961fbbf07e1f790f0d2c2dc8feae2d573d7c44e883",
            "keep_locally": null,
            "name": "711348555690.dkr.ecr.eu-central-1.amazonaws.com/front-repo:latest",
            "platform": null,
            "pull_triggers": null,
            "repo_digest": "",
            "triggers": {
              "filesha256": "9dd6df6a8aad0c5be2d0ff5d66c31f6c68abffb59be1e1152729b8af7f349738"
            }
          },
          "sensitive_attributes": [],
          "private": "bnVsbA==",
          "dependencies": [
            "aws_ecr_repository.FrontRepo",
            "data.aws_ecr_authorization_token.token"
          ]
        }
      ]
    },
    {
      "mode": "managed",
      "type": "docker_registry_image",
      "name": "BackPush",
      "provider": "provider[\"registry.terraform.io/kreuzwerker/docker\"]",
      "instances": [
        {
          "schema_version": 0,
          "attributes": {
            "id": "sha256:7b6ed67fe5d0dc2c9205141463c8ccb59d63235abea8fd2698742e2412773e59",
            "insecure_skip_verify": false,
            "keep_remotely": false,
            "name": "711348555690.dkr.ecr.eu-central-1.amazonaws.com/back-repo:latest",
            "sha256_digest": "sha256:7b6ed67fe5d0dc2c9205141463c8ccb59d63235abea8fd2698742e2412773e59",
            "triggers": {
              "filesha256": "6a2c928da2e8506242a952b70b55d566893af06e0ca7c9d31b3cc83d0acb30cb"
            }
          },
          "sensitive_attributes": [],
          "private": "bnVsbA==",
          "dependencies": [
            "aws_ecr_repository.BackRepo",
            "data.aws_ecr_authorization_token.token",
            "docker_image.BackImage"
          ]
        }
      ]
    },
    {
      "mode": "managed",
      "type": "docker_registry_image",
      "name": "FrontPush",
      "provider": "provider[\"registry.terraform.io/kreuzwerker/docker\"]",
      "instances": [
        {
          "schema_version": 0,
          "attributes": {
            "id": "sha256:b30c3a220dee33d6bd87ded8c742b08dd68a7f738791ad589dc6f45c71dfd428",
            "insecure_skip_verify": false,
            "keep_remotely": false,
            "name": "711348555690.dkr.ecr.eu-central-1.amazonaws.com/front-repo:latest",
            "sha256_digest": "sha256:b30c3a220dee33d6bd87ded8c742b08dd68a7f738791ad589dc6f45c71dfd428",
            "triggers": {
              "filesha256": "9dd6df6a8aad0c5be2d0ff5d66c31f6c68abffb59be1e1152729b8af7f349738"
            }
          },
          "sensitive_attributes": [],
          "private": "bnVsbA==",
          "dependencies": [
            "aws_ecr_repository.FrontRepo",
            "data.aws_ecr_authorization_token.token",
            "docker_image.FrontImage"
          ]
        }
      ]
    }
  ],
  "check_results": null
}
