{
  "version": 4,
  "terraform_version": "1.7.0",
  "serial": 72,
  "lineage": "a595879c-8348-d326-a097-97e4ec7507b9",
  "outputs": {},
  "resources": [
    {
      "mode": "data",
      "type": "aws_ecr_authorization_token",
      "name": "token",
      "provider": "provider[\"registry.terraform.io/hashicorp/aws\"]",
      "instances": [
        {
          "schema_version": 0,
          "attributes": {
            "authorization_token": "QVdTOmV5SndZWGxzYjJGa0lqb2lWWGhySzA0NWVYZHRkMFpWU0RsemNWTXJiMWQwWm1RMldXbFpNVXczYzNNeFJrUlhiekZoYm0xTlMzQlpjRUVyVEVOb1RuRjBNVUpOUkhaT2RVZ3JaVkUzWm1jdmRYcHVUMVZwVEhGaGRrOXdiMDFLTTA5RVVFaEpNbTFsYWsxWlZqaHBjMlo1VEhWM1JYSnFOVEEzUVV4TmNDdHFiV3QzWnprdmFIcG1NRWxRYkRsdFVVbG5iSHBWZEhOUlZqRnhVVTVMVG1Fdk1GcG1Uekl6YVRKbFNHaFNNRzB5UVhsU1ZEVkJlSGhGV1hSTGFuUkliR0kxWlVaTGIydEtkR2M1YlRadFJ6ZEpTSGxhUWxZMU5XOWtlRk52TDJRd01YTllNMUJ3YVVJeWNIZDBOMUZVVFV4d1dqbG5VbGt2Wm10V2FuazVRbXBoYW1vMFIzZFpPSGhxT1Rod2JtcE5hRVZDY0dWYVMyOW9SVkZETW0xR1dHTTJhbWRpY1drNWFWVlJkMEZIVDFKTVVITnVXRFExVVZwdk5uRTRka0psUmpSbE9IZFpXbnBQUm1wSE0zZE5SMmRST1RKdlN6RkxTRmg1YlVWdVNDOWhlWE5SZGtwYWIxTjFXRUpGYzJSMFRXaG5TbmRZY0ROQ1FucElSMHAwUXpSeFR5OVFZa2RuUzBOeFpXRXZlVkZhVWxZNGEwZGhSVUpVYzFoU2IxRjZORXRIVERKM05HWkZPWGhSUXpGblEyY3JOMVJ5YjA1RFlrWmpUWEZsWVdNeFRITnJVbEphYms1clYwVkZjbmhTV1ZZMFRHRXlWSE5zTjFOMlR6UlFia3huZEZoek9HbHdNVkIwVGtKUWVHOWFkR2hLVDNkWVZXeFBOMk53Y1UwMFJUSkxWMkpxVmpoUmJVOWFiekpyUkRrNWFHb3llblpRT1RnMFJFOUxSVWh5VmtkNVQwRXhhRlJKUlhVME9WaERMMFJoWWxRMlJ6ZHRVMHh5WnpsU2VrVXZNRkJVWnpWUmRYUkxUR2xHWTNaVE5rTklkM0ZpTTBkb1NUbFVObTU2V21OMlMweHdkRVU1VERWdmQxQXpTVkZtS3lzMFdFczBSVVJLWjBwQlRTOHZlVzFJTlVWVU1rWlpSa2hXYkhSRVUyeE5hazVVTkdabFVVMDFiWGhIUzFoalVrc3phRW8yTnpCbVlUSmlZbGxUYm0xeVVFNXVkWEJHYkhSblEzUlVNWGRUVTJGbk5uQlhTV3RCZEZSdGRFNVdNV0YxUkdNclVuTjJSV1o0Ylc1U00yTjBVR2Q1V0RaR0x5OVdRbFYxVDNkblNWRk9ieXRFTm05WmJuZDNNRGxDY0hkMk4yRjNZMWRoZGtwNVlXZ3paMXA2U25sM1UybFNOSGMyT0VWb05WbFdiMnhPV1ZWT1IxUldjbGR4UzBSaWVESTBRV2RSUjA1bU1VeFhkSEZGTVV4SmFWTk9OMkpRU2tKWU1rSkhNR2x3UWpKSlFucGFSbkZZT0dWUFVVMXZZMUZYVWpsSVJVVnFLMnRVY3poMmRWSkJaVXRMVFhjMGVWcEpUVU01U2paRlVUaEdSR2xTU1RBeWQyVlhZVEphVkRkR1YySXhPVVF4TVVGbk5IRmtlVGs0YkVKRVZWRlVZaXQyYjBaV01VdE1SVTlFVlV3MFlUWnhTVmxMT0hGV1VqTTNPRGRhTm5Ob2IyOUlUMUYzTkd4U2IyaFBaVlJ4VjNjMWVtVlFTV1JLUVVwSldYcGhXRU5YWkZWU1RtNW1TWGRPUm5GSGFHdDZaVU5VVUd4TU5VOW5kU3N5U1ZKa1VWaE5PVlJJV0dOc1NVb3lVbXhWWjJ4V1oyTlpSbFZUTTA5RlEzZElOVU0wVmxoNFFUUjZLMXBsUVcxbFpWcEtOMFExUmtONlkyeFRaamxLVldWak5FeHNiMU4wSzJ0cWR6bFpRWGRxYkhWWFIxTktXWE5SZFVjeVdVWmlVREowT0doNU5FUnhXVFk1VVROT1JDczRaa05xY0hsNVp6WjNUWFJtY2tRaUxDSmtZWFJoYTJWNUlqb2lRVkZGUWtGSWFETjZXVTlrZEhCQ1FsTldkeTlaTW1GdU9FSllTVVEwYTNkTVVXWnViMVJxTlhwM1duUkhTbHB2V2xGQlFVRklOSGRtUVZsS1MyOWFTV2gyWTA1QlVXTkhiMGM0ZDJKUlNVSkJSRUp2UW1kcmNXaHJhVWM1ZHpCQ1FuZEZkMGhuV1VwWlNWcEpRVmRWUkVKQlJYVk5Ra1ZGUkV0WU9GWjZaRk5ZVURSVlJHWkZWVWxSU1VKRlNVRTNVVXczUWxSSVNGTmtkM1VyYXl0TkwycEpLMFZYSzA0M1dtcHhPRFppV1RCeGQyNXFSV1owSzNrcmNWUjZSWEJMVm5NNVJHZ3hkbWM1ZFVSa1FtcEdjRzlpU2xwWk9HcHBVakY2ZDFScVVUMGlMQ0oyWlhKemFXOXVJam9pTWlJc0luUjVjR1VpT2lKRVFWUkJYMHRGV1NJc0ltVjRjR2x5WVhScGIyNGlPakUzTURZd09ETXpNakI5",
            "expires_at": "2024-01-24T08:02:00Z",
            "id": "eu-central-1",
            "password": "eyJwYXlsb2FkIjoiVXhrK045eXdtd0ZVSDlzcVMrb1d0ZmQ2WWlZMUw3c3MxRkRXbzFhbm1NS3BZcEErTENoTnF0MUJNRHZOdUgrZVE3ZmcvdXpuT1VpTHFhdk9wb01KM09EUEhJMm1lak1ZVjhpc2Z5THV3RXJqNTA3QUxNcCtqbWt3ZzkvaHpmMElQbDltUUlnbHpVdHNRVjFxUU5LTmEvMFpmTzIzaTJlSGhSMG0yQXlSVDVBeHhFWXRLanRIbGI1ZUZLb2tKdGc5bTZtRzdJSHlaQlY1NW9keFNvL2QwMXNYM1BwaUIycHd0N1FUTUxwWjlnUlkvZmtWank5Qmphamo0R3dZOHhqOThwbmpNaEVCcGVaS29oRVFDMm1GWGM2amdicWk5aVVRd0FHT1JMUHNuWDQ1UVpvNnE4dkJlRjRlOHdZWnpPRmpHM3dNR2dROTJvSzFLSFh5bUVuSC9heXNRdkpab1N1WEJFc2R0TWhnSndYcDNCQnpIR0p0QzRxTy9QYkdnS0NxZWEveVFaUlY4a0dhRUJUc1hSb1F6NEtHTDJ3NGZFOXhRQzFnQ2crN1Ryb05DYkZjTXFlYWMxTHNrUlJabk5rV0VFcnhSWVY0TGEyVHNsN1N2TzRQbkxndFhzOGlwMVB0TkJQeG9adGhKT3dYVWxPN2NwcU00RTJLV2JqVjhRbU9abzJrRDk5aGoyenZQOTg0RE9LRUhyVkd5T0ExaFRJRXU0OVhDL0RhYlQ2RzdtU0xyZzlSekUvMFBUZzVRdXRLTGlGY3ZTNkNId3FiM0doSTlUNm56WmN2S0xwdEU5TDVvd1AzSVFmKys0WEs0RURKZ0pBTS8veW1INUVUMkZZRkhWbHREU2xNak5UNGZlUU01bXhHS1hjUkszaEo2NzBmYTJiYllTbm1yUE5udXBGbHRnQ3RUMXdTU2FnNnBXSWtBdFRtdE5WMWF1RGMrUnN2RWZ4bW5SM2N0UGd5WDZGLy9WQlV1T3dnSVFObytENm9Zbnd3MDlCcHd2N2F3Y1dhdkp5YWgzZ1p6Snl3U2lSNHc2OEVoNVlWb2xOWVVOR1RWcldxS0RieDI0QWdRR05mMUxXdHFFMUxJaVNON2JQSkJYMkJHMGlwQjJJQnpaRnFYOGVPUU1vY1FXUjlIRUVqK2tUczh2dVJBZUtLTXc0eVpJTUM5SjZFUThGRGlSSTAyd2VXYTJaVDdGV2IxOUQxMUFnNHFkeTk4bEJEVVFUYit2b0ZWMUtMRU9EVUw0YTZxSVlLOHFWUjM3ODdaNnNob29IT1F3NGxSb2hPZVRxV3c1emVQSWRKQUpJWXphWENXZFVSTm5mSXdORnFHaGt6ZUNUUGxMNU9ndSsySVJkUVhNOVRIWGNsSUoyUmxVZ2xWZ2NZRlVTM09FQ3dINUM0Vlh4QTR6K1plQW1lZVpKN0Q1RkN6Y2xTZjlKVWVjNExsb1N0K2tqdzlZQXdqbHVXR1NKWXNRdUcyWUZiUDJ0OGh5NERxWTY5UTNORCs4ZkNqcHl5ZzZ3TXRmckQiLCJkYXRha2V5IjoiQVFFQkFIaDN6WU9kdHBCQlNWdy9ZMmFuOEJYSUQ0a3dMUWZub1RqNXp3WnRHSlpvWlFBQUFINHdmQVlKS29aSWh2Y05BUWNHb0c4d2JRSUJBREJvQmdrcWhraUc5dzBCQndFd0hnWUpZSVpJQVdVREJBRXVNQkVFREtYOFZ6ZFNYUDRVRGZFVUlRSUJFSUE3UUw3QlRISFNkd3UraytNL2pJK0VXK043WmpxODZiWTBxd25qRWZ0K3krcVR6RXBLVnM5RGgxdmc5dURkQmpGcG9iSlpZOGppUjF6d1RqUT0iLCJ2ZXJzaW9uIjoiMiIsInR5cGUiOiJEQVRBX0tFWSIsImV4cGlyYXRpb24iOjE3MDYwODMzMjB9",
            "proxy_endpoint": "https://711348555690.dkr.ecr.eu-central-1.amazonaws.com",
            "registry_id": null,
            "user_name": "AWS"
          },
          "sensitive_attributes": []
        }
      ]
    },
    {
      "mode": "managed",
      "type": "aws_ecr_repository",
      "name": "BackRepo",
      "provider": "provider[\"registry.terraform.io/hashicorp/aws\"]",
      "instances": [
        {
          "schema_version": 0,
          "attributes": {
            "arn": "arn:aws:ecr:eu-central-1:711348555690:repository/back-repo",
            "encryption_configuration": [
              {
                "encryption_type": "AES256",
                "kms_key": ""
              }
            ],
            "force_delete": null,
            "id": "back-repo",
            "image_scanning_configuration": [
              {
                "scan_on_push": false
              }
            ],
            "image_tag_mutability": "MUTABLE",
            "name": "back-repo",
            "registry_id": "711348555690",
            "repository_url": "711348555690.dkr.ecr.eu-central-1.amazonaws.com/back-repo",
            "tags": {},
            "tags_all": {},
            "timeouts": null
          },
          "sensitive_attributes": [],
          "private": "eyJlMmJmYjczMC1lY2FhLTExZTYtOGY4OC0zNDM2M2JjN2M0YzAiOnsiZGVsZXRlIjoxMjAwMDAwMDAwMDAwfX0="
        }
      ]
    },
    {
      "mode": "managed",
      "type": "aws_ecr_repository",
      "name": "FrontRepo",
      "provider": "provider[\"registry.terraform.io/hashicorp/aws\"]",
      "instances": [
        {
          "schema_version": 0,
          "attributes": {
            "arn": "arn:aws:ecr:eu-central-1:711348555690:repository/front-repo",
            "encryption_configuration": [
              {
                "encryption_type": "AES256",
                "kms_key": ""
              }
            ],
            "force_delete": null,
            "id": "front-repo",
            "image_scanning_configuration": [
              {
                "scan_on_push": false
              }
            ],
            "image_tag_mutability": "MUTABLE",
            "name": "front-repo",
            "registry_id": "711348555690",
            "repository_url": "711348555690.dkr.ecr.eu-central-1.amazonaws.com/front-repo",
            "tags": {},
            "tags_all": {},
            "timeouts": null
          },
          "sensitive_attributes": [],
          "private": "eyJlMmJmYjczMC1lY2FhLTExZTYtOGY4OC0zNDM2M2JjN2M0YzAiOnsiZGVsZXRlIjoxMjAwMDAwMDAwMDAwfX0="
        }
      ]
    },
    {
      "mode": "managed",
      "type": "aws_ecs_cluster",
      "name": "EcsCluster",
      "provider": "provider[\"registry.terraform.io/hashicorp/aws\"]",
      "instances": [
        {
          "schema_version": 0,
          "attributes": {
            "arn": "arn:aws:ecs:eu-central-1:711348555690:cluster/ecs-cluster",
            "configuration": [],
            "id": "arn:aws:ecs:eu-central-1:711348555690:cluster/ecs-cluster",
            "name": "ecs-cluster",
            "service_connect_defaults": [],
            "setting": [
              {
                "name": "containerInsights",
                "value": "disabled"
              }
            ],
            "tags": {},
            "tags_all": {}
          },
          "sensitive_attributes": [],
          "private": "bnVsbA=="
        }
      ]
    },
    {
      "mode": "managed",
      "type": "aws_ecs_task_definition",
      "name": "BackTaskDef",
      "provider": "provider[\"registry.terraform.io/hashicorp/aws\"]",
      "instances": [
        {
          "schema_version": 1,
          "attributes": {
            "arn": "arn:aws:ecs:eu-central-1:711348555690:task-definition/back-task:2",
            "arn_without_revision": "arn:aws:ecs:eu-central-1:711348555690:task-definition/back-task",
            "container_definitions": "[{\"cpu\":0,\"environment\":[],\"essential\":true,\"image\":\"711348555690.dkr.ecr.eu-central-1.amazonaws.com/back-repo\",\"mountPoints\":[],\"name\":\"back\",\"portMappings\":[{\"containerPort\":4000,\"hostPort\":4000,\"protocol\":\"tcp\"}],\"volumesFrom\":[]}]",
            "cpu": "256",
            "ephemeral_storage": [],
            "execution_role_arn": "arn:aws:iam::711348555690:role/ecsExecutionRole",
            "family": "back-task",
            "id": "back-task",
            "inference_accelerator": [],
            "ipc_mode": "",
            "memory": "512",
            "network_mode": "awsvpc",
            "pid_mode": "",
            "placement_constraints": [],
            "proxy_configuration": [],
            "requires_compatibilities": [
              "FARGATE"
            ],
            "revision": 2,
            "runtime_platform": [],
            "skip_destroy": false,
            "tags": null,
            "tags_all": {},
            "task_role_arn": "",
            "volume": []
          },
          "sensitive_attributes": [],
          "private": "eyJzY2hlbWFfdmVyc2lvbiI6IjEifQ==",
          "dependencies": [
            "aws_ecr_repository.BackRepo",
            "aws_iam_role.ecsExecutionRole"
          ]
        }
      ]
    },
    {
      "mode": "managed",
      "type": "aws_iam_policy",
      "name": "ecsTaskExecutionRolePolicy",
      "provider": "provider[\"registry.terraform.io/hashicorp/aws\"]",
      "instances": [
        {
          "schema_version": 0,
          "attributes": {
            "arn": "arn:aws:iam::711348555690:policy/ecsTaskExecutionRolePolicy",
            "description": "",
            "id": "arn:aws:iam::711348555690:policy/ecsTaskExecutionRolePolicy",
            "name": "ecsTaskExecutionRolePolicy",
            "name_prefix": "",
            "path": "/",
            "policy": "{\"Statement\":[{\"Action\":[\"ecr:GetAuthorizationToken\",\"ecr:BatchCheckLayerAvailability\",\"ecr:GetDownloadUrlForLayer\",\"ecr:BatchGetImage\",\"logs:CreateLogStream\",\"logs:PutLogEvents\"],\"Effect\":\"Allow\",\"Resource\":\"*\"}],\"Version\":\"2012-10-17\"}",
            "policy_id": "ANPA2LH5NR6VDOMEYSS5D",
            "tags": null,
            "tags_all": {}
          },
          "sensitive_attributes": [],
          "private": "bnVsbA=="
        }
      ]
    },
    {
      "mode": "managed",
      "type": "aws_iam_role",
      "name": "ecsExecutionRole",
      "provider": "provider[\"registry.terraform.io/hashicorp/aws\"]",
      "instances": [
        {
          "schema_version": 0,
          "attributes": {
            "arn": "arn:aws:iam::711348555690:role/ecsExecutionRole",
            "assume_role_policy": "{\"Statement\":[{\"Action\":\"sts:AssumeRole\",\"Effect\":\"Allow\",\"Principal\":{\"Service\":\"ecs-tasks.amazonaws.com\"}}],\"Version\":\"2012-10-17\"}",
            "create_date": "2024-01-23T20:02:02Z",
            "description": "",
            "force_detach_policies": false,
            "id": "ecsExecutionRole",
            "inline_policy": [],
            "managed_policy_arns": [],
            "max_session_duration": 3600,
            "name": "ecsExecutionRole",
            "name_prefix": "",
            "path": "/",
            "permissions_boundary": "",
            "tags": null,
            "tags_all": {},
            "unique_id": "AROA2LH5NR6VBJYAW7XWY"
          },
          "sensitive_attributes": [],
          "private": "bnVsbA=="
        }
      ]
    },
    {
      "mode": "managed",
      "type": "aws_iam_role_policy_attachment",
      "name": "ecsExecutionRolePolicyAttachment",
      "provider": "provider[\"registry.terraform.io/hashicorp/aws\"]",
      "instances": [
        {
          "schema_version": 0,
          "attributes": {
            "id": "ecsExecutionRole-20240123200202864500000001",
            "policy_arn": "arn:aws:iam::711348555690:policy/ecsTaskExecutionRolePolicy",
            "role": "ecsExecutionRole"
          },
          "sensitive_attributes": [],
          "private": "bnVsbA==",
          "dependencies": [
            "aws_iam_policy.ecsTaskExecutionRolePolicy",
            "aws_iam_role.ecsExecutionRole"
          ]
        }
      ]
    },
    {
      "mode": "managed",
      "type": "docker_image",
      "name": "BackImage",
      "provider": "provider[\"registry.terraform.io/kreuzwerker/docker\"]",
      "instances": [
        {
          "schema_version": 0,
          "attributes": {
            "build": [
              {
                "auth_config": [],
                "build_arg": {},
                "build_args": {},
                "build_id": "",
                "cache_from": [],
                "cgroup_parent": "",
                "context": "/home/user/github/cdktf-project/src/back",
                "cpu_period": 0,
                "cpu_quota": 0,
                "cpu_set_cpus": "",
                "cpu_set_mems": "",
                "cpu_shares": 0,
                "dockerfile": "Dockerfile",
                "extra_hosts": [],
                "force_remove": false,
                "isolation": "",
                "label": {},
                "labels": {},
                "memory": 0,
                "memory_swap": 0,
                "network_mode": "",
                "no_cache": false,
                "platform": "",
                "pull_parent": false,
                "remote_context": "",
                "remove": true,
                "security_opt": [],
                "session_id": "",
                "shm_size": 0,
                "squash": false,
                "suppress_output": false,
                "tag": [],
                "target": "",
                "ulimit": [],
                "version": ""
              }
            ],
            "force_remove": null,
            "id": "sha256:d9e54ff0c0935a2beec791e31962ed9a7ef7d9ad19056ee150e6390386e27188711348555690.dkr.ecr.eu-central-1.amazonaws.com/back-repo",
            "image_id": "sha256:d9e54ff0c0935a2beec791e31962ed9a7ef7d9ad19056ee150e6390386e27188",
            "keep_locally": null,
            "name": "711348555690.dkr.ecr.eu-central-1.amazonaws.com/back-repo",
            "platform": "linux/arm64",
            "pull_triggers": null,
            "repo_digest": "711348555690.dkr.ecr.eu-central-1.amazonaws.com/back-repo@sha256:f25f0bdc6c7a8384ed41a937fe83ae0acad48764319bec4771ef61a3f8ab4841",
            "triggers": null
          },
          "sensitive_attributes": [],
          "private": "bnVsbA==",
          "dependencies": [
            "aws_ecr_repository.BackRepo",
            "data.aws_ecr_authorization_token.token"
          ]
        }
      ]
    },
    {
      "mode": "managed",
      "type": "docker_image",
      "name": "FrontImage",
      "provider": "provider[\"registry.terraform.io/kreuzwerker/docker\"]",
      "instances": [
        {
          "schema_version": 0,
          "attributes": {
            "build": [
              {
                "auth_config": [],
                "build_arg": {},
                "build_args": {},
                "build_id": "",
                "cache_from": [],
                "cgroup_parent": "",
                "context": "/home/user/github/cdktf-project/src/front",
                "cpu_period": 0,
                "cpu_quota": 0,
                "cpu_set_cpus": "",
                "cpu_set_mems": "",
                "cpu_shares": 0,
                "dockerfile": "Dockerfile",
                "extra_hosts": [],
                "force_remove": false,
                "isolation": "",
                "label": {},
                "labels": {},
                "memory": 0,
                "memory_swap": 0,
                "network_mode": "",
                "no_cache": false,
                "platform": "",
                "pull_parent": false,
                "remote_context": "",
                "remove": true,
                "security_opt": [],
                "session_id": "",
                "shm_size": 0,
                "squash": false,
                "suppress_output": false,
                "tag": [],
                "target": "",
                "ulimit": [],
                "version": ""
              }
            ],
            "force_remove": null,
            "id": "sha256:c78d471df96f5bf0d4538c961fbbf07e1f790f0d2c2dc8feae2d573d7c44e883711348555690.dkr.ecr.eu-central-1.amazonaws.com/front-repo",
            "image_id": "sha256:c78d471df96f5bf0d4538c961fbbf07e1f790f0d2c2dc8feae2d573d7c44e883",
            "keep_locally": null,
            "name": "711348555690.dkr.ecr.eu-central-1.amazonaws.com/front-repo",
            "platform": "linux/arm64",
            "pull_triggers": null,
            "repo_digest": "711348555690.dkr.ecr.eu-central-1.amazonaws.com/front-repo@sha256:b30c3a220dee33d6bd87ded8c742b08dd68a7f738791ad589dc6f45c71dfd428",
            "triggers": null
          },
          "sensitive_attributes": [],
          "private": "bnVsbA==",
          "dependencies": [
            "aws_ecr_repository.FrontRepo",
            "data.aws_ecr_authorization_token.token"
          ]
        }
      ]
    },
    {
      "mode": "managed",
      "type": "docker_registry_image",
      "name": "BackUpload",
      "provider": "provider[\"registry.terraform.io/kreuzwerker/docker\"]",
      "instances": [
        {
          "schema_version": 0,
          "attributes": {
            "id": "sha256:f25f0bdc6c7a8384ed41a937fe83ae0acad48764319bec4771ef61a3f8ab4841",
            "insecure_skip_verify": false,
            "keep_remotely": false,
            "name": "711348555690.dkr.ecr.eu-central-1.amazonaws.com/back-repo",
            "sha256_digest": "sha256:f25f0bdc6c7a8384ed41a937fe83ae0acad48764319bec4771ef61a3f8ab4841",
            "triggers": null
          },
          "sensitive_attributes": [],
          "private": "bnVsbA==",
          "dependencies": [
            "aws_ecr_repository.BackRepo",
            "data.aws_ecr_authorization_token.token",
            "docker_image.BackImage"
          ]
        }
      ]
    },
    {
      "mode": "managed",
      "type": "docker_registry_image",
      "name": "FrontUpload",
      "provider": "provider[\"registry.terraform.io/kreuzwerker/docker\"]",
      "instances": [
        {
          "schema_version": 0,
          "attributes": {
            "id": "sha256:b30c3a220dee33d6bd87ded8c742b08dd68a7f738791ad589dc6f45c71dfd428",
            "insecure_skip_verify": false,
            "keep_remotely": false,
            "name": "711348555690.dkr.ecr.eu-central-1.amazonaws.com/front-repo",
            "sha256_digest": "sha256:b30c3a220dee33d6bd87ded8c742b08dd68a7f738791ad589dc6f45c71dfd428",
            "triggers": null
          },
          "sensitive_attributes": [],
          "private": "bnVsbA==",
          "dependencies": [
            "aws_ecr_repository.FrontRepo",
            "data.aws_ecr_authorization_token.token",
            "docker_image.FrontImage"
          ]
        }
      ]
    }
  ],
  "check_results": null
}
