{
  "version": 4,
  "terraform_version": "1.7.0",
  "serial": 141,
  "lineage": "a595879c-8348-d326-a097-97e4ec7507b9",
  "outputs": {},
  "resources": [
    {
      "mode": "data",
      "type": "aws_ecr_authorization_token",
      "name": "token",
      "provider": "provider[\"registry.terraform.io/hashicorp/aws\"]",
      "instances": [
        {
          "schema_version": 0,
          "attributes": {
            "authorization_token": "QVdTOmV5SndZWGxzYjJGa0lqb2lZazlrYVRCRlJrOHZhMnBSYTJOalIzUm1iak5SV2pCRVVtSk5jRUp4U3poMVowdGpkR294Um5GeVdtNUVjV1Z4WjBoT2VtTlhXVXBMVm1oTVdrVkxVbHBsU3l0MlZUVTRWMHc0YkVKRlRtSkplWGd5WkdSQmFIcE1VMUp4ZW1JMmEySk5MMlExUVZKT1FYZFlOVzVFV0cxRGFGbFZZazlXZVVGTlFVeFZNRGxOU2pJelRDOUlTbFIxVUdvMWFHcFdUM2hMUVhCUk1sRk1jamRTWlRGQ1JIWkpWMkZRTjFOdVlXRjBVM0J0TDFaM2JrNHhlRUphUkhWR2VrNDNRM0JpVG1remFUUk5ZMUZpVUdoTmRrbHVZa2szU21sYVlWRnlRbEJsV1hSamVHcG1aemRhVDNad0t6bDRRelJFU3psNFpFWkJVMjFXVDBnNFJYbHFRVTkyUzBSU1oxaFBRVXBtZUVGSFIxTmlNMk41UkhaU01YQkZXRTV1V21VNFVuRTNURUpoU1hWTmJYbDZURFZ3VkROWk0yZFJaM2t2UlZabFQyaFpTR2xVVG5Cd1dVRkZSWFYyTmsxRlJHNW5hakIwTVZsRWFVMWhNMGRvUkRBeFV5OXZZbVZVYlRBellVcDVSVms1VTIxa1JVUk9ORzF1VjJsNE1tcE9aRGhpYm1aQ09FZHFVbFF3SzFFNVZrNWxWRUZXY0hodk1XZFZSbVJXZW14VGFXUndORVpIV0ZGMVlVSnVhakUzUkdabVZtZHJhbkZTUm01MmJqSXZhbGQzUVVsVFpIQkhkRlp6U0VSM2RrSnlSbkZuWVVaM2RUbHViamhvZGxaU09VbzVZM2xoTUhSRVpIWm9jV3BrVlhkWlNWaGlURlJNZHpkeVRHUlpWRTFVYVZCYWVFSjFPU3M1Tmpsb1QxVnlabXhaZFdkQlJrZEJjR1JwSzNnMFQwMDRWazFoTjNCVllrVmhTVGhEUkc0MFJ6UkVURFZZY1U1UldEWmxPVkUwV1dKVVZVaEVhSE5HVm1GQlVVNVhSblpLWkcxTE5VVklOMHB6VW5ocVIwUk5Ua2xYVjFGeU1qSjZSV2ROZG1wWE16Rk1aMDE1TjNsS1JYQlFLM1pCYmxOclUycGlXa1pFZUVwM09IVXJTV1pLU0VsYU9WaFNUbmxUVGt0UVZUZ3pSREpOVldwWldWWnZMMkpDWW5GTmJYVlpVbnBLU1d0TU5IcEhUV2c0VW1VdmJXVkpTRlIxY1ZkbmNVOXlVVTVNUm1aUWRDdEtka1ZsVFRaaE9EaEZUbWhOZFhGMEwzVnRjMjV3TWpBeGRXc3pLMkZxUW05bVlWUXdVRUZoYmpsNVUxTnhWMHAxUWs5d1NUaDRVVGhSTVZsUFEwdDZURnA0VW1KdmRtaHBTVmxWZG01Rk5sbE9iRE5NUW1sQ1VWVlFjSGgwWTNCb1NISlRPV0o2YkM5T1ZHMWpMM2hVYzFSSGEyUlpaRXN2YVc1YVNtb3pNbFZJSzI1YWFHdHBjV3hNUVdkd2FXd3pZVGxrVVhkNFYwbGtNV1E0UkdsS2NVWTFkVmRzVG1SMWQwUjZhR1ZCUzJ0U1ZHbDZlR1ZEUm1NM2FFMTJRMnhDUlZodVRUSXJhVzFTWVRaMlRXb3ZSV3RKUVZRck9HdDJWa1JNUlZWRVZHWmFSVUZIVDFWUmR6TXJhalV6U0d4R1Qxa3hhbUZMWjB4emFGVkNZa2xhWTFaRFVIYzFhVXB3VEVOaWFGZDFNRzFGT1UxNVdFOXdPRUp3VDJSNVNWSk1ZbG8xUjNKS2VEbG1OemwzTlhGS1JVNXNlVWQzWkZkTlRrSjFOekJuYlhKR1ZWcEtNVE5IY1ZSeVQwRkxTVEUxYUdrNGFrZDRRa3A1UWtWcWVVZE9lRVY2VDFKdVQweHhZaTltVjBoS1IyczJNVmh3V2pCUk5ESm1VMDVzV0ZkeFdtMXpiMVpYTDBOYVV6VkRUMU5vUkdWSFluQk1URGx3TDJoTGJFbFNXRmt6VVhOa1lVNUdTa1Z2WlhZaUxDSmtZWFJoYTJWNUlqb2lRVkZGUWtGSWFETjZXVTlrZEhCQ1FsTldkeTlaTW1GdU9FSllTVVEwYTNkTVVXWnViMVJxTlhwM1duUkhTbHB2V2xGQlFVRklOSGRtUVZsS1MyOWFTV2gyWTA1QlVXTkhiMGM0ZDJKUlNVSkJSRUp2UW1kcmNXaHJhVWM1ZHpCQ1FuZEZkMGhuV1VwWlNWcEpRVmRWUkVKQlJYVk5Ra1ZGUkV4d2MwNXBiVWN5YTJkTVEzWlBZMGRSU1VKRlNVRTNlbk5MWVhsUE5tWm9XRVpKUjBSTUwxRjBVMGRxWlRkVE1HNWphVzVLUkd4MmJWcERWbWRGYW1kWU5IVXdabTgwZURoME1qWlJkWFozUW14MmFVSXpkMmxNTjJ4dVdGZEZaUzlyYUV0RVZUMGlMQ0oyWlhKemFXOXVJam9pTWlJc0luUjVjR1VpT2lKRVFWUkJYMHRGV1NJc0ltVjRjR2x5WVhScGIyNGlPakUzTURZeE5ESTJOalo5",
            "expires_at": "2024-01-25T00:31:06Z",
            "id": "eu-central-1",
            "password": "eyJwYXlsb2FkIjoiYk9kaTBFRk8va2pRa2NjR3RmbjNRWjBEUmJNcEJxSzh1Z0tjdGoxRnFyWm5EcWVxZ0hOemNXWUpLVmhMWkVLUlplSyt2VTU4V0w4bEJFTmJJeXgyZGRBaHpMU1JxemI2a2JNL2Q1QVJOQXdYNW5EWG1DaFlVYk9WeUFNQUxVMDlNSjIzTC9ISlR1UGo1aGpWT3hLQXBRMlFMcjdSZTFCRHZJV2FQN1NuYWF0U3BtL1Z3bk4xeEJaRHVGek43Q3BiTmkzaTRNY1FiUGhNdkluYkk3SmlaYVFyQlBlWXRjeGpmZzdaT3ZwKzl4QzRESzl4ZEZBU21WT0g4RXlqQU92S0RSZ1hPQUpmeEFHR1NiM2N5RHZSMXBFWE5uWmU4UnE3TEJhSXVNbXl6TDVwVDNZM2dRZ3kvRVZlT2hZSGlUTnBwWUFFRXV2Nk1FRG5najB0MVlEaU1hM0doRDAxUy9vYmVUbTAzYUp5RVk5U21kRURONG1uV2l4MmpOZDhibmZCOEdqUlQwK1E5Vk5lVEFWcHhvMWdVRmRWemxTaWRwNEZHWFF1YUJuajE3RGZmVmdranFSRm52bjIvald3QUlTZHBHdFZzSER3dkJyRnFnYUZ3dTlubjhodlZSOUo5Y3lhMHREZHZocWpkVXdZSVhiTFRMdzdyTGRZVE1UaVBaeEJ1OSs5NjloT1VyZmxZdWdBRkdBcGRpK3g0T004Vk1hN3BVYkVhSThDRG40RzRETDVYcU5RWDZlOVE0WWJUVUhEaHNGVmFBUU5XRnZKZG1LNUVIN0pzUnhqR0RNTklXV1FyMjJ6RWdNdmpXMzFMZ015N3lKRXBQK3ZBblNrU2piWkZEeEp3OHUrSWZKSElaOVhSTnlTTktQVTgzRDJNVWpZWVZvL2JCYnFNbXVZUnpKSWtMNHpHTWg4UmUvbWVJSFR1cVdncU9yUU5MRmZQdCtKdkVlTTZhODhFTmhNdXF0L3Vtc25wMjAxdWszK2FqQm9mYVQwUEFhbjl5U1NxV0p1Qk9wSTh4UThRMVlPQ0t6TFp4UmJvdmhpSVlVdm5FNllObDNMQmlCUVVQcHh0Y3BoSHJTOWJ6bC9OVG1jL3hUc1RHa2RZZEsvaW5aSmozMlVIK25aaGtpcWxMQWdwaWwzYTlkUXd4V0lkMWQ4RGlKcUY1dVdsTmR1d0R6aGVBS2tSVGl6eGVDRmM3aE12Q2xCRVhuTTIraW1SYTZ2TWovRWtJQVQrOGt2VkRMRVVEVGZaRUFHT1VRdzMrajUzSGxGT1kxamFLZ0xzaFVCYklaY1ZDUHc1aUpwTENiaFd1MG1FOU15WE9wOEJwT2R5SVJMYlo1R3JKeDlmNzl3NXFKRU5seUd3ZFdNTkJ1NzBnbXJGVVpKMTNHcVRyT0FLSTE1aGk4akd4Qkp5QkVqeUdOeEV6T1JuT0xxYi9mV0hKR2s2MVhwWjBRNDJmU05sWFdxWm1zb1ZXL0NaUzVDT1NoRGVHYnBMTDlwL2hLbElSWFkzUXNkYU5GSkVvZXYiLCJkYXRha2V5IjoiQVFFQkFIaDN6WU9kdHBCQlNWdy9ZMmFuOEJYSUQ0a3dMUWZub1RqNXp3WnRHSlpvWlFBQUFINHdmQVlKS29aSWh2Y05BUWNHb0c4d2JRSUJBREJvQmdrcWhraUc5dzBCQndFd0hnWUpZSVpJQVdVREJBRXVNQkVFRExwc05pbUcya2dMQ3ZPY0dRSUJFSUE3enNLYXlPNmZoWEZJR0RML1F0U0dqZTdTMG5jaW5KRGx2bVpDVmdFamdYNHUwZm80eDh0MjZRdXZ3Qmx2aUIzd2lMN2xuWFdFZS9raEtEVT0iLCJ2ZXJzaW9uIjoiMiIsInR5cGUiOiJEQVRBX0tFWSIsImV4cGlyYXRpb24iOjE3MDYxNDI2NjZ9",
            "proxy_endpoint": "https://711348555690.dkr.ecr.eu-central-1.amazonaws.com",
            "registry_id": null,
            "user_name": "AWS"
          },
          "sensitive_attributes": []
        }
      ]
    },
    {
      "mode": "managed",
      "type": "aws_ecr_repository",
      "name": "BackRepo",
      "provider": "provider[\"registry.terraform.io/hashicorp/aws\"]",
      "instances": [
        {
          "schema_version": 0,
          "attributes": {
            "arn": "arn:aws:ecr:eu-central-1:711348555690:repository/back-repo",
            "encryption_configuration": [
              {
                "encryption_type": "AES256",
                "kms_key": ""
              }
            ],
            "force_delete": null,
            "id": "back-repo",
            "image_scanning_configuration": [
              {
                "scan_on_push": false
              }
            ],
            "image_tag_mutability": "MUTABLE",
            "name": "back-repo",
            "registry_id": "711348555690",
            "repository_url": "711348555690.dkr.ecr.eu-central-1.amazonaws.com/back-repo",
            "tags": {},
            "tags_all": {},
            "timeouts": null
          },
          "sensitive_attributes": [],
          "private": "eyJlMmJmYjczMC1lY2FhLTExZTYtOGY4OC0zNDM2M2JjN2M0YzAiOnsiZGVsZXRlIjoxMjAwMDAwMDAwMDAwfX0="
        }
      ]
    },
    {
      "mode": "managed",
      "type": "aws_ecr_repository",
      "name": "FrontRepo",
      "provider": "provider[\"registry.terraform.io/hashicorp/aws\"]",
      "instances": [
        {
          "schema_version": 0,
          "attributes": {
            "arn": "arn:aws:ecr:eu-central-1:711348555690:repository/front-repo",
            "encryption_configuration": [
              {
                "encryption_type": "AES256",
                "kms_key": ""
              }
            ],
            "force_delete": null,
            "id": "front-repo",
            "image_scanning_configuration": [
              {
                "scan_on_push": false
              }
            ],
            "image_tag_mutability": "MUTABLE",
            "name": "front-repo",
            "registry_id": "711348555690",
            "repository_url": "711348555690.dkr.ecr.eu-central-1.amazonaws.com/front-repo",
            "tags": {},
            "tags_all": {},
            "timeouts": null
          },
          "sensitive_attributes": [],
          "private": "eyJlMmJmYjczMC1lY2FhLTExZTYtOGY4OC0zNDM2M2JjN2M0YzAiOnsiZGVsZXRlIjoxMjAwMDAwMDAwMDAwfX0="
        }
      ]
    },
    {
      "mode": "managed",
      "type": "aws_iam_role",
      "name": "LambdaRole",
      "provider": "provider[\"registry.terraform.io/hashicorp/aws\"]",
      "instances": [
        {
          "schema_version": 0,
          "attributes": {
            "arn": "arn:aws:iam::711348555690:role/lambda-role",
            "assume_role_policy": "{\"Statement\":[{\"Action\":\"sts:AssumeRole\",\"Effect\":\"Allow\",\"Principal\":{\"Service\":\"lambda.amazonaws.com\"}}],\"Version\":\"2012-10-17\"}",
            "create_date": "2024-01-24T09:19:00Z",
            "description": "",
            "force_detach_policies": false,
            "id": "lambda-role",
            "inline_policy": [],
            "managed_policy_arns": [
              "arn:aws:iam::aws:policy/service-role/AWSLambdaBasicExecutionRole"
            ],
            "max_session_duration": 3600,
            "name": "lambda-role",
            "name_prefix": "",
            "path": "/",
            "permissions_boundary": "",
            "tags": {},
            "tags_all": {},
            "unique_id": "AROA2LH5NR6VHPN5QYHTG"
          },
          "sensitive_attributes": [],
          "private": "bnVsbA=="
        }
      ]
    },
    {
      "mode": "managed",
      "type": "aws_iam_role_policy_attachment",
      "name": "LambdaExecPolicyAttachment",
      "provider": "provider[\"registry.terraform.io/hashicorp/aws\"]",
      "instances": [
        {
          "schema_version": 0,
          "attributes": {
            "id": "lambda-role-20240124091902102000000001",
            "policy_arn": "arn:aws:iam::aws:policy/service-role/AWSLambdaBasicExecutionRole",
            "role": "lambda-role"
          },
          "sensitive_attributes": [],
          "private": "bnVsbA==",
          "dependencies": [
            "aws_iam_role.LambdaRole"
          ]
        }
      ]
    },
    {
      "mode": "managed",
      "type": "aws_lambda_function",
      "name": "BackLambda",
      "provider": "provider[\"registry.terraform.io/hashicorp/aws\"]",
      "instances": [
        {
          "schema_version": 0,
          "attributes": {
            "architectures": [
              "arm64"
            ],
            "arn": "arn:aws:lambda:eu-central-1:711348555690:function:back-lambda",
            "code_signing_config_arn": "",
            "dead_letter_config": [],
            "description": "",
            "environment": [],
            "ephemeral_storage": [
              {
                "size": 512
              }
            ],
            "file_system_config": [],
            "filename": null,
            "function_name": "back-lambda",
            "handler": "",
            "id": "back-lambda",
            "image_config": [],
            "image_uri": "711348555690.dkr.ecr.eu-central-1.amazonaws.com/back-repo:latest",
            "invoke_arn": "arn:aws:apigateway:eu-central-1:lambda:path/2015-03-31/functions/arn:aws:lambda:eu-central-1:711348555690:function:back-lambda/invocations",
            "kms_key_arn": "",
            "last_modified": "2024-01-24T12:31:10.000+0000",
            "layers": [],
            "logging_config": [
              {
                "application_log_level": "INFO",
                "log_format": "JSON",
                "log_group": "/aws/lambda/back-lambda",
                "system_log_level": "INFO"
              }
            ],
            "memory_size": 1792,
            "package_type": "Image",
            "publish": false,
            "qualified_arn": "arn:aws:lambda:eu-central-1:711348555690:function:back-lambda:$LATEST",
            "qualified_invoke_arn": "arn:aws:apigateway:eu-central-1:lambda:path/2015-03-31/functions/arn:aws:lambda:eu-central-1:711348555690:function:back-lambda:$LATEST/invocations",
            "replace_security_groups_on_destroy": null,
            "replacement_security_group_ids": null,
            "reserved_concurrent_executions": -1,
            "role": "arn:aws:iam::711348555690:role/lambda-role",
            "runtime": "",
            "s3_bucket": null,
            "s3_key": null,
            "s3_object_version": null,
            "signing_job_arn": "",
            "signing_profile_version_arn": "",
            "skip_destroy": false,
            "snap_start": [],
            "source_code_hash": "f25f0bdc6c7a8384ed41a937fe83ae0acad48764319bec4771ef61a3f8ab4841",
            "source_code_size": 0,
            "tags": {},
            "tags_all": {},
            "timeout": 5,
            "timeouts": null,
            "tracing_config": [
              {
                "mode": "PassThrough"
              }
            ],
            "version": "$LATEST",
            "vpc_config": []
          },
          "sensitive_attributes": [],
          "private": "eyJlMmJmYjczMC1lY2FhLTExZTYtOGY4OC0zNDM2M2JjN2M0YzAiOnsiY3JlYXRlIjo2MDAwMDAwMDAwMDAsImRlbGV0ZSI6NjAwMDAwMDAwMDAwLCJ1cGRhdGUiOjYwMDAwMDAwMDAwMH19",
          "dependencies": [
            "aws_ecr_repository.BackRepo",
            "aws_iam_role.LambdaRole",
            "data.aws_ecr_authorization_token.token",
            "docker_image.BackImage"
          ]
        }
      ]
    },
    {
      "mode": "managed",
      "type": "aws_lambda_function_url",
      "name": "BackLambdaUrl",
      "provider": "provider[\"registry.terraform.io/hashicorp/aws\"]",
      "instances": [
        {
          "schema_version": 0,
          "attributes": {
            "authorization_type": "NONE",
            "cors": [],
            "function_arn": "arn:aws:lambda:eu-central-1:711348555690:function:back-lambda",
            "function_name": "back-lambda",
            "function_url": "https://bxhne6uumeuxjabn5oo4bpp4ty0jkcfg.lambda-url.eu-central-1.on.aws/",
            "id": "back-lambda",
            "invoke_mode": "BUFFERED",
            "qualifier": "",
            "timeouts": null,
            "url_id": "bxhne6uumeuxjabn5oo4bpp4ty0jkcfg"
          },
          "sensitive_attributes": [],
          "private": "eyJlMmJmYjczMC1lY2FhLTExZTYtOGY4OC0zNDM2M2JjN2M0YzAiOnsiY3JlYXRlIjo2MDAwMDAwMDAwMDB9fQ==",
          "dependencies": [
            "aws_ecr_repository.BackRepo",
            "aws_iam_role.LambdaRole",
            "aws_lambda_function.BackLambda",
            "data.aws_ecr_authorization_token.token",
            "docker_image.BackImage"
          ]
        }
      ]
    },
    {
      "mode": "managed",
      "type": "docker_image",
      "name": "BackImage",
      "provider": "provider[\"registry.terraform.io/kreuzwerker/docker\"]",
      "instances": [
        {
          "schema_version": 0,
          "attributes": {
            "build": [
              {
                "auth_config": [],
                "build_arg": null,
                "build_args": null,
                "build_id": "",
                "cache_from": [],
                "cgroup_parent": "",
                "context": "/home/user/github/cdktf-project/src/back",
                "cpu_period": null,
                "cpu_quota": null,
                "cpu_set_cpus": "",
                "cpu_set_mems": "",
                "cpu_shares": null,
                "dockerfile": "Dockerfile",
                "extra_hosts": [],
                "force_remove": null,
                "isolation": "",
                "label": null,
                "labels": null,
                "memory": null,
                "memory_swap": null,
                "network_mode": "",
                "no_cache": null,
                "platform": "",
                "pull_parent": null,
                "remote_context": "",
                "remove": true,
                "security_opt": [],
                "session_id": "",
                "shm_size": null,
                "squash": null,
                "suppress_output": null,
                "tag": [],
                "target": "",
                "ulimit": [],
                "version": ""
              }
            ],
            "force_remove": null,
            "id": "sha256:e51d39e084f4ad8c3026d0eb91d0ba4c5556c5dba389125ef941a0c84f9e5054711348555690.dkr.ecr.eu-central-1.amazonaws.com/back-repo:latest",
            "image_id": "sha256:e51d39e084f4ad8c3026d0eb91d0ba4c5556c5dba389125ef941a0c84f9e5054",
            "keep_locally": null,
            "name": "711348555690.dkr.ecr.eu-central-1.amazonaws.com/back-repo:latest",
            "platform": "linux/arm64",
            "pull_triggers": null,
            "repo_digest": "",
            "triggers": {
              "file_sha256": "572b07adbed0b1fe69986fbe2b211d50f420839f4aa47cd5785acebb6b7ba8cb"
            }
          },
          "sensitive_attributes": [],
          "private": "bnVsbA==",
          "dependencies": [
            "aws_ecr_repository.BackRepo",
            "data.aws_ecr_authorization_token.token"
          ]
        }
      ]
    },
    {
      "mode": "managed",
      "type": "docker_image",
      "name": "FrontImage",
      "provider": "provider[\"registry.terraform.io/kreuzwerker/docker\"]",
      "instances": [
        {
          "schema_version": 0,
          "attributes": {
            "build": [
              {
                "auth_config": [],
                "build_arg": null,
                "build_args": null,
                "build_id": "",
                "cache_from": [],
                "cgroup_parent": "",
                "context": "/home/user/github/cdktf-project/src/front",
                "cpu_period": null,
                "cpu_quota": null,
                "cpu_set_cpus": "",
                "cpu_set_mems": "",
                "cpu_shares": null,
                "dockerfile": "Dockerfile",
                "extra_hosts": [],
                "force_remove": null,
                "isolation": "",
                "label": null,
                "labels": null,
                "memory": null,
                "memory_swap": null,
                "network_mode": "",
                "no_cache": null,
                "platform": "",
                "pull_parent": null,
                "remote_context": "",
                "remove": true,
                "security_opt": [],
                "session_id": "",
                "shm_size": null,
                "squash": null,
                "suppress_output": null,
                "tag": [],
                "target": "",
                "ulimit": [],
                "version": ""
              }
            ],
            "force_remove": null,
            "id": "sha256:c78d471df96f5bf0d4538c961fbbf07e1f790f0d2c2dc8feae2d573d7c44e883711348555690.dkr.ecr.eu-central-1.amazonaws.com/front-repo:latest",
            "image_id": "sha256:c78d471df96f5bf0d4538c961fbbf07e1f790f0d2c2dc8feae2d573d7c44e883",
            "keep_locally": null,
            "name": "711348555690.dkr.ecr.eu-central-1.amazonaws.com/front-repo:latest",
            "platform": "linux/arm64",
            "pull_triggers": null,
            "repo_digest": "",
            "triggers": {
              "file_sha256": "9dd6df6a8aad0c5be2d0ff5d66c31f6c68abffb59be1e1152729b8af7f349738"
            }
          },
          "sensitive_attributes": [],
          "private": "bnVsbA==",
          "dependencies": [
            "aws_ecr_repository.FrontRepo",
            "data.aws_ecr_authorization_token.token"
          ]
        }
      ]
    },
    {
      "mode": "managed",
      "type": "docker_registry_image",
      "name": "FrontUpload",
      "provider": "provider[\"registry.terraform.io/kreuzwerker/docker\"]",
      "instances": [
        {
          "schema_version": 0,
          "attributes": {
            "id": "sha256:b30c3a220dee33d6bd87ded8c742b08dd68a7f738791ad589dc6f45c71dfd428",
            "insecure_skip_verify": false,
            "keep_remotely": false,
            "name": "711348555690.dkr.ecr.eu-central-1.amazonaws.com/front-repo:latest",
            "sha256_digest": "sha256:b30c3a220dee33d6bd87ded8c742b08dd68a7f738791ad589dc6f45c71dfd428",
            "triggers": null
          },
          "sensitive_attributes": [],
          "private": "bnVsbA==",
          "dependencies": [
            "aws_ecr_repository.FrontRepo",
            "data.aws_ecr_authorization_token.token",
            "docker_image.FrontImage"
          ]
        }
      ]
    }
  ],
  "check_results": null
}
