{
  "version": 4,
  "terraform_version": "1.7.0",
  "serial": 326,
  "lineage": "a595879c-8348-d326-a097-97e4ec7507b9",
  "outputs": {},
  "resources": [
    {
      "mode": "data",
      "type": "aws_ecr_authorization_token",
      "name": "token",
      "provider": "provider[\"registry.terraform.io/hashicorp/aws\"]",
      "instances": [
        {
          "schema_version": 0,
          "attributes": {
            "authorization_token": "QVdTOmV5SndZWGxzYjJGa0lqb2liV05PZUhweWFWRlVVa2RQTjFNM1ozRnViMDV5VG1sTmIxUkJZVmRyYkRnMlRsRk1Za2N3VFd4VVJHdExiR1ZoYm1WNE4wTlVNSE5xVUc1d09EbGpaa0V2WVVnck1XUXhabkI2UlVOcGVYZFNjblF6TXk5TVlXWnlZbkJRVGtjelJrSnRjR1Y2YjNWVE0xQnRkWEZ4U0dkcFp6SldhR2RLU20xYWIyOUliMVpLYmpGek5rMHpOVUpUWldkdFRrSXplVVJEVFhkV1ZDODVNbXBVVTNacmFDOVdUMlZJZW1sUmJteDVhMmc1ZW05d01YQkJXV2s1WVRsQ2IzWklPV1pNZG1wNFUwZGxkMHRuVEZKUlZqbG1SM1V2YjJsU2RsVnpWa3N3U21oRGVYQkhjRTlxY0RSTVFtaDZMMnRtY21Wb1VFbGxNVWgzTldKaFQyTlVNeXQ0UnpsUVkwZzVMMGxMU0RZMk5tWTFUSGgwZWk5blV6TnRaVFZoUjNSbmJ6ZFphSFl6UjJjd2REUjBaV2dyU0V0TFFuWkxORUpNTkhoa2VIcDRkazFaU1VWWGJGbEhPVlpJU0dOMWQzVXpRMUpNTkVWM1VVZFRiMnBYWm1wM1dERnhVV1V2T0VWMFMxbHFPVkV4UjJOaVdsUnFhVkZCT1hKTk1qZDNZbXhqVDJ4UU5tcFJUMVpCYWtsbFN6VlVkMHByWldwUVdIWlVVMGhGYWpoU1kzbFJlazVpU2pWQ1dGWmpiMFJwWTNCWldrWnhaVUpsVVZwMFNtbFViMUpOTkVKRWRqbFlNVXAzVDFOT2VTOU5hMkptVUVweWJEazFlbWQ2YVVKT1dYUjBObmxMTlhWU1dsWXJjbTAyU25Gb2RrdzRaRE0zWlhsb05FdEdXbEZrTjNSSU1HZzVhbVEzVjFKaEx6VTVWakZHVTBKSFlYTk9WbWRsVWtwcFpYaEtiblpTVjFaaVpIRXhWMlV4UTFscVdEQnhaM0oyT0RaTVVsWmFZWEJZVW1KMFZFMTZaVEpXYjNOVmNVbE9PV2Q2VVZZeVJuUlpaVmh4T1VGQ05YZFZaVlJPVm01bGJpOXZWRlYzVldOdE0yTmFVRzAzTUZZME16VjVVR3RoVTBGdE9XMXFZak54WTNWNVFscERaR3RWVG1RM1VTOXRTVFZxV0RSb1EybEVLMVJaTDJJNU9USlNTVzgzU0dkTFUyaHZPR2w1TUZWNWQxQmpVRUZHYW14T1J6azRlamd4VjJneWMzazRRa1ZVYkhvMkwwUnZTMGxwZFVoRWF6Sm9URkJuWVRRclJrUlljakJ6Y3pkVFpGZzBhV1UyVFVWWFV6aHljMFJvTDJsTWRFWm9jMnByZWxKWU5DOU5MMFpzVkRkQ04wMUpVaXRITDFCaVdIWjZkRUZsWTBSYWJDdExSazl2WlRGQmJIaDZObXhrWkhWMVZEVmtLMGREV0RJMGMwazBObFJyT0drdlNEaFFja3hNVm5aRE1qUjVVbFo2YWxSVVNIazNkSGhMU1U1UWQyUkVkVXBoZEdOUmNIRlNaelZqS3paaldUbE1aa3RaUjFWUkt6TkdlVlZ6YW1ScVpVZE5TMHMwV2prellUaHJlSGhtTlVGbFJYTk9hV2hHTXpaWGFIcFBWa1ZuV2pWNk1ISk9XVU5vWVVOU05WbHlXa281YUdWUmFYQnhaelkzUlVOWFltazJTR1lyT0ZoamNXOXNOekpqY0UxR01tSnJObWhXYVV4TVExY3haekV3Ym0xYWRXNVFhRFJhV1RObFlVRm9NMHBNUVhOVmQyNWliSFl3ZDJwT1pTOVNMMVZ0TVdGeFlWUldLMjFTVjBVM1EwSkRWRUZpU1VKMlVYVmpibFJFVm5wRWRtTjViMVEwUm1wbEwyTlBTbXR6Ym1FeU0wSkpUR3gxVmtoUlpIWTBWM2M1ZG5KblRVbHJSMjExUjBNd2RtSTBNMUV5T0RCb2NUbDJha1ZhYm0xc1pWZ3hSMlYzTVM5WU1FaFVjRTVpV1cweVdsaElZeTl3ZUhjaUxDSmtZWFJoYTJWNUlqb2lRVkZGUWtGSWFETjZXVTlrZEhCQ1FsTldkeTlaTW1GdU9FSllTVVEwYTNkTVVXWnViMVJxTlhwM1duUkhTbHB2V2xGQlFVRklOSGRtUVZsS1MyOWFTV2gyWTA1QlVXTkhiMGM0ZDJKUlNVSkJSRUp2UW1kcmNXaHJhVWM1ZHpCQ1FuZEZkMGhuV1VwWlNWcEpRVmRWUkVKQlJYVk5Ra1ZGUkZCcE1IbG1PRWhzVlZFMlRWbG1lblpuU1VKRlNVRTNURFUwUVZSS1ZqZ3hWMU5OUTJ3eGJuZE1SWE16TVhveU5UWXZZVUUzYVV0Q1NscFVSVXhaV0hWME1VWjBPREl4TVdOaloyZzRNREJtYmxOMFFWRmhkbWgzV0c5a2FuRndVV3AyVGpGalJUMGlMQ0oyWlhKemFXOXVJam9pTWlJc0luUjVjR1VpT2lKRVFWUkJYMHRGV1NJc0ltVjRjR2x5WVhScGIyNGlPakUzTURZeU1qZzBNeko5",
            "expires_at": "2024-01-26T00:20:32Z",
            "id": "eu-central-1",
            "password": "eyJwYXlsb2FkIjoibWNOeHpyaVFUUkdPN1M3Z3Fub05yTmlNb1RBYVdrbDg2TlFMYkcwTWxURGtLbGVhbmV4N0NUMHNqUG5wODljZkEvYUgrMWQxZnB6RUNpeXdScnQzMy9MYWZyYnBQTkczRkJtcGV6b3VTM1BtdXFxSGdpZzJWaGdKSm1ab29Ib1ZKbjFzNk0zNUJTZWdtTkIzeURDTXdWVC85MmpUU3ZraC9WT2VIemlRbmx5a2g5em9wMXBBWWk5YTlCb3ZIOWZMdmp4U0dld0tnTFJRVjlmR3Uvb2lSdlVzVkswSmhDeXBHcE9qcDRMQmh6L2tmcmVoUEllMUh3NWJhT2NUMyt4RzlQY0g5L0lLSDY2NmY1THh0ei9nUzNtZTVhR3RnbzdZaHYzR2cwdDR0ZWgrSEtLQnZLNEJMNHhkeHp4dk1ZSUVXbFlHOVZISGN1d3UzQ1JMNEV3UUdTb2pXZmp3WDFxUWUvOEV0S1lqOVExR2NiWlRqaVFBOXJNMjd3YmxjT2xQNmpRT1ZBakllSzVUd0prZWpQWHZUU0hFajhSY3lRek5iSjVCWFZjb0RpY3BZWkZxZUJlUVp0SmlUb1JNNEJEdjlYMUp3T1NOeS9Na2JmUEpybDk1emd6aUJOWXR0NnlLNXVSWlYrcm02SnFodkw4ZDM3ZXloNEtGWlFkN3RIMGg5amQ3V1JhLzU5VjFGU0JHYXNOVmdlUkppZXhKbnZSV1ZiZHExV2UxQ1lqWDBxZ3J2ODZMUlZaYXBYUmJ0VE16ZTJWb3NVcUlOOWd6UVYyRnRZZVhxOUFCNXdVZVROVm5lbi9vVFV3VWNtM2NaUG03MFY0MzV5UGthU0FtOW1qYjNxY3V5QlpDZGtVTmQ3US9tSTVqWDRoQ2lEK1RZL2I5OTJSSW83SGdLU2hvOGl5MFV5d1BjUEFGamxORzk4ejgxV2gyc3k4QkVUbHo2L0RvS0lpdUhEazJoTFBnYTQrRkRYcjBzczdTZFg0aWU2TUVXUzhyc0RoL2lMdEZoc2prelJYNC9NL0ZsVDdCN01JUitHL1BiWHZ6dEFlY0RabCtLRk9vZTFBbHh6NmxkZHV1VDVkK0dDWDI0c0k0NlRrOGkvSDhQckxMVnZDMjR5UlZ6alRUSHk3dHhLSU5Qd2REdUphdGNRcHFSZzVjKzZjWTlMZktZR1VRKzNGeVVzamRqZUdNS0s0WjkzYThreHhmNUFlRXNOaWhGMzZXaHpPVkVnWjV6MHJOWUNoYUNSNVlyWko5aGVRaXBxZzY3RUNXYmk2SGYrOFhjcW9sNzJjcE1GMmJrNmhWaUxMQ1cxZzEwbm1adW5QaDRaWTNlYUFoM0pMQXNVd25ibHYwd2pOZS9SL1VtMWFxYVRWK21SV0U3Q0JDVEFiSUJ2UXVjblREVnpEdmN5b1Q0RmplL2NPSmtzbmEyM0JJTGx1VkhRZHY0V3c5dnJnTUlrR211R0MwdmI0M1EyODBocTl2akVabm1sZVgxR2V3MS9YMEhUcE5iWW0yWlhIYy9weHciLCJkYXRha2V5IjoiQVFFQkFIaDN6WU9kdHBCQlNWdy9ZMmFuOEJYSUQ0a3dMUWZub1RqNXp3WnRHSlpvWlFBQUFINHdmQVlKS29aSWh2Y05BUWNHb0c4d2JRSUJBREJvQmdrcWhraUc5dzBCQndFd0hnWUpZSVpJQVdVREJBRXVNQkVFRFBpMHlmOEhsVVE2TVlmenZnSUJFSUE3TDU0QVRKVjgxV1NNQ2wxbndMRXMzMXoyNTYvYUE3aUtCSlpURUxZWHV0MUZ0ODIxMWNjZ2g4MDBmblN0QVFhdmh3WG9kanFwUWp2TjFjRT0iLCJ2ZXJzaW9uIjoiMiIsInR5cGUiOiJEQVRBX0tFWSIsImV4cGlyYXRpb24iOjE3MDYyMjg0MzJ9",
            "proxy_endpoint": "https://711348555690.dkr.ecr.eu-central-1.amazonaws.com",
            "registry_id": null,
            "user_name": "AWS"
          },
          "sensitive_attributes": []
        }
      ]
    },
    {
      "mode": "managed",
      "type": "aws_ecr_repository",
      "name": "BackRepo",
      "provider": "provider[\"registry.terraform.io/hashicorp/aws\"]",
      "instances": [
        {
          "schema_version": 0,
          "attributes": {
            "arn": "arn:aws:ecr:eu-central-1:711348555690:repository/back-repo",
            "encryption_configuration": [
              {
                "encryption_type": "AES256",
                "kms_key": ""
              }
            ],
            "force_delete": null,
            "id": "back-repo",
            "image_scanning_configuration": [
              {
                "scan_on_push": false
              }
            ],
            "image_tag_mutability": "MUTABLE",
            "name": "back-repo",
            "registry_id": "711348555690",
            "repository_url": "711348555690.dkr.ecr.eu-central-1.amazonaws.com/back-repo",
            "tags": {},
            "tags_all": {},
            "timeouts": null
          },
          "sensitive_attributes": [],
          "private": "eyJlMmJmYjczMC1lY2FhLTExZTYtOGY4OC0zNDM2M2JjN2M0YzAiOnsiZGVsZXRlIjoxMjAwMDAwMDAwMDAwfX0="
        }
      ]
    },
    {
      "mode": "managed",
      "type": "aws_ecr_repository",
      "name": "FrontRepo",
      "provider": "provider[\"registry.terraform.io/hashicorp/aws\"]",
      "instances": [
        {
          "schema_version": 0,
          "attributes": {
            "arn": "arn:aws:ecr:eu-central-1:711348555690:repository/front-repo",
            "encryption_configuration": [
              {
                "encryption_type": "AES256",
                "kms_key": ""
              }
            ],
            "force_delete": null,
            "id": "front-repo",
            "image_scanning_configuration": [
              {
                "scan_on_push": false
              }
            ],
            "image_tag_mutability": "MUTABLE",
            "name": "front-repo",
            "registry_id": "711348555690",
            "repository_url": "711348555690.dkr.ecr.eu-central-1.amazonaws.com/front-repo",
            "tags": {},
            "tags_all": {},
            "timeouts": null
          },
          "sensitive_attributes": [],
          "private": "eyJlMmJmYjczMC1lY2FhLTExZTYtOGY4OC0zNDM2M2JjN2M0YzAiOnsiZGVsZXRlIjoxMjAwMDAwMDAwMDAwfX0="
        }
      ]
    },
    {
      "mode": "managed",
      "type": "aws_iam_role",
      "name": "LambdaRole",
      "provider": "provider[\"registry.terraform.io/hashicorp/aws\"]",
      "instances": [
        {
          "schema_version": 0,
          "attributes": {
            "arn": "arn:aws:iam::711348555690:role/lambda-role",
            "assume_role_policy": "{\"Statement\":[{\"Action\":\"sts:AssumeRole\",\"Effect\":\"Allow\",\"Principal\":{\"Service\":\"lambda.amazonaws.com\"}}],\"Version\":\"2012-10-17\"}",
            "create_date": "2024-01-24T09:19:00Z",
            "description": "",
            "force_detach_policies": false,
            "id": "lambda-role",
            "inline_policy": [],
            "managed_policy_arns": [
              "arn:aws:iam::aws:policy/service-role/AWSLambdaBasicExecutionRole"
            ],
            "max_session_duration": 3600,
            "name": "lambda-role",
            "name_prefix": "",
            "path": "/",
            "permissions_boundary": "",
            "tags": {},
            "tags_all": {},
            "unique_id": "AROA2LH5NR6VHPN5QYHTG"
          },
          "sensitive_attributes": [],
          "private": "bnVsbA=="
        }
      ]
    },
    {
      "mode": "managed",
      "type": "aws_iam_role_policy_attachment",
      "name": "LambdaExecPolicyAttachment",
      "provider": "provider[\"registry.terraform.io/hashicorp/aws\"]",
      "instances": [
        {
          "schema_version": 0,
          "attributes": {
            "id": "lambda-role-20240124091902102000000001",
            "policy_arn": "arn:aws:iam::aws:policy/service-role/AWSLambdaBasicExecutionRole",
            "role": "lambda-role"
          },
          "sensitive_attributes": [],
          "private": "bnVsbA==",
          "dependencies": [
            "aws_iam_role.LambdaRole"
          ]
        }
      ]
    },
    {
      "mode": "managed",
      "type": "aws_lambda_function",
      "name": "BackLambda",
      "provider": "provider[\"registry.terraform.io/hashicorp/aws\"]",
      "instances": [
        {
          "schema_version": 0,
          "attributes": {
            "architectures": [
              "arm64"
            ],
            "arn": "arn:aws:lambda:eu-central-1:711348555690:function:back-lambda",
            "code_signing_config_arn": "",
            "dead_letter_config": [],
            "description": "",
            "environment": [],
            "ephemeral_storage": [
              {
                "size": 512
              }
            ],
            "file_system_config": [],
            "filename": null,
            "function_name": "back-lambda",
            "handler": "",
            "id": "back-lambda",
            "image_config": [],
            "image_uri": "711348555690.dkr.ecr.eu-central-1.amazonaws.com/back-repo:latest",
            "invoke_arn": "arn:aws:apigateway:eu-central-1:lambda:path/2015-03-31/functions/arn:aws:lambda:eu-central-1:711348555690:function:back-lambda/invocations",
            "kms_key_arn": "",
            "last_modified": "2024-01-25T12:20:40.000+0000",
            "layers": [],
            "logging_config": [
              {
                "application_log_level": "INFO",
                "log_format": "JSON",
                "log_group": "/aws/lambda/back-lambda",
                "system_log_level": "INFO"
              }
            ],
            "memory_size": 1792,
            "package_type": "Image",
            "publish": false,
            "qualified_arn": "arn:aws:lambda:eu-central-1:711348555690:function:back-lambda:$LATEST",
            "qualified_invoke_arn": "arn:aws:apigateway:eu-central-1:lambda:path/2015-03-31/functions/arn:aws:lambda:eu-central-1:711348555690:function:back-lambda:$LATEST/invocations",
            "replace_security_groups_on_destroy": null,
            "replacement_security_group_ids": null,
            "reserved_concurrent_executions": -1,
            "role": "arn:aws:iam::711348555690:role/lambda-role",
            "runtime": "",
            "s3_bucket": null,
            "s3_key": null,
            "s3_object_version": null,
            "signing_job_arn": "",
            "signing_profile_version_arn": "",
            "skip_destroy": false,
            "snap_start": [],
            "source_code_hash": "730c4de2b582ee89515ed2d531063635ba2a4234fa931360ca01b534b296f493",
            "source_code_size": 0,
            "tags": {},
            "tags_all": {},
            "timeout": 5,
            "timeouts": null,
            "tracing_config": [
              {
                "mode": "PassThrough"
              }
            ],
            "version": "$LATEST",
            "vpc_config": []
          },
          "sensitive_attributes": [],
          "private": "eyJlMmJmYjczMC1lY2FhLTExZTYtOGY4OC0zNDM2M2JjN2M0YzAiOnsiY3JlYXRlIjo2MDAwMDAwMDAwMDAsImRlbGV0ZSI6NjAwMDAwMDAwMDAwLCJ1cGRhdGUiOjYwMDAwMDAwMDAwMH19",
          "dependencies": [
            "aws_ecr_repository.BackRepo",
            "aws_iam_role.LambdaRole",
            "data.aws_ecr_authorization_token.token",
            "docker_image.BackImage"
          ]
        }
      ]
    },
    {
      "mode": "managed",
      "type": "aws_lambda_function_url",
      "name": "BackLambdaUrl",
      "provider": "provider[\"registry.terraform.io/hashicorp/aws\"]",
      "instances": [
        {
          "schema_version": 0,
          "attributes": {
            "authorization_type": "NONE",
            "cors": [],
            "function_arn": "arn:aws:lambda:eu-central-1:711348555690:function:back-lambda",
            "function_name": "back-lambda",
            "function_url": "https://bxhne6uumeuxjabn5oo4bpp4ty0jkcfg.lambda-url.eu-central-1.on.aws/",
            "id": "back-lambda",
            "invoke_mode": "BUFFERED",
            "qualifier": "",
            "timeouts": null,
            "url_id": "bxhne6uumeuxjabn5oo4bpp4ty0jkcfg"
          },
          "sensitive_attributes": [],
          "private": "eyJlMmJmYjczMC1lY2FhLTExZTYtOGY4OC0zNDM2M2JjN2M0YzAiOnsiY3JlYXRlIjo2MDAwMDAwMDAwMDB9fQ==",
          "dependencies": [
            "aws_ecr_repository.BackRepo",
            "aws_iam_role.LambdaRole",
            "aws_lambda_function.BackLambda",
            "data.aws_ecr_authorization_token.token",
            "docker_image.BackImage"
          ]
        }
      ]
    },
    {
      "mode": "managed",
      "type": "docker_image",
      "name": "BackImage",
      "provider": "provider[\"registry.terraform.io/kreuzwerker/docker\"]",
      "instances": [
        {
          "schema_version": 0,
          "attributes": {
            "build": [
              {
                "auth_config": [],
                "build_arg": {},
                "build_args": {},
                "build_id": "",
                "cache_from": [],
                "cgroup_parent": "",
                "context": "/home/user/github/cdktf-project/src/back",
                "cpu_period": 0,
                "cpu_quota": 0,
                "cpu_set_cpus": "",
                "cpu_set_mems": "",
                "cpu_shares": 0,
                "dockerfile": "Dockerfile",
                "extra_hosts": [],
                "force_remove": false,
                "isolation": "",
                "label": {},
                "labels": {},
                "memory": 0,
                "memory_swap": 0,
                "network_mode": "",
                "no_cache": false,
                "platform": "linux/arm64",
                "pull_parent": false,
                "remote_context": "",
                "remove": true,
                "security_opt": [],
                "session_id": "",
                "shm_size": 0,
                "squash": false,
                "suppress_output": false,
                "tag": [],
                "target": "",
                "ulimit": [],
                "version": ""
              }
            ],
            "force_remove": null,
            "id": "sha256:0ea74964b528a150bae729ef1a5a3a88e22bfb2496212655e7a887decd6c4cb1711348555690.dkr.ecr.eu-central-1.amazonaws.com/back-repo:latest",
            "image_id": "sha256:0ea74964b528a150bae729ef1a5a3a88e22bfb2496212655e7a887decd6c4cb1",
            "keep_locally": null,
            "name": "711348555690.dkr.ecr.eu-central-1.amazonaws.com/back-repo:latest",
            "platform": null,
            "pull_triggers": null,
            "repo_digest": "",
            "triggers": {
              "filesha256": "7e0fcf700f055b54ab6e8b9b2ba4914b690b05d9d8b3fe5bc776ce03c6dd500f"
            }
          },
          "sensitive_attributes": [],
          "private": "bnVsbA==",
          "dependencies": [
            "aws_ecr_repository.BackRepo",
            "data.aws_ecr_authorization_token.token"
          ]
        }
      ]
    },
    {
      "mode": "managed",
      "type": "docker_image",
      "name": "FrontImage",
      "provider": "provider[\"registry.terraform.io/kreuzwerker/docker\"]",
      "instances": [
        {
          "schema_version": 0,
          "attributes": {
            "build": [
              {
                "auth_config": [],
                "build_arg": {},
                "build_args": {},
                "build_id": "",
                "cache_from": [],
                "cgroup_parent": "",
                "context": "/home/user/github/cdktf-project/src/front",
                "cpu_period": 0,
                "cpu_quota": 0,
                "cpu_set_cpus": "",
                "cpu_set_mems": "",
                "cpu_shares": 0,
                "dockerfile": "Dockerfile",
                "extra_hosts": [],
                "force_remove": false,
                "isolation": "",
                "label": {},
                "labels": {},
                "memory": 0,
                "memory_swap": 0,
                "network_mode": "",
                "no_cache": false,
                "platform": "linux/arm64",
                "pull_parent": false,
                "remote_context": "",
                "remove": true,
                "security_opt": [],
                "session_id": "",
                "shm_size": 0,
                "squash": false,
                "suppress_output": false,
                "tag": [],
                "target": "",
                "ulimit": [],
                "version": ""
              }
            ],
            "force_remove": null,
            "id": "sha256:10fe30b50b75f07240a4ba759048b5985e05b23697c280793aceaae7fa6fb1bf711348555690.dkr.ecr.eu-central-1.amazonaws.com/front-repo:latest",
            "image_id": "sha256:10fe30b50b75f07240a4ba759048b5985e05b23697c280793aceaae7fa6fb1bf",
            "keep_locally": null,
            "name": "711348555690.dkr.ecr.eu-central-1.amazonaws.com/front-repo:latest",
            "platform": null,
            "pull_triggers": null,
            "repo_digest": "",
            "triggers": {
              "filesha256": "9dd6df6a8aad0c5be2d0ff5d66c31f6c68abffb59be1e1152729b8af7f349738"
            }
          },
          "sensitive_attributes": [],
          "private": "bnVsbA==",
          "dependencies": [
            "aws_ecr_repository.FrontRepo",
            "data.aws_ecr_authorization_token.token"
          ]
        }
      ]
    },
    {
      "mode": "managed",
      "type": "docker_registry_image",
      "name": "BackPush",
      "provider": "provider[\"registry.terraform.io/kreuzwerker/docker\"]",
      "instances": [
        {
          "schema_version": 0,
          "attributes": {
            "id": "sha256:730c4de2b582ee89515ed2d531063635ba2a4234fa931360ca01b534b296f493",
            "insecure_skip_verify": false,
            "keep_remotely": false,
            "name": "711348555690.dkr.ecr.eu-central-1.amazonaws.com/back-repo:latest",
            "sha256_digest": "sha256:730c4de2b582ee89515ed2d531063635ba2a4234fa931360ca01b534b296f493",
            "triggers": {
              "filesha256": "7e0fcf700f055b54ab6e8b9b2ba4914b690b05d9d8b3fe5bc776ce03c6dd500f"
            }
          },
          "sensitive_attributes": [],
          "private": "bnVsbA==",
          "dependencies": [
            "aws_ecr_repository.BackRepo",
            "data.aws_ecr_authorization_token.token",
            "docker_image.BackImage"
          ]
        }
      ]
    },
    {
      "mode": "managed",
      "type": "docker_registry_image",
      "name": "FrontPush",
      "provider": "provider[\"registry.terraform.io/kreuzwerker/docker\"]",
      "instances": [
        {
          "schema_version": 0,
          "attributes": {
            "id": "sha256:b30c3a220dee33d6bd87ded8c742b08dd68a7f738791ad589dc6f45c71dfd428",
            "insecure_skip_verify": false,
            "keep_remotely": false,
            "name": "711348555690.dkr.ecr.eu-central-1.amazonaws.com/front-repo:latest",
            "sha256_digest": "sha256:b30c3a220dee33d6bd87ded8c742b08dd68a7f738791ad589dc6f45c71dfd428",
            "triggers": {
              "filesha256": "9dd6df6a8aad0c5be2d0ff5d66c31f6c68abffb59be1e1152729b8af7f349738"
            }
          },
          "sensitive_attributes": [],
          "private": "bnVsbA==",
          "dependencies": [
            "aws_ecr_repository.FrontRepo",
            "data.aws_ecr_authorization_token.token",
            "docker_image.FrontImage"
          ]
        }
      ]
    }
  ],
  "check_results": null
}
