{
  "version": 4,
  "terraform_version": "1.7.0",
  "serial": 111,
  "lineage": "a595879c-8348-d326-a097-97e4ec7507b9",
  "outputs": {},
  "resources": [
    {
      "mode": "data",
      "type": "aws_ecr_authorization_token",
      "name": "token",
      "provider": "provider[\"registry.terraform.io/hashicorp/aws\"]",
      "instances": [
        {
          "schema_version": 0,
          "attributes": {
            "authorization_token": "QVdTOmV5SndZWGxzYjJGa0lqb2lNMHRIWVZSS2JUWldibTFxTDBORVEybHpjVkU0ZEVjelJUWk1ZMEpYUzNBd2NYWnJZa28yUlVSRVFqbFdWUzlHWW5wbGNrTkdlSEpQU2psNVNHRllaM0JSY0hKRksyTkxTVzF3UzBSR1RrMHlaMWwwZDNkWGMwOVBPVXgwWkd4RGRraDNaWEpPTWtSdlRITXZaRmxpSzFadVRVUmxhR1EwU2tORmVVVTVRbGxsY0VsVGJVcG5hRGt3U0hnMFZFVk1iaTh5ZW1OS2JIVTFjazFXU3l0TVYxWlFjbWRVYkZKaFNFOUJkbGxYYVRKd1ZGVm1WRW8zVjBKaU5tZEpSbG9yTUVwSWNGUmhRMUpLT0ZseVJVWmFUbEJOVFcxVFkwRmFNMGd4V1U1SWFYWndTa2wxUTFKVmRWaERhMEpUWTNaQlIwWnRSRzVyVFN0c1RFdGtNamcxU0dWMWJVRjFUWGwxVkRKbmQzb3daVVEzUVhKSVFVWlpXVGxpTUVwcllXOUhObU4wYTJSU2JFSllMMmh5ZGtSdWJDdHlUa1p4ZUVsV09EWjZiRVZ2UzFBclFucHZMMUYyZUVsTFRpOTJMMHB4VWt4VGEySkNRa2hYWkhNcmQxVndSa2hDTVVReFNHMW9TME5IT0docFZraFpObGxTVUVwdlRuUkZkbUoyWTNCTlZuVlhiV0UyY2xGeGFXNVVhM1JKU1dOYU9UQk5PVGhGU25kV2VtTXlibmhCWW5NNWEyRjNXRVZZTm5RNVpUQlBWVGs0U1djeFRIbEZaRE5MWVdwbE5EaHdWbnBXUjFFNWFWRmhiMjR6YmpCM1dGQXJUa3BJVjNkRVZVRk5WRWxYWlN0VFkxUlZSaXNyUWtOVFdHSlJNVWd2YzB0cVpWTXhaRFZKZDA1U1EwaEZVak5TTUVKU2RFOVZNMmxKUXpCWGFWZ3JSa2xsUzJGcmEzUTNiR1ZOZUVacGVXOXdhRXB5U2t0RmNuUjFZbEF5UlVRelUxSnZkWGx6TDFWNk0zY3ZiM2xWZFRscmFtbHRiRUl5TmtWQ01qQkJRMlV2Y2xwVVlVeFRVMDExWVVKNlRXZFRiMDVHVWtodE1sVnpSR1pYUlRKQ01sWlhWMDltYVVkMFoyWm5kMFF6SzFOQ2VITXhUWG9yT0dZM2RuQk9NVWRqUWxOamNHRkZObFpvUVcxQlVtUllWeTlUYURoTVdVVXhVR05RVjFOS2JGbERVV1pZVUdkQlVtVkNVRGRGUmxVNFlXVnpaR3N4ZUd4b1RVdERlRU5xUlZCcllWTnBkVmRrVVRKRU1HUmFia2hwZGs4M05IaFBjMmhwUlhOSEt5czFjRmx3ZWpKMGQwNXlORlpxUW1oRlJYUjZiU3R4TW5aNlZraGxabWR5TkV4cGRWZFhUMEUyYzJoQlNGTXdSV2h0ZHpaVlVXOVlUbWg0YVVFMFdTOURSVkZxVUUxcGVGaEdLM2RsY1ZCTlRXUkxMMWd4Yml0a2JrOXhSR1JLWVU5d1pXdzBTa2R2ZGpSYVF6VnVjMDVNTDNGWmJtTkNZMDVSWlVwUGN6bEJZVWRGVDNsTVVIRkJSV3A1VGxWQ2FYSTBZazVyTkRoeU1rOWhUMmhCUml0R1l6SlFlVkIzTTNsWldraFpWMHRtUlV4a1duRmpNbTFZWm5CMWF6TlVTbkV5WjJGd2R6ZFBaakJUV200dmFHVnhXR2RFZWsxT2NWRlVLMjF5U1dsek9VbGhiMkU0ZGpWUFFrVk5PRzV6WXpWTFZFRndNMlZJVWxWcGJtazBTWHBoYjJGbFltaDJkVXNyTWtOcE5UQlNSbk0wTkRZNWNEUkZXRkI2VlhoRVlsZG1SMUZGUlZGeWNGTnFNM2syUTI1WVN6Rm9VVnA2U1V3dk5tMU5iWFJhVlUwdlpXVnplQzlETVN0bFdIVTFNMGhVTlZvNGNVb3lRek5rVmxCVGFWQndVRm8wUTFSaUwwUnFlVFZuZW5Nd1lUVnNkWHB0Ums5UFlrOVBaRTFCSzFOalRqaHNWMjlFVDFZaUxDSmtZWFJoYTJWNUlqb2lRVkZGUWtGSWFETjZXVTlrZEhCQ1FsTldkeTlaTW1GdU9FSllTVVEwYTNkTVVXWnViMVJxTlhwM1duUkhTbHB2V2xGQlFVRklOSGRtUVZsS1MyOWFTV2gyWTA1QlVXTkhiMGM0ZDJKUlNVSkJSRUp2UW1kcmNXaHJhVWM1ZHpCQ1FuZEZkMGhuV1VwWlNWcEpRVmRWUkVKQlJYVk5Ra1ZGUkU1NFdFTkxPVXd3Ykd0VGIwVmFWekozU1VKRlNVRTNSbEF5ZVhNMVFrcDFTbFZ2TWxocWMzSkZjelpRYTNkcll6TlViMEV6TlRkM2RFTXdUblkxUWk5TVFrcERWRXBKUmtFek9ESXlZbk5GUjJsaFZUTk1VbTlqYTFkNWVESXpla0poTUZKbFFUMGlMQ0oyWlhKemFXOXVJam9pTWlJc0luUjVjR1VpT2lKRVFWUkJYMHRGV1NJc0ltVjRjR2x5WVhScGIyNGlPakUzTURZeE16RXhNemg5",
            "expires_at": "2024-01-24T21:18:58Z",
            "id": "eu-central-1",
            "password": "eyJwYXlsb2FkIjoiM0tHYVRKbTZWbm1qL0NEQ2lzcVE4dEczRTZMY0JXS3AwcXZrYko2RUREQjlWVS9GYnplckNGeHJPSjl5SGFYZ3BRcHJFK2NLSW1wS0RGTk0yZ1l0d3dXc09POUx0ZGxDdkh3ZXJOMkRvTHMvZFliK1ZuTURlaGQ0SkNFeUU5QlllcElTbUpnaDkwSHg0VEVMbi8yemNKbHU1ck1WSytMV1ZQcmdUbFJhSE9BdllXaTJwVFVmVEo3V0JiNmdJRlorMEpIcFRhQ1JKOFlyRUZaTlBNTW1TY0FaM0gxWU5IaXZwSkl1Q1JVdVhDa0JTY3ZBR0ZtRG5rTStsTEtkMjg1SGV1bUF1TXl1VDJnd3owZUQ3QXJIQUZZWTliMEprYW9HNmN0a2RSbEJYL2hydkRubCtyTkZxeElWODZ6bEVvS1ArQnpvL1F2eElLTi92L0pxUkxTa2JCQkhXZHMrd1VwRkhCMUQxSG1oS0NHOGhpVkhZNllSUEpvTnRFdmJ2Y3BNVnVXbWE2clFxaW5Ua3RJSWNaOTBNOThFSndWemMybnhBYnM5a2F3WEVYNnQ5ZTBPVTk4SWcxTHlFZDNLYWplNDhwVnpWR1E5aVFhb24zbjB3WFArTkpIV3dEVUFNVElXZStTY1RVRisrQkNTWGJRMUgvc0tqZVMxZDVJd05SQ0hFUjNSMEJSdE9VM2lJQzBXaVgrRkllS2Fra3Q3bGVNeEZpeW9waEpySktFcnR1YlAyRUQzU1JvdXlzL1V6M3cvb3lVdTlramltbEIyNkVCMjBBQ2UvclpUYUxTU011YUJ6TWdTb05GUkhtMlVzRGZXRTJCMlZXV09maUd0Z2Znd0QzK1NCeHMxTXorOGY3dnBOMUdjQlNjcGFFNlZoQW1BUmRYVy9TaDhMWUUxUGNQV1NKbFlDUWZYUGdBUmVCUDdFRlU4YWVzZGsxeGxoTUtDeENqRVBrYVNpdVdkUTJEMGRabkhpdk83NHhPc2hpRXNHKys1cFlwejJ0d05yNFZqQmhFRXR6bStxMnZ6VkhlZmdyNExpdVdXT0E2c2hBSFMwRWhtdzZVUW9YTmh4aUE0WS9DRVFqUE1peFhGK3dlcVBNTWRLL1gxbitkbk9xRGRKYU9wZWw0SkdvdjRaQzVuc05ML3FZbmNCY05RZUpPczlBYUdFT3lMUHFBRWp5TlVCaXI0Yk5rNDhyMk9hT2hBRitGYzJQeVB3M3lZWkhZV0tmRUxkWnFjMm1YZnB1azNUSnEyZ2FwdzdPZjBTWm4vaGVxWGdEek1OcVFUK21ySWlzOUlhb2E4djVPQkVNOG5zYzVLVEFwM2VIUlVpbmk0SXphb2FlYmh2dUsrMkNpNTBSRnM0NDY5cDRFWFB6VXhEYldmR1FFRVFycFNqM3k2Q25YSzFoUVp6SUwvNm1NbXRaVU0vZWVzeC9DMStlWHU1M0hUNVo4cUoyQzNkVlBTaVBwUFo0Q1RiL0RqeTVnenMwYTVsdXptRk9PYk9PZE1BK1NjTjhsV29ET1YiLCJkYXRha2V5IjoiQVFFQkFIaDN6WU9kdHBCQlNWdy9ZMmFuOEJYSUQ0a3dMUWZub1RqNXp3WnRHSlpvWlFBQUFINHdmQVlKS29aSWh2Y05BUWNHb0c4d2JRSUJBREJvQmdrcWhraUc5dzBCQndFd0hnWUpZSVpJQVdVREJBRXVNQkVFRE54WENLOUwwbGtTb0VaVzJ3SUJFSUE3RlAyeXM1Qkp1SlVvMlhqc3JFczZQa3drYzNUb0EzNTd3dEMwTnY1Qi9MQkpDVEpJRkEzODIyYnNFR2lhVTNMUm9ja1d5eDIzekJhMFJlQT0iLCJ2ZXJzaW9uIjoiMiIsInR5cGUiOiJEQVRBX0tFWSIsImV4cGlyYXRpb24iOjE3MDYxMzExMzh9",
            "proxy_endpoint": "https://711348555690.dkr.ecr.eu-central-1.amazonaws.com",
            "registry_id": null,
            "user_name": "AWS"
          },
          "sensitive_attributes": []
        }
      ]
    },
    {
      "mode": "managed",
      "type": "aws_ecr_repository",
      "name": "BackRepo",
      "provider": "provider[\"registry.terraform.io/hashicorp/aws\"]",
      "instances": [
        {
          "schema_version": 0,
          "attributes": {
            "arn": "arn:aws:ecr:eu-central-1:711348555690:repository/back-repo",
            "encryption_configuration": [
              {
                "encryption_type": "AES256",
                "kms_key": ""
              }
            ],
            "force_delete": null,
            "id": "back-repo",
            "image_scanning_configuration": [
              {
                "scan_on_push": false
              }
            ],
            "image_tag_mutability": "MUTABLE",
            "name": "back-repo",
            "registry_id": "711348555690",
            "repository_url": "711348555690.dkr.ecr.eu-central-1.amazonaws.com/back-repo",
            "tags": {},
            "tags_all": {},
            "timeouts": null
          },
          "sensitive_attributes": [],
          "private": "eyJlMmJmYjczMC1lY2FhLTExZTYtOGY4OC0zNDM2M2JjN2M0YzAiOnsiZGVsZXRlIjoxMjAwMDAwMDAwMDAwfX0="
        }
      ]
    },
    {
      "mode": "managed",
      "type": "aws_ecr_repository",
      "name": "FrontRepo",
      "provider": "provider[\"registry.terraform.io/hashicorp/aws\"]",
      "instances": [
        {
          "schema_version": 0,
          "attributes": {
            "arn": "arn:aws:ecr:eu-central-1:711348555690:repository/front-repo",
            "encryption_configuration": [
              {
                "encryption_type": "AES256",
                "kms_key": ""
              }
            ],
            "force_delete": null,
            "id": "front-repo",
            "image_scanning_configuration": [
              {
                "scan_on_push": false
              }
            ],
            "image_tag_mutability": "MUTABLE",
            "name": "front-repo",
            "registry_id": "711348555690",
            "repository_url": "711348555690.dkr.ecr.eu-central-1.amazonaws.com/front-repo",
            "tags": {},
            "tags_all": {},
            "timeouts": null
          },
          "sensitive_attributes": [],
          "private": "eyJlMmJmYjczMC1lY2FhLTExZTYtOGY4OC0zNDM2M2JjN2M0YzAiOnsiZGVsZXRlIjoxMjAwMDAwMDAwMDAwfX0="
        }
      ]
    },
    {
      "mode": "managed",
      "type": "aws_iam_role",
      "name": "LambdaRole",
      "provider": "provider[\"registry.terraform.io/hashicorp/aws\"]",
      "instances": [
        {
          "schema_version": 0,
          "attributes": {
            "arn": "arn:aws:iam::711348555690:role/lambda-role",
            "assume_role_policy": "{\"Statement\":[{\"Action\":\"sts:AssumeRole\",\"Effect\":\"Allow\",\"Principal\":{\"Service\":\"lambda.amazonaws.com\"}}],\"Version\":\"2012-10-17\"}",
            "create_date": "2024-01-24T09:19:00Z",
            "description": "",
            "force_detach_policies": false,
            "id": "lambda-role",
            "inline_policy": [],
            "managed_policy_arns": [],
            "max_session_duration": 3600,
            "name": "lambda-role",
            "name_prefix": "",
            "path": "/",
            "permissions_boundary": "",
            "tags": null,
            "tags_all": {},
            "unique_id": "AROA2LH5NR6VHPN5QYHTG"
          },
          "sensitive_attributes": [],
          "private": "bnVsbA=="
        }
      ]
    },
    {
      "mode": "managed",
      "type": "aws_iam_role_policy_attachment",
      "name": "LambdaExecPolicyAttachment",
      "provider": "provider[\"registry.terraform.io/hashicorp/aws\"]",
      "instances": [
        {
          "schema_version": 0,
          "attributes": {
            "id": "lambda-role-20240124091902102000000001",
            "policy_arn": "arn:aws:iam::aws:policy/service-role/AWSLambdaBasicExecutionRole",
            "role": "lambda-role"
          },
          "sensitive_attributes": [],
          "private": "bnVsbA==",
          "dependencies": [
            "aws_iam_role.LambdaRole"
          ]
        }
      ]
    },
    {
      "mode": "managed",
      "type": "aws_lambda_function",
      "name": "BackLambda",
      "provider": "provider[\"registry.terraform.io/hashicorp/aws\"]",
      "instances": [
        {
          "schema_version": 0,
          "attributes": {
            "architectures": [
              "arm64"
            ],
            "arn": "arn:aws:lambda:eu-central-1:711348555690:function:back-lambda",
            "code_signing_config_arn": "",
            "dead_letter_config": [],
            "description": "",
            "environment": [],
            "ephemeral_storage": [
              {
                "size": 512
              }
            ],
            "file_system_config": [],
            "filename": null,
            "function_name": "back-lambda",
            "handler": "",
            "id": "back-lambda",
            "image_config": [],
            "image_uri": "711348555690.dkr.ecr.eu-central-1.amazonaws.com/back-repo:latest",
            "invoke_arn": "arn:aws:apigateway:eu-central-1:lambda:path/2015-03-31/functions/arn:aws:lambda:eu-central-1:711348555690:function:back-lambda/invocations",
            "kms_key_arn": "",
            "last_modified": "2024-01-24T09:19:09.000+0000",
            "layers": [],
            "logging_config": [
              {
                "application_log_level": "INFO",
                "log_format": "JSON",
                "log_group": "/aws/lambda/back-lambda",
                "system_log_level": "INFO"
              }
            ],
            "memory_size": 1792,
            "package_type": "Image",
            "publish": false,
            "qualified_arn": "arn:aws:lambda:eu-central-1:711348555690:function:back-lambda:$LATEST",
            "qualified_invoke_arn": "arn:aws:apigateway:eu-central-1:lambda:path/2015-03-31/functions/arn:aws:lambda:eu-central-1:711348555690:function:back-lambda:$LATEST/invocations",
            "replace_security_groups_on_destroy": null,
            "replacement_security_group_ids": null,
            "reserved_concurrent_executions": -1,
            "role": "arn:aws:iam::711348555690:role/lambda-role",
            "runtime": "",
            "s3_bucket": null,
            "s3_key": null,
            "s3_object_version": null,
            "signing_job_arn": "",
            "signing_profile_version_arn": "",
            "skip_destroy": false,
            "snap_start": [],
            "source_code_hash": "f25f0bdc6c7a8384ed41a937fe83ae0acad48764319bec4771ef61a3f8ab4841",
            "source_code_size": 0,
            "tags": {},
            "tags_all": {},
            "timeout": 5,
            "timeouts": null,
            "tracing_config": [
              {
                "mode": "PassThrough"
              }
            ],
            "version": "$LATEST",
            "vpc_config": []
          },
          "sensitive_attributes": [],
          "private": "eyJlMmJmYjczMC1lY2FhLTExZTYtOGY4OC0zNDM2M2JjN2M0YzAiOnsiY3JlYXRlIjo2MDAwMDAwMDAwMDAsImRlbGV0ZSI6NjAwMDAwMDAwMDAwLCJ1cGRhdGUiOjYwMDAwMDAwMDAwMH19",
          "dependencies": [
            "aws_ecr_repository.BackRepo",
            "aws_iam_role.LambdaRole",
            "data.aws_ecr_authorization_token.token",
            "docker_image.BackImage"
          ]
        }
      ]
    },
    {
      "mode": "managed",
      "type": "docker_image",
      "name": "BackImage",
      "provider": "provider[\"registry.terraform.io/kreuzwerker/docker\"]",
      "instances": [
        {
          "schema_version": 0,
          "attributes": {
            "build": [
              {
                "auth_config": [],
                "build_arg": {},
                "build_args": {},
                "build_id": "",
                "cache_from": [],
                "cgroup_parent": "",
                "context": "/home/user/github/cdktf-project/src/back",
                "cpu_period": 0,
                "cpu_quota": 0,
                "cpu_set_cpus": "",
                "cpu_set_mems": "",
                "cpu_shares": 0,
                "dockerfile": "Dockerfile",
                "extra_hosts": [],
                "force_remove": false,
                "isolation": "",
                "label": {},
                "labels": {},
                "memory": 0,
                "memory_swap": 0,
                "network_mode": "",
                "no_cache": false,
                "platform": "",
                "pull_parent": false,
                "remote_context": "",
                "remove": true,
                "security_opt": [],
                "session_id": "",
                "shm_size": 0,
                "squash": false,
                "suppress_output": false,
                "tag": [],
                "target": "",
                "ulimit": [],
                "version": ""
              }
            ],
            "force_remove": null,
            "id": "sha256:d9e54ff0c0935a2beec791e31962ed9a7ef7d9ad19056ee150e6390386e27188711348555690.dkr.ecr.eu-central-1.amazonaws.com/back-repo:latest",
            "image_id": "sha256:d9e54ff0c0935a2beec791e31962ed9a7ef7d9ad19056ee150e6390386e27188",
            "keep_locally": null,
            "name": "711348555690.dkr.ecr.eu-central-1.amazonaws.com/back-repo:latest",
            "platform": "linux/arm64",
            "pull_triggers": null,
            "repo_digest": "711348555690.dkr.ecr.eu-central-1.amazonaws.com/back-repo@sha256:f25f0bdc6c7a8384ed41a937fe83ae0acad48764319bec4771ef61a3f8ab4841",
            "triggers": null
          },
          "sensitive_attributes": [],
          "private": "bnVsbA==",
          "dependencies": [
            "aws_ecr_repository.BackRepo",
            "data.aws_ecr_authorization_token.token"
          ]
        }
      ]
    },
    {
      "mode": "managed",
      "type": "docker_image",
      "name": "FrontImage",
      "provider": "provider[\"registry.terraform.io/kreuzwerker/docker\"]",
      "instances": [
        {
          "schema_version": 0,
          "attributes": {
            "build": [
              {
                "auth_config": [],
                "build_arg": {},
                "build_args": {},
                "build_id": "",
                "cache_from": [],
                "cgroup_parent": "",
                "context": "/home/user/github/cdktf-project/src/front",
                "cpu_period": 0,
                "cpu_quota": 0,
                "cpu_set_cpus": "",
                "cpu_set_mems": "",
                "cpu_shares": 0,
                "dockerfile": "Dockerfile",
                "extra_hosts": [],
                "force_remove": false,
                "isolation": "",
                "label": {},
                "labels": {},
                "memory": 0,
                "memory_swap": 0,
                "network_mode": "",
                "no_cache": false,
                "platform": "",
                "pull_parent": false,
                "remote_context": "",
                "remove": true,
                "security_opt": [],
                "session_id": "",
                "shm_size": 0,
                "squash": false,
                "suppress_output": false,
                "tag": [],
                "target": "",
                "ulimit": [],
                "version": ""
              }
            ],
            "force_remove": null,
            "id": "sha256:c78d471df96f5bf0d4538c961fbbf07e1f790f0d2c2dc8feae2d573d7c44e883711348555690.dkr.ecr.eu-central-1.amazonaws.com/front-repo",
            "image_id": "sha256:c78d471df96f5bf0d4538c961fbbf07e1f790f0d2c2dc8feae2d573d7c44e883",
            "keep_locally": null,
            "name": "711348555690.dkr.ecr.eu-central-1.amazonaws.com/front-repo",
            "platform": "linux/arm64",
            "pull_triggers": null,
            "repo_digest": "711348555690.dkr.ecr.eu-central-1.amazonaws.com/front-repo@sha256:b30c3a220dee33d6bd87ded8c742b08dd68a7f738791ad589dc6f45c71dfd428",
            "triggers": null
          },
          "sensitive_attributes": [],
          "private": "bnVsbA==",
          "dependencies": [
            "aws_ecr_repository.FrontRepo",
            "data.aws_ecr_authorization_token.token"
          ]
        }
      ]
    },
    {
      "mode": "managed",
      "type": "docker_registry_image",
      "name": "BackUpload",
      "provider": "provider[\"registry.terraform.io/kreuzwerker/docker\"]",
      "instances": [
        {
          "schema_version": 0,
          "attributes": {
            "id": "sha256:f25f0bdc6c7a8384ed41a937fe83ae0acad48764319bec4771ef61a3f8ab4841",
            "insecure_skip_verify": false,
            "keep_remotely": false,
            "name": "711348555690.dkr.ecr.eu-central-1.amazonaws.com/back-repo:latest",
            "sha256_digest": "sha256:f25f0bdc6c7a8384ed41a937fe83ae0acad48764319bec4771ef61a3f8ab4841",
            "triggers": null
          },
          "sensitive_attributes": [],
          "private": "bnVsbA==",
          "dependencies": [
            "aws_ecr_repository.BackRepo",
            "data.aws_ecr_authorization_token.token",
            "docker_image.BackImage"
          ]
        }
      ]
    },
    {
      "mode": "managed",
      "type": "docker_registry_image",
      "name": "FrontUpload",
      "provider": "provider[\"registry.terraform.io/kreuzwerker/docker\"]",
      "instances": [
        {
          "schema_version": 0,
          "attributes": {
            "id": "sha256:b30c3a220dee33d6bd87ded8c742b08dd68a7f738791ad589dc6f45c71dfd428",
            "insecure_skip_verify": false,
            "keep_remotely": false,
            "name": "711348555690.dkr.ecr.eu-central-1.amazonaws.com/front-repo",
            "sha256_digest": "sha256:b30c3a220dee33d6bd87ded8c742b08dd68a7f738791ad589dc6f45c71dfd428",
            "triggers": null
          },
          "sensitive_attributes": [],
          "private": "bnVsbA==",
          "dependencies": [
            "aws_ecr_repository.FrontRepo",
            "data.aws_ecr_authorization_token.token",
            "docker_image.FrontImage"
          ]
        }
      ]
    }
  ],
  "check_results": null
}
