{
  "version": 4,
  "terraform_version": "1.7.0",
  "serial": 38,
  "lineage": "a595879c-8348-d326-a097-97e4ec7507b9",
  "outputs": {},
  "resources": [
    {
      "mode": "data",
      "type": "aws_ecr_authorization_token",
      "name": "token",
      "provider": "provider[\"registry.terraform.io/hashicorp/aws\"]",
      "instances": [
        {
          "schema_version": 0,
          "attributes": {
            "authorization_token": "QVdTOmV5SndZWGxzYjJGa0lqb2lNemRHUlU5MlIxbFFWa2hYWlZCVmExTkNibE5YY0dOM2RUaFJiWGszU0RCdmJGcERjbk5hZG01UVQwSkdWVWhXVWpKMVNXTXliV0U1Y2pnd1ZIUmtVbGxvV20xYWMyMW5RbEJWYlVoaVQzZHFLMUJQWjBWRk5DdEpWRmx6Y1RWbmFHZzBhbWRIU0ZsUWJEaFVhek5aVkhWVlEzUTBaSGRxZDNweVdtMDJTVWx4Y0M5SFRsSkZSR1pYWms5YU1VMUVORk5DUjBOaFIzSmtlRlpqYURWb1FuTkxMMHBKZEhsMUsyWndUQ3Q2VGpSdFNEZG5hRVZoY1hVeVRYRjJZMGxKVEdkamMyWldibFpEYjBjMloxUjRTRFpVZDJkT1VVdGlaVXB1UzJ0T2VFeEVTM2RoWkRKeUszVTFlVU4zYzNwUk1HcGlabm9yYWprMVNURnNVemN2UTAxTWNWWk5SUzlaWkVobFZTOVZNVE56ZW1ZelNHUmtUWEJuVjNKR0t6aEhOSEYwV0ZwdFRHUndLMWxNTlhVM05FVTBRMWMzUVU1elpIUk1XRTV2Wm1oWlNFNTNRVmwxWm5JM2NrZHBlVTh6U3pjeldTOVFOWEV3UkZvM1NHZENTWEJUZW1GWWNqWnhjbTR3VkhJMlExWlJlbFpSTkVjMVpFaHRZa0l6ZEhOdmFUSnROMlkyUW5FcldHZFFWWFJDYlZSWEt6aHpSM296WlcwelRtbHNhMDlETlhveWFIVnpNM05yYjNsaE1VTlFTMWRrU2taTGMxUXhkVFpKVDI1RFpXRTBVell5Y0VNNGRWY3ZOSEk1YTFKRVYzZElaVUlyUWxSWFNGSnJkMlpJTUdReldYSlBkREo0ZEVoNlluRmxPVFUxWVVGaGJWbEJTMHhKWmpaSWNua3ZZVVpZVFcxdGVETjVhR1pKWW1KTVpFMTJkMmhXWmtWcGRqZFpOalpGUTBRclMybzFhMHdyY0ZWalMxYzJXVGxYUzNJMmIwMHlZVzU0VUU5WGRWTkdRMlZ0V2tNM1ZIazJlVmhGVjNKR09HaE9UMlozT1RJNGNsQmFhak5DYUhwalNHaE1URVF3YVhka0wxZHljM0pzZDJVNFNrMTVjRlJqVTBjd1pVNWpaV1p4VlVsVmQzZFBVR0ZoVWxWaU1XRk5Xa1JxTTNkcVoxY3hNRzVNTUZCd1FURTFlVGRvZW05YVp6aGFla3BRYkM5RGJVSkliMVkyUTNKcVNXeFJVVmxNWWs1Ulp6WjBXVVZ0TVVjMFFWRjNTMGM0UTFOMmFEUkNVRVJTUzJWa09XZENRMUl6U1ZCU1ExTlZSRFJMU1hwS1ZYaENjM3BsTDBSWWJ6aENZM1Z4ZWtkc1ZGTlNVRVZIVGpoRE9GQndSbmR0TDJWVWNqVXdWU3RZZUhabmRtcHJhSFZWZWtocmJVWTNTMHhaZEVGcFYycEdZU3N6T1RWMFVGRkZjWGN6TDFvMGJucG1XV1pVVWxOdVpFWnJjWHBrUTBadVkzSnlTVkYzVldWNUsxVnpLMDVGSzBrdlEwczRibGhvYjB4YVdTOTVXRlptWkRsUWN6WnJkbFpuT0dZeFoxTkJjVWx1VkZSWFFrTmlUVTVSZVRnelQxWlVWVTVLYjBoSVRHOXdNeTlyUjBVeU5IbFZiR1JtWVhaSWNUVmtjRlJNU1ZZMFpXbzVRWFpwTTJOeFdWTXpTMlJwYlZGaVpIaHZSVkZKTURWTk5FdFJjM1IwTlhSU1FWbExkM014TWpCdE9VeFdVWGhtY0VoMVZrMVdhMjFyZWpZeU5taHhiM1kxTW1RM1dYWkNLM05CT0N0cldVWTNWRTlWV0VoUU4xVlhOaThyTmxkMlduQjNjRWRMVTI4d2JrWTNlRWhsUkhwQ1VUVmliMDFoYVhSMVZ6SnpUMjg0WWt4VU5XbFBZVTlIUmpZNGRreFNZbVZpU3pFdldtWXdkR0VyVkRST04yaFdUa3B6TDBscGJtVmpSbkk1UmtGaVpEbGllVnAwTlROVFRqSlZPRlZXWkZwTVNFVXlhRmhpZEVveGRrTklUM1ZUT1ZoeGVXOWpUV3c0WmpSRWIwOW9UMnRUTVZScVdGRkljV3RzVEVWWFpIWkhLME5wVkRSNGRHaFViejBpTENKa1lYUmhhMlY1SWpvaVFWRkZRa0ZJYURONldVOWtkSEJDUWxOV2R5OVpNbUZ1T0VKWVNVUTBhM2RNVVdadWIxUnFOWHAzV25SSFNscHZXbEZCUVVGSU5IZG1RVmxLUzI5YVNXaDJZMDVCVVdOSGIwYzRkMkpSU1VKQlJFSnZRbWRyY1docmFVYzVkekJDUW5kRmQwaG5XVXBaU1ZwSlFWZFZSRUpCUlhWTlFrVkZSRWR1VEVkUlRFMDJWRmRXVFhWVFRqaEJTVUpGU1VFM00zbEZVemhLYzJ0bGRIaENNMVpaTUd0MVMxWjBSR2xFZWk5UGFUaFBVRFl4WTJaMEsybHBVRVpoY1RGV2JDdFVkbEpDY1hKUVREUm9Ta3c0Ym1Oc1ZqQXJabkJHY1dseFFtTnVPRUZ0UlQwaUxDSjJaWEp6YVc5dUlqb2lNaUlzSW5SNWNHVWlPaUpFUVZSQlgwdEZXU0lzSW1WNGNHbHlZWFJwYjI0aU9qRTNNRFl3T0RBek5qbDk=",
            "expires_at": "2024-01-24T07:12:49Z",
            "id": "eu-central-1",
            "password": "eyJwYXlsb2FkIjoiMzdGRU92R1lQVkhXZVBVa1NCblNXcGN3dThRbXk3SDBvbFpDcnNadm5QT0JGVUhWUjJ1SWMybWE5cjgwVHRkUlloWm1ac21nQlBVbUhiT3dqK1BPZ0VFNCtJVFlzcTVnaGg0amdHSFlQbDhUazNZVHVVQ3Q0ZHdqd3pyWm02SUlxcC9HTlJFRGZXZk9aMU1ENFNCR0NhR3JkeFZjaDVoQnNLL0pJdHl1K2ZwTCt6TjRtSDdnaEVhcXUyTXF2Y0lJTGdjc2ZWblZDb0c2Z1R4SDZUd2dOUUtiZUpuS2tOeExES3dhZDJyK3U1eUN3c3pRMGpiZnorajk1STFsUzcvQ01McVZNRS9ZZEhlVS9VMTNzemYzSGRkTXBnV3JGKzhHNHF0WFptTGRwK1lMNXU3NEU0Q1c3QU5zZHRMWE5vZmhZSE53QVl1ZnI3ckdpeU8zSzczWS9QNXEwRFo3SGdCSXBTemFYcjZxcm4wVHI2Q1ZRelZRNEc1ZEhtYkIzdHNvaTJtN2Y2QnErWGdQVXRCbVRXKzhzR3ozZW0zTmlsa09DNXoyaHVzM3Nrb3lhMUNQS1dkSkZLc1QxdTZJT25DZWE0UzYycEM4dVcvNHI5a1JEV3dIZUIrQlRXSFJrd2ZIMGQzWXJPdDJ4dEh6YnFlOTU1YUFhbVlBS0xJZjZIcnkvYUZYTW1teDN5aGZJYmJMZE12d2hWZkVpdjdZNjZFQ0QrS2o1a0wrcFVjS1c2WTlXS3I2b00yYW54UE9XdVNGQ2VtWkM3VHk2eVhFV3JGOGhOT2Z3OTI4clBaajNCaHpjSGhMTEQwaXdkL1dyc3Jsd2U4Sk15cFRjU0cwZU5jZWZxVUlVd3dPUGFhUlViMWFNWkRqM3dqZ1cxMG5MMFBwQTE1eTdoem9aZzhaekpQbC9DbUJIb1Y2Q3JqSWxRUVlMYk5RZzZ0WUVtMUc0QVF3S0c4Q1N2aDRCUERSS2VkOWdCQ1IzSVBSQ1NVRDRLSXpKVXhCc3plL0RYbzhCY3VxekdsVFNSUEVHTjhDOFBwRndtL2VUcjUwVStYeHZndmpraHVVekhrbUY3S0xZdEFpV2pGYSszOTV0UFFFcXczL1o0bnpmWWZUUlNuZEZrcXpkQ0ZuY3JySVF3VWV5K1VzK05FK0kvQ0s4blhob0xaWS95WFZmZDlQczZrdlZnOGYxZ1NBcUluVFRXQkNiTU5ReTgzT1ZUVU5Kb0hITG9wMy9rR0UyNHlVbGRmYXZIcTVkcFRMSVY0ZWo5QXZpM2NxWVMzS2RpbVFiZHhvRVFJMDVNNEtRc3R0NXRSQVlLd3MxMjBtOUxWUXhmcEh1Vk1Wa21rejYyNmhxb3Y1MmQ3WXZCK3NBOCtrWUY3VE9VWEhQN1VXNi8rNld2WnB3cEdLU28wbkY3eEhlRHpCUTVib01haXR1VzJzT284YkxUNWlPYU9HRjY4dkxSYmViSzEvWmYwdGErVDRON2hWTkpzL0lpbmVjRnI5RkFiZDlieVp0NTNTTjJVOFVWZFpMSEUyaFhidEoxdkNIT3VTOVhxeW9jTWw4ZjREb09oT2tTMVRqWFFIcWtsTEVXZHZHK0NpVDR4dGhUbz0iLCJkYXRha2V5IjoiQVFFQkFIaDN6WU9kdHBCQlNWdy9ZMmFuOEJYSUQ0a3dMUWZub1RqNXp3WnRHSlpvWlFBQUFINHdmQVlKS29aSWh2Y05BUWNHb0c4d2JRSUJBREJvQmdrcWhraUc5dzBCQndFd0hnWUpZSVpJQVdVREJBRXVNQkVFREduTEdRTE02VFdWTXVTTjhBSUJFSUE3M3lFUzhKc2tldHhCM1ZZMGt1S1Z0RGlEei9PaThPUDYxY2Z0K2lpUEZhcTFWbCtUdlJCcXJQTDRoSkw4bmNsVjArZnBGcWlxQmNuOEFtRT0iLCJ2ZXJzaW9uIjoiMiIsInR5cGUiOiJEQVRBX0tFWSIsImV4cGlyYXRpb24iOjE3MDYwODAzNjl9",
            "proxy_endpoint": "https://711348555690.dkr.ecr.eu-central-1.amazonaws.com",
            "registry_id": null,
            "user_name": "AWS"
          },
          "sensitive_attributes": []
        }
      ]
    },
    {
      "mode": "managed",
      "type": "aws_ecr_repository",
      "name": "back-repo",
      "provider": "provider[\"registry.terraform.io/hashicorp/aws\"]",
      "instances": [
        {
          "schema_version": 0,
          "attributes": {
            "arn": "arn:aws:ecr:eu-central-1:711348555690:repository/back-repo",
            "encryption_configuration": [
              {
                "encryption_type": "AES256",
                "kms_key": ""
              }
            ],
            "force_delete": null,
            "id": "back-repo",
            "image_scanning_configuration": [
              {
                "scan_on_push": false
              }
            ],
            "image_tag_mutability": "MUTABLE",
            "name": "back-repo",
            "registry_id": "711348555690",
            "repository_url": "711348555690.dkr.ecr.eu-central-1.amazonaws.com/back-repo",
            "tags": null,
            "tags_all": {},
            "timeouts": null
          },
          "sensitive_attributes": [],
          "private": "eyJlMmJmYjczMC1lY2FhLTExZTYtOGY4OC0zNDM2M2JjN2M0YzAiOnsiZGVsZXRlIjoxMjAwMDAwMDAwMDAwfX0="
        }
      ]
    },
    {
      "mode": "managed",
      "type": "aws_ecr_repository",
      "name": "front-repo",
      "provider": "provider[\"registry.terraform.io/hashicorp/aws\"]",
      "instances": [
        {
          "schema_version": 0,
          "attributes": {
            "arn": "arn:aws:ecr:eu-central-1:711348555690:repository/front-repo",
            "encryption_configuration": [
              {
                "encryption_type": "AES256",
                "kms_key": ""
              }
            ],
            "force_delete": null,
            "id": "front-repo",
            "image_scanning_configuration": [
              {
                "scan_on_push": false
              }
            ],
            "image_tag_mutability": "MUTABLE",
            "name": "front-repo",
            "registry_id": "711348555690",
            "repository_url": "711348555690.dkr.ecr.eu-central-1.amazonaws.com/front-repo",
            "tags": null,
            "tags_all": {},
            "timeouts": null
          },
          "sensitive_attributes": [],
          "private": "eyJlMmJmYjczMC1lY2FhLTExZTYtOGY4OC0zNDM2M2JjN2M0YzAiOnsiZGVsZXRlIjoxMjAwMDAwMDAwMDAwfX0="
        }
      ]
    },
    {
      "mode": "managed",
      "type": "docker_image",
      "name": "back-image",
      "provider": "provider[\"registry.terraform.io/kreuzwerker/docker\"]",
      "instances": [
        {
          "schema_version": 0,
          "attributes": {
            "build": [
              {
                "auth_config": [],
                "build_arg": null,
                "build_args": null,
                "build_id": "",
                "cache_from": [],
                "cgroup_parent": "",
                "context": "/home/user/github/cdktf-project/src/back",
                "cpu_period": null,
                "cpu_quota": null,
                "cpu_set_cpus": "",
                "cpu_set_mems": "",
                "cpu_shares": null,
                "dockerfile": "Dockerfile",
                "extra_hosts": [],
                "force_remove": null,
                "isolation": "",
                "label": null,
                "labels": null,
                "memory": null,
                "memory_swap": null,
                "network_mode": "",
                "no_cache": null,
                "platform": "",
                "pull_parent": null,
                "remote_context": "",
                "remove": true,
                "security_opt": [],
                "session_id": "",
                "shm_size": null,
                "squash": null,
                "suppress_output": null,
                "tag": [],
                "target": "",
                "ulimit": [],
                "version": ""
              }
            ],
            "force_remove": null,
            "id": "sha256:d9e54ff0c0935a2beec791e31962ed9a7ef7d9ad19056ee150e6390386e27188711348555690.dkr.ecr.eu-central-1.amazonaws.com/back-repo",
            "image_id": "sha256:d9e54ff0c0935a2beec791e31962ed9a7ef7d9ad19056ee150e6390386e27188",
            "keep_locally": null,
            "name": "711348555690.dkr.ecr.eu-central-1.amazonaws.com/back-repo",
            "platform": "linux/arm64",
            "pull_triggers": null,
            "repo_digest": "",
            "triggers": null
          },
          "sensitive_attributes": [],
          "private": "bnVsbA==",
          "dependencies": [
            "aws_ecr_repository.back-repo",
            "data.aws_ecr_authorization_token.token"
          ]
        }
      ]
    },
    {
      "mode": "managed",
      "type": "docker_image",
      "name": "front-image",
      "provider": "provider[\"registry.terraform.io/kreuzwerker/docker\"]",
      "instances": [
        {
          "schema_version": 0,
          "attributes": {
            "build": [
              {
                "auth_config": [],
                "build_arg": null,
                "build_args": null,
                "build_id": "",
                "cache_from": [],
                "cgroup_parent": "",
                "context": "/home/user/github/cdktf-project/src/front",
                "cpu_period": null,
                "cpu_quota": null,
                "cpu_set_cpus": "",
                "cpu_set_mems": "",
                "cpu_shares": null,
                "dockerfile": "Dockerfile",
                "extra_hosts": [],
                "force_remove": null,
                "isolation": "",
                "label": null,
                "labels": null,
                "memory": null,
                "memory_swap": null,
                "network_mode": "",
                "no_cache": null,
                "platform": "",
                "pull_parent": null,
                "remote_context": "",
                "remove": true,
                "security_opt": [],
                "session_id": "",
                "shm_size": null,
                "squash": null,
                "suppress_output": null,
                "tag": [],
                "target": "",
                "ulimit": [],
                "version": ""
              }
            ],
            "force_remove": null,
            "id": "sha256:c78d471df96f5bf0d4538c961fbbf07e1f790f0d2c2dc8feae2d573d7c44e883711348555690.dkr.ecr.eu-central-1.amazonaws.com/front-repo",
            "image_id": "sha256:c78d471df96f5bf0d4538c961fbbf07e1f790f0d2c2dc8feae2d573d7c44e883",
            "keep_locally": null,
            "name": "711348555690.dkr.ecr.eu-central-1.amazonaws.com/front-repo",
            "platform": "linux/arm64",
            "pull_triggers": null,
            "repo_digest": "",
            "triggers": null
          },
          "sensitive_attributes": [],
          "private": "bnVsbA==",
          "dependencies": [
            "aws_ecr_repository.front-repo",
            "data.aws_ecr_authorization_token.token"
          ]
        }
      ]
    },
    {
      "mode": "managed",
      "type": "docker_registry_image",
      "name": "back-upload",
      "provider": "provider[\"registry.terraform.io/kreuzwerker/docker\"]",
      "instances": [
        {
          "schema_version": 0,
          "attributes": {
            "id": "sha256:f25f0bdc6c7a8384ed41a937fe83ae0acad48764319bec4771ef61a3f8ab4841",
            "insecure_skip_verify": false,
            "keep_remotely": false,
            "name": "711348555690.dkr.ecr.eu-central-1.amazonaws.com/back-repo",
            "sha256_digest": "sha256:f25f0bdc6c7a8384ed41a937fe83ae0acad48764319bec4771ef61a3f8ab4841",
            "triggers": null
          },
          "sensitive_attributes": [],
          "private": "bnVsbA==",
          "dependencies": [
            "aws_ecr_repository.back-repo",
            "data.aws_ecr_authorization_token.token",
            "docker_image.back-image"
          ]
        }
      ]
    },
    {
      "mode": "managed",
      "type": "docker_registry_image",
      "name": "front-upload",
      "provider": "provider[\"registry.terraform.io/kreuzwerker/docker\"]",
      "instances": [
        {
          "schema_version": 0,
          "attributes": {
            "id": "sha256:b30c3a220dee33d6bd87ded8c742b08dd68a7f738791ad589dc6f45c71dfd428",
            "insecure_skip_verify": false,
            "keep_remotely": false,
            "name": "711348555690.dkr.ecr.eu-central-1.amazonaws.com/front-repo",
            "sha256_digest": "sha256:b30c3a220dee33d6bd87ded8c742b08dd68a7f738791ad589dc6f45c71dfd428",
            "triggers": null
          },
          "sensitive_attributes": [],
          "private": "bnVsbA==",
          "dependencies": [
            "aws_ecr_repository.front-repo",
            "data.aws_ecr_authorization_token.token",
            "docker_image.front-image"
          ]
        }
      ]
    }
  ],
  "check_results": null
}
