{
  "version": 4,
  "terraform_version": "1.7.1",
  "serial": 891,
  "lineage": "a595879c-8348-d326-a097-97e4ec7507b9",
  "outputs": {},
  "resources": [
    {
      "mode": "data",
      "type": "aws_ecr_authorization_token",
      "name": "token",
      "provider": "provider[\"registry.terraform.io/hashicorp/aws\"]",
      "instances": [
        {
          "schema_version": 0,
          "attributes": {
            "authorization_token": "QVdTOmV5SndZWGxzYjJGa0lqb2laMFp6ZERJeVFXZzFORWhDU1V0R2IxRnRaRVJsY1hjMmJDdFRWbGRVUWtSNGRsaFJia053V0VONE9UZG1TMk53Y1RsaVdHMU5NMjlDVkd0bWJrVnBNa3hDVERGVU5FWjJOR2s1ZFU5cmRIUlhjV2d3Wm1OWlQwWnpWV2t4ZUhkdE5rMHlhbmcyWlZReFpXMVhVblZDWWtKR1JESTJaV2cwU1VwblkxazBaVGRzTmpGUVUwRmxTMDQzTVZkVFkzcHhVa1p6WkRsNGVucFVWVmxJYnpKTFUwSjJSbTFMTTBkdVNsaE1lV3hwWnpCMVpuQkNUSFpMUzNGT01GSllNRTU2WkRCU01XVlROV0ZUYkZBNGFuZGhWM2hVZVc5eGNVcEJZa0ZUTm5Cb1dXSnFlRFJSS3pSdU1EZDRaV2xwY0RRek15dFlVMWx2WkVGU2RqQjZSR1pEZURsUFVFWXZNbWN3ZFZwdFVrWlhiME5JTkhSdVRqUm1TbWhxTHpSRlMwbzNNR1VyU0ZWTWFFbENjMjFoT0c1UUwySlNka0psYTBoaFEwVk1LM012TTNVMVYwVm9SMGRPVmtkeU9IRTVaMGx1YUhaU1MzWjBOM1l3VmtFNGRXTlBZbXhUTUUxR05rOWFSMU5zV2tWUFpGZ3JNMEpVTVRFMkwzTk5RelJYYUVzM05tVjFORlpxU21OTmFURnROazFrV1c1S01YaDZORTVxY1UxS2VGRnVXWFJFYW1sSWEycEdjM2wxWjJGd1NqTk9lR2xwY2tVelRUbHFZVzF5YVRKcE9FVm1ibVpzVEd4c2JEWjVTbEJ3VkN0Q1VFUXljMmxUU25wTFMzZGxVVmhoYTFsRFVGUm9WVTVvWjI4dmFtaFhUMUZwTWxCRGVFaGhTRm81VWpCV09XZHNNM0pyU1RGWFdqWmlXbGcyUWsxVGNWUnhjMUYyUms1eGJIcGxRMjlTYkV0cE9FMVlkM1JpYXpGTVZqazVjMUUzYlZjek1uQm5ZMDFKWkV0eWRISjBWVXhDTnpWemNsTllOVlJ1UkVNMlNITTVUeXRhTmxRd1ZtVkJSRWRJYzFkbGJVSklORGxyTWtKVVZUVnZNMFZ4VFdsMlVEWXhTMkUwYUdkMWVXVXdhSEJ4UzB3eVFraGFNR3BFTVVOaWRuWnpOSFJ5TUdKU1VGWlNlRmxPV25GaGVUbFJLMUJLWjFKQlNEWkxNV3B3Y1dkTlpVZG1iWGRMZHl0dmVtNUxXRllyUlhrM2JVOUhVMmRqTVhOSVMwdFdXRnBuUzJ3clowRldVbU5SVERaelNuZzJVbm8wTUN0RVRYSjRaR04wYkdRMEsxcHZOVUp6ZGxRd1psQlRkM1V5T1c1cEsweEhSRlF5ZDBvek1VUkpWbm94Y21wTFUyMTZMM3BSZEV0elRsSlpkelJVUTBwMU0yaDRaVzVCWmpjMlFrVnlXVFJRTlN0aVUyOW5XR1ZhVkZWVGJXRkJWbGhuTjJoeU5HOVhVeTlTV2tKNU1uSlVXWFZOU0drd01HcEdiRXhYTldkM2VURkxabEZ0V2xsaWJucFRkMDk2WVVOSGRtdHZRM3B0TjBNNWFuQnZka1oxVmxoUFJHOXdaV1prUjIweVdsRlJka2xETkRKd1IxSTRZMlZZUlU1VllYVmhkMEpxUjJaTGJHZG9hbkoyYVU5VmFWcG9NRWN3UkRFM1dub3haRmRPUVVwYWFuUXphbEF2U25SMU1HZ3hRVkZWT0dsekwxQnhaRXRsUlVGR2JsaEliVWRsYVN0V00zRnVSekpIYWtKbU1TdFhMMGw1ZDJVeVRrcENUbmt2YVc5aWNHZG9kVzFpYzBVNWRYVlRjbGQyZEdrd2RtOUphQzlsYUhGdFdrazFWR28zU21wUFZubFNUMlUxZWpVdlYzSkVPVXRITVM5UloyNTJPVFF5U3pRNFlWQk5lREpOU0ZoS1NIaEVjMHBRYWk5TlJWb3JjbGhJV0VwSVRsRjFURE0yUVdOelVTSXNJbVJoZEdGclpYa2lPaUpCVVVWQ1FVaG9NM3BaVDJSMGNFSkNVMVozTDFreVlXNDRRbGhKUkRScmQweFJabTV2VkdvMWVuZGFkRWRLV205YVVVRkJRVWcwZDJaQldVcExiMXBKYUhaalRrRlJZMGR2UnpoM1lsRkpRa0ZFUW05Q1oydHhhR3RwUnpsM01FSkNkMFYzU0dkWlNsbEpXa2xCVjFWRVFrRkZkVTFDUlVWRVJraHJNMGR6THpWSWJFRkpWekJqTldkSlFrVkpRVGR3Tm5vM2JYb3haa2RWUWpFMlVHeHhlVFJqYUc4NE0zbEhVbWRYTlhaeVRWRnpVamRLYVdSR2FGVkxXR3RDYWtkcmJYWkhSRlJrYWpCdVV6aHNNMFIwTVc1RFMxTkJSWEpqUjBsS2FVbG5QU0lzSW5abGNuTnBiMjRpT2lJeUlpd2lkSGx3WlNJNklrUkJWRUZmUzBWWklpd2laWGh3YVhKaGRHbHZiaUk2TVRjd05qY3dNemM0T0gwPQ==",
            "expires_at": "2024-01-31T12:23:08Z",
            "id": "eu-central-1",
            "password": "eyJwYXlsb2FkIjoiZ0ZzdDIyQWg1NEhCSUtGb1FtZERlcXc2bCtTVldUQkR4dlhRbkNwWEN4OTdmS2NwcTliWG1NM29CVGtmbkVpMkxCTDFUNEZ2NGk5dU9rdHRXcWgwZmNZT0ZzVWkxeHdtNk0yang2ZVQxZW1XUnVCYkJGRDI2ZWg0SUpnY1k0ZTdsNjFQU0FlS043MVdTY3pxUkZzZDl4enpUVVlIbzJLU0J2Rm1LM0duSlhMeWxpZzB1ZnBCTHZLS3FOMFJYME56ZDBSMWVTNWFTbFA4andhV3hUeW9xcUpBYkFTNnBoWWJqeDRRKzRuMDd4ZWlpcDQzMytYU1lvZEFSdjB6RGZDeDlPUEYvMmcwdVptUkZXb0NINHRuTjRmSmhqLzRFS0o3MGUrSFVMaElCc21hOG5QL2JSdkJla0hhQ0VMK3MvM3U1V0VoR0dOVkdyOHE5Z0luaHZSS3Z0N3YwVkE4dWNPYmxTME1GNk9aR1NsWkVPZFgrM0JUMTE2L3NNQzRXaEs3NmV1NFZqSmNNaTFtNk1kWW5KMXh6NE5qcU1KeFFuWXREamlIa2pGc3l1Z2FwSjNOeGlpckUzTTlqYW1yaTJpOEVmbmZsTGxsbDZ5SlBwVCtCUEQyc2lTSnpLS3dlUVhha1lDUFRoVU5oZ28vamhXT1FpMlBDeEhhSFo5UjBWOWdsM3JrSTFXWjZiWlg2Qk1TcVRxc1F2Rk5xbHplQ29SbEtpOE1Yd3RiazFMVjk5c1E3bVczMnBnY01JZEtydHJ0VUxCNzVzclNYNVRuREM2SHM5TytaNlQwVmVBREdIc1dlbUJINDlrMkJUVTVvM0VxTWl2UDYxS2E0aGd1eWUwaHBxS0wyQkhaMGpEMUNidnZzNHRyMGJSUFZSeFlOWnFheTlRK1BKZ1JBSDZLMWpwcWdNZUdmbXdLdytvem5LWFYrRXk3bU9HU2djMXNIS0tWWFpnS2wrZ0FWUmNRTDZzSng2Uno0MCtETXJ4ZGN0bGQ0K1pvNUJzdlQwZlBTd3UyOW5pK0xHRFQyd0ozMURJVnoxcmpLU216L3pRdEtzTlJZdzRUQ0p1M2h4ZW5BZjc2QkVyWTRQNStiU29nWGVaVFVTbWFBVlhnN2hyNG9XUy9SWkJ5MnJUWXVNSGkwMGpGbExXNWd3eTFLZlFtWllibnpTd096YUNHdmtvQ3ptN0M5anBvdkZ1VlhPRG9wZWZkR20yWlFRdklDNDJwR1I4Y2VYRU5VYXVhd0JqR2ZLbGdoanJ2aU9VaVpoMEcwRDE3WnoxZFdOQUpaanQzalAvSnR1MGgxQVFVOGlzL1BxZEtlRUFGblhIbUdlaStWM3FuRzJHakJmMStXL0l5d2UyTkpCTnkvaW9icGdodW1ic0U5dXVTcld2dGkwdm9JaC9laHFtWkk1VGo3SmpPVnlST2U1ejUvV3JEOUtHMS9RZ252OTQySzQ4YVBNeDJNSFhKSHhEc0pQai9NRVorclhIWEpITlF1TDM2QWNzUSIsImRhdGFrZXkiOiJBUUVCQUhoM3pZT2R0cEJCU1Z3L1kyYW44QlhJRDRrd0xRZm5vVGo1endadEdKWm9aUUFBQUg0d2ZBWUpLb1pJaHZjTkFRY0dvRzh3YlFJQkFEQm9CZ2txaGtpRzl3MEJCd0V3SGdZSllJWklBV1VEQkFFdU1CRUVERkhrM0dzLzVIbEFJVzBjNWdJQkVJQTdwNno3bXoxZkdVQjE2UGxxeTRjaG84M3lHUmdXNXZyTVFzUjdKaWRGaFVLWGtCakdrbXZHRFRkajBuUzhsM0R0MW5DS1NBRXJjR0lKaUlnPSIsInZlcnNpb24iOiIyIiwidHlwZSI6IkRBVEFfS0VZIiwiZXhwaXJhdGlvbiI6MTcwNjcwMzc4OH0=",
            "proxy_endpoint": "https://711348555690.dkr.ecr.eu-central-1.amazonaws.com",
            "registry_id": null,
            "user_name": "AWS"
          },
          "sensitive_attributes": []
        }
      ]
    },
    {
      "mode": "managed",
      "type": "aws_ecr_repository",
      "name": "BackRepo",
      "provider": "provider[\"registry.terraform.io/hashicorp/aws\"]",
      "instances": [
        {
          "schema_version": 0,
          "attributes": {
            "arn": "arn:aws:ecr:eu-central-1:711348555690:repository/back-repo",
            "encryption_configuration": [
              {
                "encryption_type": "AES256",
                "kms_key": ""
              }
            ],
            "force_delete": null,
            "id": "back-repo",
            "image_scanning_configuration": [
              {
                "scan_on_push": false
              }
            ],
            "image_tag_mutability": "MUTABLE",
            "name": "back-repo",
            "registry_id": "711348555690",
            "repository_url": "711348555690.dkr.ecr.eu-central-1.amazonaws.com/back-repo",
            "tags": {},
            "tags_all": {},
            "timeouts": null
          },
          "sensitive_attributes": [],
          "private": "eyJlMmJmYjczMC1lY2FhLTExZTYtOGY4OC0zNDM2M2JjN2M0YzAiOnsiZGVsZXRlIjoxMjAwMDAwMDAwMDAwfX0="
        }
      ]
    },
    {
      "mode": "managed",
      "type": "aws_ecr_repository",
      "name": "FrontRepo",
      "provider": "provider[\"registry.terraform.io/hashicorp/aws\"]",
      "instances": [
        {
          "schema_version": 0,
          "attributes": {
            "arn": "arn:aws:ecr:eu-central-1:711348555690:repository/front-repo",
            "encryption_configuration": [
              {
                "encryption_type": "AES256",
                "kms_key": ""
              }
            ],
            "force_delete": null,
            "id": "front-repo",
            "image_scanning_configuration": [
              {
                "scan_on_push": false
              }
            ],
            "image_tag_mutability": "MUTABLE",
            "name": "front-repo",
            "registry_id": "711348555690",
            "repository_url": "711348555690.dkr.ecr.eu-central-1.amazonaws.com/front-repo",
            "tags": {},
            "tags_all": {},
            "timeouts": null
          },
          "sensitive_attributes": [],
          "private": "eyJlMmJmYjczMC1lY2FhLTExZTYtOGY4OC0zNDM2M2JjN2M0YzAiOnsiZGVsZXRlIjoxMjAwMDAwMDAwMDAwfX0="
        }
      ]
    },
    {
      "mode": "managed",
      "type": "aws_iam_role",
      "name": "LambdaRole",
      "provider": "provider[\"registry.terraform.io/hashicorp/aws\"]",
      "instances": [
        {
          "schema_version": 0,
          "attributes": {
            "arn": "arn:aws:iam::711348555690:role/lambda-role",
            "assume_role_policy": "{\"Statement\":[{\"Action\":\"sts:AssumeRole\",\"Effect\":\"Allow\",\"Principal\":{\"Service\":\"lambda.amazonaws.com\"}}],\"Version\":\"2012-10-17\"}",
            "create_date": "2024-01-30T22:25:40Z",
            "description": "",
            "force_detach_policies": false,
            "id": "lambda-role",
            "inline_policy": [],
            "managed_policy_arns": [
              "arn:aws:iam::aws:policy/service-role/AWSLambdaBasicExecutionRole"
            ],
            "max_session_duration": 3600,
            "name": "lambda-role",
            "name_prefix": "",
            "path": "/",
            "permissions_boundary": "",
            "tags": {},
            "tags_all": {},
            "unique_id": "AROA2LH5NR6VCUAHOXDHO"
          },
          "sensitive_attributes": [],
          "private": "bnVsbA=="
        }
      ]
    },
    {
      "mode": "managed",
      "type": "aws_iam_role_policy_attachment",
      "name": "LambdaExecPolicyAttachment",
      "provider": "provider[\"registry.terraform.io/hashicorp/aws\"]",
      "instances": [
        {
          "schema_version": 0,
          "attributes": {
            "id": "lambda-role-20240130222541045000000001",
            "policy_arn": "arn:aws:iam::aws:policy/service-role/AWSLambdaBasicExecutionRole",
            "role": "lambda-role"
          },
          "sensitive_attributes": [],
          "private": "bnVsbA==",
          "dependencies": [
            "aws_iam_role.LambdaRole"
          ]
        }
      ]
    },
    {
      "mode": "managed",
      "type": "aws_lambda_function",
      "name": "BackLambda",
      "provider": "provider[\"registry.terraform.io/hashicorp/aws\"]",
      "instances": [
        {
          "schema_version": 0,
          "attributes": {
            "architectures": [
              "arm64"
            ],
            "arn": "arn:aws:lambda:eu-central-1:711348555690:function:back-lambda",
            "code_signing_config_arn": "",
            "dead_letter_config": [],
            "description": "",
            "environment": [
              {
                "variables": {
                  "HOME": "/tmp",
                  "REDIS_SERVER": "default:0448efbd82794a06ae1e45d5384753c1@eu2-busy-mudfish-32665.upstash.io:32665"
                }
              }
            ],
            "ephemeral_storage": [
              {
                "size": 512
              }
            ],
            "file_system_config": [],
            "filename": null,
            "function_name": "back-lambda",
            "handler": "",
            "id": "back-lambda",
            "image_config": [],
            "image_uri": "711348555690.dkr.ecr.eu-central-1.amazonaws.com/back-repo@sha256:dc8133dfaa402e14891fcec6b2d3596ea8fcddd607f5f2de27ce5c1d5da6209e",
            "invoke_arn": "arn:aws:apigateway:eu-central-1:lambda:path/2015-03-31/functions/arn:aws:lambda:eu-central-1:711348555690:function:back-lambda/invocations",
            "kms_key_arn": "",
            "last_modified": "2024-01-31T00:23:10.000+0000",
            "layers": [],
            "logging_config": [
              {
                "application_log_level": "INFO",
                "log_format": "JSON",
                "log_group": "/aws/lambda/back-lambda",
                "system_log_level": "INFO"
              }
            ],
            "memory_size": 1792,
            "package_type": "Image",
            "publish": false,
            "qualified_arn": "arn:aws:lambda:eu-central-1:711348555690:function:back-lambda:$LATEST",
            "qualified_invoke_arn": "arn:aws:apigateway:eu-central-1:lambda:path/2015-03-31/functions/arn:aws:lambda:eu-central-1:711348555690:function:back-lambda:$LATEST/invocations",
            "replace_security_groups_on_destroy": null,
            "replacement_security_group_ids": null,
            "reserved_concurrent_executions": -1,
            "role": "arn:aws:iam::711348555690:role/lambda-role",
            "runtime": "",
            "s3_bucket": null,
            "s3_key": null,
            "s3_object_version": null,
            "signing_job_arn": "",
            "signing_profile_version_arn": "",
            "skip_destroy": false,
            "snap_start": [],
            "source_code_hash": "dc8133dfaa402e14891fcec6b2d3596ea8fcddd607f5f2de27ce5c1d5da6209e",
            "source_code_size": 0,
            "tags": {},
            "tags_all": {},
            "timeout": 5,
            "timeouts": null,
            "tracing_config": [
              {
                "mode": "PassThrough"
              }
            ],
            "version": "$LATEST",
            "vpc_config": []
          },
          "sensitive_attributes": [],
          "private": "eyJlMmJmYjczMC1lY2FhLTExZTYtOGY4OC0zNDM2M2JjN2M0YzAiOnsiY3JlYXRlIjo2MDAwMDAwMDAwMDAsImRlbGV0ZSI6NjAwMDAwMDAwMDAwLCJ1cGRhdGUiOjYwMDAwMDAwMDAwMH19",
          "dependencies": [
            "aws_ecr_repository.BackRepo",
            "aws_iam_role.LambdaRole",
            "data.aws_ecr_authorization_token.token",
            "docker_image.BackImage",
            "docker_registry_image.BackEcrImage"
          ]
        }
      ]
    },
    {
      "mode": "managed",
      "type": "aws_lambda_function",
      "name": "FrontLambda",
      "provider": "provider[\"registry.terraform.io/hashicorp/aws\"]",
      "instances": [
        {
          "schema_version": 0,
          "attributes": {
            "architectures": [
              "x86_64"
            ],
            "arn": "arn:aws:lambda:eu-central-1:711348555690:function:front-lambda",
            "code_signing_config_arn": "",
            "dead_letter_config": [],
            "description": "",
            "environment": [
              {
                "variables": {
                  "HOME": "/tmp"
                }
              }
            ],
            "ephemeral_storage": [
              {
                "size": 512
              }
            ],
            "file_system_config": [],
            "filename": null,
            "function_name": "front-lambda",
            "handler": "",
            "id": "front-lambda",
            "image_config": [],
            "image_uri": "711348555690.dkr.ecr.eu-central-1.amazonaws.com/front-repo@sha256:77d511b52c72584bf6f3ac28f75afdc91bdeb8cabbe8d8b1386ab1cf1f43124a",
            "invoke_arn": "arn:aws:apigateway:eu-central-1:lambda:path/2015-03-31/functions/arn:aws:lambda:eu-central-1:711348555690:function:front-lambda/invocations",
            "kms_key_arn": "",
            "last_modified": "2024-01-31T00:23:10.000+0000",
            "layers": [],
            "logging_config": [
              {
                "application_log_level": "INFO",
                "log_format": "JSON",
                "log_group": "/aws/lambda/front-lambda",
                "system_log_level": "INFO"
              }
            ],
            "memory_size": 1792,
            "package_type": "Image",
            "publish": false,
            "qualified_arn": "arn:aws:lambda:eu-central-1:711348555690:function:front-lambda:$LATEST",
            "qualified_invoke_arn": "arn:aws:apigateway:eu-central-1:lambda:path/2015-03-31/functions/arn:aws:lambda:eu-central-1:711348555690:function:front-lambda:$LATEST/invocations",
            "replace_security_groups_on_destroy": null,
            "replacement_security_group_ids": null,
            "reserved_concurrent_executions": -1,
            "role": "arn:aws:iam::711348555690:role/lambda-role",
            "runtime": "",
            "s3_bucket": null,
            "s3_key": null,
            "s3_object_version": null,
            "signing_job_arn": "",
            "signing_profile_version_arn": "",
            "skip_destroy": false,
            "snap_start": [],
            "source_code_hash": "77d511b52c72584bf6f3ac28f75afdc91bdeb8cabbe8d8b1386ab1cf1f43124a",
            "source_code_size": 0,
            "tags": {},
            "tags_all": {},
            "timeout": 5,
            "timeouts": null,
            "tracing_config": [
              {
                "mode": "PassThrough"
              }
            ],
            "version": "$LATEST",
            "vpc_config": []
          },
          "sensitive_attributes": [],
          "private": "eyJlMmJmYjczMC1lY2FhLTExZTYtOGY4OC0zNDM2M2JjN2M0YzAiOnsiY3JlYXRlIjo2MDAwMDAwMDAwMDAsImRlbGV0ZSI6NjAwMDAwMDAwMDAwLCJ1cGRhdGUiOjYwMDAwMDAwMDAwMH19",
          "dependencies": [
            "aws_ecr_repository.FrontRepo",
            "aws_iam_role.LambdaRole",
            "data.aws_ecr_authorization_token.token",
            "docker_image.FrontImage",
            "docker_registry_image.FrontEcrImage"
          ]
        }
      ]
    },
    {
      "mode": "managed",
      "type": "aws_lambda_function_url",
      "name": "BackLambdaUrl",
      "provider": "provider[\"registry.terraform.io/hashicorp/aws\"]",
      "instances": [
        {
          "schema_version": 0,
          "attributes": {
            "authorization_type": "NONE",
            "cors": [],
            "function_arn": "arn:aws:lambda:eu-central-1:711348555690:function:back-lambda",
            "function_name": "back-lambda",
            "function_url": "https://qh5yf2q5mb2mudnu7mo5ibs5340kvlew.lambda-url.eu-central-1.on.aws/",
            "id": "back-lambda",
            "invoke_mode": "BUFFERED",
            "qualifier": "",
            "timeouts": null,
            "url_id": "qh5yf2q5mb2mudnu7mo5ibs5340kvlew"
          },
          "sensitive_attributes": [],
          "private": "eyJlMmJmYjczMC1lY2FhLTExZTYtOGY4OC0zNDM2M2JjN2M0YzAiOnsiY3JlYXRlIjo2MDAwMDAwMDAwMDB9fQ==",
          "dependencies": [
            "aws_ecr_repository.BackRepo",
            "aws_iam_role.LambdaRole",
            "aws_lambda_function.BackLambda",
            "data.aws_ecr_authorization_token.token",
            "docker_image.BackImage",
            "docker_registry_image.BackEcrImage"
          ]
        }
      ]
    },
    {
      "mode": "managed",
      "type": "aws_lambda_function_url",
      "name": "FrontLambdaUrl",
      "provider": "provider[\"registry.terraform.io/hashicorp/aws\"]",
      "instances": [
        {
          "schema_version": 0,
          "attributes": {
            "authorization_type": "NONE",
            "cors": [],
            "function_arn": "arn:aws:lambda:eu-central-1:711348555690:function:front-lambda",
            "function_name": "front-lambda",
            "function_url": "https://zaybgiba7j34u5vvaxmvs3pnje0odwqq.lambda-url.eu-central-1.on.aws/",
            "id": "front-lambda",
            "invoke_mode": "BUFFERED",
            "qualifier": "",
            "timeouts": null,
            "url_id": "zaybgiba7j34u5vvaxmvs3pnje0odwqq"
          },
          "sensitive_attributes": [],
          "private": "eyJlMmJmYjczMC1lY2FhLTExZTYtOGY4OC0zNDM2M2JjN2M0YzAiOnsiY3JlYXRlIjo2MDAwMDAwMDAwMDB9fQ==",
          "dependencies": [
            "aws_ecr_repository.FrontRepo",
            "aws_iam_role.LambdaRole",
            "aws_lambda_function.FrontLambda",
            "data.aws_ecr_authorization_token.token",
            "docker_image.FrontImage",
            "docker_registry_image.FrontEcrImage"
          ]
        }
      ]
    },
    {
      "mode": "managed",
      "type": "docker_image",
      "name": "BackImage",
      "provider": "provider[\"registry.terraform.io/kreuzwerker/docker\"]",
      "instances": [
        {
          "schema_version": 0,
          "attributes": {
            "build": [
              {
                "auth_config": [],
                "build_arg": {},
                "build_args": {},
                "build_id": "",
                "cache_from": [],
                "cgroup_parent": "",
                "context": "/home/user/github/cdktf-project/src/back",
                "cpu_period": 0,
                "cpu_quota": 0,
                "cpu_set_cpus": "",
                "cpu_set_mems": "",
                "cpu_shares": 0,
                "dockerfile": "Dockerfile",
                "extra_hosts": [],
                "force_remove": false,
                "isolation": "",
                "label": {},
                "labels": {},
                "memory": 0,
                "memory_swap": 0,
                "network_mode": "",
                "no_cache": false,
                "platform": "linux/arm64",
                "pull_parent": false,
                "remote_context": "",
                "remove": true,
                "security_opt": [],
                "session_id": "",
                "shm_size": 0,
                "squash": false,
                "suppress_output": false,
                "tag": [],
                "target": "",
                "ulimit": [],
                "version": ""
              }
            ],
            "force_remove": null,
            "id": "sha256:e58543f6d11162557e3eed3e451b260014f86be00c2f237cf74214cc07f7e531711348555690.dkr.ecr.eu-central-1.amazonaws.com/back-repo",
            "image_id": "sha256:e58543f6d11162557e3eed3e451b260014f86be00c2f237cf74214cc07f7e531",
            "keep_locally": null,
            "name": "711348555690.dkr.ecr.eu-central-1.amazonaws.com/back-repo",
            "platform": null,
            "pull_triggers": null,
            "repo_digest": "711348555690.dkr.ecr.eu-central-1.amazonaws.com/back-repo@sha256:dc8133dfaa402e14891fcec6b2d3596ea8fcddd607f5f2de27ce5c1d5da6209e",
            "triggers": {
              "filesha256": "d582e1929e92049e244aa8f040d3381cabd52f82cc371b2c05a9d7981e8a0dd8"
            }
          },
          "sensitive_attributes": [],
          "private": "bnVsbA==",
          "dependencies": [
            "aws_ecr_repository.BackRepo",
            "data.aws_ecr_authorization_token.token"
          ]
        }
      ]
    },
    {
      "mode": "managed",
      "type": "docker_image",
      "name": "FrontImage",
      "provider": "provider[\"registry.terraform.io/kreuzwerker/docker\"]",
      "instances": [
        {
          "schema_version": 0,
          "attributes": {
            "build": [
              {
                "auth_config": [],
                "build_arg": {},
                "build_args": {},
                "build_id": "",
                "cache_from": [],
                "cgroup_parent": "",
                "context": "/home/user/github/cdktf-project/src/front",
                "cpu_period": 0,
                "cpu_quota": 0,
                "cpu_set_cpus": "",
                "cpu_set_mems": "",
                "cpu_shares": 0,
                "dockerfile": "Dockerfile",
                "extra_hosts": [],
                "force_remove": false,
                "isolation": "",
                "label": {},
                "labels": {},
                "memory": 0,
                "memory_swap": 0,
                "network_mode": "",
                "no_cache": false,
                "platform": "linux/amd64",
                "pull_parent": false,
                "remote_context": "",
                "remove": true,
                "security_opt": [],
                "session_id": "",
                "shm_size": 0,
                "squash": false,
                "suppress_output": false,
                "tag": [],
                "target": "",
                "ulimit": [],
                "version": ""
              }
            ],
            "force_remove": null,
            "id": "sha256:3252a94840a46d082a3e6dd09111fc56274747cd58ca9b5b40c39e51612a1a07711348555690.dkr.ecr.eu-central-1.amazonaws.com/front-repo",
            "image_id": "sha256:3252a94840a46d082a3e6dd09111fc56274747cd58ca9b5b40c39e51612a1a07",
            "keep_locally": null,
            "name": "711348555690.dkr.ecr.eu-central-1.amazonaws.com/front-repo",
            "platform": null,
            "pull_triggers": null,
            "repo_digest": "711348555690.dkr.ecr.eu-central-1.amazonaws.com/front-repo@sha256:77d511b52c72584bf6f3ac28f75afdc91bdeb8cabbe8d8b1386ab1cf1f43124a",
            "triggers": {
              "filesha256": "4634047503998e2a0d2b1c41ff2acc5020e95ff944ca39bd6fe4a4fc82358111"
            }
          },
          "sensitive_attributes": [],
          "private": "bnVsbA==",
          "dependencies": [
            "aws_ecr_repository.FrontRepo",
            "data.aws_ecr_authorization_token.token"
          ]
        }
      ]
    },
    {
      "mode": "managed",
      "type": "docker_registry_image",
      "name": "BackEcrImage",
      "provider": "provider[\"registry.terraform.io/kreuzwerker/docker\"]",
      "instances": [
        {
          "schema_version": 0,
          "attributes": {
            "id": "sha256:dc8133dfaa402e14891fcec6b2d3596ea8fcddd607f5f2de27ce5c1d5da6209e",
            "insecure_skip_verify": false,
            "keep_remotely": false,
            "name": "711348555690.dkr.ecr.eu-central-1.amazonaws.com/back-repo",
            "sha256_digest": "sha256:dc8133dfaa402e14891fcec6b2d3596ea8fcddd607f5f2de27ce5c1d5da6209e",
            "triggers": {
              "filesha256": "d582e1929e92049e244aa8f040d3381cabd52f82cc371b2c05a9d7981e8a0dd8"
            }
          },
          "sensitive_attributes": [],
          "private": "bnVsbA==",
          "dependencies": [
            "aws_ecr_repository.BackRepo",
            "data.aws_ecr_authorization_token.token",
            "docker_image.BackImage"
          ]
        }
      ]
    },
    {
      "mode": "managed",
      "type": "docker_registry_image",
      "name": "FrontEcrImage",
      "provider": "provider[\"registry.terraform.io/kreuzwerker/docker\"]",
      "instances": [
        {
          "schema_version": 0,
          "attributes": {
            "id": "sha256:77d511b52c72584bf6f3ac28f75afdc91bdeb8cabbe8d8b1386ab1cf1f43124a",
            "insecure_skip_verify": false,
            "keep_remotely": false,
            "name": "711348555690.dkr.ecr.eu-central-1.amazonaws.com/front-repo",
            "sha256_digest": "sha256:77d511b52c72584bf6f3ac28f75afdc91bdeb8cabbe8d8b1386ab1cf1f43124a",
            "triggers": {
              "filesha256": "4634047503998e2a0d2b1c41ff2acc5020e95ff944ca39bd6fe4a4fc82358111"
            }
          },
          "sensitive_attributes": [],
          "private": "bnVsbA==",
          "dependencies": [
            "aws_ecr_repository.FrontRepo",
            "data.aws_ecr_authorization_token.token",
            "docker_image.FrontImage"
          ]
        }
      ]
    }
  ],
  "check_results": null
}
