{
  "version": 4,
  "terraform_version": "1.7.1",
  "serial": 894,
  "lineage": "a595879c-8348-d326-a097-97e4ec7507b9",
  "outputs": {},
  "resources": [
    {
      "mode": "data",
      "type": "aws_ecr_authorization_token",
      "name": "token",
      "provider": "provider[\"registry.terraform.io/hashicorp/aws\"]",
      "instances": [
        {
          "schema_version": 0,
          "attributes": {
            "authorization_token": "QVdTOmV5SndZWGxzYjJGa0lqb2liM2hFWmpKUVdGZFlRVkZCU0hCMk1HZG1XSHBxVVVaSGVsVnBRM0EzT0hkaGNtRjVZVkpsTld3ek5XeDZhbU4wWldKSVIxa3lUV3B4YVhobmJVazJhemg2WlZoRU9VWTNVblpaYkRGSVFuZExRM3B3YVhONFQxbDVaRzVDWkV4TU1XODJXWFk1Wm01dGFVdDNSRUZqVVZvMFpsbzJiSEZPVUZwYVVUZGFSbko2YXpsRlRqTnpNVVJHSzIxQlZFaE9WRFZSVUc1MFlsUjJUalE1TWt0Q2J6TlRObGR0ZG10MFltcFpiVU5oY1hKcE1GRXpiMjlTUWtWdVZIcEthWGxuWmxGTWNYRklUV3RKU0hwcGIxaFpVVWRLVFdGTWJuZGhaRnBpY2s5NVZEUmpOMDAyTm1jdk1XaFVPR0ZIZWtSTmNtcDFXVzhyYTFOUFRFbFFUbEJIZVRGT1EwSndSRlZFUzBwRU1qazBjRVJYUlZJMVdUVkZZVzF5WWtGcVUyb3lkRmRuWXk5WWJqbHpURFpsZG05NVNVZFBTbGhuUTBkbmNXWlRVbE50YW5NMGRIWkNRbUZuTDFSdmNtVndjR1psUVRaVVVrWTBOVUpGYkZnd1pWbDBPREl4VEhnNGVuQnZMM1IyVkdkcVJIVnhWMGhZV1ZwS1JrVk1kRFowWTJ0dloxSmxRV3AzTXl0R2NuZHBSR0Z3ZWxCRmRFdHlZblpDTUc5bllXRTNXbU4wZUN0RmJHZzVZbXh2U0ZwUVNHRm9SblpZY0RJdmJqSlhSVE0zVWxacVJsWjFhR2xWWTBvNWNtOUVhbTh6YUdORFdscGtaMDFCWlZBNFNXYzVWMVJEU0U5SFUxazRhRWREWm5adVpFTm9kV3M0WjAxamVITkpjVmwyVlVsVmVHUmpibU5rUWxWcFdWUjBRMEZVSzIxS1pWUkdURXBDUjBJelNqQlhaVlF2YldOeVRtZzVUa1ZRYjBVMFRtVlFWVEZ5ZDNOUmNVWjNlazQ0VUdka2MxZERlRVZoVGl0eWR6TjZOR0l5VlRGblVUQXhLemxVWWxkc1RUWkZMMlIxVXk5R0wwSkZSRXBEZUVKcFZVSjFaaTkyVWsxRlkwUk5SRWt6U25VemJrVkxPSFoxVFc5dUwzVnphRGgyWkZsWFpFdFFhV2hCV1UxUU9DczJZMjVEVFVJd01HbFhiMXBwY0ZkbmFtVmxOV1phYVdFdmR6aDRha1ptVVVnd1pXUnBNazFzWVRScmRXVkthVXR3THpCd2VuTkJlWFlyV0Zsb016SnFaMFpKVDBkdmRYSlhNa1lyV2sxUmFHMUhiREpSWW1sblMySlBZaXRaTlRaUVZHcFVlbkExYlZwdVUxUk1ka0pHU1VwT2FHUTNVbFl2Tm1wbldXRnJlVGxTV1ROYWN6aGFUV1JUVURWTmVXSnRhbms1V0hKek5ucEJUVE41YlZOeE1uVTVlbmx2YmpkcmQybzFka2xYZFc1clJYSm5jVTVsTUhKaWJuSmFhVkl6Vldwc05IUldNMlZwUjBseFowa3ZTemxqVEdzMVRTOURTMk5uTkRabmJERXZaVzFwTDJSeVQwOTZUemhoU21sdFRYWnRZMU12TTJoRE56RXdWVkZXVDNZNE5uZ3JkWGxrUVZZd2JqY3paRkpVTVZadlZubHpUMk5qTW5SSVFtTXJVM2hvTDJoWFFuaFNZU3R3T1ZsV1RVVjZVRU5GV21oWlpEazNVa1ZMTDJoTk5GVkNlRTFJVW1wa1dEVTRRMk5XYzIxbU1FUk5abWxtWVdrM2RVUnlNelZTWXpoWmQwOU9UVzVEZVVGQ05YRTJUMFZJUWxWc1NWSk5PVzkyYzNSdVUyUlJkM3A0ZURaTU1URnhRelpWYW1aM04wUTFjbFJ1WldkS2FucFJSM2t6V1N0SVNpOHhkbk5WYjNkcFVVOTFkVmRSU0RaYVpHVXJTblprT1hremJtWnNiM1J6YTBwT1puQXZiVUZrVDBsNWVTSXNJbVJoZEdGclpYa2lPaUpCVVVWQ1FVaG9NM3BaVDJSMGNFSkNVMVozTDFreVlXNDRRbGhKUkRScmQweFJabTV2VkdvMWVuZGFkRWRLV205YVVVRkJRVWcwZDJaQldVcExiMXBKYUhaalRrRlJZMGR2UnpoM1lsRkpRa0ZFUW05Q1oydHhhR3RwUnpsM01FSkNkMFYzU0dkWlNsbEpXa2xCVjFWRVFrRkZkVTFDUlVWRVNVWldXWGhzVUhKNVVYQmtWVTF6ZEVGSlFrVkpRVGRMTjBKaFJVNXNTRzgxYTJkMlpIQlFVREIxYlZoUGFYRm1Wa2N3U21zNWQwUmpSR3RwVnl0MU1FVlNhVTR2U0VrMVlUVTJVazFIY0hNemFVWkdPVE5oZFZkRlRGWmlkVVJDYkRONVdFMDBQU0lzSW5abGNuTnBiMjRpT2lJeUlpd2lkSGx3WlNJNklrUkJWRUZmUzBWWklpd2laWGh3YVhKaGRHbHZiaUk2TVRjd05qY3dOREV5TTMwPQ==",
            "expires_at": "2024-01-31T12:28:43Z",
            "id": "eu-central-1",
            "password": "eyJwYXlsb2FkIjoib3hEZjJQWFdYQVFBSHB2MGdmWHpqUUZHelVpQ3A3OHdhcmF5YVJlNWwzNWx6amN0ZWJIR1kyTWpxaXhnbUk2azh6ZVhEOUY3UnZZbDFIQndLQ3pwaXN4T1l5ZG5CZExMMW82WXY5Zm5taUt3REFjUVo0Zlo2bHFOUFpaUTdaRnJ6azlFTjNzMURGK21BVEhOVDVRUG50YlR2TjQ5MktCbzNTNldtdmt0YmpZbUNhcXJpMFEzb29SQkVuVHpKaXlnZlFMcXFITWtJSHppb1hZUUdKTWFMbndhZFpick95VDRjN002NmcvMWhUOGFHekRNcmp1WW8ra1NPTElQTlBHeTFOQ0JwRFVES0pEMjk0cERXRVI1WTVFYW1yYkFqU2oydFdnYy9YbjlzTDZldm95SUdPSlhnQ0dncWZTUlNtanM0dHZCQmFnL1RvcmVwcGZlQTZUUkY0NUJFbFgwZVl0ODIxTHg4enBvL3R2VGdqRHVxV0hYWVpKRkVMdDZ0Y2tvZ1JlQWp3MytGcndpRGFwelBFdEtyYnZCMG9nYWE3WmN0eCtFbGg5YmxvSFpQSGFoRnZYcDIvbjJXRTM3UlZqRlZ1aGlVY0o5cm9Eam8zaGNDWlpkZ01BZVA4SWc5V1RDSE9HU1k4aEdDZnZuZENodWs4Z01jeHNJcVl2VUlVeGRjbmNkQlVpWVR0Q0FUK21KZVRGTEpCR0IzSjBXZVQvbWNyTmg5TkVQb0U0TmVQVTFyd3NRcUZ3ek44UGdkc1dDeEVhTitydzN6NGIyVTFnUTAxKzlUYldsTTZFL2R1Uy9GL0JFREpDeEJpVUJ1Zi92Uk1FY0RNREkzSnUzbkVLOHZ1TW9uL3VzaDh2ZFlXZEtQaWhBWU1QOCs2Y25DTUIwMGlXb1ppcFdnamVlNWZaaWEvdzh4akZmUUgwZWRpMk1sYTRrdWVKaUtwLzBwenNBeXYrWFloMzJqZ0ZJT0dvdXJXMkYrWk1RaG1HbDJRYmlnS2JPYitZNTZQVGpUenA1bVpuU1RMdkJGSUpOaGQ3UlYvNmpnWWFreTlSWTNaczhaTWRTUDVNeWJtank5WHJzNnpBTTN5bVNxMnU5enlvbjdrd2o1dklXdW5rRXJncU5lMHJibnJaaVIzVWpsNHRWM2VpR0lxZ0kvSzljTGs1TS9DS2NnNDZnbDEvZW1pL2RyT096TzhhSmltTXZtY1MvM2hDNzEwVVFWT3Y4NngrdXlkQVYwbjczZFJUMVZvVnlzT2NjMnRIQmMrU3hoL2hXQnhSYStwOVlWTUV6UENFWmhZZDk3UkVLL2hNNFVCeE1IUmpkWDU4Q2NWc21mMERNZmlmYWk3dURyMzVSYzhZd09OTW5DeUFCNXE2T0VIQlVsSVJNOW92c3RuU2RRd3p4eDZMMTFxQzZVamZ3N0Q1clRuZWdKanpRR3kzWStISi8xdnNVb3dpUU91dVdRSDZaZGUrSnZkOXkzbmZsb3Rza0pOZnAvbUFkT0l5eSIsImRhdGFrZXkiOiJBUUVCQUhoM3pZT2R0cEJCU1Z3L1kyYW44QlhJRDRrd0xRZm5vVGo1endadEdKWm9aUUFBQUg0d2ZBWUpLb1pJaHZjTkFRY0dvRzh3YlFJQkFEQm9CZ2txaGtpRzl3MEJCd0V3SGdZSllJWklBV1VEQkFFdU1CRUVESUZWWXhsUHJ5UXBkVU1zdEFJQkVJQTdLN0JhRU5sSG81a2d2ZHBQUDB1bVhPaXFmVkcwSms5d0RjRGtpVyt1MEVSaU4vSEk1YTU2Uk1HcHMzaUZGOTNhdVdFTFZidURCbDN5WE00PSIsInZlcnNpb24iOiIyIiwidHlwZSI6IkRBVEFfS0VZIiwiZXhwaXJhdGlvbiI6MTcwNjcwNDEyM30=",
            "proxy_endpoint": "https://711348555690.dkr.ecr.eu-central-1.amazonaws.com",
            "registry_id": null,
            "user_name": "AWS"
          },
          "sensitive_attributes": []
        }
      ]
    },
    {
      "mode": "managed",
      "type": "aws_ecr_repository",
      "name": "BackRepo",
      "provider": "provider[\"registry.terraform.io/hashicorp/aws\"]",
      "instances": [
        {
          "schema_version": 0,
          "attributes": {
            "arn": "arn:aws:ecr:eu-central-1:711348555690:repository/back-repo",
            "encryption_configuration": [
              {
                "encryption_type": "AES256",
                "kms_key": ""
              }
            ],
            "force_delete": null,
            "id": "back-repo",
            "image_scanning_configuration": [
              {
                "scan_on_push": false
              }
            ],
            "image_tag_mutability": "MUTABLE",
            "name": "back-repo",
            "registry_id": "711348555690",
            "repository_url": "711348555690.dkr.ecr.eu-central-1.amazonaws.com/back-repo",
            "tags": {},
            "tags_all": {},
            "timeouts": null
          },
          "sensitive_attributes": [],
          "private": "eyJlMmJmYjczMC1lY2FhLTExZTYtOGY4OC0zNDM2M2JjN2M0YzAiOnsiZGVsZXRlIjoxMjAwMDAwMDAwMDAwfX0="
        }
      ]
    },
    {
      "mode": "managed",
      "type": "aws_ecr_repository",
      "name": "FrontRepo",
      "provider": "provider[\"registry.terraform.io/hashicorp/aws\"]",
      "instances": [
        {
          "schema_version": 0,
          "attributes": {
            "arn": "arn:aws:ecr:eu-central-1:711348555690:repository/front-repo",
            "encryption_configuration": [
              {
                "encryption_type": "AES256",
                "kms_key": ""
              }
            ],
            "force_delete": null,
            "id": "front-repo",
            "image_scanning_configuration": [
              {
                "scan_on_push": false
              }
            ],
            "image_tag_mutability": "MUTABLE",
            "name": "front-repo",
            "registry_id": "711348555690",
            "repository_url": "711348555690.dkr.ecr.eu-central-1.amazonaws.com/front-repo",
            "tags": {},
            "tags_all": {},
            "timeouts": null
          },
          "sensitive_attributes": [],
          "private": "eyJlMmJmYjczMC1lY2FhLTExZTYtOGY4OC0zNDM2M2JjN2M0YzAiOnsiZGVsZXRlIjoxMjAwMDAwMDAwMDAwfX0="
        }
      ]
    },
    {
      "mode": "managed",
      "type": "aws_iam_role",
      "name": "LambdaRole",
      "provider": "provider[\"registry.terraform.io/hashicorp/aws\"]",
      "instances": [
        {
          "schema_version": 0,
          "attributes": {
            "arn": "arn:aws:iam::711348555690:role/lambda-role",
            "assume_role_policy": "{\"Statement\":[{\"Action\":\"sts:AssumeRole\",\"Effect\":\"Allow\",\"Principal\":{\"Service\":\"lambda.amazonaws.com\"}}],\"Version\":\"2012-10-17\"}",
            "create_date": "2024-01-30T22:25:40Z",
            "description": "",
            "force_detach_policies": false,
            "id": "lambda-role",
            "inline_policy": [],
            "managed_policy_arns": [
              "arn:aws:iam::aws:policy/service-role/AWSLambdaBasicExecutionRole"
            ],
            "max_session_duration": 3600,
            "name": "lambda-role",
            "name_prefix": "",
            "path": "/",
            "permissions_boundary": "",
            "tags": {},
            "tags_all": {},
            "unique_id": "AROA2LH5NR6VCUAHOXDHO"
          },
          "sensitive_attributes": [],
          "private": "bnVsbA=="
        }
      ]
    },
    {
      "mode": "managed",
      "type": "aws_iam_role_policy_attachment",
      "name": "LambdaExecPolicyAttachment",
      "provider": "provider[\"registry.terraform.io/hashicorp/aws\"]",
      "instances": [
        {
          "schema_version": 0,
          "attributes": {
            "id": "lambda-role-20240130222541045000000001",
            "policy_arn": "arn:aws:iam::aws:policy/service-role/AWSLambdaBasicExecutionRole",
            "role": "lambda-role"
          },
          "sensitive_attributes": [],
          "private": "bnVsbA==",
          "dependencies": [
            "aws_iam_role.LambdaRole"
          ]
        }
      ]
    },
    {
      "mode": "managed",
      "type": "aws_lambda_function",
      "name": "BackLambda",
      "provider": "provider[\"registry.terraform.io/hashicorp/aws\"]",
      "instances": [
        {
          "schema_version": 0,
          "attributes": {
            "architectures": [
              "arm64"
            ],
            "arn": "arn:aws:lambda:eu-central-1:711348555690:function:back-lambda",
            "code_signing_config_arn": "",
            "dead_letter_config": [],
            "description": "",
            "environment": [
              {
                "variables": {
                  "HOME": "/tmp",
                  "REDIS_SERVER": "default:0448efbd82794a06ae1e45d5384753c1@eu2-busy-mudfish-32665.upstash.io:32665"
                }
              }
            ],
            "ephemeral_storage": [
              {
                "size": 512
              }
            ],
            "file_system_config": [],
            "filename": null,
            "function_name": "back-lambda",
            "handler": "",
            "id": "back-lambda",
            "image_config": [],
            "image_uri": "711348555690.dkr.ecr.eu-central-1.amazonaws.com/back-repo@sha256:dc8133dfaa402e14891fcec6b2d3596ea8fcddd607f5f2de27ce5c1d5da6209e",
            "invoke_arn": "arn:aws:apigateway:eu-central-1:lambda:path/2015-03-31/functions/arn:aws:lambda:eu-central-1:711348555690:function:back-lambda/invocations",
            "kms_key_arn": "",
            "last_modified": "2024-01-31T00:28:45.000+0000",
            "layers": [],
            "logging_config": [
              {
                "application_log_level": "INFO",
                "log_format": "JSON",
                "log_group": "/aws/lambda/back-lambda",
                "system_log_level": "INFO"
              }
            ],
            "memory_size": 1792,
            "package_type": "Image",
            "publish": false,
            "qualified_arn": "arn:aws:lambda:eu-central-1:711348555690:function:back-lambda:$LATEST",
            "qualified_invoke_arn": "arn:aws:apigateway:eu-central-1:lambda:path/2015-03-31/functions/arn:aws:lambda:eu-central-1:711348555690:function:back-lambda:$LATEST/invocations",
            "replace_security_groups_on_destroy": null,
            "replacement_security_group_ids": null,
            "reserved_concurrent_executions": -1,
            "role": "arn:aws:iam::711348555690:role/lambda-role",
            "runtime": "",
            "s3_bucket": null,
            "s3_key": null,
            "s3_object_version": null,
            "signing_job_arn": "",
            "signing_profile_version_arn": "",
            "skip_destroy": false,
            "snap_start": [],
            "source_code_hash": "dc8133dfaa402e14891fcec6b2d3596ea8fcddd607f5f2de27ce5c1d5da6209e",
            "source_code_size": 0,
            "tags": {},
            "tags_all": {},
            "timeout": 5,
            "timeouts": null,
            "tracing_config": [
              {
                "mode": "PassThrough"
              }
            ],
            "version": "$LATEST",
            "vpc_config": []
          },
          "sensitive_attributes": [],
          "private": "eyJlMmJmYjczMC1lY2FhLTExZTYtOGY4OC0zNDM2M2JjN2M0YzAiOnsiY3JlYXRlIjo2MDAwMDAwMDAwMDAsImRlbGV0ZSI6NjAwMDAwMDAwMDAwLCJ1cGRhdGUiOjYwMDAwMDAwMDAwMH19",
          "dependencies": [
            "aws_ecr_repository.BackRepo",
            "aws_iam_role.LambdaRole",
            "data.aws_ecr_authorization_token.token",
            "docker_image.BackImage",
            "docker_registry_image.BackEcrImage"
          ]
        }
      ]
    },
    {
      "mode": "managed",
      "type": "aws_lambda_function",
      "name": "FrontLambda",
      "provider": "provider[\"registry.terraform.io/hashicorp/aws\"]",
      "instances": [
        {
          "schema_version": 0,
          "attributes": {
            "architectures": [
              "x86_64"
            ],
            "arn": "arn:aws:lambda:eu-central-1:711348555690:function:front-lambda",
            "code_signing_config_arn": "",
            "dead_letter_config": [],
            "description": "",
            "environment": [
              {
                "variables": {
                  "HOME": "/tmp"
                }
              }
            ],
            "ephemeral_storage": [
              {
                "size": 512
              }
            ],
            "file_system_config": [],
            "filename": null,
            "function_name": "front-lambda",
            "handler": "",
            "id": "front-lambda",
            "image_config": [],
            "image_uri": "711348555690.dkr.ecr.eu-central-1.amazonaws.com/front-repo@sha256:77d511b52c72584bf6f3ac28f75afdc91bdeb8cabbe8d8b1386ab1cf1f43124a",
            "invoke_arn": "arn:aws:apigateway:eu-central-1:lambda:path/2015-03-31/functions/arn:aws:lambda:eu-central-1:711348555690:function:front-lambda/invocations",
            "kms_key_arn": "",
            "last_modified": "2024-01-31T00:28:45.000+0000",
            "layers": [],
            "logging_config": [
              {
                "application_log_level": "INFO",
                "log_format": "JSON",
                "log_group": "/aws/lambda/front-lambda",
                "system_log_level": "INFO"
              }
            ],
            "memory_size": 1792,
            "package_type": "Image",
            "publish": false,
            "qualified_arn": "arn:aws:lambda:eu-central-1:711348555690:function:front-lambda:$LATEST",
            "qualified_invoke_arn": "arn:aws:apigateway:eu-central-1:lambda:path/2015-03-31/functions/arn:aws:lambda:eu-central-1:711348555690:function:front-lambda:$LATEST/invocations",
            "replace_security_groups_on_destroy": null,
            "replacement_security_group_ids": null,
            "reserved_concurrent_executions": -1,
            "role": "arn:aws:iam::711348555690:role/lambda-role",
            "runtime": "",
            "s3_bucket": null,
            "s3_key": null,
            "s3_object_version": null,
            "signing_job_arn": "",
            "signing_profile_version_arn": "",
            "skip_destroy": false,
            "snap_start": [],
            "source_code_hash": "77d511b52c72584bf6f3ac28f75afdc91bdeb8cabbe8d8b1386ab1cf1f43124a",
            "source_code_size": 0,
            "tags": {},
            "tags_all": {},
            "timeout": 5,
            "timeouts": null,
            "tracing_config": [
              {
                "mode": "PassThrough"
              }
            ],
            "version": "$LATEST",
            "vpc_config": []
          },
          "sensitive_attributes": [],
          "private": "eyJlMmJmYjczMC1lY2FhLTExZTYtOGY4OC0zNDM2M2JjN2M0YzAiOnsiY3JlYXRlIjo2MDAwMDAwMDAwMDAsImRlbGV0ZSI6NjAwMDAwMDAwMDAwLCJ1cGRhdGUiOjYwMDAwMDAwMDAwMH19",
          "dependencies": [
            "aws_ecr_repository.FrontRepo",
            "aws_iam_role.LambdaRole",
            "data.aws_ecr_authorization_token.token",
            "docker_image.FrontImage",
            "docker_registry_image.FrontEcrImage"
          ]
        }
      ]
    },
    {
      "mode": "managed",
      "type": "aws_lambda_function_url",
      "name": "BackLambdaUrl",
      "provider": "provider[\"registry.terraform.io/hashicorp/aws\"]",
      "instances": [
        {
          "schema_version": 0,
          "attributes": {
            "authorization_type": "NONE",
            "cors": [],
            "function_arn": "arn:aws:lambda:eu-central-1:711348555690:function:back-lambda",
            "function_name": "back-lambda",
            "function_url": "https://qh5yf2q5mb2mudnu7mo5ibs5340kvlew.lambda-url.eu-central-1.on.aws/",
            "id": "back-lambda",
            "invoke_mode": "BUFFERED",
            "qualifier": "",
            "timeouts": null,
            "url_id": "qh5yf2q5mb2mudnu7mo5ibs5340kvlew"
          },
          "sensitive_attributes": [],
          "private": "eyJlMmJmYjczMC1lY2FhLTExZTYtOGY4OC0zNDM2M2JjN2M0YzAiOnsiY3JlYXRlIjo2MDAwMDAwMDAwMDB9fQ==",
          "dependencies": [
            "aws_ecr_repository.BackRepo",
            "aws_iam_role.LambdaRole",
            "aws_lambda_function.BackLambda",
            "data.aws_ecr_authorization_token.token",
            "docker_image.BackImage",
            "docker_registry_image.BackEcrImage"
          ]
        }
      ]
    },
    {
      "mode": "managed",
      "type": "aws_lambda_function_url",
      "name": "FrontLambdaUrl",
      "provider": "provider[\"registry.terraform.io/hashicorp/aws\"]",
      "instances": [
        {
          "schema_version": 0,
          "attributes": {
            "authorization_type": "NONE",
            "cors": [],
            "function_arn": "arn:aws:lambda:eu-central-1:711348555690:function:front-lambda",
            "function_name": "front-lambda",
            "function_url": "https://zaybgiba7j34u5vvaxmvs3pnje0odwqq.lambda-url.eu-central-1.on.aws/",
            "id": "front-lambda",
            "invoke_mode": "BUFFERED",
            "qualifier": "",
            "timeouts": null,
            "url_id": "zaybgiba7j34u5vvaxmvs3pnje0odwqq"
          },
          "sensitive_attributes": [],
          "private": "eyJlMmJmYjczMC1lY2FhLTExZTYtOGY4OC0zNDM2M2JjN2M0YzAiOnsiY3JlYXRlIjo2MDAwMDAwMDAwMDB9fQ==",
          "dependencies": [
            "aws_ecr_repository.FrontRepo",
            "aws_iam_role.LambdaRole",
            "aws_lambda_function.FrontLambda",
            "data.aws_ecr_authorization_token.token",
            "docker_image.FrontImage",
            "docker_registry_image.FrontEcrImage"
          ]
        }
      ]
    },
    {
      "mode": "managed",
      "type": "docker_image",
      "name": "BackImage",
      "provider": "provider[\"registry.terraform.io/kreuzwerker/docker\"]",
      "instances": [
        {
          "schema_version": 0,
          "attributes": {
            "build": [
              {
                "auth_config": [],
                "build_arg": {},
                "build_args": {},
                "build_id": "",
                "cache_from": [],
                "cgroup_parent": "",
                "context": "/home/user/github/cdktf-project/src/back",
                "cpu_period": 0,
                "cpu_quota": 0,
                "cpu_set_cpus": "",
                "cpu_set_mems": "",
                "cpu_shares": 0,
                "dockerfile": "Dockerfile",
                "extra_hosts": [],
                "force_remove": false,
                "isolation": "",
                "label": {},
                "labels": {},
                "memory": 0,
                "memory_swap": 0,
                "network_mode": "",
                "no_cache": false,
                "platform": "linux/arm64",
                "pull_parent": false,
                "remote_context": "",
                "remove": true,
                "security_opt": [],
                "session_id": "",
                "shm_size": 0,
                "squash": false,
                "suppress_output": false,
                "tag": [],
                "target": "",
                "ulimit": [],
                "version": ""
              }
            ],
            "force_remove": null,
            "id": "sha256:e58543f6d11162557e3eed3e451b260014f86be00c2f237cf74214cc07f7e531711348555690.dkr.ecr.eu-central-1.amazonaws.com/back-repo",
            "image_id": "sha256:e58543f6d11162557e3eed3e451b260014f86be00c2f237cf74214cc07f7e531",
            "keep_locally": null,
            "name": "711348555690.dkr.ecr.eu-central-1.amazonaws.com/back-repo",
            "platform": null,
            "pull_triggers": null,
            "repo_digest": "711348555690.dkr.ecr.eu-central-1.amazonaws.com/back-repo@sha256:dc8133dfaa402e14891fcec6b2d3596ea8fcddd607f5f2de27ce5c1d5da6209e",
            "triggers": {
              "filesha256": "d582e1929e92049e244aa8f040d3381cabd52f82cc371b2c05a9d7981e8a0dd8"
            }
          },
          "sensitive_attributes": [],
          "private": "bnVsbA==",
          "dependencies": [
            "aws_ecr_repository.BackRepo",
            "data.aws_ecr_authorization_token.token"
          ]
        }
      ]
    },
    {
      "mode": "managed",
      "type": "docker_image",
      "name": "FrontImage",
      "provider": "provider[\"registry.terraform.io/kreuzwerker/docker\"]",
      "instances": [
        {
          "schema_version": 0,
          "attributes": {
            "build": [
              {
                "auth_config": [],
                "build_arg": {},
                "build_args": {},
                "build_id": "",
                "cache_from": [],
                "cgroup_parent": "",
                "context": "/home/user/github/cdktf-project/src/front",
                "cpu_period": 0,
                "cpu_quota": 0,
                "cpu_set_cpus": "",
                "cpu_set_mems": "",
                "cpu_shares": 0,
                "dockerfile": "Dockerfile",
                "extra_hosts": [],
                "force_remove": false,
                "isolation": "",
                "label": {},
                "labels": {},
                "memory": 0,
                "memory_swap": 0,
                "network_mode": "",
                "no_cache": false,
                "platform": "linux/amd64",
                "pull_parent": false,
                "remote_context": "",
                "remove": true,
                "security_opt": [],
                "session_id": "",
                "shm_size": 0,
                "squash": false,
                "suppress_output": false,
                "tag": [],
                "target": "",
                "ulimit": [],
                "version": ""
              }
            ],
            "force_remove": null,
            "id": "sha256:3252a94840a46d082a3e6dd09111fc56274747cd58ca9b5b40c39e51612a1a07711348555690.dkr.ecr.eu-central-1.amazonaws.com/front-repo",
            "image_id": "sha256:3252a94840a46d082a3e6dd09111fc56274747cd58ca9b5b40c39e51612a1a07",
            "keep_locally": null,
            "name": "711348555690.dkr.ecr.eu-central-1.amazonaws.com/front-repo",
            "platform": null,
            "pull_triggers": null,
            "repo_digest": "711348555690.dkr.ecr.eu-central-1.amazonaws.com/front-repo@sha256:77d511b52c72584bf6f3ac28f75afdc91bdeb8cabbe8d8b1386ab1cf1f43124a",
            "triggers": {
              "filesha256": "4634047503998e2a0d2b1c41ff2acc5020e95ff944ca39bd6fe4a4fc82358111"
            }
          },
          "sensitive_attributes": [],
          "private": "bnVsbA==",
          "dependencies": [
            "aws_ecr_repository.FrontRepo",
            "data.aws_ecr_authorization_token.token"
          ]
        }
      ]
    },
    {
      "mode": "managed",
      "type": "docker_registry_image",
      "name": "BackEcrImage",
      "provider": "provider[\"registry.terraform.io/kreuzwerker/docker\"]",
      "instances": [
        {
          "schema_version": 0,
          "attributes": {
            "id": "sha256:dc8133dfaa402e14891fcec6b2d3596ea8fcddd607f5f2de27ce5c1d5da6209e",
            "insecure_skip_verify": false,
            "keep_remotely": false,
            "name": "711348555690.dkr.ecr.eu-central-1.amazonaws.com/back-repo",
            "sha256_digest": "sha256:dc8133dfaa402e14891fcec6b2d3596ea8fcddd607f5f2de27ce5c1d5da6209e",
            "triggers": {
              "filesha256": "d582e1929e92049e244aa8f040d3381cabd52f82cc371b2c05a9d7981e8a0dd8"
            }
          },
          "sensitive_attributes": [],
          "private": "bnVsbA==",
          "dependencies": [
            "aws_ecr_repository.BackRepo",
            "data.aws_ecr_authorization_token.token",
            "docker_image.BackImage"
          ]
        }
      ]
    },
    {
      "mode": "managed",
      "type": "docker_registry_image",
      "name": "FrontEcrImage",
      "provider": "provider[\"registry.terraform.io/kreuzwerker/docker\"]",
      "instances": [
        {
          "schema_version": 0,
          "attributes": {
            "id": "sha256:77d511b52c72584bf6f3ac28f75afdc91bdeb8cabbe8d8b1386ab1cf1f43124a",
            "insecure_skip_verify": false,
            "keep_remotely": false,
            "name": "711348555690.dkr.ecr.eu-central-1.amazonaws.com/front-repo",
            "sha256_digest": "sha256:77d511b52c72584bf6f3ac28f75afdc91bdeb8cabbe8d8b1386ab1cf1f43124a",
            "triggers": {
              "filesha256": "4634047503998e2a0d2b1c41ff2acc5020e95ff944ca39bd6fe4a4fc82358111"
            }
          },
          "sensitive_attributes": [],
          "private": "bnVsbA==",
          "dependencies": [
            "aws_ecr_repository.FrontRepo",
            "data.aws_ecr_authorization_token.token",
            "docker_image.FrontImage"
          ]
        }
      ]
    }
  ],
  "check_results": null
}
