{
  "version": 4,
  "terraform_version": "1.7.0",
  "serial": 127,
  "lineage": "a595879c-8348-d326-a097-97e4ec7507b9",
  "outputs": {},
  "resources": [
    {
      "mode": "data",
      "type": "aws_ecr_authorization_token",
      "name": "token",
      "provider": "provider[\"registry.terraform.io/hashicorp/aws\"]",
      "instances": [
        {
          "schema_version": 0,
          "attributes": {
            "authorization_token": "QVdTOmV5SndZWGxzYjJGa0lqb2labVJPTXk5aVZEZFpaa3hJUnpZM1RVUktVRnBJWjJWUWNqSlhaME55U0dWS1psbFZZekZzZDFSNUwxWk9UVTVoWkU5eVNITjBRbTVYWldreWNFWlhVVGM1VjFkNVIyeFZSbU5sWlhkU2VGSnpjVGxuU0ZKaGNYaFJTMU13VFZoSk9GZzNaVlp1YWpGc2NqUmFObk01VmtZeWFqSjFUREJ4TUhac2JteDJkbWh1WlVabllsTlVkWEJNTkhFdmFuWTJOMFJLUTNObWRGRmtRVzUxV1ZKQlpYWk9NRVpUTm14V1JVeFBaRUZqVURWbFZFaFRkVzk0VUZwcE1FUkVaWEpIV2xGUk9GRnFLMEZNUzBSaU5XNVdMeXRGWnpWblZuaFBSbFpGY0ZWM01pOUJVRTVDY20wMVkwZHBTM0I2VVZOSFIzSjBkRlZQUWtjMlZWZFFWREU1VTB4ME9USm9SSGt3TVdkU2NUWnRNMlJRVVRSU1VHNDJXVFp4Tm5CRVkybE9PWEYyVTFsQldrbHVNSE5JWVdwT1FtMHpXamxJU21SdlRWSkhTRm8xYUhoUmNYZzFZMmxaVURaaVJEaHJZVXRoTVN0WVpVbzJORGtyYjNKYWNGbDVaMUZZZWpWYU15dE9MMGx3UVVoWWVHTTNNbEZ2V2xaSVNWTkxRMGx1UmtWelEwc3JWV2huYm5oNU1WaFllbE5xVW10WFVVUTJia1Z1VmxSTWIyMTNlR1ZsUVZWU00yWklVbTA0Y0Zaa2FrVm1kV012VTIxVFRYTnpVVVF4ZVdkNlExZHpaMHhsUTJGR2FWWTNTMnBEVVhwTWRDOUhSREppU214TGVIVjVVbnBWTDJGa01GcEJTMjFvVWtkS1NtbHhPRGhMTURsaGVXcDBkMVZMTTNWMllqSlhVV05oWW01aE5UQkNibFJaTTJ0c1REbGtjbVJNVnpOdmFWSnZia2RXZGxoSlVFUkxWamxrTVhaVVRIWlhUMVpRZEVwUFFqVnVNVFpHTlZBMFdFaDJNSEZOUWpWbWFqRjJWWE5TTVVkNmFYSjNhaXRTUkdNeE5sRmlTbWRCVnpWYWRYQkVVVXROYjI5YVJFNVpZVzUyTmpkQldXTkhXbEJFY2xWUFJVZ3dWemxpZVRjNVIzRndTbVpPTVdVM2VrSnlRVmRKZUV0d2NTOW9SSFIyYjFGYU5saERSemxwUWxFNE5WRkZaVmhqZFU4NE5VSnRXblpUU1RWRlJVdENSVEZqSzFGR1ozSmFha2hNY2pKWmJEbGlNemhKTWtrMVZIY3hUakJHSzJSVGMzcGFaM2RtU2xBMVRFaDNjRzlPVkc1UE5WSTFkVXBZUXpabWNVZHhZV3BxZVRWTWVrVTFiMFpMYjJ4UFQySkJRalIzUlc1NFNISm1VR1pFWlRaMlQwOW5MemMzZFdaVWEzcHBkbVF2U21WbGEzYzJVWE5xTDFSd1RUSkpURFozU1RkTWVFdFpWMFI0VjFwWmIwazNSbEZxYTNoVGRHUXZWa0pxYjNOalprcFFaWFl5UlVkV2NHNUpRM1YwTDBkemR6ZElOVzU1VERoU0syNVlhblpMVVNzM2FHSnFkVkptU0RaRk9VdEZNVEpEUVd0SWMzRlZWVFJ5VEhweGRtMTNhVzFoWjBkWWRtSmtSQ3RTUWpVM2JEZEpUblZxUlRsamVESTJNSFpxWTB4Mkx6RXpSekpJVmxoV1VXRkhkVkF5WWtKa2NERlZXR1ZCVTJsdWFrUjJRMXBoV1doaVJFcEJVWE5zTlV4c1JDdHZkV0UyTm5KRGNqZHRTa2N6TjNOcWRUSm9aSGcxYWtKV1F6aDZlV1J1VkVwWGQxZ3ljV0kzZUV3NGNVWkxXWFJKWlNzNU9IVllOM05xWVZwRlozTTRRMmMwT1VZeVUzcERkR3A0Ym01MFVHNW9kMFZDVkVWa1NXbG5MM2xFT1UxYVFXZzNPWGcyZFU1TmVtRnJRMHh3VFRSdFRGQkRUWEJ1WXk5Nk5rOWFaR2hNUTFCNVdVaGpkVWR0YjNJaUxDSmtZWFJoYTJWNUlqb2lRVkZGUWtGSWFETjZXVTlrZEhCQ1FsTldkeTlaTW1GdU9FSllTVVEwYTNkTVVXWnViMVJxTlhwM1duUkhTbHB2V2xGQlFVRklOSGRtUVZsS1MyOWFTV2gyWTA1QlVXTkhiMGM0ZDJKUlNVSkJSRUp2UW1kcmNXaHJhVWM1ZHpCQ1FuZEZkMGhuV1VwWlNWcEpRVmRWUkVKQlJYVk5Ra1ZGUkVkT1lWQjNRVEU1SzA4M2JtbGpPRXRuU1VKRlNVRTNPVzk2YWxRclZHVmhVV2hHVVZSMlpURlBWMFl4ZG1KTlJVMHJXRlZyVHl0b2FGVmFVM3BFWWtkMU9Ia3lVRlJQZFU0M1VEbGlSSEJwWXk5Uk5rVkRRV3RvVkRReVdHZEtZbUppVHpGVVNUMGlMQ0oyWlhKemFXOXVJam9pTWlJc0luUjVjR1VpT2lKRVFWUkJYMHRGV1NJc0ltVjRjR2x5WVhScGIyNGlPakUzTURZeE16a3lNVE45",
            "expires_at": "2024-01-24T23:33:33Z",
            "id": "eu-central-1",
            "password": "eyJwYXlsb2FkIjoiZmROMy9iVDdZZkxIRzY3TURKUFpIZ2VQcjJXZ0NySGVKZllVYzFsd1R5L1ZOTU5hZE9ySHN0Qm5XZWkycEZXUTc5V1d5R2xVRmNlZXdSeFJzcTlnSFJhcXhRS1MwTVhJOFg3ZVZuajFscjRaNnM5VkYyajJ1TDBxMHZsbmx2dmhuZUZnYlNUdXBMNHEvanY2N0RKQ3NmdFFkQW51WVJBZXZOMEZTNmxWRUxPZEFjUDVlVEhTdW94UFppMEREZXJHWlFROFFqK0FMS0RiNW5WLytFZzVnVnhPRlZFcFV3Mi9BUE5Ccm01Y0dpS3B6UVNHR3J0dFVPQkc2VVdQVDE5U0x0OTJoRHkwMWdScTZtM2RQUTRSUG42WTZxNnBEY2lOOXF2U1lBWkluMHNIYWpOQm0zWjlISmRvTVJHSFo1aHhRcXg1Y2lZUDZiRDhrYUthMStYZUo2NDkrb3JacFl5Z1FYejVaMytOL0lwQUhYeGM3MlFvWlZISVNLQ0luRkVzQ0srVWhnbnh5MVhYelNqUmtXUUQ2bkVuVlRMb213eGVlQVVSM2ZIUm04cFZkakVmdWMvU21TTXNzUUQxeWd6Q1dzZ0xlQ2FGaVY3S2pDUXpMdC9HRDJiSmxLeHV5UnpVL2FkMFpBS21oUkdKSmlxODhLMDlheWp0d1VLM3V2YjJXUWNhYm5hNTBCblRZM2tsTDlkcmRMVzNvaVJvbkdWdlhJUERLVjlkMXZUTHZXT1ZQdEpPQjVuMTZGNVA0WEh2MHFNQjVmajF2VXNSMUd6aXJ3aitSRGMxNlFiSmdBVzVadXBEUUtNb29aRE5ZYW52NjdBWWNHWlBEclVPRUgwVzlieTc5R3FwSmZOMWU3ekJyQVdJeEtwcS9oRHR2b1FaNlhDRzlpQlE4NVFFZVhjdU84NUJtWnZTSTVFRUtCRTFjK1FGZ3JaakhMcjJZbDliMzhJMkk1VHcxTjBGK2RTc3paZ3dmSlA1TEh3cG9OVG5PNVI1dUpYQzZmcUdxYWpqeTVMekU1b0ZLb2xPT2JBQjR3RW54SHJmUGZEZTZ2T09nLzc3dWZUa3ppdmQvSmVla3c2UXNqL1RwTTJJTDZ3STdMeEtZV0R4V1pZb0k3RlFqa3hTdGQvVkJqb3NjZkpQZXYyRUdWcG5JQ3V0L0dzdzdINW55TDhSK25YanZLUSs3aGJqdVJmSDZFOUtFMTJDQWtIc3FVVTRyTHpxdm13aW1hZ0dYdmJkRCtSQjU3bDdJTnVqRTljeDI2MHZqY0x2LzEzRzJIVlhWUWFHdVAyYkJkcDFVWGVBU2luakR2Q1phWWhiREpBUXNsNUxsRCtvdWE2NnJDcjdtSkczN3NqdTJoZHg1akJWQzh6eWRuVEpXd1gycWI3eEw4cUZLWXRJZSs5OHVYN3NqYVpFZ3M4Q2c0OUYyU3pDdGp4bm50UG5od0VCVEVkSWlnL3lEOU1aQWg3OXg2dU5NemFrQ0xwTTRtTFBDTXBuYy96Nk9aZGhMQ1B5WUhjdUdtb3IiLCJkYXRha2V5IjoiQVFFQkFIaDN6WU9kdHBCQlNWdy9ZMmFuOEJYSUQ0a3dMUWZub1RqNXp3WnRHSlpvWlFBQUFINHdmQVlKS29aSWh2Y05BUWNHb0c4d2JRSUJBREJvQmdrcWhraUc5dzBCQndFd0hnWUpZSVpJQVdVREJBRXVNQkVFREdOYVB3QTE5K083bmljOEtnSUJFSUE3OW96alQrVGVhUWhGUVR2ZTFPV0YxdmJNRU0rWFVrTytoaFVaU3pEYkd1OHkyUFRPdU43UDliRHBpYy9RNkVDQWtoVDQyWGdKYmJiTzFUST0iLCJ2ZXJzaW9uIjoiMiIsInR5cGUiOiJEQVRBX0tFWSIsImV4cGlyYXRpb24iOjE3MDYxMzkyMTN9",
            "proxy_endpoint": "https://711348555690.dkr.ecr.eu-central-1.amazonaws.com",
            "registry_id": null,
            "user_name": "AWS"
          },
          "sensitive_attributes": []
        }
      ]
    },
    {
      "mode": "managed",
      "type": "aws_ecr_repository",
      "name": "BackRepo",
      "provider": "provider[\"registry.terraform.io/hashicorp/aws\"]",
      "instances": [
        {
          "schema_version": 0,
          "attributes": {
            "arn": "arn:aws:ecr:eu-central-1:711348555690:repository/back-repo",
            "encryption_configuration": [
              {
                "encryption_type": "AES256",
                "kms_key": ""
              }
            ],
            "force_delete": null,
            "id": "back-repo",
            "image_scanning_configuration": [
              {
                "scan_on_push": false
              }
            ],
            "image_tag_mutability": "MUTABLE",
            "name": "back-repo",
            "registry_id": "711348555690",
            "repository_url": "711348555690.dkr.ecr.eu-central-1.amazonaws.com/back-repo",
            "tags": {},
            "tags_all": {},
            "timeouts": null
          },
          "sensitive_attributes": [],
          "private": "eyJlMmJmYjczMC1lY2FhLTExZTYtOGY4OC0zNDM2M2JjN2M0YzAiOnsiZGVsZXRlIjoxMjAwMDAwMDAwMDAwfX0="
        }
      ]
    },
    {
      "mode": "managed",
      "type": "aws_ecr_repository",
      "name": "FrontRepo",
      "provider": "provider[\"registry.terraform.io/hashicorp/aws\"]",
      "instances": [
        {
          "schema_version": 0,
          "attributes": {
            "arn": "arn:aws:ecr:eu-central-1:711348555690:repository/front-repo",
            "encryption_configuration": [
              {
                "encryption_type": "AES256",
                "kms_key": ""
              }
            ],
            "force_delete": null,
            "id": "front-repo",
            "image_scanning_configuration": [
              {
                "scan_on_push": false
              }
            ],
            "image_tag_mutability": "MUTABLE",
            "name": "front-repo",
            "registry_id": "711348555690",
            "repository_url": "711348555690.dkr.ecr.eu-central-1.amazonaws.com/front-repo",
            "tags": {},
            "tags_all": {},
            "timeouts": null
          },
          "sensitive_attributes": [],
          "private": "eyJlMmJmYjczMC1lY2FhLTExZTYtOGY4OC0zNDM2M2JjN2M0YzAiOnsiZGVsZXRlIjoxMjAwMDAwMDAwMDAwfX0="
        }
      ]
    },
    {
      "mode": "managed",
      "type": "aws_iam_role",
      "name": "LambdaRole",
      "provider": "provider[\"registry.terraform.io/hashicorp/aws\"]",
      "instances": [
        {
          "schema_version": 0,
          "attributes": {
            "arn": "arn:aws:iam::711348555690:role/lambda-role",
            "assume_role_policy": "{\"Statement\":[{\"Action\":\"sts:AssumeRole\",\"Effect\":\"Allow\",\"Principal\":{\"Service\":\"lambda.amazonaws.com\"}}],\"Version\":\"2012-10-17\"}",
            "create_date": "2024-01-24T09:19:00Z",
            "description": "",
            "force_detach_policies": false,
            "id": "lambda-role",
            "inline_policy": [],
            "managed_policy_arns": [
              "arn:aws:iam::aws:policy/service-role/AWSLambdaBasicExecutionRole"
            ],
            "max_session_duration": 3600,
            "name": "lambda-role",
            "name_prefix": "",
            "path": "/",
            "permissions_boundary": "",
            "tags": {},
            "tags_all": {},
            "unique_id": "AROA2LH5NR6VHPN5QYHTG"
          },
          "sensitive_attributes": [],
          "private": "bnVsbA=="
        }
      ]
    },
    {
      "mode": "managed",
      "type": "aws_iam_role_policy_attachment",
      "name": "LambdaExecPolicyAttachment",
      "provider": "provider[\"registry.terraform.io/hashicorp/aws\"]",
      "instances": [
        {
          "schema_version": 0,
          "attributes": {
            "id": "lambda-role-20240124091902102000000001",
            "policy_arn": "arn:aws:iam::aws:policy/service-role/AWSLambdaBasicExecutionRole",
            "role": "lambda-role"
          },
          "sensitive_attributes": [],
          "private": "bnVsbA==",
          "dependencies": [
            "aws_iam_role.LambdaRole"
          ]
        }
      ]
    },
    {
      "mode": "managed",
      "type": "aws_lambda_function",
      "name": "BackLambda",
      "provider": "provider[\"registry.terraform.io/hashicorp/aws\"]",
      "instances": [
        {
          "schema_version": 0,
          "attributes": {
            "architectures": [
              "arm64"
            ],
            "arn": "arn:aws:lambda:eu-central-1:711348555690:function:back-lambda",
            "code_signing_config_arn": "",
            "dead_letter_config": [],
            "description": "",
            "environment": [],
            "ephemeral_storage": [
              {
                "size": 512
              }
            ],
            "file_system_config": [],
            "filename": null,
            "function_name": "back-lambda",
            "handler": "",
            "id": "back-lambda",
            "image_config": [],
            "image_uri": "711348555690.dkr.ecr.eu-central-1.amazonaws.com/back-repo:latest",
            "invoke_arn": "arn:aws:apigateway:eu-central-1:lambda:path/2015-03-31/functions/arn:aws:lambda:eu-central-1:711348555690:function:back-lambda/invocations",
            "kms_key_arn": "",
            "last_modified": "2024-01-24T11:33:36.000+0000",
            "layers": [],
            "logging_config": [
              {
                "application_log_level": "INFO",
                "log_format": "JSON",
                "log_group": "/aws/lambda/back-lambda",
                "system_log_level": "INFO"
              }
            ],
            "memory_size": 1792,
            "package_type": "Image",
            "publish": false,
            "qualified_arn": "arn:aws:lambda:eu-central-1:711348555690:function:back-lambda:$LATEST",
            "qualified_invoke_arn": "arn:aws:apigateway:eu-central-1:lambda:path/2015-03-31/functions/arn:aws:lambda:eu-central-1:711348555690:function:back-lambda:$LATEST/invocations",
            "replace_security_groups_on_destroy": null,
            "replacement_security_group_ids": null,
            "reserved_concurrent_executions": -1,
            "role": "arn:aws:iam::711348555690:role/lambda-role",
            "runtime": "",
            "s3_bucket": null,
            "s3_key": null,
            "s3_object_version": null,
            "signing_job_arn": "",
            "signing_profile_version_arn": "",
            "skip_destroy": false,
            "snap_start": [],
            "source_code_hash": "f25f0bdc6c7a8384ed41a937fe83ae0acad48764319bec4771ef61a3f8ab4841",
            "source_code_size": 0,
            "tags": {},
            "tags_all": {},
            "timeout": 5,
            "timeouts": null,
            "tracing_config": [
              {
                "mode": "PassThrough"
              }
            ],
            "version": "$LATEST",
            "vpc_config": []
          },
          "sensitive_attributes": [],
          "private": "eyJlMmJmYjczMC1lY2FhLTExZTYtOGY4OC0zNDM2M2JjN2M0YzAiOnsiY3JlYXRlIjo2MDAwMDAwMDAwMDAsImRlbGV0ZSI6NjAwMDAwMDAwMDAwLCJ1cGRhdGUiOjYwMDAwMDAwMDAwMH19",
          "dependencies": [
            "aws_ecr_repository.BackRepo",
            "aws_iam_role.LambdaRole",
            "data.aws_ecr_authorization_token.token",
            "docker_image.BackImage"
          ]
        }
      ]
    },
    {
      "mode": "managed",
      "type": "aws_lambda_function_url",
      "name": "BackLambdaUrl",
      "provider": "provider[\"registry.terraform.io/hashicorp/aws\"]",
      "instances": [
        {
          "schema_version": 0,
          "attributes": {
            "authorization_type": "NONE",
            "cors": [],
            "function_arn": "arn:aws:lambda:eu-central-1:711348555690:function:back-lambda",
            "function_name": "back-lambda",
            "function_url": "https://bxhne6uumeuxjabn5oo4bpp4ty0jkcfg.lambda-url.eu-central-1.on.aws/",
            "id": "back-lambda",
            "invoke_mode": "BUFFERED",
            "qualifier": "",
            "timeouts": null,
            "url_id": "bxhne6uumeuxjabn5oo4bpp4ty0jkcfg"
          },
          "sensitive_attributes": [],
          "private": "eyJlMmJmYjczMC1lY2FhLTExZTYtOGY4OC0zNDM2M2JjN2M0YzAiOnsiY3JlYXRlIjo2MDAwMDAwMDAwMDB9fQ==",
          "dependencies": [
            "aws_ecr_repository.BackRepo",
            "aws_iam_role.LambdaRole",
            "aws_lambda_function.BackLambda",
            "data.aws_ecr_authorization_token.token",
            "docker_image.BackImage"
          ]
        }
      ]
    },
    {
      "mode": "managed",
      "type": "docker_image",
      "name": "BackImage",
      "provider": "provider[\"registry.terraform.io/kreuzwerker/docker\"]",
      "instances": [
        {
          "schema_version": 0,
          "attributes": {
            "build": [
              {
                "auth_config": [],
                "build_arg": {},
                "build_args": {},
                "build_id": "",
                "cache_from": [],
                "cgroup_parent": "",
                "context": "/home/user/github/cdktf-project/src/back",
                "cpu_period": 0,
                "cpu_quota": 0,
                "cpu_set_cpus": "",
                "cpu_set_mems": "",
                "cpu_shares": 0,
                "dockerfile": "Dockerfile",
                "extra_hosts": [],
                "force_remove": false,
                "isolation": "",
                "label": {},
                "labels": {},
                "memory": 0,
                "memory_swap": 0,
                "network_mode": "",
                "no_cache": false,
                "platform": "",
                "pull_parent": false,
                "remote_context": "",
                "remove": true,
                "security_opt": [],
                "session_id": "",
                "shm_size": 0,
                "squash": false,
                "suppress_output": false,
                "tag": [],
                "target": "",
                "ulimit": [],
                "version": ""
              }
            ],
            "force_remove": null,
            "id": "sha256:d9e54ff0c0935a2beec791e31962ed9a7ef7d9ad19056ee150e6390386e27188711348555690.dkr.ecr.eu-central-1.amazonaws.com/back-repo:latest",
            "image_id": "sha256:d9e54ff0c0935a2beec791e31962ed9a7ef7d9ad19056ee150e6390386e27188",
            "keep_locally": null,
            "name": "711348555690.dkr.ecr.eu-central-1.amazonaws.com/back-repo:latest",
            "platform": "linux/arm64",
            "pull_triggers": null,
            "repo_digest": "711348555690.dkr.ecr.eu-central-1.amazonaws.com/back-repo@sha256:f25f0bdc6c7a8384ed41a937fe83ae0acad48764319bec4771ef61a3f8ab4841",
            "triggers": null
          },
          "sensitive_attributes": [],
          "private": "bnVsbA==",
          "dependencies": [
            "aws_ecr_repository.BackRepo",
            "data.aws_ecr_authorization_token.token"
          ]
        }
      ]
    },
    {
      "mode": "managed",
      "type": "docker_image",
      "name": "FrontImage",
      "provider": "provider[\"registry.terraform.io/kreuzwerker/docker\"]",
      "instances": [
        {
          "schema_version": 0,
          "attributes": {
            "build": [
              {
                "auth_config": [],
                "build_arg": {},
                "build_args": {},
                "build_id": "",
                "cache_from": [],
                "cgroup_parent": "",
                "context": "/home/user/github/cdktf-project/src/front",
                "cpu_period": 0,
                "cpu_quota": 0,
                "cpu_set_cpus": "",
                "cpu_set_mems": "",
                "cpu_shares": 0,
                "dockerfile": "Dockerfile",
                "extra_hosts": [],
                "force_remove": false,
                "isolation": "",
                "label": {},
                "labels": {},
                "memory": 0,
                "memory_swap": 0,
                "network_mode": "",
                "no_cache": false,
                "platform": "",
                "pull_parent": false,
                "remote_context": "",
                "remove": true,
                "security_opt": [],
                "session_id": "",
                "shm_size": 0,
                "squash": false,
                "suppress_output": false,
                "tag": [],
                "target": "",
                "ulimit": [],
                "version": ""
              }
            ],
            "force_remove": null,
            "id": "sha256:c78d471df96f5bf0d4538c961fbbf07e1f790f0d2c2dc8feae2d573d7c44e883711348555690.dkr.ecr.eu-central-1.amazonaws.com/front-repo",
            "image_id": "sha256:c78d471df96f5bf0d4538c961fbbf07e1f790f0d2c2dc8feae2d573d7c44e883",
            "keep_locally": null,
            "name": "711348555690.dkr.ecr.eu-central-1.amazonaws.com/front-repo",
            "platform": "linux/arm64",
            "pull_triggers": null,
            "repo_digest": "711348555690.dkr.ecr.eu-central-1.amazonaws.com/front-repo@sha256:b30c3a220dee33d6bd87ded8c742b08dd68a7f738791ad589dc6f45c71dfd428",
            "triggers": null
          },
          "sensitive_attributes": [],
          "private": "bnVsbA==",
          "dependencies": [
            "aws_ecr_repository.FrontRepo",
            "data.aws_ecr_authorization_token.token"
          ]
        }
      ]
    },
    {
      "mode": "managed",
      "type": "docker_registry_image",
      "name": "BackUpload",
      "provider": "provider[\"registry.terraform.io/kreuzwerker/docker\"]",
      "instances": [
        {
          "schema_version": 0,
          "attributes": {
            "id": "sha256:f25f0bdc6c7a8384ed41a937fe83ae0acad48764319bec4771ef61a3f8ab4841",
            "insecure_skip_verify": false,
            "keep_remotely": false,
            "name": "711348555690.dkr.ecr.eu-central-1.amazonaws.com/back-repo:latest",
            "sha256_digest": "sha256:f25f0bdc6c7a8384ed41a937fe83ae0acad48764319bec4771ef61a3f8ab4841",
            "triggers": null
          },
          "sensitive_attributes": [],
          "private": "bnVsbA==",
          "dependencies": [
            "aws_ecr_repository.BackRepo",
            "data.aws_ecr_authorization_token.token",
            "docker_image.BackImage"
          ]
        }
      ]
    },
    {
      "mode": "managed",
      "type": "docker_registry_image",
      "name": "FrontUpload",
      "provider": "provider[\"registry.terraform.io/kreuzwerker/docker\"]",
      "instances": [
        {
          "schema_version": 0,
          "attributes": {
            "id": "sha256:b30c3a220dee33d6bd87ded8c742b08dd68a7f738791ad589dc6f45c71dfd428",
            "insecure_skip_verify": false,
            "keep_remotely": false,
            "name": "711348555690.dkr.ecr.eu-central-1.amazonaws.com/front-repo",
            "sha256_digest": "sha256:b30c3a220dee33d6bd87ded8c742b08dd68a7f738791ad589dc6f45c71dfd428",
            "triggers": null
          },
          "sensitive_attributes": [],
          "private": "bnVsbA==",
          "dependencies": [
            "aws_ecr_repository.FrontRepo",
            "data.aws_ecr_authorization_token.token",
            "docker_image.FrontImage"
          ]
        }
      ]
    }
  ],
  "check_results": null
}
