{
  "version": 4,
  "terraform_version": "1.7.0",
  "serial": 491,
  "lineage": "a595879c-8348-d326-a097-97e4ec7507b9",
  "outputs": {},
  "resources": [
    {
      "mode": "data",
      "type": "aws_ecr_authorization_token",
      "name": "token",
      "provider": "provider[\"registry.terraform.io/hashicorp/aws\"]",
      "instances": [
        {
          "schema_version": 0,
          "attributes": {
            "authorization_token": "QVdTOmV5SndZWGxzYjJGa0lqb2lWamgxUW5wRlFXOW9NMFJQYmpoS00ySlRTMWhsTmk5S1MwTnpUa0ZGVEZOUlJYbHhZekozYlVrMmQzb3dSMEV3TjBaMEwyWnFlRTVpTURGak1HZ3piVWhrTWpjM2FFZDZkbkl4VWlzekx6RlpLMDVHUVV0dU1WRmFRU3QxZVVSVFkyZEROV2RtYTBWVmIxbHhiMkp3TVM5SlQxWlZUUzh3TkRWa2MwVldSMmRIWjBsVVRHRk5aMWRJYjBobGNqQXZha2xPYmxCR1dtRnRSVWRhWVRsblVGUXJXVFJESzA5UE9XRnJhakprYm5ad2J6VlpaM2gyZWpsNVlVaFNXR1JvYVhkdVZURkZZMGREVFdOSWNXZHVaVTFRTVVoQldFOTNaMFpPY1ZoRFRTdDFXR05yZDFkM1RuazVSVlpPUjB4MlJWZzRZWEJHV0VGWWVUVnlObU4wYjBSM01EZzVUVzR4Wkc1cFJUWjJaM05PVlRSSGFUSjVNMnhyZFRJeFFYSTVSbTlaTDNKM1JXVnZTM0JrVGt4U2JDdFZjbll6TUhjdk1tczBWM0Z4Y1hrclIzZ3hjWEJCV1c0eVVYVkVUM1lyYTBWQlJDdFJlVkprUzNCcWMwNTVWbmRDTjJ0a1Z5dHRUbVJYV0Vwb1MyZEhjMEpCTmk5bU5WcERiemxGUVVjM09XZHBNbVJ4WTA1WFRVNWlRa1ZxTkVNeE5YTkpjVTl0T1N0NFVqVTVSelZ5V25NME5ITnFiVU0wZHpoR2VVeEpjbnBLUWpkVFVWUkZOM2xJTDJJd1dVSnlaVFZVSzFoSU4wbFhVMVJpVEZCWlYwcExXRzFPZFdvd1dsQklSV1ZWU0hocGNWRmxWRlZLTTBaSlYzWjFOek41ZW1ZNVdXRTNXa1kxWldwd1JsUkJUMnRPY205bVNsZGtaR2hYWlV4WFVrSnRXVkphZDJ0RVZERnllRkpPZFhsRE9IbFdUSEZ2YVVwbFltNVZNVEJ2WWxjdlluRm5SMVYwZEZCek1uQnZOelJFUnpOVGJsQnNZVVJ4TjBGMldVUlRibWg2TjJkNWNVeFZWVE0zWkdJM2VFTjVaMVp6V0RsU1NUUlBNRTl6ZEdneFpHMU1TVVpaYkVoSFR6aE1aalEzYUVwdVMyUmhVRVY0ZEVveE9UZGtUR3hYWmpaa1pubFBhbEoyS3k5Q1pGcENSRUl4TVM4NUwwbFBWV2xHTDJ4S00zbEJRbkV5VFM5dFpHMVpNRzFXYlhkNk1XczBTRlZrVVZKa2FsRklNbEF5YmpCTVNuSkxSMUpsTTJrNFlWUlRjR3RvZUdSTGQzZHZRVlZNUmxGTk1tWkpSVk16V0RaR1lscDJVbGR3Y1M5NmIwTklVamc0WVVOdVRDdG1TMEZYT0dac01sSk9TVzlsYlhCMU5YaGhXamx2TVVRMFRGUk9ZazFTVlM5NVRVbHVRbmsyU1Vsa0swZHlkMFZWUnpGRmMwMXBMM1YwY1hCWlJYVXlNMDFWZUdGUGNDczRTMlF3YTNGak5VZDRWR3BCT1VOSUwxSXpVRU5XZFRKM1pUbDFhamxTV0VaRVFWVnhSemxSY1habGFFbE5ObEZVWlVWUE9HRk9OV3hDVUVwS0wzSmpaVlp6YjFkV1IyMU1aV3d5WVZkbmRrVlJZbUZ2TjNWQmFGZHpPV05PYlVadmIyeHBlbHBET0dKcGRHVmtNMWh2TlVaSWNteGpUVGMwVnl0SWRXcHhNRXBGZVM5aVQzZGtkM2RSVmpSb1VGSlpNMlZ1TTJ0NGNVNXpRVUZzTkhwSFYwTkdia1UyZFRSNWNYQktjRUZrYlVNdllrRlViV2hsV0hCVVNURmFkbTF1VVd4dWMyeFFObEZvTmpnNVZqVkhkbnB5VjJ0M2JHNU1VMHAxTTNacVQzSkVTVGhwTkhGSGFFd3pjekpCV210NVFsVmxRMk5zYmtOSVpYSnBlRzlMWVZsTU5ISmtWbkJFY2tWeGJqazFhMmM1U21oV05GRTNPVVpRUlZNd1owa3ZhalZKVVZJaUxDSmtZWFJoYTJWNUlqb2lRVkZGUWtGSWFETjZXVTlrZEhCQ1FsTldkeTlaTW1GdU9FSllTVVEwYTNkTVVXWnViMVJxTlhwM1duUkhTbHB2V2xGQlFVRklOSGRtUVZsS1MyOWFTV2gyWTA1QlVXTkhiMGM0ZDJKUlNVSkJSRUp2UW1kcmNXaHJhVWM1ZHpCQ1FuZEZkMGhuV1VwWlNWcEpRVmRWUkVKQlJYVk5Ra1ZGUkU1aFRXMXFWMlV2TkRJMFlXTmFaek5CU1VKRlNVRTNXVmx4UkdwTVYzWXljbVl4Y0VoUk16TnZSMkZWWVVSNGFsWXpWM1ZpYUhWamIxTTFiMFpyTDNZMGN5OUVUVFU0U3pWaU1DdFRhbTk1YVZKMldGVTRZaXRTVkRWaVdUUmFaekF5UVZaWmR6MGlMQ0oyWlhKemFXOXVJam9pTWlJc0luUjVjR1VpT2lKRVFWUkJYMHRGV1NJc0ltVjRjR2x5WVhScGIyNGlPakUzTURZeU16Y3pOemQ5",
            "expires_at": "2024-01-26T02:49:37Z",
            "id": "eu-central-1",
            "password": "eyJwYXlsb2FkIjoiVjh1QnpFQW9oM0RPbjhKM2JTS1hlNi9KS0NzTkFFTFNRRXlxYzJ3bUk2d3owR0EwN0Z0L2ZqeE5iMDFjMGgzbUhkMjc3aEd6dnIxUiszLzFZK05GQUtuMVFaQSt1eURTY2dDNWdma0VVb1lxb2JwMS9JT1ZVTS8wNDVkc0VWR2dHZ0lUTGFNZ1dIb0hlcjAvaklOblBGWmFtRUdaYTlnUFQrWTRDK09POWFrajJkbnZwbzVZZ3h2ejl5YUhSWGRoaXduVTFFY0dDTWNIcWduZU1QMUhBWE93Z0ZOcVhDTSt1WGNrd1d3Tnk5RVZOR0x2RVg4YXBGWEFYeTVyNmN0b0R3MDg5TW4xZG5pRTZ2Z3NOVTRHaTJ5M2xrdTIxQXI5Rm9ZL3J3RWVvS3BkTkxSbCtVcnYzMHcvMms0V3FxcXkrR3gxcXBBWW4yUXVET3Yra0VBRCtReVJkS3Bqc055VndCN2tkVyttTmRXWEpoS2dHc0JBNi9mNVpDbzlFQUc3OWdpMmRxY05XTU5iQkVqNEMxNXNJcU9tOSt4UjU5RzVyWnM0NHNqbUM0dzhGeUxJcnpKQjdTUVRFN3lIL2IwWUJyZTVUK1hIN0lXU1RiTFBZV0pLWG1OdWowWlBIRWVVSHhpcVFlVFVKM0ZJV3Z1NzN5emY5WWE3WkY1ZWpwRlRBT2tOcm9mSldkZGhXZUxXUkJtWVJad2tEVDFyeFJOdXlDOHlWTHFvaUplYm5VMTBvYlcvYnFnR1V0dFBzMnBvNzRERzNTblBsYURxN0F2WURTbmh6N2d5cUxVVTM3ZGI3eEN5Z1ZzWDlSSTRPME9zdGgxZG1MSUZZbEhHTzhMZjQ3aEpuS2RhUEV4dEoxOTdkTGxXZjZkZnlPalJ2Ky9CZFpCREIxMS85L0lPVWlGL2xKM3lBQnEyTS9tZG1ZMG1WbXd6MWs0SFVkUVJkalFIMlAybjBMSnJLR1JlM2k4YVRTcGtoeGRLd3dvQVVMRlFNMmZJRVMzWDZGYlp2UldwcS96b0NIUjg4YUNuTCtmS0FXOGZsMlJOSW9lbXB1NXhhWjlvMUQ0TFROYk1SVS95TUluQnk2SUlkK0dyd0VVRzFFc01pL3V0cXBZRXUyM01VeGFPcCs4S2Qwa3FjNUd4VGpBOUNIL1IzUENWdTJ3ZTl1ajlSWEZEQVVxRzlRcXZlaElNNlFUZUVPOGFONWxCUEpKL3JjZVZzb1dWR21MZWwyYVdndkVRYmFvN3VBaFdzOWNObUZvb2xpelpDOGJpdGVkM1hvNUZIcmxjTTc0VytIdWpxMEpFeS9iT3dkd3dRVjRoUFJZM2VuM2t4cU5zQUFsNHpHV0NGbkU2dTR5cXBKcEFkbUMvYkFUbWhlWHBUSTFadm1uUWxuc2xQNlFoNjg5VjVHdnpyV2t3bG5MU0p1M3ZqT3JESThpNHFHaEwzczJBWmt5QlVlQ2NsbkNIZXJpeG9LYVlMNHJkVnBEckVxbjk1a2c5SmhWNFE3OUZQRVMwZ0kvajVJUVIiLCJkYXRha2V5IjoiQVFFQkFIaDN6WU9kdHBCQlNWdy9ZMmFuOEJYSUQ0a3dMUWZub1RqNXp3WnRHSlpvWlFBQUFINHdmQVlKS29aSWh2Y05BUWNHb0c4d2JRSUJBREJvQmdrcWhraUc5dzBCQndFd0hnWUpZSVpJQVdVREJBRXVNQkVFRE5hTW1qV2UvNDI0YWNaZzNBSUJFSUE3WVlxRGpMV3YycmYxcEhRMzNvR2FVYUR4alYzV3ViaHVjb1M1b0ZrL3Y0cy9ETTU4SzViMCtTam95aVJ2WFU4YitSVDViWTRaZzAyQVZZdz0iLCJ2ZXJzaW9uIjoiMiIsInR5cGUiOiJEQVRBX0tFWSIsImV4cGlyYXRpb24iOjE3MDYyMzczNzd9",
            "proxy_endpoint": "https://711348555690.dkr.ecr.eu-central-1.amazonaws.com",
            "registry_id": null,
            "user_name": "AWS"
          },
          "sensitive_attributes": []
        }
      ]
    },
    {
      "mode": "managed",
      "type": "aws_ecr_repository",
      "name": "BackRepo",
      "provider": "provider[\"registry.terraform.io/hashicorp/aws\"]",
      "instances": [
        {
          "schema_version": 0,
          "attributes": {
            "arn": "arn:aws:ecr:eu-central-1:711348555690:repository/back-repo",
            "encryption_configuration": [
              {
                "encryption_type": "AES256",
                "kms_key": ""
              }
            ],
            "force_delete": null,
            "id": "back-repo",
            "image_scanning_configuration": [
              {
                "scan_on_push": false
              }
            ],
            "image_tag_mutability": "MUTABLE",
            "name": "back-repo",
            "registry_id": "711348555690",
            "repository_url": "711348555690.dkr.ecr.eu-central-1.amazonaws.com/back-repo",
            "tags": null,
            "tags_all": {},
            "timeouts": null
          },
          "sensitive_attributes": [],
          "private": "eyJlMmJmYjczMC1lY2FhLTExZTYtOGY4OC0zNDM2M2JjN2M0YzAiOnsiZGVsZXRlIjoxMjAwMDAwMDAwMDAwfX0="
        }
      ]
    },
    {
      "mode": "managed",
      "type": "aws_ecr_repository",
      "name": "FrontRepo",
      "provider": "provider[\"registry.terraform.io/hashicorp/aws\"]",
      "instances": [
        {
          "schema_version": 0,
          "attributes": {
            "arn": "arn:aws:ecr:eu-central-1:711348555690:repository/front-repo",
            "encryption_configuration": [
              {
                "encryption_type": "AES256",
                "kms_key": ""
              }
            ],
            "force_delete": null,
            "id": "front-repo",
            "image_scanning_configuration": [
              {
                "scan_on_push": false
              }
            ],
            "image_tag_mutability": "MUTABLE",
            "name": "front-repo",
            "registry_id": "711348555690",
            "repository_url": "711348555690.dkr.ecr.eu-central-1.amazonaws.com/front-repo",
            "tags": null,
            "tags_all": {},
            "timeouts": null
          },
          "sensitive_attributes": [],
          "private": "eyJlMmJmYjczMC1lY2FhLTExZTYtOGY4OC0zNDM2M2JjN2M0YzAiOnsiZGVsZXRlIjoxMjAwMDAwMDAwMDAwfX0="
        }
      ]
    },
    {
      "mode": "managed",
      "type": "aws_iam_role",
      "name": "LambdaRole",
      "provider": "provider[\"registry.terraform.io/hashicorp/aws\"]",
      "instances": [
        {
          "schema_version": 0,
          "attributes": {
            "arn": "arn:aws:iam::711348555690:role/lambda-role",
            "assume_role_policy": "{\"Statement\":[{\"Action\":\"sts:AssumeRole\",\"Effect\":\"Allow\",\"Principal\":{\"Service\":\"lambda.amazonaws.com\"}}],\"Version\":\"2012-10-17\"}",
            "create_date": "2024-01-25T14:49:38Z",
            "description": "",
            "force_detach_policies": false,
            "id": "lambda-role",
            "inline_policy": [],
            "managed_policy_arns": [],
            "max_session_duration": 3600,
            "name": "lambda-role",
            "name_prefix": "",
            "path": "/",
            "permissions_boundary": "",
            "tags": null,
            "tags_all": {},
            "unique_id": "AROA2LH5NR6VK4Z4VUMTN"
          },
          "sensitive_attributes": [],
          "private": "bnVsbA=="
        }
      ]
    },
    {
      "mode": "managed",
      "type": "aws_iam_role_policy_attachment",
      "name": "LambdaExecPolicyAttachment",
      "provider": "provider[\"registry.terraform.io/hashicorp/aws\"]",
      "instances": [
        {
          "schema_version": 0,
          "attributes": {
            "id": "lambda-role-20240125144940309500000001",
            "policy_arn": "arn:aws:iam::aws:policy/service-role/AWSLambdaBasicExecutionRole",
            "role": "lambda-role"
          },
          "sensitive_attributes": [],
          "private": "bnVsbA==",
          "dependencies": [
            "aws_iam_role.LambdaRole"
          ]
        }
      ]
    },
    {
      "mode": "managed",
      "type": "docker_image",
      "name": "BackImage",
      "provider": "provider[\"registry.terraform.io/kreuzwerker/docker\"]",
      "instances": [
        {
          "schema_version": 0,
          "attributes": {
            "build": [
              {
                "auth_config": [],
                "build_arg": null,
                "build_args": null,
                "build_id": "",
                "cache_from": [],
                "cgroup_parent": "",
                "context": "/home/user/github/cdktf-project/src/back",
                "cpu_period": null,
                "cpu_quota": null,
                "cpu_set_cpus": "",
                "cpu_set_mems": "",
                "cpu_shares": null,
                "dockerfile": "Dockerfile",
                "extra_hosts": [],
                "force_remove": null,
                "isolation": "",
                "label": null,
                "labels": null,
                "memory": null,
                "memory_swap": null,
                "network_mode": "",
                "no_cache": null,
                "platform": "linux/amd64",
                "pull_parent": null,
                "remote_context": "",
                "remove": true,
                "security_opt": [],
                "session_id": "",
                "shm_size": null,
                "squash": null,
                "suppress_output": null,
                "tag": [],
                "target": "",
                "ulimit": [],
                "version": ""
              }
            ],
            "force_remove": null,
            "id": "sha256:5cbbded332bce64cf6345fe9f12507daf5769f34aaf1701837b556b07ee5ce4d711348555690.dkr.ecr.eu-central-1.amazonaws.com/back-repo:latest",
            "image_id": "sha256:5cbbded332bce64cf6345fe9f12507daf5769f34aaf1701837b556b07ee5ce4d",
            "keep_locally": null,
            "name": "711348555690.dkr.ecr.eu-central-1.amazonaws.com/back-repo:latest",
            "platform": null,
            "pull_triggers": null,
            "repo_digest": "",
            "triggers": {
              "filesha256": "1254bf07a59ad0772e00d5b67b68c2f343a099e781b2667d9cce1660aa55b992"
            }
          },
          "sensitive_attributes": [],
          "private": "bnVsbA==",
          "dependencies": [
            "aws_ecr_repository.BackRepo",
            "data.aws_ecr_authorization_token.token"
          ]
        }
      ]
    },
    {
      "mode": "managed",
      "type": "docker_image",
      "name": "FrontImage",
      "provider": "provider[\"registry.terraform.io/kreuzwerker/docker\"]",
      "instances": [
        {
          "schema_version": 0,
          "attributes": {
            "build": [
              {
                "auth_config": [],
                "build_arg": null,
                "build_args": null,
                "build_id": "",
                "cache_from": [],
                "cgroup_parent": "",
                "context": "/home/user/github/cdktf-project/src/front",
                "cpu_period": null,
                "cpu_quota": null,
                "cpu_set_cpus": "",
                "cpu_set_mems": "",
                "cpu_shares": null,
                "dockerfile": "Dockerfile",
                "extra_hosts": [],
                "force_remove": null,
                "isolation": "",
                "label": null,
                "labels": null,
                "memory": null,
                "memory_swap": null,
                "network_mode": "",
                "no_cache": null,
                "platform": "linux/amd64",
                "pull_parent": null,
                "remote_context": "",
                "remove": true,
                "security_opt": [],
                "session_id": "",
                "shm_size": null,
                "squash": null,
                "suppress_output": null,
                "tag": [],
                "target": "",
                "ulimit": [],
                "version": ""
              }
            ],
            "force_remove": null,
            "id": "sha256:c78d471df96f5bf0d4538c961fbbf07e1f790f0d2c2dc8feae2d573d7c44e883711348555690.dkr.ecr.eu-central-1.amazonaws.com/front-repo:latest",
            "image_id": "sha256:c78d471df96f5bf0d4538c961fbbf07e1f790f0d2c2dc8feae2d573d7c44e883",
            "keep_locally": null,
            "name": "711348555690.dkr.ecr.eu-central-1.amazonaws.com/front-repo:latest",
            "platform": null,
            "pull_triggers": null,
            "repo_digest": "",
            "triggers": {
              "filesha256": "9dd6df6a8aad0c5be2d0ff5d66c31f6c68abffb59be1e1152729b8af7f349738"
            }
          },
          "sensitive_attributes": [],
          "private": "bnVsbA==",
          "dependencies": [
            "aws_ecr_repository.FrontRepo",
            "data.aws_ecr_authorization_token.token"
          ]
        }
      ]
    },
    {
      "mode": "managed",
      "type": "docker_registry_image",
      "name": "BackPush",
      "provider": "provider[\"registry.terraform.io/kreuzwerker/docker\"]",
      "instances": [
        {
          "schema_version": 0,
          "attributes": {
            "id": "sha256:c2b0421a808f06534e4d4276a510b707fda711db46faefc6488786d811144427",
            "insecure_skip_verify": false,
            "keep_remotely": false,
            "name": "711348555690.dkr.ecr.eu-central-1.amazonaws.com/back-repo:latest",
            "sha256_digest": "sha256:c2b0421a808f06534e4d4276a510b707fda711db46faefc6488786d811144427",
            "triggers": {
              "filesha256": "1254bf07a59ad0772e00d5b67b68c2f343a099e781b2667d9cce1660aa55b992"
            }
          },
          "sensitive_attributes": [],
          "private": "bnVsbA==",
          "dependencies": [
            "aws_ecr_repository.BackRepo",
            "data.aws_ecr_authorization_token.token",
            "docker_image.BackImage"
          ]
        }
      ]
    },
    {
      "mode": "managed",
      "type": "docker_registry_image",
      "name": "FrontPush",
      "provider": "provider[\"registry.terraform.io/kreuzwerker/docker\"]",
      "instances": [
        {
          "schema_version": 0,
          "attributes": {
            "id": "sha256:b30c3a220dee33d6bd87ded8c742b08dd68a7f738791ad589dc6f45c71dfd428",
            "insecure_skip_verify": false,
            "keep_remotely": false,
            "name": "711348555690.dkr.ecr.eu-central-1.amazonaws.com/front-repo:latest",
            "sha256_digest": "sha256:b30c3a220dee33d6bd87ded8c742b08dd68a7f738791ad589dc6f45c71dfd428",
            "triggers": {
              "filesha256": "9dd6df6a8aad0c5be2d0ff5d66c31f6c68abffb59be1e1152729b8af7f349738"
            }
          },
          "sensitive_attributes": [],
          "private": "bnVsbA==",
          "dependencies": [
            "aws_ecr_repository.FrontRepo",
            "data.aws_ecr_authorization_token.token",
            "docker_image.FrontImage"
          ]
        }
      ]
    }
  ],
  "check_results": null
}
