{
  "version": 4,
  "terraform_version": "1.7.1",
  "serial": 1039,
  "lineage": "a595879c-8348-d326-a097-97e4ec7507b9",
  "outputs": {},
  "resources": [
    {
      "mode": "data",
      "type": "aws_ecr_authorization_token",
      "name": "token",
      "provider": "provider[\"registry.terraform.io/hashicorp/aws\"]",
      "instances": [
        {
          "schema_version": 0,
          "attributes": {
            "authorization_token": "QVdTOmV5SndZWGxzYjJGa0lqb2ljRlJEWkZSQ1kwdHFWM2RHZEVSNFowcGpNbkE0UVZSQkwxcGFURlJKYVhGNmNERllVREpXZHl0MWMxQlFOWFF3WlRoVFVqbGlaekJtVkVSdWNESmhTVkJwTUZvemIwbGxVRFJGUTJwTk1rd3ZXa000YkhCVVowTTJZMWhwZHk4eE5XMDFhMUZtYmt0bU5qZEViSHBaZDNWQ1dVMXZOemd6ZUZaVU1qazNSSEo0VUc5eFJqUkJWRWxwWnpOUVJFbG5NalprVml0aUsxZFhhbFExVXpWVlJDc3pUeTlrYUhGbVIxVkNTa1JLZW1Sb2RtTlZWMGxZTjBwa1QzazNiRU4yYnpSUVN6aHBOVGRWWjBOTFowMWpja0ZOYkVkWFdHOUxNSFJKVjFaVVkyaElUU3QwTVdWa1NXSnVaV0ZYU25wMVFYaE9NbWhFU3psUVdrWm9SelF2VkhRMFdtTmhjSGN3Wmt0M05YSkVVbXROTTJ4TE0wSnhWemREYW5RM2VVaGplR1YyYmpsc1RWSkVNVkpWVURWbVNETmphM3BJTkRkclF6RnpVVXBqWW1vdk5GY3dkM3BFYVZCU1VrMXVUVGhETDJ3M1pHcEplR2hXYVc1c1NqRlhUMjlzWkVoU2FXTklRak5tTDJSNVFtMURXR2s0WVZSVVVYaFhVamxoVTFSdmVYSkxSMkl2YVU5TVoyZFBlRGdySzNOb2J6QTFXRFZrY21sWWNqVjRVemg1UlZrd2IzRldibFozWkhvNWQyUmlPVzU0U1dwUlJHcE9VbFozUjA1TVNscDJPSFZ3ZVVScFdtRkhVM0I0TjJWdlExWnBORTVqUVdkaFNVUkplamhPVHpoTVpVcDBWa0pPT1ZCV09IaEpWbUpCZUdock9USXJiR3M1TjA1aFpITjRUMU5zU2pOcmFreE1SVTVoYm14eVEwRm1iRXd2ZWs1YVpuRnlka3hxTURNNWNUVjBPSFZpTlU1amJWRlFTWE15U1hSelIwSkhSbTk1VDJwM1JuQnFibmR4ZFd0V01GSnBORGc0Y1hGSVZVUkpkbFJMUzJwUVUwaHBhVGhXUjJWM2RGSXdXVEI2TTJJNU9YTTBSa3h3UmxGMmVVZHVlbWRUVmxkSlJHRnhOMnBQT1VGUFdISlpUeTlDV2pCdWIySlljM0ZFUlZWWGF6YzBPV1Z2TTB4YVpESXlXbWRRVURablFVMUtiVzB5ZW5SaldYbDRiMlZwTHpoeFRrbG1hazlYZEhCQlRYVnBWVE5VV0ZGRFpuZHpNVWM0VG04MVVrbHVka1ZxV1c1NllWRnZUbFZoVlhvNFIzVXJhVlF2VW1zeVRtbFpTVFJ1VjJvMU0yWkZVa2RPYWpGUFZIcDZRM3BPY0hsd1psUmtTSHBFV0hJeVZXUm9Xa1k1Y2paeE1GcFZZV3AyZDJKT2FsRXJTMDUzY2xCak5rcDNTRVV6VTJOUlJHeExTMDFyY2pOUlpHMXhNbk4yT1ZOUE1YTjNjMkZLVDFaeU9YVjBUMXBzVTBkSVZXRjFOMEl4YTFVMlVUZFpMMVpuWVRGa1RIY3pPVUYzUzI1VFJ6ZHBWMU5YU2k5VFdrUXZXREJsVnpadmRFSjNlSEJZWTA1Q01IaHpZbFV3Y2swelRXMWxaWFprYUZCeE9IQjVWRko2TlZCc1ZFOVBlWEZ5U1dWdmFpOXdiR05yY0ZSbFlqRnpTbVpsS3pkWFNsTTNaR2x2Y0dkdVFsbzNVVm8wU0hOS00xUkNSRVV5TkVWM2RFSm5abkJMY21aME56STJUMWR0U1ROM2RsQmhlVUZMVERKM1MwcGFVM2x6WlVKWU9UbHNhbWxGTUZOU0sxQXJja3AzVFhGaVprWnBaR1o1Ykc1eFpqUldOeTlUWm05d2RXbE9XRmx2TWpNMGVHNTZZV0ZKWjFJclpXMTJNMlZKYlhKMVUwNHJTREIzU1dGblFqWjNPVWh0WlZkcGJYZFJSVEU0ZVhoQmVVeFdRbGh4ZVZkV1dGWnBaMEU0U0ZkV01YTnpRMU4xTWswaUxDSmtZWFJoYTJWNUlqb2lRVkZGUWtGSWFETjZXVTlrZEhCQ1FsTldkeTlaTW1GdU9FSllTVVEwYTNkTVVXWnViMVJxTlhwM1duUkhTbHB2V2xGQlFVRklOSGRtUVZsS1MyOWFTV2gyWTA1QlVXTkhiMGM0ZDJKUlNVSkJSRUp2UW1kcmNXaHJhVWM1ZHpCQ1FuZEZkMGhuV1VwWlNWcEpRVmRWUkVKQlJYVk5Ra1ZGUkVkMVpHMW5aVlpyVGtaS1dWSkpWbUZSU1VKRlNVRTNSRXBNUVV3dldVbHZTRWhOYUROS1FraE5XR2MxUmtwcE55dEJTMWhNZGk5RWEyRnhXRGRhVDJ0UldrZDVZbVpuUzBGNGNsZHZkVlpETURsQlMyVnlPVVJTZVVVM2JHeG1la2hIUVhoUVl6MGlMQ0oyWlhKemFXOXVJam9pTWlJc0luUjVjR1VpT2lKRVFWUkJYMHRGV1NJc0ltVjRjR2x5WVhScGIyNGlPakUzTURZNE56TXlPRGg5",
            "expires_at": "2024-02-02T11:28:08Z",
            "id": "eu-central-1",
            "password": "eyJwYXlsb2FkIjoicFRDZFRCY0tqV3dGdER4Z0pjMnA4QVRBL1paTFRJaXF6cDFYUDJWdyt1c1BQNXQwZThTUjliZzBmVERucDJhSVBpMFozb0llUDRFQ2pNMkwvWkM4bHBUZ0M2Y1hpdy8xNW01a1FmbktmNjdEbHpZd3VCWU1vNzgzeFZUMjk3RHJ4UG9xRjRBVElpZzNQRElnMjZkVitiK1dXalQ1UzVVRCszTy9kaHFmR1VCSkRKemRodmNVV0lYN0pkT3k3bEN2bzRQSzhpNTdVZ0NLZ01jckFNbEdXWG9LMHRJV1ZUY2hITSt0MWVkSWJuZWFXSnp1QXhOMmhESzlQWkZoRzQvVHQ0WmNhcHcwZkt3NXJEUmtNM2xLM0JxVzdDanQ3eUhjeGV2bjlsTVJEMVJVUDVmSDNja3pINDdrQzFzUUpjYmovNFcwd3pEaVBSUk1uTThDL2w3ZGpJeGhWaW5sSjFXT29sZEhSaWNIQjNmL2R5Qm1DWGk4YVRUUXhXUjlhU1RveXJLR2IvaU9MZ2dPeDgrK3NobzA1WDVkcmlYcjV4Uzh5RVkwb3FWblZ3ZHo5d2RiOW54SWpRRGpOUlZ3R05MSlp2OHVweURpWmFHU3B4N2VvQ1ZpNE5jQWdhSURJejhOTzhMZUp0VkJOOVBWOHhJVmJBeGhrOTIrbGs5N05hZHN4T1NsSjNrakxMRU5hbmxyQ0FmbEwvek5aZnFydkxqMDM5cTV0OHViNU5jbVFQSXMySXRzR0JHRm95T2p3RnBqbndxdWtWMFJpNDg4cXFIVURJdlRLS2pQU0hpaThWR2V3dFIwWTB6M2I5OXM0RkxwRlF2eUduemdTVldJRGFxN2pPOUFPWHJZTy9CWjBub2JYc3FERVVXazc0OWVvM0xaZDIyWmdQUDZnQU1KbW0yenRjWXl4b2VpLzhxTklmak9XdHBBTXVpVTNUWFFDZndzMUc4Tm81UkludkVqWW56YVFvTlVhVXo4R3UraVQvUmsyTmlZSTRuV2o1M2ZFUkdOajFPVHp6Q3pOcHlwZlRkSHpEWHIyVWRoWkY5cjZxMFpVYWp2d2JOalErS053clBjNkp3SEUzU2NRRGxLS01rcjNRZG1xMnN2OVNPMXN3c2FKT1ZyOXV0T1psU0dIVWF1N0Ixa1U2UTdZL1ZnYTFkTHczOUF3S25TRzdpV1NXSi9TWkQvWDBlVzZvdEJ3eHBYY05CMHhzYlUwck0zTW1lZXZkaFBxOHB5VFJ6NVBsVE9PeXFySWVvai9wbGNrcFRlYjFzSmZlKzdXSlM3ZGlvcGduQlo3UVo0SHNKM1RCREUyNEV3dEJnZnBLcmZ0NzI2T1dtSTN3dlBheUFLTDJ3S0paU3lzZUJYOTlsamlFMFNSK1Arckp3TXFiZkZpZGZ5bG5xZjRWNy9TZm9wdWlOWFlvMjM0eG56YWFJZ1IrZW12M2VJbXJ1U04rSDB3SWFnQjZ3OUhtZVdpbXdRRTE4eXhBeUxWQlhxeVdWWFZpZ0E4SFdWMXNzQ1N1Mk0iLCJkYXRha2V5IjoiQVFFQkFIaDN6WU9kdHBCQlNWdy9ZMmFuOEJYSUQ0a3dMUWZub1RqNXp3WnRHSlpvWlFBQUFINHdmQVlKS29aSWh2Y05BUWNHb0c4d2JRSUJBREJvQmdrcWhraUc5dzBCQndFd0hnWUpZSVpJQVdVREJBRXVNQkVFREd1ZG1nZVZrTkZKWVJJVmFRSUJFSUE3REpMQUwvWUlvSEhNaDNKQkhNWGc1RkppNytBS1hMdi9Ea2FxWDdaT2tRWkd5YmZnS0F4cldvdVZDMDlBS2VyOURSeUU3bGxmekhHQXhQYz0iLCJ2ZXJzaW9uIjoiMiIsInR5cGUiOiJEQVRBX0tFWSIsImV4cGlyYXRpb24iOjE3MDY4NzMyODh9",
            "proxy_endpoint": "https://711348555690.dkr.ecr.eu-central-1.amazonaws.com",
            "registry_id": null,
            "user_name": "AWS"
          },
          "sensitive_attributes": []
        }
      ]
    },
    {
      "mode": "managed",
      "type": "aws_ecr_repository",
      "name": "BackRepo",
      "provider": "provider[\"registry.terraform.io/hashicorp/aws\"]",
      "instances": [
        {
          "schema_version": 0,
          "attributes": {
            "arn": "arn:aws:ecr:eu-central-1:711348555690:repository/back-repo",
            "encryption_configuration": [
              {
                "encryption_type": "AES256",
                "kms_key": ""
              }
            ],
            "force_delete": null,
            "id": "back-repo",
            "image_scanning_configuration": [
              {
                "scan_on_push": false
              }
            ],
            "image_tag_mutability": "MUTABLE",
            "name": "back-repo",
            "registry_id": "711348555690",
            "repository_url": "711348555690.dkr.ecr.eu-central-1.amazonaws.com/back-repo",
            "tags": null,
            "tags_all": {},
            "timeouts": null
          },
          "sensitive_attributes": [],
          "private": "eyJlMmJmYjczMC1lY2FhLTExZTYtOGY4OC0zNDM2M2JjN2M0YzAiOnsiZGVsZXRlIjoxMjAwMDAwMDAwMDAwfX0="
        }
      ]
    },
    {
      "mode": "managed",
      "type": "aws_ecr_repository",
      "name": "FrontRepo",
      "provider": "provider[\"registry.terraform.io/hashicorp/aws\"]",
      "instances": [
        {
          "schema_version": 0,
          "attributes": {
            "arn": "arn:aws:ecr:eu-central-1:711348555690:repository/front-repo",
            "encryption_configuration": [
              {
                "encryption_type": "AES256",
                "kms_key": ""
              }
            ],
            "force_delete": null,
            "id": "front-repo",
            "image_scanning_configuration": [
              {
                "scan_on_push": false
              }
            ],
            "image_tag_mutability": "MUTABLE",
            "name": "front-repo",
            "registry_id": "711348555690",
            "repository_url": "711348555690.dkr.ecr.eu-central-1.amazonaws.com/front-repo",
            "tags": null,
            "tags_all": {},
            "timeouts": null
          },
          "sensitive_attributes": [],
          "private": "eyJlMmJmYjczMC1lY2FhLTExZTYtOGY4OC0zNDM2M2JjN2M0YzAiOnsiZGVsZXRlIjoxMjAwMDAwMDAwMDAwfX0="
        }
      ]
    },
    {
      "mode": "managed",
      "type": "aws_iam_role",
      "name": "LambdaRole",
      "provider": "provider[\"registry.terraform.io/hashicorp/aws\"]",
      "instances": [
        {
          "schema_version": 0,
          "attributes": {
            "arn": "arn:aws:iam::711348555690:role/lambda-role",
            "assume_role_policy": "{\"Statement\":[{\"Action\":\"sts:AssumeRole\",\"Effect\":\"Allow\",\"Principal\":{\"Service\":\"lambda.amazonaws.com\"}}],\"Version\":\"2012-10-17\"}",
            "create_date": "2024-02-01T23:28:10Z",
            "description": "",
            "force_detach_policies": false,
            "id": "lambda-role",
            "inline_policy": [],
            "managed_policy_arns": [],
            "max_session_duration": 3600,
            "name": "lambda-role",
            "name_prefix": "",
            "path": "/",
            "permissions_boundary": "",
            "tags": null,
            "tags_all": {},
            "unique_id": "AROA2LH5NR6VJEQBC5IYC"
          },
          "sensitive_attributes": [],
          "private": "bnVsbA=="
        }
      ]
    },
    {
      "mode": "managed",
      "type": "aws_iam_role_policy_attachment",
      "name": "LambdaRolePolicyAttachment",
      "provider": "provider[\"registry.terraform.io/hashicorp/aws\"]",
      "instances": [
        {
          "schema_version": 0,
          "attributes": {
            "id": "lambda-role-20240201232810289500000001",
            "policy_arn": "arn:aws:iam::aws:policy/service-role/AWSLambdaBasicExecutionRole",
            "role": "lambda-role"
          },
          "sensitive_attributes": [],
          "private": "bnVsbA==",
          "dependencies": [
            "aws_iam_role.LambdaRole"
          ]
        }
      ]
    },
    {
      "mode": "managed",
      "type": "aws_lambda_function",
      "name": "BackLambda",
      "provider": "provider[\"registry.terraform.io/hashicorp/aws\"]",
      "instances": [
        {
          "schema_version": 0,
          "attributes": {
            "architectures": [
              "arm64"
            ],
            "arn": "arn:aws:lambda:eu-central-1:711348555690:function:back-lambda",
            "code_signing_config_arn": "",
            "dead_letter_config": [],
            "description": "",
            "environment": [
              {
                "variables": {
                  "HOME": "/tmp",
                  "REDIS_SERVER": "default:0448efbd82794a06ae1e45d5384753c1@eu2-busy-mudfish-32665.upstash.io:32665"
                }
              }
            ],
            "ephemeral_storage": [
              {
                "size": 512
              }
            ],
            "file_system_config": [],
            "filename": null,
            "function_name": "back-lambda",
            "handler": "",
            "id": "back-lambda",
            "image_config": [],
            "image_uri": "711348555690.dkr.ecr.eu-central-1.amazonaws.com/back-repo@sha256:27885994b2b1f05993ab8ccd268d91aed5cd8d46563abf31440c0a0cbecbdb0e",
            "invoke_arn": "arn:aws:apigateway:eu-central-1:lambda:path/2015-03-31/functions/arn:aws:lambda:eu-central-1:711348555690:function:back-lambda/invocations",
            "kms_key_arn": "",
            "last_modified": "2024-02-01T23:29:39.274+0000",
            "layers": null,
            "logging_config": [
              {
                "application_log_level": "INFO",
                "log_format": "JSON",
                "log_group": "/aws/lambda/back-lambda",
                "system_log_level": "INFO"
              }
            ],
            "memory_size": 1792,
            "package_type": "Image",
            "publish": false,
            "qualified_arn": "arn:aws:lambda:eu-central-1:711348555690:function:back-lambda:$LATEST",
            "qualified_invoke_arn": "arn:aws:apigateway:eu-central-1:lambda:path/2015-03-31/functions/arn:aws:lambda:eu-central-1:711348555690:function:back-lambda:$LATEST/invocations",
            "replace_security_groups_on_destroy": null,
            "replacement_security_group_ids": null,
            "reserved_concurrent_executions": -1,
            "role": "arn:aws:iam::711348555690:role/lambda-role",
            "runtime": "",
            "s3_bucket": null,
            "s3_key": null,
            "s3_object_version": null,
            "signing_job_arn": "",
            "signing_profile_version_arn": "",
            "skip_destroy": false,
            "snap_start": [],
            "source_code_hash": "27885994b2b1f05993ab8ccd268d91aed5cd8d46563abf31440c0a0cbecbdb0e",
            "source_code_size": 0,
            "tags": null,
            "tags_all": {},
            "timeout": 5,
            "timeouts": null,
            "tracing_config": [
              {
                "mode": "PassThrough"
              }
            ],
            "version": "$LATEST",
            "vpc_config": []
          },
          "sensitive_attributes": [],
          "private": "eyJlMmJmYjczMC1lY2FhLTExZTYtOGY4OC0zNDM2M2JjN2M0YzAiOnsiY3JlYXRlIjo2MDAwMDAwMDAwMDAsImRlbGV0ZSI6NjAwMDAwMDAwMDAwLCJ1cGRhdGUiOjYwMDAwMDAwMDAwMH19",
          "dependencies": [
            "aws_ecr_repository.BackRepo",
            "aws_iam_role.LambdaRole",
            "data.aws_ecr_authorization_token.token",
            "docker_image.BackImage",
            "docker_registry_image.BackEcrImage"
          ]
        }
      ]
    },
    {
      "mode": "managed",
      "type": "aws_lambda_function",
      "name": "FrontLambda",
      "provider": "provider[\"registry.terraform.io/hashicorp/aws\"]",
      "instances": [
        {
          "schema_version": 0,
          "attributes": {
            "architectures": [
              "x86_64"
            ],
            "arn": "arn:aws:lambda:eu-central-1:711348555690:function:front-lambda",
            "code_signing_config_arn": "",
            "dead_letter_config": [],
            "description": "",
            "environment": [
              {
                "variables": {
                  "BACKEND_API_URL": "https://nn7xyxrsrq3yqdceiwsy6nszdm0wszdg.lambda-url.eu-central-1.on.aws/",
                  "CLIENT_API_URL": "https://nn7xyxrsrq3yqdceiwsy6nszdm0wszdg.lambda-url.eu-central-1.on.aws/",
                  "HOME": "/tmp"
                }
              }
            ],
            "ephemeral_storage": [
              {
                "size": 512
              }
            ],
            "file_system_config": [],
            "filename": null,
            "function_name": "front-lambda",
            "handler": "",
            "id": "front-lambda",
            "image_config": [],
            "image_uri": "711348555690.dkr.ecr.eu-central-1.amazonaws.com/front-repo@sha256:74bf8e4ee888c22e4edb4fa16701d151f99329c527358d70766e3943664f02a4",
            "invoke_arn": "arn:aws:apigateway:eu-central-1:lambda:path/2015-03-31/functions/arn:aws:lambda:eu-central-1:711348555690:function:front-lambda/invocations",
            "kms_key_arn": "",
            "last_modified": "2024-02-01T23:29:52.216+0000",
            "layers": null,
            "logging_config": [
              {
                "application_log_level": "INFO",
                "log_format": "JSON",
                "log_group": "/aws/lambda/front-lambda",
                "system_log_level": "INFO"
              }
            ],
            "memory_size": 1792,
            "package_type": "Image",
            "publish": false,
            "qualified_arn": "arn:aws:lambda:eu-central-1:711348555690:function:front-lambda:$LATEST",
            "qualified_invoke_arn": "arn:aws:apigateway:eu-central-1:lambda:path/2015-03-31/functions/arn:aws:lambda:eu-central-1:711348555690:function:front-lambda:$LATEST/invocations",
            "replace_security_groups_on_destroy": null,
            "replacement_security_group_ids": null,
            "reserved_concurrent_executions": -1,
            "role": "arn:aws:iam::711348555690:role/lambda-role",
            "runtime": "",
            "s3_bucket": null,
            "s3_key": null,
            "s3_object_version": null,
            "signing_job_arn": "",
            "signing_profile_version_arn": "",
            "skip_destroy": false,
            "snap_start": [],
            "source_code_hash": "74bf8e4ee888c22e4edb4fa16701d151f99329c527358d70766e3943664f02a4",
            "source_code_size": 0,
            "tags": null,
            "tags_all": {},
            "timeout": 5,
            "timeouts": null,
            "tracing_config": [
              {
                "mode": "PassThrough"
              }
            ],
            "version": "$LATEST",
            "vpc_config": []
          },
          "sensitive_attributes": [],
          "private": "eyJlMmJmYjczMC1lY2FhLTExZTYtOGY4OC0zNDM2M2JjN2M0YzAiOnsiY3JlYXRlIjo2MDAwMDAwMDAwMDAsImRlbGV0ZSI6NjAwMDAwMDAwMDAwLCJ1cGRhdGUiOjYwMDAwMDAwMDAwMH19",
          "dependencies": [
            "aws_ecr_repository.BackRepo",
            "aws_ecr_repository.FrontRepo",
            "aws_iam_role.LambdaRole",
            "aws_lambda_function.BackLambda",
            "aws_lambda_function_url.BackLambdaUrl",
            "data.aws_ecr_authorization_token.token",
            "docker_image.BackImage",
            "docker_image.FrontImage",
            "docker_registry_image.BackEcrImage",
            "docker_registry_image.FrontEcrImage"
          ]
        }
      ]
    },
    {
      "mode": "managed",
      "type": "aws_lambda_function_url",
      "name": "BackLambdaUrl",
      "provider": "provider[\"registry.terraform.io/hashicorp/aws\"]",
      "instances": [
        {
          "schema_version": 0,
          "attributes": {
            "authorization_type": "NONE",
            "cors": [],
            "function_arn": "arn:aws:lambda:eu-central-1:711348555690:function:back-lambda",
            "function_name": "back-lambda",
            "function_url": "https://nn7xyxrsrq3yqdceiwsy6nszdm0wszdg.lambda-url.eu-central-1.on.aws/",
            "id": "back-lambda",
            "invoke_mode": "BUFFERED",
            "qualifier": "",
            "timeouts": null,
            "url_id": "nn7xyxrsrq3yqdceiwsy6nszdm0wszdg"
          },
          "sensitive_attributes": [],
          "private": "eyJlMmJmYjczMC1lY2FhLTExZTYtOGY4OC0zNDM2M2JjN2M0YzAiOnsiY3JlYXRlIjo2MDAwMDAwMDAwMDB9fQ==",
          "dependencies": [
            "aws_ecr_repository.BackRepo",
            "aws_iam_role.LambdaRole",
            "aws_lambda_function.BackLambda",
            "data.aws_ecr_authorization_token.token",
            "docker_image.BackImage",
            "docker_registry_image.BackEcrImage"
          ]
        }
      ]
    },
    {
      "mode": "managed",
      "type": "aws_lambda_function_url",
      "name": "FrontLambdaUrl",
      "provider": "provider[\"registry.terraform.io/hashicorp/aws\"]",
      "instances": [
        {
          "schema_version": 0,
          "attributes": {
            "authorization_type": "NONE",
            "cors": [],
            "function_arn": "arn:aws:lambda:eu-central-1:711348555690:function:front-lambda",
            "function_name": "front-lambda",
            "function_url": "https://qx42et7v5bsej2xq5odxioaqci0zudab.lambda-url.eu-central-1.on.aws/",
            "id": "front-lambda",
            "invoke_mode": "BUFFERED",
            "qualifier": "",
            "timeouts": null,
            "url_id": "qx42et7v5bsej2xq5odxioaqci0zudab"
          },
          "sensitive_attributes": [],
          "private": "eyJlMmJmYjczMC1lY2FhLTExZTYtOGY4OC0zNDM2M2JjN2M0YzAiOnsiY3JlYXRlIjo2MDAwMDAwMDAwMDB9fQ==",
          "dependencies": [
            "aws_ecr_repository.BackRepo",
            "aws_ecr_repository.FrontRepo",
            "aws_iam_role.LambdaRole",
            "aws_lambda_function.BackLambda",
            "aws_lambda_function.FrontLambda",
            "aws_lambda_function_url.BackLambdaUrl",
            "data.aws_ecr_authorization_token.token",
            "docker_image.BackImage",
            "docker_image.FrontImage",
            "docker_registry_image.BackEcrImage",
            "docker_registry_image.FrontEcrImage"
          ]
        }
      ]
    },
    {
      "mode": "managed",
      "type": "docker_image",
      "name": "BackImage",
      "provider": "provider[\"registry.terraform.io/kreuzwerker/docker\"]",
      "instances": [
        {
          "schema_version": 0,
          "attributes": {
            "build": [
              {
                "auth_config": [],
                "build_arg": null,
                "build_args": null,
                "build_id": "",
                "cache_from": [],
                "cgroup_parent": "",
                "context": "/home/user/github/cdktf-project/src/back",
                "cpu_period": null,
                "cpu_quota": null,
                "cpu_set_cpus": "",
                "cpu_set_mems": "",
                "cpu_shares": null,
                "dockerfile": "Dockerfile",
                "extra_hosts": [],
                "force_remove": null,
                "isolation": "",
                "label": null,
                "labels": null,
                "memory": null,
                "memory_swap": null,
                "network_mode": "",
                "no_cache": null,
                "platform": "linux/arm64",
                "pull_parent": null,
                "remote_context": "",
                "remove": true,
                "security_opt": [],
                "session_id": "",
                "shm_size": null,
                "squash": null,
                "suppress_output": null,
                "tag": [],
                "target": "",
                "ulimit": [],
                "version": ""
              }
            ],
            "force_remove": null,
            "id": "sha256:a35bc1e72c120feda555774654958a75e2fb7a81fe397e86fe897f74541cd132711348555690.dkr.ecr.eu-central-1.amazonaws.com/back-repo",
            "image_id": "sha256:a35bc1e72c120feda555774654958a75e2fb7a81fe397e86fe897f74541cd132",
            "keep_locally": null,
            "name": "711348555690.dkr.ecr.eu-central-1.amazonaws.com/back-repo",
            "platform": null,
            "pull_triggers": null,
            "repo_digest": "",
            "triggers": {
              "filesha256": "d582e1929e92049e244aa8f040d3381cabd52f82cc371b2c05a9d7981e8a0dd8"
            }
          },
          "sensitive_attributes": [],
          "private": "bnVsbA==",
          "dependencies": [
            "aws_ecr_repository.BackRepo",
            "data.aws_ecr_authorization_token.token"
          ]
        }
      ]
    },
    {
      "mode": "managed",
      "type": "docker_image",
      "name": "FrontImage",
      "provider": "provider[\"registry.terraform.io/kreuzwerker/docker\"]",
      "instances": [
        {
          "schema_version": 0,
          "attributes": {
            "build": [
              {
                "auth_config": [],
                "build_arg": null,
                "build_args": null,
                "build_id": "",
                "cache_from": [],
                "cgroup_parent": "",
                "context": "/home/user/github/cdktf-project/src/front",
                "cpu_period": null,
                "cpu_quota": null,
                "cpu_set_cpus": "",
                "cpu_set_mems": "",
                "cpu_shares": null,
                "dockerfile": "Dockerfile",
                "extra_hosts": [],
                "force_remove": null,
                "isolation": "",
                "label": null,
                "labels": null,
                "memory": null,
                "memory_swap": null,
                "network_mode": "",
                "no_cache": null,
                "platform": "linux/amd64",
                "pull_parent": null,
                "remote_context": "",
                "remove": true,
                "security_opt": [],
                "session_id": "",
                "shm_size": null,
                "squash": null,
                "suppress_output": null,
                "tag": [],
                "target": "",
                "ulimit": [],
                "version": ""
              }
            ],
            "force_remove": null,
            "id": "sha256:43d848fe0f101a9c2d2416c102f09a8b453225e84e98443b3a3b62e15f7ff5d9711348555690.dkr.ecr.eu-central-1.amazonaws.com/front-repo",
            "image_id": "sha256:43d848fe0f101a9c2d2416c102f09a8b453225e84e98443b3a3b62e15f7ff5d9",
            "keep_locally": null,
            "name": "711348555690.dkr.ecr.eu-central-1.amazonaws.com/front-repo",
            "platform": null,
            "pull_triggers": null,
            "repo_digest": "",
            "triggers": {
              "filesha256": "e394e07b2239305f2d11b2016bf3dce5d230557af590696d55424d9afca437aa"
            }
          },
          "sensitive_attributes": [],
          "private": "bnVsbA==",
          "dependencies": [
            "aws_ecr_repository.FrontRepo",
            "data.aws_ecr_authorization_token.token"
          ]
        }
      ]
    },
    {
      "mode": "managed",
      "type": "docker_registry_image",
      "name": "BackEcrImage",
      "provider": "provider[\"registry.terraform.io/kreuzwerker/docker\"]",
      "instances": [
        {
          "schema_version": 0,
          "attributes": {
            "id": "sha256:27885994b2b1f05993ab8ccd268d91aed5cd8d46563abf31440c0a0cbecbdb0e",
            "insecure_skip_verify": false,
            "keep_remotely": false,
            "name": "711348555690.dkr.ecr.eu-central-1.amazonaws.com/back-repo",
            "sha256_digest": "sha256:27885994b2b1f05993ab8ccd268d91aed5cd8d46563abf31440c0a0cbecbdb0e",
            "triggers": {
              "filesha256": "d582e1929e92049e244aa8f040d3381cabd52f82cc371b2c05a9d7981e8a0dd8"
            }
          },
          "sensitive_attributes": [],
          "private": "bnVsbA==",
          "dependencies": [
            "aws_ecr_repository.BackRepo",
            "data.aws_ecr_authorization_token.token",
            "docker_image.BackImage"
          ]
        }
      ]
    },
    {
      "mode": "managed",
      "type": "docker_registry_image",
      "name": "FrontEcrImage",
      "provider": "provider[\"registry.terraform.io/kreuzwerker/docker\"]",
      "instances": [
        {
          "schema_version": 0,
          "attributes": {
            "id": "sha256:74bf8e4ee888c22e4edb4fa16701d151f99329c527358d70766e3943664f02a4",
            "insecure_skip_verify": false,
            "keep_remotely": false,
            "name": "711348555690.dkr.ecr.eu-central-1.amazonaws.com/front-repo",
            "sha256_digest": "sha256:74bf8e4ee888c22e4edb4fa16701d151f99329c527358d70766e3943664f02a4",
            "triggers": {
              "filesha256": "e394e07b2239305f2d11b2016bf3dce5d230557af590696d55424d9afca437aa"
            }
          },
          "sensitive_attributes": [],
          "private": "bnVsbA==",
          "dependencies": [
            "aws_ecr_repository.FrontRepo",
            "data.aws_ecr_authorization_token.token",
            "docker_image.FrontImage"
          ]
        }
      ]
    }
  ],
  "check_results": null
}
