{
  "version": 4,
  "terraform_version": "1.7.0",
  "serial": 304,
  "lineage": "a595879c-8348-d326-a097-97e4ec7507b9",
  "outputs": {},
  "resources": [
    {
      "mode": "data",
      "type": "aws_ecr_authorization_token",
      "name": "token",
      "provider": "provider[\"registry.terraform.io/hashicorp/aws\"]",
      "instances": [
        {
          "schema_version": 0,
          "attributes": {
            "authorization_token": "QVdTOmV5SndZWGxzYjJGa0lqb2ljRkJaV0RKblVVaGhTMEYyWlVjNE5YTjNWVnBCTTJKeVQwSktWSFJ2U21oNVVGSnpaVnAyYVZGbWNEZE1kblpIVm5kM01DdE5aWGRQUkU5T2NEWk1TbEF4VWpseFJGZEtaM2hEZWxWbVZ6QkxabXBGVEdsRVdtb3lkbkp3VHpZeWJrSjRaazFuUm1KUk1sWXZiMnhVTWpOTFFVdE1ZMnhhUnl0dVJrbHhUeXQzUzI5clR6QjRZMWRJVjIxTmNHRnRhako0UlRWQ1RIQmFjR3AyVDBScGRtVlpTVlJOUVM5MFppdDFiVWRUVm5SM1kxYzBXbTEyVHpaMFdXUTFVV3RSYm1OUllqUnVhRlZHT1hkdWMzaGpOMnRFZW1ob2RVNVNTME55ZW1RclpHeEJNMFJGT0ZWbk4zTjZRM0kyY0VRdlQwNWtha05ZYnk5MFRHeFRSVXh2YUZCRVZXWlplRWxPUW1jeWNEaDBlbFIwVkRkVE1rZzBXR2s1UTJWT2RYRkdXVzlJVlUxRVMyUldOMUZXUTJsNVJHb3JabGMwWVVnck5EWlpRVkZJTWpSTFFYbHRZemx3SzBVM1dreFpSWFpIUlhrelJVbHFWRkZPUnk5dGIweFJRa3BzV0VkS1RGWlNjMmgyU2tjNFdqVnlUbU5wZUhSUmRpODNhbmxKWWs5UlFtWlFUMkoxZWxOWmF6RlFXUzkyYTJwdFVHbEtjelExVjJsWGJYaFhTMnRyWVdRd00wSlhlbFZETTIxb1kwMVJSMU14YXpWWlRteE1kWGRxVGtoeVRUQldSMmN4ZUhnM1lqWkNaM1ExUTI4M2JteGpRMnBYTTI0MlFWVm1Rak5YV0cwdmJraEhRbWhoUTNGeE5XUlZkRGRPWmt0aGVqSjNOa3RXUTJKcmJ6ZHBkRmN2WjFnMFZYYzRjbUV5U2pScVUxTkRWRlY1VUdoblptVlhVMUJCWkd0Qk1XVXJjVzUwUW5KWlJreFNRbkJ4YkZSTE5YTkpZWGxhU0V4bU5UUk1UMmc0ZVdaWE9WTTBTV0pzZFhWSlRubFBla1pJY3k4dk1FbEJURkYzUVdadFRuTlpkRVJtTlRjMFZFNTRTVU5rZFZwNFRHSTBSVFZyVW5CRk9XSTFLekZFZUhGVldFRldkVVJYUWs1QlNFeFBTMng0ZERjd1VtTnZPWEJMY21jMk4wNTRWekJhVGt4MU1tcE1jak5tVkU1bFl6QjVaalZpVFROeWRuRkhMMGRpTTJjMldtcDFVVVJFYVdobU0zVmtkVlZDY2xGRldWSlJjMUEyY0VzM05XWTJRa3hqZW14dWIwSXdPVEJUYTJvMlRHeDVOVEo0Ym1GQlkwRm5PRzV2ZGl0WGJHeHdNRTlVUkdGd1Zsa3hWREphWW5BNWJsWm9UVkZVUkZCVFlXNW5VWHAyWW01MFZVMXRVblZSVFhoWlNpOUtMM0JsVHpsWWRVMHZWVk42U21oRVEwZG5iazg1U0c0NU56VkpRbkZhZW1Sb2N6Rm9OMjlvVHpkRVNUbDFRelZVU1VsUFRtSjZMeXQyWXpaeFJXUmhWbk16WWs5QmVUZFFaQzlsZGt0clQwVjZNRWRuV0cwMk5UaDNOM1YxWTJwMGEwMVlhMHd2UmpWME16Qk1PRU5PUWpJck5sVXphalk1UTFoTVpYaG9NWFJETTFWT2EwVmlNMkV4UVhoQ1VTdFhjbFZpUjBOTU1sQjBjU3RDVFZSS1NYWnFabkpFWkU1U2NsaFlabGhNWkZKT1ZuaDNkbWx3VGxaVmExWnNia1p1YjBkWU9FNTRhRk5XUzFsdmVFZEtOa0p5YUZKWFlVOVlRblpDZEdock1GWmFWWGhIUW5STWVGVmxjbXB6Vm5VeFYwZGxkR2wyVEhrNWVrMUdNa3h6WlRaSllUZzVhRkZLTVhoalRIRlFhR3hvUlZSRGNsWk5VR2xDTVdSRFNYVnRhVzlZVDFadVJTOUJTWGwwVUVoNFIwVjBZVkJCVkZCWldqQmlRMFI2ZWxWblZXTkZaWGxVUVU0aUxDSmtZWFJoYTJWNUlqb2lRVkZGUWtGSWFETjZXVTlrZEhCQ1FsTldkeTlaTW1GdU9FSllTVVEwYTNkTVVXWnViMVJxTlhwM1duUkhTbHB2V2xGQlFVRklOSGRtUVZsS1MyOWFTV2gyWTA1QlVXTkhiMGM0ZDJKUlNVSkJSRUp2UW1kcmNXaHJhVWM1ZHpCQ1FuZEZkMGhuV1VwWlNWcEpRVmRWUkVKQlJYVk5Ra1ZGUkZCU1ZtRkZXRFZQYlROQlJYWlJNUzkzU1VKRlNVRTNVSFJPUjNkSWRtWlJXbmt6WVVOWk1XWkpiWGhIVTFwQ1dVdEdZbGt4Y2tOelprUjJjMWhUVlhaa2JURnRMMDFvYUdwRk56UmtSMFpzZW1FMU1FSTBTRlUzYjBwNlpVUnFXbTFXWW1ST1NUMGlMQ0oyWlhKemFXOXVJam9pTWlJc0luUjVjR1VpT2lKRVFWUkJYMHRGV1NJc0ltVjRjR2x5WVhScGIyNGlPakUzTURZeU1qVTBOVGw5",
            "expires_at": "2024-01-25T23:30:59Z",
            "id": "eu-central-1",
            "password": "eyJwYXlsb2FkIjoicFBZWDJnUUhhS0F2ZUc4NXN3VVpBM2JyT0JKVHRvSmh5UFJzZVp2aVFmcDdMdnZHVnd3MCtNZXdPRE9OcDZMSlAxUjlxRFdKZ3hDelVmVzBLZmpFTGlEWmoydnJwTzYybkJ4Zk1nRmJRMlYvb2xUMjNLQUtMY2xaRytuRklxTyt3S29rTzB4Y1dIV21NcGFtajJ4RTVCTHBacGp2T0RpdmVZSVRNQS90Zit1bUdTVnR3Y1c0Wm12TzZ0WWQ1UWtRbmNRYjRuaFVGOXduc3hjN2tEemhodU5SS0NyemQrZGxBM0RFOFVnN3N6Q3I2cEQvT05kakNYby90TGxTRUxvaFBEVWZZeElOQmcycDh0elR0VDdTMkg0WGk5Q2VOdXFGWW9IVU1ES2RWN1FWQ2l5RGorZlc0YUgrNDZZQVFIMjRLQXltYzlwK0U3WkxZRXZHRXkzRUlqVFFORy9tb0xRQkpsWEdKTFZSc2h2Skc4WjVyTmNpeHRRdi83anlJYk9RQmZQT2J1elNZazFQWS92a2ptUGlKczQ1V2lXbXhXS2trYWQwM0JXelVDM21oY01RR1MxazVZTmxMdXdqTkhyTTBWR2cxeHg3YjZCZ3Q1Q283bmxjQ2pXM242QVVmQjNXWG0vbkhHQmhhQ3FxNWRVdDdOZkthejJ3NktWQ2JrbzdpdFcvZ1g0VXc4cmEySjRqU1NDVFV5UGhnZmVXU1BBZGtBMWUrcW50QnJZRkxSQnBxbFRLNXNJYXlaSExmNTRMT2g4eWZXOVM0SWJsdXVJTnlPekZIcy8vMElBTFF3QWZtTnNZdERmNTc0VE54SUNkdVp4TGI0RTVrUnBFOWI1KzFEeHFVWEFWdURXQk5BSExPS2x4dDcwUmNvOXBLcmc2N054VzBaTkx1MmpMcjNmVE5lYzB5ZjViTTNydnFHL0diM2c2Wmp1UUREaWhmM3VkdVVCclFFWVJRc1A2cEs3NWY2Qkxjemxub0IwOTBTa2o2TGx5NTJ4bmFBY0FnOG5vditXbGxwME9URGFwVlkxVDJaYnA5blZoTVFURFBTYW5nUXp2Ym50VU1tUnVRTXhZSi9KL3BlTzlYdU0vVVN6SmhEQ0dnbk85SG45NzVJQnFaemRoczFoN29oTzdESTl1QzVUSUlPTmJ6Lyt2YzZxRWRhVnMzYk9BeTdQZC9ldktrT0V6MEdnWG02NTh3N3V1Y2p0a01Ya0wvRjV0MzBMOENOQjIrNlUzajY5Q1hMZXhoMXRDM1VOa0ViM2ExQXhCUStXclViR0NMMlB0cStCTVRKSXZqZnJEZE5SclhYZlhMZFJOVnh3dmlwTlZVa1ZsbkZub0dYOE54aFNWS1lveEdKNkJyaFJXYU9YQnZCdGhrMFZaVXhHQnRMeFVlcmpzVnUxV0dldGl2THk5ek1GMkxzZTZJYTg5aFFKMXhjTHFQaGxoRVRDclZNUGlCMWRDSXVtaW9YT1ZuRS9BSXl0UEh4R0V0YVBBVFBZWjBiQ0R6elVnVWNFZXlUQU4iLCJkYXRha2V5IjoiQVFFQkFIaDN6WU9kdHBCQlNWdy9ZMmFuOEJYSUQ0a3dMUWZub1RqNXp3WnRHSlpvWlFBQUFINHdmQVlKS29aSWh2Y05BUWNHb0c4d2JRSUJBREJvQmdrcWhraUc5dzBCQndFd0hnWUpZSVpJQVdVREJBRXVNQkVFRFBSVmFFWDVPbTNBRXZRMS93SUJFSUE3UHROR3dIdmZRWnkzYUNZMWZJbXhHU1pCWUtGYlkxckNzZkR2c1hTVXZkbTFtL01oaGpFNzRkR0ZsemE1MEI0SFU3b0p6ZURqWm1WYmROST0iLCJ2ZXJzaW9uIjoiMiIsInR5cGUiOiJEQVRBX0tFWSIsImV4cGlyYXRpb24iOjE3MDYyMjU0NTl9",
            "proxy_endpoint": "https://711348555690.dkr.ecr.eu-central-1.amazonaws.com",
            "registry_id": null,
            "user_name": "AWS"
          },
          "sensitive_attributes": []
        }
      ]
    },
    {
      "mode": "managed",
      "type": "aws_ecr_repository",
      "name": "BackRepo",
      "provider": "provider[\"registry.terraform.io/hashicorp/aws\"]",
      "instances": [
        {
          "schema_version": 0,
          "attributes": {
            "arn": "arn:aws:ecr:eu-central-1:711348555690:repository/back-repo",
            "encryption_configuration": [
              {
                "encryption_type": "AES256",
                "kms_key": ""
              }
            ],
            "force_delete": null,
            "id": "back-repo",
            "image_scanning_configuration": [
              {
                "scan_on_push": false
              }
            ],
            "image_tag_mutability": "MUTABLE",
            "name": "back-repo",
            "registry_id": "711348555690",
            "repository_url": "711348555690.dkr.ecr.eu-central-1.amazonaws.com/back-repo",
            "tags": {},
            "tags_all": {},
            "timeouts": null
          },
          "sensitive_attributes": [],
          "private": "eyJlMmJmYjczMC1lY2FhLTExZTYtOGY4OC0zNDM2M2JjN2M0YzAiOnsiZGVsZXRlIjoxMjAwMDAwMDAwMDAwfX0="
        }
      ]
    },
    {
      "mode": "managed",
      "type": "aws_ecr_repository",
      "name": "FrontRepo",
      "provider": "provider[\"registry.terraform.io/hashicorp/aws\"]",
      "instances": [
        {
          "schema_version": 0,
          "attributes": {
            "arn": "arn:aws:ecr:eu-central-1:711348555690:repository/front-repo",
            "encryption_configuration": [
              {
                "encryption_type": "AES256",
                "kms_key": ""
              }
            ],
            "force_delete": null,
            "id": "front-repo",
            "image_scanning_configuration": [
              {
                "scan_on_push": false
              }
            ],
            "image_tag_mutability": "MUTABLE",
            "name": "front-repo",
            "registry_id": "711348555690",
            "repository_url": "711348555690.dkr.ecr.eu-central-1.amazonaws.com/front-repo",
            "tags": {},
            "tags_all": {},
            "timeouts": null
          },
          "sensitive_attributes": [],
          "private": "eyJlMmJmYjczMC1lY2FhLTExZTYtOGY4OC0zNDM2M2JjN2M0YzAiOnsiZGVsZXRlIjoxMjAwMDAwMDAwMDAwfX0="
        }
      ]
    },
    {
      "mode": "managed",
      "type": "aws_iam_role",
      "name": "LambdaRole",
      "provider": "provider[\"registry.terraform.io/hashicorp/aws\"]",
      "instances": [
        {
          "schema_version": 0,
          "attributes": {
            "arn": "arn:aws:iam::711348555690:role/lambda-role",
            "assume_role_policy": "{\"Statement\":[{\"Action\":\"sts:AssumeRole\",\"Effect\":\"Allow\",\"Principal\":{\"Service\":\"lambda.amazonaws.com\"}}],\"Version\":\"2012-10-17\"}",
            "create_date": "2024-01-24T09:19:00Z",
            "description": "",
            "force_detach_policies": false,
            "id": "lambda-role",
            "inline_policy": [],
            "managed_policy_arns": [
              "arn:aws:iam::aws:policy/service-role/AWSLambdaBasicExecutionRole"
            ],
            "max_session_duration": 3600,
            "name": "lambda-role",
            "name_prefix": "",
            "path": "/",
            "permissions_boundary": "",
            "tags": {},
            "tags_all": {},
            "unique_id": "AROA2LH5NR6VHPN5QYHTG"
          },
          "sensitive_attributes": [],
          "private": "bnVsbA=="
        }
      ]
    },
    {
      "mode": "managed",
      "type": "aws_iam_role_policy_attachment",
      "name": "LambdaExecPolicyAttachment",
      "provider": "provider[\"registry.terraform.io/hashicorp/aws\"]",
      "instances": [
        {
          "schema_version": 0,
          "attributes": {
            "id": "lambda-role-20240124091902102000000001",
            "policy_arn": "arn:aws:iam::aws:policy/service-role/AWSLambdaBasicExecutionRole",
            "role": "lambda-role"
          },
          "sensitive_attributes": [],
          "private": "bnVsbA==",
          "dependencies": [
            "aws_iam_role.LambdaRole"
          ]
        }
      ]
    },
    {
      "mode": "managed",
      "type": "aws_lambda_function",
      "name": "BackLambda",
      "provider": "provider[\"registry.terraform.io/hashicorp/aws\"]",
      "instances": [
        {
          "schema_version": 0,
          "attributes": {
            "architectures": [
              "arm64"
            ],
            "arn": "arn:aws:lambda:eu-central-1:711348555690:function:back-lambda",
            "code_signing_config_arn": "",
            "dead_letter_config": [],
            "description": "",
            "environment": [],
            "ephemeral_storage": [
              {
                "size": 512
              }
            ],
            "file_system_config": [],
            "filename": null,
            "function_name": "back-lambda",
            "handler": "",
            "id": "back-lambda",
            "image_config": [],
            "image_uri": "711348555690.dkr.ecr.eu-central-1.amazonaws.com/back-repo:latest",
            "invoke_arn": "arn:aws:apigateway:eu-central-1:lambda:path/2015-03-31/functions/arn:aws:lambda:eu-central-1:711348555690:function:back-lambda/invocations",
            "kms_key_arn": "",
            "last_modified": "2024-01-25T11:31:28.000+0000",
            "layers": [],
            "logging_config": [
              {
                "application_log_level": "INFO",
                "log_format": "JSON",
                "log_group": "/aws/lambda/back-lambda",
                "system_log_level": "INFO"
              }
            ],
            "memory_size": 1792,
            "package_type": "Image",
            "publish": false,
            "qualified_arn": "arn:aws:lambda:eu-central-1:711348555690:function:back-lambda:$LATEST",
            "qualified_invoke_arn": "arn:aws:apigateway:eu-central-1:lambda:path/2015-03-31/functions/arn:aws:lambda:eu-central-1:711348555690:function:back-lambda:$LATEST/invocations",
            "replace_security_groups_on_destroy": null,
            "replacement_security_group_ids": null,
            "reserved_concurrent_executions": -1,
            "role": "arn:aws:iam::711348555690:role/lambda-role",
            "runtime": "",
            "s3_bucket": null,
            "s3_key": null,
            "s3_object_version": null,
            "signing_job_arn": "",
            "signing_profile_version_arn": "",
            "skip_destroy": false,
            "snap_start": [],
            "source_code_hash": "7b6ed67fe5d0dc2c9205141463c8ccb59d63235abea8fd2698742e2412773e59",
            "source_code_size": 0,
            "tags": {},
            "tags_all": {},
            "timeout": 5,
            "timeouts": null,
            "tracing_config": [
              {
                "mode": "PassThrough"
              }
            ],
            "version": "$LATEST",
            "vpc_config": []
          },
          "sensitive_attributes": [],
          "private": "eyJlMmJmYjczMC1lY2FhLTExZTYtOGY4OC0zNDM2M2JjN2M0YzAiOnsiY3JlYXRlIjo2MDAwMDAwMDAwMDAsImRlbGV0ZSI6NjAwMDAwMDAwMDAwLCJ1cGRhdGUiOjYwMDAwMDAwMDAwMH19",
          "dependencies": [
            "aws_ecr_repository.BackRepo",
            "aws_iam_role.LambdaRole",
            "data.aws_ecr_authorization_token.token",
            "docker_image.BackImage"
          ]
        }
      ]
    },
    {
      "mode": "managed",
      "type": "aws_lambda_function_url",
      "name": "BackLambdaUrl",
      "provider": "provider[\"registry.terraform.io/hashicorp/aws\"]",
      "instances": [
        {
          "schema_version": 0,
          "attributes": {
            "authorization_type": "NONE",
            "cors": [],
            "function_arn": "arn:aws:lambda:eu-central-1:711348555690:function:back-lambda",
            "function_name": "back-lambda",
            "function_url": "https://bxhne6uumeuxjabn5oo4bpp4ty0jkcfg.lambda-url.eu-central-1.on.aws/",
            "id": "back-lambda",
            "invoke_mode": "BUFFERED",
            "qualifier": "",
            "timeouts": null,
            "url_id": "bxhne6uumeuxjabn5oo4bpp4ty0jkcfg"
          },
          "sensitive_attributes": [],
          "private": "eyJlMmJmYjczMC1lY2FhLTExZTYtOGY4OC0zNDM2M2JjN2M0YzAiOnsiY3JlYXRlIjo2MDAwMDAwMDAwMDB9fQ==",
          "dependencies": [
            "aws_ecr_repository.BackRepo",
            "aws_iam_role.LambdaRole",
            "aws_lambda_function.BackLambda",
            "data.aws_ecr_authorization_token.token",
            "docker_image.BackImage"
          ]
        }
      ]
    },
    {
      "mode": "managed",
      "type": "docker_image",
      "name": "BackImage",
      "provider": "provider[\"registry.terraform.io/kreuzwerker/docker\"]",
      "instances": [
        {
          "schema_version": 0,
          "attributes": {
            "build": [
              {
                "auth_config": [],
                "build_arg": null,
                "build_args": null,
                "build_id": "",
                "cache_from": [],
                "cgroup_parent": "",
                "context": "/home/user/github/cdktf-project/src/back",
                "cpu_period": null,
                "cpu_quota": null,
                "cpu_set_cpus": "",
                "cpu_set_mems": "",
                "cpu_shares": null,
                "dockerfile": "Dockerfile",
                "extra_hosts": [],
                "force_remove": null,
                "isolation": "",
                "label": null,
                "labels": null,
                "memory": null,
                "memory_swap": null,
                "network_mode": "",
                "no_cache": null,
                "platform": "linux/x86_64",
                "pull_parent": null,
                "remote_context": "",
                "remove": true,
                "security_opt": [],
                "session_id": "",
                "shm_size": null,
                "squash": null,
                "suppress_output": null,
                "tag": [],
                "target": "",
                "ulimit": [],
                "version": ""
              }
            ],
            "force_remove": null,
            "id": "sha256:0ff3492d2481ccd64f42ca114157a43363138bc36d5944532ced9bf7e26a6997711348555690.dkr.ecr.eu-central-1.amazonaws.com/back-repo:latest",
            "image_id": "sha256:0ff3492d2481ccd64f42ca114157a43363138bc36d5944532ced9bf7e26a6997",
            "keep_locally": null,
            "name": "711348555690.dkr.ecr.eu-central-1.amazonaws.com/back-repo:latest",
            "platform": null,
            "pull_triggers": null,
            "repo_digest": "",
            "triggers": {
              "filesha256": "7e0fcf700f055b54ab6e8b9b2ba4914b690b05d9d8b3fe5bc776ce03c6dd500f"
            }
          },
          "sensitive_attributes": [],
          "private": "bnVsbA==",
          "dependencies": [
            "aws_ecr_repository.BackRepo",
            "data.aws_ecr_authorization_token.token"
          ]
        }
      ]
    },
    {
      "mode": "managed",
      "type": "docker_image",
      "name": "FrontImage",
      "provider": "provider[\"registry.terraform.io/kreuzwerker/docker\"]",
      "instances": [
        {
          "schema_version": 0,
          "attributes": {
            "build": [
              {
                "auth_config": [],
                "build_arg": {},
                "build_args": {},
                "build_id": "",
                "cache_from": [],
                "cgroup_parent": "",
                "context": "/home/user/github/cdktf-project/src/front",
                "cpu_period": 0,
                "cpu_quota": 0,
                "cpu_set_cpus": "",
                "cpu_set_mems": "",
                "cpu_shares": 0,
                "dockerfile": "Dockerfile",
                "extra_hosts": [],
                "force_remove": false,
                "isolation": "",
                "label": {},
                "labels": {},
                "memory": 0,
                "memory_swap": 0,
                "network_mode": "",
                "no_cache": false,
                "platform": "linux/x86_64",
                "pull_parent": false,
                "remote_context": "",
                "remove": true,
                "security_opt": [],
                "session_id": "",
                "shm_size": 0,
                "squash": false,
                "suppress_output": false,
                "tag": [],
                "target": "",
                "ulimit": [],
                "version": ""
              }
            ],
            "force_remove": null,
            "id": "sha256:c78d471df96f5bf0d4538c961fbbf07e1f790f0d2c2dc8feae2d573d7c44e883711348555690.dkr.ecr.eu-central-1.amazonaws.com/front-repo:latest",
            "image_id": "sha256:c78d471df96f5bf0d4538c961fbbf07e1f790f0d2c2dc8feae2d573d7c44e883",
            "keep_locally": null,
            "name": "711348555690.dkr.ecr.eu-central-1.amazonaws.com/front-repo:latest",
            "platform": null,
            "pull_triggers": null,
            "repo_digest": "",
            "triggers": {
              "filesha256": "9dd6df6a8aad0c5be2d0ff5d66c31f6c68abffb59be1e1152729b8af7f349738"
            }
          },
          "sensitive_attributes": [],
          "private": "bnVsbA==",
          "dependencies": [
            "aws_ecr_repository.FrontRepo",
            "data.aws_ecr_authorization_token.token"
          ]
        }
      ]
    },
    {
      "mode": "managed",
      "type": "docker_registry_image",
      "name": "BackPush",
      "provider": "provider[\"registry.terraform.io/kreuzwerker/docker\"]",
      "instances": [
        {
          "schema_version": 0,
          "attributes": {
            "id": "sha256:730c4de2b582ee89515ed2d531063635ba2a4234fa931360ca01b534b296f493",
            "insecure_skip_verify": false,
            "keep_remotely": false,
            "name": "711348555690.dkr.ecr.eu-central-1.amazonaws.com/back-repo:latest",
            "sha256_digest": "sha256:730c4de2b582ee89515ed2d531063635ba2a4234fa931360ca01b534b296f493",
            "triggers": {
              "filesha256": "7e0fcf700f055b54ab6e8b9b2ba4914b690b05d9d8b3fe5bc776ce03c6dd500f"
            }
          },
          "sensitive_attributes": [],
          "private": "bnVsbA==",
          "dependencies": [
            "aws_ecr_repository.BackRepo",
            "data.aws_ecr_authorization_token.token",
            "docker_image.BackImage"
          ]
        }
      ]
    },
    {
      "mode": "managed",
      "type": "docker_registry_image",
      "name": "FrontPush",
      "provider": "provider[\"registry.terraform.io/kreuzwerker/docker\"]",
      "instances": [
        {
          "schema_version": 0,
          "attributes": {
            "id": "sha256:b30c3a220dee33d6bd87ded8c742b08dd68a7f738791ad589dc6f45c71dfd428",
            "insecure_skip_verify": false,
            "keep_remotely": false,
            "name": "711348555690.dkr.ecr.eu-central-1.amazonaws.com/front-repo:latest",
            "sha256_digest": "sha256:b30c3a220dee33d6bd87ded8c742b08dd68a7f738791ad589dc6f45c71dfd428",
            "triggers": {
              "filesha256": "9dd6df6a8aad0c5be2d0ff5d66c31f6c68abffb59be1e1152729b8af7f349738"
            }
          },
          "sensitive_attributes": [],
          "private": "bnVsbA==",
          "dependencies": [
            "aws_ecr_repository.FrontRepo",
            "data.aws_ecr_authorization_token.token",
            "docker_image.FrontImage"
          ]
        }
      ]
    }
  ],
  "check_results": null
}
