{
  "version": 4,
  "terraform_version": "1.7.0",
  "serial": 760,
  "lineage": "a595879c-8348-d326-a097-97e4ec7507b9",
  "outputs": {},
  "resources": [
    {
      "mode": "data",
      "type": "aws_ecr_authorization_token",
      "name": "token",
      "provider": "provider[\"registry.terraform.io/hashicorp/aws\"]",
      "instances": [
        {
          "schema_version": 0,
          "attributes": {
            "authorization_token": "QVdTOmV5SndZWGxzYjJGa0lqb2lja3ROWlZvMllrcHZZVXhGUm1sRFdHczRXV2d5UzNZM1RpOHlOMmxTUm1odFkwRldNbTlQUmxKS2NqVTJVWFY1YzFKcGIwVkpObmROWmpOTlYxSm1WMVpNTlVsQ01uaDFaakpZVDBab2VHdFhjWGR4VDFaRlNURTBObU5QZHpZMWRuSmpURFYwVlRGb2JIRjVhV2R5WVRKcWFrUjNOVVp5VmpSaVJGTmFTSGxwT0hGSmJIbENVazl6UnpBMU5HMTBaak1yY0VodmFUVTFjMnczYjFKSFprOWpPVzk2YTA1Nk1XNVpRVXR3Y0ZGcE1VOHhaVmt4Tkc1VE0yUldTbXAwUjJsUk9GQk9TMkYyVmtReE5qWnRaM1JXYUZCRk1rRXZWREpLWVVneWRXVXhTVmxSVVVvd2VDOVdZV1JITml0eGVEZzFWM1l4U0dGTmJYaDVjbEIzVXpsRFJEVlFNa0pyZWtnMVMwRTFRM1pzYjNWU2FXcElSWEkxWnpOcGRGaFVNblZxYlRBelVrRk5hMUV2YXpocFZUY3liRnBUYXpSM2NqTldZVXd2VVRZdlJXeHBWV05aTlM5M1NWWnhkVnBZVURZNVNXOWhkbFlyUTNSaVRqVklkVTlxUzJWYVRsQTNRVzgxYWpNekwyVllRVmRTVG5WT1l6SnpWV1JQWTFkVVZVcFRiR0ZCTmpoUmVsVmhiMGQwUTFSMVZEaGllbmRITm5oSVZWVnRjR0ZWUWpKVWQyUnhjM3A2TldGTVVGbExhM0p2VVRVeldrdEhWVTgxWjJSMkx6ZzRSVUpSWjBsd1ZFSlRNV2RRTm5wUVprdDJRM0pTYVdkVFExaHNLMVZXUzA0NWJXZEhlV2x4V201WU5UbExTekZaU2xoSUwyNVRhRFpGUWtOc1kyNVNWbTFDTmpOVVUwaGtVakl4TDNoa2FVZHBjRmxwT1V0c2FGRkdiVE4yTTNVclVYQlFjRmhEUldsNE5IbHhTQ3RUVGxwT1NUbGlNMWhoYVhaNWNuaFBPVVp2UkU1UGNEaGlVRFJsTlhoaGNVcEZXWE4zYWxaelRHUmxVM0JqYkVWTk1TdEJNMFpFZEdKeVZWRkZZbWhYZEhkU1NIRmhjazVzT1ZaT2NrRTVOM1FyTUdGV2EyVnVPVU13WkhOUFVXNXNlRFZuVEdoQ2RWWkJNblJFYTA1Q2JYZ3habmQ1V1RKcFNIVk9WRlZLT0Vob1pXSkVjVFpPTkdKcVFXd3pZU3REU1cxblR6UjRlbEpSYVV4S1pIUnViSGhpV21oWWNFcFlZMG96UkdaVlVqTkRTbUZHVVhoUE9HOUpWMGR6V2xkTGFuQllXa05OS3pKRU5FTjZZME5SY0dsSlNFVnpLM2t2VXpsRFJVbFFUMHQzY1dzMlkwRm1Telp4TldGWUwwTlhNVFJ2YUZKVmJHZzFkRE5tZURCUGMybDFSRXM0WkhWcFVVTmhVeTlVYVc4eU1uVjVXSFpIZUU1alNEQktZWEphV0VjM05VdGpTSEZGU1VwVlRWaEtXREJyZVRFNU9GTnpOVTVVTmpkeFNsZEhjWE5xYW1kUE1UQm9Sa1JNV1RZM05HSnpWWGh5TUU1QmNWaDRUbU0wVUdkelVHOXdPRXAyZUVoVWRWaENjbmxsT0VWMFNYaDBjMnczZDFCb2VsQjJjMVJsVG5KRVpsSlZkMXB3ZG1OeVpWSnBSRzVMTkhsSE9UVnlWRVU0ZWxOeVpIazFTRUprYTNCRWQzQnBjV2w0YjIxVVpYaFJUbWd4ZVdoblpqYzBWMVpITkV0VWNFMW1XRE5MTHk4MFdHWldlR1JaZEc5M2NqZFpTVXN6Y2xKQ1p6ZzFVME5LZEhoaU4xRmhWM2M1U2poWlprRTJiMVZYYmxoMk1tOW5XRUpwUzJ4SlN6ZzFSVmxVU1dKUlF6ZElVbk5wY3pGUFNUbHliMWxtWlVaWWNXSTRkRmxNTjBaWGNVOHdSV2gwV0dsdlowMW5ZWEJtT1hKb2VFY3dXV1JYVkdaQk9EZFNTVEpqTVZvaUxDSmtZWFJoYTJWNUlqb2lRVkZGUWtGSWFETjZXVTlrZEhCQ1FsTldkeTlaTW1GdU9FSllTVVEwYTNkTVVXWnViMVJxTlhwM1duUkhTbHB2V2xGQlFVRklOSGRtUVZsS1MyOWFTV2gyWTA1QlVXTkhiMGM0ZDJKUlNVSkJSRUp2UW1kcmNXaHJhVWM1ZHpCQ1FuZEZkMGhuV1VwWlNWcEpRVmRWUkVKQlJYVk5Ra1ZGUkVwTlJVeDFhQzlGYm5GMldHbHBhRzVuU1VKRlNVRTNkVFp6VFVKeFFYcGhkamxTTVRFMmRXbFJjbG8wYVdwRmJuTnNkMnRWVUM5Q1V6TmtRV3hMWlN0M1ZtSlFUVUpQZFc4clFucEhWaloyTUVaM1NHZ3pRa29yV0RGaVIwTkVVUzlvT0VSdVJUMGlMQ0oyWlhKemFXOXVJam9pTWlJc0luUjVjR1VpT2lKRVFWUkJYMHRGV1NJc0ltVjRjR2x5WVhScGIyNGlPakUzTURZeU5UY3lOemg5",
            "expires_at": "2024-01-26T08:21:18Z",
            "id": "eu-central-1",
            "password": "eyJwYXlsb2FkIjoicktNZVo2YkpvYUxFRmlDWGs4WWgyS3Y3Ti8yN2lSRmhtY0FWMm9PRlJKcjU2UXV5c1Jpb0VJNndNZjNNV1JmV1ZMNUlCMnh1ZjJYT0ZoeGtXcXdxT1ZFSTE0NmNPdzY1dnJjTDV0VTFobHF5aWdyYTJqakR3NUZyVjRiRFNaSHlpOHFJbHlCUk9zRzA1NG10ZjMrcEhvaTU1c2w3b1JHZk9jOW96a056MW5ZQUtwcFFpMU8xZVkxNG5TM2RWSmp0R2lROFBOS2F2VkQxNjZtZ3RWaFBFMkEvVDJKYUgydWUxSVlRUUoweC9WYWRHNitxeDg1V3YxSGFNbXh5clB3UzlDRDVQMkJrekg1S0E1Q3Zsb3VSaWpIRXI1ZzNpdFhUMnVqbTAzUkFNa1EvazhpVTcybFpTazR3cjNWYUwvUTYvRWxpVWNZNS93SVZxdVpYUDY5SW9hdlYrQ3RiTjVIdU9qS2VaTlA3QW81ajMzL2VYQVdSTnVOYzJzVWRPY1dUVUpTbGFBNjhRelVhb0d0Q1R1VDhiendHNnhIVVVtcGFVQjJUd2Rxc3p6NWFMUFlLa3JvUTUzWktHVU81Z2R2Lzg4RUJRZ0lwVEJTMWdQNnpQZkt2Q3JSaWdTQ1hsK1VWS045bWdHeWlxWm5YNTlLSzFZSlhIL25TaDZFQkNsY25SVm1CNjNUU0hkUjIxL3hkaUdpcFlpOUtsaFFGbTN2M3UrUXBQcFhDRWl4NHlxSCtTTlpOSTliM1hhaXZ5cnhPOUZvRE5PcDhiUDRlNXhhcUpFWXN3alZzTGRlU3BjbEVNMStBM0ZEdGJyVVFFYmhXdHdSSHFhck5sOVZOckE5N3QrMGFWa2VuOUMwZHNPUW5seDVnTGhCdVZBMnREa05CbXgxZnd5WTJpSHVOVFVKOEhoZWJEcTZONGJqQWwzYStDSW1nTzR4elJRaUxKZHRubHhiWmhYcEpYY0ozRGZVUjNDSmFGUXhPOG9JV0dzWldLanBYWkNNKzJENEN6Y0NRcGlJSEVzK3kvUzlDRUlQT0t3cWs2Y0FmSzZxNWFYL0NXMTRvaFJVbGg1dDNmeDBPc2l1REs4ZHVpUUNhUy9UaW8yMnV5WHZHeE5jSDBKYXJaWEc3NUtjSHFFSUpVTVhKWDBreTE5OFNzNU5UNjdxSldHcXNqamdPMTBoRkRMWTY3NGJzVXhyME5BcVh4TmM0UGdzUG9wOEp2eEhUdVhCcnllOEV0SXh0c2w3d1BoelB2c1RlTnJEZlJVd1pwdmNyZVJpRG5LNHlHOTVyVEU4elNyZHk1SEJka3BEd3BpcWl4b21UZXhRTmgxeWhnZjc0V1ZHNEtUcE1mWDNLLy80WGZWeGRZdG93cjdZSUszclJCZzg1U0NKdHhiN1FhV3c5SjhZZkE2b1VXblh2Mm9nWEJpS2xJSzg1RVlUSWJRQzdIUnNpczFPSTlyb1lmZUZYcWI4dFlMN0ZXcU8wRWh0WGlvZ01nYXBmOXJoeEcwWWRXVGZBODdSSTJjMVoiLCJkYXRha2V5IjoiQVFFQkFIaDN6WU9kdHBCQlNWdy9ZMmFuOEJYSUQ0a3dMUWZub1RqNXp3WnRHSlpvWlFBQUFINHdmQVlKS29aSWh2Y05BUWNHb0c4d2JRSUJBREJvQmdrcWhraUc5dzBCQndFd0hnWUpZSVpJQVdVREJBRXVNQkVFREpNRUx1aC9FbnF2WGlpaG5nSUJFSUE3dTZzTUJxQXphdjlSMTE2dWlRclo0aWpFbnNsd2tVUC9CUzNkQWxLZSt3VmJQTUJPdW8rQnpHVjZ2MEZ3SGgzQkorWDFiR0NEUS9oOERuRT0iLCJ2ZXJzaW9uIjoiMiIsInR5cGUiOiJEQVRBX0tFWSIsImV4cGlyYXRpb24iOjE3MDYyNTcyNzh9",
            "proxy_endpoint": "https://711348555690.dkr.ecr.eu-central-1.amazonaws.com",
            "registry_id": null,
            "user_name": "AWS"
          },
          "sensitive_attributes": []
        }
      ]
    },
    {
      "mode": "managed",
      "type": "aws_ecr_repository",
      "name": "BackRepo",
      "provider": "provider[\"registry.terraform.io/hashicorp/aws\"]",
      "instances": [
        {
          "schema_version": 0,
          "attributes": {
            "arn": "arn:aws:ecr:eu-central-1:711348555690:repository/back-repo",
            "encryption_configuration": [
              {
                "encryption_type": "AES256",
                "kms_key": ""
              }
            ],
            "force_delete": null,
            "id": "back-repo",
            "image_scanning_configuration": [
              {
                "scan_on_push": false
              }
            ],
            "image_tag_mutability": "MUTABLE",
            "name": "back-repo",
            "registry_id": "711348555690",
            "repository_url": "711348555690.dkr.ecr.eu-central-1.amazonaws.com/back-repo",
            "tags": {},
            "tags_all": {},
            "timeouts": null
          },
          "sensitive_attributes": [],
          "private": "eyJlMmJmYjczMC1lY2FhLTExZTYtOGY4OC0zNDM2M2JjN2M0YzAiOnsiZGVsZXRlIjoxMjAwMDAwMDAwMDAwfX0="
        }
      ]
    },
    {
      "mode": "managed",
      "type": "aws_ecr_repository",
      "name": "FrontRepo",
      "provider": "provider[\"registry.terraform.io/hashicorp/aws\"]",
      "instances": [
        {
          "schema_version": 0,
          "attributes": {
            "arn": "arn:aws:ecr:eu-central-1:711348555690:repository/front-repo",
            "encryption_configuration": [
              {
                "encryption_type": "AES256",
                "kms_key": ""
              }
            ],
            "force_delete": null,
            "id": "front-repo",
            "image_scanning_configuration": [
              {
                "scan_on_push": false
              }
            ],
            "image_tag_mutability": "MUTABLE",
            "name": "front-repo",
            "registry_id": "711348555690",
            "repository_url": "711348555690.dkr.ecr.eu-central-1.amazonaws.com/front-repo",
            "tags": {},
            "tags_all": {},
            "timeouts": null
          },
          "sensitive_attributes": [],
          "private": "eyJlMmJmYjczMC1lY2FhLTExZTYtOGY4OC0zNDM2M2JjN2M0YzAiOnsiZGVsZXRlIjoxMjAwMDAwMDAwMDAwfX0="
        }
      ]
    },
    {
      "mode": "managed",
      "type": "aws_iam_role",
      "name": "LambdaRole",
      "provider": "provider[\"registry.terraform.io/hashicorp/aws\"]",
      "instances": [
        {
          "schema_version": 0,
          "attributes": {
            "arn": "arn:aws:iam::711348555690:role/lambda-role",
            "assume_role_policy": "{\"Statement\":[{\"Action\":\"sts:AssumeRole\",\"Effect\":\"Allow\",\"Principal\":{\"Service\":\"lambda.amazonaws.com\"}}],\"Version\":\"2012-10-17\"}",
            "create_date": "2024-01-25T20:18:35Z",
            "description": "",
            "force_detach_policies": false,
            "id": "lambda-role",
            "inline_policy": [],
            "managed_policy_arns": [
              "arn:aws:iam::aws:policy/service-role/AWSLambdaBasicExecutionRole"
            ],
            "max_session_duration": 3600,
            "name": "lambda-role",
            "name_prefix": "",
            "path": "/",
            "permissions_boundary": "",
            "tags": {},
            "tags_all": {},
            "unique_id": "AROA2LH5NR6VOUXXMKOIE"
          },
          "sensitive_attributes": [],
          "private": "bnVsbA=="
        }
      ]
    },
    {
      "mode": "managed",
      "type": "aws_iam_role_policy_attachment",
      "name": "LambdaExecPolicyAttachment",
      "provider": "provider[\"registry.terraform.io/hashicorp/aws\"]",
      "instances": [
        {
          "schema_version": 0,
          "attributes": {
            "id": "lambda-role-20240125201836279200000001",
            "policy_arn": "arn:aws:iam::aws:policy/service-role/AWSLambdaBasicExecutionRole",
            "role": "lambda-role"
          },
          "sensitive_attributes": [],
          "private": "bnVsbA==",
          "dependencies": [
            "aws_iam_role.LambdaRole"
          ]
        }
      ]
    },
    {
      "mode": "managed",
      "type": "aws_lambda_function",
      "name": "BackLambda",
      "provider": "provider[\"registry.terraform.io/hashicorp/aws\"]",
      "instances": [
        {
          "schema_version": 0,
          "attributes": {
            "architectures": [
              "arm64"
            ],
            "arn": "arn:aws:lambda:eu-central-1:711348555690:function:back-lambda",
            "code_signing_config_arn": "",
            "dead_letter_config": [],
            "description": "",
            "environment": [
              {
                "variables": {
                  "HOME": "/tmp"
                }
              }
            ],
            "ephemeral_storage": [
              {
                "size": 512
              }
            ],
            "file_system_config": [],
            "filename": null,
            "function_name": "back-lambda",
            "handler": "",
            "id": "back-lambda",
            "image_config": [],
            "image_uri": "711348555690.dkr.ecr.eu-central-1.amazonaws.com/back-repo@sha256:c2b0421a808f06534e4d4276a510b707fda711db46faefc6488786d811144427",
            "invoke_arn": "arn:aws:apigateway:eu-central-1:lambda:path/2015-03-31/functions/arn:aws:lambda:eu-central-1:711348555690:function:back-lambda/invocations",
            "kms_key_arn": "",
            "last_modified": "2024-01-25T20:22:12.000+0000",
            "layers": [],
            "logging_config": [
              {
                "application_log_level": "INFO",
                "log_format": "JSON",
                "log_group": "/aws/lambda/back-lambda",
                "system_log_level": "INFO"
              }
            ],
            "memory_size": 1792,
            "package_type": "Image",
            "publish": false,
            "qualified_arn": "arn:aws:lambda:eu-central-1:711348555690:function:back-lambda:$LATEST",
            "qualified_invoke_arn": "arn:aws:apigateway:eu-central-1:lambda:path/2015-03-31/functions/arn:aws:lambda:eu-central-1:711348555690:function:back-lambda:$LATEST/invocations",
            "replace_security_groups_on_destroy": null,
            "replacement_security_group_ids": null,
            "reserved_concurrent_executions": -1,
            "role": "arn:aws:iam::711348555690:role/lambda-role",
            "runtime": "",
            "s3_bucket": null,
            "s3_key": null,
            "s3_object_version": null,
            "signing_job_arn": "",
            "signing_profile_version_arn": "",
            "skip_destroy": false,
            "snap_start": [],
            "source_code_hash": "c2b0421a808f06534e4d4276a510b707fda711db46faefc6488786d811144427",
            "source_code_size": 0,
            "tags": {},
            "tags_all": {},
            "timeout": 5,
            "timeouts": null,
            "tracing_config": [
              {
                "mode": "PassThrough"
              }
            ],
            "version": "$LATEST",
            "vpc_config": []
          },
          "sensitive_attributes": [],
          "private": "eyJlMmJmYjczMC1lY2FhLTExZTYtOGY4OC0zNDM2M2JjN2M0YzAiOnsiY3JlYXRlIjo2MDAwMDAwMDAwMDAsImRlbGV0ZSI6NjAwMDAwMDAwMDAwLCJ1cGRhdGUiOjYwMDAwMDAwMDAwMH19",
          "dependencies": [
            "aws_ecr_repository.BackRepo",
            "aws_iam_role.LambdaRole",
            "data.aws_ecr_authorization_token.token",
            "docker_image.BackImage",
            "docker_registry_image.BackEcrImage"
          ]
        }
      ]
    },
    {
      "mode": "managed",
      "type": "aws_lambda_function_url",
      "name": "BackLambdaUrl",
      "provider": "provider[\"registry.terraform.io/hashicorp/aws\"]",
      "instances": [
        {
          "schema_version": 0,
          "attributes": {
            "authorization_type": "NONE",
            "cors": [],
            "function_arn": "arn:aws:lambda:eu-central-1:711348555690:function:back-lambda",
            "function_name": "back-lambda",
            "function_url": "https://gp2zzfipd75tgqpjkpybqkeheq0uidyg.lambda-url.eu-central-1.on.aws/",
            "id": "back-lambda",
            "invoke_mode": "BUFFERED",
            "qualifier": "",
            "timeouts": null,
            "url_id": "gp2zzfipd75tgqpjkpybqkeheq0uidyg"
          },
          "sensitive_attributes": [],
          "private": "eyJlMmJmYjczMC1lY2FhLTExZTYtOGY4OC0zNDM2M2JjN2M0YzAiOnsiY3JlYXRlIjo2MDAwMDAwMDAwMDB9fQ==",
          "dependencies": [
            "aws_ecr_repository.BackRepo",
            "aws_iam_role.LambdaRole",
            "aws_lambda_function.BackLambda",
            "data.aws_ecr_authorization_token.token",
            "docker_image.BackImage",
            "docker_registry_image.BackEcrImage"
          ]
        }
      ]
    },
    {
      "mode": "managed",
      "type": "docker_image",
      "name": "BackImage",
      "provider": "provider[\"registry.terraform.io/kreuzwerker/docker\"]",
      "instances": [
        {
          "schema_version": 0,
          "attributes": {
            "build": [
              {
                "auth_config": [],
                "build_arg": null,
                "build_args": null,
                "build_id": "",
                "cache_from": [],
                "cgroup_parent": "",
                "context": "/home/user/github/cdktf-project/src/back",
                "cpu_period": null,
                "cpu_quota": null,
                "cpu_set_cpus": "",
                "cpu_set_mems": "",
                "cpu_shares": null,
                "dockerfile": "Dockerfile",
                "extra_hosts": [],
                "force_remove": null,
                "isolation": "",
                "label": null,
                "labels": null,
                "memory": null,
                "memory_swap": null,
                "network_mode": "",
                "no_cache": null,
                "platform": "linux/arm64",
                "pull_parent": null,
                "remote_context": "",
                "remove": true,
                "security_opt": [],
                "session_id": "",
                "shm_size": null,
                "squash": null,
                "suppress_output": null,
                "tag": [],
                "target": "",
                "ulimit": [],
                "version": ""
              }
            ],
            "force_remove": null,
            "id": "sha256:0d0724222e1be511016055ebed6fb686fa7bb21558a53d8e09c1cbb39fbba6c0711348555690.dkr.ecr.eu-central-1.amazonaws.com/back-repo",
            "image_id": "sha256:0d0724222e1be511016055ebed6fb686fa7bb21558a53d8e09c1cbb39fbba6c0",
            "keep_locally": null,
            "name": "711348555690.dkr.ecr.eu-central-1.amazonaws.com/back-repo",
            "platform": null,
            "pull_triggers": null,
            "repo_digest": "",
            "triggers": {
              "filesha256": "1254bf07a59ad0772e00d5b67b68c2f343a099e781b2667d9cce1660aa55b992"
            }
          },
          "sensitive_attributes": [],
          "private": "bnVsbA==",
          "dependencies": [
            "aws_ecr_repository.BackRepo",
            "data.aws_ecr_authorization_token.token"
          ]
        }
      ]
    },
    {
      "mode": "managed",
      "type": "docker_image",
      "name": "FrontImage",
      "provider": "provider[\"registry.terraform.io/kreuzwerker/docker\"]",
      "instances": [
        {
          "schema_version": 0,
          "attributes": {
            "build": [
              {
                "auth_config": [],
                "build_arg": null,
                "build_args": null,
                "build_id": "",
                "cache_from": [],
                "cgroup_parent": "",
                "context": "/home/user/github/cdktf-project/src/front",
                "cpu_period": null,
                "cpu_quota": null,
                "cpu_set_cpus": "",
                "cpu_set_mems": "",
                "cpu_shares": null,
                "dockerfile": "Dockerfile",
                "extra_hosts": [],
                "force_remove": null,
                "isolation": "",
                "label": null,
                "labels": null,
                "memory": null,
                "memory_swap": null,
                "network_mode": "",
                "no_cache": null,
                "platform": "linux/arm64",
                "pull_parent": null,
                "remote_context": "",
                "remove": true,
                "security_opt": [],
                "session_id": "",
                "shm_size": null,
                "squash": null,
                "suppress_output": null,
                "tag": [],
                "target": "",
                "ulimit": [],
                "version": ""
              }
            ],
            "force_remove": null,
            "id": "sha256:10fe30b50b75f07240a4ba759048b5985e05b23697c280793aceaae7fa6fb1bf711348555690.dkr.ecr.eu-central-1.amazonaws.com/front-repo:latest",
            "image_id": "sha256:10fe30b50b75f07240a4ba759048b5985e05b23697c280793aceaae7fa6fb1bf",
            "keep_locally": null,
            "name": "711348555690.dkr.ecr.eu-central-1.amazonaws.com/front-repo:latest",
            "platform": null,
            "pull_triggers": null,
            "repo_digest": "",
            "triggers": {
              "filesha256": "9dd6df6a8aad0c5be2d0ff5d66c31f6c68abffb59be1e1152729b8af7f349738"
            }
          },
          "sensitive_attributes": [],
          "private": "bnVsbA==",
          "dependencies": [
            "aws_ecr_repository.FrontRepo",
            "data.aws_ecr_authorization_token.token"
          ]
        }
      ]
    },
    {
      "mode": "managed",
      "type": "docker_registry_image",
      "name": "BackEcrImage",
      "provider": "provider[\"registry.terraform.io/kreuzwerker/docker\"]",
      "instances": [
        {
          "schema_version": 0,
          "attributes": {
            "id": "sha256:c2b0421a808f06534e4d4276a510b707fda711db46faefc6488786d811144427",
            "insecure_skip_verify": false,
            "keep_remotely": false,
            "name": "711348555690.dkr.ecr.eu-central-1.amazonaws.com/back-repo",
            "sha256_digest": "sha256:c2b0421a808f06534e4d4276a510b707fda711db46faefc6488786d811144427",
            "triggers": {
              "filesha256": "1254bf07a59ad0772e00d5b67b68c2f343a099e781b2667d9cce1660aa55b992"
            }
          },
          "sensitive_attributes": [],
          "private": "bnVsbA==",
          "dependencies": [
            "aws_ecr_repository.BackRepo",
            "data.aws_ecr_authorization_token.token",
            "docker_image.BackImage"
          ]
        }
      ]
    },
    {
      "mode": "managed",
      "type": "docker_registry_image",
      "name": "FrontEcrImage",
      "provider": "provider[\"registry.terraform.io/kreuzwerker/docker\"]",
      "instances": [
        {
          "schema_version": 0,
          "attributes": {
            "id": "sha256:b30c3a220dee33d6bd87ded8c742b08dd68a7f738791ad589dc6f45c71dfd428",
            "insecure_skip_verify": false,
            "keep_remotely": false,
            "name": "711348555690.dkr.ecr.eu-central-1.amazonaws.com/front-repo:latest",
            "sha256_digest": "sha256:b30c3a220dee33d6bd87ded8c742b08dd68a7f738791ad589dc6f45c71dfd428",
            "triggers": {
              "filesha256": "9dd6df6a8aad0c5be2d0ff5d66c31f6c68abffb59be1e1152729b8af7f349738"
            }
          },
          "sensitive_attributes": [],
          "private": "bnVsbA==",
          "dependencies": [
            "aws_ecr_repository.FrontRepo",
            "data.aws_ecr_authorization_token.token",
            "docker_image.FrontImage"
          ]
        }
      ]
    }
  ],
  "check_results": null
}
