{
  "version": 4,
  "terraform_version": "1.7.1",
  "serial": 873,
  "lineage": "a595879c-8348-d326-a097-97e4ec7507b9",
  "outputs": {},
  "resources": [
    {
      "mode": "data",
      "type": "aws_ecr_authorization_token",
      "name": "token",
      "provider": "provider[\"registry.terraform.io/hashicorp/aws\"]",
      "instances": [
        {
          "schema_version": 0,
          "attributes": {
            "authorization_token": "QVdTOmV5SndZWGxzYjJGa0lqb2ljMjVDWTFGRGNYVnFZM1ZUWlZNMVdqbHdiVVl3VEc4eGJIcHVVamxRV1ZWaGJEUk1ja1Z3VEdaQ2NVNWtSVk00U1VsRUszRlRSVFJ5WVRoYU9WSkRWbTVXYlhKYVQyd3pkRFIyY1VSRVUyMU9Sa2hMZEN0Nk1tOW9RMk4zVFRWTE1GcGtWMHdyV2poMVRIVTJjamRtV21OME9IRkdibUZSYUU5V01IWTRSWFJKV1RaNk5HczFRMVpSUW5vM2JqRjVjbmQ1Y1d0VGNWUTVkbk5hTnpsUlFXTkxSMVZ4VTNKV2RWZEJTVmxZYTI5aE9YSTBURTkwU0RsYVNpczVhRFIwU1N0c04yOTZja0ZVYTBOVU9VSlhNblFyZEVoTGEwbDBUMmhNUjJGT1oxSndWbkF5YlVKUmNFdFNTR0Z2V1ZOdVRTOWpkSFpVZGpORk9XRkhNbVJWTlVNM05GVnZUMkp4V0hoTVdDOWhSVmhOZVZKWE1GQm1VeXQyTW1sV0szVXdXRmh5WmtVMlRuaHZXSEoxVDBscVMyUnFMM05HT0VaTlpHRk1jM1YzUzNvMVYzSldaRVV3U1VoS09IaHpXVEZ6WTNaaUsyRnpkMGxhVGprdlZXRXZkM2RRZGpnd2RtSldkQzgyU0cxTmNVZG9VVzVoWkZCVWFFSlJObVJXWXpFdmNXVTRUbGg2TldsM1NWRkNTSHBZVVN0clJGTjFibmwxYkRSeVNVcG1TeXRRY2tsMmRXOXBZVmhXT0U4M1VHNXRWRmwwWm1nMWNXWTROaloyVUVZME4yeGFOVmhPTDA1SGJtTkhSekJ6T0hoemNsUllWa0pKYjJ0VmFuTm1WekU0V0RONFpVVnpOMlkxWVZKYVNYRjVhbEF6VW1ZMGRGbzNVbWg0ZVRCdVUzZFVjRTFvU1ZkRFJpODRhak53Y1VKblJYWkNValJRVG1WbEszbDZVMk5yZFdGeVV5dENaR3gwWmk5b1ZrbHpVemhSTTBNNGJHZHJUMGhYTVdNd01FVlRZVFZLUmtkbFdUVTRaVkl4TlVjNVQwNXpPVkpGVGxSVFJqZFVhazFrU3pSalJHOUlkVFJLV0c5b05qRnhhRTl6VlZGTU1HNWtMMkZqZFZRNGMwVllXQzk2VkVoTVdsTlhjblIwVjBKaFZDdEJia3hNUkhZNWVUbE5kRVJxYnpGMlUyWmFXbUprVFdWQlQzcERUalJDTmk5aE1sSjVSbkJrZVVkdGEyVjJSV1p2YVZSaVFXazROalJMUTFsTk9FTTFkRlJLUlZOME5HTjFVM2hzYWxwV05raEVieXRLYTB0eVVGUkplRFJJZURCMGFWUlZaVEV2WlVOWk5FNXFZMFpHVjJGdGRWUnNVRVo0YWpkaGNXTnhNbHBVTldoclVuTjJhVTkyYTFSMFJFMXVURU5pWVZwMVlsUXdkMUp1Y1ZoeUswVkZjamgwVTJab1JXMXpWa2MxZWtkMFVuRkRka3RxU1dZNGNWTXlNVkZxTWt4bE4zTmhObllyVms1YVJsbzRjVWRHS3pkRFVFeEVObVZrWm10bVltbDBiSEkwY1VWVlZGUnNXVUZSTkZacVlXUk9NWFIyUjFoRGEySnJRMEpKZWl0NmFGcFJiakl5TkhaNllqWlFTR1oyT0dwTFZFdHdibFY0Y1hCUEsydFVkVXRpZVc5RlNIRnRWR1ZzY0UxMlVXNUZWU3REVjJkbFQxZE9XbEJtVjFoellVb3dhWFJFV0VsbFVrSjVlVXcxZVhOVmRuZHBVWEJMWkM5cU1FbEtURVYwZVVscloyWlBaR3MyUTNscmVFOUhPVk00ZFc1SVdUQmxWbloxV25wNkwwRm5ZMHcxTWxSaWRrNUlNeTlSUldsMlZHOW1UazVxTUhZeUwydDJNRGR1ZGpsNEt6VnBjMGg1VFZkaVIwTXpVa2hKVm5weVRGaE1NVmRyYjNoSU5FRmFTMlJUU25saFZVeHZka3Q2WVZaSmFsWktUazB5YlZjeE55SXNJbVJoZEdGclpYa2lPaUpCVVVWQ1FVaG9NM3BaVDJSMGNFSkNVMVozTDFreVlXNDRRbGhKUkRScmQweFJabTV2VkdvMWVuZGFkRWRLV205YVVVRkJRVWcwZDJaQldVcExiMXBKYUhaalRrRlJZMGR2UnpoM1lsRkpRa0ZFUW05Q1oydHhhR3RwUnpsM01FSkNkMFYzU0dkWlNsbEpXa2xCVjFWRVFrRkZkVTFDUlVWRVFqZ3pTV0psVDNSNFZtMVVMMHh6VTBGSlFrVkpRVGRHWmpkTU1UbGtiMmhQV1Zkc1RHTkxSemhuUWt0dU5HcG1ORkprVlhobGFVWk9PVWxYZEVSSmJIVnpaakl5U2s0MWVFbzJhM0EzZW1OclZWRkNjemw0U25WQ1FrSXlXa3RYV1RaMWNDdFZQU0lzSW5abGNuTnBiMjRpT2lJeUlpd2lkSGx3WlNJNklrUkJWRUZmUzBWWklpd2laWGh3YVhKaGRHbHZiaUk2TVRjd05qWTVPRFl6TlgwPQ==",
            "expires_at": "2024-01-31T10:57:15Z",
            "id": "eu-central-1",
            "password": "eyJwYXlsb2FkIjoic25CY1FDcXVqY3VTZVM1WjlwbUYwTG8xbHpuUjlQWVVhbDRMckVwTGZCcU5kRVM4SUlEK3FTRTRyYThaOVJDVm5WbXJaT2wzdDR2cUREU21ORkhLdCt6Mm9oQ2N3TTVLMFpkV0wrWjh1THU2cjdmWmN0OHFGbmFRaE9WMHY4RXRJWTZ6NGs1Q1ZRQno3bjF5cnd5cWtTcVQ5dnNaNzlRQWNLR1VxU3JWdVdBSVlYa29hOXI0TE90SDlaSis5aDR0SStsN296ckFUa0NUOUJXMnQrdEhLa0l0T2hMR2FOZ1JwVnAybUJRcEtSSGFvWVNuTS9jdHZUdjNFOWFHMmRVNUM3NFVvT2JxWHhMWC9hRVhNeVJXMFBmUyt2MmlWK3UwWFhyZkU2TnhvWHJ1T0lqS2RqL3NGOEZNZGFMc3V3S3o1V3JWZEUwSUhKOHhzWTFzY3ZiK2Fzd0laTjkvVWEvd3dQdjgwdmJWdC82SG1NcUdoUW5hZFBUaEJRNmRWYzEvcWU4Tlh6NWl3SVFCSHpYUStrRFN1bnl1bDRySUpmSytQckl2dW9pYVhWOE83UG5tVFl0Zmg1cWY4NjZ2UEY0N2xaNVhOL05HbmNHRzBzOHhzclRYVkJJb2tVanNmVzE4WDN4ZUVzN2Y1YVJaSXF5alAzUmY0dFo3Umh4eTBuU3dUcE1oSVdDRi84ajNwcUJnRXZCUjRQTmVlK3l6U2NrdWFyUytCZGx0Zi9oVklzUzhRM0M4bGdrT0hXMWMwMEVTYTVKRkdlWTU4ZVIxNUc5T05zOVJFTlRTRjdUak1kSzRjRG9IdTRKWG9oNjFxaE9zVVFMMG5kL2FjdVQ4c0VYWC96VEhMWlNXcnR0V0JhVCtBbkxMRHY5eTlNdERqbzF2U2ZaWmJkTWVBT3pDTjRCNi9hMlJ5RnBkeUdta2V2RWZvaVRiQWk4NjRLQ1lNOEM1dFRKRVN0NGN1U3hsalpWNkhEbytKa0tyUFRJeDRIeDB0aVRVZTEvZUNZNE5qY0ZGV2FtdVRsUEZ4ajdhcWNxMlpUNWhrUnN2aU92a1R0RE1uTENiYVp1YlQwd1JucVhyK0VFcjh0U2ZoRW1zVkc1ekd0UnFDdktqSWY4cVMyMVFqMkxlN3NhNnYrVk5aRlo4cUdGKzdDUExENmVkZmtmYml0bHI0cUVVVFRsWUFRNFZqYWROMXR2R1hDa2JrQ0JJeit6aFpRbjIyNHZ6YjZQSGZ2OGpLVEtwblV4cXBPK2tUdUtieW9FSHFtVGVscE12UW5FVStDV2dlT1dOWlBmV1hzYUowaXREWEllUkJ5eUw1eXNVdndpUXBLZC9qMElKTEV0eUlrZ2ZPZGs2Q3lreE9HOVM4dW5IWTBlVnZ1Wnp6L0FnY0w1MlRidk5IMy9RRWl2VG9mTk5qMHYyL2t2MDdudjl4KzVpc0h5TVdiR0MzUkhJVnpyTFhMMVdrb3hINEFaS2RTSnlhVUxvdkt6YVZJalZKTk0ybVcxNyIsImRhdGFrZXkiOiJBUUVCQUhoM3pZT2R0cEJCU1Z3L1kyYW44QlhJRDRrd0xRZm5vVGo1endadEdKWm9aUUFBQUg0d2ZBWUpLb1pJaHZjTkFRY0dvRzh3YlFJQkFEQm9CZ2txaGtpRzl3MEJCd0V3SGdZSllJWklBV1VEQkFFdU1CRUVEQjgzSWJlT3R4Vm1UL0xzU0FJQkVJQTdGZjdMMTlkb2hPWVdsTGNLRzhnQktuNGpmNFJkVXhlaUZOOUlXdERJbHVzZjIySk41eEo2a3A3emNrVVFCczl4SnVCQkIyWktXWTZ1cCtVPSIsInZlcnNpb24iOiIyIiwidHlwZSI6IkRBVEFfS0VZIiwiZXhwaXJhdGlvbiI6MTcwNjY5ODYzNX0=",
            "proxy_endpoint": "https://711348555690.dkr.ecr.eu-central-1.amazonaws.com",
            "registry_id": null,
            "user_name": "AWS"
          },
          "sensitive_attributes": []
        }
      ]
    },
    {
      "mode": "managed",
      "type": "aws_ecr_repository",
      "name": "BackRepo",
      "provider": "provider[\"registry.terraform.io/hashicorp/aws\"]",
      "instances": [
        {
          "schema_version": 0,
          "attributes": {
            "arn": "arn:aws:ecr:eu-central-1:711348555690:repository/back-repo",
            "encryption_configuration": [
              {
                "encryption_type": "AES256",
                "kms_key": ""
              }
            ],
            "force_delete": null,
            "id": "back-repo",
            "image_scanning_configuration": [
              {
                "scan_on_push": false
              }
            ],
            "image_tag_mutability": "MUTABLE",
            "name": "back-repo",
            "registry_id": "711348555690",
            "repository_url": "711348555690.dkr.ecr.eu-central-1.amazonaws.com/back-repo",
            "tags": {},
            "tags_all": {},
            "timeouts": null
          },
          "sensitive_attributes": [],
          "private": "eyJlMmJmYjczMC1lY2FhLTExZTYtOGY4OC0zNDM2M2JjN2M0YzAiOnsiZGVsZXRlIjoxMjAwMDAwMDAwMDAwfX0="
        }
      ]
    },
    {
      "mode": "managed",
      "type": "aws_ecr_repository",
      "name": "FrontRepo",
      "provider": "provider[\"registry.terraform.io/hashicorp/aws\"]",
      "instances": [
        {
          "schema_version": 0,
          "attributes": {
            "arn": "arn:aws:ecr:eu-central-1:711348555690:repository/front-repo",
            "encryption_configuration": [
              {
                "encryption_type": "AES256",
                "kms_key": ""
              }
            ],
            "force_delete": null,
            "id": "front-repo",
            "image_scanning_configuration": [
              {
                "scan_on_push": false
              }
            ],
            "image_tag_mutability": "MUTABLE",
            "name": "front-repo",
            "registry_id": "711348555690",
            "repository_url": "711348555690.dkr.ecr.eu-central-1.amazonaws.com/front-repo",
            "tags": {},
            "tags_all": {},
            "timeouts": null
          },
          "sensitive_attributes": [],
          "private": "eyJlMmJmYjczMC1lY2FhLTExZTYtOGY4OC0zNDM2M2JjN2M0YzAiOnsiZGVsZXRlIjoxMjAwMDAwMDAwMDAwfX0="
        }
      ]
    },
    {
      "mode": "managed",
      "type": "aws_iam_role",
      "name": "LambdaRole",
      "provider": "provider[\"registry.terraform.io/hashicorp/aws\"]",
      "instances": [
        {
          "schema_version": 0,
          "attributes": {
            "arn": "arn:aws:iam::711348555690:role/lambda-role",
            "assume_role_policy": "{\"Statement\":[{\"Action\":\"sts:AssumeRole\",\"Effect\":\"Allow\",\"Principal\":{\"Service\":\"lambda.amazonaws.com\"}}],\"Version\":\"2012-10-17\"}",
            "create_date": "2024-01-30T22:25:40Z",
            "description": "",
            "force_detach_policies": false,
            "id": "lambda-role",
            "inline_policy": [],
            "managed_policy_arns": [
              "arn:aws:iam::aws:policy/service-role/AWSLambdaBasicExecutionRole"
            ],
            "max_session_duration": 3600,
            "name": "lambda-role",
            "name_prefix": "",
            "path": "/",
            "permissions_boundary": "",
            "tags": {},
            "tags_all": {},
            "unique_id": "AROA2LH5NR6VCUAHOXDHO"
          },
          "sensitive_attributes": [],
          "private": "bnVsbA=="
        }
      ]
    },
    {
      "mode": "managed",
      "type": "aws_iam_role_policy_attachment",
      "name": "LambdaExecPolicyAttachment",
      "provider": "provider[\"registry.terraform.io/hashicorp/aws\"]",
      "instances": [
        {
          "schema_version": 0,
          "attributes": {
            "id": "lambda-role-20240130222541045000000001",
            "policy_arn": "arn:aws:iam::aws:policy/service-role/AWSLambdaBasicExecutionRole",
            "role": "lambda-role"
          },
          "sensitive_attributes": [],
          "private": "bnVsbA==",
          "dependencies": [
            "aws_iam_role.LambdaRole"
          ]
        }
      ]
    },
    {
      "mode": "managed",
      "type": "aws_lambda_function",
      "name": "BackLambda",
      "provider": "provider[\"registry.terraform.io/hashicorp/aws\"]",
      "instances": [
        {
          "schema_version": 0,
          "attributes": {
            "architectures": [
              "arm64"
            ],
            "arn": "arn:aws:lambda:eu-central-1:711348555690:function:back-lambda",
            "code_signing_config_arn": "",
            "dead_letter_config": [],
            "description": "",
            "environment": [
              {
                "variables": {
                  "HOME": "/tmp"
                }
              }
            ],
            "ephemeral_storage": [
              {
                "size": 512
              }
            ],
            "file_system_config": [],
            "filename": null,
            "function_name": "back-lambda",
            "handler": "",
            "id": "back-lambda",
            "image_config": [],
            "image_uri": "711348555690.dkr.ecr.eu-central-1.amazonaws.com/back-repo@sha256:dc8133dfaa402e14891fcec6b2d3596ea8fcddd607f5f2de27ce5c1d5da6209e",
            "invoke_arn": "arn:aws:apigateway:eu-central-1:lambda:path/2015-03-31/functions/arn:aws:lambda:eu-central-1:711348555690:function:back-lambda/invocations",
            "kms_key_arn": "",
            "last_modified": "2024-01-30T22:57:17.000+0000",
            "layers": [],
            "logging_config": [
              {
                "application_log_level": "INFO",
                "log_format": "JSON",
                "log_group": "/aws/lambda/back-lambda",
                "system_log_level": "INFO"
              }
            ],
            "memory_size": 1792,
            "package_type": "Image",
            "publish": false,
            "qualified_arn": "arn:aws:lambda:eu-central-1:711348555690:function:back-lambda:$LATEST",
            "qualified_invoke_arn": "arn:aws:apigateway:eu-central-1:lambda:path/2015-03-31/functions/arn:aws:lambda:eu-central-1:711348555690:function:back-lambda:$LATEST/invocations",
            "replace_security_groups_on_destroy": null,
            "replacement_security_group_ids": null,
            "reserved_concurrent_executions": -1,
            "role": "arn:aws:iam::711348555690:role/lambda-role",
            "runtime": "",
            "s3_bucket": null,
            "s3_key": null,
            "s3_object_version": null,
            "signing_job_arn": "",
            "signing_profile_version_arn": "",
            "skip_destroy": false,
            "snap_start": [],
            "source_code_hash": "dc8133dfaa402e14891fcec6b2d3596ea8fcddd607f5f2de27ce5c1d5da6209e",
            "source_code_size": 0,
            "tags": {},
            "tags_all": {},
            "timeout": 5,
            "timeouts": null,
            "tracing_config": [
              {
                "mode": "PassThrough"
              }
            ],
            "version": "$LATEST",
            "vpc_config": []
          },
          "sensitive_attributes": [],
          "private": "eyJlMmJmYjczMC1lY2FhLTExZTYtOGY4OC0zNDM2M2JjN2M0YzAiOnsiY3JlYXRlIjo2MDAwMDAwMDAwMDAsImRlbGV0ZSI6NjAwMDAwMDAwMDAwLCJ1cGRhdGUiOjYwMDAwMDAwMDAwMH19",
          "dependencies": [
            "aws_ecr_repository.BackRepo",
            "aws_iam_role.LambdaRole",
            "data.aws_ecr_authorization_token.token",
            "docker_image.BackImage",
            "docker_registry_image.BackEcrImage"
          ]
        }
      ]
    },
    {
      "mode": "managed",
      "type": "aws_lambda_function",
      "name": "FrontLambda",
      "provider": "provider[\"registry.terraform.io/hashicorp/aws\"]",
      "instances": [
        {
          "schema_version": 0,
          "attributes": {
            "architectures": [
              "x86_64"
            ],
            "arn": "arn:aws:lambda:eu-central-1:711348555690:function:front-lambda",
            "code_signing_config_arn": "",
            "dead_letter_config": [],
            "description": "",
            "environment": [
              {
                "variables": {
                  "HOME": "/tmp"
                }
              }
            ],
            "ephemeral_storage": [
              {
                "size": 512
              }
            ],
            "file_system_config": [],
            "filename": null,
            "function_name": "front-lambda",
            "handler": "",
            "id": "front-lambda",
            "image_config": [],
            "image_uri": "711348555690.dkr.ecr.eu-central-1.amazonaws.com/front-repo@sha256:77d511b52c72584bf6f3ac28f75afdc91bdeb8cabbe8d8b1386ab1cf1f43124a",
            "invoke_arn": "arn:aws:apigateway:eu-central-1:lambda:path/2015-03-31/functions/arn:aws:lambda:eu-central-1:711348555690:function:front-lambda/invocations",
            "kms_key_arn": "",
            "last_modified": "2024-01-30T22:58:43.000+0000",
            "layers": [],
            "logging_config": [
              {
                "application_log_level": "INFO",
                "log_format": "JSON",
                "log_group": "/aws/lambda/front-lambda",
                "system_log_level": "INFO"
              }
            ],
            "memory_size": 1792,
            "package_type": "Image",
            "publish": false,
            "qualified_arn": "arn:aws:lambda:eu-central-1:711348555690:function:front-lambda:$LATEST",
            "qualified_invoke_arn": "arn:aws:apigateway:eu-central-1:lambda:path/2015-03-31/functions/arn:aws:lambda:eu-central-1:711348555690:function:front-lambda:$LATEST/invocations",
            "replace_security_groups_on_destroy": null,
            "replacement_security_group_ids": null,
            "reserved_concurrent_executions": -1,
            "role": "arn:aws:iam::711348555690:role/lambda-role",
            "runtime": "",
            "s3_bucket": null,
            "s3_key": null,
            "s3_object_version": null,
            "signing_job_arn": "",
            "signing_profile_version_arn": "",
            "skip_destroy": false,
            "snap_start": [],
            "source_code_hash": "77d511b52c72584bf6f3ac28f75afdc91bdeb8cabbe8d8b1386ab1cf1f43124a",
            "source_code_size": 0,
            "tags": {},
            "tags_all": {},
            "timeout": 5,
            "timeouts": null,
            "tracing_config": [
              {
                "mode": "PassThrough"
              }
            ],
            "version": "$LATEST",
            "vpc_config": []
          },
          "sensitive_attributes": [],
          "private": "eyJlMmJmYjczMC1lY2FhLTExZTYtOGY4OC0zNDM2M2JjN2M0YzAiOnsiY3JlYXRlIjo2MDAwMDAwMDAwMDAsImRlbGV0ZSI6NjAwMDAwMDAwMDAwLCJ1cGRhdGUiOjYwMDAwMDAwMDAwMH19",
          "dependencies": [
            "aws_ecr_repository.FrontRepo",
            "aws_iam_role.LambdaRole",
            "data.aws_ecr_authorization_token.token",
            "docker_image.FrontImage",
            "docker_registry_image.FrontEcrImage"
          ]
        }
      ]
    },
    {
      "mode": "managed",
      "type": "aws_lambda_function_url",
      "name": "BackLambdaUrl",
      "provider": "provider[\"registry.terraform.io/hashicorp/aws\"]",
      "instances": [
        {
          "schema_version": 0,
          "attributes": {
            "authorization_type": "NONE",
            "cors": [],
            "function_arn": "arn:aws:lambda:eu-central-1:711348555690:function:back-lambda",
            "function_name": "back-lambda",
            "function_url": "https://qh5yf2q5mb2mudnu7mo5ibs5340kvlew.lambda-url.eu-central-1.on.aws/",
            "id": "back-lambda",
            "invoke_mode": "BUFFERED",
            "qualifier": "",
            "timeouts": null,
            "url_id": "qh5yf2q5mb2mudnu7mo5ibs5340kvlew"
          },
          "sensitive_attributes": [],
          "private": "eyJlMmJmYjczMC1lY2FhLTExZTYtOGY4OC0zNDM2M2JjN2M0YzAiOnsiY3JlYXRlIjo2MDAwMDAwMDAwMDB9fQ==",
          "dependencies": [
            "aws_ecr_repository.BackRepo",
            "aws_iam_role.LambdaRole",
            "aws_lambda_function.BackLambda",
            "data.aws_ecr_authorization_token.token",
            "docker_image.BackImage",
            "docker_registry_image.BackEcrImage"
          ]
        }
      ]
    },
    {
      "mode": "managed",
      "type": "aws_lambda_function_url",
      "name": "FrontLambdaUrl",
      "provider": "provider[\"registry.terraform.io/hashicorp/aws\"]",
      "instances": [
        {
          "schema_version": 0,
          "attributes": {
            "authorization_type": "NONE",
            "cors": [],
            "function_arn": "arn:aws:lambda:eu-central-1:711348555690:function:front-lambda",
            "function_name": "front-lambda",
            "function_url": "https://zaybgiba7j34u5vvaxmvs3pnje0odwqq.lambda-url.eu-central-1.on.aws/",
            "id": "front-lambda",
            "invoke_mode": "BUFFERED",
            "qualifier": "",
            "timeouts": null,
            "url_id": "zaybgiba7j34u5vvaxmvs3pnje0odwqq"
          },
          "sensitive_attributes": [],
          "private": "eyJlMmJmYjczMC1lY2FhLTExZTYtOGY4OC0zNDM2M2JjN2M0YzAiOnsiY3JlYXRlIjo2MDAwMDAwMDAwMDB9fQ==",
          "dependencies": [
            "aws_ecr_repository.FrontRepo",
            "aws_iam_role.LambdaRole",
            "aws_lambda_function.FrontLambda",
            "data.aws_ecr_authorization_token.token",
            "docker_image.FrontImage",
            "docker_registry_image.FrontEcrImage"
          ]
        }
      ]
    },
    {
      "mode": "managed",
      "type": "docker_image",
      "name": "BackImage",
      "provider": "provider[\"registry.terraform.io/kreuzwerker/docker\"]",
      "instances": [
        {
          "schema_version": 0,
          "attributes": {
            "build": [
              {
                "auth_config": [],
                "build_arg": {},
                "build_args": {},
                "build_id": "",
                "cache_from": [],
                "cgroup_parent": "",
                "context": "/home/user/github/cdktf-project/src/back",
                "cpu_period": 0,
                "cpu_quota": 0,
                "cpu_set_cpus": "",
                "cpu_set_mems": "",
                "cpu_shares": 0,
                "dockerfile": "Dockerfile",
                "extra_hosts": [],
                "force_remove": false,
                "isolation": "",
                "label": {},
                "labels": {},
                "memory": 0,
                "memory_swap": 0,
                "network_mode": "",
                "no_cache": false,
                "platform": "linux/arm64",
                "pull_parent": false,
                "remote_context": "",
                "remove": true,
                "security_opt": [],
                "session_id": "",
                "shm_size": 0,
                "squash": false,
                "suppress_output": false,
                "tag": [],
                "target": "",
                "ulimit": [],
                "version": ""
              }
            ],
            "force_remove": null,
            "id": "sha256:e58543f6d11162557e3eed3e451b260014f86be00c2f237cf74214cc07f7e531711348555690.dkr.ecr.eu-central-1.amazonaws.com/back-repo",
            "image_id": "sha256:e58543f6d11162557e3eed3e451b260014f86be00c2f237cf74214cc07f7e531",
            "keep_locally": null,
            "name": "711348555690.dkr.ecr.eu-central-1.amazonaws.com/back-repo",
            "platform": null,
            "pull_triggers": null,
            "repo_digest": "711348555690.dkr.ecr.eu-central-1.amazonaws.com/back-repo@sha256:dc8133dfaa402e14891fcec6b2d3596ea8fcddd607f5f2de27ce5c1d5da6209e",
            "triggers": {
              "filesha256": "d582e1929e92049e244aa8f040d3381cabd52f82cc371b2c05a9d7981e8a0dd8"
            }
          },
          "sensitive_attributes": [],
          "private": "bnVsbA==",
          "dependencies": [
            "aws_ecr_repository.BackRepo",
            "data.aws_ecr_authorization_token.token"
          ]
        }
      ]
    },
    {
      "mode": "managed",
      "type": "docker_image",
      "name": "FrontImage",
      "provider": "provider[\"registry.terraform.io/kreuzwerker/docker\"]",
      "instances": [
        {
          "schema_version": 0,
          "attributes": {
            "build": [
              {
                "auth_config": [],
                "build_arg": null,
                "build_args": null,
                "build_id": "",
                "cache_from": [],
                "cgroup_parent": "",
                "context": "/home/user/github/cdktf-project/src/front",
                "cpu_period": null,
                "cpu_quota": null,
                "cpu_set_cpus": "",
                "cpu_set_mems": "",
                "cpu_shares": null,
                "dockerfile": "Dockerfile",
                "extra_hosts": [],
                "force_remove": null,
                "isolation": "",
                "label": null,
                "labels": null,
                "memory": null,
                "memory_swap": null,
                "network_mode": "",
                "no_cache": null,
                "platform": "linux/amd64",
                "pull_parent": null,
                "remote_context": "",
                "remove": true,
                "security_opt": [],
                "session_id": "",
                "shm_size": null,
                "squash": null,
                "suppress_output": null,
                "tag": [],
                "target": "",
                "ulimit": [],
                "version": ""
              }
            ],
            "force_remove": null,
            "id": "sha256:3252a94840a46d082a3e6dd09111fc56274747cd58ca9b5b40c39e51612a1a07711348555690.dkr.ecr.eu-central-1.amazonaws.com/front-repo",
            "image_id": "sha256:3252a94840a46d082a3e6dd09111fc56274747cd58ca9b5b40c39e51612a1a07",
            "keep_locally": null,
            "name": "711348555690.dkr.ecr.eu-central-1.amazonaws.com/front-repo",
            "platform": null,
            "pull_triggers": null,
            "repo_digest": "",
            "triggers": {
              "filesha256": "4634047503998e2a0d2b1c41ff2acc5020e95ff944ca39bd6fe4a4fc82358111"
            }
          },
          "sensitive_attributes": [],
          "private": "bnVsbA==",
          "dependencies": [
            "aws_ecr_repository.FrontRepo",
            "data.aws_ecr_authorization_token.token"
          ]
        }
      ]
    },
    {
      "mode": "managed",
      "type": "docker_registry_image",
      "name": "BackEcrImage",
      "provider": "provider[\"registry.terraform.io/kreuzwerker/docker\"]",
      "instances": [
        {
          "schema_version": 0,
          "attributes": {
            "id": "sha256:dc8133dfaa402e14891fcec6b2d3596ea8fcddd607f5f2de27ce5c1d5da6209e",
            "insecure_skip_verify": false,
            "keep_remotely": false,
            "name": "711348555690.dkr.ecr.eu-central-1.amazonaws.com/back-repo",
            "sha256_digest": "sha256:dc8133dfaa402e14891fcec6b2d3596ea8fcddd607f5f2de27ce5c1d5da6209e",
            "triggers": {
              "filesha256": "d582e1929e92049e244aa8f040d3381cabd52f82cc371b2c05a9d7981e8a0dd8"
            }
          },
          "sensitive_attributes": [],
          "private": "bnVsbA==",
          "dependencies": [
            "aws_ecr_repository.BackRepo",
            "data.aws_ecr_authorization_token.token",
            "docker_image.BackImage"
          ]
        }
      ]
    },
    {
      "mode": "managed",
      "type": "docker_registry_image",
      "name": "FrontEcrImage",
      "provider": "provider[\"registry.terraform.io/kreuzwerker/docker\"]",
      "instances": [
        {
          "schema_version": 0,
          "attributes": {
            "id": "sha256:77d511b52c72584bf6f3ac28f75afdc91bdeb8cabbe8d8b1386ab1cf1f43124a",
            "insecure_skip_verify": false,
            "keep_remotely": false,
            "name": "711348555690.dkr.ecr.eu-central-1.amazonaws.com/front-repo",
            "sha256_digest": "sha256:77d511b52c72584bf6f3ac28f75afdc91bdeb8cabbe8d8b1386ab1cf1f43124a",
            "triggers": {
              "filesha256": "4634047503998e2a0d2b1c41ff2acc5020e95ff944ca39bd6fe4a4fc82358111"
            }
          },
          "sensitive_attributes": [],
          "private": "bnVsbA==",
          "dependencies": [
            "aws_ecr_repository.FrontRepo",
            "data.aws_ecr_authorization_token.token",
            "docker_image.FrontImage"
          ]
        }
      ]
    }
  ],
  "check_results": null
}
