{
  "version": 4,
  "terraform_version": "1.7.0",
  "serial": 701,
  "lineage": "a595879c-8348-d326-a097-97e4ec7507b9",
  "outputs": {},
  "resources": [
    {
      "mode": "data",
      "type": "aws_ecr_authorization_token",
      "name": "token",
      "provider": "provider[\"registry.terraform.io/hashicorp/aws\"]",
      "instances": [
        {
          "schema_version": 0,
          "attributes": {
            "authorization_token": "QVdTOmV5SndZWGxzYjJGa0lqb2lWMUJNYzB0a1kxaERaR3RNY1ZSRVQwdHhZbVZoYmtwQkszVllTM2hwTjBnME1rSnNiblJ1VmtkT1VWbHdVazkzT0VGWWVtcEtVVzVJV2t4Q1MwSlFPWEo2TURsNlRXZFJjbXhVZUVoNGRUWXhkVFIzTXk5dWJESTRMMWcyUTI0NGJUbEVhbWhCVmpKTlFqYzRVMGRWUmtzeGEwVlNjRE53VG1GT1RWTk5iWGMwZVhSMVVuTkdlRWxXWTJwWGJFNXNUQ3RxVDBoRFduSmtPVTF0VTBsUGQwTnRlVVZQU0RWUFowNTJjelpJY1dWUlEzcEpRazAzZWpWRldDOVJLMlpPZW1WNU5ITk1ZMDFYVkdKQldTdE1hVFJCYVd4cVRtVXZhVU1yTXpoVVFrRTNjRkIyWkZJemVHUlBWREpHVUN0dk9EazFjV05qU0ZWVFNscGlibmR3Wml0aWFtTXZWV2hWU2l0SGJtMWhWR1ZsU1hOMGQyOTFXVGRoT0ZwaFIxUkZUVE40UW1SR2VYcHBjMGhqWjFWNmIwVlJZbGRVTVZoM056TjFlV3h2TDNjMlZIQTNNSGRqVmtndllscDJZbTV2TjNaaVJWRmFOa0k1V0M5cmVucHJVbmhzTWxkb1ZHMDNaRkZPVVVGQllVb3JjeTlvZWpjdlREUlViekZrUkZjeGRscG9hamhQV21KSlpHVkthall4Tm5Sd0syUkdlVFVyUkdNcmVFVkRVVzVKYm5waFVqbFliekZCTlhJMFJGcEllRzVQWWxwcWVrUlFkbkI0U1ZOalowWXJlSFp2Y1ZjNVoxTjFWMlpVVlc0NWRVeHZaVTlGUzNvelNWbFZPWEpMYjNwT2J6VkJOV2xuV1ZseWRYUlJVelp1Y0dsT2RWWlJSR3MzVFRWM2RUTkpRVWx6V1RacmNUVkthakkyU1ZweFdEbHNkMlJvV1RaTWNFNVlUV2xUYjBWSFNqVjRWM2Q2WkdoRWVFVnhXbTR6TW1WU1EyTmtiMVY2ZDJVMGRsZHZhemRJTkdWalNXNXljbVJWVkc5MlFubGxVbmM0SzAxRmQzQnhRVkJZWkVSdk4yaFdPVGw0YlZneGJrVnFUREZQTTJvM2NHRlhkWFpLSzFvM2MzRlRkV2h4TVRsV1ZXNWlhemhtY0RkcFoxUnpabVpxVmtaTk9FNWpTblYxVkd0R1MwaGlNbk5HV21GSVRVcHpMM2QyTTJSdWFHOVJNVGNyYTJoSU1Dc3dURGhuZGpKMFlYZEVSakk1TDFJMWNHUnFVMk4zYkU1eWIyUTNibHBzYldsa2FtSkJXRWxQVjBoU05qRndVbFYzZGpsblZtbEhXU3RyYkZZMlp6QnFabVl6ZDBJd2FHMVNaa2xJVWpGVGVGRndObEJxV21nemRGbEtlWEIyZDFkSVdGUmlja2NyU0d0ME4yOXlNR2xPZDJkcFFUUkRaMHRKUVVGbFExZEhiV2RaTTNoSGJtZGxSRkJWSzBOaVRWaFVZV3AwWWxaa1VHY3djSEY1YTNRclV6SXpkWGx6Wm1ObGNrVlFTMjVSYTA4emNVY3hOemR1VkN0Nk5FbDFjR2hyUzIxdVptVXZOR1ZLWW01YU56bEpVMUV4V0hoamIwOUxPRm93UkRORGQyTlZTM0JSYkdJMVFXbGxRbFJsVlZrM1ZqTmhlRU5yVm1nNE1FbHlNbnBYZEdoamFGRTVkR1poZDJkdFpXVTVSR1ZOYlhKcWQwczJlVzFKZFRoVlRFUlVNa3h5YUU0dll6ZEtNakpLZURCMFMyVklPSHBIUjNaV04zcEVWVkUxTm0xMVVXZElWaTlTVlhWUGNXVlNXSEJ1VjFoM00yRTRjVXByYUhKb1NVSlNiV3BDYkVSUFdWQlNZM1IwVjJ0Q05HazJiMVZEVVc1cGMwMTBMMHR4UVhoaVUzcFdOSHBaY2pock1tUlpVVlpzTjBVeVNEVnlTWFZMUm5CblJFTllSM1p1YjFZNVpGRjNTemxpZEVOWFFucFZWMHRqYTNsUk4wRk5aM2sxY2tFaUxDSmtZWFJoYTJWNUlqb2lRVkZGUWtGSWFETjZXVTlrZEhCQ1FsTldkeTlaTW1GdU9FSllTVVEwYTNkTVVXWnViMVJxTlhwM1duUkhTbHB2V2xGQlFVRklOSGRtUVZsS1MyOWFTV2gyWTA1QlVXTkhiMGM0ZDJKUlNVSkJSRUp2UW1kcmNXaHJhVWM1ZHpCQ1FuZEZkMGhuV1VwWlNWcEpRVmRWUkVKQlJYVk5Ra1ZGUkV0eVVGazBjVTVMUkdWbmVtTXhWMUIzU1VKRlNVRTNSV2hEY1c5NmNXOXhTMlptV0ZwelEwWmtUbE5vVTJka1NHY3JZWEI0T1dOcmQySXZSazlCYm5SSWJXeExRbW8xUlZaM05raHpSVlk1TDJaTGJuQjFWbWhoY25RclNFTkNVVkZ0YzFnd01EMGlMQ0oyWlhKemFXOXVJam9pTWlJc0luUjVjR1VpT2lKRVFWUkJYMHRGV1NJc0ltVjRjR2x5WVhScGIyNGlPakUzTURZeU5UVTBNRFY5",
            "expires_at": "2024-01-26T07:50:05Z",
            "id": "eu-central-1",
            "password": "eyJwYXlsb2FkIjoiV1BMc0tkY1hDZGtMcVRET0txYmVhbkpBK3VYS3hpN0g0MkJsbnRuVkdOUVlwUk93OEFYempKUW5IWkxCS0JQOXJ6MDl6TWdRcmxUeEh4dTYxdTR3My9ubDI4L1g2Q244bTlEamhBVjJNQjc4U0dVRksxa0VScDNwTmFOTVNNbXc0eXR1UnNGeElWY2pXbE5sTCtqT0hDWnJkOU1tU0lPd0NteUVPSDVPZ052czZIcWVRQ3pJQk03ejVFWC9RK2ZOemV5NHNMY01XVGJBWStMaTRBaWxqTmUvaUMrMzhUQkE3cFB2ZFIzeGRPVDJGUCtvODk1cWNjSFVTSlpibndwZitiamMvVWhVSitHbm1hVGVlSXN0d291WTdhOFphR1RFTTN4QmRGeXppc0hjZ1V6b0VRYldUMVh3NzN1eWxvL3c2VHA3MHdjVkgvYlp2Ym5vN3ZiRVFaNkI5WC9renprUnhsMldoVG03ZFFOUUFBYUorcy9oejcvTDRUbzFkRFcxdlpoajhPWmJJZGVKajYxNnRwK2RGeTUrRGMreEVDUW5JbnphUjlYbzFBNXI0RFpIeG5PYlpqekRQdnB4SVNjZ0YreHZvcVc5Z1N1V2ZUVW45dUxvZU9FS3ozSVlVOXJLb3pObzVBNWlnWVlydXRRUzZucGlOdVZRRGs3TTV3dTNJQUlzWTZrcTVKajI2SVpxWDlsd2RoWTZMcE5YTWlTb0VHSjV4V3d6ZGhEeEVxWm4zMmVSQ2Nkb1V6d2U0dldvazdINGVjSW5ycmRVVG92QnllUnc4K01Fd3BxQVBYZERvN2hWOTl4bVgxbkVqTDFPM2o3cGFXdXZKK1o3c3FTdWhxMTlWVW5iazhmcDdpZ1RzZmZqVkZNOE5jSnV1VGtGS0hiMnNGWmFITUpzL3d2M2RuaG9RMTcra2hIMCswTDhndjJ0YXdERjI5L1I1cGRqU2N3bE5yb2Q3blpsbWlkamJBWElPV0hSNjFwUlV3djlnVmlHWStrbFY2ZzBqZmYzd0IwaG1SZklIUjFTeFFwNlBqWmgzdFlKeXB2d1dIWFRickcrSGt0N29yMGlOd2dpQTRDZ0tJQUFlQ1dHbWdZM3hHbmdlRFBVK0NiTVhUYWp0YlZkUGcwcHF5a3QrUzIzdXlzZmNlckVQS25Ra08zcUcxNzduVCt6NEl1cGhrS21uZmUvNGVKYm5aNzlJU1ExWHhjb09LOFowRDNDd2NVS3BRbGI1QWllQlRlVVk3VjNheENrVmg4MElyMnpXdGhjaFE5dGZhd2dtZWU5RGVNbXJqd0s2eW1JdThVTERUMkxyaE4vYzdKMjJKeDB0S2VIOHpHR3ZWN3pEVVE1Nm11UWdIVi9SVXVPcWVSWHBuV1h3M2E4cUpraHJoSUJSbWpCbERPWVBSY3R0V2tCNGk2b1VDUW5pc010L0txQXhiU3pWNHpZcjhrMmRZUVZsN0UySDVySXVLRnBnRENYR3Zub1Y5ZFF3SzlidENXQnpVV0tja3lRN0FNZ3k1ckEiLCJkYXRha2V5IjoiQVFFQkFIaDN6WU9kdHBCQlNWdy9ZMmFuOEJYSUQ0a3dMUWZub1RqNXp3WnRHSlpvWlFBQUFINHdmQVlKS29aSWh2Y05BUWNHb0c4d2JRSUJBREJvQmdrcWhraUc5dzBCQndFd0hnWUpZSVpJQVdVREJBRXVNQkVFREtyUFk0cU5LRGVnemMxV1B3SUJFSUE3RWhDcW96cW9xS2ZmWFpzQ0ZkTlNoU2dkSGcrYXB4OWNrd2IvRk9BbnRIbWxLQmo1RVZ3NkhzRVY5L2ZLbnB1VmhhcnQrSENCUVFtc1gwMD0iLCJ2ZXJzaW9uIjoiMiIsInR5cGUiOiJEQVRBX0tFWSIsImV4cGlyYXRpb24iOjE3MDYyNTU0MDV9",
            "proxy_endpoint": "https://711348555690.dkr.ecr.eu-central-1.amazonaws.com",
            "registry_id": null,
            "user_name": "AWS"
          },
          "sensitive_attributes": []
        }
      ]
    },
    {
      "mode": "managed",
      "type": "aws_ecr_repository",
      "name": "BackRepo",
      "provider": "provider[\"registry.terraform.io/hashicorp/aws\"]",
      "instances": [
        {
          "schema_version": 0,
          "attributes": {
            "arn": "arn:aws:ecr:eu-central-1:711348555690:repository/back-repo",
            "encryption_configuration": [
              {
                "encryption_type": "AES256",
                "kms_key": ""
              }
            ],
            "force_delete": null,
            "id": "back-repo",
            "image_scanning_configuration": [
              {
                "scan_on_push": false
              }
            ],
            "image_tag_mutability": "MUTABLE",
            "name": "back-repo",
            "registry_id": "711348555690",
            "repository_url": "711348555690.dkr.ecr.eu-central-1.amazonaws.com/back-repo",
            "tags": null,
            "tags_all": {},
            "timeouts": null
          },
          "sensitive_attributes": [],
          "private": "eyJlMmJmYjczMC1lY2FhLTExZTYtOGY4OC0zNDM2M2JjN2M0YzAiOnsiZGVsZXRlIjoxMjAwMDAwMDAwMDAwfX0="
        }
      ]
    },
    {
      "mode": "managed",
      "type": "aws_ecr_repository",
      "name": "FrontRepo",
      "provider": "provider[\"registry.terraform.io/hashicorp/aws\"]",
      "instances": [
        {
          "schema_version": 0,
          "attributes": {
            "arn": "arn:aws:ecr:eu-central-1:711348555690:repository/front-repo",
            "encryption_configuration": [
              {
                "encryption_type": "AES256",
                "kms_key": ""
              }
            ],
            "force_delete": null,
            "id": "front-repo",
            "image_scanning_configuration": [
              {
                "scan_on_push": false
              }
            ],
            "image_tag_mutability": "MUTABLE",
            "name": "front-repo",
            "registry_id": "711348555690",
            "repository_url": "711348555690.dkr.ecr.eu-central-1.amazonaws.com/front-repo",
            "tags": null,
            "tags_all": {},
            "timeouts": null
          },
          "sensitive_attributes": [],
          "private": "eyJlMmJmYjczMC1lY2FhLTExZTYtOGY4OC0zNDM2M2JjN2M0YzAiOnsiZGVsZXRlIjoxMjAwMDAwMDAwMDAwfX0="
        }
      ]
    },
    {
      "mode": "managed",
      "type": "aws_iam_role",
      "name": "LambdaRole",
      "provider": "provider[\"registry.terraform.io/hashicorp/aws\"]",
      "instances": [
        {
          "schema_version": 0,
          "attributes": {
            "arn": "arn:aws:iam::711348555690:role/lambda-role",
            "assume_role_policy": "{\"Statement\":[{\"Action\":\"sts:AssumeRole\",\"Effect\":\"Allow\",\"Principal\":{\"Service\":\"lambda.amazonaws.com\"}}],\"Version\":\"2012-10-17\"}",
            "create_date": "2024-01-25T19:50:08Z",
            "description": "",
            "force_detach_policies": false,
            "id": "lambda-role",
            "inline_policy": [],
            "managed_policy_arns": [],
            "max_session_duration": 3600,
            "name": "lambda-role",
            "name_prefix": "",
            "path": "/",
            "permissions_boundary": "",
            "tags": null,
            "tags_all": {},
            "unique_id": "AROA2LH5NR6VALVJSJX6Z"
          },
          "sensitive_attributes": [],
          "private": "bnVsbA=="
        }
      ]
    },
    {
      "mode": "managed",
      "type": "aws_iam_role_policy_attachment",
      "name": "LambdaExecPolicyAttachment",
      "provider": "provider[\"registry.terraform.io/hashicorp/aws\"]",
      "instances": [
        {
          "schema_version": 0,
          "attributes": {
            "id": "lambda-role-20240125195009805400000001",
            "policy_arn": "arn:aws:iam::aws:policy/service-role/AWSLambdaBasicExecutionRole",
            "role": "lambda-role"
          },
          "sensitive_attributes": [],
          "private": "bnVsbA==",
          "dependencies": [
            "aws_iam_role.LambdaRole"
          ]
        }
      ]
    },
    {
      "mode": "managed",
      "type": "aws_lambda_function",
      "name": "BackLambda",
      "provider": "provider[\"registry.terraform.io/hashicorp/aws\"]",
      "instances": [
        {
          "schema_version": 0,
          "attributes": {
            "architectures": [
              "x86_64"
            ],
            "arn": "arn:aws:lambda:eu-central-1:711348555690:function:back-lambda",
            "code_signing_config_arn": "",
            "dead_letter_config": [],
            "description": "",
            "environment": [
              {
                "variables": {
                  "HOME": "/tmp"
                }
              }
            ],
            "ephemeral_storage": [
              {
                "size": 512
              }
            ],
            "file_system_config": [],
            "filename": null,
            "function_name": "back-lambda",
            "handler": "",
            "id": "back-lambda",
            "image_config": [],
            "image_uri": "711348555690.dkr.ecr.eu-central-1.amazonaws.com/back-repo:latest",
            "invoke_arn": "arn:aws:apigateway:eu-central-1:lambda:path/2015-03-31/functions/arn:aws:lambda:eu-central-1:711348555690:function:back-lambda/invocations",
            "kms_key_arn": "",
            "last_modified": "2024-01-25T19:51:23.831+0000",
            "layers": null,
            "logging_config": [
              {
                "application_log_level": "INFO",
                "log_format": "JSON",
                "log_group": "/aws/lambda/back-lambda",
                "system_log_level": "INFO"
              }
            ],
            "memory_size": 1792,
            "package_type": "Image",
            "publish": false,
            "qualified_arn": "arn:aws:lambda:eu-central-1:711348555690:function:back-lambda:$LATEST",
            "qualified_invoke_arn": "arn:aws:apigateway:eu-central-1:lambda:path/2015-03-31/functions/arn:aws:lambda:eu-central-1:711348555690:function:back-lambda:$LATEST/invocations",
            "replace_security_groups_on_destroy": null,
            "replacement_security_group_ids": null,
            "reserved_concurrent_executions": -1,
            "role": "arn:aws:iam::711348555690:role/lambda-role",
            "runtime": "",
            "s3_bucket": null,
            "s3_key": null,
            "s3_object_version": null,
            "signing_job_arn": "",
            "signing_profile_version_arn": "",
            "skip_destroy": false,
            "snap_start": [],
            "source_code_hash": "c2b0421a808f06534e4d4276a510b707fda711db46faefc6488786d811144427",
            "source_code_size": 0,
            "tags": null,
            "tags_all": {},
            "timeout": 5,
            "timeouts": null,
            "tracing_config": [
              {
                "mode": "PassThrough"
              }
            ],
            "version": "$LATEST",
            "vpc_config": []
          },
          "sensitive_attributes": [],
          "private": "eyJlMmJmYjczMC1lY2FhLTExZTYtOGY4OC0zNDM2M2JjN2M0YzAiOnsiY3JlYXRlIjo2MDAwMDAwMDAwMDAsImRlbGV0ZSI6NjAwMDAwMDAwMDAwLCJ1cGRhdGUiOjYwMDAwMDAwMDAwMH19",
          "dependencies": [
            "aws_ecr_repository.BackRepo",
            "aws_iam_role.LambdaRole",
            "data.aws_ecr_authorization_token.token",
            "docker_image.BackImage",
            "docker_registry_image.BackPush"
          ]
        }
      ]
    },
    {
      "mode": "managed",
      "type": "aws_lambda_function_url",
      "name": "BackLambdaUrl",
      "provider": "provider[\"registry.terraform.io/hashicorp/aws\"]",
      "instances": [
        {
          "schema_version": 0,
          "attributes": {
            "authorization_type": "NONE",
            "cors": [],
            "function_arn": "arn:aws:lambda:eu-central-1:711348555690:function:back-lambda",
            "function_name": "back-lambda",
            "function_url": "https://k64e66rzv3cm3ypsbt43bi7ypq0nzhpv.lambda-url.eu-central-1.on.aws/",
            "id": "back-lambda",
            "invoke_mode": "BUFFERED",
            "qualifier": "",
            "timeouts": null,
            "url_id": "k64e66rzv3cm3ypsbt43bi7ypq0nzhpv"
          },
          "sensitive_attributes": [],
          "private": "eyJlMmJmYjczMC1lY2FhLTExZTYtOGY4OC0zNDM2M2JjN2M0YzAiOnsiY3JlYXRlIjo2MDAwMDAwMDAwMDB9fQ==",
          "dependencies": [
            "aws_ecr_repository.BackRepo",
            "aws_iam_role.LambdaRole",
            "aws_lambda_function.BackLambda",
            "data.aws_ecr_authorization_token.token",
            "docker_image.BackImage",
            "docker_registry_image.BackPush"
          ]
        }
      ]
    },
    {
      "mode": "managed",
      "type": "docker_image",
      "name": "BackImage",
      "provider": "provider[\"registry.terraform.io/kreuzwerker/docker\"]",
      "instances": [
        {
          "schema_version": 0,
          "attributes": {
            "build": [
              {
                "auth_config": [],
                "build_arg": null,
                "build_args": null,
                "build_id": "",
                "cache_from": [],
                "cgroup_parent": "",
                "context": "/home/user/github/cdktf-project/src/back",
                "cpu_period": null,
                "cpu_quota": null,
                "cpu_set_cpus": "",
                "cpu_set_mems": "",
                "cpu_shares": null,
                "dockerfile": "Dockerfile",
                "extra_hosts": [],
                "force_remove": null,
                "isolation": "",
                "label": null,
                "labels": null,
                "memory": null,
                "memory_swap": null,
                "network_mode": "",
                "no_cache": null,
                "platform": "linux/amd64",
                "pull_parent": null,
                "remote_context": "",
                "remove": true,
                "security_opt": [],
                "session_id": "",
                "shm_size": null,
                "squash": null,
                "suppress_output": null,
                "tag": [],
                "target": "",
                "ulimit": [],
                "version": ""
              }
            ],
            "force_remove": null,
            "id": "sha256:5cbbded332bce64cf6345fe9f12507daf5769f34aaf1701837b556b07ee5ce4d711348555690.dkr.ecr.eu-central-1.amazonaws.com/back-repo:latest",
            "image_id": "sha256:5cbbded332bce64cf6345fe9f12507daf5769f34aaf1701837b556b07ee5ce4d",
            "keep_locally": null,
            "name": "711348555690.dkr.ecr.eu-central-1.amazonaws.com/back-repo:latest",
            "platform": null,
            "pull_triggers": null,
            "repo_digest": "",
            "triggers": {
              "filesha256": "1254bf07a59ad0772e00d5b67b68c2f343a099e781b2667d9cce1660aa55b992"
            }
          },
          "sensitive_attributes": [],
          "private": "bnVsbA==",
          "dependencies": [
            "aws_ecr_repository.BackRepo",
            "data.aws_ecr_authorization_token.token"
          ]
        }
      ]
    },
    {
      "mode": "managed",
      "type": "docker_image",
      "name": "FrontImage",
      "provider": "provider[\"registry.terraform.io/kreuzwerker/docker\"]",
      "instances": [
        {
          "schema_version": 0,
          "attributes": {
            "build": [
              {
                "auth_config": [],
                "build_arg": null,
                "build_args": null,
                "build_id": "",
                "cache_from": [],
                "cgroup_parent": "",
                "context": "/home/user/github/cdktf-project/src/front",
                "cpu_period": null,
                "cpu_quota": null,
                "cpu_set_cpus": "",
                "cpu_set_mems": "",
                "cpu_shares": null,
                "dockerfile": "Dockerfile",
                "extra_hosts": [],
                "force_remove": null,
                "isolation": "",
                "label": null,
                "labels": null,
                "memory": null,
                "memory_swap": null,
                "network_mode": "",
                "no_cache": null,
                "platform": "linux/amd64",
                "pull_parent": null,
                "remote_context": "",
                "remove": true,
                "security_opt": [],
                "session_id": "",
                "shm_size": null,
                "squash": null,
                "suppress_output": null,
                "tag": [],
                "target": "",
                "ulimit": [],
                "version": ""
              }
            ],
            "force_remove": null,
            "id": "sha256:c78d471df96f5bf0d4538c961fbbf07e1f790f0d2c2dc8feae2d573d7c44e883711348555690.dkr.ecr.eu-central-1.amazonaws.com/front-repo:latest",
            "image_id": "sha256:c78d471df96f5bf0d4538c961fbbf07e1f790f0d2c2dc8feae2d573d7c44e883",
            "keep_locally": null,
            "name": "711348555690.dkr.ecr.eu-central-1.amazonaws.com/front-repo:latest",
            "platform": null,
            "pull_triggers": null,
            "repo_digest": "",
            "triggers": {
              "filesha256": "9dd6df6a8aad0c5be2d0ff5d66c31f6c68abffb59be1e1152729b8af7f349738"
            }
          },
          "sensitive_attributes": [],
          "private": "bnVsbA==",
          "dependencies": [
            "aws_ecr_repository.FrontRepo",
            "data.aws_ecr_authorization_token.token"
          ]
        }
      ]
    },
    {
      "mode": "managed",
      "type": "docker_registry_image",
      "name": "BackPush",
      "provider": "provider[\"registry.terraform.io/kreuzwerker/docker\"]",
      "instances": [
        {
          "schema_version": 0,
          "attributes": {
            "id": "sha256:c2b0421a808f06534e4d4276a510b707fda711db46faefc6488786d811144427",
            "insecure_skip_verify": false,
            "keep_remotely": false,
            "name": "711348555690.dkr.ecr.eu-central-1.amazonaws.com/back-repo:latest",
            "sha256_digest": "sha256:c2b0421a808f06534e4d4276a510b707fda711db46faefc6488786d811144427",
            "triggers": {
              "filesha256": "1254bf07a59ad0772e00d5b67b68c2f343a099e781b2667d9cce1660aa55b992"
            }
          },
          "sensitive_attributes": [],
          "private": "bnVsbA==",
          "dependencies": [
            "aws_ecr_repository.BackRepo",
            "data.aws_ecr_authorization_token.token",
            "docker_image.BackImage"
          ]
        }
      ]
    },
    {
      "mode": "managed",
      "type": "docker_registry_image",
      "name": "FrontPush",
      "provider": "provider[\"registry.terraform.io/kreuzwerker/docker\"]",
      "instances": [
        {
          "schema_version": 0,
          "attributes": {
            "id": "sha256:b30c3a220dee33d6bd87ded8c742b08dd68a7f738791ad589dc6f45c71dfd428",
            "insecure_skip_verify": false,
            "keep_remotely": false,
            "name": "711348555690.dkr.ecr.eu-central-1.amazonaws.com/front-repo:latest",
            "sha256_digest": "sha256:b30c3a220dee33d6bd87ded8c742b08dd68a7f738791ad589dc6f45c71dfd428",
            "triggers": {
              "filesha256": "9dd6df6a8aad0c5be2d0ff5d66c31f6c68abffb59be1e1152729b8af7f349738"
            }
          },
          "sensitive_attributes": [],
          "private": "bnVsbA==",
          "dependencies": [
            "aws_ecr_repository.FrontRepo",
            "data.aws_ecr_authorization_token.token",
            "docker_image.FrontImage"
          ]
        }
      ]
    }
  ],
  "check_results": null
}
