{
  "version": 4,
  "terraform_version": "1.7.0",
  "serial": 294,
  "lineage": "a595879c-8348-d326-a097-97e4ec7507b9",
  "outputs": {},
  "resources": [
    {
      "mode": "data",
      "type": "aws_ecr_authorization_token",
      "name": "token",
      "provider": "provider[\"registry.terraform.io/hashicorp/aws\"]",
      "instances": [
        {
          "schema_version": 0,
          "attributes": {
            "authorization_token": "QVdTOmV5SndZWGxzYjJGa0lqb2lOa3BDVjI1TlJUZGpiMmhUZDNNMlVISTBNbE5SWlRNcmRHcHdXWFZqZEVwc0wwUkJVRVJ0ZVVwNGVGWmhZVVJxU0VsTlpqTkZVelpWWWpselVEVXlNM3B6UXpRdmIyeEtZVkJUTTJOSFJuSm5RaXN3VmxnM1JFNXdUblptYkZoM1JGUTBXSGN3VWsxWk5HNTZVbXhtU0ZnelFsaFNhWFoyTW5jMmRIZzJURUU1S3pGdE9HOTFiMUZDUW1oS1YzbHRaR3hEWldwNmIyaHBTWHBWYTJWR1RqSmlkbVZVU0VkMVZVc3piM1JVVDNoUlFqUk1iVEJuVW1sTlFqUlNkR294U2xGVFVEWnpaRGh2YzNkUFRub3ZPVW9yZUU1U1NtdGxSVzFpZVhsR09WY3JXRWsxUXpaU1NIcHlhMU53Y0hseWVtdHRZMkYwT0VFNU4xVlljRzk2YVU0MFJuZ3dhM0ZMV0dWbFVtOUJVbFZzTVdobGVYaHpjR2N4Y1hablIwcHFVbkJ5YUc4ck4xWXdRUzlPY2xaWk5VWlhORkZqUmtkRVRFbzJWa0phVkM4emQxRTNjMFpMWTNkb0swRlJSa05rYlhSa1RWZzJTbFZyYm5wbE5VOVdaemxUUkM5RE1GSnhhMW8yTlhkM2FXZ3ZSMjU2TDJOak5qbFBXVUZFV1hoVWEyMVFjRmgyZUNzd1lUWlhhWE5IVDBSM1VHa3JVbFpaVG5OTVVEbDNOazVUTjNGMVIxbDNhblZIUlVSeGIyaFhWV3B5Vkc1dlZsSmpPSFJOTWpoV1JrMVBZWG93VjFoeVIxZDRhRTQxTUVkbk4yMHJXVFprUlhSQ1N6QTRNMWQ2Y2xJemExRmtkbFZXYlRGTVJ6SXJaSFZ0WW5acVJXTnJVM296UTFWd2NWcERNVUo0TlRCV1NHb3lVRlpZS3pCTlpUZGlMMDlKVTBFMmFFUTRiWGRoTDBwUVNGcFJSM2hxZEZaU2RFVXJORGs0UWl0aVJqbGlOMFZDTUdOS2VXeHZSRGRLWVdkeFdIUlZjRWRpU0daNlMza3lNbTFDZDJkMk9ISlpSMVUyZFU1TE5FUlpkRTFVU25CeVNWTTNOazF6WkVwTU1XSXdVbmg2YVN0NFoyOU5PSFpMY1dGQmRGQlRabGh0Ukc1Nk9VOXZTMlptVTJKVmJVVllUV1J2ZWpSdFdrRnpka2syVjNONlFrbFZiVWNyVDBzMWFUTllTa2d4ZFVacUsxRTRXRmRJTldoTVdGUlNUM05MUzNVNVpYcDNUekJWZDA5VGVrRnNVRzgwTW1oNWIyaEZXSGxRZDNkM01VRnNZa05aYVUwMVNFUm1Wa2hhTTB0WFJtZDBabnBrU0dSdE5HWk9URUl2Tld0S2JtcGFZV1pWVjBrMWVEVXphRlJySzNKc01uTmpZVUlyTlVaME5rSXJVR2hFVFdWRU9UY3JUbEpCUmtrdlNtOVRSVWR2TkZocmFqTmlTWEpSTjBkTlZXRTFZVnBSVDNWdk1HZ3haV1pFU1c0NGVFSjFWME5CYVdsdWIwSjZPR1ZtZFdWdGJubEhiMUJQYnpoTFJUQnhLMlZzT0Vkc2JURlNVa3c0U3pCVk1FdE1lR1JMZFVkTE9UaHVjRWRtVFZBdmNsbFpSMlZxUkdOV1ZWVkhRVlpuTnpCS1kwUktXWEZOWVV0U1RHbDZMMGRyYW1JMGMwMWxaRlpYUXpCb05YTjJlRXc0VW1weFIwVm9RMFZCWmtWdFVuSk9Xbk5uUnpOcVZGZzNka0Z0VVVSRFIxSnRlR2xsUTI5YWRVcENVSHB0YlRaU1RGbEZSUzlPTDFKTVZsbDZRMVZ1TkRKNFpXWjRNbnBVUVhkT1NtRkxkWGxwUkZGWWVqRlNhRE14TjNoWlJUVlNVRmRoT1hGVVExVk5SVFV5S3psT2NsbE1ZMk5GYWl0WU0zSkRZMVFyTUUxdlRHWldTVk5PVDBSWGRFNURlRnBSYkM5UFFXaGliRFlyUzBSU1UyazFWelE1ZEd0QksweEZLMVpDV1V3aUxDSmtZWFJoYTJWNUlqb2lRVkZGUWtGSWFETjZXVTlrZEhCQ1FsTldkeTlaTW1GdU9FSllTVVEwYTNkTVVXWnViMVJxTlhwM1duUkhTbHB2V2xGQlFVRklOSGRtUVZsS1MyOWFTV2gyWTA1QlVXTkhiMGM0ZDJKUlNVSkJSRUp2UW1kcmNXaHJhVWM1ZHpCQ1FuZEZkMGhuV1VwWlNWcEpRVmRWUkVKQlJYVk5Ra1ZGUkVsSVpXMDBPRTkxTVV4dlkyTlBjV0ZuU1VKRlNVRTNOV1JFYTBSWWNHNU1hVzVZYVdFeFVqQkNiMmRYY1hKRlVUazRSa2huTkc5RFNsQkxORWhHVkZsR1MyTlpWM2RUV25OUmNXWTNkWGg2YW5OTk5sWlBiamQwVWpsNU5sTlllV2RsUWpFeVp6MGlMQ0oyWlhKemFXOXVJam9pTWlJc0luUjVjR1VpT2lKRVFWUkJYMHRGV1NJc0ltVjRjR2x5WVhScGIyNGlPakUzTURZeU1qRXhNelo5",
            "expires_at": "2024-01-25T22:18:56Z",
            "id": "eu-central-1",
            "password": "eyJwYXlsb2FkIjoiNkpCV25NRTdjb2hTd3M2UHI0MlNRZTMrdGpwWXVjdEpsL0RBUERteUp4eFZhYURqSElNZjNFUzZVYjlzUDUyM3pzQzQvb2xKYVBTM2NHRnJnQiswVlg3RE5wTnZmbFh3RFQ0WHcwUk1ZNG56UmxmSFgzQlhSaXZ2Mnc2dHg2TEE5KzFtOG91b1FCQmhKV3ltZGxDZWp6b2hpSXpVa2VGTjJidmVUSEd1VUszb3RUT3hRQjRMbTBnUmlNQjRSdGoxSlFTUDZzZDhvc3dPTnovOUoreE5SSmtlRW1ieXlGOVcrWEk1QzZSSHpya1NwcHlyemttY2F0OEE5N1VYcG96aU40Rngwa3FLWGVlUm9BUlVsMWhleXhzcGcxcXZnR0pqUnByaG8rN1YwQS9OclZZNUZXNFFjRkdETEo2VkJaVC8zd1E3c0ZLY3doK0FRRkNkbXRkTVg2SlVrbnplNU9WZzlTRC9DMFJxa1o2NXd3aWgvR256L2NjNjlPWUFEWXhUa21QcFh2eCswYTZXaXNHT0R3UGkrUlZZTnNMUDl3Nk5TN3F1R1l3anVHRURxb2hXVWpyVG5vVlJjOHRNMjhWRk1PYXowV1hyR1d4aE41MEdnN20rWTZkRXRCSzA4M1d6clIza1FkdlVWbTFMRzIrZHVtYnZqRWNrU3ozQ1VwcVpDMUJ4NTBWSGoyUFZYKzBNZTdiL09JU0E2aEQ4bXdhL0pQSFpRR3hqdFZSdEUrNDk4QitiRjliN0VCMGNKeWxvRDdKYWdxWHRVcEdiSGZ6S3kyMm1Cd2d2OHJZR1U2dU5LNERZdE1USnBySVM3Nk1zZEpMMWIwUnh6aSt4Z29NOHZLcWFBdFBTZlhtRG56OU9vS2ZmU2JVbUVYTWRvejRtWkFzdkk2V3N6QklVbUcrT0s1aTNYSkgxdUZqK1E4WFdINWhMWFRST3NLS3U5ZXp3TzBVd09TekFsUG80Mmh5b2hFWHlQd3d3MUFsYkNZaU01SERmVkhaM0tXRmd0ZnpkSGRtNGZOTEIvNWtKbmpaYWZVV0k1eDUzaFRrK3JsMnNjYUIrNUZ0NkIrUGhETWVEOTcrTlJBRkkvSm9TRUdvNFhrajNiSXJRN0dNVWE1YVpRT3VvMGgxZWZESW44eEJ1V0NBaWlub0J6OGVmdWVtbnlHb1BPbzhLRTBxK2VsOEdsbTFSUkw4SzBVMEtMeGRLdUdLOThucEdmTVAvcllZR2VqRGNWVVVHQVZnNzBKY0RKWXFNYUtSTGl6L0dramI0c01lZFZXQzBoNXN2eEw4UmpxR0VoQ0VBZkVtUnJOWnNnRzNqVFg3dkFtUURDR1JteGllQ29adUpCUHptbTZSTFlFRS9OL1JMVll6Q1VuNDJ4ZWZ4MnpUQXdOSmFLdXlpRFFYejFSaDMxN3hZRTVSUFdhOXFUQ1VNRTUyKzlOcllMY2NFaitYM3JDY1QrME1vTGZWSVNOT0RXdE5DeFpRbC9PQWhibDYrS0RSU2k1VzQ5dGtBK0xFK1ZCWUwiLCJkYXRha2V5IjoiQVFFQkFIaDN6WU9kdHBCQlNWdy9ZMmFuOEJYSUQ0a3dMUWZub1RqNXp3WnRHSlpvWlFBQUFINHdmQVlKS29aSWh2Y05BUWNHb0c4d2JRSUJBREJvQmdrcWhraUc5dzBCQndFd0hnWUpZSVpJQVdVREJBRXVNQkVFRElIZW00OE91MUxvY2NPcWFnSUJFSUE3NWREa0RYcG5MaW5YaWExUjBCb2dXcXJFUTk4RkhnNG9DSlBLNEhGVFlGS2NZV3dTWnNRcWY3dXh6anNNNlZPbjd0Ujl5NlNYeWdlQjEyZz0iLCJ2ZXJzaW9uIjoiMiIsInR5cGUiOiJEQVRBX0tFWSIsImV4cGlyYXRpb24iOjE3MDYyMjExMzZ9",
            "proxy_endpoint": "https://711348555690.dkr.ecr.eu-central-1.amazonaws.com",
            "registry_id": null,
            "user_name": "AWS"
          },
          "sensitive_attributes": []
        }
      ]
    },
    {
      "mode": "managed",
      "type": "aws_ecr_repository",
      "name": "BackRepo",
      "provider": "provider[\"registry.terraform.io/hashicorp/aws\"]",
      "instances": [
        {
          "schema_version": 0,
          "attributes": {
            "arn": "arn:aws:ecr:eu-central-1:711348555690:repository/back-repo",
            "encryption_configuration": [
              {
                "encryption_type": "AES256",
                "kms_key": ""
              }
            ],
            "force_delete": null,
            "id": "back-repo",
            "image_scanning_configuration": [
              {
                "scan_on_push": false
              }
            ],
            "image_tag_mutability": "MUTABLE",
            "name": "back-repo",
            "registry_id": "711348555690",
            "repository_url": "711348555690.dkr.ecr.eu-central-1.amazonaws.com/back-repo",
            "tags": {},
            "tags_all": {},
            "timeouts": null
          },
          "sensitive_attributes": [],
          "private": "eyJlMmJmYjczMC1lY2FhLTExZTYtOGY4OC0zNDM2M2JjN2M0YzAiOnsiZGVsZXRlIjoxMjAwMDAwMDAwMDAwfX0="
        }
      ]
    },
    {
      "mode": "managed",
      "type": "aws_ecr_repository",
      "name": "FrontRepo",
      "provider": "provider[\"registry.terraform.io/hashicorp/aws\"]",
      "instances": [
        {
          "schema_version": 0,
          "attributes": {
            "arn": "arn:aws:ecr:eu-central-1:711348555690:repository/front-repo",
            "encryption_configuration": [
              {
                "encryption_type": "AES256",
                "kms_key": ""
              }
            ],
            "force_delete": null,
            "id": "front-repo",
            "image_scanning_configuration": [
              {
                "scan_on_push": false
              }
            ],
            "image_tag_mutability": "MUTABLE",
            "name": "front-repo",
            "registry_id": "711348555690",
            "repository_url": "711348555690.dkr.ecr.eu-central-1.amazonaws.com/front-repo",
            "tags": {},
            "tags_all": {},
            "timeouts": null
          },
          "sensitive_attributes": [],
          "private": "eyJlMmJmYjczMC1lY2FhLTExZTYtOGY4OC0zNDM2M2JjN2M0YzAiOnsiZGVsZXRlIjoxMjAwMDAwMDAwMDAwfX0="
        }
      ]
    },
    {
      "mode": "managed",
      "type": "aws_iam_role",
      "name": "LambdaRole",
      "provider": "provider[\"registry.terraform.io/hashicorp/aws\"]",
      "instances": [
        {
          "schema_version": 0,
          "attributes": {
            "arn": "arn:aws:iam::711348555690:role/lambda-role",
            "assume_role_policy": "{\"Statement\":[{\"Action\":\"sts:AssumeRole\",\"Effect\":\"Allow\",\"Principal\":{\"Service\":\"lambda.amazonaws.com\"}}],\"Version\":\"2012-10-17\"}",
            "create_date": "2024-01-24T09:19:00Z",
            "description": "",
            "force_detach_policies": false,
            "id": "lambda-role",
            "inline_policy": [],
            "managed_policy_arns": [
              "arn:aws:iam::aws:policy/service-role/AWSLambdaBasicExecutionRole"
            ],
            "max_session_duration": 3600,
            "name": "lambda-role",
            "name_prefix": "",
            "path": "/",
            "permissions_boundary": "",
            "tags": {},
            "tags_all": {},
            "unique_id": "AROA2LH5NR6VHPN5QYHTG"
          },
          "sensitive_attributes": [],
          "private": "bnVsbA=="
        }
      ]
    },
    {
      "mode": "managed",
      "type": "aws_iam_role_policy_attachment",
      "name": "LambdaExecPolicyAttachment",
      "provider": "provider[\"registry.terraform.io/hashicorp/aws\"]",
      "instances": [
        {
          "schema_version": 0,
          "attributes": {
            "id": "lambda-role-20240124091902102000000001",
            "policy_arn": "arn:aws:iam::aws:policy/service-role/AWSLambdaBasicExecutionRole",
            "role": "lambda-role"
          },
          "sensitive_attributes": [],
          "private": "bnVsbA==",
          "dependencies": [
            "aws_iam_role.LambdaRole"
          ]
        }
      ]
    },
    {
      "mode": "managed",
      "type": "aws_lambda_function",
      "name": "BackLambda",
      "provider": "provider[\"registry.terraform.io/hashicorp/aws\"]",
      "instances": [
        {
          "schema_version": 0,
          "attributes": {
            "architectures": [
              "arm64"
            ],
            "arn": "arn:aws:lambda:eu-central-1:711348555690:function:back-lambda",
            "code_signing_config_arn": "",
            "dead_letter_config": [],
            "description": "",
            "environment": [],
            "ephemeral_storage": [
              {
                "size": 512
              }
            ],
            "file_system_config": [],
            "filename": null,
            "function_name": "back-lambda",
            "handler": "",
            "id": "back-lambda",
            "image_config": [],
            "image_uri": "711348555690.dkr.ecr.eu-central-1.amazonaws.com/back-repo:latest",
            "invoke_arn": "arn:aws:apigateway:eu-central-1:lambda:path/2015-03-31/functions/arn:aws:lambda:eu-central-1:711348555690:function:back-lambda/invocations",
            "kms_key_arn": "",
            "last_modified": "2024-01-25T10:19:04.000+0000",
            "layers": [],
            "logging_config": [
              {
                "application_log_level": "INFO",
                "log_format": "JSON",
                "log_group": "/aws/lambda/back-lambda",
                "system_log_level": "INFO"
              }
            ],
            "memory_size": 1792,
            "package_type": "Image",
            "publish": false,
            "qualified_arn": "arn:aws:lambda:eu-central-1:711348555690:function:back-lambda:$LATEST",
            "qualified_invoke_arn": "arn:aws:apigateway:eu-central-1:lambda:path/2015-03-31/functions/arn:aws:lambda:eu-central-1:711348555690:function:back-lambda:$LATEST/invocations",
            "replace_security_groups_on_destroy": null,
            "replacement_security_group_ids": null,
            "reserved_concurrent_executions": -1,
            "role": "arn:aws:iam::711348555690:role/lambda-role",
            "runtime": "",
            "s3_bucket": null,
            "s3_key": null,
            "s3_object_version": null,
            "signing_job_arn": "",
            "signing_profile_version_arn": "",
            "skip_destroy": false,
            "snap_start": [],
            "source_code_hash": "7b6ed67fe5d0dc2c9205141463c8ccb59d63235abea8fd2698742e2412773e59",
            "source_code_size": 0,
            "tags": {},
            "tags_all": {},
            "timeout": 5,
            "timeouts": null,
            "tracing_config": [
              {
                "mode": "PassThrough"
              }
            ],
            "version": "$LATEST",
            "vpc_config": []
          },
          "sensitive_attributes": [],
          "private": "eyJlMmJmYjczMC1lY2FhLTExZTYtOGY4OC0zNDM2M2JjN2M0YzAiOnsiY3JlYXRlIjo2MDAwMDAwMDAwMDAsImRlbGV0ZSI6NjAwMDAwMDAwMDAwLCJ1cGRhdGUiOjYwMDAwMDAwMDAwMH19",
          "dependencies": [
            "aws_ecr_repository.BackRepo",
            "aws_iam_role.LambdaRole",
            "data.aws_ecr_authorization_token.token",
            "docker_image.BackImage"
          ]
        }
      ]
    },
    {
      "mode": "managed",
      "type": "aws_lambda_function_url",
      "name": "BackLambdaUrl",
      "provider": "provider[\"registry.terraform.io/hashicorp/aws\"]",
      "instances": [
        {
          "schema_version": 0,
          "attributes": {
            "authorization_type": "NONE",
            "cors": [],
            "function_arn": "arn:aws:lambda:eu-central-1:711348555690:function:back-lambda",
            "function_name": "back-lambda",
            "function_url": "https://bxhne6uumeuxjabn5oo4bpp4ty0jkcfg.lambda-url.eu-central-1.on.aws/",
            "id": "back-lambda",
            "invoke_mode": "BUFFERED",
            "qualifier": "",
            "timeouts": null,
            "url_id": "bxhne6uumeuxjabn5oo4bpp4ty0jkcfg"
          },
          "sensitive_attributes": [],
          "private": "eyJlMmJmYjczMC1lY2FhLTExZTYtOGY4OC0zNDM2M2JjN2M0YzAiOnsiY3JlYXRlIjo2MDAwMDAwMDAwMDB9fQ==",
          "dependencies": [
            "aws_ecr_repository.BackRepo",
            "aws_iam_role.LambdaRole",
            "aws_lambda_function.BackLambda",
            "data.aws_ecr_authorization_token.token",
            "docker_image.BackImage"
          ]
        }
      ]
    },
    {
      "mode": "managed",
      "type": "docker_image",
      "name": "BackImage",
      "provider": "provider[\"registry.terraform.io/kreuzwerker/docker\"]",
      "instances": [
        {
          "schema_version": 0,
          "attributes": {
            "build": [
              {
                "auth_config": [],
                "build_arg": {},
                "build_args": {},
                "build_id": "",
                "cache_from": [],
                "cgroup_parent": "",
                "context": "/home/user/github/cdktf-project/src/back",
                "cpu_period": 0,
                "cpu_quota": 0,
                "cpu_set_cpus": "",
                "cpu_set_mems": "",
                "cpu_shares": 0,
                "dockerfile": "Dockerfile",
                "extra_hosts": [],
                "force_remove": false,
                "isolation": "",
                "label": {},
                "labels": {},
                "memory": 0,
                "memory_swap": 0,
                "network_mode": "",
                "no_cache": false,
                "platform": "linux/x86_64",
                "pull_parent": false,
                "remote_context": "",
                "remove": true,
                "security_opt": [],
                "session_id": "",
                "shm_size": 0,
                "squash": false,
                "suppress_output": false,
                "tag": [],
                "target": "",
                "ulimit": [],
                "version": ""
              }
            ],
            "force_remove": null,
            "id": "sha256:8c7bd2d2cef381aee337df481af4c97d574e68f27156dcc576b087246ff88594711348555690.dkr.ecr.eu-central-1.amazonaws.com/back-repo:latest",
            "image_id": "sha256:8c7bd2d2cef381aee337df481af4c97d574e68f27156dcc576b087246ff88594",
            "keep_locally": null,
            "name": "711348555690.dkr.ecr.eu-central-1.amazonaws.com/back-repo:latest",
            "platform": null,
            "pull_triggers": null,
            "repo_digest": "",
            "triggers": {
              "filesha256": "6a2c928da2e8506242a952b70b55d566893af06e0ca7c9d31b3cc83d0acb30cb"
            }
          },
          "sensitive_attributes": [],
          "private": "bnVsbA==",
          "dependencies": [
            "aws_ecr_repository.BackRepo",
            "data.aws_ecr_authorization_token.token"
          ]
        }
      ]
    },
    {
      "mode": "managed",
      "type": "docker_image",
      "name": "FrontImage",
      "provider": "provider[\"registry.terraform.io/kreuzwerker/docker\"]",
      "instances": [
        {
          "schema_version": 0,
          "attributes": {
            "build": [
              {
                "auth_config": [],
                "build_arg": {},
                "build_args": {},
                "build_id": "",
                "cache_from": [],
                "cgroup_parent": "",
                "context": "/home/user/github/cdktf-project/src/front",
                "cpu_period": 0,
                "cpu_quota": 0,
                "cpu_set_cpus": "",
                "cpu_set_mems": "",
                "cpu_shares": 0,
                "dockerfile": "Dockerfile",
                "extra_hosts": [],
                "force_remove": false,
                "isolation": "",
                "label": {},
                "labels": {},
                "memory": 0,
                "memory_swap": 0,
                "network_mode": "",
                "no_cache": false,
                "platform": "linux/x86_64",
                "pull_parent": false,
                "remote_context": "",
                "remove": true,
                "security_opt": [],
                "session_id": "",
                "shm_size": 0,
                "squash": false,
                "suppress_output": false,
                "tag": [],
                "target": "",
                "ulimit": [],
                "version": ""
              }
            ],
            "force_remove": null,
            "id": "sha256:c78d471df96f5bf0d4538c961fbbf07e1f790f0d2c2dc8feae2d573d7c44e883711348555690.dkr.ecr.eu-central-1.amazonaws.com/front-repo:latest",
            "image_id": "sha256:c78d471df96f5bf0d4538c961fbbf07e1f790f0d2c2dc8feae2d573d7c44e883",
            "keep_locally": null,
            "name": "711348555690.dkr.ecr.eu-central-1.amazonaws.com/front-repo:latest",
            "platform": null,
            "pull_triggers": null,
            "repo_digest": "",
            "triggers": {
              "filesha256": "9dd6df6a8aad0c5be2d0ff5d66c31f6c68abffb59be1e1152729b8af7f349738"
            }
          },
          "sensitive_attributes": [],
          "private": "bnVsbA==",
          "dependencies": [
            "aws_ecr_repository.FrontRepo",
            "data.aws_ecr_authorization_token.token"
          ]
        }
      ]
    },
    {
      "mode": "managed",
      "type": "docker_registry_image",
      "name": "BackPush",
      "provider": "provider[\"registry.terraform.io/kreuzwerker/docker\"]",
      "instances": [
        {
          "schema_version": 0,
          "attributes": {
            "id": "sha256:7b6ed67fe5d0dc2c9205141463c8ccb59d63235abea8fd2698742e2412773e59",
            "insecure_skip_verify": false,
            "keep_remotely": false,
            "name": "711348555690.dkr.ecr.eu-central-1.amazonaws.com/back-repo:latest",
            "sha256_digest": "sha256:7b6ed67fe5d0dc2c9205141463c8ccb59d63235abea8fd2698742e2412773e59",
            "triggers": {
              "filesha256": "6a2c928da2e8506242a952b70b55d566893af06e0ca7c9d31b3cc83d0acb30cb"
            }
          },
          "sensitive_attributes": [],
          "private": "bnVsbA==",
          "dependencies": [
            "aws_ecr_repository.BackRepo",
            "data.aws_ecr_authorization_token.token",
            "docker_image.BackImage"
          ]
        }
      ]
    },
    {
      "mode": "managed",
      "type": "docker_registry_image",
      "name": "FrontPush",
      "provider": "provider[\"registry.terraform.io/kreuzwerker/docker\"]",
      "instances": [
        {
          "schema_version": 0,
          "attributes": {
            "id": "sha256:b30c3a220dee33d6bd87ded8c742b08dd68a7f738791ad589dc6f45c71dfd428",
            "insecure_skip_verify": false,
            "keep_remotely": false,
            "name": "711348555690.dkr.ecr.eu-central-1.amazonaws.com/front-repo:latest",
            "sha256_digest": "sha256:b30c3a220dee33d6bd87ded8c742b08dd68a7f738791ad589dc6f45c71dfd428",
            "triggers": {
              "filesha256": "9dd6df6a8aad0c5be2d0ff5d66c31f6c68abffb59be1e1152729b8af7f349738"
            }
          },
          "sensitive_attributes": [],
          "private": "bnVsbA==",
          "dependencies": [
            "aws_ecr_repository.FrontRepo",
            "data.aws_ecr_authorization_token.token",
            "docker_image.FrontImage"
          ]
        }
      ]
    }
  ],
  "check_results": null
}
