{
  "version": 4,
  "terraform_version": "1.7.0",
  "serial": 87,
  "lineage": "a595879c-8348-d326-a097-97e4ec7507b9",
  "outputs": {},
  "resources": [
    {
      "mode": "data",
      "type": "aws_ecr_authorization_token",
      "name": "token",
      "provider": "provider[\"registry.terraform.io/hashicorp/aws\"]",
      "instances": [
        {
          "schema_version": 0,
          "attributes": {
            "authorization_token": "QVdTOmV5SndZWGxzYjJGa0lqb2lRa3BVVVRCa1RGaE1NMEpUZWtkWE4xUlJlblpSUlV3clpFazBNMHR0TlRFNGVrMXBWV0UwU2xSc2NrdHFkaTlDY3k5UVUyaHNhWFZ5YjJkUGF6UkJZa2xUV0doQ2RXOUtTVWt5TURBd2MwbDFkRGRYZDJ0bVVUQm9NazVyVkRVNWFqaG1kMmM1U21OemFuWktUblp5UzJkeU1uUnpVa2wwZEd0NVZubExVMHREWkdWbVNWZDRUR2NyTUZSaFVIZDZTMkZXWm5KVU9VRkxTRzQ1WlhWS2VXRmFPVFJPTVV4QlJIWmFkMFpLYjJaSVVFMXRhRmx2VEhoRWIzRkhZVXRxYmk5RldrSXdWVkV5ZW05WWNIVkdXRkYwUVVKTFpVUldUVTF4ZEU5c2EyVXdha2gxTkZWdFUwbzNSRzlaYm1zNVIwMXNTMDVCZUZkWGMyWnVTRWhyU1VKaUswdEViME4zYnpOTWNTdFpjMnhqYzJWNFZ6TTRXWGd3VGxwR1JrUlhTakJvUm1STVNWQlRVM05pUXpVeU5XZzJOV3hKVVU0d2NEUnVTbFV5ZFd3dldqVk5jRzFTWjBoaGNGQm5XRGx3UTBZdmJYUmpXRk5EYjFScVRrZExXVWx1TkZneFJUbDNjbUowWkdOSE5FVmtkRGgzZVVVemRsQkxSamM1TUhwSFVEYzJWRGhaU0RsSlZFTjFjMmwwVDFKSVJFNURWRmxYTTFSdkx6STFSekZyVG5KalkwWkhhakJPUmxFM1FuTk9VVFp6UWtoTWRVSXJhRlZsT1hsSFN6WjBZak5FVFd4dllUWmpWamxFV1VzelEySXJUMUZqWTI1T04ycG9hWGRpYUhjMmNHa3pUMWhyYUVGaFJUQmtXbXh5ZDFCMmJERmpSazVQYkhWeU5UWlFVWE50UlU0cmFUZGtSVVF6U0d4U2MyeEtlRGcxWVdkWlFYQk9TR0o1TVRsUVMzQXdkMFF4SzBwV1F6aHdlUzk1VjBVd1VtUjJPV0V3Y210bmF6TTBLMUYwVlVaamJrWlFjVzVLUjI1SFJ6VmxlREp2YVRWWk5XbFBjR2d5V0c5SkswRlBiM1I0TUM5c2FYYzBMM2QwT0dOTFJVdHNka05ITjA5bU5VOUlXRTEzVWtzeE5GVXdiVVkwU1ZGQ1MwRXdWVVV6VkZkMGNVMW1iM0kxV1hJNU5rRjFOamxFY1RadmFGUXdPV3R5V21waU9FUXJhVkJyYVVJelMzZDBORlp0VVRkVVJVVkNiWFl4Vm5welpFUkxhekZpVERWelJuVXlZVEZsVGtaTVVHcFBNVGgxZDFrcldYbEtjalJ4UVRGblRVMU9LMmxqYWsweWVUUXpla3RzWmpOTmJ6WjBUMWROUm05MU5WQmxMMUprUldSUmNXSm9ka3hpVjFWdlYzTnFTMnR4YW01NE0wWnFha2R3TDFObFFXSllPVEk1TkRWdk0wWlFlV296YVVKVGJURk5kbnA0VERVMk9ITTJXazl6WVdaaWJuZHdSV0pyS3l0TmRIWnpXRXBNU25waE1VVlJjekpyWmxoWloyWTVkaTh2VG5keVVVcE1WRkpaUjBNM01tcHJSWGg0YTNNclJqZDFXRnBUV1hGMmRuVXlPVEJKTTFoaE9HaDFNa3N4ZVUxalUzZGlia2xVVG1WMGVFd3JWRmR5ZERWbGVXdEhWWE5SU2psVk5VMDJkMnBXVkU1bFJ6aFZha1JMZWpaUGRuTmllWFZ2ZGpONmRVbFJTRUpoUXpOVFN6TkNSSGd3UldFMUswWnBZak5zTlV4eWIzSnNlV0pyV0RsRlNuUkxZa1ZpZVdwUWFXTlhlall2U0VodU9ISlBUbFZEWldFd09XMXBOVEI2ZGs4d1dETkpTSEJ5TVdZM09XUkxZVWhsTWxGVFRWRm1OV1Y2ZWpNemNFWTBiWFZPWVM5MlUwbzRhVGxhVlV3clpDOHhUbGxCWm5Jek0waHVkRE16VjJ0RGJ6VjRaVWRLV0Zsb1lYWjRNekY1V1VwUU4wcDNXRkJ2YlhraUxDSmtZWFJoYTJWNUlqb2lRVkZGUWtGSWFETjZXVTlrZEhCQ1FsTldkeTlaTW1GdU9FSllTVVEwYTNkTVVXWnViMVJxTlhwM1duUkhTbHB2V2xGQlFVRklOSGRtUVZsS1MyOWFTV2gyWTA1QlVXTkhiMGM0ZDJKUlNVSkJSRUp2UW1kcmNXaHJhVWM1ZHpCQ1FuZEZkMGhuV1VwWlNWcEpRVmRWUkVKQlJYVk5Ra1ZGUkU4NFNtVnFNbWd3ZEVkaU1rRm5PSHBSU1VKRlNVRTNTVXh0WmpVclVXdFRjWEpCVHpOaEsyNUlaVlZZZG5FclYzaFJLekkyTm5CVWNYWlFRME5uYzFwRFJHZFNjamx1YUZOWVMzSjVjRFJaTWxWb0wyMXNMMjF6VHpsNFlXeExZelYzUzI5SE9EMGlMQ0oyWlhKemFXOXVJam9pTWlJc0luUjVjR1VpT2lKRVFWUkJYMHRGV1NJc0ltVjRjR2x5WVhScGIyNGlPakUzTURZeE1qa3pPVEo5",
            "expires_at": "2024-01-24T20:49:52Z",
            "id": "eu-central-1",
            "password": "eyJwYXlsb2FkIjoiQkpUUTBkTFhMM0JTekdXN1RRenZRRUwrZEk0M0ttNTE4ek1pVWE0SlRscktqdi9Ccy9QU2hsaXVyb2dPazRBYklTWGhCdW9KSUkyMDAwc0l1dDdXd2tmUTBoMk5rVDU5ajhmd2c5SmNzanZKTnZyS2dyMnRzUkl0dGt5VnlLU0tDZGVmSVd4TGcrMFRhUHd6S2FWZnJUOUFLSG45ZXVKeWFaOTROMUxBRHZad0ZKb2ZIUE1taFlvTHhEb3FHYUtqbi9FWkIwVVEyem9YcHVGWFF0QUJLZURWTU1xdE9sa2Uwakh1NFVtU0o3RG9Zbms5R01sS05BeFdXc2ZuSEhrSUJiK0tEb0N3bzNMcStZc2xjc2V4VzM4WXgwTlpGRkRXSjBoRmRMSVBTU3NiQzUyNWg2NWxJUU4wcDRuSlUydWwvWjVNcG1SZ0hhcFBnWDlwQ0YvbXRjWFNDb1RqTkdLWUluNFgxRTl3cmJ0ZGNHNEVkdDh3eUUzdlBLRjc5MHpHUDc2VDhZSDlJVEN1c2l0T1JIRE5DVFlXM1RvLzI1RzFrTnJjY0ZHajBORlE3QnNOUTZzQkhMdUIraFVlOXlHSzZ0YjNETWxvYTZjVjlEWUszQ2IrT1FjY25ON2poaXdiaHc2cGkzT1hraEFhRTBkWmxyd1B2bDFjRk5PbHVyNTZQUXNtRU4raTdkRUQzSGxSc2xKeDg1YWdZQXBOSGJ5MTlQS3Awd0QxK0pWQzhweS95V0UwUmR2OWEwcmtnazM0K1F0VUZjbkZQcW5KR25HRzVleDJvaTVZNWlPcGgyWG9JK0FPb3R4MC9saXc0L3d0OGNLRUtsdkNHN09mNU9IWE13UksxNFUwbUY0SVFCS0EwVUUzVFd0cU1mb3I1WXI5NkF1NjlEcTZvaFQwOWtyWmpiOEQraVBraUIzS3d0NFZtUTdURUVCbXYxVnpzZERLazFiTDVzRnUyYTFlTkZMUGpPMTh1d1krWXlKcjRxQTFnTU1OK2ljak0yeTQzektsZjNNbzZ0T1dNRm91NVBlL1JkRWRRcWJodkxiV1VvV3NqS2txam54M0ZqakdwL1NlQWJYOTI5NDVvM0ZQeWozaUJTbTFNdnp4TDU2OHM2Wk9zYWZibndwRWJrKytNdHZzWEpMSnphMUVRczJrZlhZZ2Y5di8vTndyUUpMVFJZR0M3MmprRXh4a3MrRjd1WFpTWXF2dnUyOTBJM1hhOGh1MksxeU1jU3dibklUTmV0eEwrVFdydDVleWtHVXNRSjlVNU02d2pWVE5lRzhVakRLejZPdnNieXVvdjN6dUlRSEJhQzNTSzNCRHgwRWE1K0ZpYjNsNUxyb3JseWJrWDlFSnRLYkVieWpQaWNXejYvSEhuOHJPTlVDZWEwOW1pNTB6dk8wWDNJSHByMWY3OWRLYUhlMlFTTVFmNWV6ejMzcEY0bXVOYS92U0o4aTlaVUwrZC8xTllBZnIzM0hudDMzV2tDbzV4ZUdKWFloYXZ4MzF5WUpQN0p3WFBvbXkiLCJkYXRha2V5IjoiQVFFQkFIaDN6WU9kdHBCQlNWdy9ZMmFuOEJYSUQ0a3dMUWZub1RqNXp3WnRHSlpvWlFBQUFINHdmQVlKS29aSWh2Y05BUWNHb0c4d2JRSUJBREJvQmdrcWhraUc5dzBCQndFd0hnWUpZSVpJQVdVREJBRXVNQkVFRE84SmVqMmgwdEdiMkFnOHpRSUJFSUE3SUxtZjUrUWtTcXJBTzNhK25IZVVYdnErV3hRKzI2NnBUcXZQQ0Nnc1pDRGdScjluaFNYS3J5cDRZMlVoL21sL21zTzl4YWxLYzV3S29HOD0iLCJ2ZXJzaW9uIjoiMiIsInR5cGUiOiJEQVRBX0tFWSIsImV4cGlyYXRpb24iOjE3MDYxMjkzOTJ9",
            "proxy_endpoint": "https://711348555690.dkr.ecr.eu-central-1.amazonaws.com",
            "registry_id": null,
            "user_name": "AWS"
          },
          "sensitive_attributes": []
        }
      ]
    },
    {
      "mode": "managed",
      "type": "aws_ecr_repository",
      "name": "BackRepo",
      "provider": "provider[\"registry.terraform.io/hashicorp/aws\"]",
      "instances": [
        {
          "schema_version": 0,
          "attributes": {
            "arn": "arn:aws:ecr:eu-central-1:711348555690:repository/back-repo",
            "encryption_configuration": [
              {
                "encryption_type": "AES256",
                "kms_key": ""
              }
            ],
            "force_delete": null,
            "id": "back-repo",
            "image_scanning_configuration": [
              {
                "scan_on_push": false
              }
            ],
            "image_tag_mutability": "MUTABLE",
            "name": "back-repo",
            "registry_id": "711348555690",
            "repository_url": "711348555690.dkr.ecr.eu-central-1.amazonaws.com/back-repo",
            "tags": {},
            "tags_all": {},
            "timeouts": null
          },
          "sensitive_attributes": [],
          "private": "eyJlMmJmYjczMC1lY2FhLTExZTYtOGY4OC0zNDM2M2JjN2M0YzAiOnsiZGVsZXRlIjoxMjAwMDAwMDAwMDAwfX0="
        }
      ]
    },
    {
      "mode": "managed",
      "type": "aws_ecr_repository",
      "name": "FrontRepo",
      "provider": "provider[\"registry.terraform.io/hashicorp/aws\"]",
      "instances": [
        {
          "schema_version": 0,
          "attributes": {
            "arn": "arn:aws:ecr:eu-central-1:711348555690:repository/front-repo",
            "encryption_configuration": [
              {
                "encryption_type": "AES256",
                "kms_key": ""
              }
            ],
            "force_delete": null,
            "id": "front-repo",
            "image_scanning_configuration": [
              {
                "scan_on_push": false
              }
            ],
            "image_tag_mutability": "MUTABLE",
            "name": "front-repo",
            "registry_id": "711348555690",
            "repository_url": "711348555690.dkr.ecr.eu-central-1.amazonaws.com/front-repo",
            "tags": {},
            "tags_all": {},
            "timeouts": null
          },
          "sensitive_attributes": [],
          "private": "eyJlMmJmYjczMC1lY2FhLTExZTYtOGY4OC0zNDM2M2JjN2M0YzAiOnsiZGVsZXRlIjoxMjAwMDAwMDAwMDAwfX0="
        }
      ]
    },
    {
      "mode": "managed",
      "type": "aws_iam_role",
      "name": "LambdaExecutionRole",
      "provider": "provider[\"registry.terraform.io/hashicorp/aws\"]",
      "instances": [
        {
          "schema_version": 0,
          "attributes": {
            "arn": "arn:aws:iam::711348555690:role/terraform-20240124084429740600000001",
            "assume_role_policy": "{\"Statement\":[{\"Action\":\"sts:AssumeRole\",\"Effect\":\"Allow\",\"Principal\":{\"Service\":\"lambda.amazonaws.com\"}}],\"Version\":\"2012-10-17\"}",
            "create_date": "2024-01-24T08:44:29Z",
            "description": "",
            "force_detach_policies": false,
            "id": "terraform-20240124084429740600000001",
            "inline_policy": [],
            "managed_policy_arns": [],
            "max_session_duration": 3600,
            "name": "terraform-20240124084429740600000001",
            "name_prefix": "terraform-",
            "path": "/",
            "permissions_boundary": "",
            "tags": {},
            "tags_all": {},
            "unique_id": "AROA2LH5NR6VAB5CD4SSN"
          },
          "sensitive_attributes": [],
          "private": "bnVsbA=="
        }
      ]
    },
    {
      "mode": "managed",
      "type": "aws_lambda_function",
      "name": "BackLambdaFunction",
      "provider": "provider[\"registry.terraform.io/hashicorp/aws\"]",
      "instances": [
        {
          "schema_version": 0,
          "attributes": {
            "architectures": [
              "x86_64"
            ],
            "arn": "arn:aws:lambda:eu-central-1:711348555690:function:BackLambda",
            "code_signing_config_arn": "",
            "dead_letter_config": [],
            "description": "",
            "environment": [],
            "ephemeral_storage": [
              {
                "size": 512
              }
            ],
            "file_system_config": [],
            "filename": null,
            "function_name": "BackLambda",
            "handler": "",
            "id": "BackLambda",
            "image_config": [],
            "image_uri": "711348555690.dkr.ecr.eu-central-1.amazonaws.com/back-repo:latest",
            "invoke_arn": "arn:aws:apigateway:eu-central-1:lambda:path/2015-03-31/functions/arn:aws:lambda:eu-central-1:711348555690:function:BackLambda/invocations",
            "kms_key_arn": "",
            "last_modified": "2024-01-24T08:47:06.851+0000",
            "layers": [],
            "logging_config": [
              {
                "application_log_level": "",
                "log_format": "Text",
                "log_group": "/aws/lambda/BackLambda",
                "system_log_level": ""
              }
            ],
            "memory_size": 128,
            "package_type": "Image",
            "publish": false,
            "qualified_arn": "arn:aws:lambda:eu-central-1:711348555690:function:BackLambda:$LATEST",
            "qualified_invoke_arn": "arn:aws:apigateway:eu-central-1:lambda:path/2015-03-31/functions/arn:aws:lambda:eu-central-1:711348555690:function:BackLambda:$LATEST/invocations",
            "replace_security_groups_on_destroy": null,
            "replacement_security_group_ids": null,
            "reserved_concurrent_executions": -1,
            "role": "arn:aws:iam::711348555690:role/terraform-20240124084429740600000001",
            "runtime": "",
            "s3_bucket": null,
            "s3_key": null,
            "s3_object_version": null,
            "signing_job_arn": "",
            "signing_profile_version_arn": "",
            "skip_destroy": false,
            "snap_start": [],
            "source_code_hash": "f25f0bdc6c7a8384ed41a937fe83ae0acad48764319bec4771ef61a3f8ab4841",
            "source_code_size": 0,
            "tags": {},
            "tags_all": {},
            "timeout": 3,
            "timeouts": null,
            "tracing_config": [
              {
                "mode": "PassThrough"
              }
            ],
            "version": "$LATEST",
            "vpc_config": []
          },
          "sensitive_attributes": [],
          "private": "eyJlMmJmYjczMC1lY2FhLTExZTYtOGY4OC0zNDM2M2JjN2M0YzAiOnsiY3JlYXRlIjo2MDAwMDAwMDAwMDAsImRlbGV0ZSI6NjAwMDAwMDAwMDAwLCJ1cGRhdGUiOjYwMDAwMDAwMDAwMH19",
          "dependencies": [
            "aws_ecr_repository.BackRepo",
            "aws_iam_role.LambdaExecutionRole",
            "data.aws_ecr_authorization_token.token",
            "docker_image.BackImage"
          ]
        }
      ]
    },
    {
      "mode": "managed",
      "type": "docker_image",
      "name": "BackImage",
      "provider": "provider[\"registry.terraform.io/kreuzwerker/docker\"]",
      "instances": [
        {
          "schema_version": 0,
          "attributes": {
            "build": [
              {
                "auth_config": [],
                "build_arg": null,
                "build_args": null,
                "build_id": "",
                "cache_from": [],
                "cgroup_parent": "",
                "context": "/home/user/github/cdktf-project/src/back",
                "cpu_period": null,
                "cpu_quota": null,
                "cpu_set_cpus": "",
                "cpu_set_mems": "",
                "cpu_shares": null,
                "dockerfile": "Dockerfile",
                "extra_hosts": [],
                "force_remove": null,
                "isolation": "",
                "label": null,
                "labels": null,
                "memory": null,
                "memory_swap": null,
                "network_mode": "",
                "no_cache": null,
                "platform": "",
                "pull_parent": null,
                "remote_context": "",
                "remove": true,
                "security_opt": [],
                "session_id": "",
                "shm_size": null,
                "squash": null,
                "suppress_output": null,
                "tag": [],
                "target": "",
                "ulimit": [],
                "version": ""
              }
            ],
            "force_remove": null,
            "id": "sha256:d9e54ff0c0935a2beec791e31962ed9a7ef7d9ad19056ee150e6390386e27188711348555690.dkr.ecr.eu-central-1.amazonaws.com/back-repo:latest",
            "image_id": "sha256:d9e54ff0c0935a2beec791e31962ed9a7ef7d9ad19056ee150e6390386e27188",
            "keep_locally": null,
            "name": "711348555690.dkr.ecr.eu-central-1.amazonaws.com/back-repo:latest",
            "platform": "linux/arm64",
            "pull_triggers": null,
            "repo_digest": "",
            "triggers": null
          },
          "sensitive_attributes": [],
          "private": "bnVsbA==",
          "dependencies": [
            "aws_ecr_repository.BackRepo",
            "data.aws_ecr_authorization_token.token"
          ]
        }
      ]
    },
    {
      "mode": "managed",
      "type": "docker_image",
      "name": "FrontImage",
      "provider": "provider[\"registry.terraform.io/kreuzwerker/docker\"]",
      "instances": [
        {
          "schema_version": 0,
          "attributes": {
            "build": [
              {
                "auth_config": [],
                "build_arg": {},
                "build_args": {},
                "build_id": "",
                "cache_from": [],
                "cgroup_parent": "",
                "context": "/home/user/github/cdktf-project/src/front",
                "cpu_period": 0,
                "cpu_quota": 0,
                "cpu_set_cpus": "",
                "cpu_set_mems": "",
                "cpu_shares": 0,
                "dockerfile": "Dockerfile",
                "extra_hosts": [],
                "force_remove": false,
                "isolation": "",
                "label": {},
                "labels": {},
                "memory": 0,
                "memory_swap": 0,
                "network_mode": "",
                "no_cache": false,
                "platform": "",
                "pull_parent": false,
                "remote_context": "",
                "remove": true,
                "security_opt": [],
                "session_id": "",
                "shm_size": 0,
                "squash": false,
                "suppress_output": false,
                "tag": [],
                "target": "",
                "ulimit": [],
                "version": ""
              }
            ],
            "force_remove": null,
            "id": "sha256:c78d471df96f5bf0d4538c961fbbf07e1f790f0d2c2dc8feae2d573d7c44e883711348555690.dkr.ecr.eu-central-1.amazonaws.com/front-repo",
            "image_id": "sha256:c78d471df96f5bf0d4538c961fbbf07e1f790f0d2c2dc8feae2d573d7c44e883",
            "keep_locally": null,
            "name": "711348555690.dkr.ecr.eu-central-1.amazonaws.com/front-repo",
            "platform": "linux/arm64",
            "pull_triggers": null,
            "repo_digest": "711348555690.dkr.ecr.eu-central-1.amazonaws.com/front-repo@sha256:b30c3a220dee33d6bd87ded8c742b08dd68a7f738791ad589dc6f45c71dfd428",
            "triggers": null
          },
          "sensitive_attributes": [],
          "private": "bnVsbA==",
          "dependencies": [
            "aws_ecr_repository.FrontRepo",
            "data.aws_ecr_authorization_token.token"
          ]
        }
      ]
    },
    {
      "mode": "managed",
      "type": "docker_registry_image",
      "name": "BackUpload",
      "provider": "provider[\"registry.terraform.io/kreuzwerker/docker\"]",
      "instances": [
        {
          "schema_version": 0,
          "attributes": {
            "id": "sha256:f25f0bdc6c7a8384ed41a937fe83ae0acad48764319bec4771ef61a3f8ab4841",
            "insecure_skip_verify": false,
            "keep_remotely": false,
            "name": "711348555690.dkr.ecr.eu-central-1.amazonaws.com/back-repo:latest",
            "sha256_digest": "sha256:f25f0bdc6c7a8384ed41a937fe83ae0acad48764319bec4771ef61a3f8ab4841",
            "triggers": null
          },
          "sensitive_attributes": [],
          "private": "bnVsbA==",
          "dependencies": [
            "aws_ecr_repository.BackRepo",
            "data.aws_ecr_authorization_token.token",
            "docker_image.BackImage"
          ]
        }
      ]
    },
    {
      "mode": "managed",
      "type": "docker_registry_image",
      "name": "FrontUpload",
      "provider": "provider[\"registry.terraform.io/kreuzwerker/docker\"]",
      "instances": [
        {
          "schema_version": 0,
          "attributes": {
            "id": "sha256:b30c3a220dee33d6bd87ded8c742b08dd68a7f738791ad589dc6f45c71dfd428",
            "insecure_skip_verify": false,
            "keep_remotely": false,
            "name": "711348555690.dkr.ecr.eu-central-1.amazonaws.com/front-repo",
            "sha256_digest": "sha256:b30c3a220dee33d6bd87ded8c742b08dd68a7f738791ad589dc6f45c71dfd428",
            "triggers": null
          },
          "sensitive_attributes": [],
          "private": "bnVsbA==",
          "dependencies": [
            "aws_ecr_repository.FrontRepo",
            "data.aws_ecr_authorization_token.token",
            "docker_image.FrontImage"
          ]
        }
      ]
    }
  ],
  "check_results": null
}
