{
  "version": 4,
  "terraform_version": "1.7.0",
  "serial": 228,
  "lineage": "a595879c-8348-d326-a097-97e4ec7507b9",
  "outputs": {},
  "resources": [
    {
      "mode": "data",
      "type": "aws_ecr_authorization_token",
      "name": "token",
      "provider": "provider[\"registry.terraform.io/hashicorp/aws\"]",
      "instances": [
        {
          "schema_version": 0,
          "attributes": {
            "authorization_token": "QVdTOmV5SndZWGxzYjJGa0lqb2lSa2hwTUdwdk5tMTBlVzFVZEdObGJsUjNNR2hsUWtWRWVqYzBaMk5SYm1SSFRGRXJaVlpHUmxST00wbFdSa2x1ZVVKRFRIcHNhMjFvU0RNMlp6VXhXa0Y2VnpaTGJVaHhZa2g1YzNORlJUQnpjMjhyTlROQmFuQmFNelJLZWxCcVpWUnlVREZVZGs5SlNVTk9ZM0I0TlhVeGFsVnNSelZxUTBSNkwxcFhTRXhYWVhoak5rWk1UbFp5VVd4S1pEaHlSVTkwUTAxT2EwNUxNVEl6U1ZKT2EyMVpXV0pWTDA5ek1tMUhNekpCUzFOUFJUQjZjM1JsV0ZORk1IWnRiVkphV0UxclJHWlZNbTVZZWtSWVJ6RlZWSE40WVhsNVEyaGFNbFpDVkc4eVpESkdZa1pTVURnMlltcHpSMGhIVTB0cFQzZFVkRzU0VUVjeVZURmpRWFZuV25SSU1FMTJhMGhtTjAwMGJ6QnNhVkZSU2xkSGEyNVhaRVZVUmxGNU5FRjFhSFpVWVU5R00yNUdORThyWkdSUk5GVnRURmd3UTJsWWFXZFpUbFp5TUZJMVpsUnZPVGMyYWxOQ1oweGhOekk1ZEVsb1lsSlRaMUJYWWl0MFRqVmFTWEpWTWpKTFozbG1jMk5MZGtOSFdUQnFNRXRSYzNoa1UwY3pNVWxuVDBKR1NFeGFkemxSWVhkR04wSkZRV2RTTjBwU1ZFTkJaek0zY25OeE9FaGpPRFEwVTJaU2FHVjNSM1JUZUhGUVdGQmtPR1pDYnl0Q1dEQnZka2xsY2pGWFJtSlNWR1kxUlc1WGVUTnFVaTl1TTA1bVVrZHRUWFV3VmtKNlQzYzJjVXRTWTNOSVZHUklVRk5YTkRGRFJteHVNazVLWVdWRGJ6UTRVRXRtVjNKblRFczRaQzh4UlhscmRYZE1ha1phWW5NeGFtdFBWV1p2Tm01TlRIYzBlamhOYkdSSk1USmpPVEZOZFVWMU1ITkxXbEpuTTAwMk5GSnRUMFUyVWtGWVN6RlJPRUZvTkdKTFduZFVVSFJ2WkdkNlEweHZjbVV5UmxZeU1saERVMjVUTnl0NE1sQmhNbVZ4Y3pJd05ITjZRakFyYW1GT2NURTJaMVJvZFd0dU1VSjZaSE41Y25kbmRHNHpSMVJRZEN0aVVGcHNSWG95WWpCbFNubEJkMmxEYnpWdmRsRlpkbGRJWjNveGNIaEhTMHBQUzJsdlIxQlpNMFJQTURkUVRVaHBWVTkzTkdkbmQwMUJabGhSVVZCd2RuWllUSEppZERnMk5uYzNUVXRYUm1kdlJFTktWaXRWWTBRd2JrVjBVblZTVDFFMVJWZFFSbWt2U0ZaaGVHY3JiRlZUUmsxUGNUZzBkblJFUWtaelFVeGFUR3RVZGpoeVZ6TXdTRVU1Ym5ScFowWkNjMk5SWW05ck0zWktlV054YlVKUmRYTlRWMnBTUmxaMmRFSkxUVWx6ZW5aeU4zQm1LM2RRV1dReGVVVXhNMUpUY1hkMWJsY3pPR2xQZFZWNlVFZHlSWEJ0ZFZOV2EzcE5VMVZ0VUhGbWR6YzJUM1pYTTBoNGRXOTFOMkZXU2tGYVRGVnZjblZGZHpGU056Z3JWMnh6TVdnNFF6Vm9jVzk2UTBrM1ZYYzBOVFE0ZGxwaFJXZDFXV2h1YjNoSFZFbzJTbGR4WVRsd1FuaDRXbTUxV1dka01qUldPVTUwVDIxNllVVTVlR05UVlVweVQyOUNXWGxxVWs1dU9XbExPVmQyTWpaVWN6SnVOelEzY2tNdldWRkhaRVFyUlV0RU1VUkJjM2x1UVVNeU9WUnFVRUpUYzJGUGRtUlZSbVUyVVU0MlkycHNOMWhYVFZSalNYVXJjRGt2ZUdVek1GaDBOekIxYVV0VFRDOXljRTlKYkZkWFJsVkRaREpGVVRkVU1qZGxUMFZqY3pkc2RYb3pTVWhrYjFCaFVUZEpaa3RIVXpaM09FczFRMHBrUkhONVFtaHZhemxTV0hvM09XTXJOR0Y2WlRWbmVHWlpSR0pCVm5VaUxDSmtZWFJoYTJWNUlqb2lRVkZGUWtGSWFETjZXVTlrZEhCQ1FsTldkeTlaTW1GdU9FSllTVVEwYTNkTVVXWnViMVJxTlhwM1duUkhTbHB2V2xGQlFVRklOSGRtUVZsS1MyOWFTV2gyWTA1QlVXTkhiMGM0ZDJKUlNVSkJSRUp2UW1kcmNXaHJhVWM1ZHpCQ1FuZEZkMGhuV1VwWlNWcEpRVmRWUkVKQlJYVk5Ra1ZGUkVWbGIzbGpWRFU1ZW1wVGIzTjZNRVJuU1VKRlNVRTNPRGxCVURsbGEyMVRkakJSU2tSWE1FMXdibUl6TDJwWlFYaERlbkpKVjBGNWMwSTNhRkpsTUd0YVFtTkVia3h0UlRNeVpWWmxMMEZZSzFSaGNtUXpORTl6ZW1sT1dsUXdPVmxYTDJkNGJ6MGlMQ0oyWlhKemFXOXVJam9pTWlJc0luUjVjR1VpT2lKRVFWUkJYMHRGV1NJc0ltVjRjR2x5WVhScGIyNGlPakUzTURZeE9EQXdNalI5",
            "expires_at": "2024-01-25T10:53:44Z",
            "id": "eu-central-1",
            "password": "eyJwYXlsb2FkIjoiRkhpMGpvNm10eW1UdGNlblR3MGhlQkVEejc0Z2NRbmRHTFErZVZGRlROM0lWRklueUJDTHpsa21oSDM2ZzUxWkF6VzZLbUhxYkh5c3NFRTBzc28rNTNBanBaMzRKelBqZVRyUDFUdk9JSUNOY3B4NXUxalVsRzVqQ0R6L1pXSExXYXhjNkZMTlZyUWxKZDhyRU90Q01Oa05LMTIzSVJOa21ZWWJVL09zMm1HMzJBS1NPRTB6c3RlWFNFMHZtbVJaWE1rRGZVMm5YekRYRzFVVHN4YXl5Q2haMlZCVG8yZDJGYkZSUDg2YmpzR0hHU0tpT3dUdG54UEcyVTFjQXVnWnRIME12a0hmN000bzBsaVFRSldHa25XZEVURlF5NEF1aHZUYU9GM25GNE8rZGRRNFVtTFgwQ2lYaWdZTlZyMFI1ZlRvOTc2alNCZ0xhNzI5dEloYlJTZ1BXYit0TjVaSXJVMjJLZ3lmc2NLdkNHWTBqMEtRc3hkU0czMUlnT0JGSExadzlRYXdGN0JFQWdSN0pSVENBZzM3cnNxOEhjODQ0U2ZSaGV3R3RTeHFQWFBkOGZCbytCWDBvdkllcjFXRmJSVGY1RW5XeTNqUi9uM05mUkdtTXUwVkJ6T3c2cUtSY3NIVGRIUFNXNDFDRmxuMk5KYWVDbzQ4UEtmV3JnTEs4ZC8xRXlrdXdMakZaYnMxamtPVWZvNm5NTHc0ejhNbGRJMTJjOTFNdUV1MHNLWlJnM002NFJtT0U2UkFYSzFROEFoNGJLWndUUHRvZGd6Q0xvcmUyRlYyMlhDU25TNyt4MlBhMmVxczIwNHN6QjAramFOcTE2Z1RodWtuMUJ6ZHN5cndndG4zR1RQdCtiUFpsRXoyYjBlSnlBd2lDbzVvdlFZdldIZ3oxcHhHS0pPS2lvR1BZM0RPMDdQTUhpVU93NGdnd01BZlhRUVBwdnZYTHJidDg2Nnc3TUtXRmdvRENKVitVY0QwbkV0UnVST1E1RVdQRmkvSFZheGcrbFVTRk1PcTg0dnREQkZzQUxaTGtUdjhyVzMwSEU5bnRpZ0ZCc2NRYm9rM3ZKeWNxbUJRdXNTV2pSRlZ2dEJLTUlzenZyN3BmK3dQWWQxeUUxM1JTcXd1blczOGlPdVV6UEdyRXBtdVNWa3pNU1VtUHFmdzc2T3ZXM0h4dW91N2FWSkFaTFVvcnVFdzFSNzgrV2xzMWg4QzVocW96Q0k3VXc0NTQ4dlphRWd1WWhub3hHVEo2SldxYTlwQnh4Wm51WWdkMjRWOU50T216YUU5eGNTVUpyT29CWXlqUk5uOWlLOVd2MjZUczJuNzQ3ckMvWVFHZEQrRUtEMURBc3luQUMyOVRqUEJTc2FPdmRVRmU2UU42Y2psN1hXTVRjSXUrcDkveGUzMFh0NzB1aUtTTC9ycE9JbFdXRlVDZDJFUTdUMjdlT0VjczdsdXozSUhkb1BhUTdJZktHUzZ3OEs1Q0pkRHN5QmhvazlSWHo3OWMrNGF6ZTVneGZZRGJBVnUiLCJkYXRha2V5IjoiQVFFQkFIaDN6WU9kdHBCQlNWdy9ZMmFuOEJYSUQ0a3dMUWZub1RqNXp3WnRHSlpvWlFBQUFINHdmQVlKS29aSWh2Y05BUWNHb0c4d2JRSUJBREJvQmdrcWhraUc5dzBCQndFd0hnWUpZSVpJQVdVREJBRXVNQkVFREVlb3ljVDU5empTb3N6MERnSUJFSUE3ODlBUDlla21TdjBRSkRXME1wbmIzL2pZQXhDenJJV0F5c0I3aFJlMGtaQmNEbkxtRTMyZVZlL0FYK1RhcmQzNE9zemlOWlQwOVlXL2d4bz0iLCJ2ZXJzaW9uIjoiMiIsInR5cGUiOiJEQVRBX0tFWSIsImV4cGlyYXRpb24iOjE3MDYxODAwMjR9",
            "proxy_endpoint": "https://711348555690.dkr.ecr.eu-central-1.amazonaws.com",
            "registry_id": null,
            "user_name": "AWS"
          },
          "sensitive_attributes": []
        }
      ]
    },
    {
      "mode": "managed",
      "type": "aws_ecr_repository",
      "name": "BackRepo",
      "provider": "provider[\"registry.terraform.io/hashicorp/aws\"]",
      "instances": [
        {
          "schema_version": 0,
          "attributes": {
            "arn": "arn:aws:ecr:eu-central-1:711348555690:repository/back-repo",
            "encryption_configuration": [
              {
                "encryption_type": "AES256",
                "kms_key": ""
              }
            ],
            "force_delete": null,
            "id": "back-repo",
            "image_scanning_configuration": [
              {
                "scan_on_push": false
              }
            ],
            "image_tag_mutability": "MUTABLE",
            "name": "back-repo",
            "registry_id": "711348555690",
            "repository_url": "711348555690.dkr.ecr.eu-central-1.amazonaws.com/back-repo",
            "tags": {},
            "tags_all": {},
            "timeouts": null
          },
          "sensitive_attributes": [],
          "private": "eyJlMmJmYjczMC1lY2FhLTExZTYtOGY4OC0zNDM2M2JjN2M0YzAiOnsiZGVsZXRlIjoxMjAwMDAwMDAwMDAwfX0="
        }
      ]
    },
    {
      "mode": "managed",
      "type": "aws_ecr_repository",
      "name": "FrontRepo",
      "provider": "provider[\"registry.terraform.io/hashicorp/aws\"]",
      "instances": [
        {
          "schema_version": 0,
          "attributes": {
            "arn": "arn:aws:ecr:eu-central-1:711348555690:repository/front-repo",
            "encryption_configuration": [
              {
                "encryption_type": "AES256",
                "kms_key": ""
              }
            ],
            "force_delete": null,
            "id": "front-repo",
            "image_scanning_configuration": [
              {
                "scan_on_push": false
              }
            ],
            "image_tag_mutability": "MUTABLE",
            "name": "front-repo",
            "registry_id": "711348555690",
            "repository_url": "711348555690.dkr.ecr.eu-central-1.amazonaws.com/front-repo",
            "tags": {},
            "tags_all": {},
            "timeouts": null
          },
          "sensitive_attributes": [],
          "private": "eyJlMmJmYjczMC1lY2FhLTExZTYtOGY4OC0zNDM2M2JjN2M0YzAiOnsiZGVsZXRlIjoxMjAwMDAwMDAwMDAwfX0="
        }
      ]
    },
    {
      "mode": "managed",
      "type": "aws_iam_role",
      "name": "LambdaRole",
      "provider": "provider[\"registry.terraform.io/hashicorp/aws\"]",
      "instances": [
        {
          "schema_version": 0,
          "attributes": {
            "arn": "arn:aws:iam::711348555690:role/lambda-role",
            "assume_role_policy": "{\"Statement\":[{\"Action\":\"sts:AssumeRole\",\"Effect\":\"Allow\",\"Principal\":{\"Service\":\"lambda.amazonaws.com\"}}],\"Version\":\"2012-10-17\"}",
            "create_date": "2024-01-24T09:19:00Z",
            "description": "",
            "force_detach_policies": false,
            "id": "lambda-role",
            "inline_policy": [],
            "managed_policy_arns": [
              "arn:aws:iam::aws:policy/service-role/AWSLambdaBasicExecutionRole"
            ],
            "max_session_duration": 3600,
            "name": "lambda-role",
            "name_prefix": "",
            "path": "/",
            "permissions_boundary": "",
            "tags": {},
            "tags_all": {},
            "unique_id": "AROA2LH5NR6VHPN5QYHTG"
          },
          "sensitive_attributes": [],
          "private": "bnVsbA=="
        }
      ]
    },
    {
      "mode": "managed",
      "type": "aws_iam_role_policy_attachment",
      "name": "LambdaExecPolicyAttachment",
      "provider": "provider[\"registry.terraform.io/hashicorp/aws\"]",
      "instances": [
        {
          "schema_version": 0,
          "attributes": {
            "id": "lambda-role-20240124091902102000000001",
            "policy_arn": "arn:aws:iam::aws:policy/service-role/AWSLambdaBasicExecutionRole",
            "role": "lambda-role"
          },
          "sensitive_attributes": [],
          "private": "bnVsbA==",
          "dependencies": [
            "aws_iam_role.LambdaRole"
          ]
        }
      ]
    },
    {
      "mode": "managed",
      "type": "aws_lambda_function",
      "name": "BackLambda",
      "provider": "provider[\"registry.terraform.io/hashicorp/aws\"]",
      "instances": [
        {
          "schema_version": 0,
          "attributes": {
            "architectures": [
              "arm64"
            ],
            "arn": "arn:aws:lambda:eu-central-1:711348555690:function:back-lambda",
            "code_signing_config_arn": "",
            "dead_letter_config": [],
            "description": "",
            "environment": [],
            "ephemeral_storage": [
              {
                "size": 512
              }
            ],
            "file_system_config": [],
            "filename": null,
            "function_name": "back-lambda",
            "handler": "",
            "id": "back-lambda",
            "image_config": [],
            "image_uri": "711348555690.dkr.ecr.eu-central-1.amazonaws.com/back-repo:latest",
            "invoke_arn": "arn:aws:apigateway:eu-central-1:lambda:path/2015-03-31/functions/arn:aws:lambda:eu-central-1:711348555690:function:back-lambda/invocations",
            "kms_key_arn": "",
            "last_modified": "2024-01-24T22:53:47.000+0000",
            "layers": [],
            "logging_config": [
              {
                "application_log_level": "INFO",
                "log_format": "JSON",
                "log_group": "/aws/lambda/back-lambda",
                "system_log_level": "INFO"
              }
            ],
            "memory_size": 1792,
            "package_type": "Image",
            "publish": false,
            "qualified_arn": "arn:aws:lambda:eu-central-1:711348555690:function:back-lambda:$LATEST",
            "qualified_invoke_arn": "arn:aws:apigateway:eu-central-1:lambda:path/2015-03-31/functions/arn:aws:lambda:eu-central-1:711348555690:function:back-lambda:$LATEST/invocations",
            "replace_security_groups_on_destroy": null,
            "replacement_security_group_ids": null,
            "reserved_concurrent_executions": -1,
            "role": "arn:aws:iam::711348555690:role/lambda-role",
            "runtime": "",
            "s3_bucket": null,
            "s3_key": null,
            "s3_object_version": null,
            "signing_job_arn": "",
            "signing_profile_version_arn": "",
            "skip_destroy": false,
            "snap_start": [],
            "source_code_hash": "f25f0bdc6c7a8384ed41a937fe83ae0acad48764319bec4771ef61a3f8ab4841",
            "source_code_size": 0,
            "tags": {},
            "tags_all": {},
            "timeout": 5,
            "timeouts": null,
            "tracing_config": [
              {
                "mode": "PassThrough"
              }
            ],
            "version": "$LATEST",
            "vpc_config": []
          },
          "sensitive_attributes": [],
          "private": "eyJlMmJmYjczMC1lY2FhLTExZTYtOGY4OC0zNDM2M2JjN2M0YzAiOnsiY3JlYXRlIjo2MDAwMDAwMDAwMDAsImRlbGV0ZSI6NjAwMDAwMDAwMDAwLCJ1cGRhdGUiOjYwMDAwMDAwMDAwMH19",
          "dependencies": [
            "aws_ecr_repository.BackRepo",
            "aws_iam_role.LambdaRole",
            "data.aws_ecr_authorization_token.token",
            "docker_image.BackImage"
          ]
        }
      ]
    },
    {
      "mode": "managed",
      "type": "aws_lambda_function_url",
      "name": "BackLambdaUrl",
      "provider": "provider[\"registry.terraform.io/hashicorp/aws\"]",
      "instances": [
        {
          "schema_version": 0,
          "attributes": {
            "authorization_type": "NONE",
            "cors": [],
            "function_arn": "arn:aws:lambda:eu-central-1:711348555690:function:back-lambda",
            "function_name": "back-lambda",
            "function_url": "https://bxhne6uumeuxjabn5oo4bpp4ty0jkcfg.lambda-url.eu-central-1.on.aws/",
            "id": "back-lambda",
            "invoke_mode": "BUFFERED",
            "qualifier": "",
            "timeouts": null,
            "url_id": "bxhne6uumeuxjabn5oo4bpp4ty0jkcfg"
          },
          "sensitive_attributes": [],
          "private": "eyJlMmJmYjczMC1lY2FhLTExZTYtOGY4OC0zNDM2M2JjN2M0YzAiOnsiY3JlYXRlIjo2MDAwMDAwMDAwMDB9fQ==",
          "dependencies": [
            "aws_ecr_repository.BackRepo",
            "aws_iam_role.LambdaRole",
            "aws_lambda_function.BackLambda",
            "data.aws_ecr_authorization_token.token",
            "docker_image.BackImage"
          ]
        }
      ]
    },
    {
      "mode": "managed",
      "type": "docker_image",
      "name": "BackImage",
      "provider": "provider[\"registry.terraform.io/kreuzwerker/docker\"]",
      "instances": [
        {
          "schema_version": 0,
          "attributes": {
            "build": [
              {
                "auth_config": [],
                "build_arg": null,
                "build_args": null,
                "build_id": "",
                "cache_from": [],
                "cgroup_parent": "",
                "context": "/home/user/github/cdktf-project/src/back",
                "cpu_period": null,
                "cpu_quota": null,
                "cpu_set_cpus": "",
                "cpu_set_mems": "",
                "cpu_shares": null,
                "dockerfile": "Dockerfile",
                "extra_hosts": [],
                "force_remove": null,
                "isolation": "",
                "label": null,
                "labels": null,
                "memory": null,
                "memory_swap": null,
                "network_mode": "",
                "no_cache": null,
                "platform": "",
                "pull_parent": null,
                "remote_context": "",
                "remove": true,
                "security_opt": [],
                "session_id": "",
                "shm_size": null,
                "squash": null,
                "suppress_output": null,
                "tag": [],
                "target": "",
                "ulimit": [],
                "version": ""
              }
            ],
            "force_remove": null,
            "id": "sha256:f4454a76373371e73ca8a43f3badd4aa97e38270b03d6fac595cc65b066a0692711348555690.dkr.ecr.eu-central-1.amazonaws.com/back-repo:latest",
            "image_id": "sha256:f4454a76373371e73ca8a43f3badd4aa97e38270b03d6fac595cc65b066a0692",
            "keep_locally": null,
            "name": "711348555690.dkr.ecr.eu-central-1.amazonaws.com/back-repo:latest",
            "platform": "linux/arm64",
            "pull_triggers": null,
            "repo_digest": "",
            "triggers": {
              "filesha256": "63cfb57fa42d534b1b5e854fcbe3b5524054918d15719508dd85b6c9cebbd197"
            }
          },
          "sensitive_attributes": [],
          "private": "bnVsbA==",
          "dependencies": [
            "aws_ecr_repository.BackRepo",
            "data.aws_ecr_authorization_token.token"
          ]
        }
      ]
    },
    {
      "mode": "managed",
      "type": "docker_image",
      "name": "FrontImage",
      "provider": "provider[\"registry.terraform.io/kreuzwerker/docker\"]",
      "instances": [
        {
          "schema_version": 0,
          "attributes": {
            "build": [
              {
                "auth_config": [],
                "build_arg": {},
                "build_args": {},
                "build_id": "",
                "cache_from": [],
                "cgroup_parent": "",
                "context": "/home/user/github/cdktf-project/src/front",
                "cpu_period": 0,
                "cpu_quota": 0,
                "cpu_set_cpus": "",
                "cpu_set_mems": "",
                "cpu_shares": 0,
                "dockerfile": "Dockerfile",
                "extra_hosts": [],
                "force_remove": false,
                "isolation": "",
                "label": {},
                "labels": {},
                "memory": 0,
                "memory_swap": 0,
                "network_mode": "",
                "no_cache": false,
                "platform": "",
                "pull_parent": false,
                "remote_context": "",
                "remove": true,
                "security_opt": [],
                "session_id": "",
                "shm_size": 0,
                "squash": false,
                "suppress_output": false,
                "tag": [],
                "target": "",
                "ulimit": [],
                "version": ""
              }
            ],
            "force_remove": null,
            "id": "sha256:c78d471df96f5bf0d4538c961fbbf07e1f790f0d2c2dc8feae2d573d7c44e883711348555690.dkr.ecr.eu-central-1.amazonaws.com/front-repo:latest",
            "image_id": "sha256:c78d471df96f5bf0d4538c961fbbf07e1f790f0d2c2dc8feae2d573d7c44e883",
            "keep_locally": null,
            "name": "711348555690.dkr.ecr.eu-central-1.amazonaws.com/front-repo:latest",
            "platform": "linux/arm64",
            "pull_triggers": null,
            "repo_digest": "711348555690.dkr.ecr.eu-central-1.amazonaws.com/front-repo@sha256:b30c3a220dee33d6bd87ded8c742b08dd68a7f738791ad589dc6f45c71dfd428",
            "triggers": {
              "filesha256": "9dd6df6a8aad0c5be2d0ff5d66c31f6c68abffb59be1e1152729b8af7f349738"
            }
          },
          "sensitive_attributes": [],
          "private": "bnVsbA==",
          "dependencies": [
            "aws_ecr_repository.FrontRepo",
            "data.aws_ecr_authorization_token.token"
          ]
        }
      ]
    },
    {
      "mode": "managed",
      "type": "docker_registry_image",
      "name": "BackPush",
      "provider": "provider[\"registry.terraform.io/kreuzwerker/docker\"]",
      "instances": [
        {
          "schema_version": 0,
          "attributes": {
            "id": "sha256:9cac309c85833bcef171daeb9ac551e6d50c5c278f3899f9c44f5a7896805b10",
            "insecure_skip_verify": false,
            "keep_remotely": false,
            "name": "711348555690.dkr.ecr.eu-central-1.amazonaws.com/back-repo:latest",
            "sha256_digest": "sha256:9cac309c85833bcef171daeb9ac551e6d50c5c278f3899f9c44f5a7896805b10",
            "triggers": {
              "filesha256": "63cfb57fa42d534b1b5e854fcbe3b5524054918d15719508dd85b6c9cebbd197"
            }
          },
          "sensitive_attributes": [],
          "private": "bnVsbA==",
          "dependencies": [
            "aws_ecr_repository.BackRepo",
            "data.aws_ecr_authorization_token.token",
            "docker_image.BackImage"
          ]
        }
      ]
    },
    {
      "mode": "managed",
      "type": "docker_registry_image",
      "name": "FrontPush",
      "provider": "provider[\"registry.terraform.io/kreuzwerker/docker\"]",
      "instances": [
        {
          "schema_version": 0,
          "attributes": {
            "id": "sha256:b30c3a220dee33d6bd87ded8c742b08dd68a7f738791ad589dc6f45c71dfd428",
            "insecure_skip_verify": false,
            "keep_remotely": false,
            "name": "711348555690.dkr.ecr.eu-central-1.amazonaws.com/front-repo:latest",
            "sha256_digest": "sha256:b30c3a220dee33d6bd87ded8c742b08dd68a7f738791ad589dc6f45c71dfd428",
            "triggers": {
              "filesha256": "9dd6df6a8aad0c5be2d0ff5d66c31f6c68abffb59be1e1152729b8af7f349738"
            }
          },
          "sensitive_attributes": [],
          "private": "bnVsbA==",
          "dependencies": [
            "aws_ecr_repository.FrontRepo",
            "data.aws_ecr_authorization_token.token",
            "docker_image.FrontImage"
          ]
        }
      ]
    }
  ],
  "check_results": null
}
