{
  "version": 4,
  "terraform_version": "1.7.1",
  "serial": 107,
  "lineage": "78ed6679-9bca-d6b7-3df7-da76cfedcb63",
  "outputs": {},
  "resources": [
    {
      "mode": "data",
      "type": "aws_ecr_authorization_token",
      "name": "token",
      "provider": "provider[\"registry.terraform.io/hashicorp/aws\"]",
      "instances": [
        {
          "schema_version": 0,
          "attributes": {
            "authorization_token": "QVdTOmV5SndZWGxzYjJGa0lqb2lWR2c1VDBGb1VteFNNRmw0WkVSdE1qTkpVamhKVlUxTVFWSnhjM1ZQTVhOR1UycElSalpNV1ZsSldVdElVMFF5TkM5MllWaDBkRmRUYmt3MlZqRnRhVkI0V1d3d1oyZFdOM2x6VjNGQ2FqZERURFZRTUdwQmFtcFVaM0JQYVdkaVYyNWxPV2xzZURCVVZIVkpiMlEwVUVVMFVXWk9XRE5aUTNOVlZXODNibE5OVW14SmJISjNiV3BxVG5OU1dYTjBZVzFyVml0cVVVWklOblprV0Vzd2RrOUxOV1JVVnpONlJWWkRZa3BhTldGWFNGbERLM3A2YTJweGRFNXRORVZCZW5wTE4zcGxOVTFYZVhFeFZVVnpiMkZVT1dsYU1WZ3JWV0pPUTFZM1kxaFZObUpCTW14Q05rZG5PVTR3VDFkWFdYQlJlbGRKV2xCWFVXeFdTbHBVTVVWVE4wNVJjV0kxT1RKbVduSmtka3BXWjFwT1lUUlBhelZETVdkWVZqaHVRakJXUmxaUE0zaENTbGR2ZEV0eE5HVnBZa05XY1VaU1dtSklablJQT1VGWVdERnFiVmxTYW5sM2N6SkpkVXMwTWtndk0yTmxXVE53V0VWVUwyVmpLeko0ZVhRM1N6TjZibVZ2YkRJME4xTXhSalYzWVVncldqVlRURXhKY204NWNFZDFiR05EZGpZeVUzVjFUVUZpYW5NeFFscHdiR1o0YTFoVmF6VXJkVlpSUmtKQ1dFNTVXR2RYZEhsM01GbGFNMU51YlhabmVVVjVRVEZ4WVZvNGMySTROelo0VVVKMFozbDRiR28zZURGb1dGZEtPVTV6V1hKSlQxZzRkVVp2TTBwclIwbzBNMFpEYzFaNVFuZDNiRFpDYVhSbkx6bE1WRXMwTjFOaGRURkxTSEZHTldVMmJWZElhRFYzWTJjNU5YWXhORll6YW5aR1NrZFhWVWxMWmxKQmMzUTFVRVJJVVhkaFRHUmxiM0oxUzA0eWMyOUZlbGxtYTBnMWNFbDZibko2VGsxbWMzSndZakl5VWsxTWNFMVlUV0YwUjJsclFUbE5jRFpGWjJab1YzQjJaVk5ZVVdsMFNuUm5jMjlsV21sb1MwaG1VRWREVjNOR1lWcGtOMFpqYzFwTWMzZENRVUZwTTFFM2JGTTJNRFpMY1ZSSmRHZENNMDVSUlRZeWNsZEZXRzFSWmxoaWNVRjRiV2xFVWsxSGQxUkJla3RDVkRoYWIyRmpWblYwTjBSalNFUjJiUzk0VFRrdlNXRkVOazg0ZDNaRmFWRk9aRkZRV0ZaUFowWkJVVlpMVVhwMk1UQnVWemhtUzFReE9IQlhaRFpaTTBzM2VIbDZjbVpqZFZFNGIyeEVWa2wwZFhOeVlrOUtjbFZuYW0wd1RtNXhZVXBMT1Vwa1JqaDJXU3MxYlZCVVNqUjJWVlpTTVZGWE1HUndWMWd5YldSbFYzUlNibVZGWldJd2NXOXlVekYxVUc5RVZubHJlVzlIU0U5cU9WZFVSR2RvTDNwdmNGVTVkVzFRYXpSM1ZVOVZSWEZ0ZFRSS2VURTVSM1U0YmxKeVJrTXlSRTlOY2k5bk0yZGlSVVkyZG5FeVQzSTVOakV4Y3pNM2QwY3ZiWHBMVkU1clVYTnNlbFpqT0VaVlZDOW9ZM1ZwYkZWRGJUZGxNbVZMYVhONlkwMXVaMHRSY2toemRXMU9NRWxWUTI1dmFscEdNVGhaVGxjMU9FVlNka2t2ZGpOUFkxSTVhRnB1UVhVMWFtRTBTVEpSY0dOclVsUm5PRFJKSzFsVFVsWnZNMjlCYzJKbFluSnFibFEwVlRsdU5WTXZka2hXUkZsellXOUVTUzlQTVhkc1IxRnpRbkkzUnpacFdtZHdXakZ0ZFdRNE9HMUhhMlEyVjNad2VHdHdWVVY0YVRoU2MyeGFXbUZWYkZCamJuSkNjMWd4TkhSdVEyVlljSFJHWjA1dWJ5OXRNelZuWTNCMlpsRm1ZMGhWZDFRMFVUTlFPRFV6U1dwQmNIWk5NWGt4ZG5JaUxDSmtZWFJoYTJWNUlqb2lRVkZGUWtGSWFETjZXVTlrZEhCQ1FsTldkeTlaTW1GdU9FSllTVVEwYTNkTVVXWnViMVJxTlhwM1duUkhTbHB2V2xGQlFVRklOSGRtUVZsS1MyOWFTV2gyWTA1QlVXTkhiMGM0ZDJKUlNVSkJSRUp2UW1kcmNXaHJhVWM1ZHpCQ1FuZEZkMGhuV1VwWlNWcEpRVmRWUkVKQlJYVk5Ra1ZGUkVwd2RFdzBlazF0Y0VaUlFVTkhjRWhSU1VKRlNVRTNWVE15YUdrclVrbG5TemhWTVhaTVlsVnVOWE5wVTFaTFpIUjJMekZzU0hCNFozTkJjVTFNWW5sRFJIVkJjWGRwTm1KRVRGazBlVlJQWldKNFJUVlRUMFZHWjNFcmRHeG9XRmR4VEZoR1RUMGlMQ0oyWlhKemFXOXVJam9pTWlJc0luUjVjR1VpT2lKRVFWUkJYMHRGV1NJc0ltVjRjR2x5WVhScGIyNGlPakUzTURjd05UQTNPRGw5",
            "expires_at": "2024-02-04T12:46:29Z",
            "id": "eu-central-1",
            "password": "eyJwYXlsb2FkIjoiVGg5T0FoUmxSMFl4ZERtMjNJUjhJVU1MQVJxc3VPMXNGU2pIRjZMWVlJWUtIU0QyNC92YVh0dFdTbkw2VjFtaVB4WWwwZ2dWN3lzV3FCajdDTDVQMGpBampUZ3BPaWdiV25lOWlseDBUVHVJb2Q0UEU0UWZOWDNZQ3NVVW83blNNUmxJbHJ3bWpqTnNSWXN0YW1rVitqUUZINnZkWEswdk9LNWRUVzN6RVZDYkpaNWFXSFlDK3p6a2pxdE5tNEVBenpLN3plNU1XeXExVUVzb2FUOWlaMVgrVWJOQ1Y3Y1hVNmJBMmxCNkdnOU4wT1dXWXBReldJWlBXUWxWSlpUMUVTN05RcWI1OTJmWnJkdkpWZ1pOYTRPazVDMWdYVjhuQjBWRlZPM3hCSldvdEtxNGVpYkNWcUZSWmJIZnRPOUFYWDFqbVlSanl3czJJdUs0MkgvM2NlWTNwWEVUL2VjKzJ4eXQ3SzN6bmVvbDI0N1MxRjV3YUgrWjVTTExJcm85cEd1bGNDdjYyU3V1TUFianMxQlpwbGZ4a1hVazUrdVZRRkJCWE55WGdXdHl3MFlaM1NubXZneUV5QTFxYVo4c2I4NzZ4UUJ0Z3l4bGo3eDFoWFdKOU5zWXJJT1g4dUZvM0prR0o0M0ZDc1Z5Qnd3bDZCaXRnLzlMVEs0N1NhdTFLSHFGNWU2bVdIaDV3Y2c5NXYxNFYzanZGSkdXVUlLZlJBc3Q1UERIUXdhTGRlb3J1S04yc29Fellma0g1cEl6bnJ6Tk1mc3JwYjIyUk1McE1YTWF0R2lrQTlNcDZFZ2ZoV3B2ZVNYUWl0SnRnc29lWmloS0hmUEdDV3NGYVpkN0Zjc1pMc3dCQUFpM1E3bFM2MDZLcVRJdGdCM05RRTYycldFWG1RZlhicUF4bWlEUk1Hd1RBektCVDhab2FjVnV0N0RjSER2bS94TTkvSWFENk84d3ZFaVFOZFFQWFZPZ0ZBUVZLUXp2MTBuVzhmS1QxOHBXZDZZM0s3eHl6cmZjdVE4b2xEVkl0dXNyYk9KclVnam0wTm5xYUpLOUpkRjh2WSs1bVBUSjR2VVZSMVFXMGRwV1gybWRlV3RSbmVFZWIwcW9yUzF1UG9EVnlreW9HSE9qOVdURGdoL3pvcFU5dW1QazR3VU9VRXFtdTRKeTE5R3U4blJyRkMyRE9Nci9nM2diRUY2dnEyT3I5NjExczM3d0cvbXpLVE5rUXNselZjOEZVVC9oY3VpbFVDbTdlMmVLaXN6Y01uZ0tRckhzdW1OMElVQ25valpGMThZTlc1OEVSdkkvdjNPY1I5aFpuQXU1amE0STJRcGNrUlRnODRJK1lTUlZvM29Bc2JlYnJqblQ0VTluNVMvdkhWRFlzYW9ESS9PMXdsR1FzQnI3RzZpWmdwWjFtdWQ4OG1Ha2Q2V3ZweGtwVUV4aThSc2xaWmFVbFBjbnJCc1gxNHRuQ2VYcHRGZ05uby9tMzVnY3B2ZlFmY0hVd1Q0UTNQODUzSWpBcHZNMXkxdnIiLCJkYXRha2V5IjoiQVFFQkFIaDN6WU9kdHBCQlNWdy9ZMmFuOEJYSUQ0a3dMUWZub1RqNXp3WnRHSlpvWlFBQUFINHdmQVlKS29aSWh2Y05BUWNHb0c4d2JRSUJBREJvQmdrcWhraUc5dzBCQndFd0hnWUpZSVpJQVdVREJBRXVNQkVFREpwdEw0ek1tcEZRQUNHcEhRSUJFSUE3VTMyaGkrUklnSzhVMXZMYlVuNXNpU1ZLZHR2LzFsSHB4Z3NBcU1MYnlDRHVBcXdpNmJETFk0eVRPZWJ4RTVTT0VGZ3ErdGxoWFdxTFhGTT0iLCJ2ZXJzaW9uIjoiMiIsInR5cGUiOiJEQVRBX0tFWSIsImV4cGlyYXRpb24iOjE3MDcwNTA3ODl9",
            "proxy_endpoint": "https://711348555690.dkr.ecr.eu-central-1.amazonaws.com",
            "registry_id": null,
            "user_name": "AWS"
          },
          "sensitive_attributes": []
        }
      ]
    },
    {
      "mode": "managed",
      "type": "aws_ecr_repository",
      "name": "BackRepo",
      "provider": "provider[\"registry.terraform.io/hashicorp/aws\"]",
      "instances": [
        {
          "schema_version": 0,
          "attributes": {
            "arn": "arn:aws:ecr:eu-central-1:711348555690:repository/back-repo",
            "encryption_configuration": [
              {
                "encryption_type": "AES256",
                "kms_key": ""
              }
            ],
            "force_delete": null,
            "id": "back-repo",
            "image_scanning_configuration": [
              {
                "scan_on_push": false
              }
            ],
            "image_tag_mutability": "MUTABLE",
            "name": "back-repo",
            "registry_id": "711348555690",
            "repository_url": "711348555690.dkr.ecr.eu-central-1.amazonaws.com/back-repo",
            "tags": {},
            "tags_all": {},
            "timeouts": null
          },
          "sensitive_attributes": [],
          "private": "eyJlMmJmYjczMC1lY2FhLTExZTYtOGY4OC0zNDM2M2JjN2M0YzAiOnsiZGVsZXRlIjoxMjAwMDAwMDAwMDAwfX0="
        }
      ]
    },
    {
      "mode": "managed",
      "type": "aws_ecr_repository",
      "name": "FrontRepo",
      "provider": "provider[\"registry.terraform.io/hashicorp/aws\"]",
      "instances": [
        {
          "schema_version": 0,
          "attributes": {
            "arn": "arn:aws:ecr:eu-central-1:711348555690:repository/front-repo",
            "encryption_configuration": [
              {
                "encryption_type": "AES256",
                "kms_key": ""
              }
            ],
            "force_delete": null,
            "id": "front-repo",
            "image_scanning_configuration": [
              {
                "scan_on_push": false
              }
            ],
            "image_tag_mutability": "MUTABLE",
            "name": "front-repo",
            "registry_id": "711348555690",
            "repository_url": "711348555690.dkr.ecr.eu-central-1.amazonaws.com/front-repo",
            "tags": {},
            "tags_all": {},
            "timeouts": null
          },
          "sensitive_attributes": [],
          "private": "eyJlMmJmYjczMC1lY2FhLTExZTYtOGY4OC0zNDM2M2JjN2M0YzAiOnsiZGVsZXRlIjoxMjAwMDAwMDAwMDAwfX0="
        }
      ]
    },
    {
      "mode": "managed",
      "type": "aws_iam_role",
      "name": "LambdaRole",
      "provider": "provider[\"registry.terraform.io/hashicorp/aws\"]",
      "instances": [
        {
          "schema_version": 0,
          "attributes": {
            "arn": "arn:aws:iam::711348555690:role/lambda-role",
            "assume_role_policy": "{\"Statement\":[{\"Action\":\"sts:AssumeRole\",\"Effect\":\"Allow\",\"Principal\":{\"Service\":\"lambda.amazonaws.com\"}}],\"Version\":\"2012-10-17\"}",
            "create_date": "2024-02-04T00:41:03Z",
            "description": "",
            "force_detach_policies": false,
            "id": "lambda-role",
            "inline_policy": [],
            "managed_policy_arns": [
              "arn:aws:iam::aws:policy/service-role/AWSLambdaBasicExecutionRole"
            ],
            "max_session_duration": 3600,
            "name": "lambda-role",
            "name_prefix": "",
            "path": "/",
            "permissions_boundary": "",
            "tags": {},
            "tags_all": {},
            "unique_id": "AROA2LH5NR6VGXMSNL6ZH"
          },
          "sensitive_attributes": [],
          "private": "bnVsbA=="
        }
      ]
    },
    {
      "mode": "managed",
      "type": "aws_iam_role_policy_attachment",
      "name": "LambdaRolePolicyAttachment",
      "provider": "provider[\"registry.terraform.io/hashicorp/aws\"]",
      "instances": [
        {
          "schema_version": 0,
          "attributes": {
            "id": "lambda-role-20240204004104210200000001",
            "policy_arn": "arn:aws:iam::aws:policy/service-role/AWSLambdaBasicExecutionRole",
            "role": "lambda-role"
          },
          "sensitive_attributes": [],
          "private": "bnVsbA==",
          "dependencies": [
            "aws_iam_role.LambdaRole"
          ]
        }
      ]
    },
    {
      "mode": "managed",
      "type": "aws_lambda_function",
      "name": "BackLambda",
      "provider": "provider[\"registry.terraform.io/hashicorp/aws\"]",
      "instances": [
        {
          "schema_version": 0,
          "attributes": {
            "architectures": [
              "arm64"
            ],
            "arn": "arn:aws:lambda:eu-central-1:711348555690:function:back-lambda",
            "code_signing_config_arn": "",
            "dead_letter_config": [],
            "description": "",
            "environment": [
              {
                "variables": {
                  "HOME": "/tmp",
                  "REDIS_SERVER": "redis://default:01082a7f147849a7bf623acf830ca41d@eu2-learning-dane-32666.upstash.io:32666"
                }
              }
            ],
            "ephemeral_storage": [
              {
                "size": 512
              }
            ],
            "file_system_config": [],
            "filename": null,
            "function_name": "back-lambda",
            "handler": "",
            "id": "back-lambda",
            "image_config": [],
            "image_uri": "711348555690.dkr.ecr.eu-central-1.amazonaws.com/back-repo@sha256:180ad4005b8ea49faa63357c3a2aec29333777ccdc5d437da42063d436d3233a",
            "invoke_arn": "arn:aws:apigateway:eu-central-1:lambda:path/2015-03-31/functions/arn:aws:lambda:eu-central-1:711348555690:function:back-lambda/invocations",
            "kms_key_arn": "",
            "last_modified": "2024-02-04T00:47:32.000+0000",
            "layers": [],
            "logging_config": [
              {
                "application_log_level": "INFO",
                "log_format": "JSON",
                "log_group": "/aws/lambda/back-lambda",
                "system_log_level": "INFO"
              }
            ],
            "memory_size": 1792,
            "package_type": "Image",
            "publish": false,
            "qualified_arn": "arn:aws:lambda:eu-central-1:711348555690:function:back-lambda:$LATEST",
            "qualified_invoke_arn": "arn:aws:apigateway:eu-central-1:lambda:path/2015-03-31/functions/arn:aws:lambda:eu-central-1:711348555690:function:back-lambda:$LATEST/invocations",
            "replace_security_groups_on_destroy": null,
            "replacement_security_group_ids": null,
            "reserved_concurrent_executions": -1,
            "role": "arn:aws:iam::711348555690:role/lambda-role",
            "runtime": "",
            "s3_bucket": null,
            "s3_key": null,
            "s3_object_version": null,
            "signing_job_arn": "",
            "signing_profile_version_arn": "",
            "skip_destroy": false,
            "snap_start": [],
            "source_code_hash": "180ad4005b8ea49faa63357c3a2aec29333777ccdc5d437da42063d436d3233a",
            "source_code_size": 0,
            "tags": {},
            "tags_all": {},
            "timeout": 5,
            "timeouts": null,
            "tracing_config": [
              {
                "mode": "PassThrough"
              }
            ],
            "version": "$LATEST",
            "vpc_config": []
          },
          "sensitive_attributes": [],
          "private": "eyJlMmJmYjczMC1lY2FhLTExZTYtOGY4OC0zNDM2M2JjN2M0YzAiOnsiY3JlYXRlIjo2MDAwMDAwMDAwMDAsImRlbGV0ZSI6NjAwMDAwMDAwMDAwLCJ1cGRhdGUiOjYwMDAwMDAwMDAwMH19",
          "dependencies": [
            "aws_ecr_repository.BackRepo",
            "aws_iam_role.LambdaRole",
            "data.aws_ecr_authorization_token.token",
            "docker_image.BackImage",
            "docker_registry_image.BackEcrImage"
          ]
        }
      ]
    },
    {
      "mode": "managed",
      "type": "aws_lambda_function",
      "name": "FrontLambda",
      "provider": "provider[\"registry.terraform.io/hashicorp/aws\"]",
      "instances": [
        {
          "schema_version": 0,
          "attributes": {
            "architectures": [
              "arm64"
            ],
            "arn": "arn:aws:lambda:eu-central-1:711348555690:function:front-lambda",
            "code_signing_config_arn": "",
            "dead_letter_config": [],
            "description": "",
            "environment": [
              {
                "variables": {
                  "BACKEND_API_URL": "https://ukuomnrfpqzfwojp7txzufsykq0mjzvs.lambda-url.eu-central-1.on.aws/",
                  "CLIENT_API_URL": "https://ukuomnrfpqzfwojp7txzufsykq0mjzvs.lambda-url.eu-central-1.on.aws/",
                  "HOME": "/tmp"
                }
              }
            ],
            "ephemeral_storage": [
              {
                "size": 512
              }
            ],
            "file_system_config": [],
            "filename": null,
            "function_name": "front-lambda",
            "handler": "",
            "id": "front-lambda",
            "image_config": [],
            "image_uri": "711348555690.dkr.ecr.eu-central-1.amazonaws.com/front-repo@sha256:367610a93d1c9f1140db9d274b81baf94259151a1af5ff7563b8631d835b21e1",
            "invoke_arn": "arn:aws:apigateway:eu-central-1:lambda:path/2015-03-31/functions/arn:aws:lambda:eu-central-1:711348555690:function:front-lambda/invocations",
            "kms_key_arn": "",
            "last_modified": "2024-02-04T00:47:44.000+0000",
            "layers": [],
            "logging_config": [
              {
                "application_log_level": "INFO",
                "log_format": "JSON",
                "log_group": "/aws/lambda/front-lambda",
                "system_log_level": "INFO"
              }
            ],
            "memory_size": 1792,
            "package_type": "Image",
            "publish": false,
            "qualified_arn": "arn:aws:lambda:eu-central-1:711348555690:function:front-lambda:$LATEST",
            "qualified_invoke_arn": "arn:aws:apigateway:eu-central-1:lambda:path/2015-03-31/functions/arn:aws:lambda:eu-central-1:711348555690:function:front-lambda:$LATEST/invocations",
            "replace_security_groups_on_destroy": null,
            "replacement_security_group_ids": null,
            "reserved_concurrent_executions": -1,
            "role": "arn:aws:iam::711348555690:role/lambda-role",
            "runtime": "",
            "s3_bucket": null,
            "s3_key": null,
            "s3_object_version": null,
            "signing_job_arn": "",
            "signing_profile_version_arn": "",
            "skip_destroy": false,
            "snap_start": [],
            "source_code_hash": "367610a93d1c9f1140db9d274b81baf94259151a1af5ff7563b8631d835b21e1",
            "source_code_size": 0,
            "tags": {},
            "tags_all": {},
            "timeout": 5,
            "timeouts": null,
            "tracing_config": [
              {
                "mode": "PassThrough"
              }
            ],
            "version": "$LATEST",
            "vpc_config": []
          },
          "sensitive_attributes": [],
          "private": "eyJlMmJmYjczMC1lY2FhLTExZTYtOGY4OC0zNDM2M2JjN2M0YzAiOnsiY3JlYXRlIjo2MDAwMDAwMDAwMDAsImRlbGV0ZSI6NjAwMDAwMDAwMDAwLCJ1cGRhdGUiOjYwMDAwMDAwMDAwMH19",
          "dependencies": [
            "aws_ecr_repository.BackRepo",
            "aws_ecr_repository.FrontRepo",
            "aws_iam_role.LambdaRole",
            "aws_lambda_function.BackLambda",
            "aws_lambda_function_url.BackLambdaUrl",
            "data.aws_ecr_authorization_token.token",
            "docker_image.BackImage",
            "docker_image.FrontImage",
            "docker_registry_image.BackEcrImage",
            "docker_registry_image.FrontEcrImage"
          ]
        }
      ]
    },
    {
      "mode": "managed",
      "type": "aws_lambda_function_url",
      "name": "BackLambdaUrl",
      "provider": "provider[\"registry.terraform.io/hashicorp/aws\"]",
      "instances": [
        {
          "schema_version": 0,
          "attributes": {
            "authorization_type": "NONE",
            "cors": [],
            "function_arn": "arn:aws:lambda:eu-central-1:711348555690:function:back-lambda",
            "function_name": "back-lambda",
            "function_url": "https://ukuomnrfpqzfwojp7txzufsykq0mjzvs.lambda-url.eu-central-1.on.aws/",
            "id": "back-lambda",
            "invoke_mode": "BUFFERED",
            "qualifier": "",
            "timeouts": null,
            "url_id": "ukuomnrfpqzfwojp7txzufsykq0mjzvs"
          },
          "sensitive_attributes": [],
          "private": "eyJlMmJmYjczMC1lY2FhLTExZTYtOGY4OC0zNDM2M2JjN2M0YzAiOnsiY3JlYXRlIjo2MDAwMDAwMDAwMDB9fQ==",
          "dependencies": [
            "aws_ecr_repository.BackRepo",
            "aws_iam_role.LambdaRole",
            "aws_lambda_function.BackLambda",
            "data.aws_ecr_authorization_token.token",
            "docker_image.BackImage",
            "docker_registry_image.BackEcrImage"
          ]
        }
      ]
    },
    {
      "mode": "managed",
      "type": "aws_lambda_function_url",
      "name": "FrontLambdaUrl",
      "provider": "provider[\"registry.terraform.io/hashicorp/aws\"]",
      "instances": [
        {
          "schema_version": 0,
          "attributes": {
            "authorization_type": "NONE",
            "cors": [],
            "function_arn": "arn:aws:lambda:eu-central-1:711348555690:function:front-lambda",
            "function_name": "front-lambda",
            "function_url": "https://o2s7zftr76h5r46odldqluvsny0kwuhx.lambda-url.eu-central-1.on.aws/",
            "id": "front-lambda",
            "invoke_mode": "BUFFERED",
            "qualifier": "",
            "timeouts": null,
            "url_id": "o2s7zftr76h5r46odldqluvsny0kwuhx"
          },
          "sensitive_attributes": [],
          "private": "eyJlMmJmYjczMC1lY2FhLTExZTYtOGY4OC0zNDM2M2JjN2M0YzAiOnsiY3JlYXRlIjo2MDAwMDAwMDAwMDB9fQ==",
          "dependencies": [
            "aws_ecr_repository.BackRepo",
            "aws_ecr_repository.FrontRepo",
            "aws_iam_role.LambdaRole",
            "aws_lambda_function.BackLambda",
            "aws_lambda_function.FrontLambda",
            "aws_lambda_function_url.BackLambdaUrl",
            "data.aws_ecr_authorization_token.token",
            "docker_image.BackImage",
            "docker_image.FrontImage",
            "docker_registry_image.BackEcrImage",
            "docker_registry_image.FrontEcrImage"
          ]
        }
      ]
    },
    {
      "mode": "managed",
      "type": "docker_image",
      "name": "BackImage",
      "provider": "provider[\"registry.terraform.io/kreuzwerker/docker\"]",
      "instances": [
        {
          "schema_version": 0,
          "attributes": {
            "build": [
              {
                "auth_config": [],
                "build_arg": null,
                "build_args": null,
                "build_id": "",
                "cache_from": [],
                "cgroup_parent": "",
                "context": "/home/user/github/cdktf-project/src/back",
                "cpu_period": null,
                "cpu_quota": null,
                "cpu_set_cpus": "",
                "cpu_set_mems": "",
                "cpu_shares": null,
                "dockerfile": "Dockerfile",
                "extra_hosts": [],
                "force_remove": null,
                "isolation": "",
                "label": null,
                "labels": null,
                "memory": null,
                "memory_swap": null,
                "network_mode": "",
                "no_cache": null,
                "platform": "linux/arm64",
                "pull_parent": null,
                "remote_context": "",
                "remove": true,
                "security_opt": [],
                "session_id": "",
                "shm_size": null,
                "squash": null,
                "suppress_output": null,
                "tag": [],
                "target": "",
                "ulimit": [],
                "version": ""
              }
            ],
            "force_remove": null,
            "id": "sha256:5d0c61be4515041ce0e5eb08abd956c29962a706a94bc8521f33e722c99e06d2711348555690.dkr.ecr.eu-central-1.amazonaws.com/back-repo",
            "image_id": "sha256:5d0c61be4515041ce0e5eb08abd956c29962a706a94bc8521f33e722c99e06d2",
            "keep_locally": null,
            "name": "711348555690.dkr.ecr.eu-central-1.amazonaws.com/back-repo",
            "platform": null,
            "pull_triggers": null,
            "repo_digest": "",
            "triggers": {
              "filesha256": "df7e7387f7b3b2db85fecbb210b8138fe7d1c24e24871610b8e8abc71fe3b043"
            }
          },
          "sensitive_attributes": [],
          "private": "bnVsbA==",
          "dependencies": [
            "aws_ecr_repository.BackRepo",
            "data.aws_ecr_authorization_token.token"
          ]
        }
      ]
    },
    {
      "mode": "managed",
      "type": "docker_image",
      "name": "FrontImage",
      "provider": "provider[\"registry.terraform.io/kreuzwerker/docker\"]",
      "instances": [
        {
          "schema_version": 0,
          "attributes": {
            "build": [
              {
                "auth_config": [],
                "build_arg": {},
                "build_args": {},
                "build_id": "",
                "cache_from": [],
                "cgroup_parent": "",
                "context": "/home/user/github/cdktf-project/src/front",
                "cpu_period": 0,
                "cpu_quota": 0,
                "cpu_set_cpus": "",
                "cpu_set_mems": "",
                "cpu_shares": 0,
                "dockerfile": "Dockerfile",
                "extra_hosts": [],
                "force_remove": false,
                "isolation": "",
                "label": {},
                "labels": {},
                "memory": 0,
                "memory_swap": 0,
                "network_mode": "",
                "no_cache": false,
                "platform": "linux/arm64",
                "pull_parent": false,
                "remote_context": "",
                "remove": true,
                "security_opt": [],
                "session_id": "",
                "shm_size": 0,
                "squash": false,
                "suppress_output": false,
                "tag": [],
                "target": "",
                "ulimit": [],
                "version": ""
              }
            ],
            "force_remove": null,
            "id": "sha256:23389bb57bb1e44f0fd129a27f7290acabed1324fdbd6d36e3c15722d999cea1711348555690.dkr.ecr.eu-central-1.amazonaws.com/front-repo",
            "image_id": "sha256:23389bb57bb1e44f0fd129a27f7290acabed1324fdbd6d36e3c15722d999cea1",
            "keep_locally": null,
            "name": "711348555690.dkr.ecr.eu-central-1.amazonaws.com/front-repo",
            "platform": null,
            "pull_triggers": null,
            "repo_digest": "711348555690.dkr.ecr.eu-central-1.amazonaws.com/front-repo@sha256:367610a93d1c9f1140db9d274b81baf94259151a1af5ff7563b8631d835b21e1",
            "triggers": {
              "filesha256": "0f32207859e5a9c3342b0d3a6e97ab302857ce3016f1c84e74712d60ced02174"
            }
          },
          "sensitive_attributes": [],
          "private": "bnVsbA==",
          "dependencies": [
            "aws_ecr_repository.FrontRepo",
            "data.aws_ecr_authorization_token.token"
          ]
        }
      ]
    },
    {
      "mode": "managed",
      "type": "docker_registry_image",
      "name": "BackEcrImage",
      "provider": "provider[\"registry.terraform.io/kreuzwerker/docker\"]",
      "instances": [
        {
          "schema_version": 0,
          "attributes": {
            "id": "sha256:180ad4005b8ea49faa63357c3a2aec29333777ccdc5d437da42063d436d3233a",
            "insecure_skip_verify": false,
            "keep_remotely": false,
            "name": "711348555690.dkr.ecr.eu-central-1.amazonaws.com/back-repo",
            "sha256_digest": "sha256:180ad4005b8ea49faa63357c3a2aec29333777ccdc5d437da42063d436d3233a",
            "triggers": {
              "filesha256": "df7e7387f7b3b2db85fecbb210b8138fe7d1c24e24871610b8e8abc71fe3b043"
            }
          },
          "sensitive_attributes": [],
          "private": "bnVsbA==",
          "dependencies": [
            "aws_ecr_repository.BackRepo",
            "data.aws_ecr_authorization_token.token",
            "docker_image.BackImage"
          ]
        }
      ]
    },
    {
      "mode": "managed",
      "type": "docker_registry_image",
      "name": "FrontEcrImage",
      "provider": "provider[\"registry.terraform.io/kreuzwerker/docker\"]",
      "instances": [
        {
          "schema_version": 0,
          "attributes": {
            "id": "sha256:367610a93d1c9f1140db9d274b81baf94259151a1af5ff7563b8631d835b21e1",
            "insecure_skip_verify": false,
            "keep_remotely": false,
            "name": "711348555690.dkr.ecr.eu-central-1.amazonaws.com/front-repo",
            "sha256_digest": "sha256:367610a93d1c9f1140db9d274b81baf94259151a1af5ff7563b8631d835b21e1",
            "triggers": {
              "filesha256": "0f32207859e5a9c3342b0d3a6e97ab302857ce3016f1c84e74712d60ced02174"
            }
          },
          "sensitive_attributes": [],
          "private": "bnVsbA==",
          "dependencies": [
            "aws_ecr_repository.FrontRepo",
            "data.aws_ecr_authorization_token.token",
            "docker_image.FrontImage"
          ]
        }
      ]
    }
  ],
  "check_results": null
}
