{
  "version": 4,
  "terraform_version": "1.7.0",
  "serial": 254,
  "lineage": "a595879c-8348-d326-a097-97e4ec7507b9",
  "outputs": {},
  "resources": [
    {
      "mode": "data",
      "type": "aws_ecr_authorization_token",
      "name": "token",
      "provider": "provider[\"registry.terraform.io/hashicorp/aws\"]",
      "instances": [
        {
          "schema_version": 0,
          "attributes": {
            "authorization_token": "QVdTOmV5SndZWGxzYjJGa0lqb2lLMWRvV1d3NVVrTnZVMGhhUkZkSFYyTm1jM0l4Tkc1elIyNTNWbHBvY1hoeVUwUkplVFJ2TDFWVFVqTnFLMUJXY0ZGQ05uRm5UWEJLVDNwaVRUZHZSRmxhYVZWc2RYcFVaMWxMUmtscFpUVllVSEUxSzJFM1FXOXhTR2xNYTNwMU5UVTVTVU5wYkM4clJISndLM2xNTVd4R1lUUTNSVzl0V0RGb2FWY3ZSbGRuYlZCdlZUbERlRXB4VjFONU5HaDNRMWhMYmxwTFkwMVFhMDV2YlRablZUUnVURmxFZEdNeVpGUkNWVnBpVW1oMWNsUjVPRWQzVEdGM1dscHVaM1JLYVRkRFdVWXlRMHRQZFc1SE5XaHZSREl4TmtGRGQzWk9kV1JuYjJabVdtZG1TMUpLVjA1UGVYUmhVbWxDZERGTlZFODFVa3BCZUZwNmJUUmlMMUp6ZVdwbFlreHRjSGc1VFZaa05YVmtTak5QY1c5M2FIZE9kMDFKT0d3MmJYTllVVWxFWjJkWFRVbHNVazlvTDJzM1ZYSlphMEZJTjNsVE5GcHdaVkJpWkc1SWNuSlhUR3R5Wm14M015OUZXSGRaWkZCR2NGbGljalUxYlVkclRVZDFkVFJMZDBGVmQzSlNNV2RpZDBOSFVETndkVE5TYTJWa056Qm9TMHA0TjNZdmRYZDFiRXRHTm1Fdk5WWjFlazlZZFRWdFJYcE5SSEpwVFVsNkx5dGplRW8yTW5odE1WWk1hM1YwTWpoNE1FZEpNMVpMTkc5aE1tWjVUMkl5YldGNk1VcFJhV3R1VGxVMFZpdFdOVkpSYlU1cVIyY3plbEJPUkU5MllVRjNlR0YzU1dOa2REYzRlbEJVVUdObk5GSXpOM0JqTkZscU5EbDFiMVI0YUU5bFpsazFjVlJTV1hkQ2IzbDVhbGR1Y1VOa1lVSmllamxSVVhkUVlWZE5lVkU0UlhkSGQzQldNV1Y0U0c5VFlXZE9hRVpZT1RJMVJXUk9VRWxWWWxJdmVIWjBWQzk1UVVOeGRYQXlXRGQwTkhKSVJqZzJiemN5WkVwVWFsWXliWFYyVXpsSlpscEVhbE5RVGxrdk5XbDZaek5uVjJsTWNqRm5ZblZxWTJweWRVazBObUptYms5eFF6Sm1UREZSVUV0Q2JUSnhVemRtUms5UWFHUXJlbGhvY3k4NU5GWkNZaXR3VGt0aWRVbGhWRGgwTmlzcmF5OWxZM05NUWl0V2FEbG9hbE5QUkdGTlNFRkZiVlY0Um0xMVQxQmtkRTF5TkdzeGRtSnBjblJKUWtaa05raEtZMjVoZFRadFowMTNhVmsyTW1KVmMwcERlRE15VjBaVmJUaEZkV0p6WmpjeFRFZzNXa1ZoU25sUWMybG9jMWRJYWpaWWFXeFhUR1UxZG1neVpIVXlPVzV1UjBwMGJGSm1Na2tyZWtwMGRIRXdWbmRQU0daelpVaFdSMWMwV21OVlFrZHlURFZZUjNOTVpHcHNTWFJxYzB0dk5WcGpVRGhZV0daRlMwaE9RVmQxYWtsaGRuWmFWbVZ3WTJGTVRGRk5lbVJRTDBOV2NXeFFSV1ppVjNnclN6ZDZaRmhHU0VONE4yYzFlbWhxTDBObmRsQmhlRkkyTmsxUWJsQjVNV040UVhaMGMxWnJNMjFsZUhSR2JGcHNRV0pZTUVkMlkzcE1OM0ZCWkhJMWRsWjFjVlZIV25wa1l6bFhVMHh5YTJob1NtOWxWWEZvVERONlpXWm9RamROTUdOamFtRnJjM2wxTkZaaU56TnRaVk12TkZaVGRtOHpaazVUTkd0TFRrTlFiMGxLZEhSbU0ybG9TblJLV1RZMVQxUlFhRUZXUWs1MFJVMTVObXhLTmt4VllucHJUVUpOVFdSWVptNTNOMmcyVkV4TmJEQnBabFZGYm5GTFZWcHpjbUl6VUVaek1VOWpNRUZ0TDBSWloySlhNakJZT0VsRlZVaFZNRzFuYW1oeFYxb3hZblJ5YjFaVVdqRmlaemhLVEdJeFUwWmlVVkIwVUVFaUxDSmtZWFJoYTJWNUlqb2lRVkZGUWtGSWFETjZXVTlrZEhCQ1FsTldkeTlaTW1GdU9FSllTVVEwYTNkTVVXWnViMVJxTlhwM1duUkhTbHB2V2xGQlFVRklOSGRtUVZsS1MyOWFTV2gyWTA1QlVXTkhiMGM0ZDJKUlNVSkJSRUp2UW1kcmNXaHJhVWM1ZHpCQ1FuZEZkMGhuV1VwWlNWcEpRVmRWUkVKQlJYVk5Ra1ZGUkVZNWMwVjRkVGxMTjFsRlNFazNLemhSU1VKRlNVRTNWa1ZaVldRMVYyMXRMMFU0UWpKVGIwcEZMMjFPWWs1bGN6QlJVM015VVRWcVFtbzBaMEpFUkVnMFlVWklRVVpwYUcxVFNYQnVRaTlWTkZFd2IxRTFibEpEVFVaM1YxSlBNbXh0V25Jclp6MGlMQ0oyWlhKemFXOXVJam9pTWlJc0luUjVjR1VpT2lKRVFWUkJYMHRGV1NJc0ltVjRjR2x5WVhScGIyNGlPakUzTURZeE9ERTJOVGw5",
            "expires_at": "2024-01-25T11:20:59Z",
            "id": "eu-central-1",
            "password": "eyJwYXlsb2FkIjoiK1doWWw5UkNvU0haRFdHV2Nmc3IxNG5zR253VlpocXhyU0RJeTRvL1VTUjNqK1BWcFFCNnFnTXBKT3piTTdvRFlaaVVsdXpUZ1lLRklpZTVYUHE1K2E3QW9xSGlMa3p1NTU5SUNpbC8rRHJwK3lMMWxGYTQ3RW9tWDFoaVcvRldnbVBvVTlDeEpxV1N5NGh3Q1hLblpLY01Qa05vbTZnVTRuTFlEdGMyZFRCVVpiUmh1clR5OEd3TGF3WlpuZ3RKaTdDWUYyQ0tPdW5HNWhvRDIxNkFDd3ZOdWRnb2ZmWmdmS1JKV05PeXRhUmlCdDFNVE81UkpBeFp6bTRiL1JzeWplYkxtcHg5TVZkNXVkSjNPcW93aHdOd01JOGw2bXNYUUlEZ2dXTUlsUk9oL2s3VXJZa0FIN3lTNFpwZVBiZG5IcnJXTGtyZmx3My9FWHdZZFBGcFlicjU1bUdrTUd1dTRLd0FVd3JSMWdid0NHUDNwdTNSa2VkNzBoS0p4N3YvdXd1bEtGNmEvNVZ1ek9YdTVtRXpNRHJpTUl6LytjeEo2MnhtMVZMa3V0Mjh4MEdJM1ZLNG9hMmZ5T2IybWF6MUpRaWtuTlU0VitWNVJRbU5qR2czelBORE92YUF3eGF3SWNkdDc4elBUUGNnNFIzN3BjNFlqNDl1b1R4aE9lZlk1cVRSWXdCb3l5alducUNkYUJiejlRUXdQYVdNeVE4RXdHd3BWMWV4SG9TYWdOaEZYOTI1RWROUElVYlIveHZ0VC95QUNxdXAyWDd0NHJIRjg2bzcyZEpUalYybXV2UzlJZlpEalNQTlkvNWl6ZzNnV2lMcjFnYnVqY2pydUk0NmJmbk9xQzJmTDFRUEtCbTJxUzdmRk9QaGQrelhocy85NFZCYitwTktidUlhVDh0Nisray9lY3NMQitWaDloalNPRGFNSEFFbVV4Rm11T1BkdE1yNGsxdmJpcnRJQkZkNkhKY25hdTZtZ013aVk2MmJVc0pDeDMyV0ZVbThFdWJzZjcxTEg3WkVhSnlQc2loc1dIajZYaWxXTGU1dmgyZHUyOW5uR0p0bFJmMkkrekp0dHEwVndPSGZzZUhWR1c0WmNVQkdyTDVYR3NMZGpsSXRqc0tvNVpjUDhYWGZFS0hOQVd1aklhdnZaVmVwY2FMTFFNemRQL0NWcWxQRWZiV3grSzd6ZFhGSEN4N2c1emhqL0NndlBheFI2Nk1QblB5MWN4QXZ0c1ZrM21leHRGbFpsQWJYMEd2Y3pMN3FBZHI1dlZ1cVVHWnpkYzlXU0xya2hoSm9lVXFoTDN6ZWZoQjdNMGNjamFrc3l1NFZiNzNtZVMvNFZTdm8zZk5TNGtLTkNQb0lKdHRmM2loSnRKWTY1T1RQaEFWQk50RU15NmxKNkxVYnprTUJNTWRYZm53N2g2VExNbDBpZlVFbnFLVVpzcmIzUEZzMU9jMEFtL0RZZ2JXMjBYOElFVUhVMG1namhxV1oxYnRyb1ZUWjFiZzhKTGIxU0ZiUVB0UEEiLCJkYXRha2V5IjoiQVFFQkFIaDN6WU9kdHBCQlNWdy9ZMmFuOEJYSUQ0a3dMUWZub1RqNXp3WnRHSlpvWlFBQUFINHdmQVlKS29aSWh2Y05BUWNHb0c4d2JRSUJBREJvQmdrcWhraUc5dzBCQndFd0hnWUpZSVpJQVdVREJBRXVNQkVFREY5c0V4dTlLN1lFSEk3KzhRSUJFSUE3VkVZVWQ1V21tL0U4QjJTb0pFL21OYk5lczBRU3MyUTVqQmo0Z0JEREg0YUZIQUZpaG1TSXBuQi9VNFEwb1E1blJDTUZ3V1JPMmxtWnIrZz0iLCJ2ZXJzaW9uIjoiMiIsInR5cGUiOiJEQVRBX0tFWSIsImV4cGlyYXRpb24iOjE3MDYxODE2NTl9",
            "proxy_endpoint": "https://711348555690.dkr.ecr.eu-central-1.amazonaws.com",
            "registry_id": null,
            "user_name": "AWS"
          },
          "sensitive_attributes": []
        }
      ]
    },
    {
      "mode": "managed",
      "type": "aws_ecr_repository",
      "name": "BackRepo",
      "provider": "provider[\"registry.terraform.io/hashicorp/aws\"]",
      "instances": [
        {
          "schema_version": 0,
          "attributes": {
            "arn": "arn:aws:ecr:eu-central-1:711348555690:repository/back-repo",
            "encryption_configuration": [
              {
                "encryption_type": "AES256",
                "kms_key": ""
              }
            ],
            "force_delete": null,
            "id": "back-repo",
            "image_scanning_configuration": [
              {
                "scan_on_push": false
              }
            ],
            "image_tag_mutability": "MUTABLE",
            "name": "back-repo",
            "registry_id": "711348555690",
            "repository_url": "711348555690.dkr.ecr.eu-central-1.amazonaws.com/back-repo",
            "tags": {},
            "tags_all": {},
            "timeouts": null
          },
          "sensitive_attributes": [],
          "private": "eyJlMmJmYjczMC1lY2FhLTExZTYtOGY4OC0zNDM2M2JjN2M0YzAiOnsiZGVsZXRlIjoxMjAwMDAwMDAwMDAwfX0="
        }
      ]
    },
    {
      "mode": "managed",
      "type": "aws_ecr_repository",
      "name": "FrontRepo",
      "provider": "provider[\"registry.terraform.io/hashicorp/aws\"]",
      "instances": [
        {
          "schema_version": 0,
          "attributes": {
            "arn": "arn:aws:ecr:eu-central-1:711348555690:repository/front-repo",
            "encryption_configuration": [
              {
                "encryption_type": "AES256",
                "kms_key": ""
              }
            ],
            "force_delete": null,
            "id": "front-repo",
            "image_scanning_configuration": [
              {
                "scan_on_push": false
              }
            ],
            "image_tag_mutability": "MUTABLE",
            "name": "front-repo",
            "registry_id": "711348555690",
            "repository_url": "711348555690.dkr.ecr.eu-central-1.amazonaws.com/front-repo",
            "tags": {},
            "tags_all": {},
            "timeouts": null
          },
          "sensitive_attributes": [],
          "private": "eyJlMmJmYjczMC1lY2FhLTExZTYtOGY4OC0zNDM2M2JjN2M0YzAiOnsiZGVsZXRlIjoxMjAwMDAwMDAwMDAwfX0="
        }
      ]
    },
    {
      "mode": "managed",
      "type": "aws_iam_role",
      "name": "LambdaRole",
      "provider": "provider[\"registry.terraform.io/hashicorp/aws\"]",
      "instances": [
        {
          "schema_version": 0,
          "attributes": {
            "arn": "arn:aws:iam::711348555690:role/lambda-role",
            "assume_role_policy": "{\"Statement\":[{\"Action\":\"sts:AssumeRole\",\"Effect\":\"Allow\",\"Principal\":{\"Service\":\"lambda.amazonaws.com\"}}],\"Version\":\"2012-10-17\"}",
            "create_date": "2024-01-24T09:19:00Z",
            "description": "",
            "force_detach_policies": false,
            "id": "lambda-role",
            "inline_policy": [],
            "managed_policy_arns": [
              "arn:aws:iam::aws:policy/service-role/AWSLambdaBasicExecutionRole"
            ],
            "max_session_duration": 3600,
            "name": "lambda-role",
            "name_prefix": "",
            "path": "/",
            "permissions_boundary": "",
            "tags": {},
            "tags_all": {},
            "unique_id": "AROA2LH5NR6VHPN5QYHTG"
          },
          "sensitive_attributes": [],
          "private": "bnVsbA=="
        }
      ]
    },
    {
      "mode": "managed",
      "type": "aws_iam_role_policy_attachment",
      "name": "LambdaExecPolicyAttachment",
      "provider": "provider[\"registry.terraform.io/hashicorp/aws\"]",
      "instances": [
        {
          "schema_version": 0,
          "attributes": {
            "id": "lambda-role-20240124091902102000000001",
            "policy_arn": "arn:aws:iam::aws:policy/service-role/AWSLambdaBasicExecutionRole",
            "role": "lambda-role"
          },
          "sensitive_attributes": [],
          "private": "bnVsbA==",
          "dependencies": [
            "aws_iam_role.LambdaRole"
          ]
        }
      ]
    },
    {
      "mode": "managed",
      "type": "aws_lambda_function",
      "name": "BackLambda",
      "provider": "provider[\"registry.terraform.io/hashicorp/aws\"]",
      "instances": [
        {
          "schema_version": 0,
          "attributes": {
            "architectures": [
              "arm64"
            ],
            "arn": "arn:aws:lambda:eu-central-1:711348555690:function:back-lambda",
            "code_signing_config_arn": "",
            "dead_letter_config": [],
            "description": "",
            "environment": [],
            "ephemeral_storage": [
              {
                "size": 512
              }
            ],
            "file_system_config": [],
            "filename": null,
            "function_name": "back-lambda",
            "handler": "",
            "id": "back-lambda",
            "image_config": [],
            "image_uri": "711348555690.dkr.ecr.eu-central-1.amazonaws.com/back-repo:latest",
            "invoke_arn": "arn:aws:apigateway:eu-central-1:lambda:path/2015-03-31/functions/arn:aws:lambda:eu-central-1:711348555690:function:back-lambda/invocations",
            "kms_key_arn": "",
            "last_modified": "2024-01-24T23:21:41.000+0000",
            "layers": [],
            "logging_config": [
              {
                "application_log_level": "INFO",
                "log_format": "JSON",
                "log_group": "/aws/lambda/back-lambda",
                "system_log_level": "INFO"
              }
            ],
            "memory_size": 1792,
            "package_type": "Image",
            "publish": false,
            "qualified_arn": "arn:aws:lambda:eu-central-1:711348555690:function:back-lambda:$LATEST",
            "qualified_invoke_arn": "arn:aws:apigateway:eu-central-1:lambda:path/2015-03-31/functions/arn:aws:lambda:eu-central-1:711348555690:function:back-lambda:$LATEST/invocations",
            "replace_security_groups_on_destroy": null,
            "replacement_security_group_ids": null,
            "reserved_concurrent_executions": -1,
            "role": "arn:aws:iam::711348555690:role/lambda-role",
            "runtime": "",
            "s3_bucket": null,
            "s3_key": null,
            "s3_object_version": null,
            "signing_job_arn": "",
            "signing_profile_version_arn": "",
            "skip_destroy": false,
            "snap_start": [],
            "source_code_hash": "f25f0bdc6c7a8384ed41a937fe83ae0acad48764319bec4771ef61a3f8ab4841",
            "source_code_size": 0,
            "tags": {},
            "tags_all": {},
            "timeout": 5,
            "timeouts": null,
            "tracing_config": [
              {
                "mode": "PassThrough"
              }
            ],
            "version": "$LATEST",
            "vpc_config": []
          },
          "sensitive_attributes": [],
          "private": "eyJlMmJmYjczMC1lY2FhLTExZTYtOGY4OC0zNDM2M2JjN2M0YzAiOnsiY3JlYXRlIjo2MDAwMDAwMDAwMDAsImRlbGV0ZSI6NjAwMDAwMDAwMDAwLCJ1cGRhdGUiOjYwMDAwMDAwMDAwMH19",
          "dependencies": [
            "aws_ecr_repository.BackRepo",
            "aws_iam_role.LambdaRole",
            "data.aws_ecr_authorization_token.token",
            "docker_image.BackImage"
          ]
        }
      ]
    },
    {
      "mode": "managed",
      "type": "aws_lambda_function_url",
      "name": "BackLambdaUrl",
      "provider": "provider[\"registry.terraform.io/hashicorp/aws\"]",
      "instances": [
        {
          "schema_version": 0,
          "attributes": {
            "authorization_type": "NONE",
            "cors": [],
            "function_arn": "arn:aws:lambda:eu-central-1:711348555690:function:back-lambda",
            "function_name": "back-lambda",
            "function_url": "https://bxhne6uumeuxjabn5oo4bpp4ty0jkcfg.lambda-url.eu-central-1.on.aws/",
            "id": "back-lambda",
            "invoke_mode": "BUFFERED",
            "qualifier": "",
            "timeouts": null,
            "url_id": "bxhne6uumeuxjabn5oo4bpp4ty0jkcfg"
          },
          "sensitive_attributes": [],
          "private": "eyJlMmJmYjczMC1lY2FhLTExZTYtOGY4OC0zNDM2M2JjN2M0YzAiOnsiY3JlYXRlIjo2MDAwMDAwMDAwMDB9fQ==",
          "dependencies": [
            "aws_ecr_repository.BackRepo",
            "aws_iam_role.LambdaRole",
            "aws_lambda_function.BackLambda",
            "data.aws_ecr_authorization_token.token",
            "docker_image.BackImage"
          ]
        }
      ]
    },
    {
      "mode": "managed",
      "type": "docker_image",
      "name": "BackImage",
      "provider": "provider[\"registry.terraform.io/kreuzwerker/docker\"]",
      "instances": [
        {
          "schema_version": 0,
          "attributes": {
            "build": [
              {
                "auth_config": [],
                "build_arg": null,
                "build_args": null,
                "build_id": "",
                "cache_from": [],
                "cgroup_parent": "",
                "context": "/home/user/github/cdktf-project/src/back",
                "cpu_period": null,
                "cpu_quota": null,
                "cpu_set_cpus": "",
                "cpu_set_mems": "",
                "cpu_shares": null,
                "dockerfile": "Dockerfile",
                "extra_hosts": [],
                "force_remove": null,
                "isolation": "",
                "label": null,
                "labels": null,
                "memory": null,
                "memory_swap": null,
                "network_mode": "",
                "no_cache": null,
                "platform": "",
                "pull_parent": null,
                "remote_context": "",
                "remove": true,
                "security_opt": [],
                "session_id": "",
                "shm_size": null,
                "squash": null,
                "suppress_output": null,
                "tag": [],
                "target": "",
                "ulimit": [],
                "version": ""
              }
            ],
            "force_remove": null,
            "id": "sha256:8c7bd2d2cef381aee337df481af4c97d574e68f27156dcc576b087246ff88594711348555690.dkr.ecr.eu-central-1.amazonaws.com/back-repo:latest",
            "image_id": "sha256:8c7bd2d2cef381aee337df481af4c97d574e68f27156dcc576b087246ff88594",
            "keep_locally": null,
            "name": "711348555690.dkr.ecr.eu-central-1.amazonaws.com/back-repo:latest",
            "platform": "linux/arm64",
            "pull_triggers": null,
            "repo_digest": "",
            "triggers": {
              "filesha256": "6a2c928da2e8506242a952b70b55d566893af06e0ca7c9d31b3cc83d0acb30cb"
            }
          },
          "sensitive_attributes": [],
          "private": "bnVsbA==",
          "dependencies": [
            "aws_ecr_repository.BackRepo",
            "data.aws_ecr_authorization_token.token"
          ]
        }
      ]
    },
    {
      "mode": "managed",
      "type": "docker_image",
      "name": "FrontImage",
      "provider": "provider[\"registry.terraform.io/kreuzwerker/docker\"]",
      "instances": [
        {
          "schema_version": 0,
          "attributes": {
            "build": [
              {
                "auth_config": [],
                "build_arg": {},
                "build_args": {},
                "build_id": "",
                "cache_from": [],
                "cgroup_parent": "",
                "context": "/home/user/github/cdktf-project/src/front",
                "cpu_period": 0,
                "cpu_quota": 0,
                "cpu_set_cpus": "",
                "cpu_set_mems": "",
                "cpu_shares": 0,
                "dockerfile": "Dockerfile",
                "extra_hosts": [],
                "force_remove": false,
                "isolation": "",
                "label": {},
                "labels": {},
                "memory": 0,
                "memory_swap": 0,
                "network_mode": "",
                "no_cache": false,
                "platform": "",
                "pull_parent": false,
                "remote_context": "",
                "remove": true,
                "security_opt": [],
                "session_id": "",
                "shm_size": 0,
                "squash": false,
                "suppress_output": false,
                "tag": [],
                "target": "",
                "ulimit": [],
                "version": ""
              }
            ],
            "force_remove": null,
            "id": "sha256:c78d471df96f5bf0d4538c961fbbf07e1f790f0d2c2dc8feae2d573d7c44e883711348555690.dkr.ecr.eu-central-1.amazonaws.com/front-repo:latest",
            "image_id": "sha256:c78d471df96f5bf0d4538c961fbbf07e1f790f0d2c2dc8feae2d573d7c44e883",
            "keep_locally": null,
            "name": "711348555690.dkr.ecr.eu-central-1.amazonaws.com/front-repo:latest",
            "platform": "linux/arm64",
            "pull_triggers": null,
            "repo_digest": "711348555690.dkr.ecr.eu-central-1.amazonaws.com/front-repo@sha256:b30c3a220dee33d6bd87ded8c742b08dd68a7f738791ad589dc6f45c71dfd428",
            "triggers": {
              "filesha256": "9dd6df6a8aad0c5be2d0ff5d66c31f6c68abffb59be1e1152729b8af7f349738"
            }
          },
          "sensitive_attributes": [],
          "private": "bnVsbA==",
          "dependencies": [
            "aws_ecr_repository.FrontRepo",
            "data.aws_ecr_authorization_token.token"
          ]
        }
      ]
    },
    {
      "mode": "managed",
      "type": "docker_registry_image",
      "name": "BackPush",
      "provider": "provider[\"registry.terraform.io/kreuzwerker/docker\"]",
      "instances": [
        {
          "schema_version": 0,
          "attributes": {
            "id": "sha256:4a124ec6ebb08895c959b091f53c4f4b23901bfce9193c38ad0a3ea320017be0",
            "insecure_skip_verify": false,
            "keep_remotely": false,
            "name": "711348555690.dkr.ecr.eu-central-1.amazonaws.com/back-repo:latest",
            "sha256_digest": "sha256:4a124ec6ebb08895c959b091f53c4f4b23901bfce9193c38ad0a3ea320017be0",
            "triggers": {
              "filesha256": "6a2c928da2e8506242a952b70b55d566893af06e0ca7c9d31b3cc83d0acb30cb"
            }
          },
          "sensitive_attributes": [],
          "private": "bnVsbA==",
          "dependencies": [
            "aws_ecr_repository.BackRepo",
            "data.aws_ecr_authorization_token.token",
            "docker_image.BackImage"
          ]
        }
      ]
    },
    {
      "mode": "managed",
      "type": "docker_registry_image",
      "name": "FrontPush",
      "provider": "provider[\"registry.terraform.io/kreuzwerker/docker\"]",
      "instances": [
        {
          "schema_version": 0,
          "attributes": {
            "id": "sha256:b30c3a220dee33d6bd87ded8c742b08dd68a7f738791ad589dc6f45c71dfd428",
            "insecure_skip_verify": false,
            "keep_remotely": false,
            "name": "711348555690.dkr.ecr.eu-central-1.amazonaws.com/front-repo:latest",
            "sha256_digest": "sha256:b30c3a220dee33d6bd87ded8c742b08dd68a7f738791ad589dc6f45c71dfd428",
            "triggers": {
              "filesha256": "9dd6df6a8aad0c5be2d0ff5d66c31f6c68abffb59be1e1152729b8af7f349738"
            }
          },
          "sensitive_attributes": [],
          "private": "bnVsbA==",
          "dependencies": [
            "aws_ecr_repository.FrontRepo",
            "data.aws_ecr_authorization_token.token",
            "docker_image.FrontImage"
          ]
        }
      ]
    }
  ],
  "check_results": null
}
