{
  "version": 4,
  "terraform_version": "1.7.0",
  "serial": 144,
  "lineage": "a595879c-8348-d326-a097-97e4ec7507b9",
  "outputs": {},
  "resources": [
    {
      "mode": "data",
      "type": "aws_ecr_authorization_token",
      "name": "token",
      "provider": "provider[\"registry.terraform.io/hashicorp/aws\"]",
      "instances": [
        {
          "schema_version": 0,
          "attributes": {
            "authorization_token": "QVdTOmV5SndZWGxzYjJGa0lqb2lPSGMzTW5sNFJscHlNazR6VUZKa01UQldNazlDVDJ0bEsyTk5hMVJ3ZW01NFNpdGpVemd6Ym5GMlIwNTJjV2gyYm0wM1dreEVWMnhFWmpZd1UyaEZlVGhNWXpSNFZrUTBVbmxwYzNVdlpuWjZLMWd2Y2pGaVJVOHhPVVI2Ym1OQlVWVklSbVppY1ZkVlNESTRVazlMVURaUVZuWldXbk5UYTJ3dlNqRTNRMGhOYnpnNVlUWlVMMDVDTjJSbFFqbG9kelpGSzFCSE5uRmpTU3RsVDBab05sWnVRUzlhY1ZaaFkzWTViamt6SzBkWlJubFpXVGxXZDBrM01qbHRVREpHUnpWSFJWUTBTR3c1U3pJd2NHaDJVM1ZaTDJoM1lVZE5Wek5vWlROWVQyWXpaMkZKZW1vM1oxZG9SeXRQV0hZM1ozWm9VMmx4VGtsT04yUXlkVWx0VTJ4NVpUbENPVTFQVFdwaVdYTm5abEU0UW5aUE5XMUdTek52UTFST1MweHFXRTFpTHpoTmNXOHJTVVZtTjNOMGQwWmllSFpVVlhkNk5HZ3JaV3MzVEU5c2FVTnFkM1p0Ukc5T2VGTk9NVFJKYW5GSmJWVndaVVJYY1d0SU5YUlpNR2hrU0U5NE0wNUdXbGRyYzJkdVFWQlBPRUl6TkcxamQxbDZNRzlTUlVSWFRtMUNXa3A2YjFsdVZITjNlV3hOWkdOek1pdEthWFprVkVFMFVsbGlSR3BPYVhJMlVYZE1lRTQzVDBoSGJFZGFkMjVxY25SQllXUjBkV2RrZWtWUVdVUXlTRzUxUVhwWlUybFlkVXN2VEdWUWJrUjRhRGsxWW5oWmN6TnFhV1pDVVRWQlpFdG1URkpYZFZKYVNVVnZjR0ZhTmpsemRWcHBUek5HVUUxbU1VazVSVmw2V21ablpFbGFZa1YxVjJ4RWFEUnFSVVpFTVVwa1pERk1Na3huVlcxS1JVSklPSFp6Vld0bmQwUldhR1Z4TlhoT1RHMDVNVEoyU0ZKbVVEZDRkRVZ0Y0ZnNWVXMUJOVXhHWWpGbVNVSkhPV1JVVEU4M1RuaE9UbHBwTDFNelNFZEpVMXBpYlhWd01EUnJZa0Z2V1hRd1ExTnFWRlpQVDJwRU5YWTVXREJuU0U5WFVsbzRPWHB4TlVwdFVsQXdMMmwxY0dNeFNuZzNSa2hhYlUxelMxUkRRM0ZMY1RaSWRHTm9jbTVVWjFwRWVWaGlOa3g2WTFWVVQweEtWQzlSU21KTlptWmlSMDU1T0hKRWN5OXlXSGg2U1dOeWVubzNTelIxV1RrNGFtdFNkMnhXUjB0SmFGTXplbEZxTnpCNVR6a3hSa1pRVGl0VFZGSmtkR3hvVFZwME5pdFdSMHBJZGxKMlJHNWphRU5DUm5jellXbFhkblJzV2xSbFJYWm9RbkZLUmxWb1JscDBZMWhtT1U1a2NrbHJOMk4wTlVWblNXMTNXVmx4YkZWSlQyeGxUWEJqUlVSaGNtMTBaRGsxUW5wbmVVUk9kMjFGVkdrcldXNTFNbEpEUTJVMVFXUlVNWE5KU0d4RVNqQkVSalZJWkhFME5FNVNaV28yYkRVemEyWnNUVkE0WmxGM1NscFlVbTFEVjBnMWJuazFjRzVUSzBReVQyRlBSMEpXTUVjck9XUndlWHAyV1ZwSVRrdFFaakE0UjJkVVJVYzNiUzkyWVdoRFVtOURPR2xhWkVadmMybHRUa1UxWTJoUVJHRnVXV0poWTBZMmVWZDNhMjUwUlZkeWJWTXZaR2MwZUZnMVIyOXJXR1ZUVXpaWmFEaFZVM1ozUmxJeWJGcE1TRlZMUWpKWmJqWmFaV3hxVDNSR2VVcFBUVXhXVGl0TGNHcEJNVWhEWjBsV2NYaGFVVUY0U2tWQ2JUUmtaVU5GWm1sUVV5OW9TV0p0YnpOeVdtRkZVREpHUVVwaU4xRTNaazFoZUdWM1QwVnBRblJsUWxGakwxcHRTRWxZVURoQ2RVcHhjalp6Y0ZWT1dYbEhUVVpoY0RsR1UycHRRMmhoTkRRaUxDSmtZWFJoYTJWNUlqb2lRVkZGUWtGSWFETjZXVTlrZEhCQ1FsTldkeTlaTW1GdU9FSllTVVEwYTNkTVVXWnViMVJxTlhwM1duUkhTbHB2V2xGQlFVRklOSGRtUVZsS1MyOWFTV2gyWTA1QlVXTkhiMGM0ZDJKUlNVSkJSRUp2UW1kcmNXaHJhVWM1ZHpCQ1FuZEZkMGhuV1VwWlNWcEpRVmRWUkVKQlJYVk5Ra1ZGUkVzd2RqZGtUa3RUYzNsVE1XOVNVVGhCU1VKRlNVRTNkek5IVGtkQ2RVZEJSREpNUlhwRGVFcHJVVkJKUVhSV1NURk1aMVZ3YVc1MlNGTTRVRGRRVW5CaFFWRnlTVGhZYjBrMFYyVllOMmQ2WWpGNGNtcGpVbU5WVFhjck1Ga3dhbTl2TVdOUlJUMGlMQ0oyWlhKemFXOXVJam9pTWlJc0luUjVjR1VpT2lKRVFWUkJYMHRGV1NJc0ltVjRjR2x5WVhScGIyNGlPakUzTURZeE5ESTNNVEY5",
            "expires_at": "2024-01-25T00:31:51Z",
            "id": "eu-central-1",
            "password": "eyJwYXlsb2FkIjoiOHc3Mnl4RlpyMk4zUFJkMTBWMk9CT2tlK2NNa1Rwem54SitjUzgzbnF2R052cWh2bm03WkxEV2xEZjYwU2hFeThMYzR4VkQ0Unlpc3UvZnZ6K1gvcjFiRU8xOUR6bmNBUVVIRmZicVdVSDI4Uk9LUDZQVnZWWnNTa2wvSjE3Q0hNbzg5YTZUL05CN2RlQjlodzZFK1BHNnFjSStlT0ZoNlZuQS9acVZhY3Y5bjkzK0dZRnlZWTlWd0k3MjltUDJGRzVHRVQ0SGw5SzIwcGh2U3VZL2h3YUdNVzNoZTNYT2YzZ2FJemo3Z1doRytPWHY3Z3ZoU2lxTklON2QydUltU2x5ZTlCOU1PTWpiWXNnZlE4QnZPNW1GSzNvQ1ROS0xqWE1iLzhNcW8rSUVmN3N0d0ZieHZUVXd6NGgrZWs3TE9saUNqd3ZtRG9OeFNOMTRJanFJbVVwZURXcWtINXRZMGhkSE94M05GWldrc2duQVBPOEIzNG1jd1l6MG9SRURXTm1CWkp6b1luVHN3eWxNZGNzMitKaXZkVEE0UlliRGpOaXI2UXdMeE43T0hHbEdad25qcnRBYWR0dWdkekVQWUQySG51QXpZU2lYdUsvTGVQbkR4aDk1YnhZczNqaWZCUTVBZEtmTFJXdVJaSUVvcGFaNjlzdVppTzNGUE1mMUk5RVl6WmZnZElaYkV1V2xEaDRqRUZEMUpkZDFMMkxnVW1KRUJIOHZzVWtnd0RWaGVxNXhOTG05MTJ2SFJmUDd4dEVtcFg5eW1BNUxGYjFmSUJHOWRUTE83TnhOTlppL1MzSEdJU1pibXVwMDRrYkFvWXQwQ1NqVFZPT2pENXY5WDBnSE9XUlo4OXpxNUptUlAwL2l1cGMxSng3RkhabU1zS1RDQ3FLcTZIdGNocm5UZ1pEeVhiNkx6Y1VUT0xKVC9RSmJNZmZiR055OHJEcy9yWHh6SWNyeno3SzR1WTk4amtSd2xWR0tJaFMzelFqNzB5TzkxRkZQTitTVFJkdGxoTVp0NitWR0pIdlJ2RG5jaENCRnczYWlXdnRsWlRlRXZoQnFKRlVoRlp0Y1hmOU5kcklrN2N0NUVnSW13WVlxbFVJT2xlTXBjRURhcm10ZDk1QnpneUROd21FVGkrWW51MlJDQ2U1QWRUMXNJSGxESjBERjVIZHE0NE5SZWo2bDUza2ZsTVA4ZlF3SlpYUm1DV0g1bnk1cG5TK0QyT2FPR0JWMEcrOWRweXp2WVpITktQZjA4R2dURUc3bS92YWhDUm9DOGlaZEZvc2ltTkU1Y2hQRGFuWWJhY0Y2eVd3a250RVdybVMvZGc0eFg1R29rWGVTUzZZaDhVU3Z3RlIybFpMSFVLQjJZbjZaZWxqT3RGeUpPTUxWTitLcGpBMUhDZ0lWcXhaUUF4SkVCbTRkZUNFZmlQUy9oSWJtbzNyWmFFUDJGQUpiN1E3Zk1heGV3T0VpQnRlQlFjL1ptSElYUDhCdUpxcjZzcFVOWXlHTUZhcDlGU2ptQ2hhNDQiLCJkYXRha2V5IjoiQVFFQkFIaDN6WU9kdHBCQlNWdy9ZMmFuOEJYSUQ0a3dMUWZub1RqNXp3WnRHSlpvWlFBQUFINHdmQVlKS29aSWh2Y05BUWNHb0c4d2JRSUJBREJvQmdrcWhraUc5dzBCQndFd0hnWUpZSVpJQVdVREJBRXVNQkVFREswdjdkTktTc3lTMW9SUThBSUJFSUE3dzNHTkdCdUdBRDJMRXpDeEprUVBJQXRWSTFMZ1VwaW52SFM4UDdQUnBhQVFySThYb0k0V2VYN2d6YjF4cmpjUmNVTXcrMFkwam9vMWNRRT0iLCJ2ZXJzaW9uIjoiMiIsInR5cGUiOiJEQVRBX0tFWSIsImV4cGlyYXRpb24iOjE3MDYxNDI3MTF9",
            "proxy_endpoint": "https://711348555690.dkr.ecr.eu-central-1.amazonaws.com",
            "registry_id": null,
            "user_name": "AWS"
          },
          "sensitive_attributes": []
        }
      ]
    },
    {
      "mode": "managed",
      "type": "aws_ecr_repository",
      "name": "BackRepo",
      "provider": "provider[\"registry.terraform.io/hashicorp/aws\"]",
      "instances": [
        {
          "schema_version": 0,
          "attributes": {
            "arn": "arn:aws:ecr:eu-central-1:711348555690:repository/back-repo",
            "encryption_configuration": [
              {
                "encryption_type": "AES256",
                "kms_key": ""
              }
            ],
            "force_delete": null,
            "id": "back-repo",
            "image_scanning_configuration": [
              {
                "scan_on_push": false
              }
            ],
            "image_tag_mutability": "MUTABLE",
            "name": "back-repo",
            "registry_id": "711348555690",
            "repository_url": "711348555690.dkr.ecr.eu-central-1.amazonaws.com/back-repo",
            "tags": {},
            "tags_all": {},
            "timeouts": null
          },
          "sensitive_attributes": [],
          "private": "eyJlMmJmYjczMC1lY2FhLTExZTYtOGY4OC0zNDM2M2JjN2M0YzAiOnsiZGVsZXRlIjoxMjAwMDAwMDAwMDAwfX0="
        }
      ]
    },
    {
      "mode": "managed",
      "type": "aws_ecr_repository",
      "name": "FrontRepo",
      "provider": "provider[\"registry.terraform.io/hashicorp/aws\"]",
      "instances": [
        {
          "schema_version": 0,
          "attributes": {
            "arn": "arn:aws:ecr:eu-central-1:711348555690:repository/front-repo",
            "encryption_configuration": [
              {
                "encryption_type": "AES256",
                "kms_key": ""
              }
            ],
            "force_delete": null,
            "id": "front-repo",
            "image_scanning_configuration": [
              {
                "scan_on_push": false
              }
            ],
            "image_tag_mutability": "MUTABLE",
            "name": "front-repo",
            "registry_id": "711348555690",
            "repository_url": "711348555690.dkr.ecr.eu-central-1.amazonaws.com/front-repo",
            "tags": {},
            "tags_all": {},
            "timeouts": null
          },
          "sensitive_attributes": [],
          "private": "eyJlMmJmYjczMC1lY2FhLTExZTYtOGY4OC0zNDM2M2JjN2M0YzAiOnsiZGVsZXRlIjoxMjAwMDAwMDAwMDAwfX0="
        }
      ]
    },
    {
      "mode": "managed",
      "type": "aws_iam_role",
      "name": "LambdaRole",
      "provider": "provider[\"registry.terraform.io/hashicorp/aws\"]",
      "instances": [
        {
          "schema_version": 0,
          "attributes": {
            "arn": "arn:aws:iam::711348555690:role/lambda-role",
            "assume_role_policy": "{\"Statement\":[{\"Action\":\"sts:AssumeRole\",\"Effect\":\"Allow\",\"Principal\":{\"Service\":\"lambda.amazonaws.com\"}}],\"Version\":\"2012-10-17\"}",
            "create_date": "2024-01-24T09:19:00Z",
            "description": "",
            "force_detach_policies": false,
            "id": "lambda-role",
            "inline_policy": [],
            "managed_policy_arns": [
              "arn:aws:iam::aws:policy/service-role/AWSLambdaBasicExecutionRole"
            ],
            "max_session_duration": 3600,
            "name": "lambda-role",
            "name_prefix": "",
            "path": "/",
            "permissions_boundary": "",
            "tags": {},
            "tags_all": {},
            "unique_id": "AROA2LH5NR6VHPN5QYHTG"
          },
          "sensitive_attributes": [],
          "private": "bnVsbA=="
        }
      ]
    },
    {
      "mode": "managed",
      "type": "aws_iam_role_policy_attachment",
      "name": "LambdaExecPolicyAttachment",
      "provider": "provider[\"registry.terraform.io/hashicorp/aws\"]",
      "instances": [
        {
          "schema_version": 0,
          "attributes": {
            "id": "lambda-role-20240124091902102000000001",
            "policy_arn": "arn:aws:iam::aws:policy/service-role/AWSLambdaBasicExecutionRole",
            "role": "lambda-role"
          },
          "sensitive_attributes": [],
          "private": "bnVsbA==",
          "dependencies": [
            "aws_iam_role.LambdaRole"
          ]
        }
      ]
    },
    {
      "mode": "managed",
      "type": "aws_lambda_function",
      "name": "BackLambda",
      "provider": "provider[\"registry.terraform.io/hashicorp/aws\"]",
      "instances": [
        {
          "schema_version": 0,
          "attributes": {
            "architectures": [
              "arm64"
            ],
            "arn": "arn:aws:lambda:eu-central-1:711348555690:function:back-lambda",
            "code_signing_config_arn": "",
            "dead_letter_config": [],
            "description": "",
            "environment": [],
            "ephemeral_storage": [
              {
                "size": 512
              }
            ],
            "file_system_config": [],
            "filename": null,
            "function_name": "back-lambda",
            "handler": "",
            "id": "back-lambda",
            "image_config": [],
            "image_uri": "711348555690.dkr.ecr.eu-central-1.amazonaws.com/back-repo:latest",
            "invoke_arn": "arn:aws:apigateway:eu-central-1:lambda:path/2015-03-31/functions/arn:aws:lambda:eu-central-1:711348555690:function:back-lambda/invocations",
            "kms_key_arn": "",
            "last_modified": "2024-01-24T12:31:53.000+0000",
            "layers": [],
            "logging_config": [
              {
                "application_log_level": "INFO",
                "log_format": "JSON",
                "log_group": "/aws/lambda/back-lambda",
                "system_log_level": "INFO"
              }
            ],
            "memory_size": 1792,
            "package_type": "Image",
            "publish": false,
            "qualified_arn": "arn:aws:lambda:eu-central-1:711348555690:function:back-lambda:$LATEST",
            "qualified_invoke_arn": "arn:aws:apigateway:eu-central-1:lambda:path/2015-03-31/functions/arn:aws:lambda:eu-central-1:711348555690:function:back-lambda:$LATEST/invocations",
            "replace_security_groups_on_destroy": null,
            "replacement_security_group_ids": null,
            "reserved_concurrent_executions": -1,
            "role": "arn:aws:iam::711348555690:role/lambda-role",
            "runtime": "",
            "s3_bucket": null,
            "s3_key": null,
            "s3_object_version": null,
            "signing_job_arn": "",
            "signing_profile_version_arn": "",
            "skip_destroy": false,
            "snap_start": [],
            "source_code_hash": "f25f0bdc6c7a8384ed41a937fe83ae0acad48764319bec4771ef61a3f8ab4841",
            "source_code_size": 0,
            "tags": {},
            "tags_all": {},
            "timeout": 5,
            "timeouts": null,
            "tracing_config": [
              {
                "mode": "PassThrough"
              }
            ],
            "version": "$LATEST",
            "vpc_config": []
          },
          "sensitive_attributes": [],
          "private": "eyJlMmJmYjczMC1lY2FhLTExZTYtOGY4OC0zNDM2M2JjN2M0YzAiOnsiY3JlYXRlIjo2MDAwMDAwMDAwMDAsImRlbGV0ZSI6NjAwMDAwMDAwMDAwLCJ1cGRhdGUiOjYwMDAwMDAwMDAwMH19",
          "dependencies": [
            "aws_ecr_repository.BackRepo",
            "aws_iam_role.LambdaRole",
            "data.aws_ecr_authorization_token.token",
            "docker_image.BackImage"
          ]
        }
      ]
    },
    {
      "mode": "managed",
      "type": "aws_lambda_function_url",
      "name": "BackLambdaUrl",
      "provider": "provider[\"registry.terraform.io/hashicorp/aws\"]",
      "instances": [
        {
          "schema_version": 0,
          "attributes": {
            "authorization_type": "NONE",
            "cors": [],
            "function_arn": "arn:aws:lambda:eu-central-1:711348555690:function:back-lambda",
            "function_name": "back-lambda",
            "function_url": "https://bxhne6uumeuxjabn5oo4bpp4ty0jkcfg.lambda-url.eu-central-1.on.aws/",
            "id": "back-lambda",
            "invoke_mode": "BUFFERED",
            "qualifier": "",
            "timeouts": null,
            "url_id": "bxhne6uumeuxjabn5oo4bpp4ty0jkcfg"
          },
          "sensitive_attributes": [],
          "private": "eyJlMmJmYjczMC1lY2FhLTExZTYtOGY4OC0zNDM2M2JjN2M0YzAiOnsiY3JlYXRlIjo2MDAwMDAwMDAwMDB9fQ==",
          "dependencies": [
            "aws_ecr_repository.BackRepo",
            "aws_iam_role.LambdaRole",
            "aws_lambda_function.BackLambda",
            "data.aws_ecr_authorization_token.token",
            "docker_image.BackImage"
          ]
        }
      ]
    },
    {
      "mode": "managed",
      "type": "docker_image",
      "name": "BackImage",
      "provider": "provider[\"registry.terraform.io/kreuzwerker/docker\"]",
      "instances": [
        {
          "schema_version": 0,
          "attributes": {
            "build": [
              {
                "auth_config": [],
                "build_arg": {},
                "build_args": {},
                "build_id": "",
                "cache_from": [],
                "cgroup_parent": "",
                "context": "/home/user/github/cdktf-project/src/back",
                "cpu_period": 0,
                "cpu_quota": 0,
                "cpu_set_cpus": "",
                "cpu_set_mems": "",
                "cpu_shares": 0,
                "dockerfile": "Dockerfile",
                "extra_hosts": [],
                "force_remove": false,
                "isolation": "",
                "label": {},
                "labels": {},
                "memory": 0,
                "memory_swap": 0,
                "network_mode": "",
                "no_cache": false,
                "platform": "",
                "pull_parent": false,
                "remote_context": "",
                "remove": true,
                "security_opt": [],
                "session_id": "",
                "shm_size": 0,
                "squash": false,
                "suppress_output": false,
                "tag": [],
                "target": "",
                "ulimit": [],
                "version": ""
              }
            ],
            "force_remove": null,
            "id": "sha256:e51d39e084f4ad8c3026d0eb91d0ba4c5556c5dba389125ef941a0c84f9e5054711348555690.dkr.ecr.eu-central-1.amazonaws.com/back-repo:latest",
            "image_id": "sha256:e51d39e084f4ad8c3026d0eb91d0ba4c5556c5dba389125ef941a0c84f9e5054",
            "keep_locally": null,
            "name": "711348555690.dkr.ecr.eu-central-1.amazonaws.com/back-repo:latest",
            "platform": "linux/arm64",
            "pull_triggers": null,
            "repo_digest": "",
            "triggers": {
              "file_sha256": "572b07adbed0b1fe69986fbe2b211d50f420839f4aa47cd5785acebb6b7ba8cb"
            }
          },
          "sensitive_attributes": [],
          "private": "bnVsbA==",
          "dependencies": [
            "aws_ecr_repository.BackRepo",
            "data.aws_ecr_authorization_token.token"
          ]
        }
      ]
    },
    {
      "mode": "managed",
      "type": "docker_image",
      "name": "FrontImage",
      "provider": "provider[\"registry.terraform.io/kreuzwerker/docker\"]",
      "instances": [
        {
          "schema_version": 0,
          "attributes": {
            "build": [
              {
                "auth_config": [],
                "build_arg": {},
                "build_args": {},
                "build_id": "",
                "cache_from": [],
                "cgroup_parent": "",
                "context": "/home/user/github/cdktf-project/src/front",
                "cpu_period": 0,
                "cpu_quota": 0,
                "cpu_set_cpus": "",
                "cpu_set_mems": "",
                "cpu_shares": 0,
                "dockerfile": "Dockerfile",
                "extra_hosts": [],
                "force_remove": false,
                "isolation": "",
                "label": {},
                "labels": {},
                "memory": 0,
                "memory_swap": 0,
                "network_mode": "",
                "no_cache": false,
                "platform": "",
                "pull_parent": false,
                "remote_context": "",
                "remove": true,
                "security_opt": [],
                "session_id": "",
                "shm_size": 0,
                "squash": false,
                "suppress_output": false,
                "tag": [],
                "target": "",
                "ulimit": [],
                "version": ""
              }
            ],
            "force_remove": null,
            "id": "sha256:c78d471df96f5bf0d4538c961fbbf07e1f790f0d2c2dc8feae2d573d7c44e883711348555690.dkr.ecr.eu-central-1.amazonaws.com/front-repo:latest",
            "image_id": "sha256:c78d471df96f5bf0d4538c961fbbf07e1f790f0d2c2dc8feae2d573d7c44e883",
            "keep_locally": null,
            "name": "711348555690.dkr.ecr.eu-central-1.amazonaws.com/front-repo:latest",
            "platform": "linux/arm64",
            "pull_triggers": null,
            "repo_digest": "711348555690.dkr.ecr.eu-central-1.amazonaws.com/front-repo@sha256:b30c3a220dee33d6bd87ded8c742b08dd68a7f738791ad589dc6f45c71dfd428",
            "triggers": {
              "file_sha256": "9dd6df6a8aad0c5be2d0ff5d66c31f6c68abffb59be1e1152729b8af7f349738"
            }
          },
          "sensitive_attributes": [],
          "private": "bnVsbA==",
          "dependencies": [
            "aws_ecr_repository.FrontRepo",
            "data.aws_ecr_authorization_token.token"
          ]
        }
      ]
    },
    {
      "mode": "managed",
      "type": "docker_registry_image",
      "name": "BackUpload",
      "provider": "provider[\"registry.terraform.io/kreuzwerker/docker\"]",
      "instances": [
        {
          "schema_version": 0,
          "attributes": {
            "id": "sha256:0a04aa3f718afb932eceb2bf010d1c599d547e5ca8fb63bdb31f025c9b9500c0",
            "insecure_skip_verify": false,
            "keep_remotely": false,
            "name": "711348555690.dkr.ecr.eu-central-1.amazonaws.com/back-repo:latest",
            "sha256_digest": "sha256:0a04aa3f718afb932eceb2bf010d1c599d547e5ca8fb63bdb31f025c9b9500c0",
            "triggers": null
          },
          "sensitive_attributes": [],
          "private": "bnVsbA==",
          "dependencies": [
            "aws_ecr_repository.BackRepo",
            "data.aws_ecr_authorization_token.token",
            "docker_image.BackImage"
          ]
        }
      ]
    },
    {
      "mode": "managed",
      "type": "docker_registry_image",
      "name": "FrontUpload",
      "provider": "provider[\"registry.terraform.io/kreuzwerker/docker\"]",
      "instances": [
        {
          "schema_version": 0,
          "attributes": {
            "id": "sha256:b30c3a220dee33d6bd87ded8c742b08dd68a7f738791ad589dc6f45c71dfd428",
            "insecure_skip_verify": false,
            "keep_remotely": false,
            "name": "711348555690.dkr.ecr.eu-central-1.amazonaws.com/front-repo:latest",
            "sha256_digest": "sha256:b30c3a220dee33d6bd87ded8c742b08dd68a7f738791ad589dc6f45c71dfd428",
            "triggers": null
          },
          "sensitive_attributes": [],
          "private": "bnVsbA==",
          "dependencies": [
            "aws_ecr_repository.FrontRepo",
            "data.aws_ecr_authorization_token.token",
            "docker_image.FrontImage"
          ]
        }
      ]
    }
  ],
  "check_results": null
}
