{
  "version": 4,
  "terraform_version": "1.7.0",
  "serial": 811,
  "lineage": "a595879c-8348-d326-a097-97e4ec7507b9",
  "outputs": {},
  "resources": [
    {
      "mode": "data",
      "type": "aws_ecr_authorization_token",
      "name": "token",
      "provider": "provider[\"registry.terraform.io/hashicorp/aws\"]",
      "instances": [
        {
          "schema_version": 0,
          "attributes": {
            "authorization_token": "QVdTOmV5SndZWGxzYjJGa0lqb2lPVWh1ZDFRNVdYRldRWHB4YURWSFYzWk1lVFZxTldoSE5uZ3ZNMnN2Y1hNd2VGcEpRVUpWUWxocFpHZG9MMmxZZEVaTWVXVjBZMWxSVUZCd2VrRnFiVzR6UmpORWJuWnpSa05tYldocWJXVmxlVWhQUW1veU0yUXZVVVZvVEVsMWNGcElWRWt5Tkd4dWFuQkhNbkJNUmtwcFdEVnVhSFk1TjNKVmNVZENhVXBMWml0dVRHeEJlWGt6Ym01SVVHZGFRekJ6ZDFkVE5FSkdSbFZPTkZsbmNuSldkV0pFT0dkcU4xVTNSazR5VDJkbE1VbGtRVlJJVFRFNVVHVlpORTVaU1ZsbmVrdHRWMVpQSzBsdU9HcFllbFJTUmpSVFMyNDBXRXhOZUdscE9FcElWMVJaVjNkTmFWVlVaa2Q1VWl0SFNtUm1hV1ZGY1doS2JuTlhPSHA2T0c5a1ZqUmtWMFJTY1VsQ2J6VjNhWEJaWnpkbU1FdGtibVEzU2pod1UxSklWMkpQZVZwQlQwZFRaamxhWldSc1pWa3ZNMFpGUmk4dk5TOUJXVFJHU0RGeU9WQk5OR00yTUdkbFNUbHlaVkpRVFZsMWQyVjJhblJwZFhvMFozVnlVM1pMUjBocWIyaFZXbTR3ZGpVMVMxRXlNQzg1TTBNcmEyWlBTbnBaWWk5cFRYZGlPV1prWTNWYWNuSmtkelpTTUdkVmFGWjFabUp3UlUwelZFVkhjR2sxVmpkd2VIRTVaM3BtUkdSeUsyWXZNemhrUmk5R2FqRkRaR3hSWTBGNWFraEdhUzlpZVdkTEwzVm5aWE5sTDJKeFJVdHVWVGxRU1VadlF6Uk9TRFp6Ym5rMVFraDJRMVJtUkRaMWJHWmFMek54V1cxdVdEUTNabVY2TTJNNGVrb3ZlV1ZPVUdSblUzaFNOMGcxYTFOVFZVeFZVbGhUVUU1bk4yaEViVk15VnpCRE1pOVJURnBaVm1aQ1FrbGFlVEpNVDJGaGNrWm5VRkF2VTBKMVNtMTFTblZ2V0c1TVkwOWhabmRSVGtaNU1qTjJVamhrWnpadVRIbEtUbkY2Y2xkeWNXRkpibU5hU0hoeEwzaHJSRVZKYUd0cFVERXZSR0ZJTkRoTlVGaHRMek14V1ZCSloxbFViV3QyT1RVM1EzbzRhbUZTUVUxNFRIZHRSRkU0ZVd4dWEwOVJWSHBTTWt0YWRsbEljMHNyYzJjclMwUkVlV1ZvZUVaNGNFczBLMUpSWlhvMGRFdHRNRGt2WlRWUWIyRnZlVFZwT1ZodFduTk1UbE5EZW1aaWNqUTVibWRZVFZSNGIwUTBjMUJJSzBaRFVsQmFRV0Z2S3pWMVdVaHhiRUp4ZGs1R1IyMVBkRTlHVFROVGJqVllPR2czVlZoUFdXbFpjRWx6ZDFkNFRVaHRVMWxMSzI5bE9HSTBPRGhHVFVWc1NXOXlkemhCVkdwbGNFUnRMMFZOYkN0YVpYbGxWMDVQWmxkdFZrTlJTamRPUlZneE4weE5TbU5DZFRSNGNERnpObmt2V0hVNVRYVndVMlpzTW5OUmVteHZiSEkxWTNOWlRVaFRTMGx1Vm1sSlUyTkdMM1Z6TDFOcU9YQllUazFEV0dKbGVVWm9abkpWV0ZKd2NIazJSR2hRSzB0a1lrVTViWHBuV2xwTFZUTlNWVGN4VHk5cVJrUm1abEZNVlRKR2JrRjJWSFppZEdSSGN5dGpkRzVITUVkWGJqTnRTMGRxVlRGNVJUbFRjWGMzV1ZZMloyOTZVVXRRTm10MVpuVllWalpCWW1OeVpuY3dXa2x6T0VWeWJWZHNRWFJuUVUxQk5IcFRMMFpPTVV0alZVbFBhRmM1UjNacmNGVk1PVEpYUmsxc1IxbHpURU5xU0ZNek5XeFJiaXMzU0ZkRlpqSTVNbTUyVkdaeWRVY3haWGs1U0ZSRFZWb3lRMG95ZFZweFVVNUdiRFJLTVZWaWIyZFFlR2hOYmpsemRXZFFTRWR0UzBkelYxZHdUeXRDU1RsVE5FZ3JPVGQ2V2praUxDSmtZWFJoYTJWNUlqb2lRVkZGUWtGSWFETjZXVTlrZEhCQ1FsTldkeTlaTW1GdU9FSllTVVEwYTNkTVVXWnViMVJxTlhwM1duUkhTbHB2V2xGQlFVRklOSGRtUVZsS1MyOWFTV2gyWTA1QlVXTkhiMGM0ZDJKUlNVSkJSRUp2UW1kcmNXaHJhVWM1ZHpCQ1FuZEZkMGhuV1VwWlNWcEpRVmRWUkVKQlJYVk5Ra1ZGUkV4UVRYcDZSMFpTVjAxbWVVSTFNazFCU1VKRlNVRTNNekpwVDJKS1lraHJhM1IzTW1ONlUzWnlZVkJGVTJka1lXeG1VbEpPWVhSWWNEa3hZMlE1ZHpkbWFsQkRiVFptSzA5eldVZHBNblJ6TUZsb2NrMTNOMm8wYUc0emFUZzNUa1F6YTNkNGR6MGlMQ0oyWlhKemFXOXVJam9pTWlJc0luUjVjR1VpT2lKRVFWUkJYMHRGV1NJc0ltVjRjR2x5WVhScGIyNGlPakUzTURZeU5qWTVNRGw5",
            "expires_at": "2024-01-26T11:01:49Z",
            "id": "eu-central-1",
            "password": "eyJwYXlsb2FkIjoiOUhud1Q5WXFWQXpxaDVHV3ZMeTVqNWhHNngvM2svcXMweFpJQUJVQlhpZGdoL2lYdEZMeWV0Y1lRUFBwekFqbW4zRjNEbnZzRkNmbWhqbWVleUhPQmoyM2QvUUVoTEl1cFpIVEkyNGxuanBHMnBMRkppWDVuaHY5N3JVcUdCaUpLZituTGxBeXkzbm5IUGdaQzBzd1dTNEJGRlVONFlncnJWdWJEOGdqN1U3Rk4yT2dlMUlkQVRITTE5UGVZNE5ZSVlnekttV1ZPK0luOGpYelRSRjRTS240WExNeGlpOEpIV1RZV3dNaVVUZkd5UitHSmRmaWVFcWhKbnNXOHp6OG9kVjRkV0RScUlCbzV3aXBZZzdmMEtkbmQ3SjhwU1JIV2JPeVpBT0dTZjlaZWRsZVkvM0ZFRi8vNS9BWTRGSDFyOVBNNGM2MGdlSTlyZVJQTVl1d2V2anRpdXo0Z3VyU3ZLR0hqb2hVWm4wdjU1S1EyMC85M0Mra2ZPSnpZYi9pTXdiOWZkY3VacnJkdzZSMGdVaFZ1ZmJwRU0zVEVHcGk1VjdweHE5Z3pmRGRyK2YvMzhkRi9GajFDZGxRY0F5akhGaS9ieWdLL3VnZXNlL2JxRUtuVTlQSUZvQzROSDZzbnk1Qkh2Q1RmRDZ1bGZaLzNxWW1uWDQ3ZmV6M2M4ekoveWVOUGRnU3hSN0g1a1NTVUxVUlhTUE5nN2hEbVMyVzBDMi9RTFpZVmZCQklaeTJMT2FhckZnUFAvU0J1Sm11SnVvWG5MY09hZndRTkZ5MjN2UjhkZzZuTHlKTnF6cldycWFJbmNaSHhxL3hrREVJaGtpUDEvRGFINDhNUFhtLzMxWVBJZ1lUbWt2OTU3Q3o4amFSQU14THdtRFE4eWxua09RVHpSMktadllIc0src2crS0REeWVoeEZ4cEs0K1JRZXo0dEttMDkvZTVQb2FveTVpOVhtWnNMTlNDemZicjQ5bmdYTVR4b0Q0c1BIK0ZDUlBaQWFvKzV1WUhxbEJxdk5GR21PdE9GTTNTbjVYOGg3VVhPWWlZcElzd1d4TUhtU1lLK29lOGI0ODhGTUVsSW9ydzhBVGplcERtL0VNbCtaZXllV05PZldtVkNRSjdORVgxN0xNSmNCdTR4cDFzNnkvWHU5TXVwU2ZsMnNRemxvbHI1Y3NZTUhTS0luVmlJU2NGL3VzL1NqOXBYTk1DWGJleUZoZnJVWFJwcHk2RGhQK0tkYkU5bXpnWlpLVTNSVTcxTy9qRkRmZlFMVTJGbkF2VHZidGRHcytjdG5HMEdXbjNtS0dqVTF5RTlTcXc3WVY2Z296UUtQNmt1ZnVYVjZBYmNyZncwWklzOEVybVdsQXRnQU1BNHpTL0ZOMUtjVUlPaFc5R3ZrcFVMOTJXRk1sR1lzTENqSFMzNWxRbis3SFdFZjI5Mm52VGZydUcxZXk5SFRDVVoyQ0oydVpxUU5GbDRKMVVib2dQeGhNbjlzdWdQSEdtS0dzV1dwTytCSTlTNEgrOTd6WjkiLCJkYXRha2V5IjoiQVFFQkFIaDN6WU9kdHBCQlNWdy9ZMmFuOEJYSUQ0a3dMUWZub1RqNXp3WnRHSlpvWlFBQUFINHdmQVlKS29aSWh2Y05BUWNHb0c4d2JRSUJBREJvQmdrcWhraUc5dzBCQndFd0hnWUpZSVpJQVdVREJBRXVNQkVFRExQTXp6R0ZSV01meUI1Mk1BSUJFSUE3MzJpT2JKYkhra3R3MmN6U3ZyYVBFU2dkYWxmUlJOYXRYcDkxY2Q5dzdmalBDbTZmK09zWUdpMnRzMFlock13N2o0aG4zaTg3TkQza3d4dz0iLCJ2ZXJzaW9uIjoiMiIsInR5cGUiOiJEQVRBX0tFWSIsImV4cGlyYXRpb24iOjE3MDYyNjY5MDl9",
            "proxy_endpoint": "https://711348555690.dkr.ecr.eu-central-1.amazonaws.com",
            "registry_id": null,
            "user_name": "AWS"
          },
          "sensitive_attributes": []
        }
      ]
    },
    {
      "mode": "managed",
      "type": "aws_ecr_repository",
      "name": "BackRepo",
      "provider": "provider[\"registry.terraform.io/hashicorp/aws\"]",
      "instances": [
        {
          "schema_version": 0,
          "attributes": {
            "arn": "arn:aws:ecr:eu-central-1:711348555690:repository/back-repo",
            "encryption_configuration": [
              {
                "encryption_type": "AES256",
                "kms_key": ""
              }
            ],
            "force_delete": null,
            "id": "back-repo",
            "image_scanning_configuration": [
              {
                "scan_on_push": false
              }
            ],
            "image_tag_mutability": "MUTABLE",
            "name": "back-repo",
            "registry_id": "711348555690",
            "repository_url": "711348555690.dkr.ecr.eu-central-1.amazonaws.com/back-repo",
            "tags": {},
            "tags_all": {},
            "timeouts": null
          },
          "sensitive_attributes": [],
          "private": "eyJlMmJmYjczMC1lY2FhLTExZTYtOGY4OC0zNDM2M2JjN2M0YzAiOnsiZGVsZXRlIjoxMjAwMDAwMDAwMDAwfX0="
        }
      ]
    },
    {
      "mode": "managed",
      "type": "aws_ecr_repository",
      "name": "FrontRepo",
      "provider": "provider[\"registry.terraform.io/hashicorp/aws\"]",
      "instances": [
        {
          "schema_version": 0,
          "attributes": {
            "arn": "arn:aws:ecr:eu-central-1:711348555690:repository/front-repo",
            "encryption_configuration": [
              {
                "encryption_type": "AES256",
                "kms_key": ""
              }
            ],
            "force_delete": null,
            "id": "front-repo",
            "image_scanning_configuration": [
              {
                "scan_on_push": false
              }
            ],
            "image_tag_mutability": "MUTABLE",
            "name": "front-repo",
            "registry_id": "711348555690",
            "repository_url": "711348555690.dkr.ecr.eu-central-1.amazonaws.com/front-repo",
            "tags": {},
            "tags_all": {},
            "timeouts": null
          },
          "sensitive_attributes": [],
          "private": "eyJlMmJmYjczMC1lY2FhLTExZTYtOGY4OC0zNDM2M2JjN2M0YzAiOnsiZGVsZXRlIjoxMjAwMDAwMDAwMDAwfX0="
        }
      ]
    },
    {
      "mode": "managed",
      "type": "aws_iam_role",
      "name": "LambdaRole",
      "provider": "provider[\"registry.terraform.io/hashicorp/aws\"]",
      "instances": [
        {
          "schema_version": 0,
          "attributes": {
            "arn": "arn:aws:iam::711348555690:role/lambda-role",
            "assume_role_policy": "{\"Statement\":[{\"Action\":\"sts:AssumeRole\",\"Effect\":\"Allow\",\"Principal\":{\"Service\":\"lambda.amazonaws.com\"}}],\"Version\":\"2012-10-17\"}",
            "create_date": "2024-01-25T22:58:02Z",
            "description": "",
            "force_detach_policies": false,
            "id": "lambda-role",
            "inline_policy": [],
            "managed_policy_arns": [
              "arn:aws:iam::aws:policy/service-role/AWSLambdaBasicExecutionRole"
            ],
            "max_session_duration": 3600,
            "name": "lambda-role",
            "name_prefix": "",
            "path": "/",
            "permissions_boundary": "",
            "tags": {},
            "tags_all": {},
            "unique_id": "AROA2LH5NR6VJ36BY2N2E"
          },
          "sensitive_attributes": [],
          "private": "bnVsbA=="
        }
      ]
    },
    {
      "mode": "managed",
      "type": "aws_iam_role_policy_attachment",
      "name": "LambdaExecPolicyAttachment",
      "provider": "provider[\"registry.terraform.io/hashicorp/aws\"]",
      "instances": [
        {
          "schema_version": 0,
          "attributes": {
            "id": "lambda-role-20240125225803821200000001",
            "policy_arn": "arn:aws:iam::aws:policy/service-role/AWSLambdaBasicExecutionRole",
            "role": "lambda-role"
          },
          "sensitive_attributes": [],
          "private": "bnVsbA==",
          "dependencies": [
            "aws_iam_role.LambdaRole"
          ]
        }
      ]
    },
    {
      "mode": "managed",
      "type": "aws_lambda_function",
      "name": "BackLambda",
      "provider": "provider[\"registry.terraform.io/hashicorp/aws\"]",
      "instances": [
        {
          "schema_version": 0,
          "attributes": {
            "architectures": [
              "arm64"
            ],
            "arn": "arn:aws:lambda:eu-central-1:711348555690:function:back-lambda",
            "code_signing_config_arn": "",
            "dead_letter_config": [],
            "description": "",
            "environment": [
              {
                "variables": {
                  "HOME": "/tmp"
                }
              }
            ],
            "ephemeral_storage": [
              {
                "size": 512
              }
            ],
            "file_system_config": [],
            "filename": null,
            "function_name": "back-lambda",
            "handler": "",
            "id": "back-lambda",
            "image_config": [],
            "image_uri": "711348555690.dkr.ecr.eu-central-1.amazonaws.com/back-repo@sha256:dc8133dfaa402e14891fcec6b2d3596ea8fcddd607f5f2de27ce5c1d5da6209e",
            "invoke_arn": "arn:aws:apigateway:eu-central-1:lambda:path/2015-03-31/functions/arn:aws:lambda:eu-central-1:711348555690:function:back-lambda/invocations",
            "kms_key_arn": "",
            "last_modified": "2024-01-25T23:02:13.000+0000",
            "layers": [],
            "logging_config": [
              {
                "application_log_level": "INFO",
                "log_format": "JSON",
                "log_group": "/aws/lambda/back-lambda",
                "system_log_level": "INFO"
              }
            ],
            "memory_size": 1792,
            "package_type": "Image",
            "publish": false,
            "qualified_arn": "arn:aws:lambda:eu-central-1:711348555690:function:back-lambda:$LATEST",
            "qualified_invoke_arn": "arn:aws:apigateway:eu-central-1:lambda:path/2015-03-31/functions/arn:aws:lambda:eu-central-1:711348555690:function:back-lambda:$LATEST/invocations",
            "replace_security_groups_on_destroy": null,
            "replacement_security_group_ids": null,
            "reserved_concurrent_executions": -1,
            "role": "arn:aws:iam::711348555690:role/lambda-role",
            "runtime": "",
            "s3_bucket": null,
            "s3_key": null,
            "s3_object_version": null,
            "signing_job_arn": "",
            "signing_profile_version_arn": "",
            "skip_destroy": false,
            "snap_start": [],
            "source_code_hash": "dc8133dfaa402e14891fcec6b2d3596ea8fcddd607f5f2de27ce5c1d5da6209e",
            "source_code_size": 0,
            "tags": {},
            "tags_all": {},
            "timeout": 5,
            "timeouts": null,
            "tracing_config": [
              {
                "mode": "PassThrough"
              }
            ],
            "version": "$LATEST",
            "vpc_config": []
          },
          "sensitive_attributes": [],
          "private": "eyJlMmJmYjczMC1lY2FhLTExZTYtOGY4OC0zNDM2M2JjN2M0YzAiOnsiY3JlYXRlIjo2MDAwMDAwMDAwMDAsImRlbGV0ZSI6NjAwMDAwMDAwMDAwLCJ1cGRhdGUiOjYwMDAwMDAwMDAwMH19",
          "dependencies": [
            "aws_ecr_repository.BackRepo",
            "aws_iam_role.LambdaRole",
            "data.aws_ecr_authorization_token.token",
            "docker_image.BackImage",
            "docker_registry_image.BackEcrImage"
          ]
        }
      ]
    },
    {
      "mode": "managed",
      "type": "aws_lambda_function_url",
      "name": "BackLambdaUrl",
      "provider": "provider[\"registry.terraform.io/hashicorp/aws\"]",
      "instances": [
        {
          "schema_version": 0,
          "attributes": {
            "authorization_type": "NONE",
            "cors": [],
            "function_arn": "arn:aws:lambda:eu-central-1:711348555690:function:back-lambda",
            "function_name": "back-lambda",
            "function_url": "https://qoz2gzi7pavrhzlza2vttbufei0iqhjt.lambda-url.eu-central-1.on.aws/",
            "id": "back-lambda",
            "invoke_mode": "BUFFERED",
            "qualifier": "",
            "timeouts": null,
            "url_id": "qoz2gzi7pavrhzlza2vttbufei0iqhjt"
          },
          "sensitive_attributes": [],
          "private": "eyJlMmJmYjczMC1lY2FhLTExZTYtOGY4OC0zNDM2M2JjN2M0YzAiOnsiY3JlYXRlIjo2MDAwMDAwMDAwMDB9fQ==",
          "dependencies": [
            "aws_ecr_repository.BackRepo",
            "aws_iam_role.LambdaRole",
            "aws_lambda_function.BackLambda",
            "data.aws_ecr_authorization_token.token",
            "docker_image.BackImage",
            "docker_registry_image.BackEcrImage"
          ]
        }
      ]
    },
    {
      "mode": "managed",
      "type": "docker_image",
      "name": "BackImage",
      "provider": "provider[\"registry.terraform.io/kreuzwerker/docker\"]",
      "instances": [
        {
          "schema_version": 0,
          "attributes": {
            "build": [
              {
                "auth_config": [],
                "build_arg": null,
                "build_args": null,
                "build_id": "",
                "cache_from": [],
                "cgroup_parent": "",
                "context": "/home/user/github/cdktf-project/src/back",
                "cpu_period": null,
                "cpu_quota": null,
                "cpu_set_cpus": "",
                "cpu_set_mems": "",
                "cpu_shares": null,
                "dockerfile": "Dockerfile",
                "extra_hosts": [],
                "force_remove": null,
                "isolation": "",
                "label": null,
                "labels": null,
                "memory": null,
                "memory_swap": null,
                "network_mode": "",
                "no_cache": null,
                "platform": "linux/arm64",
                "pull_parent": null,
                "remote_context": "",
                "remove": true,
                "security_opt": [],
                "session_id": "",
                "shm_size": null,
                "squash": null,
                "suppress_output": null,
                "tag": [],
                "target": "",
                "ulimit": [],
                "version": ""
              }
            ],
            "force_remove": null,
            "id": "sha256:e58543f6d11162557e3eed3e451b260014f86be00c2f237cf74214cc07f7e531711348555690.dkr.ecr.eu-central-1.amazonaws.com/back-repo",
            "image_id": "sha256:e58543f6d11162557e3eed3e451b260014f86be00c2f237cf74214cc07f7e531",
            "keep_locally": null,
            "name": "711348555690.dkr.ecr.eu-central-1.amazonaws.com/back-repo",
            "platform": null,
            "pull_triggers": null,
            "repo_digest": "",
            "triggers": {
              "filesha256": "d582e1929e92049e244aa8f040d3381cabd52f82cc371b2c05a9d7981e8a0dd8"
            }
          },
          "sensitive_attributes": [],
          "private": "bnVsbA==",
          "dependencies": [
            "aws_ecr_repository.BackRepo",
            "data.aws_ecr_authorization_token.token"
          ]
        }
      ]
    },
    {
      "mode": "managed",
      "type": "docker_image",
      "name": "FrontImage",
      "provider": "provider[\"registry.terraform.io/kreuzwerker/docker\"]",
      "instances": [
        {
          "schema_version": 0,
          "attributes": {
            "build": [
              {
                "auth_config": [],
                "build_arg": null,
                "build_args": null,
                "build_id": "",
                "cache_from": [],
                "cgroup_parent": "",
                "context": "/home/user/github/cdktf-project/src/front",
                "cpu_period": null,
                "cpu_quota": null,
                "cpu_set_cpus": "",
                "cpu_set_mems": "",
                "cpu_shares": null,
                "dockerfile": "Dockerfile",
                "extra_hosts": [],
                "force_remove": null,
                "isolation": "",
                "label": null,
                "labels": null,
                "memory": null,
                "memory_swap": null,
                "network_mode": "",
                "no_cache": null,
                "platform": "linux/arm64",
                "pull_parent": null,
                "remote_context": "",
                "remove": true,
                "security_opt": [],
                "session_id": "",
                "shm_size": null,
                "squash": null,
                "suppress_output": null,
                "tag": [],
                "target": "",
                "ulimit": [],
                "version": ""
              }
            ],
            "force_remove": null,
            "id": "sha256:69d7f1d3a01f5c41126fd801fe11a3e3fa8a0f83ce068b7db046535fc99dd4a7711348555690.dkr.ecr.eu-central-1.amazonaws.com/front-repo:latest",
            "image_id": "sha256:69d7f1d3a01f5c41126fd801fe11a3e3fa8a0f83ce068b7db046535fc99dd4a7",
            "keep_locally": null,
            "name": "711348555690.dkr.ecr.eu-central-1.amazonaws.com/front-repo:latest",
            "platform": null,
            "pull_triggers": null,
            "repo_digest": "",
            "triggers": {
              "filesha256": "b7d1bced0da5b28954adbc1592a03fb467d09b6f5a6c3cfe7eef03cc177bb2de"
            }
          },
          "sensitive_attributes": [],
          "private": "bnVsbA==",
          "dependencies": [
            "aws_ecr_repository.FrontRepo",
            "data.aws_ecr_authorization_token.token"
          ]
        }
      ]
    },
    {
      "mode": "managed",
      "type": "docker_registry_image",
      "name": "BackEcrImage",
      "provider": "provider[\"registry.terraform.io/kreuzwerker/docker\"]",
      "instances": [
        {
          "schema_version": 0,
          "attributes": {
            "id": "sha256:dc8133dfaa402e14891fcec6b2d3596ea8fcddd607f5f2de27ce5c1d5da6209e",
            "insecure_skip_verify": false,
            "keep_remotely": false,
            "name": "711348555690.dkr.ecr.eu-central-1.amazonaws.com/back-repo",
            "sha256_digest": "sha256:dc8133dfaa402e14891fcec6b2d3596ea8fcddd607f5f2de27ce5c1d5da6209e",
            "triggers": {
              "filesha256": "d582e1929e92049e244aa8f040d3381cabd52f82cc371b2c05a9d7981e8a0dd8"
            }
          },
          "sensitive_attributes": [],
          "private": "bnVsbA==",
          "dependencies": [
            "aws_ecr_repository.BackRepo",
            "data.aws_ecr_authorization_token.token",
            "docker_image.BackImage"
          ]
        }
      ]
    },
    {
      "mode": "managed",
      "type": "docker_registry_image",
      "name": "FrontEcrImage",
      "provider": "provider[\"registry.terraform.io/kreuzwerker/docker\"]",
      "instances": [
        {
          "schema_version": 0,
          "attributes": {
            "id": "sha256:852167150ee561efd4bc9bc6388a8e566a680fb0528716b3ea07abd5b09f9754",
            "insecure_skip_verify": false,
            "keep_remotely": false,
            "name": "711348555690.dkr.ecr.eu-central-1.amazonaws.com/front-repo:latest",
            "sha256_digest": "sha256:852167150ee561efd4bc9bc6388a8e566a680fb0528716b3ea07abd5b09f9754",
            "triggers": {
              "filesha256": "b7d1bced0da5b28954adbc1592a03fb467d09b6f5a6c3cfe7eef03cc177bb2de"
            }
          },
          "sensitive_attributes": [],
          "private": "bnVsbA==",
          "dependencies": [
            "aws_ecr_repository.FrontRepo",
            "data.aws_ecr_authorization_token.token",
            "docker_image.FrontImage"
          ]
        }
      ]
    }
  ],
  "check_results": null
}
