{
  "version": 4,
  "terraform_version": "1.7.0",
  "serial": 94,
  "lineage": "a595879c-8348-d326-a097-97e4ec7507b9",
  "outputs": {},
  "resources": [
    {
      "mode": "data",
      "type": "aws_ecr_authorization_token",
      "name": "token",
      "provider": "provider[\"registry.terraform.io/hashicorp/aws\"]",
      "instances": [
        {
          "schema_version": 0,
          "attributes": {
            "authorization_token": "QVdTOmV5SndZWGxzYjJGa0lqb2lUVXhTWkhOTlduTmllR3BZUWxodkwwa3dNVmxFWmsxc2NrMTZaamRUYUhCaWVISm9XbE0wVlU1TVdFMXZPRGhvVjBObE1rczJRVlpaT0dka1ZUTm1iRzFtTkc0clVFWldkVzVwWmpSWWVWbHlUa2hGYmxOamRYWk1OVU51UzFkM2EwdDRNbVZCVmtOdk5rc3hUMWxCVm00eE4ydEdLMFpWVjFSdmFpOXJRMlFyYmtaSFZFMVRTbkJXUW1ZMWR6bFFWMFZvYVV0aFJHbHBTakl2UW1wVFFVMU9aSGhxWjFScE0xUkVNWEJXZFRKek5sTmtSemhFYjFkaWQwc3JUelZIYkZOd01uRm1jbUZGZVZaeU5HTjVXWEpaYWsxMlp6TktVbFZFU21WR1NYZFlWMGxqWWs1dVJYaHNSVnA2VlhCeE4xbFdhR3B2V1RKaVpHNDNVbXgwUlhOd1NIUndWa1pEV1daMGExcG1haTkwZFRRNFdtczFkMjlETHl0Q05tWnNkWEJoUVhGSE5Fc3ZWRXhFUTNsMFJXa3JNbXB0VmpWUlV6STFSemxsYlhwbGEzRkdUbXN5YURWaVNHbElkRmgxU0RnelUzWjBlWGMxYjNWTVdVNUZXbXQ2ZVM5M1JqVjFVemMzYmpCUVpXMWliRkpoYlVkWE9HVlpZbE5oUm5wSVIyeGxORmR6UjJGVU0zSTJXQzgyUlc1c1ZVVnJWRFJyVGxZelpVUTNjMk5tTm1wcVdtRjZVVGw0ZDBvNU1VOVFPVFpxZURReGFYSnhhRlUwTlV4UlRWUXhhVFUyV25KS1VrWndTUzlqVFZwTU1IWkRUbGhqUzNRNE1XUXhXa3BtZG5KV2FWTlNZbVp1UVZNMU1XOURlbkIxV0dwdWJqVkJSMFpUVVhnM1FTOVdlaXRJZVM5SUswSkxaWHBCWVZKWllrd3dOR1ZFYzFjMFNHVlJkVk5UV0ZGUGFreG5UbmN5V1VOVk9GUlZTSHBYV25WaUwyTlRWR2dyTkdWSmVXVlJja2xpTlZKYVpsbE9XWFZOU0hRcldVcG1iVTFLTUZOM2NEUXhkVVU0TjJ4RUswWlFjQ3RDUWpGQlpEWmFhMDlXUWpWb1ZrMVRPWGx1ZG5sS1ltNW5Va0Z0VW14VGVYUllXR3BoVjFBeWJraFNTREI0VG1aSVpUazBhV2RzVWxOdk9TOUROWE5wTkM5YVpUaFZXbWhXVm1VeVZtZFlVVkkwUzJkaWQzTm1NRXN6V2k4eFpDODRiMWwzUjJkUmNrTjVkbXMzUm5BeU56Z3dTRmw1YjBONFduRnJaVUpXYTBGVFJFVXhjVTV5UlRoS1ltdEthRW8yWlRSTGFtUjBZMlZOVmxOR2FqWXdNRE4wUVd4VmVWRTVRMEpLT1U5WFNscHpaVUl6Wm5CT1duVlhXbXRSUkhaNFRIaGhSV2hhVFU0d1dXeExaMnh0UTI1MVJ6WmtkMGhHWjNsMGRqVTJiM3AwWTFGMk5sa3hZbkJKV1ZaUlIyZ3hlSHBoUXk5b1dqbEhRa3h5WjI5bVlVdHFjVEpSTlU5cGRsSjZXa1JzTDIxSlZWbHJhbk14UWpWVllXbHVkbTVCZDFRd2N5c3ZaV1pMWTJreGQwSjRZV3RrU2tNMVpFSktOak5GTWtvNWFXaEhZazF2Y1VGd09XZHhSemd5U1d0blIwUjBObHAwTUZGWVVEUm9UM015T0VOMGRHRnhOVkJVYWxSdFpUVjZhak5uTUhjNFNHbElhbk5RVDJaSWNsZDVSbEJRT1dJdmRrVjBiVGRKTUVGVlZYaHFaalUwU1U5UFVtNURVblprWWxnNFVTdE1MM0U1U25OTFUxWjZVM2h0Ymsxb2FsVjBTMUV4T0VaTU1tbFdhemszUlRKVmJWSktZVkJEU2tkTFlpdENOVzVOYUc1cVFURm1hMDFtYWtaR1REUTNPRVI0YUcxM1dsVTJRazQ1Y21Gall6Um9PR0Z6Vm5neVZ5OWFTRXhoWTJvNVZERnlibWsxZUhWRFRFcEdjMDVOWTNRaUxDSmtZWFJoYTJWNUlqb2lRVkZGUWtGSWFETjZXVTlrZEhCQ1FsTldkeTlaTW1GdU9FSllTVVEwYTNkTVVXWnViMVJxTlhwM1duUkhTbHB2V2xGQlFVRklOSGRtUVZsS1MyOWFTV2gyWTA1QlVXTkhiMGM0ZDJKUlNVSkJSRUp2UW1kcmNXaHJhVWM1ZHpCQ1FuZEZkMGhuV1VwWlNWcEpRVmRWUkVKQlJYVk5Ra1ZGUkUxeVZHMUtVRlpCYWtWQlEyVjVNMHhuU1VKRlNVRTNSRzlZYVd0TlF6WXlXbkJEY0dSUVNXOUdLMWhrY0U1blRUVnVOMWxLTVhwRGQzVlJUWE5wTVhCa2RFZEpja0lyU0RSV2FreG5hamczZENzNGVXWXdXV1psVFZKblIwNVFOM1pZZDNSaVJUMGlMQ0oyWlhKemFXOXVJam9pTWlJc0luUjVjR1VpT2lKRVFWUkJYMHRGV1NJc0ltVjRjR2x5WVhScGIyNGlPakUzTURZeE16QXpNRGQ5",
            "expires_at": "2024-01-24T21:05:07Z",
            "id": "eu-central-1",
            "password": "eyJwYXlsb2FkIjoiTUxSZHNNWnNieGpYQlhvL0kwMVlEZk1sck16ZjdTaHBieHJoWlM0VU5MWE1vODhoV0NlMks2QVZZOGdkVTNmbG1mNG4rUEZWdW5pZjRYeVlyTkhFblNjdXZMNUNuS1d3a0t4MmVBVkNvNksxT1lBVm4xN2tGK0ZVV1Rvai9rQ2QrbkZHVE1TSnBWQmY1dzlQV0VoaUthRGlpSjIvQmpTQU1OZHhqZ1RpM1REMXBWdTJzNlNkRzhEb1did0srTzVHbFNwMnFmcmFFeVZyNGN5WXJZak12ZzNKUlVESmVGSXdYV0ljYk5uRXhsRVp6VXBxN1lWaGpvWTJiZG43Umx0RXNwSHRwVkZDWWZ0a1pmai90dTQ4Wms1d29DLytCNmZsdXBhQXFHNEsvVExEQ3l0RWkrMmptVjVRUzI1RzllbXpla3FGTmsyaDViSGlIdFh1SDgzU3Z0eXc1b3VMWU5FWmt6eS93RjV1Uzc3bjBQZW1ibFJhbUdXOGVZYlNhRnpIR2xlNFdzR2FUM3I2WC82RW5sVUVrVDRrTlYzZUQ3c2NmNmpqWmF6UTl4d0o5MU9QOTZqeDQxaXJxaFU0NUxRTVQxaTU2WnJKUkZwSS9jTVpMMHZDTlhjS3Q4MWQxWkpmdnJWaVNSYmZuQVM1MW9DenB1WGpubjVBR0ZTUXg3QS9WeitIeS9IK0JLZXpBYVJZYkwwNGVEc1c0SGVRdVNTWFFPakxnTncyWUNVOFRVSHpXWnViL2NTVGgrNGVJeWVRckliNVJaZllOWXVNSHQrWUpmbU1KMFN3cDQxdUU4N2xEK0ZQcCtCQjFBZDZaa09WQjVoVk1TOXludnlKYm5nUkFtUmxTeXRYWGphV1AybkhSSDB4TmZIZTk0aWdsUlNvOS9DNXNpNC9aZThVWmhWVmUyVmdYUVI0S2did3NmMEszWi8xZC84b1l3R2dRckN5dms3RnAyNzgwSFl5b0N4WnFrZUJWa0FTREUxcU5yRThKYmtKaEo2ZTRLamR0Y2VNVlNGajYwMDN0QWxVeVE5Q0JKOU9XSlpzZUIzZnBOWnVXWmtRRHZ4THhhRWhaTU4wWWxLZ2xtQ251RzZkd0hGZ3l0djU2b3p0Y1F2NlkxYnBJWVZRR2gxeHphQy9oWjlHQkxyZ29mYUtqcTJRNU9pdlJ6WkRsL21JVVlranMxQjVVYWludm5Bd1QwcysvZWZLY2kxd0J4YWtkSkM1ZEJKNjNFMko5aWhHYk1vcUFwOWdxRzgySWtnR0R0Nlp0MFFYUDRoT3MyOEN0dGFxNVBUalRtZTV6ajNnMHc4SGlIanNQT2ZIcld5RlBQOWIvdkV0bTdJMEFVVXhqZjU0SU9PUm5DUnZkYlg4UStML3E5SnNLU1Z6U3htbk1oalV0S1ExOEZMMmlWazk3RTJVbVJKYVBDSkdLYitCNW5NaG5qQTFma01makZGTDQ3OER4aG13WlU2Qk45cmFjYzRoOGFzVngyVy9aSExhY2o5VDFybmk1eHVDTEpGc05NY3QiLCJkYXRha2V5IjoiQVFFQkFIaDN6WU9kdHBCQlNWdy9ZMmFuOEJYSUQ0a3dMUWZub1RqNXp3WnRHSlpvWlFBQUFINHdmQVlKS29aSWh2Y05BUWNHb0c4d2JRSUJBREJvQmdrcWhraUc5dzBCQndFd0hnWUpZSVpJQVdVREJBRXVNQkVFRE1yVG1KUFZBakVBQ2V5M0xnSUJFSUE3RG9YaWtNQzYyWnBDcGRQSW9GK1hkcE5nTTVuN1lKMXpDd3VRTXNpMXBkdEdJckIrSDRWakxnajg3dCs4eWYwWWZlTVJnR05QN3ZYd3RiRT0iLCJ2ZXJzaW9uIjoiMiIsInR5cGUiOiJEQVRBX0tFWSIsImV4cGlyYXRpb24iOjE3MDYxMzAzMDd9",
            "proxy_endpoint": "https://711348555690.dkr.ecr.eu-central-1.amazonaws.com",
            "registry_id": null,
            "user_name": "AWS"
          },
          "sensitive_attributes": []
        }
      ]
    },
    {
      "mode": "managed",
      "type": "aws_ecr_repository",
      "name": "BackRepo",
      "provider": "provider[\"registry.terraform.io/hashicorp/aws\"]",
      "instances": [
        {
          "schema_version": 0,
          "attributes": {
            "arn": "arn:aws:ecr:eu-central-1:711348555690:repository/back-repo",
            "encryption_configuration": [
              {
                "encryption_type": "AES256",
                "kms_key": ""
              }
            ],
            "force_delete": null,
            "id": "back-repo",
            "image_scanning_configuration": [
              {
                "scan_on_push": false
              }
            ],
            "image_tag_mutability": "MUTABLE",
            "name": "back-repo",
            "registry_id": "711348555690",
            "repository_url": "711348555690.dkr.ecr.eu-central-1.amazonaws.com/back-repo",
            "tags": {},
            "tags_all": {},
            "timeouts": null
          },
          "sensitive_attributes": [],
          "private": "eyJlMmJmYjczMC1lY2FhLTExZTYtOGY4OC0zNDM2M2JjN2M0YzAiOnsiZGVsZXRlIjoxMjAwMDAwMDAwMDAwfX0="
        }
      ]
    },
    {
      "mode": "managed",
      "type": "aws_ecr_repository",
      "name": "FrontRepo",
      "provider": "provider[\"registry.terraform.io/hashicorp/aws\"]",
      "instances": [
        {
          "schema_version": 0,
          "attributes": {
            "arn": "arn:aws:ecr:eu-central-1:711348555690:repository/front-repo",
            "encryption_configuration": [
              {
                "encryption_type": "AES256",
                "kms_key": ""
              }
            ],
            "force_delete": null,
            "id": "front-repo",
            "image_scanning_configuration": [
              {
                "scan_on_push": false
              }
            ],
            "image_tag_mutability": "MUTABLE",
            "name": "front-repo",
            "registry_id": "711348555690",
            "repository_url": "711348555690.dkr.ecr.eu-central-1.amazonaws.com/front-repo",
            "tags": {},
            "tags_all": {},
            "timeouts": null
          },
          "sensitive_attributes": [],
          "private": "eyJlMmJmYjczMC1lY2FhLTExZTYtOGY4OC0zNDM2M2JjN2M0YzAiOnsiZGVsZXRlIjoxMjAwMDAwMDAwMDAwfX0="
        }
      ]
    },
    {
      "mode": "managed",
      "type": "aws_iam_role",
      "name": "LambdaExecutionRole",
      "provider": "provider[\"registry.terraform.io/hashicorp/aws\"]",
      "instances": [
        {
          "schema_version": 0,
          "attributes": {
            "arn": "arn:aws:iam::711348555690:role/terraform-20240124084429740600000001",
            "assume_role_policy": "{\"Statement\":[{\"Action\":\"sts:AssumeRole\",\"Effect\":\"Allow\",\"Principal\":{\"Service\":\"lambda.amazonaws.com\"}}],\"Version\":\"2012-10-17\"}",
            "create_date": "2024-01-24T08:44:29Z",
            "description": "",
            "force_detach_policies": false,
            "id": "terraform-20240124084429740600000001",
            "inline_policy": [],
            "managed_policy_arns": [],
            "max_session_duration": 3600,
            "name": "terraform-20240124084429740600000001",
            "name_prefix": "terraform-",
            "path": "/",
            "permissions_boundary": "",
            "tags": {},
            "tags_all": {},
            "unique_id": "AROA2LH5NR6VAB5CD4SSN"
          },
          "sensitive_attributes": [],
          "private": "bnVsbA=="
        }
      ]
    },
    {
      "mode": "managed",
      "type": "aws_lambda_function",
      "name": "BackLambdaFunction",
      "provider": "provider[\"registry.terraform.io/hashicorp/aws\"]",
      "instances": [
        {
          "schema_version": 0,
          "attributes": {
            "architectures": [
              "arm64"
            ],
            "arn": "arn:aws:lambda:eu-central-1:711348555690:function:BackLambda",
            "code_signing_config_arn": "",
            "dead_letter_config": [],
            "description": "",
            "environment": [],
            "ephemeral_storage": [
              {
                "size": 512
              }
            ],
            "file_system_config": [],
            "filename": null,
            "function_name": "BackLambda",
            "handler": "",
            "id": "BackLambda",
            "image_config": [],
            "image_uri": "711348555690.dkr.ecr.eu-central-1.amazonaws.com/back-repo:latest",
            "invoke_arn": "arn:aws:apigateway:eu-central-1:lambda:path/2015-03-31/functions/arn:aws:lambda:eu-central-1:711348555690:function:BackLambda/invocations",
            "kms_key_arn": "",
            "last_modified": "2024-01-24T09:05:10.000+0000",
            "layers": [],
            "logging_config": [
              {
                "application_log_level": "INFO",
                "log_format": "JSON",
                "log_group": "/aws/lambda/BackLambda",
                "system_log_level": "INFO"
              }
            ],
            "memory_size": 1792,
            "package_type": "Image",
            "publish": false,
            "qualified_arn": "arn:aws:lambda:eu-central-1:711348555690:function:BackLambda:$LATEST",
            "qualified_invoke_arn": "arn:aws:apigateway:eu-central-1:lambda:path/2015-03-31/functions/arn:aws:lambda:eu-central-1:711348555690:function:BackLambda:$LATEST/invocations",
            "replace_security_groups_on_destroy": null,
            "replacement_security_group_ids": null,
            "reserved_concurrent_executions": -1,
            "role": "arn:aws:iam::711348555690:role/terraform-20240124084429740600000001",
            "runtime": "",
            "s3_bucket": null,
            "s3_key": null,
            "s3_object_version": null,
            "signing_job_arn": "",
            "signing_profile_version_arn": "",
            "skip_destroy": false,
            "snap_start": [],
            "source_code_hash": "f25f0bdc6c7a8384ed41a937fe83ae0acad48764319bec4771ef61a3f8ab4841",
            "source_code_size": 0,
            "tags": {},
            "tags_all": {},
            "timeout": 5,
            "timeouts": null,
            "tracing_config": [
              {
                "mode": "PassThrough"
              }
            ],
            "version": "$LATEST",
            "vpc_config": []
          },
          "sensitive_attributes": [],
          "private": "eyJlMmJmYjczMC1lY2FhLTExZTYtOGY4OC0zNDM2M2JjN2M0YzAiOnsiY3JlYXRlIjo2MDAwMDAwMDAwMDAsImRlbGV0ZSI6NjAwMDAwMDAwMDAwLCJ1cGRhdGUiOjYwMDAwMDAwMDAwMH19",
          "dependencies": [
            "aws_ecr_repository.BackRepo",
            "aws_iam_role.LambdaExecutionRole",
            "data.aws_ecr_authorization_token.token",
            "docker_image.BackImage"
          ]
        }
      ]
    },
    {
      "mode": "managed",
      "type": "docker_image",
      "name": "BackImage",
      "provider": "provider[\"registry.terraform.io/kreuzwerker/docker\"]",
      "instances": [
        {
          "schema_version": 0,
          "attributes": {
            "build": [
              {
                "auth_config": [],
                "build_arg": {},
                "build_args": {},
                "build_id": "",
                "cache_from": [],
                "cgroup_parent": "",
                "context": "/home/user/github/cdktf-project/src/back",
                "cpu_period": 0,
                "cpu_quota": 0,
                "cpu_set_cpus": "",
                "cpu_set_mems": "",
                "cpu_shares": 0,
                "dockerfile": "Dockerfile",
                "extra_hosts": [],
                "force_remove": false,
                "isolation": "",
                "label": {},
                "labels": {},
                "memory": 0,
                "memory_swap": 0,
                "network_mode": "",
                "no_cache": false,
                "platform": "",
                "pull_parent": false,
                "remote_context": "",
                "remove": true,
                "security_opt": [],
                "session_id": "",
                "shm_size": 0,
                "squash": false,
                "suppress_output": false,
                "tag": [],
                "target": "",
                "ulimit": [],
                "version": ""
              }
            ],
            "force_remove": null,
            "id": "sha256:d9e54ff0c0935a2beec791e31962ed9a7ef7d9ad19056ee150e6390386e27188711348555690.dkr.ecr.eu-central-1.amazonaws.com/back-repo:latest",
            "image_id": "sha256:d9e54ff0c0935a2beec791e31962ed9a7ef7d9ad19056ee150e6390386e27188",
            "keep_locally": null,
            "name": "711348555690.dkr.ecr.eu-central-1.amazonaws.com/back-repo:latest",
            "platform": "linux/arm64",
            "pull_triggers": null,
            "repo_digest": "711348555690.dkr.ecr.eu-central-1.amazonaws.com/back-repo@sha256:f25f0bdc6c7a8384ed41a937fe83ae0acad48764319bec4771ef61a3f8ab4841",
            "triggers": null
          },
          "sensitive_attributes": [],
          "private": "bnVsbA==",
          "dependencies": [
            "aws_ecr_repository.BackRepo",
            "data.aws_ecr_authorization_token.token"
          ]
        }
      ]
    },
    {
      "mode": "managed",
      "type": "docker_image",
      "name": "FrontImage",
      "provider": "provider[\"registry.terraform.io/kreuzwerker/docker\"]",
      "instances": [
        {
          "schema_version": 0,
          "attributes": {
            "build": [
              {
                "auth_config": [],
                "build_arg": {},
                "build_args": {},
                "build_id": "",
                "cache_from": [],
                "cgroup_parent": "",
                "context": "/home/user/github/cdktf-project/src/front",
                "cpu_period": 0,
                "cpu_quota": 0,
                "cpu_set_cpus": "",
                "cpu_set_mems": "",
                "cpu_shares": 0,
                "dockerfile": "Dockerfile",
                "extra_hosts": [],
                "force_remove": false,
                "isolation": "",
                "label": {},
                "labels": {},
                "memory": 0,
                "memory_swap": 0,
                "network_mode": "",
                "no_cache": false,
                "platform": "",
                "pull_parent": false,
                "remote_context": "",
                "remove": true,
                "security_opt": [],
                "session_id": "",
                "shm_size": 0,
                "squash": false,
                "suppress_output": false,
                "tag": [],
                "target": "",
                "ulimit": [],
                "version": ""
              }
            ],
            "force_remove": null,
            "id": "sha256:c78d471df96f5bf0d4538c961fbbf07e1f790f0d2c2dc8feae2d573d7c44e883711348555690.dkr.ecr.eu-central-1.amazonaws.com/front-repo",
            "image_id": "sha256:c78d471df96f5bf0d4538c961fbbf07e1f790f0d2c2dc8feae2d573d7c44e883",
            "keep_locally": null,
            "name": "711348555690.dkr.ecr.eu-central-1.amazonaws.com/front-repo",
            "platform": "linux/arm64",
            "pull_triggers": null,
            "repo_digest": "711348555690.dkr.ecr.eu-central-1.amazonaws.com/front-repo@sha256:b30c3a220dee33d6bd87ded8c742b08dd68a7f738791ad589dc6f45c71dfd428",
            "triggers": null
          },
          "sensitive_attributes": [],
          "private": "bnVsbA==",
          "dependencies": [
            "aws_ecr_repository.FrontRepo",
            "data.aws_ecr_authorization_token.token"
          ]
        }
      ]
    },
    {
      "mode": "managed",
      "type": "docker_registry_image",
      "name": "BackUpload",
      "provider": "provider[\"registry.terraform.io/kreuzwerker/docker\"]",
      "instances": [
        {
          "schema_version": 0,
          "attributes": {
            "id": "sha256:f25f0bdc6c7a8384ed41a937fe83ae0acad48764319bec4771ef61a3f8ab4841",
            "insecure_skip_verify": false,
            "keep_remotely": false,
            "name": "711348555690.dkr.ecr.eu-central-1.amazonaws.com/back-repo:latest",
            "sha256_digest": "sha256:f25f0bdc6c7a8384ed41a937fe83ae0acad48764319bec4771ef61a3f8ab4841",
            "triggers": null
          },
          "sensitive_attributes": [],
          "private": "bnVsbA==",
          "dependencies": [
            "aws_ecr_repository.BackRepo",
            "data.aws_ecr_authorization_token.token",
            "docker_image.BackImage"
          ]
        }
      ]
    },
    {
      "mode": "managed",
      "type": "docker_registry_image",
      "name": "FrontUpload",
      "provider": "provider[\"registry.terraform.io/kreuzwerker/docker\"]",
      "instances": [
        {
          "schema_version": 0,
          "attributes": {
            "id": "sha256:b30c3a220dee33d6bd87ded8c742b08dd68a7f738791ad589dc6f45c71dfd428",
            "insecure_skip_verify": false,
            "keep_remotely": false,
            "name": "711348555690.dkr.ecr.eu-central-1.amazonaws.com/front-repo",
            "sha256_digest": "sha256:b30c3a220dee33d6bd87ded8c742b08dd68a7f738791ad589dc6f45c71dfd428",
            "triggers": null
          },
          "sensitive_attributes": [],
          "private": "bnVsbA==",
          "dependencies": [
            "aws_ecr_repository.FrontRepo",
            "data.aws_ecr_authorization_token.token",
            "docker_image.FrontImage"
          ]
        }
      ]
    }
  ],
  "check_results": null
}
