{
  "version": 4,
  "terraform_version": "1.7.1",
  "serial": 848,
  "lineage": "a595879c-8348-d326-a097-97e4ec7507b9",
  "outputs": {},
  "resources": [
    {
      "mode": "data",
      "type": "aws_ecr_authorization_token",
      "name": "token",
      "provider": "provider[\"registry.terraform.io/hashicorp/aws\"]",
      "instances": [
        {
          "schema_version": 0,
          "attributes": {
            "authorization_token": "QVdTOmV5SndZWGxzYjJGa0lqb2lSelp2VG14MWFuWnRkMjVqVmpadlRVUkVWVUpZUlRkaWFHOXpNbVJZZVUxSEsyZHJURmhQTTNWNVNuZEJTbGRTZUhJeFpXRnJlWFk0V0cxTVdqa3hLMjg0YzJWRUwxRktieTg1UTBRNFVUQlhjVGhwWm10c1NVaHNiRzFuZVRoaGFuSTVTMVVyT1dOQlVGWmFTMjQ1WkhGUVJuaDNjWGRsSzAxcVdrVnpOa2gzVG1oQlpHczNkbkpETkU1dWVFZHRaVzltWVZWaVFrWnNUVUZLTkU5bU1tRnFjVWgwVDBkU1RsWXZhM3BLUVhsUVZXaDBlbXR6Y1hRM1dGSnpSbTFaVXpsV00xaDNXWFJqWkdKbk0wUnJkRkZOZVZSeFVFcE1aakprUlVaWlFrcEhZbTk2VFRoalMzRjZkSHBJWldKcGVHYzRXamhPVnpaVVdXWklTMUZoVDAxdWIxTjZTVzlGTlRORlNFWkxhMFo1TDBadGIyY3paV1ZaYlZneFMwRmtTMGRYWm1ka01Tc3pla0Z5TXpkWmNHbEdXbGhxYmpSVFZFNTBWMjVXWTFVMksxTlNlVEpXYzNnd1YyczRhMFpVWW5odlprNXlhWGRCVVdsWWRXNWhOR1Z6UTFSWk1UQmlMMmxRYUZSTGFreHhRbmxTT1RaRlkyRlNSV3N2U1RaaWF6TklOR3RyTUdGTlFWcEdPV0pFVEdOa1ZYaExWR3B3UlU1blEyVTFWMjlVWlZsVWFIVXJNMk5OZFVWdFpVMHlVR3hFTVRBcmVHOUdObWd6VkVSbFJHRm1ZMnhtYlhkaEsxbDJhRk5QWVhsUVMwMUlWSGR1YTNkeGQxWkZRM2t4U0hwdE5VdDNUVUZEVERsbFVERTFPU3RTUVRjNVZsRjZaV1kxZUVneWNWZEdiSGx2VTJkUFdVb3JUMng1UVUxU1ozbDZWME5YUVVsS1RrbDJkR0pqTkd0emRYaE9LMFl5ZGs5SWFVMTFMM1k1U0VOMFQxUk9kRkpHVkVGRkwyRXpNV0ZHTjB0VmRVUm9kRGx6YjBKamJUQTFUelEzYWxwMGJFZ3lhbEl5YkRBMk1WRnhkblVyWlZkWk5tTjVTWEJ1ZVd0cVJHbFNSR0ZHY1VKQ1puazRSMDlOVm1OUldYcGplVVpoTURKUFYxUmliM2R0Y1RkRVFtaHZhbk0xVGpsMU5WTlRXWEJtVm1wek1FbENNWGR3YmxKNGVYRmxORzFtU1ZkdFVXTndURUo2YmxCWFlsZEdabUZCTkZOV1FtZEZaMGxyTDFwd2RUQkNXWE0yWWtWTE1sTm5SbXRDYWxGTFp6UnpUbkJRSzNoV2REaEtaMlFyWVZoaFEwNUJlalY1YjJaWWNVMTVkazE0WlRCTmEyUXpZM3BCYWtWMlVsaHdVMVE1TUdaRVYyWkxXVXhFZUhwcGN6WnlNRXRSTlc5MlRETm1WREY2YUdGRk5TczFOR2RqTUhwaGVtYzVWazE0UjBwSk4zWkJaMmwzUTBONmRuWlpOVTVFTDNsTmMxaFdhbWgwVm10UVYwbFhWVkZ3YVdGS2VrMHliRkJ0VDB0VFNDczNRMFoxS3pSNVRqZ3ZOWEpTY1RGR09VWllVV3A0SzFSeFJuQTRZMHh3U1hZcmVrRnBOekZCWmtKQ1YyVklOR1YxYUhCUFNHMUdPVzU1ZW0xb1pIUTBVMFpJTHl0TFpuTktNRTU1WjNKamVXVjFUMnhsTDFaMU1HMUtiVlZMVWk5Wk0zb3daRFZpV1cxcFNESTRUak5NY0ZKTlZEbFpVRmQzZWxReFJWSkVjV3d3YzNZeWVHVkdaR1p6Y0RGV1JUbEJPQ3RMUzFodFdYUm5jWEJCVjJvcmJHTndWakptTDNGS2JHcEJNV2RLV1VGellraHRNREJFY1UxRGQwdFBVemhNV1ZabE1GTkVjVXhCVFVKR04ydExhM0pFTkhSeFVGZ3JRMUpJVjNrMmFtbFRSbFUwZURoWVVEQjZNVkZxWVRkSVNDSXNJbVJoZEdGclpYa2lPaUpCVVVWQ1FVaG9NM3BaVDJSMGNFSkNVMVozTDFreVlXNDRRbGhKUkRScmQweFJabTV2VkdvMWVuZGFkRWRLV205YVVVRkJRVWcwZDJaQldVcExiMXBKYUhaalRrRlJZMGR2UnpoM1lsRkpRa0ZFUW05Q1oydHhhR3RwUnpsM01FSkNkMFYzU0dkWlNsbEpXa2xCVjFWRVFrRkZkVTFDUlVWRVQyMDJLME5FWVhOT1dWZGxlV2dyVWxGSlFrVkpRVGRZVms1U0szcFZhVzV1SzFsdVprOW5TazVuT0hGTE1WaEhORlZtUnpCRU5qbFJaaTkzTVdsU1kzZE9TbmR0YlZBMFNtNHpkaXQxTmt4c1UzcFhSVTFCU1RoVlRrUk9ZVFpZTTJ4aUszUlpQU0lzSW5abGNuTnBiMjRpT2lJeUlpd2lkSGx3WlNJNklrUkJWRUZmUzBWWklpd2laWGh3YVhKaGRHbHZiaUk2TVRjd05qWTVOek0xTlgwPQ==",
            "expires_at": "2024-01-31T10:35:55Z",
            "id": "eu-central-1",
            "password": "eyJwYXlsb2FkIjoiRzZvTmx1anZtd25jVjZvTUREVUJYRTdiaG9zMmRYeU1HK2drTFhPM3V5SndBSldSeHIxZWFreXY4WG1MWjkxK284c2VEL1FKby85Q0Q4UTBXcThpZmtsSUhsbG1neThhanI5S1UrOWNBUFZaS245ZHFQRnh3cXdlK01qWkVzNkh3TmhBZGs3dnJDNE5ueEdtZW9mYVViQkZsTUFKNE9mMmFqcUh0T0dSTlYva3pKQXlQVWh0emtzcXQ3WFJzRm1ZUzlWM1h3WXRjZGJnM0RrdFFNeVRxUEpMZjJkRUZZQkpHYm96TThjS3F6dHpIZWJpeGc4WjhOVzZUWWZIS1FhT01ub1N6SW9FNTNFSEZLa0Z5L0Ztb2czZWVZbVgxS0FkS0dXZmdkMSszekFyMzdZcGlGWlhqbjRTVE50V25WY1U2K1NSeTJWc3gwV2s4a0ZUYnhvZk5yaXdBUWlYdW5hNGVzQ1RZMTBiL2lQaFRLakxxQnlSOTZFY2FSRWsvSTZiazNINGtrMGFNQVpGOWJETGNkVXhLVGpwRU5nQ2U1V29UZVlUaHUrM2NNdUVtZU0yUGxEMTAreG9GNmgzVERlRGFmY2xmbXdhK1l2aFNPYXlQS01IVHdua3dxd1ZFQ3kxSHptNUt3TUFDTDllUDE1OStSQTc5VlF6ZWY1eEgycVdGbHlvU2dPWUorT2x5QU1SZ3l6V0NXQUlKTkl2dGJjNGtzdXhOK0Yydk9IaU11L3Y5SEN0T1ROdFJGVEFFL2EzMWFGN0tVdURodDlzb0JjbTA1TzQ3alp0bEgyalIybDA2MVFxdnUrZVdZNmN5SXBueWtqRGlSRGFGcUJCZnk4R09NVmNRWXpjeUZhMDJPV1Rib3dtcTdEQmhvanM1Tjl1NVNTWXBmVmpzMElCMXdwblJ4eXFlNG1mSVdtUWNwTEJ6blBXYldGZmFBNFNWQmdFZ0lrL1pwdTBCWXM2YkVLMlNnRmtCalFLZzRzTnBQK3hWdDhKZ2QrYVhhQ05BejV5b2ZYcU15dk14ZTBNa2QzY3pBakV2UlhwU1Q5MGZEV2ZLWUxEeHppczZyMEtRNW92TDNmVDF6aGFFNSs1NGdjMHphemc5Vk14R0pJN3ZBZ2l3Q0N6dnZZNU5EL3lNc1hWamh0VmtQV0lXVVFwaWFKek0ybFBtT0tTSCs3Q0Z1KzR5TjgvNXJScTFGOUZYUWp4K1RxRnA4Y0xwSXYrekFpNzFBZkJCV2VINGV1aHBPSG1GOW55em1oZHQ0U0ZILytLZnNKME55Z3JjeWV1T2xlL1Z1MG1KbVVLUi9ZM3owZDViWW1pSDI4TjNMcFJNVDlZUFd3elQxRVJEcWwwc3YyeGVGZGZzcDFWRTlBOCtLS1htWXRncXBBV2orbGNwVjJmL3FKbGpBMWdKWUFzYkhtMDBEcU1Dd0tPUzhMWVZlMFNEcUxBTUJGN2tLa3JENHRxUFgrQ1JIV3k2amlTRlU0eDhYUDB6MVFqYTdISCIsImRhdGFrZXkiOiJBUUVCQUhoM3pZT2R0cEJCU1Z3L1kyYW44QlhJRDRrd0xRZm5vVGo1endadEdKWm9aUUFBQUg0d2ZBWUpLb1pJaHZjTkFRY0dvRzh3YlFJQkFEQm9CZ2txaGtpRzl3MEJCd0V3SGdZSllJWklBV1VEQkFFdU1CRUVET202K0NEYXNOWVdleWgrUlFJQkVJQTdYVk5SK3pVaW5uK1luZk9nSk5nOHFLMVhHNFVmRzBENjlRZi93MWlSY3dOSndtbVA0Sm4zdit1NkxsU3pXRU1BSThVTkROYTZYM2xiK3RZPSIsInZlcnNpb24iOiIyIiwidHlwZSI6IkRBVEFfS0VZIiwiZXhwaXJhdGlvbiI6MTcwNjY5NzM1NX0=",
            "proxy_endpoint": "https://711348555690.dkr.ecr.eu-central-1.amazonaws.com",
            "registry_id": null,
            "user_name": "AWS"
          },
          "sensitive_attributes": []
        }
      ]
    },
    {
      "mode": "managed",
      "type": "aws_ecr_repository",
      "name": "BackRepo",
      "provider": "provider[\"registry.terraform.io/hashicorp/aws\"]",
      "instances": [
        {
          "schema_version": 0,
          "attributes": {
            "arn": "arn:aws:ecr:eu-central-1:711348555690:repository/back-repo",
            "encryption_configuration": [
              {
                "encryption_type": "AES256",
                "kms_key": ""
              }
            ],
            "force_delete": null,
            "id": "back-repo",
            "image_scanning_configuration": [
              {
                "scan_on_push": false
              }
            ],
            "image_tag_mutability": "MUTABLE",
            "name": "back-repo",
            "registry_id": "711348555690",
            "repository_url": "711348555690.dkr.ecr.eu-central-1.amazonaws.com/back-repo",
            "tags": {},
            "tags_all": {},
            "timeouts": null
          },
          "sensitive_attributes": [],
          "private": "eyJlMmJmYjczMC1lY2FhLTExZTYtOGY4OC0zNDM2M2JjN2M0YzAiOnsiZGVsZXRlIjoxMjAwMDAwMDAwMDAwfX0="
        }
      ]
    },
    {
      "mode": "managed",
      "type": "aws_ecr_repository",
      "name": "FrontRepo",
      "provider": "provider[\"registry.terraform.io/hashicorp/aws\"]",
      "instances": [
        {
          "schema_version": 0,
          "attributes": {
            "arn": "arn:aws:ecr:eu-central-1:711348555690:repository/front-repo",
            "encryption_configuration": [
              {
                "encryption_type": "AES256",
                "kms_key": ""
              }
            ],
            "force_delete": null,
            "id": "front-repo",
            "image_scanning_configuration": [
              {
                "scan_on_push": false
              }
            ],
            "image_tag_mutability": "MUTABLE",
            "name": "front-repo",
            "registry_id": "711348555690",
            "repository_url": "711348555690.dkr.ecr.eu-central-1.amazonaws.com/front-repo",
            "tags": {},
            "tags_all": {},
            "timeouts": null
          },
          "sensitive_attributes": [],
          "private": "eyJlMmJmYjczMC1lY2FhLTExZTYtOGY4OC0zNDM2M2JjN2M0YzAiOnsiZGVsZXRlIjoxMjAwMDAwMDAwMDAwfX0="
        }
      ]
    },
    {
      "mode": "managed",
      "type": "aws_iam_role",
      "name": "LambdaRole",
      "provider": "provider[\"registry.terraform.io/hashicorp/aws\"]",
      "instances": [
        {
          "schema_version": 0,
          "attributes": {
            "arn": "arn:aws:iam::711348555690:role/lambda-role",
            "assume_role_policy": "{\"Statement\":[{\"Action\":\"sts:AssumeRole\",\"Effect\":\"Allow\",\"Principal\":{\"Service\":\"lambda.amazonaws.com\"}}],\"Version\":\"2012-10-17\"}",
            "create_date": "2024-01-30T22:25:40Z",
            "description": "",
            "force_detach_policies": false,
            "id": "lambda-role",
            "inline_policy": [],
            "managed_policy_arns": [
              "arn:aws:iam::aws:policy/service-role/AWSLambdaBasicExecutionRole"
            ],
            "max_session_duration": 3600,
            "name": "lambda-role",
            "name_prefix": "",
            "path": "/",
            "permissions_boundary": "",
            "tags": {},
            "tags_all": {},
            "unique_id": "AROA2LH5NR6VCUAHOXDHO"
          },
          "sensitive_attributes": [],
          "private": "bnVsbA=="
        }
      ]
    },
    {
      "mode": "managed",
      "type": "aws_iam_role_policy_attachment",
      "name": "LambdaExecPolicyAttachment",
      "provider": "provider[\"registry.terraform.io/hashicorp/aws\"]",
      "instances": [
        {
          "schema_version": 0,
          "attributes": {
            "id": "lambda-role-20240130222541045000000001",
            "policy_arn": "arn:aws:iam::aws:policy/service-role/AWSLambdaBasicExecutionRole",
            "role": "lambda-role"
          },
          "sensitive_attributes": [],
          "private": "bnVsbA==",
          "dependencies": [
            "aws_iam_role.LambdaRole"
          ]
        }
      ]
    },
    {
      "mode": "managed",
      "type": "aws_lambda_function",
      "name": "BackLambda",
      "provider": "provider[\"registry.terraform.io/hashicorp/aws\"]",
      "instances": [
        {
          "schema_version": 0,
          "attributes": {
            "architectures": [
              "arm64"
            ],
            "arn": "arn:aws:lambda:eu-central-1:711348555690:function:back-lambda",
            "code_signing_config_arn": "",
            "dead_letter_config": [],
            "description": "",
            "environment": [
              {
                "variables": {
                  "HOME": "/tmp"
                }
              }
            ],
            "ephemeral_storage": [
              {
                "size": 512
              }
            ],
            "file_system_config": [],
            "filename": null,
            "function_name": "back-lambda",
            "handler": "",
            "id": "back-lambda",
            "image_config": [],
            "image_uri": "711348555690.dkr.ecr.eu-central-1.amazonaws.com/back-repo@sha256:dc8133dfaa402e14891fcec6b2d3596ea8fcddd607f5f2de27ce5c1d5da6209e",
            "invoke_arn": "arn:aws:apigateway:eu-central-1:lambda:path/2015-03-31/functions/arn:aws:lambda:eu-central-1:711348555690:function:back-lambda/invocations",
            "kms_key_arn": "",
            "last_modified": "2024-01-30T22:35:57.000+0000",
            "layers": [],
            "logging_config": [
              {
                "application_log_level": "INFO",
                "log_format": "JSON",
                "log_group": "/aws/lambda/back-lambda",
                "system_log_level": "INFO"
              }
            ],
            "memory_size": 1792,
            "package_type": "Image",
            "publish": false,
            "qualified_arn": "arn:aws:lambda:eu-central-1:711348555690:function:back-lambda:$LATEST",
            "qualified_invoke_arn": "arn:aws:apigateway:eu-central-1:lambda:path/2015-03-31/functions/arn:aws:lambda:eu-central-1:711348555690:function:back-lambda:$LATEST/invocations",
            "replace_security_groups_on_destroy": null,
            "replacement_security_group_ids": null,
            "reserved_concurrent_executions": -1,
            "role": "arn:aws:iam::711348555690:role/lambda-role",
            "runtime": "",
            "s3_bucket": null,
            "s3_key": null,
            "s3_object_version": null,
            "signing_job_arn": "",
            "signing_profile_version_arn": "",
            "skip_destroy": false,
            "snap_start": [],
            "source_code_hash": "dc8133dfaa402e14891fcec6b2d3596ea8fcddd607f5f2de27ce5c1d5da6209e",
            "source_code_size": 0,
            "tags": {},
            "tags_all": {},
            "timeout": 5,
            "timeouts": null,
            "tracing_config": [
              {
                "mode": "PassThrough"
              }
            ],
            "version": "$LATEST",
            "vpc_config": []
          },
          "sensitive_attributes": [],
          "private": "eyJlMmJmYjczMC1lY2FhLTExZTYtOGY4OC0zNDM2M2JjN2M0YzAiOnsiY3JlYXRlIjo2MDAwMDAwMDAwMDAsImRlbGV0ZSI6NjAwMDAwMDAwMDAwLCJ1cGRhdGUiOjYwMDAwMDAwMDAwMH19",
          "dependencies": [
            "aws_ecr_repository.BackRepo",
            "aws_iam_role.LambdaRole",
            "data.aws_ecr_authorization_token.token",
            "docker_image.BackImage",
            "docker_registry_image.BackEcrImage"
          ]
        }
      ]
    },
    {
      "mode": "managed",
      "type": "aws_lambda_function",
      "name": "FrontLambda",
      "provider": "provider[\"registry.terraform.io/hashicorp/aws\"]",
      "instances": [
        {
          "schema_version": 0,
          "attributes": {
            "architectures": [
              "arm64"
            ],
            "arn": "arn:aws:lambda:eu-central-1:711348555690:function:front-lambda",
            "code_signing_config_arn": "",
            "dead_letter_config": [],
            "description": "",
            "environment": [
              {
                "variables": {
                  "HOME": "/tmp"
                }
              }
            ],
            "ephemeral_storage": [
              {
                "size": 512
              }
            ],
            "file_system_config": [],
            "filename": null,
            "function_name": "front-lambda",
            "handler": "",
            "id": "front-lambda",
            "image_config": [],
            "image_uri": "711348555690.dkr.ecr.eu-central-1.amazonaws.com/front-repo@sha256:852167150ee561efd4bc9bc6388a8e566a680fb0528716b3ea07abd5b09f9754",
            "invoke_arn": "arn:aws:apigateway:eu-central-1:lambda:path/2015-03-31/functions/arn:aws:lambda:eu-central-1:711348555690:function:front-lambda/invocations",
            "kms_key_arn": "",
            "last_modified": "2024-01-30T22:35:59.410+0000",
            "layers": null,
            "logging_config": [
              {
                "application_log_level": "INFO",
                "log_format": "JSON",
                "log_group": "/aws/lambda/front-lambda",
                "system_log_level": "INFO"
              }
            ],
            "memory_size": 1792,
            "package_type": "Image",
            "publish": false,
            "qualified_arn": "arn:aws:lambda:eu-central-1:711348555690:function:front-lambda:$LATEST",
            "qualified_invoke_arn": "arn:aws:apigateway:eu-central-1:lambda:path/2015-03-31/functions/arn:aws:lambda:eu-central-1:711348555690:function:front-lambda:$LATEST/invocations",
            "replace_security_groups_on_destroy": null,
            "replacement_security_group_ids": null,
            "reserved_concurrent_executions": -1,
            "role": "arn:aws:iam::711348555690:role/lambda-role",
            "runtime": "",
            "s3_bucket": null,
            "s3_key": null,
            "s3_object_version": null,
            "signing_job_arn": "",
            "signing_profile_version_arn": "",
            "skip_destroy": false,
            "snap_start": [],
            "source_code_hash": "852167150ee561efd4bc9bc6388a8e566a680fb0528716b3ea07abd5b09f9754",
            "source_code_size": 0,
            "tags": null,
            "tags_all": {},
            "timeout": 5,
            "timeouts": null,
            "tracing_config": [
              {
                "mode": "PassThrough"
              }
            ],
            "version": "$LATEST",
            "vpc_config": []
          },
          "sensitive_attributes": [],
          "private": "eyJlMmJmYjczMC1lY2FhLTExZTYtOGY4OC0zNDM2M2JjN2M0YzAiOnsiY3JlYXRlIjo2MDAwMDAwMDAwMDAsImRlbGV0ZSI6NjAwMDAwMDAwMDAwLCJ1cGRhdGUiOjYwMDAwMDAwMDAwMH19",
          "dependencies": [
            "aws_ecr_repository.FrontRepo",
            "aws_iam_role.LambdaRole",
            "data.aws_ecr_authorization_token.token",
            "docker_image.FrontImage",
            "docker_registry_image.FrontEcrImage"
          ]
        }
      ]
    },
    {
      "mode": "managed",
      "type": "aws_lambda_function_url",
      "name": "BackLambdaUrl",
      "provider": "provider[\"registry.terraform.io/hashicorp/aws\"]",
      "instances": [
        {
          "schema_version": 0,
          "attributes": {
            "authorization_type": "NONE",
            "cors": [],
            "function_arn": "arn:aws:lambda:eu-central-1:711348555690:function:back-lambda",
            "function_name": "back-lambda",
            "function_url": "https://qh5yf2q5mb2mudnu7mo5ibs5340kvlew.lambda-url.eu-central-1.on.aws/",
            "id": "back-lambda",
            "invoke_mode": "BUFFERED",
            "qualifier": "",
            "timeouts": null,
            "url_id": "qh5yf2q5mb2mudnu7mo5ibs5340kvlew"
          },
          "sensitive_attributes": [],
          "private": "eyJlMmJmYjczMC1lY2FhLTExZTYtOGY4OC0zNDM2M2JjN2M0YzAiOnsiY3JlYXRlIjo2MDAwMDAwMDAwMDB9fQ==",
          "dependencies": [
            "aws_ecr_repository.BackRepo",
            "aws_iam_role.LambdaRole",
            "aws_lambda_function.BackLambda",
            "data.aws_ecr_authorization_token.token",
            "docker_image.BackImage",
            "docker_registry_image.BackEcrImage"
          ]
        }
      ]
    },
    {
      "mode": "managed",
      "type": "aws_lambda_function_url",
      "name": "FrontLambdaUrl",
      "provider": "provider[\"registry.terraform.io/hashicorp/aws\"]",
      "instances": [
        {
          "schema_version": 0,
          "attributes": {
            "authorization_type": "NONE",
            "cors": [],
            "function_arn": "arn:aws:lambda:eu-central-1:711348555690:function:front-lambda",
            "function_name": "front-lambda",
            "function_url": "https://zaybgiba7j34u5vvaxmvs3pnje0odwqq.lambda-url.eu-central-1.on.aws/",
            "id": "front-lambda",
            "invoke_mode": "BUFFERED",
            "qualifier": "",
            "timeouts": null,
            "url_id": "zaybgiba7j34u5vvaxmvs3pnje0odwqq"
          },
          "sensitive_attributes": [],
          "private": "eyJlMmJmYjczMC1lY2FhLTExZTYtOGY4OC0zNDM2M2JjN2M0YzAiOnsiY3JlYXRlIjo2MDAwMDAwMDAwMDB9fQ==",
          "dependencies": [
            "aws_ecr_repository.FrontRepo",
            "aws_iam_role.LambdaRole",
            "aws_lambda_function.FrontLambda",
            "data.aws_ecr_authorization_token.token",
            "docker_image.FrontImage",
            "docker_registry_image.FrontEcrImage"
          ]
        }
      ]
    },
    {
      "mode": "managed",
      "type": "docker_image",
      "name": "BackImage",
      "provider": "provider[\"registry.terraform.io/kreuzwerker/docker\"]",
      "instances": [
        {
          "schema_version": 0,
          "attributes": {
            "build": [
              {
                "auth_config": [],
                "build_arg": {},
                "build_args": {},
                "build_id": "",
                "cache_from": [],
                "cgroup_parent": "",
                "context": "/home/user/github/cdktf-project/src/back",
                "cpu_period": 0,
                "cpu_quota": 0,
                "cpu_set_cpus": "",
                "cpu_set_mems": "",
                "cpu_shares": 0,
                "dockerfile": "Dockerfile",
                "extra_hosts": [],
                "force_remove": false,
                "isolation": "",
                "label": {},
                "labels": {},
                "memory": 0,
                "memory_swap": 0,
                "network_mode": "",
                "no_cache": false,
                "platform": "linux/arm64",
                "pull_parent": false,
                "remote_context": "",
                "remove": true,
                "security_opt": [],
                "session_id": "",
                "shm_size": 0,
                "squash": false,
                "suppress_output": false,
                "tag": [],
                "target": "",
                "ulimit": [],
                "version": ""
              }
            ],
            "force_remove": null,
            "id": "sha256:e58543f6d11162557e3eed3e451b260014f86be00c2f237cf74214cc07f7e531711348555690.dkr.ecr.eu-central-1.amazonaws.com/back-repo",
            "image_id": "sha256:e58543f6d11162557e3eed3e451b260014f86be00c2f237cf74214cc07f7e531",
            "keep_locally": null,
            "name": "711348555690.dkr.ecr.eu-central-1.amazonaws.com/back-repo",
            "platform": null,
            "pull_triggers": null,
            "repo_digest": "711348555690.dkr.ecr.eu-central-1.amazonaws.com/back-repo@sha256:dc8133dfaa402e14891fcec6b2d3596ea8fcddd607f5f2de27ce5c1d5da6209e",
            "triggers": {
              "filesha256": "d582e1929e92049e244aa8f040d3381cabd52f82cc371b2c05a9d7981e8a0dd8"
            }
          },
          "sensitive_attributes": [],
          "private": "bnVsbA==",
          "dependencies": [
            "aws_ecr_repository.BackRepo",
            "data.aws_ecr_authorization_token.token"
          ]
        }
      ]
    },
    {
      "mode": "managed",
      "type": "docker_image",
      "name": "FrontImage",
      "provider": "provider[\"registry.terraform.io/kreuzwerker/docker\"]",
      "instances": [
        {
          "schema_version": 0,
          "attributes": {
            "build": [
              {
                "auth_config": [],
                "build_arg": null,
                "build_args": null,
                "build_id": "",
                "cache_from": [],
                "cgroup_parent": "",
                "context": "/home/user/github/cdktf-project/src/front",
                "cpu_period": null,
                "cpu_quota": null,
                "cpu_set_cpus": "",
                "cpu_set_mems": "",
                "cpu_shares": null,
                "dockerfile": "Dockerfile",
                "extra_hosts": [],
                "force_remove": null,
                "isolation": "",
                "label": null,
                "labels": null,
                "memory": null,
                "memory_swap": null,
                "network_mode": "",
                "no_cache": null,
                "platform": "linux/arm64",
                "pull_parent": null,
                "remote_context": "",
                "remove": true,
                "security_opt": [],
                "session_id": "",
                "shm_size": null,
                "squash": null,
                "suppress_output": null,
                "tag": [],
                "target": "",
                "ulimit": [],
                "version": ""
              }
            ],
            "force_remove": null,
            "id": "sha256:69d7f1d3a01f5c41126fd801fe11a3e3fa8a0f83ce068b7db046535fc99dd4a7711348555690.dkr.ecr.eu-central-1.amazonaws.com/front-repo",
            "image_id": "sha256:69d7f1d3a01f5c41126fd801fe11a3e3fa8a0f83ce068b7db046535fc99dd4a7",
            "keep_locally": null,
            "name": "711348555690.dkr.ecr.eu-central-1.amazonaws.com/front-repo",
            "platform": null,
            "pull_triggers": null,
            "repo_digest": "",
            "triggers": {
              "filesha256": "b7d1bced0da5b28954adbc1592a03fb467d09b6f5a6c3cfe7eef03cc177bb2de"
            }
          },
          "sensitive_attributes": [],
          "private": "bnVsbA==",
          "dependencies": [
            "aws_ecr_repository.FrontRepo",
            "data.aws_ecr_authorization_token.token"
          ]
        }
      ]
    },
    {
      "mode": "managed",
      "type": "docker_registry_image",
      "name": "BackEcrImage",
      "provider": "provider[\"registry.terraform.io/kreuzwerker/docker\"]",
      "instances": [
        {
          "schema_version": 0,
          "attributes": {
            "id": "sha256:dc8133dfaa402e14891fcec6b2d3596ea8fcddd607f5f2de27ce5c1d5da6209e",
            "insecure_skip_verify": false,
            "keep_remotely": false,
            "name": "711348555690.dkr.ecr.eu-central-1.amazonaws.com/back-repo",
            "sha256_digest": "sha256:dc8133dfaa402e14891fcec6b2d3596ea8fcddd607f5f2de27ce5c1d5da6209e",
            "triggers": {
              "filesha256": "d582e1929e92049e244aa8f040d3381cabd52f82cc371b2c05a9d7981e8a0dd8"
            }
          },
          "sensitive_attributes": [],
          "private": "bnVsbA==",
          "dependencies": [
            "aws_ecr_repository.BackRepo",
            "data.aws_ecr_authorization_token.token",
            "docker_image.BackImage"
          ]
        }
      ]
    },
    {
      "mode": "managed",
      "type": "docker_registry_image",
      "name": "FrontEcrImage",
      "provider": "provider[\"registry.terraform.io/kreuzwerker/docker\"]",
      "instances": [
        {
          "schema_version": 0,
          "attributes": {
            "id": "sha256:852167150ee561efd4bc9bc6388a8e566a680fb0528716b3ea07abd5b09f9754",
            "insecure_skip_verify": false,
            "keep_remotely": false,
            "name": "711348555690.dkr.ecr.eu-central-1.amazonaws.com/front-repo",
            "sha256_digest": "sha256:852167150ee561efd4bc9bc6388a8e566a680fb0528716b3ea07abd5b09f9754",
            "triggers": {
              "filesha256": "b7d1bced0da5b28954adbc1592a03fb467d09b6f5a6c3cfe7eef03cc177bb2de"
            }
          },
          "sensitive_attributes": [],
          "private": "bnVsbA==",
          "dependencies": [
            "aws_ecr_repository.FrontRepo",
            "data.aws_ecr_authorization_token.token",
            "docker_image.FrontImage"
          ]
        }
      ]
    }
  ],
  "check_results": null
}
