{
  "version": 4,
  "terraform_version": "1.7.0",
  "serial": 390,
  "lineage": "a595879c-8348-d326-a097-97e4ec7507b9",
  "outputs": {},
  "resources": [
    {
      "mode": "data",
      "type": "aws_ecr_authorization_token",
      "name": "token",
      "provider": "provider[\"registry.terraform.io/hashicorp/aws\"]",
      "instances": [
        {
          "schema_version": 0,
          "attributes": {
            "authorization_token": "QVdTOmV5SndZWGxzYjJGa0lqb2liMGhPWkhCbFEyRnBVelpXYnpGcU5FNVBSekJMTHpnclIwRnpWbTE0Um0welZFVnJOamhqTlRScFRqRlphRWRVUzBkUFRYTkhUblZCZWt0cUx6TlBOMG9yUzNGWE0zZDBhR0UxYVRaV2JsSm9kSGN6T0VVM1lqRXZlRE42TVhKR1NXMWxiVWhLYmtvM1lqVkxPVWh2TWpaMGQwWkNPRFppYTNFM1NrOW9UMVo2YTJveU9YVlRXaTkxVDFKRFJtRlJiM1pXVkZKelV5OVBZMnRrTTBKbEsxTTBWa05MTlZkek1rdFZibW95YmtWeFJGUklSVXR0YlhveUsxcEZjR2h3WVRGSFRVTkJTMmhHU1RFMWFqaFZSRlJzWnl0WFpIaFZNaXRzV0ZCMlVUbHhWRTk0VlhselEzbEdORlZTWm5sQldqWjZVak5aTm13NE5tWjRhMUZIWldnMFIzcE5abE41WW5SMVRIUkpTV0ZVTDB4SWNUSlVNMFZIVEhKaVJFbDJjazlQT0dZckwwWklZblY1ZDJNMVFYRndRMmhJYlRSeFRVMXpibmxZTlZKVlpHMUNZV1JhUTFoNlpGRlFMMFl2YzNsWmFqQlJXVk5sWVRGaE5EaDJZVk5MZUVoak9YcG9jek00WTFwRmExUnFLMVoxTkdaUk5ETndkVE01YjBkM1FYZDFXRlZ2TkZob01FcEdNRkZxYzBKc1lXTlFXRXhxUVUxWE5pdG5PR1Y0T1dSMGEyTnRRWFp3Ym1ZM05GQjJTakpyWVZWV1lqYzJZVXB4Y0ZCTE0zZHdZMjl5WkVoM1VIaGxNMFIyTWpGbmFrWTBVVEJJYzFSdmVGaHhLM1JaVVUwemVFaDJMelpJYjFwTFluZ3laazFZTkdoSVFYRmhUbmh3WlRGS2VFcDJZbmhoY0V4cVpWRnFWeXRIWTNoWFYyaHlNekJHTWtSV05rMVRRelpGVjNwdFFWVlJORGR3U205d1MxWkJiemszYTI5U1VEWktjMkpXZDBWbVJtdE9jRzFsT0RRNU9HbFZSV3hZYTFaVGJWcEZaMnBSTW1oRVEwSXhSVXB5VEdkcE16ZzFNeXRWVXpSTVIzVlBORmhLTTFsQkwwZG5XRWRtYUhGeEwwbG1lV2RsWVZCSFYxTjBTMkpwU0ZaNlRVZEdVRVpTV2xjd2RGUlZiMGMxTXpOTWVHSk9XbWROU0hKbVNIWnVVSGc1TDNFeVRUWktTM2Q0Y21wWk1TOWlUV0pGV0VRclRXdGpiVEYxTUhwRGFFRnVSR1JVZVRSeVJFOU1jakJKVTBSMGQwMTZWVGt6WVZGRmQxYzFjVGxsY21oblZFaDRhazVCUnk5MlN6bHZiSGhQWkM5NE9IVk5ZM0IwZEhaSk9VOTJhMFZ5VlVzdmNXRnhVRzU0VTBOT2QwODVOMVJpSzJWWWIxZzVMM2RwU1ZoQ1dXUXdiVEpSUlhSRVNEZE9hR3hOVUVScFNHeEVjWFJwT0cxaGNuaEpaVTlzUTAxamNXZ3paRlk0YlZkQ1JWQlBNbWt2ZVhSbU1qRmxWR3BXVVhwclkwVnVhRXBKZDNWVmNqTXlSVEJ2ZWxFMU1Ya3ZOVEI0Y21sNmVGQkNVMDVCTWpreFozRmxNbXRUWm5SaFdISnhhV2N2YmtjNGNETktWVTE2WkRnNGNrdzJkM2hzV1RjNU9HTmtlbUZ1U25KM1psZDZSMGhpYTFkb01VZDJVMjFVY21WcldWSlFZMWNyUVRGWlltbG5NbFpRTVM5aVVXcElaRTVFVWlzMk1sWmFWRUp6U2psek5tOU1lamRYU25KV05GaDVRbWRaVm0xeE1FSjNTamRUY2xWU1QwNUxWMUZrUkROdE0wOW9PRVZEZG5GdVJFaFFhMEV3UjJNMWQwRmlSa0pJVm1sTlkyRlFUVVp4VG5VNVRrOVlPVzQxVVVOV2IwVnlhSG96TTBZd1IyTXpURmxWVDFoSlZEUnhka0V6Vnpjck1uWm5iR2hTUjFOR2MzcGllVFZFUWxkVmRqSlVTa2xzU0U0aUxDSmtZWFJoYTJWNUlqb2lRVkZGUWtGSWFETjZXVTlrZEhCQ1FsTldkeTlaTW1GdU9FSllTVVEwYTNkTVVXWnViMVJxTlhwM1duUkhTbHB2V2xGQlFVRklOSGRtUVZsS1MyOWFTV2gyWTA1QlVXTkhiMGM0ZDJKUlNVSkJSRUp2UW1kcmNXaHJhVWM1ZHpCQ1FuZEZkMGhuV1VwWlNWcEpRVmRWUkVKQlJYVk5Ra1ZGUkV0UlYwYzVkMk5PWjBkQ2REa3hLMVJCU1VKRlNVRTNTbFZZWnpWR01FTklVemRZWWtGWU4zWjZValZ6UzFoV2IyMVFRVXR2ZUdKWmRtazVRbVZ6VWtkeGMweFhURUpJT0dKbFVIaENXaTlRYmxKbk1EaHRXazlYYUUxdVVtMUhibTlwY2xSVWJ6MGlMQ0oyWlhKemFXOXVJam9pTWlJc0luUjVjR1VpT2lKRVFWUkJYMHRGV1NJc0ltVjRjR2x5WVhScGIyNGlPakUzTURZeU16RTRORFo5",
            "expires_at": "2024-01-26T01:17:26Z",
            "id": "eu-central-1",
            "password": "eyJwYXlsb2FkIjoib0hOZHBlQ2FpUzZWbzFqNE5PRzBLLzgrR0FzVm14Rm0zVEVrNjhjNTRpTjFZaEdUS0dPTXNHTnVBektqLzNPN0orS3FXM3d0aGE1aTZWblJodHczOEU3YjEveDN6MXJGSW1lbUhKbko3YjVLOUhvMjZ0d0ZCODZia3E3Sk9oT1Z6a2oyOXVTWi91T1JDRmFRb3ZWVFJzUy9PY2tkM0JlK1M0VkNLNVdzMktVbmoybkVxRFRIRUttbXoyK1pFcGhwYTFHTUNBS2hGSTE1ajhVRFRsZytXZHhVMitsWFB2UTlxVE94VXlzQ3lGNFVSZnlBWjZ6UjNZNmw4NmZ4a1FHZWg0R3pNZlN5YnR1THRJSWFUL0xIcTJUM0VHTHJiREl2ck9POGYrL0ZIYnV5d2M1QXFwQ2hIbTRxTU1zbnlYNVJVZG1CYWRaQ1h6ZFFQL0Yvc3lZajBRWVNlYTFhNDh2YVNLeEhjOXpoczM4Y1pFa1RqK1Z1NGZRNDNwdTM5b0d3QXd1WFVvNFhoMEpGMFFqc0JsYWNQWExqQU1XNitnOGV4OWR0a2NtQXZwbmY3NFB2SjJrYVVWYjc2YUpxcFBLM3dwY29yZEh3UHhlM0R2MjFnakY0UTBIc1RveFhxK3RZUU0zeEh2LzZIb1pLYngyZk1YNGhIQXFhTnhwZTFKeEp2YnhhcExqZVFqVytHY3hXV2hyMzBGMkRWNk1TQzZFV3ptQVVRNDdwSm9wS1ZBbzk3a29SUDZKc2JWd0VmRmtOcG1lODQ5OGlVRWxYa1ZTbVpFZ2pRMmhEQ0IxRUpyTGdpMzg1MytVUzRMR3VPNFhKM1lBL0dnWEdmaHFxL0lmeWdlYVBHV1N0S2JpSFZ6TUdGUEZSWlcwdFRVb0c1MzNMeGJOWmdNSHJmSHZuUHg5L3EyTTZKS3d4cmpZMS9iTWJFWEQrTWtjbTF1MHpDaEFuRGRUeTRyRE9McjBJU0R0d016VTkzYVFFd1c1cTllcmhnVEh4ak5BRy92SzlvbHhPZC94OHVNY3B0dHZJOU92a0VyVUsvcWFxUG54U0NOd085N1RiK2VYb1g5L3dpSVhCWWQwbTJRRXRESDdOaGxNUERpSGxEcXRpOG1hcnhJZU9sQ01jcWgzZFY4bVdCRVBPMmkveXRmMjFlVGpWUXprY0VuaEpJd3VVcjMyRTBvelE1MXkvNTB4cml6eFBCU05BMjkxZ3FlMmtTZnRhWHJxaWcvbkc4cDNKVU16ZDg4ckw2d3hsWTc5OGNkemFuSnJ3Zld6R0hia1doMUd2U21UcmVrWVJQY1crQTFZYmlnMlZQMS9iUWpIZE5EUis2MlZaVEJzSjlzNm9MejdXSnJWNFh5QmdZVm1xMEJ3SjdTclVST05LV1FkRDNtM09oOEVDdnFuREhQa0EwR2M1d0FiRkJIVmlNY2FQTUZxTnU5Tk9YOW41UUNWb0VyaHozM0YwR2MzTFlVT1hJVDRxdkEzVzcrMnZnbGhSR1NGc3pieTVEQldVdjJUSklsSE4iLCJkYXRha2V5IjoiQVFFQkFIaDN6WU9kdHBCQlNWdy9ZMmFuOEJYSUQ0a3dMUWZub1RqNXp3WnRHSlpvWlFBQUFINHdmQVlKS29aSWh2Y05BUWNHb0c4d2JRSUJBREJvQmdrcWhraUc5dzBCQndFd0hnWUpZSVpJQVdVREJBRXVNQkVFREtRV0c5d2NOZ0dCdDkxK1RBSUJFSUE3SlVYZzVGMENIUzdYYkFYN3Z6UjVzS1hWb21QQUtveGJZdmk5QmVzUkdxc0xXTEJIOGJlUHhCWi9QblJnMDhtWk9XaE1uUm1Hbm9pclRUbz0iLCJ2ZXJzaW9uIjoiMiIsInR5cGUiOiJEQVRBX0tFWSIsImV4cGlyYXRpb24iOjE3MDYyMzE4NDZ9",
            "proxy_endpoint": "https://711348555690.dkr.ecr.eu-central-1.amazonaws.com",
            "registry_id": null,
            "user_name": "AWS"
          },
          "sensitive_attributes": []
        }
      ]
    },
    {
      "mode": "managed",
      "type": "aws_ecr_repository",
      "name": "BackRepo",
      "provider": "provider[\"registry.terraform.io/hashicorp/aws\"]",
      "instances": [
        {
          "schema_version": 0,
          "attributes": {
            "arn": "arn:aws:ecr:eu-central-1:711348555690:repository/back-repo",
            "encryption_configuration": [
              {
                "encryption_type": "AES256",
                "kms_key": ""
              }
            ],
            "force_delete": null,
            "id": "back-repo",
            "image_scanning_configuration": [
              {
                "scan_on_push": false
              }
            ],
            "image_tag_mutability": "MUTABLE",
            "name": "back-repo",
            "registry_id": "711348555690",
            "repository_url": "711348555690.dkr.ecr.eu-central-1.amazonaws.com/back-repo",
            "tags": {},
            "tags_all": {},
            "timeouts": null
          },
          "sensitive_attributes": [],
          "private": "eyJlMmJmYjczMC1lY2FhLTExZTYtOGY4OC0zNDM2M2JjN2M0YzAiOnsiZGVsZXRlIjoxMjAwMDAwMDAwMDAwfX0="
        }
      ]
    },
    {
      "mode": "managed",
      "type": "aws_ecr_repository",
      "name": "FrontRepo",
      "provider": "provider[\"registry.terraform.io/hashicorp/aws\"]",
      "instances": [
        {
          "schema_version": 0,
          "attributes": {
            "arn": "arn:aws:ecr:eu-central-1:711348555690:repository/front-repo",
            "encryption_configuration": [
              {
                "encryption_type": "AES256",
                "kms_key": ""
              }
            ],
            "force_delete": null,
            "id": "front-repo",
            "image_scanning_configuration": [
              {
                "scan_on_push": false
              }
            ],
            "image_tag_mutability": "MUTABLE",
            "name": "front-repo",
            "registry_id": "711348555690",
            "repository_url": "711348555690.dkr.ecr.eu-central-1.amazonaws.com/front-repo",
            "tags": {},
            "tags_all": {},
            "timeouts": null
          },
          "sensitive_attributes": [],
          "private": "eyJlMmJmYjczMC1lY2FhLTExZTYtOGY4OC0zNDM2M2JjN2M0YzAiOnsiZGVsZXRlIjoxMjAwMDAwMDAwMDAwfX0="
        }
      ]
    },
    {
      "mode": "managed",
      "type": "docker_image",
      "name": "BackImage",
      "provider": "provider[\"registry.terraform.io/kreuzwerker/docker\"]",
      "instances": [
        {
          "schema_version": 0,
          "attributes": {
            "build": [
              {
                "auth_config": [],
                "build_arg": null,
                "build_args": null,
                "build_id": "",
                "cache_from": [],
                "cgroup_parent": "",
                "context": "/home/user/github/cdktf-project/src/back",
                "cpu_period": null,
                "cpu_quota": null,
                "cpu_set_cpus": "",
                "cpu_set_mems": "",
                "cpu_shares": null,
                "dockerfile": "Dockerfile",
                "extra_hosts": [],
                "force_remove": null,
                "isolation": "",
                "label": null,
                "labels": null,
                "memory": null,
                "memory_swap": null,
                "network_mode": "",
                "no_cache": null,
                "platform": "linux/amd64",
                "pull_parent": null,
                "remote_context": "",
                "remove": true,
                "security_opt": [],
                "session_id": "",
                "shm_size": null,
                "squash": null,
                "suppress_output": null,
                "tag": [],
                "target": "",
                "ulimit": [],
                "version": ""
              }
            ],
            "force_remove": null,
            "id": "sha256:cca5a4e1c05f43fb00da3281eb24cc922decebb52594859b8f756c0f6dbb3496711348555690.dkr.ecr.eu-central-1.amazonaws.com/back-repo:latest",
            "image_id": "sha256:cca5a4e1c05f43fb00da3281eb24cc922decebb52594859b8f756c0f6dbb3496",
            "keep_locally": null,
            "name": "711348555690.dkr.ecr.eu-central-1.amazonaws.com/back-repo:latest",
            "platform": null,
            "pull_triggers": null,
            "repo_digest": "",
            "triggers": {
              "filesha256": "b5e0d33d61e5e15e7ae74d5af1521c55392f53f47f6455900014ddd1e1e37df6"
            }
          },
          "sensitive_attributes": [],
          "private": "bnVsbA==",
          "dependencies": [
            "aws_ecr_repository.BackRepo",
            "data.aws_ecr_authorization_token.token"
          ]
        }
      ]
    },
    {
      "mode": "managed",
      "type": "docker_image",
      "name": "FrontImage",
      "provider": "provider[\"registry.terraform.io/kreuzwerker/docker\"]",
      "instances": [
        {
          "schema_version": 0,
          "attributes": {
            "build": [
              {
                "auth_config": [],
                "build_arg": {},
                "build_args": {},
                "build_id": "",
                "cache_from": [],
                "cgroup_parent": "",
                "context": "/home/user/github/cdktf-project/src/front",
                "cpu_period": 0,
                "cpu_quota": 0,
                "cpu_set_cpus": "",
                "cpu_set_mems": "",
                "cpu_shares": 0,
                "dockerfile": "Dockerfile",
                "extra_hosts": [],
                "force_remove": false,
                "isolation": "",
                "label": {},
                "labels": {},
                "memory": 0,
                "memory_swap": 0,
                "network_mode": "",
                "no_cache": false,
                "platform": "linux/amd64",
                "pull_parent": false,
                "remote_context": "",
                "remove": true,
                "security_opt": [],
                "session_id": "",
                "shm_size": 0,
                "squash": false,
                "suppress_output": false,
                "tag": [],
                "target": "",
                "ulimit": [],
                "version": ""
              }
            ],
            "force_remove": null,
            "id": "sha256:c78d471df96f5bf0d4538c961fbbf07e1f790f0d2c2dc8feae2d573d7c44e883711348555690.dkr.ecr.eu-central-1.amazonaws.com/front-repo:latest",
            "image_id": "sha256:c78d471df96f5bf0d4538c961fbbf07e1f790f0d2c2dc8feae2d573d7c44e883",
            "keep_locally": null,
            "name": "711348555690.dkr.ecr.eu-central-1.amazonaws.com/front-repo:latest",
            "platform": null,
            "pull_triggers": null,
            "repo_digest": "711348555690.dkr.ecr.eu-central-1.amazonaws.com/front-repo@sha256:b30c3a220dee33d6bd87ded8c742b08dd68a7f738791ad589dc6f45c71dfd428",
            "triggers": {
              "filesha256": "9dd6df6a8aad0c5be2d0ff5d66c31f6c68abffb59be1e1152729b8af7f349738"
            }
          },
          "sensitive_attributes": [],
          "private": "bnVsbA==",
          "dependencies": [
            "aws_ecr_repository.FrontRepo",
            "data.aws_ecr_authorization_token.token"
          ]
        }
      ]
    }
  ],
  "check_results": null
}
