{
  "version": 4,
  "terraform_version": "1.7.0",
  "serial": 754,
  "lineage": "a595879c-8348-d326-a097-97e4ec7507b9",
  "outputs": {},
  "resources": [
    {
      "mode": "data",
      "type": "aws_ecr_authorization_token",
      "name": "token",
      "provider": "provider[\"registry.terraform.io/hashicorp/aws\"]",
      "instances": [
        {
          "schema_version": 0,
          "attributes": {
            "authorization_token": "QVdTOmV5SndZWGxzYjJGa0lqb2llWGszVTJ0SmJUSTFOVXBaU1RnNGRIQlpSa0ZYVlhGVk1VcFdVblZGYmtoUVdHOXpXWEpMTWpkcU0zZDZORkZZVFdSV1RVOVdSRTVtYUd4dFJURXZVRkZ4TURCVVkwdEZaelpaVVV0Mk9DdE5OSGcxUlVZd2RITmFVRVJSVUM5S2MycG5ObkpTZW14b1owYzNhVll6UlVWVllWUkdSbXBHV0U5UFNVUkpRall6TlZBMU5VWTRRek5xTkdaRlNFOWhTMEpZV2tZeU5FVmtOa3d4TWs5VFNYRnpjVE5CVlRoQmQybFlNeTlqVjIwelRYZDRWSFJ4WkUxU1FVRk1jMlZtTlRGVWRtRjZWV2wwTVc5a1UzaDJiM1ZhZVZBelIxTTRORWQ0TVdwWlpDdFRRbkpTY21oNWNqWk5jVmRLZHpCQmIxaERha3BGTTJGVFUwVm5UMVp5T0ZScFZHMUpNR3RzS3pnMmJXUjRiMDVFUnpKMVlWcGlTVFJaT0hZNFozcElkV3MyZDB0NFNXVnlhMjlEV1c1WFJuZHBNWHBNUjBweFkydEpURWR2U25aVFdWcFhWa01yVWpsV09GbEZTVXB5V1ZONWVVUnFWVWh5VDA4NU5XWmFUVzltTmxsTFpscE5TRWhZV1dsM1VtNWpZV2Q0YjFoQk5WbEJTV05HU1hOWVFVdFBVR1pJYm1kRVZFbExZa1Z0V1VaMGNqbGtXV05WTWtwaWJVYzNNRE5LUlhOQ1dIcHhlR1p5VDBWNGVHdG9ObGhPYmt0dVVEUm1jMVk1VjFadGRIUkdWVmxPT0RkS1ZTOTZlbFF3V1ZsaGRsSkVaMk5hWVVKd1VWcHhOUzlWWW5semRWVlNUMVptUlRkM01rUXJSRmQ1WlVoelNrOWxSSEJhTW5GTlppOTVWVlJQY1ZwcFFtNWtNbmxVYUdseVpYbHJXRGhVUW1GRlNFZExWREJLWkhKTVlqRTVjRVk0Um1saFRucDRhRXRZTWtwamFWVXlVR3BWTDBsNVJ6WnVOMDk1TURreE5VSXZaVGhMTHpCcFN6QnlhM0YxTm1OM1ZYTkVjWEJuVlhaMGREWnpUVzk2U3pSbmFuVjBia0ZQTXpGeWExUkZNR1ZwUW1aV2EwWkxiM1pzZUhKd2RUYzBNMDAyZFM5c05HazBUa05xVEdsdGFrNTJkR1V2UjA1Q2VXZHZiUzhyWTFoQlNIVlVZVE5TT0hkdEwxSlNSM2szUW5kUFpESklNRFJXTlRKSGVuZEtWV0ptS3pGb016RlVkMWN4WjFsR01XRlNNV1pCWkd0Uk1qaGtTR0Z6UkdZNFEwTnFaSFY1VFVRMlNUWlNTRFV3V21Sb2VuZFVSVlF2ZUhGWWEwcGtaU3RLYkUxaWNGVkJWalF4UldkcllUTXpWWFIyU21sTFpuRlJNRkl4UVZZMk4zZFJjM0V6WVVobU9XVjFNaTlNVUUxTVNWVklSVWRUUTBOaGVFVk9TMnhZUzFKRFkyUkVWbU5HTm5SbU1XWTFaMGRRVkd4WGVVOXJRVXgyUXpkS1luQkJXV1ZCWTB4RWNHVTRUVmxRUW5CV09UTktSRWRGU0VnNFVqSTFORXhEU21jelZqVnpjWHBzWVhKMlFqYzBZbmN3WlhGUmJHZDJTSE40TkRaMFoyRnVjRGtyU0RjelkyTkZTbXRSTVdSemRtWkJiemwxWTFJeVZsQlpka2d3Y0VGUFozWkxjRVJwWTJKNVNWVlNMM3BpTlROVVIwZ3dja3hJY25acGFsRjBLMVkzVVVneFNrcG9Ra1poYzNaV05tVkxSaXRSYlVNNVVrVkxWamhxWWtwSlYzZHVabVl4ZG5CdVdWbEhVWFpJYldONmFWVkJOVTU0YVhaTk9EUkVaREJIY0RRMlpEUnpiRzVuTlRkcmQwTTRTMDVJZHpBNFRtZHVRM2hoUzJvdmNFdHhZeTh3Y0ZKeWRXRlZPVXhKUXpkNEszaDNjemRKZVRacVFqZENjVWR3Tld0emVWSmlkRWxGV1cwMmJYWkJPRkExY0ZJaUxDSmtZWFJoYTJWNUlqb2lRVkZGUWtGSWFETjZXVTlrZEhCQ1FsTldkeTlaTW1GdU9FSllTVVEwYTNkTVVXWnViMVJxTlhwM1duUkhTbHB2V2xGQlFVRklOSGRtUVZsS1MyOWFTV2gyWTA1QlVXTkhiMGM0ZDJKUlNVSkJSRUp2UW1kcmNXaHJhVWM1ZHpCQ1FuZEZkMGhuV1VwWlNWcEpRVmRWUkVKQlJYVk5Ra1ZGUkVKRGFHbERObWxaUlU0NWRuVnBObmhCU1VKRlNVRTNZbUUxU0ZsMVNtTkVXamRIU1dOR1ZTOWFOR05yVjBzMFdsUkJNQzlOZHpBelMzSnVRalo0YWxvMWMyOU9MMHh6Wml0a1RtOTJLME12YzA0MWVFOVNObkU0Y1d3M05uSnZPVGhZYURKcWJ6MGlMQ0oyWlhKemFXOXVJam9pTWlJc0luUjVjR1VpT2lKRVFWUkJYMHRGV1NJc0ltVjRjR2x5WVhScGIyNGlPakUzTURZeU5UY3hNVE45",
            "expires_at": "2024-01-26T08:18:33Z",
            "id": "eu-central-1",
            "password": "eyJwYXlsb2FkIjoieXk3U2tJbTI1NUpZSTg4dHBZRkFXVXFVMUpWUnVFbkhQWG9zWXJLMjdqM3d6NFFYTWRWTU9WRE5maGxtRTEvUFFxMDBUY0tFZzZZUUt2OCtNNHg1RUYwdHNaUERRUC9Kc2pnNnJSemxoZ0c3aVYzRUVVYVRGRmpGWE9PSURJQjYzNVA1NUY4QzNqNGZFSE9hS0JYWkYyNEVkNkwxMk9TSXFzcTNBVThBd2lYMy9jV20zTXd4VHRxZE1SQUFMc2VmNTFUdmF6VWl0MW9kU3h2b3VaeVAzR1M4NEd4MWpZZCtTQnJScmh5cjZNcVdKdzBBb1hDakpFM2FTU0VnT1ZyOFRpVG1JMGtsKzg2bWR4b05ERzJ1YVpiSTRZOHY4Z3pIdWs2d0t4SWVya29DWW5XRndpMXpMR0pxY2tJTEdvSnZTWVpXVkMrUjlWOFlFSUpyWVN5eURqVUhyT085NWZaTW9mNllLZlpNSEhYWWl3Um5jYWd4b1hBNVlBSWNGSXNYQUtPUGZIbmdEVElLYkVtWUZ0cjlkWWNVMkpibUc3MDNKRXNCWHpxeGZyT0V4eGtoNlhObktuUDRmc1Y5V1ZtdHRGVVlOODdKVS96elQwWVlhdlJEZ2NaYUJwUVpxNS9VYnlzdVVST1ZmRTd3MkQrRFd5ZUhzSk9lRHBaMnFNZi95VVRPcVppQm5kMnlUaGlyZXlrWDhUQmFFSEdLVDBKZHJMYjE5cEY4RmlhTnp4aEtYMkpjaVUyUGpVL0l5RzZuN095MDkxNUIvZThLLzBpSzBya3F1NmN3VXNEcXBnVXZ0dDZzTW96SzRnanV0bkFPMzFya1RFMGVpQmZWa0ZLb3ZseHJwdTc0M002dS9sNGk0TkNqTGltak52dGUvR05CeWdvbS8rY1hBSHVUYTNSOHdtL1JSR3k3QndPZDJIMDRWNTJHendKVWJmKzFoMzFUd1cxZ1lGMWFSMWZBZGtRMjhkSGFzRGY4Q0NqZHV5TUQ2STZSSDUwWmRoendURVQveHFYa0pkZStKbE1icFVBVjQxRWdrYTMzVXR2SmlLZnFRMFIxQVY2N3dRc3EzYUhmOWV1Mi9MUE1MSVVIRUdTQ0NheEVOS2xYS1JDY2REVmNGNnRmMWY1Z0dQVGxXeU9rQUx2QzdKYnBBWWVBY0xEcGU4TVlQQnBWOTNKREdFSEg4UjI1NExDSmczVjVzcXpsYXJ2Qjc0YncwZXFRbGd2SHN4NDZ0Z2FucDkrSDczY2NFSmtRMWRzdmZBbzl1Y1IyVlBZdkgwcEFPZ3ZLcERpY2J5SVVSL3piNTNUR0gwckxIcnZpalF0K1Y3UUgxSkpoQkZhc3ZWNmVLRitRbUM5UkVLVjhqYkpJV3duZmYxdnBuWVlHUXZIbWN6aVVBNU54aXZNODREZDBHcDQ2ZDRzbG5nNTdrd0M4S05IdzA4TmduQ3hhS2ovcEtxYy8wcFJydWFVOUxJQzd4K3h3czdJeTZqQjdCcUdwNWtzeVJidElFWW02bXZBOFA1cFIiLCJkYXRha2V5IjoiQVFFQkFIaDN6WU9kdHBCQlNWdy9ZMmFuOEJYSUQ0a3dMUWZub1RqNXp3WnRHSlpvWlFBQUFINHdmQVlKS29aSWh2Y05BUWNHb0c4d2JRSUJBREJvQmdrcWhraUc5dzBCQndFd0hnWUpZSVpJQVdVREJBRXVNQkVFREJDaGlDNmlZRU45dnVpNnhBSUJFSUE3YmE1SFl1SmNEWjdHSWNGVS9aNGNrV0s0WlRBMC9NdzAzS3JuQjZ4alo1c29OL0xzZitkTm92K0Mvc041eE9SNnE4cWw3NnJvOThYaDJqbz0iLCJ2ZXJzaW9uIjoiMiIsInR5cGUiOiJEQVRBX0tFWSIsImV4cGlyYXRpb24iOjE3MDYyNTcxMTN9",
            "proxy_endpoint": "https://711348555690.dkr.ecr.eu-central-1.amazonaws.com",
            "registry_id": null,
            "user_name": "AWS"
          },
          "sensitive_attributes": []
        }
      ]
    },
    {
      "mode": "managed",
      "type": "aws_ecr_repository",
      "name": "BackRepo",
      "provider": "provider[\"registry.terraform.io/hashicorp/aws\"]",
      "instances": [
        {
          "schema_version": 0,
          "attributes": {
            "arn": "arn:aws:ecr:eu-central-1:711348555690:repository/back-repo",
            "encryption_configuration": [
              {
                "encryption_type": "AES256",
                "kms_key": ""
              }
            ],
            "force_delete": null,
            "id": "back-repo",
            "image_scanning_configuration": [
              {
                "scan_on_push": false
              }
            ],
            "image_tag_mutability": "MUTABLE",
            "name": "back-repo",
            "registry_id": "711348555690",
            "repository_url": "711348555690.dkr.ecr.eu-central-1.amazonaws.com/back-repo",
            "tags": null,
            "tags_all": {},
            "timeouts": null
          },
          "sensitive_attributes": [],
          "private": "eyJlMmJmYjczMC1lY2FhLTExZTYtOGY4OC0zNDM2M2JjN2M0YzAiOnsiZGVsZXRlIjoxMjAwMDAwMDAwMDAwfX0="
        }
      ]
    },
    {
      "mode": "managed",
      "type": "aws_ecr_repository",
      "name": "FrontRepo",
      "provider": "provider[\"registry.terraform.io/hashicorp/aws\"]",
      "instances": [
        {
          "schema_version": 0,
          "attributes": {
            "arn": "arn:aws:ecr:eu-central-1:711348555690:repository/front-repo",
            "encryption_configuration": [
              {
                "encryption_type": "AES256",
                "kms_key": ""
              }
            ],
            "force_delete": null,
            "id": "front-repo",
            "image_scanning_configuration": [
              {
                "scan_on_push": false
              }
            ],
            "image_tag_mutability": "MUTABLE",
            "name": "front-repo",
            "registry_id": "711348555690",
            "repository_url": "711348555690.dkr.ecr.eu-central-1.amazonaws.com/front-repo",
            "tags": null,
            "tags_all": {},
            "timeouts": null
          },
          "sensitive_attributes": [],
          "private": "eyJlMmJmYjczMC1lY2FhLTExZTYtOGY4OC0zNDM2M2JjN2M0YzAiOnsiZGVsZXRlIjoxMjAwMDAwMDAwMDAwfX0="
        }
      ]
    },
    {
      "mode": "managed",
      "type": "aws_iam_role",
      "name": "LambdaRole",
      "provider": "provider[\"registry.terraform.io/hashicorp/aws\"]",
      "instances": [
        {
          "schema_version": 0,
          "attributes": {
            "arn": "arn:aws:iam::711348555690:role/lambda-role",
            "assume_role_policy": "{\"Statement\":[{\"Action\":\"sts:AssumeRole\",\"Effect\":\"Allow\",\"Principal\":{\"Service\":\"lambda.amazonaws.com\"}}],\"Version\":\"2012-10-17\"}",
            "create_date": "2024-01-25T20:18:35Z",
            "description": "",
            "force_detach_policies": false,
            "id": "lambda-role",
            "inline_policy": [],
            "managed_policy_arns": [],
            "max_session_duration": 3600,
            "name": "lambda-role",
            "name_prefix": "",
            "path": "/",
            "permissions_boundary": "",
            "tags": null,
            "tags_all": {},
            "unique_id": "AROA2LH5NR6VOUXXMKOIE"
          },
          "sensitive_attributes": [],
          "private": "bnVsbA=="
        }
      ]
    },
    {
      "mode": "managed",
      "type": "aws_iam_role_policy_attachment",
      "name": "LambdaExecPolicyAttachment",
      "provider": "provider[\"registry.terraform.io/hashicorp/aws\"]",
      "instances": [
        {
          "schema_version": 0,
          "attributes": {
            "id": "lambda-role-20240125201836279200000001",
            "policy_arn": "arn:aws:iam::aws:policy/service-role/AWSLambdaBasicExecutionRole",
            "role": "lambda-role"
          },
          "sensitive_attributes": [],
          "private": "bnVsbA==",
          "dependencies": [
            "aws_iam_role.LambdaRole"
          ]
        }
      ]
    },
    {
      "mode": "managed",
      "type": "aws_lambda_function",
      "name": "BackLambda",
      "provider": "provider[\"registry.terraform.io/hashicorp/aws\"]",
      "instances": [
        {
          "schema_version": 0,
          "attributes": {
            "architectures": [
              "x86_64"
            ],
            "arn": "arn:aws:lambda:eu-central-1:711348555690:function:back-lambda",
            "code_signing_config_arn": "",
            "dead_letter_config": [],
            "description": "",
            "environment": [
              {
                "variables": {
                  "HOME": "/tmp"
                }
              }
            ],
            "ephemeral_storage": [
              {
                "size": 512
              }
            ],
            "file_system_config": [],
            "filename": null,
            "function_name": "back-lambda",
            "handler": "",
            "id": "back-lambda",
            "image_config": [],
            "image_uri": "711348555690.dkr.ecr.eu-central-1.amazonaws.com/back-repo@sha256:c2b0421a808f06534e4d4276a510b707fda711db46faefc6488786d811144427",
            "invoke_arn": "arn:aws:apigateway:eu-central-1:lambda:path/2015-03-31/functions/arn:aws:lambda:eu-central-1:711348555690:function:back-lambda/invocations",
            "kms_key_arn": "",
            "last_modified": "2024-01-25T20:19:52.477+0000",
            "layers": null,
            "logging_config": [
              {
                "application_log_level": "INFO",
                "log_format": "JSON",
                "log_group": "/aws/lambda/back-lambda",
                "system_log_level": "INFO"
              }
            ],
            "memory_size": 1792,
            "package_type": "Image",
            "publish": false,
            "qualified_arn": "arn:aws:lambda:eu-central-1:711348555690:function:back-lambda:$LATEST",
            "qualified_invoke_arn": "arn:aws:apigateway:eu-central-1:lambda:path/2015-03-31/functions/arn:aws:lambda:eu-central-1:711348555690:function:back-lambda:$LATEST/invocations",
            "replace_security_groups_on_destroy": null,
            "replacement_security_group_ids": null,
            "reserved_concurrent_executions": -1,
            "role": "arn:aws:iam::711348555690:role/lambda-role",
            "runtime": "",
            "s3_bucket": null,
            "s3_key": null,
            "s3_object_version": null,
            "signing_job_arn": "",
            "signing_profile_version_arn": "",
            "skip_destroy": false,
            "snap_start": [],
            "source_code_hash": "c2b0421a808f06534e4d4276a510b707fda711db46faefc6488786d811144427",
            "source_code_size": 0,
            "tags": null,
            "tags_all": {},
            "timeout": 5,
            "timeouts": null,
            "tracing_config": [
              {
                "mode": "PassThrough"
              }
            ],
            "version": "$LATEST",
            "vpc_config": []
          },
          "sensitive_attributes": [],
          "private": "eyJlMmJmYjczMC1lY2FhLTExZTYtOGY4OC0zNDM2M2JjN2M0YzAiOnsiY3JlYXRlIjo2MDAwMDAwMDAwMDAsImRlbGV0ZSI6NjAwMDAwMDAwMDAwLCJ1cGRhdGUiOjYwMDAwMDAwMDAwMH19",
          "dependencies": [
            "aws_ecr_repository.BackRepo",
            "aws_iam_role.LambdaRole",
            "data.aws_ecr_authorization_token.token",
            "docker_image.BackImage",
            "docker_registry_image.BackEcrImage"
          ]
        }
      ]
    },
    {
      "mode": "managed",
      "type": "aws_lambda_function_url",
      "name": "BackLambdaUrl",
      "provider": "provider[\"registry.terraform.io/hashicorp/aws\"]",
      "instances": [
        {
          "schema_version": 0,
          "attributes": {
            "authorization_type": "NONE",
            "cors": [],
            "function_arn": "arn:aws:lambda:eu-central-1:711348555690:function:back-lambda",
            "function_name": "back-lambda",
            "function_url": "https://gp2zzfipd75tgqpjkpybqkeheq0uidyg.lambda-url.eu-central-1.on.aws/",
            "id": "back-lambda",
            "invoke_mode": "BUFFERED",
            "qualifier": "",
            "timeouts": null,
            "url_id": "gp2zzfipd75tgqpjkpybqkeheq0uidyg"
          },
          "sensitive_attributes": [],
          "private": "eyJlMmJmYjczMC1lY2FhLTExZTYtOGY4OC0zNDM2M2JjN2M0YzAiOnsiY3JlYXRlIjo2MDAwMDAwMDAwMDB9fQ==",
          "dependencies": [
            "aws_ecr_repository.BackRepo",
            "aws_iam_role.LambdaRole",
            "aws_lambda_function.BackLambda",
            "data.aws_ecr_authorization_token.token",
            "docker_image.BackImage",
            "docker_registry_image.BackEcrImage"
          ]
        }
      ]
    },
    {
      "mode": "managed",
      "type": "docker_image",
      "name": "BackImage",
      "provider": "provider[\"registry.terraform.io/kreuzwerker/docker\"]",
      "instances": [
        {
          "schema_version": 0,
          "attributes": {
            "build": [
              {
                "auth_config": [],
                "build_arg": null,
                "build_args": null,
                "build_id": "",
                "cache_from": [],
                "cgroup_parent": "",
                "context": "/home/user/github/cdktf-project/src/back",
                "cpu_period": null,
                "cpu_quota": null,
                "cpu_set_cpus": "",
                "cpu_set_mems": "",
                "cpu_shares": null,
                "dockerfile": "Dockerfile",
                "extra_hosts": [],
                "force_remove": null,
                "isolation": "",
                "label": null,
                "labels": null,
                "memory": null,
                "memory_swap": null,
                "network_mode": "",
                "no_cache": null,
                "platform": "linux/amd64",
                "pull_parent": null,
                "remote_context": "",
                "remove": true,
                "security_opt": [],
                "session_id": "",
                "shm_size": null,
                "squash": null,
                "suppress_output": null,
                "tag": [],
                "target": "",
                "ulimit": [],
                "version": ""
              }
            ],
            "force_remove": null,
            "id": "sha256:5cbbded332bce64cf6345fe9f12507daf5769f34aaf1701837b556b07ee5ce4d711348555690.dkr.ecr.eu-central-1.amazonaws.com/back-repo",
            "image_id": "sha256:5cbbded332bce64cf6345fe9f12507daf5769f34aaf1701837b556b07ee5ce4d",
            "keep_locally": null,
            "name": "711348555690.dkr.ecr.eu-central-1.amazonaws.com/back-repo",
            "platform": null,
            "pull_triggers": null,
            "repo_digest": "",
            "triggers": {
              "filesha256": "1254bf07a59ad0772e00d5b67b68c2f343a099e781b2667d9cce1660aa55b992"
            }
          },
          "sensitive_attributes": [],
          "private": "bnVsbA==",
          "dependencies": [
            "aws_ecr_repository.BackRepo",
            "data.aws_ecr_authorization_token.token"
          ]
        }
      ]
    },
    {
      "mode": "managed",
      "type": "docker_image",
      "name": "FrontImage",
      "provider": "provider[\"registry.terraform.io/kreuzwerker/docker\"]",
      "instances": [
        {
          "schema_version": 0,
          "attributes": {
            "build": [
              {
                "auth_config": [],
                "build_arg": null,
                "build_args": null,
                "build_id": "",
                "cache_from": [],
                "cgroup_parent": "",
                "context": "/home/user/github/cdktf-project/src/front",
                "cpu_period": null,
                "cpu_quota": null,
                "cpu_set_cpus": "",
                "cpu_set_mems": "",
                "cpu_shares": null,
                "dockerfile": "Dockerfile",
                "extra_hosts": [],
                "force_remove": null,
                "isolation": "",
                "label": null,
                "labels": null,
                "memory": null,
                "memory_swap": null,
                "network_mode": "",
                "no_cache": null,
                "platform": "linux/amd64",
                "pull_parent": null,
                "remote_context": "",
                "remove": true,
                "security_opt": [],
                "session_id": "",
                "shm_size": null,
                "squash": null,
                "suppress_output": null,
                "tag": [],
                "target": "",
                "ulimit": [],
                "version": ""
              }
            ],
            "force_remove": null,
            "id": "sha256:c78d471df96f5bf0d4538c961fbbf07e1f790f0d2c2dc8feae2d573d7c44e883711348555690.dkr.ecr.eu-central-1.amazonaws.com/front-repo:latest",
            "image_id": "sha256:c78d471df96f5bf0d4538c961fbbf07e1f790f0d2c2dc8feae2d573d7c44e883",
            "keep_locally": null,
            "name": "711348555690.dkr.ecr.eu-central-1.amazonaws.com/front-repo:latest",
            "platform": null,
            "pull_triggers": null,
            "repo_digest": "",
            "triggers": {
              "filesha256": "9dd6df6a8aad0c5be2d0ff5d66c31f6c68abffb59be1e1152729b8af7f349738"
            }
          },
          "sensitive_attributes": [],
          "private": "bnVsbA==",
          "dependencies": [
            "aws_ecr_repository.FrontRepo",
            "data.aws_ecr_authorization_token.token"
          ]
        }
      ]
    },
    {
      "mode": "managed",
      "type": "docker_registry_image",
      "name": "BackEcrImage",
      "provider": "provider[\"registry.terraform.io/kreuzwerker/docker\"]",
      "instances": [
        {
          "schema_version": 0,
          "attributes": {
            "id": "sha256:c2b0421a808f06534e4d4276a510b707fda711db46faefc6488786d811144427",
            "insecure_skip_verify": false,
            "keep_remotely": false,
            "name": "711348555690.dkr.ecr.eu-central-1.amazonaws.com/back-repo",
            "sha256_digest": "sha256:c2b0421a808f06534e4d4276a510b707fda711db46faefc6488786d811144427",
            "triggers": {
              "filesha256": "1254bf07a59ad0772e00d5b67b68c2f343a099e781b2667d9cce1660aa55b992"
            }
          },
          "sensitive_attributes": [],
          "private": "bnVsbA==",
          "dependencies": [
            "aws_ecr_repository.BackRepo",
            "data.aws_ecr_authorization_token.token",
            "docker_image.BackImage"
          ]
        }
      ]
    },
    {
      "mode": "managed",
      "type": "docker_registry_image",
      "name": "FrontEcrImage",
      "provider": "provider[\"registry.terraform.io/kreuzwerker/docker\"]",
      "instances": [
        {
          "schema_version": 0,
          "attributes": {
            "id": "sha256:b30c3a220dee33d6bd87ded8c742b08dd68a7f738791ad589dc6f45c71dfd428",
            "insecure_skip_verify": false,
            "keep_remotely": false,
            "name": "711348555690.dkr.ecr.eu-central-1.amazonaws.com/front-repo:latest",
            "sha256_digest": "sha256:b30c3a220dee33d6bd87ded8c742b08dd68a7f738791ad589dc6f45c71dfd428",
            "triggers": {
              "filesha256": "9dd6df6a8aad0c5be2d0ff5d66c31f6c68abffb59be1e1152729b8af7f349738"
            }
          },
          "sensitive_attributes": [],
          "private": "bnVsbA==",
          "dependencies": [
            "aws_ecr_repository.FrontRepo",
            "data.aws_ecr_authorization_token.token",
            "docker_image.FrontImage"
          ]
        }
      ]
    }
  ],
  "check_results": null
}
