{
  "version": 4,
  "terraform_version": "1.7.0",
  "serial": 105,
  "lineage": "a595879c-8348-d326-a097-97e4ec7507b9",
  "outputs": {},
  "resources": [
    {
      "mode": "data",
      "type": "aws_ecr_authorization_token",
      "name": "token",
      "provider": "provider[\"registry.terraform.io/hashicorp/aws\"]",
      "instances": [
        {
          "schema_version": 0,
          "attributes": {
            "authorization_token": "QVdTOmV5SndZWGxzYjJGa0lqb2ljMEZ1TDB4TWQyWlNSa001TldsTFN5OWtjeTlpYURBeFNqaHZNMjV0UkZKYVpVeFRaM1VyY21KU1dFSmxjMEYyV2taUmVtbE1iVk55WkdST1ZGVlpTRzVsZDJZNUsydFlNbXBwYXpSWVlrODFWRVZrVDNwTWRGRkliMWx6Umt0aVJVeFRORGcyVG10bU5tdHROa2wwY0hwNlNIVlRRWFJ2YmxGVkszWkhLMFZCYlVwdFlYaEZSMnczS3poUE4xaFNUa1JyVTJ3NU9YWXpUVmRFWTJFNGFrNUhjMHh2VERnMFRqSm9PWGx0WWxablFWY3hRamxCVFd4UVNGUjFNSEpWTjJkek4wMHlNbmR1VmtGVFJXOXJUVFoxUmk5VlpYTlhSVzVUYjFSSFREaFFaVUpXWWxwNlEwMU9WRVpNTVZNNWVHTlBObEJ5YjBONGIybHNhRUYyZFZsb2RVWlhNR1JwYldKblFtbGhjV3cyYWxaRmFEbGtUbmg0YUZBemFFcEdVMHBxT1d4MUwyTmtSbTVQY0RkTk9VdDFVa1pHZGtVdlYyTXdTVGQyUlc5S1VFUjRTUzk2VkZGbk9GbDRlVGhEYWxWa1FrWnBWR2hJVVRKRlV6QnlRekJ1UzFkQk0zVm5XblkxVmtoTU4zaFpaazlNTjFKNmRscDZTMFpPTUhkcmRFNUhNUzlLV1VOaVRUTjJRVkJ2UWpsSVRtMVdaVVJEUW5kSFozZE5jVTlRU0ZWMGVtcDJXWGR6UTNCelpIb3lUaXRKWjNka1NXbzRUMmhWTW1SV2N6QnNTWG96YW04d05YRkJWSEZ3TDA0eWFuWlRhRkpJY1dsVFpVVnBOalJET1c1WldFeDBNSFJoV2xCTWNuWkRablZOYUZWSUsyeEZkWEUwUVhaaVVVbEJSVVpsVVdSTlNIVkVTaTlNV2xsM01saEhXbXgxT0dGclprZEJaa1U1VFdad1VHOHhaVzFyTVZaWWNqQlphblp4WlZSTk5FbHhkblZaYnpGSVRYQnNjRlJXZFVGeGVsSkZTRmwwVDNSd01YbDZVRXN3U1N0S1JHbHpVVFJzTTJWcE1HRjNSekk0WkhKbFQyWlNSbUV5SzBOR1ZUUTRObVEwYnpOT2RYZHZNM1JLU1ZWQ2IyUlNhaTkxU21oRmVEWldhVzlGU0VOemVreFVRa2RZVFVoYU5qTklORUZOVXpST2VsUkJOM3BVWVUxeVkydExSbGxsZW01NVV6QnFNVzlCZGpka1VEbFRRMUZKTWtOTFUwSkhUblJuZUhKWFNrVTJkRzlPTkROWVkzZDFkazB6VDJ4aFlrSkthSGRVTjNkSlRsWllkMUE1VUhsUFNVOXFPR3BYYkUxcVozTk1UVkJwZEVST1kwaHVjbmxQZG5BMlEzbE9kV0pGWm5oR1ZFSkdhMUU1VDJaNVNFSmFkbEJYVWpKT1VGZEtOeTlRVlRNNFlXeHBibTlVWm5sSFFsTllXbE5zTVRsckt5OXFZVUp3V0dOaE1VWmpWV2gyTXpWeldIcE9lamxwTUVvemNHOWxTVU5IU1VoYVpsQldObVpvY2tVd05qSjRjWEZIWTNvdlJHdFRhek5KY2xoVmVsTllPVEpuVGpscmFXd3lZVkZTY1VWS1ZIRkdkWFEwVkdRNVVIZFBjVlp0WVdsMlMxaFRZME5RY1M4dlNqTXhNRlJEYkRob1VGVXlZbTlWVm5NMlZsSXJZVTFXTkZsS1ZuRTJTMHMzZDNSamNISlNXa1JhVVdwbFNra3hlSEpSVHpoT1FrSnhjR295VEVFM1JrODFkbkZIUTFodFQzbHZhMUpyTWxCdVQxaHVlVFowTUZoSFFYbFJiMFo1YTFad2FtRnBMMFZ6V1dsaVpsY3liRVJJYkRoaFptTkRZaTlxUWsxek9HdHdNakptVWpWUVQwdHNhV3R1SzI5MFEwMTBWbXBvUTIxalMwZGhOVkZxTW04M1R6bExWU3RJTkM4ek5FZGlOVU5XVDJVeFQyTjBTbUpsU1VZMFFsbDBhMmxKZFRraUxDSmtZWFJoYTJWNUlqb2lRVkZGUWtGSWFETjZXVTlrZEhCQ1FsTldkeTlaTW1GdU9FSllTVVEwYTNkTVVXWnViMVJxTlhwM1duUkhTbHB2V2xGQlFVRklOSGRtUVZsS1MyOWFTV2gyWTA1QlVXTkhiMGM0ZDJKUlNVSkJSRUp2UW1kcmNXaHJhVWM1ZHpCQ1FuZEZkMGhuV1VwWlNWcEpRVmRWUkVKQlJYVk5Ra1ZGUkVVeVYwaHdkR3AzZVRCV2MzSnBaSFIzU1VKRlNVRTNXalJsU1dNek5GSnRPV05DY0hkeFEwbDZiek5ST0RCd1VIaExRMk5wUkc1MVozWllVbGxYWkRWVFZuQmFXV2swWmxRd00yeFNaWEY2TWpsaldFZDVkWEIwTkVodWJIWjVjR2h6WkVJMmJ6MGlMQ0oyWlhKemFXOXVJam9pTWlJc0luUjVjR1VpT2lKRVFWUkJYMHRGV1NJc0ltVjRjR2x5WVhScGIyNGlPakUzTURZeE16QTRNekY5",
            "expires_at": "2024-01-24T21:13:51Z",
            "id": "eu-central-1",
            "password": "eyJwYXlsb2FkIjoic0FuL0xMd2ZSRkM5NWlLSy9kcy9iaDAxSjhvM25tRFJaZUxTZ3UrcmJSWEJlc0F2WkZRemlMbVNyZGROVFVZSG5ld2Y5K2tYMmppazRYYk81VEVkT3pMdFFIb1lzRktiRUxTNDg2TmtmNmttNkl0cHp6SHVTQXRvblFVK3ZHK0VBbUptYXhFR2w3KzhPN1hSTkRrU2w5OXYzTVdEY2E4ak5Hc0xvTDg0TjJoOXltYlZnQVcxQjlBTWxQSFR1MHJVN2dzN00yMnduVkFTRW9rTTZ1Ri9VZXNXRW5Tb1RHTDhQZUJWYlp6Q01OVEZMMVM5eGNPNlByb0N4b2lsaEF2dVlodUZXMGRpbWJnQmlhcWw2alZFaDlkTnh4aFAzaEpGU0pqOWx1L2NkRm5PcDdNOUt1UkZGdkUvV2MwSTd2RW9KUER4SS96VFFnOFl4eThDalVkQkZpVGhIUTJFUzByQzBuS1dBM3VnWnY1VkhMN3hZZk9MN1J6dlp6S0ZOMHdrdE5HMS9KWUNiTTN2QVBvQjlITm1WZURDQndHZ3dNcU9QSFV0emp2WXdzQ3BzZHoyTitJZ3dkSWo4T2hVMmRWczBsSXozam8wNXFBVHFwL04yanZTaFJIcWlTZUVpNjRDOW5ZWEx0MHRhWlBMcnZDZnVNaFVIK2xFdXE0QXZiUUlBRUZlUWRNSHVESi9MWll3MlhHWmx1OGFrZkdBZkU5TWZwUG8xZW1rMVZYcjBZanZxZVRNNElxdnVZbzFITXBscFRWdUFxelJFSFl0T3RwMXl6UEswSStKRGlzUTRsM2VpMGF3RzI4ZHJlT2ZSRmEyK0NGVTQ4NmQ0bzNOdXdvM3RKSVVCb2RSai91SmhFeDZWaW9FSENzekxUQkdYTUhaNjNINEFNUzROelRBN3pUYU1yY2tLRlllem55UzBqMW9BdjdkUDlTQ1FJMkNLU0JHTnRneHJXSkU2dG9ONDNYY3d1dk0zT2xhYkJKaHdUN3dJTlZYd1A5UHlPSU9qOGpXbE1qZ3NMTVBpdEROY0hucnlPdnA2Q3lOdWJFZnhGVEJGa1E5T2Z5SEJadlBXUjJOUFdKNy9QVTM4YWxpbm9UZnlHQlNYWlNsMTlrKy9qYUJwWGNhMUZjVWh2MzVzWHpOejlpMEozcG9lSUNHSUhaZlBWNmZockUwNjJ4cXFHY3ovRGtTazNJclhVelNYOTJnTjlraWwyYVFScUVKVHFGdXQ0VGQ5UHdPcVZtYWl2S1hTY0NQcS8vSjMxMFRDbDhoUFUyYm9VVnM2VlIrYU1WNFlKVnE2S0s3d3RjcHJSWkRaUWplSkkxeHJRTzhOQkJxcGoyTEE3Rk81dnFHQ1htT3lva1JrMlBuT1hueTZ0MFhHQXlRb0Z5a1ZwamFpL0VzWWliZlcybERIbDhhZmNDYi9qQk1zOGtwMjJmUjVQT0tsaWtuK290Q010VmpoQ21jS0dhNVFqMm83TzlLVStINC8zNEdiNUNWT2UxT2N0SmJlSUY0Qll0a2lJdTkiLCJkYXRha2V5IjoiQVFFQkFIaDN6WU9kdHBCQlNWdy9ZMmFuOEJYSUQ0a3dMUWZub1RqNXp3WnRHSlpvWlFBQUFINHdmQVlKS29aSWh2Y05BUWNHb0c4d2JRSUJBREJvQmdrcWhraUc5dzBCQndFd0hnWUpZSVpJQVdVREJBRXVNQkVFREUyV0hwdGp3eTBWc3JpZHR3SUJFSUE3WjRlSWMzNFJtOWNCcHdxQ0l6bzNRODBwUHhLQ2NpRG51Z3ZYUllXZDVTVnBaWWk0ZlQwM2xSZXF6MjljWEd5dXB0NEhubHZ5cGhzZEI2bz0iLCJ2ZXJzaW9uIjoiMiIsInR5cGUiOiJEQVRBX0tFWSIsImV4cGlyYXRpb24iOjE3MDYxMzA4MzF9",
            "proxy_endpoint": "https://711348555690.dkr.ecr.eu-central-1.amazonaws.com",
            "registry_id": null,
            "user_name": "AWS"
          },
          "sensitive_attributes": []
        }
      ]
    },
    {
      "mode": "managed",
      "type": "aws_ecr_repository",
      "name": "BackRepo",
      "provider": "provider[\"registry.terraform.io/hashicorp/aws\"]",
      "instances": [
        {
          "schema_version": 0,
          "attributes": {
            "arn": "arn:aws:ecr:eu-central-1:711348555690:repository/back-repo",
            "encryption_configuration": [
              {
                "encryption_type": "AES256",
                "kms_key": ""
              }
            ],
            "force_delete": null,
            "id": "back-repo",
            "image_scanning_configuration": [
              {
                "scan_on_push": false
              }
            ],
            "image_tag_mutability": "MUTABLE",
            "name": "back-repo",
            "registry_id": "711348555690",
            "repository_url": "711348555690.dkr.ecr.eu-central-1.amazonaws.com/back-repo",
            "tags": {},
            "tags_all": {},
            "timeouts": null
          },
          "sensitive_attributes": [],
          "private": "eyJlMmJmYjczMC1lY2FhLTExZTYtOGY4OC0zNDM2M2JjN2M0YzAiOnsiZGVsZXRlIjoxMjAwMDAwMDAwMDAwfX0="
        }
      ]
    },
    {
      "mode": "managed",
      "type": "aws_ecr_repository",
      "name": "FrontRepo",
      "provider": "provider[\"registry.terraform.io/hashicorp/aws\"]",
      "instances": [
        {
          "schema_version": 0,
          "attributes": {
            "arn": "arn:aws:ecr:eu-central-1:711348555690:repository/front-repo",
            "encryption_configuration": [
              {
                "encryption_type": "AES256",
                "kms_key": ""
              }
            ],
            "force_delete": null,
            "id": "front-repo",
            "image_scanning_configuration": [
              {
                "scan_on_push": false
              }
            ],
            "image_tag_mutability": "MUTABLE",
            "name": "front-repo",
            "registry_id": "711348555690",
            "repository_url": "711348555690.dkr.ecr.eu-central-1.amazonaws.com/front-repo",
            "tags": {},
            "tags_all": {},
            "timeouts": null
          },
          "sensitive_attributes": [],
          "private": "eyJlMmJmYjczMC1lY2FhLTExZTYtOGY4OC0zNDM2M2JjN2M0YzAiOnsiZGVsZXRlIjoxMjAwMDAwMDAwMDAwfX0="
        }
      ]
    },
    {
      "mode": "managed",
      "type": "aws_iam_role",
      "name": "LambdaExecRole",
      "provider": "provider[\"registry.terraform.io/hashicorp/aws\"]",
      "instances": [
        {
          "schema_version": 0,
          "attributes": {
            "arn": "arn:aws:iam::711348555690:role/terraform-20240124090945030400000001",
            "assume_role_policy": "{\"Statement\":[{\"Action\":\"sts:AssumeRole\",\"Effect\":\"Allow\",\"Principal\":{\"Service\":\"lambda.amazonaws.com\"}}],\"Version\":\"2012-10-17\"}",
            "create_date": "2024-01-24T09:09:44Z",
            "description": "",
            "force_detach_policies": false,
            "id": "terraform-20240124090945030400000001",
            "inline_policy": [],
            "managed_policy_arns": [],
            "max_session_duration": 3600,
            "name": "terraform-20240124090945030400000001",
            "name_prefix": "terraform-",
            "path": "/",
            "permissions_boundary": "",
            "tags": {},
            "tags_all": {},
            "unique_id": "AROA2LH5NR6VHR2FRSH56"
          },
          "sensitive_attributes": [],
          "private": "bnVsbA=="
        }
      ]
    },
    {
      "mode": "managed",
      "type": "aws_iam_role_policy_attachment",
      "name": "LambdaExecPolicyAttachment",
      "provider": "provider[\"registry.terraform.io/hashicorp/aws\"]",
      "instances": [
        {
          "schema_version": 0,
          "attributes": {
            "id": "terraform-20240124090945030400000001-20240124091354736000000001",
            "policy_arn": "arn:aws:iam::aws:policy/service-role/AWSLambdaBasicExecutionRole",
            "role": "terraform-20240124090945030400000001"
          },
          "sensitive_attributes": [],
          "private": "bnVsbA==",
          "dependencies": [
            "aws_iam_role.LambdaExecRole"
          ]
        }
      ]
    },
    {
      "mode": "managed",
      "type": "aws_lambda_function",
      "name": "BackLambda",
      "provider": "provider[\"registry.terraform.io/hashicorp/aws\"]",
      "instances": [
        {
          "schema_version": 0,
          "attributes": {
            "architectures": [
              "arm64"
            ],
            "arn": "arn:aws:lambda:eu-central-1:711348555690:function:back-lambda",
            "code_signing_config_arn": "",
            "dead_letter_config": [],
            "description": "",
            "environment": [],
            "ephemeral_storage": [
              {
                "size": 512
              }
            ],
            "file_system_config": [],
            "filename": null,
            "function_name": "back-lambda",
            "handler": "",
            "id": "back-lambda",
            "image_config": [],
            "image_uri": "711348555690.dkr.ecr.eu-central-1.amazonaws.com/back-repo:latest",
            "invoke_arn": "arn:aws:apigateway:eu-central-1:lambda:path/2015-03-31/functions/arn:aws:lambda:eu-central-1:711348555690:function:back-lambda/invocations",
            "kms_key_arn": "",
            "last_modified": "2024-01-24T09:13:53.000+0000",
            "layers": [],
            "logging_config": [
              {
                "application_log_level": "INFO",
                "log_format": "JSON",
                "log_group": "/aws/lambda/back-lambda",
                "system_log_level": "INFO"
              }
            ],
            "memory_size": 1792,
            "package_type": "Image",
            "publish": false,
            "qualified_arn": "arn:aws:lambda:eu-central-1:711348555690:function:back-lambda:$LATEST",
            "qualified_invoke_arn": "arn:aws:apigateway:eu-central-1:lambda:path/2015-03-31/functions/arn:aws:lambda:eu-central-1:711348555690:function:back-lambda:$LATEST/invocations",
            "replace_security_groups_on_destroy": null,
            "replacement_security_group_ids": null,
            "reserved_concurrent_executions": -1,
            "role": "arn:aws:iam::711348555690:role/terraform-20240124090945030400000001",
            "runtime": "",
            "s3_bucket": null,
            "s3_key": null,
            "s3_object_version": null,
            "signing_job_arn": "",
            "signing_profile_version_arn": "",
            "skip_destroy": false,
            "snap_start": [],
            "source_code_hash": "f25f0bdc6c7a8384ed41a937fe83ae0acad48764319bec4771ef61a3f8ab4841",
            "source_code_size": 0,
            "tags": {},
            "tags_all": {},
            "timeout": 5,
            "timeouts": null,
            "tracing_config": [
              {
                "mode": "PassThrough"
              }
            ],
            "version": "$LATEST",
            "vpc_config": []
          },
          "sensitive_attributes": [],
          "private": "eyJlMmJmYjczMC1lY2FhLTExZTYtOGY4OC0zNDM2M2JjN2M0YzAiOnsiY3JlYXRlIjo2MDAwMDAwMDAwMDAsImRlbGV0ZSI6NjAwMDAwMDAwMDAwLCJ1cGRhdGUiOjYwMDAwMDAwMDAwMH19",
          "dependencies": [
            "aws_ecr_repository.BackRepo",
            "aws_iam_role.LambdaExecRole",
            "data.aws_ecr_authorization_token.token",
            "docker_image.BackImage"
          ]
        }
      ]
    },
    {
      "mode": "managed",
      "type": "docker_image",
      "name": "BackImage",
      "provider": "provider[\"registry.terraform.io/kreuzwerker/docker\"]",
      "instances": [
        {
          "schema_version": 0,
          "attributes": {
            "build": [
              {
                "auth_config": [],
                "build_arg": {},
                "build_args": {},
                "build_id": "",
                "cache_from": [],
                "cgroup_parent": "",
                "context": "/home/user/github/cdktf-project/src/back",
                "cpu_period": 0,
                "cpu_quota": 0,
                "cpu_set_cpus": "",
                "cpu_set_mems": "",
                "cpu_shares": 0,
                "dockerfile": "Dockerfile",
                "extra_hosts": [],
                "force_remove": false,
                "isolation": "",
                "label": {},
                "labels": {},
                "memory": 0,
                "memory_swap": 0,
                "network_mode": "",
                "no_cache": false,
                "platform": "",
                "pull_parent": false,
                "remote_context": "",
                "remove": true,
                "security_opt": [],
                "session_id": "",
                "shm_size": 0,
                "squash": false,
                "suppress_output": false,
                "tag": [],
                "target": "",
                "ulimit": [],
                "version": ""
              }
            ],
            "force_remove": null,
            "id": "sha256:d9e54ff0c0935a2beec791e31962ed9a7ef7d9ad19056ee150e6390386e27188711348555690.dkr.ecr.eu-central-1.amazonaws.com/back-repo:latest",
            "image_id": "sha256:d9e54ff0c0935a2beec791e31962ed9a7ef7d9ad19056ee150e6390386e27188",
            "keep_locally": null,
            "name": "711348555690.dkr.ecr.eu-central-1.amazonaws.com/back-repo:latest",
            "platform": "linux/arm64",
            "pull_triggers": null,
            "repo_digest": "711348555690.dkr.ecr.eu-central-1.amazonaws.com/back-repo@sha256:f25f0bdc6c7a8384ed41a937fe83ae0acad48764319bec4771ef61a3f8ab4841",
            "triggers": null
          },
          "sensitive_attributes": [],
          "private": "bnVsbA==",
          "dependencies": [
            "aws_ecr_repository.BackRepo",
            "data.aws_ecr_authorization_token.token"
          ]
        }
      ]
    },
    {
      "mode": "managed",
      "type": "docker_image",
      "name": "FrontImage",
      "provider": "provider[\"registry.terraform.io/kreuzwerker/docker\"]",
      "instances": [
        {
          "schema_version": 0,
          "attributes": {
            "build": [
              {
                "auth_config": [],
                "build_arg": {},
                "build_args": {},
                "build_id": "",
                "cache_from": [],
                "cgroup_parent": "",
                "context": "/home/user/github/cdktf-project/src/front",
                "cpu_period": 0,
                "cpu_quota": 0,
                "cpu_set_cpus": "",
                "cpu_set_mems": "",
                "cpu_shares": 0,
                "dockerfile": "Dockerfile",
                "extra_hosts": [],
                "force_remove": false,
                "isolation": "",
                "label": {},
                "labels": {},
                "memory": 0,
                "memory_swap": 0,
                "network_mode": "",
                "no_cache": false,
                "platform": "",
                "pull_parent": false,
                "remote_context": "",
                "remove": true,
                "security_opt": [],
                "session_id": "",
                "shm_size": 0,
                "squash": false,
                "suppress_output": false,
                "tag": [],
                "target": "",
                "ulimit": [],
                "version": ""
              }
            ],
            "force_remove": null,
            "id": "sha256:c78d471df96f5bf0d4538c961fbbf07e1f790f0d2c2dc8feae2d573d7c44e883711348555690.dkr.ecr.eu-central-1.amazonaws.com/front-repo",
            "image_id": "sha256:c78d471df96f5bf0d4538c961fbbf07e1f790f0d2c2dc8feae2d573d7c44e883",
            "keep_locally": null,
            "name": "711348555690.dkr.ecr.eu-central-1.amazonaws.com/front-repo",
            "platform": "linux/arm64",
            "pull_triggers": null,
            "repo_digest": "711348555690.dkr.ecr.eu-central-1.amazonaws.com/front-repo@sha256:b30c3a220dee33d6bd87ded8c742b08dd68a7f738791ad589dc6f45c71dfd428",
            "triggers": null
          },
          "sensitive_attributes": [],
          "private": "bnVsbA==",
          "dependencies": [
            "aws_ecr_repository.FrontRepo",
            "data.aws_ecr_authorization_token.token"
          ]
        }
      ]
    },
    {
      "mode": "managed",
      "type": "docker_registry_image",
      "name": "BackUpload",
      "provider": "provider[\"registry.terraform.io/kreuzwerker/docker\"]",
      "instances": [
        {
          "schema_version": 0,
          "attributes": {
            "id": "sha256:f25f0bdc6c7a8384ed41a937fe83ae0acad48764319bec4771ef61a3f8ab4841",
            "insecure_skip_verify": false,
            "keep_remotely": false,
            "name": "711348555690.dkr.ecr.eu-central-1.amazonaws.com/back-repo:latest",
            "sha256_digest": "sha256:f25f0bdc6c7a8384ed41a937fe83ae0acad48764319bec4771ef61a3f8ab4841",
            "triggers": null
          },
          "sensitive_attributes": [],
          "private": "bnVsbA==",
          "dependencies": [
            "aws_ecr_repository.BackRepo",
            "data.aws_ecr_authorization_token.token",
            "docker_image.BackImage"
          ]
        }
      ]
    },
    {
      "mode": "managed",
      "type": "docker_registry_image",
      "name": "FrontUpload",
      "provider": "provider[\"registry.terraform.io/kreuzwerker/docker\"]",
      "instances": [
        {
          "schema_version": 0,
          "attributes": {
            "id": "sha256:b30c3a220dee33d6bd87ded8c742b08dd68a7f738791ad589dc6f45c71dfd428",
            "insecure_skip_verify": false,
            "keep_remotely": false,
            "name": "711348555690.dkr.ecr.eu-central-1.amazonaws.com/front-repo",
            "sha256_digest": "sha256:b30c3a220dee33d6bd87ded8c742b08dd68a7f738791ad589dc6f45c71dfd428",
            "triggers": null
          },
          "sensitive_attributes": [],
          "private": "bnVsbA==",
          "dependencies": [
            "aws_ecr_repository.FrontRepo",
            "data.aws_ecr_authorization_token.token",
            "docker_image.FrontImage"
          ]
        }
      ]
    }
  ],
  "check_results": null
}
