{
  "version": 4,
  "terraform_version": "1.7.0",
  "serial": 306,
  "lineage": "a595879c-8348-d326-a097-97e4ec7507b9",
  "outputs": {},
  "resources": [
    {
      "mode": "data",
      "type": "aws_ecr_authorization_token",
      "name": "token",
      "provider": "provider[\"registry.terraform.io/hashicorp/aws\"]",
      "instances": [
        {
          "schema_version": 0,
          "attributes": {
            "authorization_token": "QVdTOmV5SndZWGxzYjJGa0lqb2lZa0pNUTBSdlRrOW9ZVXRCZFc5M1JWbG9OMk5IWmtoelowbFFabWRQTDNoNmEwMVlWakZaUW1rMk5HZEJPSFIxWWpaSVRHdG5lVTVETldKS2JFODRkSHBaSzNONVYxVnRVRzVoVm5CYVlURnVhR3BKVDNwelJXY3dNR1pwYkVweFZFMHhSekk1WTFkeVVYVjVSRmMyUmtrd2VFUXZRMEo0WkVGckx5dEZiM0Y0U0c5V01UVnRkSHBEVVRCNE5GWnVia2xpT0RKTmNERkxObUozUWxKdE0yaHpTM04wU0doVWExRnZNMlpHTmtsR2FrTXpOSGhKUlZJemExcG5OamRZU21kSFdVMHJUVnBOTmxsSmRDdHpVRmRGV0hsbVZHWXdUSFEzU3k5cE4wRjZPV2h6Yld4b1dFTnhjV1ozYkU1c0wwTkJNRVZ4VTI1MmNqQlVSWEJYYlc5NGVta3lVV0ZxVUhkaWRXSmlkbFowVUc0dmIzcFFjamc1UVROQk9TOURjMlUzTmxJNVIzVjFaakpOU3pZMVFVOW1UbWQ2T1ZwclVGbHJkMG8wU2k5dVJXUmlWMFpSUWxSU2VHaFpObU5qTWxKTVVUTmhaMkl4WjNWMFltSjBSMHB0ZWxoTlUyWjRObmhqUjFWVGFFOU1lRko0ZEV4cFJqWkhhVEV5TDI4d2JVeEhlRmx1UjJsV01sUlhMelYxVFd0eGNFWnljVmR6U1VsWlpYVk1SRzVzYnpaQ2IyWXpMM2hOVUhvcmJUWnJTMmRqZVUwMGExTnlSa3RHVlU5Q1RGTTFWMFJCZW5CWWVGTk9VRlFyT1VkemRsZGlSMmc0WkZoMFVHMXlOR3ByTkVSV1JrbDJaa3hoYURCU1RtcHRORWgyVEdkUWNuTTVNVTFPUjJaNFJHWlFkekZPY25OWk9ISk1hMVJXY0hGcFZGTnZaWFpNWmtGMlIzSjVLMkZ1TkVkb1ZITkdUMnhDYzNSRmNYcDVjMXBsY0ZCeGRGVmpkbkJMWVVvM1FsRTFWSFJ4YUVWUmMxSm5WbWxXVHpGbU5WcHRTVkZEY0dadk5YaHdTMEYwTUZKT1FqaDZaVnBUZEdsQ2RrcHVWRTVuZGtnMlFXUldTaTlwVFhoMVNubGhiekptZEdOT1VVOUhVVGRvV1djMVVXSkVabTVSTHlzM1pucEVSSEF2YzA1TE1qRndNblZ1T0M5bWNqZzJMMmN4WlhCMWJFbDJZMDA1YW1aamRsbzRVRUV4TnpaYVVqRlNWMjlvVG1GRWRsbHNTelV2ZUV0dmVqVmtRbnBLU2t0UGMwTTBTMWhGWW05WVNFdFFNRU5vYmprM1UyRTViM05VYkUxNmFuZFRlR05ITkcxQlJrVTJOV2RLTkcxWmEzTkxha3B1UzBscE5WbFljVGRWYTI5cU4xcFVVVU5OYVdkRGEzUkZkMVJ6S3pGMlFWbzJla1pWZEhwUE5HUkVVazQwVUM5dVQyUklNMmRxVGtWc1prMVBUVE55ZEZnMk5GaFRRbG93V25KU2FHVXhaVzEzYlM5aGQyWXhNSFZSVm5GTmVISnRXaXRGWnpjMmNqaElaaTk0V1ZGTk1VaERiVTlYTUc5NlRWaEtUbmxSVWxjeE16bHBkR3NyTWpWUVFVNXpOaTg0UW1ZNFlsVkVNbm8zVTJOWlZEWmFlREJSYldKcU1IUklRblVyU1RSVVMyZHRZbk5tYms5UWJqRm5WM1ZRUjJoSGJETm1kazFPVFdkeU1UZEhSVWRRTkhOcGFsYzJiblpDTjJ4SFptVXJSMnhuYjJGRWVVRlphbkJwZVcxaldFZE5lV2xuVVVWd1kySmlaMGhpTDJneE4weHpUM1IxZVhRelVWZEpUV2hIYUdsWWRVRlNRbXhNTm1KUFlsWjRhWGxKUkVWallsaEhURmhMYTNScE5tVlBUbVoyYjI1VU1tSjJTMUZaVm5SdVlsYzNXRk5DVGpBM2NtbDFPVUZaTmpScWNqUlFhVzFKVWtaUVFVdHNURmhKVW5OalpqSTJaVVpuUWtNaUxDSmtZWFJoYTJWNUlqb2lRVkZGUWtGSWFETjZXVTlrZEhCQ1FsTldkeTlaTW1GdU9FSllTVVEwYTNkTVVXWnViMVJxTlhwM1duUkhTbHB2V2xGQlFVRklOSGRtUVZsS1MyOWFTV2gyWTA1QlVXTkhiMGM0ZDJKUlNVSkJSRUp2UW1kcmNXaHJhVWM1ZHpCQ1FuZEZkMGhuV1VwWlNWcEpRVmRWUkVKQlJYVk5Ra1ZGUkVkYU5HdHdSREUxZVRWeUsxQnZPVlJSU1VKRlNVRTNha3hLWTJkRE1IQXZVVVYzWm1aWFZ6WTFWbTkxUlZkWlZHZGpNVUptV0ZwVVltbDBaeXREYWt0c2RYSjJWbUZPVTJoVVNYaENSbXBFY0VwbFJWZFpTMGhCUW1zMGRIRlBRVUpOUWxkc1FUMGlMQ0oyWlhKemFXOXVJam9pTWlJc0luUjVjR1VpT2lKRVFWUkJYMHRGV1NJc0ltVjRjR2x5WVhScGIyNGlPakUzTURZeU1qWXpNalo5",
            "expires_at": "2024-01-25T23:45:26Z",
            "id": "eu-central-1",
            "password": "eyJwYXlsb2FkIjoiYkJMQ0RvTk9oYUtBdW93RVloN2NHZkhzZ0lQZmdPL3h6a01YVjFZQmk2NGdBOHR1YjZITGtneU5DNWJKbE84dHpZK3N5V1VtUG5hVnBaYTFuaGpJT3pzRWcwMGZpbEpxVE0xRzI5Y1dyUXV5RFc2RkkweEQvQ0J4ZEFrLytFb3F4SG9WMTVtdHpDUTB4NFZubkliODJNcDFLNmJ3QlJtM2hzS3N0SGhUa1FvM2ZGNklGakMzNHhJRVIza1pnNjdYSmdHWU0rTVpNNllJdCtzUFdFWHlmVGYwTHQ3Sy9pN0F6OWhzbWxoWENxcWZ3bE5sL0NBMEVxU252cjBURXBXbW94emkyUWFqUHdidWJidlZ0UG4vb3pQcjg5QTNBOS9Dc2U3NlI5R3V1ZjJNSzY1QU9mTmd6OVprUFlrd0o0Si9uRWRiV0ZRQlRSeGhZNmNjMlJMUTNhZ2IxZ3V0YmJ0R0ptelhNU2Z4NnhjR1VTaE9MeFJ4dExpRjZHaTEyL28wbUxHeFluR2lWMlRXLzV1TWtxcEZycVdzSUlZZXVMRG5sbzZCb2YzL3hNUHorbTZrS2djeU00a1NyRktGVU9CTFM1V0RBenBYeFNOUFQrOUdzdldiR2g4ZFh0UG1yNGprNERWRkl2ZkxhaDBSTmptNEh2TGdQcnM5MU1OR2Z4RGZQdzFOcnNZOHJMa1RWcHFpVFNvZXZMZkF2R3J5K2FuNEdoVHNGT2xCc3RFcXp5c1plcFBxdFVjdnBLYUo3QlE1VHRxaEVRc1JnVmlWTzFmNVptSVFDcGZvNXhwS0F0MFJOQjh6ZVpTdGlCdkpuVE5ndkg2QWRWSi9pTXh1SnlhbzJmdGNOUU9HUTdoWWc1UWJEZm5RLys3ZnpERHAvc05LMjFwMnVuOC9mcjg2L2cxZXB1bEl2Y005amZjdlo4UEExNzZaUjFSV29oTmFEdllsSzUveEtvejVkQnpKSktPc0M0S1hFYm9YSEtQMENobjk3U2E5b3NUbE16andTeGNHNG1BRkU2NWdKNG1Za3NLakpuS0lpNVlYcTdVa29qN1pUUUNNaWdDa3RFd1RzKzF2QVo2ekZVdHpPNGREUk40UC9uT2RIM2dqTkVsZk1PTTNydFg2NFhTQlowWnJSaGUxZW13bS9hd2YxMHVRVnFNeHJtWitFZzc2cjhIZi94WVFNMUhDbU9XMG96TVhKTnlRUlcxMzlpdGsrMjVQQU5zNi84QmY4YlVEMno3U2NZVDZaeDBRbWJqMHRIQnUrSTRUS2dtYnNmbk9QbjFnV3VQR2hHbDNmdk1OTWdyMTdHRUdQNHNpalc2bnZCN2xHZmUrR2xnb2FEeUFZanBpeW1jWEdNeWlnUUVwY2JiZ0hiL2gxN0xzT3R1eXQzUVdJTWhHaGlYdUFSQmxMNmJPYlZ4aXlJREVjYlhHTFhLa3RpNmVPTmZ2b25UMmJ2S1FZVnRuYlc3WFNCTjA3cml1OUFZNjRqcjRQaW1JUkZQQUtsTFhJUnNjZjI2ZUZnQkMiLCJkYXRha2V5IjoiQVFFQkFIaDN6WU9kdHBCQlNWdy9ZMmFuOEJYSUQ0a3dMUWZub1RqNXp3WnRHSlpvWlFBQUFINHdmQVlKS29aSWh2Y05BUWNHb0c4d2JRSUJBREJvQmdrcWhraUc5dzBCQndFd0hnWUpZSVpJQVdVREJBRXVNQkVFREdaNGtwRDE1eTVyK1BvOVRRSUJFSUE3akxKY2dDMHAvUUV3ZmZXVzY1Vm91RVdZVGdjMUJmWFpUYml0ZytDaktsdXJ2VmFOU2hUSXhCRmpEcEplRVdZS0hBQms0dHFPQUJNQldsQT0iLCJ2ZXJzaW9uIjoiMiIsInR5cGUiOiJEQVRBX0tFWSIsImV4cGlyYXRpb24iOjE3MDYyMjYzMjZ9",
            "proxy_endpoint": "https://711348555690.dkr.ecr.eu-central-1.amazonaws.com",
            "registry_id": null,
            "user_name": "AWS"
          },
          "sensitive_attributes": []
        }
      ]
    },
    {
      "mode": "managed",
      "type": "aws_ecr_repository",
      "name": "BackRepo",
      "provider": "provider[\"registry.terraform.io/hashicorp/aws\"]",
      "instances": [
        {
          "schema_version": 0,
          "attributes": {
            "arn": "arn:aws:ecr:eu-central-1:711348555690:repository/back-repo",
            "encryption_configuration": [
              {
                "encryption_type": "AES256",
                "kms_key": ""
              }
            ],
            "force_delete": null,
            "id": "back-repo",
            "image_scanning_configuration": [
              {
                "scan_on_push": false
              }
            ],
            "image_tag_mutability": "MUTABLE",
            "name": "back-repo",
            "registry_id": "711348555690",
            "repository_url": "711348555690.dkr.ecr.eu-central-1.amazonaws.com/back-repo",
            "tags": {},
            "tags_all": {},
            "timeouts": null
          },
          "sensitive_attributes": [],
          "private": "eyJlMmJmYjczMC1lY2FhLTExZTYtOGY4OC0zNDM2M2JjN2M0YzAiOnsiZGVsZXRlIjoxMjAwMDAwMDAwMDAwfX0="
        }
      ]
    },
    {
      "mode": "managed",
      "type": "aws_ecr_repository",
      "name": "FrontRepo",
      "provider": "provider[\"registry.terraform.io/hashicorp/aws\"]",
      "instances": [
        {
          "schema_version": 0,
          "attributes": {
            "arn": "arn:aws:ecr:eu-central-1:711348555690:repository/front-repo",
            "encryption_configuration": [
              {
                "encryption_type": "AES256",
                "kms_key": ""
              }
            ],
            "force_delete": null,
            "id": "front-repo",
            "image_scanning_configuration": [
              {
                "scan_on_push": false
              }
            ],
            "image_tag_mutability": "MUTABLE",
            "name": "front-repo",
            "registry_id": "711348555690",
            "repository_url": "711348555690.dkr.ecr.eu-central-1.amazonaws.com/front-repo",
            "tags": {},
            "tags_all": {},
            "timeouts": null
          },
          "sensitive_attributes": [],
          "private": "eyJlMmJmYjczMC1lY2FhLTExZTYtOGY4OC0zNDM2M2JjN2M0YzAiOnsiZGVsZXRlIjoxMjAwMDAwMDAwMDAwfX0="
        }
      ]
    },
    {
      "mode": "managed",
      "type": "aws_iam_role",
      "name": "LambdaRole",
      "provider": "provider[\"registry.terraform.io/hashicorp/aws\"]",
      "instances": [
        {
          "schema_version": 0,
          "attributes": {
            "arn": "arn:aws:iam::711348555690:role/lambda-role",
            "assume_role_policy": "{\"Statement\":[{\"Action\":\"sts:AssumeRole\",\"Effect\":\"Allow\",\"Principal\":{\"Service\":\"lambda.amazonaws.com\"}}],\"Version\":\"2012-10-17\"}",
            "create_date": "2024-01-24T09:19:00Z",
            "description": "",
            "force_detach_policies": false,
            "id": "lambda-role",
            "inline_policy": [],
            "managed_policy_arns": [
              "arn:aws:iam::aws:policy/service-role/AWSLambdaBasicExecutionRole"
            ],
            "max_session_duration": 3600,
            "name": "lambda-role",
            "name_prefix": "",
            "path": "/",
            "permissions_boundary": "",
            "tags": {},
            "tags_all": {},
            "unique_id": "AROA2LH5NR6VHPN5QYHTG"
          },
          "sensitive_attributes": [],
          "private": "bnVsbA=="
        }
      ]
    },
    {
      "mode": "managed",
      "type": "aws_iam_role_policy_attachment",
      "name": "LambdaExecPolicyAttachment",
      "provider": "provider[\"registry.terraform.io/hashicorp/aws\"]",
      "instances": [
        {
          "schema_version": 0,
          "attributes": {
            "id": "lambda-role-20240124091902102000000001",
            "policy_arn": "arn:aws:iam::aws:policy/service-role/AWSLambdaBasicExecutionRole",
            "role": "lambda-role"
          },
          "sensitive_attributes": [],
          "private": "bnVsbA==",
          "dependencies": [
            "aws_iam_role.LambdaRole"
          ]
        }
      ]
    },
    {
      "mode": "managed",
      "type": "aws_lambda_function",
      "name": "BackLambda",
      "provider": "provider[\"registry.terraform.io/hashicorp/aws\"]",
      "instances": [
        {
          "schema_version": 0,
          "attributes": {
            "architectures": [
              "arm64"
            ],
            "arn": "arn:aws:lambda:eu-central-1:711348555690:function:back-lambda",
            "code_signing_config_arn": "",
            "dead_letter_config": [],
            "description": "",
            "environment": [],
            "ephemeral_storage": [
              {
                "size": 512
              }
            ],
            "file_system_config": [],
            "filename": null,
            "function_name": "back-lambda",
            "handler": "",
            "id": "back-lambda",
            "image_config": [],
            "image_uri": "711348555690.dkr.ecr.eu-central-1.amazonaws.com/back-repo:latest",
            "invoke_arn": "arn:aws:apigateway:eu-central-1:lambda:path/2015-03-31/functions/arn:aws:lambda:eu-central-1:711348555690:function:back-lambda/invocations",
            "kms_key_arn": "",
            "last_modified": "2024-01-25T11:45:29.000+0000",
            "layers": [],
            "logging_config": [
              {
                "application_log_level": "INFO",
                "log_format": "JSON",
                "log_group": "/aws/lambda/back-lambda",
                "system_log_level": "INFO"
              }
            ],
            "memory_size": 1792,
            "package_type": "Image",
            "publish": false,
            "qualified_arn": "arn:aws:lambda:eu-central-1:711348555690:function:back-lambda:$LATEST",
            "qualified_invoke_arn": "arn:aws:apigateway:eu-central-1:lambda:path/2015-03-31/functions/arn:aws:lambda:eu-central-1:711348555690:function:back-lambda:$LATEST/invocations",
            "replace_security_groups_on_destroy": null,
            "replacement_security_group_ids": null,
            "reserved_concurrent_executions": -1,
            "role": "arn:aws:iam::711348555690:role/lambda-role",
            "runtime": "",
            "s3_bucket": null,
            "s3_key": null,
            "s3_object_version": null,
            "signing_job_arn": "",
            "signing_profile_version_arn": "",
            "skip_destroy": false,
            "snap_start": [],
            "source_code_hash": "7b6ed67fe5d0dc2c9205141463c8ccb59d63235abea8fd2698742e2412773e59",
            "source_code_size": 0,
            "tags": {},
            "tags_all": {},
            "timeout": 5,
            "timeouts": null,
            "tracing_config": [
              {
                "mode": "PassThrough"
              }
            ],
            "version": "$LATEST",
            "vpc_config": []
          },
          "sensitive_attributes": [],
          "private": "eyJlMmJmYjczMC1lY2FhLTExZTYtOGY4OC0zNDM2M2JjN2M0YzAiOnsiY3JlYXRlIjo2MDAwMDAwMDAwMDAsImRlbGV0ZSI6NjAwMDAwMDAwMDAwLCJ1cGRhdGUiOjYwMDAwMDAwMDAwMH19",
          "dependencies": [
            "aws_ecr_repository.BackRepo",
            "aws_iam_role.LambdaRole",
            "data.aws_ecr_authorization_token.token",
            "docker_image.BackImage"
          ]
        }
      ]
    },
    {
      "mode": "managed",
      "type": "aws_lambda_function_url",
      "name": "BackLambdaUrl",
      "provider": "provider[\"registry.terraform.io/hashicorp/aws\"]",
      "instances": [
        {
          "schema_version": 0,
          "attributes": {
            "authorization_type": "NONE",
            "cors": [],
            "function_arn": "arn:aws:lambda:eu-central-1:711348555690:function:back-lambda",
            "function_name": "back-lambda",
            "function_url": "https://bxhne6uumeuxjabn5oo4bpp4ty0jkcfg.lambda-url.eu-central-1.on.aws/",
            "id": "back-lambda",
            "invoke_mode": "BUFFERED",
            "qualifier": "",
            "timeouts": null,
            "url_id": "bxhne6uumeuxjabn5oo4bpp4ty0jkcfg"
          },
          "sensitive_attributes": [],
          "private": "eyJlMmJmYjczMC1lY2FhLTExZTYtOGY4OC0zNDM2M2JjN2M0YzAiOnsiY3JlYXRlIjo2MDAwMDAwMDAwMDB9fQ==",
          "dependencies": [
            "aws_ecr_repository.BackRepo",
            "aws_iam_role.LambdaRole",
            "aws_lambda_function.BackLambda",
            "data.aws_ecr_authorization_token.token",
            "docker_image.BackImage"
          ]
        }
      ]
    },
    {
      "mode": "managed",
      "type": "docker_image",
      "name": "BackImage",
      "provider": "provider[\"registry.terraform.io/kreuzwerker/docker\"]",
      "instances": [
        {
          "schema_version": 0,
          "attributes": {
            "build": [
              {
                "auth_config": [],
                "build_arg": {},
                "build_args": {},
                "build_id": "",
                "cache_from": [],
                "cgroup_parent": "",
                "context": "/home/user/github/cdktf-project/src/back",
                "cpu_period": 0,
                "cpu_quota": 0,
                "cpu_set_cpus": "",
                "cpu_set_mems": "",
                "cpu_shares": 0,
                "dockerfile": "Dockerfile",
                "extra_hosts": [],
                "force_remove": false,
                "isolation": "",
                "label": {},
                "labels": {},
                "memory": 0,
                "memory_swap": 0,
                "network_mode": "",
                "no_cache": false,
                "platform": "linux/x86_64",
                "pull_parent": false,
                "remote_context": "",
                "remove": true,
                "security_opt": [],
                "session_id": "",
                "shm_size": 0,
                "squash": false,
                "suppress_output": false,
                "tag": [],
                "target": "",
                "ulimit": [],
                "version": ""
              }
            ],
            "force_remove": null,
            "id": "sha256:0ff3492d2481ccd64f42ca114157a43363138bc36d5944532ced9bf7e26a6997711348555690.dkr.ecr.eu-central-1.amazonaws.com/back-repo:latest",
            "image_id": "sha256:0ff3492d2481ccd64f42ca114157a43363138bc36d5944532ced9bf7e26a6997",
            "keep_locally": null,
            "name": "711348555690.dkr.ecr.eu-central-1.amazonaws.com/back-repo:latest",
            "platform": null,
            "pull_triggers": null,
            "repo_digest": "711348555690.dkr.ecr.eu-central-1.amazonaws.com/back-repo@sha256:730c4de2b582ee89515ed2d531063635ba2a4234fa931360ca01b534b296f493",
            "triggers": {
              "filesha256": "7e0fcf700f055b54ab6e8b9b2ba4914b690b05d9d8b3fe5bc776ce03c6dd500f"
            }
          },
          "sensitive_attributes": [],
          "private": "bnVsbA==",
          "dependencies": [
            "aws_ecr_repository.BackRepo",
            "data.aws_ecr_authorization_token.token"
          ]
        }
      ]
    },
    {
      "mode": "managed",
      "type": "docker_image",
      "name": "FrontImage",
      "provider": "provider[\"registry.terraform.io/kreuzwerker/docker\"]",
      "instances": [
        {
          "schema_version": 0,
          "attributes": {
            "build": [
              {
                "auth_config": [],
                "build_arg": {},
                "build_args": {},
                "build_id": "",
                "cache_from": [],
                "cgroup_parent": "",
                "context": "/home/user/github/cdktf-project/src/front",
                "cpu_period": 0,
                "cpu_quota": 0,
                "cpu_set_cpus": "",
                "cpu_set_mems": "",
                "cpu_shares": 0,
                "dockerfile": "Dockerfile",
                "extra_hosts": [],
                "force_remove": false,
                "isolation": "",
                "label": {},
                "labels": {},
                "memory": 0,
                "memory_swap": 0,
                "network_mode": "",
                "no_cache": false,
                "platform": "linux/x86_64",
                "pull_parent": false,
                "remote_context": "",
                "remove": true,
                "security_opt": [],
                "session_id": "",
                "shm_size": 0,
                "squash": false,
                "suppress_output": false,
                "tag": [],
                "target": "",
                "ulimit": [],
                "version": ""
              }
            ],
            "force_remove": null,
            "id": "sha256:c78d471df96f5bf0d4538c961fbbf07e1f790f0d2c2dc8feae2d573d7c44e883711348555690.dkr.ecr.eu-central-1.amazonaws.com/front-repo:latest",
            "image_id": "sha256:c78d471df96f5bf0d4538c961fbbf07e1f790f0d2c2dc8feae2d573d7c44e883",
            "keep_locally": null,
            "name": "711348555690.dkr.ecr.eu-central-1.amazonaws.com/front-repo:latest",
            "platform": null,
            "pull_triggers": null,
            "repo_digest": "",
            "triggers": {
              "filesha256": "9dd6df6a8aad0c5be2d0ff5d66c31f6c68abffb59be1e1152729b8af7f349738"
            }
          },
          "sensitive_attributes": [],
          "private": "bnVsbA==",
          "dependencies": [
            "aws_ecr_repository.FrontRepo",
            "data.aws_ecr_authorization_token.token"
          ]
        }
      ]
    },
    {
      "mode": "managed",
      "type": "docker_registry_image",
      "name": "BackPush",
      "provider": "provider[\"registry.terraform.io/kreuzwerker/docker\"]",
      "instances": [
        {
          "schema_version": 0,
          "attributes": {
            "id": "sha256:730c4de2b582ee89515ed2d531063635ba2a4234fa931360ca01b534b296f493",
            "insecure_skip_verify": false,
            "keep_remotely": false,
            "name": "711348555690.dkr.ecr.eu-central-1.amazonaws.com/back-repo:latest",
            "sha256_digest": "sha256:730c4de2b582ee89515ed2d531063635ba2a4234fa931360ca01b534b296f493",
            "triggers": {
              "filesha256": "7e0fcf700f055b54ab6e8b9b2ba4914b690b05d9d8b3fe5bc776ce03c6dd500f"
            }
          },
          "sensitive_attributes": [],
          "private": "bnVsbA==",
          "dependencies": [
            "aws_ecr_repository.BackRepo",
            "data.aws_ecr_authorization_token.token",
            "docker_image.BackImage"
          ]
        }
      ]
    },
    {
      "mode": "managed",
      "type": "docker_registry_image",
      "name": "FrontPush",
      "provider": "provider[\"registry.terraform.io/kreuzwerker/docker\"]",
      "instances": [
        {
          "schema_version": 0,
          "attributes": {
            "id": "sha256:b30c3a220dee33d6bd87ded8c742b08dd68a7f738791ad589dc6f45c71dfd428",
            "insecure_skip_verify": false,
            "keep_remotely": false,
            "name": "711348555690.dkr.ecr.eu-central-1.amazonaws.com/front-repo:latest",
            "sha256_digest": "sha256:b30c3a220dee33d6bd87ded8c742b08dd68a7f738791ad589dc6f45c71dfd428",
            "triggers": {
              "filesha256": "9dd6df6a8aad0c5be2d0ff5d66c31f6c68abffb59be1e1152729b8af7f349738"
            }
          },
          "sensitive_attributes": [],
          "private": "bnVsbA==",
          "dependencies": [
            "aws_ecr_repository.FrontRepo",
            "data.aws_ecr_authorization_token.token",
            "docker_image.FrontImage"
          ]
        }
      ]
    }
  ],
  "check_results": null
}
