{
  "version": 4,
  "terraform_version": "1.7.0",
  "serial": 500,
  "lineage": "a595879c-8348-d326-a097-97e4ec7507b9",
  "outputs": {},
  "resources": [
    {
      "mode": "data",
      "type": "aws_ecr_authorization_token",
      "name": "token",
      "provider": "provider[\"registry.terraform.io/hashicorp/aws\"]",
      "instances": [
        {
          "schema_version": 0,
          "attributes": {
            "authorization_token": "QVdTOmV5SndZWGxzYjJGa0lqb2lPVk4zYlZSSWJ6VlFUV3hvUWxCRFVVdFZTV1ZrYUhONk5HWlRhWFlyTDNWVWNIZG5WM05EZUZkYVQwZGtkR05NVGxWalZsTkZjVFpMV1hkSWEyUkRNMjlCUm5NeFIxTnBlblJyTTNJNGJVRTRVRk5RU1ZaRVdHRndSbTlYY2xkRk1pdDNSRWREYVhWT2VuVlNlSFozVm5GM1dWWkZXa1Z5UjJ0V1prTk1kMlk0ZFdKdVl6UnpabVZqUTI5aU5WVnBabFkyTUZRMmRHZE5SRGQ1ZEdOUlNYcE1WMGRYTkN0YWQyVXlMek41TVdWR1NXRnBWMnRKVWtadVJHaHpRVU5HYlVsTmJsZFlWakZ4WTNoQ1J6WkpRMWRVVGtrclEwRnZRMmxPY201WVUwVmxjbW94VjFwaGRtMVpRM1U0ZVZKWGJqZ3lTRmh1U0VaSFdFUnRjR1pMU2tSdFdIQkVlREZTWVcxbE9VNHJVMDAyYkhSTVZrMVpRVFZKZDNSNE9FWTBhREJCYzFwVVkwVm1jM05JVlVkSVVYaHFLMDVJYkZKR1lYQmlUelptTWxSNWNuTjNNVTk0TDFFeVZuVnlUM0V2ZWl0S0t6Rm5NV05wVm10amVGQmFXbkpqVFZSSlJWUXplbXAzUm5obk1HVkhkbkJOUld0clRGUmtRVmw0UzJKWGFVWlpiWGxzVEdvMU1XMHpaMDUxY21Gck1FaEZaREZzVGxNM1dTdE5ZbEJDVTFOVVVWVkJVakZoU0dOeVZFMXNLekpJVTJScVdrSkdlakk0YzNsYU56Wkplakk0UldNck5VWnFaMmx1Vkc5UmFGSnBkVzVoWVVSemFqTTNTR2QyTWtKRmRHVmtVMHRzWTBWb2FXUlVkR05SVkZsYVJucGtiMGxSUnpkV1NtSkZhREJITVhKeVR6aGxNbFJaVVNzdlpVcEhUVXhKTWxFdlVqa3JabFZFZDNrMGRWbFpSM1JTWlVGbUszWjBhMlp0ZUcxc1V6aFRWelpKYm1oT1pIb3pURVpXY1U5elZEQlNUbEZuWlRCQlltUTBiMnBZYTFsMk0ySmthV3hZYUc4M1RuQmhabTlLZUZsbmJVOXJRMnN2TTI0MVZISmxaeTlwU1VscWFXTXhOSE16SzBKaFYwVm9aMEpqZURFemNVWnRSRUk0U21ZMllrdHJiR1JFUm1veVJuaHNUVFlyWW5SclQydFdaSE5qTWpjdk9YWXZlazk0TWtoWVJVbE9XamR5TUhCSVQyaHdVRzFCUVZRd05FeDFXSE00Y1hOQlpVOTRaV2xsWkdKb05tTnBZMHcwWVZsM2NVTmthMW80U1hSWE1GaHdNa1ZVYVhNd1FsRmtXVnBUVXl0UFFXMU9ka1Z0VFdoSVZVMXRiRTVpWm1GQmRFUlpaa0pLTlhGRmNEaDFZM0ZoVEhSV2RFRTBWRGh4T0hRclNUbFVWMjFqVjI5RU1VMW5LM0p2WTFoT01tVkVSMmMzY2tVNU1Hd3lUMFZxWVROWmFsbHJOV1J2WWtkNVVXTnRWRWs1UzA1cGVFNWlVelZ2ZEVWdVNXaGpSWHBzWmxWSmVtdGhVWEZUY0Zaa1ZVMXdUVTF6TW14U2VsWk1PV2RZVkhaWVltNVdXRTl3WjJkMVIwOTVVbVY2WnpGNk1qaG1VSGR1UVhWdWJWRm9hbFJJVlhaUk1GZFZOVEZyV1d4RllUWjJlbkJ4WTNsWFNrZzRXa2xDVkVwMVUzRkZVR2wxTTJWWlVrTjFTRmR3VlU1Vk1UQTFOVUZLVDJkRVRFVnlXbmRSZUU5TmNHY3dWSGRaZVdsamNuQTFWWEE1ZW5OU1RYSnlNVGd5UkRSU1lqRjFha051ZG5aVmJERXhkbFY0T0ZWT2JHTXJhM0pYYjI5eWVuZzVNM1l5ZVhsRVNWRlJWelpvTmxCdU1rZDNTbFpNT0V4bFNWSlRXVlZqUkVJeFowaDVPV3A0TURabVFYRTNSMEZtZFhZMmNIZDJjSFk1ZVZOSGNrZG9kMEZhSzFOWFNDOURaMkpuYjNnaUxDSmtZWFJoYTJWNUlqb2lRVkZGUWtGSWFETjZXVTlrZEhCQ1FsTldkeTlaTW1GdU9FSllTVVEwYTNkTVVXWnViMVJxTlhwM1duUkhTbHB2V2xGQlFVRklOSGRtUVZsS1MyOWFTV2gyWTA1QlVXTkhiMGM0ZDJKUlNVSkJSRUp2UW1kcmNXaHJhVWM1ZHpCQ1FuZEZkMGhuV1VwWlNWcEpRVmRWUkVKQlJYVk5Ra1ZGUkVsNFdVWTRaRWRUVEhsRVNuWlFVMnBuU1VKRlNVRTNaWE5rT1RGbVNYRlBSWEZrUW1zd2VUSkxXQzlJYVRaalNteHBkbEZhVTB0SFYzZEVVVzlRY1ZSa01UTXdPVzV0WlhZNGFqUk1iMFEyVkd3NWVscDJTV1pJYzNsTWIxVk5aMDFQVFRSNFdUMGlMQ0oyWlhKemFXOXVJam9pTWlJc0luUjVjR1VpT2lKRVFWUkJYMHRGV1NJc0ltVjRjR2x5WVhScGIyNGlPakUzTURZeU16azBPREY5",
            "expires_at": "2024-01-26T03:24:41Z",
            "id": "eu-central-1",
            "password": "eyJwYXlsb2FkIjoiOVN3bVRIbzVQTWxoQlBDUUtVSWVkaHN6NGZTaXYrL3VUcHdnV3NDeFdaT0dkdGNMTlVjVlNFcTZLWXdIa2RDM29BRnMxR1NpenRrM3I4bUE4UFNQSVZEWGFwRm9XcldFMit3REdDaXVOenVSeHZ3VnF3WVZFWkVyR2tWZkNMd2Y4dWJuYzRzZmVjQ29iNVVpZlY2MFQ2dGdNRDd5dGNRSXpMV0dXNCtad2UyLzN5MWVGSWFpV2tJUkZuRGhzQUNGbUlNbldYVjFxY3hCRzZJQ1dUTkkrQ0FvQ2lOcm5YU0VlcmoxV1phdm1ZQ3U4eVJXbjgySFhuSEZHWERtcGZLSkRtWHBEeDFSYW1lOU4rU002bHRMVk1ZQTVJd3R4OEY0aDBBc1pUY0Vmc3NIVUdIUXhqK05IbFJGYXBiTzZmMlR5cnN3MU94L1EyVnVyT3EveitKKzFnMWNpVmtjeFBaWnJjTVRJRVQzemp3RnhnMGVHdnBNRWtrTFRkQVl4S2JXaUZZbXlsTGo1MW0zZ051cmFrMEhFZDFsTlM3WStNYlBCU1NUUVVBUjFhSGNyVE1sKzJIU2RqWkJGejI4c3laNzZJejI4RWMrNUZqZ2luVG9RaFJpdW5hYURzajM3SGd2MkJFdGVkU0tsY0VoaWRUdGNRVFlaRnpkb0lRRzdWSmJFaDBHMXJyTzhlMlRZUSsvZUpHTUxJMlEvUjkrZlVEd3k0dVlZR3RSZUFmK3Z0a2ZteG1sUzhTVzZJbmhOZHozTEZWcU9zVDBSTlFnZTBBYmQ0b2pYa1l2M2JkaWxYaG83TnBhZm9KeFlnbU9rQ2svM241VHJlZy9pSUlqaWMxNHMzK0JhV0VoZ0JjeDEzcUZtREI4SmY2YktrbGRERmoyRnhsTTYrYnRrT2tWZHNjMjcvOXYvek94MkhYRUlOWjdyMHBIT2hwUG1BQVQwNEx1WHM4cXNBZU94ZWllZGJoNmNpY0w0YVl3cUNka1o4SXRXMFhwMkVUaXMwQlFkWVpTUytPQW1OdkVtTWhIVU1tbE5iZmFBdERZZkJKNXFFcDh1Y3FhTHRWdEE0VDhxOHQrSTlUV21jV29EMU1nK3JvY1hOMmVER2c3ckU5MGwyT0VqYTNZallrNWRvYkd5UWNtVEk5S05peE5iUzVvdEVuSWhjRXpsZlVJemthUXFTcFZkVU1wTU1zMmxSelZMOWdYVHZYYm5WWE9wZ2d1R095UmV6ZzF6MjhmUHduQXVubVFoalRIVXZRMFdVNTFrWWxFYTZ2enBxY3lXSkg4WklCVEp1U3FFUGl1M2VZUkN1SFdwVU5VMTA1NUFKT2dETEVyWndReE9NcGcwVHdZeWljcnA1VXA5enNSTXJyMTgyRDRSYjF1akNudnZVbDExdlV4OFVObGMra3JXb29yeng5M3YyeXlESVFRVzZoNlBuMkd3SlZMOExlSVJTWVVjREIxZ0h5OWp4MDZmQXE3R0FmdXY2cHd2cHY5eVNHckdod0FaK1NXSC9DZ2Jnb3giLCJkYXRha2V5IjoiQVFFQkFIaDN6WU9kdHBCQlNWdy9ZMmFuOEJYSUQ0a3dMUWZub1RqNXp3WnRHSlpvWlFBQUFINHdmQVlKS29aSWh2Y05BUWNHb0c4d2JRSUJBREJvQmdrcWhraUc5dzBCQndFd0hnWUpZSVpJQVdVREJBRXVNQkVFREl4WUY4ZEdTTHlESnZQU2pnSUJFSUE3ZXNkOTFmSXFPRXFkQmsweTJLWC9IaTZjSmxpdlFaU0tHV3dEUW9QcVRkMTMwOW5tZXY4ajRMb0Q2VGw5elp2SWZIc3lMb1VNZ01PTTR4WT0iLCJ2ZXJzaW9uIjoiMiIsInR5cGUiOiJEQVRBX0tFWSIsImV4cGlyYXRpb24iOjE3MDYyMzk0ODF9",
            "proxy_endpoint": "https://711348555690.dkr.ecr.eu-central-1.amazonaws.com",
            "registry_id": null,
            "user_name": "AWS"
          },
          "sensitive_attributes": []
        }
      ]
    },
    {
      "mode": "managed",
      "type": "aws_ecr_repository",
      "name": "BackRepo",
      "provider": "provider[\"registry.terraform.io/hashicorp/aws\"]",
      "instances": [
        {
          "schema_version": 0,
          "attributes": {
            "arn": "arn:aws:ecr:eu-central-1:711348555690:repository/back-repo",
            "encryption_configuration": [
              {
                "encryption_type": "AES256",
                "kms_key": ""
              }
            ],
            "force_delete": null,
            "id": "back-repo",
            "image_scanning_configuration": [
              {
                "scan_on_push": false
              }
            ],
            "image_tag_mutability": "MUTABLE",
            "name": "back-repo",
            "registry_id": "711348555690",
            "repository_url": "711348555690.dkr.ecr.eu-central-1.amazonaws.com/back-repo",
            "tags": {},
            "tags_all": {},
            "timeouts": null
          },
          "sensitive_attributes": [],
          "private": "eyJlMmJmYjczMC1lY2FhLTExZTYtOGY4OC0zNDM2M2JjN2M0YzAiOnsiZGVsZXRlIjoxMjAwMDAwMDAwMDAwfX0="
        }
      ]
    },
    {
      "mode": "managed",
      "type": "aws_ecr_repository",
      "name": "FrontRepo",
      "provider": "provider[\"registry.terraform.io/hashicorp/aws\"]",
      "instances": [
        {
          "schema_version": 0,
          "attributes": {
            "arn": "arn:aws:ecr:eu-central-1:711348555690:repository/front-repo",
            "encryption_configuration": [
              {
                "encryption_type": "AES256",
                "kms_key": ""
              }
            ],
            "force_delete": null,
            "id": "front-repo",
            "image_scanning_configuration": [
              {
                "scan_on_push": false
              }
            ],
            "image_tag_mutability": "MUTABLE",
            "name": "front-repo",
            "registry_id": "711348555690",
            "repository_url": "711348555690.dkr.ecr.eu-central-1.amazonaws.com/front-repo",
            "tags": {},
            "tags_all": {},
            "timeouts": null
          },
          "sensitive_attributes": [],
          "private": "eyJlMmJmYjczMC1lY2FhLTExZTYtOGY4OC0zNDM2M2JjN2M0YzAiOnsiZGVsZXRlIjoxMjAwMDAwMDAwMDAwfX0="
        }
      ]
    },
    {
      "mode": "managed",
      "type": "aws_iam_role",
      "name": "LambdaRole",
      "provider": "provider[\"registry.terraform.io/hashicorp/aws\"]",
      "instances": [
        {
          "schema_version": 0,
          "attributes": {
            "arn": "arn:aws:iam::711348555690:role/lambda-role",
            "assume_role_policy": "{\"Statement\":[{\"Action\":\"sts:AssumeRole\",\"Effect\":\"Allow\",\"Principal\":{\"Service\":\"lambda.amazonaws.com\"}}],\"Version\":\"2012-10-17\"}",
            "create_date": "2024-01-25T14:49:38Z",
            "description": "",
            "force_detach_policies": false,
            "id": "lambda-role",
            "inline_policy": [],
            "managed_policy_arns": [
              "arn:aws:iam::aws:policy/service-role/AWSLambdaBasicExecutionRole"
            ],
            "max_session_duration": 3600,
            "name": "lambda-role",
            "name_prefix": "",
            "path": "/",
            "permissions_boundary": "",
            "tags": {},
            "tags_all": {},
            "unique_id": "AROA2LH5NR6VK4Z4VUMTN"
          },
          "sensitive_attributes": [],
          "private": "bnVsbA=="
        }
      ]
    },
    {
      "mode": "managed",
      "type": "aws_iam_role_policy_attachment",
      "name": "LambdaExecPolicyAttachment",
      "provider": "provider[\"registry.terraform.io/hashicorp/aws\"]",
      "instances": [
        {
          "schema_version": 0,
          "attributes": {
            "id": "lambda-role-20240125144940309500000001",
            "policy_arn": "arn:aws:iam::aws:policy/service-role/AWSLambdaBasicExecutionRole",
            "role": "lambda-role"
          },
          "sensitive_attributes": [],
          "private": "bnVsbA==",
          "dependencies": [
            "aws_iam_role.LambdaRole"
          ]
        }
      ]
    },
    {
      "mode": "managed",
      "type": "aws_lambda_function",
      "name": "BackLambda",
      "provider": "provider[\"registry.terraform.io/hashicorp/aws\"]",
      "instances": [
        {
          "schema_version": 0,
          "attributes": {
            "architectures": [
              "x86_64"
            ],
            "arn": "arn:aws:lambda:eu-central-1:711348555690:function:back-lambda",
            "code_signing_config_arn": "",
            "dead_letter_config": [],
            "description": "",
            "environment": [
              {
                "variables": {
                  "HOME": "/tmp"
                }
              }
            ],
            "ephemeral_storage": [
              {
                "size": 512
              }
            ],
            "file_system_config": [],
            "filename": null,
            "function_name": "back-lambda",
            "handler": "",
            "id": "back-lambda",
            "image_config": [],
            "image_uri": "711348555690.dkr.ecr.eu-central-1.amazonaws.com/back-repo:latest",
            "invoke_arn": "arn:aws:apigateway:eu-central-1:lambda:path/2015-03-31/functions/arn:aws:lambda:eu-central-1:711348555690:function:back-lambda/invocations",
            "kms_key_arn": "",
            "last_modified": "2024-01-25T15:24:53.000+0000",
            "layers": [],
            "logging_config": [
              {
                "application_log_level": "INFO",
                "log_format": "JSON",
                "log_group": "/aws/lambda/back-lambda",
                "system_log_level": "INFO"
              }
            ],
            "memory_size": 1792,
            "package_type": "Image",
            "publish": false,
            "qualified_arn": "arn:aws:lambda:eu-central-1:711348555690:function:back-lambda:$LATEST",
            "qualified_invoke_arn": "arn:aws:apigateway:eu-central-1:lambda:path/2015-03-31/functions/arn:aws:lambda:eu-central-1:711348555690:function:back-lambda:$LATEST/invocations",
            "replace_security_groups_on_destroy": null,
            "replacement_security_group_ids": null,
            "reserved_concurrent_executions": -1,
            "role": "arn:aws:iam::711348555690:role/lambda-role",
            "runtime": "",
            "s3_bucket": null,
            "s3_key": null,
            "s3_object_version": null,
            "signing_job_arn": "",
            "signing_profile_version_arn": "",
            "skip_destroy": false,
            "snap_start": [],
            "source_code_hash": "c2b0421a808f06534e4d4276a510b707fda711db46faefc6488786d811144427",
            "source_code_size": 0,
            "tags": {},
            "tags_all": {},
            "timeout": 5,
            "timeouts": null,
            "tracing_config": [
              {
                "mode": "PassThrough"
              }
            ],
            "version": "$LATEST",
            "vpc_config": []
          },
          "sensitive_attributes": [],
          "private": "eyJlMmJmYjczMC1lY2FhLTExZTYtOGY4OC0zNDM2M2JjN2M0YzAiOnsiY3JlYXRlIjo2MDAwMDAwMDAwMDAsImRlbGV0ZSI6NjAwMDAwMDAwMDAwLCJ1cGRhdGUiOjYwMDAwMDAwMDAwMH19",
          "dependencies": [
            "aws_ecr_repository.BackRepo",
            "aws_iam_role.LambdaRole",
            "data.aws_ecr_authorization_token.token",
            "docker_image.BackImage"
          ]
        }
      ]
    },
    {
      "mode": "managed",
      "type": "aws_lambda_function_url",
      "name": "BackLambdaUrl",
      "provider": "provider[\"registry.terraform.io/hashicorp/aws\"]",
      "instances": [
        {
          "schema_version": 0,
          "attributes": {
            "authorization_type": "NONE",
            "cors": [],
            "function_arn": "arn:aws:lambda:eu-central-1:711348555690:function:back-lambda",
            "function_name": "back-lambda",
            "function_url": "https://fkuvrfmwp7zmx3ynysez72ovia0sniyr.lambda-url.eu-central-1.on.aws/",
            "id": "back-lambda",
            "invoke_mode": "BUFFERED",
            "qualifier": "",
            "timeouts": null,
            "url_id": "fkuvrfmwp7zmx3ynysez72ovia0sniyr"
          },
          "sensitive_attributes": [],
          "private": "eyJlMmJmYjczMC1lY2FhLTExZTYtOGY4OC0zNDM2M2JjN2M0YzAiOnsiY3JlYXRlIjo2MDAwMDAwMDAwMDB9fQ==",
          "dependencies": [
            "aws_ecr_repository.BackRepo",
            "aws_iam_role.LambdaRole",
            "aws_lambda_function.BackLambda",
            "data.aws_ecr_authorization_token.token",
            "docker_image.BackImage"
          ]
        }
      ]
    },
    {
      "mode": "managed",
      "type": "docker_image",
      "name": "BackImage",
      "provider": "provider[\"registry.terraform.io/kreuzwerker/docker\"]",
      "instances": [
        {
          "schema_version": 0,
          "attributes": {
            "build": [
              {
                "auth_config": [],
                "build_arg": null,
                "build_args": null,
                "build_id": "",
                "cache_from": [],
                "cgroup_parent": "",
                "context": "/home/user/github/cdktf-project/src/back",
                "cpu_period": null,
                "cpu_quota": null,
                "cpu_set_cpus": "",
                "cpu_set_mems": "",
                "cpu_shares": null,
                "dockerfile": "Dockerfile",
                "extra_hosts": [],
                "force_remove": null,
                "isolation": "",
                "label": null,
                "labels": null,
                "memory": null,
                "memory_swap": null,
                "network_mode": "",
                "no_cache": null,
                "platform": "linux/amd64",
                "pull_parent": null,
                "remote_context": "",
                "remove": true,
                "security_opt": [],
                "session_id": "",
                "shm_size": null,
                "squash": null,
                "suppress_output": null,
                "tag": [],
                "target": "",
                "ulimit": [],
                "version": ""
              }
            ],
            "force_remove": null,
            "id": "sha256:1cf758b1f3eefaaa4abe10126c7b13df78c20c01df9b6f56cd28d808828ad750711348555690.dkr.ecr.eu-central-1.amazonaws.com/back-repo:latest",
            "image_id": "sha256:1cf758b1f3eefaaa4abe10126c7b13df78c20c01df9b6f56cd28d808828ad750",
            "keep_locally": null,
            "name": "711348555690.dkr.ecr.eu-central-1.amazonaws.com/back-repo:latest",
            "platform": null,
            "pull_triggers": null,
            "repo_digest": "",
            "triggers": {
              "filesha256": "05c1af07b6429a6a2f92bb2e53f6650d8cc4ed46b8c0ce719b7c8b91a144491f"
            }
          },
          "sensitive_attributes": [],
          "private": "bnVsbA==",
          "dependencies": [
            "aws_ecr_repository.BackRepo",
            "data.aws_ecr_authorization_token.token"
          ]
        }
      ]
    },
    {
      "mode": "managed",
      "type": "docker_image",
      "name": "FrontImage",
      "provider": "provider[\"registry.terraform.io/kreuzwerker/docker\"]",
      "instances": [
        {
          "schema_version": 0,
          "attributes": {
            "build": [
              {
                "auth_config": [],
                "build_arg": {},
                "build_args": {},
                "build_id": "",
                "cache_from": [],
                "cgroup_parent": "",
                "context": "/home/user/github/cdktf-project/src/front",
                "cpu_period": 0,
                "cpu_quota": 0,
                "cpu_set_cpus": "",
                "cpu_set_mems": "",
                "cpu_shares": 0,
                "dockerfile": "Dockerfile",
                "extra_hosts": [],
                "force_remove": false,
                "isolation": "",
                "label": {},
                "labels": {},
                "memory": 0,
                "memory_swap": 0,
                "network_mode": "",
                "no_cache": false,
                "platform": "linux/amd64",
                "pull_parent": false,
                "remote_context": "",
                "remove": true,
                "security_opt": [],
                "session_id": "",
                "shm_size": 0,
                "squash": false,
                "suppress_output": false,
                "tag": [],
                "target": "",
                "ulimit": [],
                "version": ""
              }
            ],
            "force_remove": null,
            "id": "sha256:c78d471df96f5bf0d4538c961fbbf07e1f790f0d2c2dc8feae2d573d7c44e883711348555690.dkr.ecr.eu-central-1.amazonaws.com/front-repo:latest",
            "image_id": "sha256:c78d471df96f5bf0d4538c961fbbf07e1f790f0d2c2dc8feae2d573d7c44e883",
            "keep_locally": null,
            "name": "711348555690.dkr.ecr.eu-central-1.amazonaws.com/front-repo:latest",
            "platform": null,
            "pull_triggers": null,
            "repo_digest": "711348555690.dkr.ecr.eu-central-1.amazonaws.com/front-repo@sha256:b30c3a220dee33d6bd87ded8c742b08dd68a7f738791ad589dc6f45c71dfd428",
            "triggers": {
              "filesha256": "9dd6df6a8aad0c5be2d0ff5d66c31f6c68abffb59be1e1152729b8af7f349738"
            }
          },
          "sensitive_attributes": [],
          "private": "bnVsbA==",
          "dependencies": [
            "aws_ecr_repository.FrontRepo",
            "data.aws_ecr_authorization_token.token"
          ]
        }
      ]
    },
    {
      "mode": "managed",
      "type": "docker_registry_image",
      "name": "BackPush",
      "provider": "provider[\"registry.terraform.io/kreuzwerker/docker\"]",
      "instances": [
        {
          "schema_version": 0,
          "attributes": {
            "id": "sha256:3cdfb1dc525c3a92f925b5a14cde9f43f72f1fc0a2f65b7e7c88dd539a2642f9",
            "insecure_skip_verify": false,
            "keep_remotely": false,
            "name": "711348555690.dkr.ecr.eu-central-1.amazonaws.com/back-repo:latest",
            "sha256_digest": "sha256:3cdfb1dc525c3a92f925b5a14cde9f43f72f1fc0a2f65b7e7c88dd539a2642f9",
            "triggers": {
              "filesha256": "05c1af07b6429a6a2f92bb2e53f6650d8cc4ed46b8c0ce719b7c8b91a144491f"
            }
          },
          "sensitive_attributes": [],
          "private": "bnVsbA==",
          "dependencies": [
            "aws_ecr_repository.BackRepo",
            "data.aws_ecr_authorization_token.token",
            "docker_image.BackImage"
          ]
        }
      ]
    },
    {
      "mode": "managed",
      "type": "docker_registry_image",
      "name": "FrontPush",
      "provider": "provider[\"registry.terraform.io/kreuzwerker/docker\"]",
      "instances": [
        {
          "schema_version": 0,
          "attributes": {
            "id": "sha256:b30c3a220dee33d6bd87ded8c742b08dd68a7f738791ad589dc6f45c71dfd428",
            "insecure_skip_verify": false,
            "keep_remotely": false,
            "name": "711348555690.dkr.ecr.eu-central-1.amazonaws.com/front-repo:latest",
            "sha256_digest": "sha256:b30c3a220dee33d6bd87ded8c742b08dd68a7f738791ad589dc6f45c71dfd428",
            "triggers": {
              "filesha256": "9dd6df6a8aad0c5be2d0ff5d66c31f6c68abffb59be1e1152729b8af7f349738"
            }
          },
          "sensitive_attributes": [],
          "private": "bnVsbA==",
          "dependencies": [
            "aws_ecr_repository.FrontRepo",
            "data.aws_ecr_authorization_token.token",
            "docker_image.FrontImage"
          ]
        }
      ]
    }
  ],
  "check_results": null
}
