{
  "version": 4,
  "terraform_version": "1.7.0",
  "serial": 298,
  "lineage": "a595879c-8348-d326-a097-97e4ec7507b9",
  "outputs": {},
  "resources": [
    {
      "mode": "data",
      "type": "aws_ecr_authorization_token",
      "name": "token",
      "provider": "provider[\"registry.terraform.io/hashicorp/aws\"]",
      "instances": [
        {
          "schema_version": 0,
          "attributes": {
            "authorization_token": "QVdTOmV5SndZWGxzYjJGa0lqb2lkVTl5T1RBelZtOHlkSEZEVW5CMldVTlNNMHBzUzNoT2MxWkhha3hPUTJSeWVuYzVaamQyWW5SeGIyVjZkRXhWTVVsaksybEdTR0pYVXpObWRGcHVOalJFVTNWWU5VRlRNVWxPUjFoeVJXRlpSbmc1YUc5RVRFUnZiSEI1UzBWSlpIcFFZbk5pTW0wMU5WQTFjVWcyYW5GR0swWmFWMEpRYTFFcll5OHdTM1ZIVldOVlVUQXdRblpNVW5sUU5VSnpVV0ZPYW5oVFRIbG5hMm8wUldNeVFVNVdXVmR2Y1hkeWNIWm9USGxWYVVzNE1WaFphV3BJVWxwaldGWktXbTl2V2sxa1RrcEhMM3B0VW1jME1EZG9TRlppTmpCQmVESjRiVWQ0WmtwU2RHWnpOVE5HTVRsVVVtcFNVRWN5Wnk5NlMxazJkM0YzVTFReVlWRlFTbmwzU0ROcWRGbFNVV3dyZVRJMmIwUkVXalVyT1haMlRFcEdZa2xEU25JNVlXSmFka1JJV0VaTVZYbG9NVGQxYmpWNVJVcFFibE5uTW1kTWJsbFZUVmxMZWpWblYydDBjM1phY0hScVJUWldNMVUzZFdKcFRFRnRiM0UzTWk5T2FGcDZUSGs0TUhaek4zbFJhVWRGYVRrNVpEUXZXa3RpVlVweGNFZE1jelYxY2sxTFJqSlhlbGRDVVdFM2FWUjVjMWx4VjFFM1VYTnZMMWg2VlhvdkswdzRkalZDSzJWUk9UTlNjV1ZhTXpaamFFVnNkR0ZIZWtsS01rRllRMFpzYm1oaFRrNVpZbWhCSzJGUVIyOXJSblZzTDNod1lqUjRVQzlaV0RCTlMwMVRRbFV6YjJkV2VFcDVUaXQ1WWxSSmFUbHBTRzVYVlRCTlIxaFdUMlowWjBWVlFscEVUVFJpVlVwVk4wRk5kMWR1YjJaUFZFdHdjMFpWVUZCSUsxWnNjQ3Q0UVdZclVrdDNPV1psYldaNVJGQXhaa2hTWTBwek9VWkRLMHhzTVZwSWRGSnVkRlV6Ym1rM09YWnVSbk14YzI5d1NrZEdhRXRuV25CU1dYUXpjMWx6VVM5SkwzQnlTakJ1VGxCaFJFaDBha1l3T1M4clJuSm5kM1UzTUhGWVoxcG5URkZ0TnpSUGEwWjRaM2hGSzFaclJUSk1kbmw0Yms1UllXTjNWa0ZDTUhwV1VraEhaWFIzTm1KckwwZG5aRXhZT1UxU1NYcDBXVmhYVEc5YU1XVnZNM0J2Y214elNXTmpjMjVRTWtoWVVVMTRlWFZqYTNOMk1sVm1VaXN4YjJwalVqQldLelJOWjIwclRreHJOV0pMY2pjemF6ZGxkVkZWVmpnMWFIbEtXVFJ4UW5vd1lXOHlhbkV5SzNSUVpGWjVXa1Y2YVRCYWRqTkJTeXQyTUZGUU1IbDFUM1Z3ZDBGS01FZHlWblptVEVoTWRIZDRLelZWUjAxU1NFbEZZM1ZvZGs1VE1qVlZSR2d4Ym01UFVrcEtSelExVUdSeFlrMXdaMGRuYlhGRVNIaGxURWRtTXpCdU4xQTVZMHRWUm1Sa2NrTjNNbmhoUVdsaVVEQmxaakZFTlc5VWJXbEhORTlTVURjdk9VOW9TRVl3Um1KUFNEUTRXVkZXZFRkMFVuYzFlR2h5VG1VclRURjNLMUl3WjJWalMyWnhSalJoV0ZaWlUxQlNlbFp3UVUxaGRtbHpTMmRwUldkcFVFbEJlRXBKV2paeVF5OXZPVTlWV1ROb2FYbzFXVmxrYzNSMVMwbERSVk5vTmxGUldrcFdXV1o1VHpSSGVITk1SbU00UlVaTVlUTnFSVmRrYVhsbUsySjRNR3dyZUZwQlVtbDJiVWRqZURsNlZ6STBUa1ZoUTBWTlRHeDRPVzlUSzJNdldtUTNMMWxLTHpCYU5rNW9VMHQ1VjJKMVptaHJlSFpEU0c1eVNXRk1TeXRpVGxWVlFWQllhRWxqUVdSTVdHbDJTV1JUT0daSlRFdFlPVFo1U214bU9YZFNhemhMWW1odU16aEJhRlJQYnlzaUxDSmtZWFJoYTJWNUlqb2lRVkZGUWtGSWFETjZXVTlrZEhCQ1FsTldkeTlaTW1GdU9FSllTVVEwYTNkTVVXWnViMVJxTlhwM1duUkhTbHB2V2xGQlFVRklOSGRtUVZsS1MyOWFTV2gyWTA1QlVXTkhiMGM0ZDJKUlNVSkJSRUp2UW1kcmNXaHJhVWM1ZHpCQ1FuZEZkMGhuV1VwWlNWcEpRVmRWUkVKQlJYVk5Ra1ZGUkVWYU4xaHJiMWgwYkZVMVdVNXdaRkZSU1VKRlNVRTNaM2RoYVdwQlNsVXZNbGM1Ukc1aGRHeHBObGRIVWtFMVMzTkhXVmMxYW05d0swWnNkRlU1VUVwS1NtTkVNMkYxZFZaRGJrRkdLMFkxTjJVMWNUTkNZV0V2U3l0Tk0yVlJhbk5UYkRoTFJUMGlMQ0oyWlhKemFXOXVJam9pTWlJc0luUjVjR1VpT2lKRVFWUkJYMHRGV1NJc0ltVjRjR2x5WVhScGIyNGlPakUzTURZeU1qUTNOelI5",
            "expires_at": "2024-01-25T23:19:34Z",
            "id": "eu-central-1",
            "password": "eyJwYXlsb2FkIjoidU9yOTAzVm8ydHFDUnB2WUNSM0psS3hOc1ZHakxOQ2Ryenc5Zjd2YnRxb2V6dExVMUljK2lGSGJXUzNmdFpuNjREU3VYNUFTMUlOR1hyRWFZRng5aG9ETERvbHB5S0VJZHpQYnNiMm01NVA1cUg2anFGK0ZaV0JQa1ErYy8wS3VHVWNVUTAwQnZMUnlQNUJzUWFOanhTTHlna2o0RWMyQU5WWVdvcXdycHZoTHlVaUs4MVhZaWpIUlpjWFZKWm9vWk1kTkpHL3ptUmc0MDdoSFZiNjBBeDJ4bUd4ZkpSdGZzNTNGMTlUUmpSUEcyZy96S1k2d3F3U1QyYVFQSnl3SDNqdFlSUWwreTI2b0REWjUrOXZ2TEpGYklDSnI5YWJadkRIWEZMVXloMTd1bjV5RUpQblNnMmdMbllVTVlLejVnV2t0c3ZacHRqRTZWM1U3dWJpTEFtb3E3Mi9OaFp6THk4MHZzN3lRaUdFaTk5ZDQvWktiVUpxcEdMczV1ck1LRjJXeldCUWE3aVR5c1lxV1E3UXNvL1h6VXovK0w4djVCK2VROTNScWVaMzZjaEVsdGFHeklKMkFYQ0ZsbmhhTk5ZYmhBK2FQR29rRnVsL3hwYjR4UC9ZWDBNS01TQlUzb2dWeEp5Tit5YlRJaTlpSG5XVTBNR1hWT2Z0Z0VVQlpETTRiVUpVN0FNd1dub2ZPVEtwc0ZVUFBIK1ZscCt4QWYrUkt3OWZlbWZ5RFAxZkhSY0pzOUZDK0xsMVpIdFJudFUzbmk3OXZuRnMxc29wSkdGaEtnWnBSWXQzc1lzUS9JL3BySjBuTlBhREh0akYwOS8rRnJnd3U3MHFYZ1pnTFFtNzRPa0Z4Z3hFK1ZrRTJMdnl4bk5RYWN3VkFCMHpWUkhHZXR3NmJrL0dnZExYOU1SSXp0WVhXTG9aMWVvM3BvcmxzSWNjc25QMkhYUU14eXVja3N2MlVmUisxb2pjUjBWKzRNZ20rTkxrNWJLcjczazdldVFVVjg1aHlKWTRxQnowYW8yanEyK3RQZFZ5WkV6aTBadjNBSyt2MFFQMHl1T3Vwd0FKMEdyVnZmTEhMdHd4KzVVR01SSElFY3Vodk5TMjVVRGgxbm5PUkpKRzQ1UGRxYk1wZ0dnbXFESHhlTEdmMzBuN1A5Y0tVRmRkckN3MnhhQWliUDBlZjFENW9UbWlHNE9SUDcvOU9oSEYwRmJPSDQ4WVFWdTd0Unc1eGhyTmUrTTF3K1IwZ2VjS2ZxRjRhWFZZU1BSelZwQU1hdmlzS2dpRWdpUElBeEpJWjZyQy9vOU9VWTNoaXo1WVlkc3R1S0lDRVNoNlFRWkpWWWZ5TzRHeHNMRmM4RUZMYTNqRVdkaXlmK2J4MGwreFpBUml2bUdjeDl6VzI0TkVhQ0VNTGx4OW9TK2MvWmQ3L1lKLzBaNk5oU0t5V2J1ZmhreHZDSG5ySWFMSytiTlVVQVBYaEljQWRMWGl2SWRTOGZJTEtYOTZ5SmxmOXdSazhLYmhuMzhBaFRPbysiLCJkYXRha2V5IjoiQVFFQkFIaDN6WU9kdHBCQlNWdy9ZMmFuOEJYSUQ0a3dMUWZub1RqNXp3WnRHSlpvWlFBQUFINHdmQVlKS29aSWh2Y05BUWNHb0c4d2JRSUJBREJvQmdrcWhraUc5dzBCQndFd0hnWUpZSVpJQVdVREJBRXVNQkVFREVaN1hrb1h0bFU1WU5wZFFRSUJFSUE3Z3dhaWpBSlUvMlc5RG5hdGxpNldHUkE1S3NHWVc1am9wK0ZsdFU5UEpKSmNEM2F1dVZDbkFGK0Y1N2U1cTNCYWEvSytNM2VRanNTbDhLRT0iLCJ2ZXJzaW9uIjoiMiIsInR5cGUiOiJEQVRBX0tFWSIsImV4cGlyYXRpb24iOjE3MDYyMjQ3NzR9",
            "proxy_endpoint": "https://711348555690.dkr.ecr.eu-central-1.amazonaws.com",
            "registry_id": null,
            "user_name": "AWS"
          },
          "sensitive_attributes": []
        }
      ]
    },
    {
      "mode": "managed",
      "type": "aws_ecr_repository",
      "name": "BackRepo",
      "provider": "provider[\"registry.terraform.io/hashicorp/aws\"]",
      "instances": [
        {
          "schema_version": 0,
          "attributes": {
            "arn": "arn:aws:ecr:eu-central-1:711348555690:repository/back-repo",
            "encryption_configuration": [
              {
                "encryption_type": "AES256",
                "kms_key": ""
              }
            ],
            "force_delete": null,
            "id": "back-repo",
            "image_scanning_configuration": [
              {
                "scan_on_push": false
              }
            ],
            "image_tag_mutability": "MUTABLE",
            "name": "back-repo",
            "registry_id": "711348555690",
            "repository_url": "711348555690.dkr.ecr.eu-central-1.amazonaws.com/back-repo",
            "tags": {},
            "tags_all": {},
            "timeouts": null
          },
          "sensitive_attributes": [],
          "private": "eyJlMmJmYjczMC1lY2FhLTExZTYtOGY4OC0zNDM2M2JjN2M0YzAiOnsiZGVsZXRlIjoxMjAwMDAwMDAwMDAwfX0="
        }
      ]
    },
    {
      "mode": "managed",
      "type": "aws_ecr_repository",
      "name": "FrontRepo",
      "provider": "provider[\"registry.terraform.io/hashicorp/aws\"]",
      "instances": [
        {
          "schema_version": 0,
          "attributes": {
            "arn": "arn:aws:ecr:eu-central-1:711348555690:repository/front-repo",
            "encryption_configuration": [
              {
                "encryption_type": "AES256",
                "kms_key": ""
              }
            ],
            "force_delete": null,
            "id": "front-repo",
            "image_scanning_configuration": [
              {
                "scan_on_push": false
              }
            ],
            "image_tag_mutability": "MUTABLE",
            "name": "front-repo",
            "registry_id": "711348555690",
            "repository_url": "711348555690.dkr.ecr.eu-central-1.amazonaws.com/front-repo",
            "tags": {},
            "tags_all": {},
            "timeouts": null
          },
          "sensitive_attributes": [],
          "private": "eyJlMmJmYjczMC1lY2FhLTExZTYtOGY4OC0zNDM2M2JjN2M0YzAiOnsiZGVsZXRlIjoxMjAwMDAwMDAwMDAwfX0="
        }
      ]
    },
    {
      "mode": "managed",
      "type": "aws_iam_role",
      "name": "LambdaRole",
      "provider": "provider[\"registry.terraform.io/hashicorp/aws\"]",
      "instances": [
        {
          "schema_version": 0,
          "attributes": {
            "arn": "arn:aws:iam::711348555690:role/lambda-role",
            "assume_role_policy": "{\"Statement\":[{\"Action\":\"sts:AssumeRole\",\"Effect\":\"Allow\",\"Principal\":{\"Service\":\"lambda.amazonaws.com\"}}],\"Version\":\"2012-10-17\"}",
            "create_date": "2024-01-24T09:19:00Z",
            "description": "",
            "force_detach_policies": false,
            "id": "lambda-role",
            "inline_policy": [],
            "managed_policy_arns": [
              "arn:aws:iam::aws:policy/service-role/AWSLambdaBasicExecutionRole"
            ],
            "max_session_duration": 3600,
            "name": "lambda-role",
            "name_prefix": "",
            "path": "/",
            "permissions_boundary": "",
            "tags": {},
            "tags_all": {},
            "unique_id": "AROA2LH5NR6VHPN5QYHTG"
          },
          "sensitive_attributes": [],
          "private": "bnVsbA=="
        }
      ]
    },
    {
      "mode": "managed",
      "type": "aws_iam_role_policy_attachment",
      "name": "LambdaExecPolicyAttachment",
      "provider": "provider[\"registry.terraform.io/hashicorp/aws\"]",
      "instances": [
        {
          "schema_version": 0,
          "attributes": {
            "id": "lambda-role-20240124091902102000000001",
            "policy_arn": "arn:aws:iam::aws:policy/service-role/AWSLambdaBasicExecutionRole",
            "role": "lambda-role"
          },
          "sensitive_attributes": [],
          "private": "bnVsbA==",
          "dependencies": [
            "aws_iam_role.LambdaRole"
          ]
        }
      ]
    },
    {
      "mode": "managed",
      "type": "aws_lambda_function",
      "name": "BackLambda",
      "provider": "provider[\"registry.terraform.io/hashicorp/aws\"]",
      "instances": [
        {
          "schema_version": 0,
          "attributes": {
            "architectures": [
              "arm64"
            ],
            "arn": "arn:aws:lambda:eu-central-1:711348555690:function:back-lambda",
            "code_signing_config_arn": "",
            "dead_letter_config": [],
            "description": "",
            "environment": [],
            "ephemeral_storage": [
              {
                "size": 512
              }
            ],
            "file_system_config": [],
            "filename": null,
            "function_name": "back-lambda",
            "handler": "",
            "id": "back-lambda",
            "image_config": [],
            "image_uri": "711348555690.dkr.ecr.eu-central-1.amazonaws.com/back-repo:latest",
            "invoke_arn": "arn:aws:apigateway:eu-central-1:lambda:path/2015-03-31/functions/arn:aws:lambda:eu-central-1:711348555690:function:back-lambda/invocations",
            "kms_key_arn": "",
            "last_modified": "2024-01-25T11:20:02.000+0000",
            "layers": [],
            "logging_config": [
              {
                "application_log_level": "INFO",
                "log_format": "JSON",
                "log_group": "/aws/lambda/back-lambda",
                "system_log_level": "INFO"
              }
            ],
            "memory_size": 1792,
            "package_type": "Image",
            "publish": false,
            "qualified_arn": "arn:aws:lambda:eu-central-1:711348555690:function:back-lambda:$LATEST",
            "qualified_invoke_arn": "arn:aws:apigateway:eu-central-1:lambda:path/2015-03-31/functions/arn:aws:lambda:eu-central-1:711348555690:function:back-lambda:$LATEST/invocations",
            "replace_security_groups_on_destroy": null,
            "replacement_security_group_ids": null,
            "reserved_concurrent_executions": -1,
            "role": "arn:aws:iam::711348555690:role/lambda-role",
            "runtime": "",
            "s3_bucket": null,
            "s3_key": null,
            "s3_object_version": null,
            "signing_job_arn": "",
            "signing_profile_version_arn": "",
            "skip_destroy": false,
            "snap_start": [],
            "source_code_hash": "7b6ed67fe5d0dc2c9205141463c8ccb59d63235abea8fd2698742e2412773e59",
            "source_code_size": 0,
            "tags": {},
            "tags_all": {},
            "timeout": 5,
            "timeouts": null,
            "tracing_config": [
              {
                "mode": "PassThrough"
              }
            ],
            "version": "$LATEST",
            "vpc_config": []
          },
          "sensitive_attributes": [],
          "private": "eyJlMmJmYjczMC1lY2FhLTExZTYtOGY4OC0zNDM2M2JjN2M0YzAiOnsiY3JlYXRlIjo2MDAwMDAwMDAwMDAsImRlbGV0ZSI6NjAwMDAwMDAwMDAwLCJ1cGRhdGUiOjYwMDAwMDAwMDAwMH19",
          "dependencies": [
            "aws_ecr_repository.BackRepo",
            "aws_iam_role.LambdaRole",
            "data.aws_ecr_authorization_token.token",
            "docker_image.BackImage"
          ]
        }
      ]
    },
    {
      "mode": "managed",
      "type": "aws_lambda_function_url",
      "name": "BackLambdaUrl",
      "provider": "provider[\"registry.terraform.io/hashicorp/aws\"]",
      "instances": [
        {
          "schema_version": 0,
          "attributes": {
            "authorization_type": "NONE",
            "cors": [],
            "function_arn": "arn:aws:lambda:eu-central-1:711348555690:function:back-lambda",
            "function_name": "back-lambda",
            "function_url": "https://bxhne6uumeuxjabn5oo4bpp4ty0jkcfg.lambda-url.eu-central-1.on.aws/",
            "id": "back-lambda",
            "invoke_mode": "BUFFERED",
            "qualifier": "",
            "timeouts": null,
            "url_id": "bxhne6uumeuxjabn5oo4bpp4ty0jkcfg"
          },
          "sensitive_attributes": [],
          "private": "eyJlMmJmYjczMC1lY2FhLTExZTYtOGY4OC0zNDM2M2JjN2M0YzAiOnsiY3JlYXRlIjo2MDAwMDAwMDAwMDB9fQ==",
          "dependencies": [
            "aws_ecr_repository.BackRepo",
            "aws_iam_role.LambdaRole",
            "aws_lambda_function.BackLambda",
            "data.aws_ecr_authorization_token.token",
            "docker_image.BackImage"
          ]
        }
      ]
    },
    {
      "mode": "managed",
      "type": "docker_image",
      "name": "BackImage",
      "provider": "provider[\"registry.terraform.io/kreuzwerker/docker\"]",
      "instances": [
        {
          "schema_version": 0,
          "attributes": {
            "build": [
              {
                "auth_config": [],
                "build_arg": null,
                "build_args": null,
                "build_id": "",
                "cache_from": [],
                "cgroup_parent": "",
                "context": "/home/user/github/cdktf-project/src/back",
                "cpu_period": null,
                "cpu_quota": null,
                "cpu_set_cpus": "",
                "cpu_set_mems": "",
                "cpu_shares": null,
                "dockerfile": "Dockerfile",
                "extra_hosts": [],
                "force_remove": null,
                "isolation": "",
                "label": null,
                "labels": null,
                "memory": null,
                "memory_swap": null,
                "network_mode": "",
                "no_cache": null,
                "platform": "linux/x86_64",
                "pull_parent": null,
                "remote_context": "",
                "remove": true,
                "security_opt": [],
                "session_id": "",
                "shm_size": null,
                "squash": null,
                "suppress_output": null,
                "tag": [],
                "target": "",
                "ulimit": [],
                "version": ""
              }
            ],
            "force_remove": null,
            "id": "sha256:50fed989e15f0071c4c4905e13bbe31acd799cc9c44b5caf1ba8683c2b8b45e0711348555690.dkr.ecr.eu-central-1.amazonaws.com/back-repo:latest",
            "image_id": "sha256:50fed989e15f0071c4c4905e13bbe31acd799cc9c44b5caf1ba8683c2b8b45e0",
            "keep_locally": null,
            "name": "711348555690.dkr.ecr.eu-central-1.amazonaws.com/back-repo:latest",
            "platform": null,
            "pull_triggers": null,
            "repo_digest": "",
            "triggers": {
              "filesha256": "e6d921842f8afbc8497d0febc4ca3b1051798ac597e936ddc4bb68678304dbba"
            }
          },
          "sensitive_attributes": [],
          "private": "bnVsbA==",
          "dependencies": [
            "aws_ecr_repository.BackRepo",
            "data.aws_ecr_authorization_token.token"
          ]
        }
      ]
    },
    {
      "mode": "managed",
      "type": "docker_image",
      "name": "FrontImage",
      "provider": "provider[\"registry.terraform.io/kreuzwerker/docker\"]",
      "instances": [
        {
          "schema_version": 0,
          "attributes": {
            "build": [
              {
                "auth_config": [],
                "build_arg": {},
                "build_args": {},
                "build_id": "",
                "cache_from": [],
                "cgroup_parent": "",
                "context": "/home/user/github/cdktf-project/src/front",
                "cpu_period": 0,
                "cpu_quota": 0,
                "cpu_set_cpus": "",
                "cpu_set_mems": "",
                "cpu_shares": 0,
                "dockerfile": "Dockerfile",
                "extra_hosts": [],
                "force_remove": false,
                "isolation": "",
                "label": {},
                "labels": {},
                "memory": 0,
                "memory_swap": 0,
                "network_mode": "",
                "no_cache": false,
                "platform": "linux/x86_64",
                "pull_parent": false,
                "remote_context": "",
                "remove": true,
                "security_opt": [],
                "session_id": "",
                "shm_size": 0,
                "squash": false,
                "suppress_output": false,
                "tag": [],
                "target": "",
                "ulimit": [],
                "version": ""
              }
            ],
            "force_remove": null,
            "id": "sha256:c78d471df96f5bf0d4538c961fbbf07e1f790f0d2c2dc8feae2d573d7c44e883711348555690.dkr.ecr.eu-central-1.amazonaws.com/front-repo:latest",
            "image_id": "sha256:c78d471df96f5bf0d4538c961fbbf07e1f790f0d2c2dc8feae2d573d7c44e883",
            "keep_locally": null,
            "name": "711348555690.dkr.ecr.eu-central-1.amazonaws.com/front-repo:latest",
            "platform": null,
            "pull_triggers": null,
            "repo_digest": "",
            "triggers": {
              "filesha256": "9dd6df6a8aad0c5be2d0ff5d66c31f6c68abffb59be1e1152729b8af7f349738"
            }
          },
          "sensitive_attributes": [],
          "private": "bnVsbA==",
          "dependencies": [
            "aws_ecr_repository.FrontRepo",
            "data.aws_ecr_authorization_token.token"
          ]
        }
      ]
    },
    {
      "mode": "managed",
      "type": "docker_registry_image",
      "name": "BackPush",
      "provider": "provider[\"registry.terraform.io/kreuzwerker/docker\"]",
      "instances": [
        {
          "schema_version": 0,
          "attributes": {
            "id": "sha256:b1e160b6bfee01f13d7ec36a649426d5f1e33bbcd034094ecc30b92ff3bfec38",
            "insecure_skip_verify": false,
            "keep_remotely": false,
            "name": "711348555690.dkr.ecr.eu-central-1.amazonaws.com/back-repo:latest",
            "sha256_digest": "sha256:b1e160b6bfee01f13d7ec36a649426d5f1e33bbcd034094ecc30b92ff3bfec38",
            "triggers": {
              "filesha256": "e6d921842f8afbc8497d0febc4ca3b1051798ac597e936ddc4bb68678304dbba"
            }
          },
          "sensitive_attributes": [],
          "private": "bnVsbA==",
          "dependencies": [
            "aws_ecr_repository.BackRepo",
            "data.aws_ecr_authorization_token.token",
            "docker_image.BackImage"
          ]
        }
      ]
    },
    {
      "mode": "managed",
      "type": "docker_registry_image",
      "name": "FrontPush",
      "provider": "provider[\"registry.terraform.io/kreuzwerker/docker\"]",
      "instances": [
        {
          "schema_version": 0,
          "attributes": {
            "id": "sha256:b30c3a220dee33d6bd87ded8c742b08dd68a7f738791ad589dc6f45c71dfd428",
            "insecure_skip_verify": false,
            "keep_remotely": false,
            "name": "711348555690.dkr.ecr.eu-central-1.amazonaws.com/front-repo:latest",
            "sha256_digest": "sha256:b30c3a220dee33d6bd87ded8c742b08dd68a7f738791ad589dc6f45c71dfd428",
            "triggers": {
              "filesha256": "9dd6df6a8aad0c5be2d0ff5d66c31f6c68abffb59be1e1152729b8af7f349738"
            }
          },
          "sensitive_attributes": [],
          "private": "bnVsbA==",
          "dependencies": [
            "aws_ecr_repository.FrontRepo",
            "data.aws_ecr_authorization_token.token",
            "docker_image.FrontImage"
          ]
        }
      ]
    }
  ],
  "check_results": null
}
