{
  "version": 4,
  "terraform_version": "1.7.1",
  "serial": 73,
  "lineage": "78ed6679-9bca-d6b7-3df7-da76cfedcb63",
  "outputs": {},
  "resources": [
    {
      "mode": "data",
      "type": "aws_ecr_authorization_token",
      "name": "token",
      "provider": "provider[\"registry.terraform.io/hashicorp/aws\"]",
      "instances": [
        {
          "schema_version": 0,
          "attributes": {
            "authorization_token": "QVdTOmV5SndZWGxzYjJGa0lqb2lSU3Q1YzB0VVdFUkdNM2RIUWxSVlNrdG5hME4zT0V4aWEzZExTR0pDTXpNM2FHcEZWM0J5WlVWWVoyRndObk5hZVdGc2NUZDVWV001YkZSb1FuWnJXR3h4UVhobFlXczNlbGMwVGxkSVYwNXVRVWg1SzFsS2NrdGxZMnRyZEZGd2VYUlVWRXg0VnpZek9YVlVabEJoV1ZGS2NsRlphR3BpVEUxeFEwUjZhWGxHYVdOTVJWY3lZV1l5Uld4V00ycDZjMmwyUnpSM00yNXZORmRSUjFSMFJIazRiVWRDUkdwdGIyRlJXV2RTVlVKck9IaDNNblJrYkV0QmMzcFNPRmRyVFdOb05ETmxOWGhPUldscGRuRTFaVWxwU0RSMFUxTnljM3BIVkZsMlEyTnZPVVJYSzNSTlJURlVTekE0VXpOT1prdzNTWFJ2Vm10dVQzQnNXR2RzUml0a01Xa3JielZwT1hGRE5YaFhSWGx4UmtGUFoyNVNRalZvZWpKeVNWUXpPSEZKTTNSeE1XaGhOa1J3VUc5Q1ptWkRWakJTVmtsQmQxZFZUVEZhZDJZeGJIQk5XR3RoUzFoa1NUWlJZV2RPZEZCU1pqZFhSVVEwZGpadWVWZHNibEZhUXpjMmMyeGpNRTF3TTBoVFlsSkZhMjFWTjJSRk1XTlNlbVZCZEVKT1VtcE5UbE5RTDBOM05rd3dOa0ZwVlVGS2JFTm9Na3BDTDFWclpsTmtRWEpDVG5kWlN6Sm9SVkY2YVVjMmNURXlkbWxYWVdwMldVOWpXbk5VYjNCQllsaHFSblZoVEdJNVl6VlBhMWxrTVhSMGNXZHlibFZJVkV4M01rUmtNV0o1WlhKeVpFRmlUekZOU21WR0sxbzVNMWRPVFVkVWNqQnJPV0ZqWkZrMWMyNHlRMGt4V2s5SlZHeG1aMjR4ZWxGT1ZuSnNWM0JFYkd4V2FYQjBXazFLUWtwcWRVMXJaMlJIYnl0TlIyMHlPRkZhVG1kaU5ucFZWR1pFU1d0cFFtdEtZbWh5UXpOR2FXRnVVbHBWUzFsdmExVk5PRTFRVUZOMGJHRkVZMFFyTW5KSFZrWXdiRGM1VVc1YVdIbEtaM1Z3T1ZSbE5FZ3pZV2d2TDNGb1ZVSjZkVUpOTUdaWGJuTktWVlJQZVdKNGNFWnBUMHRET1ZWbGJXeDZhSGxCYUdnd1psUnBjWE5YT0ZwcVEySk9Va3RyYlhRdmVUQnFWSHBEU21wMVNrMWthbk5wUVVaeFNUSmlSV05xZEZsbFNtWlVOVzE1UVZsNmMwRkxhRWhRYkZJMUswcFBka3g2VDI5ak9EUlZOM0ZzV0VJM1oxWTJaVUZNWmtrNWJrOVVPRkEwYlRsRVUwZEJSMGRsYW5FelJXRkNMMEpPYmtWT09WZ3dSSEpVTW5wV1ZuTjRWSFZDVVdvd1ZtRXdaWEJ5U1c5VVozUjBlVFJzV0dKUlRrY3lkMmRqZG5wa1NqTkdUMU5PTTJGR05qQnlNa3c1WkRFeVpUWlZkRk5tV2toTlIwSkhObTQyWVU5WU9EQkVSakZWWTJ4cFlYbElRa0pRVDJGemJHVnhlRlF2YWk5VlJDdHpjRTlhTlVwVGJEUjNTRlpGZEV0eVZHRm5SMFJ2VkVoSFEwZFhMMjlVTjFScVQzQjRUekl2YUV4eVlUTnhhbnBJWmxocFZYTnhaMFJMTDBKdFpIcGxSMUptY0RFemVFd3hjRTVyTVZGaVFtTkRiMVZGT0RKcFlVUk5NRTFSV0ZOdVpXVkNWSEptTmxCT1RIaDRjR0pDWTBkQmRGUnFXa1U1SzNOUmVYbENTMlJLVldkTFkwcExiRTlHVGpKaWJVaGxUazB5TjBjek5tVlNOMGhhV1hSMFdUSktSMnBhVjB3Mk9HNXhhVkYxZFhweGMybHNUa3MyTlRWeloxWnBibmhOVlhwRFRsaG9iQzl5UkdZNWFrSmpUMGx3Tm1sWVprbEZlUzg0ZUZWNk56TTFlVFZyTUN0Rk4yRnFOSFZQYVdaeWFYbGFlSGx4WjBnaUxDSmtZWFJoYTJWNUlqb2lRVkZGUWtGSWFETjZXVTlrZEhCQ1FsTldkeTlaTW1GdU9FSllTVVEwYTNkTVVXWnViMVJxTlhwM1duUkhTbHB2V2xGQlFVRklOSGRtUVZsS1MyOWFTV2gyWTA1QlVXTkhiMGM0ZDJKUlNVSkJSRUp2UW1kcmNXaHJhVWM1ZHpCQ1FuZEZkMGhuV1VwWlNWcEpRVmRWUkVKQlJYVk5Ra1ZGUkVwRU1YSXpjV3ROZDA0NWFrbGlTV3BSU1VKRlNVRTNjamxGUVdVMWEyRTRWR0V6VEd3cmRUazNPRlJFTmxORWFqaFBMemd4TUZWdU9XaHlhRXBXYWs5NGNtOTVla1V4Y25kdlQyTnFUbmR0YzNFcmFrZEliMjl6T1VVMlQzUnJibEEzZFM4eFp6MGlMQ0oyWlhKemFXOXVJam9pTWlJc0luUjVjR1VpT2lKRVFWUkJYMHRGV1NJc0ltVjRjR2x5WVhScGIyNGlPakUzTURjd05EazJORGQ5",
            "expires_at": "2024-02-04T12:27:27Z",
            "id": "eu-central-1",
            "password": "eyJwYXlsb2FkIjoiRSt5c0tUWERGM3dHQlRVSktna0N3OExia3dLSGJCMzM3aGpFV3ByZUVYZ2FwNnNaeWFscTd5VWM5bFRoQnZrWGxxQXhlYWs3elc0TldIV05uQUh5K1lKcktlY2trdFFweXRUVEx4VzYzOXVUZlBhWVFKclFZaGpiTE1xQ0R6aXlGaWNMRVcyYWYyRWxWM2p6c2l2RzR3M25vNFdRR1R0RHk4bUdCRGptb2FRWWdSVUJrOHh3MnRkbEtBc3pSOFdrTWNoNDNlNXhORWlpdnE1ZUlpSDR0U1Nyc3pHVFl2Q2NvOURXK3RNRTFUSzA4UzNOZkw3SXRvVmtuT3BsWGdsRitkMWkrbzVpOXFDNXhXRXlxRkFPZ25SQjVoejJySVQzOHFJM3RxMWhhNkRwUG9CZmZDVjBSVklBd1dVTTFad2YxbHBNWGthS1hkSTZRYWdOdFBSZjdXRUQ0djZueVdsblFaQzc2c2xjME1wM0hTYlJFa21VN2RFMWNSemVBdEJOUmpNTlNQL0N3NkwwNkFpVUFKbENoMkpCL1VrZlNkQXJCTndZSzJoRVF6aUc2cTEydmlXYWp2WU9jWnNUb3BBYlhqRnVhTGI5YzVPa1lkMXR0cWdyblVIVEx3MkRkMWJ5ZXJyZEFiTzFNSmVGK1o5M1dOTUdUcjBrOWFjZFk1c24yQ0kxWk9JVGxmZ24xelFOVnJsV3BEbGxWaXB0Wk1KQkpqdU1rZ2RHbytNR20yOFFaTmdiNnpVVGZESWtpQmtKYmhyQzNGaWFuUlpVS1lva1VNOE1QUFN0bGFEY0QrMnJHVkYwbDc5UW5aWHlKZ3VwOVRlNEgzYWgvL3FoVUJ6dUJNMGZXbnNKVVRPeWJ4cEZpT0tDOVVlbWx6aHlBaGgwZlRpcXNXOFpqQ2JOUktrbXQveTBqVHpDSmp1Sk1kanNpQUZxSTJiRWNqdFllSmZUNW15QVl6c0FLaEhQbFI1K0pPdkx6T29jODRVN3FsWEI3Z1Y2ZUFMZkk5bk9UOFA0bTlEU0dBR0dlanEzRWFCL0JObkVOOVgwRHJUMnpWVnN4VHVCUWowVmEwZXBySW9UZ3R0eTRsWGJRTkcyd2djdnpkSjNGT1NOM2FGNjByMkw5ZDEyZTZVdFNmWkhNR0JHNm42YU9YODBERjFVY2xpYXlIQkJQT2FzbGVxeFQvai9VRCtzcE9aNUpTbDR3SFZFdEtyVGFnR0RvVEhHQ0dXL29UN1RqT3B4TzIvaExyYTNxanpIZlhpVXNxZ0RLL0JtZHplR1JmcDEzeEwxcE5rMVFiQmNDb1VFODJpYURNME1RWFNuZWVCVHJmNlBOTHh4cGJCY0dBdFRqWkU5K3NReXlCS2RKVWdLY0pLbE9GTjJibUhlTk0yN0czNmVSN0haWXR0WTJKR2paV0w2OG5xaVF1dXpxc2lsTks2NTVzZ1ZpbnhNVXpDTlhobC9yRGY5akJjT0lwNmlYZklFeS84eFV6NzM1eTVrMCtFN2FqNHVPaWZyaXlaeHlxZ0giLCJkYXRha2V5IjoiQVFFQkFIaDN6WU9kdHBCQlNWdy9ZMmFuOEJYSUQ0a3dMUWZub1RqNXp3WnRHSlpvWlFBQUFINHdmQVlKS29aSWh2Y05BUWNHb0c4d2JRSUJBREJvQmdrcWhraUc5dzBCQndFd0hnWUpZSVpJQVdVREJBRXVNQkVFREpEMXIzcWtNd045akliSWpRSUJFSUE3cjlFQWU1a2E4VGEzTGwrdTk3OFRENlNEajhPLzgxMFVuOWhyaEpWak94cm95ekUxcndvT2NqTndtc3ErakdIb29zOUU2T3RrblA3dS8xZz0iLCJ2ZXJzaW9uIjoiMiIsInR5cGUiOiJEQVRBX0tFWSIsImV4cGlyYXRpb24iOjE3MDcwNDk2NDd9",
            "proxy_endpoint": "https://711348555690.dkr.ecr.eu-central-1.amazonaws.com",
            "registry_id": null,
            "user_name": "AWS"
          },
          "sensitive_attributes": []
        }
      ]
    },
    {
      "mode": "managed",
      "type": "aws_ecr_repository",
      "name": "BackRepo",
      "provider": "provider[\"registry.terraform.io/hashicorp/aws\"]",
      "instances": [
        {
          "schema_version": 0,
          "attributes": {
            "arn": "arn:aws:ecr:eu-central-1:711348555690:repository/back-repo",
            "encryption_configuration": [
              {
                "encryption_type": "AES256",
                "kms_key": ""
              }
            ],
            "force_delete": null,
            "id": "back-repo",
            "image_scanning_configuration": [
              {
                "scan_on_push": false
              }
            ],
            "image_tag_mutability": "MUTABLE",
            "name": "back-repo",
            "registry_id": "711348555690",
            "repository_url": "711348555690.dkr.ecr.eu-central-1.amazonaws.com/back-repo",
            "tags": {},
            "tags_all": {},
            "timeouts": null
          },
          "sensitive_attributes": [],
          "private": "eyJlMmJmYjczMC1lY2FhLTExZTYtOGY4OC0zNDM2M2JjN2M0YzAiOnsiZGVsZXRlIjoxMjAwMDAwMDAwMDAwfX0="
        }
      ]
    },
    {
      "mode": "managed",
      "type": "aws_ecr_repository",
      "name": "FrontRepo",
      "provider": "provider[\"registry.terraform.io/hashicorp/aws\"]",
      "instances": [
        {
          "schema_version": 0,
          "attributes": {
            "arn": "arn:aws:ecr:eu-central-1:711348555690:repository/front-repo",
            "encryption_configuration": [
              {
                "encryption_type": "AES256",
                "kms_key": ""
              }
            ],
            "force_delete": null,
            "id": "front-repo",
            "image_scanning_configuration": [
              {
                "scan_on_push": false
              }
            ],
            "image_tag_mutability": "MUTABLE",
            "name": "front-repo",
            "registry_id": "711348555690",
            "repository_url": "711348555690.dkr.ecr.eu-central-1.amazonaws.com/front-repo",
            "tags": {},
            "tags_all": {},
            "timeouts": null
          },
          "sensitive_attributes": [],
          "private": "eyJlMmJmYjczMC1lY2FhLTExZTYtOGY4OC0zNDM2M2JjN2M0YzAiOnsiZGVsZXRlIjoxMjAwMDAwMDAwMDAwfX0="
        }
      ]
    },
    {
      "mode": "managed",
      "type": "aws_iam_role",
      "name": "LambdaRole",
      "provider": "provider[\"registry.terraform.io/hashicorp/aws\"]",
      "instances": [
        {
          "schema_version": 0,
          "attributes": {
            "arn": "arn:aws:iam::711348555690:role/lambda-role",
            "assume_role_policy": "{\"Statement\":[{\"Action\":\"sts:AssumeRole\",\"Effect\":\"Allow\",\"Principal\":{\"Service\":\"lambda.amazonaws.com\"}}],\"Version\":\"2012-10-17\"}",
            "create_date": "2024-02-03T22:38:03Z",
            "description": "",
            "force_detach_policies": false,
            "id": "lambda-role",
            "inline_policy": [],
            "managed_policy_arns": [
              "arn:aws:iam::aws:policy/service-role/AWSLambdaBasicExecutionRole"
            ],
            "max_session_duration": 3600,
            "name": "lambda-role",
            "name_prefix": "",
            "path": "/",
            "permissions_boundary": "",
            "tags": {},
            "tags_all": {},
            "unique_id": "AROA2LH5NR6VE3BTRTXYR"
          },
          "sensitive_attributes": [],
          "private": "bnVsbA=="
        }
      ]
    },
    {
      "mode": "managed",
      "type": "aws_iam_role_policy_attachment",
      "name": "LambdaRolePolicyAttachment",
      "provider": "provider[\"registry.terraform.io/hashicorp/aws\"]",
      "instances": [
        {
          "schema_version": 0,
          "attributes": {
            "id": "lambda-role-20240203223804031500000001",
            "policy_arn": "arn:aws:iam::aws:policy/service-role/AWSLambdaBasicExecutionRole",
            "role": "lambda-role"
          },
          "sensitive_attributes": [],
          "private": "bnVsbA==",
          "dependencies": [
            "aws_iam_role.LambdaRole"
          ]
        }
      ]
    },
    {
      "mode": "managed",
      "type": "aws_lambda_function",
      "name": "BackLambda",
      "provider": "provider[\"registry.terraform.io/hashicorp/aws\"]",
      "instances": [
        {
          "schema_version": 0,
          "attributes": {
            "architectures": [
              "arm64"
            ],
            "arn": "arn:aws:lambda:eu-central-1:711348555690:function:back-lambda",
            "code_signing_config_arn": "",
            "dead_letter_config": [],
            "description": "",
            "environment": [
              {
                "variables": {
                  "HOME": "/tmp",
                  "REDIS_SERVER": "redis://default:01082a7f147849a7bf623acf830ca41d@eu2-learning-dane-32666.upstash.io:32666"
                }
              }
            ],
            "ephemeral_storage": [
              {
                "size": 512
              }
            ],
            "file_system_config": [],
            "filename": null,
            "function_name": "back-lambda",
            "handler": "",
            "id": "back-lambda",
            "image_config": [],
            "image_uri": "711348555690.dkr.ecr.eu-central-1.amazonaws.com/back-repo@sha256:004eab602bb7be27dd20c4ce42410c1b3d6529cebc9c97b893bf9274f7526458",
            "invoke_arn": "arn:aws:apigateway:eu-central-1:lambda:path/2015-03-31/functions/arn:aws:lambda:eu-central-1:711348555690:function:back-lambda/invocations",
            "kms_key_arn": "",
            "last_modified": "2024-02-04T00:27:29.000+0000",
            "layers": [],
            "logging_config": [
              {
                "application_log_level": "INFO",
                "log_format": "JSON",
                "log_group": "/aws/lambda/back-lambda",
                "system_log_level": "INFO"
              }
            ],
            "memory_size": 1792,
            "package_type": "Image",
            "publish": false,
            "qualified_arn": "arn:aws:lambda:eu-central-1:711348555690:function:back-lambda:$LATEST",
            "qualified_invoke_arn": "arn:aws:apigateway:eu-central-1:lambda:path/2015-03-31/functions/arn:aws:lambda:eu-central-1:711348555690:function:back-lambda:$LATEST/invocations",
            "replace_security_groups_on_destroy": null,
            "replacement_security_group_ids": null,
            "reserved_concurrent_executions": -1,
            "role": "arn:aws:iam::711348555690:role/lambda-role",
            "runtime": "",
            "s3_bucket": null,
            "s3_key": null,
            "s3_object_version": null,
            "signing_job_arn": "",
            "signing_profile_version_arn": "",
            "skip_destroy": false,
            "snap_start": [],
            "source_code_hash": "004eab602bb7be27dd20c4ce42410c1b3d6529cebc9c97b893bf9274f7526458",
            "source_code_size": 0,
            "tags": {},
            "tags_all": {},
            "timeout": 5,
            "timeouts": null,
            "tracing_config": [
              {
                "mode": "PassThrough"
              }
            ],
            "version": "$LATEST",
            "vpc_config": []
          },
          "sensitive_attributes": [],
          "private": "eyJlMmJmYjczMC1lY2FhLTExZTYtOGY4OC0zNDM2M2JjN2M0YzAiOnsiY3JlYXRlIjo2MDAwMDAwMDAwMDAsImRlbGV0ZSI6NjAwMDAwMDAwMDAwLCJ1cGRhdGUiOjYwMDAwMDAwMDAwMH19",
          "dependencies": [
            "aws_ecr_repository.BackRepo",
            "aws_iam_role.LambdaRole",
            "data.aws_ecr_authorization_token.token",
            "docker_image.BackImage",
            "docker_registry_image.BackEcrImage"
          ]
        }
      ]
    },
    {
      "mode": "managed",
      "type": "aws_lambda_function",
      "name": "FrontLambda",
      "provider": "provider[\"registry.terraform.io/hashicorp/aws\"]",
      "instances": [
        {
          "schema_version": 0,
          "attributes": {
            "architectures": [
              "arm64"
            ],
            "arn": "arn:aws:lambda:eu-central-1:711348555690:function:front-lambda",
            "code_signing_config_arn": "",
            "dead_letter_config": [],
            "description": "",
            "environment": [
              {
                "variables": {
                  "BACKEND_API_URL": "https://lmku2f7q7hbd7nfjxye4gmpabm0jcmtr.lambda-url.eu-central-1.on.aws/",
                  "CLIENT_API_URL": "https://lmku2f7q7hbd7nfjxye4gmpabm0jcmtr.lambda-url.eu-central-1.on.aws/",
                  "HOME": "/tmp"
                }
              }
            ],
            "ephemeral_storage": [
              {
                "size": 512
              }
            ],
            "file_system_config": [],
            "filename": null,
            "function_name": "front-lambda",
            "handler": "",
            "id": "front-lambda",
            "image_config": [],
            "image_uri": "711348555690.dkr.ecr.eu-central-1.amazonaws.com/front-repo@sha256:8e335b2c48e20959ea64ab063ef4428bb7cfa4285fb6ae77a3ebf61b1842ac92",
            "invoke_arn": "arn:aws:apigateway:eu-central-1:lambda:path/2015-03-31/functions/arn:aws:lambda:eu-central-1:711348555690:function:front-lambda/invocations",
            "kms_key_arn": "",
            "last_modified": "2024-02-04T00:29:12.000+0000",
            "layers": [],
            "logging_config": [
              {
                "application_log_level": "INFO",
                "log_format": "JSON",
                "log_group": "/aws/lambda/front-lambda",
                "system_log_level": "INFO"
              }
            ],
            "memory_size": 1792,
            "package_type": "Image",
            "publish": false,
            "qualified_arn": "arn:aws:lambda:eu-central-1:711348555690:function:front-lambda:$LATEST",
            "qualified_invoke_arn": "arn:aws:apigateway:eu-central-1:lambda:path/2015-03-31/functions/arn:aws:lambda:eu-central-1:711348555690:function:front-lambda:$LATEST/invocations",
            "replace_security_groups_on_destroy": null,
            "replacement_security_group_ids": null,
            "reserved_concurrent_executions": -1,
            "role": "arn:aws:iam::711348555690:role/lambda-role",
            "runtime": "",
            "s3_bucket": null,
            "s3_key": null,
            "s3_object_version": null,
            "signing_job_arn": "",
            "signing_profile_version_arn": "",
            "skip_destroy": false,
            "snap_start": [],
            "source_code_hash": "8e335b2c48e20959ea64ab063ef4428bb7cfa4285fb6ae77a3ebf61b1842ac92",
            "source_code_size": 0,
            "tags": {},
            "tags_all": {},
            "timeout": 5,
            "timeouts": null,
            "tracing_config": [
              {
                "mode": "PassThrough"
              }
            ],
            "version": "$LATEST",
            "vpc_config": []
          },
          "sensitive_attributes": [],
          "private": "eyJlMmJmYjczMC1lY2FhLTExZTYtOGY4OC0zNDM2M2JjN2M0YzAiOnsiY3JlYXRlIjo2MDAwMDAwMDAwMDAsImRlbGV0ZSI6NjAwMDAwMDAwMDAwLCJ1cGRhdGUiOjYwMDAwMDAwMDAwMH19",
          "dependencies": [
            "aws_ecr_repository.BackRepo",
            "aws_ecr_repository.FrontRepo",
            "aws_iam_role.LambdaRole",
            "aws_lambda_function.BackLambda",
            "aws_lambda_function_url.BackLambdaUrl",
            "data.aws_ecr_authorization_token.token",
            "docker_image.BackImage",
            "docker_image.FrontImage",
            "docker_registry_image.BackEcrImage",
            "docker_registry_image.FrontEcrImage"
          ]
        }
      ]
    },
    {
      "mode": "managed",
      "type": "aws_lambda_function_url",
      "name": "BackLambdaUrl",
      "provider": "provider[\"registry.terraform.io/hashicorp/aws\"]",
      "instances": [
        {
          "schema_version": 0,
          "attributes": {
            "authorization_type": "NONE",
            "cors": [],
            "function_arn": "arn:aws:lambda:eu-central-1:711348555690:function:back-lambda",
            "function_name": "back-lambda",
            "function_url": "https://lmku2f7q7hbd7nfjxye4gmpabm0jcmtr.lambda-url.eu-central-1.on.aws/",
            "id": "back-lambda",
            "invoke_mode": "BUFFERED",
            "qualifier": "",
            "timeouts": null,
            "url_id": "lmku2f7q7hbd7nfjxye4gmpabm0jcmtr"
          },
          "sensitive_attributes": [],
          "private": "eyJlMmJmYjczMC1lY2FhLTExZTYtOGY4OC0zNDM2M2JjN2M0YzAiOnsiY3JlYXRlIjo2MDAwMDAwMDAwMDB9fQ==",
          "dependencies": [
            "aws_ecr_repository.BackRepo",
            "aws_iam_role.LambdaRole",
            "aws_lambda_function.BackLambda",
            "data.aws_ecr_authorization_token.token",
            "docker_image.BackImage",
            "docker_registry_image.BackEcrImage"
          ]
        }
      ]
    },
    {
      "mode": "managed",
      "type": "aws_lambda_function_url",
      "name": "FrontLambdaUrl",
      "provider": "provider[\"registry.terraform.io/hashicorp/aws\"]",
      "instances": [
        {
          "schema_version": 0,
          "attributes": {
            "authorization_type": "NONE",
            "cors": [],
            "function_arn": "arn:aws:lambda:eu-central-1:711348555690:function:front-lambda",
            "function_name": "front-lambda",
            "function_url": "https://5o54fa3ok7dnyaqvhwkhrexzsa0qrtqn.lambda-url.eu-central-1.on.aws/",
            "id": "front-lambda",
            "invoke_mode": "BUFFERED",
            "qualifier": "",
            "timeouts": null,
            "url_id": "5o54fa3ok7dnyaqvhwkhrexzsa0qrtqn"
          },
          "sensitive_attributes": [],
          "private": "eyJlMmJmYjczMC1lY2FhLTExZTYtOGY4OC0zNDM2M2JjN2M0YzAiOnsiY3JlYXRlIjo2MDAwMDAwMDAwMDB9fQ==",
          "dependencies": [
            "aws_ecr_repository.BackRepo",
            "aws_ecr_repository.FrontRepo",
            "aws_iam_role.LambdaRole",
            "aws_lambda_function.BackLambda",
            "aws_lambda_function.FrontLambda",
            "aws_lambda_function_url.BackLambdaUrl",
            "data.aws_ecr_authorization_token.token",
            "docker_image.BackImage",
            "docker_image.FrontImage",
            "docker_registry_image.BackEcrImage",
            "docker_registry_image.FrontEcrImage"
          ]
        }
      ]
    },
    {
      "mode": "managed",
      "type": "docker_image",
      "name": "BackImage",
      "provider": "provider[\"registry.terraform.io/kreuzwerker/docker\"]",
      "instances": [
        {
          "schema_version": 0,
          "attributes": {
            "build": [
              {
                "auth_config": [],
                "build_arg": {},
                "build_args": {},
                "build_id": "",
                "cache_from": [],
                "cgroup_parent": "",
                "context": "/home/user/github/cdktf-project/src/back",
                "cpu_period": 0,
                "cpu_quota": 0,
                "cpu_set_cpus": "",
                "cpu_set_mems": "",
                "cpu_shares": 0,
                "dockerfile": "Dockerfile",
                "extra_hosts": [],
                "force_remove": false,
                "isolation": "",
                "label": {},
                "labels": {},
                "memory": 0,
                "memory_swap": 0,
                "network_mode": "",
                "no_cache": false,
                "platform": "linux/arm64",
                "pull_parent": false,
                "remote_context": "",
                "remove": true,
                "security_opt": [],
                "session_id": "",
                "shm_size": 0,
                "squash": false,
                "suppress_output": false,
                "tag": [],
                "target": "",
                "ulimit": [],
                "version": ""
              }
            ],
            "force_remove": null,
            "id": "sha256:0a51d14d876a126e928b06c743f72a0f6c29b65dc9cae9ea88e1a10478a1e2c9711348555690.dkr.ecr.eu-central-1.amazonaws.com/back-repo",
            "image_id": "sha256:0a51d14d876a126e928b06c743f72a0f6c29b65dc9cae9ea88e1a10478a1e2c9",
            "keep_locally": null,
            "name": "711348555690.dkr.ecr.eu-central-1.amazonaws.com/back-repo",
            "platform": null,
            "pull_triggers": null,
            "repo_digest": "711348555690.dkr.ecr.eu-central-1.amazonaws.com/back-repo@sha256:004eab602bb7be27dd20c4ce42410c1b3d6529cebc9c97b893bf9274f7526458",
            "triggers": {
              "filesha256": "d582e1929e92049e244aa8f040d3381cabd52f82cc371b2c05a9d7981e8a0dd8"
            }
          },
          "sensitive_attributes": [],
          "private": "bnVsbA==",
          "dependencies": [
            "aws_ecr_repository.BackRepo",
            "data.aws_ecr_authorization_token.token"
          ]
        }
      ]
    },
    {
      "mode": "managed",
      "type": "docker_image",
      "name": "FrontImage",
      "provider": "provider[\"registry.terraform.io/kreuzwerker/docker\"]",
      "instances": [
        {
          "schema_version": 0,
          "attributes": {
            "build": [
              {
                "auth_config": [],
                "build_arg": null,
                "build_args": null,
                "build_id": "",
                "cache_from": [],
                "cgroup_parent": "",
                "context": "/home/user/github/cdktf-project/src/front",
                "cpu_period": null,
                "cpu_quota": null,
                "cpu_set_cpus": "",
                "cpu_set_mems": "",
                "cpu_shares": null,
                "dockerfile": "Dockerfile",
                "extra_hosts": [],
                "force_remove": null,
                "isolation": "",
                "label": null,
                "labels": null,
                "memory": null,
                "memory_swap": null,
                "network_mode": "",
                "no_cache": null,
                "platform": "linux/arm64",
                "pull_parent": null,
                "remote_context": "",
                "remove": true,
                "security_opt": [],
                "session_id": "",
                "shm_size": null,
                "squash": null,
                "suppress_output": null,
                "tag": [],
                "target": "",
                "ulimit": [],
                "version": ""
              }
            ],
            "force_remove": null,
            "id": "sha256:b4e5e79f747fc0be1df8ea02ee66e548e9935f2a925f33f841308776d0e33323711348555690.dkr.ecr.eu-central-1.amazonaws.com/front-repo",
            "image_id": "sha256:b4e5e79f747fc0be1df8ea02ee66e548e9935f2a925f33f841308776d0e33323",
            "keep_locally": null,
            "name": "711348555690.dkr.ecr.eu-central-1.amazonaws.com/front-repo",
            "platform": null,
            "pull_triggers": null,
            "repo_digest": "",
            "triggers": {
              "filesha256": "7c6746a4053a512adff8866618df84e79e812f837fdd362f9b8c4a5d8c9d232e"
            }
          },
          "sensitive_attributes": [],
          "private": "bnVsbA==",
          "dependencies": [
            "aws_ecr_repository.FrontRepo",
            "data.aws_ecr_authorization_token.token"
          ]
        }
      ]
    },
    {
      "mode": "managed",
      "type": "docker_registry_image",
      "name": "BackEcrImage",
      "provider": "provider[\"registry.terraform.io/kreuzwerker/docker\"]",
      "instances": [
        {
          "schema_version": 0,
          "attributes": {
            "id": "sha256:004eab602bb7be27dd20c4ce42410c1b3d6529cebc9c97b893bf9274f7526458",
            "insecure_skip_verify": false,
            "keep_remotely": false,
            "name": "711348555690.dkr.ecr.eu-central-1.amazonaws.com/back-repo",
            "sha256_digest": "sha256:004eab602bb7be27dd20c4ce42410c1b3d6529cebc9c97b893bf9274f7526458",
            "triggers": {
              "filesha256": "d582e1929e92049e244aa8f040d3381cabd52f82cc371b2c05a9d7981e8a0dd8"
            }
          },
          "sensitive_attributes": [],
          "private": "bnVsbA==",
          "dependencies": [
            "aws_ecr_repository.BackRepo",
            "data.aws_ecr_authorization_token.token",
            "docker_image.BackImage"
          ]
        }
      ]
    },
    {
      "mode": "managed",
      "type": "docker_registry_image",
      "name": "FrontEcrImage",
      "provider": "provider[\"registry.terraform.io/kreuzwerker/docker\"]",
      "instances": [
        {
          "schema_version": 0,
          "attributes": {
            "id": "sha256:8e335b2c48e20959ea64ab063ef4428bb7cfa4285fb6ae77a3ebf61b1842ac92",
            "insecure_skip_verify": false,
            "keep_remotely": false,
            "name": "711348555690.dkr.ecr.eu-central-1.amazonaws.com/front-repo",
            "sha256_digest": "sha256:8e335b2c48e20959ea64ab063ef4428bb7cfa4285fb6ae77a3ebf61b1842ac92",
            "triggers": {
              "filesha256": "7c6746a4053a512adff8866618df84e79e812f837fdd362f9b8c4a5d8c9d232e"
            }
          },
          "sensitive_attributes": [],
          "private": "bnVsbA==",
          "dependencies": [
            "aws_ecr_repository.FrontRepo",
            "data.aws_ecr_authorization_token.token",
            "docker_image.FrontImage"
          ]
        }
      ]
    }
  ],
  "check_results": null
}
