{
  "version": 4,
  "terraform_version": "1.7.0",
  "serial": 66,
  "lineage": "a595879c-8348-d326-a097-97e4ec7507b9",
  "outputs": {},
  "resources": [
    {
      "mode": "data",
      "type": "aws_ecr_authorization_token",
      "name": "token",
      "provider": "provider[\"registry.terraform.io/hashicorp/aws\"]",
      "instances": [
        {
          "schema_version": 0,
          "attributes": {
            "authorization_token": "QVdTOmV5SndZWGxzYjJGa0lqb2lURFIwTldNM01VZ3hLMDFTTTJKeVJtbEZVRkYyUVRreE1FMXRkakExV0ZKWFdYTnpUM05HY1N0SWMwWk1Wa3RSVG5GQ1VWVkhhQzgwTWk5R2FIcE9iVWRSVUZwRU5sQlRkMkk1Y0ZJNU9FTnNlblo2THk4d01tVnBTSEJyVW5wRVZFeE1iRXhoUVUxYWQwRnFabFZGZEc1T00wSlhkelIwVVRkbVNqSnNiRFJYYTJkS1lVaFRZeXRqU2xSU1VVZEVUa3hZYzJweWNqUnJVMjR6YjI1WlIwZzVWSFJrV1c5NWRsUm9NSGxrWlU1a0x6RTJkRzExVWt4SFVUZEVUVVJ5YmtWUFNEUkdiRGx1VEZrd00ySkpWaXRHU0hkSk1XbGpLMk5WU0RKcGFEUXhLMHBQVjBoak5IWk9Samd6V0ZCeGVqSTBaM1U0VWl0c1FuaGliMEo0Wm5SYVV6VktiVGRaVm5WdU1WazRZbEl5TlV4VVRXRk5URTlGVW1zemJXRlBaRWhrTkRkTU9GaHhhVzh6TXpBeE5tdHpUWEZhUnpCMFpsQmplRzFqVjFaR1FrTldTSGM1YjA1dlNVUllaMWszVEd4RFVuUmhZa1pXWjNGQ1lsbGxNRGQxTVhKRGJYQlFRVEl5VmxveVJteHZjbUoyY25CSlltMWtNa2xEYXpOb2JuVnRTVkJTVGxwSU16aFZRV2xRWlRsc1kyWlFUVE0wVDBVMWJqSnhLM1J2U0dwTFdFOVZNMmhLY201d1YxSXlOVkY0WlZRMGVESklWMmNyWWxGRk1IaHdhblZDZFZaV1VVUk9kR05uVDB0Sk5rWlBXV0Y1WTI1RlQzbHBWR0pCU1dsNWRtOWhOa0UyUWl0dFRXbFpXRXRFYkRSNGEyUnhTRFZXTW14VlRtTTRkUzg1WjFBMWNHMDBSVk50ZEdWaFlpdHNiV28zYTBoVWFWQkZUM2xJWlVkQldqVnVPRzlTVW5oNmVVc3pObU4zZURRd0wxRkJPVE5EYmxkcFlUTlFVRFpOTldOdk0zbHRiVkJaU0ROa09YTjVWVGQyY0VWeFZteDJaM0V6YkV4bVVuRkNaREp4UVhWQ2EyNHdiRWt6VUhJMlNFaHFVM3BNYUVOeGJVczNLMjFQTWtzNFNUTm5VblYwT1c5cGQwSmlXazFLU1c1UmVGbG5halJYVWpCR2EwUktWSGdyT1cwemMyeGhZbVl2TUdrMk5tUTFRMWc0WWxveUsxcHZUMXBDWmtrM05HUmFWMGhHVEhBdmRFTlJORk5XVm1oRGVrdFpNQ3RtU21GVUx6VlZjeTlLTjFGVmRtb3ZVV2RHUlhGb1RYaFpXRVpuU1haUFdYZENPVGg1ZW10blYzcFNjMUJyVVRsMWNUZzVZemxhWkRnNFpFVk1hbWw1WW5OSVVIbFlkbE54WTFSYVlUSlpka0Z5UjJNcmFIZFlUV05LT1RsYVVITTFlRWQ2YVdSSllUUklVbk4yU21wcVVWUkxlVUp1UWt0eVdITktZM2hGWW5scmVGaEJia2RMWm1OVFRscDVNVUkwUmxFelpEQmpMM0JvVG0xS1kydGpTa1JCZFZveE9VbGhUM2swVEhjMGFXVlBjbVZTV0Uxd2JrZzJWVFEwWTNkTU1rTm1aMEpRVkhGTFl6TkdTRFI1VWpVeVQxaGFLMjlVWmsxNlUycDJaV1ZQWmpSalZ6a3dZekZPU2tNdmVFcDJWVFJXTVRCSGEwNVZWRWhMZUhoMmNYQkZZa05PTUhGUVZIRlBZa0ZDVWpaeWNsSnBjall4VUdWb1YzQktSa1JaVlZsWk5VVkxSMkkyUzNKcVVuWjVXRGhzTld0b0szcEdjMWxIVW1Kc0wzTlliR1paU3pFeFIzQnpkamQzVEZCckwxaFhTbFJWYlhOTldIbzNObkJwUVdWV1VEaFNiVlF5TUhwc1JIbEZSMWcyVlM5RGMyZEpVemRGZDI5ak9XSmlNR2d5VjBGTE5UUnVVakF3VG14aVJHNUtPRzV5V0VzcmJuUjZaMnN5Y21ZMk5UVkNObkZ1S3psbWIwMWlMMFJvTTFnd1VXdGhOblJ2VFdabmFGaElOR2xuVFZvMmJIUk1hV1ZQTWxvMGNUWTJjelZKTDBSM1VWWlZVVDBpTENKa1lYUmhhMlY1SWpvaVFWRkZRa0ZJYURONldVOWtkSEJDUWxOV2R5OVpNbUZ1T0VKWVNVUTBhM2RNVVdadWIxUnFOWHAzV25SSFNscHZXbEZCUVVGSU5IZG1RVmxLUzI5YVNXaDJZMDVCVVdOSGIwYzRkMkpSU1VKQlJFSnZRbWRyY1docmFVYzVkekJDUW5kRmQwaG5XVXBaU1ZwSlFWZFZSRUpCUlhWTlFrVkZSRVpCYXpWUFdHMXNUVFV3UTJSeWFVZFJTVUpGU1VFM1NVcFdXRzVrSzB0cFZsWXlPRXBHTldacGRrNXRPVE5uUVhOUVpTOTZUa00wT0hsMWNqQlNhRmhXUkZabllUY3pSbVpoTmxOWlQxTllkRkpUUWpsMlVYZDJNMHhYVHpFeGNESkJWa3BuTkQwaUxDSjJaWEp6YVc5dUlqb2lNaUlzSW5SNWNHVWlPaUpFUVZSQlgwdEZXU0lzSW1WNGNHbHlZWFJwYjI0aU9qRTNNRFl3T0RNd056Vjk=",
            "expires_at": "2024-01-24T07:57:55Z",
            "id": "eu-central-1",
            "password": "eyJwYXlsb2FkIjoiTDR0NWM3MUgxK01SM2JyRmlFUFF2QTkxME1tdjA1WFJXWXNzT3NGcStIc0ZMVktRTnFCUVVHaC80Mi9GaHpObUdRUFpENlBTd2I5cFI5OENsenZ6Ly8wMmVpSHBrUnpEVExMbExhQU1ad0FqZlVFdG5OM0JXdzR0UTdmSjJsbDRXa2dKYUhTYytjSlRSUUdETkxYc2pycjRrU24zb25ZR0g5VHRkWW95dlRoMHlkZU5kLzE2dG11UkxHUTdETURybkVPSDRGbDluTFkwM2JJVitGSHdJMWljK2NVSDJpaDQxK0pPV0hjNHZORjgzWFBxejI0Z3U4UitsQnhib0J4ZnRaUzVKbTdZVnVuMVk4YlIyNUxUTWFNTE9FUmszbWFPZEhkNDdMOFhxaW8zMzAxNmtzTXFaRzB0ZlBjeG1jV1ZGQkNWSHc5b05vSURYZ1k3TGxDUnRhYkZWZ3FCYlllMDd1MXJDbXBQQTIyVloyRmxvcmJ2cnBJYm1kMklDazNobnVtSVBSTlpIMzhVQWlQZTlsY2ZQTTM0T0U1bjJxK3RvSGpLWE9VM2hKcm5wV1IyNVF4ZVQ0eDJIV2crYlFFMHhwanVCdVZWUUROdGNnT0tJNkZPWWF5Y25FT3lpVGJBSWl5dm9hNkE2QittTWlZWEtEbDR4a2RxSDVWMmxVTmM4dS85Z1A1cG00RVNtdGVhYitsbWo3a0hUaVBFT3lIZUdBWjVuOG9SUnh6eUszNmN3eDQwL1FBOTNDbldpYTNQUDZNNWNvM3ltbVBZSDNkOXN5VTd2cEVxVmx2Z3EzbExmUnFCZDJxQXVCa24wbEkzUHI2SEhqU3pMaENxbUs3K21PMks4STNnUnV0OW9pd0JiWk1KSW5ReFlnajRXUjBGa0RKVHgrOW0zc2xhYmYvMGk2NmQ1Q1g4YloyK1pvT1pCZkk3NGRaV0hGTHAvdENRNFNWVmhDektZMCtmSmFULzVVcy9KN1FVdmovUWdGRXFoTXhZWEZnSXZPWXdCOTh5emtnV3pSc1BrUTl1cTg5YzlaZDg4ZEVMaml5YnNIUHlYdlNxY1RaYTJZdkFyR2MraHdYTWNKOTlaUHM1eEd6aWRJYTRIUnN2SmpqUVRLeUJuQktyWHNKY3hFYnlreFhBbkdLZmNTTlp5MUI0RlEzZDBjL3BoTm1KY2tjSkRBdVoxOUlhT3k0THc0aWVPcmVSWE1wbkg2VTQ0Y3dMMkNmZ0JQVHFLYzNGSDR5UjUyT1haK29UZk16U2p2ZWVPZjRjVzkwYzFOSkMveEp2VTRWMTBHa05VVEhLeHh2cXBFYkNOMHFQVHFPYkFCUjZyclJpcjYxUGVoV3BKRkRZVVlZNUVLR2I2S3JqUnZ5WDhsNWtoK3pGc1lHUmJsL3NYbGZZSzExR3Bzdjd3TFBrL1hXSlRVbXNNWHo3NnBpQWVWUDhSbVQyMHpsRHlFR1g2VS9Dc2dJUzdFd29jOWJiMGgyV0FLNTRuUjAwTmxiRG5KOG5yWEsrbnR6Z2sycmY2NTVCNnFuKzlmb01iL0RoM1gwUWthNnRvTWZnaFhINGlnTVo2bHRMaWVPMlo0cTY2czVJL0R3UVZVUT0iLCJkYXRha2V5IjoiQVFFQkFIaDN6WU9kdHBCQlNWdy9ZMmFuOEJYSUQ0a3dMUWZub1RqNXp3WnRHSlpvWlFBQUFINHdmQVlKS29aSWh2Y05BUWNHb0c4d2JRSUJBREJvQmdrcWhraUc5dzBCQndFd0hnWUpZSVpJQVdVREJBRXVNQkVFREZBazVPWG1sTTUwQ2RyaUdRSUJFSUE3SUpWWG5kK0tpVlYyOEpGNWZpdk5tOTNnQXNQZS96TkM0OHl1cjBSaFhWRFZnYTczRmZhNlNZT1NYdFJTQjl2UXd2M0xXTzExcDJBVkpnND0iLCJ2ZXJzaW9uIjoiMiIsInR5cGUiOiJEQVRBX0tFWSIsImV4cGlyYXRpb24iOjE3MDYwODMwNzV9",
            "proxy_endpoint": "https://711348555690.dkr.ecr.eu-central-1.amazonaws.com",
            "registry_id": null,
            "user_name": "AWS"
          },
          "sensitive_attributes": []
        }
      ]
    },
    {
      "mode": "managed",
      "type": "aws_ecr_repository",
      "name": "BackRepo",
      "provider": "provider[\"registry.terraform.io/hashicorp/aws\"]",
      "instances": [
        {
          "schema_version": 0,
          "attributes": {
            "arn": "arn:aws:ecr:eu-central-1:711348555690:repository/back-repo",
            "encryption_configuration": [
              {
                "encryption_type": "AES256",
                "kms_key": ""
              }
            ],
            "force_delete": null,
            "id": "back-repo",
            "image_scanning_configuration": [
              {
                "scan_on_push": false
              }
            ],
            "image_tag_mutability": "MUTABLE",
            "name": "back-repo",
            "registry_id": "711348555690",
            "repository_url": "711348555690.dkr.ecr.eu-central-1.amazonaws.com/back-repo",
            "tags": {},
            "tags_all": {},
            "timeouts": null
          },
          "sensitive_attributes": [],
          "private": "eyJlMmJmYjczMC1lY2FhLTExZTYtOGY4OC0zNDM2M2JjN2M0YzAiOnsiZGVsZXRlIjoxMjAwMDAwMDAwMDAwfX0="
        }
      ]
    },
    {
      "mode": "managed",
      "type": "aws_ecr_repository",
      "name": "FrontRepo",
      "provider": "provider[\"registry.terraform.io/hashicorp/aws\"]",
      "instances": [
        {
          "schema_version": 0,
          "attributes": {
            "arn": "arn:aws:ecr:eu-central-1:711348555690:repository/front-repo",
            "encryption_configuration": [
              {
                "encryption_type": "AES256",
                "kms_key": ""
              }
            ],
            "force_delete": null,
            "id": "front-repo",
            "image_scanning_configuration": [
              {
                "scan_on_push": false
              }
            ],
            "image_tag_mutability": "MUTABLE",
            "name": "front-repo",
            "registry_id": "711348555690",
            "repository_url": "711348555690.dkr.ecr.eu-central-1.amazonaws.com/front-repo",
            "tags": {},
            "tags_all": {},
            "timeouts": null
          },
          "sensitive_attributes": [],
          "private": "eyJlMmJmYjczMC1lY2FhLTExZTYtOGY4OC0zNDM2M2JjN2M0YzAiOnsiZGVsZXRlIjoxMjAwMDAwMDAwMDAwfX0="
        }
      ]
    },
    {
      "mode": "managed",
      "type": "aws_ecs_cluster",
      "name": "EcsCluster",
      "provider": "provider[\"registry.terraform.io/hashicorp/aws\"]",
      "instances": [
        {
          "schema_version": 0,
          "attributes": {
            "arn": "arn:aws:ecs:eu-central-1:711348555690:cluster/ecs-cluster",
            "configuration": [],
            "id": "arn:aws:ecs:eu-central-1:711348555690:cluster/ecs-cluster",
            "name": "ecs-cluster",
            "service_connect_defaults": [],
            "setting": [
              {
                "name": "containerInsights",
                "value": "disabled"
              }
            ],
            "tags": {},
            "tags_all": {}
          },
          "sensitive_attributes": [],
          "private": "bnVsbA=="
        }
      ]
    },
    {
      "mode": "managed",
      "type": "docker_image",
      "name": "BackImage",
      "provider": "provider[\"registry.terraform.io/kreuzwerker/docker\"]",
      "instances": [
        {
          "schema_version": 0,
          "attributes": {
            "build": [
              {
                "auth_config": [],
                "build_arg": {},
                "build_args": {},
                "build_id": "",
                "cache_from": [],
                "cgroup_parent": "",
                "context": "/home/user/github/cdktf-project/src/back",
                "cpu_period": 0,
                "cpu_quota": 0,
                "cpu_set_cpus": "",
                "cpu_set_mems": "",
                "cpu_shares": 0,
                "dockerfile": "Dockerfile",
                "extra_hosts": [],
                "force_remove": false,
                "isolation": "",
                "label": {},
                "labels": {},
                "memory": 0,
                "memory_swap": 0,
                "network_mode": "",
                "no_cache": false,
                "platform": "",
                "pull_parent": false,
                "remote_context": "",
                "remove": true,
                "security_opt": [],
                "session_id": "",
                "shm_size": 0,
                "squash": false,
                "suppress_output": false,
                "tag": [],
                "target": "",
                "ulimit": [],
                "version": ""
              }
            ],
            "force_remove": null,
            "id": "sha256:d9e54ff0c0935a2beec791e31962ed9a7ef7d9ad19056ee150e6390386e27188711348555690.dkr.ecr.eu-central-1.amazonaws.com/back-repo",
            "image_id": "sha256:d9e54ff0c0935a2beec791e31962ed9a7ef7d9ad19056ee150e6390386e27188",
            "keep_locally": null,
            "name": "711348555690.dkr.ecr.eu-central-1.amazonaws.com/back-repo",
            "platform": "linux/arm64",
            "pull_triggers": null,
            "repo_digest": "711348555690.dkr.ecr.eu-central-1.amazonaws.com/back-repo@sha256:f25f0bdc6c7a8384ed41a937fe83ae0acad48764319bec4771ef61a3f8ab4841",
            "triggers": null
          },
          "sensitive_attributes": [],
          "private": "bnVsbA==",
          "dependencies": [
            "aws_ecr_repository.BackRepo",
            "data.aws_ecr_authorization_token.token"
          ]
        }
      ]
    },
    {
      "mode": "managed",
      "type": "docker_image",
      "name": "FrontImage",
      "provider": "provider[\"registry.terraform.io/kreuzwerker/docker\"]",
      "instances": [
        {
          "schema_version": 0,
          "attributes": {
            "build": [
              {
                "auth_config": [],
                "build_arg": {},
                "build_args": {},
                "build_id": "",
                "cache_from": [],
                "cgroup_parent": "",
                "context": "/home/user/github/cdktf-project/src/front",
                "cpu_period": 0,
                "cpu_quota": 0,
                "cpu_set_cpus": "",
                "cpu_set_mems": "",
                "cpu_shares": 0,
                "dockerfile": "Dockerfile",
                "extra_hosts": [],
                "force_remove": false,
                "isolation": "",
                "label": {},
                "labels": {},
                "memory": 0,
                "memory_swap": 0,
                "network_mode": "",
                "no_cache": false,
                "platform": "",
                "pull_parent": false,
                "remote_context": "",
                "remove": true,
                "security_opt": [],
                "session_id": "",
                "shm_size": 0,
                "squash": false,
                "suppress_output": false,
                "tag": [],
                "target": "",
                "ulimit": [],
                "version": ""
              }
            ],
            "force_remove": null,
            "id": "sha256:c78d471df96f5bf0d4538c961fbbf07e1f790f0d2c2dc8feae2d573d7c44e883711348555690.dkr.ecr.eu-central-1.amazonaws.com/front-repo",
            "image_id": "sha256:c78d471df96f5bf0d4538c961fbbf07e1f790f0d2c2dc8feae2d573d7c44e883",
            "keep_locally": null,
            "name": "711348555690.dkr.ecr.eu-central-1.amazonaws.com/front-repo",
            "platform": "linux/arm64",
            "pull_triggers": null,
            "repo_digest": "711348555690.dkr.ecr.eu-central-1.amazonaws.com/front-repo@sha256:b30c3a220dee33d6bd87ded8c742b08dd68a7f738791ad589dc6f45c71dfd428",
            "triggers": null
          },
          "sensitive_attributes": [],
          "private": "bnVsbA==",
          "dependencies": [
            "aws_ecr_repository.FrontRepo",
            "data.aws_ecr_authorization_token.token"
          ]
        }
      ]
    },
    {
      "mode": "managed",
      "type": "docker_registry_image",
      "name": "BackUpload",
      "provider": "provider[\"registry.terraform.io/kreuzwerker/docker\"]",
      "instances": [
        {
          "schema_version": 0,
          "attributes": {
            "id": "sha256:f25f0bdc6c7a8384ed41a937fe83ae0acad48764319bec4771ef61a3f8ab4841",
            "insecure_skip_verify": false,
            "keep_remotely": false,
            "name": "711348555690.dkr.ecr.eu-central-1.amazonaws.com/back-repo",
            "sha256_digest": "sha256:f25f0bdc6c7a8384ed41a937fe83ae0acad48764319bec4771ef61a3f8ab4841",
            "triggers": null
          },
          "sensitive_attributes": [],
          "private": "bnVsbA==",
          "dependencies": [
            "aws_ecr_repository.BackRepo",
            "data.aws_ecr_authorization_token.token",
            "docker_image.BackImage"
          ]
        }
      ]
    },
    {
      "mode": "managed",
      "type": "docker_registry_image",
      "name": "FrontUpload",
      "provider": "provider[\"registry.terraform.io/kreuzwerker/docker\"]",
      "instances": [
        {
          "schema_version": 0,
          "attributes": {
            "id": "sha256:b30c3a220dee33d6bd87ded8c742b08dd68a7f738791ad589dc6f45c71dfd428",
            "insecure_skip_verify": false,
            "keep_remotely": false,
            "name": "711348555690.dkr.ecr.eu-central-1.amazonaws.com/front-repo",
            "sha256_digest": "sha256:b30c3a220dee33d6bd87ded8c742b08dd68a7f738791ad589dc6f45c71dfd428",
            "triggers": null
          },
          "sensitive_attributes": [],
          "private": "bnVsbA==",
          "dependencies": [
            "aws_ecr_repository.FrontRepo",
            "data.aws_ecr_authorization_token.token",
            "docker_image.FrontImage"
          ]
        }
      ]
    }
  ],
  "check_results": null
}
