{
  "version": 4,
  "terraform_version": "1.7.1",
  "serial": 155,
  "lineage": "78ed6679-9bca-d6b7-3df7-da76cfedcb63",
  "outputs": {},
  "resources": [
    {
      "mode": "data",
      "type": "aws_ecr_authorization_token",
      "name": "token",
      "provider": "provider[\"registry.terraform.io/hashicorp/aws\"]",
      "instances": [
        {
          "schema_version": 0,
          "attributes": {
            "authorization_token": "QVdTOmV5SndZWGxzYjJGa0lqb2ljV0pvYjAxNU56bERSMlpCTWtZelZtNUhVRTF6Wm05bGFuTTRZWGxVY3pSd0syRTFjMDluU3pjMlRWTkdla3N5ZFVSMU9GUjZlSHBEVlNzM1IwdEZRbE41YmxvelJITjVWV3RVY1RoUlJFWllaRE0xWWxsSFRuaG9WR2RrVERsVFdVTlZaVGRuTUdaMmEwbHBOamxGV0ZVMGFFVmtXbHBqYmt4UFZqaFBXV3BrUTNwU05sVmtNWGx1U0hCMWVIWnZSMVJyYnk5alRtZHRja2wwZVZBMFVUbGhXWHBpZG5aTVIxTndNbkl4WWtweldWQTNLMUUzUVRkcVVqVnVXRU5rTmtoVVFYTkhTQ3RwUTJKVldrODJNREpPYkZsNE9HcFRNWFI1WjBSVlNqVjRkM2RTZDNwNmRYVkxiMU5aYlhsMmQxcGtUalJGUVRaUGFuVlZlVzlOZGpNMGVsWjJNa1ZQYVZoM2RURXhRUzlKTVVOYWR6QmxUeXR5TTBwbmVtZFFNRFp3VGpOUk0yUXpVbmRNZEZWclJtZElSVWRpZDFNNVZVbFhSVVpwVTJsV1QxQmtSVkoxYlZrM1UyUkZTVzF1ZUd0QlNHSXlNMGhIVmtvNVJIbHhkVnBFVDNWMGJVeDVhRGt4WjNwUlZEQk1ORk5CWnpGUU16UkxMMFpLVm1oMFpGWlBUMm95WTNkT1pEbGxNVzQwTnpGd1FrcFJObk5tUkVOTVNtMURjRXRwYlVSelRpdDVTWFZoYmxWSk5WZDBZVUpETTNsdmVIbHdOalZSV1ZkR00ybEhOMUpFU0dRelRYbGFNRE0xVldoeU1ua3dVRmQwYW5waEswOTRjbXhLVldVeUsybDBhazV1WXpaT1IyUklSaXREZUZsUVJrNTFZa3BtWVc1NlFuUkJhVkJsVFc1SE5WTlpSblJzVmtkNVNHeG5XbGxWTDJ0Qk5sTkRUblZOYlVwQ05uQlhjbE5IYVVSVVFXTnNaVWhYTlVoSWRHRXZUamhMU1Roa1FWZ3JVbGQyZGxWMGJuUnhORWxFY0U5Qk9FaGlaV2xCV2xvcmFuWk9ZbEF5UVVkSllWaHVUV1Z3VDBneFNtNVFXRGczVjNGTmJEbGhXWEppUjBKaGVWaEhaVkptY21OQkwzUnFSVlpwZVcxQlYxWkpVV2MwT1ZKNlUxSnJXR1Z0Y0Rod1YzZFRNekpDU1RCNGFHSkVWRXMzVUdaaVRVZElVQ3QwY2l0QmVYbHVOM0Y0VWpoVVVETk9WREk1ZVZaSEszZFBZbmh2VDA5d1NtdFdhaTlWWm13dlozVlFabGxoUkdOWWNUbHBZMVp5U25ONFNERlFVazlTZVhoRllWSnZVR0pZUzJObVdUYzBlVThyUjFGVWR6VjBSRk56VkdkS05WaExNMUpuVlRoNVZYSkdja2hhUTJzM01XUkNXamc0VUd4S1Vpc3lVVzU0U21FM01VbHJVWGxPVG5Oa1RrbFJSbkEwVjBaVGVVRnhaVGxLWkM5Q1UybHVZalJRT1hoWFExRkZZM0kwZFM5WGRDOVlPU3RzTTJOTlZERjFOVlJvUjBKa05teGpaMVZwVG1GVmVEUndkREJJYXpreGQwOXVTa0Y0VmpGcUwwOWlLMFpGWTJwSFRrOTRXVFZQV2xJMVNDdDZaMEptZFRWaFNVRjZZMmhhUzJsMVNHSjBWRGxwVGs1cGRERmlaRlI1VkZFNVZ6QXlRMnQ0ZGtrdlVEWktiMFpZY0RKemF6WnVWMFozZDA0NGVsUlJjekExTjBoV1NWWlpOU3R4VWt0UmN6SkJiVlpEVVhodGRVVTRVakJGUTA0clRuSnpWbGxaTm5WNFJtWTFSVFZHWmt0NWJYSk5abTlCUjJ4clJqVTJRVm94V25SaVJXaGpXa3hLTTFsdWVHcExlSEkxU0ZSVGNtNXpibUp4ZEhsMlZUVnVaRTVCVFhNd05WTm5SMFJYYW1ReGRIaExiMGdyUmxZeU1YZFJNamRpT0hwMlZFaHhZbXhwYUdSNlZ5dFFTbE50TVhZaUxDSmtZWFJoYTJWNUlqb2lRVkZGUWtGSWFETjZXVTlrZEhCQ1FsTldkeTlaTW1GdU9FSllTVVEwYTNkTVVXWnViMVJxTlhwM1duUkhTbHB2V2xGQlFVRklOSGRtUVZsS1MyOWFTV2gyWTA1QlVXTkhiMGM0ZDJKUlNVSkJSRUp2UW1kcmNXaHJhVWM1ZHpCQ1FuZEZkMGhuV1VwWlNWcEpRVmRWUkVKQlJYVk5Ra1ZGUkU1Mk9GbzRVVzVtVlZVdk4zUm1UMU4zU1VKRlNVRTNWakI2YW1wMmNYVk5XbFZ2ZVdWUVdrWmtielIzWTFNNU9VZG1XU3RTY0RRNVNFdHpaRGcxUlRaUlpsbFlObGhvVGt4TFlrRktORFl6UkRCdVpXOWxOMlJSV2tKbmFXa3ZPRk5UVEhWd1RUMGlMQ0oyWlhKemFXOXVJam9pTWlJc0luUjVjR1VpT2lKRVFWUkJYMHRGV1NJc0ltVjRjR2x5WVhScGIyNGlPakUzTURjd05UZ3lPVGg5",
            "expires_at": "2024-02-04T14:51:38Z",
            "id": "eu-central-1",
            "password": "eyJwYXlsb2FkIjoicWJob015NzlDR2ZBMkYzVm5HUE1zZm9lanM4YXlUczRwK2E1c09nSzc2TVNGeksydUR1OFR6eHpDVSs3R0tFQlN5blozRHN5VWtUcThRREZYZDM1YllHTnhoVGdkTDlTWUNVZTdnMGZ2a0lpNjlFWFU0aEVkWlpjbkxPVjhPWWpkQ3pSNlVkMXluSHB1eHZvR1Rrby9jTmdtckl0eVA0UTlhWXpidnZMR1NwMnIxYkpzWVA3K1E3QTdqUjVuWENkNkhUQXNHSCtpQ2JVWk82MDJObFl4OGpTMXR5Z0RVSjV4d3dSd3p6dXVLb1NZbXl2d1pkTjRFQTZPanVVeW9NdjM0elZ2MkVPaVh3dTExQS9JMUNadzBlTytyM0pnemdQMDZwTjNRM2QzUndMdFVrRmdIRUdid1M5VUlXRUZpU2lWT1BkRVJ1bVk3U2RFSW1ueGtBSGIyM0hHVko5RHlxdVpET3V0bUx5aDkxZ3pRVDBMNFNBZzFQMzRLL0ZKVmh0ZFZPT2oyY3dOZDllMW40NzFwQkpRNnNmRENMSm1DcEtpbURzTit5SXVhblVJNVd0YUJDM3lveHlwNjVRWVdGM2lHN1JESGQzTXlaMDM1VWhyMnkwUFd0anphK094cmxKVWUyK2l0ak5uYzZOR2RIRitDeFlQRk51YkpmYW56QnRBaVBlTW5HNVNZRnRsVkd5SGxnWllVL2tBNlNDTnVNbUpCNnBXclNHaURUQWNsZUhXNUhIdGEvTjhLSThkQVgrUld2dlV0bnRxNElEcE9BOEhiZWlBWloranZOYlAyQUdJYVhuTWVwT0gxSm5QWDg3V3FNbDlhWXJiR0JheVhHZVJmcmNBL3RqRVZpeW1BV1ZJUWc0OVJ6U1JrWGVtcDhwV3dTMzJCSTB4aGJEVEs3UGZiTUdIUCt0citBeXluN3F4UjhUUDNOVDI5eVZHK3dPYnhvT09wSmtWai9VZmwvZ3VQZllhRGNYcTlpY1ZySnN4SDFQUk9SeXhFYVJvUGJYS2NmWTc0eU8rR1FUdzV0RFNzVGdKNVhLM1JnVTh5VXJGckhaQ2s3MWRCWjg4UGxKUisyUW54SmE3MUlrUXlOTnNkTklRRnA0V0ZTeUFxZTlKZC9CU2luYjRQOXhXQ1FFY3I0dS9XdC9YOStsM2NNVDF1NVRoR0JkNmxjZ1VpTmFVeDRwdDBIazkxd09uSkF4VjFqL09iK0ZFY2pHTk94WTVPWlI1SCt6Z0JmdTVhSUF6Y2haS2l1SGJ0VDlpTk5pdDFiZFR5VFE5VzAyQ2t4dkkvUDZKb0ZYcDJzazZuV0Z3d044elRRczA1N0hWSVZZNStxUktRczJBbVZDUXhtdUU4UjBFQ04rTnJzVllZNnV4RmY1RTVGZkt5bXJNZm9BR2xrRjU2QVoxWnRiRWhjWkxKM1lueGpLeHI1SFRTcm5zbmJxdHl2VTVuZE5BTXMwNVNnR0RXamQxdHhLb0grRlYyMXdRMjdiOHp2VEhxYmxpaGR6VytQSlNtMXYiLCJkYXRha2V5IjoiQVFFQkFIaDN6WU9kdHBCQlNWdy9ZMmFuOEJYSUQ0a3dMUWZub1RqNXp3WnRHSlpvWlFBQUFINHdmQVlKS29aSWh2Y05BUWNHb0c4d2JRSUJBREJvQmdrcWhraUc5dzBCQndFd0hnWUpZSVpJQVdVREJBRXVNQkVFRE52OFo4UW5mVVUvN3RmT1N3SUJFSUE3VjB6amp2cXVNWlVveWVQWkZkbzR3Y1M5OUdmWStScDQ5SEtzZDg1RTZRZllYNlhoTkxLYkFKNDYzRDBuZW9lN2RRWkJnaWkvOFNTTHVwTT0iLCJ2ZXJzaW9uIjoiMiIsInR5cGUiOiJEQVRBX0tFWSIsImV4cGlyYXRpb24iOjE3MDcwNTgyOTh9",
            "proxy_endpoint": "https://711348555690.dkr.ecr.eu-central-1.amazonaws.com",
            "registry_id": null,
            "user_name": "AWS"
          },
          "sensitive_attributes": []
        }
      ]
    },
    {
      "mode": "managed",
      "type": "aws_ecr_repository",
      "name": "BackRepo",
      "provider": "provider[\"registry.terraform.io/hashicorp/aws\"]",
      "instances": [
        {
          "schema_version": 0,
          "attributes": {
            "arn": "arn:aws:ecr:eu-central-1:711348555690:repository/back-repo",
            "encryption_configuration": [
              {
                "encryption_type": "AES256",
                "kms_key": ""
              }
            ],
            "force_delete": null,
            "id": "back-repo",
            "image_scanning_configuration": [
              {
                "scan_on_push": false
              }
            ],
            "image_tag_mutability": "MUTABLE",
            "name": "back-repo",
            "registry_id": "711348555690",
            "repository_url": "711348555690.dkr.ecr.eu-central-1.amazonaws.com/back-repo",
            "tags": {},
            "tags_all": {},
            "timeouts": null
          },
          "sensitive_attributes": [],
          "private": "eyJlMmJmYjczMC1lY2FhLTExZTYtOGY4OC0zNDM2M2JjN2M0YzAiOnsiZGVsZXRlIjoxMjAwMDAwMDAwMDAwfX0="
        }
      ]
    },
    {
      "mode": "managed",
      "type": "aws_ecr_repository",
      "name": "FrontRepo",
      "provider": "provider[\"registry.terraform.io/hashicorp/aws\"]",
      "instances": [
        {
          "schema_version": 0,
          "attributes": {
            "arn": "arn:aws:ecr:eu-central-1:711348555690:repository/front-repo",
            "encryption_configuration": [
              {
                "encryption_type": "AES256",
                "kms_key": ""
              }
            ],
            "force_delete": null,
            "id": "front-repo",
            "image_scanning_configuration": [
              {
                "scan_on_push": false
              }
            ],
            "image_tag_mutability": "MUTABLE",
            "name": "front-repo",
            "registry_id": "711348555690",
            "repository_url": "711348555690.dkr.ecr.eu-central-1.amazonaws.com/front-repo",
            "tags": {},
            "tags_all": {},
            "timeouts": null
          },
          "sensitive_attributes": [],
          "private": "eyJlMmJmYjczMC1lY2FhLTExZTYtOGY4OC0zNDM2M2JjN2M0YzAiOnsiZGVsZXRlIjoxMjAwMDAwMDAwMDAwfX0="
        }
      ]
    },
    {
      "mode": "managed",
      "type": "aws_iam_role",
      "name": "LambdaRole",
      "provider": "provider[\"registry.terraform.io/hashicorp/aws\"]",
      "instances": [
        {
          "schema_version": 0,
          "attributes": {
            "arn": "arn:aws:iam::711348555690:role/lambda-role",
            "assume_role_policy": "{\"Statement\":[{\"Action\":\"sts:AssumeRole\",\"Effect\":\"Allow\",\"Principal\":{\"Service\":\"lambda.amazonaws.com\"}}],\"Version\":\"2012-10-17\"}",
            "create_date": "2024-02-04T02:36:52Z",
            "description": "",
            "force_detach_policies": false,
            "id": "lambda-role",
            "inline_policy": [],
            "managed_policy_arns": [
              "arn:aws:iam::aws:policy/service-role/AWSLambdaBasicExecutionRole"
            ],
            "max_session_duration": 3600,
            "name": "lambda-role",
            "name_prefix": "",
            "path": "/",
            "permissions_boundary": "",
            "tags": {},
            "tags_all": {},
            "unique_id": "AROA2LH5NR6VCNYDT3LYJ"
          },
          "sensitive_attributes": [],
          "private": "bnVsbA=="
        }
      ]
    },
    {
      "mode": "managed",
      "type": "aws_iam_role_policy_attachment",
      "name": "LambdaRolePolicyAttachment",
      "provider": "provider[\"registry.terraform.io/hashicorp/aws\"]",
      "instances": [
        {
          "schema_version": 0,
          "attributes": {
            "id": "lambda-role-20240204023652639200000001",
            "policy_arn": "arn:aws:iam::aws:policy/service-role/AWSLambdaBasicExecutionRole",
            "role": "lambda-role"
          },
          "sensitive_attributes": [],
          "private": "bnVsbA==",
          "dependencies": [
            "aws_iam_role.LambdaRole"
          ]
        }
      ]
    },
    {
      "mode": "managed",
      "type": "aws_lambda_function",
      "name": "BackLambda",
      "provider": "provider[\"registry.terraform.io/hashicorp/aws\"]",
      "instances": [
        {
          "schema_version": 0,
          "attributes": {
            "architectures": [
              "arm64"
            ],
            "arn": "arn:aws:lambda:eu-central-1:711348555690:function:back-lambda",
            "code_signing_config_arn": "",
            "dead_letter_config": [],
            "description": "",
            "environment": [
              {
                "variables": {
                  "HOME": "/tmp",
                  "REDIS_SERVER": "redis://default:01082a7f147849a7bf623acf830ca41d@eu2-learning-dane-32666.upstash.io:32666"
                }
              }
            ],
            "ephemeral_storage": [
              {
                "size": 512
              }
            ],
            "file_system_config": [],
            "filename": null,
            "function_name": "back-lambda",
            "handler": "",
            "id": "back-lambda",
            "image_config": [],
            "image_uri": "711348555690.dkr.ecr.eu-central-1.amazonaws.com/back-repo@sha256:aa3248ab11be0c9b6eda1af7233ef59a0a1b03d150544c35e86818af422792f5",
            "invoke_arn": "arn:aws:apigateway:eu-central-1:lambda:path/2015-03-31/functions/arn:aws:lambda:eu-central-1:711348555690:function:back-lambda/invocations",
            "kms_key_arn": "",
            "last_modified": "2024-02-04T02:52:42.000+0000",
            "layers": [],
            "logging_config": [
              {
                "application_log_level": "INFO",
                "log_format": "JSON",
                "log_group": "/aws/lambda/back-lambda",
                "system_log_level": "INFO"
              }
            ],
            "memory_size": 1792,
            "package_type": "Image",
            "publish": false,
            "qualified_arn": "arn:aws:lambda:eu-central-1:711348555690:function:back-lambda:$LATEST",
            "qualified_invoke_arn": "arn:aws:apigateway:eu-central-1:lambda:path/2015-03-31/functions/arn:aws:lambda:eu-central-1:711348555690:function:back-lambda:$LATEST/invocations",
            "replace_security_groups_on_destroy": null,
            "replacement_security_group_ids": null,
            "reserved_concurrent_executions": -1,
            "role": "arn:aws:iam::711348555690:role/lambda-role",
            "runtime": "",
            "s3_bucket": null,
            "s3_key": null,
            "s3_object_version": null,
            "signing_job_arn": "",
            "signing_profile_version_arn": "",
            "skip_destroy": false,
            "snap_start": [],
            "source_code_hash": "aa3248ab11be0c9b6eda1af7233ef59a0a1b03d150544c35e86818af422792f5",
            "source_code_size": 0,
            "tags": {},
            "tags_all": {},
            "timeout": 5,
            "timeouts": null,
            "tracing_config": [
              {
                "mode": "PassThrough"
              }
            ],
            "version": "$LATEST",
            "vpc_config": []
          },
          "sensitive_attributes": [],
          "private": "eyJlMmJmYjczMC1lY2FhLTExZTYtOGY4OC0zNDM2M2JjN2M0YzAiOnsiY3JlYXRlIjo2MDAwMDAwMDAwMDAsImRlbGV0ZSI6NjAwMDAwMDAwMDAwLCJ1cGRhdGUiOjYwMDAwMDAwMDAwMH19",
          "dependencies": [
            "aws_ecr_repository.BackRepo",
            "aws_iam_role.LambdaRole",
            "data.aws_ecr_authorization_token.token",
            "docker_image.BackImage",
            "docker_registry_image.BackEcrImage"
          ]
        }
      ]
    },
    {
      "mode": "managed",
      "type": "aws_lambda_function",
      "name": "FrontLambda",
      "provider": "provider[\"registry.terraform.io/hashicorp/aws\"]",
      "instances": [
        {
          "schema_version": 0,
          "attributes": {
            "architectures": [
              "arm64"
            ],
            "arn": "arn:aws:lambda:eu-central-1:711348555690:function:front-lambda",
            "code_signing_config_arn": "",
            "dead_letter_config": [],
            "description": "",
            "environment": [
              {
                "variables": {
                  "BACKEND_API_URL": "https://7ti6dxte3rgutzd46ueo7jj7ke0vplwg.lambda-url.eu-central-1.on.aws/",
                  "CLIENT_API_URL": "https://7ti6dxte3rgutzd46ueo7jj7ke0vplwg.lambda-url.eu-central-1.on.aws/",
                  "HOME": "/tmp"
                }
              }
            ],
            "ephemeral_storage": [
              {
                "size": 512
              }
            ],
            "file_system_config": [],
            "filename": null,
            "function_name": "front-lambda",
            "handler": "",
            "id": "front-lambda",
            "image_config": [],
            "image_uri": "711348555690.dkr.ecr.eu-central-1.amazonaws.com/front-repo@sha256:cd8869dab9e29777f5b2d36abd198393926a9a19864a49a626119e19a033bc07",
            "invoke_arn": "arn:aws:apigateway:eu-central-1:lambda:path/2015-03-31/functions/arn:aws:lambda:eu-central-1:711348555690:function:front-lambda/invocations",
            "kms_key_arn": "",
            "last_modified": "2024-02-04T02:52:54.000+0000",
            "layers": [],
            "logging_config": [
              {
                "application_log_level": "INFO",
                "log_format": "JSON",
                "log_group": "/aws/lambda/front-lambda",
                "system_log_level": "INFO"
              }
            ],
            "memory_size": 1792,
            "package_type": "Image",
            "publish": false,
            "qualified_arn": "arn:aws:lambda:eu-central-1:711348555690:function:front-lambda:$LATEST",
            "qualified_invoke_arn": "arn:aws:apigateway:eu-central-1:lambda:path/2015-03-31/functions/arn:aws:lambda:eu-central-1:711348555690:function:front-lambda:$LATEST/invocations",
            "replace_security_groups_on_destroy": null,
            "replacement_security_group_ids": null,
            "reserved_concurrent_executions": -1,
            "role": "arn:aws:iam::711348555690:role/lambda-role",
            "runtime": "",
            "s3_bucket": null,
            "s3_key": null,
            "s3_object_version": null,
            "signing_job_arn": "",
            "signing_profile_version_arn": "",
            "skip_destroy": false,
            "snap_start": [],
            "source_code_hash": "cd8869dab9e29777f5b2d36abd198393926a9a19864a49a626119e19a033bc07",
            "source_code_size": 0,
            "tags": {},
            "tags_all": {},
            "timeout": 5,
            "timeouts": null,
            "tracing_config": [
              {
                "mode": "PassThrough"
              }
            ],
            "version": "$LATEST",
            "vpc_config": []
          },
          "sensitive_attributes": [],
          "private": "eyJlMmJmYjczMC1lY2FhLTExZTYtOGY4OC0zNDM2M2JjN2M0YzAiOnsiY3JlYXRlIjo2MDAwMDAwMDAwMDAsImRlbGV0ZSI6NjAwMDAwMDAwMDAwLCJ1cGRhdGUiOjYwMDAwMDAwMDAwMH19",
          "dependencies": [
            "aws_ecr_repository.BackRepo",
            "aws_ecr_repository.FrontRepo",
            "aws_iam_role.LambdaRole",
            "aws_lambda_function.BackLambda",
            "aws_lambda_function_url.BackLambdaUrl",
            "data.aws_ecr_authorization_token.token",
            "docker_image.BackImage",
            "docker_image.FrontImage",
            "docker_registry_image.BackEcrImage",
            "docker_registry_image.FrontEcrImage"
          ]
        }
      ]
    },
    {
      "mode": "managed",
      "type": "aws_lambda_function_url",
      "name": "BackLambdaUrl",
      "provider": "provider[\"registry.terraform.io/hashicorp/aws\"]",
      "instances": [
        {
          "schema_version": 0,
          "attributes": {
            "authorization_type": "NONE",
            "cors": [],
            "function_arn": "arn:aws:lambda:eu-central-1:711348555690:function:back-lambda",
            "function_name": "back-lambda",
            "function_url": "https://7ti6dxte3rgutzd46ueo7jj7ke0vplwg.lambda-url.eu-central-1.on.aws/",
            "id": "back-lambda",
            "invoke_mode": "BUFFERED",
            "qualifier": "",
            "timeouts": null,
            "url_id": "7ti6dxte3rgutzd46ueo7jj7ke0vplwg"
          },
          "sensitive_attributes": [],
          "private": "eyJlMmJmYjczMC1lY2FhLTExZTYtOGY4OC0zNDM2M2JjN2M0YzAiOnsiY3JlYXRlIjo2MDAwMDAwMDAwMDB9fQ==",
          "dependencies": [
            "aws_ecr_repository.BackRepo",
            "aws_iam_role.LambdaRole",
            "aws_lambda_function.BackLambda",
            "data.aws_ecr_authorization_token.token",
            "docker_image.BackImage",
            "docker_registry_image.BackEcrImage"
          ]
        }
      ]
    },
    {
      "mode": "managed",
      "type": "aws_lambda_function_url",
      "name": "FrontLambdaUrl",
      "provider": "provider[\"registry.terraform.io/hashicorp/aws\"]",
      "instances": [
        {
          "schema_version": 0,
          "attributes": {
            "authorization_type": "NONE",
            "cors": [],
            "function_arn": "arn:aws:lambda:eu-central-1:711348555690:function:front-lambda",
            "function_name": "front-lambda",
            "function_url": "https://xc43ciizjslnynbkvjcumoazry0btpfx.lambda-url.eu-central-1.on.aws/",
            "id": "front-lambda",
            "invoke_mode": "BUFFERED",
            "qualifier": "",
            "timeouts": null,
            "url_id": "xc43ciizjslnynbkvjcumoazry0btpfx"
          },
          "sensitive_attributes": [],
          "private": "eyJlMmJmYjczMC1lY2FhLTExZTYtOGY4OC0zNDM2M2JjN2M0YzAiOnsiY3JlYXRlIjo2MDAwMDAwMDAwMDB9fQ==",
          "dependencies": [
            "aws_ecr_repository.BackRepo",
            "aws_ecr_repository.FrontRepo",
            "aws_iam_role.LambdaRole",
            "aws_lambda_function.BackLambda",
            "aws_lambda_function.FrontLambda",
            "aws_lambda_function_url.BackLambdaUrl",
            "data.aws_ecr_authorization_token.token",
            "docker_image.BackImage",
            "docker_image.FrontImage",
            "docker_registry_image.BackEcrImage",
            "docker_registry_image.FrontEcrImage"
          ]
        }
      ]
    },
    {
      "mode": "managed",
      "type": "docker_image",
      "name": "BackImage",
      "provider": "provider[\"registry.terraform.io/kreuzwerker/docker\"]",
      "instances": [
        {
          "schema_version": 0,
          "attributes": {
            "build": [
              {
                "auth_config": [],
                "build_arg": null,
                "build_args": null,
                "build_id": "",
                "cache_from": [],
                "cgroup_parent": "",
                "context": "/home/user/github/cdktf-project/src/back",
                "cpu_period": null,
                "cpu_quota": null,
                "cpu_set_cpus": "",
                "cpu_set_mems": "",
                "cpu_shares": null,
                "dockerfile": "Dockerfile",
                "extra_hosts": [],
                "force_remove": null,
                "isolation": "",
                "label": null,
                "labels": null,
                "memory": null,
                "memory_swap": null,
                "network_mode": "",
                "no_cache": null,
                "platform": "linux/arm64",
                "pull_parent": null,
                "remote_context": "",
                "remove": true,
                "security_opt": [],
                "session_id": "",
                "shm_size": null,
                "squash": null,
                "suppress_output": null,
                "tag": [],
                "target": "",
                "ulimit": [],
                "version": ""
              }
            ],
            "force_remove": null,
            "id": "sha256:777b1938b8c3cf21172c45838cbb583551740908db695a6c69444b143b65739a711348555690.dkr.ecr.eu-central-1.amazonaws.com/back-repo",
            "image_id": "sha256:777b1938b8c3cf21172c45838cbb583551740908db695a6c69444b143b65739a",
            "keep_locally": null,
            "name": "711348555690.dkr.ecr.eu-central-1.amazonaws.com/back-repo",
            "platform": null,
            "pull_triggers": null,
            "repo_digest": "",
            "triggers": {
              "filesha256": "59072e342bae5dbab14e6a3b28affb101175de723e57e54a68fc99aa52507c42"
            }
          },
          "sensitive_attributes": [],
          "private": "bnVsbA==",
          "dependencies": [
            "aws_ecr_repository.BackRepo",
            "data.aws_ecr_authorization_token.token"
          ]
        }
      ]
    },
    {
      "mode": "managed",
      "type": "docker_image",
      "name": "FrontImage",
      "provider": "provider[\"registry.terraform.io/kreuzwerker/docker\"]",
      "instances": [
        {
          "schema_version": 0,
          "attributes": {
            "build": [
              {
                "auth_config": [],
                "build_arg": {},
                "build_args": {},
                "build_id": "",
                "cache_from": [],
                "cgroup_parent": "",
                "context": "/home/user/github/cdktf-project/src/front",
                "cpu_period": 0,
                "cpu_quota": 0,
                "cpu_set_cpus": "",
                "cpu_set_mems": "",
                "cpu_shares": 0,
                "dockerfile": "Dockerfile",
                "extra_hosts": [],
                "force_remove": false,
                "isolation": "",
                "label": {},
                "labels": {},
                "memory": 0,
                "memory_swap": 0,
                "network_mode": "",
                "no_cache": false,
                "platform": "linux/arm64",
                "pull_parent": false,
                "remote_context": "",
                "remove": true,
                "security_opt": [],
                "session_id": "",
                "shm_size": 0,
                "squash": false,
                "suppress_output": false,
                "tag": [],
                "target": "",
                "ulimit": [],
                "version": ""
              }
            ],
            "force_remove": null,
            "id": "sha256:6b72f6a3555bd06e2840975a4eb905b4ee2fbbffdf7b25e75fd15548e53e0672711348555690.dkr.ecr.eu-central-1.amazonaws.com/front-repo",
            "image_id": "sha256:6b72f6a3555bd06e2840975a4eb905b4ee2fbbffdf7b25e75fd15548e53e0672",
            "keep_locally": null,
            "name": "711348555690.dkr.ecr.eu-central-1.amazonaws.com/front-repo",
            "platform": null,
            "pull_triggers": null,
            "repo_digest": "711348555690.dkr.ecr.eu-central-1.amazonaws.com/front-repo@sha256:cd8869dab9e29777f5b2d36abd198393926a9a19864a49a626119e19a033bc07",
            "triggers": {
              "filesha256": "475798854885fab265509f1c1724f35e95b1fa165e5c45ec888691bf0db36113"
            }
          },
          "sensitive_attributes": [],
          "private": "bnVsbA==",
          "dependencies": [
            "aws_ecr_repository.FrontRepo",
            "data.aws_ecr_authorization_token.token"
          ]
        }
      ]
    },
    {
      "mode": "managed",
      "type": "docker_registry_image",
      "name": "BackEcrImage",
      "provider": "provider[\"registry.terraform.io/kreuzwerker/docker\"]",
      "instances": [
        {
          "schema_version": 0,
          "attributes": {
            "id": "sha256:aa3248ab11be0c9b6eda1af7233ef59a0a1b03d150544c35e86818af422792f5",
            "insecure_skip_verify": false,
            "keep_remotely": false,
            "name": "711348555690.dkr.ecr.eu-central-1.amazonaws.com/back-repo",
            "sha256_digest": "sha256:aa3248ab11be0c9b6eda1af7233ef59a0a1b03d150544c35e86818af422792f5",
            "triggers": {
              "filesha256": "59072e342bae5dbab14e6a3b28affb101175de723e57e54a68fc99aa52507c42"
            }
          },
          "sensitive_attributes": [],
          "private": "bnVsbA==",
          "dependencies": [
            "aws_ecr_repository.BackRepo",
            "data.aws_ecr_authorization_token.token",
            "docker_image.BackImage"
          ]
        }
      ]
    },
    {
      "mode": "managed",
      "type": "docker_registry_image",
      "name": "FrontEcrImage",
      "provider": "provider[\"registry.terraform.io/kreuzwerker/docker\"]",
      "instances": [
        {
          "schema_version": 0,
          "attributes": {
            "id": "sha256:cd8869dab9e29777f5b2d36abd198393926a9a19864a49a626119e19a033bc07",
            "insecure_skip_verify": false,
            "keep_remotely": false,
            "name": "711348555690.dkr.ecr.eu-central-1.amazonaws.com/front-repo",
            "sha256_digest": "sha256:cd8869dab9e29777f5b2d36abd198393926a9a19864a49a626119e19a033bc07",
            "triggers": {
              "filesha256": "475798854885fab265509f1c1724f35e95b1fa165e5c45ec888691bf0db36113"
            }
          },
          "sensitive_attributes": [],
          "private": "bnVsbA==",
          "dependencies": [
            "aws_ecr_repository.FrontRepo",
            "data.aws_ecr_authorization_token.token",
            "docker_image.FrontImage"
          ]
        }
      ]
    }
  ],
  "check_results": null
}
