{
  "version": 4,
  "terraform_version": "1.7.0",
  "serial": 494,
  "lineage": "a595879c-8348-d326-a097-97e4ec7507b9",
  "outputs": {},
  "resources": [
    {
      "mode": "data",
      "type": "aws_ecr_authorization_token",
      "name": "token",
      "provider": "provider[\"registry.terraform.io/hashicorp/aws\"]",
      "instances": [
        {
          "schema_version": 0,
          "attributes": {
            "authorization_token": "QVdTOmV5SndZWGxzYjJGa0lqb2llalpFUzB4cU5VZDBkbk41VDFsWFozTTNNbVpIZFhNd1IydDVMelJOTURrNFJrSkhWelJYUlROT1NXdGllUzk0YTJzck1VbHpURE5EWnpoUWNqUTJXRkZCZEhoelRFdFJORVZtY1ZCdk16ZGphRlJNT1N0SGRVaHhhVXRpUm1keVRYYzFaVEZEZEd4MFZubzFUSGxuV21SVVVURklWVVpYYWxCSFNFVlZOMjVMWTFKNGIweDFWRGRvTnprdk1FeDNVeXRwVTI5eU5rOXJTRlJtUVZsT01FbFViRzVOWjJwUU5XRTVRaXQyYUVsUlltVklRMWtyWTBZelVrWk5MMEpMY3psdmFERnFaVk12UzBoMU56ZGpVRUZVUkdobE15ODFUa1V2WlROQlJVcHdkWGc0YUZkT2VXSm1TbXhWV1VSWU5WVnhMM2gwYUdGSUsyNUlMMEpNUkZKdU5rZHZaRGg1WWxwUUt6bGFlWEZpTkV4TGNXNUJTRmsxVGxOd1FtdHRVbXRVTTFSRWNFRjRaM1p5YVZNclJGbEtjREJLZUdWTWQzaHFjazUzUlhWYUsxcEdVRkI1YkZsRWIxQlFhazVyVUZZeVJHNVlWVVp1Ynl0TVJVc3lhRXgxTVdoV1ZqRk1iU3QwYVU5eGJ5OVFLMDl2TDNkU2JERnRRM0pXVTFST1RVMUZNM3BNUWk4NVNFdG9aM0ZIWVRsTVppOXRUVWhtY2twelkxaFpXVWRZTWtWd2NsUk5TbVF4Tm5aWFdFbEtkRkJGV0VKSFNWaDZZa2RuWVVFNU1VTXlPVzlUVjJzclVuRXdTRmxaSzJ0VWQzZG1SMlpHUkc0NFltTkVMM1ZFVUhvd1NqbHJRMjlaWWtGTU0xQlRUMGR5T1hkbFQyOUhURlpVTTBGbWNHWmFhV0ZGV0ZsblVtczRjVmxuWWtaNllYUnlZMWxrWVVKU04ySnhiVEVyUVhCeVZVZDZTVmxyVFU5S05YcHllSEExWkc5MlZrbFdRbmRLSzJwNmJsUklNemxoU0hZelRrVjVNRWxHUWxkb1RUSTBMMmRVTDJwS1JWaFhlRzltV1V0dVZTc3lUV040V2xOTlN6aElUa1p5V21GR2IwSjNhWHBXT1U1YVdsaFJVVzV6TkU1b1JsUnlSRGgySzFCbmJuUm5jbU42UnpRd2MxbEJOV2xOV2tKV01FeEhhbXhIV2xOd1JUQkpZV2wwUWl0d016VnlXbU4zWVVOVlVFNW9jQzlUV0ZwVmJHeHJNRU5pTVROT1UxVk5OMUUwY25OQ2NUZFBaSFU1YkZKcFRVcHBXRUpGTkdwSmJUTjRjUzlaV1Vkb1FrTk5TbE5qTWt4T2FETmtTVzUyZFVnNU1ERmtUMlJUUmk5MVdUbE9SMlJQUzFGcFVFY3ZVM2RoU2xsS1lWaEZUSGh2Wkc1c1prRlhheXRET1ZGelJFRmlPVWRJU0UxaWQwOXFjMU5WWms0d1VVcFlOa2wxZDNGemJscDBZbXBTZGtsYWNWSnNaR0Z4WjI1WFduQlZZM0J1VFd4bVJsTXJRWFYxTWtWT0swRTNhelpDZFUxVFdXSjFjME5VU0RoalNIUlliMEV3VG1VemFtUm5hVzR3U0RkRlNFNTJOWGhJV2xneWJYaFVNalU1ZDJ0MmRVdHNORXhOZW5kdFZFSnZWWFkwYzBodFdTOVliVGRMWkdJek9FWnJTRWszYXk4NFZ6WnphVEEwYkUxa05EZHNNSE5RWVU4eWNHUkRTMkpSUm1KTldWbHNWamxhTmt4YVJqWnVMMDFsU0RJeE1rRjFLMVZCTUd4Nk5ESklTbkpIV0ZnMVRVaHJhRWhuVEhCT1VIWlNhVlpyT0VsTmEyMHJVVXhzYTJKUk1YbFVSME5FY2xKT05rVktVbEp1V0V0R1ZIQnFRakZVWVVKNlJHcEpibGRDWjJkQ1IyRXlWa3RFTVhKNksyeElTbGw2TXpkdlZYcFVLemd5TkdWNWFVZHFUMnhpUjJkNk0yaHlUek54TlVVMmJYTnNMMDVxUzBZaUxDSmtZWFJoYTJWNUlqb2lRVkZGUWtGSWFETjZXVTlrZEhCQ1FsTldkeTlaTW1GdU9FSllTVVEwYTNkTVVXWnViMVJxTlhwM1duUkhTbHB2V2xGQlFVRklOSGRtUVZsS1MyOWFTV2gyWTA1QlVXTkhiMGM0ZDJKUlNVSkJSRUp2UW1kcmNXaHJhVWM1ZHpCQ1FuZEZkMGhuV1VwWlNWcEpRVmRWUkVKQlJYVk5Ra1ZGUkVsR05ESkVTVTVGZVhodU1tWndMMFZCU1VKRlNVRTNWVzUzTldabksyOVNha2x0V2pkemJtaEhUbFUxU25aRlNYSlBWVmMzVGprNGFIWjNjakpNTUZacFIyZEZUbGgyZWpKUFZXNXpjbW92YW5oNU5FcGFaWEY2YWtoTWVVUnlhRVpyU2s1TWR6MGlMQ0oyWlhKemFXOXVJam9pTWlJc0luUjVjR1VpT2lKRVFWUkJYMHRGV1NJc0ltVjRjR2x5WVhScGIyNGlPakUzTURZeU16a3pNVFI5",
            "expires_at": "2024-01-26T03:21:54Z",
            "id": "eu-central-1",
            "password": "eyJwYXlsb2FkIjoiejZES0xqNUd0dnN5T1lXZ3M3MmZHdXMwR2t5LzRNMDk4RkJHVzRXRTNOSWtieS94a2srMUlzTDNDZzhQcjQ2WFFBdHhzTEtRNEVmcVBvMzdjaFRMOStHdUhxaUtiRmdyTXc1ZTFDdGx0Vno1THlnWmRUUTFIVUZXalBHSEVVN25LY1J4b0x1VDdoNzkvMEx3UytpU29yNk9rSFRmQVlOMElUbG5NZ2pQNWE5Qit2aElRYmVIQ1krY0YzUkZNL0JLczlvaDFqZVMvS0h1NzdjUEFURGhlMy81TkUvZTNBRUpwdXg4aFdOeWJmSmxVWURYNVVxL3h0aGFIK25IL0JMRFJuNkdvZDh5YlpQKzlaeXFiNExLcW5BSFk1TlNwQmttUmtUM1REcEF4Z3ZyaVMrRFlKcDBKeGVMd3hqck53RXVaK1pGUFB5bFlEb1BQak5rUFYyRG5YVUZubytMRUsyaEx1MWhWVjFMbSt0aU9xby9QK09vL3dSbDFtQ3JWU1ROTU1FM3pMQi85SEtoZ3FHYTlMZi9tTUhmckpzY1hZWUdYMkVwclRNSmQxNnZXWElKdFBFWEJHSVh6YkdnYUE5MUMyOW9TV2srUnEwSFlZK2tUd3dmR2ZGRG44YmNEL3VEUHowSjlrQ29ZYkFMM1BTT0dyOXdlT29HTFZUM0FmcGZaaWFFWFlnUms4cVlnYkZ6YXRyY1lkYUJSN2JxbTErQXByVUd6SVlrTU9KNXpyeHA1ZG92VklWQndKK2p6blRIMzlhSHYzTkV5MElGQldoTTI0L2dUL2pKRVhXeG9mWUtuVSsyTWN4WlNNSzhITkZyWmFGb0J3aXpWOU5aWlhRUW5zNE5oRlRyRDh2K1BnbnRncmN6RzQwc1lBNWlNWkJWMExHamxHWlNwRTBJYWl0QitwMzVyWmN3YUNVUE5ocC9TWFpVbGxrMENiMTNOU1VNN1E0cnNCcTdPZHU5bFJpTUppWEJFNGpJbTN4cS9ZWUdoQkNNSlNjMkxOaDNkSW52dUg5MDFkT2RTRi91WTlOR2RPS1FpUEcvU3dhSllKYVhFTHhvZG5sZkFXaytDOVFzREFiOUdISE1id09qc1NVZk4wUUpYNkl1d3Fzblp0YmpSdklacVJsZGFxZ25XWnBVY3BuTWxmRlMrQXV1MkVOK0E3azZCdU1TWWJ1c0NUSDhjSHRYb0EwTmUzamRnaW4wSDdFSE52NXhIWlgybXhUMjU5d2t2dUtsNExNendtVEJvVXY0c0htWS9YbTdLZGIzOEZrSEk3ay84VzZzaTA0bE1kNDdsMHNQYU8ycGRDS2JRRmJNWVlsVjlaNkxaRjZuL01lSDIxMkF1K1VBMGx6NDJISnJHWFg1TUhraEhnTHBOUHZSaVZrOElNa20rUUxsa2JRMXlUR0NEclJONkVKUlJuWEtGVHBqQjFUYUJ6RGpJbldCZ2dCR2EyVktEMXJ6K2xISll6MzdvVXpUKzgyNGV5aUdqT2xiR2d6M2hyTzNxNUU2bXNsL05qS0YiLCJkYXRha2V5IjoiQVFFQkFIaDN6WU9kdHBCQlNWdy9ZMmFuOEJYSUQ0a3dMUWZub1RqNXp3WnRHSlpvWlFBQUFINHdmQVlKS29aSWh2Y05BUWNHb0c4d2JRSUJBREJvQmdrcWhraUc5dzBCQndFd0hnWUpZSVpJQVdVREJBRXVNQkVFRElGNDJESU5FeXhuMmZwL0VBSUJFSUE3VW53NWZnK29SakltWjdzbmhHTlU1SnZFSXJPVVc3Tjk4aHZ3cjJMMFZpR2dFTlh2ejJPVW5zcmovanh5NEpaZXF6akhMeURyaEZrSk5Mdz0iLCJ2ZXJzaW9uIjoiMiIsInR5cGUiOiJEQVRBX0tFWSIsImV4cGlyYXRpb24iOjE3MDYyMzkzMTR9",
            "proxy_endpoint": "https://711348555690.dkr.ecr.eu-central-1.amazonaws.com",
            "registry_id": null,
            "user_name": "AWS"
          },
          "sensitive_attributes": []
        }
      ]
    },
    {
      "mode": "managed",
      "type": "aws_ecr_repository",
      "name": "BackRepo",
      "provider": "provider[\"registry.terraform.io/hashicorp/aws\"]",
      "instances": [
        {
          "schema_version": 0,
          "attributes": {
            "arn": "arn:aws:ecr:eu-central-1:711348555690:repository/back-repo",
            "encryption_configuration": [
              {
                "encryption_type": "AES256",
                "kms_key": ""
              }
            ],
            "force_delete": null,
            "id": "back-repo",
            "image_scanning_configuration": [
              {
                "scan_on_push": false
              }
            ],
            "image_tag_mutability": "MUTABLE",
            "name": "back-repo",
            "registry_id": "711348555690",
            "repository_url": "711348555690.dkr.ecr.eu-central-1.amazonaws.com/back-repo",
            "tags": {},
            "tags_all": {},
            "timeouts": null
          },
          "sensitive_attributes": [],
          "private": "eyJlMmJmYjczMC1lY2FhLTExZTYtOGY4OC0zNDM2M2JjN2M0YzAiOnsiZGVsZXRlIjoxMjAwMDAwMDAwMDAwfX0="
        }
      ]
    },
    {
      "mode": "managed",
      "type": "aws_ecr_repository",
      "name": "FrontRepo",
      "provider": "provider[\"registry.terraform.io/hashicorp/aws\"]",
      "instances": [
        {
          "schema_version": 0,
          "attributes": {
            "arn": "arn:aws:ecr:eu-central-1:711348555690:repository/front-repo",
            "encryption_configuration": [
              {
                "encryption_type": "AES256",
                "kms_key": ""
              }
            ],
            "force_delete": null,
            "id": "front-repo",
            "image_scanning_configuration": [
              {
                "scan_on_push": false
              }
            ],
            "image_tag_mutability": "MUTABLE",
            "name": "front-repo",
            "registry_id": "711348555690",
            "repository_url": "711348555690.dkr.ecr.eu-central-1.amazonaws.com/front-repo",
            "tags": {},
            "tags_all": {},
            "timeouts": null
          },
          "sensitive_attributes": [],
          "private": "eyJlMmJmYjczMC1lY2FhLTExZTYtOGY4OC0zNDM2M2JjN2M0YzAiOnsiZGVsZXRlIjoxMjAwMDAwMDAwMDAwfX0="
        }
      ]
    },
    {
      "mode": "managed",
      "type": "aws_iam_role",
      "name": "LambdaRole",
      "provider": "provider[\"registry.terraform.io/hashicorp/aws\"]",
      "instances": [
        {
          "schema_version": 0,
          "attributes": {
            "arn": "arn:aws:iam::711348555690:role/lambda-role",
            "assume_role_policy": "{\"Statement\":[{\"Action\":\"sts:AssumeRole\",\"Effect\":\"Allow\",\"Principal\":{\"Service\":\"lambda.amazonaws.com\"}}],\"Version\":\"2012-10-17\"}",
            "create_date": "2024-01-25T14:49:38Z",
            "description": "",
            "force_detach_policies": false,
            "id": "lambda-role",
            "inline_policy": [],
            "managed_policy_arns": [
              "arn:aws:iam::aws:policy/service-role/AWSLambdaBasicExecutionRole"
            ],
            "max_session_duration": 3600,
            "name": "lambda-role",
            "name_prefix": "",
            "path": "/",
            "permissions_boundary": "",
            "tags": {},
            "tags_all": {},
            "unique_id": "AROA2LH5NR6VK4Z4VUMTN"
          },
          "sensitive_attributes": [],
          "private": "bnVsbA=="
        }
      ]
    },
    {
      "mode": "managed",
      "type": "aws_iam_role_policy_attachment",
      "name": "LambdaExecPolicyAttachment",
      "provider": "provider[\"registry.terraform.io/hashicorp/aws\"]",
      "instances": [
        {
          "schema_version": 0,
          "attributes": {
            "id": "lambda-role-20240125144940309500000001",
            "policy_arn": "arn:aws:iam::aws:policy/service-role/AWSLambdaBasicExecutionRole",
            "role": "lambda-role"
          },
          "sensitive_attributes": [],
          "private": "bnVsbA==",
          "dependencies": [
            "aws_iam_role.LambdaRole"
          ]
        }
      ]
    },
    {
      "mode": "managed",
      "type": "aws_lambda_function",
      "name": "BackLambda",
      "provider": "provider[\"registry.terraform.io/hashicorp/aws\"]",
      "instances": [
        {
          "schema_version": 0,
          "attributes": {
            "architectures": [
              "x86_64"
            ],
            "arn": "arn:aws:lambda:eu-central-1:711348555690:function:back-lambda",
            "code_signing_config_arn": "",
            "dead_letter_config": [],
            "description": "",
            "environment": [
              {
                "variables": {
                  "HOME": "/tmp"
                }
              }
            ],
            "ephemeral_storage": [
              {
                "size": 512
              }
            ],
            "file_system_config": [],
            "filename": null,
            "function_name": "back-lambda",
            "handler": "",
            "id": "back-lambda",
            "image_config": [],
            "image_uri": "711348555690.dkr.ecr.eu-central-1.amazonaws.com/back-repo:latest",
            "invoke_arn": "arn:aws:apigateway:eu-central-1:lambda:path/2015-03-31/functions/arn:aws:lambda:eu-central-1:711348555690:function:back-lambda/invocations",
            "kms_key_arn": "",
            "last_modified": "2024-01-25T15:21:56.029+0000",
            "layers": null,
            "logging_config": [
              {
                "application_log_level": "INFO",
                "log_format": "JSON",
                "log_group": "/aws/lambda/back-lambda",
                "system_log_level": "INFO"
              }
            ],
            "memory_size": 1792,
            "package_type": "Image",
            "publish": false,
            "qualified_arn": "arn:aws:lambda:eu-central-1:711348555690:function:back-lambda:$LATEST",
            "qualified_invoke_arn": "arn:aws:apigateway:eu-central-1:lambda:path/2015-03-31/functions/arn:aws:lambda:eu-central-1:711348555690:function:back-lambda:$LATEST/invocations",
            "replace_security_groups_on_destroy": null,
            "replacement_security_group_ids": null,
            "reserved_concurrent_executions": -1,
            "role": "arn:aws:iam::711348555690:role/lambda-role",
            "runtime": "",
            "s3_bucket": null,
            "s3_key": null,
            "s3_object_version": null,
            "signing_job_arn": "",
            "signing_profile_version_arn": "",
            "skip_destroy": false,
            "snap_start": [],
            "source_code_hash": "c2b0421a808f06534e4d4276a510b707fda711db46faefc6488786d811144427",
            "source_code_size": 0,
            "tags": null,
            "tags_all": {},
            "timeout": 5,
            "timeouts": null,
            "tracing_config": [
              {
                "mode": "PassThrough"
              }
            ],
            "version": "$LATEST",
            "vpc_config": []
          },
          "sensitive_attributes": [],
          "private": "eyJlMmJmYjczMC1lY2FhLTExZTYtOGY4OC0zNDM2M2JjN2M0YzAiOnsiY3JlYXRlIjo2MDAwMDAwMDAwMDAsImRlbGV0ZSI6NjAwMDAwMDAwMDAwLCJ1cGRhdGUiOjYwMDAwMDAwMDAwMH19",
          "dependencies": [
            "aws_ecr_repository.BackRepo",
            "aws_iam_role.LambdaRole",
            "data.aws_ecr_authorization_token.token",
            "docker_image.BackImage"
          ]
        }
      ]
    },
    {
      "mode": "managed",
      "type": "aws_lambda_function_url",
      "name": "BackLambdaUrl",
      "provider": "provider[\"registry.terraform.io/hashicorp/aws\"]",
      "instances": [
        {
          "schema_version": 0,
          "attributes": {
            "authorization_type": "NONE",
            "cors": [],
            "function_arn": "arn:aws:lambda:eu-central-1:711348555690:function:back-lambda",
            "function_name": "back-lambda",
            "function_url": "https://fkuvrfmwp7zmx3ynysez72ovia0sniyr.lambda-url.eu-central-1.on.aws/",
            "id": "back-lambda",
            "invoke_mode": "BUFFERED",
            "qualifier": "",
            "timeouts": null,
            "url_id": "fkuvrfmwp7zmx3ynysez72ovia0sniyr"
          },
          "sensitive_attributes": [],
          "private": "eyJlMmJmYjczMC1lY2FhLTExZTYtOGY4OC0zNDM2M2JjN2M0YzAiOnsiY3JlYXRlIjo2MDAwMDAwMDAwMDB9fQ==",
          "dependencies": [
            "aws_ecr_repository.BackRepo",
            "aws_iam_role.LambdaRole",
            "aws_lambda_function.BackLambda",
            "data.aws_ecr_authorization_token.token",
            "docker_image.BackImage"
          ]
        }
      ]
    },
    {
      "mode": "managed",
      "type": "docker_image",
      "name": "BackImage",
      "provider": "provider[\"registry.terraform.io/kreuzwerker/docker\"]",
      "instances": [
        {
          "schema_version": 0,
          "attributes": {
            "build": [
              {
                "auth_config": [],
                "build_arg": {},
                "build_args": {},
                "build_id": "",
                "cache_from": [],
                "cgroup_parent": "",
                "context": "/home/user/github/cdktf-project/src/back",
                "cpu_period": 0,
                "cpu_quota": 0,
                "cpu_set_cpus": "",
                "cpu_set_mems": "",
                "cpu_shares": 0,
                "dockerfile": "Dockerfile",
                "extra_hosts": [],
                "force_remove": false,
                "isolation": "",
                "label": {},
                "labels": {},
                "memory": 0,
                "memory_swap": 0,
                "network_mode": "",
                "no_cache": false,
                "platform": "linux/amd64",
                "pull_parent": false,
                "remote_context": "",
                "remove": true,
                "security_opt": [],
                "session_id": "",
                "shm_size": 0,
                "squash": false,
                "suppress_output": false,
                "tag": [],
                "target": "",
                "ulimit": [],
                "version": ""
              }
            ],
            "force_remove": null,
            "id": "sha256:5cbbded332bce64cf6345fe9f12507daf5769f34aaf1701837b556b07ee5ce4d711348555690.dkr.ecr.eu-central-1.amazonaws.com/back-repo:latest",
            "image_id": "sha256:5cbbded332bce64cf6345fe9f12507daf5769f34aaf1701837b556b07ee5ce4d",
            "keep_locally": null,
            "name": "711348555690.dkr.ecr.eu-central-1.amazonaws.com/back-repo:latest",
            "platform": null,
            "pull_triggers": null,
            "repo_digest": "711348555690.dkr.ecr.eu-central-1.amazonaws.com/back-repo@sha256:c2b0421a808f06534e4d4276a510b707fda711db46faefc6488786d811144427",
            "triggers": {
              "filesha256": "1254bf07a59ad0772e00d5b67b68c2f343a099e781b2667d9cce1660aa55b992"
            }
          },
          "sensitive_attributes": [],
          "private": "bnVsbA==",
          "dependencies": [
            "aws_ecr_repository.BackRepo",
            "data.aws_ecr_authorization_token.token"
          ]
        }
      ]
    },
    {
      "mode": "managed",
      "type": "docker_image",
      "name": "FrontImage",
      "provider": "provider[\"registry.terraform.io/kreuzwerker/docker\"]",
      "instances": [
        {
          "schema_version": 0,
          "attributes": {
            "build": [
              {
                "auth_config": [],
                "build_arg": {},
                "build_args": {},
                "build_id": "",
                "cache_from": [],
                "cgroup_parent": "",
                "context": "/home/user/github/cdktf-project/src/front",
                "cpu_period": 0,
                "cpu_quota": 0,
                "cpu_set_cpus": "",
                "cpu_set_mems": "",
                "cpu_shares": 0,
                "dockerfile": "Dockerfile",
                "extra_hosts": [],
                "force_remove": false,
                "isolation": "",
                "label": {},
                "labels": {},
                "memory": 0,
                "memory_swap": 0,
                "network_mode": "",
                "no_cache": false,
                "platform": "linux/amd64",
                "pull_parent": false,
                "remote_context": "",
                "remove": true,
                "security_opt": [],
                "session_id": "",
                "shm_size": 0,
                "squash": false,
                "suppress_output": false,
                "tag": [],
                "target": "",
                "ulimit": [],
                "version": ""
              }
            ],
            "force_remove": null,
            "id": "sha256:c78d471df96f5bf0d4538c961fbbf07e1f790f0d2c2dc8feae2d573d7c44e883711348555690.dkr.ecr.eu-central-1.amazonaws.com/front-repo:latest",
            "image_id": "sha256:c78d471df96f5bf0d4538c961fbbf07e1f790f0d2c2dc8feae2d573d7c44e883",
            "keep_locally": null,
            "name": "711348555690.dkr.ecr.eu-central-1.amazonaws.com/front-repo:latest",
            "platform": null,
            "pull_triggers": null,
            "repo_digest": "711348555690.dkr.ecr.eu-central-1.amazonaws.com/front-repo@sha256:b30c3a220dee33d6bd87ded8c742b08dd68a7f738791ad589dc6f45c71dfd428",
            "triggers": {
              "filesha256": "9dd6df6a8aad0c5be2d0ff5d66c31f6c68abffb59be1e1152729b8af7f349738"
            }
          },
          "sensitive_attributes": [],
          "private": "bnVsbA==",
          "dependencies": [
            "aws_ecr_repository.FrontRepo",
            "data.aws_ecr_authorization_token.token"
          ]
        }
      ]
    },
    {
      "mode": "managed",
      "type": "docker_registry_image",
      "name": "BackPush",
      "provider": "provider[\"registry.terraform.io/kreuzwerker/docker\"]",
      "instances": [
        {
          "schema_version": 0,
          "attributes": {
            "id": "sha256:c2b0421a808f06534e4d4276a510b707fda711db46faefc6488786d811144427",
            "insecure_skip_verify": false,
            "keep_remotely": false,
            "name": "711348555690.dkr.ecr.eu-central-1.amazonaws.com/back-repo:latest",
            "sha256_digest": "sha256:c2b0421a808f06534e4d4276a510b707fda711db46faefc6488786d811144427",
            "triggers": {
              "filesha256": "1254bf07a59ad0772e00d5b67b68c2f343a099e781b2667d9cce1660aa55b992"
            }
          },
          "sensitive_attributes": [],
          "private": "bnVsbA==",
          "dependencies": [
            "aws_ecr_repository.BackRepo",
            "data.aws_ecr_authorization_token.token",
            "docker_image.BackImage"
          ]
        }
      ]
    },
    {
      "mode": "managed",
      "type": "docker_registry_image",
      "name": "FrontPush",
      "provider": "provider[\"registry.terraform.io/kreuzwerker/docker\"]",
      "instances": [
        {
          "schema_version": 0,
          "attributes": {
            "id": "sha256:b30c3a220dee33d6bd87ded8c742b08dd68a7f738791ad589dc6f45c71dfd428",
            "insecure_skip_verify": false,
            "keep_remotely": false,
            "name": "711348555690.dkr.ecr.eu-central-1.amazonaws.com/front-repo:latest",
            "sha256_digest": "sha256:b30c3a220dee33d6bd87ded8c742b08dd68a7f738791ad589dc6f45c71dfd428",
            "triggers": {
              "filesha256": "9dd6df6a8aad0c5be2d0ff5d66c31f6c68abffb59be1e1152729b8af7f349738"
            }
          },
          "sensitive_attributes": [],
          "private": "bnVsbA==",
          "dependencies": [
            "aws_ecr_repository.FrontRepo",
            "data.aws_ecr_authorization_token.token",
            "docker_image.FrontImage"
          ]
        }
      ]
    }
  ],
  "check_results": null
}
