{
  "version": 4,
  "terraform_version": "1.7.0",
  "serial": 772,
  "lineage": "a595879c-8348-d326-a097-97e4ec7507b9",
  "outputs": {},
  "resources": [
    {
      "mode": "data",
      "type": "aws_ecr_authorization_token",
      "name": "token",
      "provider": "provider[\"registry.terraform.io/hashicorp/aws\"]",
      "instances": [
        {
          "schema_version": 0,
          "attributes": {
            "authorization_token": "QVdTOmV5SndZWGxzYjJGa0lqb2lSV3BMUzJKWVpWcHFPVVV5TTFBdlExQkpibVZtYldnM00xaEhWV3RuTkRST05rWmtObGhqZVVKQlkweFpRM0F6Y1RkWmNGWlZWelU1UWpWaU5WTldMMHQ0TldWU1ZGWlRVbU5HTTJGc05sZ3lRMVV2Y0RkbFVVaHhaMU5zSzNjM09XcEpSa3htTkRCT016Uk9USFJUUzBwelVqSm1UMHd2U0ZoUlREQkxPV2N4VlhWdVUxUXJORlJhUkhkUlMyTnpWbU4xWVM4NGIzZGhibEpEU0VwaVRHRm5MemhVWm01Rk4yazRiazFwV2pCNEsyOVVhbkJTY1ZWM2JYcDZabmhZY21OSk0wTkVWVTV2UWxaVGQySnRWSE5ETlhCcGRXTnRhRWwwYjFkQ1IzRjBaM2gyWkc5M1V5OUVkMmRzV1V4a1NsVXlkalF6UW0xeGQycE1aRWhuWVdwd1MwVjFkWE5QVFRoVFVFUXplbEptTDJ4VmNEWlNZbTlMVEdwbVdIY3phVTVaUTNkeVRrWlBVVXR1VVhGbFpVTnBVMWRuTW1OMUsyWkhTREJ2WjJ4NE5FWnBWMnd4THk5WWNVY3Ziek40YjBReFNqSlBTMk5OZUhacFVDdGlVR2N3TUVGV1RYRjFRV1J3YWtwVE4xSnVjRk00TDFBd2JFbDVXV2Q0TVRGTU1WQk5OMko0V2s1dEx6VjRNa1pPT0VkUmFuVXlSVlJDYUdrNGFqVnRTMFZ4ZDBOelZ5OU5WbXRsUTJsM1Z6aDNOakpCVWpjeEt6UkhhaTlVTW5Fd2NYSjJWbFJyTm5Vdk5YVjRWRTAzUXpFMVdXOUJVRVp4YVRrMVRIcEpjVkpoUVd0bksyNXZWamt2WmpCblZ6Qm1ibU50Y0dwUlpuWjBPVkU1U1c5S1VpOHZhVVJxVW05aVpUQktTVWgwYTB3NGRHaGpiRVZYSzNGM1ZXMTFWbmt3TjNSVFV6VjBiekZCYVdJM2FWUlJUalJRTHpGa1pURjZkVEppUjNGVU5EVmtSekZMVGxGU05YcE1OMFpaZFhZeGFtMUtOM0ZDTTJkNmMzcFFWRVUyZVVaaEwxRjZjalJvT0dwMk9DdHljSHBIU0dSMVltazNNMVZtWWtaVFRsZEhibG94YUVSMlduQlliWHA1TW1kcVFUWnhWSE5aUmpGWWFXMTRkSGQxVW5GcVJEUTNSMDl4TkdWNmFsTk1WV1kzWlU4Mk9UTnpZMjFCVW14Q1MybDJWRlZpTDFaRlNEbHRVa0pvU21SS1oyNVBaRTh2V2tONVRqTllLMmRUT0RnNGJrdEVURzluZDFsMlJGVk5UemwwTjNOQ04zWTJOVVpWV2taS1ZFTlBNRWhpWVROM2JrZE9aa05TWm1wcWEyaFhNWFEyZUVVdlUybE5XbmQ1UzNOdWQwVmllR050Y3pKbmVXdE9lRXRTZVVGTkszRkhWR3c0V2s4emNtZzNSa3ByVkZjMVpqRlhiRVJKU2pacVdFOURibFZIUTNCNlNVNTNSRFU0TjJnMlFsTjZkRXRzV25oNWFuazFOMHBOVVVoMll6UmllVlJXY1RCbFZqbEVkREF3UTFsS2Myd3dTMjlQVld3NFJYazFjbmMyWlU4MVQxbHRSM2tyTUhaU1JrcENZMWd2V0hkRVkwUndSVVJzUzNNMllWY3pkVkJLTXpGcVJqTnNRMlozVW5aMGIzRmpZbU5HY1hGdVpVRjBTWEYwYTJOdFJFNU5hbVoyYmpadFVYZFFOMkowYm5GMGNsRjNaMUV2ZFRKWFRsaHNhMVZNU1VGNVpUQndaVFpQT1dweE1FWjNhMDVrVVU4M1NVUXdTR1pIVkVFekwyNUpNbGxWZHpaYVFUaGlLeXQzYUZvelJYWTJjbGMwYW1sV1lWSnRUazQyYXpkalV6aFlLM2x0TjIwemJWUlZVREY1ZERoT2FqbDVXVkpPUTFndmJqUlhaSGsyVkhjNFJVeG5Sa0ZMVFdvMU5uVkxla1Y0ZW10eGNHNXBOVUZYVDNWVE5WRllZVzVNTjJNaUxDSmtZWFJoYTJWNUlqb2lRVkZGUWtGSWFETjZXVTlrZEhCQ1FsTldkeTlaTW1GdU9FSllTVVEwYTNkTVVXWnViMVJxTlhwM1duUkhTbHB2V2xGQlFVRklOSGRtUVZsS1MyOWFTV2gyWTA1QlVXTkhiMGM0ZDJKUlNVSkJSRUp2UW1kcmNXaHJhVWM1ZHpCQ1FuZEZkMGhuV1VwWlNWcEpRVmRWUkVKQlJYVk5Ra1ZGUkVVd2RFWTFTMEZ2WkRWeWRVdHRWSEYzU1VKRlNVRTNWRWR2UjNaNE1HdG5hM3BTY1ZrdlZHSmhUU3R4VFZsbGQzaFJOVlpMYnpGWFZqTlFSMmRNUkZCQlFqTmpRbWxJWVhSWmRXMXVaQ3RqWW1neWMwSmxRVVV4SzFsU2FYaEZibWRKWWxkVE9EMGlMQ0oyWlhKemFXOXVJam9pTWlJc0luUjVjR1VpT2lKRVFWUkJYMHRGV1NJc0ltVjRjR2x5WVhScGIyNGlPakUzTURZeU5UZzFOamw5",
            "expires_at": "2024-01-26T08:42:49Z",
            "id": "eu-central-1",
            "password": "eyJwYXlsb2FkIjoiRWpLS2JYZVpqOUUyM1AvQ1BJbmVmbWg3M1hHVWtnNDRONkZkNlhjeUJBY0xZQ3AzcTdZcFZVVzU5QjViNVNWL0t4NWVSVFZTUmNGM2FsNlgyQ1UvcDdlUUhxZ1NsK3c3OWpJRkxmNDBOMzROTHRTS0pzUjJmT0wvSFhRTDBLOWcxVXVuU1QrNFRaRHdRS2NzVmN1YS84b3dhblJDSEpiTGFnLzhUZm5FN2k4bk1pWjB4K29UanBScVV3bXp6ZnhYcmNJM0NEVU5vQlZTd2JtVHNDNXBpdWNtaEl0b1dCR3F0Z3h2ZG93Uy9Ed2dsWUxkSlUydjQzQm1xd2pMZEhnYWpwS0V1dXNPTThTUEQzelJmL2xVcDZSYm9LTGpmWHczaU5ZQ3dyTkZPUUtuUXFlZUNpU1dnMmN1K2ZHSDBvZ2x4NEZpV2wxLy9YcUcvbzN4b0QxSjJPS2NNeHZpUCtiUGcwMEFWTXF1QWRwakpTN1JucFM4L1AwbEl5WWd4MTFMMVBNN2J4Wk5tLzV4MkZOOEdRanUyRVRCaGk4ajVtS0Vxd0NzVy9NVmtlQ2l3Vzh3NjJBUjcxKzRHai9UMnEwcXJ2VlRrNnUvNXV4VE03QzE1WW9BUEZxaTk1THpJcVJhQWtnK25vVjkvZjBnVzBmbmNtcGpRZnZ0OVE5SW9KUi8vaURqUm9iZTBKSUh0a0w4dGhjbEVXK3F3VW11VnkwN3RTUzV0bzFBaWI3aVRRTjRQLzFkZTF6dTJiR3FUNDVkRzFLTlFSNXpMN0ZZdXYxam1KN3FCM2d6c3pQVEU2eUZhL1F6cjRoOGp2OCtycHpHSGR1Ymk3M1VmYkZTTldHbloxaER2WnBYbXp5MmdqQTZxVHNZRjFYaW14dHd1UnFqRDQ3R09xNGV6alNMVWY3ZU82OTNzY21BUmxCS2l2VFViL1ZFSDltUkJoSmRKZ25PZE8vWkN5TjNYK2dTODg4bktETG9nd1l2RFVNTzl0N3NCN3Y2NUZVWkZKVENPMEhiYTN3bkdOZkNSZmpqa2hXMXQ2eEUvU2lNWnd5S3Nud0VieGNtczJneWtOeEtSeUFNK3FHVGw4Wk8zcmg3RkprVFc1ZjFXbERJSjZqWE9DblVHQ3B6SU53RDU4N2g2QlN6dEtsWnh5ank1N0pNUUh2YzRieVRWcTBlVjlEdDAwQ1lKc2wwS29PVWw4RXk1cnc2ZU81T1ltR3krMHZSRkpCY1gvWHdEY0RwRURsS3M2YVczdVBKMzFqRjNsQ2Z3UnZ0b3FjYmNGcXFuZUF0SXF0a2NtRE5NamZ2bjZtUXdQN2J0bnF0clF3Z1EvdTJXTlhsa1VMSUF5ZTBwZTZPOWpxMEZ3a05kUU83SUQwSGZHVEEzL25JMllVdzZaQThiKyt3aFozRXY2clc0amlWYVJtTk42azdjUzhYK3ltN20zbVRVUDF5dDhOajl5WVJOQ1gvbjRXZHk2VHc4RUxnRkFLTWo1NnVLekV4emtxcG5pNUFXT3VTNVFYYW5MN2MiLCJkYXRha2V5IjoiQVFFQkFIaDN6WU9kdHBCQlNWdy9ZMmFuOEJYSUQ0a3dMUWZub1RqNXp3WnRHSlpvWlFBQUFINHdmQVlKS29aSWh2Y05BUWNHb0c4d2JRSUJBREJvQmdrcWhraUc5dzBCQndFd0hnWUpZSVpJQVdVREJBRXVNQkVFREUwdEY1S0FvZDVydUttVHF3SUJFSUE3VEdvR3Z4MGtna3pScVkvVGJhTStxTVlld3hRNVZLbzFXVjNQR2dMRFBBQjNjQmlIYXRZdW1uZCtjYmgyc0JlQUUxK1lSaXhFbmdJYldTOD0iLCJ2ZXJzaW9uIjoiMiIsInR5cGUiOiJEQVRBX0tFWSIsImV4cGlyYXRpb24iOjE3MDYyNTg1Njl9",
            "proxy_endpoint": "https://711348555690.dkr.ecr.eu-central-1.amazonaws.com",
            "registry_id": null,
            "user_name": "AWS"
          },
          "sensitive_attributes": []
        }
      ]
    },
    {
      "mode": "managed",
      "type": "aws_ecr_repository",
      "name": "BackRepo",
      "provider": "provider[\"registry.terraform.io/hashicorp/aws\"]",
      "instances": [
        {
          "schema_version": 0,
          "attributes": {
            "arn": "arn:aws:ecr:eu-central-1:711348555690:repository/back-repo",
            "encryption_configuration": [
              {
                "encryption_type": "AES256",
                "kms_key": ""
              }
            ],
            "force_delete": null,
            "id": "back-repo",
            "image_scanning_configuration": [
              {
                "scan_on_push": false
              }
            ],
            "image_tag_mutability": "MUTABLE",
            "name": "back-repo",
            "registry_id": "711348555690",
            "repository_url": "711348555690.dkr.ecr.eu-central-1.amazonaws.com/back-repo",
            "tags": {},
            "tags_all": {},
            "timeouts": null
          },
          "sensitive_attributes": [],
          "private": "eyJlMmJmYjczMC1lY2FhLTExZTYtOGY4OC0zNDM2M2JjN2M0YzAiOnsiZGVsZXRlIjoxMjAwMDAwMDAwMDAwfX0="
        }
      ]
    },
    {
      "mode": "managed",
      "type": "aws_ecr_repository",
      "name": "FrontRepo",
      "provider": "provider[\"registry.terraform.io/hashicorp/aws\"]",
      "instances": [
        {
          "schema_version": 0,
          "attributes": {
            "arn": "arn:aws:ecr:eu-central-1:711348555690:repository/front-repo",
            "encryption_configuration": [
              {
                "encryption_type": "AES256",
                "kms_key": ""
              }
            ],
            "force_delete": null,
            "id": "front-repo",
            "image_scanning_configuration": [
              {
                "scan_on_push": false
              }
            ],
            "image_tag_mutability": "MUTABLE",
            "name": "front-repo",
            "registry_id": "711348555690",
            "repository_url": "711348555690.dkr.ecr.eu-central-1.amazonaws.com/front-repo",
            "tags": {},
            "tags_all": {},
            "timeouts": null
          },
          "sensitive_attributes": [],
          "private": "eyJlMmJmYjczMC1lY2FhLTExZTYtOGY4OC0zNDM2M2JjN2M0YzAiOnsiZGVsZXRlIjoxMjAwMDAwMDAwMDAwfX0="
        }
      ]
    },
    {
      "mode": "managed",
      "type": "aws_iam_role",
      "name": "LambdaRole",
      "provider": "provider[\"registry.terraform.io/hashicorp/aws\"]",
      "instances": [
        {
          "schema_version": 0,
          "attributes": {
            "arn": "arn:aws:iam::711348555690:role/lambda-role",
            "assume_role_policy": "{\"Statement\":[{\"Action\":\"sts:AssumeRole\",\"Effect\":\"Allow\",\"Principal\":{\"Service\":\"lambda.amazonaws.com\"}}],\"Version\":\"2012-10-17\"}",
            "create_date": "2024-01-25T20:18:35Z",
            "description": "",
            "force_detach_policies": false,
            "id": "lambda-role",
            "inline_policy": [],
            "managed_policy_arns": [
              "arn:aws:iam::aws:policy/service-role/AWSLambdaBasicExecutionRole"
            ],
            "max_session_duration": 3600,
            "name": "lambda-role",
            "name_prefix": "",
            "path": "/",
            "permissions_boundary": "",
            "tags": {},
            "tags_all": {},
            "unique_id": "AROA2LH5NR6VOUXXMKOIE"
          },
          "sensitive_attributes": [],
          "private": "bnVsbA=="
        }
      ]
    },
    {
      "mode": "managed",
      "type": "aws_iam_role_policy_attachment",
      "name": "LambdaExecPolicyAttachment",
      "provider": "provider[\"registry.terraform.io/hashicorp/aws\"]",
      "instances": [
        {
          "schema_version": 0,
          "attributes": {
            "id": "lambda-role-20240125201836279200000001",
            "policy_arn": "arn:aws:iam::aws:policy/service-role/AWSLambdaBasicExecutionRole",
            "role": "lambda-role"
          },
          "sensitive_attributes": [],
          "private": "bnVsbA==",
          "dependencies": [
            "aws_iam_role.LambdaRole"
          ]
        }
      ]
    },
    {
      "mode": "managed",
      "type": "aws_lambda_function",
      "name": "BackLambda",
      "provider": "provider[\"registry.terraform.io/hashicorp/aws\"]",
      "instances": [
        {
          "schema_version": 0,
          "attributes": {
            "architectures": [
              "arm64"
            ],
            "arn": "arn:aws:lambda:eu-central-1:711348555690:function:back-lambda",
            "code_signing_config_arn": "",
            "dead_letter_config": [],
            "description": "",
            "environment": [
              {
                "variables": {
                  "HOME": "/tmp"
                }
              }
            ],
            "ephemeral_storage": [
              {
                "size": 512
              }
            ],
            "file_system_config": [],
            "filename": null,
            "function_name": "back-lambda",
            "handler": "",
            "id": "back-lambda",
            "image_config": [],
            "image_uri": "711348555690.dkr.ecr.eu-central-1.amazonaws.com/back-repo@sha256:dc8133dfaa402e14891fcec6b2d3596ea8fcddd607f5f2de27ce5c1d5da6209e",
            "invoke_arn": "arn:aws:apigateway:eu-central-1:lambda:path/2015-03-31/functions/arn:aws:lambda:eu-central-1:711348555690:function:back-lambda/invocations",
            "kms_key_arn": "",
            "last_modified": "2024-01-25T20:43:58.000+0000",
            "layers": [],
            "logging_config": [
              {
                "application_log_level": "INFO",
                "log_format": "JSON",
                "log_group": "/aws/lambda/back-lambda",
                "system_log_level": "INFO"
              }
            ],
            "memory_size": 1792,
            "package_type": "Image",
            "publish": false,
            "qualified_arn": "arn:aws:lambda:eu-central-1:711348555690:function:back-lambda:$LATEST",
            "qualified_invoke_arn": "arn:aws:apigateway:eu-central-1:lambda:path/2015-03-31/functions/arn:aws:lambda:eu-central-1:711348555690:function:back-lambda:$LATEST/invocations",
            "replace_security_groups_on_destroy": null,
            "replacement_security_group_ids": null,
            "reserved_concurrent_executions": -1,
            "role": "arn:aws:iam::711348555690:role/lambda-role",
            "runtime": "",
            "s3_bucket": null,
            "s3_key": null,
            "s3_object_version": null,
            "signing_job_arn": "",
            "signing_profile_version_arn": "",
            "skip_destroy": false,
            "snap_start": [],
            "source_code_hash": "dc8133dfaa402e14891fcec6b2d3596ea8fcddd607f5f2de27ce5c1d5da6209e",
            "source_code_size": 0,
            "tags": {},
            "tags_all": {},
            "timeout": 5,
            "timeouts": null,
            "tracing_config": [
              {
                "mode": "PassThrough"
              }
            ],
            "version": "$LATEST",
            "vpc_config": []
          },
          "sensitive_attributes": [],
          "private": "eyJlMmJmYjczMC1lY2FhLTExZTYtOGY4OC0zNDM2M2JjN2M0YzAiOnsiY3JlYXRlIjo2MDAwMDAwMDAwMDAsImRlbGV0ZSI6NjAwMDAwMDAwMDAwLCJ1cGRhdGUiOjYwMDAwMDAwMDAwMH19",
          "dependencies": [
            "aws_ecr_repository.BackRepo",
            "aws_iam_role.LambdaRole",
            "data.aws_ecr_authorization_token.token",
            "docker_image.BackImage",
            "docker_registry_image.BackEcrImage"
          ]
        }
      ]
    },
    {
      "mode": "managed",
      "type": "aws_lambda_function_url",
      "name": "BackLambdaUrl",
      "provider": "provider[\"registry.terraform.io/hashicorp/aws\"]",
      "instances": [
        {
          "schema_version": 0,
          "attributes": {
            "authorization_type": "NONE",
            "cors": [],
            "function_arn": "arn:aws:lambda:eu-central-1:711348555690:function:back-lambda",
            "function_name": "back-lambda",
            "function_url": "https://gp2zzfipd75tgqpjkpybqkeheq0uidyg.lambda-url.eu-central-1.on.aws/",
            "id": "back-lambda",
            "invoke_mode": "BUFFERED",
            "qualifier": "",
            "timeouts": null,
            "url_id": "gp2zzfipd75tgqpjkpybqkeheq0uidyg"
          },
          "sensitive_attributes": [],
          "private": "eyJlMmJmYjczMC1lY2FhLTExZTYtOGY4OC0zNDM2M2JjN2M0YzAiOnsiY3JlYXRlIjo2MDAwMDAwMDAwMDB9fQ==",
          "dependencies": [
            "aws_ecr_repository.BackRepo",
            "aws_iam_role.LambdaRole",
            "aws_lambda_function.BackLambda",
            "data.aws_ecr_authorization_token.token",
            "docker_image.BackImage",
            "docker_registry_image.BackEcrImage"
          ]
        }
      ]
    },
    {
      "mode": "managed",
      "type": "docker_image",
      "name": "BackImage",
      "provider": "provider[\"registry.terraform.io/kreuzwerker/docker\"]",
      "instances": [
        {
          "schema_version": 0,
          "attributes": {
            "build": [
              {
                "auth_config": [],
                "build_arg": null,
                "build_args": null,
                "build_id": "",
                "cache_from": [],
                "cgroup_parent": "",
                "context": "/home/user/github/cdktf-project/src/back",
                "cpu_period": null,
                "cpu_quota": null,
                "cpu_set_cpus": "",
                "cpu_set_mems": "",
                "cpu_shares": null,
                "dockerfile": "Dockerfile",
                "extra_hosts": [],
                "force_remove": null,
                "isolation": "",
                "label": null,
                "labels": null,
                "memory": null,
                "memory_swap": null,
                "network_mode": "",
                "no_cache": null,
                "platform": "linux/arm64",
                "pull_parent": null,
                "remote_context": "",
                "remove": true,
                "security_opt": [],
                "session_id": "",
                "shm_size": null,
                "squash": null,
                "suppress_output": null,
                "tag": [],
                "target": "",
                "ulimit": [],
                "version": ""
              }
            ],
            "force_remove": null,
            "id": "sha256:e58543f6d11162557e3eed3e451b260014f86be00c2f237cf74214cc07f7e531711348555690.dkr.ecr.eu-central-1.amazonaws.com/back-repo",
            "image_id": "sha256:e58543f6d11162557e3eed3e451b260014f86be00c2f237cf74214cc07f7e531",
            "keep_locally": null,
            "name": "711348555690.dkr.ecr.eu-central-1.amazonaws.com/back-repo",
            "platform": null,
            "pull_triggers": null,
            "repo_digest": "",
            "triggers": {
              "filesha256": "d582e1929e92049e244aa8f040d3381cabd52f82cc371b2c05a9d7981e8a0dd8"
            }
          },
          "sensitive_attributes": [],
          "private": "bnVsbA==",
          "dependencies": [
            "aws_ecr_repository.BackRepo",
            "data.aws_ecr_authorization_token.token"
          ]
        }
      ]
    },
    {
      "mode": "managed",
      "type": "docker_image",
      "name": "FrontImage",
      "provider": "provider[\"registry.terraform.io/kreuzwerker/docker\"]",
      "instances": [
        {
          "schema_version": 0,
          "attributes": {
            "build": [
              {
                "auth_config": [],
                "build_arg": {},
                "build_args": {},
                "build_id": "",
                "cache_from": [],
                "cgroup_parent": "",
                "context": "/home/user/github/cdktf-project/src/front",
                "cpu_period": 0,
                "cpu_quota": 0,
                "cpu_set_cpus": "",
                "cpu_set_mems": "",
                "cpu_shares": 0,
                "dockerfile": "Dockerfile",
                "extra_hosts": [],
                "force_remove": false,
                "isolation": "",
                "label": {},
                "labels": {},
                "memory": 0,
                "memory_swap": 0,
                "network_mode": "",
                "no_cache": false,
                "platform": "linux/arm64",
                "pull_parent": false,
                "remote_context": "",
                "remove": true,
                "security_opt": [],
                "session_id": "",
                "shm_size": 0,
                "squash": false,
                "suppress_output": false,
                "tag": [],
                "target": "",
                "ulimit": [],
                "version": ""
              }
            ],
            "force_remove": null,
            "id": "sha256:10fe30b50b75f07240a4ba759048b5985e05b23697c280793aceaae7fa6fb1bf711348555690.dkr.ecr.eu-central-1.amazonaws.com/front-repo:latest",
            "image_id": "sha256:10fe30b50b75f07240a4ba759048b5985e05b23697c280793aceaae7fa6fb1bf",
            "keep_locally": null,
            "name": "711348555690.dkr.ecr.eu-central-1.amazonaws.com/front-repo:latest",
            "platform": null,
            "pull_triggers": null,
            "repo_digest": "",
            "triggers": {
              "filesha256": "9dd6df6a8aad0c5be2d0ff5d66c31f6c68abffb59be1e1152729b8af7f349738"
            }
          },
          "sensitive_attributes": [],
          "private": "bnVsbA==",
          "dependencies": [
            "aws_ecr_repository.FrontRepo",
            "data.aws_ecr_authorization_token.token"
          ]
        }
      ]
    },
    {
      "mode": "managed",
      "type": "docker_registry_image",
      "name": "BackEcrImage",
      "provider": "provider[\"registry.terraform.io/kreuzwerker/docker\"]",
      "instances": [
        {
          "schema_version": 0,
          "attributes": {
            "id": "sha256:dc8133dfaa402e14891fcec6b2d3596ea8fcddd607f5f2de27ce5c1d5da6209e",
            "insecure_skip_verify": false,
            "keep_remotely": false,
            "name": "711348555690.dkr.ecr.eu-central-1.amazonaws.com/back-repo",
            "sha256_digest": "sha256:dc8133dfaa402e14891fcec6b2d3596ea8fcddd607f5f2de27ce5c1d5da6209e",
            "triggers": {
              "filesha256": "d582e1929e92049e244aa8f040d3381cabd52f82cc371b2c05a9d7981e8a0dd8"
            }
          },
          "sensitive_attributes": [],
          "private": "bnVsbA==",
          "dependencies": [
            "aws_ecr_repository.BackRepo",
            "data.aws_ecr_authorization_token.token",
            "docker_image.BackImage"
          ]
        }
      ]
    },
    {
      "mode": "managed",
      "type": "docker_registry_image",
      "name": "FrontEcrImage",
      "provider": "provider[\"registry.terraform.io/kreuzwerker/docker\"]",
      "instances": [
        {
          "schema_version": 0,
          "attributes": {
            "id": "sha256:b30c3a220dee33d6bd87ded8c742b08dd68a7f738791ad589dc6f45c71dfd428",
            "insecure_skip_verify": false,
            "keep_remotely": false,
            "name": "711348555690.dkr.ecr.eu-central-1.amazonaws.com/front-repo:latest",
            "sha256_digest": "sha256:b30c3a220dee33d6bd87ded8c742b08dd68a7f738791ad589dc6f45c71dfd428",
            "triggers": {
              "filesha256": "9dd6df6a8aad0c5be2d0ff5d66c31f6c68abffb59be1e1152729b8af7f349738"
            }
          },
          "sensitive_attributes": [],
          "private": "bnVsbA==",
          "dependencies": [
            "aws_ecr_repository.FrontRepo",
            "data.aws_ecr_authorization_token.token",
            "docker_image.FrontImage"
          ]
        }
      ]
    }
  ],
  "check_results": null
}
