{
  "version": 4,
  "terraform_version": "1.7.0",
  "serial": 102,
  "lineage": "a595879c-8348-d326-a097-97e4ec7507b9",
  "outputs": {},
  "resources": [
    {
      "mode": "data",
      "type": "aws_ecr_authorization_token",
      "name": "token",
      "provider": "provider[\"registry.terraform.io/hashicorp/aws\"]",
      "instances": [
        {
          "schema_version": 0,
          "attributes": {
            "authorization_token": "QVdTOmV5SndZWGxzYjJGa0lqb2lWWGhxVFhaWlFUY3pOM0ZGTVRrMU9HOURlSEZ1ZEZsblltaEJjM0pITVRscFprRjJjbUZxVmxGa2VUbEhlV1oyZVVoQk5teDVVbEYzV1ZaaGNrbE5UekJXUldSSFoydHFaWHBsZFRKbFZIWnJkVFptWVVwWE4wZG1aMUJDV2xaYVYxRjFjazVtVG1wSVlraEhWa2xPVGxCc1ZYUmlVbTltTTJwNFMweHBXVFJsTW10TFkzUk1RbFJxY1VzMU5WRmFhekZYZERjclFsZHdUREZsWW1OWVFubExOV001ZERWNWRVdG5MMVpWUTAwelZYRnNUekprYjFsb1dFWjNMMngzZUZkYU1sTnRLMjFQVlhkaVVHODNURXhpYjJGSFYzRlFUMFZTZFdoak1YaDJMemw2V25VME5XTkdkRmxMVURoSWJHaDRRbVY1UjB4clZubHZOV3h0V1N0TlFTOW9lbWR3UVUxQ2NEUlBZVGxGVkZOSVJHNW5NMFpaVlZjdlMwYzBaWFUwVFRoTUx6UjZZblkwUW5ZMGNEZ3hLMmw2VFhWdVZpdHFRVmhuWjBWNVowOVFjMmhHV0ZwSWQyWnVRblJKZFZkUWVYTXhjRkZoVm5Cbk9HTlhSV0ZyWkhoc2VFWnlSVmRDY2xaYWNEWlNWMkpXTkVJeVkzTm1USEpxTTFOdWJHeHJiblZ5YTBOSlFsbDVNa1ZMTm1KWWJFZEhiRk5tWW1SSFp6ZGphM1J0VW1ORldpOVpUME0yVkRRck9HMHhRa3A1ZG1JeVoyTXpjM0JqYUdsM1EyaGhXbWt5VDBGa1QyMUZhM2R2VTFsdlVrSTVSbEJPYWs5TGFFbG1kRkk1TWtSalRHZ3JWSGQ1ZGt4eVF6SlVRaTlWWm05QlZIaGhjVnBMYVcxd1JrVlFTVUpMY1dvMlNHcFBhR2d3VUhSd05FaFlOMmhPUVhVNVYybE9kSGxzY0hCMGJ6SmFabk5OUkZsSFdVRTRRMk52ZWpONlFrbG5WV055ZFUxQk5tVXJhR1JSVkhSb2JsVlJOelZDY0dObGREQXhVVFZITTNoMFRub3pNSEpwYkVKdloxZFVkSEZFTmtwdU1tSnBkRzFpUjI0dmFXUlpWa3RJWVhkM2RrSXZObE40VkUxcU4xUllMMkZUVGpac1lVbDZjblJ6ZVZNclFXUnRNMEpzVjFGYWJrSmtVVTFqWW5KbmEzWnJOR3RvWmpWNVozZzJOV1JvT1cxelpqUTJUVmxLZVdzNFJqTXljRzB5YURkTllsbFRlRXRhTlZwU2RuaEpjVFUxUmk5TWQwUjVSbVI1UzJkVFZDOTFlbloyY20xWlMzazFiRFEyVkVNMVFXcEtjbVpwVUZBemRubEdNRTFsZEdocmRuRjZibUpVZFVkVVREWXZOa1Z4UkUxNlVIaFNkMGcyV0ZSRk9TOTFjVzl6ZWtjclpETlRPR1ZFYUU5SVdHcDVaMko0YkZsUVowMVRhbFZoZVRaU2EyVnVUalYwTlZsdFZsSnRXR2xHVFRGUWFHdHVXRnBYUmxSR1ZrTklLM2xDUW10aWFHSmFSMlEyVTBndmMwRnZZVTFVVG1wRU9FWnhObXBUWkRSM1JHWmhPVWhUYml0WldUVnRWMVV5VlVrNU9XWnNkeXRMUTFjNFVrUXJiVGczVlVwRmJFaEpVWFphU1doNWFFbzRlWEYxTW13d1JuZFNNeXRRTVRZcksxaDRORk1yT1d3MVpVcG5jalpUY1hkd1UwVkZOVmRuTkZjd05sbHlUMnBLUVZab1FWa3dLMFpWV1VkU1ZtSmpTV2hyVVVwNlRFOVBRazR2VjJ0WFpuWkRVVmxhWW5CV1VuVndOMlZzVTJsU1V6TlJOWEJsUWtSaWVGUTBLeXR2VDBwVFZ6ZFlRalUxVldSUU1IRkdTWGd6V1dSak9DOUdkQzlPWmxVemVVMWpkV3N5U2paM09ITlBka2QxVjNjdlVHc3dRWEZEYkZOVmFuWnRXV1ZDWnpoVWNuQnBkM1psZFhoNmJYRlNWVTV4VTA0aUxDSmtZWFJoYTJWNUlqb2lRVkZGUWtGSWFETjZXVTlrZEhCQ1FsTldkeTlaTW1GdU9FSllTVVEwYTNkTVVXWnViMVJxTlhwM1duUkhTbHB2V2xGQlFVRklOSGRtUVZsS1MyOWFTV2gyWTA1QlVXTkhiMGM0ZDJKUlNVSkJSRUp2UW1kcmNXaHJhVWM1ZHpCQ1FuZEZkMGhuV1VwWlNWcEpRVmRWUkVKQlJYVk5Ra1ZGUkVKTlZURnNVa3c1Vm5GTmFtYzNMelJCU1VKRlNVRTNlaXRCYmxoVGJtZDBlV0Z3YTJKSldXSjZRM1ZpTHpSMlFrVkplRmQzYmpoNU5HWjNVaTl1UkVSRVJETkNZa1pDVG5OaVpXRkJjbk5pYWtneldGcHdZVWxTYUhsV1JrdzNhVTkxVUhwWVJUMGlMQ0oyWlhKemFXOXVJam9pTWlJc0luUjVjR1VpT2lKRVFWUkJYMHRGV1NJc0ltVjRjR2x5WVhScGIyNGlPakUzTURZeE16QTFPREo5",
            "expires_at": "2024-01-24T21:09:42Z",
            "id": "eu-central-1",
            "password": "eyJwYXlsb2FkIjoiVXhqTXZZQTczN3FFMTk1OG9DeHFudFlnYmhBc3JHMTlpZkF2cmFqVlFkeTlHeWZ2eUhBNmx5UlF3WVZhcklNTzBWRWRHZ2tqZXpldTJlVHZrdTZmYUpXN0dmZ1BCWlZaV1F1ck5mTmpIYkhHVklOTlBsVXRiUm9mM2p4S0xpWTRlMmtLY3RMQlRqcUs1NVFaazFXdDcrQldwTDFlYmNYQnlLNWM5dDV5dUtnL1ZVQ00zVXFsTzJkb1loWEZ3L2x3eFdaMlNtK21PVXdiUG83TExib2FHV3FQT0VSdWhjMXh2Lzl6WnU0NWNGdFlLUDhIbGh4QmV5R0xrVnlvNWxtWStNQS9oemdwQU1CcDRPYTlFVFNIRG5nM0ZZVVcvS0c0ZXU0TThMLzR6YnY0QnY0cDgxK2l6TXVuVitqQVhnZ0V5Z09Qc2hGWFpId2ZuQnRJdVdQeXMxcFFhVnBnOGNXRWFrZHhseEZyRVdCclZacDZSV2JWNEIyY3NmTHJqM1NubGxrbnVya0NJQll5MkVLNmJYbEdHbFNmYmRHZzdja3RtUmNFWi9ZT0M2VDQrOG0xQkp5dmIyZ2Mzc3BjaGl3Q2hhWmkyT0FkT21Fa3dvU1lvUkI5RlBOak9LaElmdFI5MkRjTGgrVHd5dkxyQzJUQi9VZm9BVHhhcVpLaW1wRkVQSUJLcWo2SGpPaGgwUHRwNEhYN2hOQXU5V2lOdHlscHB0bzJaZnNNRFlHWUE4Q2NvejN6QklnVWNydU1BNmUraGRRVHRoblVRNzVCcGNldDAxUTVHM3h0TnozMHJpbEJvZ1dUdHFENkpuMmJpdG1iR24vaWRZVktIYXd3dkIvNlN4VE1qN1RYL2FTTjZsYUl6cnRzeVMrQWRtM0JsV1FabkJkUU1jYnJna3ZrNGtoZjV5Z3g2NWRoOW1zZjQ2TVlKeWs4RjMycG0yaDdNYllTeEtaNVpSdnhJcTU1Ri9Md0R5RmR5S2dTVC91enZ2cm1ZS3k1bDQ2VEM1QWpKcmZpUFAzdnlGME1ldGhrdnF6bmJUdUdUTDYvNkVxRE16UHhSd0g2WFRFOS91cW9zekcrZDNTOGVEaE9IWGp5Z2J4bFlQZ01TalVheTZSa2VuTjV0NVltVlJtWGlGTTFQaGtuWFpXRlRGVkNIK3lCQmtiaGJaR2Q2U0gvc0FvYU1UTmpEOEZxNmpTZDR3RGZhOUhTbitZWTVtV1UyVUk5OWZsdytLQ1c4UkQrbTg3VUpFbEhJUXZaSWh5aEo4eXF1MmwwRndSMytQMTYrK1h4NFMrOWw1ZUpncjZTcXdwU0VFNVdnNFcwNllyT2pKQVZoQVkwK0ZVWUdSVmJjSWhrUUp6TE9PQk4vV2tXZnZDUVlaYnBWUnVwN2VsU2lSUzNRNXBlQkRieFQ0KytvT0pTVzdYQjU1VWRQMHFGSXgzWWRjOC9GdC9OZlUzeU1jdWsySjZ3OHNPdkd1V3cvUGswQXFDbFNVanZtWWVCZzhUcnBpd3ZldXh6bXFSVU5xU04iLCJkYXRha2V5IjoiQVFFQkFIaDN6WU9kdHBCQlNWdy9ZMmFuOEJYSUQ0a3dMUWZub1RqNXp3WnRHSlpvWlFBQUFINHdmQVlKS29aSWh2Y05BUWNHb0c4d2JRSUJBREJvQmdrcWhraUc5dzBCQndFd0hnWUpZSVpJQVdVREJBRXVNQkVFREJNVTFsUkw5VnFNamc3LzRBSUJFSUE3eitBblhTbmd0eWFwa2JJWWJ6Q3ViLzR2QkVJeFd3bjh5NGZ3Ui9uRERERDNCYkZCTnNiZWFBcnNiakgzWFpwYUlSaHlWRkw3aU91UHpYRT0iLCJ2ZXJzaW9uIjoiMiIsInR5cGUiOiJEQVRBX0tFWSIsImV4cGlyYXRpb24iOjE3MDYxMzA1ODJ9",
            "proxy_endpoint": "https://711348555690.dkr.ecr.eu-central-1.amazonaws.com",
            "registry_id": null,
            "user_name": "AWS"
          },
          "sensitive_attributes": []
        }
      ]
    },
    {
      "mode": "managed",
      "type": "aws_ecr_repository",
      "name": "BackRepo",
      "provider": "provider[\"registry.terraform.io/hashicorp/aws\"]",
      "instances": [
        {
          "schema_version": 0,
          "attributes": {
            "arn": "arn:aws:ecr:eu-central-1:711348555690:repository/back-repo",
            "encryption_configuration": [
              {
                "encryption_type": "AES256",
                "kms_key": ""
              }
            ],
            "force_delete": null,
            "id": "back-repo",
            "image_scanning_configuration": [
              {
                "scan_on_push": false
              }
            ],
            "image_tag_mutability": "MUTABLE",
            "name": "back-repo",
            "registry_id": "711348555690",
            "repository_url": "711348555690.dkr.ecr.eu-central-1.amazonaws.com/back-repo",
            "tags": {},
            "tags_all": {},
            "timeouts": null
          },
          "sensitive_attributes": [],
          "private": "eyJlMmJmYjczMC1lY2FhLTExZTYtOGY4OC0zNDM2M2JjN2M0YzAiOnsiZGVsZXRlIjoxMjAwMDAwMDAwMDAwfX0="
        }
      ]
    },
    {
      "mode": "managed",
      "type": "aws_ecr_repository",
      "name": "FrontRepo",
      "provider": "provider[\"registry.terraform.io/hashicorp/aws\"]",
      "instances": [
        {
          "schema_version": 0,
          "attributes": {
            "arn": "arn:aws:ecr:eu-central-1:711348555690:repository/front-repo",
            "encryption_configuration": [
              {
                "encryption_type": "AES256",
                "kms_key": ""
              }
            ],
            "force_delete": null,
            "id": "front-repo",
            "image_scanning_configuration": [
              {
                "scan_on_push": false
              }
            ],
            "image_tag_mutability": "MUTABLE",
            "name": "front-repo",
            "registry_id": "711348555690",
            "repository_url": "711348555690.dkr.ecr.eu-central-1.amazonaws.com/front-repo",
            "tags": {},
            "tags_all": {},
            "timeouts": null
          },
          "sensitive_attributes": [],
          "private": "eyJlMmJmYjczMC1lY2FhLTExZTYtOGY4OC0zNDM2M2JjN2M0YzAiOnsiZGVsZXRlIjoxMjAwMDAwMDAwMDAwfX0="
        }
      ]
    },
    {
      "mode": "managed",
      "type": "aws_iam_role",
      "name": "LambdaExecRole",
      "provider": "provider[\"registry.terraform.io/hashicorp/aws\"]",
      "instances": [
        {
          "schema_version": 0,
          "attributes": {
            "arn": "arn:aws:iam::711348555690:role/terraform-20240124090945030400000001",
            "assume_role_policy": "{\"Statement\":[{\"Action\":\"sts:AssumeRole\",\"Effect\":\"Allow\",\"Principal\":{\"Service\":\"lambda.amazonaws.com\"}}],\"Version\":\"2012-10-17\"}",
            "create_date": "2024-01-24T09:09:44Z",
            "description": "",
            "force_detach_policies": false,
            "id": "terraform-20240124090945030400000001",
            "inline_policy": [],
            "managed_policy_arns": [],
            "max_session_duration": 3600,
            "name": "terraform-20240124090945030400000001",
            "name_prefix": "terraform-",
            "path": "/",
            "permissions_boundary": "",
            "tags": null,
            "tags_all": {},
            "unique_id": "AROA2LH5NR6VHR2FRSH56"
          },
          "sensitive_attributes": [],
          "private": "bnVsbA=="
        }
      ]
    },
    {
      "mode": "managed",
      "type": "aws_lambda_function",
      "name": "BackLambda",
      "provider": "provider[\"registry.terraform.io/hashicorp/aws\"]",
      "instances": [
        {
          "schema_version": 0,
          "attributes": {
            "architectures": [
              "arm64"
            ],
            "arn": "arn:aws:lambda:eu-central-1:711348555690:function:back-lambda",
            "code_signing_config_arn": "",
            "dead_letter_config": [],
            "description": "",
            "environment": [],
            "ephemeral_storage": [
              {
                "size": 512
              }
            ],
            "file_system_config": [],
            "filename": null,
            "function_name": "back-lambda",
            "handler": "",
            "id": "back-lambda",
            "image_config": [],
            "image_uri": "711348555690.dkr.ecr.eu-central-1.amazonaws.com/back-repo:latest",
            "invoke_arn": "arn:aws:apigateway:eu-central-1:lambda:path/2015-03-31/functions/arn:aws:lambda:eu-central-1:711348555690:function:back-lambda/invocations",
            "kms_key_arn": "",
            "last_modified": "2024-01-24T09:09:53.094+0000",
            "layers": null,
            "logging_config": [
              {
                "application_log_level": "INFO",
                "log_format": "JSON",
                "log_group": "/aws/lambda/back-lambda",
                "system_log_level": "INFO"
              }
            ],
            "memory_size": 1792,
            "package_type": "Image",
            "publish": false,
            "qualified_arn": "arn:aws:lambda:eu-central-1:711348555690:function:back-lambda:$LATEST",
            "qualified_invoke_arn": "arn:aws:apigateway:eu-central-1:lambda:path/2015-03-31/functions/arn:aws:lambda:eu-central-1:711348555690:function:back-lambda:$LATEST/invocations",
            "replace_security_groups_on_destroy": null,
            "replacement_security_group_ids": null,
            "reserved_concurrent_executions": -1,
            "role": "arn:aws:iam::711348555690:role/terraform-20240124090945030400000001",
            "runtime": "",
            "s3_bucket": null,
            "s3_key": null,
            "s3_object_version": null,
            "signing_job_arn": "",
            "signing_profile_version_arn": "",
            "skip_destroy": false,
            "snap_start": [],
            "source_code_hash": "f25f0bdc6c7a8384ed41a937fe83ae0acad48764319bec4771ef61a3f8ab4841",
            "source_code_size": 0,
            "tags": null,
            "tags_all": {},
            "timeout": 5,
            "timeouts": null,
            "tracing_config": [
              {
                "mode": "PassThrough"
              }
            ],
            "version": "$LATEST",
            "vpc_config": []
          },
          "sensitive_attributes": [],
          "private": "eyJlMmJmYjczMC1lY2FhLTExZTYtOGY4OC0zNDM2M2JjN2M0YzAiOnsiY3JlYXRlIjo2MDAwMDAwMDAwMDAsImRlbGV0ZSI6NjAwMDAwMDAwMDAwLCJ1cGRhdGUiOjYwMDAwMDAwMDAwMH19",
          "dependencies": [
            "aws_ecr_repository.BackRepo",
            "aws_iam_role.LambdaExecRole",
            "data.aws_ecr_authorization_token.token",
            "docker_image.BackImage"
          ]
        }
      ]
    },
    {
      "mode": "managed",
      "type": "docker_image",
      "name": "BackImage",
      "provider": "provider[\"registry.terraform.io/kreuzwerker/docker\"]",
      "instances": [
        {
          "schema_version": 0,
          "attributes": {
            "build": [
              {
                "auth_config": [],
                "build_arg": {},
                "build_args": {},
                "build_id": "",
                "cache_from": [],
                "cgroup_parent": "",
                "context": "/home/user/github/cdktf-project/src/back",
                "cpu_period": 0,
                "cpu_quota": 0,
                "cpu_set_cpus": "",
                "cpu_set_mems": "",
                "cpu_shares": 0,
                "dockerfile": "Dockerfile",
                "extra_hosts": [],
                "force_remove": false,
                "isolation": "",
                "label": {},
                "labels": {},
                "memory": 0,
                "memory_swap": 0,
                "network_mode": "",
                "no_cache": false,
                "platform": "",
                "pull_parent": false,
                "remote_context": "",
                "remove": true,
                "security_opt": [],
                "session_id": "",
                "shm_size": 0,
                "squash": false,
                "suppress_output": false,
                "tag": [],
                "target": "",
                "ulimit": [],
                "version": ""
              }
            ],
            "force_remove": null,
            "id": "sha256:d9e54ff0c0935a2beec791e31962ed9a7ef7d9ad19056ee150e6390386e27188711348555690.dkr.ecr.eu-central-1.amazonaws.com/back-repo:latest",
            "image_id": "sha256:d9e54ff0c0935a2beec791e31962ed9a7ef7d9ad19056ee150e6390386e27188",
            "keep_locally": null,
            "name": "711348555690.dkr.ecr.eu-central-1.amazonaws.com/back-repo:latest",
            "platform": "linux/arm64",
            "pull_triggers": null,
            "repo_digest": "711348555690.dkr.ecr.eu-central-1.amazonaws.com/back-repo@sha256:f25f0bdc6c7a8384ed41a937fe83ae0acad48764319bec4771ef61a3f8ab4841",
            "triggers": null
          },
          "sensitive_attributes": [],
          "private": "bnVsbA==",
          "dependencies": [
            "aws_ecr_repository.BackRepo",
            "data.aws_ecr_authorization_token.token"
          ]
        }
      ]
    },
    {
      "mode": "managed",
      "type": "docker_image",
      "name": "FrontImage",
      "provider": "provider[\"registry.terraform.io/kreuzwerker/docker\"]",
      "instances": [
        {
          "schema_version": 0,
          "attributes": {
            "build": [
              {
                "auth_config": [],
                "build_arg": {},
                "build_args": {},
                "build_id": "",
                "cache_from": [],
                "cgroup_parent": "",
                "context": "/home/user/github/cdktf-project/src/front",
                "cpu_period": 0,
                "cpu_quota": 0,
                "cpu_set_cpus": "",
                "cpu_set_mems": "",
                "cpu_shares": 0,
                "dockerfile": "Dockerfile",
                "extra_hosts": [],
                "force_remove": false,
                "isolation": "",
                "label": {},
                "labels": {},
                "memory": 0,
                "memory_swap": 0,
                "network_mode": "",
                "no_cache": false,
                "platform": "",
                "pull_parent": false,
                "remote_context": "",
                "remove": true,
                "security_opt": [],
                "session_id": "",
                "shm_size": 0,
                "squash": false,
                "suppress_output": false,
                "tag": [],
                "target": "",
                "ulimit": [],
                "version": ""
              }
            ],
            "force_remove": null,
            "id": "sha256:c78d471df96f5bf0d4538c961fbbf07e1f790f0d2c2dc8feae2d573d7c44e883711348555690.dkr.ecr.eu-central-1.amazonaws.com/front-repo",
            "image_id": "sha256:c78d471df96f5bf0d4538c961fbbf07e1f790f0d2c2dc8feae2d573d7c44e883",
            "keep_locally": null,
            "name": "711348555690.dkr.ecr.eu-central-1.amazonaws.com/front-repo",
            "platform": "linux/arm64",
            "pull_triggers": null,
            "repo_digest": "711348555690.dkr.ecr.eu-central-1.amazonaws.com/front-repo@sha256:b30c3a220dee33d6bd87ded8c742b08dd68a7f738791ad589dc6f45c71dfd428",
            "triggers": null
          },
          "sensitive_attributes": [],
          "private": "bnVsbA==",
          "dependencies": [
            "aws_ecr_repository.FrontRepo",
            "data.aws_ecr_authorization_token.token"
          ]
        }
      ]
    },
    {
      "mode": "managed",
      "type": "docker_registry_image",
      "name": "BackUpload",
      "provider": "provider[\"registry.terraform.io/kreuzwerker/docker\"]",
      "instances": [
        {
          "schema_version": 0,
          "attributes": {
            "id": "sha256:f25f0bdc6c7a8384ed41a937fe83ae0acad48764319bec4771ef61a3f8ab4841",
            "insecure_skip_verify": false,
            "keep_remotely": false,
            "name": "711348555690.dkr.ecr.eu-central-1.amazonaws.com/back-repo:latest",
            "sha256_digest": "sha256:f25f0bdc6c7a8384ed41a937fe83ae0acad48764319bec4771ef61a3f8ab4841",
            "triggers": null
          },
          "sensitive_attributes": [],
          "private": "bnVsbA==",
          "dependencies": [
            "aws_ecr_repository.BackRepo",
            "data.aws_ecr_authorization_token.token",
            "docker_image.BackImage"
          ]
        }
      ]
    },
    {
      "mode": "managed",
      "type": "docker_registry_image",
      "name": "FrontUpload",
      "provider": "provider[\"registry.terraform.io/kreuzwerker/docker\"]",
      "instances": [
        {
          "schema_version": 0,
          "attributes": {
            "id": "sha256:b30c3a220dee33d6bd87ded8c742b08dd68a7f738791ad589dc6f45c71dfd428",
            "insecure_skip_verify": false,
            "keep_remotely": false,
            "name": "711348555690.dkr.ecr.eu-central-1.amazonaws.com/front-repo",
            "sha256_digest": "sha256:b30c3a220dee33d6bd87ded8c742b08dd68a7f738791ad589dc6f45c71dfd428",
            "triggers": null
          },
          "sensitive_attributes": [],
          "private": "bnVsbA==",
          "dependencies": [
            "aws_ecr_repository.FrontRepo",
            "data.aws_ecr_authorization_token.token",
            "docker_image.FrontImage"
          ]
        }
      ]
    }
  ],
  "check_results": null
}
