{
  "version": 4,
  "terraform_version": "1.7.0",
  "serial": 164,
  "lineage": "a595879c-8348-d326-a097-97e4ec7507b9",
  "outputs": {},
  "resources": [
    {
      "mode": "data",
      "type": "aws_ecr_authorization_token",
      "name": "token",
      "provider": "provider[\"registry.terraform.io/hashicorp/aws\"]",
      "instances": [
        {
          "schema_version": 0,
          "attributes": {
            "authorization_token": "QVdTOmV5SndZWGxzYjJGa0lqb2lha1kxU1RacVJHWkVXV0Z3WlhwM1RUTXhPR1ZITlM5UlJHZG1WMHhuU1U5S1prRnBhblp3Vm1OeFFVeG1URzlHUWtab2VWbzViREZOV1hwRU1uTnhZWHBIZUM5WWNtdGtRakV5YzBnMGF6STNWbVZxVUVGUGRFOHZWa3RMVFdwUmRrRTRRa1UzVEZJMEwyTnRVU3RtTjFaaVpFTTRTRzVqUzJvMVpXWm1SR3hwU2pKWWNVNXJRalZUYkVWWlJGQmxLMlF5YVhNeFVtc3JWVU15WW1aYU5WSndTbkJoVFZaelVtZHZSRk4zV0d4c2NscDBXVFpCU1VKWU0wdGFXakIwZWxCaFVGcDBObEI2VDNwb1UwNTVSMnd6VUhOWFZtZDJRbTR3VjFKWVRIcHNOMU00T1RkQllTdEJVSEJJY3k5dVQyTldVM3BIUkZOYVYwazJVa2RvU0d4VmVsbGFhVWhaWkhGamNFUmFjV2xoUjNWM2IyMXhhWE5XVVd4YVEwWktjV0Y1TUZsU2VqRnRjMDFRTlVkUlZUWXliMGhoTmsxT1NUQjRTVGR0UlUxSGRsRlJTVUpoVm1VeVFTOHhORGwyYUd0bVFXOVNRMlZ5VEdvNU0xWlpXakpoUW1GVVRFUXpWMU5rVFZkalltZGFWMk5pVDBObE1rTXZWazB5VTNSSFNVWXlRMVZsWTBRNWNrWkJSeTlEU2pWWGRsZG1kV1Y0ZVZCMGNpdG9Obk5KVERsMVpEQndiME5rTldaeGREVm9SWFkzTjJkRWRHMDNNbGRrUlRndlRuWjNUR2xxUVVRNVVIRXhjWFVyVURobk9HRlNZV2RNZVZKRWFsUXZiSFJwU0ZCREswOUlaVlpIV0RNM01EQTBVVzUwUVZaaVNrODNVR2RaZDFkNVUwaE1lRWR2TkRoR0t6Y3pjMFZzZDI5MlRVOU1aVGtyWVZBdldVTXdZWEJRYlVWMmN6bE5ZVVJMVmxVd01tdzFhV3d2VDBWSWFVRTBTRnBSY2xsaWJVRXlTa0o2VDI5dGVGTnpjWGRYWkRBMGRqUTNhM0Z4YUhjNFdHeFBTbmxoTVVkT01VNVVRV0l6Y0VZMlkxVmFZMHRvU1hSa05VWjZRbVpQU0dGWmJqbG9UMFpWWWswMk5UaEpWVWt6T1hKcFpuVk5ZMHhoUmpaemFXNVphVVJUYlRoeWVGZHpXbWt4ZWpVMVUyVk5UbkZHTlZoQ1ExbGlhVTlLUWxoTU5GSkZUSE5uY25WeFQzZG9SMHhzVUhoWVJtRkJOMmMwWm5JM1RTOUxPV1pJUmtGTVpFMXlWR05STUZrclJEUmxXRFZTTUhoRVkwRlpja0lyTURkQk5rSkNkRGRqVXpWTk1XazBkbWRJWVRGNlowcDZjRFZSVURaelNWcDBTVTkzVXpsUE9VZFdjRVpxUlhCa1lqaGxhVkYyUjA1VE9FZ3hkMHN2YjJwcVNqWlBObHBDY1haaFdqTmFRMFphTjJWd1JXaHRjWGszU21NdllXazRZWGR1UXpWWU1EQjNWVU5KZG5ka2EyUlNSREJIUTBWbFREZFhiMkYzYW5kRFl6QXJkRXROUmtoR1dXcGhZMVJSWjB4TVVsQjBOMU4zUm1KbFFWTnpOMnhGUkVNd1JXTkxNelptTW1od1RGWkdOMVJxVjNsb1NITkdia2xQV1c1RmRpOUJaa041UVU1aFYwMXpMeXQ2WjFCaE0xWkNUblZJT1ZVM2MwdGFNVTlDV1haSlNHUTVNbkpXYUZwTGIzaHdTRzVOUWxRdk9HVXlZblZHTUZaMFUwNTVOaTgxYW1GbVoyeHhUbEkyWVd0MlRFdzNRV1YzTjJsaWJEbHVMMlpqY1hkNlYxZHllSFZSTkRGSWJUazNhWFEwVm1zdmVsTlFibmxHVGxWbmNtdDRSbk50Y1d0emVGTldURnBRUkhseloyVnBlRXRoVlhadmNqZzBhemxrUlhGRlVqUlZWWFpJVVhBd2FuQjJObEZ2YWtReE5IWjJOVEZ1UkhwV1JucHRhRmN6VWpjaUxDSmtZWFJoYTJWNUlqb2lRVkZGUWtGSWFETjZXVTlrZEhCQ1FsTldkeTlaTW1GdU9FSllTVVEwYTNkTVVXWnViMVJxTlhwM1duUkhTbHB2V2xGQlFVRklOSGRtUVZsS1MyOWFTV2gyWTA1QlVXTkhiMGM0ZDJKUlNVSkJSRUp2UW1kcmNXaHJhVWM1ZHpCQ1FuZEZkMGhuV1VwWlNWcEpRVmRWUkVKQlJYVk5Ra1ZGUkVveGVIb3ZVR28wVFRsRGN6WjNOWFozU1VKRlNVRTNXRlp6T1ZoNFFYZzJjSFIzVms1bk5IRTJkMUZHVnpGMlYzcFBiRTh4V0ZjNGQweEdhVlJUYlhCdmVVNDBkRUpNYlVaUU5GWldZVTFwUXpOMFYxWTRjbVJrV1ZWMWNWQnZibmxvTUVFck1EMGlMQ0oyWlhKemFXOXVJam9pTWlJc0luUjVjR1VpT2lKRVFWUkJYMHRGV1NJc0ltVjRjR2x5WVhScGIyNGlPakUzTURZeE5ETTNPVEI5",
            "expires_at": "2024-01-25T00:49:50Z",
            "id": "eu-central-1",
            "password": "eyJwYXlsb2FkIjoiakY1STZqRGZEWWFwZXp3TTMxOGVHNS9RRGdmV0xnSU9KZkFpanZwVmNxQUxmTG9GQkZoeVo5bDFNWXpEMnNxYXpHeC9YcmtkQjEyc0g0azI3VmVqUEFPdE8vVktLTWpRdkE4QkU3TFI0L2NtUStmN1ZiZEM4SG5jS2o1ZWZmRGxpSjJYcU5rQjVTbEVZRFBlK2QyaXMxUmsrVUMyYmZaNVJwSnBhTVZzUmdvRFN3WGxsclp0WTZBSUJYM0taWjB0elBhUFp0NlB6T3poU055R2wzUHNXVmd2Qm4wV1JYTHpsN1M4OTdBYStBUHBIcy9uT2NWU3pHRFNaV0k2UkdoSGxVellaaUhZZHFjcERacWlhR3V3b21xaXNWUWxaQ0ZKcWF5MFlSejFtc01QNUdRVTYyb0hhNk1OSTB4STdtRU1HdlFRSUJhVmUyQS8xNDl2aGtmQW9SQ2VyTGo5M1ZZWjJhQmFUTEQzV1NkTVdjYmdaV2NiT0NlMkMvVk0yU3RHSUYyQ1VlY0Q5ckZBRy9DSjVXdldmdWV4eVB0citoNnNJTDl1ZDBwb0NkNWZxdDVoRXY3N2dEdG03MldkRTgvTnZ3TGlqQUQ5UHExcXUrUDhnOGFSYWdMeVJEalQvbHRpSFBDK09IZVZHWDM3MDA0UW50QVZiSk83UGdZd1d5U0hMeEdvNDhGKzczc0Vsd292TU9MZTkrYVAvWUMwYXBQbUV2czlNYURLVlUwMmw1aWwvT0VIaUE0SFpRcllibUEySkJ6T29teFNzcXdXZDA0djQ3a3FxaHc4WGxPSnlhMUdOMU5UQWIzcEY2Y1VaY0toSXRkNUZ6QmZPSGFZbjloT0ZVYk02NThJVUkzOXJpZnVNY0xhRjZzaW5ZaURTbThyeFdzWmkxejU1U2VNTnFGNVhCQ1liaU9KQlhMNFJFTHNncnVxT3doR0xsUHhYRmFBN2c0ZnI3TS9LOWZIRkFMZE1yVGNRMFkrRDRlWDVSMHhEY0FZckIrMDdBNkJCdDdjUzVNMWk0dmdIYTF6Z0p6cDVRUDZzSVp0SU93UzlPOUdWcEZqRXBkYjhlaVF2R05TOEgxd0svb2pqSjZPNlpCcXZhWjNaQ0ZaN2VwRWhtcXk3SmMvYWk4YXduQzVYMDB3VUNJdndka2RSRDBHQ0VlTDdXb2F3andDYzArdEtNRkhGWWphY1RRZ0xMUlB0N1N3RmJlQVNzN2xFREMwRWNLMzZmMmhwTFZGN1RqV3loSHNGbklPWW5Fdi9BZkN5QU5hV01zLyt6Z1BhM1ZCTnVIOVU3c0taMU9CWXZJSGQ5MnJWaFpLb3hwSG5NQlQvOGUyYnVGMFZ0U055Ni81amFmZ2xxTlI2YWt2TEw3QWV3N2libDluL2ZjcXd6V1dyeHVRNDFIbTk3aXQ0VmsvelNQbnlGTlVncmt4RnNtcWtzeFNWTFpQRHlzZ2VpeEthVXZvcjg0azlkRXFFUjRVVXZIUXAwanB2NlFvakQxNHZ2NTFuRHpWRnptaFczUjciLCJkYXRha2V5IjoiQVFFQkFIaDN6WU9kdHBCQlNWdy9ZMmFuOEJYSUQ0a3dMUWZub1RqNXp3WnRHSlpvWlFBQUFINHdmQVlKS29aSWh2Y05BUWNHb0c4d2JRSUJBREJvQmdrcWhraUc5dzBCQndFd0hnWUpZSVpJQVdVREJBRXVNQkVFREoxeHovUGo0TTlDczZ3NXZ3SUJFSUE3WFZzOVh4QXg2cHR3Vk5nNHE2d1FGVzF2V3pPbE8xWFc4d0xGaVRTbXBveU40dEJMbUZQNFZWYU1pQzN0V1Y4cmRkWVV1cVBvbnloMEErMD0iLCJ2ZXJzaW9uIjoiMiIsInR5cGUiOiJEQVRBX0tFWSIsImV4cGlyYXRpb24iOjE3MDYxNDM3OTB9",
            "proxy_endpoint": "https://711348555690.dkr.ecr.eu-central-1.amazonaws.com",
            "registry_id": null,
            "user_name": "AWS"
          },
          "sensitive_attributes": []
        }
      ]
    },
    {
      "mode": "managed",
      "type": "aws_ecr_repository",
      "name": "BackRepo",
      "provider": "provider[\"registry.terraform.io/hashicorp/aws\"]",
      "instances": [
        {
          "schema_version": 0,
          "attributes": {
            "arn": "arn:aws:ecr:eu-central-1:711348555690:repository/back-repo",
            "encryption_configuration": [
              {
                "encryption_type": "AES256",
                "kms_key": ""
              }
            ],
            "force_delete": null,
            "id": "back-repo",
            "image_scanning_configuration": [
              {
                "scan_on_push": false
              }
            ],
            "image_tag_mutability": "MUTABLE",
            "name": "back-repo",
            "registry_id": "711348555690",
            "repository_url": "711348555690.dkr.ecr.eu-central-1.amazonaws.com/back-repo",
            "tags": {},
            "tags_all": {},
            "timeouts": null
          },
          "sensitive_attributes": [],
          "private": "eyJlMmJmYjczMC1lY2FhLTExZTYtOGY4OC0zNDM2M2JjN2M0YzAiOnsiZGVsZXRlIjoxMjAwMDAwMDAwMDAwfX0="
        }
      ]
    },
    {
      "mode": "managed",
      "type": "aws_ecr_repository",
      "name": "FrontRepo",
      "provider": "provider[\"registry.terraform.io/hashicorp/aws\"]",
      "instances": [
        {
          "schema_version": 0,
          "attributes": {
            "arn": "arn:aws:ecr:eu-central-1:711348555690:repository/front-repo",
            "encryption_configuration": [
              {
                "encryption_type": "AES256",
                "kms_key": ""
              }
            ],
            "force_delete": null,
            "id": "front-repo",
            "image_scanning_configuration": [
              {
                "scan_on_push": false
              }
            ],
            "image_tag_mutability": "MUTABLE",
            "name": "front-repo",
            "registry_id": "711348555690",
            "repository_url": "711348555690.dkr.ecr.eu-central-1.amazonaws.com/front-repo",
            "tags": {},
            "tags_all": {},
            "timeouts": null
          },
          "sensitive_attributes": [],
          "private": "eyJlMmJmYjczMC1lY2FhLTExZTYtOGY4OC0zNDM2M2JjN2M0YzAiOnsiZGVsZXRlIjoxMjAwMDAwMDAwMDAwfX0="
        }
      ]
    },
    {
      "mode": "managed",
      "type": "aws_iam_role",
      "name": "LambdaRole",
      "provider": "provider[\"registry.terraform.io/hashicorp/aws\"]",
      "instances": [
        {
          "schema_version": 0,
          "attributes": {
            "arn": "arn:aws:iam::711348555690:role/lambda-role",
            "assume_role_policy": "{\"Statement\":[{\"Action\":\"sts:AssumeRole\",\"Effect\":\"Allow\",\"Principal\":{\"Service\":\"lambda.amazonaws.com\"}}],\"Version\":\"2012-10-17\"}",
            "create_date": "2024-01-24T09:19:00Z",
            "description": "",
            "force_detach_policies": false,
            "id": "lambda-role",
            "inline_policy": [],
            "managed_policy_arns": [
              "arn:aws:iam::aws:policy/service-role/AWSLambdaBasicExecutionRole"
            ],
            "max_session_duration": 3600,
            "name": "lambda-role",
            "name_prefix": "",
            "path": "/",
            "permissions_boundary": "",
            "tags": {},
            "tags_all": {},
            "unique_id": "AROA2LH5NR6VHPN5QYHTG"
          },
          "sensitive_attributes": [],
          "private": "bnVsbA=="
        }
      ]
    },
    {
      "mode": "managed",
      "type": "aws_iam_role_policy_attachment",
      "name": "LambdaExecPolicyAttachment",
      "provider": "provider[\"registry.terraform.io/hashicorp/aws\"]",
      "instances": [
        {
          "schema_version": 0,
          "attributes": {
            "id": "lambda-role-20240124091902102000000001",
            "policy_arn": "arn:aws:iam::aws:policy/service-role/AWSLambdaBasicExecutionRole",
            "role": "lambda-role"
          },
          "sensitive_attributes": [],
          "private": "bnVsbA==",
          "dependencies": [
            "aws_iam_role.LambdaRole"
          ]
        }
      ]
    },
    {
      "mode": "managed",
      "type": "aws_lambda_function",
      "name": "BackLambda",
      "provider": "provider[\"registry.terraform.io/hashicorp/aws\"]",
      "instances": [
        {
          "schema_version": 0,
          "attributes": {
            "architectures": [
              "arm64"
            ],
            "arn": "arn:aws:lambda:eu-central-1:711348555690:function:back-lambda",
            "code_signing_config_arn": "",
            "dead_letter_config": [],
            "description": "",
            "environment": [],
            "ephemeral_storage": [
              {
                "size": 512
              }
            ],
            "file_system_config": [],
            "filename": null,
            "function_name": "back-lambda",
            "handler": "",
            "id": "back-lambda",
            "image_config": [],
            "image_uri": "711348555690.dkr.ecr.eu-central-1.amazonaws.com/back-repo:latest",
            "invoke_arn": "arn:aws:apigateway:eu-central-1:lambda:path/2015-03-31/functions/arn:aws:lambda:eu-central-1:711348555690:function:back-lambda/invocations",
            "kms_key_arn": "",
            "last_modified": "2024-01-24T12:49:54.000+0000",
            "layers": [],
            "logging_config": [
              {
                "application_log_level": "INFO",
                "log_format": "JSON",
                "log_group": "/aws/lambda/back-lambda",
                "system_log_level": "INFO"
              }
            ],
            "memory_size": 1792,
            "package_type": "Image",
            "publish": false,
            "qualified_arn": "arn:aws:lambda:eu-central-1:711348555690:function:back-lambda:$LATEST",
            "qualified_invoke_arn": "arn:aws:apigateway:eu-central-1:lambda:path/2015-03-31/functions/arn:aws:lambda:eu-central-1:711348555690:function:back-lambda:$LATEST/invocations",
            "replace_security_groups_on_destroy": null,
            "replacement_security_group_ids": null,
            "reserved_concurrent_executions": -1,
            "role": "arn:aws:iam::711348555690:role/lambda-role",
            "runtime": "",
            "s3_bucket": null,
            "s3_key": null,
            "s3_object_version": null,
            "signing_job_arn": "",
            "signing_profile_version_arn": "",
            "skip_destroy": false,
            "snap_start": [],
            "source_code_hash": "f25f0bdc6c7a8384ed41a937fe83ae0acad48764319bec4771ef61a3f8ab4841",
            "source_code_size": 0,
            "tags": {},
            "tags_all": {},
            "timeout": 5,
            "timeouts": null,
            "tracing_config": [
              {
                "mode": "PassThrough"
              }
            ],
            "version": "$LATEST",
            "vpc_config": []
          },
          "sensitive_attributes": [],
          "private": "eyJlMmJmYjczMC1lY2FhLTExZTYtOGY4OC0zNDM2M2JjN2M0YzAiOnsiY3JlYXRlIjo2MDAwMDAwMDAwMDAsImRlbGV0ZSI6NjAwMDAwMDAwMDAwLCJ1cGRhdGUiOjYwMDAwMDAwMDAwMH19",
          "dependencies": [
            "aws_ecr_repository.BackRepo",
            "aws_iam_role.LambdaRole",
            "data.aws_ecr_authorization_token.token",
            "docker_image.BackImage"
          ]
        }
      ]
    },
    {
      "mode": "managed",
      "type": "aws_lambda_function_url",
      "name": "BackLambdaUrl",
      "provider": "provider[\"registry.terraform.io/hashicorp/aws\"]",
      "instances": [
        {
          "schema_version": 0,
          "attributes": {
            "authorization_type": "NONE",
            "cors": [],
            "function_arn": "arn:aws:lambda:eu-central-1:711348555690:function:back-lambda",
            "function_name": "back-lambda",
            "function_url": "https://bxhne6uumeuxjabn5oo4bpp4ty0jkcfg.lambda-url.eu-central-1.on.aws/",
            "id": "back-lambda",
            "invoke_mode": "BUFFERED",
            "qualifier": "",
            "timeouts": null,
            "url_id": "bxhne6uumeuxjabn5oo4bpp4ty0jkcfg"
          },
          "sensitive_attributes": [],
          "private": "eyJlMmJmYjczMC1lY2FhLTExZTYtOGY4OC0zNDM2M2JjN2M0YzAiOnsiY3JlYXRlIjo2MDAwMDAwMDAwMDB9fQ==",
          "dependencies": [
            "aws_ecr_repository.BackRepo",
            "aws_iam_role.LambdaRole",
            "aws_lambda_function.BackLambda",
            "data.aws_ecr_authorization_token.token",
            "docker_image.BackImage"
          ]
        }
      ]
    },
    {
      "mode": "managed",
      "type": "docker_image",
      "name": "BackImage",
      "provider": "provider[\"registry.terraform.io/kreuzwerker/docker\"]",
      "instances": [
        {
          "schema_version": 0,
          "attributes": {
            "build": [
              {
                "auth_config": [],
                "build_arg": null,
                "build_args": null,
                "build_id": "",
                "cache_from": [],
                "cgroup_parent": "",
                "context": "/home/user/github/cdktf-project/src/back",
                "cpu_period": null,
                "cpu_quota": null,
                "cpu_set_cpus": "",
                "cpu_set_mems": "",
                "cpu_shares": null,
                "dockerfile": "Dockerfile",
                "extra_hosts": [],
                "force_remove": null,
                "isolation": "",
                "label": null,
                "labels": null,
                "memory": null,
                "memory_swap": null,
                "network_mode": "",
                "no_cache": null,
                "platform": "",
                "pull_parent": null,
                "remote_context": "",
                "remove": true,
                "security_opt": [],
                "session_id": "",
                "shm_size": null,
                "squash": null,
                "suppress_output": null,
                "tag": [],
                "target": "",
                "ulimit": [],
                "version": ""
              }
            ],
            "force_remove": null,
            "id": "sha256:34d6a7d6c18d0cbef96f83a03efc4ca2ae503b79a8d0355897a0b96ba410fcc6711348555690.dkr.ecr.eu-central-1.amazonaws.com/back-repo:latest",
            "image_id": "sha256:34d6a7d6c18d0cbef96f83a03efc4ca2ae503b79a8d0355897a0b96ba410fcc6",
            "keep_locally": null,
            "name": "711348555690.dkr.ecr.eu-central-1.amazonaws.com/back-repo:latest",
            "platform": "linux/arm64",
            "pull_triggers": null,
            "repo_digest": "",
            "triggers": {
              "filesha256": "92cb774ee684500b0c09c44eb01ae2b1dc3e7ed41393cb12eb7428b623253664"
            }
          },
          "sensitive_attributes": [],
          "private": "bnVsbA==",
          "dependencies": [
            "aws_ecr_repository.BackRepo",
            "data.aws_ecr_authorization_token.token"
          ]
        }
      ]
    },
    {
      "mode": "managed",
      "type": "docker_image",
      "name": "FrontImage",
      "provider": "provider[\"registry.terraform.io/kreuzwerker/docker\"]",
      "instances": [
        {
          "schema_version": 0,
          "attributes": {
            "build": [
              {
                "auth_config": [],
                "build_arg": null,
                "build_args": null,
                "build_id": "",
                "cache_from": [],
                "cgroup_parent": "",
                "context": "/home/user/github/cdktf-project/src/front",
                "cpu_period": null,
                "cpu_quota": null,
                "cpu_set_cpus": "",
                "cpu_set_mems": "",
                "cpu_shares": null,
                "dockerfile": "Dockerfile",
                "extra_hosts": [],
                "force_remove": null,
                "isolation": "",
                "label": null,
                "labels": null,
                "memory": null,
                "memory_swap": null,
                "network_mode": "",
                "no_cache": null,
                "platform": "",
                "pull_parent": null,
                "remote_context": "",
                "remove": true,
                "security_opt": [],
                "session_id": "",
                "shm_size": null,
                "squash": null,
                "suppress_output": null,
                "tag": [],
                "target": "",
                "ulimit": [],
                "version": ""
              }
            ],
            "force_remove": null,
            "id": "sha256:c78d471df96f5bf0d4538c961fbbf07e1f790f0d2c2dc8feae2d573d7c44e883711348555690.dkr.ecr.eu-central-1.amazonaws.com/front-repo:latest",
            "image_id": "sha256:c78d471df96f5bf0d4538c961fbbf07e1f790f0d2c2dc8feae2d573d7c44e883",
            "keep_locally": null,
            "name": "711348555690.dkr.ecr.eu-central-1.amazonaws.com/front-repo:latest",
            "platform": "linux/arm64",
            "pull_triggers": null,
            "repo_digest": "",
            "triggers": {
              "filesha256": "9dd6df6a8aad0c5be2d0ff5d66c31f6c68abffb59be1e1152729b8af7f349738"
            }
          },
          "sensitive_attributes": [],
          "private": "bnVsbA==",
          "dependencies": [
            "aws_ecr_repository.FrontRepo",
            "data.aws_ecr_authorization_token.token"
          ]
        }
      ]
    },
    {
      "mode": "managed",
      "type": "docker_registry_image",
      "name": "BackUpload",
      "provider": "provider[\"registry.terraform.io/kreuzwerker/docker\"]",
      "instances": [
        {
          "schema_version": 0,
          "attributes": {
            "id": "sha256:265f1abb6d307a4f22c36cfd3b2d829b2cf2c13c5d5e17de27b894eab8bf97f9",
            "insecure_skip_verify": false,
            "keep_remotely": false,
            "name": "711348555690.dkr.ecr.eu-central-1.amazonaws.com/back-repo:latest",
            "sha256_digest": "sha256:265f1abb6d307a4f22c36cfd3b2d829b2cf2c13c5d5e17de27b894eab8bf97f9",
            "triggers": {
              "filesha256": "92cb774ee684500b0c09c44eb01ae2b1dc3e7ed41393cb12eb7428b623253664"
            }
          },
          "sensitive_attributes": [],
          "private": "bnVsbA==",
          "dependencies": [
            "aws_ecr_repository.BackRepo",
            "data.aws_ecr_authorization_token.token",
            "docker_image.BackImage"
          ]
        }
      ]
    },
    {
      "mode": "managed",
      "type": "docker_registry_image",
      "name": "FrontUpload",
      "provider": "provider[\"registry.terraform.io/kreuzwerker/docker\"]",
      "instances": [
        {
          "schema_version": 0,
          "attributes": {
            "id": "sha256:b30c3a220dee33d6bd87ded8c742b08dd68a7f738791ad589dc6f45c71dfd428",
            "insecure_skip_verify": false,
            "keep_remotely": false,
            "name": "711348555690.dkr.ecr.eu-central-1.amazonaws.com/front-repo:latest",
            "sha256_digest": "sha256:b30c3a220dee33d6bd87ded8c742b08dd68a7f738791ad589dc6f45c71dfd428",
            "triggers": {
              "filesha256": "9dd6df6a8aad0c5be2d0ff5d66c31f6c68abffb59be1e1152729b8af7f349738"
            }
          },
          "sensitive_attributes": [],
          "private": "bnVsbA==",
          "dependencies": [
            "aws_ecr_repository.FrontRepo",
            "data.aws_ecr_authorization_token.token",
            "docker_image.FrontImage"
          ]
        }
      ]
    }
  ],
  "check_results": null
}
