{
  "version": 4,
  "terraform_version": "1.7.0",
  "serial": 248,
  "lineage": "a595879c-8348-d326-a097-97e4ec7507b9",
  "outputs": {},
  "resources": [
    {
      "mode": "data",
      "type": "aws_ecr_authorization_token",
      "name": "token",
      "provider": "provider[\"registry.terraform.io/hashicorp/aws\"]",
      "instances": [
        {
          "schema_version": 0,
          "attributes": {
            "authorization_token": "QVdTOmV5SndZWGxzYjJGa0lqb2lTbkZFYTJ0UFNUQkRUakJ3UkdFMGVtcE1LMjF1ZEcxYVVXVk5PRzFtVWxoWk56WXhWblZtTW1adk1rSjZibFJrWkd3MWVGRnRVSFJxZW1oWWIwRXlWamRETmtkcGNqTlJaRVEyUmk5V1NtdFZPVkJGYmxRemVGWjJXVkpHSzNWUGMyNUNSbXRSZVhGM2VDOVFUR3BOU1RodFZYWmpNMFZ5UVdFdlUwZ3dRMjlZTDB4WlFqRndVbVpXTTBSWGNtNVZaVzE1TUN0amIwRkVkVkJwTHk5MVkzZDJPUzlFVVdsQ2IwaG5hRTVyU0VneVNEbEpWV1J6UVhBemNFWkJTeXRMZUN0T2VXOUhWVEl5Y21SVVRWaHdRMWhXWm1oVlNUWkxRM1F6Vm5KeFRscGFVV050UjFSM1prVjVaMGRyUkhWa2NUQllZWE5GTWswemNHNDNaMjk0Tmt4SFVVaEdhMGhsVG0xeVprVk5TbTlITm1oMFZTczBWRkF6ZEhoNGNrcDBTalpXYkU1TVVWRnhhVUpHVmt4bGRIcFpjVm80VkZwT05sZGlUekp5YnpaaGVHMVRSVWxyY210a1JsVjJLMmN6UzBkUVMxSXpXa2g0VGxNeldERTVTMVZIV21SbFpsWmhORXg0TUc5QmNVcFBWMlZEWm5Od1NuSkpOM1ZxZFhWb2EzQkhWMlZLSzB4RFRXaFpUVmxwWldoUmRrMW1ZVEJvVW1aTWMyRkROM0pGVUdRNWFXRlVjMlF4VHpsdlVtdE9lamhyZFZScldGaHFaMjFxVm1OeGNEUjFkRWs1UkM5MlVHVlNWMXA2VXpsYWNWQTBNMUV2VW14R2FrTXdaRWREUWpSR1EyTkxkMnN2YzB4R05rcENiVWt3YW5SeE5GSmpPSG93ZEc1VVVXSXdSMjV4ZWxsMlVXUkhkMnhPUXpaVmNtVmpObVZLUkN0WVZsUkZNMWx2TWxFd2MxRnlkMmN2VTBWNFQySjJWbk5HZGpoc1RrNTZaM0pETkdWalUwSkpNM0ZsYVZneWRqUnlObU5yTHpocmFUUlVNQ3RsUjBkRWRHRkxkekJwTnpKS05IRndNbGhVYVRCQ1MxRTFUR2gxVmpCSVVraDJjbmczTHpsRmJtaGhUVTg0V2tWQlJIZEZPV3M0VWxOQlZuQXpZWEZ1VkhFMGNHZzVRWGRGVEc1SmVIbE9UbTFIVGtWbVEwRTVPV2xUY1ZRNGEzQjZVemhGVUZkbWVrRXpRWFl4T1hKeWQyZGhSWGw2UVhKVVlWVmFlVXRTYm14MmRERnJNWFI0YVZwcFNrNVVlbXRsVlU1VU1VUnVNbU42UmpCWWFqUlJkVGMzU0VSNkx6WjFla0Z5U0RoQll6WnNabVJrZGxOUGVrMUtibWh3YVdJemJUWm1LM0JzVG5nclJVcFpaRVY1V2k5eVZuRkxhMGhoV0ZaRGExTXlSeTg1VW5aMmVWaEJhamw2VlVGbUwzWTNLMk0zT0dOdVZsZEVWWFF5VFVRMmNXMXBjazlqT0ZCS1FWUlpOQ3RIU0ZVMVRGRnRNM012UTFsRk0wYzBORUZXWkRKa1FqazRkV2RQUVhNeE1HcFphbVV3WldKSU4zSXhSbVZLVjBkRWQyWXhWblUzZEVOVk5rdHlOSHBWV1d0VWFHaFZiV1p6VkhGeldESTViRkV5TjBSWk5HTTVZek53U0hCT0wybEpOVkF5ZG05RVozY3pNbXh0TkhacVJYVm1ZVWRRS3prMWJ6TkpVMnhCUkcwcmRXMW5XR0ZzVmsxNlRHOUROSE14TTNoT1JXUnJSM1Y1TUhkRWMyTjZibHA2U1RRNU9DczFVV1ZNTW05cFRqVXJNa2xpVUhvNU1XZElZa0ZzUW5Jdk0zSlhhM1YwUkZWemRtWkVOWFp3WVV0R05XUjZWbVFyWms4elFrcEhWV0Z3VWxSSmVXNWhTSGxFYmpSek0xRkNTMnBUYVRsaE1VUnNNWFJoZUM4dldsZG1OSE12U1ZKak5VbFdValp0YmtsVGNVcHVhM2R0TDAwaUxDSmtZWFJoYTJWNUlqb2lRVkZGUWtGSWFETjZXVTlrZEhCQ1FsTldkeTlaTW1GdU9FSllTVVEwYTNkTVVXWnViMVJxTlhwM1duUkhTbHB2V2xGQlFVRklOSGRtUVZsS1MyOWFTV2gyWTA1QlVXTkhiMGM0ZDJKUlNVSkJSRUp2UW1kcmNXaHJhVWM1ZHpCQ1FuZEZkMGhuV1VwWlNWcEpRVmRWUkVKQlJYVk5Ra1ZGUkVsRVl6WkdUMnh2ZFc5aFUxVlpOV1pSU1VKRlNVRTNaRUUxUW10eVRFWm5kWGwyTW5SRFoyUnBVRFp2WkVWM1FUVnpRMmhoVGpSMWNsSk9XV2RhUldOcVlqSjJTMlYyVlZrMFNXRlRSalZ1TVhkUGFIZFBkRkp2YW1OU2JqUkJkSGxSWjFCRGJ6MGlMQ0oyWlhKemFXOXVJam9pTWlJc0luUjVjR1VpT2lKRVFWUkJYMHRGV1NJc0ltVjRjR2x5WVhScGIyNGlPakUzTURZeE9ERXpNVFo5",
            "expires_at": "2024-01-25T11:15:16Z",
            "id": "eu-central-1",
            "password": "eyJwYXlsb2FkIjoiSnFEa2tPSTBDTjBwRGE0empMK21udG1aUWVNOG1mUlhZNzYxVnVmMmZvMkJ6blRkZGw1eFFtUHRqemhYb0EyVjdDNkdpcjNRZEQ2Ri9WSmtVOVBFblQzeFZ2WVJGK3VPc25CRmtReXF3eC9QTGpNSThtVXZjM0VyQWEvU0gwQ29YL0xZQjFwUmZWM0RXcm5VZW15MCtjb0FEdVBpLy91Y3d2OS9EUWlCb0hnaE5rSEgySDlJVWRzQXAzcEZBSytLeCtOeW9HVTIycmRUTVhwQ1hWZmhVSTZLQ3QzVnJxTlpaUWNtR1R3ZkV5Z0drRHVkcTBYYXNFMk0zcG43Z294NkxHUUhGa0hlTm1yZkVNSm9HNmh0VSs0VFAzdHh4ckp0SjZWbE5MUVFxaUJGVkxldHpZcVo4VFpONldiTzJybzZheG1TRUlrcmtkRlV2K2czS0dQS1IzWkh4TlMzWDE5S1VHWmRlZlZhNEx4MG9BcUpPV2VDZnNwSnJJN3VqdXVoa3BHV2VKK0xDTWhZTVlpZWhRdk1mYTBoUmZMc2FDN3JFUGQ5aWFUc2QxTzlvUmtOejhrdVRrWFhqZ21qVmNxcDR1dEk5RC92UGVSV1p6UzlacVA0M1EvUmxGakMwZEdDQjRGQ2NLd2svc0xGNkpCbUkwanRxNFJjOHowdG5UUWIwR25xell2UWRHd2xOQzZVcmVjNmVKRCtYVlRFM1lvMlEwc1Fyd2cvU0V4T2J2VnNGdjhsTk56Z3JDNGVjU0JJM3FlaVgydjRyNmNrLzhraTRUMCtlR0dEdGFLdzBpNzJKNHFwMlhUaTBCS1E1TGh1VjBIUkh2cng3LzlFbmhhTU84WkVBRHdFOWs4UlNBVnAzYXFuVHE0cGg5QXdFTG5JeHlOTm1HTkVmQ0E5OWlTcVQ4a3B6UzhFUFdmekEzQXYxOXJyd2dhRXl6QXJUYVVaeUtSbmx2dDFrMXR4aVppSk5UemtlVU5UMURuMmN6RjBYajRRdTc3SER6LzZ1ekFySDhBYzZsZmRkdlNPek1KbmhwaWIzbTZmK3BsTngrRUpZZEV5Wi9yVnFLa0hhWFZDa1MyRy85UnZ2eVhBajl6VUFmL3Y3K2M3OGNuVldEVXQyTUQ2cW1pck9jOFBKQVRZNCtHSFU1TFFtM3MvQ1lFM0c0NEFWZDJkQjk4dWdPQXMxMGpZamUwZWJIN3IxRmVKV0dEd2YxVnU3dENVNktyNHpVWWtUaGhVbWZzVHFzWDI5bFEyN0RZNGM5YzNwSHBOL2lJNVAydm9EZ3czMmxtNHZqRXVmYUdQKzk1bzNJU2xBRG0rdW1nWGFsVk16TG9DNHMxM3hORWRrR3V5MHdEc2N6blp6STQ5OCs1UWVMMm9pTjUrMkliUHo5MWdIYkFsQnIvM3JXa3V0RFVzdmZENXZwYUtGNWR6VmQrZk8zQkpHVWFwUlRJeW5hSHlEbjRzM1FCS2pTaTlhMURsMXRheC8vWldmNHMvSVJjNUlWUjZtbklTcUpua3dtL00iLCJkYXRha2V5IjoiQVFFQkFIaDN6WU9kdHBCQlNWdy9ZMmFuOEJYSUQ0a3dMUWZub1RqNXp3WnRHSlpvWlFBQUFINHdmQVlKS29aSWh2Y05BUWNHb0c4d2JRSUJBREJvQmdrcWhraUc5dzBCQndFd0hnWUpZSVpJQVdVREJBRXVNQkVFRElEYzZGT2xvdW9hU1VZNWZRSUJFSUE3ZEE1QmtyTEZndXl2MnRDZ2RpUDZvZEV3QTVzQ2hhTjR1clJOWWdaRWNqYjJ2S2V2VVk0SWFTRjVuMXdPaHdPdFJvamNSbjRBdHlRZ1BDbz0iLCJ2ZXJzaW9uIjoiMiIsInR5cGUiOiJEQVRBX0tFWSIsImV4cGlyYXRpb24iOjE3MDYxODEzMTZ9",
            "proxy_endpoint": "https://711348555690.dkr.ecr.eu-central-1.amazonaws.com",
            "registry_id": null,
            "user_name": "AWS"
          },
          "sensitive_attributes": []
        }
      ]
    },
    {
      "mode": "managed",
      "type": "aws_ecr_repository",
      "name": "BackRepo",
      "provider": "provider[\"registry.terraform.io/hashicorp/aws\"]",
      "instances": [
        {
          "schema_version": 0,
          "attributes": {
            "arn": "arn:aws:ecr:eu-central-1:711348555690:repository/back-repo",
            "encryption_configuration": [
              {
                "encryption_type": "AES256",
                "kms_key": ""
              }
            ],
            "force_delete": null,
            "id": "back-repo",
            "image_scanning_configuration": [
              {
                "scan_on_push": false
              }
            ],
            "image_tag_mutability": "MUTABLE",
            "name": "back-repo",
            "registry_id": "711348555690",
            "repository_url": "711348555690.dkr.ecr.eu-central-1.amazonaws.com/back-repo",
            "tags": {},
            "tags_all": {},
            "timeouts": null
          },
          "sensitive_attributes": [],
          "private": "eyJlMmJmYjczMC1lY2FhLTExZTYtOGY4OC0zNDM2M2JjN2M0YzAiOnsiZGVsZXRlIjoxMjAwMDAwMDAwMDAwfX0="
        }
      ]
    },
    {
      "mode": "managed",
      "type": "aws_ecr_repository",
      "name": "FrontRepo",
      "provider": "provider[\"registry.terraform.io/hashicorp/aws\"]",
      "instances": [
        {
          "schema_version": 0,
          "attributes": {
            "arn": "arn:aws:ecr:eu-central-1:711348555690:repository/front-repo",
            "encryption_configuration": [
              {
                "encryption_type": "AES256",
                "kms_key": ""
              }
            ],
            "force_delete": null,
            "id": "front-repo",
            "image_scanning_configuration": [
              {
                "scan_on_push": false
              }
            ],
            "image_tag_mutability": "MUTABLE",
            "name": "front-repo",
            "registry_id": "711348555690",
            "repository_url": "711348555690.dkr.ecr.eu-central-1.amazonaws.com/front-repo",
            "tags": {},
            "tags_all": {},
            "timeouts": null
          },
          "sensitive_attributes": [],
          "private": "eyJlMmJmYjczMC1lY2FhLTExZTYtOGY4OC0zNDM2M2JjN2M0YzAiOnsiZGVsZXRlIjoxMjAwMDAwMDAwMDAwfX0="
        }
      ]
    },
    {
      "mode": "managed",
      "type": "aws_iam_role",
      "name": "LambdaRole",
      "provider": "provider[\"registry.terraform.io/hashicorp/aws\"]",
      "instances": [
        {
          "schema_version": 0,
          "attributes": {
            "arn": "arn:aws:iam::711348555690:role/lambda-role",
            "assume_role_policy": "{\"Statement\":[{\"Action\":\"sts:AssumeRole\",\"Effect\":\"Allow\",\"Principal\":{\"Service\":\"lambda.amazonaws.com\"}}],\"Version\":\"2012-10-17\"}",
            "create_date": "2024-01-24T09:19:00Z",
            "description": "",
            "force_detach_policies": false,
            "id": "lambda-role",
            "inline_policy": [],
            "managed_policy_arns": [
              "arn:aws:iam::aws:policy/service-role/AWSLambdaBasicExecutionRole"
            ],
            "max_session_duration": 3600,
            "name": "lambda-role",
            "name_prefix": "",
            "path": "/",
            "permissions_boundary": "",
            "tags": {},
            "tags_all": {},
            "unique_id": "AROA2LH5NR6VHPN5QYHTG"
          },
          "sensitive_attributes": [],
          "private": "bnVsbA=="
        }
      ]
    },
    {
      "mode": "managed",
      "type": "aws_iam_role_policy_attachment",
      "name": "LambdaExecPolicyAttachment",
      "provider": "provider[\"registry.terraform.io/hashicorp/aws\"]",
      "instances": [
        {
          "schema_version": 0,
          "attributes": {
            "id": "lambda-role-20240124091902102000000001",
            "policy_arn": "arn:aws:iam::aws:policy/service-role/AWSLambdaBasicExecutionRole",
            "role": "lambda-role"
          },
          "sensitive_attributes": [],
          "private": "bnVsbA==",
          "dependencies": [
            "aws_iam_role.LambdaRole"
          ]
        }
      ]
    },
    {
      "mode": "managed",
      "type": "aws_lambda_function",
      "name": "BackLambda",
      "provider": "provider[\"registry.terraform.io/hashicorp/aws\"]",
      "instances": [
        {
          "schema_version": 0,
          "attributes": {
            "architectures": [
              "arm64"
            ],
            "arn": "arn:aws:lambda:eu-central-1:711348555690:function:back-lambda",
            "code_signing_config_arn": "",
            "dead_letter_config": [],
            "description": "",
            "environment": [],
            "ephemeral_storage": [
              {
                "size": 512
              }
            ],
            "file_system_config": [],
            "filename": null,
            "function_name": "back-lambda",
            "handler": "",
            "id": "back-lambda",
            "image_config": [],
            "image_uri": "711348555690.dkr.ecr.eu-central-1.amazonaws.com/back-repo:latest",
            "invoke_arn": "arn:aws:apigateway:eu-central-1:lambda:path/2015-03-31/functions/arn:aws:lambda:eu-central-1:711348555690:function:back-lambda/invocations",
            "kms_key_arn": "",
            "last_modified": "2024-01-24T23:15:47.000+0000",
            "layers": [],
            "logging_config": [
              {
                "application_log_level": "INFO",
                "log_format": "JSON",
                "log_group": "/aws/lambda/back-lambda",
                "system_log_level": "INFO"
              }
            ],
            "memory_size": 1792,
            "package_type": "Image",
            "publish": false,
            "qualified_arn": "arn:aws:lambda:eu-central-1:711348555690:function:back-lambda:$LATEST",
            "qualified_invoke_arn": "arn:aws:apigateway:eu-central-1:lambda:path/2015-03-31/functions/arn:aws:lambda:eu-central-1:711348555690:function:back-lambda:$LATEST/invocations",
            "replace_security_groups_on_destroy": null,
            "replacement_security_group_ids": null,
            "reserved_concurrent_executions": -1,
            "role": "arn:aws:iam::711348555690:role/lambda-role",
            "runtime": "",
            "s3_bucket": null,
            "s3_key": null,
            "s3_object_version": null,
            "signing_job_arn": "",
            "signing_profile_version_arn": "",
            "skip_destroy": false,
            "snap_start": [],
            "source_code_hash": "f25f0bdc6c7a8384ed41a937fe83ae0acad48764319bec4771ef61a3f8ab4841",
            "source_code_size": 0,
            "tags": {},
            "tags_all": {},
            "timeout": 5,
            "timeouts": null,
            "tracing_config": [
              {
                "mode": "PassThrough"
              }
            ],
            "version": "$LATEST",
            "vpc_config": []
          },
          "sensitive_attributes": [],
          "private": "eyJlMmJmYjczMC1lY2FhLTExZTYtOGY4OC0zNDM2M2JjN2M0YzAiOnsiY3JlYXRlIjo2MDAwMDAwMDAwMDAsImRlbGV0ZSI6NjAwMDAwMDAwMDAwLCJ1cGRhdGUiOjYwMDAwMDAwMDAwMH19",
          "dependencies": [
            "aws_ecr_repository.BackRepo",
            "aws_iam_role.LambdaRole",
            "data.aws_ecr_authorization_token.token",
            "docker_image.BackImage"
          ]
        }
      ]
    },
    {
      "mode": "managed",
      "type": "aws_lambda_function_url",
      "name": "BackLambdaUrl",
      "provider": "provider[\"registry.terraform.io/hashicorp/aws\"]",
      "instances": [
        {
          "schema_version": 0,
          "attributes": {
            "authorization_type": "NONE",
            "cors": [],
            "function_arn": "arn:aws:lambda:eu-central-1:711348555690:function:back-lambda",
            "function_name": "back-lambda",
            "function_url": "https://bxhne6uumeuxjabn5oo4bpp4ty0jkcfg.lambda-url.eu-central-1.on.aws/",
            "id": "back-lambda",
            "invoke_mode": "BUFFERED",
            "qualifier": "",
            "timeouts": null,
            "url_id": "bxhne6uumeuxjabn5oo4bpp4ty0jkcfg"
          },
          "sensitive_attributes": [],
          "private": "eyJlMmJmYjczMC1lY2FhLTExZTYtOGY4OC0zNDM2M2JjN2M0YzAiOnsiY3JlYXRlIjo2MDAwMDAwMDAwMDB9fQ==",
          "dependencies": [
            "aws_ecr_repository.BackRepo",
            "aws_iam_role.LambdaRole",
            "aws_lambda_function.BackLambda",
            "data.aws_ecr_authorization_token.token",
            "docker_image.BackImage"
          ]
        }
      ]
    },
    {
      "mode": "managed",
      "type": "docker_image",
      "name": "BackImage",
      "provider": "provider[\"registry.terraform.io/kreuzwerker/docker\"]",
      "instances": [
        {
          "schema_version": 0,
          "attributes": {
            "build": [
              {
                "auth_config": [],
                "build_arg": null,
                "build_args": null,
                "build_id": "",
                "cache_from": [],
                "cgroup_parent": "",
                "context": "/home/user/github/cdktf-project/src/back",
                "cpu_period": null,
                "cpu_quota": null,
                "cpu_set_cpus": "",
                "cpu_set_mems": "",
                "cpu_shares": null,
                "dockerfile": "Dockerfile",
                "extra_hosts": [],
                "force_remove": null,
                "isolation": "",
                "label": null,
                "labels": null,
                "memory": null,
                "memory_swap": null,
                "network_mode": "",
                "no_cache": null,
                "platform": "",
                "pull_parent": null,
                "remote_context": "",
                "remove": true,
                "security_opt": [],
                "session_id": "",
                "shm_size": null,
                "squash": null,
                "suppress_output": null,
                "tag": [],
                "target": "",
                "ulimit": [],
                "version": ""
              }
            ],
            "force_remove": null,
            "id": "sha256:e7fd28069f53c24f44e361fa461dbed95f1f378e579dabc3c810e603a4bb91f2711348555690.dkr.ecr.eu-central-1.amazonaws.com/back-repo:latest",
            "image_id": "sha256:e7fd28069f53c24f44e361fa461dbed95f1f378e579dabc3c810e603a4bb91f2",
            "keep_locally": null,
            "name": "711348555690.dkr.ecr.eu-central-1.amazonaws.com/back-repo:latest",
            "platform": "linux/arm64",
            "pull_triggers": null,
            "repo_digest": "",
            "triggers": {
              "filesha256": "f71f6adef28fb2f49f9738ceb22002c50a1b0020ce1e343c0be277196f377bd1"
            }
          },
          "sensitive_attributes": [],
          "private": "bnVsbA==",
          "dependencies": [
            "aws_ecr_repository.BackRepo",
            "data.aws_ecr_authorization_token.token"
          ]
        }
      ]
    },
    {
      "mode": "managed",
      "type": "docker_image",
      "name": "FrontImage",
      "provider": "provider[\"registry.terraform.io/kreuzwerker/docker\"]",
      "instances": [
        {
          "schema_version": 0,
          "attributes": {
            "build": [
              {
                "auth_config": [],
                "build_arg": {},
                "build_args": {},
                "build_id": "",
                "cache_from": [],
                "cgroup_parent": "",
                "context": "/home/user/github/cdktf-project/src/front",
                "cpu_period": 0,
                "cpu_quota": 0,
                "cpu_set_cpus": "",
                "cpu_set_mems": "",
                "cpu_shares": 0,
                "dockerfile": "Dockerfile",
                "extra_hosts": [],
                "force_remove": false,
                "isolation": "",
                "label": {},
                "labels": {},
                "memory": 0,
                "memory_swap": 0,
                "network_mode": "",
                "no_cache": false,
                "platform": "",
                "pull_parent": false,
                "remote_context": "",
                "remove": true,
                "security_opt": [],
                "session_id": "",
                "shm_size": 0,
                "squash": false,
                "suppress_output": false,
                "tag": [],
                "target": "",
                "ulimit": [],
                "version": ""
              }
            ],
            "force_remove": null,
            "id": "sha256:c78d471df96f5bf0d4538c961fbbf07e1f790f0d2c2dc8feae2d573d7c44e883711348555690.dkr.ecr.eu-central-1.amazonaws.com/front-repo:latest",
            "image_id": "sha256:c78d471df96f5bf0d4538c961fbbf07e1f790f0d2c2dc8feae2d573d7c44e883",
            "keep_locally": null,
            "name": "711348555690.dkr.ecr.eu-central-1.amazonaws.com/front-repo:latest",
            "platform": "linux/arm64",
            "pull_triggers": null,
            "repo_digest": "711348555690.dkr.ecr.eu-central-1.amazonaws.com/front-repo@sha256:b30c3a220dee33d6bd87ded8c742b08dd68a7f738791ad589dc6f45c71dfd428",
            "triggers": {
              "filesha256": "9dd6df6a8aad0c5be2d0ff5d66c31f6c68abffb59be1e1152729b8af7f349738"
            }
          },
          "sensitive_attributes": [],
          "private": "bnVsbA==",
          "dependencies": [
            "aws_ecr_repository.FrontRepo",
            "data.aws_ecr_authorization_token.token"
          ]
        }
      ]
    },
    {
      "mode": "managed",
      "type": "docker_registry_image",
      "name": "BackPush",
      "provider": "provider[\"registry.terraform.io/kreuzwerker/docker\"]",
      "instances": [
        {
          "schema_version": 0,
          "attributes": {
            "id": "sha256:69fed9c49ad6ec2286bf60285b29447dbcd0b92980b54e1f41602a0b712512b8",
            "insecure_skip_verify": false,
            "keep_remotely": false,
            "name": "711348555690.dkr.ecr.eu-central-1.amazonaws.com/back-repo:latest",
            "sha256_digest": "sha256:69fed9c49ad6ec2286bf60285b29447dbcd0b92980b54e1f41602a0b712512b8",
            "triggers": {
              "filesha256": "f71f6adef28fb2f49f9738ceb22002c50a1b0020ce1e343c0be277196f377bd1"
            }
          },
          "sensitive_attributes": [],
          "private": "bnVsbA==",
          "dependencies": [
            "aws_ecr_repository.BackRepo",
            "data.aws_ecr_authorization_token.token",
            "docker_image.BackImage"
          ]
        }
      ]
    },
    {
      "mode": "managed",
      "type": "docker_registry_image",
      "name": "FrontPush",
      "provider": "provider[\"registry.terraform.io/kreuzwerker/docker\"]",
      "instances": [
        {
          "schema_version": 0,
          "attributes": {
            "id": "sha256:b30c3a220dee33d6bd87ded8c742b08dd68a7f738791ad589dc6f45c71dfd428",
            "insecure_skip_verify": false,
            "keep_remotely": false,
            "name": "711348555690.dkr.ecr.eu-central-1.amazonaws.com/front-repo:latest",
            "sha256_digest": "sha256:b30c3a220dee33d6bd87ded8c742b08dd68a7f738791ad589dc6f45c71dfd428",
            "triggers": {
              "filesha256": "9dd6df6a8aad0c5be2d0ff5d66c31f6c68abffb59be1e1152729b8af7f349738"
            }
          },
          "sensitive_attributes": [],
          "private": "bnVsbA==",
          "dependencies": [
            "aws_ecr_repository.FrontRepo",
            "data.aws_ecr_authorization_token.token",
            "docker_image.FrontImage"
          ]
        }
      ]
    }
  ],
  "check_results": null
}
