{
  "version": 4,
  "terraform_version": "1.7.0",
  "serial": 415,
  "lineage": "a595879c-8348-d326-a097-97e4ec7507b9",
  "outputs": {},
  "resources": [
    {
      "mode": "data",
      "type": "aws_ecr_authorization_token",
      "name": "token",
      "provider": "provider[\"registry.terraform.io/hashicorp/aws\"]",
      "instances": [
        {
          "schema_version": 0,
          "attributes": {
            "authorization_token": "QVdTOmV5SndZWGxzYjJGa0lqb2lOemxwVG5GRGJuSm5Wa05TTVZCNk0xcHNSMDB6ZWtOTmFFWlJSMlJDTlc4MFRHNVVUSG96TmpCU2FtNUxVRzFMYlVscVpYTTVPR0ZMU25WMlRtb3JTazlKTjBVNVpIVlJNMU0xU0hsc2RUa3pjMVpSTkZSNVVHTkZWR2h0U2s1aWVqVmhhR1pZWmtsMk5UWnZTRWRQY2xOcGFYWlpMMW8zWXk5M2EwZGxPVEJYYjNjd1QwVkJVRzF2ZVRkS2RqRXphMHBrV21oVFJFRldPWFFyVDBWamFVWldaM1pRTTBRMFpGSlhlRkpWYVV4bGNqTnJkemxaWlc1amRTOTNOWEpoWVhkRlNVeG5Rek5DUVhSQ1RuVjBNM1pDUkN0MlRFc3dhR2h4WVdwM2RXNVRibE5DVm5WYU0xaGxXbVo0Y1RodU9XdHFjRUpXVEZkbVNXOVliVE5tYWxGQk9EZEpRVmQ2UTNOVGR5c3lMM1p0ZEZRME5tbEhWMVIyZW1GNlZFVkhha2g0Y0ZCaVpuaERaa3dyY1dORGRERndhWE5aVDNZd2FXczNkV3RSV0RWa04xQjNaa3ByYkZaeWVEVjRhMFZhYVVjMWFUZ3ZVR3hwYzNjMlJGTnZWazUyUWpaNlVFVnVUbUp1U1VwWGFuQlRWM28xY2k5aFUyaEpiRTlzTmpSWVowUlVSblJvUVdFM2JuSjBia3hsWm1VeU5uVTNlbmRJYnpoQ1FpdDBlVmwwZDFkTmJVbFVVM2t5UzNwb1prVldSV0ZJTjFSTlpWbG1VRzl6YWxaMFkxWmxMMmxaWlhodWNrbEdRemxhYlRCU2FUYzVlVTFMVm01Qk4xWkRjbU5YYnpZMFZtcDRkV2d6ZUhBd1dWbE1TazB4VVZkd05GbEJWeXRJT0hoVWQwWmhjWGhtTmpsdUx6RldUalJPYlhOUE4zTkZaMnd2YkU1MFJGQnpRek0zU2xCVFZFeEZWV1ZwVWxGdU9YZG9hSGRDUWt4WlJsQkZjRmRhUW1WQ1JVZGpiRXRtY1Zoc2RrOVJTVnBPU0RKa2JIRjZMMkpZVVRaME1FMUdNR3ByTkRGYVNUZFFjV0oyY2xSak5FWkVMMFJoVDFobmNsWm5SamRMTUZjNGNIRllLMnRSZVRKTk5YRkVXVU5oYzBOcFFqQklaRFY2ZUhSU2NqZFplbFY2TVdKR1pGWm5hRlZvZVRabllYQjZaMXB1TVRkdmRWTlFabEF5ZEVWWGVHODBkbGsxZVd3NEwxaGxhMjE2WTNWblNraDFaMlJQSzI5RlRXRlVibTFhU1V4dmRIQXJWbXhEUVRaWU1YSk9iMGRXZHpCYU56RkVNMGRFZDJaUWNXZHRZMEZSVVRWYU5sWlRWbGt4VDFWWVZUaFJZWE5yUTJSaFZGUlhhVGRSTTJGelNpOHphVlZrTm5ZMFUzZE1ja1ZoU3pKamVqTnRaa2xCWXpOS1JVVXdSbXB6TVVVNUwxQmpLelpUU0dobVpVcHlhVk15VDBaVmJtMXBNMmRwY0ZCRVYyRlNTVkJJY0UxVGEweFdaMHBpTTNCYVRGbE5Tbk5CWWtnMkswMUJSWEZEU214MVRrWlFSR1JqYVdGV05rdzFPV3RKUW1aRGJHeG1UWEV4WTFaeE9EUlpWV292WXpOR0sxQkdObU0zVDJGT2NHaE5kMUpyUlcxeFlqRmhSVEp2U1RSRWJFWXJOMVl3UldaS1VYY3pOelJoTmpSQ1RsbElNaXN3UjFOcVZWb3ZabWhwVldOU1RtZzFjMlpWV2tWa2JsbE5SbXBUYTNsTlNrRmlhREpDVTBsclJFb3dLMEpyV0d4NGFFRTVUV3hDYTBOQlpWQnlNblZITnpOaWEwdGFOR2xsZEVsclpYbG5jRk5xY2xKbFdHWm5URzVUTW1rMVVYQlRNV3hhZWtoTk5WQlJVbE5SVTJobmNUUmtiekVyYnpZd1RIVlNZVVpSYlZwMGJIQldaMGxZYkVkU2MydFlWazg1WWpSUlUyTnZNblZWTVZGblZtSjVhVVUzVmxnaUxDSmtZWFJoYTJWNUlqb2lRVkZGUWtGSWFETjZXVTlrZEhCQ1FsTldkeTlaTW1GdU9FSllTVVEwYTNkTVVXWnViMVJxTlhwM1duUkhTbHB2V2xGQlFVRklOSGRtUVZsS1MyOWFTV2gyWTA1QlVXTkhiMGM0ZDJKUlNVSkJSRUp2UW1kcmNXaHJhVWM1ZHpCQ1FuZEZkMGhuV1VwWlNWcEpRVmRWUkVKQlJYVk5Ra1ZGUkV4VWNFRXhZV1ZXWVhCVkt6SjJSVlpCU1VKRlNVRTNOMDFYY1VVM05FRllibWdyYVcxeGJTdFljbWxoTUhaNGNuUmFNVUpWYnpsMllpdHlLMWhLWVZGUlQzbEZMMWRyU2tjNFlrRjRiMEoxY1hkcFN6ZGtRVXhrTldSNGRVNVNiVlYwWkc1S1ZUMGlMQ0oyWlhKemFXOXVJam9pTWlJc0luUjVjR1VpT2lKRVFWUkJYMHRGV1NJc0ltVjRjR2x5WVhScGIyNGlPakUzTURZeU16UXlNRFo5",
            "expires_at": "2024-01-26T01:56:46Z",
            "id": "eu-central-1",
            "password": "eyJwYXlsb2FkIjoiNzlpTnFDbnJnVkNSMVB6M1psR00zekNNaEZRR2RCNW80TG5UTHozNjBSam5LUG1LbUlqZXM5OGFLSnV2TmorSk9JN0U5ZHVRM1M1SHlsdTkzc1ZRNFR5UGNFVGhtSk5iejVhaGZYZkl2NTZvSEdPclNpaXZZL1o3Yy93a0dlOTBXb3cwT0VBUG1veTdKdjEza0pkWmhTREFWOXQrT0VjaUZWZ3ZQM0Q0ZFJXeFJVaUxlcjNrdzlZZW5jdS93NXJhYXdFSUxnQzNCQXRCTnV0M3ZCRCt2TEswaGhxYWp3dW5TblNCVnVaM1hlWmZ4cThuOWtqcEJWTFdmSW9YbTNmalFBODdJQVd6Q3NTdysyL3ZtdFQ0NmlHV1R2emF6VEVHakh4cFBiZnhDZkwrcWNDdDFwaXNZT3YwaWs3dWtRWDVkN1B3ZkprbFZyeDV4a0VaaUc1aTgvUGxpc3c2RFNvVk52QjZ6UEVuTmJuSUpXanBTV3o1ci9hU2hJbE9sNjRYZ0RURnRoQWE3bnJ0bkxlZmUyNnU3endIbzhCQit0eVl0d1dNbUlUU3kyS3poZkVWRWFIN1RNZVlmUG9zalZ0Y1ZlL2lZZXhucklGQzlabTBSaTc5eU1LVm5BN1ZDcmNXbzY0Vmp4dWgzeHAwWVlMSk0xUVdwNFlBVytIOHhUd0ZhcXhmNjluLzFWTjRObXNPN3NFZ2wvbE50RFBzQzM3SlBTVExFVWVpUlFuOXdoaHdCQkxZRlBFcFdaQmVCRUdjbEtmcVhsdk9RSVpOSDJkbHF6L2JYUTZ0ME1GMGprNDFaSTdQcWJ2clRjNEZEL0RhT1hnclZnRjdLMFc4cHFYK2tReTJNNXFEWUNhc0NpQjBIZDV6eHRScjdZelV6MWJGZFZnaFVoeTZnYXB6Z1puMTdvdVNQZlAydEVXeG80dlk1eWw4L1hla216Y3VnSkh1Z2RPK29FTWFUbm1aSUxvdHArVmxDQTZYMXJOb0dWdzBaNzFEM0dEd2ZQcWdtY0FRUTVaNlZTVlkxT1VYVThRYXNrQ2RhVFRXaTdRM2FzSi8zaVVkNnY0U3dMckVhSzJjejNtZklBYzNKRUUwRmpzMUU5L1BjKzZTSGhmZUpyaVMyT0ZVbm1pM2dpcFBEV2FSSVBIcE1Ta0xWZ0piM3BaTFlNSnNBYkg2K01BRXFDSmx1TkZQRGRjaWFWNkw1OWtJQmZDbGxmTXExY1ZxODRZVWovYzNGK1BGNmM3T2FOcGhNd1JrRW1xYjFhRTJvSTREbEYrN1YwRWZKUXczNzRhNjRCTllIMiswR1NqVVovZmhpVWNSTmg1c2ZVWkVkbllNRmpTa3lNSkFiaDJCU0lrREowK0JrWGx4aEE5TWxCa0NBZVByMnVHNzNia0taNGlldElrZXlncFNqclJlWGZnTG5TMmk1UXBTMWxaekhNNVBRUlNRU2hncTRkbzErbzYwTHVSYUZRbVp0bHBWZ0lYbEdSc2tYVk85YjRRU2NvMnVVMVFnVmJ5aUU3VlgiLCJkYXRha2V5IjoiQVFFQkFIaDN6WU9kdHBCQlNWdy9ZMmFuOEJYSUQ0a3dMUWZub1RqNXp3WnRHSlpvWlFBQUFINHdmQVlKS29aSWh2Y05BUWNHb0c4d2JRSUJBREJvQmdrcWhraUc5dzBCQndFd0hnWUpZSVpJQVdVREJBRXVNQkVFRExUcEExYWVWYXBVKzJ2RVZBSUJFSUE3N01XcUU3NEFYbmgraW1xbStYcmlhMHZ4cnRaMUJVbzl2YityK1hKYVFRT3lFL1drSkc4YkF4b0J1cXdpSzdkQUxkNWR4dU5SbVV0ZG5KVT0iLCJ2ZXJzaW9uIjoiMiIsInR5cGUiOiJEQVRBX0tFWSIsImV4cGlyYXRpb24iOjE3MDYyMzQyMDZ9",
            "proxy_endpoint": "https://711348555690.dkr.ecr.eu-central-1.amazonaws.com",
            "registry_id": null,
            "user_name": "AWS"
          },
          "sensitive_attributes": []
        }
      ]
    },
    {
      "mode": "managed",
      "type": "aws_ecr_repository",
      "name": "BackRepo",
      "provider": "provider[\"registry.terraform.io/hashicorp/aws\"]",
      "instances": [
        {
          "schema_version": 0,
          "attributes": {
            "arn": "arn:aws:ecr:eu-central-1:711348555690:repository/back-repo",
            "encryption_configuration": [
              {
                "encryption_type": "AES256",
                "kms_key": ""
              }
            ],
            "force_delete": null,
            "id": "back-repo",
            "image_scanning_configuration": [
              {
                "scan_on_push": false
              }
            ],
            "image_tag_mutability": "MUTABLE",
            "name": "back-repo",
            "registry_id": "711348555690",
            "repository_url": "711348555690.dkr.ecr.eu-central-1.amazonaws.com/back-repo",
            "tags": {},
            "tags_all": {},
            "timeouts": null
          },
          "sensitive_attributes": [],
          "private": "eyJlMmJmYjczMC1lY2FhLTExZTYtOGY4OC0zNDM2M2JjN2M0YzAiOnsiZGVsZXRlIjoxMjAwMDAwMDAwMDAwfX0="
        }
      ]
    },
    {
      "mode": "managed",
      "type": "aws_ecr_repository",
      "name": "FrontRepo",
      "provider": "provider[\"registry.terraform.io/hashicorp/aws\"]",
      "instances": [
        {
          "schema_version": 0,
          "attributes": {
            "arn": "arn:aws:ecr:eu-central-1:711348555690:repository/front-repo",
            "encryption_configuration": [
              {
                "encryption_type": "AES256",
                "kms_key": ""
              }
            ],
            "force_delete": null,
            "id": "front-repo",
            "image_scanning_configuration": [
              {
                "scan_on_push": false
              }
            ],
            "image_tag_mutability": "MUTABLE",
            "name": "front-repo",
            "registry_id": "711348555690",
            "repository_url": "711348555690.dkr.ecr.eu-central-1.amazonaws.com/front-repo",
            "tags": {},
            "tags_all": {},
            "timeouts": null
          },
          "sensitive_attributes": [],
          "private": "eyJlMmJmYjczMC1lY2FhLTExZTYtOGY4OC0zNDM2M2JjN2M0YzAiOnsiZGVsZXRlIjoxMjAwMDAwMDAwMDAwfX0="
        }
      ]
    },
    {
      "mode": "managed",
      "type": "aws_iam_role",
      "name": "LambdaRole",
      "provider": "provider[\"registry.terraform.io/hashicorp/aws\"]",
      "instances": [
        {
          "schema_version": 0,
          "attributes": {
            "arn": "arn:aws:iam::711348555690:role/lambda-role",
            "assume_role_policy": "{\"Statement\":[{\"Action\":\"sts:AssumeRole\",\"Effect\":\"Allow\",\"Principal\":{\"Service\":\"lambda.amazonaws.com\"}}],\"Version\":\"2012-10-17\"}",
            "create_date": "2024-01-25T13:24:30Z",
            "description": "",
            "force_detach_policies": false,
            "id": "lambda-role",
            "inline_policy": [],
            "managed_policy_arns": [
              "arn:aws:iam::aws:policy/service-role/AWSLambdaBasicExecutionRole"
            ],
            "max_session_duration": 3600,
            "name": "lambda-role",
            "name_prefix": "",
            "path": "/",
            "permissions_boundary": "",
            "tags": {},
            "tags_all": {},
            "unique_id": "AROA2LH5NR6VDB3ZFDYUC"
          },
          "sensitive_attributes": [],
          "private": "bnVsbA=="
        }
      ]
    },
    {
      "mode": "managed",
      "type": "aws_iam_role_policy_attachment",
      "name": "LambdaExecPolicyAttachment",
      "provider": "provider[\"registry.terraform.io/hashicorp/aws\"]",
      "instances": [
        {
          "schema_version": 0,
          "attributes": {
            "id": "lambda-role-20240125132432274400000001",
            "policy_arn": "arn:aws:iam::aws:policy/service-role/AWSLambdaBasicExecutionRole",
            "role": "lambda-role"
          },
          "sensitive_attributes": [],
          "private": "bnVsbA==",
          "dependencies": [
            "aws_iam_role.LambdaRole"
          ]
        }
      ]
    },
    {
      "mode": "managed",
      "type": "aws_lambda_function",
      "name": "BackLambda",
      "provider": "provider[\"registry.terraform.io/hashicorp/aws\"]",
      "instances": [
        {
          "schema_version": 0,
          "attributes": {
            "architectures": [
              "x86_64"
            ],
            "arn": "arn:aws:lambda:eu-central-1:711348555690:function:back-lambda",
            "code_signing_config_arn": "",
            "dead_letter_config": [],
            "description": "",
            "environment": [
              {
                "variables": {
                  "HOME": "/tmp"
                }
              }
            ],
            "ephemeral_storage": [
              {
                "size": 512
              }
            ],
            "file_system_config": [],
            "filename": null,
            "function_name": "back-lambda",
            "handler": "",
            "id": "back-lambda",
            "image_config": [],
            "image_uri": "711348555690.dkr.ecr.eu-central-1.amazonaws.com/back-repo:latest",
            "invoke_arn": "arn:aws:apigateway:eu-central-1:lambda:path/2015-03-31/functions/arn:aws:lambda:eu-central-1:711348555690:function:back-lambda/invocations",
            "kms_key_arn": "",
            "last_modified": "2024-01-25T13:56:49.000+0000",
            "layers": [],
            "logging_config": [
              {
                "application_log_level": "INFO",
                "log_format": "JSON",
                "log_group": "/aws/lambda/back-lambda",
                "system_log_level": "INFO"
              }
            ],
            "memory_size": 1792,
            "package_type": "Image",
            "publish": false,
            "qualified_arn": "arn:aws:lambda:eu-central-1:711348555690:function:back-lambda:$LATEST",
            "qualified_invoke_arn": "arn:aws:apigateway:eu-central-1:lambda:path/2015-03-31/functions/arn:aws:lambda:eu-central-1:711348555690:function:back-lambda:$LATEST/invocations",
            "replace_security_groups_on_destroy": null,
            "replacement_security_group_ids": null,
            "reserved_concurrent_executions": -1,
            "role": "arn:aws:iam::711348555690:role/lambda-role",
            "runtime": "",
            "s3_bucket": null,
            "s3_key": null,
            "s3_object_version": null,
            "signing_job_arn": "",
            "signing_profile_version_arn": "",
            "skip_destroy": false,
            "snap_start": [],
            "source_code_hash": "3814a43f8a163e44355db807cad6133641eb3866e766cf61f8a0ca15c8f701c1",
            "source_code_size": 0,
            "tags": {},
            "tags_all": {},
            "timeout": 5,
            "timeouts": null,
            "tracing_config": [
              {
                "mode": "PassThrough"
              }
            ],
            "version": "$LATEST",
            "vpc_config": []
          },
          "sensitive_attributes": [],
          "private": "eyJlMmJmYjczMC1lY2FhLTExZTYtOGY4OC0zNDM2M2JjN2M0YzAiOnsiY3JlYXRlIjo2MDAwMDAwMDAwMDAsImRlbGV0ZSI6NjAwMDAwMDAwMDAwLCJ1cGRhdGUiOjYwMDAwMDAwMDAwMH19",
          "dependencies": [
            "aws_ecr_repository.BackRepo",
            "aws_iam_role.LambdaRole",
            "data.aws_ecr_authorization_token.token",
            "docker_image.BackImage"
          ]
        }
      ]
    },
    {
      "mode": "managed",
      "type": "aws_lambda_function_url",
      "name": "BackLambdaUrl",
      "provider": "provider[\"registry.terraform.io/hashicorp/aws\"]",
      "instances": [
        {
          "schema_version": 0,
          "attributes": {
            "authorization_type": "NONE",
            "cors": [],
            "function_arn": "arn:aws:lambda:eu-central-1:711348555690:function:back-lambda",
            "function_name": "back-lambda",
            "function_url": "https://qwdv6iiust6ur7awexklx5zfsm0sdhmd.lambda-url.eu-central-1.on.aws/",
            "id": "back-lambda",
            "invoke_mode": "BUFFERED",
            "qualifier": "",
            "timeouts": null,
            "url_id": "qwdv6iiust6ur7awexklx5zfsm0sdhmd"
          },
          "sensitive_attributes": [],
          "private": "eyJlMmJmYjczMC1lY2FhLTExZTYtOGY4OC0zNDM2M2JjN2M0YzAiOnsiY3JlYXRlIjo2MDAwMDAwMDAwMDB9fQ==",
          "dependencies": [
            "aws_ecr_repository.BackRepo",
            "aws_iam_role.LambdaRole",
            "aws_lambda_function.BackLambda",
            "data.aws_ecr_authorization_token.token",
            "docker_image.BackImage"
          ]
        }
      ]
    },
    {
      "mode": "managed",
      "type": "docker_image",
      "name": "BackImage",
      "provider": "provider[\"registry.terraform.io/kreuzwerker/docker\"]",
      "instances": [
        {
          "schema_version": 0,
          "attributes": {
            "build": [
              {
                "auth_config": [],
                "build_arg": {},
                "build_args": {},
                "build_id": "",
                "cache_from": [],
                "cgroup_parent": "",
                "context": "/home/user/github/cdktf-project/src/back",
                "cpu_period": 0,
                "cpu_quota": 0,
                "cpu_set_cpus": "",
                "cpu_set_mems": "",
                "cpu_shares": 0,
                "dockerfile": "Dockerfile",
                "extra_hosts": [],
                "force_remove": false,
                "isolation": "",
                "label": {},
                "labels": {},
                "memory": 0,
                "memory_swap": 0,
                "network_mode": "",
                "no_cache": false,
                "platform": "linux/amd64",
                "pull_parent": false,
                "remote_context": "",
                "remove": true,
                "security_opt": [],
                "session_id": "",
                "shm_size": 0,
                "squash": false,
                "suppress_output": false,
                "tag": [],
                "target": "",
                "ulimit": [],
                "version": ""
              }
            ],
            "force_remove": null,
            "id": "sha256:d9e54ff0c0935a2beec791e31962ed9a7ef7d9ad19056ee150e6390386e27188711348555690.dkr.ecr.eu-central-1.amazonaws.com/back-repo:latest",
            "image_id": "sha256:d9e54ff0c0935a2beec791e31962ed9a7ef7d9ad19056ee150e6390386e27188",
            "keep_locally": null,
            "name": "711348555690.dkr.ecr.eu-central-1.amazonaws.com/back-repo:latest",
            "platform": null,
            "pull_triggers": null,
            "repo_digest": "711348555690.dkr.ecr.eu-central-1.amazonaws.com/back-repo@sha256:f25f0bdc6c7a8384ed41a937fe83ae0acad48764319bec4771ef61a3f8ab4841",
            "triggers": {
              "filesha256": "94fe6bb755f23c4bc661d6de745ac394cbf27a7fc083e3a20b9f942a3ebb8be3"
            }
          },
          "sensitive_attributes": [],
          "private": "bnVsbA==",
          "dependencies": [
            "aws_ecr_repository.BackRepo",
            "data.aws_ecr_authorization_token.token"
          ]
        }
      ]
    },
    {
      "mode": "managed",
      "type": "docker_image",
      "name": "FrontImage",
      "provider": "provider[\"registry.terraform.io/kreuzwerker/docker\"]",
      "instances": [
        {
          "schema_version": 0,
          "attributes": {
            "build": [
              {
                "auth_config": [],
                "build_arg": {},
                "build_args": {},
                "build_id": "",
                "cache_from": [],
                "cgroup_parent": "",
                "context": "/home/user/github/cdktf-project/src/front",
                "cpu_period": 0,
                "cpu_quota": 0,
                "cpu_set_cpus": "",
                "cpu_set_mems": "",
                "cpu_shares": 0,
                "dockerfile": "Dockerfile",
                "extra_hosts": [],
                "force_remove": false,
                "isolation": "",
                "label": {},
                "labels": {},
                "memory": 0,
                "memory_swap": 0,
                "network_mode": "",
                "no_cache": false,
                "platform": "linux/amd64",
                "pull_parent": false,
                "remote_context": "",
                "remove": true,
                "security_opt": [],
                "session_id": "",
                "shm_size": 0,
                "squash": false,
                "suppress_output": false,
                "tag": [],
                "target": "",
                "ulimit": [],
                "version": ""
              }
            ],
            "force_remove": null,
            "id": "sha256:c78d471df96f5bf0d4538c961fbbf07e1f790f0d2c2dc8feae2d573d7c44e883711348555690.dkr.ecr.eu-central-1.amazonaws.com/front-repo:latest",
            "image_id": "sha256:c78d471df96f5bf0d4538c961fbbf07e1f790f0d2c2dc8feae2d573d7c44e883",
            "keep_locally": null,
            "name": "711348555690.dkr.ecr.eu-central-1.amazonaws.com/front-repo:latest",
            "platform": null,
            "pull_triggers": null,
            "repo_digest": "711348555690.dkr.ecr.eu-central-1.amazonaws.com/front-repo@sha256:b30c3a220dee33d6bd87ded8c742b08dd68a7f738791ad589dc6f45c71dfd428",
            "triggers": {
              "filesha256": "9dd6df6a8aad0c5be2d0ff5d66c31f6c68abffb59be1e1152729b8af7f349738"
            }
          },
          "sensitive_attributes": [],
          "private": "bnVsbA==",
          "dependencies": [
            "aws_ecr_repository.FrontRepo",
            "data.aws_ecr_authorization_token.token"
          ]
        }
      ]
    },
    {
      "mode": "managed",
      "type": "docker_registry_image",
      "name": "BackPush",
      "provider": "provider[\"registry.terraform.io/kreuzwerker/docker\"]",
      "instances": [
        {
          "schema_version": 0,
          "attributes": {
            "id": "sha256:f25f0bdc6c7a8384ed41a937fe83ae0acad48764319bec4771ef61a3f8ab4841",
            "insecure_skip_verify": false,
            "keep_remotely": false,
            "name": "711348555690.dkr.ecr.eu-central-1.amazonaws.com/back-repo:latest",
            "sha256_digest": "sha256:f25f0bdc6c7a8384ed41a937fe83ae0acad48764319bec4771ef61a3f8ab4841",
            "triggers": {
              "filesha256": "94fe6bb755f23c4bc661d6de745ac394cbf27a7fc083e3a20b9f942a3ebb8be3"
            }
          },
          "sensitive_attributes": [],
          "private": "bnVsbA==",
          "dependencies": [
            "aws_ecr_repository.BackRepo",
            "data.aws_ecr_authorization_token.token",
            "docker_image.BackImage"
          ]
        }
      ]
    },
    {
      "mode": "managed",
      "type": "docker_registry_image",
      "name": "FrontPush",
      "provider": "provider[\"registry.terraform.io/kreuzwerker/docker\"]",
      "instances": [
        {
          "schema_version": 0,
          "attributes": {
            "id": "sha256:b30c3a220dee33d6bd87ded8c742b08dd68a7f738791ad589dc6f45c71dfd428",
            "insecure_skip_verify": false,
            "keep_remotely": false,
            "name": "711348555690.dkr.ecr.eu-central-1.amazonaws.com/front-repo:latest",
            "sha256_digest": "sha256:b30c3a220dee33d6bd87ded8c742b08dd68a7f738791ad589dc6f45c71dfd428",
            "triggers": {
              "filesha256": "9dd6df6a8aad0c5be2d0ff5d66c31f6c68abffb59be1e1152729b8af7f349738"
            }
          },
          "sensitive_attributes": [],
          "private": "bnVsbA==",
          "dependencies": [
            "aws_ecr_repository.FrontRepo",
            "data.aws_ecr_authorization_token.token",
            "docker_image.FrontImage"
          ]
        }
      ]
    }
  ],
  "check_results": null
}
