{
  "version": 4,
  "terraform_version": "1.7.0",
  "serial": 308,
  "lineage": "a595879c-8348-d326-a097-97e4ec7507b9",
  "outputs": {},
  "resources": [
    {
      "mode": "data",
      "type": "aws_ecr_authorization_token",
      "name": "token",
      "provider": "provider[\"registry.terraform.io/hashicorp/aws\"]",
      "instances": [
        {
          "schema_version": 0,
          "attributes": {
            "authorization_token": "QVdTOmV5SndZWGxzYjJGa0lqb2ljMmROTW13NVZFcDNjRFZWY1hCa1JERmpTV2wyVG10bFZuVjNTRTh2VTBoV01FMDJUSGxCU2xGQ1MzcFRhVTFaWW5JdmQyVkRTMFJLTjFKMmNrNVdZVmhCYUZoU1RtbHBaV3BCYTI5U1RrOW5USHBUYWpGc2JWa3Zia3c1VWtOWmRITldaekZDUVV0eU5USlJTM0ZIV2t0NlQwZERlVlZUUTB4SFVYWTVOazU1UWxsVmRYQXdRVmRSZEZSNWEyY3pVVkZLYUhKUE0yRlFNSEV5UjBWRlNrdElWVlp1Vmxsa1lYRnhiM2h5V25OdFRXaHFWa0ptYXpSRVZITjVNMjEyUjFwbk9WQndXRVZDU1RRMFlUWjJZMUZyV2tGR09EWk5MMHBIUVhwVmNEUm5WRWR0V25wa2RYSlRUbXRIVEhSV2NIUTVWblpNYVVkQk16bHFMM1ZaWmtwU00yOVdlV0ZtVDBsMkwwMWtUak5KTmpkNlFWRm5hRFp4T0ZkNVlrcFplVFp5ZFVKdGJrOTVNbGRzYjNGaFZEUkphV0ZSZEdkUEswcDZObU5NVTBRMFNHVnJkM2hFT0VwbVRuVmlRbmgwV1hWT2EyZHFkRGxaUW5kTWRXWnZibFp0V2pGMkwwY3lObFpUZEdsRmEwZGFWMmhMVEZOQ1NWbE5TbGh5VEZGamRVcFFlVFJrZEd4RllTOTBla2xwYm1SM1pXTm1PV1pUVDNsWGVrRkVkVXRzYjFGaGRtMTNaa0puYUdWMFVrSjFaRkJ3UzNwNlprcEROVVIyYTFWdFJFOXBVbFJQYzAwNE5taENUa2xZZWpaT1VGRmpTa2QyVDFkdVQxcE5RelJZYW5jM1UyeDVTRlJoU1ZaSGQweDRNekZPTTFONU1HNDVXVWxRZUVWcmJYSkNkR05sY25wRk55ODFWalphYzJnMVkzQXdPWFY1YUZkSlVXeG1OVzk0UmxWS1oxVXJRVUpYVlRVNU0wcEhRVUY2UjIxcVNqSnBSV2xJWlM5NlZrTnlNMlZvTjFCME1YTmtTMEZRWmt4alpreDZaR05uWnlzMFp5dENLekptUjJVMFZIaFpkRzEwWVZSb2NUTmxaMFZIYjJ0SVVESk9WMkpaVVdweE5HZHJXWGh5ZFROWkx6TlJlR1E0Y0daak1UWXdTWGNyTWpSRGJuTm9ZakpqVEU0eVRXdHJPVEJCUm1wTE0yNUlkVEZWTld4MldHSk9RV1p2YUdaMEt6aFhZWGx4ZW5nd01XVlFRakJRYms1alJrSnNiV1VyU2sxcE0xZFNUVkpQSzBNMFlWSXlOSE5TU3pSRU1IbzNjREJDTUdWNFQxZGxTVmxXUzB0eFpVVlRTbk52UjNKUlNEZ3hNVUV3UjNKSlkwdElVMngwWWpOaWVVOXBURUo1SzFkb1VtdGtiRWR1ZDNWcGJIZGpWbmQ0YzJGUVdrSjFMMGxJTW5sdVlUVXJVR2N4VW0xbU1sTjFLelJtVVU5eWNXRlJiMDF2WVc0ck0waHBSazlOTkZKMVJFUTFkMU5CV1ZOdFpqRmxXR1ppTnprelNHWldkazV5VUROb1VWSlBlRlZZYkZoeFptdFdXVmMzY1hKcVRTczBUMGhFUzNkMWNWUlRSRlZoUVcxNmJYWjFSell3V1dJMGNYbEJNMEZ0T0VJNWIyaFJZWGQzVmk5TmJsUkRVRTF3VUZOTU9Va3pVblZPT0d0U1VubDFWMmR0Ymtkc0wxaGtUWFpLWWtFcmNsVm5XSHBwWlhoTE1HaDNkR3h0TkVSTVZUbDJSQ3RaTUdOd056ZFNiM051WTJ0TlRYcFJUbGRzTjJaeVdWRnpjVmt3V1VSa2RYZFRkR2wwUlZsVU0wY3djamd6V0ZwdmVYbEhWekUzVDBWd1FVeDJVbkpQY1ZKS2VscEtNakZQZDNCa2RVdEZSRlZPYTBreFZtWlNPRTlRVURCb1NISnBUVVV2Wld4blExSkJXR0pRY25KRk9FVXhNalkzZEVkUU9UaHVjaXRrUXpoR1pFNHZRMDlsV25SS2RrczRhbVpPUTBKUGRHZENjemR2YWtoaUwwb3dVMVZIZEZacU1XcDZhbEZzU3pkSU5sazBSM014UVdObmFuSjRhamRqZVV4aFprVlRPRDBpTENKa1lYUmhhMlY1SWpvaVFWRkZRa0ZJYURONldVOWtkSEJDUWxOV2R5OVpNbUZ1T0VKWVNVUTBhM2RNVVdadWIxUnFOWHAzV25SSFNscHZXbEZCUVVGSU5IZG1RVmxLUzI5YVNXaDJZMDVCVVdOSGIwYzRkMkpSU1VKQlJFSnZRbWRyY1docmFVYzVkekJDUW5kRmQwaG5XVXBaU1ZwSlFWZFZSRUpCUlhWTlFrVkZSRWRVWm1wNmVrbDFlR3BOYW1ReVZpdDNTVUpGU1VFM1NpdFhRamMyYVVJemJuQjFXVE5xWjI1QlpVNXdObVYyUVRsVE1HWXhVRFpxVXl0S1pqTTBSa296VEhsd1dVNXVOMU5uTmtwYVFUSm5MelowYlhGS2FFaFVZelJOU25aVlQzRlFXR042T0QwaUxDSjJaWEp6YVc5dUlqb2lNaUlzSW5SNWNHVWlPaUpFUVZSQlgwdEZXU0lzSW1WNGNHbHlZWFJwYjI0aU9qRTNNRFl5TWpZME16Ujk=",
            "expires_at": "2024-01-25T23:47:14Z",
            "id": "eu-central-1",
            "password": "eyJwYXlsb2FkIjoic2dNMmw5VEp3cDVVcXBkRDFjSWl2TmtlVnV3SE8vU0hWME02THlBSlFCS3pTaU1ZYnIvd2VDS0RKN1J2ck5WYVhBaFhSTmlpZWpBa29STk9nTHpTajFsbVkvbkw5UkNZdHNWZzFCQUtyNTJRS3FHWkt6T0dDeVVTQ0xHUXY5Nk55QllVdXAwQVdRdFR5a2czUVFKaHJPM2FQMHEyR0VFSktIVVZuVllkYXFxb3hyWnNtTWhqVkJmazREVHN5M212R1pnOVBwWEVCSTQ0YTZ2Y1FrWkFGODZNL0pHQXpVcDRnVEdtWnpkdXJTTmtHTHRWcHQ5VnZMaUdBMzlqL3VZZkpSM29WeWFmT0l2L01kTjNJNjd6QVFnaDZxOFd5YkpZeTZydUJtbk95Mldsb3FhVDRJaWFRdGdPK0p6NmNMU0Q0SGVrd3hEOEpmTnViQnh0WXVOa2dqdDlZQndMdWZvblZtWjF2L0cyNlZTdGlFa0daV2hLTFNCSVlNSlhyTFFjdUpQeTRkdGxFYS90eklpbmR3ZWNmOWZTT3lXekFEdUtsb1Fhdm13ZkJnaGV0UkJ1ZFBwS3p6ZkpDNUR2a1VtRE9pUlRPc004NmhCTklYejZOUFFjSkd2T1duT1pNQzRYanc3U2x5SFRhSVZHd0x4MzFOM1N5MG45WUlQeEVrbXJCdGNlcnpFNy81VjZac2g1Y3AwOXV5aFdJUWxmNW94RlVKZ1UrQUJXVTU5M0pHQUF6R21qSjJpRWlIZS96VkNyM2VoN1B0MXNkS0FQZkxjZkx6ZGNnZys0ZytCKzJmR2U0VHhZdG10YVRocTNlZ0VHb2tIUDJOV2JZUWpxNGdrWXhydTNZLzNReGQ4cGZjMTYwSXcrMjRDbnNoYjJjTE4yTWtrOTBBRmpLM25IdTFVNWx2WGJOQWZvaGZ0KzhXYXlxengwMWVQQjBQbk5jRkJsbWUrSk1pM1dSTVJPK0M0YVIyNHNSSzREMHo3cDBCMGV4T1dlSVlWS0txZUVTSnNvR3JRSDgxMUEwR3JJY0tIU2x0YjNieU9pTEJ5K1doUmtkbEdud3VpbHdjVnd4c2FQWkJ1L0lIMnluYTUrUGcxUm1mMlN1KzRmUU9ycWFRb01vYW4rM0hpRk9NNFJ1REQ1d1NBWVNtZjFlWGZiNzkzSGZWdk5yUDNoUVJPeFVYbFhxZmtWWVc3cXJqTSs0T0hES3d1cVRTRFVhQW16bXZ1RzYwWWI0cXlBM0FtOEI5b2hRYXd3Vi9NblRDUE1wUFNMOUkzUnVOOGtSUnl1V2dtbkdsL1hkTXZKYkErclVnWHppZXhLMGh3dGxtNERMVTl2RCtZMGNwNzdSb3NuY2tNTXpRTldsN2ZyWVFzcVkwWURkdXdTdGl0RVlUM0cwcjgzWFpveXlHVzE3T0VwQUx2UnJPcVJKelpKMjFPd3BkdUtFRFVOa0kxVmZSOE9QUDBoSHJpTUUvZWxnQ1JBWGJQcnJFOEUxMjY3dEdQOThucitkQzhGZE4vQ09lWnRKdks4amZOQ0JPdGdCczdvakhiL0owU1VHdFZqMWp6alFsSzdINlk0R3MxQWNnanJ4ajdjeUxhZkVTOD0iLCJkYXRha2V5IjoiQVFFQkFIaDN6WU9kdHBCQlNWdy9ZMmFuOEJYSUQ0a3dMUWZub1RqNXp3WnRHSlpvWlFBQUFINHdmQVlKS29aSWh2Y05BUWNHb0c4d2JRSUJBREJvQmdrcWhraUc5dzBCQndFd0hnWUpZSVpJQVdVREJBRXVNQkVFREdUZmp6ekl1eGpNamQyVit3SUJFSUE3SitXQjc2aUIzbnB1WTNqZ25BZU5wNmV2QTlTMGYxUDZqUytKZjM0RkozTHlwWU5uN1NnNkpaQTJnLzZ0bXFKaEhUYzRNSnZVT3FQWGN6OD0iLCJ2ZXJzaW9uIjoiMiIsInR5cGUiOiJEQVRBX0tFWSIsImV4cGlyYXRpb24iOjE3MDYyMjY0MzR9",
            "proxy_endpoint": "https://711348555690.dkr.ecr.eu-central-1.amazonaws.com",
            "registry_id": null,
            "user_name": "AWS"
          },
          "sensitive_attributes": []
        }
      ]
    },
    {
      "mode": "managed",
      "type": "aws_ecr_repository",
      "name": "BackRepo",
      "provider": "provider[\"registry.terraform.io/hashicorp/aws\"]",
      "instances": [
        {
          "schema_version": 0,
          "attributes": {
            "arn": "arn:aws:ecr:eu-central-1:711348555690:repository/back-repo",
            "encryption_configuration": [
              {
                "encryption_type": "AES256",
                "kms_key": ""
              }
            ],
            "force_delete": null,
            "id": "back-repo",
            "image_scanning_configuration": [
              {
                "scan_on_push": false
              }
            ],
            "image_tag_mutability": "MUTABLE",
            "name": "back-repo",
            "registry_id": "711348555690",
            "repository_url": "711348555690.dkr.ecr.eu-central-1.amazonaws.com/back-repo",
            "tags": {},
            "tags_all": {},
            "timeouts": null
          },
          "sensitive_attributes": [],
          "private": "eyJlMmJmYjczMC1lY2FhLTExZTYtOGY4OC0zNDM2M2JjN2M0YzAiOnsiZGVsZXRlIjoxMjAwMDAwMDAwMDAwfX0="
        }
      ]
    },
    {
      "mode": "managed",
      "type": "aws_ecr_repository",
      "name": "FrontRepo",
      "provider": "provider[\"registry.terraform.io/hashicorp/aws\"]",
      "instances": [
        {
          "schema_version": 0,
          "attributes": {
            "arn": "arn:aws:ecr:eu-central-1:711348555690:repository/front-repo",
            "encryption_configuration": [
              {
                "encryption_type": "AES256",
                "kms_key": ""
              }
            ],
            "force_delete": null,
            "id": "front-repo",
            "image_scanning_configuration": [
              {
                "scan_on_push": false
              }
            ],
            "image_tag_mutability": "MUTABLE",
            "name": "front-repo",
            "registry_id": "711348555690",
            "repository_url": "711348555690.dkr.ecr.eu-central-1.amazonaws.com/front-repo",
            "tags": {},
            "tags_all": {},
            "timeouts": null
          },
          "sensitive_attributes": [],
          "private": "eyJlMmJmYjczMC1lY2FhLTExZTYtOGY4OC0zNDM2M2JjN2M0YzAiOnsiZGVsZXRlIjoxMjAwMDAwMDAwMDAwfX0="
        }
      ]
    },
    {
      "mode": "managed",
      "type": "aws_iam_role",
      "name": "LambdaRole",
      "provider": "provider[\"registry.terraform.io/hashicorp/aws\"]",
      "instances": [
        {
          "schema_version": 0,
          "attributes": {
            "arn": "arn:aws:iam::711348555690:role/lambda-role",
            "assume_role_policy": "{\"Statement\":[{\"Action\":\"sts:AssumeRole\",\"Effect\":\"Allow\",\"Principal\":{\"Service\":\"lambda.amazonaws.com\"}}],\"Version\":\"2012-10-17\"}",
            "create_date": "2024-01-24T09:19:00Z",
            "description": "",
            "force_detach_policies": false,
            "id": "lambda-role",
            "inline_policy": [],
            "managed_policy_arns": [
              "arn:aws:iam::aws:policy/service-role/AWSLambdaBasicExecutionRole"
            ],
            "max_session_duration": 3600,
            "name": "lambda-role",
            "name_prefix": "",
            "path": "/",
            "permissions_boundary": "",
            "tags": {},
            "tags_all": {},
            "unique_id": "AROA2LH5NR6VHPN5QYHTG"
          },
          "sensitive_attributes": [],
          "private": "bnVsbA=="
        }
      ]
    },
    {
      "mode": "managed",
      "type": "aws_iam_role_policy_attachment",
      "name": "LambdaExecPolicyAttachment",
      "provider": "provider[\"registry.terraform.io/hashicorp/aws\"]",
      "instances": [
        {
          "schema_version": 0,
          "attributes": {
            "id": "lambda-role-20240124091902102000000001",
            "policy_arn": "arn:aws:iam::aws:policy/service-role/AWSLambdaBasicExecutionRole",
            "role": "lambda-role"
          },
          "sensitive_attributes": [],
          "private": "bnVsbA==",
          "dependencies": [
            "aws_iam_role.LambdaRole"
          ]
        }
      ]
    },
    {
      "mode": "managed",
      "type": "aws_lambda_function",
      "name": "BackLambda",
      "provider": "provider[\"registry.terraform.io/hashicorp/aws\"]",
      "instances": [
        {
          "schema_version": 0,
          "attributes": {
            "architectures": [
              "arm64"
            ],
            "arn": "arn:aws:lambda:eu-central-1:711348555690:function:back-lambda",
            "code_signing_config_arn": "",
            "dead_letter_config": [],
            "description": "",
            "environment": [],
            "ephemeral_storage": [
              {
                "size": 512
              }
            ],
            "file_system_config": [],
            "filename": null,
            "function_name": "back-lambda",
            "handler": "",
            "id": "back-lambda",
            "image_config": [],
            "image_uri": "711348555690.dkr.ecr.eu-central-1.amazonaws.com/back-repo:latest",
            "invoke_arn": "arn:aws:apigateway:eu-central-1:lambda:path/2015-03-31/functions/arn:aws:lambda:eu-central-1:711348555690:function:back-lambda/invocations",
            "kms_key_arn": "",
            "last_modified": "2024-01-25T11:47:17.000+0000",
            "layers": [],
            "logging_config": [
              {
                "application_log_level": "INFO",
                "log_format": "JSON",
                "log_group": "/aws/lambda/back-lambda",
                "system_log_level": "INFO"
              }
            ],
            "memory_size": 1792,
            "package_type": "Image",
            "publish": false,
            "qualified_arn": "arn:aws:lambda:eu-central-1:711348555690:function:back-lambda:$LATEST",
            "qualified_invoke_arn": "arn:aws:apigateway:eu-central-1:lambda:path/2015-03-31/functions/arn:aws:lambda:eu-central-1:711348555690:function:back-lambda:$LATEST/invocations",
            "replace_security_groups_on_destroy": null,
            "replacement_security_group_ids": null,
            "reserved_concurrent_executions": -1,
            "role": "arn:aws:iam::711348555690:role/lambda-role",
            "runtime": "",
            "s3_bucket": null,
            "s3_key": null,
            "s3_object_version": null,
            "signing_job_arn": "",
            "signing_profile_version_arn": "",
            "skip_destroy": false,
            "snap_start": [],
            "source_code_hash": "7b6ed67fe5d0dc2c9205141463c8ccb59d63235abea8fd2698742e2412773e59",
            "source_code_size": 0,
            "tags": {},
            "tags_all": {},
            "timeout": 5,
            "timeouts": null,
            "tracing_config": [
              {
                "mode": "PassThrough"
              }
            ],
            "version": "$LATEST",
            "vpc_config": []
          },
          "sensitive_attributes": [],
          "private": "eyJlMmJmYjczMC1lY2FhLTExZTYtOGY4OC0zNDM2M2JjN2M0YzAiOnsiY3JlYXRlIjo2MDAwMDAwMDAwMDAsImRlbGV0ZSI6NjAwMDAwMDAwMDAwLCJ1cGRhdGUiOjYwMDAwMDAwMDAwMH19",
          "dependencies": [
            "aws_ecr_repository.BackRepo",
            "aws_iam_role.LambdaRole",
            "data.aws_ecr_authorization_token.token",
            "docker_image.BackImage"
          ]
        }
      ]
    },
    {
      "mode": "managed",
      "type": "aws_lambda_function_url",
      "name": "BackLambdaUrl",
      "provider": "provider[\"registry.terraform.io/hashicorp/aws\"]",
      "instances": [
        {
          "schema_version": 0,
          "attributes": {
            "authorization_type": "NONE",
            "cors": [],
            "function_arn": "arn:aws:lambda:eu-central-1:711348555690:function:back-lambda",
            "function_name": "back-lambda",
            "function_url": "https://bxhne6uumeuxjabn5oo4bpp4ty0jkcfg.lambda-url.eu-central-1.on.aws/",
            "id": "back-lambda",
            "invoke_mode": "BUFFERED",
            "qualifier": "",
            "timeouts": null,
            "url_id": "bxhne6uumeuxjabn5oo4bpp4ty0jkcfg"
          },
          "sensitive_attributes": [],
          "private": "eyJlMmJmYjczMC1lY2FhLTExZTYtOGY4OC0zNDM2M2JjN2M0YzAiOnsiY3JlYXRlIjo2MDAwMDAwMDAwMDB9fQ==",
          "dependencies": [
            "aws_ecr_repository.BackRepo",
            "aws_iam_role.LambdaRole",
            "aws_lambda_function.BackLambda",
            "data.aws_ecr_authorization_token.token",
            "docker_image.BackImage"
          ]
        }
      ]
    },
    {
      "mode": "managed",
      "type": "docker_image",
      "name": "BackImage",
      "provider": "provider[\"registry.terraform.io/kreuzwerker/docker\"]",
      "instances": [
        {
          "schema_version": 0,
          "attributes": {
            "build": [
              {
                "auth_config": [],
                "build_arg": {},
                "build_args": {},
                "build_id": "",
                "cache_from": [],
                "cgroup_parent": "",
                "context": "/home/user/github/cdktf-project/src/back",
                "cpu_period": 0,
                "cpu_quota": 0,
                "cpu_set_cpus": "",
                "cpu_set_mems": "",
                "cpu_shares": 0,
                "dockerfile": "Dockerfile",
                "extra_hosts": [],
                "force_remove": false,
                "isolation": "",
                "label": {},
                "labels": {},
                "memory": 0,
                "memory_swap": 0,
                "network_mode": "",
                "no_cache": false,
                "platform": "linux/x86_64",
                "pull_parent": false,
                "remote_context": "",
                "remove": true,
                "security_opt": [],
                "session_id": "",
                "shm_size": 0,
                "squash": false,
                "suppress_output": false,
                "tag": [],
                "target": "",
                "ulimit": [],
                "version": ""
              }
            ],
            "force_remove": null,
            "id": "sha256:0ff3492d2481ccd64f42ca114157a43363138bc36d5944532ced9bf7e26a6997711348555690.dkr.ecr.eu-central-1.amazonaws.com/back-repo:latest",
            "image_id": "sha256:0ff3492d2481ccd64f42ca114157a43363138bc36d5944532ced9bf7e26a6997",
            "keep_locally": null,
            "name": "711348555690.dkr.ecr.eu-central-1.amazonaws.com/back-repo:latest",
            "platform": null,
            "pull_triggers": null,
            "repo_digest": "711348555690.dkr.ecr.eu-central-1.amazonaws.com/back-repo@sha256:730c4de2b582ee89515ed2d531063635ba2a4234fa931360ca01b534b296f493",
            "triggers": {
              "filesha256": "7e0fcf700f055b54ab6e8b9b2ba4914b690b05d9d8b3fe5bc776ce03c6dd500f"
            }
          },
          "sensitive_attributes": [],
          "private": "bnVsbA==",
          "dependencies": [
            "aws_ecr_repository.BackRepo",
            "data.aws_ecr_authorization_token.token"
          ]
        }
      ]
    },
    {
      "mode": "managed",
      "type": "docker_image",
      "name": "FrontImage",
      "provider": "provider[\"registry.terraform.io/kreuzwerker/docker\"]",
      "instances": [
        {
          "schema_version": 0,
          "attributes": {
            "build": [
              {
                "auth_config": [],
                "build_arg": {},
                "build_args": {},
                "build_id": "",
                "cache_from": [],
                "cgroup_parent": "",
                "context": "/home/user/github/cdktf-project/src/front",
                "cpu_period": 0,
                "cpu_quota": 0,
                "cpu_set_cpus": "",
                "cpu_set_mems": "",
                "cpu_shares": 0,
                "dockerfile": "Dockerfile",
                "extra_hosts": [],
                "force_remove": false,
                "isolation": "",
                "label": {},
                "labels": {},
                "memory": 0,
                "memory_swap": 0,
                "network_mode": "",
                "no_cache": false,
                "platform": "linux/x86_64",
                "pull_parent": false,
                "remote_context": "",
                "remove": true,
                "security_opt": [],
                "session_id": "",
                "shm_size": 0,
                "squash": false,
                "suppress_output": false,
                "tag": [],
                "target": "",
                "ulimit": [],
                "version": ""
              }
            ],
            "force_remove": null,
            "id": "sha256:c78d471df96f5bf0d4538c961fbbf07e1f790f0d2c2dc8feae2d573d7c44e883711348555690.dkr.ecr.eu-central-1.amazonaws.com/front-repo:latest",
            "image_id": "sha256:c78d471df96f5bf0d4538c961fbbf07e1f790f0d2c2dc8feae2d573d7c44e883",
            "keep_locally": null,
            "name": "711348555690.dkr.ecr.eu-central-1.amazonaws.com/front-repo:latest",
            "platform": null,
            "pull_triggers": null,
            "repo_digest": "",
            "triggers": {
              "filesha256": "9dd6df6a8aad0c5be2d0ff5d66c31f6c68abffb59be1e1152729b8af7f349738"
            }
          },
          "sensitive_attributes": [],
          "private": "bnVsbA==",
          "dependencies": [
            "aws_ecr_repository.FrontRepo",
            "data.aws_ecr_authorization_token.token"
          ]
        }
      ]
    },
    {
      "mode": "managed",
      "type": "docker_registry_image",
      "name": "BackPush",
      "provider": "provider[\"registry.terraform.io/kreuzwerker/docker\"]",
      "instances": [
        {
          "schema_version": 0,
          "attributes": {
            "id": "sha256:730c4de2b582ee89515ed2d531063635ba2a4234fa931360ca01b534b296f493",
            "insecure_skip_verify": false,
            "keep_remotely": false,
            "name": "711348555690.dkr.ecr.eu-central-1.amazonaws.com/back-repo:latest",
            "sha256_digest": "sha256:730c4de2b582ee89515ed2d531063635ba2a4234fa931360ca01b534b296f493",
            "triggers": {
              "filesha256": "7e0fcf700f055b54ab6e8b9b2ba4914b690b05d9d8b3fe5bc776ce03c6dd500f"
            }
          },
          "sensitive_attributes": [],
          "private": "bnVsbA==",
          "dependencies": [
            "aws_ecr_repository.BackRepo",
            "data.aws_ecr_authorization_token.token",
            "docker_image.BackImage"
          ]
        }
      ]
    },
    {
      "mode": "managed",
      "type": "docker_registry_image",
      "name": "FrontPush",
      "provider": "provider[\"registry.terraform.io/kreuzwerker/docker\"]",
      "instances": [
        {
          "schema_version": 0,
          "attributes": {
            "id": "sha256:b30c3a220dee33d6bd87ded8c742b08dd68a7f738791ad589dc6f45c71dfd428",
            "insecure_skip_verify": false,
            "keep_remotely": false,
            "name": "711348555690.dkr.ecr.eu-central-1.amazonaws.com/front-repo:latest",
            "sha256_digest": "sha256:b30c3a220dee33d6bd87ded8c742b08dd68a7f738791ad589dc6f45c71dfd428",
            "triggers": {
              "filesha256": "9dd6df6a8aad0c5be2d0ff5d66c31f6c68abffb59be1e1152729b8af7f349738"
            }
          },
          "sensitive_attributes": [],
          "private": "bnVsbA==",
          "dependencies": [
            "aws_ecr_repository.FrontRepo",
            "data.aws_ecr_authorization_token.token",
            "docker_image.FrontImage"
          ]
        }
      ]
    }
  ],
  "check_results": null
}
