{
  "version": 4,
  "terraform_version": "1.7.1",
  "serial": 1045,
  "lineage": "a595879c-8348-d326-a097-97e4ec7507b9",
  "outputs": {},
  "resources": [
    {
      "mode": "data",
      "type": "aws_ecr_authorization_token",
      "name": "token",
      "provider": "provider[\"registry.terraform.io/hashicorp/aws\"]",
      "instances": [
        {
          "schema_version": 0,
          "attributes": {
            "authorization_token": "QVdTOmV5SndZWGxzYjJGa0lqb2liWFZXS3paclNVRkdOMjF4VnpGS0t6TndWRXQyUVdZeU5VbEZaVVJWYzA4eFRIcDZiMVZsZGxjd1JFaE1SakZZVjNocVNTdEVTSGx3ZUZnNWNGRkVSemh3WjI5R1dUVndaM2xhVGs1RGIzSmFjVkpqVWxka2JYVXpRM3BTWjFaR2JYRXdNSGRpUkc5emFVOWhlVU56YzI5R2JFdEZRU3RUYkhaWmNsZDBSbTVtYkVaeU1uSnBOMHBtUkhwbWNUQllXVUpIVGtsUWJsVjZPVkZUVW5vMFZHMXZVV2RKYTFFcmRFWmtkVU01VURKc2NYSlBTRnB1VmpsbVMwMVpibVI0YjJoWVRWRnBkVVpwUVM5eldqaE5XblZuVEdFM00xbHZiVWRZWTBwc1pHRm9ZV2hyTmpsamMwNVhhVkJ1ZFZJdlZTOTFaVmRoYWpobWRYaDFiMU0yWlhKR1NuY3hSa056Y0drdk0zSllZMWxQTlVKdVIyUmpVekJTV2xCcmVucHdORlI1ZUhacmRHVkNaR1ZFV2xsME5XdFhZbm9yZUZoNFFVRnZjMlo2U0cwNFJsUTNXREpUUVRsRmMwbEVaRFpRUjJoa2FrUkNSV3BLYlRoNGFXVndjVGRQY0UxeWEyOHJXVFJISzNGU2VuSkZVazU0VEZRMWFHTjBNWFp5YVZkUlIybGlSRXhRVTJ0aksybFhURmdyY1RacWQwOXlhamgyV1ZOdWNGVnZhQzk2T0VKb05UUlVlRGRCYkc4M2JqSm5Samh2YjFCQlp6RTJlRmN3ZUN0V1pHTjBWa1pOV0RaVmQyWkhOblJ0U1VaT1IxQXlOMFJJV0ZaV1RteHFPRTF3VGxCbUsyZDZUVzVGY21OcWRrNURVR0ZuWVhwWVUydDJZMmRHYzI0NGNVdENSalpTTldsTFowRXlSRmQ1TkRoaVlWVlNiR1J1TDFKcFZIVk9iMWhuWldaaVl6azFOazV2U0dkcFJFdHZURVV2VFVaT01FUndVMHRLTkVWV2RFeG9NelJLUVRZM1pISXdkV0ZsZFRoU2NWaEZNVVkxVFZvd05HbEhkVzAyVkdoemMwZHRjRGRxYW1wcldqaENTV0Z4VUZwaFluZ3ZXRXRWTkhScUsxZEhOMWhUWTB3d1puTTRTalI2UTBKdldYWjJaMmRNWjB0NmFtaExPQzkyT1V3dmRVdDNZbEJxYTB0TU4xUnphemhOVFhBdmRVeHdNRnBUUlZsME1uVmlVamh6UlRNMmEwUjBaMjlGVDFKdlRIQkNkbHBEUkU5WFkwSXpkMGt6ZGxZeWJuUjRjVEIwYldoS1V6WTBiMFF6Tlc1dFJsVnJjVmh2ZVRONVdtSm1XbWRvY0VzNVQycHlSWEptYzBsS1lsTlRWSEZxWVhWdlF6VXdNbU50U3pWVksxWlZXRFpUTldoSlpqSkJaR2szVUVVeVRscE9Ua2hZTkdoWU1FbFNabFkxVUV0cGVHTnZUMWhoZFROM1JFOUVUbGsyWjJ4V05VOW5SV2hwWWtoVWEwVm9SR012ZW5OdVJ5ODViSEZETjBVNEsyaGFjV0ZPTVU1NGRXSnNPSFV5UkhvelYyUmlkVWhDVVhORU1EUlNNV2hKYzFOellYZ3dhRFphZUhKRVFtdFVla05IZG5KWldXMXdURlJQUmt0R1pGWkRNbXhxYVc0NFYzRkJZMEZNVVRCVlFVRnhXVmR1TlRKbGVUaGtOemxOY1hGcGRXNVBVV3N6TkVGYVRWQnJMM0J4TkhGTmMyWnVVVTlaYjJ3eFMxWjZVM05FU0daMVdVNUlkblZ5ZDNGWWVYZGhhVmdyVFZWNldDOHphMWhzZUhCT2F6VnpXVzFsVXpSWWFHaFphV3R4UlhSM2MyRk5XVkJ6VDNwRU4xRmFOMjUzTWtweFNreDNhVlJZZFVRMFpEVnVRVFZ0VFZGVWFIQllMMmRPTjFnMWNFNTFiRWsyWVVOTmFtd3JRbkpVY2xsNFQzQnZlREZ3VWpOcWFVOUxLek4yTkUxUE5qQTNjVUZZTVhocWFYVldjSFZwUkZWTFUzazVXRVp6U0U0M04yaENjRnBqUldGRlpVSkNTWFJyVW5SVVpVcHRRbEoyVjBkeVNXOWpkeTlDYkRoRWJYUjNaejBpTENKa1lYUmhhMlY1SWpvaVFWRkZRa0ZJYURONldVOWtkSEJDUWxOV2R5OVpNbUZ1T0VKWVNVUTBhM2RNVVdadWIxUnFOWHAzV25SSFNscHZXbEZCUVVGSU5IZG1RVmxLUzI5YVNXaDJZMDVCVVdOSGIwYzRkMkpSU1VKQlJFSnZRbWRyY1docmFVYzVkekJDUW5kRmQwaG5XVXBaU1ZwSlFWZFZSRUpCUlhWTlFrVkZSRUk0WWtkaWJIVjVSM0JuYjBSaWRIQm5TVUpGU1VFM1JrcEZMMWhRVDBkQ1ltSm1TVmR6SzNZMmQyZHlWMkZaV1hOSE5FMUdXQzh2TURoQ1FsUnFiM0ZIUjBodU9HdGxablZVVkdGdU9XOW9NWGhaVWtVMlRsbGlRVFZPTVRWUGRXMVphUzk1U1QwaUxDSjJaWEp6YVc5dUlqb2lNaUlzSW5SNWNHVWlPaUpFUVZSQlgwdEZXU0lzSW1WNGNHbHlZWFJwYjI0aU9qRTNNRFk0TnpVM01URjk=",
            "expires_at": "2024-02-02T12:08:31Z",
            "id": "eu-central-1",
            "password": "eyJwYXlsb2FkIjoibXVWKzZrSUFGN21xVzFKKzNwVEt2QWYyNUlFZURVc08xTHp6b1VldlcwREhMRjFYV3hqSStESHlweFg5cFFERzhwZ29GWTVwZ3laTk5Db3JacVJjUldkbXUzQ3pSZ1ZGbXEwMHdiRG9zaU9heUNzc29GbEtFQStTbHZZcld0Rm5mbEZyMnJpN0pmRHpmcTBYWUJHTklQblV6OVFTUno0VG1vUWdJa1ErdEZkdUM5UDJscXJPSFpuVjlmS01ZbmR4b2hYTVFpdUZpQS9zWjhNWnVnTGE3M1lvbUdYY0psZGFoYWhrNjljc05XaVBudVIvVS91ZVdhajhmdXh1b1M2ZXJGSncxRkNzcGkvM3JYY1lPNUJuR2RjUzBSWlBrenpwNFR5eHZrdGVCZGVEWll0NWtXYnoreFh4QUFvc2Z6SG04RlQ3WDJTQTlFc0lEZDZQR2hkakRCRWpKbTh4aWVwcTdPcE1ya28rWTRHK3FSenJFUk54TFQ1aGN0MXZyaVdRR2liRExQU2tjK2lXTFgrcTZqd09yajh2WVNucFVvaC96OEJoNTRUeDdBbG83bjJnRjhvb1BBZzE2eFcweCtWZGN0VkZNWDZVd2ZHNnRtSUZOR1AyN0RIWFZWTmxqOE1wTlBmK2d6TW5FcmNqdk5DUGFnYXpYU2t2Y2dGc244cUtCRjZSNWlLZ0EyRFd5NDhiYVVSbGRuL1JpVHVOb1hnZWZiYzk1Nk5vSGdpREtvTEUvTUZOMERwU0tKNEVWdExoMzRKQTY3ZHIwdWFldThScVhFMUY1TVowNGlHdW02VGhzc0dtcDdqamprWjhCSWFxUFphYngvWEtVNHRqK1dHN1hTY0wwZnM4SjR6Q0JvWXZ2Z2dMZ0t6amhLOC92OUwvdUt3YlBqa0tMN1RzazhNTXAvdUxwMFpTRVl0MnViUjhzRTM2a0R0Z29FT1JvTHBCdlpDRE9XY0Izd0kzdlYybnR4cTB0bWhKUzY0b0QzNW5tRlVrcVhveTN5WmJmWmdocEs5T2pyRXJmc0lKYlNTVHFqYXVvQzUwMmNtSzVVK1ZVWDZTNWhJZjJBZGk3UEUyTlpOTkhYNGhYMElSZlY1UEtpeGNvT1hhdTN3RE9ETlk2Z2xWNU9nRWhpYkhUa0VoRGMvenNuRy85bHFDN0U4K2hacWFOMU54dWJsOHUyRHozV2RidUhCUXNEMDRSMWhJc1NzYXgwaDZaeHJEQmtUekNHdnJZWW1wTFRPRktGZFZDMmxqaW44V3FBY0FMUTBVQUFxWVduNTJleThkNzlNcXFpdW5PUWszNEFaTVBrL3BxNHFNc2ZuUU9Zb2wxS1Z6U3NESGZ1WU5IdnVyd3FYeXdhaVgrTVV6WC8za1hseHBOazVzWW1lUzRYaGhZaWtxRXR3c2FNWVBzT3pEN1FaN253MkpxSkx3aVRYdUQ0ZDVuQTVtTVFUaHBYL2dON1g1cE51bEk2YUNNamwrQnJUcll4T3BveDFwUjNqaU9LKzN2NE1PNjA3cUFYMXhqaXVWcHVpRFVLU3k5WEZzSE43N2hCcFpjRWFFZUJCSXRrUnRUZUptQlJ2V0dySW9jdy9CbDhEbXR3Zz0iLCJkYXRha2V5IjoiQVFFQkFIaDN6WU9kdHBCQlNWdy9ZMmFuOEJYSUQ0a3dMUWZub1RqNXp3WnRHSlpvWlFBQUFINHdmQVlKS29aSWh2Y05BUWNHb0c4d2JRSUJBREJvQmdrcWhraUc5dzBCQndFd0hnWUpZSVpJQVdVREJBRXVNQkVFREI4YkdibHV5R3Bnb0RidHBnSUJFSUE3RkpFL1hQT0dCYmJmSVdzK3Y2d2dyV2FZWXNHNE1GWC8vMDhCQlRqb3FHR0huOGtlZnVUVGFuOW9oMXhZUkU2TlliQTVOMTVPdW1ZaS95ST0iLCJ2ZXJzaW9uIjoiMiIsInR5cGUiOiJEQVRBX0tFWSIsImV4cGlyYXRpb24iOjE3MDY4NzU3MTF9",
            "proxy_endpoint": "https://711348555690.dkr.ecr.eu-central-1.amazonaws.com",
            "registry_id": null,
            "user_name": "AWS"
          },
          "sensitive_attributes": []
        }
      ]
    },
    {
      "mode": "managed",
      "type": "aws_ecr_repository",
      "name": "BackRepo",
      "provider": "provider[\"registry.terraform.io/hashicorp/aws\"]",
      "instances": [
        {
          "schema_version": 0,
          "attributes": {
            "arn": "arn:aws:ecr:eu-central-1:711348555690:repository/back-repo",
            "encryption_configuration": [
              {
                "encryption_type": "AES256",
                "kms_key": ""
              }
            ],
            "force_delete": null,
            "id": "back-repo",
            "image_scanning_configuration": [
              {
                "scan_on_push": false
              }
            ],
            "image_tag_mutability": "MUTABLE",
            "name": "back-repo",
            "registry_id": "711348555690",
            "repository_url": "711348555690.dkr.ecr.eu-central-1.amazonaws.com/back-repo",
            "tags": {},
            "tags_all": {},
            "timeouts": null
          },
          "sensitive_attributes": [],
          "private": "eyJlMmJmYjczMC1lY2FhLTExZTYtOGY4OC0zNDM2M2JjN2M0YzAiOnsiZGVsZXRlIjoxMjAwMDAwMDAwMDAwfX0="
        }
      ]
    },
    {
      "mode": "managed",
      "type": "aws_ecr_repository",
      "name": "FrontRepo",
      "provider": "provider[\"registry.terraform.io/hashicorp/aws\"]",
      "instances": [
        {
          "schema_version": 0,
          "attributes": {
            "arn": "arn:aws:ecr:eu-central-1:711348555690:repository/front-repo",
            "encryption_configuration": [
              {
                "encryption_type": "AES256",
                "kms_key": ""
              }
            ],
            "force_delete": null,
            "id": "front-repo",
            "image_scanning_configuration": [
              {
                "scan_on_push": false
              }
            ],
            "image_tag_mutability": "MUTABLE",
            "name": "front-repo",
            "registry_id": "711348555690",
            "repository_url": "711348555690.dkr.ecr.eu-central-1.amazonaws.com/front-repo",
            "tags": {},
            "tags_all": {},
            "timeouts": null
          },
          "sensitive_attributes": [],
          "private": "eyJlMmJmYjczMC1lY2FhLTExZTYtOGY4OC0zNDM2M2JjN2M0YzAiOnsiZGVsZXRlIjoxMjAwMDAwMDAwMDAwfX0="
        }
      ]
    },
    {
      "mode": "managed",
      "type": "aws_iam_role",
      "name": "LambdaRole",
      "provider": "provider[\"registry.terraform.io/hashicorp/aws\"]",
      "instances": [
        {
          "schema_version": 0,
          "attributes": {
            "arn": "arn:aws:iam::711348555690:role/lambda-role",
            "assume_role_policy": "{\"Statement\":[{\"Action\":\"sts:AssumeRole\",\"Effect\":\"Allow\",\"Principal\":{\"Service\":\"lambda.amazonaws.com\"}}],\"Version\":\"2012-10-17\"}",
            "create_date": "2024-02-01T23:28:10Z",
            "description": "",
            "force_detach_policies": false,
            "id": "lambda-role",
            "inline_policy": [],
            "managed_policy_arns": [
              "arn:aws:iam::aws:policy/service-role/AWSLambdaBasicExecutionRole"
            ],
            "max_session_duration": 3600,
            "name": "lambda-role",
            "name_prefix": "",
            "path": "/",
            "permissions_boundary": "",
            "tags": {},
            "tags_all": {},
            "unique_id": "AROA2LH5NR6VJEQBC5IYC"
          },
          "sensitive_attributes": [],
          "private": "bnVsbA=="
        }
      ]
    },
    {
      "mode": "managed",
      "type": "aws_iam_role_policy_attachment",
      "name": "LambdaRolePolicyAttachment",
      "provider": "provider[\"registry.terraform.io/hashicorp/aws\"]",
      "instances": [
        {
          "schema_version": 0,
          "attributes": {
            "id": "lambda-role-20240201232810289500000001",
            "policy_arn": "arn:aws:iam::aws:policy/service-role/AWSLambdaBasicExecutionRole",
            "role": "lambda-role"
          },
          "sensitive_attributes": [],
          "private": "bnVsbA==",
          "dependencies": [
            "aws_iam_role.LambdaRole"
          ]
        }
      ]
    },
    {
      "mode": "managed",
      "type": "aws_lambda_function",
      "name": "BackLambda",
      "provider": "provider[\"registry.terraform.io/hashicorp/aws\"]",
      "instances": [
        {
          "schema_version": 0,
          "attributes": {
            "architectures": [
              "arm64"
            ],
            "arn": "arn:aws:lambda:eu-central-1:711348555690:function:back-lambda",
            "code_signing_config_arn": "",
            "dead_letter_config": [],
            "description": "",
            "environment": [
              {
                "variables": {
                  "HOME": "/tmp",
                  "REDIS_SERVER": "redis://default:01082a7f147849a7bf623acf830ca41d@eu2-learning-dane-32666.upstash.io:32666"
                }
              }
            ],
            "ephemeral_storage": [
              {
                "size": 512
              }
            ],
            "file_system_config": [],
            "filename": null,
            "function_name": "back-lambda",
            "handler": "",
            "id": "back-lambda",
            "image_config": [],
            "image_uri": "711348555690.dkr.ecr.eu-central-1.amazonaws.com/back-repo@sha256:27885994b2b1f05993ab8ccd268d91aed5cd8d46563abf31440c0a0cbecbdb0e",
            "invoke_arn": "arn:aws:apigateway:eu-central-1:lambda:path/2015-03-31/functions/arn:aws:lambda:eu-central-1:711348555690:function:back-lambda/invocations",
            "kms_key_arn": "",
            "last_modified": "2024-02-02T00:08:35.000+0000",
            "layers": [],
            "logging_config": [
              {
                "application_log_level": "INFO",
                "log_format": "JSON",
                "log_group": "/aws/lambda/back-lambda",
                "system_log_level": "INFO"
              }
            ],
            "memory_size": 1792,
            "package_type": "Image",
            "publish": false,
            "qualified_arn": "arn:aws:lambda:eu-central-1:711348555690:function:back-lambda:$LATEST",
            "qualified_invoke_arn": "arn:aws:apigateway:eu-central-1:lambda:path/2015-03-31/functions/arn:aws:lambda:eu-central-1:711348555690:function:back-lambda:$LATEST/invocations",
            "replace_security_groups_on_destroy": null,
            "replacement_security_group_ids": null,
            "reserved_concurrent_executions": -1,
            "role": "arn:aws:iam::711348555690:role/lambda-role",
            "runtime": "",
            "s3_bucket": null,
            "s3_key": null,
            "s3_object_version": null,
            "signing_job_arn": "",
            "signing_profile_version_arn": "",
            "skip_destroy": false,
            "snap_start": [],
            "source_code_hash": "27885994b2b1f05993ab8ccd268d91aed5cd8d46563abf31440c0a0cbecbdb0e",
            "source_code_size": 0,
            "tags": {},
            "tags_all": {},
            "timeout": 5,
            "timeouts": null,
            "tracing_config": [
              {
                "mode": "PassThrough"
              }
            ],
            "version": "$LATEST",
            "vpc_config": []
          },
          "sensitive_attributes": [],
          "private": "eyJlMmJmYjczMC1lY2FhLTExZTYtOGY4OC0zNDM2M2JjN2M0YzAiOnsiY3JlYXRlIjo2MDAwMDAwMDAwMDAsImRlbGV0ZSI6NjAwMDAwMDAwMDAwLCJ1cGRhdGUiOjYwMDAwMDAwMDAwMH19",
          "dependencies": [
            "aws_ecr_repository.BackRepo",
            "aws_iam_role.LambdaRole",
            "data.aws_ecr_authorization_token.token",
            "docker_image.BackImage",
            "docker_registry_image.BackEcrImage"
          ]
        }
      ]
    },
    {
      "mode": "managed",
      "type": "aws_lambda_function",
      "name": "FrontLambda",
      "provider": "provider[\"registry.terraform.io/hashicorp/aws\"]",
      "instances": [
        {
          "schema_version": 0,
          "attributes": {
            "architectures": [
              "x86_64"
            ],
            "arn": "arn:aws:lambda:eu-central-1:711348555690:function:front-lambda",
            "code_signing_config_arn": "",
            "dead_letter_config": [],
            "description": "",
            "environment": [
              {
                "variables": {
                  "BACKEND_API_URL": "https://nn7xyxrsrq3yqdceiwsy6nszdm0wszdg.lambda-url.eu-central-1.on.aws/",
                  "CLIENT_API_URL": "https://nn7xyxrsrq3yqdceiwsy6nszdm0wszdg.lambda-url.eu-central-1.on.aws/",
                  "HOME": "/tmp"
                }
              }
            ],
            "ephemeral_storage": [
              {
                "size": 512
              }
            ],
            "file_system_config": [],
            "filename": null,
            "function_name": "front-lambda",
            "handler": "",
            "id": "front-lambda",
            "image_config": [],
            "image_uri": "711348555690.dkr.ecr.eu-central-1.amazonaws.com/front-repo@sha256:74bf8e4ee888c22e4edb4fa16701d151f99329c527358d70766e3943664f02a4",
            "invoke_arn": "arn:aws:apigateway:eu-central-1:lambda:path/2015-03-31/functions/arn:aws:lambda:eu-central-1:711348555690:function:front-lambda/invocations",
            "kms_key_arn": "",
            "last_modified": "2024-02-02T00:08:41.000+0000",
            "layers": [],
            "logging_config": [
              {
                "application_log_level": "INFO",
                "log_format": "JSON",
                "log_group": "/aws/lambda/front-lambda",
                "system_log_level": "INFO"
              }
            ],
            "memory_size": 1792,
            "package_type": "Image",
            "publish": false,
            "qualified_arn": "arn:aws:lambda:eu-central-1:711348555690:function:front-lambda:$LATEST",
            "qualified_invoke_arn": "arn:aws:apigateway:eu-central-1:lambda:path/2015-03-31/functions/arn:aws:lambda:eu-central-1:711348555690:function:front-lambda:$LATEST/invocations",
            "replace_security_groups_on_destroy": null,
            "replacement_security_group_ids": null,
            "reserved_concurrent_executions": -1,
            "role": "arn:aws:iam::711348555690:role/lambda-role",
            "runtime": "",
            "s3_bucket": null,
            "s3_key": null,
            "s3_object_version": null,
            "signing_job_arn": "",
            "signing_profile_version_arn": "",
            "skip_destroy": false,
            "snap_start": [],
            "source_code_hash": "74bf8e4ee888c22e4edb4fa16701d151f99329c527358d70766e3943664f02a4",
            "source_code_size": 0,
            "tags": {},
            "tags_all": {},
            "timeout": 5,
            "timeouts": null,
            "tracing_config": [
              {
                "mode": "PassThrough"
              }
            ],
            "version": "$LATEST",
            "vpc_config": []
          },
          "sensitive_attributes": [],
          "private": "eyJlMmJmYjczMC1lY2FhLTExZTYtOGY4OC0zNDM2M2JjN2M0YzAiOnsiY3JlYXRlIjo2MDAwMDAwMDAwMDAsImRlbGV0ZSI6NjAwMDAwMDAwMDAwLCJ1cGRhdGUiOjYwMDAwMDAwMDAwMH19",
          "dependencies": [
            "aws_ecr_repository.BackRepo",
            "aws_ecr_repository.FrontRepo",
            "aws_iam_role.LambdaRole",
            "aws_lambda_function.BackLambda",
            "aws_lambda_function_url.BackLambdaUrl",
            "data.aws_ecr_authorization_token.token",
            "docker_image.BackImage",
            "docker_image.FrontImage",
            "docker_registry_image.BackEcrImage",
            "docker_registry_image.FrontEcrImage"
          ]
        }
      ]
    },
    {
      "mode": "managed",
      "type": "aws_lambda_function_url",
      "name": "BackLambdaUrl",
      "provider": "provider[\"registry.terraform.io/hashicorp/aws\"]",
      "instances": [
        {
          "schema_version": 0,
          "attributes": {
            "authorization_type": "NONE",
            "cors": [],
            "function_arn": "arn:aws:lambda:eu-central-1:711348555690:function:back-lambda",
            "function_name": "back-lambda",
            "function_url": "https://nn7xyxrsrq3yqdceiwsy6nszdm0wszdg.lambda-url.eu-central-1.on.aws/",
            "id": "back-lambda",
            "invoke_mode": "BUFFERED",
            "qualifier": "",
            "timeouts": null,
            "url_id": "nn7xyxrsrq3yqdceiwsy6nszdm0wszdg"
          },
          "sensitive_attributes": [],
          "private": "eyJlMmJmYjczMC1lY2FhLTExZTYtOGY4OC0zNDM2M2JjN2M0YzAiOnsiY3JlYXRlIjo2MDAwMDAwMDAwMDB9fQ==",
          "dependencies": [
            "aws_ecr_repository.BackRepo",
            "aws_iam_role.LambdaRole",
            "aws_lambda_function.BackLambda",
            "data.aws_ecr_authorization_token.token",
            "docker_image.BackImage",
            "docker_registry_image.BackEcrImage"
          ]
        }
      ]
    },
    {
      "mode": "managed",
      "type": "aws_lambda_function_url",
      "name": "FrontLambdaUrl",
      "provider": "provider[\"registry.terraform.io/hashicorp/aws\"]",
      "instances": [
        {
          "schema_version": 0,
          "attributes": {
            "authorization_type": "NONE",
            "cors": [],
            "function_arn": "arn:aws:lambda:eu-central-1:711348555690:function:front-lambda",
            "function_name": "front-lambda",
            "function_url": "https://qx42et7v5bsej2xq5odxioaqci0zudab.lambda-url.eu-central-1.on.aws/",
            "id": "front-lambda",
            "invoke_mode": "BUFFERED",
            "qualifier": "",
            "timeouts": null,
            "url_id": "qx42et7v5bsej2xq5odxioaqci0zudab"
          },
          "sensitive_attributes": [],
          "private": "eyJlMmJmYjczMC1lY2FhLTExZTYtOGY4OC0zNDM2M2JjN2M0YzAiOnsiY3JlYXRlIjo2MDAwMDAwMDAwMDB9fQ==",
          "dependencies": [
            "aws_ecr_repository.BackRepo",
            "aws_ecr_repository.FrontRepo",
            "aws_iam_role.LambdaRole",
            "aws_lambda_function.BackLambda",
            "aws_lambda_function.FrontLambda",
            "aws_lambda_function_url.BackLambdaUrl",
            "data.aws_ecr_authorization_token.token",
            "docker_image.BackImage",
            "docker_image.FrontImage",
            "docker_registry_image.BackEcrImage",
            "docker_registry_image.FrontEcrImage"
          ]
        }
      ]
    },
    {
      "mode": "managed",
      "type": "docker_image",
      "name": "BackImage",
      "provider": "provider[\"registry.terraform.io/kreuzwerker/docker\"]",
      "instances": [
        {
          "schema_version": 0,
          "attributes": {
            "build": [
              {
                "auth_config": [],
                "build_arg": {},
                "build_args": {},
                "build_id": "",
                "cache_from": [],
                "cgroup_parent": "",
                "context": "/home/user/github/cdktf-project/src/back",
                "cpu_period": 0,
                "cpu_quota": 0,
                "cpu_set_cpus": "",
                "cpu_set_mems": "",
                "cpu_shares": 0,
                "dockerfile": "Dockerfile",
                "extra_hosts": [],
                "force_remove": false,
                "isolation": "",
                "label": {},
                "labels": {},
                "memory": 0,
                "memory_swap": 0,
                "network_mode": "",
                "no_cache": false,
                "platform": "linux/arm64",
                "pull_parent": false,
                "remote_context": "",
                "remove": true,
                "security_opt": [],
                "session_id": "",
                "shm_size": 0,
                "squash": false,
                "suppress_output": false,
                "tag": [],
                "target": "",
                "ulimit": [],
                "version": ""
              }
            ],
            "force_remove": null,
            "id": "sha256:a35bc1e72c120feda555774654958a75e2fb7a81fe397e86fe897f74541cd132711348555690.dkr.ecr.eu-central-1.amazonaws.com/back-repo",
            "image_id": "sha256:a35bc1e72c120feda555774654958a75e2fb7a81fe397e86fe897f74541cd132",
            "keep_locally": null,
            "name": "711348555690.dkr.ecr.eu-central-1.amazonaws.com/back-repo",
            "platform": null,
            "pull_triggers": null,
            "repo_digest": "711348555690.dkr.ecr.eu-central-1.amazonaws.com/back-repo@sha256:27885994b2b1f05993ab8ccd268d91aed5cd8d46563abf31440c0a0cbecbdb0e",
            "triggers": {
              "filesha256": "d582e1929e92049e244aa8f040d3381cabd52f82cc371b2c05a9d7981e8a0dd8"
            }
          },
          "sensitive_attributes": [],
          "private": "bnVsbA==",
          "dependencies": [
            "aws_ecr_repository.BackRepo",
            "data.aws_ecr_authorization_token.token"
          ]
        }
      ]
    },
    {
      "mode": "managed",
      "type": "docker_image",
      "name": "FrontImage",
      "provider": "provider[\"registry.terraform.io/kreuzwerker/docker\"]",
      "instances": [
        {
          "schema_version": 0,
          "attributes": {
            "build": [
              {
                "auth_config": [],
                "build_arg": {},
                "build_args": {},
                "build_id": "",
                "cache_from": [],
                "cgroup_parent": "",
                "context": "/home/user/github/cdktf-project/src/front",
                "cpu_period": 0,
                "cpu_quota": 0,
                "cpu_set_cpus": "",
                "cpu_set_mems": "",
                "cpu_shares": 0,
                "dockerfile": "Dockerfile",
                "extra_hosts": [],
                "force_remove": false,
                "isolation": "",
                "label": {},
                "labels": {},
                "memory": 0,
                "memory_swap": 0,
                "network_mode": "",
                "no_cache": false,
                "platform": "linux/amd64",
                "pull_parent": false,
                "remote_context": "",
                "remove": true,
                "security_opt": [],
                "session_id": "",
                "shm_size": 0,
                "squash": false,
                "suppress_output": false,
                "tag": [],
                "target": "",
                "ulimit": [],
                "version": ""
              }
            ],
            "force_remove": null,
            "id": "sha256:43d848fe0f101a9c2d2416c102f09a8b453225e84e98443b3a3b62e15f7ff5d9711348555690.dkr.ecr.eu-central-1.amazonaws.com/front-repo",
            "image_id": "sha256:43d848fe0f101a9c2d2416c102f09a8b453225e84e98443b3a3b62e15f7ff5d9",
            "keep_locally": null,
            "name": "711348555690.dkr.ecr.eu-central-1.amazonaws.com/front-repo",
            "platform": null,
            "pull_triggers": null,
            "repo_digest": "711348555690.dkr.ecr.eu-central-1.amazonaws.com/front-repo@sha256:74bf8e4ee888c22e4edb4fa16701d151f99329c527358d70766e3943664f02a4",
            "triggers": {
              "filesha256": "e394e07b2239305f2d11b2016bf3dce5d230557af590696d55424d9afca437aa"
            }
          },
          "sensitive_attributes": [],
          "private": "bnVsbA==",
          "dependencies": [
            "aws_ecr_repository.FrontRepo",
            "data.aws_ecr_authorization_token.token"
          ]
        }
      ]
    },
    {
      "mode": "managed",
      "type": "docker_registry_image",
      "name": "BackEcrImage",
      "provider": "provider[\"registry.terraform.io/kreuzwerker/docker\"]",
      "instances": [
        {
          "schema_version": 0,
          "attributes": {
            "id": "sha256:27885994b2b1f05993ab8ccd268d91aed5cd8d46563abf31440c0a0cbecbdb0e",
            "insecure_skip_verify": false,
            "keep_remotely": false,
            "name": "711348555690.dkr.ecr.eu-central-1.amazonaws.com/back-repo",
            "sha256_digest": "sha256:27885994b2b1f05993ab8ccd268d91aed5cd8d46563abf31440c0a0cbecbdb0e",
            "triggers": {
              "filesha256": "d582e1929e92049e244aa8f040d3381cabd52f82cc371b2c05a9d7981e8a0dd8"
            }
          },
          "sensitive_attributes": [],
          "private": "bnVsbA==",
          "dependencies": [
            "aws_ecr_repository.BackRepo",
            "data.aws_ecr_authorization_token.token",
            "docker_image.BackImage"
          ]
        }
      ]
    },
    {
      "mode": "managed",
      "type": "docker_registry_image",
      "name": "FrontEcrImage",
      "provider": "provider[\"registry.terraform.io/kreuzwerker/docker\"]",
      "instances": [
        {
          "schema_version": 0,
          "attributes": {
            "id": "sha256:74bf8e4ee888c22e4edb4fa16701d151f99329c527358d70766e3943664f02a4",
            "insecure_skip_verify": false,
            "keep_remotely": false,
            "name": "711348555690.dkr.ecr.eu-central-1.amazonaws.com/front-repo",
            "sha256_digest": "sha256:74bf8e4ee888c22e4edb4fa16701d151f99329c527358d70766e3943664f02a4",
            "triggers": {
              "filesha256": "e394e07b2239305f2d11b2016bf3dce5d230557af590696d55424d9afca437aa"
            }
          },
          "sensitive_attributes": [],
          "private": "bnVsbA==",
          "dependencies": [
            "aws_ecr_repository.FrontRepo",
            "data.aws_ecr_authorization_token.token",
            "docker_image.FrontImage"
          ]
        }
      ]
    }
  ],
  "check_results": null
}
