{
  "version": 4,
  "terraform_version": "1.7.0",
  "serial": 176,
  "lineage": "a595879c-8348-d326-a097-97e4ec7507b9",
  "outputs": {},
  "resources": [
    {
      "mode": "data",
      "type": "aws_ecr_authorization_token",
      "name": "token",
      "provider": "provider[\"registry.terraform.io/hashicorp/aws\"]",
      "instances": [
        {
          "schema_version": 0,
          "attributes": {
            "authorization_token": "QVdTOmV5SndZWGxzYjJGa0lqb2lOWEpaTUdoaWFtSllkek52YzNFeWFFWnVkMk5tYTNodWFuRm5UV2hMWWxSSlRYcHdiamR4WjBGQ1pFNTVTbHBwWWxsSVJIWnRZMnBNYld0eE5FdDVhV0pJUW5wTWNUbG1Xa3hYUVZkb2NrTmpPSGxKZEVwVVVuZDFjemROVWpaV2N6QmhTMmxYVGtKMlJVcERNakJoY1hka2VHdFhRbkIxVDI5bmRYcEZaa1ZwUVc1RlJHeFpMekFyYVhkWVlWcEdWbHA1TjBjd09YcHNjazFDUzJ4a1dITmxZWEJOVUN0eFNYaHJjVkF2THk5c1RrczVPWFZuVjFaWlluWkhOMEZLVUhkM1MxQjNWbkExZG5oWmVFaEtaRlk0YW5VMmVqWXhRa0pzZGtJNU4yTk1RVlZwUmpSMk4zWTBUaTkzYUhkQ09GaERjM0JrWkdwUFRsZHdhV3c0ZFZoaFZ6Y3laM0ZwU0VNeGFUVm1aemRyTjNOS0wydEdXSEYwUjBSYVNWaHVSRVV4VW1JcmVEZDZMMk5LUzJ0aVFrVkVaWEl2VldOaGVVWlpjSHB5VjNkcU5XTm1ZVkZyYlhwbU9HRnljbVJIT1ZCNVRFbHNjVXRDTkdkRWNtWmhMMlZuYmpSbmRWSTJORWhTUzBoSWFGRjVaM1ZzTml0U2VIZFdTWE5qZURoVlQyMUdZalJQVWtKTFJIUm5aa2RyWTJKSFMxbEdUMUZrZUZWdFlYbEdWVTQ1ZFRoblR6bERkbXhoTldORlNIVnZVMjV2Vld0bU1DdFJlVUV4UjJ0dk9HbFNWemd6TDFKWVZsRnhTMk41ZW1wTGNtbFVUVlZpSzJkSlRXWXhSelpJYVdJeFduTTNaRVpJWmtrMlpsVjNZV042VEdOUVpVeGhjbUpIVGpCNFRGcFBlRXBxYVV0bGREZFlTVXMzTkRKUlkzRk1kM2hZZHlzemNTOXhVWEptTnl0Uk1qZEdjRFZQYlRsUFV6TXdjREJUTW5KS1RGRXdjRmx6V20xRk9VZHRValY1YldaQlJGSlpXbFpxUTIxQ2FXeGFiMEV3VlhORlMyUlFNR3h4YW5CVVIycHRTek5TTUZWaE0ySm9aVTFCZGtsQkwyRldXa2Q0VEROV1VERkVlVFJCTlVGNU1UbHNSbWRSYldaTU0yOVRUVll4Wm0xbFRrUXpZM2tyY1RVNFNHaG9hbFEwVEROVGJXdEZXa0psYUUxcldIWlFSbWxUTTBkWFZERXlXRXBaWmpaM04waDFZbkpVWnk4MWJuRkJVaTh3UVVOb0syaGlielJpUmpOMmVuaEJiSEZuUlhwQk5rVTBjMUJ5Y0dOWVRFUnBSQzgzYm1OelFtTjBTVFJzUTNOclUweHFMMVJNUmxWTFFraDVhMXAyYURsT2RFcHpUVVJPTlVjMWJsaFNiV3BvWW5vMGJVeHJkelJoT1ZWTGMwcFJZV1p0UWpBeFYyRm9iR2hvYVd3eWNVUlhPRVZUVWs1b0syTXJjREZSVW05TGJXVTVZek40VkhGYVFTdEhWblJPU0VvMldFeDFjR3ByVVhSbkswSklUbVZpWmt0QlIwbHNVa1V5ZEhKNFFWWk9OR2xqZEhnclRHdHVlWFYzUzFBclVHUkVkekV5VWxJMGEwbE9hRE5vWXpWUFNWQldWa1EyTlRaTFVXdGphVTFMZGswNGEyczVXR1ZPZFVSd2VGQTJNVXgwTTNwdGVXNXBiVWh3TjJSTU1sbDNVSGxTU2pCdFkxRkVWVkJJV1VoUmVEWmFOMHBXVWxKdldrc3ZWaTlHWmt4UGNEWklWRWhOYjNjd1RIRTBLMFZJUWpWcldFaFhWbTAzVDJwSmJuQkhNaTlDT1hSWldVUlBOVXd4T0dwTVl6UktWM1E0UVM5aGRrUm9WMDgwU0VRemJsUmtiVFZUTDNaak5qZG5NR3RoTUZKcFpESXdiR3hsTkdaWlRrTmhlVTVUYW1aMlVEaHpkbFpxWm1SNWFGZEtlbUYwTjBGMVYyWTBOR2x0T1ROV2JtcEhRMkV4ZUVJaUxDSmtZWFJoYTJWNUlqb2lRVkZGUWtGSWFETjZXVTlrZEhCQ1FsTldkeTlaTW1GdU9FSllTVVEwYTNkTVVXWnViMVJxTlhwM1duUkhTbHB2V2xGQlFVRklOSGRtUVZsS1MyOWFTV2gyWTA1QlVXTkhiMGM0ZDJKUlNVSkJSRUp2UW1kcmNXaHJhVWM1ZHpCQ1FuZEZkMGhuV1VwWlNWcEpRVmRWUkVKQlJYVk5Ra1ZGUkVOSU9FSm5VVVptVGtWb1pEZGpkRnBSU1VKRlNVRTNiM0pIZVZkbFdYaENVRmhtU1dFM1lWa3ZaRlZQVjI1WmIxWlpRelZ2U0U0elprSTFLMUJ5VW5aNU1GbEVMMVZKVHl0WVNURlBTVzlCZDFSd1NIcGFSMVpZVDNwT2F6aElkR1E0Y2sxMldUMGlMQ0oyWlhKemFXOXVJam9pTWlJc0luUjVjR1VpT2lKRVFWUkJYMHRGV1NJc0ltVjRjR2x5WVhScGIyNGlPakUzTURZeE5EUXdNemQ5",
            "expires_at": "2024-01-25T00:53:57Z",
            "id": "eu-central-1",
            "password": "eyJwYXlsb2FkIjoiNXJZMGhiamJYdzNvc3EyaEZud2Nma3huanFnTWhLYlRJTXpwbjdxZ0FCZE55SlppYllIRHZtY2pMbWtxNEt5aWJIQnpMcTlmWkxXQVdockNjOHlJdEpUUnd1czdNUjZWczBhS2lXTkJ2RUpDMjBhcXdkeGtXQnB1T29ndXpFZkVpQW5FRGxZLzAraXdYYVpGVlp5N0cwOXpsck1CS2xkWHNlYXBNUCtxSXhrcVAvLy9sTks5OXVnV1ZZYnZHN0FKUHd3S1B3VnA1dnhZeEhKZFY4anU2ejYxQkJsdkI5N2NMQVVpRjR2N3Y0Ti93aHdCOFhDc3BkZGpPTldwaWw4dVhhVzcyZ3FpSEMxaTVmZzdrN3NKL2tGWHF0R0RaSVhuREUxUmIreDd6L2NKS2tiQkVEZXIvVWNheUZZcHpyV3dqNWNmYVFrbXpmOGFycmRHOVB5TElscUtCNGdEcmZhL2VnbjRndVI2NEhSS0hIaFF5Z3VsNitSeHdWSXNjeDhVT21GYjRPUkJLRHRnZkdrY2JHS1lGT1FkeFVtYXlGVU45dThnTzlDdmxhNWNFSHVvU25vVWtmMCtReUExR2tvOGlSVzgzL1JYVlFxS2N5empLcmlUTVViK2dJTWYxRzZIaWIxWnM3ZEZIZkk2ZlV3YWN6TGNQZUxhcmJHTjB4TFpPeEpqaUtldDdYSUs3NDJRY3FMd3hYdyszcS9xUXJmNytRMjdGcDVPbTlPUzMwcDBTMnJKTFEwcFlzWm1FOUdtUjV5bWZBRFJZWlZqQ21CaWxab0EwVXNFS2RQMGxxanBUR2ptSzNSMFVhM2JoZU1BdklBL2FWWkd4TDNWUDFEeTRBNUF5MTlsRmdRbWZMM29TTVYxZm1lTkQzY3krcTU4SGhoalQ0TDNTbWtFWkJlaE1rWHZQRmlTM0dXVDEyWEpZZjZ3N0h1YnJUZy81bnFBUi8wQUNoK2hibzRiRjN2enhBbHFnRXpBNkU0c1BycGNYTERpRC83bmNzQmN0STRsQ3NrU0xqL1RMRlVLQkh5a1p2aDlOdEpzTURONUc1blhSbWpoYno0bUxrdzRhOVVLc0pRYWZtQjAxV2FobGhoaWwycURXOEVTUk5oK2MrcDFRUm9LbWU5YzN4VHFaQStHVnROSEo2WEx1cGprUXRnK0JITmViZktBR0lsUkUydHJ4QVZONGljdHgrTGtueXV3S1ArUGREdzEyUlI0a0lOaDNoYzVPSVBWVkQ2NTZLUWtjaU1Ldk04a2s5WGVOdURweFA2MUx0M3pteW5pbUhwN2RMMll3UHlSSjBtY1FEVVBIWUhReDZaN0pWUlJvWksvVi9GZkxPcDZIVEhNb3cwTHE0K0VIQjVrWEhXVm03T2pJbnBHMi9COXRZWURPNUwxOGpMYzRKV3Q4QS9hdkRoV080SEQzblRkbTVTL3ZjNjdnMGthMFJpZDIwbGxlNGZZTkNheU5TamZ2UDhzdlZqZmR5aFdKemF0N0F1V2Y0NGltOTNWbmpHQ2ExeEIiLCJkYXRha2V5IjoiQVFFQkFIaDN6WU9kdHBCQlNWdy9ZMmFuOEJYSUQ0a3dMUWZub1RqNXp3WnRHSlpvWlFBQUFINHdmQVlKS29aSWh2Y05BUWNHb0c4d2JRSUJBREJvQmdrcWhraUc5dzBCQndFd0hnWUpZSVpJQVdVREJBRXVNQkVFRENIOEJnUUZmTkVoZDdjdFpRSUJFSUE3b3JHeVdlWXhCUFhmSWE3YVkvZFVPV25Zb1ZZQzVvSE4zZkI1K1ByUnZ5MFlEL1VJTytYSTFPSW9Bd1RwSHpaR1ZYT3pOazhIdGQ4ck12WT0iLCJ2ZXJzaW9uIjoiMiIsInR5cGUiOiJEQVRBX0tFWSIsImV4cGlyYXRpb24iOjE3MDYxNDQwMzd9",
            "proxy_endpoint": "https://711348555690.dkr.ecr.eu-central-1.amazonaws.com",
            "registry_id": null,
            "user_name": "AWS"
          },
          "sensitive_attributes": []
        }
      ]
    },
    {
      "mode": "managed",
      "type": "aws_ecr_repository",
      "name": "BackRepo",
      "provider": "provider[\"registry.terraform.io/hashicorp/aws\"]",
      "instances": [
        {
          "schema_version": 0,
          "attributes": {
            "arn": "arn:aws:ecr:eu-central-1:711348555690:repository/back-repo",
            "encryption_configuration": [
              {
                "encryption_type": "AES256",
                "kms_key": ""
              }
            ],
            "force_delete": null,
            "id": "back-repo",
            "image_scanning_configuration": [
              {
                "scan_on_push": false
              }
            ],
            "image_tag_mutability": "MUTABLE",
            "name": "back-repo",
            "registry_id": "711348555690",
            "repository_url": "711348555690.dkr.ecr.eu-central-1.amazonaws.com/back-repo",
            "tags": {},
            "tags_all": {},
            "timeouts": null
          },
          "sensitive_attributes": [],
          "private": "eyJlMmJmYjczMC1lY2FhLTExZTYtOGY4OC0zNDM2M2JjN2M0YzAiOnsiZGVsZXRlIjoxMjAwMDAwMDAwMDAwfX0="
        }
      ]
    },
    {
      "mode": "managed",
      "type": "aws_ecr_repository",
      "name": "FrontRepo",
      "provider": "provider[\"registry.terraform.io/hashicorp/aws\"]",
      "instances": [
        {
          "schema_version": 0,
          "attributes": {
            "arn": "arn:aws:ecr:eu-central-1:711348555690:repository/front-repo",
            "encryption_configuration": [
              {
                "encryption_type": "AES256",
                "kms_key": ""
              }
            ],
            "force_delete": null,
            "id": "front-repo",
            "image_scanning_configuration": [
              {
                "scan_on_push": false
              }
            ],
            "image_tag_mutability": "MUTABLE",
            "name": "front-repo",
            "registry_id": "711348555690",
            "repository_url": "711348555690.dkr.ecr.eu-central-1.amazonaws.com/front-repo",
            "tags": {},
            "tags_all": {},
            "timeouts": null
          },
          "sensitive_attributes": [],
          "private": "eyJlMmJmYjczMC1lY2FhLTExZTYtOGY4OC0zNDM2M2JjN2M0YzAiOnsiZGVsZXRlIjoxMjAwMDAwMDAwMDAwfX0="
        }
      ]
    },
    {
      "mode": "managed",
      "type": "aws_iam_role",
      "name": "LambdaRole",
      "provider": "provider[\"registry.terraform.io/hashicorp/aws\"]",
      "instances": [
        {
          "schema_version": 0,
          "attributes": {
            "arn": "arn:aws:iam::711348555690:role/lambda-role",
            "assume_role_policy": "{\"Statement\":[{\"Action\":\"sts:AssumeRole\",\"Effect\":\"Allow\",\"Principal\":{\"Service\":\"lambda.amazonaws.com\"}}],\"Version\":\"2012-10-17\"}",
            "create_date": "2024-01-24T09:19:00Z",
            "description": "",
            "force_detach_policies": false,
            "id": "lambda-role",
            "inline_policy": [],
            "managed_policy_arns": [
              "arn:aws:iam::aws:policy/service-role/AWSLambdaBasicExecutionRole"
            ],
            "max_session_duration": 3600,
            "name": "lambda-role",
            "name_prefix": "",
            "path": "/",
            "permissions_boundary": "",
            "tags": {},
            "tags_all": {},
            "unique_id": "AROA2LH5NR6VHPN5QYHTG"
          },
          "sensitive_attributes": [],
          "private": "bnVsbA=="
        }
      ]
    },
    {
      "mode": "managed",
      "type": "aws_iam_role_policy_attachment",
      "name": "LambdaExecPolicyAttachment",
      "provider": "provider[\"registry.terraform.io/hashicorp/aws\"]",
      "instances": [
        {
          "schema_version": 0,
          "attributes": {
            "id": "lambda-role-20240124091902102000000001",
            "policy_arn": "arn:aws:iam::aws:policy/service-role/AWSLambdaBasicExecutionRole",
            "role": "lambda-role"
          },
          "sensitive_attributes": [],
          "private": "bnVsbA==",
          "dependencies": [
            "aws_iam_role.LambdaRole"
          ]
        }
      ]
    },
    {
      "mode": "managed",
      "type": "aws_lambda_function",
      "name": "BackLambda",
      "provider": "provider[\"registry.terraform.io/hashicorp/aws\"]",
      "instances": [
        {
          "schema_version": 0,
          "attributes": {
            "architectures": [
              "arm64"
            ],
            "arn": "arn:aws:lambda:eu-central-1:711348555690:function:back-lambda",
            "code_signing_config_arn": "",
            "dead_letter_config": [],
            "description": "",
            "environment": [],
            "ephemeral_storage": [
              {
                "size": 512
              }
            ],
            "file_system_config": [],
            "filename": null,
            "function_name": "back-lambda",
            "handler": "",
            "id": "back-lambda",
            "image_config": [],
            "image_uri": "711348555690.dkr.ecr.eu-central-1.amazonaws.com/back-repo:latest",
            "invoke_arn": "arn:aws:apigateway:eu-central-1:lambda:path/2015-03-31/functions/arn:aws:lambda:eu-central-1:711348555690:function:back-lambda/invocations",
            "kms_key_arn": "",
            "last_modified": "2024-01-24T12:53:59.000+0000",
            "layers": [],
            "logging_config": [
              {
                "application_log_level": "INFO",
                "log_format": "JSON",
                "log_group": "/aws/lambda/back-lambda",
                "system_log_level": "INFO"
              }
            ],
            "memory_size": 1792,
            "package_type": "Image",
            "publish": false,
            "qualified_arn": "arn:aws:lambda:eu-central-1:711348555690:function:back-lambda:$LATEST",
            "qualified_invoke_arn": "arn:aws:apigateway:eu-central-1:lambda:path/2015-03-31/functions/arn:aws:lambda:eu-central-1:711348555690:function:back-lambda:$LATEST/invocations",
            "replace_security_groups_on_destroy": null,
            "replacement_security_group_ids": null,
            "reserved_concurrent_executions": -1,
            "role": "arn:aws:iam::711348555690:role/lambda-role",
            "runtime": "",
            "s3_bucket": null,
            "s3_key": null,
            "s3_object_version": null,
            "signing_job_arn": "",
            "signing_profile_version_arn": "",
            "skip_destroy": false,
            "snap_start": [],
            "source_code_hash": "f25f0bdc6c7a8384ed41a937fe83ae0acad48764319bec4771ef61a3f8ab4841",
            "source_code_size": 0,
            "tags": {},
            "tags_all": {},
            "timeout": 5,
            "timeouts": null,
            "tracing_config": [
              {
                "mode": "PassThrough"
              }
            ],
            "version": "$LATEST",
            "vpc_config": []
          },
          "sensitive_attributes": [],
          "private": "eyJlMmJmYjczMC1lY2FhLTExZTYtOGY4OC0zNDM2M2JjN2M0YzAiOnsiY3JlYXRlIjo2MDAwMDAwMDAwMDAsImRlbGV0ZSI6NjAwMDAwMDAwMDAwLCJ1cGRhdGUiOjYwMDAwMDAwMDAwMH19",
          "dependencies": [
            "aws_ecr_repository.BackRepo",
            "aws_iam_role.LambdaRole",
            "data.aws_ecr_authorization_token.token",
            "docker_image.BackImage"
          ]
        }
      ]
    },
    {
      "mode": "managed",
      "type": "aws_lambda_function_url",
      "name": "BackLambdaUrl",
      "provider": "provider[\"registry.terraform.io/hashicorp/aws\"]",
      "instances": [
        {
          "schema_version": 0,
          "attributes": {
            "authorization_type": "NONE",
            "cors": [],
            "function_arn": "arn:aws:lambda:eu-central-1:711348555690:function:back-lambda",
            "function_name": "back-lambda",
            "function_url": "https://bxhne6uumeuxjabn5oo4bpp4ty0jkcfg.lambda-url.eu-central-1.on.aws/",
            "id": "back-lambda",
            "invoke_mode": "BUFFERED",
            "qualifier": "",
            "timeouts": null,
            "url_id": "bxhne6uumeuxjabn5oo4bpp4ty0jkcfg"
          },
          "sensitive_attributes": [],
          "private": "eyJlMmJmYjczMC1lY2FhLTExZTYtOGY4OC0zNDM2M2JjN2M0YzAiOnsiY3JlYXRlIjo2MDAwMDAwMDAwMDB9fQ==",
          "dependencies": [
            "aws_ecr_repository.BackRepo",
            "aws_iam_role.LambdaRole",
            "aws_lambda_function.BackLambda",
            "data.aws_ecr_authorization_token.token",
            "docker_image.BackImage"
          ]
        }
      ]
    },
    {
      "mode": "managed",
      "type": "docker_image",
      "name": "BackImage",
      "provider": "provider[\"registry.terraform.io/kreuzwerker/docker\"]",
      "instances": [
        {
          "schema_version": 0,
          "attributes": {
            "build": [
              {
                "auth_config": [],
                "build_arg": {},
                "build_args": {},
                "build_id": "",
                "cache_from": [],
                "cgroup_parent": "",
                "context": "/home/user/github/cdktf-project/src/back",
                "cpu_period": 0,
                "cpu_quota": 0,
                "cpu_set_cpus": "",
                "cpu_set_mems": "",
                "cpu_shares": 0,
                "dockerfile": "Dockerfile",
                "extra_hosts": [],
                "force_remove": false,
                "isolation": "",
                "label": {},
                "labels": {},
                "memory": 0,
                "memory_swap": 0,
                "network_mode": "",
                "no_cache": false,
                "platform": "",
                "pull_parent": false,
                "remote_context": "",
                "remove": true,
                "security_opt": [],
                "session_id": "",
                "shm_size": 0,
                "squash": false,
                "suppress_output": false,
                "tag": [],
                "target": "",
                "ulimit": [],
                "version": ""
              }
            ],
            "force_remove": null,
            "id": "sha256:e51d39e084f4ad8c3026d0eb91d0ba4c5556c5dba389125ef941a0c84f9e5054711348555690.dkr.ecr.eu-central-1.amazonaws.com/back-repo:latest",
            "image_id": "sha256:e51d39e084f4ad8c3026d0eb91d0ba4c5556c5dba389125ef941a0c84f9e5054",
            "keep_locally": null,
            "name": "711348555690.dkr.ecr.eu-central-1.amazonaws.com/back-repo:latest",
            "platform": "linux/arm64",
            "pull_triggers": null,
            "repo_digest": "711348555690.dkr.ecr.eu-central-1.amazonaws.com/back-repo@sha256:0a04aa3f718afb932eceb2bf010d1c599d547e5ca8fb63bdb31f025c9b9500c0",
            "triggers": {
              "filesha256": "572b07adbed0b1fe69986fbe2b211d50f420839f4aa47cd5785acebb6b7ba8cb"
            }
          },
          "sensitive_attributes": [],
          "private": "bnVsbA==",
          "dependencies": [
            "aws_ecr_repository.BackRepo",
            "data.aws_ecr_authorization_token.token"
          ]
        }
      ]
    },
    {
      "mode": "managed",
      "type": "docker_image",
      "name": "FrontImage",
      "provider": "provider[\"registry.terraform.io/kreuzwerker/docker\"]",
      "instances": [
        {
          "schema_version": 0,
          "attributes": {
            "build": [
              {
                "auth_config": [],
                "build_arg": {},
                "build_args": {},
                "build_id": "",
                "cache_from": [],
                "cgroup_parent": "",
                "context": "/home/user/github/cdktf-project/src/front",
                "cpu_period": 0,
                "cpu_quota": 0,
                "cpu_set_cpus": "",
                "cpu_set_mems": "",
                "cpu_shares": 0,
                "dockerfile": "Dockerfile",
                "extra_hosts": [],
                "force_remove": false,
                "isolation": "",
                "label": {},
                "labels": {},
                "memory": 0,
                "memory_swap": 0,
                "network_mode": "",
                "no_cache": false,
                "platform": "",
                "pull_parent": false,
                "remote_context": "",
                "remove": true,
                "security_opt": [],
                "session_id": "",
                "shm_size": 0,
                "squash": false,
                "suppress_output": false,
                "tag": [],
                "target": "",
                "ulimit": [],
                "version": ""
              }
            ],
            "force_remove": null,
            "id": "sha256:c78d471df96f5bf0d4538c961fbbf07e1f790f0d2c2dc8feae2d573d7c44e883711348555690.dkr.ecr.eu-central-1.amazonaws.com/front-repo:latest",
            "image_id": "sha256:c78d471df96f5bf0d4538c961fbbf07e1f790f0d2c2dc8feae2d573d7c44e883",
            "keep_locally": null,
            "name": "711348555690.dkr.ecr.eu-central-1.amazonaws.com/front-repo:latest",
            "platform": "linux/arm64",
            "pull_triggers": null,
            "repo_digest": "711348555690.dkr.ecr.eu-central-1.amazonaws.com/front-repo@sha256:b30c3a220dee33d6bd87ded8c742b08dd68a7f738791ad589dc6f45c71dfd428",
            "triggers": {
              "filesha256": "9dd6df6a8aad0c5be2d0ff5d66c31f6c68abffb59be1e1152729b8af7f349738"
            }
          },
          "sensitive_attributes": [],
          "private": "bnVsbA==",
          "dependencies": [
            "aws_ecr_repository.FrontRepo",
            "data.aws_ecr_authorization_token.token"
          ]
        }
      ]
    },
    {
      "mode": "managed",
      "type": "docker_registry_image",
      "name": "BackPush",
      "provider": "provider[\"registry.terraform.io/kreuzwerker/docker\"]",
      "instances": [
        {
          "schema_version": 0,
          "attributes": {
            "id": "sha256:0a04aa3f718afb932eceb2bf010d1c599d547e5ca8fb63bdb31f025c9b9500c0",
            "insecure_skip_verify": false,
            "keep_remotely": false,
            "name": "711348555690.dkr.ecr.eu-central-1.amazonaws.com/back-repo:latest",
            "sha256_digest": "sha256:0a04aa3f718afb932eceb2bf010d1c599d547e5ca8fb63bdb31f025c9b9500c0",
            "triggers": {
              "filesha256": "572b07adbed0b1fe69986fbe2b211d50f420839f4aa47cd5785acebb6b7ba8cb"
            }
          },
          "sensitive_attributes": [],
          "private": "bnVsbA==",
          "dependencies": [
            "aws_ecr_repository.BackRepo",
            "data.aws_ecr_authorization_token.token",
            "docker_image.BackImage"
          ]
        }
      ]
    },
    {
      "mode": "managed",
      "type": "docker_registry_image",
      "name": "FrontPush",
      "provider": "provider[\"registry.terraform.io/kreuzwerker/docker\"]",
      "instances": [
        {
          "schema_version": 0,
          "attributes": {
            "id": "sha256:b30c3a220dee33d6bd87ded8c742b08dd68a7f738791ad589dc6f45c71dfd428",
            "insecure_skip_verify": false,
            "keep_remotely": false,
            "name": "711348555690.dkr.ecr.eu-central-1.amazonaws.com/front-repo:latest",
            "sha256_digest": "sha256:b30c3a220dee33d6bd87ded8c742b08dd68a7f738791ad589dc6f45c71dfd428",
            "triggers": {
              "filesha256": "9dd6df6a8aad0c5be2d0ff5d66c31f6c68abffb59be1e1152729b8af7f349738"
            }
          },
          "sensitive_attributes": [],
          "private": "bnVsbA==",
          "dependencies": [
            "aws_ecr_repository.FrontRepo",
            "data.aws_ecr_authorization_token.token",
            "docker_image.FrontImage"
          ]
        }
      ]
    }
  ],
  "check_results": null
}
