{
  "version": 4,
  "terraform_version": "1.7.0",
  "serial": 154,
  "lineage": "a595879c-8348-d326-a097-97e4ec7507b9",
  "outputs": {},
  "resources": [
    {
      "mode": "data",
      "type": "aws_ecr_authorization_token",
      "name": "token",
      "provider": "provider[\"registry.terraform.io/hashicorp/aws\"]",
      "instances": [
        {
          "schema_version": 0,
          "attributes": {
            "authorization_token": "QVdTOmV5SndZWGxzYjJGa0lqb2laMFJqZWpSVVRtaEVVbkkwWmpCaFJuQnZRazVLWTJwWVJXRklZMHhvYkdFelRIbzNhRlo2WW1WMGFsSnFhVUZ3U2taS01tVmhUbE5GV1ZJMGFIcDZiVVZyTTFCM1Z5OWxVMnBRZWxaTE0wZGhTWFpUTHpJek1YQklhbXA0TUZkTVUzZFhSV2hxYlhsU2NYaEpOamcyVVRGQ1NHOXpkV1JqTWxjMlMzaE1Rekl4TlU1blZYaDBTa3hzVURsSUszSnhkMUZZT1ZjM1RIVldSVGx5ZEc5ek1GTjFiV1ZYY3pkM1FXWjJhbE40TmsxNkswbFRTSGg1U25oUlVYRmlWQzlrVFhWUlIxaFNWREk1Um1KUFVTOU5VM04yWmtWVVIzSnJiVWswUTA5WlJISnhiVWRtUjBsbGMwOVFiREF5TWtvdmJFMTFVM1kxYXpKRmMwWm1iMEZFU0dWdFptUTVjUzk2VGxSMVZFWlNaRGsyTlc0cmQyWTFSbWREV1ZSWFNqTlBkMDVWYTJSRFdVaDBZamR0UjB0cGNWZE5TR3B4TlVONFUxUlFZM1YwUVZFd01URkVSMWczUjB4TU5VODJlbG81YlZoSE9VaExaR2hHUlhCMlZHOU1WVkl6U0hKRE5HTnliSFo1YURjMVRYTjRVbEZMYjJkUE9HNTZTR2xaTVV4VU5FY3hUV0p2WmpOVmRIRkhNbVkyYlVOUFlXMXZiVW93Vm0xbE1IZEhSR1JMZFhaVGEydHBVMlJwU2tSeFdESXdOVVpUZUc0cmFqUjZkMWRhYkVvME5tSlBNWEF3VmpocFNrZG9SM1pUZUU1SFpGRk5RbXhIUzJWMk1VSk5hM2QzTlRkMldURm5RMFEyUWxacFkzTlVaR2w0VldOSFlXcHVXbFJ4YmtaTFoxVklabVEwWnpCbVJHb3ZVMW9yYUd0cU5WSjZkblkzUWsxblYxRldVbXcyTm5aU2VGbDZaa2hCVVdodFpIVjBSVE5hZWxGbVVtMHZXR0ZLUW1sYWJUZ3lkalp4V1hjNU4zWlNhMnN5T1d4QmFWRkZWMEpxUml0WWVXMDFVbFY2ZG1KMlJHVlNaRTV6YTNaUFZsZDJVWHBHUkdOd1VTOUtNRkZHZG1sUU5qVnBNSEl2YjBGNWJVUlVVRkpSZUdNeFZXbzJjVXBsVW5wcFlVcEpTMUJxYURBclEzRnZVR1JoV21OTFoxcG9lVzF4TW5Ca1ptMU9kblYzZW5OTVdVOHdkV2wxVm01alMyazRaM2RJYm5GdlRFSmxUbGhWT1RoSVVXcG5Va3h3YUdOTmNrcFpRMDU1TVZsVVJGbENRVVZzY0ZocFIzTkJibmxZVFZWV1dsWTNiRmhyYWpWSFRtTnNSWFJNZFhWd2NXUm1Sa293YTBwWFMwcHFZMDVWVldKYWRrMTNLMVY2VW5Rd1dHNDFObWRLUzBKR2RuQm1SRzlsVEdWVVUzcHRTVkpxYzNKMU1FTXJRbTEyUjJVNU1VVlZSa2RLUjJFMlVUZ3hLemhOTTNOWGFETkpkbFpLYlRWV2NtSTRNa1o1UnpoM01VSnhXbGt5V0hWTFFXWnRVSE54TVVOcFZYYzFaMEpUY0ZkaFQyVnBSVU5qUzFBMFFWWllZV3RQUVhaTllYbFdiMU5vT0ZaR1FsZHlhamRxTkdWcldFYzVZV2t6TmpSS2RXWmplbGh2UmpCd2VIVmFZM0YzUVZKeWRuQnFZVVZRZEhoc1dEWlNjSGhIWlRoVlUwdExWM2hXYmt3dk1HRXJWbEEwYVhkUlRFUXhXU3Q2WTJ0NVlURndTMmxsY25nNU4xUjZMelk0Ym5kcE5XeFdXQzlxY205cFpWaEJaVEJRUzJsbU5FaE1ZMnRuY1hwb2IyeG1helF6YlhOeVdHVTFZMlJ2VGpNeWJVZ3laMFZFUmtaWEswZHlVRlJrZWxaNFNYZ3lTbWxtVEhFclYxaGlRMU16TkdVclJtMUVSRVk0TWs1dGVWRlpSMGQ0Y0ZwbWJEaDZRMUl3ZHpkWFNWZzVUMG9yYWtnaUxDSmtZWFJoYTJWNUlqb2lRVkZGUWtGSWFETjZXVTlrZEhCQ1FsTldkeTlaTW1GdU9FSllTVVEwYTNkTVVXWnViMVJxTlhwM1duUkhTbHB2V2xGQlFVRklOSGRtUVZsS1MyOWFTV2gyWTA1QlVXTkhiMGM0ZDJKUlNVSkJSRUp2UW1kcmNXaHJhVWM1ZHpCQ1FuZEZkMGhuV1VwWlNWcEpRVmRWUkVKQlJYVk5Ra1ZGUkV0NFVqUnZiR1ZCTTFoSWNVWlRLMWwzU1VKRlNVRTNka05SU25KaWNUWnRWa05HZW14SkswUlZOVEJtWlhSVk4xRktaek5TVWtaa2IyeHNRM2h0UVRGdVFtSjJOVUp1ZVV4WWRYVlhUa3RXWW1kUmVYVXdaVk5NYkZkNlVXZFpNRFV4U0VoV1JUMGlMQ0oyWlhKemFXOXVJam9pTWlJc0luUjVjR1VpT2lKRVFWUkJYMHRGV1NJc0ltVjRjR2x5WVhScGIyNGlPakUzTURZeE5ESTVNVEY5",
            "expires_at": "2024-01-25T00:35:11Z",
            "id": "eu-central-1",
            "password": "eyJwYXlsb2FkIjoiZ0RjejRUTmhEUnI0ZjBhRnBvQk5KY2pYRWFIY0xobGEzTHo3aFZ6YmV0alJqaUFwSkZKMmVhTlNFWVI0aHp6bUVrM1B3Vy9lU2pQelZLM0dhSXZTLzIzMXBIamp4MFdMU3dXRWhqbXlScXhJNjg2UTFCSG9zdWRjMlc2S3hMQzIxNU5nVXh0SkxsUDlIK3Jxd1FYOVc3THVWRTlydG9zMFN1bWVXczd3QWZ2alN4Nk16K0lTSHh5SnhRUXFiVC9kTXVRR1hSVDI5RmJPUS9NU3N2ZkVUR3JrbUk0Q09ZRHJxbUdmR0llc09QbDAyMkovbE11U3Y1azJFc0Zmb0FESGVtZmQ5cS96TlR1VEZSZDk2NW4rd2Y1RmdDWVRXSjNPd05Va2RDWUh0YjdtR0tpcVdNSGpxNUN4U1RQY3V0QVEwMTFER1g3R0xMNU82elo5bVhHOUhLZGhGRXB2VG9MVVIzSHJDNGNybHZ5aDc1TXN4UlFLb2dPOG56SGlZMUxUNEcxTWJvZjNVdHFHMmY2bUNPYW1vbUowVm1lMHdHRGRLdXZTa2tpU2RpSkRxWDIwNUZTeG4rajR6d1dabEo0NmJPMXAwVjhpSkdoR3ZTeE5HZFFNQmxHS2V2MUJNa3d3NTd2WTFnQ0Q2QlZpY3NUZGl4VWNHYWpuWlRxbkZLZ1VIZmQ0ZzBmRGovU1oraGtqNVJ6dnY3Qk1nV1FWUmw2NnZSeFl6ZkhBUWhtZHV0RTNaelFmUm0vWGFKQmlabTgydjZxWXc5N3ZSa2syOWxBaVFFV0JqRitYeW01UlV6dmJ2RGVSZE5za3ZPVld2UXpGRGNwUS9KMFFGdmlQNjVpMHIvb0F5bURUUFJReGMxVWo2cUplUnppYUpJS1BqaDArQ3FvUGRhWmNLZ1poeW1xMnBkZm1OdnV3enNMWU8wdWl1Vm5jS2k4Z3dIbnFvTEJlTlhVOThIUWpnUkxwaGNNckpZQ055MVlURFlCQUVscFhpR3NBbnlYTVVWWlY3bFhrajVHTmNsRXRMdXVwcWRmRkowa0pXS0pqY05VVWJadk13K1V6UnQwWG41NmdKS0JGdnBmRG9lTGVUU3ptSVJqc3J1MEMrQm12R2U5MUVVRkdKR2E2UTgxKzhNM3NXaDNJdlZKbTVWcmI4MkZ5Rzh3MUJxWlkyWHVLQWZtUHNxMUNpVXc1Z0JTcFdhT2VpRUNjS1A0QVZYYWtPQXZNYXlWb1NoOFZGQldyajdqNGVrWEc5YWkzNjRKdWZjelhvRjBweHVaY3F3QVJydnBqYUVQdHhsWDZScHhHZThVU0tLV3hWbkwvMGErVlA0aXdRTEQxWSt6Y2t5YTFwS2llcng5N1R6LzY4bndpNWxWWC9qcm9pZVhBZTBQS2lmNEhMY2tncXpob2xmazQzbXNyWGU1Y2RvTjMybUgyZ0VERkZXK0dyUFRkelZ4SXgySmlmTHErV1hiQ1MzNGUrRm1EREY4Mk5teVFZR0d4cFpmbDh6Q1IwdzdXSVg5T0orakgiLCJkYXRha2V5IjoiQVFFQkFIaDN6WU9kdHBCQlNWdy9ZMmFuOEJYSUQ0a3dMUWZub1RqNXp3WnRHSlpvWlFBQUFINHdmQVlKS29aSWh2Y05BUWNHb0c4d2JRSUJBREJvQmdrcWhraUc5dzBCQndFd0hnWUpZSVpJQVdVREJBRXVNQkVFREt4UjRvbGVBM1hIcUZTK1l3SUJFSUE3dkNRSnJicTZtVkNGemxJK0RVNTBmZXRVN1FKZzNSUkZkb2xsQ3htQTFuQmJ2NUJueUxYdXVXTktWYmdReXUwZVNMbFd6UWdZMDUxSEhWRT0iLCJ2ZXJzaW9uIjoiMiIsInR5cGUiOiJEQVRBX0tFWSIsImV4cGlyYXRpb24iOjE3MDYxNDI5MTF9",
            "proxy_endpoint": "https://711348555690.dkr.ecr.eu-central-1.amazonaws.com",
            "registry_id": null,
            "user_name": "AWS"
          },
          "sensitive_attributes": []
        }
      ]
    },
    {
      "mode": "managed",
      "type": "aws_ecr_repository",
      "name": "BackRepo",
      "provider": "provider[\"registry.terraform.io/hashicorp/aws\"]",
      "instances": [
        {
          "schema_version": 0,
          "attributes": {
            "arn": "arn:aws:ecr:eu-central-1:711348555690:repository/back-repo",
            "encryption_configuration": [
              {
                "encryption_type": "AES256",
                "kms_key": ""
              }
            ],
            "force_delete": null,
            "id": "back-repo",
            "image_scanning_configuration": [
              {
                "scan_on_push": false
              }
            ],
            "image_tag_mutability": "MUTABLE",
            "name": "back-repo",
            "registry_id": "711348555690",
            "repository_url": "711348555690.dkr.ecr.eu-central-1.amazonaws.com/back-repo",
            "tags": {},
            "tags_all": {},
            "timeouts": null
          },
          "sensitive_attributes": [],
          "private": "eyJlMmJmYjczMC1lY2FhLTExZTYtOGY4OC0zNDM2M2JjN2M0YzAiOnsiZGVsZXRlIjoxMjAwMDAwMDAwMDAwfX0="
        }
      ]
    },
    {
      "mode": "managed",
      "type": "aws_ecr_repository",
      "name": "FrontRepo",
      "provider": "provider[\"registry.terraform.io/hashicorp/aws\"]",
      "instances": [
        {
          "schema_version": 0,
          "attributes": {
            "arn": "arn:aws:ecr:eu-central-1:711348555690:repository/front-repo",
            "encryption_configuration": [
              {
                "encryption_type": "AES256",
                "kms_key": ""
              }
            ],
            "force_delete": null,
            "id": "front-repo",
            "image_scanning_configuration": [
              {
                "scan_on_push": false
              }
            ],
            "image_tag_mutability": "MUTABLE",
            "name": "front-repo",
            "registry_id": "711348555690",
            "repository_url": "711348555690.dkr.ecr.eu-central-1.amazonaws.com/front-repo",
            "tags": {},
            "tags_all": {},
            "timeouts": null
          },
          "sensitive_attributes": [],
          "private": "eyJlMmJmYjczMC1lY2FhLTExZTYtOGY4OC0zNDM2M2JjN2M0YzAiOnsiZGVsZXRlIjoxMjAwMDAwMDAwMDAwfX0="
        }
      ]
    },
    {
      "mode": "managed",
      "type": "aws_iam_role",
      "name": "LambdaRole",
      "provider": "provider[\"registry.terraform.io/hashicorp/aws\"]",
      "instances": [
        {
          "schema_version": 0,
          "attributes": {
            "arn": "arn:aws:iam::711348555690:role/lambda-role",
            "assume_role_policy": "{\"Statement\":[{\"Action\":\"sts:AssumeRole\",\"Effect\":\"Allow\",\"Principal\":{\"Service\":\"lambda.amazonaws.com\"}}],\"Version\":\"2012-10-17\"}",
            "create_date": "2024-01-24T09:19:00Z",
            "description": "",
            "force_detach_policies": false,
            "id": "lambda-role",
            "inline_policy": [],
            "managed_policy_arns": [
              "arn:aws:iam::aws:policy/service-role/AWSLambdaBasicExecutionRole"
            ],
            "max_session_duration": 3600,
            "name": "lambda-role",
            "name_prefix": "",
            "path": "/",
            "permissions_boundary": "",
            "tags": {},
            "tags_all": {},
            "unique_id": "AROA2LH5NR6VHPN5QYHTG"
          },
          "sensitive_attributes": [],
          "private": "bnVsbA=="
        }
      ]
    },
    {
      "mode": "managed",
      "type": "aws_iam_role_policy_attachment",
      "name": "LambdaExecPolicyAttachment",
      "provider": "provider[\"registry.terraform.io/hashicorp/aws\"]",
      "instances": [
        {
          "schema_version": 0,
          "attributes": {
            "id": "lambda-role-20240124091902102000000001",
            "policy_arn": "arn:aws:iam::aws:policy/service-role/AWSLambdaBasicExecutionRole",
            "role": "lambda-role"
          },
          "sensitive_attributes": [],
          "private": "bnVsbA==",
          "dependencies": [
            "aws_iam_role.LambdaRole"
          ]
        }
      ]
    },
    {
      "mode": "managed",
      "type": "aws_lambda_function",
      "name": "BackLambda",
      "provider": "provider[\"registry.terraform.io/hashicorp/aws\"]",
      "instances": [
        {
          "schema_version": 0,
          "attributes": {
            "architectures": [
              "arm64"
            ],
            "arn": "arn:aws:lambda:eu-central-1:711348555690:function:back-lambda",
            "code_signing_config_arn": "",
            "dead_letter_config": [],
            "description": "",
            "environment": [],
            "ephemeral_storage": [
              {
                "size": 512
              }
            ],
            "file_system_config": [],
            "filename": null,
            "function_name": "back-lambda",
            "handler": "",
            "id": "back-lambda",
            "image_config": [],
            "image_uri": "711348555690.dkr.ecr.eu-central-1.amazonaws.com/back-repo:latest",
            "invoke_arn": "arn:aws:apigateway:eu-central-1:lambda:path/2015-03-31/functions/arn:aws:lambda:eu-central-1:711348555690:function:back-lambda/invocations",
            "kms_key_arn": "",
            "last_modified": "2024-01-24T12:35:15.000+0000",
            "layers": [],
            "logging_config": [
              {
                "application_log_level": "INFO",
                "log_format": "JSON",
                "log_group": "/aws/lambda/back-lambda",
                "system_log_level": "INFO"
              }
            ],
            "memory_size": 1792,
            "package_type": "Image",
            "publish": false,
            "qualified_arn": "arn:aws:lambda:eu-central-1:711348555690:function:back-lambda:$LATEST",
            "qualified_invoke_arn": "arn:aws:apigateway:eu-central-1:lambda:path/2015-03-31/functions/arn:aws:lambda:eu-central-1:711348555690:function:back-lambda:$LATEST/invocations",
            "replace_security_groups_on_destroy": null,
            "replacement_security_group_ids": null,
            "reserved_concurrent_executions": -1,
            "role": "arn:aws:iam::711348555690:role/lambda-role",
            "runtime": "",
            "s3_bucket": null,
            "s3_key": null,
            "s3_object_version": null,
            "signing_job_arn": "",
            "signing_profile_version_arn": "",
            "skip_destroy": false,
            "snap_start": [],
            "source_code_hash": "f25f0bdc6c7a8384ed41a937fe83ae0acad48764319bec4771ef61a3f8ab4841",
            "source_code_size": 0,
            "tags": {},
            "tags_all": {},
            "timeout": 5,
            "timeouts": null,
            "tracing_config": [
              {
                "mode": "PassThrough"
              }
            ],
            "version": "$LATEST",
            "vpc_config": []
          },
          "sensitive_attributes": [],
          "private": "eyJlMmJmYjczMC1lY2FhLTExZTYtOGY4OC0zNDM2M2JjN2M0YzAiOnsiY3JlYXRlIjo2MDAwMDAwMDAwMDAsImRlbGV0ZSI6NjAwMDAwMDAwMDAwLCJ1cGRhdGUiOjYwMDAwMDAwMDAwMH19",
          "dependencies": [
            "aws_ecr_repository.BackRepo",
            "aws_iam_role.LambdaRole",
            "data.aws_ecr_authorization_token.token",
            "docker_image.BackImage"
          ]
        }
      ]
    },
    {
      "mode": "managed",
      "type": "aws_lambda_function_url",
      "name": "BackLambdaUrl",
      "provider": "provider[\"registry.terraform.io/hashicorp/aws\"]",
      "instances": [
        {
          "schema_version": 0,
          "attributes": {
            "authorization_type": "NONE",
            "cors": [],
            "function_arn": "arn:aws:lambda:eu-central-1:711348555690:function:back-lambda",
            "function_name": "back-lambda",
            "function_url": "https://bxhne6uumeuxjabn5oo4bpp4ty0jkcfg.lambda-url.eu-central-1.on.aws/",
            "id": "back-lambda",
            "invoke_mode": "BUFFERED",
            "qualifier": "",
            "timeouts": null,
            "url_id": "bxhne6uumeuxjabn5oo4bpp4ty0jkcfg"
          },
          "sensitive_attributes": [],
          "private": "eyJlMmJmYjczMC1lY2FhLTExZTYtOGY4OC0zNDM2M2JjN2M0YzAiOnsiY3JlYXRlIjo2MDAwMDAwMDAwMDB9fQ==",
          "dependencies": [
            "aws_ecr_repository.BackRepo",
            "aws_iam_role.LambdaRole",
            "aws_lambda_function.BackLambda",
            "data.aws_ecr_authorization_token.token",
            "docker_image.BackImage"
          ]
        }
      ]
    },
    {
      "mode": "managed",
      "type": "docker_image",
      "name": "BackImage",
      "provider": "provider[\"registry.terraform.io/kreuzwerker/docker\"]",
      "instances": [
        {
          "schema_version": 0,
          "attributes": {
            "build": [
              {
                "auth_config": [],
                "build_arg": {},
                "build_args": {},
                "build_id": "",
                "cache_from": [],
                "cgroup_parent": "",
                "context": "/home/user/github/cdktf-project/src/back",
                "cpu_period": 0,
                "cpu_quota": 0,
                "cpu_set_cpus": "",
                "cpu_set_mems": "",
                "cpu_shares": 0,
                "dockerfile": "Dockerfile",
                "extra_hosts": [],
                "force_remove": false,
                "isolation": "",
                "label": {},
                "labels": {},
                "memory": 0,
                "memory_swap": 0,
                "network_mode": "",
                "no_cache": false,
                "platform": "",
                "pull_parent": false,
                "remote_context": "",
                "remove": true,
                "security_opt": [],
                "session_id": "",
                "shm_size": 0,
                "squash": false,
                "suppress_output": false,
                "tag": [],
                "target": "",
                "ulimit": [],
                "version": ""
              }
            ],
            "force_remove": null,
            "id": "sha256:34d6a7d6c18d0cbef96f83a03efc4ca2ae503b79a8d0355897a0b96ba410fcc6711348555690.dkr.ecr.eu-central-1.amazonaws.com/back-repo:latest",
            "image_id": "sha256:34d6a7d6c18d0cbef96f83a03efc4ca2ae503b79a8d0355897a0b96ba410fcc6",
            "keep_locally": null,
            "name": "711348555690.dkr.ecr.eu-central-1.amazonaws.com/back-repo:latest",
            "platform": "linux/arm64",
            "pull_triggers": null,
            "repo_digest": "",
            "triggers": {
              "file_sha256": "92cb774ee684500b0c09c44eb01ae2b1dc3e7ed41393cb12eb7428b623253664"
            }
          },
          "sensitive_attributes": [],
          "private": "bnVsbA==",
          "dependencies": [
            "aws_ecr_repository.BackRepo",
            "data.aws_ecr_authorization_token.token"
          ]
        }
      ]
    },
    {
      "mode": "managed",
      "type": "docker_image",
      "name": "FrontImage",
      "provider": "provider[\"registry.terraform.io/kreuzwerker/docker\"]",
      "instances": [
        {
          "schema_version": 0,
          "attributes": {
            "build": [
              {
                "auth_config": [],
                "build_arg": {},
                "build_args": {},
                "build_id": "",
                "cache_from": [],
                "cgroup_parent": "",
                "context": "/home/user/github/cdktf-project/src/front",
                "cpu_period": 0,
                "cpu_quota": 0,
                "cpu_set_cpus": "",
                "cpu_set_mems": "",
                "cpu_shares": 0,
                "dockerfile": "Dockerfile",
                "extra_hosts": [],
                "force_remove": false,
                "isolation": "",
                "label": {},
                "labels": {},
                "memory": 0,
                "memory_swap": 0,
                "network_mode": "",
                "no_cache": false,
                "platform": "",
                "pull_parent": false,
                "remote_context": "",
                "remove": true,
                "security_opt": [],
                "session_id": "",
                "shm_size": 0,
                "squash": false,
                "suppress_output": false,
                "tag": [],
                "target": "",
                "ulimit": [],
                "version": ""
              }
            ],
            "force_remove": null,
            "id": "sha256:c78d471df96f5bf0d4538c961fbbf07e1f790f0d2c2dc8feae2d573d7c44e883711348555690.dkr.ecr.eu-central-1.amazonaws.com/front-repo:latest",
            "image_id": "sha256:c78d471df96f5bf0d4538c961fbbf07e1f790f0d2c2dc8feae2d573d7c44e883",
            "keep_locally": null,
            "name": "711348555690.dkr.ecr.eu-central-1.amazonaws.com/front-repo:latest",
            "platform": "linux/arm64",
            "pull_triggers": null,
            "repo_digest": "711348555690.dkr.ecr.eu-central-1.amazonaws.com/front-repo@sha256:b30c3a220dee33d6bd87ded8c742b08dd68a7f738791ad589dc6f45c71dfd428",
            "triggers": {
              "file_sha256": "9dd6df6a8aad0c5be2d0ff5d66c31f6c68abffb59be1e1152729b8af7f349738"
            }
          },
          "sensitive_attributes": [],
          "private": "bnVsbA==",
          "dependencies": [
            "aws_ecr_repository.FrontRepo",
            "data.aws_ecr_authorization_token.token"
          ]
        }
      ]
    },
    {
      "mode": "managed",
      "type": "docker_registry_image",
      "name": "BackUpload",
      "provider": "provider[\"registry.terraform.io/kreuzwerker/docker\"]",
      "instances": [
        {
          "schema_version": 0,
          "attributes": {
            "id": "sha256:265f1abb6d307a4f22c36cfd3b2d829b2cf2c13c5d5e17de27b894eab8bf97f9",
            "insecure_skip_verify": false,
            "keep_remotely": false,
            "name": "711348555690.dkr.ecr.eu-central-1.amazonaws.com/back-repo:latest",
            "sha256_digest": "sha256:265f1abb6d307a4f22c36cfd3b2d829b2cf2c13c5d5e17de27b894eab8bf97f9",
            "triggers": {
              "file_sha256": "92cb774ee684500b0c09c44eb01ae2b1dc3e7ed41393cb12eb7428b623253664"
            }
          },
          "sensitive_attributes": [],
          "private": "bnVsbA==",
          "dependencies": [
            "aws_ecr_repository.BackRepo",
            "data.aws_ecr_authorization_token.token",
            "docker_image.BackImage"
          ]
        }
      ]
    },
    {
      "mode": "managed",
      "type": "docker_registry_image",
      "name": "FrontUpload",
      "provider": "provider[\"registry.terraform.io/kreuzwerker/docker\"]",
      "instances": [
        {
          "schema_version": 0,
          "attributes": {
            "id": "sha256:b30c3a220dee33d6bd87ded8c742b08dd68a7f738791ad589dc6f45c71dfd428",
            "insecure_skip_verify": false,
            "keep_remotely": false,
            "name": "711348555690.dkr.ecr.eu-central-1.amazonaws.com/front-repo:latest",
            "sha256_digest": "sha256:b30c3a220dee33d6bd87ded8c742b08dd68a7f738791ad589dc6f45c71dfd428",
            "triggers": {
              "file_sha256": "9dd6df6a8aad0c5be2d0ff5d66c31f6c68abffb59be1e1152729b8af7f349738"
            }
          },
          "sensitive_attributes": [],
          "private": "bnVsbA==",
          "dependencies": [
            "aws_ecr_repository.FrontRepo",
            "data.aws_ecr_authorization_token.token",
            "docker_image.FrontImage"
          ]
        }
      ]
    }
  ],
  "check_results": null
}
