{
  "version": 4,
  "terraform_version": "1.7.1",
  "serial": 100,
  "lineage": "78ed6679-9bca-d6b7-3df7-da76cfedcb63",
  "outputs": {},
  "resources": [
    {
      "mode": "data",
      "type": "aws_ecr_authorization_token",
      "name": "token",
      "provider": "provider[\"registry.terraform.io/hashicorp/aws\"]",
      "instances": [
        {
          "schema_version": 0,
          "attributes": {
            "authorization_token": "QVdTOmV5SndZWGxzYjJGa0lqb2lVM1ExYzA1RU9XbEZUMVZ3YkhwdmQyUnJMM05TUlhGMFpWa3pXV1FyTW5SYVdISmhWV05yUjJ0dFREVkNiV3gxUlhZeVdEaDRkaXRxVDBrMVduVkxOVnBHYmxKcVozSk1NV0ZxT1RRM1ZHUnZiRmRuVEZGcGRtcDFMMGsyYlRaU2QydHhZUzlMYmpVdlMyb3dZbXBrTkdSalJFZ3hUak5VUzFkeFRYbHlNMDVwYzFwWlRXNUJWRlZoZEU0eGFEQnBNbXhQVGxSMFVFcHNVbFJMSzBGcU1pc3JRVkoxTTNKR1ZTOUNUWFUzWW5GNWFWWjBiazl4U0RaaVRGaHZWMU5SUTBaRWVXRldaMjFLVEN0dWMwMVlZMmgyWnpoQ1QyNXNjbUZDYjBWU1FuWllXRGRrUVN0bVpVWlpTMXBDSzBWSVRqTnZXR3h4TkZac2N5OW1OWEZPY0RZeE5IbFBla05uZDJFNU5VNDVjM0U1VEZKNFIxbFRhR2xsTWtOb2QwdGxUbFZKU1c1MGRuaFJNVTFYYUdSWlltaFpTWHBsYjA0MFZrNU1VSGxFSzI5eVF6VXhaV0ZDTjNWQk5tZHZSVWd3UTNaS1ZEVkNXbEJOU1dGWFYyTmFXazVrTjNGWk4wcEdNVkJ6UTFGbmFrSlZURTV0ZERrclJsVXdPVWsyZW5sbVNWRndiR2sxYURkRWVEWmpOVkl4YVhsSVRHbE5UR0Z4WjBkSGN6UnJlRzF4VUUxSVVrRjBiRk51VjNjM0x6VXZiV1kxWTI1Q1RUQnRVbTV4YzBsc2FIZHNkbFp0TW5kdllYbHBaazkzWkROM1VXOUJLM1pyYjBWa2RHcHRZbGgxWjIxWGFYZ3ZUMWt2UzFWT2VWSlpLM0JWUjFWWldYaEJTWFZHTjFWVGRrTXpTRXh4WVRSMFEzcEdUMkZMTmt3MGNUSlFRVlJ4ZWxwc1dHeElVamNyTTI5S2RWWkJlSE4xV2pRMk56RXhhVXd5VldzNVptTjZZMGcwUmsxdmJEaDNVbE1yUjBONWVYSlhlWG95UTNCeFFtMTFVbEZ0Ynl0TmFuZzFkM2RIZUdvckwxVnRhamxyZW1rMVVYSjBhVVZpTTNkQlltTmhNRWROT1hkcVZUaFdRalp0V0cxUVZscEdSalZKT1ZocVdVVm5ZbGQzVTJNdlZYWXdVazVWTTNReGFqUlRTMk00VG1GWVMydGpiSGhPY0RKV1EyMVJjVTVtYTNCWksxTlVUa3cyWWtWQ1lrNUNUVGRsY1hCQ1EySjZSRk5qTWtodFJIbElUVkkzUlZSeWQyNHZUVFZRWkUxTk9UY3lTMFJPU25neFEydEJRVVJLYzJsVVdUUnFOMG81ZDJ0RE1ubFhka1ZPYm1OemRsRjFhbGxRYzB3ellrSndjVmRCYlc1dU9GbEROSE14TWtOUFdVeEpWRFJ4TWtweE15dEhSMmxNYW5KNVEwNUdkREZEUjBGUWQyZHljR3g2UjNOeVNYcFRPVlZxVkRaaE1uWXljRlJGT0RaalpreDZhbGxTY0hWUU5EWlhNbEZXT1VGMlRFMUtURGs1UWxGMkwwSlRhVll5VGpJdlNUbDRSa2MyTURWeWNrZHlVMVpoYVZweGRsTlJNa3RvUnpJMk0waGxWVFF5VW0wNVMwY3ljRU5DUTNWb1RVdHZOMFJEYkUxd1RqUXpTSGwyVkRsTFJEVkJTeXN4ZFRKbFkxSXdlVVZ2Wm5kTU1ITnlNbGhKSzJFd1RDdFpWa1pVV1hoSFpITktRMEk1YkZaT0wwZHFOMjFvV1RBMFMySkdXa1pWV0NzMVV6SnhjemNyUW5acGQxcE9TMUl4Tm1KSGRWTktiMnBwYUhab2JrSjRjM1l4Y1hOTWJYZHhiVlpRVmxGSVkwZ3pPRlUwWWtKbFVHaDNWbXRDWW1oVk5HZzNjMmRXTVdOek5qbENWME5KU1RObEwyUm5TVmhvVnpoS1drMUdSR000YnpaeGJYRXJSWFp1YzNaSWVVaFhZVGdyWXpGSFdFSm5jMUpEVjNFaUxDSmtZWFJoYTJWNUlqb2lRVkZGUWtGSWFETjZXVTlrZEhCQ1FsTldkeTlaTW1GdU9FSllTVVEwYTNkTVVXWnViMVJxTlhwM1duUkhTbHB2V2xGQlFVRklOSGRtUVZsS1MyOWFTV2gyWTA1QlVXTkhiMGM0ZDJKUlNVSkJSRUp2UW1kcmNXaHJhVWM1ZHpCQ1FuZEZkMGhuV1VwWlNWcEpRVmRWUkVKQlJYVk5Ra1ZGUkVvemFGZG9OV3RNYW1oWWIwaEZTMHhCU1VKRlNVRTNXbTB6ZFRKNGNVRlJhVTV0UlVRMFRVRlFlVEZOTDBOcmJIQjJUSEZPTW01bk1XeG1aMmR4ZEhCUlIycHNaMnBPTm5GV2JGcENibEIyWmxWYU5ESlhVMDV1Y3pad1JEWnJlRlZWTlZsbWJ6MGlMQ0oyWlhKemFXOXVJam9pTWlJc0luUjVjR1VpT2lKRVFWUkJYMHRGV1NJc0ltVjRjR2x5WVhScGIyNGlPakUzTURjd05UQTBOako5",
            "expires_at": "2024-02-04T12:41:02Z",
            "id": "eu-central-1",
            "password": "eyJwYXlsb2FkIjoiU3Q1c05EOWlFT1VwbHpvd2RrL3NSRXF0ZVkzWWQrMnRaWHJhVWNrR2ttTDVCbWx1RXYyWDh4ditqT0k1WnVLNVpGblJqZ3JMMWFqOTQ3VGRvbFdnTFFpdmp1L0k2bTZSd2txYS9LbjUvS2owYmpkNGRjREgxTjNUS1dxTXlyM05pc1pZTW5BVFVhdE4xaDBpMmxPTlR0UEpsUlRLK0FqMisrQVJ1M3JGVS9CTXU3YnF5aVZ0bk9xSDZiTFhvV1NRQ0ZEeWFWZ21KTCtuc01YY2h2ZzhCT25scmFCb0VSQnZYWDdkQStmZUZZS1pCK0VITjNvWGxxNFZscy9mNXFOcDYxNHlPekNnd2E5NU45c3E5TFJ4R1lTaGllMkNod0tlTlVJSW50dnhRMU1XaGRZYmhZSXplb040Vk5MUHlEK29yQzUxZWFCN3VBNmdvRUgwQ3ZKVDVCWlBNSWFXV2NaWk5kN3FZN0pGMVBzQ1FnakJVTE5tdDkrRlUwOUk2enlmSVFwbGk1aDdEeDZjNVIxaXlITGlNTGFxZ0dHczRreG1xUE1IUkF0bFNuV3c3LzUvbWY1Y25CTTBtUm5xc0lsaHdsdlZtMndvYXlpZk93ZDN3UW9BK3Zrb0VkdGptYlh1Z21XaXgvT1kvS1VOeVJZK3BVR1VZWXhBSXVGN1VTdkMzSExxYTR0Q3pGT2FLNkw0cTJQQVRxelpsWGxIUjcrM29KdVZBeHN1WjQ2NzExaUwyVWs5ZmN6Y0g0Rk1vbDh3UlMrR0N5eXJXeXoyQ3BxQm11UlFtbytNang1d3dHeGorL1Vtajlremk1UXJ0aUViM3dBYmNhMEdNOXdqVThWQjZtWG1QVlpGRjVJOVhqWUVnYld3U2MvVXYwUk5VM3QxajRTS2M4TmFYS2tjbHhOcDJWQ21RcU5ma3BZK1NUTkw2YkVCYk5CTTdlcXBCQ2J6RFNjMkhtRHlITVI3RVRyd24vTTVQZE1NOTcyS0ROSngxQ2tBQURKc2lUWTRqN0o5d2tDMnlXdkVObmNzdlF1allQc0wzYkJwcVdBbW5uOFlDNHMxMkNPWUxJVDRxMkpxMytHR2lManJ5Q05GdDFDR0FQd2dycGx6R3NySXpTOVVqVDZhMnYycFRFODZjZkx6allScHVQNDZXMlFWOUF2TE1KTDk5QlF2L0JTaVYyTjIvSTl4Rkc2MDVyckdyU1ZhaVpxdlNRMktoRzI2M0hlVTQyUm05S0cycENCQ3VoTUtvN0RDbE1wTjQzSHl2VDlLRDVBSysxdTJlY1IweUVvZndMMHNyMlhJK2EwTCtZVkZUWXhHZHNKQ0I5bFZOL0dqN21oWTA0S2JGWkZVWCs1UzJxczcrQnZpd1pOS1IxNmJHdVNKb2ppaHZobkJ4c3YxcXNMbXdxbVZQVlFIY0gzOFU0YkJlUGh3VmtCYmhVNGg3c2dWMWNzNjlCV0NJSTNlL2RnSVhoVzhKWk1GRGM4bzZxbXErRXZuc3ZIeUhXYTgrYzFHWEJnc1JDV3EiLCJkYXRha2V5IjoiQVFFQkFIaDN6WU9kdHBCQlNWdy9ZMmFuOEJYSUQ0a3dMUWZub1RqNXp3WnRHSlpvWlFBQUFINHdmQVlKS29aSWh2Y05BUWNHb0c4d2JRSUJBREJvQmdrcWhraUc5dzBCQndFd0hnWUpZSVpJQVdVREJBRXVNQkVFREozaFdoNWtMamhYb0hFS0xBSUJFSUE3Wm0zdTJ4cUFRaU5tRUQ0TUFQeTFNL0NrbHB2THFOMm5nMWxmZ2dxdHBRR2psZ2pONnFWbFpCblB2ZlVaNDJXU05uczZwRDZreFVVNVlmbz0iLCJ2ZXJzaW9uIjoiMiIsInR5cGUiOiJEQVRBX0tFWSIsImV4cGlyYXRpb24iOjE3MDcwNTA0NjJ9",
            "proxy_endpoint": "https://711348555690.dkr.ecr.eu-central-1.amazonaws.com",
            "registry_id": null,
            "user_name": "AWS"
          },
          "sensitive_attributes": []
        }
      ]
    },
    {
      "mode": "managed",
      "type": "aws_ecr_repository",
      "name": "BackRepo",
      "provider": "provider[\"registry.terraform.io/hashicorp/aws\"]",
      "instances": [
        {
          "schema_version": 0,
          "attributes": {
            "arn": "arn:aws:ecr:eu-central-1:711348555690:repository/back-repo",
            "encryption_configuration": [
              {
                "encryption_type": "AES256",
                "kms_key": ""
              }
            ],
            "force_delete": null,
            "id": "back-repo",
            "image_scanning_configuration": [
              {
                "scan_on_push": false
              }
            ],
            "image_tag_mutability": "MUTABLE",
            "name": "back-repo",
            "registry_id": "711348555690",
            "repository_url": "711348555690.dkr.ecr.eu-central-1.amazonaws.com/back-repo",
            "tags": null,
            "tags_all": {},
            "timeouts": null
          },
          "sensitive_attributes": [],
          "private": "eyJlMmJmYjczMC1lY2FhLTExZTYtOGY4OC0zNDM2M2JjN2M0YzAiOnsiZGVsZXRlIjoxMjAwMDAwMDAwMDAwfX0="
        }
      ]
    },
    {
      "mode": "managed",
      "type": "aws_ecr_repository",
      "name": "FrontRepo",
      "provider": "provider[\"registry.terraform.io/hashicorp/aws\"]",
      "instances": [
        {
          "schema_version": 0,
          "attributes": {
            "arn": "arn:aws:ecr:eu-central-1:711348555690:repository/front-repo",
            "encryption_configuration": [
              {
                "encryption_type": "AES256",
                "kms_key": ""
              }
            ],
            "force_delete": null,
            "id": "front-repo",
            "image_scanning_configuration": [
              {
                "scan_on_push": false
              }
            ],
            "image_tag_mutability": "MUTABLE",
            "name": "front-repo",
            "registry_id": "711348555690",
            "repository_url": "711348555690.dkr.ecr.eu-central-1.amazonaws.com/front-repo",
            "tags": null,
            "tags_all": {},
            "timeouts": null
          },
          "sensitive_attributes": [],
          "private": "eyJlMmJmYjczMC1lY2FhLTExZTYtOGY4OC0zNDM2M2JjN2M0YzAiOnsiZGVsZXRlIjoxMjAwMDAwMDAwMDAwfX0="
        }
      ]
    },
    {
      "mode": "managed",
      "type": "aws_iam_role",
      "name": "LambdaRole",
      "provider": "provider[\"registry.terraform.io/hashicorp/aws\"]",
      "instances": [
        {
          "schema_version": 0,
          "attributes": {
            "arn": "arn:aws:iam::711348555690:role/lambda-role",
            "assume_role_policy": "{\"Statement\":[{\"Action\":\"sts:AssumeRole\",\"Effect\":\"Allow\",\"Principal\":{\"Service\":\"lambda.amazonaws.com\"}}],\"Version\":\"2012-10-17\"}",
            "create_date": "2024-02-04T00:41:03Z",
            "description": "",
            "force_detach_policies": false,
            "id": "lambda-role",
            "inline_policy": [],
            "managed_policy_arns": [],
            "max_session_duration": 3600,
            "name": "lambda-role",
            "name_prefix": "",
            "path": "/",
            "permissions_boundary": "",
            "tags": null,
            "tags_all": {},
            "unique_id": "AROA2LH5NR6VGXMSNL6ZH"
          },
          "sensitive_attributes": [],
          "private": "bnVsbA=="
        }
      ]
    },
    {
      "mode": "managed",
      "type": "aws_iam_role_policy_attachment",
      "name": "LambdaRolePolicyAttachment",
      "provider": "provider[\"registry.terraform.io/hashicorp/aws\"]",
      "instances": [
        {
          "schema_version": 0,
          "attributes": {
            "id": "lambda-role-20240204004104210200000001",
            "policy_arn": "arn:aws:iam::aws:policy/service-role/AWSLambdaBasicExecutionRole",
            "role": "lambda-role"
          },
          "sensitive_attributes": [],
          "private": "bnVsbA==",
          "dependencies": [
            "aws_iam_role.LambdaRole"
          ]
        }
      ]
    },
    {
      "mode": "managed",
      "type": "aws_lambda_function",
      "name": "BackLambda",
      "provider": "provider[\"registry.terraform.io/hashicorp/aws\"]",
      "instances": [
        {
          "schema_version": 0,
          "attributes": {
            "architectures": [
              "arm64"
            ],
            "arn": "arn:aws:lambda:eu-central-1:711348555690:function:back-lambda",
            "code_signing_config_arn": "",
            "dead_letter_config": [],
            "description": "",
            "environment": [
              {
                "variables": {
                  "HOME": "/tmp",
                  "REDIS_SERVER": "redis://default:01082a7f147849a7bf623acf830ca41d@eu2-learning-dane-32666.upstash.io:32666"
                }
              }
            ],
            "ephemeral_storage": [
              {
                "size": 512
              }
            ],
            "file_system_config": [],
            "filename": null,
            "function_name": "back-lambda",
            "handler": "",
            "id": "back-lambda",
            "image_config": [],
            "image_uri": "711348555690.dkr.ecr.eu-central-1.amazonaws.com/back-repo@sha256:004eab602bb7be27dd20c4ce42410c1b3d6529cebc9c97b893bf9274f7526458",
            "invoke_arn": "arn:aws:apigateway:eu-central-1:lambda:path/2015-03-31/functions/arn:aws:lambda:eu-central-1:711348555690:function:back-lambda/invocations",
            "kms_key_arn": "",
            "last_modified": "2024-02-04T00:41:47.945+0000",
            "layers": null,
            "logging_config": [
              {
                "application_log_level": "INFO",
                "log_format": "JSON",
                "log_group": "/aws/lambda/back-lambda",
                "system_log_level": "INFO"
              }
            ],
            "memory_size": 1792,
            "package_type": "Image",
            "publish": false,
            "qualified_arn": "arn:aws:lambda:eu-central-1:711348555690:function:back-lambda:$LATEST",
            "qualified_invoke_arn": "arn:aws:apigateway:eu-central-1:lambda:path/2015-03-31/functions/arn:aws:lambda:eu-central-1:711348555690:function:back-lambda:$LATEST/invocations",
            "replace_security_groups_on_destroy": null,
            "replacement_security_group_ids": null,
            "reserved_concurrent_executions": -1,
            "role": "arn:aws:iam::711348555690:role/lambda-role",
            "runtime": "",
            "s3_bucket": null,
            "s3_key": null,
            "s3_object_version": null,
            "signing_job_arn": "",
            "signing_profile_version_arn": "",
            "skip_destroy": false,
            "snap_start": [],
            "source_code_hash": "004eab602bb7be27dd20c4ce42410c1b3d6529cebc9c97b893bf9274f7526458",
            "source_code_size": 0,
            "tags": null,
            "tags_all": {},
            "timeout": 5,
            "timeouts": null,
            "tracing_config": [
              {
                "mode": "PassThrough"
              }
            ],
            "version": "$LATEST",
            "vpc_config": []
          },
          "sensitive_attributes": [],
          "private": "eyJlMmJmYjczMC1lY2FhLTExZTYtOGY4OC0zNDM2M2JjN2M0YzAiOnsiY3JlYXRlIjo2MDAwMDAwMDAwMDAsImRlbGV0ZSI6NjAwMDAwMDAwMDAwLCJ1cGRhdGUiOjYwMDAwMDAwMDAwMH19",
          "dependencies": [
            "aws_ecr_repository.BackRepo",
            "aws_iam_role.LambdaRole",
            "data.aws_ecr_authorization_token.token",
            "docker_image.BackImage",
            "docker_registry_image.BackEcrImage"
          ]
        }
      ]
    },
    {
      "mode": "managed",
      "type": "aws_lambda_function",
      "name": "FrontLambda",
      "provider": "provider[\"registry.terraform.io/hashicorp/aws\"]",
      "instances": [
        {
          "schema_version": 0,
          "attributes": {
            "architectures": [
              "arm64"
            ],
            "arn": "arn:aws:lambda:eu-central-1:711348555690:function:front-lambda",
            "code_signing_config_arn": "",
            "dead_letter_config": [],
            "description": "",
            "environment": [
              {
                "variables": {
                  "BACKEND_API_URL": "https://ukuomnrfpqzfwojp7txzufsykq0mjzvs.lambda-url.eu-central-1.on.aws/",
                  "CLIENT_API_URL": "https://ukuomnrfpqzfwojp7txzufsykq0mjzvs.lambda-url.eu-central-1.on.aws/",
                  "HOME": "/tmp"
                }
              }
            ],
            "ephemeral_storage": [
              {
                "size": 512
              }
            ],
            "file_system_config": [],
            "filename": null,
            "function_name": "front-lambda",
            "handler": "",
            "id": "front-lambda",
            "image_config": [],
            "image_uri": "711348555690.dkr.ecr.eu-central-1.amazonaws.com/front-repo@sha256:367610a93d1c9f1140db9d274b81baf94259151a1af5ff7563b8631d835b21e1",
            "invoke_arn": "arn:aws:apigateway:eu-central-1:lambda:path/2015-03-31/functions/arn:aws:lambda:eu-central-1:711348555690:function:front-lambda/invocations",
            "kms_key_arn": "",
            "last_modified": "2024-02-04T00:43:18.308+0000",
            "layers": null,
            "logging_config": [
              {
                "application_log_level": "INFO",
                "log_format": "JSON",
                "log_group": "/aws/lambda/front-lambda",
                "system_log_level": "INFO"
              }
            ],
            "memory_size": 1792,
            "package_type": "Image",
            "publish": false,
            "qualified_arn": "arn:aws:lambda:eu-central-1:711348555690:function:front-lambda:$LATEST",
            "qualified_invoke_arn": "arn:aws:apigateway:eu-central-1:lambda:path/2015-03-31/functions/arn:aws:lambda:eu-central-1:711348555690:function:front-lambda:$LATEST/invocations",
            "replace_security_groups_on_destroy": null,
            "replacement_security_group_ids": null,
            "reserved_concurrent_executions": -1,
            "role": "arn:aws:iam::711348555690:role/lambda-role",
            "runtime": "",
            "s3_bucket": null,
            "s3_key": null,
            "s3_object_version": null,
            "signing_job_arn": "",
            "signing_profile_version_arn": "",
            "skip_destroy": false,
            "snap_start": [],
            "source_code_hash": "367610a93d1c9f1140db9d274b81baf94259151a1af5ff7563b8631d835b21e1",
            "source_code_size": 0,
            "tags": null,
            "tags_all": {},
            "timeout": 5,
            "timeouts": null,
            "tracing_config": [
              {
                "mode": "PassThrough"
              }
            ],
            "version": "$LATEST",
            "vpc_config": []
          },
          "sensitive_attributes": [],
          "private": "eyJlMmJmYjczMC1lY2FhLTExZTYtOGY4OC0zNDM2M2JjN2M0YzAiOnsiY3JlYXRlIjo2MDAwMDAwMDAwMDAsImRlbGV0ZSI6NjAwMDAwMDAwMDAwLCJ1cGRhdGUiOjYwMDAwMDAwMDAwMH19",
          "dependencies": [
            "aws_ecr_repository.BackRepo",
            "aws_ecr_repository.FrontRepo",
            "aws_iam_role.LambdaRole",
            "aws_lambda_function.BackLambda",
            "aws_lambda_function_url.BackLambdaUrl",
            "data.aws_ecr_authorization_token.token",
            "docker_image.BackImage",
            "docker_image.FrontImage",
            "docker_registry_image.BackEcrImage",
            "docker_registry_image.FrontEcrImage"
          ]
        }
      ]
    },
    {
      "mode": "managed",
      "type": "aws_lambda_function_url",
      "name": "BackLambdaUrl",
      "provider": "provider[\"registry.terraform.io/hashicorp/aws\"]",
      "instances": [
        {
          "schema_version": 0,
          "attributes": {
            "authorization_type": "NONE",
            "cors": [],
            "function_arn": "arn:aws:lambda:eu-central-1:711348555690:function:back-lambda",
            "function_name": "back-lambda",
            "function_url": "https://ukuomnrfpqzfwojp7txzufsykq0mjzvs.lambda-url.eu-central-1.on.aws/",
            "id": "back-lambda",
            "invoke_mode": "BUFFERED",
            "qualifier": "",
            "timeouts": null,
            "url_id": "ukuomnrfpqzfwojp7txzufsykq0mjzvs"
          },
          "sensitive_attributes": [],
          "private": "eyJlMmJmYjczMC1lY2FhLTExZTYtOGY4OC0zNDM2M2JjN2M0YzAiOnsiY3JlYXRlIjo2MDAwMDAwMDAwMDB9fQ==",
          "dependencies": [
            "aws_ecr_repository.BackRepo",
            "aws_iam_role.LambdaRole",
            "aws_lambda_function.BackLambda",
            "data.aws_ecr_authorization_token.token",
            "docker_image.BackImage",
            "docker_registry_image.BackEcrImage"
          ]
        }
      ]
    },
    {
      "mode": "managed",
      "type": "aws_lambda_function_url",
      "name": "FrontLambdaUrl",
      "provider": "provider[\"registry.terraform.io/hashicorp/aws\"]",
      "instances": [
        {
          "schema_version": 0,
          "attributes": {
            "authorization_type": "NONE",
            "cors": [],
            "function_arn": "arn:aws:lambda:eu-central-1:711348555690:function:front-lambda",
            "function_name": "front-lambda",
            "function_url": "https://o2s7zftr76h5r46odldqluvsny0kwuhx.lambda-url.eu-central-1.on.aws/",
            "id": "front-lambda",
            "invoke_mode": "BUFFERED",
            "qualifier": "",
            "timeouts": null,
            "url_id": "o2s7zftr76h5r46odldqluvsny0kwuhx"
          },
          "sensitive_attributes": [],
          "private": "eyJlMmJmYjczMC1lY2FhLTExZTYtOGY4OC0zNDM2M2JjN2M0YzAiOnsiY3JlYXRlIjo2MDAwMDAwMDAwMDB9fQ==",
          "dependencies": [
            "aws_ecr_repository.BackRepo",
            "aws_ecr_repository.FrontRepo",
            "aws_iam_role.LambdaRole",
            "aws_lambda_function.BackLambda",
            "aws_lambda_function.FrontLambda",
            "aws_lambda_function_url.BackLambdaUrl",
            "data.aws_ecr_authorization_token.token",
            "docker_image.BackImage",
            "docker_image.FrontImage",
            "docker_registry_image.BackEcrImage",
            "docker_registry_image.FrontEcrImage"
          ]
        }
      ]
    },
    {
      "mode": "managed",
      "type": "docker_image",
      "name": "BackImage",
      "provider": "provider[\"registry.terraform.io/kreuzwerker/docker\"]",
      "instances": [
        {
          "schema_version": 0,
          "attributes": {
            "build": [
              {
                "auth_config": [],
                "build_arg": null,
                "build_args": null,
                "build_id": "",
                "cache_from": [],
                "cgroup_parent": "",
                "context": "/home/user/github/cdktf-project/src/back",
                "cpu_period": null,
                "cpu_quota": null,
                "cpu_set_cpus": "",
                "cpu_set_mems": "",
                "cpu_shares": null,
                "dockerfile": "Dockerfile",
                "extra_hosts": [],
                "force_remove": null,
                "isolation": "",
                "label": null,
                "labels": null,
                "memory": null,
                "memory_swap": null,
                "network_mode": "",
                "no_cache": null,
                "platform": "linux/arm64",
                "pull_parent": null,
                "remote_context": "",
                "remove": true,
                "security_opt": [],
                "session_id": "",
                "shm_size": null,
                "squash": null,
                "suppress_output": null,
                "tag": [],
                "target": "",
                "ulimit": [],
                "version": ""
              }
            ],
            "force_remove": null,
            "id": "sha256:0a51d14d876a126e928b06c743f72a0f6c29b65dc9cae9ea88e1a10478a1e2c9711348555690.dkr.ecr.eu-central-1.amazonaws.com/back-repo",
            "image_id": "sha256:0a51d14d876a126e928b06c743f72a0f6c29b65dc9cae9ea88e1a10478a1e2c9",
            "keep_locally": null,
            "name": "711348555690.dkr.ecr.eu-central-1.amazonaws.com/back-repo",
            "platform": null,
            "pull_triggers": null,
            "repo_digest": "",
            "triggers": {
              "filesha256": "d582e1929e92049e244aa8f040d3381cabd52f82cc371b2c05a9d7981e8a0dd8"
            }
          },
          "sensitive_attributes": [],
          "private": "bnVsbA==",
          "dependencies": [
            "aws_ecr_repository.BackRepo",
            "data.aws_ecr_authorization_token.token"
          ]
        }
      ]
    },
    {
      "mode": "managed",
      "type": "docker_image",
      "name": "FrontImage",
      "provider": "provider[\"registry.terraform.io/kreuzwerker/docker\"]",
      "instances": [
        {
          "schema_version": 0,
          "attributes": {
            "build": [
              {
                "auth_config": [],
                "build_arg": null,
                "build_args": null,
                "build_id": "",
                "cache_from": [],
                "cgroup_parent": "",
                "context": "/home/user/github/cdktf-project/src/front",
                "cpu_period": null,
                "cpu_quota": null,
                "cpu_set_cpus": "",
                "cpu_set_mems": "",
                "cpu_shares": null,
                "dockerfile": "Dockerfile",
                "extra_hosts": [],
                "force_remove": null,
                "isolation": "",
                "label": null,
                "labels": null,
                "memory": null,
                "memory_swap": null,
                "network_mode": "",
                "no_cache": null,
                "platform": "linux/arm64",
                "pull_parent": null,
                "remote_context": "",
                "remove": true,
                "security_opt": [],
                "session_id": "",
                "shm_size": null,
                "squash": null,
                "suppress_output": null,
                "tag": [],
                "target": "",
                "ulimit": [],
                "version": ""
              }
            ],
            "force_remove": null,
            "id": "sha256:23389bb57bb1e44f0fd129a27f7290acabed1324fdbd6d36e3c15722d999cea1711348555690.dkr.ecr.eu-central-1.amazonaws.com/front-repo",
            "image_id": "sha256:23389bb57bb1e44f0fd129a27f7290acabed1324fdbd6d36e3c15722d999cea1",
            "keep_locally": null,
            "name": "711348555690.dkr.ecr.eu-central-1.amazonaws.com/front-repo",
            "platform": null,
            "pull_triggers": null,
            "repo_digest": "",
            "triggers": {
              "filesha256": "0f32207859e5a9c3342b0d3a6e97ab302857ce3016f1c84e74712d60ced02174"
            }
          },
          "sensitive_attributes": [],
          "private": "bnVsbA==",
          "dependencies": [
            "aws_ecr_repository.FrontRepo",
            "data.aws_ecr_authorization_token.token"
          ]
        }
      ]
    },
    {
      "mode": "managed",
      "type": "docker_registry_image",
      "name": "BackEcrImage",
      "provider": "provider[\"registry.terraform.io/kreuzwerker/docker\"]",
      "instances": [
        {
          "schema_version": 0,
          "attributes": {
            "id": "sha256:004eab602bb7be27dd20c4ce42410c1b3d6529cebc9c97b893bf9274f7526458",
            "insecure_skip_verify": false,
            "keep_remotely": false,
            "name": "711348555690.dkr.ecr.eu-central-1.amazonaws.com/back-repo",
            "sha256_digest": "sha256:004eab602bb7be27dd20c4ce42410c1b3d6529cebc9c97b893bf9274f7526458",
            "triggers": {
              "filesha256": "d582e1929e92049e244aa8f040d3381cabd52f82cc371b2c05a9d7981e8a0dd8"
            }
          },
          "sensitive_attributes": [],
          "private": "bnVsbA==",
          "dependencies": [
            "aws_ecr_repository.BackRepo",
            "data.aws_ecr_authorization_token.token",
            "docker_image.BackImage"
          ]
        }
      ]
    },
    {
      "mode": "managed",
      "type": "docker_registry_image",
      "name": "FrontEcrImage",
      "provider": "provider[\"registry.terraform.io/kreuzwerker/docker\"]",
      "instances": [
        {
          "schema_version": 0,
          "attributes": {
            "id": "sha256:367610a93d1c9f1140db9d274b81baf94259151a1af5ff7563b8631d835b21e1",
            "insecure_skip_verify": false,
            "keep_remotely": false,
            "name": "711348555690.dkr.ecr.eu-central-1.amazonaws.com/front-repo",
            "sha256_digest": "sha256:367610a93d1c9f1140db9d274b81baf94259151a1af5ff7563b8631d835b21e1",
            "triggers": {
              "filesha256": "0f32207859e5a9c3342b0d3a6e97ab302857ce3016f1c84e74712d60ced02174"
            }
          },
          "sensitive_attributes": [],
          "private": "bnVsbA==",
          "dependencies": [
            "aws_ecr_repository.FrontRepo",
            "data.aws_ecr_authorization_token.token",
            "docker_image.FrontImage"
          ]
        }
      ]
    }
  ],
  "check_results": null
}
